{
  "version": 4,
  "terraform_version": "1.11.4",
  "serial": 9322,
  "lineage": "7533d789-0b13-1942-6022-bc3628f068e8",
  "outputs": {
    "backend_cert_arn": {
      "value": "arn:aws:acm:us-east-1:904233103130:certificate/39ff9755-646c-4e2a-b6aa-b8a8328de759",
      "type": "string"
    },
    "backend_east_ip": {
      "value": "3.86.145.205",
      "type": "string"
    },
    "backend_west_ip": {
      "value": "54.215.208.39",
      "type": "string"
    },
    "ec2_private_key_pem": {
      "value": "-----BEGIN RSA PRIVATE KEY-----\nMIIJKAIBAAKCAgEAm1JBzQNWnJeyZhbci65N1iSq3a9cBchjkkmKszLk8K21vM+c\n39NoUDH+nJNlrE6XJfYqovtaOClusx43Sb62MkppR628JeIxcRfj2Q092hsK+y9T\nMU2XGheoJiaSlMGAnx4DWFl0+n8uL13FqfaBlO6ixLGZBqNRnR8qHDuVf6pvb97a\npPDIsWj2GRiQ6XcAogAw/ZGNHmveG4ThjDtKG6Uwo3Z1dE1G8nT44al8y+9/d5P+\nrjJk5k5xQw4h3TnAdGvyyer6+IPmBMopH4ZTceAWnXGkdempdc4Rt+JXfaRRkKXu\n1i4vODJOmNAaK0ub8KQ1Ed+lcwVAIYCWyoUm35N5ffsMzAbZCqWqZzTN/gQ5PzG8\n/8tGhXml3YCurRRAf/CjUi9JC63rWUHXDTIFGHCSVS9fxNeG4X9dylDYHqZ68e2o\nxL57614mwewETbzuiEgSui7RBoTzv2es0ptHchrgfjsb4yYQoMQ9TX405cdHZIAY\nx1bRO2+qvrOemRavrmZV/O/p8XsNgoPtNUGaotsHcwIwC5F+48S91Z7WSpdI/9Ll\nwfBZB/6gFya2w0bAw3MOyCCSKCU6PzQIOA9HrwqlF9xCc1zcZnc4UqttTpOOmtW6\nUdg1b9P55hkiiLaQ0Dwn2GrImwxtBLbQSdFbFLu/WeU99LlN4/hHTzHRZpsCAwEA\nAQKCAgBENYzxB+jGzvWI0Lxc2RiUlLi2rvZmEbjsesBe7thMe7SmbLQzNSeHpFTw\nlOhfEYpeIOtbdK+Ln2JeZcQY7hgcIMJ4OGs6ZcmZpUipvp9tg1fAtGk/6xeS3VW6\nH1Fa41llRyxn5a0x/p0dLvyJpdgFPAEeCPIvUJScQB3hlScTkBjtE3yIV7eC9Zmx\nrrCg3mJYQmZBTOSgufUpt6LHTxg96L7h4jk1cGRaQJU1oJVOB+i97i+3dykJXORv\ncqrbeKu0VN2j374EWgQvEUqa7gYCKcs0rD3xjEIfmnX8f3k1k25AbCZlR5X0A1+x\nyx3a6pLaTHqD1WfWibU+oTZXTL8jW/XNwvg/78q3LLlzIs6iK8IW7Z1aADNSZuVi\nadyR6bGu4q1kDZp9EdD/wLR/WWK7gSJWknzsgH0HgTeAlNfuK2yjLx02KGVQdVlQ\nSi1dkMXWfoKzF3E+oyC6Kn4vWq5GhTF9ZTifbfQVevYd+Xztnp8unyxkjrED6DPl\nvdVioMuMQKi9G6yUDAmol9xdrCuysiVl0+604yCIlfLtxHzpSXOWPRyRYiwinTaa\ntks5HHZJV+RGbDLszlJpOaZfYX9BF6rd7I0FeQyAI1PHYYW9n+7gnH+BbGkwAnTK\nPs0llhCiTweiAS/4VUQenpTEO/89N+C+AQZ6d21HBSNpEgnj+QKCAQEAwy0A7BrJ\nJGhOvwky98CH728jiaP8JeYA36n5x/u/iRmzyHZpwTiYbShvSFGFUF9+riiS7HSR\nzqXgDy1C/1MK1ZwLpgDZZSWITOaW6C6p/HTmHU8BTUlgP1W0AivIqrjDAoSVRbzS\nQqfhUABldkTTihScqeIzCyiOPGf71JHDsvyNbbwxX0Y7iJrV6iRB6sfzkQbpZ17n\njAdYz9FPFbDiYYsA2gH47ULUO+oUeFLY5yqrVb5mbBqCZ0aGm/1PROKkTXSJCq0Q\nGkrtQGyTsC9WTmZHXRoS5SpkxhAGLTb2hvYKgkROkwmHOJYmc22smEN1kWqrkVae\nrvdrS0KV8bS7eQKCAQEAy7mwejjq+qWB/tzfU0vePvwQjK05hH+hp6BOBbqg4oaB\niw/okV9LDLm8/caNVumHEEIidh9RtaYifC8tqLrZ+mBGafOBgMX2K4PRKcGwzvBp\n6r8C7OdKlHMg3w3p0SBD47bi6Hb01CHNefqNB9qpBUzQWJX2OSuQdpn4zJC8jaIa\nf4qFLiquHlaK+3OSi13LHkGPPuIfaSu1FCiFEHnlu1BQylFYB/zXGohvAR0RgmSb\n7Ta1SUWOQdpNrlUXtmFD6EXFfM+ixykV6axc6Gta0wANz9JdbtiR2LgmfRBaPVGO\nFkWawzHm1JrObI5rNYMmgT0miSBjXIG9vJgUTt+ZswKCAQBltgk6AYd64qTO51NZ\nS0tL2qYxb3TSpzcjV+gkcKxTHULUn+ji2cSNdjnv/RO1W96fkeNnOCRYBZdrMVIt\nzq/hu81SODUSgemy8aQI4XCScLUO5wItraRrvRTu4LRVS63MnR1RV2JXfDdtwpcd\neCapWa5+1bN2CC9/iUzybPgISZbGbgFovif+O3po53Y2jPcASBLQXOPb1GRTAKfv\nDNwcqxzJf6eitWX2xzjdr4b7iP/60ht8EKCOg3FYzzxFELtA5g8YsjGnEg7ruOmK\nMlEO0Dw2Z4UbSel0Uht16qO0l3nIgyJTe+6s7YqiMrB0NQuKuYUpW3OciLGwacXM\nTTw5AoIBAQDA2GyitcBRNVyhuci5G6csrgSodc1tjDek6o0QxUJITBTSY2O+QJtV\nV3j8LPhcHkEY9dGTSUBamAIq1an9/6oZZQsifjvHfxzwwh27zjqlGVTZvqhxQtwJ\nPBYQryX3LPi21MdkUD6fk8PixHa9yZGXj8flI0dphMCCVGv8kMG7vIgi1SgOtJ4P\n39I+Bn/g5w8/+8UyPHCJaLNHerfDCfCaaIOhkHCpVwDzf9S8FB0f9kbXvKLM0kfA\nNHq2HJyOqvHSLEGuTQqERnMUuHFWHVFjTLjGUhbZt64PnPnqBxG027+Je6ftQA6G\nkGf4wLPhet13F0CkK4GC7tmBbeBDbUwbAoIBAB/gwgC7WBLyDu8aWSiNq53/z8XI\nfC/6pX5q2Whrywj9gkIfRcee68/p3F2eH1ig4CK4p7bSlLzOu+dIqMnw46/Ak9rH\nlNuOxOAleEpktkUkFUTyFgI18HEDGs6yXaSccjm1lupgsRInBjQaAwDH/C7DFvcl\nR/HYLj5wweeEiz8G/mHU+4FYsnYXtxwqVe1JeBexnSHO3nLgPqj5a6Edol/Fq/4h\nIJDKt8T+t9yE5pqTw0r0GP58Q1vg8Ylrv3ArK3kTXmKggPEHtRGyCqLeIV6sllma\nR3TJ4OVMFoExklm9F0w8sInNKZUdl0aKKXOSY6IfMXKoNC4plaMQcUhOCnc=\n-----END RSA PRIVATE KEY-----\n",
      "type": "string",
      "sensitive": true
    },
    "frontend_east_ip": {
      "value": "3.237.87.122",
      "type": "string"
    },
    "frontend_west_ip": {
      "value": "52.53.249.250",
      "type": "string"
    },
    "nameservers_to_set": {
      "value": [
        "ns-1089.awsdns-08.org",
        "ns-2015.awsdns-59.co.uk",
        "ns-342.awsdns-42.com",
        "ns-629.awsdns-14.net"
      ],
      "type": [
        "list",
        "string"
      ]
    },
    "private_key_pem": {
      "value": "-----BEGIN RSA PRIVATE KEY-----\nMIIJKQIBAAKCAgEA67hnmCXyGaER0SyWEjSeqAzDwsA9qENTqzCcb7x+rVnzqC1G\nidPTP8e6Jh3TrNQ8Ra0ToAC1iIpPaDOY4PhnZXhJvWbm68hhCgyt+bnt5U72dTTq\nj7NqJla8+QHZ0Pi58Q0LkfFgTF5oND1I+0NqQeE6cKBCCVPTy/l0oYCzWIs3AStY\nRX2xmWWd5GZXxFy9SL/m2n+ygfYVkqoeflzZCxXTOv3C2i0SZ7mitFELP2y3Ahew\nTxHrzl3gbZ8R/L5l87zhHdUgYE6GdXJJ2xKuQfuji21Z4VvTKfDe37sUxwzoXnLg\nbnfgzj77Wgq8ZtilSH/sRbXtwR3rbrITrJ4VYrmM8orw76cNr+8C4BzNqRBnH6TP\nShOPyIkOpTyIKL6Wv17Ls9A76KyU9AbuCaP7OEVBPC+POAwPb0hmk3XVfxVlIw9c\nSCPo9ghadUkXPGvHwjFyNpOC3urZoM+xVbfSAyBZ/m8wyd5B8zSSrcRNnUXiEl0X\n8qhjs/iHUDaOSOFJdB8lDcT8jJTeCjRJeMipN98WePhVbbdwlFpcbevvBT1KWalL\nhWvvSPCicLFp69J1ua2xOPYl+3ZfcCaO90lQjzvbBKKM/80w1Rkuy2JsV5sBIzbH\nlnW9AXEOj/ZGFuz1YbY3+sJEm7g49JVR+R3OZxYfKexuEp6D0OIHmlg4n2sCAwEA\nAQKCAgAM43E+C/NiMze6GvjGgQ54BWDwNXFlCF1ftzY3phiXWgkaw5eNIB2JxUux\niSCuAbUKzxrmqs6v6wimCWlWSxxzm18x8Zl/bd5NlJRUo/75TdcMF/sZ3DT+jTls\nD8ShnPI3e9Hm6wDQSd8sS3nUAqf9CXLzWWNJ0EXF2bbUd82ETajtMcxPR9F5MjLT\nidcBG1wnkl8kf29fS53ENRjj4SfmVXry27WWzeY7XqjZAdiMGCra6oGqltRVOKPR\nAXbvhsVJBFxR2TB1WnOEWScL7aOgPvhHvpBldo82Ie1hLUoh5qUhpqDDRzrbjlq+\n8EINUmUHuf9x3S/AtMFzfhS1KrfkF+ykBu90OQZAkLaQDsosDoGESfBU5W8JEB5o\nG9ZMqTB13CiTJN0vw5MjvfrDkLyI66NnCx7vq6OOCG6NFf5AGsNxCDlzj4va2PCM\nRRAgPeS3qRs6nU2W1qNOXvEPK9WeI6h8uqkN10+neGzuLiyIzwemWU5xfXwD7e7Y\nQrMMz0GigrxT8H0wNsSEaoCwuEQZkk6WGUctu4Pa7SD/vWkNIHj8rtkjSrOCHu+H\nVLS140sl8B3U72jBcqzvD8E/N4znTCN9f1svWrBWFZnZ9HfIga5RGIUsVml5ALMn\nHshzayDn/BIlh0Gm99vQfTrwxXrQT3H6BRmLIl3ngTvKjt2bXQKCAQEA+xpnOEGy\n7BA29T3txXsG9oM3OdEbxnJIczo3sNP8Bq2mXdAEj1OS16oMkxqlaS7sysFHtLow\naVTNDVT1RDuvFqi7T/lh912xnVRzNkWlZZatDvAHAga45Xitg3tV0t3SPzz4BT5b\nK21Mrai+FobBPC6GNsBUNSt8oG5qnXuI0waauoqpJgk23KUywJvn8CjAFzI1Va1K\nE8w7Rf/NyNFrUIl1AqyGgXg1YnHuWDjPT7yaq9k6j8+mHQEuxxvkpyvaUDHQToqD\n55Yr2dGFRY53ZI5NWxhQbR79YFacYClM59JQitsyIPsBPhUObhSt6/gXXzw2MsRZ\nS5H29p1v9Whp7wKCAQEA8FE0ebaZhi0jUeX/4nqygS8lLUof6EFNi3cekfysKmBh\nf4abNAt+5uwwFaKMRHdQdkGw6O9bByTrzl1gCqv/XrLob/mtG5kX+c0r9fqpipss\nnFwWMGL8Zn+AS4rWn8cowuEo/bvgaYmJCAVFM7bL8ZUoZnsZWYfqSw4PRpZYOCKF\n9ruQqD0uNzaG7QDdqeOVgdEZYJWViJhcNsGH0q1mYM6WrePpUPzTzuZMWkKwgE0/\nndjrNfKUr9IZ3hpubK0cAejiej5Kd+2R2t3Ail0+CcebOLUoQHekg/PeMwng5WOC\nYpzruENwNWNpPWwBjfRp1U9tlq19DeYjkNjBpEcORQKCAQEArh4M3RGRg+dqdHvQ\n2FMK7Pzn2ouJev3cByqjW1ZjOC5JYlvQDaKh/DHKLmcXs+v5/k4v7r38u801srzq\npbnNGyU9XaNLrz+k3belfEim+96Tefwun9UReO1JRBbN2D5Af+FDCj/G8EIGHZUY\n2n3umFCaeHS873GMJaLrAvCaW9oEiL2FtP5GsJFMtApntjxLlsoV+acD6t5/a3aJ\nt2qfw2TNYmFHk5dLTUw7PamG93+MsQUceoQ+Z3ZefWp2DwV1iI5CJ3QdKwUSuyNy\nCl1TpMKYGUau3jvS7m6gWH3K+iT3/JEqHXxvzCDFtMdaInoRmtQhsOo+EQzR9wgM\njlssuQKCAQEAiAbvFRXuwKw8Gdd+h8u7zrPI72HNvcF5C0BZ5XiIW1RC29RtdYAs\nTLnUXeqsSvTebpGwealCdUDI2P6xpljFK+1I9Fj3S2/UymkAQTOpU/ORxM+7H5ho\nFfyFujzUT4yD3gtlEHqQBCz9i7Sv/x2xQwWS4K89Ihh03hcPPn1LYjroaUiyEQjQ\naCBNL0oWLlvL/LdHDgydn7veNoBFSVMtaA6H69Xd8yGpIqvo/A5TqcwP/mESgm7V\nCtB6I+YCKzGxcMNJrrgjns6yiJiMq8UroI2Dpw2jwxn13Vrkoy8sRauV2gvIwXwq\nv42NvF6uYpO+dCeJeIirCHsEFrEaqsotoQKCAQATfJGxh8KuLhIlFIRblbiBSX6a\nWrEWl4k5TSKFcdSzThFszU9UfhlJkxkhWbPOEY5hFA8MZjMYwcbvx6uVzkdkqqei\nn+5Cjja9/Xn1e49Ag3/T9LrALnWQ4+QkyQMcrTYMk1Z37m1OqXjyZKe6K5Uymvg5\nPMWiTvb3edkAjisPIcIj+zpe2vemk5kGsPYuiiuxbAlzHNZOC8zhnwoQy6Y/Xn+s\n/8RxdelRK3sw0qd+sg+TL0I2SeK3FG4/DC01APFje86hX9iKozJLe1AOuB+RvrK2\n3rXLDZAcnoMAU0ibo7ga+gDUMKXG8Yz3ihQZkrqCG3wqU6EvAI702WaosSuc\n-----END RSA PRIVATE KEY-----\n",
      "type": "string",
      "sensitive": true
    },
    "public_nameservers": {
      "value": [
        "ns-1673.awsdns-17.co.uk",
        "ns-711.awsdns-24.net",
        "ns-128.awsdns-16.com",
        "ns-1389.awsdns-45.org"
      ],
      "type": [
        "list",
        "string"
      ]
    },
    "public_zone_id": {
      "value": "Z01156203MH5V3NVDCNYO",
      "type": "string"
    }
  },
  "resources": [
    {
      "mode": "data",
      "type": "aws_ami",
      "name": "al2_east",
      "provider": "provider[\"registry.terraform.io/hashicorp/aws\"].primary",
      "instances": [
        {
          "schema_version": 0,
          "attributes": {
            "architecture": "x86_64",
            "arn": "arn:aws:ec2:us-east-1::image/ami-0e95a5e2743ec9ec9",
            "block_device_mappings": [
              {
                "device_name": "/dev/xvda",
                "ebs": {
                  "delete_on_termination": "true",
                  "encrypted": "false",
                  "iops": "0",
                  "snapshot_id": "snap-05d65fb778304569a",
                  "throughput": "0",
                  "volume_initialization_rate": "0",
                  "volume_size": "8",
                  "volume_type": "gp2"
                },
                "no_device": "",
                "virtual_name": ""
              }
            ],
            "boot_mode": "",
            "creation_date": "2025-08-16T04:54:06.000Z",
            "deprecation_time": "2025-11-14T04:54:00.000Z",
            "description": "Amazon Linux 2 AMI 2.0.20250818.2 x86_64 HVM gp2",
            "ena_support": true,
            "executable_users": null,
            "filter": [
              {
                "name": "name",
                "values": [
                  "amzn2-ami-hvm-*-x86_64-gp2"
                ]
              }
            ],
            "hypervisor": "xen",
            "id": "ami-0e95a5e2743ec9ec9",
            "image_id": "ami-0e95a5e2743ec9ec9",
            "image_location": "amazon/amzn2-ami-hvm-2.0.20250818.2-x86_64-gp2",
            "image_owner_alias": "amazon",
            "image_type": "machine",
            "imds_support": "",
            "include_deprecated": false,
            "kernel_id": "",
            "last_launched_time": "",
            "most_recent": true,
            "name": "amzn2-ami-hvm-2.0.20250818.2-x86_64-gp2",
            "name_regex": null,
            "owner_id": "137112412989",
            "owners": [
              "amazon"
            ],
            "platform": "",
            "platform_details": "Linux/UNIX",
            "product_codes": [],
            "public": true,
            "ramdisk_id": "",
            "root_device_name": "/dev/xvda",
            "root_device_type": "ebs",
            "root_snapshot_id": "snap-05d65fb778304569a",
            "sriov_net_support": "simple",
            "state": "available",
            "state_reason": {
              "code": "UNSET",
              "message": "UNSET"
            },
            "tags": {},
            "timeouts": null,
            "tpm_support": "",
            "uefi_data": null,
            "usage_operation": "RunInstances",
            "virtualization_type": "hvm"
          },
          "sensitive_attributes": []
        }
      ]
    },
    {
      "mode": "data",
      "type": "aws_ami",
      "name": "ubuntu_east",
      "provider": "provider[\"registry.terraform.io/hashicorp/aws\"].primary",
      "instances": [
        {
          "schema_version": 0,
          "attributes": {
            "architecture": "x86_64",
            "arn": "arn:aws:ec2:us-east-1::image/ami-0bbdd8c17ed981ef9",
            "block_device_mappings": [
              {
                "device_name": "/dev/sda1",
                "ebs": {
                  "delete_on_termination": "true",
                  "encrypted": "false",
                  "iops": "0",
                  "snapshot_id": "snap-044c7fd1c01a7978c",
                  "throughput": "0",
                  "volume_initialization_rate": "0",
                  "volume_size": "8",
                  "volume_type": "gp2"
                },
                "no_device": "",
                "virtual_name": ""
              },
              {
                "device_name": "/dev/sdb",
                "ebs": {},
                "no_device": "",
                "virtual_name": "ephemeral0"
              },
              {
                "device_name": "/dev/sdc",
                "ebs": {},
                "no_device": "",
                "virtual_name": "ephemeral1"
              }
            ],
            "boot_mode": "uefi-preferred",
            "creation_date": "2025-08-22T06:58:58.000Z",
            "deprecation_time": "2027-08-22T06:58:58.000Z",
            "description": "Canonical, Ubuntu, 22.04, amd64 jammy image",
            "ena_support": true,
            "executable_users": null,
            "filter": [
              {
                "name": "name",
                "values": [
                  "ubuntu/images/hvm-ssd/ubuntu-jammy-22.04-amd64-server-*"
                ]
              }
            ],
            "hypervisor": "xen",
            "id": "ami-0bbdd8c17ed981ef9",
            "image_id": "ami-0bbdd8c17ed981ef9",
            "image_location": "amazon/ubuntu/images/hvm-ssd/ubuntu-jammy-22.04-amd64-server-20250822",
            "image_owner_alias": "amazon",
            "image_type": "machine",
            "imds_support": "",
            "include_deprecated": false,
            "kernel_id": "",
            "last_launched_time": "",
            "most_recent": true,
            "name": "ubuntu/images/hvm-ssd/ubuntu-jammy-22.04-amd64-server-20250822",
            "name_regex": null,
            "owner_id": "099720109477",
            "owners": [
              "099720109477"
            ],
            "platform": "",
            "platform_details": "Linux/UNIX",
            "product_codes": [],
            "public": true,
            "ramdisk_id": "",
            "root_device_name": "/dev/sda1",
            "root_device_type": "ebs",
            "root_snapshot_id": "snap-044c7fd1c01a7978c",
            "sriov_net_support": "simple",
            "state": "available",
            "state_reason": {
              "code": "UNSET",
              "message": "UNSET"
            },
            "tags": {},
            "timeouts": null,
            "tpm_support": "",
            "uefi_data": null,
            "usage_operation": "RunInstances",
            "virtualization_type": "hvm"
          },
          "sensitive_attributes": []
        }
      ]
    },
    {
      "mode": "data",
      "type": "aws_ami",
      "name": "ubuntu_west",
      "provider": "provider[\"registry.terraform.io/hashicorp/aws\"].secondary",
      "instances": [
        {
          "schema_version": 0,
          "attributes": {
            "architecture": "x86_64",
            "arn": "arn:aws:ec2:us-west-1::image/ami-0ddac4b9aed8d5d46",
            "block_device_mappings": [
              {
                "device_name": "/dev/sda1",
                "ebs": {
                  "delete_on_termination": "true",
                  "encrypted": "false",
                  "iops": "0",
                  "snapshot_id": "snap-0f1445fa56f76f7df",
                  "throughput": "0",
                  "volume_initialization_rate": "0",
                  "volume_size": "8",
                  "volume_type": "gp2"
                },
                "no_device": "",
                "virtual_name": ""
              },
              {
                "device_name": "/dev/sdb",
                "ebs": {},
                "no_device": "",
                "virtual_name": "ephemeral0"
              },
              {
                "device_name": "/dev/sdc",
                "ebs": {},
                "no_device": "",
                "virtual_name": "ephemeral1"
              }
            ],
            "boot_mode": "uefi-preferred",
            "creation_date": "2025-08-22T06:58:33.000Z",
            "deprecation_time": "2027-08-22T06:58:33.000Z",
            "description": "Canonical, Ubuntu, 22.04, amd64 jammy image",
            "ena_support": true,
            "executable_users": null,
            "filter": [
              {
                "name": "name",
                "values": [
                  "ubuntu/images/hvm-ssd/ubuntu-jammy-22.04-amd64-server-*"
                ]
              }
            ],
            "hypervisor": "xen",
            "id": "ami-0ddac4b9aed8d5d46",
            "image_id": "ami-0ddac4b9aed8d5d46",
            "image_location": "amazon/ubuntu/images/hvm-ssd/ubuntu-jammy-22.04-amd64-server-20250822",
            "image_owner_alias": "amazon",
            "image_type": "machine",
            "imds_support": "",
            "include_deprecated": false,
            "kernel_id": "",
            "last_launched_time": "",
            "most_recent": true,
            "name": "ubuntu/images/hvm-ssd/ubuntu-jammy-22.04-amd64-server-20250822",
            "name_regex": null,
            "owner_id": "099720109477",
            "owners": [
              "099720109477"
            ],
            "platform": "",
            "platform_details": "Linux/UNIX",
            "product_codes": [],
            "public": true,
            "ramdisk_id": "",
            "root_device_name": "/dev/sda1",
            "root_device_type": "ebs",
            "root_snapshot_id": "snap-0f1445fa56f76f7df",
            "sriov_net_support": "simple",
            "state": "available",
            "state_reason": {
              "code": "UNSET",
              "message": "UNSET"
            },
            "tags": {},
            "timeouts": null,
            "tpm_support": "",
            "uefi_data": null,
            "usage_operation": "RunInstances",
            "virtualization_type": "hvm"
          },
          "sensitive_attributes": []
        }
      ]
    },
    {
      "mode": "data",
      "type": "aws_caller_identity",
      "name": "current",
      "provider": "provider[\"registry.terraform.io/hashicorp/aws\"]",
      "instances": [
        {
          "schema_version": 0,
          "attributes": {
            "account_id": "904233103130",
            "arn": "arn:aws:iam::904233103130:user/Terraform_User",
            "id": "904233103130",
            "user_id": "AIDA5FCD6F4NBMTKVC4ME"
          },
          "sensitive_attributes": []
        }
      ]
    },
    {
      "mode": "data",
      "type": "aws_iam_policy_document",
      "name": "ec2_assume",
      "provider": "provider[\"registry.terraform.io/hashicorp/aws\"]",
      "instances": [
        {
          "schema_version": 0,
          "attributes": {
            "id": "1443847869",
            "json": "{\n  \"Version\": \"2012-10-17\",\n  \"Statement\": [\n    {\n      \"Effect\": \"Allow\",\n      \"Action\": \"sts:AssumeRole\",\n      \"Principal\": {\n        \"Service\": \"ec2.amazonaws.com\"\n      }\n    }\n  ]\n}",
            "minified_json": "{\"Version\":\"2012-10-17\",\"Statement\":[{\"Effect\":\"Allow\",\"Action\":\"sts:AssumeRole\",\"Principal\":{\"Service\":\"ec2.amazonaws.com\"}}]}",
            "override_json": null,
            "override_policy_documents": null,
            "policy_id": null,
            "source_json": null,
            "source_policy_documents": null,
            "statement": [
              {
                "actions": [
                  "sts:AssumeRole"
                ],
                "condition": [],
                "effect": "Allow",
                "not_actions": [],
                "not_principals": [],
                "not_resources": [],
                "principals": [
                  {
                    "identifiers": [
                      "ec2.amazonaws.com"
                    ],
                    "type": "Service"
                  }
                ],
                "resources": [],
                "sid": ""
              }
            ],
            "version": "2012-10-17"
          },
          "sensitive_attributes": []
        }
      ]
    },
    {
      "mode": "data",
      "type": "aws_kms_alias",
      "name": "rds_default_dr",
      "provider": "provider[\"registry.terraform.io/hashicorp/aws\"].secondary",
      "instances": [
        {
          "schema_version": 0,
          "attributes": {
            "arn": "arn:aws:kms:us-west-1:904233103130:alias/aws/rds",
            "id": "arn:aws:kms:us-west-1:904233103130:alias/aws/rds",
            "name": "alias/aws/rds",
            "target_key_arn": "arn:aws:kms:us-west-1:904233103130:key/fe04ac09-e9d3-4a8d-8a0d-f081e08632c6",
            "target_key_id": "fe04ac09-e9d3-4a8d-8a0d-f081e08632c6"
          },
          "sensitive_attributes": []
        }
      ]
    },
    {
      "mode": "data",
      "type": "aws_route53_zone",
      "name": "public",
      "provider": "provider[\"registry.terraform.io/hashicorp/aws\"]",
      "instances": [
        {
          "schema_version": 0,
          "attributes": {
            "arn": "arn:aws:route53:::hostedzone/Z01156203MH5V3NVDCNYO",
            "caller_reference": "RISWorkflow-RD:9bdd309b-c595-4218-b510-e12ed05d453a",
            "comment": "HostedZone created by Route53 Registrar",
            "id": "Z01156203MH5V3NVDCNYO",
            "linked_service_description": null,
            "linked_service_principal": null,
            "name": "pietroruoppolo.club",
            "name_servers": [
              "ns-1673.awsdns-17.co.uk",
              "ns-711.awsdns-24.net",
              "ns-128.awsdns-16.com",
              "ns-1389.awsdns-45.org"
            ],
            "primary_name_server": "ns-1673.awsdns-17.co.uk",
            "private_zone": false,
            "resource_record_set_count": 7,
            "tags": {},
            "vpc_id": null,
            "zone_id": "Z01156203MH5V3NVDCNYO"
          },
          "sensitive_attributes": []
        }
      ]
    },
    {
      "mode": "data",
      "type": "aws_route53_zone",
      "name": "this",
      "provider": "provider[\"registry.terraform.io/hashicorp/aws\"]",
      "instances": [
        {
          "schema_version": 0,
          "attributes": {
            "arn": "arn:aws:route53:::hostedzone/Z01156203MH5V3NVDCNYO",
            "caller_reference": "RISWorkflow-RD:9bdd309b-c595-4218-b510-e12ed05d453a",
            "comment": "HostedZone created by Route53 Registrar",
            "id": "Z01156203MH5V3NVDCNYO",
            "linked_service_description": null,
            "linked_service_principal": null,
            "name": "pietroruoppolo.club",
            "name_servers": [
              "ns-1673.awsdns-17.co.uk",
              "ns-711.awsdns-24.net",
              "ns-128.awsdns-16.com",
              "ns-1389.awsdns-45.org"
            ],
            "primary_name_server": "ns-1673.awsdns-17.co.uk",
            "private_zone": false,
            "resource_record_set_count": 7,
            "tags": {},
            "vpc_id": null,
            "zone_id": "Z01156203MH5V3NVDCNYO"
          },
          "sensitive_attributes": []
        }
      ]
    },
    {
      "mode": "data",
      "type": "aws_subnets",
      "name": "private",
      "provider": "provider[\"registry.terraform.io/hashicorp/aws\"]",
      "instances": [
        {
          "schema_version": 0,
          "attributes": {
            "filter": [
              {
                "name": "tag:Tier",
                "values": [
                  "private"
                ]
              },
              {
                "name": "vpc-id",
                "values": [
                  "vpc-0f9fae74b63271bb5"
                ]
              }
            ],
            "id": "eu-west-1",
            "ids": [],
            "tags": null,
            "timeouts": null
          },
          "sensitive_attributes": []
        }
      ]
    },
    {
      "mode": "managed",
      "type": "aws_acm_certificate",
      "name": "alb_origin_cert",
      "provider": "provider[\"registry.terraform.io/hashicorp/aws\"].primary",
      "instances": [
        {
          "schema_version": 0,
          "attributes": {
            "arn": "arn:aws:acm:us-east-1:904233103130:certificate/42d03fc5-40aa-400d-b552-1162b583992a",
            "certificate_authority_arn": "",
            "certificate_body": null,
            "certificate_chain": null,
            "domain_name": "origin.threetier.pietroruoppolo.club",
            "domain_validation_options": [
              {
                "domain_name": "origin.threetier.pietroruoppolo.club",
                "resource_record_name": "_9a99c3fe4f3da5d8bea5da27dc8f0ac8.origin.threetier.pietroruoppolo.club.",
                "resource_record_type": "CNAME",
                "resource_record_value": "_8a72460b0d820a48ec74365e389b1ef3.xlfgrmvvlj.acm-validations.aws."
              }
            ],
            "early_renewal_duration": "",
            "id": "arn:aws:acm:us-east-1:904233103130:certificate/42d03fc5-40aa-400d-b552-1162b583992a",
            "key_algorithm": "RSA_2048",
            "not_after": "2026-09-24T23:59:59Z",
            "not_before": "2025-08-26T00:00:00Z",
            "options": [
              {
                "certificate_transparency_logging_preference": "ENABLED"
              }
            ],
            "pending_renewal": false,
            "private_key": null,
            "renewal_eligibility": "ELIGIBLE",
            "renewal_summary": [],
            "status": "ISSUED",
            "subject_alternative_names": [
              "origin.threetier.pietroruoppolo.club"
            ],
            "tags": {},
            "tags_all": {},
            "type": "AMAZON_ISSUED",
            "validation_emails": [],
            "validation_method": "DNS",
            "validation_option": []
          },
          "sensitive_attributes": [
            [
              {
                "type": "get_attr",
                "value": "private_key"
              }
            ]
          ],
          "private": "bnVsbA==",
          "create_before_destroy": true
        }
      ]
    },
    {
      "mode": "managed",
      "type": "aws_acm_certificate",
      "name": "cf_cert",
      "provider": "provider[\"registry.terraform.io/hashicorp/aws\"].useast1",
      "instances": [
        {
          "schema_version": 0,
          "attributes": {
            "arn": "arn:aws:acm:us-east-1:904233103130:certificate/39ff9755-646c-4e2a-b6aa-b8a8328de759",
            "certificate_authority_arn": "",
            "certificate_body": null,
            "certificate_chain": null,
            "domain_name": "pietroruoppolo.club",
            "domain_validation_options": [
              {
                "domain_name": "*.pietroruoppolo.club",
                "resource_record_name": "_a6234d5ba1e2dadbd987a33b0be4044e.pietroruoppolo.club.",
                "resource_record_type": "CNAME",
                "resource_record_value": "_d0e9c8d6257f6502d57cb825f6c17058.xlfgrmvvlj.acm-validations.aws."
              },
              {
                "domain_name": "pietroruoppolo.club",
                "resource_record_name": "_a6234d5ba1e2dadbd987a33b0be4044e.pietroruoppolo.club.",
                "resource_record_type": "CNAME",
                "resource_record_value": "_d0e9c8d6257f6502d57cb825f6c17058.xlfgrmvvlj.acm-validations.aws."
              }
            ],
            "early_renewal_duration": "",
            "id": "arn:aws:acm:us-east-1:904233103130:certificate/39ff9755-646c-4e2a-b6aa-b8a8328de759",
            "key_algorithm": "RSA_2048",
            "not_after": "2026-09-24T23:59:59Z",
            "not_before": "2025-08-26T00:00:00Z",
            "options": [
              {
                "certificate_transparency_logging_preference": "ENABLED"
              }
            ],
            "pending_renewal": false,
            "private_key": null,
            "renewal_eligibility": "ELIGIBLE",
            "renewal_summary": [],
            "status": "ISSUED",
            "subject_alternative_names": [
              "*.pietroruoppolo.club",
              "pietroruoppolo.club"
            ],
            "tags": {},
            "tags_all": {},
            "type": "AMAZON_ISSUED",
            "validation_emails": [],
            "validation_method": "DNS",
            "validation_option": []
          },
          "sensitive_attributes": [
            [
              {
                "type": "get_attr",
                "value": "private_key"
              }
            ]
          ],
          "private": "bnVsbA==",
          "create_before_destroy": true
        }
      ]
    },
    {
      "mode": "managed",
      "type": "aws_acm_certificate_validation",
      "name": "cf_cert",
      "provider": "provider[\"registry.terraform.io/hashicorp/aws\"].useast1",
      "instances": [
        {
          "schema_version": 0,
          "attributes": {
            "certificate_arn": "arn:aws:acm:us-east-1:904233103130:certificate/39ff9755-646c-4e2a-b6aa-b8a8328de759",
            "id": "2025-08-26 07:35:06.409 +0000 UTC",
            "timeouts": {
              "create": "150m"
            },
            "validation_record_fqdns": [
              "_a6234d5ba1e2dadbd987a33b0be4044e.pietroruoppolo.club"
            ]
          },
          "sensitive_attributes": [],
          "private": "eyJlMmJmYjczMC1lY2FhLTExZTYtOGY4OC0zNDM2M2JjN2M0YzAiOnsiY3JlYXRlIjo5MDAwMDAwMDAwMDAwfX0=",
          "dependencies": [
            "aws_acm_certificate.cf_cert",
            "aws_route53_record.cf_cert_validation",
            "aws_route53_zone.public",
            "local_file.register_domain_json",
            "null_resource.register_domain",
            "null_resource.wait_domain_registered"
          ]
        }
      ]
    },
    {
      "mode": "managed",
      "type": "aws_ami_from_instance",
      "name": "backend_ami_east",
      "provider": "provider[\"registry.terraform.io/hashicorp/aws\"].primary",
      "instances": [
        {
          "schema_version": 0,
          "attributes": {
            "architecture": "x86_64",
            "arn": "arn:aws:ec2:us-east-1::image/ami-076025864703de1ad",
            "boot_mode": "uefi-preferred",
            "deprecation_time": "",
            "description": "",
            "ebs_block_device": [
              {
                "delete_on_termination": true,
                "device_name": "/dev/sda1",
                "encrypted": false,
                "iops": 0,
                "outpost_arn": "",
                "snapshot_id": "snap-053c51b6ad74a32ed",
                "throughput": 0,
                "volume_size": 8,
                "volume_type": "gp2"
              }
            ],
            "ena_support": true,
            "ephemeral_block_device": [
              {
                "device_name": "/dev/sdb",
                "virtual_name": "ephemeral0"
              },
              {
                "device_name": "/dev/sdc",
                "virtual_name": "ephemeral1"
              }
            ],
            "hypervisor": "xen",
            "id": "ami-076025864703de1ad",
            "image_location": "904233103130/img-backend-east-2025-08-26-08-53-58",
            "image_owner_alias": "",
            "image_type": "machine",
            "imds_support": "",
            "kernel_id": "",
            "last_launched_time": "",
            "manage_ebs_snapshots": true,
            "name": "img-backend-east-2025-08-26-08-53-58",
            "owner_id": "904233103130",
            "platform": "",
            "platform_details": "Linux/UNIX",
            "public": false,
            "ramdisk_id": "",
            "root_device_name": "/dev/sda1",
            "root_snapshot_id": "snap-053c51b6ad74a32ed",
            "snapshot_without_reboot": true,
            "source_instance_id": "i-09ad4100d264d04ac",
            "sriov_net_support": "simple",
            "tags": null,
            "tags_all": {},
            "timeouts": null,
            "tpm_support": "",
            "uefi_data": null,
            "usage_operation": "RunInstances",
            "virtualization_type": "hvm"
          },
          "sensitive_attributes": [],
          "private": "eyJlMmJmYjczMC1lY2FhLTExZTYtOGY4OC0zNDM2M2JjN2M0YzAiOnsiY3JlYXRlIjoyNDAwMDAwMDAwMDAwLCJkZWxldGUiOjU0MDAwMDAwMDAwMDAsInVwZGF0ZSI6MjQwMDAwMDAwMDAwMH19",
          "dependencies": [
            "aws_instance.backend_east",
            "aws_key_pair.deployer_east",
            "aws_security_group.web_sg_east",
            "aws_subnet.prod",
            "aws_vpc.prod",
            "data.aws_ami.ubuntu_east",
            "tls_private_key.auto"
          ],
          "create_before_destroy": true
        }
      ]
    },
    {
      "mode": "managed",
      "type": "aws_ami_from_instance",
      "name": "backend_ami_west",
      "provider": "provider[\"registry.terraform.io/hashicorp/aws\"].secondary",
      "instances": [
        {
          "schema_version": 0,
          "attributes": {
            "architecture": "x86_64",
            "arn": "arn:aws:ec2:us-west-1::image/ami-04261587069ebbc16",
            "boot_mode": "uefi-preferred",
            "deprecation_time": "",
            "description": "",
            "ebs_block_device": [
              {
                "delete_on_termination": true,
                "device_name": "/dev/sda1",
                "encrypted": false,
                "iops": 0,
                "outpost_arn": "",
                "snapshot_id": "snap-05f92afb2370d541d",
                "throughput": 0,
                "volume_size": 8,
                "volume_type": "gp2"
              }
            ],
            "ena_support": true,
            "ephemeral_block_device": [
              {
                "device_name": "/dev/sdb",
                "virtual_name": "ephemeral0"
              },
              {
                "device_name": "/dev/sdc",
                "virtual_name": "ephemeral1"
              }
            ],
            "hypervisor": "xen",
            "id": "ami-04261587069ebbc16",
            "image_location": "904233103130/img-backend-west-2025-08-26-08-53-58",
            "image_owner_alias": "",
            "image_type": "machine",
            "imds_support": "",
            "kernel_id": "",
            "last_launched_time": "",
            "manage_ebs_snapshots": true,
            "name": "img-backend-west-2025-08-26-08-53-58",
            "owner_id": "904233103130",
            "platform": "",
            "platform_details": "Linux/UNIX",
            "public": false,
            "ramdisk_id": "",
            "root_device_name": "/dev/sda1",
            "root_snapshot_id": "snap-05f92afb2370d541d",
            "snapshot_without_reboot": true,
            "source_instance_id": "i-04bbad9bab0bc20ca",
            "sriov_net_support": "simple",
            "tags": null,
            "tags_all": {},
            "timeouts": null,
            "tpm_support": "",
            "uefi_data": null,
            "usage_operation": "RunInstances",
            "virtualization_type": "hvm"
          },
          "sensitive_attributes": [],
          "private": "eyJlMmJmYjczMC1lY2FhLTExZTYtOGY4OC0zNDM2M2JjN2M0YzAiOnsiY3JlYXRlIjoyNDAwMDAwMDAwMDAwLCJkZWxldGUiOjU0MDAwMDAwMDAwMDAsInVwZGF0ZSI6MjQwMDAwMDAwMDAwMH19",
          "dependencies": [
            "aws_instance.backend_west",
            "aws_key_pair.deployer_west",
            "aws_security_group.web_sg_west",
            "aws_subnet.dr",
            "aws_vpc.dr",
            "data.aws_ami.ubuntu_west",
            "tls_private_key.auto"
          ],
          "create_before_destroy": true
        }
      ]
    },
    {
      "mode": "managed",
      "type": "aws_ami_from_instance",
      "name": "frontend_ami_east",
      "provider": "provider[\"registry.terraform.io/hashicorp/aws\"].primary",
      "instances": [
        {
          "schema_version": 0,
          "attributes": {
            "architecture": "x86_64",
            "arn": "arn:aws:ec2:us-east-1::image/ami-0ff284f371da46bdb",
            "boot_mode": "uefi-preferred",
            "deprecation_time": "",
            "description": "",
            "ebs_block_device": [
              {
                "delete_on_termination": true,
                "device_name": "/dev/sda1",
                "encrypted": false,
                "iops": 0,
                "outpost_arn": "",
                "snapshot_id": "snap-0382362947e85ef55",
                "throughput": 0,
                "volume_size": 8,
                "volume_type": "gp2"
              }
            ],
            "ena_support": true,
            "ephemeral_block_device": [
              {
                "device_name": "/dev/sdb",
                "virtual_name": "ephemeral0"
              },
              {
                "device_name": "/dev/sdc",
                "virtual_name": "ephemeral1"
              }
            ],
            "hypervisor": "xen",
            "id": "ami-0ff284f371da46bdb",
            "image_location": "904233103130/img-frontend-east-2025-08-26-08-53-58",
            "image_owner_alias": "",
            "image_type": "machine",
            "imds_support": "",
            "kernel_id": "",
            "last_launched_time": "",
            "manage_ebs_snapshots": true,
            "name": "img-frontend-east-2025-08-26-08-53-58",
            "owner_id": "904233103130",
            "platform": "",
            "platform_details": "Linux/UNIX",
            "public": false,
            "ramdisk_id": "",
            "root_device_name": "/dev/sda1",
            "root_snapshot_id": "snap-0382362947e85ef55",
            "snapshot_without_reboot": true,
            "source_instance_id": "i-0fb480e11d836d0f6",
            "sriov_net_support": "simple",
            "tags": null,
            "tags_all": {},
            "timeouts": null,
            "tpm_support": "",
            "uefi_data": null,
            "usage_operation": "RunInstances",
            "virtualization_type": "hvm"
          },
          "sensitive_attributes": [],
          "private": "eyJlMmJmYjczMC1lY2FhLTExZTYtOGY4OC0zNDM2M2JjN2M0YzAiOnsiY3JlYXRlIjoyNDAwMDAwMDAwMDAwLCJkZWxldGUiOjU0MDAwMDAwMDAwMDAsInVwZGF0ZSI6MjQwMDAwMDAwMDAwMH19",
          "dependencies": [
            "aws_instance.frontend_east",
            "aws_key_pair.deployer_east",
            "aws_security_group.web_sg_east",
            "aws_subnet.prod",
            "aws_vpc.prod",
            "data.aws_ami.ubuntu_east",
            "tls_private_key.auto"
          ]
        }
      ]
    },
    {
      "mode": "managed",
      "type": "aws_ami_from_instance",
      "name": "frontend_ami_west",
      "provider": "provider[\"registry.terraform.io/hashicorp/aws\"].secondary",
      "instances": [
        {
          "schema_version": 0,
          "attributes": {
            "architecture": "x86_64",
            "arn": "arn:aws:ec2:us-west-1::image/ami-008d5fb41ab4034b6",
            "boot_mode": "uefi-preferred",
            "deprecation_time": "",
            "description": "",
            "ebs_block_device": [
              {
                "delete_on_termination": true,
                "device_name": "/dev/sda1",
                "encrypted": false,
                "iops": 0,
                "outpost_arn": "",
                "snapshot_id": "snap-08def725a373e0956",
                "throughput": 0,
                "volume_size": 8,
                "volume_type": "gp2"
              }
            ],
            "ena_support": true,
            "ephemeral_block_device": [
              {
                "device_name": "/dev/sdb",
                "virtual_name": "ephemeral0"
              },
              {
                "device_name": "/dev/sdc",
                "virtual_name": "ephemeral1"
              }
            ],
            "hypervisor": "xen",
            "id": "ami-008d5fb41ab4034b6",
            "image_location": "904233103130/img-frontend-west-2025-08-26-08-53-58",
            "image_owner_alias": "",
            "image_type": "machine",
            "imds_support": "",
            "kernel_id": "",
            "last_launched_time": "",
            "manage_ebs_snapshots": true,
            "name": "img-frontend-west-2025-08-26-08-53-58",
            "owner_id": "904233103130",
            "platform": "",
            "platform_details": "Linux/UNIX",
            "public": false,
            "ramdisk_id": "",
            "root_device_name": "/dev/sda1",
            "root_snapshot_id": "snap-08def725a373e0956",
            "snapshot_without_reboot": true,
            "source_instance_id": "i-0c83125ae2564ff9b",
            "sriov_net_support": "simple",
            "tags": null,
            "tags_all": {},
            "timeouts": null,
            "tpm_support": "",
            "uefi_data": null,
            "usage_operation": "RunInstances",
            "virtualization_type": "hvm"
          },
          "sensitive_attributes": [],
          "private": "eyJlMmJmYjczMC1lY2FhLTExZTYtOGY4OC0zNDM2M2JjN2M0YzAiOnsiY3JlYXRlIjoyNDAwMDAwMDAwMDAwLCJkZWxldGUiOjU0MDAwMDAwMDAwMDAsInVwZGF0ZSI6MjQwMDAwMDAwMDAwMH19",
          "dependencies": [
            "aws_instance.frontend_west",
            "aws_key_pair.deployer_west",
            "aws_security_group.web_sg_west",
            "aws_subnet.dr",
            "aws_vpc.dr",
            "data.aws_ami.ubuntu_west",
            "tls_private_key.auto"
          ],
          "create_before_destroy": true
        }
      ]
    },
    {
      "mode": "managed",
      "type": "aws_autoscaling_group",
      "name": "backend_asg_west",
      "provider": "provider[\"registry.terraform.io/hashicorp/aws\"].secondary",
      "instances": [
        {
          "schema_version": 1,
          "attributes": {
            "arn": "arn:aws:autoscaling:us-west-1:904233103130:autoScalingGroup:2620e9d2-e62c-4c21-9b73-d00111e1d783:autoScalingGroupName/asg-backend-west",
            "availability_zone_distribution": [
              {
                "capacity_distribution_strategy": "balanced-best-effort"
              }
            ],
            "availability_zones": [
              "us-west-1b",
              "us-west-1c"
            ],
            "capacity_rebalance": false,
            "capacity_reservation_specification": [
              {
                "capacity_reservation_preference": "default",
                "capacity_reservation_target": []
              }
            ],
            "context": "",
            "default_cooldown": 300,
            "default_instance_warmup": 0,
            "desired_capacity": 1,
            "desired_capacity_type": "",
            "enabled_metrics": [],
            "force_delete": false,
            "force_delete_warm_pool": false,
            "health_check_grace_period": 300,
            "health_check_type": "ELB",
            "id": "asg-backend-west",
            "ignore_failed_scaling_activities": false,
            "initial_lifecycle_hook": [],
            "instance_maintenance_policy": [],
            "instance_refresh": [],
            "launch_configuration": "",
            "launch_template": [
              {
                "id": "lt-0ff44344648a0497a",
                "name": "lt-backend-west-20250826073725308000000006",
                "version": "$Latest"
              }
            ],
            "load_balancers": [],
            "max_instance_lifetime": 0,
            "max_size": 1,
            "metrics_granularity": "1Minute",
            "min_elb_capacity": null,
            "min_size": 1,
            "mixed_instances_policy": [],
            "name": "asg-backend-west",
            "name_prefix": "",
            "placement_group": "",
            "predicted_capacity": 0,
            "protect_from_scale_in": false,
            "service_linked_role_arn": "arn:aws:iam::904233103130:role/aws-service-role/autoscaling.amazonaws.com/AWSServiceRoleForAutoScaling",
            "suspended_processes": [],
            "tag": [
              {
                "key": "Name",
                "propagate_at_launch": true,
                "value": "backend-dr"
              }
            ],
            "target_group_arns": [
              "arn:aws:elasticloadbalancing:us-west-1:904233103130:targetgroup/tg-backend-dr/32e09e86a8d5667a"
            ],
            "termination_policies": [],
            "timeouts": null,
            "traffic_source": [
              {
                "identifier": "arn:aws:elasticloadbalancing:us-west-1:904233103130:targetgroup/tg-backend-dr/32e09e86a8d5667a",
                "type": "elbv2"
              }
            ],
            "vpc_zone_identifier": [
              "subnet-0b261839c7ad48aa0",
              "subnet-0f026cd5196d18415"
            ],
            "wait_for_capacity_timeout": "10m",
            "wait_for_elb_capacity": null,
            "warm_pool": [],
            "warm_pool_size": 0
          },
          "sensitive_attributes": [],
          "private": "eyJlMmJmYjczMC1lY2FhLTExZTYtOGY4OC0zNDM2M2JjN2M0YzAiOnsiZGVsZXRlIjo2MDAwMDAwMDAwMDAsInVwZGF0ZSI6NjAwMDAwMDAwMDAwfSwic2NoZW1hX3ZlcnNpb24iOiIxIn0=",
          "dependencies": [
            "aws_ami_from_instance.backend_ami_west",
            "aws_instance.backend_west",
            "aws_key_pair.deployer_west",
            "aws_launch_template.backend_lt_west",
            "aws_lb_target_group.tg_backend_dr",
            "aws_security_group.backend_ec2_dr",
            "aws_security_group.web_sg_west",
            "aws_subnet.dr",
            "aws_vpc.dr",
            "data.aws_ami.ubuntu_west",
            "tls_private_key.auto"
          ],
          "create_before_destroy": true
        }
      ]
    },
    {
      "mode": "managed",
      "type": "aws_autoscaling_group",
      "name": "frontend_asg_west",
      "provider": "provider[\"registry.terraform.io/hashicorp/aws\"].secondary",
      "instances": [
        {
          "schema_version": 1,
          "attributes": {
            "arn": "arn:aws:autoscaling:us-west-1:904233103130:autoScalingGroup:c54351f2-e575-4a97-ab60-7da350d46cd7:autoScalingGroupName/asg-frontend-west",
            "availability_zone_distribution": [
              {
                "capacity_distribution_strategy": "balanced-best-effort"
              }
            ],
            "availability_zones": [
              "us-west-1b",
              "us-west-1c"
            ],
            "capacity_rebalance": false,
            "capacity_reservation_specification": [
              {
                "capacity_reservation_preference": "default",
                "capacity_reservation_target": []
              }
            ],
            "context": "",
            "default_cooldown": 300,
            "default_instance_warmup": 0,
            "desired_capacity": 1,
            "desired_capacity_type": "",
            "enabled_metrics": [],
            "force_delete": false,
            "force_delete_warm_pool": false,
            "health_check_grace_period": 300,
            "health_check_type": "ELB",
            "id": "asg-frontend-west",
            "ignore_failed_scaling_activities": false,
            "initial_lifecycle_hook": [],
            "instance_maintenance_policy": [],
            "instance_refresh": [],
            "launch_configuration": "",
            "launch_template": [
              {
                "id": "lt-0f804fda5e57569d9",
                "name": "lt-frontend-west-20250826073725477300000008",
                "version": "$Latest"
              }
            ],
            "load_balancers": [],
            "max_instance_lifetime": 0,
            "max_size": 1,
            "metrics_granularity": "1Minute",
            "min_elb_capacity": null,
            "min_size": 1,
            "mixed_instances_policy": [],
            "name": "asg-frontend-west",
            "name_prefix": "",
            "placement_group": "",
            "predicted_capacity": 0,
            "protect_from_scale_in": false,
            "service_linked_role_arn": "arn:aws:iam::904233103130:role/aws-service-role/autoscaling.amazonaws.com/AWSServiceRoleForAutoScaling",
            "suspended_processes": [],
            "tag": [
              {
                "key": "Name",
                "propagate_at_launch": true,
                "value": "frontend-dr"
              }
            ],
            "target_group_arns": [
              "arn:aws:elasticloadbalancing:us-west-1:904233103130:targetgroup/tg-frontend-dr/f697cc7e482a5a75"
            ],
            "termination_policies": [],
            "timeouts": null,
            "traffic_source": [
              {
                "identifier": "arn:aws:elasticloadbalancing:us-west-1:904233103130:targetgroup/tg-frontend-dr/f697cc7e482a5a75",
                "type": "elbv2"
              }
            ],
            "vpc_zone_identifier": [
              "subnet-020f4a5df14b62fda",
              "subnet-077ada06fb35f079d"
            ],
            "wait_for_capacity_timeout": "10m",
            "wait_for_elb_capacity": null,
            "warm_pool": [],
            "warm_pool_size": 0
          },
          "sensitive_attributes": [],
          "private": "eyJlMmJmYjczMC1lY2FhLTExZTYtOGY4OC0zNDM2M2JjN2M0YzAiOnsiZGVsZXRlIjo2MDAwMDAwMDAwMDAsInVwZGF0ZSI6NjAwMDAwMDAwMDAwfSwic2NoZW1hX3ZlcnNpb24iOiIxIn0=",
          "dependencies": [
            "aws_ami_from_instance.frontend_ami_west",
            "aws_instance.frontend_west",
            "aws_key_pair.deployer_west",
            "aws_launch_template.frontend_lt_west",
            "aws_lb_target_group.tg_frontend_dr",
            "aws_security_group.frontend_ec2_dr",
            "aws_security_group.web_sg_west",
            "aws_subnet.dr",
            "aws_vpc.dr",
            "data.aws_ami.ubuntu_west",
            "tls_private_key.auto"
          ],
          "create_before_destroy": true
        }
      ]
    },
    {
      "mode": "managed",
      "type": "aws_backup_plan",
      "name": "ec2_backup_plan",
      "provider": "provider[\"registry.terraform.io/hashicorp/aws\"].east",
      "instances": [
        {
          "schema_version": 1,
          "attributes": {
            "advanced_backup_setting": [],
            "arn": "arn:aws:backup:us-east-1:904233103130:backup-plan:1ed249af-8df5-48a0-a6c9-0fdda8b5ae0e",
            "id": "1ed249af-8df5-48a0-a6c9-0fdda8b5ae0e",
            "name": "daily-backup-plan",
            "rule": [
              {
                "completion_window": 180,
                "copy_action": [
                  {
                    "destination_vault_arn": "arn:aws:backup:us-west-2:904233103130:backup-vault:Default",
                    "lifecycle": [
                      {
                        "cold_storage_after": 0,
                        "delete_after": 30,
                        "opt_in_to_archive_for_supported_resources": false
                      }
                    ]
                  }
                ],
                "enable_continuous_backup": false,
                "lifecycle": [
                  {
                    "cold_storage_after": 0,
                    "delete_after": 30,
                    "opt_in_to_archive_for_supported_resources": false
                  }
                ],
                "recovery_point_tags": {},
                "rule_name": "daily-ec2-backup",
                "schedule": "cron(0 5 * * ? *)",
                "schedule_expression_timezone": "Etc/UTC",
                "start_window": 60,
                "target_vault_name": "vault-east"
              }
            ],
            "tags": {},
            "tags_all": {},
            "version": "N2IxOGU5NjctMmExMS00MTkxLTg0YjgtNzJkM2ViODFkYWZk"
          },
          "sensitive_attributes": [],
          "private": "eyJzY2hlbWFfdmVyc2lvbiI6IjEifQ==",
          "dependencies": [
            "aws_backup_vault.vault_east",
            "data.aws_caller_identity.current"
          ]
        }
      ]
    },
    {
      "mode": "managed",
      "type": "aws_backup_selection",
      "name": "ec2_selection",
      "provider": "provider[\"registry.terraform.io/hashicorp/aws\"].east",
      "instances": [
        {
          "schema_version": 0,
          "attributes": {
            "condition": [
              {
                "string_equals": [],
                "string_like": [],
                "string_not_equals": [],
                "string_not_like": []
              }
            ],
            "iam_role_arn": "arn:aws:iam::904233103130:role/aws-backup-role",
            "id": "72546167-a06b-4ede-8a13-40a2f4de4449",
            "name": "frontend-backend-east",
            "not_resources": [],
            "plan_id": "1ed249af-8df5-48a0-a6c9-0fdda8b5ae0e",
            "resources": [
              "arn:aws:ec2:us-east-1:904233103130:instance/i-09ad4100d264d04ac",
              "arn:aws:ec2:us-east-1:904233103130:instance/i-0fb480e11d836d0f6"
            ],
            "selection_tag": []
          },
          "sensitive_attributes": [],
          "private": "bnVsbA==",
          "dependencies": [
            "aws_backup_plan.ec2_backup_plan",
            "aws_backup_vault.vault_east",
            "aws_iam_role.aws_backup_role",
            "aws_instance.backend_east",
            "aws_instance.frontend_east",
            "aws_key_pair.deployer_east",
            "aws_security_group.web_sg_east",
            "aws_subnet.prod",
            "aws_vpc.prod",
            "data.aws_ami.ubuntu_east",
            "data.aws_caller_identity.current",
            "tls_private_key.auto"
          ]
        }
      ]
    },
    {
      "mode": "managed",
      "type": "aws_backup_vault",
      "name": "vault_east",
      "provider": "provider[\"registry.terraform.io/hashicorp/aws\"].east",
      "instances": [
        {
          "schema_version": 0,
          "attributes": {
            "arn": "arn:aws:backup:us-east-1:904233103130:backup-vault:vault-east",
            "force_destroy": false,
            "id": "vault-east",
            "kms_key_arn": "arn:aws:kms:us-east-1:904233103130:key/b4f04006-e36a-4c60-b408-7f3b548979af",
            "name": "vault-east",
            "recovery_points": 0,
            "tags": {},
            "tags_all": {},
            "timeouts": null
          },
          "sensitive_attributes": [],
          "private": "eyJlMmJmYjczMC1lY2FhLTExZTYtOGY4OC0zNDM2M2JjN2M0YzAiOnsiZGVsZXRlIjo2MDAwMDAwMDAwMDB9fQ=="
        }
      ]
    },
    {
      "mode": "managed",
      "type": "aws_cloudfront_distribution",
      "name": "frontend_cdn",
      "provider": "provider[\"registry.terraform.io/hashicorp/aws\"]",
      "instances": [
        {
          "schema_version": 1,
          "attributes": {
            "aliases": [
              "threetier.pietroruoppolo.club"
            ],
            "arn": "arn:aws:cloudfront::904233103130:distribution/E3UY77P8POZC9Q",
            "caller_reference": "terraform-20250826073620593200000004",
            "comment": null,
            "continuous_deployment_policy_id": "",
            "custom_error_response": [],
            "default_cache_behavior": [
              {
                "allowed_methods": [
                  "GET",
                  "HEAD",
                  "OPTIONS"
                ],
                "cache_policy_id": "",
                "cached_methods": [
                  "GET",
                  "HEAD"
                ],
                "compress": false,
                "default_ttl": 0,
                "field_level_encryption_id": "",
                "forwarded_values": [
                  {
                    "cookies": [
                      {
                        "forward": "none",
                        "whitelisted_names": []
                      }
                    ],
                    "headers": [],
                    "query_string": false,
                    "query_string_cache_keys": []
                  }
                ],
                "function_association": [],
                "grpc_config": [
                  {
                    "enabled": false
                  }
                ],
                "lambda_function_association": [],
                "max_ttl": 0,
                "min_ttl": 0,
                "origin_request_policy_id": "",
                "realtime_log_config_arn": "",
                "response_headers_policy_id": "",
                "smooth_streaming": false,
                "target_origin_id": "alb-frontend-primary",
                "trusted_key_groups": [],
                "trusted_signers": [],
                "viewer_protocol_policy": "redirect-to-https"
              }
            ],
            "default_root_object": "index.html",
            "domain_name": "d3d814itvwo5r6.cloudfront.net",
            "enabled": true,
            "etag": "E3L7SJ1FLMQUBS",
            "hosted_zone_id": "Z2FDTNDATAQYW2",
            "http_version": "http2",
            "id": "E3UY77P8POZC9Q",
            "in_progress_validation_batches": 0,
            "is_ipv6_enabled": false,
            "last_modified_time": "2025-08-26 07:36:21.595 +0000 UTC",
            "logging_config": [],
            "ordered_cache_behavior": [],
            "origin": [
              {
                "connection_attempts": 3,
                "connection_timeout": 10,
                "custom_header": [],
                "custom_origin_config": [
                  {
                    "http_port": 80,
                    "https_port": 443,
                    "origin_keepalive_timeout": 5,
                    "origin_protocol_policy": "http-only",
                    "origin_read_timeout": 30,
                    "origin_ssl_protocols": [
                      "TLSv1.2"
                    ]
                  }
                ],
                "domain_name": "origin.threetier.pietroruoppolo.club",
                "origin_access_control_id": "",
                "origin_id": "alb-frontend-primary",
                "origin_path": "",
                "origin_shield": [],
                "s3_origin_config": [],
                "vpc_origin_config": []
              }
            ],
            "origin_group": [],
            "price_class": "PriceClass_All",
            "restrictions": [
              {
                "geo_restriction": [
                  {
                    "locations": [],
                    "restriction_type": "none"
                  }
                ]
              }
            ],
            "retain_on_delete": false,
            "staging": false,
            "status": "Deployed",
            "tags": {
              "Name": "frontend-cdn"
            },
            "tags_all": {
              "Name": "frontend-cdn"
            },
            "trusted_key_groups": [
              {
                "enabled": false,
                "items": []
              }
            ],
            "trusted_signers": [
              {
                "enabled": false,
                "items": []
              }
            ],
            "viewer_certificate": [
              {
                "acm_certificate_arn": "arn:aws:acm:us-east-1:904233103130:certificate/39ff9755-646c-4e2a-b6aa-b8a8328de759",
                "cloudfront_default_certificate": false,
                "iam_certificate_id": "",
                "minimum_protocol_version": "TLSv1.2_2021",
                "ssl_support_method": "sni-only"
              }
            ],
            "wait_for_deployment": true,
            "web_acl_id": "arn:aws:wafv2:us-east-1:904233103130:global/webacl/cf-waf/ad46afa2-f4d2-4772-a4ea-e2b9543ac9af"
          },
          "sensitive_attributes": [],
          "private": "eyJzY2hlbWFfdmVyc2lvbiI6IjEifQ==",
          "dependencies": [
            "aws_acm_certificate.cf_cert",
            "aws_acm_certificate_validation.cf_cert",
            "aws_route53_record.cf_cert_validation",
            "aws_route53_zone.public",
            "aws_wafv2_web_acl.cf_waf",
            "local_file.register_domain_json",
            "null_resource.register_domain",
            "null_resource.wait_domain_registered"
          ]
        }
      ]
    },
    {
      "mode": "managed",
      "type": "aws_db_instance",
      "name": "primary_db",
      "provider": "provider[\"registry.terraform.io/hashicorp/aws\"].primary",
      "instances": [
        {
          "schema_version": 2,
          "attributes": {
            "address": "myapp-db.czoo08w08x8c.us-east-1.rds.amazonaws.com",
            "allocated_storage": 22,
            "allow_major_version_upgrade": null,
            "apply_immediately": false,
            "arn": "arn:aws:rds:us-east-1:904233103130:db:myapp-db",
            "auto_minor_version_upgrade": true,
            "availability_zone": "us-east-1b",
            "backup_retention_period": 7,
            "backup_target": "region",
            "backup_window": "03:00-04:00",
            "blue_green_update": [],
            "ca_cert_identifier": "rds-ca-rsa2048-g1",
            "character_set_name": "",
            "copy_tags_to_snapshot": false,
            "custom_iam_instance_profile": "",
            "customer_owned_ip_enabled": false,
            "database_insights_mode": "standard",
            "db_name": "test",
            "db_subnet_group_name": "main-db-subnet-group",
            "dedicated_log_volume": false,
            "delete_automated_backups": true,
            "deletion_protection": false,
            "domain": "",
            "domain_auth_secret_arn": "",
            "domain_dns_ips": [],
            "domain_fqdn": "",
            "domain_iam_role_name": "",
            "domain_ou": "",
            "enabled_cloudwatch_logs_exports": [],
            "endpoint": "myapp-db.czoo08w08x8c.us-east-1.rds.amazonaws.com:3306",
            "engine": "mysql",
            "engine_lifecycle_support": "open-source-rds-extended-support",
            "engine_version": "8.0",
            "engine_version_actual": "8.0.42",
            "final_snapshot_identifier": "myapp-db-final-20250826085404",
            "hosted_zone_id": "Z2R2ITUGPM61AM",
            "iam_database_authentication_enabled": false,
            "id": "db-U4XUG5JOWZC4XD5OKISTCP7MNQ",
            "identifier": "myapp-db",
            "identifier_prefix": "",
            "instance_class": "db.t3.micro",
            "iops": 0,
            "kms_key_id": "arn:aws:kms:us-east-1:904233103130:key/ab8caa80-8c2e-400f-acbd-6d0ce77d09d7",
            "latest_restorable_time": "2025-08-26T08:50:00Z",
            "license_model": "general-public-license",
            "listener_endpoint": [],
            "maintenance_window": "fri:04:44-fri:05:14",
            "manage_master_user_password": null,
            "master_user_secret": [],
            "master_user_secret_kms_key_id": null,
            "max_allocated_storage": 0,
            "monitoring_interval": 0,
            "monitoring_role_arn": "",
            "multi_az": true,
            "nchar_character_set_name": "",
            "network_type": "IPV4",
            "option_group_name": "default:mysql-8-0",
            "parameter_group_name": "default.mysql8.0",
            "password": "Rodman00!",
            "password_wo": null,
            "password_wo_version": null,
            "performance_insights_enabled": false,
            "performance_insights_kms_key_id": "",
            "performance_insights_retention_period": 0,
            "port": 3306,
            "publicly_accessible": false,
            "replica_mode": "",
            "replicas": [
              "arn:aws:rds:us-west-1:904233103130:db:myapp-db-replica"
            ],
            "replicate_source_db": "",
            "resource_id": "db-U4XUG5JOWZC4XD5OKISTCP7MNQ",
            "restore_to_point_in_time": [],
            "s3_import": [],
            "skip_final_snapshot": false,
            "snapshot_identifier": null,
            "status": "available",
            "storage_encrypted": true,
            "storage_throughput": 0,
            "storage_type": "gp2",
            "tags": {},
            "tags_all": {},
            "timeouts": null,
            "timezone": "",
            "upgrade_storage_config": null,
            "username": "admin",
            "vpc_security_group_ids": [
              "sg-0707ef6b866de24e0"
            ]
          },
          "sensitive_attributes": [
            [
              {
                "type": "get_attr",
                "value": "password"
              }
            ],
            [
              {
                "type": "get_attr",
                "value": "password_wo"
              }
            ]
          ],
          "private": "eyJlMmJmYjczMC1lY2FhLTExZTYtOGY4OC0zNDM2M2JjN2M0YzAiOnsiY3JlYXRlIjozMDAwMDAwMDAwMDAwLCJkZWxldGUiOjM2MDAwMDAwMDAwMDAsInVwZGF0ZSI6NDgwMDAwMDAwMDAwMH0sInNjaGVtYV92ZXJzaW9uIjoiMiJ9",
          "dependencies": [
            "aws_db_subnet_group.main",
            "aws_security_group.backend_alb",
            "aws_security_group.backend_ec2",
            "aws_security_group.bastion",
            "aws_security_group.rds",
            "aws_subnet.prod",
            "aws_vpc.prod"
          ]
        }
      ]
    },
    {
      "mode": "managed",
      "type": "aws_db_instance",
      "name": "read_replica",
      "provider": "provider[\"registry.terraform.io/hashicorp/aws\"].secondary",
      "instances": [
        {
          "schema_version": 2,
          "attributes": {
            "address": "myapp-db-replica.cbq2okei2ek3.us-west-1.rds.amazonaws.com",
            "allocated_storage": 22,
            "allow_major_version_upgrade": null,
            "apply_immediately": false,
            "arn": "arn:aws:rds:us-west-1:904233103130:db:myapp-db-replica",
            "auto_minor_version_upgrade": true,
            "availability_zone": "us-west-1c",
            "backup_retention_period": 0,
            "backup_target": "region",
            "backup_window": "03:00-04:00",
            "blue_green_update": [],
            "ca_cert_identifier": "rds-ca-rsa2048-g1",
            "character_set_name": "",
            "copy_tags_to_snapshot": false,
            "custom_iam_instance_profile": "",
            "customer_owned_ip_enabled": false,
            "database_insights_mode": "standard",
            "db_name": "test",
            "db_subnet_group_name": "replica-db-subnet-group",
            "dedicated_log_volume": false,
            "delete_automated_backups": true,
            "deletion_protection": false,
            "domain": "",
            "domain_auth_secret_arn": "",
            "domain_dns_ips": [],
            "domain_fqdn": "",
            "domain_iam_role_name": "",
            "domain_ou": "",
            "enabled_cloudwatch_logs_exports": [],
            "endpoint": "myapp-db-replica.cbq2okei2ek3.us-west-1.rds.amazonaws.com:3306",
            "engine": "mysql",
            "engine_lifecycle_support": "open-source-rds-extended-support",
            "engine_version": "8.0.42",
            "engine_version_actual": "8.0.42",
            "final_snapshot_identifier": null,
            "hosted_zone_id": "Z10WI91S59XXQN",
            "iam_database_authentication_enabled": false,
            "id": "db-422NWDTXRNQAC5F4R7UWQ7B6GI",
            "identifier": "myapp-db-replica",
            "identifier_prefix": "",
            "instance_class": "db.t3.micro",
            "iops": 0,
            "kms_key_id": "arn:aws:kms:us-west-1:904233103130:key/fe04ac09-e9d3-4a8d-8a0d-f081e08632c6",
            "latest_restorable_time": "",
            "license_model": "general-public-license",
            "listener_endpoint": [],
            "maintenance_window": "fri:04:44-fri:05:14",
            "manage_master_user_password": null,
            "master_user_secret": [],
            "master_user_secret_kms_key_id": null,
            "max_allocated_storage": 0,
            "monitoring_interval": 0,
            "monitoring_role_arn": "",
            "multi_az": false,
            "nchar_character_set_name": "",
            "network_type": "IPV4",
            "option_group_name": "default:mysql-8-0",
            "parameter_group_name": "default.mysql8.0",
            "password": null,
            "password_wo": null,
            "password_wo_version": null,
            "performance_insights_enabled": false,
            "performance_insights_kms_key_id": "",
            "performance_insights_retention_period": 0,
            "port": 3306,
            "publicly_accessible": false,
            "replica_mode": "",
            "replicas": [],
            "replicate_source_db": "arn:aws:rds:us-east-1:904233103130:db:myapp-db",
            "resource_id": "db-422NWDTXRNQAC5F4R7UWQ7B6GI",
            "restore_to_point_in_time": [],
            "s3_import": [],
            "skip_final_snapshot": true,
            "snapshot_identifier": null,
            "status": "available",
            "storage_encrypted": true,
            "storage_throughput": 0,
            "storage_type": "gp2",
            "tags": {},
            "tags_all": {},
            "timeouts": null,
            "timezone": "",
            "upgrade_storage_config": null,
            "username": "admin",
            "vpc_security_group_ids": [
              "sg-0accd18f26406bc29"
            ]
          },
          "sensitive_attributes": [
            [
              {
                "type": "get_attr",
                "value": "password_wo"
              }
            ],
            [
              {
                "type": "get_attr",
                "value": "password"
              }
            ]
          ],
          "private": "eyJlMmJmYjczMC1lY2FhLTExZTYtOGY4OC0zNDM2M2JjN2M0YzAiOnsiY3JlYXRlIjozMDAwMDAwMDAwMDAwLCJkZWxldGUiOjM2MDAwMDAwMDAwMDAsInVwZGF0ZSI6NDgwMDAwMDAwMDAwMH0sInNjaGVtYV92ZXJzaW9uIjoiMiJ9",
          "dependencies": [
            "aws_db_instance.primary_db",
            "aws_db_subnet_group.main",
            "aws_db_subnet_group.replica",
            "aws_security_group.backend_alb",
            "aws_security_group.backend_ec2",
            "aws_security_group.bastion",
            "aws_security_group.rds",
            "aws_security_group.rds_dr",
            "aws_subnet.dr",
            "aws_subnet.prod",
            "aws_vpc.dr",
            "aws_vpc.prod",
            "data.aws_kms_alias.rds_default_dr"
          ]
        }
      ]
    },
    {
      "mode": "managed",
      "type": "aws_db_subnet_group",
      "name": "main",
      "provider": "provider[\"registry.terraform.io/hashicorp/aws\"].primary",
      "instances": [
        {
          "schema_version": 0,
          "attributes": {
            "arn": "arn:aws:rds:us-east-1:904233103130:subgrp:main-db-subnet-group",
            "description": "Managed by Terraform",
            "id": "main-db-subnet-group",
            "name": "main-db-subnet-group",
            "name_prefix": "",
            "subnet_ids": [
              "subnet-03d74fb4b8d696652",
              "subnet-08246f8160392c262"
            ],
            "supported_network_types": [
              "IPV4"
            ],
            "tags": {
              "Name": "MainDBSubnetGroup"
            },
            "tags_all": {
              "Name": "MainDBSubnetGroup"
            },
            "vpc_id": "vpc-0f9fae74b63271bb5"
          },
          "sensitive_attributes": [],
          "private": "bnVsbA==",
          "dependencies": [
            "aws_subnet.prod",
            "aws_vpc.prod"
          ]
        }
      ]
    },
    {
      "mode": "managed",
      "type": "aws_db_subnet_group",
      "name": "replica",
      "provider": "provider[\"registry.terraform.io/hashicorp/aws\"].secondary",
      "instances": [
        {
          "schema_version": 0,
          "attributes": {
            "arn": "arn:aws:rds:us-west-1:904233103130:subgrp:replica-db-subnet-group",
            "description": "Managed by Terraform",
            "id": "replica-db-subnet-group",
            "name": "replica-db-subnet-group",
            "name_prefix": "",
            "subnet_ids": [
              "subnet-050cb10f1b77c492b",
              "subnet-0e5a38f5f947ddd3d"
            ],
            "supported_network_types": [
              "IPV4"
            ],
            "tags": {
              "Name": "ReplicaDBSubnetGroup"
            },
            "tags_all": {
              "Name": "ReplicaDBSubnetGroup"
            },
            "vpc_id": "vpc-0ad5747f076c6d4b6"
          },
          "sensitive_attributes": [],
          "private": "bnVsbA==",
          "dependencies": [
            "aws_subnet.dr",
            "aws_vpc.dr"
          ]
        }
      ]
    },
    {
      "mode": "managed",
      "type": "aws_eip",
      "name": "dr_nat_eip",
      "provider": "provider[\"registry.terraform.io/hashicorp/aws\"].secondary",
      "instances": [
        {
          "schema_version": 0,
          "attributes": {
            "address": null,
            "allocation_id": "eipalloc-019083bd906463589",
            "arn": "arn:aws:ec2:us-west-1:904233103130:elastic-ip/eipalloc-019083bd906463589",
            "associate_with_private_ip": null,
            "association_id": "eipassoc-0fb0c881a80991a97",
            "carrier_ip": "",
            "customer_owned_ip": "",
            "customer_owned_ipv4_pool": "",
            "domain": "vpc",
            "id": "eipalloc-019083bd906463589",
            "instance": "",
            "ipam_pool_id": null,
            "network_border_group": "us-west-1",
            "network_interface": "eni-034ab6138c4ed36b4",
            "private_dns": "ip-172-20-1-239.us-west-1.compute.internal",
            "private_ip": "172.20.1.239",
            "ptr_record": "",
            "public_dns": "ec2-54-215-145-140.us-west-1.compute.amazonaws.com",
            "public_ip": "54.215.145.140",
            "public_ipv4_pool": "amazon",
            "tags": {
              "Name": "eip-dr-nat"
            },
            "tags_all": {
              "Name": "eip-dr-nat"
            },
            "timeouts": null,
            "vpc": true
          },
          "sensitive_attributes": [],
          "private": "eyJlMmJmYjczMC1lY2FhLTExZTYtOGY4OC0zNDM2M2JjN2M0YzAiOnsiZGVsZXRlIjoxODAwMDAwMDAwMDAsInJlYWQiOjkwMDAwMDAwMDAwMCwidXBkYXRlIjozMDAwMDAwMDAwMDB9fQ=="
        }
      ]
    },
    {
      "mode": "managed",
      "type": "aws_eip",
      "name": "prod_nat_eip",
      "provider": "provider[\"registry.terraform.io/hashicorp/aws\"].primary",
      "instances": [
        {
          "schema_version": 0,
          "attributes": {
            "address": null,
            "allocation_id": "eipalloc-0f5832add2125efff",
            "arn": "arn:aws:ec2:us-east-1:904233103130:elastic-ip/eipalloc-0f5832add2125efff",
            "associate_with_private_ip": null,
            "association_id": "eipassoc-03788b70d870068e2",
            "carrier_ip": "",
            "customer_owned_ip": "",
            "customer_owned_ipv4_pool": "",
            "domain": "vpc",
            "id": "eipalloc-0f5832add2125efff",
            "instance": "",
            "ipam_pool_id": null,
            "network_border_group": "us-east-1",
            "network_interface": "eni-0a84f464dc47aaf0b",
            "private_dns": "ip-172-20-1-232.ec2.internal",
            "private_ip": "172.20.1.232",
            "ptr_record": "",
            "public_dns": "ec2-3-220-214-253.compute-1.amazonaws.com",
            "public_ip": "3.220.214.253",
            "public_ipv4_pool": "amazon",
            "tags": {
              "Name": "eip-prod-nat"
            },
            "tags_all": {
              "Name": "eip-prod-nat"
            },
            "timeouts": null,
            "vpc": true
          },
          "sensitive_attributes": [],
          "private": "eyJlMmJmYjczMC1lY2FhLTExZTYtOGY4OC0zNDM2M2JjN2M0YzAiOnsiZGVsZXRlIjoxODAwMDAwMDAwMDAsInJlYWQiOjkwMDAwMDAwMDAwMCwidXBkYXRlIjozMDAwMDAwMDAwMDB9fQ=="
        }
      ]
    },
    {
      "mode": "managed",
      "type": "aws_iam_instance_profile",
      "name": "backend_ssm",
      "provider": "provider[\"registry.terraform.io/hashicorp/aws\"]",
      "instances": [
        {
          "schema_version": 0,
          "attributes": {
            "arn": "arn:aws:iam::904233103130:instance-profile/backend-ssm-profile",
            "create_date": "2025-08-26T07:34:50Z",
            "id": "backend-ssm-profile",
            "name": "backend-ssm-profile",
            "name_prefix": "",
            "path": "/",
            "role": "backend-ssm-role",
            "tags": {},
            "tags_all": {},
            "unique_id": "AIPA5FCD6F4NKEU2YS4G7"
          },
          "sensitive_attributes": [],
          "private": "bnVsbA==",
          "dependencies": [
            "aws_iam_role.backend_ssm",
            "data.aws_iam_policy_document.ec2_assume"
          ]
        }
      ]
    },
    {
      "mode": "managed",
      "type": "aws_iam_role",
      "name": "aws_backup_role",
      "provider": "provider[\"registry.terraform.io/hashicorp/aws\"]",
      "instances": [
        {
          "schema_version": 0,
          "attributes": {
            "arn": "arn:aws:iam::904233103130:role/aws-backup-role",
            "assume_role_policy": "{\"Statement\":[{\"Action\":\"sts:AssumeRole\",\"Effect\":\"Allow\",\"Principal\":{\"Service\":\"backup.amazonaws.com\"}}],\"Version\":\"2012-10-17\"}",
            "create_date": "2025-08-26T07:34:45Z",
            "description": "",
            "force_detach_policies": false,
            "id": "aws-backup-role",
            "inline_policy": [],
            "managed_policy_arns": [
              "arn:aws:iam::aws:policy/service-role/AWSBackupServiceRolePolicyForBackup"
            ],
            "max_session_duration": 3600,
            "name": "aws-backup-role",
            "name_prefix": "",
            "path": "/",
            "permissions_boundary": "",
            "tags": {},
            "tags_all": {},
            "unique_id": "AROA5FCD6F4NEQ42QP2RO"
          },
          "sensitive_attributes": [],
          "private": "bnVsbA=="
        }
      ]
    },
    {
      "mode": "managed",
      "type": "aws_iam_role",
      "name": "backend_ssm",
      "provider": "provider[\"registry.terraform.io/hashicorp/aws\"]",
      "instances": [
        {
          "schema_version": 0,
          "attributes": {
            "arn": "arn:aws:iam::904233103130:role/backend-ssm-role",
            "assume_role_policy": "{\"Statement\":[{\"Action\":\"sts:AssumeRole\",\"Effect\":\"Allow\",\"Principal\":{\"Service\":\"ec2.amazonaws.com\"}}],\"Version\":\"2012-10-17\"}",
            "create_date": "2025-08-26T07:34:45Z",
            "description": "",
            "force_detach_policies": false,
            "id": "backend-ssm-role",
            "inline_policy": [],
            "managed_policy_arns": [
              "arn:aws:iam::aws:policy/AmazonSSMManagedInstanceCore"
            ],
            "max_session_duration": 3600,
            "name": "backend-ssm-role",
            "name_prefix": "",
            "path": "/",
            "permissions_boundary": "",
            "tags": {},
            "tags_all": {},
            "unique_id": "AROA5FCD6F4NN66FTUIBH"
          },
          "sensitive_attributes": [],
          "private": "bnVsbA==",
          "dependencies": [
            "data.aws_iam_policy_document.ec2_assume"
          ]
        }
      ]
    },
    {
      "mode": "managed",
      "type": "aws_iam_role_policy_attachment",
      "name": "aws_backup_role_attach",
      "provider": "provider[\"registry.terraform.io/hashicorp/aws\"]",
      "instances": [
        {
          "schema_version": 0,
          "attributes": {
            "id": "aws-backup-role-20250826073449629500000001",
            "policy_arn": "arn:aws:iam::aws:policy/service-role/AWSBackupServiceRolePolicyForBackup",
            "role": "aws-backup-role"
          },
          "sensitive_attributes": [],
          "private": "bnVsbA==",
          "dependencies": [
            "aws_iam_role.aws_backup_role"
          ]
        }
      ]
    },
    {
      "mode": "managed",
      "type": "aws_iam_role_policy_attachment",
      "name": "backend_ssm_core",
      "provider": "provider[\"registry.terraform.io/hashicorp/aws\"]",
      "instances": [
        {
          "schema_version": 0,
          "attributes": {
            "id": "backend-ssm-role-20250826073449988300000002",
            "policy_arn": "arn:aws:iam::aws:policy/AmazonSSMManagedInstanceCore",
            "role": "backend-ssm-role"
          },
          "sensitive_attributes": [],
          "private": "bnVsbA==",
          "dependencies": [
            "aws_iam_role.backend_ssm",
            "data.aws_iam_policy_document.ec2_assume"
          ]
        }
      ]
    },
    {
      "mode": "managed",
      "type": "aws_instance",
      "name": "backend_east",
      "provider": "provider[\"registry.terraform.io/hashicorp/aws\"].primary",
      "instances": [
        {
          "schema_version": 1,
          "attributes": {
            "ami": "ami-0bbdd8c17ed981ef9",
            "arn": "arn:aws:ec2:us-east-1:904233103130:instance/i-09ad4100d264d04ac",
            "associate_public_ip_address": true,
            "availability_zone": "us-east-1b",
            "capacity_reservation_specification": [
              {
                "capacity_reservation_preference": "open",
                "capacity_reservation_target": []
              }
            ],
            "cpu_core_count": 1,
            "cpu_options": [
              {
                "amd_sev_snp": "",
                "core_count": 1,
                "threads_per_core": 1
              }
            ],
            "cpu_threads_per_core": 1,
            "credit_specification": [
              {
                "cpu_credits": "standard"
              }
            ],
            "disable_api_stop": false,
            "disable_api_termination": false,
            "ebs_block_device": [],
            "ebs_optimized": false,
            "enable_primary_ipv6": null,
            "enclave_options": [
              {
                "enabled": false
              }
            ],
            "ephemeral_block_device": [],
            "get_password_data": false,
            "hibernation": false,
            "host_id": "",
            "host_resource_group_arn": null,
            "iam_instance_profile": "",
            "id": "i-09ad4100d264d04ac",
            "instance_initiated_shutdown_behavior": "stop",
            "instance_lifecycle": "",
            "instance_market_options": [],
            "instance_state": "running",
            "instance_type": "t2.micro",
            "ipv6_address_count": 0,
            "ipv6_addresses": [],
            "key_name": "temp-key",
            "launch_template": [],
            "maintenance_options": [
              {
                "auto_recovery": "default"
              }
            ],
            "metadata_options": [
              {
                "http_endpoint": "enabled",
                "http_protocol_ipv6": "disabled",
                "http_put_response_hop_limit": 1,
                "http_tokens": "optional",
                "instance_metadata_tags": "disabled"
              }
            ],
            "monitoring": false,
            "network_interface": [],
            "outpost_arn": "",
            "password_data": "",
            "placement_group": "",
            "placement_partition_number": 0,
            "primary_network_interface_id": "eni-09d49a0fd5fc3dcca",
            "private_dns": "ip-172-20-2-180.ec2.internal",
            "private_dns_name_options": [
              {
                "enable_resource_name_dns_a_record": false,
                "enable_resource_name_dns_aaaa_record": false,
                "hostname_type": "ip-name"
              }
            ],
            "private_ip": "172.20.2.180",
            "public_dns": "ec2-3-86-145-205.compute-1.amazonaws.com",
            "public_ip": "3.86.145.205",
            "root_block_device": [
              {
                "delete_on_termination": true,
                "device_name": "/dev/sda1",
                "encrypted": false,
                "iops": 100,
                "kms_key_id": "",
                "tags": {},
                "tags_all": {},
                "throughput": 0,
                "volume_id": "vol-03085da295d2e3624",
                "volume_size": 8,
                "volume_type": "gp2"
              }
            ],
            "secondary_private_ips": [],
            "security_groups": [],
            "source_dest_check": true,
            "spot_instance_request_id": "",
            "subnet_id": "subnet-033f4516e7699bdea",
            "tags": {
              "Name": "temp-backend-east"
            },
            "tags_all": {
              "Name": "temp-backend-east"
            },
            "tenancy": "default",
            "timeouts": null,
            "user_data": "ce8626b322a7382aae686a9949894093f778c96b",
            "user_data_base64": null,
            "user_data_replace_on_change": false,
            "volume_tags": null,
            "vpc_security_group_ids": [
              "sg-06d871e244218bcf7"
            ]
          },
          "sensitive_attributes": [],
          "private": "eyJlMmJmYjczMC1lY2FhLTExZTYtOGY4OC0zNDM2M2JjN2M0YzAiOnsiY3JlYXRlIjo2MDAwMDAwMDAwMDAsImRlbGV0ZSI6MTIwMDAwMDAwMDAwMCwicmVhZCI6OTAwMDAwMDAwMDAwLCJ1cGRhdGUiOjYwMDAwMDAwMDAwMH0sInNjaGVtYV92ZXJzaW9uIjoiMSJ9",
          "dependencies": [
            "aws_key_pair.deployer_east",
            "aws_security_group.web_sg_east",
            "aws_subnet.prod",
            "aws_vpc.prod",
            "data.aws_ami.ubuntu_east",
            "tls_private_key.auto"
          ],
          "create_before_destroy": true
        }
      ]
    },
    {
      "mode": "managed",
      "type": "aws_instance",
      "name": "backend_west",
      "provider": "provider[\"registry.terraform.io/hashicorp/aws\"].secondary",
      "instances": [
        {
          "schema_version": 1,
          "attributes": {
            "ami": "ami-0ddac4b9aed8d5d46",
            "arn": "arn:aws:ec2:us-west-1:904233103130:instance/i-04bbad9bab0bc20ca",
            "associate_public_ip_address": true,
            "availability_zone": "us-west-1c",
            "capacity_reservation_specification": [
              {
                "capacity_reservation_preference": "open",
                "capacity_reservation_target": []
              }
            ],
            "cpu_core_count": 1,
            "cpu_options": [
              {
                "amd_sev_snp": "",
                "core_count": 1,
                "threads_per_core": 1
              }
            ],
            "cpu_threads_per_core": 1,
            "credit_specification": [
              {
                "cpu_credits": "standard"
              }
            ],
            "disable_api_stop": false,
            "disable_api_termination": false,
            "ebs_block_device": [],
            "ebs_optimized": false,
            "enable_primary_ipv6": null,
            "enclave_options": [
              {
                "enabled": false
              }
            ],
            "ephemeral_block_device": [],
            "get_password_data": false,
            "hibernation": false,
            "host_id": "",
            "host_resource_group_arn": null,
            "iam_instance_profile": "",
            "id": "i-04bbad9bab0bc20ca",
            "instance_initiated_shutdown_behavior": "stop",
            "instance_lifecycle": "",
            "instance_market_options": [],
            "instance_state": "running",
            "instance_type": "t2.micro",
            "ipv6_address_count": 0,
            "ipv6_addresses": [],
            "key_name": "temp-key",
            "launch_template": [],
            "maintenance_options": [
              {
                "auto_recovery": "default"
              }
            ],
            "metadata_options": [
              {
                "http_endpoint": "enabled",
                "http_protocol_ipv6": "disabled",
                "http_put_response_hop_limit": 1,
                "http_tokens": "optional",
                "instance_metadata_tags": "disabled"
              }
            ],
            "monitoring": false,
            "network_interface": [],
            "outpost_arn": "",
            "password_data": "",
            "placement_group": "",
            "placement_partition_number": 0,
            "primary_network_interface_id": "eni-0d1382de95464d96d",
            "private_dns": "ip-172-20-2-72.us-west-1.compute.internal",
            "private_dns_name_options": [
              {
                "enable_resource_name_dns_a_record": false,
                "enable_resource_name_dns_aaaa_record": false,
                "hostname_type": "ip-name"
              }
            ],
            "private_ip": "172.20.2.72",
            "public_dns": "ec2-54-215-208-39.us-west-1.compute.amazonaws.com",
            "public_ip": "54.215.208.39",
            "root_block_device": [
              {
                "delete_on_termination": true,
                "device_name": "/dev/sda1",
                "encrypted": false,
                "iops": 100,
                "kms_key_id": "",
                "tags": {},
                "tags_all": {},
                "throughput": 0,
                "volume_id": "vol-0524e739c31d0f7ea",
                "volume_size": 8,
                "volume_type": "gp2"
              }
            ],
            "secondary_private_ips": [],
            "security_groups": [],
            "source_dest_check": true,
            "spot_instance_request_id": "",
            "subnet_id": "subnet-089928fb2a2151cbf",
            "tags": {
              "Name": "temp-backend-west"
            },
            "tags_all": {
              "Name": "temp-backend-west"
            },
            "tenancy": "default",
            "timeouts": null,
            "user_data": "ce8626b322a7382aae686a9949894093f778c96b",
            "user_data_base64": null,
            "user_data_replace_on_change": false,
            "volume_tags": null,
            "vpc_security_group_ids": [
              "sg-07d8a224c2279303a"
            ]
          },
          "sensitive_attributes": [],
          "private": "eyJlMmJmYjczMC1lY2FhLTExZTYtOGY4OC0zNDM2M2JjN2M0YzAiOnsiY3JlYXRlIjo2MDAwMDAwMDAwMDAsImRlbGV0ZSI6MTIwMDAwMDAwMDAwMCwicmVhZCI6OTAwMDAwMDAwMDAwLCJ1cGRhdGUiOjYwMDAwMDAwMDAwMH0sInNjaGVtYV92ZXJzaW9uIjoiMSJ9",
          "dependencies": [
            "aws_key_pair.deployer_west",
            "aws_security_group.web_sg_west",
            "aws_subnet.dr",
            "aws_vpc.dr",
            "data.aws_ami.ubuntu_west",
            "tls_private_key.auto"
          ],
          "create_before_destroy": true
        }
      ]
    },
    {
      "mode": "managed",
      "type": "aws_instance",
      "name": "frontend_east",
      "provider": "provider[\"registry.terraform.io/hashicorp/aws\"].primary",
      "instances": [
        {
          "schema_version": 1,
          "attributes": {
            "ami": "ami-0bbdd8c17ed981ef9",
            "arn": "arn:aws:ec2:us-east-1:904233103130:instance/i-0fb480e11d836d0f6",
            "associate_public_ip_address": true,
            "availability_zone": "us-east-1a",
            "capacity_reservation_specification": [
              {
                "capacity_reservation_preference": "open",
                "capacity_reservation_target": []
              }
            ],
            "cpu_core_count": 1,
            "cpu_options": [
              {
                "amd_sev_snp": "",
                "core_count": 1,
                "threads_per_core": 1
              }
            ],
            "cpu_threads_per_core": 1,
            "credit_specification": [
              {
                "cpu_credits": "standard"
              }
            ],
            "disable_api_stop": false,
            "disable_api_termination": false,
            "ebs_block_device": [],
            "ebs_optimized": false,
            "enable_primary_ipv6": null,
            "enclave_options": [
              {
                "enabled": false
              }
            ],
            "ephemeral_block_device": [],
            "get_password_data": false,
            "hibernation": false,
            "host_id": "",
            "host_resource_group_arn": null,
            "iam_instance_profile": "",
            "id": "i-0fb480e11d836d0f6",
            "instance_initiated_shutdown_behavior": "stop",
            "instance_lifecycle": "",
            "instance_market_options": [],
            "instance_state": "running",
            "instance_type": "t2.micro",
            "ipv6_address_count": 0,
            "ipv6_addresses": [],
            "key_name": "temp-key",
            "launch_template": [],
            "maintenance_options": [
              {
                "auto_recovery": "default"
              }
            ],
            "metadata_options": [
              {
                "http_endpoint": "enabled",
                "http_protocol_ipv6": "disabled",
                "http_put_response_hop_limit": 1,
                "http_tokens": "optional",
                "instance_metadata_tags": "disabled"
              }
            ],
            "monitoring": false,
            "network_interface": [],
            "outpost_arn": "",
            "password_data": "",
            "placement_group": "",
            "placement_partition_number": 0,
            "primary_network_interface_id": "eni-0851bc7d1be577263",
            "private_dns": "ip-172-20-1-245.ec2.internal",
            "private_dns_name_options": [
              {
                "enable_resource_name_dns_a_record": false,
                "enable_resource_name_dns_aaaa_record": false,
                "hostname_type": "ip-name"
              }
            ],
            "private_ip": "172.20.1.245",
            "public_dns": "ec2-3-237-87-122.compute-1.amazonaws.com",
            "public_ip": "3.237.87.122",
            "root_block_device": [
              {
                "delete_on_termination": true,
                "device_name": "/dev/sda1",
                "encrypted": false,
                "iops": 100,
                "kms_key_id": "",
                "tags": {},
                "tags_all": {},
                "throughput": 0,
                "volume_id": "vol-0d941ef6ec581a23c",
                "volume_size": 8,
                "volume_type": "gp2"
              }
            ],
            "secondary_private_ips": [],
            "security_groups": [],
            "source_dest_check": true,
            "spot_instance_request_id": "",
            "subnet_id": "subnet-0b3a9a0eb49e8bfe4",
            "tags": {
              "Name": "temp-frontend-east"
            },
            "tags_all": {
              "Name": "temp-frontend-east"
            },
            "tenancy": "default",
            "timeouts": null,
            "user_data": "ceb7c55adbb6de1b4eb1464c88f63c18795182d8",
            "user_data_base64": null,
            "user_data_replace_on_change": false,
            "volume_tags": null,
            "vpc_security_group_ids": [
              "sg-06d871e244218bcf7"
            ]
          },
          "sensitive_attributes": [],
          "private": "eyJlMmJmYjczMC1lY2FhLTExZTYtOGY4OC0zNDM2M2JjN2M0YzAiOnsiY3JlYXRlIjo2MDAwMDAwMDAwMDAsImRlbGV0ZSI6MTIwMDAwMDAwMDAwMCwicmVhZCI6OTAwMDAwMDAwMDAwLCJ1cGRhdGUiOjYwMDAwMDAwMDAwMH0sInNjaGVtYV92ZXJzaW9uIjoiMSJ9",
          "dependencies": [
            "aws_key_pair.deployer_east",
            "aws_security_group.web_sg_east",
            "aws_subnet.prod",
            "aws_vpc.prod",
            "data.aws_ami.ubuntu_east",
            "tls_private_key.auto"
          ]
        }
      ]
    },
    {
      "mode": "managed",
      "type": "aws_instance",
      "name": "frontend_west",
      "provider": "provider[\"registry.terraform.io/hashicorp/aws\"].secondary",
      "instances": [
        {
          "schema_version": 1,
          "attributes": {
            "ami": "ami-0ddac4b9aed8d5d46",
            "arn": "arn:aws:ec2:us-west-1:904233103130:instance/i-0c83125ae2564ff9b",
            "associate_public_ip_address": true,
            "availability_zone": "us-west-1b",
            "capacity_reservation_specification": [
              {
                "capacity_reservation_preference": "open",
                "capacity_reservation_target": []
              }
            ],
            "cpu_core_count": 1,
            "cpu_options": [
              {
                "amd_sev_snp": "",
                "core_count": 1,
                "threads_per_core": 1
              }
            ],
            "cpu_threads_per_core": 1,
            "credit_specification": [
              {
                "cpu_credits": "standard"
              }
            ],
            "disable_api_stop": false,
            "disable_api_termination": false,
            "ebs_block_device": [],
            "ebs_optimized": false,
            "enable_primary_ipv6": null,
            "enclave_options": [
              {
                "enabled": false
              }
            ],
            "ephemeral_block_device": [],
            "get_password_data": false,
            "hibernation": false,
            "host_id": "",
            "host_resource_group_arn": null,
            "iam_instance_profile": "",
            "id": "i-0c83125ae2564ff9b",
            "instance_initiated_shutdown_behavior": "stop",
            "instance_lifecycle": "",
            "instance_market_options": [],
            "instance_state": "running",
            "instance_type": "t2.micro",
            "ipv6_address_count": 0,
            "ipv6_addresses": [],
            "key_name": "temp-key",
            "launch_template": [],
            "maintenance_options": [
              {
                "auto_recovery": "default"
              }
            ],
            "metadata_options": [
              {
                "http_endpoint": "enabled",
                "http_protocol_ipv6": "disabled",
                "http_put_response_hop_limit": 1,
                "http_tokens": "optional",
                "instance_metadata_tags": "disabled"
              }
            ],
            "monitoring": false,
            "network_interface": [],
            "outpost_arn": "",
            "password_data": "",
            "placement_group": "",
            "placement_partition_number": 0,
            "primary_network_interface_id": "eni-0000e5eff91785c5f",
            "private_dns": "ip-172-20-1-70.us-west-1.compute.internal",
            "private_dns_name_options": [
              {
                "enable_resource_name_dns_a_record": false,
                "enable_resource_name_dns_aaaa_record": false,
                "hostname_type": "ip-name"
              }
            ],
            "private_ip": "172.20.1.70",
            "public_dns": "ec2-52-53-249-250.us-west-1.compute.amazonaws.com",
            "public_ip": "52.53.249.250",
            "root_block_device": [
              {
                "delete_on_termination": true,
                "device_name": "/dev/sda1",
                "encrypted": false,
                "iops": 100,
                "kms_key_id": "",
                "tags": {},
                "tags_all": {},
                "throughput": 0,
                "volume_id": "vol-09305edcccb3c1e50",
                "volume_size": 8,
                "volume_type": "gp2"
              }
            ],
            "secondary_private_ips": [],
            "security_groups": [],
            "source_dest_check": true,
            "spot_instance_request_id": "",
            "subnet_id": "subnet-01807a63260a7e080",
            "tags": {
              "Name": "temp-frontend-west"
            },
            "tags_all": {
              "Name": "temp-frontend-west"
            },
            "tenancy": "default",
            "timeouts": null,
            "user_data": "ceb7c55adbb6de1b4eb1464c88f63c18795182d8",
            "user_data_base64": null,
            "user_data_replace_on_change": false,
            "volume_tags": null,
            "vpc_security_group_ids": [
              "sg-07d8a224c2279303a"
            ]
          },
          "sensitive_attributes": [],
          "private": "eyJlMmJmYjczMC1lY2FhLTExZTYtOGY4OC0zNDM2M2JjN2M0YzAiOnsiY3JlYXRlIjo2MDAwMDAwMDAwMDAsImRlbGV0ZSI6MTIwMDAwMDAwMDAwMCwicmVhZCI6OTAwMDAwMDAwMDAwLCJ1cGRhdGUiOjYwMDAwMDAwMDAwMH0sInNjaGVtYV92ZXJzaW9uIjoiMSJ9",
          "dependencies": [
            "aws_key_pair.deployer_west",
            "aws_security_group.web_sg_west",
            "aws_subnet.dr",
            "aws_vpc.dr",
            "data.aws_ami.ubuntu_west",
            "tls_private_key.auto"
          ],
          "create_before_destroy": true
        }
      ]
    },
    {
      "mode": "managed",
      "type": "aws_internet_gateway",
      "name": "dr_igw",
      "provider": "provider[\"registry.terraform.io/hashicorp/aws\"].secondary",
      "instances": [
        {
          "schema_version": 0,
          "attributes": {
            "arn": "arn:aws:ec2:us-west-1:904233103130:internet-gateway/igw-0f213c0817b14d86e",
            "id": "igw-0f213c0817b14d86e",
            "owner_id": "904233103130",
            "tags": {
              "Name": "igw-dr"
            },
            "tags_all": {
              "Name": "igw-dr"
            },
            "timeouts": null,
            "vpc_id": "vpc-0ad5747f076c6d4b6"
          },
          "sensitive_attributes": [],
          "private": "eyJlMmJmYjczMC1lY2FhLTExZTYtOGY4OC0zNDM2M2JjN2M0YzAiOnsiY3JlYXRlIjoxMjAwMDAwMDAwMDAwLCJkZWxldGUiOjEyMDAwMDAwMDAwMDAsInVwZGF0ZSI6MTIwMDAwMDAwMDAwMH19",
          "dependencies": [
            "aws_vpc.dr"
          ]
        }
      ]
    },
    {
      "mode": "managed",
      "type": "aws_internet_gateway",
      "name": "prod_igw",
      "provider": "provider[\"registry.terraform.io/hashicorp/aws\"].primary",
      "instances": [
        {
          "schema_version": 0,
          "attributes": {
            "arn": "arn:aws:ec2:us-east-1:904233103130:internet-gateway/igw-037781043fa67586a",
            "id": "igw-037781043fa67586a",
            "owner_id": "904233103130",
            "tags": {
              "Name": "igw-prod"
            },
            "tags_all": {
              "Name": "igw-prod"
            },
            "timeouts": null,
            "vpc_id": "vpc-0f9fae74b63271bb5"
          },
          "sensitive_attributes": [],
          "private": "eyJlMmJmYjczMC1lY2FhLTExZTYtOGY4OC0zNDM2M2JjN2M0YzAiOnsiY3JlYXRlIjoxMjAwMDAwMDAwMDAwLCJkZWxldGUiOjEyMDAwMDAwMDAwMDAsInVwZGF0ZSI6MTIwMDAwMDAwMDAwMH19",
          "dependencies": [
            "aws_vpc.prod"
          ]
        }
      ]
    },
    {
      "mode": "managed",
      "type": "aws_key_pair",
      "name": "deployer_east",
      "provider": "provider[\"registry.terraform.io/hashicorp/aws\"].primary",
      "instances": [
        {
          "schema_version": 1,
          "attributes": {
            "arn": "arn:aws:ec2:us-east-1:904233103130:key-pair/temp-key",
            "fingerprint": "18:f2:ce:e9:10:83:ed:fb:de:e4:b5:4d:46:ec:1f:56",
            "id": "temp-key",
            "key_name": "temp-key",
            "key_name_prefix": "",
            "key_pair_id": "key-0efb611ccd634cf3c",
            "key_type": "rsa",
            "public_key": "ssh-rsa AAAAB3NzaC1yc2EAAAADAQABAAACAQDruGeYJfIZoRHRLJYSNJ6oDMPCwD2oQ1OrMJxvvH6tWfOoLUaJ09M/x7omHdOs1DxFrROgALWIik9oM5jg+GdleEm9ZubryGEKDK35ue3lTvZ1NOqPs2omVrz5AdnQ+LnxDQuR8WBMXmg0PUj7Q2pB4TpwoEIJU9PL+XShgLNYizcBK1hFfbGZZZ3kZlfEXL1Iv+baf7KB9hWSqh5+XNkLFdM6/cLaLRJnuaK0UQs/bLcCF7BPEevOXeBtnxH8vmXzvOEd1SBgToZ1cknbEq5B+6OLbVnhW9Mp8N7fuxTHDOhecuBud+DOPvtaCrxm2KVIf+xFte3BHetushOsnhViuYzyivDvpw2v7wLgHM2pEGcfpM9KE4/IiQ6lPIgovpa/Xsuz0DvorJT0Bu4Jo/s4RUE8L484DA9vSGaTddV/FWUjD1xII+j2CFp1SRc8a8fCMXI2k4Le6tmgz7FVt9IDIFn+bzDJ3kHzNJKtxE2dReISXRfyqGOz+IdQNo5I4Ul0HyUNxPyMlN4KNEl4yKk33xZ4+FVtt3CUWlxt6+8FPUpZqUuFa+9I8KJwsWnr0nW5rbE49iX7dl9wJo73SVCPO9sEooz/zTDVGS7LYmxXmwEjNseWdb0BcQ6P9kYW7PVhtjf6wkSbuDj0lVH5Hc5nFh8p7G4SnoPQ4geaWDifaw==",
            "tags": {},
            "tags_all": {}
          },
          "sensitive_attributes": [],
          "private": "eyJzY2hlbWFfdmVyc2lvbiI6IjEifQ==",
          "dependencies": [
            "tls_private_key.auto"
          ],
          "create_before_destroy": true
        }
      ]
    },
    {
      "mode": "managed",
      "type": "aws_key_pair",
      "name": "deployer_west",
      "provider": "provider[\"registry.terraform.io/hashicorp/aws\"].secondary",
      "instances": [
        {
          "schema_version": 1,
          "attributes": {
            "arn": "arn:aws:ec2:us-west-1:904233103130:key-pair/temp-key",
            "fingerprint": "18:f2:ce:e9:10:83:ed:fb:de:e4:b5:4d:46:ec:1f:56",
            "id": "temp-key",
            "key_name": "temp-key",
            "key_name_prefix": "",
            "key_pair_id": "key-0487b7de63f2b6e0c",
            "key_type": "rsa",
            "public_key": "ssh-rsa AAAAB3NzaC1yc2EAAAADAQABAAACAQDruGeYJfIZoRHRLJYSNJ6oDMPCwD2oQ1OrMJxvvH6tWfOoLUaJ09M/x7omHdOs1DxFrROgALWIik9oM5jg+GdleEm9ZubryGEKDK35ue3lTvZ1NOqPs2omVrz5AdnQ+LnxDQuR8WBMXmg0PUj7Q2pB4TpwoEIJU9PL+XShgLNYizcBK1hFfbGZZZ3kZlfEXL1Iv+baf7KB9hWSqh5+XNkLFdM6/cLaLRJnuaK0UQs/bLcCF7BPEevOXeBtnxH8vmXzvOEd1SBgToZ1cknbEq5B+6OLbVnhW9Mp8N7fuxTHDOhecuBud+DOPvtaCrxm2KVIf+xFte3BHetushOsnhViuYzyivDvpw2v7wLgHM2pEGcfpM9KE4/IiQ6lPIgovpa/Xsuz0DvorJT0Bu4Jo/s4RUE8L484DA9vSGaTddV/FWUjD1xII+j2CFp1SRc8a8fCMXI2k4Le6tmgz7FVt9IDIFn+bzDJ3kHzNJKtxE2dReISXRfyqGOz+IdQNo5I4Ul0HyUNxPyMlN4KNEl4yKk33xZ4+FVtt3CUWlxt6+8FPUpZqUuFa+9I8KJwsWnr0nW5rbE49iX7dl9wJo73SVCPO9sEooz/zTDVGS7LYmxXmwEjNseWdb0BcQ6P9kYW7PVhtjf6wkSbuDj0lVH5Hc5nFh8p7G4SnoPQ4geaWDifaw==",
            "tags": {},
            "tags_all": {}
          },
          "sensitive_attributes": [],
          "private": "eyJzY2hlbWFfdmVyc2lvbiI6IjEifQ==",
          "dependencies": [
            "tls_private_key.auto"
          ],
          "create_before_destroy": true
        }
      ]
    },
    {
      "mode": "managed",
      "type": "aws_key_pair",
      "name": "ec2_key",
      "provider": "provider[\"registry.terraform.io/hashicorp/aws\"].primary",
      "instances": [
        {
          "schema_version": 1,
          "attributes": {
            "arn": "arn:aws:ec2:us-east-1:904233103130:key-pair/multi-region-key",
            "fingerprint": "97:5c:4f:8b:11:d7:ec:36:f3:a6:bd:ba:8d:e7:e2:36",
            "id": "multi-region-key",
            "key_name": "multi-region-key",
            "key_name_prefix": "",
            "key_pair_id": "key-03b0726a551ae27ea",
            "key_type": "rsa",
            "public_key": "ssh-rsa AAAAB3NzaC1yc2EAAAADAQABAAACAQCbUkHNA1acl7JmFtyLrk3WJKrdr1wFyGOSSYqzMuTwrbW8z5zf02hQMf6ck2WsTpcl9iqi+1o4KW6zHjdJvrYySmlHrbwl4jFxF+PZDT3aGwr7L1MxTZcaF6gmJpKUwYCfHgNYWXT6fy4vXcWp9oGU7qLEsZkGo1GdHyocO5V/qm9v3tqk8MixaPYZGJDpdwCiADD9kY0ea94bhOGMO0obpTCjdnV0TUbydPjhqXzL7393k/6uMmTmTnFDDiHdOcB0a/LJ6vr4g+YEyikfhlNx4BadcaR16al1zhG34ld9pFGQpe7WLi84Mk6Y0BorS5vwpDUR36VzBUAhgJbKhSbfk3l9+wzMBtkKpapnNM3+BDk/Mbz/y0aFeaXdgK6tFEB/8KNSL0kLretZQdcNMgUYcJJVL1/E14bhf13KUNgepnrx7ajEvnvrXibB7ARNvO6ISBK6LtEGhPO/Z6zSm0dyGuB+OxvjJhCgxD1NfjTlx0dkgBjHVtE7b6q+s56ZFq+uZlX87+nxew2Cg+01QZqi2wdzAjALkX7jxL3VntZKl0j/0uXB8FkH/qAXJrbDRsDDcw7IIJIoJTo/NAg4D0evCqUX3EJzXNxmdzhSq21Ok46a1bpR2DVv0/nmGSKItpDQPCfYasibDG0EttBJ0VsUu79Z5T30uU3j+EdPMdFmmw==",
            "tags": {},
            "tags_all": {}
          },
          "sensitive_attributes": [],
          "private": "eyJzY2hlbWFfdmVyc2lvbiI6IjEifQ==",
          "dependencies": [
            "tls_private_key.ec2_key"
          ]
        }
      ]
    },
    {
      "mode": "managed",
      "type": "aws_key_pair",
      "name": "generated_key",
      "provider": "provider[\"registry.terraform.io/hashicorp/aws\"]",
      "instances": [
        {
          "schema_version": 1,
          "attributes": {
            "arn": "arn:aws:ec2:eu-west-1:904233103130:key-pair/terraform-key",
            "fingerprint": "97:5c:4f:8b:11:d7:ec:36:f3:a6:bd:ba:8d:e7:e2:36",
            "id": "terraform-key",
            "key_name": "terraform-key",
            "key_name_prefix": "",
            "key_pair_id": "key-08c149de508b70123",
            "key_type": "rsa",
            "public_key": "ssh-rsa AAAAB3NzaC1yc2EAAAADAQABAAACAQCbUkHNA1acl7JmFtyLrk3WJKrdr1wFyGOSSYqzMuTwrbW8z5zf02hQMf6ck2WsTpcl9iqi+1o4KW6zHjdJvrYySmlHrbwl4jFxF+PZDT3aGwr7L1MxTZcaF6gmJpKUwYCfHgNYWXT6fy4vXcWp9oGU7qLEsZkGo1GdHyocO5V/qm9v3tqk8MixaPYZGJDpdwCiADD9kY0ea94bhOGMO0obpTCjdnV0TUbydPjhqXzL7393k/6uMmTmTnFDDiHdOcB0a/LJ6vr4g+YEyikfhlNx4BadcaR16al1zhG34ld9pFGQpe7WLi84Mk6Y0BorS5vwpDUR36VzBUAhgJbKhSbfk3l9+wzMBtkKpapnNM3+BDk/Mbz/y0aFeaXdgK6tFEB/8KNSL0kLretZQdcNMgUYcJJVL1/E14bhf13KUNgepnrx7ajEvnvrXibB7ARNvO6ISBK6LtEGhPO/Z6zSm0dyGuB+OxvjJhCgxD1NfjTlx0dkgBjHVtE7b6q+s56ZFq+uZlX87+nxew2Cg+01QZqi2wdzAjALkX7jxL3VntZKl0j/0uXB8FkH/qAXJrbDRsDDcw7IIJIoJTo/NAg4D0evCqUX3EJzXNxmdzhSq21Ok46a1bpR2DVv0/nmGSKItpDQPCfYasibDG0EttBJ0VsUu79Z5T30uU3j+EdPMdFmmw==",
            "tags": {},
            "tags_all": {}
          },
          "sensitive_attributes": [],
          "private": "eyJzY2hlbWFfdmVyc2lvbiI6IjEifQ==",
          "dependencies": [
            "tls_private_key.ec2_key"
          ]
        }
      ]
    },
    {
      "mode": "managed",
      "type": "aws_launch_template",
      "name": "backend_lt_east",
      "provider": "provider[\"registry.terraform.io/hashicorp/aws\"].primary",
      "instances": [
        {
          "schema_version": 0,
          "attributes": {
            "arn": "arn:aws:ec2:us-east-1:904233103130:launch-template/lt-0e6dcf5fad56818be",
            "block_device_mappings": [],
            "capacity_reservation_specification": [],
            "cpu_options": [],
            "credit_specification": [],
            "default_version": 1,
            "description": "",
            "disable_api_stop": false,
            "disable_api_termination": false,
            "ebs_optimized": "",
            "elastic_gpu_specifications": [],
            "elastic_inference_accelerator": [],
            "enclave_options": [],
            "hibernation_options": [],
            "iam_instance_profile": [],
            "id": "lt-0e6dcf5fad56818be",
            "image_id": "ami-076025864703de1ad",
            "instance_initiated_shutdown_behavior": "",
            "instance_market_options": [],
            "instance_requirements": [],
            "instance_type": "t2.micro",
            "kernel_id": "",
            "key_name": "temp-key",
            "latest_version": 2,
            "license_specification": [],
            "maintenance_options": [],
            "metadata_options": [],
            "monitoring": [],
            "name": "lt-backend-east-2025082607374088900000000b",
            "name_prefix": "lt-backend-east-",
            "network_interfaces": [],
            "placement": [],
            "private_dns_name_options": [],
            "ram_disk_id": "",
            "security_group_names": [],
            "tag_specifications": [],
            "tags": {},
            "tags_all": {},
            "update_default_version": null,
            "user_data": "IyEvYmluL2Jhc2gNCnN1ZG8gYXB0IHVwZGF0ZSAteQ0Kc2xlZXAgMTUwDQpzdWRvIHBtMiBzdGFydHVwDQpzdWRvIGVudiBQQVRIPSRQQVRIOi91c3IvYmluIC91c3IvbG9jYWwvc2hhcmUvLmNvbmZpZy95YXJuL2dsb2JhbC9ub2RlX21vZHVsZXMvcG0yL2Jpbi9wbTIgc3RhcnR1cCBzeXN0ZW1kIC11IHVidW50dSAtLWhwIC9ob21lL3VidW50dQ0Kc3VkbyBzeXN0ZW1jdGwgc3RhcnQgcG0yLXJvb3QNCnN1ZG8gc3lzdGVtY3RsIGVuYWJsZSBwbTItcm9vdA0K",
            "vpc_security_group_ids": [
              "sg-09c54df66ba3ec1ab"
            ]
          },
          "sensitive_attributes": [],
          "private": "bnVsbA==",
          "dependencies": [
            "aws_ami_from_instance.backend_ami_east",
            "aws_instance.backend_east",
            "aws_key_pair.deployer_east",
            "aws_security_group.backend_alb",
            "aws_security_group.backend_ec2",
            "aws_security_group.bastion",
            "aws_security_group.web_sg_east",
            "aws_subnet.prod",
            "aws_vpc.prod",
            "data.aws_ami.ubuntu_east",
            "tls_private_key.auto"
          ],
          "create_before_destroy": true
        }
      ]
    },
    {
      "mode": "managed",
      "type": "aws_launch_template",
      "name": "backend_lt_west",
      "provider": "provider[\"registry.terraform.io/hashicorp/aws\"].secondary",
      "instances": [
        {
          "schema_version": 0,
          "attributes": {
            "arn": "arn:aws:ec2:us-west-1:904233103130:launch-template/lt-0ff44344648a0497a",
            "block_device_mappings": [],
            "capacity_reservation_specification": [],
            "cpu_options": [],
            "credit_specification": [],
            "default_version": 1,
            "description": "",
            "disable_api_stop": false,
            "disable_api_termination": false,
            "ebs_optimized": "",
            "elastic_gpu_specifications": [],
            "elastic_inference_accelerator": [],
            "enclave_options": [],
            "hibernation_options": [],
            "iam_instance_profile": [],
            "id": "lt-0ff44344648a0497a",
            "image_id": "ami-04261587069ebbc16",
            "instance_initiated_shutdown_behavior": "",
            "instance_market_options": [],
            "instance_requirements": [],
            "instance_type": "t2.micro",
            "kernel_id": "",
            "key_name": "temp-key",
            "latest_version": 2,
            "license_specification": [],
            "maintenance_options": [],
            "metadata_options": [],
            "monitoring": [],
            "name": "lt-backend-west-20250826073725308000000006",
            "name_prefix": "lt-backend-west-",
            "network_interfaces": [],
            "placement": [],
            "private_dns_name_options": [],
            "ram_disk_id": "",
            "security_group_names": [],
            "tag_specifications": [],
            "tags": {},
            "tags_all": {},
            "update_default_version": null,
            "user_data": "IyEvYmluL2Jhc2gNCnN1ZG8gYXB0IHVwZGF0ZSAteQ0Kc2xlZXAgMTUwDQpzdWRvIHBtMiBzdGFydHVwDQpzdWRvIGVudiBQQVRIPSRQQVRIOi91c3IvYmluIC91c3IvbG9jYWwvc2hhcmUvLmNvbmZpZy95YXJuL2dsb2JhbC9ub2RlX21vZHVsZXMvcG0yL2Jpbi9wbTIgc3RhcnR1cCBzeXN0ZW1kIC11IHVidW50dSAtLWhwIC9ob21lL3VidW50dQ0Kc3VkbyBzeXN0ZW1jdGwgc3RhcnQgcG0yLXJvb3QNCnN1ZG8gc3lzdGVtY3RsIGVuYWJsZSBwbTItcm9vdA0K",
            "vpc_security_group_ids": [
              "sg-02990cac4c21b4fe7"
            ]
          },
          "sensitive_attributes": [],
          "private": "bnVsbA==",
          "dependencies": [
            "aws_ami_from_instance.backend_ami_west",
            "aws_instance.backend_west",
            "aws_key_pair.deployer_west",
            "aws_security_group.backend_ec2_dr",
            "aws_security_group.web_sg_west",
            "aws_subnet.dr",
            "aws_vpc.dr",
            "data.aws_ami.ubuntu_west",
            "tls_private_key.auto"
          ],
          "create_before_destroy": true
        }
      ]
    },
    {
      "mode": "managed",
      "type": "aws_launch_template",
      "name": "frontend_lt_east",
      "provider": "provider[\"registry.terraform.io/hashicorp/aws\"].primary",
      "instances": [
        {
          "schema_version": 0,
          "attributes": {
            "arn": "arn:aws:ec2:us-east-1:904233103130:launch-template/lt-05d2f3109ae23b90e",
            "block_device_mappings": [],
            "capacity_reservation_specification": [],
            "cpu_options": [],
            "credit_specification": [],
            "default_version": 1,
            "description": "",
            "disable_api_stop": false,
            "disable_api_termination": false,
            "ebs_optimized": "",
            "elastic_gpu_specifications": [],
            "elastic_inference_accelerator": [],
            "enclave_options": [],
            "hibernation_options": [],
            "iam_instance_profile": [],
            "id": "lt-05d2f3109ae23b90e",
            "image_id": "ami-0e95a5e2743ec9ec9",
            "instance_initiated_shutdown_behavior": "",
            "instance_market_options": [],
            "instance_requirements": [],
            "instance_type": "t3.micro",
            "kernel_id": "",
            "key_name": "temp-key",
            "latest_version": 1,
            "license_specification": [],
            "maintenance_options": [],
            "metadata_options": [],
            "monitoring": [],
            "name": "lt-frontend-east-20250826073512881200000003",
            "name_prefix": "lt-frontend-east-",
            "network_interfaces": [],
            "placement": [],
            "private_dns_name_options": [],
            "ram_disk_id": "",
            "security_group_names": [],
            "tag_specifications": [],
            "tags": {},
            "tags_all": {},
            "update_default_version": null,
            "user_data": "",
            "vpc_security_group_ids": [
              "sg-06d871e244218bcf7"
            ]
          },
          "sensitive_attributes": [],
          "private": "bnVsbA==",
          "dependencies": [
            "aws_key_pair.deployer_east",
            "aws_security_group.web_sg_east",
            "aws_vpc.prod",
            "data.aws_ami.al2_east",
            "tls_private_key.auto"
          ]
        }
      ]
    },
    {
      "mode": "managed",
      "type": "aws_launch_template",
      "name": "frontend_lt_west",
      "provider": "provider[\"registry.terraform.io/hashicorp/aws\"].secondary",
      "instances": [
        {
          "schema_version": 0,
          "attributes": {
            "arn": "arn:aws:ec2:us-west-1:904233103130:launch-template/lt-0f804fda5e57569d9",
            "block_device_mappings": [],
            "capacity_reservation_specification": [],
            "cpu_options": [],
            "credit_specification": [],
            "default_version": 1,
            "description": "",
            "disable_api_stop": false,
            "disable_api_termination": false,
            "ebs_optimized": "",
            "elastic_gpu_specifications": [],
            "elastic_inference_accelerator": [],
            "enclave_options": [],
            "hibernation_options": [],
            "iam_instance_profile": [],
            "id": "lt-0f804fda5e57569d9",
            "image_id": "ami-008d5fb41ab4034b6",
            "instance_initiated_shutdown_behavior": "",
            "instance_market_options": [],
            "instance_requirements": [],
            "instance_type": "t2.micro",
            "kernel_id": "",
            "key_name": "temp-key",
            "latest_version": 2,
            "license_specification": [],
            "maintenance_options": [],
            "metadata_options": [],
            "monitoring": [],
            "name": "lt-frontend-west-20250826073725477300000008",
            "name_prefix": "lt-frontend-west-",
            "network_interfaces": [],
            "placement": [],
            "private_dns_name_options": [],
            "ram_disk_id": "",
            "security_group_names": [],
            "tag_specifications": [],
            "tags": {},
            "tags_all": {},
            "update_default_version": null,
            "user_data": "IyEvYmluL2Jhc2gNCnN1ZG8gYXB0IHVwZGF0ZSAteQ0Kc2xlZXAgOTANCnN1ZG8gc3lzdGVtY3RsIHN0YXJ0IGFwYWNoZTIuc2VydmljZQ0K",
            "vpc_security_group_ids": [
              "sg-09af5c7874a6ffec2"
            ]
          },
          "sensitive_attributes": [],
          "private": "bnVsbA==",
          "dependencies": [
            "aws_ami_from_instance.frontend_ami_west",
            "aws_instance.frontend_west",
            "aws_key_pair.deployer_west",
            "aws_security_group.frontend_ec2_dr",
            "aws_security_group.web_sg_west",
            "aws_subnet.dr",
            "aws_vpc.dr",
            "data.aws_ami.ubuntu_west",
            "tls_private_key.auto"
          ],
          "create_before_destroy": true
        }
      ]
    },
    {
      "mode": "managed",
      "type": "aws_lb",
      "name": "backend_alb",
      "provider": "provider[\"registry.terraform.io/hashicorp/aws\"].primary",
      "instances": [
        {
          "schema_version": 0,
          "attributes": {
            "access_logs": [
              {
                "bucket": "",
                "enabled": false,
                "prefix": ""
              }
            ],
            "arn": "arn:aws:elasticloadbalancing:us-east-1:904233103130:loadbalancer/app/ALB-backend/22bf2853bd0d2bc4",
            "arn_suffix": "app/ALB-backend/22bf2853bd0d2bc4",
            "client_keep_alive": 3600,
            "connection_logs": [
              {
                "bucket": "",
                "enabled": false,
                "prefix": ""
              }
            ],
            "customer_owned_ipv4_pool": "",
            "desync_mitigation_mode": "defensive",
            "dns_name": "internal-ALB-backend-832275700.us-east-1.elb.amazonaws.com",
            "dns_record_client_routing_policy": null,
            "drop_invalid_header_fields": false,
            "enable_cross_zone_load_balancing": true,
            "enable_deletion_protection": false,
            "enable_http2": true,
            "enable_tls_version_and_cipher_suite_headers": false,
            "enable_waf_fail_open": false,
            "enable_xff_client_port": false,
            "enable_zonal_shift": false,
            "enforce_security_group_inbound_rules_on_private_link_traffic": "",
            "id": "arn:aws:elasticloadbalancing:us-east-1:904233103130:loadbalancer/app/ALB-backend/22bf2853bd0d2bc4",
            "idle_timeout": 60,
            "internal": true,
            "ip_address_type": "ipv4",
            "ipam_pools": [],
            "load_balancer_type": "application",
            "minimum_load_balancer_capacity": [],
            "name": "ALB-backend",
            "name_prefix": "",
            "preserve_host_header": false,
            "security_groups": [
              "sg-0d597957c714cf900"
            ],
            "subnet_mapping": [
              {
                "allocation_id": "",
                "ipv6_address": "",
                "outpost_id": "",
                "private_ipv4_address": "",
                "subnet_id": "subnet-033f4516e7699bdea"
              },
              {
                "allocation_id": "",
                "ipv6_address": "",
                "outpost_id": "",
                "private_ipv4_address": "",
                "subnet_id": "subnet-0b3a9a0eb49e8bfe4"
              }
            ],
            "subnets": [
              "subnet-033f4516e7699bdea",
              "subnet-0b3a9a0eb49e8bfe4"
            ],
            "tags": {
              "Name": "backend-alb"
            },
            "tags_all": {
              "Name": "backend-alb"
            },
            "timeouts": null,
            "vpc_id": "vpc-0f9fae74b63271bb5",
            "xff_header_processing_mode": "append",
            "zone_id": "Z35SXDOTRQ7X7K"
          },
          "sensitive_attributes": [],
          "private": "eyJlMmJmYjczMC1lY2FhLTExZTYtOGY4OC0zNDM2M2JjN2M0YzAiOnsiY3JlYXRlIjo2MDAwMDAwMDAwMDAsImRlbGV0ZSI6NjAwMDAwMDAwMDAwLCJ1cGRhdGUiOjYwMDAwMDAwMDAwMH19",
          "dependencies": [
            "aws_security_group.backend_alb",
            "aws_subnet.prod",
            "aws_vpc.prod",
            "data.aws_subnets.private"
          ]
        }
      ]
    },
    {
      "mode": "managed",
      "type": "aws_lb",
      "name": "frontend_alb",
      "provider": "provider[\"registry.terraform.io/hashicorp/aws\"].primary",
      "instances": [
        {
          "schema_version": 0,
          "attributes": {
            "access_logs": [
              {
                "bucket": "",
                "enabled": false,
                "prefix": ""
              }
            ],
            "arn": "arn:aws:elasticloadbalancing:us-east-1:904233103130:loadbalancer/app/ALB-frontend/ac000f2d1c1ee4ea",
            "arn_suffix": "app/ALB-frontend/ac000f2d1c1ee4ea",
            "client_keep_alive": 3600,
            "connection_logs": [
              {
                "bucket": "",
                "enabled": false,
                "prefix": ""
              }
            ],
            "customer_owned_ipv4_pool": "",
            "desync_mitigation_mode": "defensive",
            "dns_name": "ALB-frontend-1744524036.us-east-1.elb.amazonaws.com",
            "dns_record_client_routing_policy": null,
            "drop_invalid_header_fields": false,
            "enable_cross_zone_load_balancing": true,
            "enable_deletion_protection": false,
            "enable_http2": true,
            "enable_tls_version_and_cipher_suite_headers": false,
            "enable_waf_fail_open": false,
            "enable_xff_client_port": false,
            "enable_zonal_shift": false,
            "enforce_security_group_inbound_rules_on_private_link_traffic": "",
            "id": "arn:aws:elasticloadbalancing:us-east-1:904233103130:loadbalancer/app/ALB-frontend/ac000f2d1c1ee4ea",
            "idle_timeout": 60,
            "internal": false,
            "ip_address_type": "ipv4",
            "ipam_pools": [],
            "load_balancer_type": "application",
            "minimum_load_balancer_capacity": [],
            "name": "ALB-frontend",
            "name_prefix": "",
            "preserve_host_header": false,
            "security_groups": [
              "sg-0e3cdc91f31468280"
            ],
            "subnet_mapping": [
              {
                "allocation_id": "",
                "ipv6_address": "",
                "outpost_id": "",
                "private_ipv4_address": "",
                "subnet_id": "subnet-033f4516e7699bdea"
              },
              {
                "allocation_id": "",
                "ipv6_address": "",
                "outpost_id": "",
                "private_ipv4_address": "",
                "subnet_id": "subnet-0b3a9a0eb49e8bfe4"
              }
            ],
            "subnets": [
              "subnet-033f4516e7699bdea",
              "subnet-0b3a9a0eb49e8bfe4"
            ],
            "tags": {
              "Name": "frontend-alb"
            },
            "tags_all": {
              "Name": "frontend-alb"
            },
            "timeouts": null,
            "vpc_id": "vpc-0f9fae74b63271bb5",
            "xff_header_processing_mode": "append",
            "zone_id": "Z35SXDOTRQ7X7K"
          },
          "sensitive_attributes": [],
          "private": "eyJlMmJmYjczMC1lY2FhLTExZTYtOGY4OC0zNDM2M2JjN2M0YzAiOnsiY3JlYXRlIjo2MDAwMDAwMDAwMDAsImRlbGV0ZSI6NjAwMDAwMDAwMDAwLCJ1cGRhdGUiOjYwMDAwMDAwMDAwMH19",
          "dependencies": [
            "aws_security_group.alb_frontend_sg",
            "aws_subnet.prod",
            "aws_vpc.prod"
          ]
        }
      ]
    },
    {
      "mode": "managed",
      "type": "aws_lb_listener",
      "name": "backend_http_listener",
      "provider": "provider[\"registry.terraform.io/hashicorp/aws\"].primary",
      "instances": [
        {
          "schema_version": 0,
          "attributes": {
            "alpn_policy": null,
            "arn": "arn:aws:elasticloadbalancing:us-east-1:904233103130:listener/app/ALB-backend/22bf2853bd0d2bc4/75820d9d3186e405",
            "certificate_arn": null,
            "default_action": [
              {
                "authenticate_cognito": [],
                "authenticate_oidc": [],
                "fixed_response": [],
                "forward": [],
                "order": 1,
                "redirect": [],
                "target_group_arn": "arn:aws:elasticloadbalancing:us-east-1:904233103130:targetgroup/ALB-backend-TG/f540b46944b0bb63",
                "type": "forward"
              }
            ],
            "id": "arn:aws:elasticloadbalancing:us-east-1:904233103130:listener/app/ALB-backend/22bf2853bd0d2bc4/75820d9d3186e405",
            "load_balancer_arn": "arn:aws:elasticloadbalancing:us-east-1:904233103130:loadbalancer/app/ALB-backend/22bf2853bd0d2bc4",
            "mutual_authentication": [],
            "port": 80,
            "protocol": "HTTP",
            "routing_http_request_x_amzn_mtls_clientcert_header_name": null,
            "routing_http_request_x_amzn_mtls_clientcert_issuer_header_name": null,
            "routing_http_request_x_amzn_mtls_clientcert_leaf_header_name": null,
            "routing_http_request_x_amzn_mtls_clientcert_serial_number_header_name": null,
            "routing_http_request_x_amzn_mtls_clientcert_subject_header_name": null,
            "routing_http_request_x_amzn_mtls_clientcert_validity_header_name": null,
            "routing_http_request_x_amzn_tls_cipher_suite_header_name": null,
            "routing_http_request_x_amzn_tls_version_header_name": null,
            "routing_http_response_access_control_allow_credentials_header_value": "",
            "routing_http_response_access_control_allow_headers_header_value": "",
            "routing_http_response_access_control_allow_methods_header_value": "",
            "routing_http_response_access_control_allow_origin_header_value": "",
            "routing_http_response_access_control_expose_headers_header_value": "",
            "routing_http_response_access_control_max_age_header_value": "",
            "routing_http_response_content_security_policy_header_value": "",
            "routing_http_response_server_enabled": true,
            "routing_http_response_strict_transport_security_header_value": "",
            "routing_http_response_x_content_type_options_header_value": "",
            "routing_http_response_x_frame_options_header_value": "",
            "ssl_policy": "",
            "tags": {},
            "tags_all": {},
            "tcp_idle_timeout_seconds": null,
            "timeouts": null
          },
          "sensitive_attributes": [],
          "private": "eyJlMmJmYjczMC1lY2FhLTExZTYtOGY4OC0zNDM2M2JjN2M0YzAiOnsiY3JlYXRlIjozMDAwMDAwMDAwMDAsInVwZGF0ZSI6MzAwMDAwMDAwMDAwfX0=",
          "dependencies": [
            "aws_lb.backend_alb",
            "aws_lb_target_group.backend_tg",
            "aws_security_group.backend_alb",
            "aws_subnet.prod",
            "aws_vpc.prod",
            "data.aws_subnets.private"
          ]
        }
      ]
    },
    {
      "mode": "managed",
      "type": "aws_lb_listener",
      "name": "frontend_https_listener",
      "provider": "provider[\"registry.terraform.io/hashicorp/aws\"].primary",
      "instances": [
        {
          "schema_version": 0,
          "attributes": {
            "alpn_policy": null,
            "arn": "arn:aws:elasticloadbalancing:us-east-1:904233103130:listener/app/ALB-frontend/ac000f2d1c1ee4ea/a2c51e0bc4365039",
            "certificate_arn": "arn:aws:acm:us-east-1:904233103130:certificate/42d03fc5-40aa-400d-b552-1162b583992a",
            "default_action": [
              {
                "authenticate_cognito": [],
                "authenticate_oidc": [],
                "fixed_response": [],
                "forward": [],
                "order": 1,
                "redirect": [],
                "target_group_arn": "arn:aws:elasticloadbalancing:us-east-1:904233103130:targetgroup/ALB-frontend-TG/577e83ff2f8e8ae6",
                "type": "forward"
              }
            ],
            "id": "arn:aws:elasticloadbalancing:us-east-1:904233103130:listener/app/ALB-frontend/ac000f2d1c1ee4ea/a2c51e0bc4365039",
            "load_balancer_arn": "arn:aws:elasticloadbalancing:us-east-1:904233103130:loadbalancer/app/ALB-frontend/ac000f2d1c1ee4ea",
            "mutual_authentication": [
              {
                "advertise_trust_store_ca_names": "",
                "ignore_client_certificate_expiry": false,
                "mode": "off",
                "trust_store_arn": ""
              }
            ],
            "port": 443,
            "protocol": "HTTPS",
            "routing_http_request_x_amzn_mtls_clientcert_header_name": "",
            "routing_http_request_x_amzn_mtls_clientcert_issuer_header_name": "",
            "routing_http_request_x_amzn_mtls_clientcert_leaf_header_name": "",
            "routing_http_request_x_amzn_mtls_clientcert_serial_number_header_name": "",
            "routing_http_request_x_amzn_mtls_clientcert_subject_header_name": "",
            "routing_http_request_x_amzn_mtls_clientcert_validity_header_name": "",
            "routing_http_request_x_amzn_tls_cipher_suite_header_name": "",
            "routing_http_request_x_amzn_tls_version_header_name": "",
            "routing_http_response_access_control_allow_credentials_header_value": "",
            "routing_http_response_access_control_allow_headers_header_value": "",
            "routing_http_response_access_control_allow_methods_header_value": "",
            "routing_http_response_access_control_allow_origin_header_value": "",
            "routing_http_response_access_control_expose_headers_header_value": "",
            "routing_http_response_access_control_max_age_header_value": "",
            "routing_http_response_content_security_policy_header_value": "",
            "routing_http_response_server_enabled": true,
            "routing_http_response_strict_transport_security_header_value": "",
            "routing_http_response_x_content_type_options_header_value": "",
            "routing_http_response_x_frame_options_header_value": "",
            "ssl_policy": "ELBSecurityPolicy-TLS13-1-2-2021-06",
            "tags": {},
            "tags_all": {},
            "tcp_idle_timeout_seconds": null,
            "timeouts": null
          },
          "sensitive_attributes": [],
          "private": "eyJlMmJmYjczMC1lY2FhLTExZTYtOGY4OC0zNDM2M2JjN2M0YzAiOnsiY3JlYXRlIjozMDAwMDAwMDAwMDAsInVwZGF0ZSI6MzAwMDAwMDAwMDAwfX0=",
          "dependencies": [
            "aws_acm_certificate.alb_origin_cert",
            "aws_acm_certificate_validation.alb_origin_cert",
            "aws_lb.frontend_alb",
            "aws_lb_target_group.frontend_tg",
            "aws_route53_record.alb_origin_cert_validation",
            "aws_security_group.alb_frontend_sg",
            "aws_subnet.prod",
            "aws_vpc.prod",
            "data.aws_route53_zone.public"
          ]
        }
      ]
    },
    {
      "mode": "managed",
      "type": "aws_lb_listener",
      "name": "frontend_listener",
      "provider": "provider[\"registry.terraform.io/hashicorp/aws\"].primary",
      "instances": [
        {
          "schema_version": 0,
          "attributes": {
            "alpn_policy": null,
            "arn": "arn:aws:elasticloadbalancing:us-east-1:904233103130:listener/app/ALB-frontend/ac000f2d1c1ee4ea/80be2a155fc42ad5",
            "certificate_arn": null,
            "default_action": [
              {
                "authenticate_cognito": [],
                "authenticate_oidc": [],
                "fixed_response": [],
                "forward": [],
                "order": 1,
                "redirect": [],
                "target_group_arn": "arn:aws:elasticloadbalancing:us-east-1:904233103130:targetgroup/ALB-frontend-TG/577e83ff2f8e8ae6",
                "type": "forward"
              }
            ],
            "id": "arn:aws:elasticloadbalancing:us-east-1:904233103130:listener/app/ALB-frontend/ac000f2d1c1ee4ea/80be2a155fc42ad5",
            "load_balancer_arn": "arn:aws:elasticloadbalancing:us-east-1:904233103130:loadbalancer/app/ALB-frontend/ac000f2d1c1ee4ea",
            "mutual_authentication": [],
            "port": 80,
            "protocol": "HTTP",
            "routing_http_request_x_amzn_mtls_clientcert_header_name": null,
            "routing_http_request_x_amzn_mtls_clientcert_issuer_header_name": null,
            "routing_http_request_x_amzn_mtls_clientcert_leaf_header_name": null,
            "routing_http_request_x_amzn_mtls_clientcert_serial_number_header_name": null,
            "routing_http_request_x_amzn_mtls_clientcert_subject_header_name": null,
            "routing_http_request_x_amzn_mtls_clientcert_validity_header_name": null,
            "routing_http_request_x_amzn_tls_cipher_suite_header_name": null,
            "routing_http_request_x_amzn_tls_version_header_name": null,
            "routing_http_response_access_control_allow_credentials_header_value": "",
            "routing_http_response_access_control_allow_headers_header_value": "",
            "routing_http_response_access_control_allow_methods_header_value": "",
            "routing_http_response_access_control_allow_origin_header_value": "",
            "routing_http_response_access_control_expose_headers_header_value": "",
            "routing_http_response_access_control_max_age_header_value": "",
            "routing_http_response_content_security_policy_header_value": "",
            "routing_http_response_server_enabled": true,
            "routing_http_response_strict_transport_security_header_value": "",
            "routing_http_response_x_content_type_options_header_value": "",
            "routing_http_response_x_frame_options_header_value": "",
            "ssl_policy": "",
            "tags": {},
            "tags_all": {},
            "tcp_idle_timeout_seconds": null,
            "timeouts": null
          },
          "sensitive_attributes": [],
          "private": "eyJlMmJmYjczMC1lY2FhLTExZTYtOGY4OC0zNDM2M2JjN2M0YzAiOnsiY3JlYXRlIjozMDAwMDAwMDAwMDAsInVwZGF0ZSI6MzAwMDAwMDAwMDAwfX0=",
          "dependencies": [
            "aws_lb.frontend_alb",
            "aws_lb_target_group.frontend_tg",
            "aws_security_group.alb_frontend_sg",
            "aws_subnet.prod",
            "aws_vpc.prod"
          ]
        }
      ]
    },
    {
      "mode": "managed",
      "type": "aws_lb_target_group",
      "name": "backend_tg",
      "provider": "provider[\"registry.terraform.io/hashicorp/aws\"].primary",
      "instances": [
        {
          "schema_version": 0,
          "attributes": {
            "arn": "arn:aws:elasticloadbalancing:us-east-1:904233103130:targetgroup/ALB-backend-TG/f540b46944b0bb63",
            "arn_suffix": "targetgroup/ALB-backend-TG/f540b46944b0bb63",
            "connection_termination": null,
            "deregistration_delay": "300",
            "health_check": [
              {
                "enabled": true,
                "healthy_threshold": 2,
                "interval": 30,
                "matcher": "200-399",
                "path": "/",
                "port": "traffic-port",
                "protocol": "HTTP",
                "timeout": 5,
                "unhealthy_threshold": 2
              }
            ],
            "id": "arn:aws:elasticloadbalancing:us-east-1:904233103130:targetgroup/ALB-backend-TG/f540b46944b0bb63",
            "ip_address_type": "ipv4",
            "lambda_multi_value_headers_enabled": false,
            "load_balancer_arns": [
              "arn:aws:elasticloadbalancing:us-east-1:904233103130:loadbalancer/app/ALB-backend/22bf2853bd0d2bc4"
            ],
            "load_balancing_algorithm_type": "round_robin",
            "load_balancing_anomaly_mitigation": "off",
            "load_balancing_cross_zone_enabled": "use_load_balancer_configuration",
            "name": "ALB-backend-TG",
            "name_prefix": "",
            "port": 80,
            "preserve_client_ip": null,
            "protocol": "HTTP",
            "protocol_version": "HTTP1",
            "proxy_protocol_v2": false,
            "slow_start": 0,
            "stickiness": [
              {
                "cookie_duration": 86400,
                "cookie_name": "",
                "enabled": false,
                "type": "lb_cookie"
              }
            ],
            "tags": {},
            "tags_all": {},
            "target_failover": [
              {
                "on_deregistration": null,
                "on_unhealthy": null
              }
            ],
            "target_group_health": [
              {
                "dns_failover": [
                  {
                    "minimum_healthy_targets_count": "1",
                    "minimum_healthy_targets_percentage": "off"
                  }
                ],
                "unhealthy_state_routing": [
                  {
                    "minimum_healthy_targets_count": 1,
                    "minimum_healthy_targets_percentage": "off"
                  }
                ]
              }
            ],
            "target_health_state": [
              {
                "enable_unhealthy_connection_termination": null,
                "unhealthy_draining_interval": null
              }
            ],
            "target_type": "instance",
            "vpc_id": "vpc-0f9fae74b63271bb5"
          },
          "sensitive_attributes": [],
          "private": "bnVsbA==",
          "dependencies": [
            "aws_vpc.prod"
          ]
        }
      ]
    },
    {
      "mode": "managed",
      "type": "aws_lb_target_group",
      "name": "frontend_tg",
      "provider": "provider[\"registry.terraform.io/hashicorp/aws\"].primary",
      "instances": [
        {
          "schema_version": 0,
          "attributes": {
            "arn": "arn:aws:elasticloadbalancing:us-east-1:904233103130:targetgroup/ALB-frontend-TG/577e83ff2f8e8ae6",
            "arn_suffix": "targetgroup/ALB-frontend-TG/577e83ff2f8e8ae6",
            "connection_termination": null,
            "deregistration_delay": "300",
            "health_check": [
              {
                "enabled": true,
                "healthy_threshold": 2,
                "interval": 30,
                "matcher": "200-399",
                "path": "/",
                "port": "traffic-port",
                "protocol": "HTTP",
                "timeout": 5,
                "unhealthy_threshold": 2
              }
            ],
            "id": "arn:aws:elasticloadbalancing:us-east-1:904233103130:targetgroup/ALB-frontend-TG/577e83ff2f8e8ae6",
            "ip_address_type": "ipv4",
            "lambda_multi_value_headers_enabled": false,
            "load_balancer_arns": [
              "arn:aws:elasticloadbalancing:us-east-1:904233103130:loadbalancer/app/ALB-frontend/ac000f2d1c1ee4ea"
            ],
            "load_balancing_algorithm_type": "round_robin",
            "load_balancing_anomaly_mitigation": "off",
            "load_balancing_cross_zone_enabled": "use_load_balancer_configuration",
            "name": "ALB-frontend-TG",
            "name_prefix": "",
            "port": 80,
            "preserve_client_ip": null,
            "protocol": "HTTP",
            "protocol_version": "HTTP1",
            "proxy_protocol_v2": false,
            "slow_start": 0,
            "stickiness": [
              {
                "cookie_duration": 86400,
                "cookie_name": "",
                "enabled": false,
                "type": "lb_cookie"
              }
            ],
            "tags": {},
            "tags_all": {},
            "target_failover": [
              {
                "on_deregistration": null,
                "on_unhealthy": null
              }
            ],
            "target_group_health": [
              {
                "dns_failover": [
                  {
                    "minimum_healthy_targets_count": "1",
                    "minimum_healthy_targets_percentage": "off"
                  }
                ],
                "unhealthy_state_routing": [
                  {
                    "minimum_healthy_targets_count": 1,
                    "minimum_healthy_targets_percentage": "off"
                  }
                ]
              }
            ],
            "target_health_state": [
              {
                "enable_unhealthy_connection_termination": null,
                "unhealthy_draining_interval": null
              }
            ],
            "target_type": "instance",
            "vpc_id": "vpc-0f9fae74b63271bb5"
          },
          "sensitive_attributes": [],
          "private": "bnVsbA==",
          "dependencies": [
            "aws_vpc.prod"
          ]
        }
      ]
    },
    {
      "mode": "managed",
      "type": "aws_lb_target_group",
      "name": "tg_backend_dr",
      "provider": "provider[\"registry.terraform.io/hashicorp/aws\"].secondary",
      "instances": [
        {
          "schema_version": 0,
          "attributes": {
            "arn": "arn:aws:elasticloadbalancing:us-west-1:904233103130:targetgroup/tg-backend-dr/32e09e86a8d5667a",
            "arn_suffix": "targetgroup/tg-backend-dr/32e09e86a8d5667a",
            "connection_termination": null,
            "deregistration_delay": "300",
            "health_check": [
              {
                "enabled": true,
                "healthy_threshold": 3,
                "interval": 30,
                "matcher": "200",
                "path": "/health",
                "port": "traffic-port",
                "protocol": "HTTP",
                "timeout": 5,
                "unhealthy_threshold": 3
              }
            ],
            "id": "arn:aws:elasticloadbalancing:us-west-1:904233103130:targetgroup/tg-backend-dr/32e09e86a8d5667a",
            "ip_address_type": "ipv4",
            "lambda_multi_value_headers_enabled": false,
            "load_balancer_arns": [],
            "load_balancing_algorithm_type": "round_robin",
            "load_balancing_anomaly_mitigation": "off",
            "load_balancing_cross_zone_enabled": "use_load_balancer_configuration",
            "name": "tg-backend-dr",
            "name_prefix": "",
            "port": 3000,
            "preserve_client_ip": null,
            "protocol": "HTTP",
            "protocol_version": "HTTP1",
            "proxy_protocol_v2": false,
            "slow_start": 0,
            "stickiness": [
              {
                "cookie_duration": 86400,
                "cookie_name": "",
                "enabled": false,
                "type": "lb_cookie"
              }
            ],
            "tags": {},
            "tags_all": {},
            "target_failover": [
              {
                "on_deregistration": null,
                "on_unhealthy": null
              }
            ],
            "target_group_health": [
              {
                "dns_failover": [
                  {
                    "minimum_healthy_targets_count": "1",
                    "minimum_healthy_targets_percentage": "off"
                  }
                ],
                "unhealthy_state_routing": [
                  {
                    "minimum_healthy_targets_count": 1,
                    "minimum_healthy_targets_percentage": "off"
                  }
                ]
              }
            ],
            "target_health_state": [
              {
                "enable_unhealthy_connection_termination": null,
                "unhealthy_draining_interval": null
              }
            ],
            "target_type": "instance",
            "vpc_id": "vpc-0ad5747f076c6d4b6"
          },
          "sensitive_attributes": [],
          "private": "bnVsbA==",
          "dependencies": [
            "aws_vpc.dr"
          ],
          "create_before_destroy": true
        }
      ]
    },
    {
      "mode": "managed",
      "type": "aws_lb_target_group",
      "name": "tg_frontend_dr",
      "provider": "provider[\"registry.terraform.io/hashicorp/aws\"].secondary",
      "instances": [
        {
          "schema_version": 0,
          "attributes": {
            "arn": "arn:aws:elasticloadbalancing:us-west-1:904233103130:targetgroup/tg-frontend-dr/f697cc7e482a5a75",
            "arn_suffix": "targetgroup/tg-frontend-dr/f697cc7e482a5a75",
            "connection_termination": null,
            "deregistration_delay": "300",
            "health_check": [
              {
                "enabled": true,
                "healthy_threshold": 3,
                "interval": 30,
                "matcher": "200",
                "path": "/",
                "port": "traffic-port",
                "protocol": "HTTP",
                "timeout": 5,
                "unhealthy_threshold": 3
              }
            ],
            "id": "arn:aws:elasticloadbalancing:us-west-1:904233103130:targetgroup/tg-frontend-dr/f697cc7e482a5a75",
            "ip_address_type": "ipv4",
            "lambda_multi_value_headers_enabled": false,
            "load_balancer_arns": [],
            "load_balancing_algorithm_type": "round_robin",
            "load_balancing_anomaly_mitigation": "off",
            "load_balancing_cross_zone_enabled": "use_load_balancer_configuration",
            "name": "tg-frontend-dr",
            "name_prefix": "",
            "port": 80,
            "preserve_client_ip": null,
            "protocol": "HTTP",
            "protocol_version": "HTTP1",
            "proxy_protocol_v2": false,
            "slow_start": 0,
            "stickiness": [
              {
                "cookie_duration": 86400,
                "cookie_name": "",
                "enabled": false,
                "type": "lb_cookie"
              }
            ],
            "tags": {},
            "tags_all": {},
            "target_failover": [
              {
                "on_deregistration": null,
                "on_unhealthy": null
              }
            ],
            "target_group_health": [
              {
                "dns_failover": [
                  {
                    "minimum_healthy_targets_count": "1",
                    "minimum_healthy_targets_percentage": "off"
                  }
                ],
                "unhealthy_state_routing": [
                  {
                    "minimum_healthy_targets_count": 1,
                    "minimum_healthy_targets_percentage": "off"
                  }
                ]
              }
            ],
            "target_health_state": [
              {
                "enable_unhealthy_connection_termination": null,
                "unhealthy_draining_interval": null
              }
            ],
            "target_type": "instance",
            "vpc_id": "vpc-0ad5747f076c6d4b6"
          },
          "sensitive_attributes": [],
          "private": "bnVsbA==",
          "dependencies": [
            "aws_vpc.dr"
          ],
          "create_before_destroy": true
        }
      ]
    },
    {
      "mode": "managed",
      "type": "aws_lb_target_group_attachment",
      "name": "backend_attach",
      "provider": "provider[\"registry.terraform.io/hashicorp/aws\"].primary",
      "instances": [
        {
          "schema_version": 0,
          "attributes": {
            "availability_zone": null,
            "id": "arn:aws:elasticloadbalancing:us-east-1:904233103130:targetgroup/ALB-backend-TG/f540b46944b0bb63-20250826073602667300000009",
            "port": 80,
            "target_group_arn": "arn:aws:elasticloadbalancing:us-east-1:904233103130:targetgroup/ALB-backend-TG/f540b46944b0bb63",
            "target_id": "i-09ad4100d264d04ac"
          },
          "sensitive_attributes": [],
          "private": "bnVsbA==",
          "dependencies": [
            "aws_instance.backend_east",
            "aws_key_pair.deployer_east",
            "aws_lb_target_group.backend_tg",
            "aws_security_group.web_sg_east",
            "aws_subnet.prod",
            "aws_vpc.prod",
            "data.aws_ami.ubuntu_east",
            "tls_private_key.auto"
          ]
        }
      ]
    },
    {
      "mode": "managed",
      "type": "aws_lb_target_group_attachment",
      "name": "frontend_attach",
      "provider": "provider[\"registry.terraform.io/hashicorp/aws\"].primary",
      "instances": [
        {
          "schema_version": 0,
          "attributes": {
            "availability_zone": null,
            "id": "arn:aws:elasticloadbalancing:us-east-1:904233103130:targetgroup/ALB-frontend-TG/577e83ff2f8e8ae6-20250826073601130900000008",
            "port": 80,
            "target_group_arn": "arn:aws:elasticloadbalancing:us-east-1:904233103130:targetgroup/ALB-frontend-TG/577e83ff2f8e8ae6",
            "target_id": "i-0fb480e11d836d0f6"
          },
          "sensitive_attributes": [],
          "private": "bnVsbA==",
          "dependencies": [
            "aws_instance.frontend_east",
            "aws_key_pair.deployer_east",
            "aws_lb_target_group.frontend_tg",
            "aws_security_group.web_sg_east",
            "aws_subnet.prod",
            "aws_vpc.prod",
            "data.aws_ami.ubuntu_east",
            "tls_private_key.auto"
          ]
        }
      ]
    },
    {
      "mode": "managed",
      "type": "aws_nat_gateway",
      "name": "dr_nat",
      "provider": "provider[\"registry.terraform.io/hashicorp/aws\"].secondary",
      "instances": [
        {
          "schema_version": 0,
          "attributes": {
            "allocation_id": "eipalloc-019083bd906463589",
            "association_id": "eipassoc-0fb0c881a80991a97",
            "connectivity_type": "public",
            "id": "nat-0177d64d4e919f83d",
            "network_interface_id": "eni-034ab6138c4ed36b4",
            "private_ip": "172.20.1.239",
            "public_ip": "54.215.145.140",
            "secondary_allocation_ids": [],
            "secondary_private_ip_address_count": 0,
            "secondary_private_ip_addresses": [],
            "subnet_id": "subnet-01807a63260a7e080",
            "tags": {
              "Name": "nat-dr"
            },
            "tags_all": {
              "Name": "nat-dr"
            },
            "timeouts": null
          },
          "sensitive_attributes": [],
          "private": "eyJlMmJmYjczMC1lY2FhLTExZTYtOGY4OC0zNDM2M2JjN2M0YzAiOnsiY3JlYXRlIjo2MDAwMDAwMDAwMDAsImRlbGV0ZSI6MTgwMDAwMDAwMDAwMCwidXBkYXRlIjo2MDAwMDAwMDAwMDB9fQ==",
          "dependencies": [
            "aws_eip.dr_nat_eip",
            "aws_internet_gateway.dr_igw",
            "aws_subnet.dr",
            "aws_vpc.dr"
          ]
        }
      ]
    },
    {
      "mode": "managed",
      "type": "aws_nat_gateway",
      "name": "prod_nat",
      "provider": "provider[\"registry.terraform.io/hashicorp/aws\"].primary",
      "instances": [
        {
          "schema_version": 0,
          "attributes": {
            "allocation_id": "eipalloc-0f5832add2125efff",
            "association_id": "eipassoc-03788b70d870068e2",
            "connectivity_type": "public",
            "id": "nat-0dca72252101ac5a3",
            "network_interface_id": "eni-0a84f464dc47aaf0b",
            "private_ip": "172.20.1.232",
            "public_ip": "3.220.214.253",
            "secondary_allocation_ids": [],
            "secondary_private_ip_address_count": 0,
            "secondary_private_ip_addresses": [],
            "subnet_id": "subnet-0b3a9a0eb49e8bfe4",
            "tags": {
              "Name": "nat-prod"
            },
            "tags_all": {
              "Name": "nat-prod"
            },
            "timeouts": null
          },
          "sensitive_attributes": [],
          "private": "eyJlMmJmYjczMC1lY2FhLTExZTYtOGY4OC0zNDM2M2JjN2M0YzAiOnsiY3JlYXRlIjo2MDAwMDAwMDAwMDAsImRlbGV0ZSI6MTgwMDAwMDAwMDAwMCwidXBkYXRlIjo2MDAwMDAwMDAwMDB9fQ==",
          "dependencies": [
            "aws_eip.prod_nat_eip",
            "aws_internet_gateway.prod_igw",
            "aws_subnet.prod",
            "aws_vpc.prod"
          ]
        }
      ]
    },
    {
      "mode": "managed",
      "type": "aws_route53_record",
      "name": "alb_origin_cert_validation",
      "provider": "provider[\"registry.terraform.io/hashicorp/aws\"]",
      "instances": [
        {
          "index_key": "origin.threetier.pietroruoppolo.club",
          "schema_version": 2,
          "attributes": {
            "alias": [],
            "allow_overwrite": true,
            "cidr_routing_policy": [],
            "failover_routing_policy": [],
            "fqdn": "_9a99c3fe4f3da5d8bea5da27dc8f0ac8.origin.threetier.pietroruoppolo.club",
            "geolocation_routing_policy": [],
            "geoproximity_routing_policy": [],
            "health_check_id": "",
            "id": "Z01156203MH5V3NVDCNYO__9a99c3fe4f3da5d8bea5da27dc8f0ac8.origin.threetier.pietroruoppolo.club._CNAME",
            "latency_routing_policy": [],
            "multivalue_answer_routing_policy": false,
            "name": "_9a99c3fe4f3da5d8bea5da27dc8f0ac8.origin.threetier.pietroruoppolo.club",
            "records": [
              "_8a72460b0d820a48ec74365e389b1ef3.xlfgrmvvlj.acm-validations.aws."
            ],
            "set_identifier": "",
            "timeouts": null,
            "ttl": 60,
            "type": "CNAME",
            "weighted_routing_policy": [],
            "zone_id": "Z01156203MH5V3NVDCNYO"
          },
          "sensitive_attributes": [],
          "private": "eyJlMmJmYjczMC1lY2FhLTExZTYtOGY4OC0zNDM2M2JjN2M0YzAiOnsiY3JlYXRlIjoxODAwMDAwMDAwMDAwLCJkZWxldGUiOjE4MDAwMDAwMDAwMDAsInVwZGF0ZSI6MTgwMDAwMDAwMDAwMH0sInNjaGVtYV92ZXJzaW9uIjoiMiJ9",
          "dependencies": [
            "aws_acm_certificate.alb_origin_cert",
            "data.aws_route53_zone.public"
          ]
        }
      ]
    },
    {
      "mode": "managed",
      "type": "aws_route53_record",
      "name": "api_primary",
      "provider": "provider[\"registry.terraform.io/hashicorp/aws\"]",
      "instances": [
        {
          "schema_version": 2,
          "attributes": {
            "alias": [
              {
                "evaluate_target_health": false,
                "name": "d3d814itvwo5r6.cloudfront.net",
                "zone_id": "Z2FDTNDATAQYW2"
              }
            ],
            "allow_overwrite": null,
            "cidr_routing_policy": [],
            "failover_routing_policy": [],
            "fqdn": "api.pietroruoppolo.club",
            "geolocation_routing_policy": [],
            "geoproximity_routing_policy": [],
            "health_check_id": "",
            "id": "Z01156203MH5V3NVDCNYO_api.pietroruoppolo.club_A",
            "latency_routing_policy": [],
            "multivalue_answer_routing_policy": false,
            "name": "api.pietroruoppolo.club",
            "records": [],
            "set_identifier": "",
            "timeouts": null,
            "ttl": 0,
            "type": "A",
            "weighted_routing_policy": [],
            "zone_id": "Z01156203MH5V3NVDCNYO"
          },
          "sensitive_attributes": [],
          "private": "eyJlMmJmYjczMC1lY2FhLTExZTYtOGY4OC0zNDM2M2JjN2M0YzAiOnsiY3JlYXRlIjoxODAwMDAwMDAwMDAwLCJkZWxldGUiOjE4MDAwMDAwMDAwMDAsInVwZGF0ZSI6MTgwMDAwMDAwMDAwMH0sInNjaGVtYV92ZXJzaW9uIjoiMiJ9",
          "dependencies": [
            "aws_acm_certificate.cf_cert",
            "aws_acm_certificate_validation.cf_cert",
            "aws_cloudfront_distribution.frontend_cdn",
            "aws_route53_record.cf_cert_validation",
            "aws_route53_zone.public",
            "aws_wafv2_web_acl.cf_waf",
            "data.aws_route53_zone.this",
            "local_file.register_domain_json",
            "null_resource.register_domain",
            "null_resource.wait_domain_registered"
          ]
        }
      ]
    },
    {
      "mode": "managed",
      "type": "aws_route53_record",
      "name": "cf_alias",
      "provider": "provider[\"registry.terraform.io/hashicorp/aws\"]",
      "instances": [
        {
          "schema_version": 2,
          "attributes": {
            "alias": [
              {
                "evaluate_target_health": false,
                "name": "d3d814itvwo5r6.cloudfront.net",
                "zone_id": "Z2FDTNDATAQYW2"
              }
            ],
            "allow_overwrite": true,
            "cidr_routing_policy": [],
            "failover_routing_policy": [],
            "fqdn": "threetier.pietroruoppolo.club",
            "geolocation_routing_policy": [],
            "geoproximity_routing_policy": [],
            "health_check_id": "",
            "id": "Z01156203MH5V3NVDCNYO_threetier_A",
            "latency_routing_policy": [],
            "multivalue_answer_routing_policy": false,
            "name": "threetier",
            "records": [],
            "set_identifier": "",
            "timeouts": null,
            "ttl": 0,
            "type": "A",
            "weighted_routing_policy": [],
            "zone_id": "Z01156203MH5V3NVDCNYO"
          },
          "sensitive_attributes": [],
          "private": "eyJlMmJmYjczMC1lY2FhLTExZTYtOGY4OC0zNDM2M2JjN2M0YzAiOnsiY3JlYXRlIjoxODAwMDAwMDAwMDAwLCJkZWxldGUiOjE4MDAwMDAwMDAwMDAsInVwZGF0ZSI6MTgwMDAwMDAwMDAwMH0sInNjaGVtYV92ZXJzaW9uIjoiMiJ9",
          "dependencies": [
            "aws_acm_certificate.cf_cert",
            "aws_acm_certificate_validation.cf_cert",
            "aws_cloudfront_distribution.frontend_cdn",
            "aws_route53_record.cf_cert_validation",
            "aws_route53_zone.public",
            "aws_wafv2_web_acl.cf_waf",
            "data.aws_route53_zone.this",
            "local_file.register_domain_json",
            "null_resource.register_domain",
            "null_resource.wait_domain_registered"
          ]
        }
      ]
    },
    {
      "mode": "managed",
      "type": "aws_route53_record",
      "name": "cf_cert_validation",
      "provider": "provider[\"registry.terraform.io/hashicorp/aws\"]",
      "instances": [
        {
          "index_key": "*.pietroruoppolo.club",
          "schema_version": 2,
          "attributes": {
            "alias": [],
            "allow_overwrite": true,
            "cidr_routing_policy": [],
            "failover_routing_policy": [],
            "fqdn": "_a6234d5ba1e2dadbd987a33b0be4044e.pietroruoppolo.club",
            "geolocation_routing_policy": [],
            "geoproximity_routing_policy": [],
            "health_check_id": "",
            "id": "Z0732131LFLKHTK7ZVMS__a6234d5ba1e2dadbd987a33b0be4044e.pietroruoppolo.club._CNAME",
            "latency_routing_policy": [],
            "multivalue_answer_routing_policy": false,
            "name": "_a6234d5ba1e2dadbd987a33b0be4044e.pietroruoppolo.club",
            "records": [
              "_d0e9c8d6257f6502d57cb825f6c17058.xlfgrmvvlj.acm-validations.aws."
            ],
            "set_identifier": "",
            "timeouts": null,
            "ttl": 60,
            "type": "CNAME",
            "weighted_routing_policy": [],
            "zone_id": "Z0732131LFLKHTK7ZVMS"
          },
          "sensitive_attributes": [],
          "private": "eyJlMmJmYjczMC1lY2FhLTExZTYtOGY4OC0zNDM2M2JjN2M0YzAiOnsiY3JlYXRlIjoxODAwMDAwMDAwMDAwLCJkZWxldGUiOjE4MDAwMDAwMDAwMDAsInVwZGF0ZSI6MTgwMDAwMDAwMDAwMH0sInNjaGVtYV92ZXJzaW9uIjoiMiJ9",
          "dependencies": [
            "aws_acm_certificate.cf_cert",
            "aws_route53_zone.public",
            "local_file.register_domain_json",
            "null_resource.register_domain",
            "null_resource.wait_domain_registered"
          ]
        },
        {
          "index_key": "pietroruoppolo.club",
          "schema_version": 2,
          "attributes": {
            "alias": [],
            "allow_overwrite": true,
            "cidr_routing_policy": [],
            "failover_routing_policy": [],
            "fqdn": "_a6234d5ba1e2dadbd987a33b0be4044e.pietroruoppolo.club",
            "geolocation_routing_policy": [],
            "geoproximity_routing_policy": [],
            "health_check_id": "",
            "id": "Z0732131LFLKHTK7ZVMS__a6234d5ba1e2dadbd987a33b0be4044e.pietroruoppolo.club._CNAME",
            "latency_routing_policy": [],
            "multivalue_answer_routing_policy": false,
            "name": "_a6234d5ba1e2dadbd987a33b0be4044e.pietroruoppolo.club",
            "records": [
              "_d0e9c8d6257f6502d57cb825f6c17058.xlfgrmvvlj.acm-validations.aws."
            ],
            "set_identifier": "",
            "timeouts": null,
            "ttl": 60,
            "type": "CNAME",
            "weighted_routing_policy": [],
            "zone_id": "Z0732131LFLKHTK7ZVMS"
          },
          "sensitive_attributes": [],
          "private": "eyJlMmJmYjczMC1lY2FhLTExZTYtOGY4OC0zNDM2M2JjN2M0YzAiOnsiY3JlYXRlIjoxODAwMDAwMDAwMDAwLCJkZWxldGUiOjE4MDAwMDAwMDAwMDAsInVwZGF0ZSI6MTgwMDAwMDAwMDAwMH0sInNjaGVtYV92ZXJzaW9uIjoiMiJ9",
          "dependencies": [
            "aws_acm_certificate.cf_cert",
            "aws_route53_zone.public",
            "local_file.register_domain_json",
            "null_resource.register_domain",
            "null_resource.wait_domain_registered"
          ]
        }
      ]
    },
    {
      "mode": "managed",
      "type": "aws_route53_record",
      "name": "cf_cert_validation_single",
      "provider": "provider[\"registry.terraform.io/hashicorp/aws\"]",
      "instances": [
        {
          "schema_version": 2,
          "attributes": {
            "alias": [],
            "allow_overwrite": true,
            "cidr_routing_policy": [],
            "failover_routing_policy": [],
            "fqdn": "_a6234d5ba1e2dadbd987a33b0be4044e.pietroruoppolo.club",
            "geolocation_routing_policy": [],
            "geoproximity_routing_policy": [],
            "health_check_id": "",
            "id": "Z01156203MH5V3NVDCNYO__a6234d5ba1e2dadbd987a33b0be4044e.pietroruoppolo.club_CNAME",
            "latency_routing_policy": [],
            "multivalue_answer_routing_policy": false,
            "name": "_a6234d5ba1e2dadbd987a33b0be4044e.pietroruoppolo.club",
            "records": [
              "_d0e9c8d6257f6502d57cb825f6c17058.xlfgrmvvlj.acm-validations.aws."
            ],
            "set_identifier": "",
            "timeouts": null,
            "ttl": 60,
            "type": "CNAME",
            "weighted_routing_policy": [],
            "zone_id": "Z01156203MH5V3NVDCNYO"
          },
          "sensitive_attributes": [],
          "private": "eyJlMmJmYjczMC1lY2FhLTExZTYtOGY4OC0zNDM2M2JjN2M0YzAiOnsiY3JlYXRlIjoxODAwMDAwMDAwMDAwLCJkZWxldGUiOjE4MDAwMDAwMDAwMDAsInVwZGF0ZSI6MTgwMDAwMDAwMDAwMH0sInNjaGVtYV92ZXJzaW9uIjoiMiJ9",
          "dependencies": [
            "data.aws_route53_zone.public"
          ]
        }
      ]
    },
    {
      "mode": "managed",
      "type": "aws_route53_record",
      "name": "origin_alias_to_alb",
      "provider": "provider[\"registry.terraform.io/hashicorp/aws\"]",
      "instances": [
        {
          "schema_version": 2,
          "attributes": {
            "alias": [
              {
                "evaluate_target_health": false,
                "name": "alb-frontend-1744524036.us-east-1.elb.amazonaws.com",
                "zone_id": "Z35SXDOTRQ7X7K"
              }
            ],
            "allow_overwrite": null,
            "cidr_routing_policy": [],
            "failover_routing_policy": [],
            "fqdn": "origin.threetier.pietroruoppolo.club",
            "geolocation_routing_policy": [],
            "geoproximity_routing_policy": [],
            "health_check_id": "",
            "id": "Z01156203MH5V3NVDCNYO_origin.threetier.pietroruoppolo.club_A",
            "latency_routing_policy": [],
            "multivalue_answer_routing_policy": false,
            "name": "origin.threetier.pietroruoppolo.club",
            "records": [],
            "set_identifier": "",
            "timeouts": null,
            "ttl": 0,
            "type": "A",
            "weighted_routing_policy": [],
            "zone_id": "Z01156203MH5V3NVDCNYO"
          },
          "sensitive_attributes": [],
          "private": "eyJlMmJmYjczMC1lY2FhLTExZTYtOGY4OC0zNDM2M2JjN2M0YzAiOnsiY3JlYXRlIjoxODAwMDAwMDAwMDAwLCJkZWxldGUiOjE4MDAwMDAwMDAwMDAsInVwZGF0ZSI6MTgwMDAwMDAwMDAwMH0sInNjaGVtYV92ZXJzaW9uIjoiMiJ9",
          "dependencies": [
            "aws_lb.frontend_alb",
            "aws_security_group.alb_frontend_sg",
            "aws_subnet.prod",
            "aws_vpc.prod",
            "data.aws_route53_zone.public"
          ]
        }
      ]
    },
    {
      "mode": "managed",
      "type": "aws_route53_zone",
      "name": "public",
      "provider": "provider[\"registry.terraform.io/hashicorp/aws\"]",
      "instances": [
        {
          "schema_version": 0,
          "attributes": {
            "arn": "arn:aws:route53:::hostedzone/Z0732131LFLKHTK7ZVMS",
            "comment": "Managed by Terraform",
            "delegation_set_id": "",
            "force_destroy": false,
            "id": "Z0732131LFLKHTK7ZVMS",
            "name": "pietroruoppolo.club",
            "name_servers": [
              "ns-1089.awsdns-08.org",
              "ns-2015.awsdns-59.co.uk",
              "ns-342.awsdns-42.com",
              "ns-629.awsdns-14.net"
            ],
            "primary_name_server": "ns-1089.awsdns-08.org",
            "tags": {},
            "tags_all": {},
            "timeouts": null,
            "vpc": [],
            "zone_id": "Z0732131LFLKHTK7ZVMS"
          },
          "sensitive_attributes": [],
          "private": "eyJlMmJmYjczMC1lY2FhLTExZTYtOGY4OC0zNDM2M2JjN2M0YzAiOnsiY3JlYXRlIjoxODAwMDAwMDAwMDAwLCJkZWxldGUiOjE4MDAwMDAwMDAwMDAsInVwZGF0ZSI6MTgwMDAwMDAwMDAwMH19",
          "dependencies": [
            "local_file.register_domain_json",
            "null_resource.register_domain",
            "null_resource.wait_domain_registered"
          ]
        }
      ]
    },
    {
      "mode": "managed",
      "type": "aws_route53domains_registered_domain",
      "name": "this",
      "provider": "provider[\"registry.terraform.io/hashicorp/aws\"]",
      "instances": [
        {
          "schema_version": 0,
          "attributes": {
            "abuse_contact_email": "abuse@registrar.amazon.com",
            "abuse_contact_phone": "+1.2062661000",
            "admin_contact": [
              {
                "address_line_1": "Via Strada 12",
                "address_line_2": "",
                "city": "Torino",
                "contact_type": "PERSON",
                "country_code": "IT",
                "email": "tua.email@example.com",
                "extra_params": {},
                "fax": "",
                "first_name": "Pietro",
                "last_name": "Ruoppolo",
                "organization_name": "",
                "phone_number": "+39.3330000000",
                "state": "TO",
                "zip_code": "10100"
              }
            ],
            "admin_privacy": true,
            "auto_renew": true,
            "billing_contact": [
              {
                "address_line_1": "Via Strada 12",
                "address_line_2": "",
                "city": "Torino",
                "contact_type": "PERSON",
                "country_code": "IT",
                "email": "tua.email@example.com",
                "extra_params": {},
                "fax": "",
                "first_name": "Pietro",
                "last_name": "Ruoppolo",
                "organization_name": "",
                "phone_number": "+39.3330000000",
                "state": "TO",
                "zip_code": "10100"
              }
            ],
            "billing_privacy": true,
            "creation_date": "2025-08-11T19:37:01Z",
            "domain_name": "pietroruoppolo.club",
            "expiration_date": "2026-08-11T19:37:01Z",
            "id": "pietroruoppolo.club",
            "name_server": [
              {
                "glue_ips": [],
                "name": "ns-128.awsdns-16.com"
              },
              {
                "glue_ips": [],
                "name": "ns-711.awsdns-24.net"
              },
              {
                "glue_ips": [],
                "name": "ns-1389.awsdns-45.org"
              },
              {
                "glue_ips": [],
                "name": "ns-1673.awsdns-17.co.uk"
              }
            ],
            "registrant_contact": [
              {
                "address_line_1": "Via Strada 12",
                "address_line_2": "",
                "city": "Torino",
                "contact_type": "PERSON",
                "country_code": "IT",
                "email": "tua.email@example.com",
                "extra_params": {},
                "fax": "",
                "first_name": "Pietro",
                "last_name": "Ruoppolo",
                "organization_name": "",
                "phone_number": "+39.3330000000",
                "state": "TO",
                "zip_code": "10100"
              }
            ],
            "registrant_privacy": true,
            "registrar_name": "Amazon Registrar, Inc.",
            "registrar_url": "http://registrar.amazon.com",
            "reseller": "",
            "status_list": [
              "clientDeleteProhibited",
              "clientTransferProhibited",
              "serverTransferProhibited",
              "addPeriod",
              "clientUpdateProhibited"
            ],
            "tags": {},
            "tags_all": {},
            "tech_contact": [
              {
                "address_line_1": "Via Strada 12",
                "address_line_2": "",
                "city": "Torino",
                "contact_type": "PERSON",
                "country_code": "IT",
                "email": "tua.email@example.com",
                "extra_params": {},
                "fax": "",
                "first_name": "Pietro",
                "last_name": "Ruoppolo",
                "organization_name": "",
                "phone_number": "+39.3330000000",
                "state": "TO",
                "zip_code": "10100"
              }
            ],
            "tech_privacy": true,
            "timeouts": null,
            "transfer_lock": true,
            "updated_date": "2025-08-11T19:47:19Z",
            "whois_server": "whois.registrar.amazon.com"
          },
          "sensitive_attributes": [],
          "private": "eyJlMmJmYjczMC1lY2FhLTExZTYtOGY4OC0zNDM2M2JjN2M0YzAiOnsiY3JlYXRlIjoxODAwMDAwMDAwMDAwLCJ1cGRhdGUiOjE4MDAwMDAwMDAwMDB9fQ=="
        }
      ]
    },
    {
      "mode": "managed",
      "type": "aws_route_table",
      "name": "dr_private_rt",
      "provider": "provider[\"registry.terraform.io/hashicorp/aws\"].secondary",
      "instances": [
        {
          "schema_version": 0,
          "attributes": {
            "arn": "arn:aws:ec2:us-west-1:904233103130:route-table/rtb-0db5f06bfa09fb57f",
            "id": "rtb-0db5f06bfa09fb57f",
            "owner_id": "904233103130",
            "propagating_vgws": [],
            "route": [
              {
                "carrier_gateway_id": "",
                "cidr_block": "0.0.0.0/0",
                "core_network_arn": "",
                "destination_prefix_list_id": "",
                "egress_only_gateway_id": "",
                "gateway_id": "",
                "ipv6_cidr_block": "",
                "local_gateway_id": "",
                "nat_gateway_id": "nat-0177d64d4e919f83d",
                "network_interface_id": "",
                "transit_gateway_id": "",
                "vpc_endpoint_id": "",
                "vpc_peering_connection_id": ""
              }
            ],
            "tags": {
              "Name": "rt-dr-private"
            },
            "tags_all": {
              "Name": "rt-dr-private"
            },
            "timeouts": null,
            "vpc_id": "vpc-0ad5747f076c6d4b6"
          },
          "sensitive_attributes": [],
          "private": "eyJlMmJmYjczMC1lY2FhLTExZTYtOGY4OC0zNDM2M2JjN2M0YzAiOnsiY3JlYXRlIjozMDAwMDAwMDAwMDAsImRlbGV0ZSI6MzAwMDAwMDAwMDAwLCJ1cGRhdGUiOjEyMDAwMDAwMDAwMH19",
          "dependencies": [
            "aws_eip.dr_nat_eip",
            "aws_internet_gateway.dr_igw",
            "aws_nat_gateway.dr_nat",
            "aws_subnet.dr",
            "aws_vpc.dr"
          ]
        }
      ]
    },
    {
      "mode": "managed",
      "type": "aws_route_table",
      "name": "dr_public_rt",
      "provider": "provider[\"registry.terraform.io/hashicorp/aws\"].secondary",
      "instances": [
        {
          "schema_version": 0,
          "attributes": {
            "arn": "arn:aws:ec2:us-west-1:904233103130:route-table/rtb-0a19768d982ecf78a",
            "id": "rtb-0a19768d982ecf78a",
            "owner_id": "904233103130",
            "propagating_vgws": [],
            "route": [
              {
                "carrier_gateway_id": "",
                "cidr_block": "0.0.0.0/0",
                "core_network_arn": "",
                "destination_prefix_list_id": "",
                "egress_only_gateway_id": "",
                "gateway_id": "igw-0f213c0817b14d86e",
                "ipv6_cidr_block": "",
                "local_gateway_id": "",
                "nat_gateway_id": "",
                "network_interface_id": "",
                "transit_gateway_id": "",
                "vpc_endpoint_id": "",
                "vpc_peering_connection_id": ""
              }
            ],
            "tags": {
              "Name": "rt-dr-public"
            },
            "tags_all": {
              "Name": "rt-dr-public"
            },
            "timeouts": null,
            "vpc_id": "vpc-0ad5747f076c6d4b6"
          },
          "sensitive_attributes": [],
          "private": "eyJlMmJmYjczMC1lY2FhLTExZTYtOGY4OC0zNDM2M2JjN2M0YzAiOnsiY3JlYXRlIjozMDAwMDAwMDAwMDAsImRlbGV0ZSI6MzAwMDAwMDAwMDAwLCJ1cGRhdGUiOjEyMDAwMDAwMDAwMH19",
          "dependencies": [
            "aws_internet_gateway.dr_igw",
            "aws_vpc.dr"
          ]
        }
      ]
    },
    {
      "mode": "managed",
      "type": "aws_route_table",
      "name": "prod_private_rt",
      "provider": "provider[\"registry.terraform.io/hashicorp/aws\"].primary",
      "instances": [
        {
          "schema_version": 0,
          "attributes": {
            "arn": "arn:aws:ec2:us-east-1:904233103130:route-table/rtb-02813c89d7267648c",
            "id": "rtb-02813c89d7267648c",
            "owner_id": "904233103130",
            "propagating_vgws": [],
            "route": [
              {
                "carrier_gateway_id": "",
                "cidr_block": "0.0.0.0/0",
                "core_network_arn": "",
                "destination_prefix_list_id": "",
                "egress_only_gateway_id": "",
                "gateway_id": "",
                "ipv6_cidr_block": "",
                "local_gateway_id": "",
                "nat_gateway_id": "nat-0dca72252101ac5a3",
                "network_interface_id": "",
                "transit_gateway_id": "",
                "vpc_endpoint_id": "",
                "vpc_peering_connection_id": ""
              }
            ],
            "tags": {
              "Name": "rt-prod-private"
            },
            "tags_all": {
              "Name": "rt-prod-private"
            },
            "timeouts": null,
            "vpc_id": "vpc-0f9fae74b63271bb5"
          },
          "sensitive_attributes": [],
          "private": "eyJlMmJmYjczMC1lY2FhLTExZTYtOGY4OC0zNDM2M2JjN2M0YzAiOnsiY3JlYXRlIjozMDAwMDAwMDAwMDAsImRlbGV0ZSI6MzAwMDAwMDAwMDAwLCJ1cGRhdGUiOjEyMDAwMDAwMDAwMH19",
          "dependencies": [
            "aws_eip.prod_nat_eip",
            "aws_internet_gateway.prod_igw",
            "aws_nat_gateway.prod_nat",
            "aws_subnet.prod",
            "aws_vpc.prod"
          ]
        }
      ]
    },
    {
      "mode": "managed",
      "type": "aws_route_table",
      "name": "prod_public_rt",
      "provider": "provider[\"registry.terraform.io/hashicorp/aws\"].primary",
      "instances": [
        {
          "schema_version": 0,
          "attributes": {
            "arn": "arn:aws:ec2:us-east-1:904233103130:route-table/rtb-01d9f0ac421f94a00",
            "id": "rtb-01d9f0ac421f94a00",
            "owner_id": "904233103130",
            "propagating_vgws": [],
            "route": [
              {
                "carrier_gateway_id": "",
                "cidr_block": "0.0.0.0/0",
                "core_network_arn": "",
                "destination_prefix_list_id": "",
                "egress_only_gateway_id": "",
                "gateway_id": "igw-037781043fa67586a",
                "ipv6_cidr_block": "",
                "local_gateway_id": "",
                "nat_gateway_id": "",
                "network_interface_id": "",
                "transit_gateway_id": "",
                "vpc_endpoint_id": "",
                "vpc_peering_connection_id": ""
              }
            ],
            "tags": {
              "Name": "rt-prod-public"
            },
            "tags_all": {
              "Name": "rt-prod-public"
            },
            "timeouts": null,
            "vpc_id": "vpc-0f9fae74b63271bb5"
          },
          "sensitive_attributes": [],
          "private": "eyJlMmJmYjczMC1lY2FhLTExZTYtOGY4OC0zNDM2M2JjN2M0YzAiOnsiY3JlYXRlIjozMDAwMDAwMDAwMDAsImRlbGV0ZSI6MzAwMDAwMDAwMDAwLCJ1cGRhdGUiOjEyMDAwMDAwMDAwMH19",
          "dependencies": [
            "aws_internet_gateway.prod_igw",
            "aws_vpc.prod"
          ]
        }
      ]
    },
    {
      "mode": "managed",
      "type": "aws_route_table_association",
      "name": "dr_priv_assoc",
      "provider": "provider[\"registry.terraform.io/hashicorp/aws\"].secondary",
      "instances": [
        {
          "index_key": "pri-sub-3a",
          "schema_version": 0,
          "attributes": {
            "gateway_id": "",
            "id": "rtbassoc-0b351bb5e4402d5c6",
            "route_table_id": "rtb-0db5f06bfa09fb57f",
            "subnet_id": "subnet-077ada06fb35f079d",
            "timeouts": null
          },
          "sensitive_attributes": [],
          "private": "eyJlMmJmYjczMC1lY2FhLTExZTYtOGY4OC0zNDM2M2JjN2M0YzAiOnsiY3JlYXRlIjozMDAwMDAwMDAwMDAsImRlbGV0ZSI6MzAwMDAwMDAwMDAwLCJ1cGRhdGUiOjEyMDAwMDAwMDAwMH19",
          "dependencies": [
            "aws_eip.dr_nat_eip",
            "aws_internet_gateway.dr_igw",
            "aws_nat_gateway.dr_nat",
            "aws_route_table.dr_private_rt",
            "aws_subnet.dr",
            "aws_vpc.dr"
          ]
        },
        {
          "index_key": "pri-sub-4b",
          "schema_version": 0,
          "attributes": {
            "gateway_id": "",
            "id": "rtbassoc-0602823370ca7f376",
            "route_table_id": "rtb-0db5f06bfa09fb57f",
            "subnet_id": "subnet-020f4a5df14b62fda",
            "timeouts": null
          },
          "sensitive_attributes": [],
          "private": "eyJlMmJmYjczMC1lY2FhLTExZTYtOGY4OC0zNDM2M2JjN2M0YzAiOnsiY3JlYXRlIjozMDAwMDAwMDAwMDAsImRlbGV0ZSI6MzAwMDAwMDAwMDAwLCJ1cGRhdGUiOjEyMDAwMDAwMDAwMH19",
          "dependencies": [
            "aws_eip.dr_nat_eip",
            "aws_internet_gateway.dr_igw",
            "aws_nat_gateway.dr_nat",
            "aws_route_table.dr_private_rt",
            "aws_subnet.dr",
            "aws_vpc.dr"
          ]
        },
        {
          "index_key": "pri-sub-5a",
          "schema_version": 0,
          "attributes": {
            "gateway_id": "",
            "id": "rtbassoc-0ab293ff167f992b7",
            "route_table_id": "rtb-0db5f06bfa09fb57f",
            "subnet_id": "subnet-0b261839c7ad48aa0",
            "timeouts": null
          },
          "sensitive_attributes": [],
          "private": "eyJlMmJmYjczMC1lY2FhLTExZTYtOGY4OC0zNDM2M2JjN2M0YzAiOnsiY3JlYXRlIjozMDAwMDAwMDAwMDAsImRlbGV0ZSI6MzAwMDAwMDAwMDAwLCJ1cGRhdGUiOjEyMDAwMDAwMDAwMH19",
          "dependencies": [
            "aws_eip.dr_nat_eip",
            "aws_internet_gateway.dr_igw",
            "aws_nat_gateway.dr_nat",
            "aws_route_table.dr_private_rt",
            "aws_subnet.dr",
            "aws_vpc.dr"
          ]
        },
        {
          "index_key": "pri-sub-6b",
          "schema_version": 0,
          "attributes": {
            "gateway_id": "",
            "id": "rtbassoc-04df04450c380a4a3",
            "route_table_id": "rtb-0db5f06bfa09fb57f",
            "subnet_id": "subnet-0f026cd5196d18415",
            "timeouts": null
          },
          "sensitive_attributes": [],
          "private": "eyJlMmJmYjczMC1lY2FhLTExZTYtOGY4OC0zNDM2M2JjN2M0YzAiOnsiY3JlYXRlIjozMDAwMDAwMDAwMDAsImRlbGV0ZSI6MzAwMDAwMDAwMDAwLCJ1cGRhdGUiOjEyMDAwMDAwMDAwMH19",
          "dependencies": [
            "aws_eip.dr_nat_eip",
            "aws_internet_gateway.dr_igw",
            "aws_nat_gateway.dr_nat",
            "aws_route_table.dr_private_rt",
            "aws_subnet.dr",
            "aws_vpc.dr"
          ]
        },
        {
          "index_key": "pri-sub-7a",
          "schema_version": 0,
          "attributes": {
            "gateway_id": "",
            "id": "rtbassoc-04b14b0b8171ee275",
            "route_table_id": "rtb-0db5f06bfa09fb57f",
            "subnet_id": "subnet-050cb10f1b77c492b",
            "timeouts": null
          },
          "sensitive_attributes": [],
          "private": "eyJlMmJmYjczMC1lY2FhLTExZTYtOGY4OC0zNDM2M2JjN2M0YzAiOnsiY3JlYXRlIjozMDAwMDAwMDAwMDAsImRlbGV0ZSI6MzAwMDAwMDAwMDAwLCJ1cGRhdGUiOjEyMDAwMDAwMDAwMH19",
          "dependencies": [
            "aws_eip.dr_nat_eip",
            "aws_internet_gateway.dr_igw",
            "aws_nat_gateway.dr_nat",
            "aws_route_table.dr_private_rt",
            "aws_subnet.dr",
            "aws_vpc.dr"
          ]
        },
        {
          "index_key": "pri-sub-8b",
          "schema_version": 0,
          "attributes": {
            "gateway_id": "",
            "id": "rtbassoc-0ee2502ff35962c32",
            "route_table_id": "rtb-0db5f06bfa09fb57f",
            "subnet_id": "subnet-0e5a38f5f947ddd3d",
            "timeouts": null
          },
          "sensitive_attributes": [],
          "private": "eyJlMmJmYjczMC1lY2FhLTExZTYtOGY4OC0zNDM2M2JjN2M0YzAiOnsiY3JlYXRlIjozMDAwMDAwMDAwMDAsImRlbGV0ZSI6MzAwMDAwMDAwMDAwLCJ1cGRhdGUiOjEyMDAwMDAwMDAwMH19",
          "dependencies": [
            "aws_eip.dr_nat_eip",
            "aws_internet_gateway.dr_igw",
            "aws_nat_gateway.dr_nat",
            "aws_route_table.dr_private_rt",
            "aws_subnet.dr",
            "aws_vpc.dr"
          ]
        }
      ]
    },
    {
      "mode": "managed",
      "type": "aws_route_table_association",
      "name": "dr_pub_assoc",
      "provider": "provider[\"registry.terraform.io/hashicorp/aws\"].secondary",
      "instances": [
        {
          "index_key": "pub-sub-1a",
          "schema_version": 0,
          "attributes": {
            "gateway_id": "",
            "id": "rtbassoc-0f72efa1238a035a1",
            "route_table_id": "rtb-0a19768d982ecf78a",
            "subnet_id": "subnet-01807a63260a7e080",
            "timeouts": null
          },
          "sensitive_attributes": [],
          "private": "eyJlMmJmYjczMC1lY2FhLTExZTYtOGY4OC0zNDM2M2JjN2M0YzAiOnsiY3JlYXRlIjozMDAwMDAwMDAwMDAsImRlbGV0ZSI6MzAwMDAwMDAwMDAwLCJ1cGRhdGUiOjEyMDAwMDAwMDAwMH19",
          "dependencies": [
            "aws_internet_gateway.dr_igw",
            "aws_route_table.dr_public_rt",
            "aws_subnet.dr",
            "aws_vpc.dr"
          ]
        },
        {
          "index_key": "pub-sub-2b",
          "schema_version": 0,
          "attributes": {
            "gateway_id": "",
            "id": "rtbassoc-04dbd964c19b2ce88",
            "route_table_id": "rtb-0a19768d982ecf78a",
            "subnet_id": "subnet-089928fb2a2151cbf",
            "timeouts": null
          },
          "sensitive_attributes": [],
          "private": "eyJlMmJmYjczMC1lY2FhLTExZTYtOGY4OC0zNDM2M2JjN2M0YzAiOnsiY3JlYXRlIjozMDAwMDAwMDAwMDAsImRlbGV0ZSI6MzAwMDAwMDAwMDAwLCJ1cGRhdGUiOjEyMDAwMDAwMDAwMH19",
          "dependencies": [
            "aws_internet_gateway.dr_igw",
            "aws_route_table.dr_public_rt",
            "aws_subnet.dr",
            "aws_vpc.dr"
          ]
        }
      ]
    },
    {
      "mode": "managed",
      "type": "aws_route_table_association",
      "name": "prod_priv_assoc",
      "provider": "provider[\"registry.terraform.io/hashicorp/aws\"].primary",
      "instances": [
        {
          "index_key": "pri-sub-3a",
          "schema_version": 0,
          "attributes": {
            "gateway_id": "",
            "id": "rtbassoc-0b681cc644fc16502",
            "route_table_id": "rtb-02813c89d7267648c",
            "subnet_id": "subnet-0a627594191648ffb",
            "timeouts": null
          },
          "sensitive_attributes": [],
          "private": "eyJlMmJmYjczMC1lY2FhLTExZTYtOGY4OC0zNDM2M2JjN2M0YzAiOnsiY3JlYXRlIjozMDAwMDAwMDAwMDAsImRlbGV0ZSI6MzAwMDAwMDAwMDAwLCJ1cGRhdGUiOjEyMDAwMDAwMDAwMH19",
          "dependencies": [
            "aws_eip.prod_nat_eip",
            "aws_internet_gateway.prod_igw",
            "aws_nat_gateway.prod_nat",
            "aws_route_table.prod_private_rt",
            "aws_subnet.prod",
            "aws_vpc.prod"
          ]
        },
        {
          "index_key": "pri-sub-4b",
          "schema_version": 0,
          "attributes": {
            "gateway_id": "",
            "id": "rtbassoc-09a56a58ca252ec28",
            "route_table_id": "rtb-02813c89d7267648c",
            "subnet_id": "subnet-0410c7955a9b972aa",
            "timeouts": null
          },
          "sensitive_attributes": [],
          "private": "eyJlMmJmYjczMC1lY2FhLTExZTYtOGY4OC0zNDM2M2JjN2M0YzAiOnsiY3JlYXRlIjozMDAwMDAwMDAwMDAsImRlbGV0ZSI6MzAwMDAwMDAwMDAwLCJ1cGRhdGUiOjEyMDAwMDAwMDAwMH19",
          "dependencies": [
            "aws_eip.prod_nat_eip",
            "aws_internet_gateway.prod_igw",
            "aws_nat_gateway.prod_nat",
            "aws_route_table.prod_private_rt",
            "aws_subnet.prod",
            "aws_vpc.prod"
          ]
        },
        {
          "index_key": "pri-sub-5a",
          "schema_version": 0,
          "attributes": {
            "gateway_id": "",
            "id": "rtbassoc-0e59f8b1855b9b2e2",
            "route_table_id": "rtb-02813c89d7267648c",
            "subnet_id": "subnet-03260d5b174de5b8b",
            "timeouts": null
          },
          "sensitive_attributes": [],
          "private": "eyJlMmJmYjczMC1lY2FhLTExZTYtOGY4OC0zNDM2M2JjN2M0YzAiOnsiY3JlYXRlIjozMDAwMDAwMDAwMDAsImRlbGV0ZSI6MzAwMDAwMDAwMDAwLCJ1cGRhdGUiOjEyMDAwMDAwMDAwMH19",
          "dependencies": [
            "aws_eip.prod_nat_eip",
            "aws_internet_gateway.prod_igw",
            "aws_nat_gateway.prod_nat",
            "aws_route_table.prod_private_rt",
            "aws_subnet.prod",
            "aws_vpc.prod"
          ]
        },
        {
          "index_key": "pri-sub-6b",
          "schema_version": 0,
          "attributes": {
            "gateway_id": "",
            "id": "rtbassoc-03fdb4af1ebff767f",
            "route_table_id": "rtb-02813c89d7267648c",
            "subnet_id": "subnet-059fdc5f7672144f8",
            "timeouts": null
          },
          "sensitive_attributes": [],
          "private": "eyJlMmJmYjczMC1lY2FhLTExZTYtOGY4OC0zNDM2M2JjN2M0YzAiOnsiY3JlYXRlIjozMDAwMDAwMDAwMDAsImRlbGV0ZSI6MzAwMDAwMDAwMDAwLCJ1cGRhdGUiOjEyMDAwMDAwMDAwMH19",
          "dependencies": [
            "aws_eip.prod_nat_eip",
            "aws_internet_gateway.prod_igw",
            "aws_nat_gateway.prod_nat",
            "aws_route_table.prod_private_rt",
            "aws_subnet.prod",
            "aws_vpc.prod"
          ]
        },
        {
          "index_key": "pri-sub-7a",
          "schema_version": 0,
          "attributes": {
            "gateway_id": "",
            "id": "rtbassoc-04bdde6f3b0c6bb56",
            "route_table_id": "rtb-02813c89d7267648c",
            "subnet_id": "subnet-08246f8160392c262",
            "timeouts": null
          },
          "sensitive_attributes": [],
          "private": "eyJlMmJmYjczMC1lY2FhLTExZTYtOGY4OC0zNDM2M2JjN2M0YzAiOnsiY3JlYXRlIjozMDAwMDAwMDAwMDAsImRlbGV0ZSI6MzAwMDAwMDAwMDAwLCJ1cGRhdGUiOjEyMDAwMDAwMDAwMH19",
          "dependencies": [
            "aws_eip.prod_nat_eip",
            "aws_internet_gateway.prod_igw",
            "aws_nat_gateway.prod_nat",
            "aws_route_table.prod_private_rt",
            "aws_subnet.prod",
            "aws_vpc.prod"
          ]
        },
        {
          "index_key": "pri-sub-8b",
          "schema_version": 0,
          "attributes": {
            "gateway_id": "",
            "id": "rtbassoc-0d27dae3f6e485ec4",
            "route_table_id": "rtb-02813c89d7267648c",
            "subnet_id": "subnet-03d74fb4b8d696652",
            "timeouts": null
          },
          "sensitive_attributes": [],
          "private": "eyJlMmJmYjczMC1lY2FhLTExZTYtOGY4OC0zNDM2M2JjN2M0YzAiOnsiY3JlYXRlIjozMDAwMDAwMDAwMDAsImRlbGV0ZSI6MzAwMDAwMDAwMDAwLCJ1cGRhdGUiOjEyMDAwMDAwMDAwMH19",
          "dependencies": [
            "aws_eip.prod_nat_eip",
            "aws_internet_gateway.prod_igw",
            "aws_nat_gateway.prod_nat",
            "aws_route_table.prod_private_rt",
            "aws_subnet.prod",
            "aws_vpc.prod"
          ]
        }
      ]
    },
    {
      "mode": "managed",
      "type": "aws_route_table_association",
      "name": "prod_pub_assoc",
      "provider": "provider[\"registry.terraform.io/hashicorp/aws\"].primary",
      "instances": [
        {
          "index_key": "pub-sub-1a",
          "schema_version": 0,
          "attributes": {
            "gateway_id": "",
            "id": "rtbassoc-0f1b3d9a43566e43b",
            "route_table_id": "rtb-01d9f0ac421f94a00",
            "subnet_id": "subnet-0b3a9a0eb49e8bfe4",
            "timeouts": null
          },
          "sensitive_attributes": [],
          "private": "eyJlMmJmYjczMC1lY2FhLTExZTYtOGY4OC0zNDM2M2JjN2M0YzAiOnsiY3JlYXRlIjozMDAwMDAwMDAwMDAsImRlbGV0ZSI6MzAwMDAwMDAwMDAwLCJ1cGRhdGUiOjEyMDAwMDAwMDAwMH19",
          "dependencies": [
            "aws_internet_gateway.prod_igw",
            "aws_route_table.prod_public_rt",
            "aws_subnet.prod",
            "aws_vpc.prod"
          ]
        },
        {
          "index_key": "pub-sub-2b",
          "schema_version": 0,
          "attributes": {
            "gateway_id": "",
            "id": "rtbassoc-0e32c393882d9cbab",
            "route_table_id": "rtb-01d9f0ac421f94a00",
            "subnet_id": "subnet-033f4516e7699bdea",
            "timeouts": null
          },
          "sensitive_attributes": [],
          "private": "eyJlMmJmYjczMC1lY2FhLTExZTYtOGY4OC0zNDM2M2JjN2M0YzAiOnsiY3JlYXRlIjozMDAwMDAwMDAwMDAsImRlbGV0ZSI6MzAwMDAwMDAwMDAwLCJ1cGRhdGUiOjEyMDAwMDAwMDAwMH19",
          "dependencies": [
            "aws_internet_gateway.prod_igw",
            "aws_route_table.prod_public_rt",
            "aws_subnet.prod",
            "aws_vpc.prod"
          ]
        }
      ]
    },
    {
      "mode": "managed",
      "type": "aws_security_group",
      "name": "alb_frontend_dr_sg",
      "provider": "provider[\"registry.terraform.io/hashicorp/aws\"].secondary",
      "instances": [
        {
          "schema_version": 1,
          "attributes": {
            "arn": "arn:aws:ec2:us-west-1:904233103130:security-group/sg-06b642826108dfb91",
            "description": "Allow HTTP/HTTPS to frontend ALB in DR",
            "egress": [
              {
                "cidr_blocks": [
                  "0.0.0.0/0"
                ],
                "description": "",
                "from_port": 0,
                "ipv6_cidr_blocks": [],
                "prefix_list_ids": [],
                "protocol": "-1",
                "security_groups": [],
                "self": false,
                "to_port": 0
              }
            ],
            "id": "sg-06b642826108dfb91",
            "ingress": [
              {
                "cidr_blocks": [
                  "0.0.0.0/0"
                ],
                "description": "HTTP",
                "from_port": 80,
                "ipv6_cidr_blocks": [],
                "prefix_list_ids": [],
                "protocol": "tcp",
                "security_groups": [],
                "self": false,
                "to_port": 80
              },
              {
                "cidr_blocks": [
                  "0.0.0.0/0"
                ],
                "description": "HTTPS",
                "from_port": 443,
                "ipv6_cidr_blocks": [],
                "prefix_list_ids": [],
                "protocol": "tcp",
                "security_groups": [],
                "self": false,
                "to_port": 443
              }
            ],
            "name": "alb-frontend-dr-sg",
            "name_prefix": "",
            "owner_id": "904233103130",
            "revoke_rules_on_delete": false,
            "tags": {
              "Name": "alb-frontend-dr-sg"
            },
            "tags_all": {
              "Name": "alb-frontend-dr-sg"
            },
            "timeouts": null,
            "vpc_id": "vpc-0ad5747f076c6d4b6"
          },
          "sensitive_attributes": [],
          "private": "eyJlMmJmYjczMC1lY2FhLTExZTYtOGY4OC0zNDM2M2JjN2M0YzAiOnsiY3JlYXRlIjo2MDAwMDAwMDAwMDAsImRlbGV0ZSI6OTAwMDAwMDAwMDAwfSwic2NoZW1hX3ZlcnNpb24iOiIxIn0=",
          "dependencies": [
            "aws_vpc.dr"
          ]
        }
      ]
    },
    {
      "mode": "managed",
      "type": "aws_security_group",
      "name": "alb_frontend_sg",
      "provider": "provider[\"registry.terraform.io/hashicorp/aws\"].primary",
      "instances": [
        {
          "schema_version": 1,
          "attributes": {
            "arn": "arn:aws:ec2:us-east-1:904233103130:security-group/sg-0e3cdc91f31468280",
            "description": "Allow HTTP/HTTPS for frontend ALB",
            "egress": [
              {
                "cidr_blocks": [
                  "0.0.0.0/0"
                ],
                "description": "",
                "from_port": 0,
                "ipv6_cidr_blocks": [],
                "prefix_list_ids": [],
                "protocol": "-1",
                "security_groups": [],
                "self": false,
                "to_port": 0
              }
            ],
            "id": "sg-0e3cdc91f31468280",
            "ingress": [
              {
                "cidr_blocks": [
                  "0.0.0.0/0"
                ],
                "description": "HTTP",
                "from_port": 80,
                "ipv6_cidr_blocks": [],
                "prefix_list_ids": [],
                "protocol": "tcp",
                "security_groups": [],
                "self": false,
                "to_port": 80
              },
              {
                "cidr_blocks": [
                  "0.0.0.0/0"
                ],
                "description": "HTTPS",
                "from_port": 443,
                "ipv6_cidr_blocks": [],
                "prefix_list_ids": [],
                "protocol": "tcp",
                "security_groups": [],
                "self": false,
                "to_port": 443
              }
            ],
            "name": "alb-frontend-sg",
            "name_prefix": "",
            "owner_id": "904233103130",
            "revoke_rules_on_delete": false,
            "tags": {
              "Name": "alb-frontend-sg"
            },
            "tags_all": {
              "Name": "alb-frontend-sg"
            },
            "timeouts": null,
            "vpc_id": "vpc-0f9fae74b63271bb5"
          },
          "sensitive_attributes": [],
          "private": "eyJlMmJmYjczMC1lY2FhLTExZTYtOGY4OC0zNDM2M2JjN2M0YzAiOnsiY3JlYXRlIjo2MDAwMDAwMDAwMDAsImRlbGV0ZSI6OTAwMDAwMDAwMDAwfSwic2NoZW1hX3ZlcnNpb24iOiIxIn0=",
          "dependencies": [
            "aws_vpc.prod"
          ]
        }
      ]
    },
    {
      "mode": "managed",
      "type": "aws_security_group",
      "name": "backend_alb",
      "provider": "provider[\"registry.terraform.io/hashicorp/aws\"].primary",
      "instances": [
        {
          "schema_version": 1,
          "attributes": {
            "arn": "arn:aws:ec2:us-east-1:904233103130:security-group/sg-0d597957c714cf900",
            "description": "Allow HTTP/HTTPS from anywhere",
            "egress": [
              {
                "cidr_blocks": [
                  "0.0.0.0/0"
                ],
                "description": "",
                "from_port": 0,
                "ipv6_cidr_blocks": [],
                "prefix_list_ids": [],
                "protocol": "-1",
                "security_groups": [],
                "self": false,
                "to_port": 0
              }
            ],
            "id": "sg-0d597957c714cf900",
            "ingress": [
              {
                "cidr_blocks": [
                  "0.0.0.0/0"
                ],
                "description": "HTTP",
                "from_port": 80,
                "ipv6_cidr_blocks": [],
                "prefix_list_ids": [],
                "protocol": "tcp",
                "security_groups": [],
                "self": false,
                "to_port": 80
              },
              {
                "cidr_blocks": [
                  "0.0.0.0/0"
                ],
                "description": "HTTPS",
                "from_port": 443,
                "ipv6_cidr_blocks": [],
                "prefix_list_ids": [],
                "protocol": "tcp",
                "security_groups": [],
                "self": false,
                "to_port": 443
              }
            ],
            "name": "backend-alb-sg",
            "name_prefix": "",
            "owner_id": "904233103130",
            "revoke_rules_on_delete": false,
            "tags": {},
            "tags_all": {},
            "timeouts": null,
            "vpc_id": "vpc-0f9fae74b63271bb5"
          },
          "sensitive_attributes": [],
          "private": "eyJlMmJmYjczMC1lY2FhLTExZTYtOGY4OC0zNDM2M2JjN2M0YzAiOnsiY3JlYXRlIjo2MDAwMDAwMDAwMDAsImRlbGV0ZSI6OTAwMDAwMDAwMDAwfSwic2NoZW1hX3ZlcnNpb24iOiIxIn0=",
          "dependencies": [
            "aws_vpc.prod"
          ],
          "create_before_destroy": true
        }
      ]
    },
    {
      "mode": "managed",
      "type": "aws_security_group",
      "name": "backend_ec2",
      "provider": "provider[\"registry.terraform.io/hashicorp/aws\"].primary",
      "instances": [
        {
          "schema_version": 1,
          "attributes": {
            "arn": "arn:aws:ec2:us-east-1:904233103130:security-group/sg-09c54df66ba3ec1ab",
            "description": "Allow HTTP from backend ALB and SSH from bastion",
            "egress": [
              {
                "cidr_blocks": [
                  "0.0.0.0/0"
                ],
                "description": "",
                "from_port": 0,
                "ipv6_cidr_blocks": [],
                "prefix_list_ids": [],
                "protocol": "-1",
                "security_groups": [],
                "self": false,
                "to_port": 0
              }
            ],
            "id": "sg-09c54df66ba3ec1ab",
            "ingress": [
              {
                "cidr_blocks": [],
                "description": "HTTP from ALB Backend",
                "from_port": 80,
                "ipv6_cidr_blocks": [],
                "prefix_list_ids": [],
                "protocol": "tcp",
                "security_groups": [
                  "sg-0d597957c714cf900"
                ],
                "self": false,
                "to_port": 80
              },
              {
                "cidr_blocks": [],
                "description": "SSH from Bastion",
                "from_port": 22,
                "ipv6_cidr_blocks": [],
                "prefix_list_ids": [],
                "protocol": "tcp",
                "security_groups": [
                  "sg-0db8f298ad70a4b2a"
                ],
                "self": false,
                "to_port": 22
              }
            ],
            "name": "backend-ec2-sg",
            "name_prefix": "",
            "owner_id": "904233103130",
            "revoke_rules_on_delete": false,
            "tags": {},
            "tags_all": {},
            "timeouts": null,
            "vpc_id": "vpc-0f9fae74b63271bb5"
          },
          "sensitive_attributes": [],
          "private": "eyJlMmJmYjczMC1lY2FhLTExZTYtOGY4OC0zNDM2M2JjN2M0YzAiOnsiY3JlYXRlIjo2MDAwMDAwMDAwMDAsImRlbGV0ZSI6OTAwMDAwMDAwMDAwfSwic2NoZW1hX3ZlcnNpb24iOiIxIn0=",
          "dependencies": [
            "aws_security_group.backend_alb",
            "aws_security_group.bastion",
            "aws_vpc.prod"
          ],
          "create_before_destroy": true
        }
      ]
    },
    {
      "mode": "managed",
      "type": "aws_security_group",
      "name": "backend_ec2_dr",
      "provider": "provider[\"registry.terraform.io/hashicorp/aws\"].secondary",
      "instances": [
        {
          "schema_version": 1,
          "attributes": {
            "arn": "arn:aws:ec2:us-west-1:904233103130:security-group/sg-02990cac4c21b4fe7",
            "description": "Allow HTTP and SSH (DR)",
            "egress": [
              {
                "cidr_blocks": [
                  "0.0.0.0/0"
                ],
                "description": "",
                "from_port": 0,
                "ipv6_cidr_blocks": [],
                "prefix_list_ids": [],
                "protocol": "-1",
                "security_groups": [],
                "self": false,
                "to_port": 0
              }
            ],
            "id": "sg-02990cac4c21b4fe7",
            "ingress": [
              {
                "cidr_blocks": [
                  "0.0.0.0/0"
                ],
                "description": "HTTP",
                "from_port": 3000,
                "ipv6_cidr_blocks": [],
                "prefix_list_ids": [],
                "protocol": "tcp",
                "security_groups": [],
                "self": false,
                "to_port": 3000
              },
              {
                "cidr_blocks": [
                  "0.0.0.0/0"
                ],
                "description": "SSH",
                "from_port": 22,
                "ipv6_cidr_blocks": [],
                "prefix_list_ids": [],
                "protocol": "tcp",
                "security_groups": [],
                "self": false,
                "to_port": 22
              }
            ],
            "name": "backend-ec2-dr-sg",
            "name_prefix": "",
            "owner_id": "904233103130",
            "revoke_rules_on_delete": false,
            "tags": {},
            "tags_all": {},
            "timeouts": null,
            "vpc_id": "vpc-0ad5747f076c6d4b6"
          },
          "sensitive_attributes": [],
          "private": "eyJlMmJmYjczMC1lY2FhLTExZTYtOGY4OC0zNDM2M2JjN2M0YzAiOnsiY3JlYXRlIjo2MDAwMDAwMDAwMDAsImRlbGV0ZSI6OTAwMDAwMDAwMDAwfSwic2NoZW1hX3ZlcnNpb24iOiIxIn0=",
          "dependencies": [
            "aws_vpc.dr"
          ],
          "create_before_destroy": true
        }
      ]
    },
    {
      "mode": "managed",
      "type": "aws_security_group",
      "name": "bastion",
      "provider": "provider[\"registry.terraform.io/hashicorp/aws\"].primary",
      "instances": [
        {
          "schema_version": 1,
          "attributes": {
            "arn": "arn:aws:ec2:us-east-1:904233103130:security-group/sg-0db8f298ad70a4b2a",
            "description": "SSH access only from trusted IP",
            "egress": [
              {
                "cidr_blocks": [
                  "0.0.0.0/0"
                ],
                "description": "",
                "from_port": 0,
                "ipv6_cidr_blocks": [],
                "prefix_list_ids": [],
                "protocol": "-1",
                "security_groups": [],
                "self": false,
                "to_port": 0
              }
            ],
            "id": "sg-0db8f298ad70a4b2a",
            "ingress": [
              {
                "cidr_blocks": [
                  "0.0.0.0/0"
                ],
                "description": "SSH from admin IP",
                "from_port": 22,
                "ipv6_cidr_blocks": [],
                "prefix_list_ids": [],
                "protocol": "tcp",
                "security_groups": [],
                "self": false,
                "to_port": 22
              }
            ],
            "name": "bastion-sg",
            "name_prefix": "",
            "owner_id": "904233103130",
            "revoke_rules_on_delete": false,
            "tags": {},
            "tags_all": {},
            "timeouts": null,
            "vpc_id": "vpc-0f9fae74b63271bb5"
          },
          "sensitive_attributes": [],
          "private": "eyJlMmJmYjczMC1lY2FhLTExZTYtOGY4OC0zNDM2M2JjN2M0YzAiOnsiY3JlYXRlIjo2MDAwMDAwMDAwMDAsImRlbGV0ZSI6OTAwMDAwMDAwMDAwfSwic2NoZW1hX3ZlcnNpb24iOiIxIn0=",
          "dependencies": [
            "aws_vpc.prod"
          ],
          "create_before_destroy": true
        }
      ]
    },
    {
      "mode": "managed",
      "type": "aws_security_group",
      "name": "frontend_alb",
      "provider": "provider[\"registry.terraform.io/hashicorp/aws\"].primary",
      "instances": [
        {
          "schema_version": 1,
          "attributes": {
            "arn": "arn:aws:ec2:us-east-1:904233103130:security-group/sg-037aa822e6a3535a7",
            "description": "Allow HTTP/HTTPS from anywhere",
            "egress": [
              {
                "cidr_blocks": [
                  "0.0.0.0/0"
                ],
                "description": "",
                "from_port": 0,
                "ipv6_cidr_blocks": [],
                "prefix_list_ids": [],
                "protocol": "-1",
                "security_groups": [],
                "self": false,
                "to_port": 0
              }
            ],
            "id": "sg-037aa822e6a3535a7",
            "ingress": [
              {
                "cidr_blocks": [
                  "0.0.0.0/0"
                ],
                "description": "HTTP",
                "from_port": 80,
                "ipv6_cidr_blocks": [],
                "prefix_list_ids": [],
                "protocol": "tcp",
                "security_groups": [],
                "self": false,
                "to_port": 80
              },
              {
                "cidr_blocks": [
                  "0.0.0.0/0"
                ],
                "description": "HTTPS",
                "from_port": 443,
                "ipv6_cidr_blocks": [],
                "prefix_list_ids": [],
                "protocol": "tcp",
                "security_groups": [],
                "self": false,
                "to_port": 443
              }
            ],
            "name": "frontend-alb-sg",
            "name_prefix": "",
            "owner_id": "904233103130",
            "revoke_rules_on_delete": false,
            "tags": {},
            "tags_all": {},
            "timeouts": null,
            "vpc_id": "vpc-0f9fae74b63271bb5"
          },
          "sensitive_attributes": [],
          "private": "eyJlMmJmYjczMC1lY2FhLTExZTYtOGY4OC0zNDM2M2JjN2M0YzAiOnsiY3JlYXRlIjo2MDAwMDAwMDAwMDAsImRlbGV0ZSI6OTAwMDAwMDAwMDAwfSwic2NoZW1hX3ZlcnNpb24iOiIxIn0=",
          "dependencies": [
            "aws_vpc.prod"
          ]
        }
      ]
    },
    {
      "mode": "managed",
      "type": "aws_security_group",
      "name": "frontend_ec2",
      "provider": "provider[\"registry.terraform.io/hashicorp/aws\"].primary",
      "instances": [
        {
          "schema_version": 1,
          "attributes": {
            "arn": "arn:aws:ec2:us-east-1:904233103130:security-group/sg-0adc628e17c493c76",
            "description": "Allow HTTP from frontend ALB and SSH from bastion",
            "egress": [
              {
                "cidr_blocks": [
                  "0.0.0.0/0"
                ],
                "description": "",
                "from_port": 0,
                "ipv6_cidr_blocks": [],
                "prefix_list_ids": [],
                "protocol": "-1",
                "security_groups": [],
                "self": false,
                "to_port": 0
              }
            ],
            "id": "sg-0adc628e17c493c76",
            "ingress": [
              {
                "cidr_blocks": [],
                "description": "HTTP from ALB Frontend",
                "from_port": 80,
                "ipv6_cidr_blocks": [],
                "prefix_list_ids": [],
                "protocol": "tcp",
                "security_groups": [
                  "sg-037aa822e6a3535a7"
                ],
                "self": false,
                "to_port": 80
              },
              {
                "cidr_blocks": [],
                "description": "SSH from Bastion",
                "from_port": 22,
                "ipv6_cidr_blocks": [],
                "prefix_list_ids": [],
                "protocol": "tcp",
                "security_groups": [
                  "sg-0db8f298ad70a4b2a"
                ],
                "self": false,
                "to_port": 22
              }
            ],
            "name": "frontend-ec2-sg",
            "name_prefix": "",
            "owner_id": "904233103130",
            "revoke_rules_on_delete": false,
            "tags": {},
            "tags_all": {},
            "timeouts": null,
            "vpc_id": "vpc-0f9fae74b63271bb5"
          },
          "sensitive_attributes": [],
          "private": "eyJlMmJmYjczMC1lY2FhLTExZTYtOGY4OC0zNDM2M2JjN2M0YzAiOnsiY3JlYXRlIjo2MDAwMDAwMDAwMDAsImRlbGV0ZSI6OTAwMDAwMDAwMDAwfSwic2NoZW1hX3ZlcnNpb24iOiIxIn0=",
          "dependencies": [
            "aws_security_group.bastion",
            "aws_security_group.frontend_alb",
            "aws_vpc.prod"
          ]
        }
      ]
    },
    {
      "mode": "managed",
      "type": "aws_security_group",
      "name": "frontend_ec2_dr",
      "provider": "provider[\"registry.terraform.io/hashicorp/aws\"].secondary",
      "instances": [
        {
          "schema_version": 1,
          "attributes": {
            "arn": "arn:aws:ec2:us-west-1:904233103130:security-group/sg-09af5c7874a6ffec2",
            "description": "Allow HTTP and SSH (DR)",
            "egress": [
              {
                "cidr_blocks": [
                  "0.0.0.0/0"
                ],
                "description": "",
                "from_port": 0,
                "ipv6_cidr_blocks": [],
                "prefix_list_ids": [],
                "protocol": "-1",
                "security_groups": [],
                "self": false,
                "to_port": 0
              }
            ],
            "id": "sg-09af5c7874a6ffec2",
            "ingress": [
              {
                "cidr_blocks": [
                  "0.0.0.0/0"
                ],
                "description": "HTTP",
                "from_port": 80,
                "ipv6_cidr_blocks": [],
                "prefix_list_ids": [],
                "protocol": "tcp",
                "security_groups": [],
                "self": false,
                "to_port": 80
              },
              {
                "cidr_blocks": [
                  "0.0.0.0/0"
                ],
                "description": "SSH",
                "from_port": 22,
                "ipv6_cidr_blocks": [],
                "prefix_list_ids": [],
                "protocol": "tcp",
                "security_groups": [],
                "self": false,
                "to_port": 22
              }
            ],
            "name": "frontend-ec2-dr-sg",
            "name_prefix": "",
            "owner_id": "904233103130",
            "revoke_rules_on_delete": false,
            "tags": {},
            "tags_all": {},
            "timeouts": null,
            "vpc_id": "vpc-0ad5747f076c6d4b6"
          },
          "sensitive_attributes": [],
          "private": "eyJlMmJmYjczMC1lY2FhLTExZTYtOGY4OC0zNDM2M2JjN2M0YzAiOnsiY3JlYXRlIjo2MDAwMDAwMDAwMDAsImRlbGV0ZSI6OTAwMDAwMDAwMDAwfSwic2NoZW1hX3ZlcnNpb24iOiIxIn0=",
          "dependencies": [
            "aws_vpc.dr"
          ],
          "create_before_destroy": true
        }
      ]
    },
    {
      "mode": "managed",
      "type": "aws_security_group",
      "name": "rds",
      "provider": "provider[\"registry.terraform.io/hashicorp/aws\"].primary",
      "instances": [
        {
          "schema_version": 1,
          "attributes": {
            "arn": "arn:aws:ec2:us-east-1:904233103130:security-group/sg-0707ef6b866de24e0",
            "description": "Allow MySQL/Aurora from backend EC2 only",
            "egress": [
              {
                "cidr_blocks": [
                  "0.0.0.0/0"
                ],
                "description": "",
                "from_port": 0,
                "ipv6_cidr_blocks": [],
                "prefix_list_ids": [],
                "protocol": "-1",
                "security_groups": [],
                "self": false,
                "to_port": 0
              }
            ],
            "id": "sg-0707ef6b866de24e0",
            "ingress": [
              {
                "cidr_blocks": [],
                "description": "MySQL from Backend EC2",
                "from_port": 3306,
                "ipv6_cidr_blocks": [],
                "prefix_list_ids": [],
                "protocol": "tcp",
                "security_groups": [
                  "sg-09c54df66ba3ec1ab"
                ],
                "self": false,
                "to_port": 3306
              }
            ],
            "name": "rds-sg",
            "name_prefix": "",
            "owner_id": "904233103130",
            "revoke_rules_on_delete": false,
            "tags": {},
            "tags_all": {},
            "timeouts": null,
            "vpc_id": "vpc-0f9fae74b63271bb5"
          },
          "sensitive_attributes": [],
          "private": "eyJlMmJmYjczMC1lY2FhLTExZTYtOGY4OC0zNDM2M2JjN2M0YzAiOnsiY3JlYXRlIjo2MDAwMDAwMDAwMDAsImRlbGV0ZSI6OTAwMDAwMDAwMDAwfSwic2NoZW1hX3ZlcnNpb24iOiIxIn0=",
          "dependencies": [
            "aws_security_group.backend_alb",
            "aws_security_group.backend_ec2",
            "aws_security_group.bastion",
            "aws_vpc.prod"
          ]
        }
      ]
    },
    {
      "mode": "managed",
      "type": "aws_security_group",
      "name": "rds_dr",
      "provider": "provider[\"registry.terraform.io/hashicorp/aws\"].secondary",
      "instances": [
        {
          "schema_version": 1,
          "attributes": {
            "arn": "arn:aws:ec2:us-west-1:904233103130:security-group/sg-0accd18f26406bc29",
            "description": "Allow MySQL/Aurora in DR",
            "egress": [
              {
                "cidr_blocks": [
                  "0.0.0.0/0"
                ],
                "description": "",
                "from_port": 0,
                "ipv6_cidr_blocks": [],
                "prefix_list_ids": [],
                "protocol": "-1",
                "security_groups": [],
                "self": false,
                "to_port": 0
              }
            ],
            "id": "sg-0accd18f26406bc29",
            "ingress": [
              {
                "cidr_blocks": [
                  "0.0.0.0/0"
                ],
                "description": "MySQL ingress (adjust later)",
                "from_port": 3306,
                "ipv6_cidr_blocks": [],
                "prefix_list_ids": [],
                "protocol": "tcp",
                "security_groups": [],
                "self": false,
                "to_port": 3306
              }
            ],
            "name": "rds-dr-sg",
            "name_prefix": "",
            "owner_id": "904233103130",
            "revoke_rules_on_delete": false,
            "tags": {
              "Name": "rds-dr-sg"
            },
            "tags_all": {
              "Name": "rds-dr-sg"
            },
            "timeouts": null,
            "vpc_id": "vpc-0ad5747f076c6d4b6"
          },
          "sensitive_attributes": [],
          "private": "eyJlMmJmYjczMC1lY2FhLTExZTYtOGY4OC0zNDM2M2JjN2M0YzAiOnsiY3JlYXRlIjo2MDAwMDAwMDAwMDAsImRlbGV0ZSI6OTAwMDAwMDAwMDAwfSwic2NoZW1hX3ZlcnNpb24iOiIxIn0=",
          "dependencies": [
            "aws_vpc.dr"
          ]
        }
      ]
    },
    {
      "mode": "managed",
      "type": "aws_security_group",
      "name": "web_sg_east",
      "provider": "provider[\"registry.terraform.io/hashicorp/aws\"].primary",
      "instances": [
        {
          "schema_version": 1,
          "attributes": {
            "arn": "arn:aws:ec2:us-east-1:904233103130:security-group/sg-06d871e244218bcf7",
            "description": "Managed by Terraform",
            "egress": [
              {
                "cidr_blocks": [
                  "0.0.0.0/0"
                ],
                "description": "",
                "from_port": 0,
                "ipv6_cidr_blocks": [],
                "prefix_list_ids": [],
                "protocol": "-1",
                "security_groups": [],
                "self": false,
                "to_port": 0
              }
            ],
            "id": "sg-06d871e244218bcf7",
            "ingress": [
              {
                "cidr_blocks": [
                  "0.0.0.0/0"
                ],
                "description": "",
                "from_port": 22,
                "ipv6_cidr_blocks": [],
                "prefix_list_ids": [],
                "protocol": "tcp",
                "security_groups": [],
                "self": false,
                "to_port": 22
              },
              {
                "cidr_blocks": [
                  "0.0.0.0/0"
                ],
                "description": "",
                "from_port": 443,
                "ipv6_cidr_blocks": [],
                "prefix_list_ids": [],
                "protocol": "tcp",
                "security_groups": [],
                "self": false,
                "to_port": 443
              },
              {
                "cidr_blocks": [
                  "0.0.0.0/0"
                ],
                "description": "",
                "from_port": 80,
                "ipv6_cidr_blocks": [],
                "prefix_list_ids": [],
                "protocol": "tcp",
                "security_groups": [],
                "self": false,
                "to_port": 80
              }
            ],
            "name": "temp-web-sg-east",
            "name_prefix": "",
            "owner_id": "904233103130",
            "revoke_rules_on_delete": false,
            "tags": {},
            "tags_all": {},
            "timeouts": null,
            "vpc_id": "vpc-0f9fae74b63271bb5"
          },
          "sensitive_attributes": [],
          "private": "eyJlMmJmYjczMC1lY2FhLTExZTYtOGY4OC0zNDM2M2JjN2M0YzAiOnsiY3JlYXRlIjo2MDAwMDAwMDAwMDAsImRlbGV0ZSI6OTAwMDAwMDAwMDAwfSwic2NoZW1hX3ZlcnNpb24iOiIxIn0=",
          "dependencies": [
            "aws_vpc.prod"
          ],
          "create_before_destroy": true
        }
      ]
    },
    {
      "mode": "managed",
      "type": "aws_security_group",
      "name": "web_sg_west",
      "provider": "provider[\"registry.terraform.io/hashicorp/aws\"].secondary",
      "instances": [
        {
          "schema_version": 1,
          "attributes": {
            "arn": "arn:aws:ec2:us-west-1:904233103130:security-group/sg-07d8a224c2279303a",
            "description": "Managed by Terraform",
            "egress": [
              {
                "cidr_blocks": [
                  "0.0.0.0/0"
                ],
                "description": "All traffic out",
                "from_port": 0,
                "ipv6_cidr_blocks": [],
                "prefix_list_ids": [],
                "protocol": "-1",
                "security_groups": [],
                "self": false,
                "to_port": 0
              }
            ],
            "id": "sg-07d8a224c2279303a",
            "ingress": [
              {
                "cidr_blocks": [
                  "0.0.0.0/0"
                ],
                "description": "",
                "from_port": 22,
                "ipv6_cidr_blocks": [],
                "prefix_list_ids": [],
                "protocol": "tcp",
                "security_groups": [],
                "self": false,
                "to_port": 22
              },
              {
                "cidr_blocks": [
                  "0.0.0.0/0"
                ],
                "description": "HTTP",
                "from_port": 80,
                "ipv6_cidr_blocks": [],
                "prefix_list_ids": [],
                "protocol": "tcp",
                "security_groups": [],
                "self": false,
                "to_port": 80
              },
              {
                "cidr_blocks": [
                  "0.0.0.0/0"
                ],
                "description": "HTTPS",
                "from_port": 443,
                "ipv6_cidr_blocks": [],
                "prefix_list_ids": [],
                "protocol": "tcp",
                "security_groups": [],
                "self": false,
                "to_port": 443
              }
            ],
            "name": "temp-web-sg-west",
            "name_prefix": "",
            "owner_id": "904233103130",
            "revoke_rules_on_delete": false,
            "tags": {},
            "tags_all": {},
            "timeouts": null,
            "vpc_id": "vpc-0ad5747f076c6d4b6"
          },
          "sensitive_attributes": [],
          "private": "eyJlMmJmYjczMC1lY2FhLTExZTYtOGY4OC0zNDM2M2JjN2M0YzAiOnsiY3JlYXRlIjo2MDAwMDAwMDAwMDAsImRlbGV0ZSI6OTAwMDAwMDAwMDAwfSwic2NoZW1hX3ZlcnNpb24iOiIxIn0=",
          "dependencies": [
            "aws_vpc.dr"
          ],
          "create_before_destroy": true
        }
      ]
    },
    {
      "mode": "managed",
      "type": "aws_security_group_rule",
      "name": "allow_alb_to_frontend_80",
      "provider": "provider[\"registry.terraform.io/hashicorp/aws\"].primary",
      "instances": [
        {
          "schema_version": 2,
          "attributes": {
            "cidr_blocks": null,
            "description": null,
            "from_port": 80,
            "id": "sgrule-1857664192",
            "ipv6_cidr_blocks": null,
            "prefix_list_ids": null,
            "protocol": "tcp",
            "security_group_id": "sg-0adc628e17c493c76",
            "security_group_rule_id": "sgr-050c707738ae0d31e",
            "self": false,
            "source_security_group_id": "sg-0e3cdc91f31468280",
            "timeouts": null,
            "to_port": 80,
            "type": "ingress"
          },
          "sensitive_attributes": [],
          "private": "eyJlMmJmYjczMC1lY2FhLTExZTYtOGY4OC0zNDM2M2JjN2M0YzAiOnsiY3JlYXRlIjozMDAwMDAwMDAwMDB9LCJzY2hlbWFfdmVyc2lvbiI6IjIifQ==",
          "dependencies": [
            "aws_security_group.alb_frontend_sg",
            "aws_security_group.bastion",
            "aws_security_group.frontend_alb",
            "aws_security_group.frontend_ec2",
            "aws_vpc.prod"
          ]
        }
      ]
    },
    {
      "mode": "managed",
      "type": "aws_subnet",
      "name": "dr",
      "provider": "provider[\"registry.terraform.io/hashicorp/aws\"].secondary",
      "instances": [
        {
          "index_key": "pri-sub-3a",
          "schema_version": 1,
          "attributes": {
            "arn": "arn:aws:ec2:us-west-1:904233103130:subnet/subnet-077ada06fb35f079d",
            "assign_ipv6_address_on_creation": false,
            "availability_zone": "us-west-1b",
            "availability_zone_id": "usw1-az3",
            "cidr_block": "172.20.3.0/24",
            "customer_owned_ipv4_pool": "",
            "enable_dns64": false,
            "enable_lni_at_device_index": 0,
            "enable_resource_name_dns_a_record_on_launch": false,
            "enable_resource_name_dns_aaaa_record_on_launch": false,
            "id": "subnet-077ada06fb35f079d",
            "ipv6_cidr_block": "",
            "ipv6_cidr_block_association_id": "",
            "ipv6_native": false,
            "map_customer_owned_ip_on_launch": false,
            "map_public_ip_on_launch": false,
            "outpost_arn": "",
            "owner_id": "904233103130",
            "private_dns_hostname_type_on_launch": "ip-name",
            "tags": {
              "Name": "pri-sub-3a",
              "Tier": "web"
            },
            "tags_all": {
              "Name": "pri-sub-3a",
              "Tier": "web"
            },
            "timeouts": null,
            "vpc_id": "vpc-0ad5747f076c6d4b6"
          },
          "sensitive_attributes": [],
          "private": "eyJlMmJmYjczMC1lY2FhLTExZTYtOGY4OC0zNDM2M2JjN2M0YzAiOnsiY3JlYXRlIjo2MDAwMDAwMDAwMDAsImRlbGV0ZSI6MTIwMDAwMDAwMDAwMH0sInNjaGVtYV92ZXJzaW9uIjoiMSJ9",
          "dependencies": [
            "aws_vpc.dr"
          ],
          "create_before_destroy": true
        },
        {
          "index_key": "pri-sub-4b",
          "schema_version": 1,
          "attributes": {
            "arn": "arn:aws:ec2:us-west-1:904233103130:subnet/subnet-020f4a5df14b62fda",
            "assign_ipv6_address_on_creation": false,
            "availability_zone": "us-west-1c",
            "availability_zone_id": "usw1-az1",
            "cidr_block": "172.20.4.0/24",
            "customer_owned_ipv4_pool": "",
            "enable_dns64": false,
            "enable_lni_at_device_index": 0,
            "enable_resource_name_dns_a_record_on_launch": false,
            "enable_resource_name_dns_aaaa_record_on_launch": false,
            "id": "subnet-020f4a5df14b62fda",
            "ipv6_cidr_block": "",
            "ipv6_cidr_block_association_id": "",
            "ipv6_native": false,
            "map_customer_owned_ip_on_launch": false,
            "map_public_ip_on_launch": false,
            "outpost_arn": "",
            "owner_id": "904233103130",
            "private_dns_hostname_type_on_launch": "ip-name",
            "tags": {
              "Name": "pri-sub-4b",
              "Tier": "web"
            },
            "tags_all": {
              "Name": "pri-sub-4b",
              "Tier": "web"
            },
            "timeouts": null,
            "vpc_id": "vpc-0ad5747f076c6d4b6"
          },
          "sensitive_attributes": [],
          "private": "eyJlMmJmYjczMC1lY2FhLTExZTYtOGY4OC0zNDM2M2JjN2M0YzAiOnsiY3JlYXRlIjo2MDAwMDAwMDAwMDAsImRlbGV0ZSI6MTIwMDAwMDAwMDAwMH0sInNjaGVtYV92ZXJzaW9uIjoiMSJ9",
          "dependencies": [
            "aws_vpc.dr"
          ],
          "create_before_destroy": true
        },
        {
          "index_key": "pri-sub-5a",
          "schema_version": 1,
          "attributes": {
            "arn": "arn:aws:ec2:us-west-1:904233103130:subnet/subnet-0b261839c7ad48aa0",
            "assign_ipv6_address_on_creation": false,
            "availability_zone": "us-west-1b",
            "availability_zone_id": "usw1-az3",
            "cidr_block": "172.20.5.0/24",
            "customer_owned_ipv4_pool": "",
            "enable_dns64": false,
            "enable_lni_at_device_index": 0,
            "enable_resource_name_dns_a_record_on_launch": false,
            "enable_resource_name_dns_aaaa_record_on_launch": false,
            "id": "subnet-0b261839c7ad48aa0",
            "ipv6_cidr_block": "",
            "ipv6_cidr_block_association_id": "",
            "ipv6_native": false,
            "map_customer_owned_ip_on_launch": false,
            "map_public_ip_on_launch": false,
            "outpost_arn": "",
            "owner_id": "904233103130",
            "private_dns_hostname_type_on_launch": "ip-name",
            "tags": {
              "Name": "pri-sub-5a",
              "Tier": "app"
            },
            "tags_all": {
              "Name": "pri-sub-5a",
              "Tier": "app"
            },
            "timeouts": null,
            "vpc_id": "vpc-0ad5747f076c6d4b6"
          },
          "sensitive_attributes": [],
          "private": "eyJlMmJmYjczMC1lY2FhLTExZTYtOGY4OC0zNDM2M2JjN2M0YzAiOnsiY3JlYXRlIjo2MDAwMDAwMDAwMDAsImRlbGV0ZSI6MTIwMDAwMDAwMDAwMH0sInNjaGVtYV92ZXJzaW9uIjoiMSJ9",
          "dependencies": [
            "aws_vpc.dr"
          ],
          "create_before_destroy": true
        },
        {
          "index_key": "pri-sub-6b",
          "schema_version": 1,
          "attributes": {
            "arn": "arn:aws:ec2:us-west-1:904233103130:subnet/subnet-0f026cd5196d18415",
            "assign_ipv6_address_on_creation": false,
            "availability_zone": "us-west-1c",
            "availability_zone_id": "usw1-az1",
            "cidr_block": "172.20.6.0/24",
            "customer_owned_ipv4_pool": "",
            "enable_dns64": false,
            "enable_lni_at_device_index": 0,
            "enable_resource_name_dns_a_record_on_launch": false,
            "enable_resource_name_dns_aaaa_record_on_launch": false,
            "id": "subnet-0f026cd5196d18415",
            "ipv6_cidr_block": "",
            "ipv6_cidr_block_association_id": "",
            "ipv6_native": false,
            "map_customer_owned_ip_on_launch": false,
            "map_public_ip_on_launch": false,
            "outpost_arn": "",
            "owner_id": "904233103130",
            "private_dns_hostname_type_on_launch": "ip-name",
            "tags": {
              "Name": "pri-sub-6b",
              "Tier": "app"
            },
            "tags_all": {
              "Name": "pri-sub-6b",
              "Tier": "app"
            },
            "timeouts": null,
            "vpc_id": "vpc-0ad5747f076c6d4b6"
          },
          "sensitive_attributes": [],
          "private": "eyJlMmJmYjczMC1lY2FhLTExZTYtOGY4OC0zNDM2M2JjN2M0YzAiOnsiY3JlYXRlIjo2MDAwMDAwMDAwMDAsImRlbGV0ZSI6MTIwMDAwMDAwMDAwMH0sInNjaGVtYV92ZXJzaW9uIjoiMSJ9",
          "dependencies": [
            "aws_vpc.dr"
          ],
          "create_before_destroy": true
        },
        {
          "index_key": "pri-sub-7a",
          "schema_version": 1,
          "attributes": {
            "arn": "arn:aws:ec2:us-west-1:904233103130:subnet/subnet-050cb10f1b77c492b",
            "assign_ipv6_address_on_creation": false,
            "availability_zone": "us-west-1b",
            "availability_zone_id": "usw1-az3",
            "cidr_block": "172.20.7.0/24",
            "customer_owned_ipv4_pool": "",
            "enable_dns64": false,
            "enable_lni_at_device_index": 0,
            "enable_resource_name_dns_a_record_on_launch": false,
            "enable_resource_name_dns_aaaa_record_on_launch": false,
            "id": "subnet-050cb10f1b77c492b",
            "ipv6_cidr_block": "",
            "ipv6_cidr_block_association_id": "",
            "ipv6_native": false,
            "map_customer_owned_ip_on_launch": false,
            "map_public_ip_on_launch": false,
            "outpost_arn": "",
            "owner_id": "904233103130",
            "private_dns_hostname_type_on_launch": "ip-name",
            "tags": {
              "Name": "pri-sub-7a",
              "Tier": "db"
            },
            "tags_all": {
              "Name": "pri-sub-7a",
              "Tier": "db"
            },
            "timeouts": null,
            "vpc_id": "vpc-0ad5747f076c6d4b6"
          },
          "sensitive_attributes": [],
          "private": "eyJlMmJmYjczMC1lY2FhLTExZTYtOGY4OC0zNDM2M2JjN2M0YzAiOnsiY3JlYXRlIjo2MDAwMDAwMDAwMDAsImRlbGV0ZSI6MTIwMDAwMDAwMDAwMH0sInNjaGVtYV92ZXJzaW9uIjoiMSJ9",
          "dependencies": [
            "aws_vpc.dr"
          ],
          "create_before_destroy": true
        },
        {
          "index_key": "pri-sub-8b",
          "schema_version": 1,
          "attributes": {
            "arn": "arn:aws:ec2:us-west-1:904233103130:subnet/subnet-0e5a38f5f947ddd3d",
            "assign_ipv6_address_on_creation": false,
            "availability_zone": "us-west-1c",
            "availability_zone_id": "usw1-az1",
            "cidr_block": "172.20.8.0/24",
            "customer_owned_ipv4_pool": "",
            "enable_dns64": false,
            "enable_lni_at_device_index": 0,
            "enable_resource_name_dns_a_record_on_launch": false,
            "enable_resource_name_dns_aaaa_record_on_launch": false,
            "id": "subnet-0e5a38f5f947ddd3d",
            "ipv6_cidr_block": "",
            "ipv6_cidr_block_association_id": "",
            "ipv6_native": false,
            "map_customer_owned_ip_on_launch": false,
            "map_public_ip_on_launch": false,
            "outpost_arn": "",
            "owner_id": "904233103130",
            "private_dns_hostname_type_on_launch": "ip-name",
            "tags": {
              "Name": "pri-sub-8b",
              "Tier": "db"
            },
            "tags_all": {
              "Name": "pri-sub-8b",
              "Tier": "db"
            },
            "timeouts": null,
            "vpc_id": "vpc-0ad5747f076c6d4b6"
          },
          "sensitive_attributes": [],
          "private": "eyJlMmJmYjczMC1lY2FhLTExZTYtOGY4OC0zNDM2M2JjN2M0YzAiOnsiY3JlYXRlIjo2MDAwMDAwMDAwMDAsImRlbGV0ZSI6MTIwMDAwMDAwMDAwMH0sInNjaGVtYV92ZXJzaW9uIjoiMSJ9",
          "dependencies": [
            "aws_vpc.dr"
          ],
          "create_before_destroy": true
        },
        {
          "index_key": "pub-sub-1a",
          "schema_version": 1,
          "attributes": {
            "arn": "arn:aws:ec2:us-west-1:904233103130:subnet/subnet-01807a63260a7e080",
            "assign_ipv6_address_on_creation": false,
            "availability_zone": "us-west-1b",
            "availability_zone_id": "usw1-az3",
            "cidr_block": "172.20.1.0/24",
            "customer_owned_ipv4_pool": "",
            "enable_dns64": false,
            "enable_lni_at_device_index": 0,
            "enable_resource_name_dns_a_record_on_launch": false,
            "enable_resource_name_dns_aaaa_record_on_launch": false,
            "id": "subnet-01807a63260a7e080",
            "ipv6_cidr_block": "",
            "ipv6_cidr_block_association_id": "",
            "ipv6_native": false,
            "map_customer_owned_ip_on_launch": false,
            "map_public_ip_on_launch": true,
            "outpost_arn": "",
            "owner_id": "904233103130",
            "private_dns_hostname_type_on_launch": "ip-name",
            "tags": {
              "Name": "pub-sub-1a",
              "Tier": "alb"
            },
            "tags_all": {
              "Name": "pub-sub-1a",
              "Tier": "alb"
            },
            "timeouts": null,
            "vpc_id": "vpc-0ad5747f076c6d4b6"
          },
          "sensitive_attributes": [],
          "private": "eyJlMmJmYjczMC1lY2FhLTExZTYtOGY4OC0zNDM2M2JjN2M0YzAiOnsiY3JlYXRlIjo2MDAwMDAwMDAwMDAsImRlbGV0ZSI6MTIwMDAwMDAwMDAwMH0sInNjaGVtYV92ZXJzaW9uIjoiMSJ9",
          "dependencies": [
            "aws_vpc.dr"
          ],
          "create_before_destroy": true
        },
        {
          "index_key": "pub-sub-2b",
          "schema_version": 1,
          "attributes": {
            "arn": "arn:aws:ec2:us-west-1:904233103130:subnet/subnet-089928fb2a2151cbf",
            "assign_ipv6_address_on_creation": false,
            "availability_zone": "us-west-1c",
            "availability_zone_id": "usw1-az1",
            "cidr_block": "172.20.2.0/24",
            "customer_owned_ipv4_pool": "",
            "enable_dns64": false,
            "enable_lni_at_device_index": 0,
            "enable_resource_name_dns_a_record_on_launch": false,
            "enable_resource_name_dns_aaaa_record_on_launch": false,
            "id": "subnet-089928fb2a2151cbf",
            "ipv6_cidr_block": "",
            "ipv6_cidr_block_association_id": "",
            "ipv6_native": false,
            "map_customer_owned_ip_on_launch": false,
            "map_public_ip_on_launch": true,
            "outpost_arn": "",
            "owner_id": "904233103130",
            "private_dns_hostname_type_on_launch": "ip-name",
            "tags": {
              "Name": "pub-sub-2b",
              "Tier": "alb"
            },
            "tags_all": {
              "Name": "pub-sub-2b",
              "Tier": "alb"
            },
            "timeouts": null,
            "vpc_id": "vpc-0ad5747f076c6d4b6"
          },
          "sensitive_attributes": [],
          "private": "eyJlMmJmYjczMC1lY2FhLTExZTYtOGY4OC0zNDM2M2JjN2M0YzAiOnsiY3JlYXRlIjo2MDAwMDAwMDAwMDAsImRlbGV0ZSI6MTIwMDAwMDAwMDAwMH0sInNjaGVtYV92ZXJzaW9uIjoiMSJ9",
          "dependencies": [
            "aws_vpc.dr"
          ],
          "create_before_destroy": true
        }
      ]
    },
    {
      "mode": "managed",
      "type": "aws_subnet",
      "name": "prod",
      "provider": "provider[\"registry.terraform.io/hashicorp/aws\"].primary",
      "instances": [
        {
          "index_key": "pri-sub-3a",
          "schema_version": 1,
          "attributes": {
            "arn": "arn:aws:ec2:us-east-1:904233103130:subnet/subnet-0a627594191648ffb",
            "assign_ipv6_address_on_creation": false,
            "availability_zone": "us-east-1a",
            "availability_zone_id": "use1-az1",
            "cidr_block": "172.20.3.0/24",
            "customer_owned_ipv4_pool": "",
            "enable_dns64": false,
            "enable_lni_at_device_index": 0,
            "enable_resource_name_dns_a_record_on_launch": false,
            "enable_resource_name_dns_aaaa_record_on_launch": false,
            "id": "subnet-0a627594191648ffb",
            "ipv6_cidr_block": "",
            "ipv6_cidr_block_association_id": "",
            "ipv6_native": false,
            "map_customer_owned_ip_on_launch": false,
            "map_public_ip_on_launch": false,
            "outpost_arn": "",
            "owner_id": "904233103130",
            "private_dns_hostname_type_on_launch": "ip-name",
            "tags": {
              "Name": "pri-sub-3a",
              "Tier": "web"
            },
            "tags_all": {
              "Name": "pri-sub-3a",
              "Tier": "web"
            },
            "timeouts": null,
            "vpc_id": "vpc-0f9fae74b63271bb5"
          },
          "sensitive_attributes": [],
          "private": "eyJlMmJmYjczMC1lY2FhLTExZTYtOGY4OC0zNDM2M2JjN2M0YzAiOnsiY3JlYXRlIjo2MDAwMDAwMDAwMDAsImRlbGV0ZSI6MTIwMDAwMDAwMDAwMH0sInNjaGVtYV92ZXJzaW9uIjoiMSJ9",
          "dependencies": [
            "aws_vpc.prod"
          ],
          "create_before_destroy": true
        },
        {
          "index_key": "pri-sub-4b",
          "schema_version": 1,
          "attributes": {
            "arn": "arn:aws:ec2:us-east-1:904233103130:subnet/subnet-0410c7955a9b972aa",
            "assign_ipv6_address_on_creation": false,
            "availability_zone": "us-east-1b",
            "availability_zone_id": "use1-az2",
            "cidr_block": "172.20.4.0/24",
            "customer_owned_ipv4_pool": "",
            "enable_dns64": false,
            "enable_lni_at_device_index": 0,
            "enable_resource_name_dns_a_record_on_launch": false,
            "enable_resource_name_dns_aaaa_record_on_launch": false,
            "id": "subnet-0410c7955a9b972aa",
            "ipv6_cidr_block": "",
            "ipv6_cidr_block_association_id": "",
            "ipv6_native": false,
            "map_customer_owned_ip_on_launch": false,
            "map_public_ip_on_launch": false,
            "outpost_arn": "",
            "owner_id": "904233103130",
            "private_dns_hostname_type_on_launch": "ip-name",
            "tags": {
              "Name": "pri-sub-4b",
              "Tier": "web"
            },
            "tags_all": {
              "Name": "pri-sub-4b",
              "Tier": "web"
            },
            "timeouts": null,
            "vpc_id": "vpc-0f9fae74b63271bb5"
          },
          "sensitive_attributes": [],
          "private": "eyJlMmJmYjczMC1lY2FhLTExZTYtOGY4OC0zNDM2M2JjN2M0YzAiOnsiY3JlYXRlIjo2MDAwMDAwMDAwMDAsImRlbGV0ZSI6MTIwMDAwMDAwMDAwMH0sInNjaGVtYV92ZXJzaW9uIjoiMSJ9",
          "dependencies": [
            "aws_vpc.prod"
          ],
          "create_before_destroy": true
        },
        {
          "index_key": "pri-sub-5a",
          "schema_version": 1,
          "attributes": {
            "arn": "arn:aws:ec2:us-east-1:904233103130:subnet/subnet-03260d5b174de5b8b",
            "assign_ipv6_address_on_creation": false,
            "availability_zone": "us-east-1a",
            "availability_zone_id": "use1-az1",
            "cidr_block": "172.20.5.0/24",
            "customer_owned_ipv4_pool": "",
            "enable_dns64": false,
            "enable_lni_at_device_index": 0,
            "enable_resource_name_dns_a_record_on_launch": false,
            "enable_resource_name_dns_aaaa_record_on_launch": false,
            "id": "subnet-03260d5b174de5b8b",
            "ipv6_cidr_block": "",
            "ipv6_cidr_block_association_id": "",
            "ipv6_native": false,
            "map_customer_owned_ip_on_launch": false,
            "map_public_ip_on_launch": false,
            "outpost_arn": "",
            "owner_id": "904233103130",
            "private_dns_hostname_type_on_launch": "ip-name",
            "tags": {
              "Name": "pri-sub-5a",
              "Tier": "app"
            },
            "tags_all": {
              "Name": "pri-sub-5a",
              "Tier": "app"
            },
            "timeouts": null,
            "vpc_id": "vpc-0f9fae74b63271bb5"
          },
          "sensitive_attributes": [],
          "private": "eyJlMmJmYjczMC1lY2FhLTExZTYtOGY4OC0zNDM2M2JjN2M0YzAiOnsiY3JlYXRlIjo2MDAwMDAwMDAwMDAsImRlbGV0ZSI6MTIwMDAwMDAwMDAwMH0sInNjaGVtYV92ZXJzaW9uIjoiMSJ9",
          "dependencies": [
            "aws_vpc.prod"
          ],
          "create_before_destroy": true
        },
        {
          "index_key": "pri-sub-6b",
          "schema_version": 1,
          "attributes": {
            "arn": "arn:aws:ec2:us-east-1:904233103130:subnet/subnet-059fdc5f7672144f8",
            "assign_ipv6_address_on_creation": false,
            "availability_zone": "us-east-1b",
            "availability_zone_id": "use1-az2",
            "cidr_block": "172.20.6.0/24",
            "customer_owned_ipv4_pool": "",
            "enable_dns64": false,
            "enable_lni_at_device_index": 0,
            "enable_resource_name_dns_a_record_on_launch": false,
            "enable_resource_name_dns_aaaa_record_on_launch": false,
            "id": "subnet-059fdc5f7672144f8",
            "ipv6_cidr_block": "",
            "ipv6_cidr_block_association_id": "",
            "ipv6_native": false,
            "map_customer_owned_ip_on_launch": false,
            "map_public_ip_on_launch": false,
            "outpost_arn": "",
            "owner_id": "904233103130",
            "private_dns_hostname_type_on_launch": "ip-name",
            "tags": {
              "Name": "pri-sub-6b",
              "Tier": "app"
            },
            "tags_all": {
              "Name": "pri-sub-6b",
              "Tier": "app"
            },
            "timeouts": null,
            "vpc_id": "vpc-0f9fae74b63271bb5"
          },
          "sensitive_attributes": [],
          "private": "eyJlMmJmYjczMC1lY2FhLTExZTYtOGY4OC0zNDM2M2JjN2M0YzAiOnsiY3JlYXRlIjo2MDAwMDAwMDAwMDAsImRlbGV0ZSI6MTIwMDAwMDAwMDAwMH0sInNjaGVtYV92ZXJzaW9uIjoiMSJ9",
          "dependencies": [
            "aws_vpc.prod"
          ],
          "create_before_destroy": true
        },
        {
          "index_key": "pri-sub-7a",
          "schema_version": 1,
          "attributes": {
            "arn": "arn:aws:ec2:us-east-1:904233103130:subnet/subnet-08246f8160392c262",
            "assign_ipv6_address_on_creation": false,
            "availability_zone": "us-east-1a",
            "availability_zone_id": "use1-az1",
            "cidr_block": "172.20.7.0/24",
            "customer_owned_ipv4_pool": "",
            "enable_dns64": false,
            "enable_lni_at_device_index": 0,
            "enable_resource_name_dns_a_record_on_launch": false,
            "enable_resource_name_dns_aaaa_record_on_launch": false,
            "id": "subnet-08246f8160392c262",
            "ipv6_cidr_block": "",
            "ipv6_cidr_block_association_id": "",
            "ipv6_native": false,
            "map_customer_owned_ip_on_launch": false,
            "map_public_ip_on_launch": false,
            "outpost_arn": "",
            "owner_id": "904233103130",
            "private_dns_hostname_type_on_launch": "ip-name",
            "tags": {
              "Name": "pri-sub-7a",
              "Tier": "db"
            },
            "tags_all": {
              "Name": "pri-sub-7a",
              "Tier": "db"
            },
            "timeouts": null,
            "vpc_id": "vpc-0f9fae74b63271bb5"
          },
          "sensitive_attributes": [],
          "private": "eyJlMmJmYjczMC1lY2FhLTExZTYtOGY4OC0zNDM2M2JjN2M0YzAiOnsiY3JlYXRlIjo2MDAwMDAwMDAwMDAsImRlbGV0ZSI6MTIwMDAwMDAwMDAwMH0sInNjaGVtYV92ZXJzaW9uIjoiMSJ9",
          "dependencies": [
            "aws_vpc.prod"
          ],
          "create_before_destroy": true
        },
        {
          "index_key": "pri-sub-8b",
          "schema_version": 1,
          "attributes": {
            "arn": "arn:aws:ec2:us-east-1:904233103130:subnet/subnet-03d74fb4b8d696652",
            "assign_ipv6_address_on_creation": false,
            "availability_zone": "us-east-1b",
            "availability_zone_id": "use1-az2",
            "cidr_block": "172.20.8.0/24",
            "customer_owned_ipv4_pool": "",
            "enable_dns64": false,
            "enable_lni_at_device_index": 0,
            "enable_resource_name_dns_a_record_on_launch": false,
            "enable_resource_name_dns_aaaa_record_on_launch": false,
            "id": "subnet-03d74fb4b8d696652",
            "ipv6_cidr_block": "",
            "ipv6_cidr_block_association_id": "",
            "ipv6_native": false,
            "map_customer_owned_ip_on_launch": false,
            "map_public_ip_on_launch": false,
            "outpost_arn": "",
            "owner_id": "904233103130",
            "private_dns_hostname_type_on_launch": "ip-name",
            "tags": {
              "Name": "pri-sub-8b",
              "Tier": "db"
            },
            "tags_all": {
              "Name": "pri-sub-8b",
              "Tier": "db"
            },
            "timeouts": null,
            "vpc_id": "vpc-0f9fae74b63271bb5"
          },
          "sensitive_attributes": [],
          "private": "eyJlMmJmYjczMC1lY2FhLTExZTYtOGY4OC0zNDM2M2JjN2M0YzAiOnsiY3JlYXRlIjo2MDAwMDAwMDAwMDAsImRlbGV0ZSI6MTIwMDAwMDAwMDAwMH0sInNjaGVtYV92ZXJzaW9uIjoiMSJ9",
          "dependencies": [
            "aws_vpc.prod"
          ],
          "create_before_destroy": true
        },
        {
          "index_key": "pub-sub-1a",
          "schema_version": 1,
          "attributes": {
            "arn": "arn:aws:ec2:us-east-1:904233103130:subnet/subnet-0b3a9a0eb49e8bfe4",
            "assign_ipv6_address_on_creation": false,
            "availability_zone": "us-east-1a",
            "availability_zone_id": "use1-az1",
            "cidr_block": "172.20.1.0/24",
            "customer_owned_ipv4_pool": "",
            "enable_dns64": false,
            "enable_lni_at_device_index": 0,
            "enable_resource_name_dns_a_record_on_launch": false,
            "enable_resource_name_dns_aaaa_record_on_launch": false,
            "id": "subnet-0b3a9a0eb49e8bfe4",
            "ipv6_cidr_block": "",
            "ipv6_cidr_block_association_id": "",
            "ipv6_native": false,
            "map_customer_owned_ip_on_launch": false,
            "map_public_ip_on_launch": true,
            "outpost_arn": "",
            "owner_id": "904233103130",
            "private_dns_hostname_type_on_launch": "ip-name",
            "tags": {
              "Name": "pub-sub-1a",
              "Tier": "alb"
            },
            "tags_all": {
              "Name": "pub-sub-1a",
              "Tier": "alb"
            },
            "timeouts": null,
            "vpc_id": "vpc-0f9fae74b63271bb5"
          },
          "sensitive_attributes": [],
          "private": "eyJlMmJmYjczMC1lY2FhLTExZTYtOGY4OC0zNDM2M2JjN2M0YzAiOnsiY3JlYXRlIjo2MDAwMDAwMDAwMDAsImRlbGV0ZSI6MTIwMDAwMDAwMDAwMH0sInNjaGVtYV92ZXJzaW9uIjoiMSJ9",
          "dependencies": [
            "aws_vpc.prod"
          ],
          "create_before_destroy": true
        },
        {
          "index_key": "pub-sub-2b",
          "schema_version": 1,
          "attributes": {
            "arn": "arn:aws:ec2:us-east-1:904233103130:subnet/subnet-033f4516e7699bdea",
            "assign_ipv6_address_on_creation": false,
            "availability_zone": "us-east-1b",
            "availability_zone_id": "use1-az2",
            "cidr_block": "172.20.2.0/24",
            "customer_owned_ipv4_pool": "",
            "enable_dns64": false,
            "enable_lni_at_device_index": 0,
            "enable_resource_name_dns_a_record_on_launch": false,
            "enable_resource_name_dns_aaaa_record_on_launch": false,
            "id": "subnet-033f4516e7699bdea",
            "ipv6_cidr_block": "",
            "ipv6_cidr_block_association_id": "",
            "ipv6_native": false,
            "map_customer_owned_ip_on_launch": false,
            "map_public_ip_on_launch": true,
            "outpost_arn": "",
            "owner_id": "904233103130",
            "private_dns_hostname_type_on_launch": "ip-name",
            "tags": {
              "Name": "pub-sub-2b",
              "Tier": "alb"
            },
            "tags_all": {
              "Name": "pub-sub-2b",
              "Tier": "alb"
            },
            "timeouts": null,
            "vpc_id": "vpc-0f9fae74b63271bb5"
          },
          "sensitive_attributes": [],
          "private": "eyJlMmJmYjczMC1lY2FhLTExZTYtOGY4OC0zNDM2M2JjN2M0YzAiOnsiY3JlYXRlIjo2MDAwMDAwMDAwMDAsImRlbGV0ZSI6MTIwMDAwMDAwMDAwMH0sInNjaGVtYV92ZXJzaW9uIjoiMSJ9",
          "dependencies": [
            "aws_vpc.prod"
          ],
          "create_before_destroy": true
        }
      ]
    },
    {
      "mode": "managed",
      "type": "aws_vpc",
      "name": "dr",
      "provider": "provider[\"registry.terraform.io/hashicorp/aws\"].secondary",
      "instances": [
        {
          "schema_version": 1,
          "attributes": {
            "arn": "arn:aws:ec2:us-west-1:904233103130:vpc/vpc-0ad5747f076c6d4b6",
            "assign_generated_ipv6_cidr_block": false,
            "cidr_block": "172.20.0.0/16",
            "default_network_acl_id": "acl-0b9e66291d38de29f",
            "default_route_table_id": "rtb-0a112a019130f75ea",
            "default_security_group_id": "sg-05b4053963a8109cf",
            "dhcp_options_id": "dopt-065c4e5d6dbe2919e",
            "enable_dns_hostnames": true,
            "enable_dns_support": true,
            "enable_network_address_usage_metrics": false,
            "id": "vpc-0ad5747f076c6d4b6",
            "instance_tenancy": "default",
            "ipv4_ipam_pool_id": null,
            "ipv4_netmask_length": null,
            "ipv6_association_id": "",
            "ipv6_cidr_block": "",
            "ipv6_cidr_block_network_border_group": "",
            "ipv6_ipam_pool_id": "",
            "ipv6_netmask_length": 0,
            "main_route_table_id": "rtb-0a112a019130f75ea",
            "owner_id": "904233103130",
            "tags": {
              "Name": "vpc-dr"
            },
            "tags_all": {
              "Name": "vpc-dr"
            }
          },
          "sensitive_attributes": [],
          "private": "eyJzY2hlbWFfdmVyc2lvbiI6IjEifQ==",
          "create_before_destroy": true
        }
      ]
    },
    {
      "mode": "managed",
      "type": "aws_vpc",
      "name": "prod",
      "provider": "provider[\"registry.terraform.io/hashicorp/aws\"].primary",
      "instances": [
        {
          "schema_version": 1,
          "attributes": {
            "arn": "arn:aws:ec2:us-east-1:904233103130:vpc/vpc-0f9fae74b63271bb5",
            "assign_generated_ipv6_cidr_block": false,
            "cidr_block": "172.20.0.0/16",
            "default_network_acl_id": "acl-03a2e039b60523e43",
            "default_route_table_id": "rtb-0b8500a602187f0f9",
            "default_security_group_id": "sg-09eeb18fe36f84826",
            "dhcp_options_id": "dopt-0cb33106507678f7a",
            "enable_dns_hostnames": true,
            "enable_dns_support": true,
            "enable_network_address_usage_metrics": false,
            "id": "vpc-0f9fae74b63271bb5",
            "instance_tenancy": "default",
            "ipv4_ipam_pool_id": null,
            "ipv4_netmask_length": null,
            "ipv6_association_id": "",
            "ipv6_cidr_block": "",
            "ipv6_cidr_block_network_border_group": "",
            "ipv6_ipam_pool_id": "",
            "ipv6_netmask_length": 0,
            "main_route_table_id": "rtb-0b8500a602187f0f9",
            "owner_id": "904233103130",
            "tags": {
              "Name": "vpc-prod"
            },
            "tags_all": {
              "Name": "vpc-prod"
            }
          },
          "sensitive_attributes": [],
          "private": "eyJzY2hlbWFfdmVyc2lvbiI6IjEifQ==",
          "create_before_destroy": true
        }
      ]
    },
    {
      "mode": "managed",
      "type": "aws_wafv2_web_acl",
      "name": "cf_waf",
      "provider": "provider[\"registry.terraform.io/hashicorp/aws\"].use1",
      "instances": [
        {
          "schema_version": 0,
          "attributes": {
            "application_integration_url": "",
            "arn": "arn:aws:wafv2:us-east-1:904233103130:global/webacl/cf-waf/ad46afa2-f4d2-4772-a4ea-e2b9543ac9af",
            "association_config": [],
            "capacity": 1100,
            "captcha_config": [],
            "challenge_config": [],
            "custom_response_body": [],
            "data_protection_config": [],
            "default_action": [
              {
                "allow": [
                  {
                    "custom_request_handling": []
                  }
                ],
                "block": []
              }
            ],
            "description": "WAF for CloudFront",
            "id": "ad46afa2-f4d2-4772-a4ea-e2b9543ac9af",
            "lock_token": "77115ffc-6f3f-414d-b972-facb11c90199",
            "name": "cf-waf",
            "name_prefix": "",
            "rule": [
              {
                "action": [],
                "captcha_config": [],
                "challenge_config": [],
                "name": "AWSManagedRulesCommonRuleSet",
                "override_action": [
                  {
                    "count": [],
                    "none": [
                      {}
                    ]
                  }
                ],
                "priority": 1,
                "rule_label": [],
                "statement": [
                  {
                    "and_statement": [],
                    "asn_match_statement": [],
                    "byte_match_statement": [],
                    "geo_match_statement": [],
                    "ip_set_reference_statement": [],
                    "label_match_statement": [],
                    "managed_rule_group_statement": [
                      {
                        "managed_rule_group_configs": [],
                        "name": "AWSManagedRulesCommonRuleSet",
                        "rule_action_override": [],
                        "scope_down_statement": [],
                        "vendor_name": "AWS",
                        "version": ""
                      }
                    ],
                    "not_statement": [],
                    "or_statement": [],
                    "rate_based_statement": [],
                    "regex_match_statement": [],
                    "regex_pattern_set_reference_statement": [],
                    "rule_group_reference_statement": [],
                    "size_constraint_statement": [],
                    "sqli_match_statement": [],
                    "xss_match_statement": []
                  }
                ],
                "visibility_config": [
                  {
                    "cloudwatch_metrics_enabled": true,
                    "metric_name": "cf-waf-common",
                    "sampled_requests_enabled": true
                  }
                ]
              },
              {
                "action": [],
                "captcha_config": [],
                "challenge_config": [],
                "name": "AWSManagedRulesKnownBadInputsRuleSet",
                "override_action": [
                  {
                    "count": [],
                    "none": [
                      {}
                    ]
                  }
                ],
                "priority": 2,
                "rule_label": [],
                "statement": [
                  {
                    "and_statement": [],
                    "asn_match_statement": [],
                    "byte_match_statement": [],
                    "geo_match_statement": [],
                    "ip_set_reference_statement": [],
                    "label_match_statement": [],
                    "managed_rule_group_statement": [
                      {
                        "managed_rule_group_configs": [],
                        "name": "AWSManagedRulesKnownBadInputsRuleSet",
                        "rule_action_override": [],
                        "scope_down_statement": [],
                        "vendor_name": "AWS",
                        "version": ""
                      }
                    ],
                    "not_statement": [],
                    "or_statement": [],
                    "rate_based_statement": [],
                    "regex_match_statement": [],
                    "regex_pattern_set_reference_statement": [],
                    "rule_group_reference_statement": [],
                    "size_constraint_statement": [],
                    "sqli_match_statement": [],
                    "xss_match_statement": []
                  }
                ],
                "visibility_config": [
                  {
                    "cloudwatch_metrics_enabled": true,
                    "metric_name": "cf-waf-badinputs",
                    "sampled_requests_enabled": true
                  }
                ]
              },
              {
                "action": [],
                "captcha_config": [],
                "challenge_config": [],
                "name": "AWSManagedRulesSQLiRuleSet",
                "override_action": [
                  {
                    "count": [],
                    "none": [
                      {}
                    ]
                  }
                ],
                "priority": 3,
                "rule_label": [],
                "statement": [
                  {
                    "and_statement": [],
                    "asn_match_statement": [],
                    "byte_match_statement": [],
                    "geo_match_statement": [],
                    "ip_set_reference_statement": [],
                    "label_match_statement": [],
                    "managed_rule_group_statement": [
                      {
                        "managed_rule_group_configs": [],
                        "name": "AWSManagedRulesSQLiRuleSet",
                        "rule_action_override": [],
                        "scope_down_statement": [],
                        "vendor_name": "AWS",
                        "version": ""
                      }
                    ],
                    "not_statement": [],
                    "or_statement": [],
                    "rate_based_statement": [],
                    "regex_match_statement": [],
                    "regex_pattern_set_reference_statement": [],
                    "rule_group_reference_statement": [],
                    "size_constraint_statement": [],
                    "sqli_match_statement": [],
                    "xss_match_statement": []
                  }
                ],
                "visibility_config": [
                  {
                    "cloudwatch_metrics_enabled": true,
                    "metric_name": "cf-waf-sqli",
                    "sampled_requests_enabled": true
                  }
                ]
              }
            ],
            "rule_json": null,
            "scope": "CLOUDFRONT",
            "tags": {},
            "tags_all": {},
            "token_domains": [],
            "visibility_config": [
              {
                "cloudwatch_metrics_enabled": true,
                "metric_name": "cf-waf",
                "sampled_requests_enabled": true
              }
            ]
          },
          "sensitive_attributes": [],
          "private": "bnVsbA=="
        }
      ]
    },
    {
      "mode": "managed",
      "type": "local_file",
      "name": "pem",
      "provider": "provider[\"registry.terraform.io/hashicorp/local\"]",
      "instances": [
        {
          "schema_version": 0,
          "attributes": {
            "content": "-----BEGIN RSA PRIVATE KEY-----\nMIIJKQIBAAKCAgEA67hnmCXyGaER0SyWEjSeqAzDwsA9qENTqzCcb7x+rVnzqC1G\nidPTP8e6Jh3TrNQ8Ra0ToAC1iIpPaDOY4PhnZXhJvWbm68hhCgyt+bnt5U72dTTq\nj7NqJla8+QHZ0Pi58Q0LkfFgTF5oND1I+0NqQeE6cKBCCVPTy/l0oYCzWIs3AStY\nRX2xmWWd5GZXxFy9SL/m2n+ygfYVkqoeflzZCxXTOv3C2i0SZ7mitFELP2y3Ahew\nTxHrzl3gbZ8R/L5l87zhHdUgYE6GdXJJ2xKuQfuji21Z4VvTKfDe37sUxwzoXnLg\nbnfgzj77Wgq8ZtilSH/sRbXtwR3rbrITrJ4VYrmM8orw76cNr+8C4BzNqRBnH6TP\nShOPyIkOpTyIKL6Wv17Ls9A76KyU9AbuCaP7OEVBPC+POAwPb0hmk3XVfxVlIw9c\nSCPo9ghadUkXPGvHwjFyNpOC3urZoM+xVbfSAyBZ/m8wyd5B8zSSrcRNnUXiEl0X\n8qhjs/iHUDaOSOFJdB8lDcT8jJTeCjRJeMipN98WePhVbbdwlFpcbevvBT1KWalL\nhWvvSPCicLFp69J1ua2xOPYl+3ZfcCaO90lQjzvbBKKM/80w1Rkuy2JsV5sBIzbH\nlnW9AXEOj/ZGFuz1YbY3+sJEm7g49JVR+R3OZxYfKexuEp6D0OIHmlg4n2sCAwEA\nAQKCAgAM43E+C/NiMze6GvjGgQ54BWDwNXFlCF1ftzY3phiXWgkaw5eNIB2JxUux\niSCuAbUKzxrmqs6v6wimCWlWSxxzm18x8Zl/bd5NlJRUo/75TdcMF/sZ3DT+jTls\nD8ShnPI3e9Hm6wDQSd8sS3nUAqf9CXLzWWNJ0EXF2bbUd82ETajtMcxPR9F5MjLT\nidcBG1wnkl8kf29fS53ENRjj4SfmVXry27WWzeY7XqjZAdiMGCra6oGqltRVOKPR\nAXbvhsVJBFxR2TB1WnOEWScL7aOgPvhHvpBldo82Ie1hLUoh5qUhpqDDRzrbjlq+\n8EINUmUHuf9x3S/AtMFzfhS1KrfkF+ykBu90OQZAkLaQDsosDoGESfBU5W8JEB5o\nG9ZMqTB13CiTJN0vw5MjvfrDkLyI66NnCx7vq6OOCG6NFf5AGsNxCDlzj4va2PCM\nRRAgPeS3qRs6nU2W1qNOXvEPK9WeI6h8uqkN10+neGzuLiyIzwemWU5xfXwD7e7Y\nQrMMz0GigrxT8H0wNsSEaoCwuEQZkk6WGUctu4Pa7SD/vWkNIHj8rtkjSrOCHu+H\nVLS140sl8B3U72jBcqzvD8E/N4znTCN9f1svWrBWFZnZ9HfIga5RGIUsVml5ALMn\nHshzayDn/BIlh0Gm99vQfTrwxXrQT3H6BRmLIl3ngTvKjt2bXQKCAQEA+xpnOEGy\n7BA29T3txXsG9oM3OdEbxnJIczo3sNP8Bq2mXdAEj1OS16oMkxqlaS7sysFHtLow\naVTNDVT1RDuvFqi7T/lh912xnVRzNkWlZZatDvAHAga45Xitg3tV0t3SPzz4BT5b\nK21Mrai+FobBPC6GNsBUNSt8oG5qnXuI0waauoqpJgk23KUywJvn8CjAFzI1Va1K\nE8w7Rf/NyNFrUIl1AqyGgXg1YnHuWDjPT7yaq9k6j8+mHQEuxxvkpyvaUDHQToqD\n55Yr2dGFRY53ZI5NWxhQbR79YFacYClM59JQitsyIPsBPhUObhSt6/gXXzw2MsRZ\nS5H29p1v9Whp7wKCAQEA8FE0ebaZhi0jUeX/4nqygS8lLUof6EFNi3cekfysKmBh\nf4abNAt+5uwwFaKMRHdQdkGw6O9bByTrzl1gCqv/XrLob/mtG5kX+c0r9fqpipss\nnFwWMGL8Zn+AS4rWn8cowuEo/bvgaYmJCAVFM7bL8ZUoZnsZWYfqSw4PRpZYOCKF\n9ruQqD0uNzaG7QDdqeOVgdEZYJWViJhcNsGH0q1mYM6WrePpUPzTzuZMWkKwgE0/\nndjrNfKUr9IZ3hpubK0cAejiej5Kd+2R2t3Ail0+CcebOLUoQHekg/PeMwng5WOC\nYpzruENwNWNpPWwBjfRp1U9tlq19DeYjkNjBpEcORQKCAQEArh4M3RGRg+dqdHvQ\n2FMK7Pzn2ouJev3cByqjW1ZjOC5JYlvQDaKh/DHKLmcXs+v5/k4v7r38u801srzq\npbnNGyU9XaNLrz+k3belfEim+96Tefwun9UReO1JRBbN2D5Af+FDCj/G8EIGHZUY\n2n3umFCaeHS873GMJaLrAvCaW9oEiL2FtP5GsJFMtApntjxLlsoV+acD6t5/a3aJ\nt2qfw2TNYmFHk5dLTUw7PamG93+MsQUceoQ+Z3ZefWp2DwV1iI5CJ3QdKwUSuyNy\nCl1TpMKYGUau3jvS7m6gWH3K+iT3/JEqHXxvzCDFtMdaInoRmtQhsOo+EQzR9wgM\njlssuQKCAQEAiAbvFRXuwKw8Gdd+h8u7zrPI72HNvcF5C0BZ5XiIW1RC29RtdYAs\nTLnUXeqsSvTebpGwealCdUDI2P6xpljFK+1I9Fj3S2/UymkAQTOpU/ORxM+7H5ho\nFfyFujzUT4yD3gtlEHqQBCz9i7Sv/x2xQwWS4K89Ihh03hcPPn1LYjroaUiyEQjQ\naCBNL0oWLlvL/LdHDgydn7veNoBFSVMtaA6H69Xd8yGpIqvo/A5TqcwP/mESgm7V\nCtB6I+YCKzGxcMNJrrgjns6yiJiMq8UroI2Dpw2jwxn13Vrkoy8sRauV2gvIwXwq\nv42NvF6uYpO+dCeJeIirCHsEFrEaqsotoQKCAQATfJGxh8KuLhIlFIRblbiBSX6a\nWrEWl4k5TSKFcdSzThFszU9UfhlJkxkhWbPOEY5hFA8MZjMYwcbvx6uVzkdkqqei\nn+5Cjja9/Xn1e49Ag3/T9LrALnWQ4+QkyQMcrTYMk1Z37m1OqXjyZKe6K5Uymvg5\nPMWiTvb3edkAjisPIcIj+zpe2vemk5kGsPYuiiuxbAlzHNZOC8zhnwoQy6Y/Xn+s\n/8RxdelRK3sw0qd+sg+TL0I2SeK3FG4/DC01APFje86hX9iKozJLe1AOuB+RvrK2\n3rXLDZAcnoMAU0ibo7ga+gDUMKXG8Yz3ihQZkrqCG3wqU6EvAI702WaosSuc\n-----END RSA PRIVATE KEY-----\n",
            "content_base64": null,
            "content_base64sha256": "OiLC4zsmcfXt6P83/x+XCBBUlBApRrLUKlPPVnXrZio=",
            "content_base64sha512": "Re9vuvLF4T27oEWV1f83zhkCyv2IJZELA7UV+XK/WOrO4sFFe4QxlEGXrgNizm0GWAGopzn3ZdBJv7hXZRFU9A==",
            "content_md5": "e8ac87764f33c602d784d3f8320966e9",
            "content_sha1": "4bdc6081eb7e61e2b8085021a2d519350cbb7849",
            "content_sha256": "3a22c2e33b2671f5ede8ff37ff1f9708105494102946b2d42a53cf5675eb662a",
            "content_sha512": "45ef6fbaf2c5e13dbba04595d5ff37ce1902cafd8825910b03b515f972bf58eacee2c1457b8431944197ae0362ce6d065801a8a739f765d049bfb857651154f4",
            "directory_permission": "0777",
            "file_permission": "0600",
            "filename": "./auto-temp-key.pem",
            "id": "4bdc6081eb7e61e2b8085021a2d519350cbb7849",
            "sensitive_content": null,
            "source": null
          },
          "sensitive_attributes": [
            [
              {
                "type": "get_attr",
                "value": "content"
              }
            ],
            [
              {
                "type": "get_attr",
                "value": "sensitive_content"
              }
            ]
          ],
          "dependencies": [
            "tls_private_key.auto"
          ]
        }
      ]
    },
    {
      "mode": "managed",
      "type": "local_file",
      "name": "private_key_pem",
      "provider": "provider[\"registry.terraform.io/hashicorp/local\"]",
      "instances": [
        {
          "schema_version": 0,
          "attributes": {
            "content": "-----BEGIN RSA PRIVATE KEY-----\nMIIJKAIBAAKCAgEAm1JBzQNWnJeyZhbci65N1iSq3a9cBchjkkmKszLk8K21vM+c\n39NoUDH+nJNlrE6XJfYqovtaOClusx43Sb62MkppR628JeIxcRfj2Q092hsK+y9T\nMU2XGheoJiaSlMGAnx4DWFl0+n8uL13FqfaBlO6ixLGZBqNRnR8qHDuVf6pvb97a\npPDIsWj2GRiQ6XcAogAw/ZGNHmveG4ThjDtKG6Uwo3Z1dE1G8nT44al8y+9/d5P+\nrjJk5k5xQw4h3TnAdGvyyer6+IPmBMopH4ZTceAWnXGkdempdc4Rt+JXfaRRkKXu\n1i4vODJOmNAaK0ub8KQ1Ed+lcwVAIYCWyoUm35N5ffsMzAbZCqWqZzTN/gQ5PzG8\n/8tGhXml3YCurRRAf/CjUi9JC63rWUHXDTIFGHCSVS9fxNeG4X9dylDYHqZ68e2o\nxL57614mwewETbzuiEgSui7RBoTzv2es0ptHchrgfjsb4yYQoMQ9TX405cdHZIAY\nx1bRO2+qvrOemRavrmZV/O/p8XsNgoPtNUGaotsHcwIwC5F+48S91Z7WSpdI/9Ll\nwfBZB/6gFya2w0bAw3MOyCCSKCU6PzQIOA9HrwqlF9xCc1zcZnc4UqttTpOOmtW6\nUdg1b9P55hkiiLaQ0Dwn2GrImwxtBLbQSdFbFLu/WeU99LlN4/hHTzHRZpsCAwEA\nAQKCAgBENYzxB+jGzvWI0Lxc2RiUlLi2rvZmEbjsesBe7thMe7SmbLQzNSeHpFTw\nlOhfEYpeIOtbdK+Ln2JeZcQY7hgcIMJ4OGs6ZcmZpUipvp9tg1fAtGk/6xeS3VW6\nH1Fa41llRyxn5a0x/p0dLvyJpdgFPAEeCPIvUJScQB3hlScTkBjtE3yIV7eC9Zmx\nrrCg3mJYQmZBTOSgufUpt6LHTxg96L7h4jk1cGRaQJU1oJVOB+i97i+3dykJXORv\ncqrbeKu0VN2j374EWgQvEUqa7gYCKcs0rD3xjEIfmnX8f3k1k25AbCZlR5X0A1+x\nyx3a6pLaTHqD1WfWibU+oTZXTL8jW/XNwvg/78q3LLlzIs6iK8IW7Z1aADNSZuVi\nadyR6bGu4q1kDZp9EdD/wLR/WWK7gSJWknzsgH0HgTeAlNfuK2yjLx02KGVQdVlQ\nSi1dkMXWfoKzF3E+oyC6Kn4vWq5GhTF9ZTifbfQVevYd+Xztnp8unyxkjrED6DPl\nvdVioMuMQKi9G6yUDAmol9xdrCuysiVl0+604yCIlfLtxHzpSXOWPRyRYiwinTaa\ntks5HHZJV+RGbDLszlJpOaZfYX9BF6rd7I0FeQyAI1PHYYW9n+7gnH+BbGkwAnTK\nPs0llhCiTweiAS/4VUQenpTEO/89N+C+AQZ6d21HBSNpEgnj+QKCAQEAwy0A7BrJ\nJGhOvwky98CH728jiaP8JeYA36n5x/u/iRmzyHZpwTiYbShvSFGFUF9+riiS7HSR\nzqXgDy1C/1MK1ZwLpgDZZSWITOaW6C6p/HTmHU8BTUlgP1W0AivIqrjDAoSVRbzS\nQqfhUABldkTTihScqeIzCyiOPGf71JHDsvyNbbwxX0Y7iJrV6iRB6sfzkQbpZ17n\njAdYz9FPFbDiYYsA2gH47ULUO+oUeFLY5yqrVb5mbBqCZ0aGm/1PROKkTXSJCq0Q\nGkrtQGyTsC9WTmZHXRoS5SpkxhAGLTb2hvYKgkROkwmHOJYmc22smEN1kWqrkVae\nrvdrS0KV8bS7eQKCAQEAy7mwejjq+qWB/tzfU0vePvwQjK05hH+hp6BOBbqg4oaB\niw/okV9LDLm8/caNVumHEEIidh9RtaYifC8tqLrZ+mBGafOBgMX2K4PRKcGwzvBp\n6r8C7OdKlHMg3w3p0SBD47bi6Hb01CHNefqNB9qpBUzQWJX2OSuQdpn4zJC8jaIa\nf4qFLiquHlaK+3OSi13LHkGPPuIfaSu1FCiFEHnlu1BQylFYB/zXGohvAR0RgmSb\n7Ta1SUWOQdpNrlUXtmFD6EXFfM+ixykV6axc6Gta0wANz9JdbtiR2LgmfRBaPVGO\nFkWawzHm1JrObI5rNYMmgT0miSBjXIG9vJgUTt+ZswKCAQBltgk6AYd64qTO51NZ\nS0tL2qYxb3TSpzcjV+gkcKxTHULUn+ji2cSNdjnv/RO1W96fkeNnOCRYBZdrMVIt\nzq/hu81SODUSgemy8aQI4XCScLUO5wItraRrvRTu4LRVS63MnR1RV2JXfDdtwpcd\neCapWa5+1bN2CC9/iUzybPgISZbGbgFovif+O3po53Y2jPcASBLQXOPb1GRTAKfv\nDNwcqxzJf6eitWX2xzjdr4b7iP/60ht8EKCOg3FYzzxFELtA5g8YsjGnEg7ruOmK\nMlEO0Dw2Z4UbSel0Uht16qO0l3nIgyJTe+6s7YqiMrB0NQuKuYUpW3OciLGwacXM\nTTw5AoIBAQDA2GyitcBRNVyhuci5G6csrgSodc1tjDek6o0QxUJITBTSY2O+QJtV\nV3j8LPhcHkEY9dGTSUBamAIq1an9/6oZZQsifjvHfxzwwh27zjqlGVTZvqhxQtwJ\nPBYQryX3LPi21MdkUD6fk8PixHa9yZGXj8flI0dphMCCVGv8kMG7vIgi1SgOtJ4P\n39I+Bn/g5w8/+8UyPHCJaLNHerfDCfCaaIOhkHCpVwDzf9S8FB0f9kbXvKLM0kfA\nNHq2HJyOqvHSLEGuTQqERnMUuHFWHVFjTLjGUhbZt64PnPnqBxG027+Je6ftQA6G\nkGf4wLPhet13F0CkK4GC7tmBbeBDbUwbAoIBAB/gwgC7WBLyDu8aWSiNq53/z8XI\nfC/6pX5q2Whrywj9gkIfRcee68/p3F2eH1ig4CK4p7bSlLzOu+dIqMnw46/Ak9rH\nlNuOxOAleEpktkUkFUTyFgI18HEDGs6yXaSccjm1lupgsRInBjQaAwDH/C7DFvcl\nR/HYLj5wweeEiz8G/mHU+4FYsnYXtxwqVe1JeBexnSHO3nLgPqj5a6Edol/Fq/4h\nIJDKt8T+t9yE5pqTw0r0GP58Q1vg8Ylrv3ArK3kTXmKggPEHtRGyCqLeIV6sllma\nR3TJ4OVMFoExklm9F0w8sInNKZUdl0aKKXOSY6IfMXKoNC4plaMQcUhOCnc=\n-----END RSA PRIVATE KEY-----\n",
            "content_base64": null,
            "content_base64sha256": "N8Fc4ch/zW6S6QHaT4lyeAPCC6hKC6+uJ4rR7UIKFG0=",
            "content_base64sha512": "pOyFWoq7b6GP0OkfQs0D5sfvlC69ASJfG/7K/Rd9jyCwLs7YoOzCSZQ325T3Ay4Jz0AauK7aKTqmqDQo0nu+bA==",
            "content_md5": "a1a8a8d803cca8a33a903c4cf78bf72a",
            "content_sha1": "ea12530c2ee9b6d4ae147139dc6db2807eee5cd5",
            "content_sha256": "37c15ce1c87fcd6e92e901da4f89727803c20ba84a0bafae278ad1ed420a146d",
            "content_sha512": "a4ec855a8abb6fa18fd0e91f42cd03e6c7ef942ebd01225f1bfecafd177d8f20b02eced8a0ecc2499437db94f7032e09cf401ab8aeda293aa6a83428d27bbe6c",
            "directory_permission": "0777",
            "file_permission": "0600",
            "filename": "./terraform-key.pem",
            "id": "ea12530c2ee9b6d4ae147139dc6db2807eee5cd5",
            "sensitive_content": null,
            "source": null
          },
          "sensitive_attributes": [
            [
              {
                "type": "get_attr",
                "value": "sensitive_content"
              }
            ],
            [
              {
                "type": "get_attr",
                "value": "content"
              }
            ]
          ],
          "dependencies": [
            "tls_private_key.ec2_key"
          ]
        }
      ]
    },
    {
      "mode": "managed",
      "type": "local_file",
      "name": "register_domain_json",
      "provider": "provider[\"registry.terraform.io/hashicorp/local\"]",
      "instances": [
        {
          "schema_version": 0,
          "attributes": {
            "content": "{\"AdminContact\":{\"AddressLine1\":\"Via Strada 12\",\"City\":\"Torino\",\"ContactType\":\"PERSON\",\"CountryCode\":\"IT\",\"Email\":\"tua.email@example.com\",\"FirstName\":\"Pietro\",\"LastName\":\"Ruoppolo\",\"PhoneNumber\":\"+39.3330000000\",\"State\":\"TO\",\"ZipCode\":\"10100\"},\"AutoRenew\":true,\"BillingContact\":{\"AddressLine1\":\"Via Strada 12\",\"City\":\"Torino\",\"ContactType\":\"PERSON\",\"CountryCode\":\"IT\",\"Email\":\"tua.email@example.com\",\"FirstName\":\"Pietro\",\"LastName\":\"Ruoppolo\",\"PhoneNumber\":\"+39.3330000000\",\"State\":\"TO\",\"ZipCode\":\"10100\"},\"DomainName\":\"pietroruoppolo.club\",\"DurationInYears\":1,\"PrivacyProtectAdminContact\":true,\"PrivacyProtectRegistrantContact\":true,\"PrivacyProtectTechContact\":true,\"RegistrantContact\":{\"AddressLine1\":\"Via Strada 12\",\"City\":\"Torino\",\"ContactType\":\"PERSON\",\"CountryCode\":\"IT\",\"Email\":\"tua.email@example.com\",\"FirstName\":\"Pietro\",\"LastName\":\"Ruoppolo\",\"PhoneNumber\":\"+39.3330000000\",\"State\":\"TO\",\"ZipCode\":\"10100\"},\"TechContact\":{\"AddressLine1\":\"Via Strada 12\",\"City\":\"Torino\",\"ContactType\":\"PERSON\",\"CountryCode\":\"IT\",\"Email\":\"tua.email@example.com\",\"FirstName\":\"Pietro\",\"LastName\":\"Ruoppolo\",\"PhoneNumber\":\"+39.3330000000\",\"State\":\"TO\",\"ZipCode\":\"10100\"}}",
            "content_base64": null,
            "content_base64sha256": "SDzX8GLDwlduMTbFg72RkAKQtEgatShBqRRbZmZfQsY=",
            "content_base64sha512": "Fi75hJiR/ArmbrXbTt5WGOEJN+bfetXhTtEcWDCF2WjfBHrYZnTDtGhtBNXtMleVenUohKtjCGB2gzD/lBL2oQ==",
            "content_md5": "1c3fbe4b7b8050b220c0b6753dad86d8",
            "content_sha1": "c44f196fbf8af829848ee607452abc28abca5a75",
            "content_sha256": "483cd7f062c3c2576e3136c583bd91900290b4481ab52841a9145b66665f42c6",
            "content_sha512": "162ef9849891fc0ae66eb5db4ede5618e10937e6df7ad5e14ed11c583085d968df047ad86674c3b4686d04d5ed3257957a752884ab630860768330ff9412f6a1",
            "directory_permission": "0777",
            "file_permission": "0777",
            "filename": "./register-domain.json",
            "id": "c44f196fbf8af829848ee607452abc28abca5a75",
            "sensitive_content": null,
            "source": null
          },
          "sensitive_attributes": [
            [
              {
                "type": "get_attr",
                "value": "sensitive_content"
              }
            ]
          ]
        }
      ]
    },
    {
      "mode": "managed",
      "type": "null_resource",
      "name": "register_domain",
      "provider": "provider[\"registry.terraform.io/hashicorp/null\"]",
      "instances": [
        {
          "schema_version": 0,
          "attributes": {
            "id": "287974158",
            "triggers": {
              "domain_name": "pietroruoppolo.club",
              "json_hash": "c44f196fbf8af829848ee607452abc28abca5a75"
            }
          },
          "sensitive_attributes": [],
          "dependencies": [
            "local_file.register_domain_json"
          ]
        }
      ]
    },
    {
      "mode": "managed",
      "type": "null_resource",
      "name": "wait_domain_registered",
      "provider": "provider[\"registry.terraform.io/hashicorp/null\"]",
      "instances": [
        {
          "schema_version": 0,
          "attributes": {
            "id": "181754750",
            "triggers": {
              "domain_name": "pietroruoppolo.club"
            }
          },
          "sensitive_attributes": [],
          "dependencies": [
            "local_file.register_domain_json",
            "null_resource.register_domain"
          ]
        }
      ]
    },
    {
      "mode": "managed",
      "type": "tls_private_key",
      "name": "auto",
      "provider": "provider[\"registry.terraform.io/hashicorp/tls\"]",
      "instances": [
        {
          "schema_version": 1,
          "attributes": {
            "algorithm": "RSA",
            "ecdsa_curve": "P224",
            "id": "7678287e30cad13871c0c44930f673bffea5d610",
            "private_key_openssh": "-----BEGIN OPENSSH PRIVATE KEY-----\nb3BlbnNzaC1rZXktdjEAAAAABG5vbmUAAAAEbm9uZQAAAAAAAAABAAACFwAAAAdz\nc2gtcnNhAAAAAwEAAQAAAgEA67hnmCXyGaER0SyWEjSeqAzDwsA9qENTqzCcb7x+\nrVnzqC1GidPTP8e6Jh3TrNQ8Ra0ToAC1iIpPaDOY4PhnZXhJvWbm68hhCgyt+bnt\n5U72dTTqj7NqJla8+QHZ0Pi58Q0LkfFgTF5oND1I+0NqQeE6cKBCCVPTy/l0oYCz\nWIs3AStYRX2xmWWd5GZXxFy9SL/m2n+ygfYVkqoeflzZCxXTOv3C2i0SZ7mitFEL\nP2y3AhewTxHrzl3gbZ8R/L5l87zhHdUgYE6GdXJJ2xKuQfuji21Z4VvTKfDe37sU\nxwzoXnLgbnfgzj77Wgq8ZtilSH/sRbXtwR3rbrITrJ4VYrmM8orw76cNr+8C4BzN\nqRBnH6TPShOPyIkOpTyIKL6Wv17Ls9A76KyU9AbuCaP7OEVBPC+POAwPb0hmk3XV\nfxVlIw9cSCPo9ghadUkXPGvHwjFyNpOC3urZoM+xVbfSAyBZ/m8wyd5B8zSSrcRN\nnUXiEl0X8qhjs/iHUDaOSOFJdB8lDcT8jJTeCjRJeMipN98WePhVbbdwlFpcbevv\nBT1KWalLhWvvSPCicLFp69J1ua2xOPYl+3ZfcCaO90lQjzvbBKKM/80w1Rkuy2Js\nV5sBIzbHlnW9AXEOj/ZGFuz1YbY3+sJEm7g49JVR+R3OZxYfKexuEp6D0OIHmlg4\nn2sAAAc4wGq6D8Bqug8AAAAHc3NoLXJzYQAAAgEA67hnmCXyGaER0SyWEjSeqAzD\nwsA9qENTqzCcb7x+rVnzqC1GidPTP8e6Jh3TrNQ8Ra0ToAC1iIpPaDOY4PhnZXhJ\nvWbm68hhCgyt+bnt5U72dTTqj7NqJla8+QHZ0Pi58Q0LkfFgTF5oND1I+0NqQeE6\ncKBCCVPTy/l0oYCzWIs3AStYRX2xmWWd5GZXxFy9SL/m2n+ygfYVkqoeflzZCxXT\nOv3C2i0SZ7mitFELP2y3AhewTxHrzl3gbZ8R/L5l87zhHdUgYE6GdXJJ2xKuQfuj\ni21Z4VvTKfDe37sUxwzoXnLgbnfgzj77Wgq8ZtilSH/sRbXtwR3rbrITrJ4VYrmM\n8orw76cNr+8C4BzNqRBnH6TPShOPyIkOpTyIKL6Wv17Ls9A76KyU9AbuCaP7OEVB\nPC+POAwPb0hmk3XVfxVlIw9cSCPo9ghadUkXPGvHwjFyNpOC3urZoM+xVbfSAyBZ\n/m8wyd5B8zSSrcRNnUXiEl0X8qhjs/iHUDaOSOFJdB8lDcT8jJTeCjRJeMipN98W\nePhVbbdwlFpcbevvBT1KWalLhWvvSPCicLFp69J1ua2xOPYl+3ZfcCaO90lQjzvb\nBKKM/80w1Rkuy2JsV5sBIzbHlnW9AXEOj/ZGFuz1YbY3+sJEm7g49JVR+R3OZxYf\nKexuEp6D0OIHmlg4n2sAAAADAQABAAACAAzjcT4L82IzN7oa+MaBDngFYPA1cWUI\nXV+3NjemGJdaCRrDl40gHYnFS7GJIK4BtQrPGuaqzq/rCKYJaVZLHHObXzHxmX9t\n3k2UlFSj/vlN1wwX+xncNP6NOWwPxKGc8jd70ebrANBJ3yxLedQCp/0JcvNZY0nQ\nRcXZttR3zYRNqO0xzE9H0XkyMtOJ1wEbXCeSXyR/b19LncQ1GOPhJ+ZVevLbtZbN\n5jteqNkB2IwYKtrqgaqW1FU4o9EBdu+GxUkEXFHZMHVac4RZJwvto6A++Ee+kGV2\njzYh7WEtSiHmpSGmoMNHOtuOWr7wQg1SZQe5/3HdL8C0wXN+FLUqt+QX7KQG73Q5\nBkCQtpAOyiwOgYRJ8FTlbwkQHmgb1kypMHXcKJMk3S/DkyO9+sOQvIjro2cLHu+r\no44Ibo0V/kAaw3EIOXOPi9rY8IxFECA95LepGzqdTZbWo05e8Q8r1Z4jqHy6qQ3X\nT6d4bO4uLIjPB6ZZTnF9fAPt7thCswzPQaKCvFPwfTA2xIRqgLC4RBmSTpYZRy27\ng9rtIP+9aQ0gePyu2SNKs4Ie74dUtLXjSyXwHdTvaMFyrO8PwT83jOdMI31/Wy9a\nsFYVmdn0d8iBrlEYhSxWaXkAsyceyHNrIOf8EiWHQab329B9OvDFetBPcfoFGYsi\nXeeBO8qO3ZtdAAABABN8kbGHwq4uEiUUhFuVuIFJfppasRaXiTlNIoVx1LNOEWzN\nT1R+GUmTGSFZs84RjmEUDwxmMxjBxu/Hq5XOR2Sqp6Kf7kKONr39efV7j0CDf9P0\nusAudZDj5CTJAxytNgyTVnfubU6pePJkp7orlTKa+Dk8xaJO9vd52QCOKw8hwiP7\nOl7a96aTmQaw9i6KK7FsCXMc1k4LzOGfChDLpj9ef6z/xHF16VErezDSp36yD5Mv\nQjZJ4rcUbj8MLTUA8WN7zqFf2IqjMkt7UA64H5G+srbetcsNkByegwBTSJujuBr6\nANQwpcbxjPeKFBmSuoIbfCpToS8AjvTZZqixK5wAAAEBAPsaZzhBsuwQNvU97cV7\nBvaDNznRG8ZySHM6N7DT/Aatpl3QBI9TkteqDJMapWku7MrBR7S6MGlUzQ1U9UQ7\nrxaou0/5YfddsZ1UczZFpWWWrQ7wBwIGuOV4rYN7VdLd0j88+AU+WyttTK2ovhaG\nwTwuhjbAVDUrfKBuap17iNMGmrqKqSYJNtylMsCb5/AowBcyNVWtShPMO0X/zcjR\na1CJdQKshoF4NWJx7lg4z0+8mqvZOo/Pph0BLscb5Kcr2lAx0E6Kg+eWK9nRhUWO\nd2SOTVsYUG0e/WBWnGApTOfSUIrbMiD7AT4VDm4Urev4F188NjLEWUuR9vadb/Vo\nae8AAAEBAPBRNHm2mYYtI1Hl/+J6soEvJS1KH+hBTYt3HpH8rCpgYX+GmzQLfubs\nMBWijER3UHZBsOjvWwck685dYAqr/16y6G/5rRuZF/nNK/X6qYqbLJxcFjBi/GZ/\ngEuK1p/HKMLhKP274GmJiQgFRTO2y/GVKGZ7GVmH6ksOD0aWWDgihfa7kKg9Ljc2\nhu0A3anjlYHRGWCVlYiYXDbBh9KtZmDOlq3j6VD8087mTFpCsIBNP53Y6zXylK/S\nGd4abmytHAHo4no+SnftkdrdwIpdPgnHmzi1KEB3pIPz3jMJ4OVjgmKc67hDcDVj\naT1sAY30adVPbZatfQ3mI5DYwaRHDkUAAAAAAQID\n-----END OPENSSH PRIVATE KEY-----\n",
            "private_key_pem": "-----BEGIN RSA PRIVATE KEY-----\nMIIJKQIBAAKCAgEA67hnmCXyGaER0SyWEjSeqAzDwsA9qENTqzCcb7x+rVnzqC1G\nidPTP8e6Jh3TrNQ8Ra0ToAC1iIpPaDOY4PhnZXhJvWbm68hhCgyt+bnt5U72dTTq\nj7NqJla8+QHZ0Pi58Q0LkfFgTF5oND1I+0NqQeE6cKBCCVPTy/l0oYCzWIs3AStY\nRX2xmWWd5GZXxFy9SL/m2n+ygfYVkqoeflzZCxXTOv3C2i0SZ7mitFELP2y3Ahew\nTxHrzl3gbZ8R/L5l87zhHdUgYE6GdXJJ2xKuQfuji21Z4VvTKfDe37sUxwzoXnLg\nbnfgzj77Wgq8ZtilSH/sRbXtwR3rbrITrJ4VYrmM8orw76cNr+8C4BzNqRBnH6TP\nShOPyIkOpTyIKL6Wv17Ls9A76KyU9AbuCaP7OEVBPC+POAwPb0hmk3XVfxVlIw9c\nSCPo9ghadUkXPGvHwjFyNpOC3urZoM+xVbfSAyBZ/m8wyd5B8zSSrcRNnUXiEl0X\n8qhjs/iHUDaOSOFJdB8lDcT8jJTeCjRJeMipN98WePhVbbdwlFpcbevvBT1KWalL\nhWvvSPCicLFp69J1ua2xOPYl+3ZfcCaO90lQjzvbBKKM/80w1Rkuy2JsV5sBIzbH\nlnW9AXEOj/ZGFuz1YbY3+sJEm7g49JVR+R3OZxYfKexuEp6D0OIHmlg4n2sCAwEA\nAQKCAgAM43E+C/NiMze6GvjGgQ54BWDwNXFlCF1ftzY3phiXWgkaw5eNIB2JxUux\niSCuAbUKzxrmqs6v6wimCWlWSxxzm18x8Zl/bd5NlJRUo/75TdcMF/sZ3DT+jTls\nD8ShnPI3e9Hm6wDQSd8sS3nUAqf9CXLzWWNJ0EXF2bbUd82ETajtMcxPR9F5MjLT\nidcBG1wnkl8kf29fS53ENRjj4SfmVXry27WWzeY7XqjZAdiMGCra6oGqltRVOKPR\nAXbvhsVJBFxR2TB1WnOEWScL7aOgPvhHvpBldo82Ie1hLUoh5qUhpqDDRzrbjlq+\n8EINUmUHuf9x3S/AtMFzfhS1KrfkF+ykBu90OQZAkLaQDsosDoGESfBU5W8JEB5o\nG9ZMqTB13CiTJN0vw5MjvfrDkLyI66NnCx7vq6OOCG6NFf5AGsNxCDlzj4va2PCM\nRRAgPeS3qRs6nU2W1qNOXvEPK9WeI6h8uqkN10+neGzuLiyIzwemWU5xfXwD7e7Y\nQrMMz0GigrxT8H0wNsSEaoCwuEQZkk6WGUctu4Pa7SD/vWkNIHj8rtkjSrOCHu+H\nVLS140sl8B3U72jBcqzvD8E/N4znTCN9f1svWrBWFZnZ9HfIga5RGIUsVml5ALMn\nHshzayDn/BIlh0Gm99vQfTrwxXrQT3H6BRmLIl3ngTvKjt2bXQKCAQEA+xpnOEGy\n7BA29T3txXsG9oM3OdEbxnJIczo3sNP8Bq2mXdAEj1OS16oMkxqlaS7sysFHtLow\naVTNDVT1RDuvFqi7T/lh912xnVRzNkWlZZatDvAHAga45Xitg3tV0t3SPzz4BT5b\nK21Mrai+FobBPC6GNsBUNSt8oG5qnXuI0waauoqpJgk23KUywJvn8CjAFzI1Va1K\nE8w7Rf/NyNFrUIl1AqyGgXg1YnHuWDjPT7yaq9k6j8+mHQEuxxvkpyvaUDHQToqD\n55Yr2dGFRY53ZI5NWxhQbR79YFacYClM59JQitsyIPsBPhUObhSt6/gXXzw2MsRZ\nS5H29p1v9Whp7wKCAQEA8FE0ebaZhi0jUeX/4nqygS8lLUof6EFNi3cekfysKmBh\nf4abNAt+5uwwFaKMRHdQdkGw6O9bByTrzl1gCqv/XrLob/mtG5kX+c0r9fqpipss\nnFwWMGL8Zn+AS4rWn8cowuEo/bvgaYmJCAVFM7bL8ZUoZnsZWYfqSw4PRpZYOCKF\n9ruQqD0uNzaG7QDdqeOVgdEZYJWViJhcNsGH0q1mYM6WrePpUPzTzuZMWkKwgE0/\nndjrNfKUr9IZ3hpubK0cAejiej5Kd+2R2t3Ail0+CcebOLUoQHekg/PeMwng5WOC\nYpzruENwNWNpPWwBjfRp1U9tlq19DeYjkNjBpEcORQKCAQEArh4M3RGRg+dqdHvQ\n2FMK7Pzn2ouJev3cByqjW1ZjOC5JYlvQDaKh/DHKLmcXs+v5/k4v7r38u801srzq\npbnNGyU9XaNLrz+k3belfEim+96Tefwun9UReO1JRBbN2D5Af+FDCj/G8EIGHZUY\n2n3umFCaeHS873GMJaLrAvCaW9oEiL2FtP5GsJFMtApntjxLlsoV+acD6t5/a3aJ\nt2qfw2TNYmFHk5dLTUw7PamG93+MsQUceoQ+Z3ZefWp2DwV1iI5CJ3QdKwUSuyNy\nCl1TpMKYGUau3jvS7m6gWH3K+iT3/JEqHXxvzCDFtMdaInoRmtQhsOo+EQzR9wgM\njlssuQKCAQEAiAbvFRXuwKw8Gdd+h8u7zrPI72HNvcF5C0BZ5XiIW1RC29RtdYAs\nTLnUXeqsSvTebpGwealCdUDI2P6xpljFK+1I9Fj3S2/UymkAQTOpU/ORxM+7H5ho\nFfyFujzUT4yD3gtlEHqQBCz9i7Sv/x2xQwWS4K89Ihh03hcPPn1LYjroaUiyEQjQ\naCBNL0oWLlvL/LdHDgydn7veNoBFSVMtaA6H69Xd8yGpIqvo/A5TqcwP/mESgm7V\nCtB6I+YCKzGxcMNJrrgjns6yiJiMq8UroI2Dpw2jwxn13Vrkoy8sRauV2gvIwXwq\nv42NvF6uYpO+dCeJeIirCHsEFrEaqsotoQKCAQATfJGxh8KuLhIlFIRblbiBSX6a\nWrEWl4k5TSKFcdSzThFszU9UfhlJkxkhWbPOEY5hFA8MZjMYwcbvx6uVzkdkqqei\nn+5Cjja9/Xn1e49Ag3/T9LrALnWQ4+QkyQMcrTYMk1Z37m1OqXjyZKe6K5Uymvg5\nPMWiTvb3edkAjisPIcIj+zpe2vemk5kGsPYuiiuxbAlzHNZOC8zhnwoQy6Y/Xn+s\n/8RxdelRK3sw0qd+sg+TL0I2SeK3FG4/DC01APFje86hX9iKozJLe1AOuB+RvrK2\n3rXLDZAcnoMAU0ibo7ga+gDUMKXG8Yz3ihQZkrqCG3wqU6EvAI702WaosSuc\n-----END RSA PRIVATE KEY-----\n",
            "private_key_pem_pkcs8": "-----BEGIN PRIVATE KEY-----\nMIIJQwIBADANBgkqhkiG9w0BAQEFAASCCS0wggkpAgEAAoICAQDruGeYJfIZoRHR\nLJYSNJ6oDMPCwD2oQ1OrMJxvvH6tWfOoLUaJ09M/x7omHdOs1DxFrROgALWIik9o\nM5jg+GdleEm9ZubryGEKDK35ue3lTvZ1NOqPs2omVrz5AdnQ+LnxDQuR8WBMXmg0\nPUj7Q2pB4TpwoEIJU9PL+XShgLNYizcBK1hFfbGZZZ3kZlfEXL1Iv+baf7KB9hWS\nqh5+XNkLFdM6/cLaLRJnuaK0UQs/bLcCF7BPEevOXeBtnxH8vmXzvOEd1SBgToZ1\ncknbEq5B+6OLbVnhW9Mp8N7fuxTHDOhecuBud+DOPvtaCrxm2KVIf+xFte3BHetu\nshOsnhViuYzyivDvpw2v7wLgHM2pEGcfpM9KE4/IiQ6lPIgovpa/Xsuz0DvorJT0\nBu4Jo/s4RUE8L484DA9vSGaTddV/FWUjD1xII+j2CFp1SRc8a8fCMXI2k4Le6tmg\nz7FVt9IDIFn+bzDJ3kHzNJKtxE2dReISXRfyqGOz+IdQNo5I4Ul0HyUNxPyMlN4K\nNEl4yKk33xZ4+FVtt3CUWlxt6+8FPUpZqUuFa+9I8KJwsWnr0nW5rbE49iX7dl9w\nJo73SVCPO9sEooz/zTDVGS7LYmxXmwEjNseWdb0BcQ6P9kYW7PVhtjf6wkSbuDj0\nlVH5Hc5nFh8p7G4SnoPQ4geaWDifawIDAQABAoICAAzjcT4L82IzN7oa+MaBDngF\nYPA1cWUIXV+3NjemGJdaCRrDl40gHYnFS7GJIK4BtQrPGuaqzq/rCKYJaVZLHHOb\nXzHxmX9t3k2UlFSj/vlN1wwX+xncNP6NOWwPxKGc8jd70ebrANBJ3yxLedQCp/0J\ncvNZY0nQRcXZttR3zYRNqO0xzE9H0XkyMtOJ1wEbXCeSXyR/b19LncQ1GOPhJ+ZV\nevLbtZbN5jteqNkB2IwYKtrqgaqW1FU4o9EBdu+GxUkEXFHZMHVac4RZJwvto6A+\n+Ee+kGV2jzYh7WEtSiHmpSGmoMNHOtuOWr7wQg1SZQe5/3HdL8C0wXN+FLUqt+QX\n7KQG73Q5BkCQtpAOyiwOgYRJ8FTlbwkQHmgb1kypMHXcKJMk3S/DkyO9+sOQvIjr\no2cLHu+ro44Ibo0V/kAaw3EIOXOPi9rY8IxFECA95LepGzqdTZbWo05e8Q8r1Z4j\nqHy6qQ3XT6d4bO4uLIjPB6ZZTnF9fAPt7thCswzPQaKCvFPwfTA2xIRqgLC4RBmS\nTpYZRy27g9rtIP+9aQ0gePyu2SNKs4Ie74dUtLXjSyXwHdTvaMFyrO8PwT83jOdM\nI31/Wy9asFYVmdn0d8iBrlEYhSxWaXkAsyceyHNrIOf8EiWHQab329B9OvDFetBP\ncfoFGYsiXeeBO8qO3ZtdAoIBAQD7Gmc4QbLsEDb1Pe3Fewb2gzc50RvGckhzOjew\n0/wGraZd0ASPU5LXqgyTGqVpLuzKwUe0ujBpVM0NVPVEO68WqLtP+WH3XbGdVHM2\nRaVllq0O8AcCBrjleK2De1XS3dI/PPgFPlsrbUytqL4WhsE8LoY2wFQ1K3ygbmqd\ne4jTBpq6iqkmCTbcpTLAm+fwKMAXMjVVrUoTzDtF/83I0WtQiXUCrIaBeDVice5Y\nOM9PvJqr2TqPz6YdAS7HG+SnK9pQMdBOioPnlivZ0YVFjndkjk1bGFBtHv1gVpxg\nKUzn0lCK2zIg+wE+FQ5uFK3r+BdfPDYyxFlLkfb2nW/1aGnvAoIBAQDwUTR5tpmG\nLSNR5f/ierKBLyUtSh/oQU2Ldx6R/KwqYGF/hps0C37m7DAVooxEd1B2QbDo71sH\nJOvOXWAKq/9esuhv+a0bmRf5zSv1+qmKmyycXBYwYvxmf4BLitafxyjC4Sj9u+Bp\niYkIBUUztsvxlShmexlZh+pLDg9Gllg4IoX2u5CoPS43NobtAN2p45WB0RlglZWI\nmFw2wYfSrWZgzpat4+lQ/NPO5kxaQrCATT+d2Os18pSv0hneGm5srRwB6OJ6Pkp3\n7ZHa3cCKXT4Jx5s4tShAd6SD894zCeDlY4JinOu4Q3A1Y2k9bAGN9GnVT22WrX0N\n5iOQ2MGkRw5FAoIBAQCuHgzdEZGD52p0e9DYUwrs/Ofai4l6/dwHKqNbVmM4Lkli\nW9ANoqH8McouZxez6/n+Ti/uvfy7zTWyvOqluc0bJT1do0uvP6Tdt6V8SKb73pN5\n/C6f1RF47UlEFs3YPkB/4UMKP8bwQgYdlRjafe6YUJp4dLzvcYwlousC8Jpb2gSI\nvYW0/kawkUy0Cme2PEuWyhX5pwPq3n9rdom3ap/DZM1iYUeTl0tNTDs9qYb3f4yx\nBRx6hD5ndl59anYPBXWIjkIndB0rBRK7I3IKXVOkwpgZRq7eO9LubqBYfcr6JPf8\nkSodfG/MIMW0x1oiehGa1CGw6j4RDNH3CAyOWyy5AoIBAQCIBu8VFe7ArDwZ136H\ny7vOs8jvYc29wXkLQFnleIhbVELb1G11gCxMudRd6qxK9N5ukbB5qUJ1QMjY/rGm\nWMUr7Uj0WPdLb9TKaQBBM6lT85HEz7sfmGgV/IW6PNRPjIPeC2UQepAELP2LtK//\nHbFDBZLgrz0iGHTeFw8+fUtiOuhpSLIRCNBoIE0vShYuW8v8t0cODJ2fu942gEVJ\nUy1oDofr1d3zIakiq+j8DlOpzA/+YRKCbtUK0Hoj5gIrMbFww0muuCOezrKImIyr\nxSugjYOnDaPDGfXdWuSjLyxFq5XaC8jBfCq/jY28Xq5ik750J4l4iKsIewQWsRqq\nyi2hAoIBABN8kbGHwq4uEiUUhFuVuIFJfppasRaXiTlNIoVx1LNOEWzNT1R+GUmT\nGSFZs84RjmEUDwxmMxjBxu/Hq5XOR2Sqp6Kf7kKONr39efV7j0CDf9P0usAudZDj\n5CTJAxytNgyTVnfubU6pePJkp7orlTKa+Dk8xaJO9vd52QCOKw8hwiP7Ol7a96aT\nmQaw9i6KK7FsCXMc1k4LzOGfChDLpj9ef6z/xHF16VErezDSp36yD5MvQjZJ4rcU\nbj8MLTUA8WN7zqFf2IqjMkt7UA64H5G+srbetcsNkByegwBTSJujuBr6ANQwpcbx\njPeKFBmSuoIbfCpToS8AjvTZZqixK5w=\n-----END PRIVATE KEY-----\n",
            "public_key_fingerprint_md5": "9b:22:6a:4d:4a:89:ba:1e:d9:6a:2f:46:f0:aa:bb:18",
            "public_key_fingerprint_sha256": "SHA256:A7c3EWSrREYaqgyNKxe/FsYflEO4bqyZGD00Wxtm8VU",
            "public_key_openssh": "ssh-rsa AAAAB3NzaC1yc2EAAAADAQABAAACAQDruGeYJfIZoRHRLJYSNJ6oDMPCwD2oQ1OrMJxvvH6tWfOoLUaJ09M/x7omHdOs1DxFrROgALWIik9oM5jg+GdleEm9ZubryGEKDK35ue3lTvZ1NOqPs2omVrz5AdnQ+LnxDQuR8WBMXmg0PUj7Q2pB4TpwoEIJU9PL+XShgLNYizcBK1hFfbGZZZ3kZlfEXL1Iv+baf7KB9hWSqh5+XNkLFdM6/cLaLRJnuaK0UQs/bLcCF7BPEevOXeBtnxH8vmXzvOEd1SBgToZ1cknbEq5B+6OLbVnhW9Mp8N7fuxTHDOhecuBud+DOPvtaCrxm2KVIf+xFte3BHetushOsnhViuYzyivDvpw2v7wLgHM2pEGcfpM9KE4/IiQ6lPIgovpa/Xsuz0DvorJT0Bu4Jo/s4RUE8L484DA9vSGaTddV/FWUjD1xII+j2CFp1SRc8a8fCMXI2k4Le6tmgz7FVt9IDIFn+bzDJ3kHzNJKtxE2dReISXRfyqGOz+IdQNo5I4Ul0HyUNxPyMlN4KNEl4yKk33xZ4+FVtt3CUWlxt6+8FPUpZqUuFa+9I8KJwsWnr0nW5rbE49iX7dl9wJo73SVCPO9sEooz/zTDVGS7LYmxXmwEjNseWdb0BcQ6P9kYW7PVhtjf6wkSbuDj0lVH5Hc5nFh8p7G4SnoPQ4geaWDifaw==\n",
            "public_key_pem": "-----BEGIN PUBLIC KEY-----\nMIICIjANBgkqhkiG9w0BAQEFAAOCAg8AMIICCgKCAgEA67hnmCXyGaER0SyWEjSe\nqAzDwsA9qENTqzCcb7x+rVnzqC1GidPTP8e6Jh3TrNQ8Ra0ToAC1iIpPaDOY4Phn\nZXhJvWbm68hhCgyt+bnt5U72dTTqj7NqJla8+QHZ0Pi58Q0LkfFgTF5oND1I+0Nq\nQeE6cKBCCVPTy/l0oYCzWIs3AStYRX2xmWWd5GZXxFy9SL/m2n+ygfYVkqoeflzZ\nCxXTOv3C2i0SZ7mitFELP2y3AhewTxHrzl3gbZ8R/L5l87zhHdUgYE6GdXJJ2xKu\nQfuji21Z4VvTKfDe37sUxwzoXnLgbnfgzj77Wgq8ZtilSH/sRbXtwR3rbrITrJ4V\nYrmM8orw76cNr+8C4BzNqRBnH6TPShOPyIkOpTyIKL6Wv17Ls9A76KyU9AbuCaP7\nOEVBPC+POAwPb0hmk3XVfxVlIw9cSCPo9ghadUkXPGvHwjFyNpOC3urZoM+xVbfS\nAyBZ/m8wyd5B8zSSrcRNnUXiEl0X8qhjs/iHUDaOSOFJdB8lDcT8jJTeCjRJeMip\nN98WePhVbbdwlFpcbevvBT1KWalLhWvvSPCicLFp69J1ua2xOPYl+3ZfcCaO90lQ\njzvbBKKM/80w1Rkuy2JsV5sBIzbHlnW9AXEOj/ZGFuz1YbY3+sJEm7g49JVR+R3O\nZxYfKexuEp6D0OIHmlg4n2sCAwEAAQ==\n-----END PUBLIC KEY-----\n",
            "rsa_bits": 4096
          },
          "sensitive_attributes": [
            [
              {
                "type": "get_attr",
                "value": "private_key_pem"
              }
            ],
            [
              {
                "type": "get_attr",
                "value": "private_key_openssh"
              }
            ],
            [
              {
                "type": "get_attr",
                "value": "private_key_pem_pkcs8"
              }
            ]
          ],
          "create_before_destroy": true
        }
      ]
    },
    {
      "mode": "managed",
      "type": "tls_private_key",
      "name": "ec2_key",
      "provider": "provider[\"registry.terraform.io/hashicorp/tls\"]",
      "instances": [
        {
          "schema_version": 1,
          "attributes": {
            "algorithm": "RSA",
            "ecdsa_curve": "P224",
            "id": "2e5b8c39e45171dc29d97743ef70eca13ae88d8a",
            "private_key_openssh": "-----BEGIN OPENSSH PRIVATE KEY-----\nb3BlbnNzaC1rZXktdjEAAAAABG5vbmUAAAAEbm9uZQAAAAAAAAABAAACFwAAAAdz\nc2gtcnNhAAAAAwEAAQAAAgEAm1JBzQNWnJeyZhbci65N1iSq3a9cBchjkkmKszLk\n8K21vM+c39NoUDH+nJNlrE6XJfYqovtaOClusx43Sb62MkppR628JeIxcRfj2Q09\n2hsK+y9TMU2XGheoJiaSlMGAnx4DWFl0+n8uL13FqfaBlO6ixLGZBqNRnR8qHDuV\nf6pvb97apPDIsWj2GRiQ6XcAogAw/ZGNHmveG4ThjDtKG6Uwo3Z1dE1G8nT44al8\ny+9/d5P+rjJk5k5xQw4h3TnAdGvyyer6+IPmBMopH4ZTceAWnXGkdempdc4Rt+JX\nfaRRkKXu1i4vODJOmNAaK0ub8KQ1Ed+lcwVAIYCWyoUm35N5ffsMzAbZCqWqZzTN\n/gQ5PzG8/8tGhXml3YCurRRAf/CjUi9JC63rWUHXDTIFGHCSVS9fxNeG4X9dylDY\nHqZ68e2oxL57614mwewETbzuiEgSui7RBoTzv2es0ptHchrgfjsb4yYQoMQ9TX40\n5cdHZIAYx1bRO2+qvrOemRavrmZV/O/p8XsNgoPtNUGaotsHcwIwC5F+48S91Z7W\nSpdI/9LlwfBZB/6gFya2w0bAw3MOyCCSKCU6PzQIOA9HrwqlF9xCc1zcZnc4Uqtt\nTpOOmtW6Udg1b9P55hkiiLaQ0Dwn2GrImwxtBLbQSdFbFLu/WeU99LlN4/hHTzHR\nZpsAAAc4B97Rrwfe0a8AAAAHc3NoLXJzYQAAAgEAm1JBzQNWnJeyZhbci65N1iSq\n3a9cBchjkkmKszLk8K21vM+c39NoUDH+nJNlrE6XJfYqovtaOClusx43Sb62Mkpp\nR628JeIxcRfj2Q092hsK+y9TMU2XGheoJiaSlMGAnx4DWFl0+n8uL13FqfaBlO6i\nxLGZBqNRnR8qHDuVf6pvb97apPDIsWj2GRiQ6XcAogAw/ZGNHmveG4ThjDtKG6Uw\no3Z1dE1G8nT44al8y+9/d5P+rjJk5k5xQw4h3TnAdGvyyer6+IPmBMopH4ZTceAW\nnXGkdempdc4Rt+JXfaRRkKXu1i4vODJOmNAaK0ub8KQ1Ed+lcwVAIYCWyoUm35N5\nffsMzAbZCqWqZzTN/gQ5PzG8/8tGhXml3YCurRRAf/CjUi9JC63rWUHXDTIFGHCS\nVS9fxNeG4X9dylDYHqZ68e2oxL57614mwewETbzuiEgSui7RBoTzv2es0ptHchrg\nfjsb4yYQoMQ9TX405cdHZIAYx1bRO2+qvrOemRavrmZV/O/p8XsNgoPtNUGaotsH\ncwIwC5F+48S91Z7WSpdI/9LlwfBZB/6gFya2w0bAw3MOyCCSKCU6PzQIOA9Hrwql\nF9xCc1zcZnc4UqttTpOOmtW6Udg1b9P55hkiiLaQ0Dwn2GrImwxtBLbQSdFbFLu/\nWeU99LlN4/hHTzHRZpsAAAADAQABAAACAEQ1jPEH6MbO9YjQvFzZGJSUuLau9mYR\nuOx6wF7u2Ex7tKZstDM1J4ekVPCU6F8Ril4g61t0r4ufYl5lxBjuGBwgwng4azpl\nyZmlSKm+n22DV8C0aT/rF5LdVbofUVrjWWVHLGflrTH+nR0u/Iml2AU8AR4I8i9Q\nlJxAHeGVJxOQGO0TfIhXt4L1mbGusKDeYlhCZkFM5KC59Sm3osdPGD3ovuHiOTVw\nZFpAlTWglU4H6L3uL7d3KQlc5G9yqtt4q7RU3aPfvgRaBC8RSpruBgIpyzSsPfGM\nQh+adfx/eTWTbkBsJmVHlfQDX7HLHdrqktpMeoPVZ9aJtT6hNldMvyNb9c3C+D/v\nyrcsuXMizqIrwhbtnVoAM1Jm5WJp3JHpsa7irWQNmn0R0P/AtH9ZYruBIlaSfOyA\nfQeBN4CU1+4rbKMvHTYoZVB1WVBKLV2QxdZ+grMXcT6jILoqfi9arkaFMX1lOJ9t\n9BV69h35fO2eny6fLGSOsQPoM+W91WKgy4xAqL0brJQMCaiX3F2sK7KyJWXT7rTj\nIIiV8u3EfOlJc5Y9HJFiLCKdNpq2SzkcdklX5EZsMuzOUmk5pl9hf0EXqt3sjQV5\nDIAjU8dhhb2f7uCcf4FsaTACdMo+zSWWEKJPB6IBL/hVRB6elMQ7/z034L4BBnp3\nbUcFI2kSCeP5AAABAB/gwgC7WBLyDu8aWSiNq53/z8XIfC/6pX5q2Whrywj9gkIf\nRcee68/p3F2eH1ig4CK4p7bSlLzOu+dIqMnw46/Ak9rHlNuOxOAleEpktkUkFUTy\nFgI18HEDGs6yXaSccjm1lupgsRInBjQaAwDH/C7DFvclR/HYLj5wweeEiz8G/mHU\n+4FYsnYXtxwqVe1JeBexnSHO3nLgPqj5a6Edol/Fq/4hIJDKt8T+t9yE5pqTw0r0\nGP58Q1vg8Ylrv3ArK3kTXmKggPEHtRGyCqLeIV6sllmaR3TJ4OVMFoExklm9F0w8\nsInNKZUdl0aKKXOSY6IfMXKoNC4plaMQcUhOCncAAAEBAMMtAOwaySRoTr8JMvfA\nh+9vI4mj/CXmAN+p+cf7v4kZs8h2acE4mG0ob0hRhVBffq4okux0kc6l4A8tQv9T\nCtWcC6YA2WUliEzmluguqfx05h1PAU1JYD9VtAIryKq4wwKElUW80kKn4VAAZXZE\n04oUnKniMwsojjxn+9SRw7L8jW28MV9GO4ia1eokQerH85EG6Wde54wHWM/RTxWw\n4mGLANoB+O1C1DvqFHhS2Ocqq1W+ZmwagmdGhpv9T0TipE10iQqtEBpK7UBsk7Av\nVk5mR10aEuUqZMYQBi029ob2CoJETpMJhziWJnNtrJhDdZFqq5FWnq73a0tClfG0\nu3kAAAEBAMu5sHo46vqlgf7c31NL3j78EIytOYR/oaegTgW6oOKGgYsP6JFfSwy5\nvP3GjVbphxBCInYfUbWmInwvLai62fpgRmnzgYDF9iuD0SnBsM7waeq/AuznSpRz\nIN8N6dEgQ+O24uh29NQhzXn6jQfaqQVM0FiV9jkrkHaZ+MyQvI2iGn+KhS4qrh5W\nivtzkotdyx5Bjz7iH2krtRQohRB55btQUMpRWAf81xqIbwEdEYJkm+02tUlFjkHa\nTa5VF7ZhQ+hFxXzPoscpFemsXOhrWtMADc/SXW7Ykdi4Jn0QWj1RjhZFmsMx5tSa\nzmyOazWDJoE9JokgY1yBvbyYFE7fmbMAAAAAAQID\n-----END OPENSSH PRIVATE KEY-----\n",
            "private_key_pem": "-----BEGIN RSA PRIVATE KEY-----\nMIIJKAIBAAKCAgEAm1JBzQNWnJeyZhbci65N1iSq3a9cBchjkkmKszLk8K21vM+c\n39NoUDH+nJNlrE6XJfYqovtaOClusx43Sb62MkppR628JeIxcRfj2Q092hsK+y9T\nMU2XGheoJiaSlMGAnx4DWFl0+n8uL13FqfaBlO6ixLGZBqNRnR8qHDuVf6pvb97a\npPDIsWj2GRiQ6XcAogAw/ZGNHmveG4ThjDtKG6Uwo3Z1dE1G8nT44al8y+9/d5P+\nrjJk5k5xQw4h3TnAdGvyyer6+IPmBMopH4ZTceAWnXGkdempdc4Rt+JXfaRRkKXu\n1i4vODJOmNAaK0ub8KQ1Ed+lcwVAIYCWyoUm35N5ffsMzAbZCqWqZzTN/gQ5PzG8\n/8tGhXml3YCurRRAf/CjUi9JC63rWUHXDTIFGHCSVS9fxNeG4X9dylDYHqZ68e2o\nxL57614mwewETbzuiEgSui7RBoTzv2es0ptHchrgfjsb4yYQoMQ9TX405cdHZIAY\nx1bRO2+qvrOemRavrmZV/O/p8XsNgoPtNUGaotsHcwIwC5F+48S91Z7WSpdI/9Ll\nwfBZB/6gFya2w0bAw3MOyCCSKCU6PzQIOA9HrwqlF9xCc1zcZnc4UqttTpOOmtW6\nUdg1b9P55hkiiLaQ0Dwn2GrImwxtBLbQSdFbFLu/WeU99LlN4/hHTzHRZpsCAwEA\nAQKCAgBENYzxB+jGzvWI0Lxc2RiUlLi2rvZmEbjsesBe7thMe7SmbLQzNSeHpFTw\nlOhfEYpeIOtbdK+Ln2JeZcQY7hgcIMJ4OGs6ZcmZpUipvp9tg1fAtGk/6xeS3VW6\nH1Fa41llRyxn5a0x/p0dLvyJpdgFPAEeCPIvUJScQB3hlScTkBjtE3yIV7eC9Zmx\nrrCg3mJYQmZBTOSgufUpt6LHTxg96L7h4jk1cGRaQJU1oJVOB+i97i+3dykJXORv\ncqrbeKu0VN2j374EWgQvEUqa7gYCKcs0rD3xjEIfmnX8f3k1k25AbCZlR5X0A1+x\nyx3a6pLaTHqD1WfWibU+oTZXTL8jW/XNwvg/78q3LLlzIs6iK8IW7Z1aADNSZuVi\nadyR6bGu4q1kDZp9EdD/wLR/WWK7gSJWknzsgH0HgTeAlNfuK2yjLx02KGVQdVlQ\nSi1dkMXWfoKzF3E+oyC6Kn4vWq5GhTF9ZTifbfQVevYd+Xztnp8unyxkjrED6DPl\nvdVioMuMQKi9G6yUDAmol9xdrCuysiVl0+604yCIlfLtxHzpSXOWPRyRYiwinTaa\ntks5HHZJV+RGbDLszlJpOaZfYX9BF6rd7I0FeQyAI1PHYYW9n+7gnH+BbGkwAnTK\nPs0llhCiTweiAS/4VUQenpTEO/89N+C+AQZ6d21HBSNpEgnj+QKCAQEAwy0A7BrJ\nJGhOvwky98CH728jiaP8JeYA36n5x/u/iRmzyHZpwTiYbShvSFGFUF9+riiS7HSR\nzqXgDy1C/1MK1ZwLpgDZZSWITOaW6C6p/HTmHU8BTUlgP1W0AivIqrjDAoSVRbzS\nQqfhUABldkTTihScqeIzCyiOPGf71JHDsvyNbbwxX0Y7iJrV6iRB6sfzkQbpZ17n\njAdYz9FPFbDiYYsA2gH47ULUO+oUeFLY5yqrVb5mbBqCZ0aGm/1PROKkTXSJCq0Q\nGkrtQGyTsC9WTmZHXRoS5SpkxhAGLTb2hvYKgkROkwmHOJYmc22smEN1kWqrkVae\nrvdrS0KV8bS7eQKCAQEAy7mwejjq+qWB/tzfU0vePvwQjK05hH+hp6BOBbqg4oaB\niw/okV9LDLm8/caNVumHEEIidh9RtaYifC8tqLrZ+mBGafOBgMX2K4PRKcGwzvBp\n6r8C7OdKlHMg3w3p0SBD47bi6Hb01CHNefqNB9qpBUzQWJX2OSuQdpn4zJC8jaIa\nf4qFLiquHlaK+3OSi13LHkGPPuIfaSu1FCiFEHnlu1BQylFYB/zXGohvAR0RgmSb\n7Ta1SUWOQdpNrlUXtmFD6EXFfM+ixykV6axc6Gta0wANz9JdbtiR2LgmfRBaPVGO\nFkWawzHm1JrObI5rNYMmgT0miSBjXIG9vJgUTt+ZswKCAQBltgk6AYd64qTO51NZ\nS0tL2qYxb3TSpzcjV+gkcKxTHULUn+ji2cSNdjnv/RO1W96fkeNnOCRYBZdrMVIt\nzq/hu81SODUSgemy8aQI4XCScLUO5wItraRrvRTu4LRVS63MnR1RV2JXfDdtwpcd\neCapWa5+1bN2CC9/iUzybPgISZbGbgFovif+O3po53Y2jPcASBLQXOPb1GRTAKfv\nDNwcqxzJf6eitWX2xzjdr4b7iP/60ht8EKCOg3FYzzxFELtA5g8YsjGnEg7ruOmK\nMlEO0Dw2Z4UbSel0Uht16qO0l3nIgyJTe+6s7YqiMrB0NQuKuYUpW3OciLGwacXM\nTTw5AoIBAQDA2GyitcBRNVyhuci5G6csrgSodc1tjDek6o0QxUJITBTSY2O+QJtV\nV3j8LPhcHkEY9dGTSUBamAIq1an9/6oZZQsifjvHfxzwwh27zjqlGVTZvqhxQtwJ\nPBYQryX3LPi21MdkUD6fk8PixHa9yZGXj8flI0dphMCCVGv8kMG7vIgi1SgOtJ4P\n39I+Bn/g5w8/+8UyPHCJaLNHerfDCfCaaIOhkHCpVwDzf9S8FB0f9kbXvKLM0kfA\nNHq2HJyOqvHSLEGuTQqERnMUuHFWHVFjTLjGUhbZt64PnPnqBxG027+Je6ftQA6G\nkGf4wLPhet13F0CkK4GC7tmBbeBDbUwbAoIBAB/gwgC7WBLyDu8aWSiNq53/z8XI\nfC/6pX5q2Whrywj9gkIfRcee68/p3F2eH1ig4CK4p7bSlLzOu+dIqMnw46/Ak9rH\nlNuOxOAleEpktkUkFUTyFgI18HEDGs6yXaSccjm1lupgsRInBjQaAwDH/C7DFvcl\nR/HYLj5wweeEiz8G/mHU+4FYsnYXtxwqVe1JeBexnSHO3nLgPqj5a6Edol/Fq/4h\nIJDKt8T+t9yE5pqTw0r0GP58Q1vg8Ylrv3ArK3kTXmKggPEHtRGyCqLeIV6sllma\nR3TJ4OVMFoExklm9F0w8sInNKZUdl0aKKXOSY6IfMXKoNC4plaMQcUhOCnc=\n-----END RSA PRIVATE KEY-----\n",
            "private_key_pem_pkcs8": "-----BEGIN PRIVATE KEY-----\nMIIJQgIBADANBgkqhkiG9w0BAQEFAASCCSwwggkoAgEAAoICAQCbUkHNA1acl7Jm\nFtyLrk3WJKrdr1wFyGOSSYqzMuTwrbW8z5zf02hQMf6ck2WsTpcl9iqi+1o4KW6z\nHjdJvrYySmlHrbwl4jFxF+PZDT3aGwr7L1MxTZcaF6gmJpKUwYCfHgNYWXT6fy4v\nXcWp9oGU7qLEsZkGo1GdHyocO5V/qm9v3tqk8MixaPYZGJDpdwCiADD9kY0ea94b\nhOGMO0obpTCjdnV0TUbydPjhqXzL7393k/6uMmTmTnFDDiHdOcB0a/LJ6vr4g+YE\nyikfhlNx4BadcaR16al1zhG34ld9pFGQpe7WLi84Mk6Y0BorS5vwpDUR36VzBUAh\ngJbKhSbfk3l9+wzMBtkKpapnNM3+BDk/Mbz/y0aFeaXdgK6tFEB/8KNSL0kLretZ\nQdcNMgUYcJJVL1/E14bhf13KUNgepnrx7ajEvnvrXibB7ARNvO6ISBK6LtEGhPO/\nZ6zSm0dyGuB+OxvjJhCgxD1NfjTlx0dkgBjHVtE7b6q+s56ZFq+uZlX87+nxew2C\ng+01QZqi2wdzAjALkX7jxL3VntZKl0j/0uXB8FkH/qAXJrbDRsDDcw7IIJIoJTo/\nNAg4D0evCqUX3EJzXNxmdzhSq21Ok46a1bpR2DVv0/nmGSKItpDQPCfYasibDG0E\nttBJ0VsUu79Z5T30uU3j+EdPMdFmmwIDAQABAoICAEQ1jPEH6MbO9YjQvFzZGJSU\nuLau9mYRuOx6wF7u2Ex7tKZstDM1J4ekVPCU6F8Ril4g61t0r4ufYl5lxBjuGBwg\nwng4azplyZmlSKm+n22DV8C0aT/rF5LdVbofUVrjWWVHLGflrTH+nR0u/Iml2AU8\nAR4I8i9QlJxAHeGVJxOQGO0TfIhXt4L1mbGusKDeYlhCZkFM5KC59Sm3osdPGD3o\nvuHiOTVwZFpAlTWglU4H6L3uL7d3KQlc5G9yqtt4q7RU3aPfvgRaBC8RSpruBgIp\nyzSsPfGMQh+adfx/eTWTbkBsJmVHlfQDX7HLHdrqktpMeoPVZ9aJtT6hNldMvyNb\n9c3C+D/vyrcsuXMizqIrwhbtnVoAM1Jm5WJp3JHpsa7irWQNmn0R0P/AtH9ZYruB\nIlaSfOyAfQeBN4CU1+4rbKMvHTYoZVB1WVBKLV2QxdZ+grMXcT6jILoqfi9arkaF\nMX1lOJ9t9BV69h35fO2eny6fLGSOsQPoM+W91WKgy4xAqL0brJQMCaiX3F2sK7Ky\nJWXT7rTjIIiV8u3EfOlJc5Y9HJFiLCKdNpq2SzkcdklX5EZsMuzOUmk5pl9hf0EX\nqt3sjQV5DIAjU8dhhb2f7uCcf4FsaTACdMo+zSWWEKJPB6IBL/hVRB6elMQ7/z03\n4L4BBnp3bUcFI2kSCeP5AoIBAQDDLQDsGskkaE6/CTL3wIfvbyOJo/wl5gDfqfnH\n+7+JGbPIdmnBOJhtKG9IUYVQX36uKJLsdJHOpeAPLUL/UwrVnAumANllJYhM5pbo\nLqn8dOYdTwFNSWA/VbQCK8iquMMChJVFvNJCp+FQAGV2RNOKFJyp4jMLKI48Z/vU\nkcOy/I1tvDFfRjuImtXqJEHqx/ORBulnXueMB1jP0U8VsOJhiwDaAfjtQtQ76hR4\nUtjnKqtVvmZsGoJnRoab/U9E4qRNdIkKrRAaSu1AbJOwL1ZOZkddGhLlKmTGEAYt\nNvaG9gqCRE6TCYc4liZzbayYQ3WRaquRVp6u92tLQpXxtLt5AoIBAQDLubB6OOr6\npYH+3N9TS94+/BCMrTmEf6GnoE4FuqDihoGLD+iRX0sMubz9xo1W6YcQQiJ2H1G1\npiJ8Ly2outn6YEZp84GAxfYrg9EpwbDO8GnqvwLs50qUcyDfDenRIEPjtuLodvTU\nIc15+o0H2qkFTNBYlfY5K5B2mfjMkLyNohp/ioUuKq4eVor7c5KLXcseQY8+4h9p\nK7UUKIUQeeW7UFDKUVgH/NcaiG8BHRGCZJvtNrVJRY5B2k2uVRe2YUPoRcV8z6LH\nKRXprFzoa1rTAA3P0l1u2JHYuCZ9EFo9UY4WRZrDMebUms5sjms1gyaBPSaJIGNc\ngb28mBRO35mzAoIBAGW2CToBh3ripM7nU1lLS0vapjFvdNKnNyNX6CRwrFMdQtSf\n6OLZxI12Oe/9E7Vb3p+R42c4JFgFl2sxUi3Or+G7zVI4NRKB6bLxpAjhcJJwtQ7n\nAi2tpGu9FO7gtFVLrcydHVFXYld8N23Clx14JqlZrn7Vs3YIL3+JTPJs+AhJlsZu\nAWi+J/47emjndjaM9wBIEtBc49vUZFMAp+8M3ByrHMl/p6K1ZfbHON2vhvuI//rS\nG3wQoI6DcVjPPEUQu0DmDxiyMacSDuu46YoyUQ7QPDZnhRtJ6XRSG3Xqo7SXeciD\nIlN77qztiqIysHQ1C4q5hSlbc5yIsbBpxcxNPDkCggEBAMDYbKK1wFE1XKG5yLkb\npyyuBKh1zW2MN6TqjRDFQkhMFNJjY75Am1VXePws+FweQRj10ZNJQFqYAirVqf3/\nqhllCyJ+O8d/HPDCHbvOOqUZVNm+qHFC3Ak8FhCvJfcs+LbUx2RQPp+Tw+LEdr3J\nkZePx+UjR2mEwIJUa/yQwbu8iCLVKA60ng/f0j4Gf+DnDz/7xTI8cIlos0d6t8MJ\n8Jpog6GQcKlXAPN/1LwUHR/2Rte8oszSR8A0erYcnI6q8dIsQa5NCoRGcxS4cVYd\nUWNMuMZSFtm3rg+c+eoHEbTbv4l7p+1ADoaQZ/jAs+F63XcXQKQrgYLu2YFt4ENt\nTBsCggEAH+DCALtYEvIO7xpZKI2rnf/Pxch8L/qlfmrZaGvLCP2CQh9Fx57rz+nc\nXZ4fWKDgIrinttKUvM6750ioyfDjr8CT2seU247E4CV4SmS2RSQVRPIWAjXwcQMa\nzrJdpJxyObWW6mCxEicGNBoDAMf8LsMW9yVH8dguPnDB54SLPwb+YdT7gViydhe3\nHCpV7Ul4F7GdIc7ecuA+qPlroR2iX8Wr/iEgkMq3xP633ITmmpPDSvQY/nxDW+Dx\niWu/cCsreRNeYqCA8Qe1EbIKot4hXqyWWZpHdMng5UwWgTGSWb0XTDywic0plR2X\nRoopc5Jjoh8xcqg0LimVoxBxSE4Kdw==\n-----END PRIVATE KEY-----\n",
            "public_key_fingerprint_md5": "65:07:8f:86:35:fe:66:95:55:94:07:c2:1e:7b:16:b3",
            "public_key_fingerprint_sha256": "SHA256:xg+i3Ag8gi/662oQBtxgiBpVsCV0AJ5NjpwQU4paui8",
            "public_key_openssh": "ssh-rsa AAAAB3NzaC1yc2EAAAADAQABAAACAQCbUkHNA1acl7JmFtyLrk3WJKrdr1wFyGOSSYqzMuTwrbW8z5zf02hQMf6ck2WsTpcl9iqi+1o4KW6zHjdJvrYySmlHrbwl4jFxF+PZDT3aGwr7L1MxTZcaF6gmJpKUwYCfHgNYWXT6fy4vXcWp9oGU7qLEsZkGo1GdHyocO5V/qm9v3tqk8MixaPYZGJDpdwCiADD9kY0ea94bhOGMO0obpTCjdnV0TUbydPjhqXzL7393k/6uMmTmTnFDDiHdOcB0a/LJ6vr4g+YEyikfhlNx4BadcaR16al1zhG34ld9pFGQpe7WLi84Mk6Y0BorS5vwpDUR36VzBUAhgJbKhSbfk3l9+wzMBtkKpapnNM3+BDk/Mbz/y0aFeaXdgK6tFEB/8KNSL0kLretZQdcNMgUYcJJVL1/E14bhf13KUNgepnrx7ajEvnvrXibB7ARNvO6ISBK6LtEGhPO/Z6zSm0dyGuB+OxvjJhCgxD1NfjTlx0dkgBjHVtE7b6q+s56ZFq+uZlX87+nxew2Cg+01QZqi2wdzAjALkX7jxL3VntZKl0j/0uXB8FkH/qAXJrbDRsDDcw7IIJIoJTo/NAg4D0evCqUX3EJzXNxmdzhSq21Ok46a1bpR2DVv0/nmGSKItpDQPCfYasibDG0EttBJ0VsUu79Z5T30uU3j+EdPMdFmmw==\n",
            "public_key_pem": "-----BEGIN PUBLIC KEY-----\nMIICIjANBgkqhkiG9w0BAQEFAAOCAg8AMIICCgKCAgEAm1JBzQNWnJeyZhbci65N\n1iSq3a9cBchjkkmKszLk8K21vM+c39NoUDH+nJNlrE6XJfYqovtaOClusx43Sb62\nMkppR628JeIxcRfj2Q092hsK+y9TMU2XGheoJiaSlMGAnx4DWFl0+n8uL13FqfaB\nlO6ixLGZBqNRnR8qHDuVf6pvb97apPDIsWj2GRiQ6XcAogAw/ZGNHmveG4ThjDtK\nG6Uwo3Z1dE1G8nT44al8y+9/d5P+rjJk5k5xQw4h3TnAdGvyyer6+IPmBMopH4ZT\nceAWnXGkdempdc4Rt+JXfaRRkKXu1i4vODJOmNAaK0ub8KQ1Ed+lcwVAIYCWyoUm\n35N5ffsMzAbZCqWqZzTN/gQ5PzG8/8tGhXml3YCurRRAf/CjUi9JC63rWUHXDTIF\nGHCSVS9fxNeG4X9dylDYHqZ68e2oxL57614mwewETbzuiEgSui7RBoTzv2es0ptH\nchrgfjsb4yYQoMQ9TX405cdHZIAYx1bRO2+qvrOemRavrmZV/O/p8XsNgoPtNUGa\notsHcwIwC5F+48S91Z7WSpdI/9LlwfBZB/6gFya2w0bAw3MOyCCSKCU6PzQIOA9H\nrwqlF9xCc1zcZnc4UqttTpOOmtW6Udg1b9P55hkiiLaQ0Dwn2GrImwxtBLbQSdFb\nFLu/WeU99LlN4/hHTzHRZpsCAwEAAQ==\n-----END PUBLIC KEY-----\n",
            "rsa_bits": 4096
          },
          "sensitive_attributes": [
            [
              {
                "type": "get_attr",
                "value": "private_key_pem"
              }
            ],
            [
              {
                "type": "get_attr",
                "value": "private_key_pem_pkcs8"
              }
            ],
            [
              {
                "type": "get_attr",
                "value": "private_key_openssh"
              }
            ]
          ]
        }
      ]
    }
  ],
  "check_results": null
}
