{
  "version": 4,
  "terraform_version": "1.11.4",
  "serial": 5608,
  "lineage": "7533d789-0b13-1942-6022-bc3628f068e8",
  "outputs": {
    "backend_cert_arn": {
      "value": "arn:aws:acm:us-east-1:904233103130:certificate/c1210152-a0fc-416d-8ff5-94ff0fd29732",
      "type": "string"
    },
    "backend_east_ip": {
      "value": "44.212.42.13",
      "type": "string"
    },
    "backend_west_ip": {
      "value": "54.67.56.212",
      "type": "string"
    },
    "ec2_private_key_pem": {
      "value": "-----BEGIN RSA PRIVATE KEY-----\nMIIJKAIBAAKCAgEA4grCROdwosGxvMi88NDsV3xkTeoV3xVVJN49D8UeW+WpVmH4\n8uNuwZxbNFcKKqdhXUxD7jibOGaSKJvJsONRDFAv0Qepjjg/aXuWeM6gh9DrqykO\n8dbNQX7NxgCEw/A9Ec999IUN2l03qw5RTV/mrukrjH271V7IZewfvKS7in396Stb\nyT9efEOEm3JOWYutN9x64l7+9yMrDD3LO0Y4U0ET7HZmlOVK6i8uJuykq88oHlEN\noql0IhiXHyKBvvAymvlmIsBMq8AV0rl4cFJe846bGiv/WGbiJTp+ZKiLkjunr48U\nDQQ+cFu1t+seCF03g6JcIKxk/ghK62aVQuCdF00Sm0gqFJ2tE0kczMU0KaSSt7H9\niTAmO7hoDto/TVy0BANLhon4LW96RhRBGkcz22YSARbQCk9UNvZhmydJUB9MNnnZ\nyPszqm5buuroyNrYG6mNpJsPA7Ju4BpwzliQfGNIufI8KvUM1WTCTBNuLjKBVs8q\nrc3xmKQCKv095ccMeh+hxg8vo0TBo8PCnvIZAR/wotAAwFAtJy6CWrOh2XyGRi+i\neRmiZ1XVtol3dEKUEW7vArzOYol9AyiMl7D5EITAnrjE+lzXKSCo4vlBUsi4OeDb\nHhrRwBfA1w4HwAkULJmvbzXIFtS76OQ4Rs+CkB1Z3SkgjVkNB7z0piONVf0CAwEA\nAQKCAgAgCvLlliJhLBCASLuB7rfmIffNFLcjf9BpUMi6pNCMKecCnBJQih1//CRw\nq7sA92fFtEM38JXOXbnv4D+r39l0I6TXnpyyULZqg06+EtpuTlcuFPytmyvPEkTk\nwduQNAzQKsf54uenEgpLaRTs4UCgAGVAPe2jzlMdoaaRFRARzpDxHgido2pHNsIE\nUCSbrIFyVwKjduBxU66tRlA6N5bR9Hp4zYL2rfdb8bK66VZhlZTkEUzbx2YzVCWO\nEBPw53dhASQxnm1v9mORkuGoGIElyQwjHmQM2c7KhLt4lOzuHp9Dc4ad3sFkJ5f/\nuahw+pfdROWG6zFI0o+eRZU4nQMfj2uTp/qMb/O1K6bj4YE7Y7cPwIx//VWOtRcT\nrkZjoiXxp5tB5VzPlxSCeYo+5ijCYtadi9SbK6wqMw6Csz8Zw+K7/MueeWGRstHx\npLFEopWwfLZQ684BeB/tZ5F9t+J7CsyJPHiJUBOvN+QVMFTYTRuut2lSqaGFloEN\np7dPgj4w/MYo26t4SxmQXlTX59xBAvnZkikootM1viItoMW6E5s0riTYvYES1Dax\nxhcouZHMvH7DkrS212H7RRAWdi3mxXY6PmvBDyiwAk7uz2XxyGurPLko1JaQnSwd\nDDIgzrVtHBy4W/b2gU4MkMX53FLGFsjuDiSar3r2MFCxUCfRCQKCAQEA48MuKqKO\nhI04weF+L6Fxx1U4ceBJ2MisR6bIJfuhEkcW1CVrYWeLp5Mh+N0LlVytLw47Yrkd\n4lK0HuPExodPT4/5vwHVnPJlJgbHXMagoBjSTaRRDI//DOjBBX0PD/Ne728IvNsb\nglN0hC6GUTntNU9q7vTCc1jj75oq9p++BYSnprXH1jB1k3vsd7GRgijEdqjySSgd\nY7pMYfflc2+Yr2J0uKQeMC5T6xgbKpmR5ZI6lIOcUCwQpVLWMaU1CVeDAcAh/cpM\nPzlLFz1RM3t/m/u+9C9qDTbxwbRIWkjFVCr/D+3eG9bF0DUUNebX6WwLaKULbdjf\nECkwfOLBIzFuaQKCAQEA/hD50gqmeCH6m2acJldU4OLFRgSci91j8Il7aJ1st/Gb\nJ/kWNz1WzDgx4GpZQ2LBktZgmJBjrDBdx7B92teez0tfTf0KSaYhI6o7Cbr6tFsM\n6wxk8qgRllm1JNA4TFlUcjcsmJ7he2P302BpyWUur7jvi4fY9jElL8iHzKtAepp2\n1GcoJYUEk8xo0/yLYdbZDDWFqde2Rm3rmv2pVuR5Z818KALX0ASHHaAL+7BABOIW\nKxGBIHD639Yj3q3qyWeJFDpM6sLPtWTZjV2fePC0HcEOlcbEvPx+FlHv0iDX8xdF\nGORyQSOEXEiO7arse5vXrnwuytLuhZPZQRQ2a0rgdQKCAQAxuLNEZXZdY4MHeFWW\nylTPYkBPQ9p7M9vATJ2XBSa1mcVXDNAzVGp9a7ZX4NGdirzX7/Bw7d6jQNDHiYu0\nl2duBA1OcHUUrSn9si8lhsscCC8o+f0jk+/m/ozcyN9X6RZJiODMcbzAp71g+dMi\nulWZdLvwbIhiq/4emXZVnqvaAoqi7z4v+SZByyTlQGN2mbXB/cHezJ4V3l68aGSz\n3aHkb8bxZAqfFA4H3ZxYoWvjRRf6wfyG2AfOP5Y5AkrgvjUAVdRV1irtBnHpId6v\nMX+7KqsWHZ+2QM9oLRY6d3Z0mGpULOZ3B1zpxhyiY8Gw2IBpGNa05UpU+dj2+n2V\nVD45AoIBAQDt6IWXGyQBUIg0puRHvvWbVJ64Ty8shZbFMmhecTPSF6tbxhL4jTbP\nKzwBUnTd9gcf8iEoG+VJ40yd5nYjzE9I++J1zCKrDqbvl8OK/A0xgCVboRKSa7F0\nYfKPU2+0ht3dyi63h+fLPLRfumO1FEugfwPJW99dwm15DkWj8SUC6cumYCam46WC\npSHwiAcZCi/bD+9nOLjVwK6kRy4gUPgirLe7W9YtU2AW7Lzr5YI9UFzD3bNV5pX1\nrreOGLvH92zUhTdrihsoWBSkHOxtOrDfP93hgOzPr3x+eCGjWd/+IWcxxRH8Tz7t\nj4BPrAOgSDGykVTb1qNGcEk7eKrw03/VAoIBAGjkd3bYADdTfj0Y/Kr4cKT4Cs6i\nRbGB167AGpcCSJ53l/btK3wh3JIYxiYJHfYhXY99OKDFot1lfKZVlwrmyJoB4FQi\nrBeIF2FibW5usZcmf+AjHwUsk2yNSGO8XstNgSh7ZH6WK68tg25ui6eTCinRQWSe\nHY7mFbux61hmlupG5kdYobINOaDsD9cZKITg+KpfZJtz6iIo8XRewwM6RSxbjWqO\niDeMXawqLwnyvc0GksfRjuVYPVTrCT3caIvRyjA3e49dq/zBE53m1Zf5tzLK5iE+\npI2a1L6m4NWBjbiq80ws576fuMGPHynB6iWQ3scvYlbz/9uKGAByKJAmLPY=\n-----END RSA PRIVATE KEY-----\n",
      "type": "string",
      "sensitive": true
    },
    "frontend_east_ip": {
      "value": "44.215.70.119",
      "type": "string"
    },
    "frontend_west_ip": {
      "value": "50.18.39.204",
      "type": "string"
    },
    "private_key_pem": {
      "value": "-----BEGIN RSA PRIVATE KEY-----\nMIIJKAIBAAKCAgEArCdRCdOqpi95H1uhlflFeboFluSO5Wvt4qnAg0Ygp0FodwOg\nEVqfkNJnTvzINUIcizTD8+T5vJg8zYpMUPY/iFMIHcfeg1NcfMj8/Ze9LF7RCcIr\njqtefLFhkst+6rQuqCJLen0R0V2Y+34NR3pvE2VkU5lcfUIEajgxakuc/eGFpThO\ngQcZcZBu+aCq+FbxwkrKO1aP7XJg+hPJgDTFcYdqcB9W5wzaEatVsKoszyf6QaEu\n+7NVTrvK7PM66DilH4nF/pTuzb+P+GjBHfC7P0Zg4Wc2KIn8/1MVigoSbVNwA0Ox\n0dxyF2+IbpFxNhuT6rohiasQf3xAZiXYq2NQpQ8S4OWYcO9VkNjLdxefza/wDK1f\n0qL+EkbBZWJhcz+XvPCQPMWVAHu/SnPt7vfarYBioMPsRTVarUEvu0cbCue/ScJm\na1qJpFAZk9jIc0omaNdfDxONaASVH2qVNasvtgTPX/ZawrkRQ0tWm8hKxsDJw/PX\nEU2xeRIIBpytLv4GVZoJO3DLH9ckIkKE+uF0U4cy0Cxpvpe2mnB4NvF45z+q0Z2C\nULl9v/RxDTlOBaZ0ax/FyMXECBzR3MHX7QhfFFwhetN2JkkRE6oRJx0wQCmWfKeO\n7ZJUtUvUX/qR2vhidZIGwVn9vJxkgSPFpuythUSRe9rEwI71HpKVVkVha/UCAwEA\nAQKCAgAiRiaacf963B89eMEEKo9kM36q4sC3WORQ2PKIwDS+j+VkMn7TDauQie9C\n+M1EWy/zIBN2Mots+pM6abMVeF1APyWxxindFALpHhvOQkBJvevYyUViP2iNo0QV\nlXmkcTCLzV4hGhbqy7tqMJekuDG2lxxhD3qsPnFCE4N1Ee5E1npE4V+xzQ/J/hM2\nFECNtkOmJr06EJsRj1DS4Q8gPQFlP6xXe8nRsMuWsnmaNVs7+A3ZNKW1u2e7x+QY\nBjnfY22uiH+4ln6vzFh1wKdYFmY1LAYcQi/0ZLqPu8MhSy2NggvePoM/0KePVmd/\neenj95wcoqeMMNhVRU/N9nF7d8elbVcWxlx//YzK9w7afH3tM4lnrMunXbYNysNW\nOiDkf33rm0o0BVlyT8oa91huWeJvMj+zW03ek992qFx6OqV9ONPBpUUEs6eVUNop\nXOn+crQTeM5HiNqwdRenwfL6KqlK/FDvoU1VX+zRWP2TCKGe97/+s32bBx1iMQwf\nzAjrjF8sMZ86TQhvoqeUvbkoxdGh+Z/qH4rKxA6jMXEAOCrWNtNf99gt+c0ED1uN\njAiHNQMqr+0OTrsPSukhPz/pUdEOfBl0xsHMc41jelIvD8I8MVMurKKub2O+Ewh8\n6zqFehJnt9kzXub5CnlP3oQOHgATG4CHbwzMQfZYaWvMaFye+QKCAQEAx6V0THn9\nX/wETa5v0fMuyxANsGFUOLjlydVcZmiSByGPy0cNPtPQmUu95D5wi7XhWODR1fo/\n054zk9Wvwyk4ojxxIDZhQioiAIg8iM0ElsUvjVyft5lmPWCvBgJnOb0sTppHLVrN\nK1+CyWViwP+GPI+yBclDkKm053hcDkVYrDDOIHS7Vo78xb5WaikVeZD3lZVzZeXA\npgIr5q2JXOhFvBYMqWiS1rai0r6KkbqoWsDB0kh1JNp0dfDcGDMbla8P/1P31rw8\nMYeUERKKufP8WPenALthPBE5CVFKrRsa3Hrpxw0ePSBZ7ZoT2Z+RI+Ro40iXdGpT\nwWBa3KC1AjkCHQKCAQEA3L85QL+3zZbmtMzW8NQJ8pyqP9k6FdsOwdDiwoMQCWYw\nVvGLtge+QRTXkMWEw224LCOz4gRKL2oW3P3vnO0823CKg9n+1G1wol2X5pmI9+So\nBe1gNHBBfUYIEesotA8Vv8OVwGlrX3SZo4TZkm2IEvW9FRtdpMWKvTniewvFwSPq\naf0J3uYOBgI9hNPnRSmCrc3tbTDyuq/IIy8RF0TdYciUpOkNgBGKf1Fm4COqpdCs\n/o/3WpYVFlGJSmOsNY7oKQav/ywhKzvrXhTlmgio4y3CG8uV/R2VrqcWWRhN6tis\nUrqr589QYM2bxLpLNYqumm+R4WRhkz5C5g4tyMVpuQKCAQA07Tn9pEF1lrwVU+80\n+4EmOCVI4ySOvQW+EiAizgoYdd9HBpkOVNzyJtA6mAsCHr+U7lTyoxsUoNYPlRC5\nbk4jRF7BKWlzPvQwq+1QXvmedrv6f9mftL0T/HOp5i0zc2ExnVjNP0sw+msTtRsP\nCy6tE3MgcZDF4xegXZoZ9mxhiba7h/a6JcIBMkp6blXRGotoTmx/UP9Xgy/cQZku\n1izWhgnpR13WKijUMctOgutq07sOYkMb+AXz1lyi1bm0Xuqgx8PmW5ShlM2+EOpS\nDcqSU2UknohSgkZaoABqD8t5M+SR7npbvh3ZDYXBpbm2iDD+QBpWtHFrzH2KC9iw\ntChJAoIBAQCR7kRuHo/m9LRNoAEUMkjlP1Z5YSS6IBfQX0QZLMWkQQ8B2yruSo4m\nvh2H0lvjShxv6aZYa1eTosG8lI8cIeWSeALKCYoiarsES3VI+AUJQ/sj9/oakH9q\nzqo1Fk3RQwuwux67lbVq5E1RQVkIKSrExfmbA31TmVgPoj2r9GtmNFUafjJRTarF\npCOBNQj1uuxt8+3aunosmlpnkAzvYhIsO4qwvnSzTmVNp8WntUxx09MZcpkmJIOK\nPprRN7U3ruKhhI9C1KyUxUbi6lOjEch8btqcv2jHbRBv5nuqqJuR/m1lP4y3cWEE\nrcglNLbVjXnCFLHO3Cp5Sba2GXeA+6jZAoIBAB/E4EL4osfCZuE8d+3PRwqIyxG4\no5MYwhHwRya7p43Rk6W8U9dBmnJBhhzR0QcE5hFgipziW1uQiDYKp05Wid6OIBH4\n+oD0sV2kRm63EBL8ntn4NyxT+rD613qYfjIpB4EYjgHmCyWosLcoVJQ8Lx32gH1o\nHoWQ4qjqqGc+uINdpjpJVLcVzIO8qJQzWY//X9dIezGkloOhH6BXrCd/cpM0qm6g\n09o/VAEaPHvHQ+OOD19tKHVl+Sx3m2Ca8wjd+xAIWnTpDT1deWyE3SXuA2fKeUms\nC2/Z8dgfjP1sEOv0igSfdwD/gEl+E2toQ1211B3LdM1oVsdib7I6UxPh1kY=\n-----END RSA PRIVATE KEY-----\n",
      "type": "string",
      "sensitive": true
    }
  },
  "resources": [
    {
      "mode": "data",
      "type": "aws_ami",
      "name": "al2_east",
      "provider": "provider[\"registry.terraform.io/hashicorp/aws\"].primary",
      "instances": [
        {
          "schema_version": 0,
          "attributes": {
            "architecture": "x86_64",
            "arn": "arn:aws:ec2:us-east-1::image/ami-0e2c86481225d3c51",
            "block_device_mappings": [
              {
                "device_name": "/dev/xvda",
                "ebs": {
                  "delete_on_termination": "true",
                  "encrypted": "false",
                  "iops": "0",
                  "snapshot_id": "snap-05a1692e16f3465af",
                  "throughput": "0",
                  "volume_initialization_rate": "0",
                  "volume_size": "8",
                  "volume_type": "gp2"
                },
                "no_device": "",
                "virtual_name": ""
              }
            ],
            "boot_mode": "",
            "creation_date": "2025-08-08T20:33:28.000Z",
            "deprecation_time": "2025-11-06T20:33:00.000Z",
            "description": "Amazon Linux 2 AMI 2.0.20250808.1 x86_64 HVM gp2",
            "ena_support": true,
            "executable_users": null,
            "filter": [
              {
                "name": "name",
                "values": [
                  "amzn2-ami-hvm-*-x86_64-gp2"
                ]
              }
            ],
            "hypervisor": "xen",
            "id": "ami-0e2c86481225d3c51",
            "image_id": "ami-0e2c86481225d3c51",
            "image_location": "amazon/amzn2-ami-hvm-2.0.20250808.1-x86_64-gp2",
            "image_owner_alias": "amazon",
            "image_type": "machine",
            "imds_support": "",
            "include_deprecated": false,
            "kernel_id": "",
            "last_launched_time": "",
            "most_recent": true,
            "name": "amzn2-ami-hvm-2.0.20250808.1-x86_64-gp2",
            "name_regex": null,
            "owner_id": "137112412989",
            "owners": [
              "amazon"
            ],
            "platform": "",
            "platform_details": "Linux/UNIX",
            "product_codes": [],
            "public": true,
            "ramdisk_id": "",
            "root_device_name": "/dev/xvda",
            "root_device_type": "ebs",
            "root_snapshot_id": "snap-05a1692e16f3465af",
            "sriov_net_support": "simple",
            "state": "available",
            "state_reason": {
              "code": "UNSET",
              "message": "UNSET"
            },
            "tags": {},
            "timeouts": null,
            "tpm_support": "",
            "uefi_data": null,
            "usage_operation": "RunInstances",
            "virtualization_type": "hvm"
          },
          "sensitive_attributes": []
        }
      ]
    },
    {
      "mode": "data",
      "type": "aws_ami",
      "name": "ubuntu_east",
      "provider": "provider[\"registry.terraform.io/hashicorp/aws\"].primary",
      "instances": [
        {
          "schema_version": 0,
          "attributes": {
            "architecture": "x86_64",
            "arn": "arn:aws:ec2:us-east-1::image/ami-021589336d307b577",
            "block_device_mappings": [
              {
                "device_name": "/dev/sda1",
                "ebs": {
                  "delete_on_termination": "true",
                  "encrypted": "false",
                  "iops": "0",
                  "snapshot_id": "snap-03c2cbd9a3ffc3048",
                  "throughput": "0",
                  "volume_initialization_rate": "0",
                  "volume_size": "8",
                  "volume_type": "gp2"
                },
                "no_device": "",
                "virtual_name": ""
              },
              {
                "device_name": "/dev/sdb",
                "ebs": {},
                "no_device": "",
                "virtual_name": "ephemeral0"
              },
              {
                "device_name": "/dev/sdc",
                "ebs": {},
                "no_device": "",
                "virtual_name": "ephemeral1"
              }
            ],
            "boot_mode": "uefi-preferred",
            "creation_date": "2025-08-01T07:11:41.000Z",
            "deprecation_time": "2027-08-01T07:11:41.000Z",
            "description": "Canonical, Ubuntu, 22.04, amd64 jammy image",
            "ena_support": true,
            "executable_users": null,
            "filter": [
              {
                "name": "name",
                "values": [
                  "ubuntu/images/hvm-ssd/ubuntu-jammy-22.04-amd64-server-*"
                ]
              }
            ],
            "hypervisor": "xen",
            "id": "ami-021589336d307b577",
            "image_id": "ami-021589336d307b577",
            "image_location": "amazon/ubuntu/images/hvm-ssd/ubuntu-jammy-22.04-amd64-server-20250801",
            "image_owner_alias": "amazon",
            "image_type": "machine",
            "imds_support": "",
            "include_deprecated": false,
            "kernel_id": "",
            "last_launched_time": "",
            "most_recent": true,
            "name": "ubuntu/images/hvm-ssd/ubuntu-jammy-22.04-amd64-server-20250801",
            "name_regex": null,
            "owner_id": "099720109477",
            "owners": [
              "099720109477"
            ],
            "platform": "",
            "platform_details": "Linux/UNIX",
            "product_codes": [],
            "public": true,
            "ramdisk_id": "",
            "root_device_name": "/dev/sda1",
            "root_device_type": "ebs",
            "root_snapshot_id": "snap-03c2cbd9a3ffc3048",
            "sriov_net_support": "simple",
            "state": "available",
            "state_reason": {
              "code": "UNSET",
              "message": "UNSET"
            },
            "tags": {},
            "timeouts": null,
            "tpm_support": "",
            "uefi_data": null,
            "usage_operation": "RunInstances",
            "virtualization_type": "hvm"
          },
          "sensitive_attributes": []
        }
      ]
    },
    {
      "mode": "data",
      "type": "aws_ami",
      "name": "ubuntu_west",
      "provider": "provider[\"registry.terraform.io/hashicorp/aws\"].secondary",
      "instances": [
        {
          "schema_version": 0,
          "attributes": {
            "architecture": "x86_64",
            "arn": "arn:aws:ec2:us-west-1::image/ami-0742eb7300e2d407c",
            "block_device_mappings": [
              {
                "device_name": "/dev/sda1",
                "ebs": {
                  "delete_on_termination": "true",
                  "encrypted": "false",
                  "iops": "0",
                  "snapshot_id": "snap-015799ca9d7abf629",
                  "throughput": "0",
                  "volume_initialization_rate": "0",
                  "volume_size": "8",
                  "volume_type": "gp2"
                },
                "no_device": "",
                "virtual_name": ""
              },
              {
                "device_name": "/dev/sdb",
                "ebs": {},
                "no_device": "",
                "virtual_name": "ephemeral0"
              },
              {
                "device_name": "/dev/sdc",
                "ebs": {},
                "no_device": "",
                "virtual_name": "ephemeral1"
              }
            ],
            "boot_mode": "uefi-preferred",
            "creation_date": "2025-08-01T07:11:15.000Z",
            "deprecation_time": "2027-08-01T07:11:15.000Z",
            "description": "Canonical, Ubuntu, 22.04, amd64 jammy image",
            "ena_support": true,
            "executable_users": null,
            "filter": [
              {
                "name": "name",
                "values": [
                  "ubuntu/images/hvm-ssd/ubuntu-jammy-22.04-amd64-server-*"
                ]
              }
            ],
            "hypervisor": "xen",
            "id": "ami-0742eb7300e2d407c",
            "image_id": "ami-0742eb7300e2d407c",
            "image_location": "amazon/ubuntu/images/hvm-ssd/ubuntu-jammy-22.04-amd64-server-20250801",
            "image_owner_alias": "amazon",
            "image_type": "machine",
            "imds_support": "",
            "include_deprecated": false,
            "kernel_id": "",
            "last_launched_time": "",
            "most_recent": true,
            "name": "ubuntu/images/hvm-ssd/ubuntu-jammy-22.04-amd64-server-20250801",
            "name_regex": null,
            "owner_id": "099720109477",
            "owners": [
              "099720109477"
            ],
            "platform": "",
            "platform_details": "Linux/UNIX",
            "product_codes": [],
            "public": true,
            "ramdisk_id": "",
            "root_device_name": "/dev/sda1",
            "root_device_type": "ebs",
            "root_snapshot_id": "snap-015799ca9d7abf629",
            "sriov_net_support": "simple",
            "state": "available",
            "state_reason": {
              "code": "UNSET",
              "message": "UNSET"
            },
            "tags": {},
            "timeouts": null,
            "tpm_support": "",
            "uefi_data": null,
            "usage_operation": "RunInstances",
            "virtualization_type": "hvm"
          },
          "sensitive_attributes": []
        }
      ]
    },
    {
      "mode": "data",
      "type": "aws_caller_identity",
      "name": "current",
      "provider": "provider[\"registry.terraform.io/hashicorp/aws\"]",
      "instances": [
        {
          "schema_version": 0,
          "attributes": {
            "account_id": "904233103130",
            "arn": "arn:aws:iam::904233103130:user/Terraform_User",
            "id": "904233103130",
            "user_id": "AIDA5FCD6F4NBMTKVC4ME"
          },
          "sensitive_attributes": []
        }
      ]
    },
    {
      "mode": "data",
      "type": "aws_iam_policy_document",
      "name": "ec2_assume",
      "provider": "provider[\"registry.terraform.io/hashicorp/aws\"]",
      "instances": [
        {
          "schema_version": 0,
          "attributes": {
            "id": "1443847869",
            "json": "{\n  \"Version\": \"2012-10-17\",\n  \"Statement\": [\n    {\n      \"Effect\": \"Allow\",\n      \"Action\": \"sts:AssumeRole\",\n      \"Principal\": {\n        \"Service\": \"ec2.amazonaws.com\"\n      }\n    }\n  ]\n}",
            "minified_json": "{\"Version\":\"2012-10-17\",\"Statement\":[{\"Effect\":\"Allow\",\"Action\":\"sts:AssumeRole\",\"Principal\":{\"Service\":\"ec2.amazonaws.com\"}}]}",
            "override_json": null,
            "override_policy_documents": null,
            "policy_id": null,
            "source_json": null,
            "source_policy_documents": null,
            "statement": [
              {
                "actions": [
                  "sts:AssumeRole"
                ],
                "condition": [],
                "effect": "Allow",
                "not_actions": [],
                "not_principals": [],
                "not_resources": [],
                "principals": [
                  {
                    "identifiers": [
                      "ec2.amazonaws.com"
                    ],
                    "type": "Service"
                  }
                ],
                "resources": [],
                "sid": ""
              }
            ],
            "version": "2012-10-17"
          },
          "sensitive_attributes": []
        }
      ]
    },
    {
      "mode": "data",
      "type": "aws_kms_alias",
      "name": "rds_default_dr",
      "provider": "provider[\"registry.terraform.io/hashicorp/aws\"].secondary",
      "instances": [
        {
          "schema_version": 0,
          "attributes": {
            "arn": "arn:aws:kms:us-west-1:904233103130:alias/aws/rds",
            "id": "arn:aws:kms:us-west-1:904233103130:alias/aws/rds",
            "name": "alias/aws/rds",
            "target_key_arn": "arn:aws:kms:us-west-1:904233103130:key/fe04ac09-e9d3-4a8d-8a0d-f081e08632c6",
            "target_key_id": "fe04ac09-e9d3-4a8d-8a0d-f081e08632c6"
          },
          "sensitive_attributes": []
        }
      ]
    },
    {
      "mode": "data",
      "type": "aws_route53_zone",
      "name": "public",
      "provider": "provider[\"registry.terraform.io/hashicorp/aws\"]",
      "instances": [
        {
          "schema_version": 0,
          "attributes": {
            "arn": "arn:aws:route53:::hostedzone/Z06088091MGPUZBHTAQX6",
            "caller_reference": "terraform-20250809095515735300000001",
            "comment": "Managed by Terraform",
            "id": "Z06088091MGPUZBHTAQX6",
            "linked_service_description": null,
            "linked_service_principal": null,
            "name": "pietroruoppolo.club",
            "name_servers": [
              "ns-451.awsdns-56.com",
              "ns-1937.awsdns-50.co.uk",
              "ns-602.awsdns-11.net",
              "ns-1437.awsdns-51.org"
            ],
            "primary_name_server": "ns-451.awsdns-56.com",
            "private_zone": false,
            "resource_record_set_count": 5,
            "tags": {},
            "vpc_id": null,
            "zone_id": "Z06088091MGPUZBHTAQX6"
          },
          "sensitive_attributes": []
        }
      ]
    },
    {
      "mode": "managed",
      "type": "aws_acm_certificate",
      "name": "cf_cert",
      "provider": "provider[\"registry.terraform.io/hashicorp/aws\"].useast1",
      "instances": [
        {
          "schema_version": 0,
          "attributes": {
            "arn": "arn:aws:acm:us-east-1:904233103130:certificate/c1210152-a0fc-416d-8ff5-94ff0fd29732",
            "certificate_authority_arn": "",
            "certificate_body": null,
            "certificate_chain": null,
            "domain_name": "pietroruoppolo.club",
            "domain_validation_options": [
              {
                "domain_name": "*.pietroruoppolo.club",
                "resource_record_name": "_a6234d5ba1e2dadbd987a33b0be4044e.pietroruoppolo.club.",
                "resource_record_type": "CNAME",
                "resource_record_value": "_d0e9c8d6257f6502d57cb825f6c17058.xlfgrmvvlj.acm-validations.aws."
              },
              {
                "domain_name": "pietroruoppolo.club",
                "resource_record_name": "_a6234d5ba1e2dadbd987a33b0be4044e.pietroruoppolo.club.",
                "resource_record_type": "CNAME",
                "resource_record_value": "_d0e9c8d6257f6502d57cb825f6c17058.xlfgrmvvlj.acm-validations.aws."
              }
            ],
            "early_renewal_duration": "",
            "id": "arn:aws:acm:us-east-1:904233103130:certificate/c1210152-a0fc-416d-8ff5-94ff0fd29732",
            "key_algorithm": "RSA_2048",
            "not_after": "",
            "not_before": "",
            "options": [
              {
                "certificate_transparency_logging_preference": "ENABLED"
              }
            ],
            "pending_renewal": false,
            "private_key": null,
            "renewal_eligibility": "INELIGIBLE",
            "renewal_summary": [],
            "status": "PENDING_VALIDATION",
            "subject_alternative_names": [
              "*.pietroruoppolo.club",
              "pietroruoppolo.club"
            ],
            "tags": {},
            "tags_all": {},
            "type": "AMAZON_ISSUED",
            "validation_emails": [],
            "validation_method": "DNS",
            "validation_option": []
          },
          "sensitive_attributes": [
            [
              {
                "type": "get_attr",
                "value": "private_key"
              }
            ]
          ],
          "private": "bnVsbA==",
          "create_before_destroy": true
        }
      ]
    },
    {
      "mode": "managed",
      "type": "aws_ami_from_instance",
      "name": "backend_ami_east",
      "provider": "provider[\"registry.terraform.io/hashicorp/aws\"].primary",
      "instances": [
        {
          "schema_version": 0,
          "attributes": {
            "architecture": "x86_64",
            "arn": "arn:aws:ec2:us-east-1::image/ami-06f5e345ffec14f37",
            "boot_mode": "uefi-preferred",
            "deprecation_time": "",
            "description": "",
            "ebs_block_device": [
              {
                "delete_on_termination": true,
                "device_name": "/dev/sda1",
                "encrypted": false,
                "iops": 0,
                "outpost_arn": "",
                "snapshot_id": "snap-0dad22b9019317912",
                "throughput": 0,
                "volume_size": 8,
                "volume_type": "gp2"
              }
            ],
            "ena_support": true,
            "ephemeral_block_device": [
              {
                "device_name": "/dev/sdb",
                "virtual_name": "ephemeral0"
              },
              {
                "device_name": "/dev/sdc",
                "virtual_name": "ephemeral1"
              }
            ],
            "hypervisor": "xen",
            "id": "ami-06f5e345ffec14f37",
            "image_location": "904233103130/img-backend-east-2025-08-09-14-03-45",
            "image_owner_alias": "",
            "image_type": "machine",
            "imds_support": "",
            "kernel_id": "",
            "last_launched_time": "",
            "manage_ebs_snapshots": true,
            "name": "img-backend-east-2025-08-09-14-03-45",
            "owner_id": "904233103130",
            "platform": "",
            "platform_details": "Linux/UNIX",
            "public": false,
            "ramdisk_id": "",
            "root_device_name": "/dev/sda1",
            "root_snapshot_id": "snap-0dad22b9019317912",
            "snapshot_without_reboot": true,
            "source_instance_id": "i-0768bfd4a2cc977e6",
            "sriov_net_support": "simple",
            "tags": null,
            "tags_all": {},
            "timeouts": null,
            "tpm_support": "",
            "uefi_data": null,
            "usage_operation": "RunInstances",
            "virtualization_type": "hvm"
          },
          "sensitive_attributes": [],
          "private": "eyJlMmJmYjczMC1lY2FhLTExZTYtOGY4OC0zNDM2M2JjN2M0YzAiOnsiY3JlYXRlIjoyNDAwMDAwMDAwMDAwLCJkZWxldGUiOjU0MDAwMDAwMDAwMDAsInVwZGF0ZSI6MjQwMDAwMDAwMDAwMH19",
          "dependencies": [
            "aws_instance.backend_east",
            "aws_key_pair.deployer_east",
            "aws_security_group.web_sg_east",
            "aws_subnet.prod",
            "aws_vpc.prod",
            "data.aws_ami.ubuntu_east",
            "tls_private_key.auto"
          ],
          "create_before_destroy": true
        }
      ]
    },
    {
      "mode": "managed",
      "type": "aws_ami_from_instance",
      "name": "backend_ami_west",
      "provider": "provider[\"registry.terraform.io/hashicorp/aws\"].secondary",
      "instances": [
        {
          "schema_version": 0,
          "attributes": {
            "architecture": "x86_64",
            "arn": "arn:aws:ec2:us-west-1::image/ami-03c27a20b442d4373",
            "boot_mode": "uefi-preferred",
            "deprecation_time": "",
            "description": "",
            "ebs_block_device": [
              {
                "delete_on_termination": true,
                "device_name": "/dev/sda1",
                "encrypted": false,
                "iops": 0,
                "outpost_arn": "",
                "snapshot_id": "snap-085313ac7e67a75a6",
                "throughput": 0,
                "volume_size": 8,
                "volume_type": "gp2"
              }
            ],
            "ena_support": true,
            "ephemeral_block_device": [
              {
                "device_name": "/dev/sdb",
                "virtual_name": "ephemeral0"
              },
              {
                "device_name": "/dev/sdc",
                "virtual_name": "ephemeral1"
              }
            ],
            "hypervisor": "xen",
            "id": "ami-03c27a20b442d4373",
            "image_location": "904233103130/img-backend-west-2025-08-09-14-03-45",
            "image_owner_alias": "",
            "image_type": "machine",
            "imds_support": "",
            "kernel_id": "",
            "last_launched_time": "",
            "manage_ebs_snapshots": true,
            "name": "img-backend-west-2025-08-09-14-03-45",
            "owner_id": "904233103130",
            "platform": "",
            "platform_details": "Linux/UNIX",
            "public": false,
            "ramdisk_id": "",
            "root_device_name": "/dev/sda1",
            "root_snapshot_id": "snap-085313ac7e67a75a6",
            "snapshot_without_reboot": true,
            "source_instance_id": "i-022af133a6deea5ef",
            "sriov_net_support": "simple",
            "tags": null,
            "tags_all": {},
            "timeouts": null,
            "tpm_support": "",
            "uefi_data": null,
            "usage_operation": "RunInstances",
            "virtualization_type": "hvm"
          },
          "sensitive_attributes": [],
          "private": "eyJlMmJmYjczMC1lY2FhLTExZTYtOGY4OC0zNDM2M2JjN2M0YzAiOnsiY3JlYXRlIjoyNDAwMDAwMDAwMDAwLCJkZWxldGUiOjU0MDAwMDAwMDAwMDAsInVwZGF0ZSI6MjQwMDAwMDAwMDAwMH19",
          "dependencies": [
            "aws_instance.backend_west",
            "aws_key_pair.deployer_west",
            "aws_security_group.web_sg_west",
            "aws_subnet.dr",
            "aws_vpc.dr",
            "data.aws_ami.ubuntu_west",
            "tls_private_key.auto"
          ],
          "create_before_destroy": true
        }
      ]
    },
    {
      "mode": "managed",
      "type": "aws_ami_from_instance",
      "name": "frontend_ami_east",
      "provider": "provider[\"registry.terraform.io/hashicorp/aws\"].primary",
      "instances": [
        {
          "schema_version": 0,
          "attributes": {
            "architecture": "x86_64",
            "arn": "arn:aws:ec2:us-east-1::image/ami-0a6c094747db43306",
            "boot_mode": "uefi-preferred",
            "deprecation_time": "",
            "description": "",
            "ebs_block_device": [
              {
                "delete_on_termination": true,
                "device_name": "/dev/sda1",
                "encrypted": false,
                "iops": 0,
                "outpost_arn": "",
                "snapshot_id": "snap-0a49749e6bbf32ff6",
                "throughput": 0,
                "volume_size": 8,
                "volume_type": "gp2"
              }
            ],
            "ena_support": true,
            "ephemeral_block_device": [
              {
                "device_name": "/dev/sdb",
                "virtual_name": "ephemeral0"
              },
              {
                "device_name": "/dev/sdc",
                "virtual_name": "ephemeral1"
              }
            ],
            "hypervisor": "xen",
            "id": "ami-0a6c094747db43306",
            "image_location": "904233103130/img-frontend-east-2025-08-09-14-03-45",
            "image_owner_alias": "",
            "image_type": "machine",
            "imds_support": "",
            "kernel_id": "",
            "last_launched_time": "",
            "manage_ebs_snapshots": true,
            "name": "img-frontend-east-2025-08-09-14-03-45",
            "owner_id": "904233103130",
            "platform": "",
            "platform_details": "Linux/UNIX",
            "public": false,
            "ramdisk_id": "",
            "root_device_name": "/dev/sda1",
            "root_snapshot_id": "snap-0a49749e6bbf32ff6",
            "snapshot_without_reboot": true,
            "source_instance_id": "i-00aa1214d4e1a468d",
            "sriov_net_support": "simple",
            "tags": null,
            "tags_all": {},
            "timeouts": null,
            "tpm_support": "",
            "uefi_data": null,
            "usage_operation": "RunInstances",
            "virtualization_type": "hvm"
          },
          "sensitive_attributes": [],
          "private": "eyJlMmJmYjczMC1lY2FhLTExZTYtOGY4OC0zNDM2M2JjN2M0YzAiOnsiY3JlYXRlIjoyNDAwMDAwMDAwMDAwLCJkZWxldGUiOjU0MDAwMDAwMDAwMDAsInVwZGF0ZSI6MjQwMDAwMDAwMDAwMH19",
          "dependencies": [
            "aws_instance.frontend_east",
            "aws_key_pair.deployer_east",
            "aws_security_group.web_sg_east",
            "aws_subnet.prod",
            "aws_vpc.prod",
            "data.aws_ami.ubuntu_east",
            "tls_private_key.auto"
          ]
        }
      ]
    },
    {
      "mode": "managed",
      "type": "aws_ami_from_instance",
      "name": "frontend_ami_west",
      "provider": "provider[\"registry.terraform.io/hashicorp/aws\"].secondary",
      "instances": [
        {
          "schema_version": 0,
          "attributes": {
            "architecture": "x86_64",
            "arn": "arn:aws:ec2:us-west-1::image/ami-08bb8d3fded028531",
            "boot_mode": "uefi-preferred",
            "deprecation_time": "",
            "description": "",
            "ebs_block_device": [
              {
                "delete_on_termination": true,
                "device_name": "/dev/sda1",
                "encrypted": false,
                "iops": 0,
                "outpost_arn": "",
                "snapshot_id": "snap-00b929524ec7bc823",
                "throughput": 0,
                "volume_size": 8,
                "volume_type": "gp2"
              }
            ],
            "ena_support": true,
            "ephemeral_block_device": [
              {
                "device_name": "/dev/sdb",
                "virtual_name": "ephemeral0"
              },
              {
                "device_name": "/dev/sdc",
                "virtual_name": "ephemeral1"
              }
            ],
            "hypervisor": "xen",
            "id": "ami-08bb8d3fded028531",
            "image_location": "904233103130/img-frontend-west-2025-08-09-14-03-45",
            "image_owner_alias": "",
            "image_type": "machine",
            "imds_support": "",
            "kernel_id": "",
            "last_launched_time": "",
            "manage_ebs_snapshots": true,
            "name": "img-frontend-west-2025-08-09-14-03-45",
            "owner_id": "904233103130",
            "platform": "",
            "platform_details": "Linux/UNIX",
            "public": false,
            "ramdisk_id": "",
            "root_device_name": "/dev/sda1",
            "root_snapshot_id": "snap-00b929524ec7bc823",
            "snapshot_without_reboot": true,
            "source_instance_id": "i-07513a0ce2d2f2c8b",
            "sriov_net_support": "simple",
            "tags": null,
            "tags_all": {},
            "timeouts": null,
            "tpm_support": "",
            "uefi_data": null,
            "usage_operation": "RunInstances",
            "virtualization_type": "hvm"
          },
          "sensitive_attributes": [],
          "private": "eyJlMmJmYjczMC1lY2FhLTExZTYtOGY4OC0zNDM2M2JjN2M0YzAiOnsiY3JlYXRlIjoyNDAwMDAwMDAwMDAwLCJkZWxldGUiOjU0MDAwMDAwMDAwMDAsInVwZGF0ZSI6MjQwMDAwMDAwMDAwMH19",
          "dependencies": [
            "aws_instance.frontend_west",
            "aws_key_pair.deployer_west",
            "aws_security_group.web_sg_west",
            "aws_subnet.dr",
            "aws_vpc.dr",
            "data.aws_ami.ubuntu_west",
            "tls_private_key.auto"
          ],
          "create_before_destroy": true
        }
      ]
    },
    {
      "mode": "managed",
      "type": "aws_autoscaling_group",
      "name": "backend_asg_west",
      "provider": "provider[\"registry.terraform.io/hashicorp/aws\"].secondary",
      "instances": [
        {
          "schema_version": 1,
          "attributes": {
            "arn": "arn:aws:autoscaling:us-west-1:904233103130:autoScalingGroup:45400a3f-a9b8-4f5a-8aa0-98a274878518:autoScalingGroupName/asg-backend-west",
            "availability_zone_distribution": [
              {
                "capacity_distribution_strategy": "balanced-best-effort"
              }
            ],
            "availability_zones": [
              "us-west-1b",
              "us-west-1c"
            ],
            "capacity_rebalance": false,
            "capacity_reservation_specification": [
              {
                "capacity_reservation_preference": "default",
                "capacity_reservation_target": []
              }
            ],
            "context": "",
            "default_cooldown": 300,
            "default_instance_warmup": 0,
            "desired_capacity": 1,
            "desired_capacity_type": "",
            "enabled_metrics": [],
            "force_delete": false,
            "force_delete_warm_pool": false,
            "health_check_grace_period": 300,
            "health_check_type": "ELB",
            "id": "asg-backend-west",
            "ignore_failed_scaling_activities": false,
            "initial_lifecycle_hook": [],
            "instance_maintenance_policy": [],
            "instance_refresh": [],
            "launch_configuration": "",
            "launch_template": [
              {
                "id": "lt-002b188fc708f807a",
                "name": "lt-backend-west-20250809095849764500000009",
                "version": "$Latest"
              }
            ],
            "load_balancers": [],
            "max_instance_lifetime": 0,
            "max_size": 1,
            "metrics_granularity": "1Minute",
            "min_elb_capacity": null,
            "min_size": 1,
            "mixed_instances_policy": [],
            "name": "asg-backend-west",
            "name_prefix": "",
            "placement_group": "",
            "predicted_capacity": 0,
            "protect_from_scale_in": false,
            "service_linked_role_arn": "arn:aws:iam::904233103130:role/aws-service-role/autoscaling.amazonaws.com/AWSServiceRoleForAutoScaling",
            "suspended_processes": [],
            "tag": [
              {
                "key": "Name",
                "propagate_at_launch": true,
                "value": "backend-dr"
              }
            ],
            "target_group_arns": [
              "arn:aws:elasticloadbalancing:us-west-1:904233103130:targetgroup/tg-backend-dr/34366cbdef133f4a"
            ],
            "termination_policies": [],
            "timeouts": null,
            "traffic_source": [
              {
                "identifier": "arn:aws:elasticloadbalancing:us-west-1:904233103130:targetgroup/tg-backend-dr/34366cbdef133f4a",
                "type": "elbv2"
              }
            ],
            "vpc_zone_identifier": [
              "subnet-087c25358d4e2c6dd",
              "subnet-0d278d27179b2a968"
            ],
            "wait_for_capacity_timeout": "10m",
            "wait_for_elb_capacity": null,
            "warm_pool": [],
            "warm_pool_size": 0
          },
          "sensitive_attributes": [],
          "private": "eyJlMmJmYjczMC1lY2FhLTExZTYtOGY4OC0zNDM2M2JjN2M0YzAiOnsiZGVsZXRlIjo2MDAwMDAwMDAwMDAsInVwZGF0ZSI6NjAwMDAwMDAwMDAwfSwic2NoZW1hX3ZlcnNpb24iOiIxIn0=",
          "dependencies": [
            "aws_ami_from_instance.backend_ami_west",
            "aws_instance.backend_west",
            "aws_key_pair.deployer_west",
            "aws_launch_template.backend_lt_west",
            "aws_lb_target_group.tg_backend_dr",
            "aws_security_group.backend_ec2_dr",
            "aws_security_group.web_sg_west",
            "aws_subnet.dr",
            "aws_vpc.dr",
            "data.aws_ami.ubuntu_west",
            "tls_private_key.auto"
          ],
          "create_before_destroy": true
        }
      ]
    },
    {
      "mode": "managed",
      "type": "aws_autoscaling_group",
      "name": "frontend_asg_west",
      "provider": "provider[\"registry.terraform.io/hashicorp/aws\"].secondary",
      "instances": [
        {
          "schema_version": 1,
          "attributes": {
            "arn": "arn:aws:autoscaling:us-west-1:904233103130:autoScalingGroup:4632064e-3c9f-4cbc-b1b7-9c501dc62b9b:autoScalingGroupName/asg-frontend-west",
            "availability_zone_distribution": [
              {
                "capacity_distribution_strategy": "balanced-best-effort"
              }
            ],
            "availability_zones": [
              "us-west-1b",
              "us-west-1c"
            ],
            "capacity_rebalance": false,
            "capacity_reservation_specification": [
              {
                "capacity_reservation_preference": "default",
                "capacity_reservation_target": []
              }
            ],
            "context": "",
            "default_cooldown": 300,
            "default_instance_warmup": 0,
            "desired_capacity": 1,
            "desired_capacity_type": "",
            "enabled_metrics": [],
            "force_delete": false,
            "force_delete_warm_pool": false,
            "health_check_grace_period": 300,
            "health_check_type": "ELB",
            "id": "asg-frontend-west",
            "ignore_failed_scaling_activities": false,
            "initial_lifecycle_hook": [],
            "instance_maintenance_policy": [],
            "instance_refresh": [],
            "launch_configuration": "",
            "launch_template": [
              {
                "id": "lt-0534dc1d9117f407b",
                "name": "lt-frontend-west-20250809095802945200000007",
                "version": "$Latest"
              }
            ],
            "load_balancers": [],
            "max_instance_lifetime": 0,
            "max_size": 1,
            "metrics_granularity": "1Minute",
            "min_elb_capacity": null,
            "min_size": 1,
            "mixed_instances_policy": [],
            "name": "asg-frontend-west",
            "name_prefix": "",
            "placement_group": "",
            "predicted_capacity": 0,
            "protect_from_scale_in": false,
            "service_linked_role_arn": "arn:aws:iam::904233103130:role/aws-service-role/autoscaling.amazonaws.com/AWSServiceRoleForAutoScaling",
            "suspended_processes": [],
            "tag": [
              {
                "key": "Name",
                "propagate_at_launch": true,
                "value": "frontend-dr"
              }
            ],
            "target_group_arns": [
              "arn:aws:elasticloadbalancing:us-west-1:904233103130:targetgroup/tg-frontend-dr/59fd3a629280b54f"
            ],
            "termination_policies": [],
            "timeouts": null,
            "traffic_source": [
              {
                "identifier": "arn:aws:elasticloadbalancing:us-west-1:904233103130:targetgroup/tg-frontend-dr/59fd3a629280b54f",
                "type": "elbv2"
              }
            ],
            "vpc_zone_identifier": [
              "subnet-0024f6e32b8ffada9",
              "subnet-0a235d9b4b8e61e66"
            ],
            "wait_for_capacity_timeout": "10m",
            "wait_for_elb_capacity": null,
            "warm_pool": [],
            "warm_pool_size": 0
          },
          "sensitive_attributes": [],
          "private": "eyJlMmJmYjczMC1lY2FhLTExZTYtOGY4OC0zNDM2M2JjN2M0YzAiOnsiZGVsZXRlIjo2MDAwMDAwMDAwMDAsInVwZGF0ZSI6NjAwMDAwMDAwMDAwfSwic2NoZW1hX3ZlcnNpb24iOiIxIn0=",
          "dependencies": [
            "aws_ami_from_instance.frontend_ami_west",
            "aws_instance.frontend_west",
            "aws_key_pair.deployer_west",
            "aws_launch_template.frontend_lt_west",
            "aws_lb_target_group.tg_frontend_dr",
            "aws_security_group.frontend_ec2_dr",
            "aws_security_group.web_sg_west",
            "aws_subnet.dr",
            "aws_vpc.dr",
            "data.aws_ami.ubuntu_west",
            "tls_private_key.auto"
          ],
          "create_before_destroy": true
        }
      ]
    },
    {
      "mode": "managed",
      "type": "aws_backup_plan",
      "name": "ec2_backup_plan",
      "provider": "provider[\"registry.terraform.io/hashicorp/aws\"].east",
      "instances": [
        {
          "schema_version": 1,
          "attributes": {
            "advanced_backup_setting": [],
            "arn": "arn:aws:backup:us-east-1:904233103130:backup-plan:4b2e3c05-7aec-4bef-ab62-a53a4f4139b6",
            "id": "4b2e3c05-7aec-4bef-ab62-a53a4f4139b6",
            "name": "daily-backup-plan",
            "rule": [
              {
                "completion_window": 180,
                "copy_action": [
                  {
                    "destination_vault_arn": "arn:aws:backup:us-west-2:904233103130:backup-vault:Default",
                    "lifecycle": [
                      {
                        "cold_storage_after": 0,
                        "delete_after": 30,
                        "opt_in_to_archive_for_supported_resources": false
                      }
                    ]
                  }
                ],
                "enable_continuous_backup": false,
                "lifecycle": [
                  {
                    "cold_storage_after": 0,
                    "delete_after": 30,
                    "opt_in_to_archive_for_supported_resources": false
                  }
                ],
                "recovery_point_tags": {},
                "rule_name": "daily-ec2-backup",
                "schedule": "cron(0 5 * * ? *)",
                "schedule_expression_timezone": "Etc/UTC",
                "start_window": 60,
                "target_vault_name": "vault-east"
              }
            ],
            "tags": {},
            "tags_all": {},
            "version": "YTNmMDc3N2QtMjdiMi00Y2NjLTllMDItMDEyZWE1YTM3ZGI0"
          },
          "sensitive_attributes": [],
          "private": "eyJzY2hlbWFfdmVyc2lvbiI6IjEifQ==",
          "dependencies": [
            "aws_backup_vault.vault_east",
            "data.aws_caller_identity.current"
          ]
        }
      ]
    },
    {
      "mode": "managed",
      "type": "aws_backup_selection",
      "name": "ec2_selection",
      "provider": "provider[\"registry.terraform.io/hashicorp/aws\"].east",
      "instances": [
        {
          "schema_version": 0,
          "attributes": {
            "condition": [
              {
                "string_equals": [],
                "string_like": [],
                "string_not_equals": [],
                "string_not_like": []
              }
            ],
            "iam_role_arn": "arn:aws:iam::904233103130:role/aws-backup-role",
            "id": "0335b133-2b8d-4692-ba0a-4f113dfc70f5",
            "name": "frontend-backend-east",
            "not_resources": [],
            "plan_id": "4b2e3c05-7aec-4bef-ab62-a53a4f4139b6",
            "resources": [
              "arn:aws:ec2:us-east-1:904233103130:instance/i-00aa1214d4e1a468d",
              "arn:aws:ec2:us-east-1:904233103130:instance/i-0768bfd4a2cc977e6"
            ],
            "selection_tag": []
          },
          "sensitive_attributes": [],
          "private": "bnVsbA==",
          "dependencies": [
            "aws_backup_plan.ec2_backup_plan",
            "aws_backup_vault.vault_east",
            "aws_iam_role.aws_backup_role",
            "aws_instance.backend_east",
            "aws_instance.frontend_east",
            "aws_key_pair.deployer_east",
            "aws_security_group.web_sg_east",
            "aws_subnet.prod",
            "aws_vpc.prod",
            "data.aws_ami.ubuntu_east",
            "data.aws_caller_identity.current",
            "tls_private_key.auto"
          ]
        }
      ]
    },
    {
      "mode": "managed",
      "type": "aws_backup_vault",
      "name": "vault_east",
      "provider": "provider[\"registry.terraform.io/hashicorp/aws\"].east",
      "instances": [
        {
          "schema_version": 0,
          "attributes": {
            "arn": "arn:aws:backup:us-east-1:904233103130:backup-vault:vault-east",
            "force_destroy": false,
            "id": "vault-east",
            "kms_key_arn": "arn:aws:kms:us-east-1:904233103130:key/b4f04006-e36a-4c60-b408-7f3b548979af",
            "name": "vault-east",
            "recovery_points": 0,
            "tags": {},
            "tags_all": {},
            "timeouts": null
          },
          "sensitive_attributes": [],
          "private": "eyJlMmJmYjczMC1lY2FhLTExZTYtOGY4OC0zNDM2M2JjN2M0YzAiOnsiZGVsZXRlIjo2MDAwMDAwMDAwMDB9fQ=="
        }
      ]
    },
    {
      "mode": "managed",
      "type": "aws_db_instance",
      "name": "primary_db",
      "provider": "provider[\"registry.terraform.io/hashicorp/aws\"].primary",
      "instances": [
        {
          "schema_version": 2,
          "attributes": {
            "address": "myapp-db.czoo08w08x8c.us-east-1.rds.amazonaws.com",
            "allocated_storage": 22,
            "allow_major_version_upgrade": null,
            "apply_immediately": false,
            "arn": "arn:aws:rds:us-east-1:904233103130:db:myapp-db",
            "auto_minor_version_upgrade": true,
            "availability_zone": "us-east-1b",
            "backup_retention_period": 7,
            "backup_target": "region",
            "backup_window": "03:00-04:00",
            "blue_green_update": [],
            "ca_cert_identifier": "rds-ca-rsa2048-g1",
            "character_set_name": "",
            "copy_tags_to_snapshot": false,
            "custom_iam_instance_profile": "",
            "customer_owned_ip_enabled": false,
            "database_insights_mode": "standard",
            "db_name": "test",
            "db_subnet_group_name": "main-db-subnet-group",
            "dedicated_log_volume": false,
            "delete_automated_backups": true,
            "deletion_protection": false,
            "domain": "",
            "domain_auth_secret_arn": "",
            "domain_dns_ips": [],
            "domain_fqdn": "",
            "domain_iam_role_name": "",
            "domain_ou": "",
            "enabled_cloudwatch_logs_exports": [],
            "endpoint": "myapp-db.czoo08w08x8c.us-east-1.rds.amazonaws.com:3306",
            "engine": "mysql",
            "engine_lifecycle_support": "open-source-rds-extended-support",
            "engine_version": "8.0",
            "engine_version_actual": "8.0.42",
            "final_snapshot_identifier": "myapp-db-final-20250809140348",
            "hosted_zone_id": "Z2R2ITUGPM61AM",
            "iam_database_authentication_enabled": false,
            "id": "db-YQJARKYC5GOIEL3XXNAAHWN6ZE",
            "identifier": "myapp-db",
            "identifier_prefix": "",
            "instance_class": "db.t3.micro",
            "iops": 0,
            "kms_key_id": "arn:aws:kms:us-east-1:904233103130:key/ab8caa80-8c2e-400f-acbd-6d0ce77d09d7",
            "latest_restorable_time": "2025-08-09T14:00:01Z",
            "license_model": "general-public-license",
            "listener_endpoint": [],
            "maintenance_window": "sun:09:16-sun:09:46",
            "manage_master_user_password": null,
            "master_user_secret": [],
            "master_user_secret_kms_key_id": null,
            "max_allocated_storage": 0,
            "monitoring_interval": 0,
            "monitoring_role_arn": "",
            "multi_az": true,
            "nchar_character_set_name": "",
            "network_type": "IPV4",
            "option_group_name": "default:mysql-8-0",
            "parameter_group_name": "default.mysql8.0",
            "password": "Rodman00!",
            "password_wo": null,
            "password_wo_version": null,
            "performance_insights_enabled": false,
            "performance_insights_kms_key_id": "",
            "performance_insights_retention_period": 0,
            "port": 3306,
            "publicly_accessible": false,
            "replica_mode": "",
            "replicas": [
              "arn:aws:rds:us-west-1:904233103130:db:myapp-db-replica"
            ],
            "replicate_source_db": "",
            "resource_id": "db-YQJARKYC5GOIEL3XXNAAHWN6ZE",
            "restore_to_point_in_time": [],
            "s3_import": [],
            "skip_final_snapshot": false,
            "snapshot_identifier": null,
            "status": "available",
            "storage_encrypted": true,
            "storage_throughput": 0,
            "storage_type": "gp2",
            "tags": {},
            "tags_all": {},
            "timeouts": null,
            "timezone": "",
            "upgrade_storage_config": null,
            "username": "admin",
            "vpc_security_group_ids": [
              "sg-05e250bb62c324780"
            ]
          },
          "sensitive_attributes": [
            [
              {
                "type": "get_attr",
                "value": "password"
              }
            ],
            [
              {
                "type": "get_attr",
                "value": "password_wo"
              }
            ]
          ],
          "private": "eyJlMmJmYjczMC1lY2FhLTExZTYtOGY4OC0zNDM2M2JjN2M0YzAiOnsiY3JlYXRlIjozMDAwMDAwMDAwMDAwLCJkZWxldGUiOjM2MDAwMDAwMDAwMDAsInVwZGF0ZSI6NDgwMDAwMDAwMDAwMH0sInNjaGVtYV92ZXJzaW9uIjoiMiJ9",
          "dependencies": [
            "aws_db_subnet_group.main",
            "aws_security_group.backend_alb",
            "aws_security_group.backend_ec2",
            "aws_security_group.bastion",
            "aws_security_group.rds",
            "aws_subnet.prod",
            "aws_vpc.prod"
          ]
        }
      ]
    },
    {
      "mode": "managed",
      "type": "aws_db_instance",
      "name": "read_replica",
      "provider": "provider[\"registry.terraform.io/hashicorp/aws\"].secondary",
      "instances": [
        {
          "schema_version": 2,
          "attributes": {
            "address": "myapp-db-replica.cbq2okei2ek3.us-west-1.rds.amazonaws.com",
            "allocated_storage": 22,
            "allow_major_version_upgrade": null,
            "apply_immediately": false,
            "arn": "arn:aws:rds:us-west-1:904233103130:db:myapp-db-replica",
            "auto_minor_version_upgrade": true,
            "availability_zone": "us-west-1b",
            "backup_retention_period": 0,
            "backup_target": "region",
            "backup_window": "03:00-04:00",
            "blue_green_update": [],
            "ca_cert_identifier": "rds-ca-rsa2048-g1",
            "character_set_name": "",
            "copy_tags_to_snapshot": false,
            "custom_iam_instance_profile": "",
            "customer_owned_ip_enabled": false,
            "database_insights_mode": "standard",
            "db_name": "test",
            "db_subnet_group_name": "replica-db-subnet-group",
            "dedicated_log_volume": false,
            "delete_automated_backups": true,
            "deletion_protection": false,
            "domain": "",
            "domain_auth_secret_arn": "",
            "domain_dns_ips": [],
            "domain_fqdn": "",
            "domain_iam_role_name": "",
            "domain_ou": "",
            "enabled_cloudwatch_logs_exports": [],
            "endpoint": "myapp-db-replica.cbq2okei2ek3.us-west-1.rds.amazonaws.com:3306",
            "engine": "mysql",
            "engine_lifecycle_support": "open-source-rds-extended-support",
            "engine_version": "8.0.42",
            "engine_version_actual": "8.0.42",
            "final_snapshot_identifier": null,
            "hosted_zone_id": "Z10WI91S59XXQN",
            "iam_database_authentication_enabled": false,
            "id": "db-VWI6KRLDZDEB2X4I5P2FAZECTQ",
            "identifier": "myapp-db-replica",
            "identifier_prefix": "",
            "instance_class": "db.t3.micro",
            "iops": 0,
            "kms_key_id": "arn:aws:kms:us-west-1:904233103130:key/fe04ac09-e9d3-4a8d-8a0d-f081e08632c6",
            "latest_restorable_time": "",
            "license_model": "general-public-license",
            "listener_endpoint": [],
            "maintenance_window": "sun:09:16-sun:09:46",
            "manage_master_user_password": null,
            "master_user_secret": [],
            "master_user_secret_kms_key_id": null,
            "max_allocated_storage": 0,
            "monitoring_interval": 0,
            "monitoring_role_arn": "",
            "multi_az": false,
            "nchar_character_set_name": "",
            "network_type": "IPV4",
            "option_group_name": "default:mysql-8-0",
            "parameter_group_name": "default.mysql8.0",
            "password": null,
            "password_wo": null,
            "password_wo_version": null,
            "performance_insights_enabled": false,
            "performance_insights_kms_key_id": "",
            "performance_insights_retention_period": 0,
            "port": 3306,
            "publicly_accessible": false,
            "replica_mode": "",
            "replicas": [],
            "replicate_source_db": "arn:aws:rds:us-east-1:904233103130:db:myapp-db",
            "resource_id": "db-VWI6KRLDZDEB2X4I5P2FAZECTQ",
            "restore_to_point_in_time": [],
            "s3_import": [],
            "skip_final_snapshot": true,
            "snapshot_identifier": null,
            "status": "available",
            "storage_encrypted": true,
            "storage_throughput": 0,
            "storage_type": "gp2",
            "tags": {},
            "tags_all": {},
            "timeouts": null,
            "timezone": "",
            "upgrade_storage_config": null,
            "username": "admin",
            "vpc_security_group_ids": [
              "sg-0728c66dfddc1466b"
            ]
          },
          "sensitive_attributes": [
            [
              {
                "type": "get_attr",
                "value": "password"
              }
            ],
            [
              {
                "type": "get_attr",
                "value": "password_wo"
              }
            ]
          ],
          "private": "eyJlMmJmYjczMC1lY2FhLTExZTYtOGY4OC0zNDM2M2JjN2M0YzAiOnsiY3JlYXRlIjozMDAwMDAwMDAwMDAwLCJkZWxldGUiOjM2MDAwMDAwMDAwMDAsInVwZGF0ZSI6NDgwMDAwMDAwMDAwMH0sInNjaGVtYV92ZXJzaW9uIjoiMiJ9",
          "dependencies": [
            "aws_db_instance.primary_db",
            "aws_db_subnet_group.main",
            "aws_db_subnet_group.replica",
            "aws_security_group.backend_alb",
            "aws_security_group.backend_ec2",
            "aws_security_group.bastion",
            "aws_security_group.rds",
            "aws_security_group.rds_dr",
            "aws_subnet.dr",
            "aws_subnet.prod",
            "aws_vpc.dr",
            "aws_vpc.prod",
            "data.aws_kms_alias.rds_default_dr"
          ]
        }
      ]
    },
    {
      "mode": "managed",
      "type": "aws_db_subnet_group",
      "name": "main",
      "provider": "provider[\"registry.terraform.io/hashicorp/aws\"].primary",
      "instances": [
        {
          "schema_version": 0,
          "attributes": {
            "arn": "arn:aws:rds:us-east-1:904233103130:subgrp:main-db-subnet-group",
            "description": "Managed by Terraform",
            "id": "main-db-subnet-group",
            "name": "main-db-subnet-group",
            "name_prefix": "",
            "subnet_ids": [
              "subnet-09e44da72819582d1",
              "subnet-0fcac11f3587e1b7e"
            ],
            "supported_network_types": [
              "IPV4"
            ],
            "tags": {
              "Name": "MainDBSubnetGroup"
            },
            "tags_all": {
              "Name": "MainDBSubnetGroup"
            },
            "vpc_id": "vpc-0246d5bbc399294e2"
          },
          "sensitive_attributes": [],
          "private": "bnVsbA==",
          "dependencies": [
            "aws_subnet.prod",
            "aws_vpc.prod"
          ]
        }
      ]
    },
    {
      "mode": "managed",
      "type": "aws_db_subnet_group",
      "name": "replica",
      "provider": "provider[\"registry.terraform.io/hashicorp/aws\"].secondary",
      "instances": [
        {
          "schema_version": 0,
          "attributes": {
            "arn": "arn:aws:rds:us-west-1:904233103130:subgrp:replica-db-subnet-group",
            "description": "Managed by Terraform",
            "id": "replica-db-subnet-group",
            "name": "replica-db-subnet-group",
            "name_prefix": "",
            "subnet_ids": [
              "subnet-0a28ea948c1400332",
              "subnet-0cb444e2e69b73946"
            ],
            "supported_network_types": [
              "IPV4"
            ],
            "tags": {
              "Name": "ReplicaDBSubnetGroup"
            },
            "tags_all": {
              "Name": "ReplicaDBSubnetGroup"
            },
            "vpc_id": "vpc-06857a677db04a3ce"
          },
          "sensitive_attributes": [],
          "private": "bnVsbA==",
          "dependencies": [
            "aws_subnet.dr",
            "aws_vpc.dr"
          ]
        }
      ]
    },
    {
      "mode": "managed",
      "type": "aws_eip",
      "name": "dr_nat_eip",
      "provider": "provider[\"registry.terraform.io/hashicorp/aws\"].secondary",
      "instances": [
        {
          "schema_version": 0,
          "attributes": {
            "address": null,
            "allocation_id": "eipalloc-02b5ad1a05728b9bc",
            "arn": "arn:aws:ec2:us-west-1:904233103130:elastic-ip/eipalloc-02b5ad1a05728b9bc",
            "associate_with_private_ip": null,
            "association_id": "eipassoc-0e8c5995f4c4b36a5",
            "carrier_ip": "",
            "customer_owned_ip": "",
            "customer_owned_ipv4_pool": "",
            "domain": "vpc",
            "id": "eipalloc-02b5ad1a05728b9bc",
            "instance": "",
            "ipam_pool_id": null,
            "network_border_group": "us-west-1",
            "network_interface": "eni-02ad3366228862c24",
            "private_dns": "ip-172-20-1-128.us-west-1.compute.internal",
            "private_ip": "172.20.1.128",
            "ptr_record": "",
            "public_dns": "ec2-13-57-131-161.us-west-1.compute.amazonaws.com",
            "public_ip": "13.57.131.161",
            "public_ipv4_pool": "amazon",
            "tags": {
              "Name": "eip-dr-nat"
            },
            "tags_all": {
              "Name": "eip-dr-nat"
            },
            "timeouts": null,
            "vpc": true
          },
          "sensitive_attributes": [],
          "private": "eyJlMmJmYjczMC1lY2FhLTExZTYtOGY4OC0zNDM2M2JjN2M0YzAiOnsiZGVsZXRlIjoxODAwMDAwMDAwMDAsInJlYWQiOjkwMDAwMDAwMDAwMCwidXBkYXRlIjozMDAwMDAwMDAwMDB9fQ=="
        }
      ]
    },
    {
      "mode": "managed",
      "type": "aws_eip",
      "name": "prod_nat_eip",
      "provider": "provider[\"registry.terraform.io/hashicorp/aws\"].primary",
      "instances": [
        {
          "schema_version": 0,
          "attributes": {
            "address": null,
            "allocation_id": "eipalloc-0ba7287824cff46c2",
            "arn": "arn:aws:ec2:us-east-1:904233103130:elastic-ip/eipalloc-0ba7287824cff46c2",
            "associate_with_private_ip": null,
            "association_id": "eipassoc-019b90ab36dc19bb2",
            "carrier_ip": "",
            "customer_owned_ip": "",
            "customer_owned_ipv4_pool": "",
            "domain": "vpc",
            "id": "eipalloc-0ba7287824cff46c2",
            "instance": "",
            "ipam_pool_id": null,
            "network_border_group": "us-east-1",
            "network_interface": "eni-02d789fb60b74ce1c",
            "private_dns": "ip-172-20-1-119.ec2.internal",
            "private_ip": "172.20.1.119",
            "ptr_record": "",
            "public_dns": "ec2-3-214-134-151.compute-1.amazonaws.com",
            "public_ip": "3.214.134.151",
            "public_ipv4_pool": "amazon",
            "tags": {
              "Name": "eip-prod-nat"
            },
            "tags_all": {
              "Name": "eip-prod-nat"
            },
            "timeouts": null,
            "vpc": true
          },
          "sensitive_attributes": [],
          "private": "eyJlMmJmYjczMC1lY2FhLTExZTYtOGY4OC0zNDM2M2JjN2M0YzAiOnsiZGVsZXRlIjoxODAwMDAwMDAwMDAsInJlYWQiOjkwMDAwMDAwMDAwMCwidXBkYXRlIjozMDAwMDAwMDAwMDB9fQ=="
        }
      ]
    },
    {
      "mode": "managed",
      "type": "aws_iam_instance_profile",
      "name": "backend_ssm",
      "provider": "provider[\"registry.terraform.io/hashicorp/aws\"]",
      "instances": [
        {
          "schema_version": 0,
          "attributes": {
            "arn": "arn:aws:iam::904233103130:instance-profile/backend-ssm-profile",
            "create_date": "2025-08-09T09:55:16Z",
            "id": "backend-ssm-profile",
            "name": "backend-ssm-profile",
            "name_prefix": "",
            "path": "/",
            "role": "backend-ssm-role",
            "tags": {},
            "tags_all": {},
            "unique_id": "AIPA5FCD6F4NH2IRFPQCQ"
          },
          "sensitive_attributes": [],
          "private": "bnVsbA==",
          "dependencies": [
            "aws_iam_role.backend_ssm",
            "data.aws_iam_policy_document.ec2_assume"
          ]
        }
      ]
    },
    {
      "mode": "managed",
      "type": "aws_iam_role",
      "name": "aws_backup_role",
      "provider": "provider[\"registry.terraform.io/hashicorp/aws\"]",
      "instances": [
        {
          "schema_version": 0,
          "attributes": {
            "arn": "arn:aws:iam::904233103130:role/aws-backup-role",
            "assume_role_policy": "{\"Statement\":[{\"Action\":\"sts:AssumeRole\",\"Effect\":\"Allow\",\"Principal\":{\"Service\":\"backup.amazonaws.com\"}}],\"Version\":\"2012-10-17\"}",
            "create_date": "2025-08-09T09:55:15Z",
            "description": "",
            "force_detach_policies": false,
            "id": "aws-backup-role",
            "inline_policy": [],
            "managed_policy_arns": [
              "arn:aws:iam::aws:policy/service-role/AWSBackupServiceRolePolicyForBackup"
            ],
            "max_session_duration": 3600,
            "name": "aws-backup-role",
            "name_prefix": "",
            "path": "/",
            "permissions_boundary": "",
            "tags": {},
            "tags_all": {},
            "unique_id": "AROA5FCD6F4NG73R2CIJD"
          },
          "sensitive_attributes": [],
          "private": "bnVsbA=="
        }
      ]
    },
    {
      "mode": "managed",
      "type": "aws_iam_role",
      "name": "backend_ssm",
      "provider": "provider[\"registry.terraform.io/hashicorp/aws\"]",
      "instances": [
        {
          "schema_version": 0,
          "attributes": {
            "arn": "arn:aws:iam::904233103130:role/backend-ssm-role",
            "assume_role_policy": "{\"Statement\":[{\"Action\":\"sts:AssumeRole\",\"Effect\":\"Allow\",\"Principal\":{\"Service\":\"ec2.amazonaws.com\"}}],\"Version\":\"2012-10-17\"}",
            "create_date": "2025-08-09T09:55:15Z",
            "description": "",
            "force_detach_policies": false,
            "id": "backend-ssm-role",
            "inline_policy": [],
            "managed_policy_arns": [
              "arn:aws:iam::aws:policy/AmazonSSMManagedInstanceCore"
            ],
            "max_session_duration": 3600,
            "name": "backend-ssm-role",
            "name_prefix": "",
            "path": "/",
            "permissions_boundary": "",
            "tags": {},
            "tags_all": {},
            "unique_id": "AROA5FCD6F4NDXRK7K36T"
          },
          "sensitive_attributes": [],
          "private": "bnVsbA==",
          "dependencies": [
            "data.aws_iam_policy_document.ec2_assume"
          ]
        }
      ]
    },
    {
      "mode": "managed",
      "type": "aws_iam_role_policy_attachment",
      "name": "aws_backup_role_attach",
      "provider": "provider[\"registry.terraform.io/hashicorp/aws\"]",
      "instances": [
        {
          "schema_version": 0,
          "attributes": {
            "id": "aws-backup-role-20250809095517562400000003",
            "policy_arn": "arn:aws:iam::aws:policy/service-role/AWSBackupServiceRolePolicyForBackup",
            "role": "aws-backup-role"
          },
          "sensitive_attributes": [],
          "private": "bnVsbA==",
          "dependencies": [
            "aws_iam_role.aws_backup_role"
          ]
        }
      ]
    },
    {
      "mode": "managed",
      "type": "aws_iam_role_policy_attachment",
      "name": "backend_ssm_core",
      "provider": "provider[\"registry.terraform.io/hashicorp/aws\"]",
      "instances": [
        {
          "schema_version": 0,
          "attributes": {
            "id": "backend-ssm-role-20250809095517205100000002",
            "policy_arn": "arn:aws:iam::aws:policy/AmazonSSMManagedInstanceCore",
            "role": "backend-ssm-role"
          },
          "sensitive_attributes": [],
          "private": "bnVsbA==",
          "dependencies": [
            "aws_iam_role.backend_ssm",
            "data.aws_iam_policy_document.ec2_assume"
          ]
        }
      ]
    },
    {
      "mode": "managed",
      "type": "aws_instance",
      "name": "backend_east",
      "provider": "provider[\"registry.terraform.io/hashicorp/aws\"].primary",
      "instances": [
        {
          "schema_version": 1,
          "attributes": {
            "ami": "ami-021589336d307b577",
            "arn": "arn:aws:ec2:us-east-1:904233103130:instance/i-0768bfd4a2cc977e6",
            "associate_public_ip_address": true,
            "availability_zone": "us-east-1b",
            "capacity_reservation_specification": [
              {
                "capacity_reservation_preference": "open",
                "capacity_reservation_target": []
              }
            ],
            "cpu_core_count": 1,
            "cpu_options": [
              {
                "amd_sev_snp": "",
                "core_count": 1,
                "threads_per_core": 1
              }
            ],
            "cpu_threads_per_core": 1,
            "credit_specification": [
              {
                "cpu_credits": "standard"
              }
            ],
            "disable_api_stop": false,
            "disable_api_termination": false,
            "ebs_block_device": [],
            "ebs_optimized": false,
            "enable_primary_ipv6": null,
            "enclave_options": [
              {
                "enabled": false
              }
            ],
            "ephemeral_block_device": [],
            "get_password_data": false,
            "hibernation": false,
            "host_id": "",
            "host_resource_group_arn": null,
            "iam_instance_profile": "",
            "id": "i-0768bfd4a2cc977e6",
            "instance_initiated_shutdown_behavior": "stop",
            "instance_lifecycle": "",
            "instance_market_options": [],
            "instance_state": "running",
            "instance_type": "t2.micro",
            "ipv6_address_count": 0,
            "ipv6_addresses": [],
            "key_name": "temp-key",
            "launch_template": [],
            "maintenance_options": [
              {
                "auto_recovery": "default"
              }
            ],
            "metadata_options": [
              {
                "http_endpoint": "enabled",
                "http_protocol_ipv6": "disabled",
                "http_put_response_hop_limit": 1,
                "http_tokens": "optional",
                "instance_metadata_tags": "disabled"
              }
            ],
            "monitoring": false,
            "network_interface": [],
            "outpost_arn": "",
            "password_data": "",
            "placement_group": "",
            "placement_partition_number": 0,
            "primary_network_interface_id": "eni-02db68986e735c870",
            "private_dns": "ip-172-20-2-117.ec2.internal",
            "private_dns_name_options": [
              {
                "enable_resource_name_dns_a_record": false,
                "enable_resource_name_dns_aaaa_record": false,
                "hostname_type": "ip-name"
              }
            ],
            "private_ip": "172.20.2.117",
            "public_dns": "ec2-44-212-42-13.compute-1.amazonaws.com",
            "public_ip": "44.212.42.13",
            "root_block_device": [
              {
                "delete_on_termination": true,
                "device_name": "/dev/sda1",
                "encrypted": false,
                "iops": 100,
                "kms_key_id": "",
                "tags": {},
                "tags_all": {},
                "throughput": 0,
                "volume_id": "vol-0fc570a6a2cf73128",
                "volume_size": 8,
                "volume_type": "gp2"
              }
            ],
            "secondary_private_ips": [],
            "security_groups": [],
            "source_dest_check": true,
            "spot_instance_request_id": "",
            "subnet_id": "subnet-0cd5c14df4d41726b",
            "tags": {
              "Name": "temp-backend-east"
            },
            "tags_all": {
              "Name": "temp-backend-east"
            },
            "tenancy": "default",
            "timeouts": null,
            "user_data": "ce8626b322a7382aae686a9949894093f778c96b",
            "user_data_base64": null,
            "user_data_replace_on_change": false,
            "volume_tags": null,
            "vpc_security_group_ids": [
              "sg-0d2069f6693c54531"
            ]
          },
          "sensitive_attributes": [],
          "private": "eyJlMmJmYjczMC1lY2FhLTExZTYtOGY4OC0zNDM2M2JjN2M0YzAiOnsiY3JlYXRlIjo2MDAwMDAwMDAwMDAsImRlbGV0ZSI6MTIwMDAwMDAwMDAwMCwicmVhZCI6OTAwMDAwMDAwMDAwLCJ1cGRhdGUiOjYwMDAwMDAwMDAwMH0sInNjaGVtYV92ZXJzaW9uIjoiMSJ9",
          "dependencies": [
            "aws_key_pair.deployer_east",
            "aws_security_group.web_sg_east",
            "aws_subnet.prod",
            "aws_vpc.prod",
            "data.aws_ami.ubuntu_east",
            "tls_private_key.auto"
          ],
          "create_before_destroy": true
        }
      ]
    },
    {
      "mode": "managed",
      "type": "aws_instance",
      "name": "backend_west",
      "provider": "provider[\"registry.terraform.io/hashicorp/aws\"].secondary",
      "instances": [
        {
          "schema_version": 1,
          "attributes": {
            "ami": "ami-0742eb7300e2d407c",
            "arn": "arn:aws:ec2:us-west-1:904233103130:instance/i-022af133a6deea5ef",
            "associate_public_ip_address": true,
            "availability_zone": "us-west-1c",
            "capacity_reservation_specification": [
              {
                "capacity_reservation_preference": "open",
                "capacity_reservation_target": []
              }
            ],
            "cpu_core_count": 1,
            "cpu_options": [
              {
                "amd_sev_snp": "",
                "core_count": 1,
                "threads_per_core": 1
              }
            ],
            "cpu_threads_per_core": 1,
            "credit_specification": [
              {
                "cpu_credits": "standard"
              }
            ],
            "disable_api_stop": false,
            "disable_api_termination": false,
            "ebs_block_device": [],
            "ebs_optimized": false,
            "enable_primary_ipv6": null,
            "enclave_options": [
              {
                "enabled": false
              }
            ],
            "ephemeral_block_device": [],
            "get_password_data": false,
            "hibernation": false,
            "host_id": "",
            "host_resource_group_arn": null,
            "iam_instance_profile": "",
            "id": "i-022af133a6deea5ef",
            "instance_initiated_shutdown_behavior": "stop",
            "instance_lifecycle": "",
            "instance_market_options": [],
            "instance_state": "running",
            "instance_type": "t2.micro",
            "ipv6_address_count": 0,
            "ipv6_addresses": [],
            "key_name": "temp-key",
            "launch_template": [],
            "maintenance_options": [
              {
                "auto_recovery": "default"
              }
            ],
            "metadata_options": [
              {
                "http_endpoint": "enabled",
                "http_protocol_ipv6": "disabled",
                "http_put_response_hop_limit": 1,
                "http_tokens": "optional",
                "instance_metadata_tags": "disabled"
              }
            ],
            "monitoring": false,
            "network_interface": [],
            "outpost_arn": "",
            "password_data": "",
            "placement_group": "",
            "placement_partition_number": 0,
            "primary_network_interface_id": "eni-03d1490dc1ab4585d",
            "private_dns": "ip-172-20-2-107.us-west-1.compute.internal",
            "private_dns_name_options": [
              {
                "enable_resource_name_dns_a_record": false,
                "enable_resource_name_dns_aaaa_record": false,
                "hostname_type": "ip-name"
              }
            ],
            "private_ip": "172.20.2.107",
            "public_dns": "ec2-54-67-56-212.us-west-1.compute.amazonaws.com",
            "public_ip": "54.67.56.212",
            "root_block_device": [
              {
                "delete_on_termination": true,
                "device_name": "/dev/sda1",
                "encrypted": false,
                "iops": 100,
                "kms_key_id": "",
                "tags": {},
                "tags_all": {},
                "throughput": 0,
                "volume_id": "vol-0c932ca04c266a08e",
                "volume_size": 8,
                "volume_type": "gp2"
              }
            ],
            "secondary_private_ips": [],
            "security_groups": [],
            "source_dest_check": true,
            "spot_instance_request_id": "",
            "subnet_id": "subnet-03b935c397b77f243",
            "tags": {
              "Name": "temp-backend-west"
            },
            "tags_all": {
              "Name": "temp-backend-west"
            },
            "tenancy": "default",
            "timeouts": null,
            "user_data": "ce8626b322a7382aae686a9949894093f778c96b",
            "user_data_base64": null,
            "user_data_replace_on_change": false,
            "volume_tags": null,
            "vpc_security_group_ids": [
              "sg-04b61004d03c89dfe"
            ]
          },
          "sensitive_attributes": [],
          "private": "eyJlMmJmYjczMC1lY2FhLTExZTYtOGY4OC0zNDM2M2JjN2M0YzAiOnsiY3JlYXRlIjo2MDAwMDAwMDAwMDAsImRlbGV0ZSI6MTIwMDAwMDAwMDAwMCwicmVhZCI6OTAwMDAwMDAwMDAwLCJ1cGRhdGUiOjYwMDAwMDAwMDAwMH0sInNjaGVtYV92ZXJzaW9uIjoiMSJ9",
          "dependencies": [
            "aws_key_pair.deployer_west",
            "aws_security_group.web_sg_west",
            "aws_subnet.dr",
            "aws_vpc.dr",
            "data.aws_ami.ubuntu_west",
            "tls_private_key.auto"
          ],
          "create_before_destroy": true
        }
      ]
    },
    {
      "mode": "managed",
      "type": "aws_instance",
      "name": "frontend_east",
      "provider": "provider[\"registry.terraform.io/hashicorp/aws\"].primary",
      "instances": [
        {
          "schema_version": 1,
          "attributes": {
            "ami": "ami-021589336d307b577",
            "arn": "arn:aws:ec2:us-east-1:904233103130:instance/i-00aa1214d4e1a468d",
            "associate_public_ip_address": true,
            "availability_zone": "us-east-1a",
            "capacity_reservation_specification": [
              {
                "capacity_reservation_preference": "open",
                "capacity_reservation_target": []
              }
            ],
            "cpu_core_count": 1,
            "cpu_options": [
              {
                "amd_sev_snp": "",
                "core_count": 1,
                "threads_per_core": 1
              }
            ],
            "cpu_threads_per_core": 1,
            "credit_specification": [
              {
                "cpu_credits": "standard"
              }
            ],
            "disable_api_stop": false,
            "disable_api_termination": false,
            "ebs_block_device": [],
            "ebs_optimized": false,
            "enable_primary_ipv6": null,
            "enclave_options": [
              {
                "enabled": false
              }
            ],
            "ephemeral_block_device": [],
            "get_password_data": false,
            "hibernation": false,
            "host_id": "",
            "host_resource_group_arn": null,
            "iam_instance_profile": "",
            "id": "i-00aa1214d4e1a468d",
            "instance_initiated_shutdown_behavior": "stop",
            "instance_lifecycle": "",
            "instance_market_options": [],
            "instance_state": "running",
            "instance_type": "t2.micro",
            "ipv6_address_count": 0,
            "ipv6_addresses": [],
            "key_name": "temp-key",
            "launch_template": [],
            "maintenance_options": [
              {
                "auto_recovery": "default"
              }
            ],
            "metadata_options": [
              {
                "http_endpoint": "enabled",
                "http_protocol_ipv6": "disabled",
                "http_put_response_hop_limit": 1,
                "http_tokens": "optional",
                "instance_metadata_tags": "disabled"
              }
            ],
            "monitoring": false,
            "network_interface": [],
            "outpost_arn": "",
            "password_data": "",
            "placement_group": "",
            "placement_partition_number": 0,
            "primary_network_interface_id": "eni-08935af1e00f7160e",
            "private_dns": "ip-172-20-1-142.ec2.internal",
            "private_dns_name_options": [
              {
                "enable_resource_name_dns_a_record": false,
                "enable_resource_name_dns_aaaa_record": false,
                "hostname_type": "ip-name"
              }
            ],
            "private_ip": "172.20.1.142",
            "public_dns": "ec2-44-215-70-119.compute-1.amazonaws.com",
            "public_ip": "44.215.70.119",
            "root_block_device": [
              {
                "delete_on_termination": true,
                "device_name": "/dev/sda1",
                "encrypted": false,
                "iops": 100,
                "kms_key_id": "",
                "tags": {},
                "tags_all": {},
                "throughput": 0,
                "volume_id": "vol-061b3119c88f8a669",
                "volume_size": 8,
                "volume_type": "gp2"
              }
            ],
            "secondary_private_ips": [],
            "security_groups": [],
            "source_dest_check": true,
            "spot_instance_request_id": "",
            "subnet_id": "subnet-0f26c22ed6c6322cf",
            "tags": {
              "Name": "temp-frontend-east"
            },
            "tags_all": {
              "Name": "temp-frontend-east"
            },
            "tenancy": "default",
            "timeouts": null,
            "user_data": "34784ea34ac33f635d1d4304069091ea641fd9ee",
            "user_data_base64": null,
            "user_data_replace_on_change": false,
            "volume_tags": null,
            "vpc_security_group_ids": [
              "sg-0d2069f6693c54531"
            ]
          },
          "sensitive_attributes": [],
          "private": "eyJlMmJmYjczMC1lY2FhLTExZTYtOGY4OC0zNDM2M2JjN2M0YzAiOnsiY3JlYXRlIjo2MDAwMDAwMDAwMDAsImRlbGV0ZSI6MTIwMDAwMDAwMDAwMCwicmVhZCI6OTAwMDAwMDAwMDAwLCJ1cGRhdGUiOjYwMDAwMDAwMDAwMH0sInNjaGVtYV92ZXJzaW9uIjoiMSJ9",
          "dependencies": [
            "aws_key_pair.deployer_east",
            "aws_security_group.web_sg_east",
            "aws_subnet.prod",
            "aws_vpc.prod",
            "data.aws_ami.ubuntu_east",
            "tls_private_key.auto"
          ]
        }
      ]
    },
    {
      "mode": "managed",
      "type": "aws_instance",
      "name": "frontend_west",
      "provider": "provider[\"registry.terraform.io/hashicorp/aws\"].secondary",
      "instances": [
        {
          "schema_version": 1,
          "attributes": {
            "ami": "ami-0742eb7300e2d407c",
            "arn": "arn:aws:ec2:us-west-1:904233103130:instance/i-07513a0ce2d2f2c8b",
            "associate_public_ip_address": true,
            "availability_zone": "us-west-1b",
            "capacity_reservation_specification": [
              {
                "capacity_reservation_preference": "open",
                "capacity_reservation_target": []
              }
            ],
            "cpu_core_count": 1,
            "cpu_options": [
              {
                "amd_sev_snp": "",
                "core_count": 1,
                "threads_per_core": 1
              }
            ],
            "cpu_threads_per_core": 1,
            "credit_specification": [
              {
                "cpu_credits": "standard"
              }
            ],
            "disable_api_stop": false,
            "disable_api_termination": false,
            "ebs_block_device": [],
            "ebs_optimized": false,
            "enable_primary_ipv6": null,
            "enclave_options": [
              {
                "enabled": false
              }
            ],
            "ephemeral_block_device": [],
            "get_password_data": false,
            "hibernation": false,
            "host_id": "",
            "host_resource_group_arn": null,
            "iam_instance_profile": "",
            "id": "i-07513a0ce2d2f2c8b",
            "instance_initiated_shutdown_behavior": "stop",
            "instance_lifecycle": "",
            "instance_market_options": [],
            "instance_state": "running",
            "instance_type": "t2.micro",
            "ipv6_address_count": 0,
            "ipv6_addresses": [],
            "key_name": "temp-key",
            "launch_template": [],
            "maintenance_options": [
              {
                "auto_recovery": "default"
              }
            ],
            "metadata_options": [
              {
                "http_endpoint": "enabled",
                "http_protocol_ipv6": "disabled",
                "http_put_response_hop_limit": 1,
                "http_tokens": "optional",
                "instance_metadata_tags": "disabled"
              }
            ],
            "monitoring": false,
            "network_interface": [],
            "outpost_arn": "",
            "password_data": "",
            "placement_group": "",
            "placement_partition_number": 0,
            "primary_network_interface_id": "eni-0d7f807242a1631ce",
            "private_dns": "ip-172-20-1-94.us-west-1.compute.internal",
            "private_dns_name_options": [
              {
                "enable_resource_name_dns_a_record": false,
                "enable_resource_name_dns_aaaa_record": false,
                "hostname_type": "ip-name"
              }
            ],
            "private_ip": "172.20.1.94",
            "public_dns": "ec2-50-18-39-204.us-west-1.compute.amazonaws.com",
            "public_ip": "50.18.39.204",
            "root_block_device": [
              {
                "delete_on_termination": true,
                "device_name": "/dev/sda1",
                "encrypted": false,
                "iops": 100,
                "kms_key_id": "",
                "tags": {},
                "tags_all": {},
                "throughput": 0,
                "volume_id": "vol-0f585c49ec6b385fd",
                "volume_size": 8,
                "volume_type": "gp2"
              }
            ],
            "secondary_private_ips": [],
            "security_groups": [],
            "source_dest_check": true,
            "spot_instance_request_id": "",
            "subnet_id": "subnet-09f5ea9e37ef2834a",
            "tags": {
              "Name": "temp-frontend-west"
            },
            "tags_all": {
              "Name": "temp-frontend-west"
            },
            "tenancy": "default",
            "timeouts": null,
            "user_data": "34784ea34ac33f635d1d4304069091ea641fd9ee",
            "user_data_base64": null,
            "user_data_replace_on_change": false,
            "volume_tags": null,
            "vpc_security_group_ids": [
              "sg-04b61004d03c89dfe"
            ]
          },
          "sensitive_attributes": [],
          "private": "eyJlMmJmYjczMC1lY2FhLTExZTYtOGY4OC0zNDM2M2JjN2M0YzAiOnsiY3JlYXRlIjo2MDAwMDAwMDAwMDAsImRlbGV0ZSI6MTIwMDAwMDAwMDAwMCwicmVhZCI6OTAwMDAwMDAwMDAwLCJ1cGRhdGUiOjYwMDAwMDAwMDAwMH0sInNjaGVtYV92ZXJzaW9uIjoiMSJ9",
          "dependencies": [
            "aws_key_pair.deployer_west",
            "aws_security_group.web_sg_west",
            "aws_subnet.dr",
            "aws_vpc.dr",
            "data.aws_ami.ubuntu_west",
            "tls_private_key.auto"
          ],
          "create_before_destroy": true
        }
      ]
    },
    {
      "mode": "managed",
      "type": "aws_internet_gateway",
      "name": "dr_igw",
      "provider": "provider[\"registry.terraform.io/hashicorp/aws\"].secondary",
      "instances": [
        {
          "schema_version": 0,
          "attributes": {
            "arn": "arn:aws:ec2:us-west-1:904233103130:internet-gateway/igw-053be44572c431c53",
            "id": "igw-053be44572c431c53",
            "owner_id": "904233103130",
            "tags": {
              "Name": "igw-dr"
            },
            "tags_all": {
              "Name": "igw-dr"
            },
            "timeouts": null,
            "vpc_id": "vpc-06857a677db04a3ce"
          },
          "sensitive_attributes": [],
          "private": "eyJlMmJmYjczMC1lY2FhLTExZTYtOGY4OC0zNDM2M2JjN2M0YzAiOnsiY3JlYXRlIjoxMjAwMDAwMDAwMDAwLCJkZWxldGUiOjEyMDAwMDAwMDAwMDAsInVwZGF0ZSI6MTIwMDAwMDAwMDAwMH19",
          "dependencies": [
            "aws_vpc.dr"
          ]
        }
      ]
    },
    {
      "mode": "managed",
      "type": "aws_internet_gateway",
      "name": "prod_igw",
      "provider": "provider[\"registry.terraform.io/hashicorp/aws\"].primary",
      "instances": [
        {
          "schema_version": 0,
          "attributes": {
            "arn": "arn:aws:ec2:us-east-1:904233103130:internet-gateway/igw-0a161187164fd1e0a",
            "id": "igw-0a161187164fd1e0a",
            "owner_id": "904233103130",
            "tags": {
              "Name": "igw-prod"
            },
            "tags_all": {
              "Name": "igw-prod"
            },
            "timeouts": null,
            "vpc_id": "vpc-0246d5bbc399294e2"
          },
          "sensitive_attributes": [],
          "private": "eyJlMmJmYjczMC1lY2FhLTExZTYtOGY4OC0zNDM2M2JjN2M0YzAiOnsiY3JlYXRlIjoxMjAwMDAwMDAwMDAwLCJkZWxldGUiOjEyMDAwMDAwMDAwMDAsInVwZGF0ZSI6MTIwMDAwMDAwMDAwMH19",
          "dependencies": [
            "aws_vpc.prod"
          ]
        }
      ]
    },
    {
      "mode": "managed",
      "type": "aws_key_pair",
      "name": "deployer_east",
      "provider": "provider[\"registry.terraform.io/hashicorp/aws\"].primary",
      "instances": [
        {
          "schema_version": 1,
          "attributes": {
            "arn": "arn:aws:ec2:us-east-1:904233103130:key-pair/temp-key",
            "fingerprint": "cc:1e:7d:ee:77:60:ec:97:e1:e2:60:2a:f6:a9:13:65",
            "id": "temp-key",
            "key_name": "temp-key",
            "key_name_prefix": "",
            "key_pair_id": "key-04a0e3aa87633f6f4",
            "key_type": "rsa",
            "public_key": "ssh-rsa AAAAB3NzaC1yc2EAAAADAQABAAACAQCsJ1EJ06qmL3kfW6GV+UV5ugWW5I7la+3iqcCDRiCnQWh3A6ARWp+Q0mdO/Mg1QhyLNMPz5Pm8mDzNikxQ9j+IUwgdx96DU1x8yPz9l70sXtEJwiuOq158sWGSy37qtC6oIkt6fRHRXZj7fg1Hem8TZWRTmVx9QgRqODFqS5z94YWlOE6BBxlxkG75oKr4VvHCSso7Vo/tcmD6E8mANMVxh2pwH1bnDNoRq1WwqizPJ/pBoS77s1VOu8rs8zroOKUficX+lO7Nv4/4aMEd8Ls/RmDhZzYoifz/UxWKChJtU3ADQ7HR3HIXb4hukXE2G5PquiGJqxB/fEBmJdirY1ClDxLg5Zhw71WQ2Mt3F5/Nr/AMrV/Sov4SRsFlYmFzP5e88JA8xZUAe79Kc+3u99qtgGKgw+xFNVqtQS+7RxsK579JwmZrWomkUBmT2MhzSiZo118PE41oBJUfapU1qy+2BM9f9lrCuRFDS1abyErGwMnD89cRTbF5EggGnK0u/gZVmgk7cMsf1yQiQoT64XRThzLQLGm+l7aacHg28XjnP6rRnYJQuX2/9HENOU4FpnRrH8XIxcQIHNHcwdftCF8UXCF603YmSRETqhEnHTBAKZZ8p47tklS1S9Rf+pHa+GJ1kgbBWf28nGSBI8Wm7K2FRJF72sTAjvUekpVWRWFr9Q==",
            "tags": {},
            "tags_all": {}
          },
          "sensitive_attributes": [],
          "private": "eyJzY2hlbWFfdmVyc2lvbiI6IjEifQ==",
          "dependencies": [
            "tls_private_key.auto"
          ],
          "create_before_destroy": true
        }
      ]
    },
    {
      "mode": "managed",
      "type": "aws_key_pair",
      "name": "deployer_west",
      "provider": "provider[\"registry.terraform.io/hashicorp/aws\"].secondary",
      "instances": [
        {
          "schema_version": 1,
          "attributes": {
            "arn": "arn:aws:ec2:us-west-1:904233103130:key-pair/temp-key",
            "fingerprint": "cc:1e:7d:ee:77:60:ec:97:e1:e2:60:2a:f6:a9:13:65",
            "id": "temp-key",
            "key_name": "temp-key",
            "key_name_prefix": "",
            "key_pair_id": "key-0ab59e8d61c14afe0",
            "key_type": "rsa",
            "public_key": "ssh-rsa AAAAB3NzaC1yc2EAAAADAQABAAACAQCsJ1EJ06qmL3kfW6GV+UV5ugWW5I7la+3iqcCDRiCnQWh3A6ARWp+Q0mdO/Mg1QhyLNMPz5Pm8mDzNikxQ9j+IUwgdx96DU1x8yPz9l70sXtEJwiuOq158sWGSy37qtC6oIkt6fRHRXZj7fg1Hem8TZWRTmVx9QgRqODFqS5z94YWlOE6BBxlxkG75oKr4VvHCSso7Vo/tcmD6E8mANMVxh2pwH1bnDNoRq1WwqizPJ/pBoS77s1VOu8rs8zroOKUficX+lO7Nv4/4aMEd8Ls/RmDhZzYoifz/UxWKChJtU3ADQ7HR3HIXb4hukXE2G5PquiGJqxB/fEBmJdirY1ClDxLg5Zhw71WQ2Mt3F5/Nr/AMrV/Sov4SRsFlYmFzP5e88JA8xZUAe79Kc+3u99qtgGKgw+xFNVqtQS+7RxsK579JwmZrWomkUBmT2MhzSiZo118PE41oBJUfapU1qy+2BM9f9lrCuRFDS1abyErGwMnD89cRTbF5EggGnK0u/gZVmgk7cMsf1yQiQoT64XRThzLQLGm+l7aacHg28XjnP6rRnYJQuX2/9HENOU4FpnRrH8XIxcQIHNHcwdftCF8UXCF603YmSRETqhEnHTBAKZZ8p47tklS1S9Rf+pHa+GJ1kgbBWf28nGSBI8Wm7K2FRJF72sTAjvUekpVWRWFr9Q==",
            "tags": {},
            "tags_all": {}
          },
          "sensitive_attributes": [],
          "private": "eyJzY2hlbWFfdmVyc2lvbiI6IjEifQ==",
          "dependencies": [
            "tls_private_key.auto"
          ],
          "create_before_destroy": true
        }
      ]
    },
    {
      "mode": "managed",
      "type": "aws_key_pair",
      "name": "ec2_key",
      "provider": "provider[\"registry.terraform.io/hashicorp/aws\"].primary",
      "instances": [
        {
          "schema_version": 1,
          "attributes": {
            "arn": "arn:aws:ec2:us-east-1:904233103130:key-pair/multi-region-key",
            "fingerprint": "35:ba:80:60:5e:41:08:67:a5:d9:6f:ff:1a:f1:f3:1e",
            "id": "multi-region-key",
            "key_name": "multi-region-key",
            "key_name_prefix": "",
            "key_pair_id": "key-0149209ddb5c9c2ea",
            "key_type": "rsa",
            "public_key": "ssh-rsa AAAAB3NzaC1yc2EAAAADAQABAAACAQDiCsJE53CiwbG8yLzw0OxXfGRN6hXfFVUk3j0PxR5b5alWYfjy427BnFs0Vwoqp2FdTEPuOJs4ZpIom8mw41EMUC/RB6mOOD9pe5Z4zqCH0OurKQ7x1s1Bfs3GAITD8D0Rz330hQ3aXTerDlFNX+au6SuMfbvVXshl7B+8pLuKff3pK1vJP158Q4Sbck5Zi6033HriXv73IysMPcs7RjhTQRPsdmaU5UrqLy4m7KSrzygeUQ2iqXQiGJcfIoG+8DKa+WYiwEyrwBXSuXhwUl7zjpsaK/9YZuIlOn5kqIuSO6evjxQNBD5wW7W36x4IXTeDolwgrGT+CErrZpVC4J0XTRKbSCoUna0TSRzMxTQppJK3sf2JMCY7uGgO2j9NXLQEA0uGifgtb3pGFEEaRzPbZhIBFtAKT1Q29mGbJ0lQH0w2ednI+zOqblu66ujI2tgbqY2kmw8Dsm7gGnDOWJB8Y0i58jwq9QzVZMJME24uMoFWzyqtzfGYpAIq/T3lxwx6H6HGDy+jRMGjw8Ke8hkBH/Ci0ADAUC0nLoJas6HZfIZGL6J5GaJnVdW2iXd0QpQRbu8CvM5iiX0DKIyXsPkQhMCeuMT6XNcpIKji+UFSyLg54NseGtHAF8DXDgfACRQsma9vNcgW1Lvo5DhGz4KQHVndKSCNWQ0HvPSmI41V/Q==",
            "tags": {},
            "tags_all": {}
          },
          "sensitive_attributes": [],
          "private": "eyJzY2hlbWFfdmVyc2lvbiI6IjEifQ==",
          "dependencies": [
            "tls_private_key.ec2_key"
          ]
        }
      ]
    },
    {
      "mode": "managed",
      "type": "aws_key_pair",
      "name": "generated_key",
      "provider": "provider[\"registry.terraform.io/hashicorp/aws\"]",
      "instances": [
        {
          "schema_version": 1,
          "attributes": {
            "arn": "arn:aws:ec2:us-east-1:904233103130:key-pair/terraform-key",
            "fingerprint": "35:ba:80:60:5e:41:08:67:a5:d9:6f:ff:1a:f1:f3:1e",
            "id": "terraform-key",
            "key_name": "terraform-key",
            "key_name_prefix": "",
            "key_pair_id": "key-0bf7db3ade1d4f68d",
            "key_type": "rsa",
            "public_key": "ssh-rsa AAAAB3NzaC1yc2EAAAADAQABAAACAQDiCsJE53CiwbG8yLzw0OxXfGRN6hXfFVUk3j0PxR5b5alWYfjy427BnFs0Vwoqp2FdTEPuOJs4ZpIom8mw41EMUC/RB6mOOD9pe5Z4zqCH0OurKQ7x1s1Bfs3GAITD8D0Rz330hQ3aXTerDlFNX+au6SuMfbvVXshl7B+8pLuKff3pK1vJP158Q4Sbck5Zi6033HriXv73IysMPcs7RjhTQRPsdmaU5UrqLy4m7KSrzygeUQ2iqXQiGJcfIoG+8DKa+WYiwEyrwBXSuXhwUl7zjpsaK/9YZuIlOn5kqIuSO6evjxQNBD5wW7W36x4IXTeDolwgrGT+CErrZpVC4J0XTRKbSCoUna0TSRzMxTQppJK3sf2JMCY7uGgO2j9NXLQEA0uGifgtb3pGFEEaRzPbZhIBFtAKT1Q29mGbJ0lQH0w2ednI+zOqblu66ujI2tgbqY2kmw8Dsm7gGnDOWJB8Y0i58jwq9QzVZMJME24uMoFWzyqtzfGYpAIq/T3lxwx6H6HGDy+jRMGjw8Ke8hkBH/Ci0ADAUC0nLoJas6HZfIZGL6J5GaJnVdW2iXd0QpQRbu8CvM5iiX0DKIyXsPkQhMCeuMT6XNcpIKji+UFSyLg54NseGtHAF8DXDgfACRQsma9vNcgW1Lvo5DhGz4KQHVndKSCNWQ0HvPSmI41V/Q==",
            "tags": {},
            "tags_all": {}
          },
          "sensitive_attributes": [],
          "private": "eyJzY2hlbWFfdmVyc2lvbiI6IjEifQ==",
          "dependencies": [
            "tls_private_key.ec2_key"
          ]
        }
      ]
    },
    {
      "mode": "managed",
      "type": "aws_launch_template",
      "name": "backend_lt_east",
      "provider": "provider[\"registry.terraform.io/hashicorp/aws\"].primary",
      "instances": [
        {
          "schema_version": 0,
          "attributes": {
            "arn": "arn:aws:ec2:us-east-1:904233103130:launch-template/lt-08990b9ca7d0dbaa0",
            "block_device_mappings": [],
            "capacity_reservation_specification": [],
            "cpu_options": [],
            "credit_specification": [],
            "default_version": 1,
            "description": "",
            "disable_api_stop": false,
            "disable_api_termination": false,
            "ebs_optimized": "",
            "elastic_gpu_specifications": [],
            "elastic_inference_accelerator": [],
            "enclave_options": [],
            "hibernation_options": [],
            "iam_instance_profile": [],
            "id": "lt-08990b9ca7d0dbaa0",
            "image_id": "ami-06f5e345ffec14f37",
            "instance_initiated_shutdown_behavior": "",
            "instance_market_options": [],
            "instance_requirements": [],
            "instance_type": "t2.micro",
            "kernel_id": "",
            "key_name": "temp-key",
            "latest_version": 3,
            "license_specification": [],
            "maintenance_options": [],
            "metadata_options": [],
            "monitoring": [],
            "name": "lt-backend-east-20250809095913911900000009",
            "name_prefix": "lt-backend-east-",
            "network_interfaces": [],
            "placement": [],
            "private_dns_name_options": [],
            "ram_disk_id": "",
            "security_group_names": [],
            "tag_specifications": [],
            "tags": {},
            "tags_all": {},
            "update_default_version": null,
            "user_data": "IyEvYmluL2Jhc2gNCnN1ZG8gYXB0IHVwZGF0ZSAteQ0Kc2xlZXAgMTUwDQpzdWRvIHBtMiBzdGFydHVwDQpzdWRvIGVudiBQQVRIPSRQQVRIOi91c3IvYmluIC91c3IvbG9jYWwvc2hhcmUvLmNvbmZpZy95YXJuL2dsb2JhbC9ub2RlX21vZHVsZXMvcG0yL2Jpbi9wbTIgc3RhcnR1cCBzeXN0ZW1kIC11IHVidW50dSAtLWhwIC9ob21lL3VidW50dQ0Kc3VkbyBzeXN0ZW1jdGwgc3RhcnQgcG0yLXJvb3QNCnN1ZG8gc3lzdGVtY3RsIGVuYWJsZSBwbTItcm9vdA0K",
            "vpc_security_group_ids": [
              "sg-0a7b1c5f7fec14b2b"
            ]
          },
          "sensitive_attributes": [],
          "private": "bnVsbA==",
          "dependencies": [
            "aws_ami_from_instance.backend_ami_east",
            "aws_instance.backend_east",
            "aws_key_pair.deployer_east",
            "aws_security_group.backend_alb",
            "aws_security_group.backend_ec2",
            "aws_security_group.bastion",
            "aws_security_group.web_sg_east",
            "aws_subnet.prod",
            "aws_vpc.prod",
            "data.aws_ami.ubuntu_east",
            "tls_private_key.auto"
          ],
          "create_before_destroy": true
        }
      ]
    },
    {
      "mode": "managed",
      "type": "aws_launch_template",
      "name": "backend_lt_west",
      "provider": "provider[\"registry.terraform.io/hashicorp/aws\"].secondary",
      "instances": [
        {
          "schema_version": 0,
          "attributes": {
            "arn": "arn:aws:ec2:us-west-1:904233103130:launch-template/lt-002b188fc708f807a",
            "block_device_mappings": [],
            "capacity_reservation_specification": [],
            "cpu_options": [],
            "credit_specification": [],
            "default_version": 1,
            "description": "",
            "disable_api_stop": false,
            "disable_api_termination": false,
            "ebs_optimized": "",
            "elastic_gpu_specifications": [],
            "elastic_inference_accelerator": [],
            "enclave_options": [],
            "hibernation_options": [],
            "iam_instance_profile": [],
            "id": "lt-002b188fc708f807a",
            "image_id": "ami-03c27a20b442d4373",
            "instance_initiated_shutdown_behavior": "",
            "instance_market_options": [],
            "instance_requirements": [],
            "instance_type": "t2.micro",
            "kernel_id": "",
            "key_name": "temp-key",
            "latest_version": 3,
            "license_specification": [],
            "maintenance_options": [],
            "metadata_options": [],
            "monitoring": [],
            "name": "lt-backend-west-20250809095849764500000009",
            "name_prefix": "lt-backend-west-",
            "network_interfaces": [],
            "placement": [],
            "private_dns_name_options": [],
            "ram_disk_id": "",
            "security_group_names": [],
            "tag_specifications": [],
            "tags": {},
            "tags_all": {},
            "update_default_version": null,
            "user_data": "IyEvYmluL2Jhc2gNCnN1ZG8gYXB0IHVwZGF0ZSAteQ0Kc2xlZXAgMTUwDQpzdWRvIHBtMiBzdGFydHVwDQpzdWRvIGVudiBQQVRIPSRQQVRIOi91c3IvYmluIC91c3IvbG9jYWwvc2hhcmUvLmNvbmZpZy95YXJuL2dsb2JhbC9ub2RlX21vZHVsZXMvcG0yL2Jpbi9wbTIgc3RhcnR1cCBzeXN0ZW1kIC11IHVidW50dSAtLWhwIC9ob21lL3VidW50dQ0Kc3VkbyBzeXN0ZW1jdGwgc3RhcnQgcG0yLXJvb3QNCnN1ZG8gc3lzdGVtY3RsIGVuYWJsZSBwbTItcm9vdA0K",
            "vpc_security_group_ids": [
              "sg-00ac88b6d1bf85964"
            ]
          },
          "sensitive_attributes": [],
          "private": "bnVsbA==",
          "dependencies": [
            "aws_ami_from_instance.backend_ami_west",
            "aws_instance.backend_west",
            "aws_key_pair.deployer_west",
            "aws_security_group.backend_ec2_dr",
            "aws_security_group.web_sg_west",
            "aws_subnet.dr",
            "aws_vpc.dr",
            "data.aws_ami.ubuntu_west",
            "tls_private_key.auto"
          ],
          "create_before_destroy": true
        }
      ]
    },
    {
      "mode": "managed",
      "type": "aws_launch_template",
      "name": "frontend_lt_east",
      "provider": "provider[\"registry.terraform.io/hashicorp/aws\"].primary",
      "instances": [
        {
          "schema_version": 0,
          "attributes": {
            "arn": "arn:aws:ec2:us-east-1:904233103130:launch-template/lt-0faadeef2368acb70",
            "block_device_mappings": [],
            "capacity_reservation_specification": [],
            "cpu_options": [],
            "credit_specification": [],
            "default_version": 1,
            "description": "",
            "disable_api_stop": false,
            "disable_api_termination": false,
            "ebs_optimized": "",
            "elastic_gpu_specifications": [],
            "elastic_inference_accelerator": [],
            "enclave_options": [],
            "hibernation_options": [],
            "iam_instance_profile": [],
            "id": "lt-0faadeef2368acb70",
            "image_id": "ami-0e2c86481225d3c51",
            "instance_initiated_shutdown_behavior": "",
            "instance_market_options": [],
            "instance_requirements": [],
            "instance_type": "t3.micro",
            "kernel_id": "",
            "key_name": "temp-key",
            "latest_version": 1,
            "license_specification": [],
            "maintenance_options": [],
            "metadata_options": [],
            "monitoring": [],
            "name": "lt-frontend-east-20250809095546880400000004",
            "name_prefix": "lt-frontend-east-",
            "network_interfaces": [],
            "placement": [],
            "private_dns_name_options": [],
            "ram_disk_id": "",
            "security_group_names": [],
            "tag_specifications": [],
            "tags": {},
            "tags_all": {},
            "update_default_version": null,
            "user_data": "",
            "vpc_security_group_ids": [
              "sg-0d2069f6693c54531"
            ]
          },
          "sensitive_attributes": [],
          "private": "bnVsbA==",
          "dependencies": [
            "aws_key_pair.deployer_east",
            "aws_security_group.web_sg_east",
            "aws_vpc.prod",
            "data.aws_ami.al2_east",
            "tls_private_key.auto"
          ]
        }
      ]
    },
    {
      "mode": "managed",
      "type": "aws_launch_template",
      "name": "frontend_lt_west",
      "provider": "provider[\"registry.terraform.io/hashicorp/aws\"].secondary",
      "instances": [
        {
          "schema_version": 0,
          "attributes": {
            "arn": "arn:aws:ec2:us-west-1:904233103130:launch-template/lt-0534dc1d9117f407b",
            "block_device_mappings": [],
            "capacity_reservation_specification": [],
            "cpu_options": [],
            "credit_specification": [],
            "default_version": 1,
            "description": "",
            "disable_api_stop": false,
            "disable_api_termination": false,
            "ebs_optimized": "",
            "elastic_gpu_specifications": [],
            "elastic_inference_accelerator": [],
            "enclave_options": [],
            "hibernation_options": [],
            "iam_instance_profile": [],
            "id": "lt-0534dc1d9117f407b",
            "image_id": "ami-08bb8d3fded028531",
            "instance_initiated_shutdown_behavior": "",
            "instance_market_options": [],
            "instance_requirements": [],
            "instance_type": "t2.micro",
            "kernel_id": "",
            "key_name": "temp-key",
            "latest_version": 3,
            "license_specification": [],
            "maintenance_options": [],
            "metadata_options": [],
            "monitoring": [],
            "name": "lt-frontend-west-20250809095802945200000007",
            "name_prefix": "lt-frontend-west-",
            "network_interfaces": [],
            "placement": [],
            "private_dns_name_options": [],
            "ram_disk_id": "",
            "security_group_names": [],
            "tag_specifications": [],
            "tags": {},
            "tags_all": {},
            "update_default_version": null,
            "user_data": "IyEvYmluL2Jhc2gNCnN1ZG8gYXB0IHVwZGF0ZSAteQ0Kc2xlZXAgOTANCnN1ZG8gc3lzdGVtY3RsIHN0YXJ0IGFwYWNoZTIuc2VydmljZQ0K",
            "vpc_security_group_ids": [
              "sg-084f5915cb8664acb"
            ]
          },
          "sensitive_attributes": [],
          "private": "bnVsbA==",
          "dependencies": [
            "aws_ami_from_instance.frontend_ami_west",
            "aws_instance.frontend_west",
            "aws_key_pair.deployer_west",
            "aws_security_group.frontend_ec2_dr",
            "aws_security_group.web_sg_west",
            "aws_subnet.dr",
            "aws_vpc.dr",
            "data.aws_ami.ubuntu_west",
            "tls_private_key.auto"
          ],
          "create_before_destroy": true
        }
      ]
    },
    {
      "mode": "managed",
      "type": "aws_lb",
      "name": "backend_alb",
      "provider": "provider[\"registry.terraform.io/hashicorp/aws\"]",
      "instances": [
        {
          "schema_version": 0,
          "attributes": {
            "access_logs": [
              {
                "bucket": "",
                "enabled": false,
                "prefix": ""
              }
            ],
            "arn": "arn:aws:elasticloadbalancing:us-east-1:904233103130:loadbalancer/app/ALB-backend/154e3f950a07a128",
            "arn_suffix": "app/ALB-backend/154e3f950a07a128",
            "client_keep_alive": 3600,
            "connection_logs": [
              {
                "bucket": "",
                "enabled": false,
                "prefix": ""
              }
            ],
            "customer_owned_ipv4_pool": "",
            "desync_mitigation_mode": "defensive",
            "dns_name": "ALB-backend-1174144140.us-east-1.elb.amazonaws.com",
            "dns_record_client_routing_policy": null,
            "drop_invalid_header_fields": false,
            "enable_cross_zone_load_balancing": true,
            "enable_deletion_protection": false,
            "enable_http2": true,
            "enable_tls_version_and_cipher_suite_headers": false,
            "enable_waf_fail_open": false,
            "enable_xff_client_port": false,
            "enable_zonal_shift": false,
            "enforce_security_group_inbound_rules_on_private_link_traffic": "",
            "id": "arn:aws:elasticloadbalancing:us-east-1:904233103130:loadbalancer/app/ALB-backend/154e3f950a07a128",
            "idle_timeout": 60,
            "internal": false,
            "ip_address_type": "ipv4",
            "ipam_pools": [],
            "load_balancer_type": "application",
            "minimum_load_balancer_capacity": [],
            "name": "ALB-backend",
            "name_prefix": "",
            "preserve_host_header": false,
            "security_groups": [
              "sg-002b32ee56885b894"
            ],
            "subnet_mapping": [
              {
                "allocation_id": "",
                "ipv6_address": "",
                "outpost_id": "",
                "private_ipv4_address": "",
                "subnet_id": "subnet-0cd5c14df4d41726b"
              },
              {
                "allocation_id": "",
                "ipv6_address": "",
                "outpost_id": "",
                "private_ipv4_address": "",
                "subnet_id": "subnet-0f26c22ed6c6322cf"
              }
            ],
            "subnets": [
              "subnet-0cd5c14df4d41726b",
              "subnet-0f26c22ed6c6322cf"
            ],
            "tags": {
              "Name": "backend-alb"
            },
            "tags_all": {
              "Name": "backend-alb"
            },
            "timeouts": null,
            "vpc_id": "vpc-0246d5bbc399294e2",
            "xff_header_processing_mode": "append",
            "zone_id": "Z35SXDOTRQ7X7K"
          },
          "sensitive_attributes": [],
          "private": "eyJlMmJmYjczMC1lY2FhLTExZTYtOGY4OC0zNDM2M2JjN2M0YzAiOnsiY3JlYXRlIjo2MDAwMDAwMDAwMDAsImRlbGV0ZSI6NjAwMDAwMDAwMDAwLCJ1cGRhdGUiOjYwMDAwMDAwMDAwMH19",
          "dependencies": [
            "aws_security_group.backend_alb",
            "aws_subnet.prod",
            "aws_vpc.prod"
          ]
        }
      ]
    },
    {
      "mode": "managed",
      "type": "aws_lb",
      "name": "backend_alb_dr",
      "provider": "provider[\"registry.terraform.io/hashicorp/aws\"].secondary",
      "instances": [
        {
          "schema_version": 0,
          "attributes": {
            "access_logs": [
              {
                "bucket": "",
                "enabled": false,
                "prefix": ""
              }
            ],
            "arn": "arn:aws:elasticloadbalancing:us-west-1:904233103130:loadbalancer/app/ALB-backend-dr/b50e1bc9efd07220",
            "arn_suffix": "app/ALB-backend-dr/b50e1bc9efd07220",
            "client_keep_alive": 3600,
            "connection_logs": [
              {
                "bucket": "",
                "enabled": false,
                "prefix": ""
              }
            ],
            "customer_owned_ipv4_pool": "",
            "desync_mitigation_mode": "defensive",
            "dns_name": "ALB-backend-dr-473711619.us-west-1.elb.amazonaws.com",
            "dns_record_client_routing_policy": null,
            "drop_invalid_header_fields": false,
            "enable_cross_zone_load_balancing": true,
            "enable_deletion_protection": false,
            "enable_http2": true,
            "enable_tls_version_and_cipher_suite_headers": false,
            "enable_waf_fail_open": false,
            "enable_xff_client_port": false,
            "enable_zonal_shift": false,
            "enforce_security_group_inbound_rules_on_private_link_traffic": "",
            "id": "arn:aws:elasticloadbalancing:us-west-1:904233103130:loadbalancer/app/ALB-backend-dr/b50e1bc9efd07220",
            "idle_timeout": 60,
            "internal": false,
            "ip_address_type": "ipv4",
            "ipam_pools": [],
            "load_balancer_type": "application",
            "minimum_load_balancer_capacity": [],
            "name": "ALB-backend-dr",
            "name_prefix": "",
            "preserve_host_header": false,
            "security_groups": [
              "sg-040b55c29862f8ad7"
            ],
            "subnet_mapping": [
              {
                "allocation_id": "",
                "ipv6_address": "",
                "outpost_id": "",
                "private_ipv4_address": "",
                "subnet_id": "subnet-03b935c397b77f243"
              },
              {
                "allocation_id": "",
                "ipv6_address": "",
                "outpost_id": "",
                "private_ipv4_address": "",
                "subnet_id": "subnet-09f5ea9e37ef2834a"
              }
            ],
            "subnets": [
              "subnet-03b935c397b77f243",
              "subnet-09f5ea9e37ef2834a"
            ],
            "tags": {
              "Name": "backend-alb-dr"
            },
            "tags_all": {
              "Name": "backend-alb-dr"
            },
            "timeouts": null,
            "vpc_id": "vpc-06857a677db04a3ce",
            "xff_header_processing_mode": "append",
            "zone_id": "Z368ELLRRE2KJ0"
          },
          "sensitive_attributes": [],
          "private": "eyJlMmJmYjczMC1lY2FhLTExZTYtOGY4OC0zNDM2M2JjN2M0YzAiOnsiY3JlYXRlIjo2MDAwMDAwMDAwMDAsImRlbGV0ZSI6NjAwMDAwMDAwMDAwLCJ1cGRhdGUiOjYwMDAwMDAwMDAwMH19",
          "dependencies": [
            "aws_security_group.backend_alb_dr",
            "aws_subnet.dr",
            "aws_vpc.dr"
          ]
        }
      ]
    },
    {
      "mode": "managed",
      "type": "aws_lb",
      "name": "frontend_alb",
      "provider": "provider[\"registry.terraform.io/hashicorp/aws\"]",
      "instances": [
        {
          "schema_version": 0,
          "attributes": {
            "access_logs": [
              {
                "bucket": "",
                "enabled": false,
                "prefix": ""
              }
            ],
            "arn": "arn:aws:elasticloadbalancing:us-east-1:904233103130:loadbalancer/app/ALB-frontend/6ba1d74840c9b5aa",
            "arn_suffix": "app/ALB-frontend/6ba1d74840c9b5aa",
            "client_keep_alive": 3600,
            "connection_logs": [
              {
                "bucket": "",
                "enabled": false,
                "prefix": ""
              }
            ],
            "customer_owned_ipv4_pool": "",
            "desync_mitigation_mode": "defensive",
            "dns_name": "ALB-frontend-65796826.us-east-1.elb.amazonaws.com",
            "dns_record_client_routing_policy": null,
            "drop_invalid_header_fields": false,
            "enable_cross_zone_load_balancing": true,
            "enable_deletion_protection": false,
            "enable_http2": true,
            "enable_tls_version_and_cipher_suite_headers": false,
            "enable_waf_fail_open": false,
            "enable_xff_client_port": false,
            "enable_zonal_shift": false,
            "enforce_security_group_inbound_rules_on_private_link_traffic": "",
            "id": "arn:aws:elasticloadbalancing:us-east-1:904233103130:loadbalancer/app/ALB-frontend/6ba1d74840c9b5aa",
            "idle_timeout": 60,
            "internal": false,
            "ip_address_type": "ipv4",
            "ipam_pools": [],
            "load_balancer_type": "application",
            "minimum_load_balancer_capacity": [],
            "name": "ALB-frontend",
            "name_prefix": "",
            "preserve_host_header": false,
            "security_groups": [
              "sg-0f1e1ee1a91d1776a"
            ],
            "subnet_mapping": [
              {
                "allocation_id": "",
                "ipv6_address": "",
                "outpost_id": "",
                "private_ipv4_address": "",
                "subnet_id": "subnet-0cd5c14df4d41726b"
              },
              {
                "allocation_id": "",
                "ipv6_address": "",
                "outpost_id": "",
                "private_ipv4_address": "",
                "subnet_id": "subnet-0f26c22ed6c6322cf"
              }
            ],
            "subnets": [
              "subnet-0cd5c14df4d41726b",
              "subnet-0f26c22ed6c6322cf"
            ],
            "tags": {
              "Name": "frontend-alb"
            },
            "tags_all": {
              "Name": "frontend-alb"
            },
            "timeouts": null,
            "vpc_id": "vpc-0246d5bbc399294e2",
            "xff_header_processing_mode": "append",
            "zone_id": "Z35SXDOTRQ7X7K"
          },
          "sensitive_attributes": [],
          "private": "eyJlMmJmYjczMC1lY2FhLTExZTYtOGY4OC0zNDM2M2JjN2M0YzAiOnsiY3JlYXRlIjo2MDAwMDAwMDAwMDAsImRlbGV0ZSI6NjAwMDAwMDAwMDAwLCJ1cGRhdGUiOjYwMDAwMDAwMDAwMH19",
          "dependencies": [
            "aws_security_group.alb_frontend_sg",
            "aws_subnet.prod",
            "aws_vpc.prod"
          ]
        }
      ]
    },
    {
      "mode": "managed",
      "type": "aws_lb",
      "name": "frontend_alb_dr",
      "provider": "provider[\"registry.terraform.io/hashicorp/aws\"].secondary",
      "instances": [
        {
          "schema_version": 0,
          "attributes": {
            "access_logs": [
              {
                "bucket": "",
                "enabled": false,
                "prefix": ""
              }
            ],
            "arn": "arn:aws:elasticloadbalancing:us-west-1:904233103130:loadbalancer/app/ALB-frontend-dr/6fa42806772eadd1",
            "arn_suffix": "app/ALB-frontend-dr/6fa42806772eadd1",
            "client_keep_alive": 3600,
            "connection_logs": [
              {
                "bucket": "",
                "enabled": false,
                "prefix": ""
              }
            ],
            "customer_owned_ipv4_pool": "",
            "desync_mitigation_mode": "defensive",
            "dns_name": "ALB-frontend-dr-405277457.us-west-1.elb.amazonaws.com",
            "dns_record_client_routing_policy": null,
            "drop_invalid_header_fields": false,
            "enable_cross_zone_load_balancing": true,
            "enable_deletion_protection": false,
            "enable_http2": true,
            "enable_tls_version_and_cipher_suite_headers": false,
            "enable_waf_fail_open": false,
            "enable_xff_client_port": false,
            "enable_zonal_shift": false,
            "enforce_security_group_inbound_rules_on_private_link_traffic": "",
            "id": "arn:aws:elasticloadbalancing:us-west-1:904233103130:loadbalancer/app/ALB-frontend-dr/6fa42806772eadd1",
            "idle_timeout": 60,
            "internal": false,
            "ip_address_type": "ipv4",
            "ipam_pools": [],
            "load_balancer_type": "application",
            "minimum_load_balancer_capacity": [],
            "name": "ALB-frontend-dr",
            "name_prefix": "",
            "preserve_host_header": false,
            "security_groups": [
              "sg-009a23447f9d8d84c"
            ],
            "subnet_mapping": [
              {
                "allocation_id": "",
                "ipv6_address": "",
                "outpost_id": "",
                "private_ipv4_address": "",
                "subnet_id": "subnet-03b935c397b77f243"
              },
              {
                "allocation_id": "",
                "ipv6_address": "",
                "outpost_id": "",
                "private_ipv4_address": "",
                "subnet_id": "subnet-09f5ea9e37ef2834a"
              }
            ],
            "subnets": [
              "subnet-03b935c397b77f243",
              "subnet-09f5ea9e37ef2834a"
            ],
            "tags": {
              "Name": "frontend-alb-dr"
            },
            "tags_all": {
              "Name": "frontend-alb-dr"
            },
            "timeouts": null,
            "vpc_id": "vpc-06857a677db04a3ce",
            "xff_header_processing_mode": "append",
            "zone_id": "Z368ELLRRE2KJ0"
          },
          "sensitive_attributes": [],
          "private": "eyJlMmJmYjczMC1lY2FhLTExZTYtOGY4OC0zNDM2M2JjN2M0YzAiOnsiY3JlYXRlIjo2MDAwMDAwMDAwMDAsImRlbGV0ZSI6NjAwMDAwMDAwMDAwLCJ1cGRhdGUiOjYwMDAwMDAwMDAwMH19",
          "dependencies": [
            "aws_security_group.alb_frontend_dr_sg",
            "aws_subnet.dr",
            "aws_vpc.dr"
          ]
        }
      ]
    },
    {
      "mode": "managed",
      "type": "aws_lb_listener",
      "name": "backend_dr_http_listener",
      "provider": "provider[\"registry.terraform.io/hashicorp/aws\"].secondary",
      "instances": [
        {
          "schema_version": 0,
          "attributes": {
            "alpn_policy": null,
            "arn": "arn:aws:elasticloadbalancing:us-west-1:904233103130:listener/app/ALB-backend-dr/b50e1bc9efd07220/edbb04c98bfed613",
            "certificate_arn": null,
            "default_action": [
              {
                "authenticate_cognito": [],
                "authenticate_oidc": [],
                "fixed_response": [],
                "forward": [],
                "order": 1,
                "redirect": [],
                "target_group_arn": "arn:aws:elasticloadbalancing:us-west-1:904233103130:targetgroup/ALB-backend-TG-dr/8af477f538bcd3fc",
                "type": "forward"
              }
            ],
            "id": "arn:aws:elasticloadbalancing:us-west-1:904233103130:listener/app/ALB-backend-dr/b50e1bc9efd07220/edbb04c98bfed613",
            "load_balancer_arn": "arn:aws:elasticloadbalancing:us-west-1:904233103130:loadbalancer/app/ALB-backend-dr/b50e1bc9efd07220",
            "mutual_authentication": [],
            "port": 80,
            "protocol": "HTTP",
            "routing_http_request_x_amzn_mtls_clientcert_header_name": null,
            "routing_http_request_x_amzn_mtls_clientcert_issuer_header_name": null,
            "routing_http_request_x_amzn_mtls_clientcert_leaf_header_name": null,
            "routing_http_request_x_amzn_mtls_clientcert_serial_number_header_name": null,
            "routing_http_request_x_amzn_mtls_clientcert_subject_header_name": null,
            "routing_http_request_x_amzn_mtls_clientcert_validity_header_name": null,
            "routing_http_request_x_amzn_tls_cipher_suite_header_name": null,
            "routing_http_request_x_amzn_tls_version_header_name": null,
            "routing_http_response_access_control_allow_credentials_header_value": "",
            "routing_http_response_access_control_allow_headers_header_value": "",
            "routing_http_response_access_control_allow_methods_header_value": "",
            "routing_http_response_access_control_allow_origin_header_value": "",
            "routing_http_response_access_control_expose_headers_header_value": "",
            "routing_http_response_access_control_max_age_header_value": "",
            "routing_http_response_content_security_policy_header_value": "",
            "routing_http_response_server_enabled": true,
            "routing_http_response_strict_transport_security_header_value": "",
            "routing_http_response_x_content_type_options_header_value": "",
            "routing_http_response_x_frame_options_header_value": "",
            "ssl_policy": "",
            "tags": {},
            "tags_all": {},
            "tcp_idle_timeout_seconds": null,
            "timeouts": null
          },
          "sensitive_attributes": [],
          "private": "eyJlMmJmYjczMC1lY2FhLTExZTYtOGY4OC0zNDM2M2JjN2M0YzAiOnsiY3JlYXRlIjozMDAwMDAwMDAwMDAsInVwZGF0ZSI6MzAwMDAwMDAwMDAwfX0=",
          "dependencies": [
            "aws_lb.backend_alb_dr",
            "aws_lb_target_group.backend_tg_dr",
            "aws_security_group.backend_alb_dr",
            "aws_subnet.dr",
            "aws_vpc.dr"
          ]
        }
      ]
    },
    {
      "mode": "managed",
      "type": "aws_lb_listener",
      "name": "backend_http_listener",
      "provider": "provider[\"registry.terraform.io/hashicorp/aws\"]",
      "instances": [
        {
          "schema_version": 0,
          "attributes": {
            "alpn_policy": null,
            "arn": "arn:aws:elasticloadbalancing:us-east-1:904233103130:listener/app/ALB-backend/154e3f950a07a128/eab039c5343b0f40",
            "certificate_arn": null,
            "default_action": [
              {
                "authenticate_cognito": [],
                "authenticate_oidc": [],
                "fixed_response": [],
                "forward": [],
                "order": 1,
                "redirect": [],
                "target_group_arn": "arn:aws:elasticloadbalancing:us-east-1:904233103130:targetgroup/ALB-backend-TG/309fc3aa5bab85f7",
                "type": "forward"
              }
            ],
            "id": "arn:aws:elasticloadbalancing:us-east-1:904233103130:listener/app/ALB-backend/154e3f950a07a128/eab039c5343b0f40",
            "load_balancer_arn": "arn:aws:elasticloadbalancing:us-east-1:904233103130:loadbalancer/app/ALB-backend/154e3f950a07a128",
            "mutual_authentication": [],
            "port": 80,
            "protocol": "HTTP",
            "routing_http_request_x_amzn_mtls_clientcert_header_name": null,
            "routing_http_request_x_amzn_mtls_clientcert_issuer_header_name": null,
            "routing_http_request_x_amzn_mtls_clientcert_leaf_header_name": null,
            "routing_http_request_x_amzn_mtls_clientcert_serial_number_header_name": null,
            "routing_http_request_x_amzn_mtls_clientcert_subject_header_name": null,
            "routing_http_request_x_amzn_mtls_clientcert_validity_header_name": null,
            "routing_http_request_x_amzn_tls_cipher_suite_header_name": null,
            "routing_http_request_x_amzn_tls_version_header_name": null,
            "routing_http_response_access_control_allow_credentials_header_value": "",
            "routing_http_response_access_control_allow_headers_header_value": "",
            "routing_http_response_access_control_allow_methods_header_value": "",
            "routing_http_response_access_control_allow_origin_header_value": "",
            "routing_http_response_access_control_expose_headers_header_value": "",
            "routing_http_response_access_control_max_age_header_value": "",
            "routing_http_response_content_security_policy_header_value": "",
            "routing_http_response_server_enabled": true,
            "routing_http_response_strict_transport_security_header_value": "",
            "routing_http_response_x_content_type_options_header_value": "",
            "routing_http_response_x_frame_options_header_value": "",
            "ssl_policy": "",
            "tags": {},
            "tags_all": {},
            "tcp_idle_timeout_seconds": null,
            "timeouts": null
          },
          "sensitive_attributes": [],
          "private": "eyJlMmJmYjczMC1lY2FhLTExZTYtOGY4OC0zNDM2M2JjN2M0YzAiOnsiY3JlYXRlIjozMDAwMDAwMDAwMDAsInVwZGF0ZSI6MzAwMDAwMDAwMDAwfX0=",
          "dependencies": [
            "aws_lb.backend_alb",
            "aws_lb_target_group.backend_tg",
            "aws_security_group.backend_alb",
            "aws_subnet.prod",
            "aws_vpc.prod"
          ]
        }
      ]
    },
    {
      "mode": "managed",
      "type": "aws_lb_listener",
      "name": "backend_https_listener",
      "provider": "provider[\"registry.terraform.io/hashicorp/aws\"]",
      "instances": []
    },
    {
      "mode": "managed",
      "type": "aws_lb_listener",
      "name": "frontend_dr_http_listener",
      "provider": "provider[\"registry.terraform.io/hashicorp/aws\"].secondary",
      "instances": [
        {
          "schema_version": 0,
          "attributes": {
            "alpn_policy": null,
            "arn": "arn:aws:elasticloadbalancing:us-west-1:904233103130:listener/app/ALB-frontend-dr/6fa42806772eadd1/c9f57152fc826e67",
            "certificate_arn": null,
            "default_action": [
              {
                "authenticate_cognito": [],
                "authenticate_oidc": [],
                "fixed_response": [],
                "forward": [],
                "order": 1,
                "redirect": [],
                "target_group_arn": "arn:aws:elasticloadbalancing:us-west-1:904233103130:targetgroup/ALB-frontend-TG-dr/7eebe7c4356b6fd0",
                "type": "forward"
              }
            ],
            "id": "arn:aws:elasticloadbalancing:us-west-1:904233103130:listener/app/ALB-frontend-dr/6fa42806772eadd1/c9f57152fc826e67",
            "load_balancer_arn": "arn:aws:elasticloadbalancing:us-west-1:904233103130:loadbalancer/app/ALB-frontend-dr/6fa42806772eadd1",
            "mutual_authentication": [],
            "port": 80,
            "protocol": "HTTP",
            "routing_http_request_x_amzn_mtls_clientcert_header_name": null,
            "routing_http_request_x_amzn_mtls_clientcert_issuer_header_name": null,
            "routing_http_request_x_amzn_mtls_clientcert_leaf_header_name": null,
            "routing_http_request_x_amzn_mtls_clientcert_serial_number_header_name": null,
            "routing_http_request_x_amzn_mtls_clientcert_subject_header_name": null,
            "routing_http_request_x_amzn_mtls_clientcert_validity_header_name": null,
            "routing_http_request_x_amzn_tls_cipher_suite_header_name": null,
            "routing_http_request_x_amzn_tls_version_header_name": null,
            "routing_http_response_access_control_allow_credentials_header_value": "",
            "routing_http_response_access_control_allow_headers_header_value": "",
            "routing_http_response_access_control_allow_methods_header_value": "",
            "routing_http_response_access_control_allow_origin_header_value": "",
            "routing_http_response_access_control_expose_headers_header_value": "",
            "routing_http_response_access_control_max_age_header_value": "",
            "routing_http_response_content_security_policy_header_value": "",
            "routing_http_response_server_enabled": true,
            "routing_http_response_strict_transport_security_header_value": "",
            "routing_http_response_x_content_type_options_header_value": "",
            "routing_http_response_x_frame_options_header_value": "",
            "ssl_policy": "",
            "tags": {},
            "tags_all": {},
            "tcp_idle_timeout_seconds": null,
            "timeouts": null
          },
          "sensitive_attributes": [],
          "private": "eyJlMmJmYjczMC1lY2FhLTExZTYtOGY4OC0zNDM2M2JjN2M0YzAiOnsiY3JlYXRlIjozMDAwMDAwMDAwMDAsInVwZGF0ZSI6MzAwMDAwMDAwMDAwfX0=",
          "dependencies": [
            "aws_lb.frontend_alb_dr",
            "aws_lb_target_group.frontend_tg_dr",
            "aws_security_group.alb_frontend_dr_sg",
            "aws_subnet.dr",
            "aws_vpc.dr"
          ]
        }
      ]
    },
    {
      "mode": "managed",
      "type": "aws_lb_listener",
      "name": "frontend_listener",
      "provider": "provider[\"registry.terraform.io/hashicorp/aws\"]",
      "instances": [
        {
          "schema_version": 0,
          "attributes": {
            "alpn_policy": null,
            "arn": "arn:aws:elasticloadbalancing:us-east-1:904233103130:listener/app/ALB-frontend/6ba1d74840c9b5aa/dab6de8b6b9bdfb2",
            "certificate_arn": null,
            "default_action": [
              {
                "authenticate_cognito": [],
                "authenticate_oidc": [],
                "fixed_response": [],
                "forward": [],
                "order": 1,
                "redirect": [],
                "target_group_arn": "arn:aws:elasticloadbalancing:us-east-1:904233103130:targetgroup/ALB-frontend-TG/79ae884c1370bf06",
                "type": "forward"
              }
            ],
            "id": "arn:aws:elasticloadbalancing:us-east-1:904233103130:listener/app/ALB-frontend/6ba1d74840c9b5aa/dab6de8b6b9bdfb2",
            "load_balancer_arn": "arn:aws:elasticloadbalancing:us-east-1:904233103130:loadbalancer/app/ALB-frontend/6ba1d74840c9b5aa",
            "mutual_authentication": [],
            "port": 80,
            "protocol": "HTTP",
            "routing_http_request_x_amzn_mtls_clientcert_header_name": null,
            "routing_http_request_x_amzn_mtls_clientcert_issuer_header_name": null,
            "routing_http_request_x_amzn_mtls_clientcert_leaf_header_name": null,
            "routing_http_request_x_amzn_mtls_clientcert_serial_number_header_name": null,
            "routing_http_request_x_amzn_mtls_clientcert_subject_header_name": null,
            "routing_http_request_x_amzn_mtls_clientcert_validity_header_name": null,
            "routing_http_request_x_amzn_tls_cipher_suite_header_name": null,
            "routing_http_request_x_amzn_tls_version_header_name": null,
            "routing_http_response_access_control_allow_credentials_header_value": "",
            "routing_http_response_access_control_allow_headers_header_value": "",
            "routing_http_response_access_control_allow_methods_header_value": "",
            "routing_http_response_access_control_allow_origin_header_value": "",
            "routing_http_response_access_control_expose_headers_header_value": "",
            "routing_http_response_access_control_max_age_header_value": "",
            "routing_http_response_content_security_policy_header_value": "",
            "routing_http_response_server_enabled": true,
            "routing_http_response_strict_transport_security_header_value": "",
            "routing_http_response_x_content_type_options_header_value": "",
            "routing_http_response_x_frame_options_header_value": "",
            "ssl_policy": "",
            "tags": {},
            "tags_all": {},
            "tcp_idle_timeout_seconds": null,
            "timeouts": null
          },
          "sensitive_attributes": [],
          "private": "eyJlMmJmYjczMC1lY2FhLTExZTYtOGY4OC0zNDM2M2JjN2M0YzAiOnsiY3JlYXRlIjozMDAwMDAwMDAwMDAsInVwZGF0ZSI6MzAwMDAwMDAwMDAwfX0=",
          "dependencies": [
            "aws_lb.frontend_alb",
            "aws_lb_target_group.frontend_tg",
            "aws_security_group.alb_frontend_sg",
            "aws_subnet.prod",
            "aws_vpc.prod"
          ]
        }
      ]
    },
    {
      "mode": "managed",
      "type": "aws_lb_target_group",
      "name": "backend_tg",
      "provider": "provider[\"registry.terraform.io/hashicorp/aws\"]",
      "instances": [
        {
          "schema_version": 0,
          "attributes": {
            "arn": "arn:aws:elasticloadbalancing:us-east-1:904233103130:targetgroup/ALB-backend-TG/309fc3aa5bab85f7",
            "arn_suffix": "targetgroup/ALB-backend-TG/309fc3aa5bab85f7",
            "connection_termination": null,
            "deregistration_delay": "300",
            "health_check": [
              {
                "enabled": true,
                "healthy_threshold": 5,
                "interval": 30,
                "matcher": "200",
                "path": "/",
                "port": "traffic-port",
                "protocol": "HTTP",
                "timeout": 5,
                "unhealthy_threshold": 2
              }
            ],
            "id": "arn:aws:elasticloadbalancing:us-east-1:904233103130:targetgroup/ALB-backend-TG/309fc3aa5bab85f7",
            "ip_address_type": "ipv4",
            "lambda_multi_value_headers_enabled": false,
            "load_balancer_arns": [
              "arn:aws:elasticloadbalancing:us-east-1:904233103130:loadbalancer/app/ALB-backend/154e3f950a07a128"
            ],
            "load_balancing_algorithm_type": "round_robin",
            "load_balancing_anomaly_mitigation": "off",
            "load_balancing_cross_zone_enabled": "use_load_balancer_configuration",
            "name": "ALB-backend-TG",
            "name_prefix": "",
            "port": 80,
            "preserve_client_ip": null,
            "protocol": "HTTP",
            "protocol_version": "HTTP1",
            "proxy_protocol_v2": false,
            "slow_start": 0,
            "stickiness": [
              {
                "cookie_duration": 86400,
                "cookie_name": "",
                "enabled": false,
                "type": "lb_cookie"
              }
            ],
            "tags": {},
            "tags_all": {},
            "target_failover": [
              {
                "on_deregistration": null,
                "on_unhealthy": null
              }
            ],
            "target_group_health": [
              {
                "dns_failover": [
                  {
                    "minimum_healthy_targets_count": "1",
                    "minimum_healthy_targets_percentage": "off"
                  }
                ],
                "unhealthy_state_routing": [
                  {
                    "minimum_healthy_targets_count": 1,
                    "minimum_healthy_targets_percentage": "off"
                  }
                ]
              }
            ],
            "target_health_state": [
              {
                "enable_unhealthy_connection_termination": null,
                "unhealthy_draining_interval": null
              }
            ],
            "target_type": "instance",
            "vpc_id": "vpc-0246d5bbc399294e2"
          },
          "sensitive_attributes": [],
          "private": "bnVsbA==",
          "dependencies": [
            "aws_vpc.prod"
          ]
        }
      ]
    },
    {
      "mode": "managed",
      "type": "aws_lb_target_group",
      "name": "backend_tg_dr",
      "provider": "provider[\"registry.terraform.io/hashicorp/aws\"].secondary",
      "instances": [
        {
          "schema_version": 0,
          "attributes": {
            "arn": "arn:aws:elasticloadbalancing:us-west-1:904233103130:targetgroup/ALB-backend-TG-dr/8af477f538bcd3fc",
            "arn_suffix": "targetgroup/ALB-backend-TG-dr/8af477f538bcd3fc",
            "connection_termination": null,
            "deregistration_delay": "300",
            "health_check": [
              {
                "enabled": true,
                "healthy_threshold": 3,
                "interval": 30,
                "matcher": "200",
                "path": "/health",
                "port": "traffic-port",
                "protocol": "HTTP",
                "timeout": 5,
                "unhealthy_threshold": 3
              }
            ],
            "id": "arn:aws:elasticloadbalancing:us-west-1:904233103130:targetgroup/ALB-backend-TG-dr/8af477f538bcd3fc",
            "ip_address_type": "ipv4",
            "lambda_multi_value_headers_enabled": false,
            "load_balancer_arns": [
              "arn:aws:elasticloadbalancing:us-west-1:904233103130:loadbalancer/app/ALB-backend-dr/b50e1bc9efd07220"
            ],
            "load_balancing_algorithm_type": "round_robin",
            "load_balancing_anomaly_mitigation": "off",
            "load_balancing_cross_zone_enabled": "use_load_balancer_configuration",
            "name": "ALB-backend-TG-dr",
            "name_prefix": "",
            "port": 3000,
            "preserve_client_ip": null,
            "protocol": "HTTP",
            "protocol_version": "HTTP1",
            "proxy_protocol_v2": false,
            "slow_start": 0,
            "stickiness": [
              {
                "cookie_duration": 86400,
                "cookie_name": "",
                "enabled": false,
                "type": "lb_cookie"
              }
            ],
            "tags": {},
            "tags_all": {},
            "target_failover": [
              {
                "on_deregistration": null,
                "on_unhealthy": null
              }
            ],
            "target_group_health": [
              {
                "dns_failover": [
                  {
                    "minimum_healthy_targets_count": "1",
                    "minimum_healthy_targets_percentage": "off"
                  }
                ],
                "unhealthy_state_routing": [
                  {
                    "minimum_healthy_targets_count": 1,
                    "minimum_healthy_targets_percentage": "off"
                  }
                ]
              }
            ],
            "target_health_state": [
              {
                "enable_unhealthy_connection_termination": null,
                "unhealthy_draining_interval": null
              }
            ],
            "target_type": "instance",
            "vpc_id": "vpc-06857a677db04a3ce"
          },
          "sensitive_attributes": [],
          "private": "bnVsbA==",
          "dependencies": [
            "aws_vpc.dr"
          ]
        }
      ]
    },
    {
      "mode": "managed",
      "type": "aws_lb_target_group",
      "name": "frontend_tg",
      "provider": "provider[\"registry.terraform.io/hashicorp/aws\"]",
      "instances": [
        {
          "schema_version": 0,
          "attributes": {
            "arn": "arn:aws:elasticloadbalancing:us-east-1:904233103130:targetgroup/ALB-frontend-TG/79ae884c1370bf06",
            "arn_suffix": "targetgroup/ALB-frontend-TG/79ae884c1370bf06",
            "connection_termination": null,
            "deregistration_delay": "300",
            "health_check": [
              {
                "enabled": true,
                "healthy_threshold": 5,
                "interval": 30,
                "matcher": "200",
                "path": "/",
                "port": "traffic-port",
                "protocol": "HTTP",
                "timeout": 5,
                "unhealthy_threshold": 2
              }
            ],
            "id": "arn:aws:elasticloadbalancing:us-east-1:904233103130:targetgroup/ALB-frontend-TG/79ae884c1370bf06",
            "ip_address_type": "ipv4",
            "lambda_multi_value_headers_enabled": false,
            "load_balancer_arns": [
              "arn:aws:elasticloadbalancing:us-east-1:904233103130:loadbalancer/app/ALB-frontend/6ba1d74840c9b5aa"
            ],
            "load_balancing_algorithm_type": "round_robin",
            "load_balancing_anomaly_mitigation": "off",
            "load_balancing_cross_zone_enabled": "use_load_balancer_configuration",
            "name": "ALB-frontend-TG",
            "name_prefix": "",
            "port": 80,
            "preserve_client_ip": null,
            "protocol": "HTTP",
            "protocol_version": "HTTP1",
            "proxy_protocol_v2": false,
            "slow_start": 0,
            "stickiness": [
              {
                "cookie_duration": 86400,
                "cookie_name": "",
                "enabled": false,
                "type": "lb_cookie"
              }
            ],
            "tags": {},
            "tags_all": {},
            "target_failover": [
              {
                "on_deregistration": null,
                "on_unhealthy": null
              }
            ],
            "target_group_health": [
              {
                "dns_failover": [
                  {
                    "minimum_healthy_targets_count": "1",
                    "minimum_healthy_targets_percentage": "off"
                  }
                ],
                "unhealthy_state_routing": [
                  {
                    "minimum_healthy_targets_count": 1,
                    "minimum_healthy_targets_percentage": "off"
                  }
                ]
              }
            ],
            "target_health_state": [
              {
                "enable_unhealthy_connection_termination": null,
                "unhealthy_draining_interval": null
              }
            ],
            "target_type": "instance",
            "vpc_id": "vpc-0246d5bbc399294e2"
          },
          "sensitive_attributes": [],
          "private": "bnVsbA==",
          "dependencies": [
            "aws_vpc.prod"
          ]
        }
      ]
    },
    {
      "mode": "managed",
      "type": "aws_lb_target_group",
      "name": "frontend_tg_dr",
      "provider": "provider[\"registry.terraform.io/hashicorp/aws\"].secondary",
      "instances": [
        {
          "schema_version": 0,
          "attributes": {
            "arn": "arn:aws:elasticloadbalancing:us-west-1:904233103130:targetgroup/ALB-frontend-TG-dr/7eebe7c4356b6fd0",
            "arn_suffix": "targetgroup/ALB-frontend-TG-dr/7eebe7c4356b6fd0",
            "connection_termination": null,
            "deregistration_delay": "300",
            "health_check": [
              {
                "enabled": true,
                "healthy_threshold": 3,
                "interval": 30,
                "matcher": "200",
                "path": "/",
                "port": "traffic-port",
                "protocol": "HTTP",
                "timeout": 5,
                "unhealthy_threshold": 3
              }
            ],
            "id": "arn:aws:elasticloadbalancing:us-west-1:904233103130:targetgroup/ALB-frontend-TG-dr/7eebe7c4356b6fd0",
            "ip_address_type": "ipv4",
            "lambda_multi_value_headers_enabled": false,
            "load_balancer_arns": [
              "arn:aws:elasticloadbalancing:us-west-1:904233103130:loadbalancer/app/ALB-frontend-dr/6fa42806772eadd1"
            ],
            "load_balancing_algorithm_type": "round_robin",
            "load_balancing_anomaly_mitigation": "off",
            "load_balancing_cross_zone_enabled": "use_load_balancer_configuration",
            "name": "ALB-frontend-TG-dr",
            "name_prefix": "",
            "port": 80,
            "preserve_client_ip": null,
            "protocol": "HTTP",
            "protocol_version": "HTTP1",
            "proxy_protocol_v2": false,
            "slow_start": 0,
            "stickiness": [
              {
                "cookie_duration": 86400,
                "cookie_name": "",
                "enabled": false,
                "type": "lb_cookie"
              }
            ],
            "tags": {},
            "tags_all": {},
            "target_failover": [
              {
                "on_deregistration": null,
                "on_unhealthy": null
              }
            ],
            "target_group_health": [
              {
                "dns_failover": [
                  {
                    "minimum_healthy_targets_count": "1",
                    "minimum_healthy_targets_percentage": "off"
                  }
                ],
                "unhealthy_state_routing": [
                  {
                    "minimum_healthy_targets_count": 1,
                    "minimum_healthy_targets_percentage": "off"
                  }
                ]
              }
            ],
            "target_health_state": [
              {
                "enable_unhealthy_connection_termination": null,
                "unhealthy_draining_interval": null
              }
            ],
            "target_type": "instance",
            "vpc_id": "vpc-06857a677db04a3ce"
          },
          "sensitive_attributes": [],
          "private": "bnVsbA==",
          "dependencies": [
            "aws_vpc.dr"
          ]
        }
      ]
    },
    {
      "mode": "managed",
      "type": "aws_lb_target_group",
      "name": "tg_backend_dr",
      "provider": "provider[\"registry.terraform.io/hashicorp/aws\"].secondary",
      "instances": [
        {
          "schema_version": 0,
          "attributes": {
            "arn": "arn:aws:elasticloadbalancing:us-west-1:904233103130:targetgroup/tg-backend-dr/34366cbdef133f4a",
            "arn_suffix": "targetgroup/tg-backend-dr/34366cbdef133f4a",
            "connection_termination": null,
            "deregistration_delay": "300",
            "health_check": [
              {
                "enabled": true,
                "healthy_threshold": 3,
                "interval": 30,
                "matcher": "200",
                "path": "/health",
                "port": "traffic-port",
                "protocol": "HTTP",
                "timeout": 5,
                "unhealthy_threshold": 3
              }
            ],
            "id": "arn:aws:elasticloadbalancing:us-west-1:904233103130:targetgroup/tg-backend-dr/34366cbdef133f4a",
            "ip_address_type": "ipv4",
            "lambda_multi_value_headers_enabled": false,
            "load_balancer_arns": [],
            "load_balancing_algorithm_type": "round_robin",
            "load_balancing_anomaly_mitigation": "off",
            "load_balancing_cross_zone_enabled": "use_load_balancer_configuration",
            "name": "tg-backend-dr",
            "name_prefix": "",
            "port": 3000,
            "preserve_client_ip": null,
            "protocol": "HTTP",
            "protocol_version": "HTTP1",
            "proxy_protocol_v2": false,
            "slow_start": 0,
            "stickiness": [
              {
                "cookie_duration": 86400,
                "cookie_name": "",
                "enabled": false,
                "type": "lb_cookie"
              }
            ],
            "tags": {},
            "tags_all": {},
            "target_failover": [
              {
                "on_deregistration": null,
                "on_unhealthy": null
              }
            ],
            "target_group_health": [
              {
                "dns_failover": [
                  {
                    "minimum_healthy_targets_count": "1",
                    "minimum_healthy_targets_percentage": "off"
                  }
                ],
                "unhealthy_state_routing": [
                  {
                    "minimum_healthy_targets_count": 1,
                    "minimum_healthy_targets_percentage": "off"
                  }
                ]
              }
            ],
            "target_health_state": [
              {
                "enable_unhealthy_connection_termination": null,
                "unhealthy_draining_interval": null
              }
            ],
            "target_type": "instance",
            "vpc_id": "vpc-06857a677db04a3ce"
          },
          "sensitive_attributes": [],
          "private": "bnVsbA==",
          "dependencies": [
            "aws_vpc.dr"
          ],
          "create_before_destroy": true
        }
      ]
    },
    {
      "mode": "managed",
      "type": "aws_lb_target_group",
      "name": "tg_frontend_dr",
      "provider": "provider[\"registry.terraform.io/hashicorp/aws\"].secondary",
      "instances": [
        {
          "schema_version": 0,
          "attributes": {
            "arn": "arn:aws:elasticloadbalancing:us-west-1:904233103130:targetgroup/tg-frontend-dr/59fd3a629280b54f",
            "arn_suffix": "targetgroup/tg-frontend-dr/59fd3a629280b54f",
            "connection_termination": null,
            "deregistration_delay": "300",
            "health_check": [
              {
                "enabled": true,
                "healthy_threshold": 3,
                "interval": 30,
                "matcher": "200",
                "path": "/",
                "port": "traffic-port",
                "protocol": "HTTP",
                "timeout": 5,
                "unhealthy_threshold": 3
              }
            ],
            "id": "arn:aws:elasticloadbalancing:us-west-1:904233103130:targetgroup/tg-frontend-dr/59fd3a629280b54f",
            "ip_address_type": "ipv4",
            "lambda_multi_value_headers_enabled": false,
            "load_balancer_arns": [],
            "load_balancing_algorithm_type": "round_robin",
            "load_balancing_anomaly_mitigation": "off",
            "load_balancing_cross_zone_enabled": "use_load_balancer_configuration",
            "name": "tg-frontend-dr",
            "name_prefix": "",
            "port": 80,
            "preserve_client_ip": null,
            "protocol": "HTTP",
            "protocol_version": "HTTP1",
            "proxy_protocol_v2": false,
            "slow_start": 0,
            "stickiness": [
              {
                "cookie_duration": 86400,
                "cookie_name": "",
                "enabled": false,
                "type": "lb_cookie"
              }
            ],
            "tags": {},
            "tags_all": {},
            "target_failover": [
              {
                "on_deregistration": null,
                "on_unhealthy": null
              }
            ],
            "target_group_health": [
              {
                "dns_failover": [
                  {
                    "minimum_healthy_targets_count": "1",
                    "minimum_healthy_targets_percentage": "off"
                  }
                ],
                "unhealthy_state_routing": [
                  {
                    "minimum_healthy_targets_count": 1,
                    "minimum_healthy_targets_percentage": "off"
                  }
                ]
              }
            ],
            "target_health_state": [
              {
                "enable_unhealthy_connection_termination": null,
                "unhealthy_draining_interval": null
              }
            ],
            "target_type": "instance",
            "vpc_id": "vpc-06857a677db04a3ce"
          },
          "sensitive_attributes": [],
          "private": "bnVsbA==",
          "dependencies": [
            "aws_vpc.dr"
          ],
          "create_before_destroy": true
        }
      ]
    },
    {
      "mode": "managed",
      "type": "aws_nat_gateway",
      "name": "dr_nat",
      "provider": "provider[\"registry.terraform.io/hashicorp/aws\"].secondary",
      "instances": [
        {
          "schema_version": 0,
          "attributes": {
            "allocation_id": "eipalloc-02b5ad1a05728b9bc",
            "association_id": "eipassoc-0e8c5995f4c4b36a5",
            "connectivity_type": "public",
            "id": "nat-0512197d4adf95906",
            "network_interface_id": "eni-02ad3366228862c24",
            "private_ip": "172.20.1.128",
            "public_ip": "13.57.131.161",
            "secondary_allocation_ids": [],
            "secondary_private_ip_address_count": 0,
            "secondary_private_ip_addresses": [],
            "subnet_id": "subnet-09f5ea9e37ef2834a",
            "tags": {
              "Name": "nat-dr"
            },
            "tags_all": {
              "Name": "nat-dr"
            },
            "timeouts": null
          },
          "sensitive_attributes": [],
          "private": "eyJlMmJmYjczMC1lY2FhLTExZTYtOGY4OC0zNDM2M2JjN2M0YzAiOnsiY3JlYXRlIjo2MDAwMDAwMDAwMDAsImRlbGV0ZSI6MTgwMDAwMDAwMDAwMCwidXBkYXRlIjo2MDAwMDAwMDAwMDB9fQ==",
          "dependencies": [
            "aws_eip.dr_nat_eip",
            "aws_internet_gateway.dr_igw",
            "aws_subnet.dr",
            "aws_vpc.dr"
          ]
        }
      ]
    },
    {
      "mode": "managed",
      "type": "aws_nat_gateway",
      "name": "prod_nat",
      "provider": "provider[\"registry.terraform.io/hashicorp/aws\"].primary",
      "instances": [
        {
          "schema_version": 0,
          "attributes": {
            "allocation_id": "eipalloc-0ba7287824cff46c2",
            "association_id": "eipassoc-019b90ab36dc19bb2",
            "connectivity_type": "public",
            "id": "nat-02ff36fb9bedf4d55",
            "network_interface_id": "eni-02d789fb60b74ce1c",
            "private_ip": "172.20.1.119",
            "public_ip": "3.214.134.151",
            "secondary_allocation_ids": [],
            "secondary_private_ip_address_count": 0,
            "secondary_private_ip_addresses": [],
            "subnet_id": "subnet-0f26c22ed6c6322cf",
            "tags": {
              "Name": "nat-prod"
            },
            "tags_all": {
              "Name": "nat-prod"
            },
            "timeouts": null
          },
          "sensitive_attributes": [],
          "private": "eyJlMmJmYjczMC1lY2FhLTExZTYtOGY4OC0zNDM2M2JjN2M0YzAiOnsiY3JlYXRlIjo2MDAwMDAwMDAwMDAsImRlbGV0ZSI6MTgwMDAwMDAwMDAwMCwidXBkYXRlIjo2MDAwMDAwMDAwMDB9fQ==",
          "dependencies": [
            "aws_eip.prod_nat_eip",
            "aws_internet_gateway.prod_igw",
            "aws_subnet.prod",
            "aws_vpc.prod"
          ]
        }
      ]
    },
    {
      "mode": "managed",
      "type": "aws_route53_health_check",
      "name": "backend",
      "provider": "provider[\"registry.terraform.io/hashicorp/aws\"]",
      "instances": [
        {
          "schema_version": 0,
          "attributes": {
            "arn": "arn:aws:route53:::healthcheck/c7eb7082-fb9b-4296-939c-317db8ef2589",
            "child_health_threshold": 0,
            "child_healthchecks": [],
            "cloudwatch_alarm_name": null,
            "cloudwatch_alarm_region": null,
            "disabled": false,
            "enable_sni": false,
            "failure_threshold": 3,
            "fqdn": "ALB-backend-1174144140.us-east-1.elb.amazonaws.com",
            "id": "c7eb7082-fb9b-4296-939c-317db8ef2589",
            "insufficient_data_health_status": "",
            "invert_healthcheck": false,
            "ip_address": "",
            "measure_latency": false,
            "port": 80,
            "reference_name": null,
            "regions": [],
            "request_interval": 30,
            "resource_path": "/",
            "routing_control_arn": "",
            "search_string": "",
            "tags": {
              "Name": "backend-healthcheck"
            },
            "tags_all": {
              "Name": "backend-healthcheck"
            },
            "triggers": {},
            "type": "HTTP"
          },
          "sensitive_attributes": [],
          "private": "bnVsbA==",
          "dependencies": [
            "aws_lb.backend_alb",
            "aws_security_group.backend_alb",
            "aws_subnet.prod",
            "aws_vpc.prod"
          ]
        }
      ]
    },
    {
      "mode": "managed",
      "type": "aws_route53_record",
      "name": "api_primary",
      "provider": "provider[\"registry.terraform.io/hashicorp/aws\"]",
      "instances": [
        {
          "schema_version": 2,
          "attributes": {
            "alias": [
              {
                "evaluate_target_health": true,
                "name": "alb-backend-1174144140.us-east-1.elb.amazonaws.com",
                "zone_id": "Z35SXDOTRQ7X7K"
              }
            ],
            "allow_overwrite": null,
            "cidr_routing_policy": [],
            "failover_routing_policy": [
              {
                "type": "PRIMARY"
              }
            ],
            "fqdn": "api.pietroruoppolo.club",
            "geolocation_routing_policy": [],
            "geoproximity_routing_policy": [],
            "health_check_id": "c7eb7082-fb9b-4296-939c-317db8ef2589",
            "id": "Z06088091MGPUZBHTAQX6_api.pietroruoppolo.club_A_api-primary",
            "latency_routing_policy": [],
            "multivalue_answer_routing_policy": false,
            "name": "api.pietroruoppolo.club",
            "records": [],
            "set_identifier": "api-primary",
            "timeouts": null,
            "ttl": 0,
            "type": "A",
            "weighted_routing_policy": [],
            "zone_id": "Z06088091MGPUZBHTAQX6"
          },
          "sensitive_attributes": [],
          "private": "eyJlMmJmYjczMC1lY2FhLTExZTYtOGY4OC0zNDM2M2JjN2M0YzAiOnsiY3JlYXRlIjoxODAwMDAwMDAwMDAwLCJkZWxldGUiOjE4MDAwMDAwMDAwMDAsInVwZGF0ZSI6MTgwMDAwMDAwMDAwMH0sInNjaGVtYV92ZXJzaW9uIjoiMiJ9",
          "dependencies": [
            "aws_lb.backend_alb",
            "aws_route53_health_check.backend",
            "aws_security_group.backend_alb",
            "aws_subnet.prod",
            "aws_vpc.prod",
            "data.aws_route53_zone.public"
          ]
        }
      ]
    },
    {
      "mode": "managed",
      "type": "aws_route53_record",
      "name": "api_secondary",
      "provider": "provider[\"registry.terraform.io/hashicorp/aws\"]",
      "instances": [
        {
          "schema_version": 2,
          "attributes": {
            "alias": [
              {
                "evaluate_target_health": false,
                "name": "alb-backend-dr-473711619.us-west-1.elb.amazonaws.com",
                "zone_id": "Z368ELLRRE2KJ0"
              }
            ],
            "allow_overwrite": null,
            "cidr_routing_policy": [],
            "failover_routing_policy": [
              {
                "type": "SECONDARY"
              }
            ],
            "fqdn": "api.pietroruoppolo.club",
            "geolocation_routing_policy": [],
            "geoproximity_routing_policy": [],
            "health_check_id": "",
            "id": "Z06088091MGPUZBHTAQX6_api.pietroruoppolo.club_A_api-secondary",
            "latency_routing_policy": [],
            "multivalue_answer_routing_policy": false,
            "name": "api.pietroruoppolo.club",
            "records": [],
            "set_identifier": "api-secondary",
            "timeouts": null,
            "ttl": 0,
            "type": "A",
            "weighted_routing_policy": [],
            "zone_id": "Z06088091MGPUZBHTAQX6"
          },
          "sensitive_attributes": [],
          "private": "eyJlMmJmYjczMC1lY2FhLTExZTYtOGY4OC0zNDM2M2JjN2M0YzAiOnsiY3JlYXRlIjoxODAwMDAwMDAwMDAwLCJkZWxldGUiOjE4MDAwMDAwMDAwMDAsInVwZGF0ZSI6MTgwMDAwMDAwMDAwMH0sInNjaGVtYV92ZXJzaW9uIjoiMiJ9",
          "dependencies": [
            "aws_lb.backend_alb",
            "aws_lb.backend_alb_dr",
            "aws_route53_health_check.backend",
            "aws_route53_record.api_primary",
            "aws_security_group.backend_alb",
            "aws_security_group.backend_alb_dr",
            "aws_subnet.dr",
            "aws_subnet.prod",
            "aws_vpc.dr",
            "aws_vpc.prod",
            "data.aws_route53_zone.public"
          ]
        }
      ]
    },
    {
      "mode": "managed",
      "type": "aws_route53_record",
      "name": "book_primary",
      "provider": "provider[\"registry.terraform.io/hashicorp/aws\"]",
      "instances": [
        {
          "schema_version": 2,
          "attributes": {
            "alias": [],
            "allow_overwrite": null,
            "cidr_routing_policy": [],
            "failover_routing_policy": [],
            "fqdn": "book.rds.com",
            "geolocation_routing_policy": [],
            "geoproximity_routing_policy": [],
            "health_check_id": "",
            "id": "Z0157481R9Y4GHVWIWW0_book_CNAME",
            "latency_routing_policy": [],
            "multivalue_answer_routing_policy": false,
            "name": "book",
            "records": [
              "myapp-db.czoo08w08x8c.us-east-1.rds.amazonaws.com"
            ],
            "set_identifier": "",
            "timeouts": null,
            "ttl": 300,
            "type": "CNAME",
            "weighted_routing_policy": [],
            "zone_id": "Z0157481R9Y4GHVWIWW0"
          },
          "sensitive_attributes": [],
          "private": "eyJlMmJmYjczMC1lY2FhLTExZTYtOGY4OC0zNDM2M2JjN2M0YzAiOnsiY3JlYXRlIjoxODAwMDAwMDAwMDAwLCJkZWxldGUiOjE4MDAwMDAwMDAwMDAsInVwZGF0ZSI6MTgwMDAwMDAwMDAwMH0sInNjaGVtYV92ZXJzaW9uIjoiMiJ9",
          "dependencies": [
            "aws_db_instance.primary_db",
            "aws_db_subnet_group.main",
            "aws_route53_zone.rds_primary",
            "aws_security_group.backend_alb",
            "aws_security_group.backend_ec2",
            "aws_security_group.bastion",
            "aws_security_group.rds",
            "aws_subnet.prod",
            "aws_vpc.prod"
          ]
        }
      ]
    },
    {
      "mode": "managed",
      "type": "aws_route53_record",
      "name": "book_secondary",
      "provider": "provider[\"registry.terraform.io/hashicorp/aws\"].secondary",
      "instances": [
        {
          "schema_version": 2,
          "attributes": {
            "alias": [],
            "allow_overwrite": null,
            "cidr_routing_policy": [],
            "failover_routing_policy": [],
            "fqdn": "book.rds.com",
            "geolocation_routing_policy": [],
            "geoproximity_routing_policy": [],
            "health_check_id": "",
            "id": "Z033979210JEQGMVLLZTA_book_CNAME",
            "latency_routing_policy": [],
            "multivalue_answer_routing_policy": false,
            "name": "book",
            "records": [
              "myapp-db-replica.cbq2okei2ek3.us-west-1.rds.amazonaws.com"
            ],
            "set_identifier": "",
            "timeouts": null,
            "ttl": 300,
            "type": "CNAME",
            "weighted_routing_policy": [],
            "zone_id": "Z033979210JEQGMVLLZTA"
          },
          "sensitive_attributes": [],
          "private": "eyJlMmJmYjczMC1lY2FhLTExZTYtOGY4OC0zNDM2M2JjN2M0YzAiOnsiY3JlYXRlIjoxODAwMDAwMDAwMDAwLCJkZWxldGUiOjE4MDAwMDAwMDAwMDAsInVwZGF0ZSI6MTgwMDAwMDAwMDAwMH0sInNjaGVtYV92ZXJzaW9uIjoiMiJ9",
          "dependencies": [
            "aws_db_instance.primary_db",
            "aws_db_instance.read_replica",
            "aws_db_subnet_group.main",
            "aws_db_subnet_group.replica",
            "aws_route53_zone.rds_secondary",
            "aws_security_group.backend_alb",
            "aws_security_group.backend_ec2",
            "aws_security_group.bastion",
            "aws_security_group.rds",
            "aws_security_group.rds_dr",
            "aws_subnet.dr",
            "aws_subnet.prod",
            "aws_vpc.dr",
            "aws_vpc.prod",
            "data.aws_kms_alias.rds_default_dr"
          ]
        }
      ]
    },
    {
      "mode": "managed",
      "type": "aws_route53_record",
      "name": "cf_cert_validation",
      "provider": "provider[\"registry.terraform.io/hashicorp/aws\"]",
      "instances": [
        {
          "index_key": "*.pietroruoppolo.club",
          "schema_version": 2,
          "attributes": {
            "alias": [],
            "allow_overwrite": true,
            "cidr_routing_policy": [],
            "failover_routing_policy": [],
            "fqdn": "_a6234d5ba1e2dadbd987a33b0be4044e.pietroruoppolo.club",
            "geolocation_routing_policy": [],
            "geoproximity_routing_policy": [],
            "health_check_id": "",
            "id": "Z06088091MGPUZBHTAQX6__a6234d5ba1e2dadbd987a33b0be4044e.pietroruoppolo.club._CNAME",
            "latency_routing_policy": [],
            "multivalue_answer_routing_policy": false,
            "name": "_a6234d5ba1e2dadbd987a33b0be4044e.pietroruoppolo.club",
            "records": [
              "_d0e9c8d6257f6502d57cb825f6c17058.xlfgrmvvlj.acm-validations.aws."
            ],
            "set_identifier": "",
            "timeouts": null,
            "ttl": 300,
            "type": "CNAME",
            "weighted_routing_policy": [],
            "zone_id": "Z06088091MGPUZBHTAQX6"
          },
          "sensitive_attributes": [],
          "private": "eyJlMmJmYjczMC1lY2FhLTExZTYtOGY4OC0zNDM2M2JjN2M0YzAiOnsiY3JlYXRlIjoxODAwMDAwMDAwMDAwLCJkZWxldGUiOjE4MDAwMDAwMDAwMDAsInVwZGF0ZSI6MTgwMDAwMDAwMDAwMH0sInNjaGVtYV92ZXJzaW9uIjoiMiJ9",
          "dependencies": [
            "aws_acm_certificate.cf_cert",
            "data.aws_route53_zone.public"
          ]
        },
        {
          "index_key": "pietroruoppolo.club",
          "schema_version": 2,
          "attributes": {
            "alias": [],
            "allow_overwrite": true,
            "cidr_routing_policy": [],
            "failover_routing_policy": [],
            "fqdn": "_a6234d5ba1e2dadbd987a33b0be4044e.pietroruoppolo.club",
            "geolocation_routing_policy": [],
            "geoproximity_routing_policy": [],
            "health_check_id": "",
            "id": "Z06088091MGPUZBHTAQX6__a6234d5ba1e2dadbd987a33b0be4044e.pietroruoppolo.club._CNAME",
            "latency_routing_policy": [],
            "multivalue_answer_routing_policy": false,
            "name": "_a6234d5ba1e2dadbd987a33b0be4044e.pietroruoppolo.club",
            "records": [
              "_d0e9c8d6257f6502d57cb825f6c17058.xlfgrmvvlj.acm-validations.aws."
            ],
            "set_identifier": "",
            "timeouts": null,
            "ttl": 300,
            "type": "CNAME",
            "weighted_routing_policy": [],
            "zone_id": "Z06088091MGPUZBHTAQX6"
          },
          "sensitive_attributes": [],
          "private": "eyJlMmJmYjczMC1lY2FhLTExZTYtOGY4OC0zNDM2M2JjN2M0YzAiOnsiY3JlYXRlIjoxODAwMDAwMDAwMDAwLCJkZWxldGUiOjE4MDAwMDAwMDAwMDAsInVwZGF0ZSI6MTgwMDAwMDAwMDAwMH0sInNjaGVtYV92ZXJzaW9uIjoiMiJ9",
          "dependencies": [
            "aws_acm_certificate.cf_cert",
            "data.aws_route53_zone.public"
          ]
        }
      ]
    },
    {
      "mode": "managed",
      "type": "aws_route53_zone",
      "name": "public",
      "provider": "provider[\"registry.terraform.io/hashicorp/aws\"]",
      "instances": [
        {
          "schema_version": 0,
          "attributes": {
            "arn": "arn:aws:route53:::hostedzone/Z06088091MGPUZBHTAQX6",
            "comment": "Managed by Terraform",
            "delegation_set_id": "",
            "force_destroy": false,
            "id": "Z06088091MGPUZBHTAQX6",
            "name": "pietroruoppolo.club",
            "name_servers": [
              "ns-1437.awsdns-51.org",
              "ns-1937.awsdns-50.co.uk",
              "ns-451.awsdns-56.com",
              "ns-602.awsdns-11.net"
            ],
            "primary_name_server": "ns-451.awsdns-56.com",
            "tags": {},
            "tags_all": {},
            "timeouts": null,
            "vpc": [],
            "zone_id": "Z06088091MGPUZBHTAQX6"
          },
          "sensitive_attributes": [],
          "private": "eyJlMmJmYjczMC1lY2FhLTExZTYtOGY4OC0zNDM2M2JjN2M0YzAiOnsiY3JlYXRlIjoxODAwMDAwMDAwMDAwLCJkZWxldGUiOjE4MDAwMDAwMDAwMDAsInVwZGF0ZSI6MTgwMDAwMDAwMDAwMH19"
        }
      ]
    },
    {
      "mode": "managed",
      "type": "aws_route53_zone",
      "name": "rds_primary",
      "provider": "provider[\"registry.terraform.io/hashicorp/aws\"].primary",
      "instances": [
        {
          "schema_version": 0,
          "attributes": {
            "arn": "arn:aws:route53:::hostedzone/Z0157481R9Y4GHVWIWW0",
            "comment": "Private zone RDS primary us-east-1",
            "delegation_set_id": "",
            "force_destroy": false,
            "id": "Z0157481R9Y4GHVWIWW0",
            "name": "rds.com",
            "name_servers": [
              "ns-0.awsdns-00.com.",
              "ns-1024.awsdns-00.org.",
              "ns-1536.awsdns-00.co.uk.",
              "ns-512.awsdns-00.net."
            ],
            "primary_name_server": "ns-0.awsdns-00.com.",
            "tags": {
              "Name": "rds.com-primary"
            },
            "tags_all": {
              "Name": "rds.com-primary"
            },
            "timeouts": null,
            "vpc": [
              {
                "vpc_id": "vpc-0246d5bbc399294e2",
                "vpc_region": "us-east-1"
              }
            ],
            "zone_id": "Z0157481R9Y4GHVWIWW0"
          },
          "sensitive_attributes": [],
          "private": "eyJlMmJmYjczMC1lY2FhLTExZTYtOGY4OC0zNDM2M2JjN2M0YzAiOnsiY3JlYXRlIjoxODAwMDAwMDAwMDAwLCJkZWxldGUiOjE4MDAwMDAwMDAwMDAsInVwZGF0ZSI6MTgwMDAwMDAwMDAwMH19",
          "dependencies": [
            "aws_vpc.prod"
          ]
        }
      ]
    },
    {
      "mode": "managed",
      "type": "aws_route53_zone",
      "name": "rds_secondary",
      "provider": "provider[\"registry.terraform.io/hashicorp/aws\"].secondary",
      "instances": [
        {
          "schema_version": 0,
          "attributes": {
            "arn": "arn:aws:route53:::hostedzone/Z033979210JEQGMVLLZTA",
            "comment": "Private zone RDS DR us-west-1",
            "delegation_set_id": "",
            "force_destroy": false,
            "id": "Z033979210JEQGMVLLZTA",
            "name": "rds.com",
            "name_servers": [
              "ns-0.awsdns-00.com.",
              "ns-1024.awsdns-00.org.",
              "ns-1536.awsdns-00.co.uk.",
              "ns-512.awsdns-00.net."
            ],
            "primary_name_server": "ns-0.awsdns-00.com.",
            "tags": {
              "Name": "rds.com-secondary"
            },
            "tags_all": {
              "Name": "rds.com-secondary"
            },
            "timeouts": null,
            "vpc": [
              {
                "vpc_id": "vpc-06857a677db04a3ce",
                "vpc_region": "us-west-1"
              }
            ],
            "zone_id": "Z033979210JEQGMVLLZTA"
          },
          "sensitive_attributes": [],
          "private": "eyJlMmJmYjczMC1lY2FhLTExZTYtOGY4OC0zNDM2M2JjN2M0YzAiOnsiY3JlYXRlIjoxODAwMDAwMDAwMDAwLCJkZWxldGUiOjE4MDAwMDAwMDAwMDAsInVwZGF0ZSI6MTgwMDAwMDAwMDAwMH19",
          "dependencies": [
            "aws_vpc.dr"
          ]
        }
      ]
    },
    {
      "mode": "managed",
      "type": "aws_route_table",
      "name": "dr_private_rt",
      "provider": "provider[\"registry.terraform.io/hashicorp/aws\"].secondary",
      "instances": [
        {
          "schema_version": 0,
          "attributes": {
            "arn": "arn:aws:ec2:us-west-1:904233103130:route-table/rtb-00a50224b92756866",
            "id": "rtb-00a50224b92756866",
            "owner_id": "904233103130",
            "propagating_vgws": [],
            "route": [
              {
                "carrier_gateway_id": "",
                "cidr_block": "0.0.0.0/0",
                "core_network_arn": "",
                "destination_prefix_list_id": "",
                "egress_only_gateway_id": "",
                "gateway_id": "",
                "ipv6_cidr_block": "",
                "local_gateway_id": "",
                "nat_gateway_id": "nat-0512197d4adf95906",
                "network_interface_id": "",
                "transit_gateway_id": "",
                "vpc_endpoint_id": "",
                "vpc_peering_connection_id": ""
              }
            ],
            "tags": {
              "Name": "rt-dr-private"
            },
            "tags_all": {
              "Name": "rt-dr-private"
            },
            "timeouts": null,
            "vpc_id": "vpc-06857a677db04a3ce"
          },
          "sensitive_attributes": [],
          "private": "eyJlMmJmYjczMC1lY2FhLTExZTYtOGY4OC0zNDM2M2JjN2M0YzAiOnsiY3JlYXRlIjozMDAwMDAwMDAwMDAsImRlbGV0ZSI6MzAwMDAwMDAwMDAwLCJ1cGRhdGUiOjEyMDAwMDAwMDAwMH19",
          "dependencies": [
            "aws_eip.dr_nat_eip",
            "aws_internet_gateway.dr_igw",
            "aws_nat_gateway.dr_nat",
            "aws_subnet.dr",
            "aws_vpc.dr"
          ]
        }
      ]
    },
    {
      "mode": "managed",
      "type": "aws_route_table",
      "name": "dr_public_rt",
      "provider": "provider[\"registry.terraform.io/hashicorp/aws\"].secondary",
      "instances": [
        {
          "schema_version": 0,
          "attributes": {
            "arn": "arn:aws:ec2:us-west-1:904233103130:route-table/rtb-09a66b3a5cd94e206",
            "id": "rtb-09a66b3a5cd94e206",
            "owner_id": "904233103130",
            "propagating_vgws": [],
            "route": [
              {
                "carrier_gateway_id": "",
                "cidr_block": "0.0.0.0/0",
                "core_network_arn": "",
                "destination_prefix_list_id": "",
                "egress_only_gateway_id": "",
                "gateway_id": "igw-053be44572c431c53",
                "ipv6_cidr_block": "",
                "local_gateway_id": "",
                "nat_gateway_id": "",
                "network_interface_id": "",
                "transit_gateway_id": "",
                "vpc_endpoint_id": "",
                "vpc_peering_connection_id": ""
              }
            ],
            "tags": {
              "Name": "rt-dr-public"
            },
            "tags_all": {
              "Name": "rt-dr-public"
            },
            "timeouts": null,
            "vpc_id": "vpc-06857a677db04a3ce"
          },
          "sensitive_attributes": [],
          "private": "eyJlMmJmYjczMC1lY2FhLTExZTYtOGY4OC0zNDM2M2JjN2M0YzAiOnsiY3JlYXRlIjozMDAwMDAwMDAwMDAsImRlbGV0ZSI6MzAwMDAwMDAwMDAwLCJ1cGRhdGUiOjEyMDAwMDAwMDAwMH19",
          "dependencies": [
            "aws_internet_gateway.dr_igw",
            "aws_vpc.dr"
          ]
        }
      ]
    },
    {
      "mode": "managed",
      "type": "aws_route_table",
      "name": "prod_private_rt",
      "provider": "provider[\"registry.terraform.io/hashicorp/aws\"].primary",
      "instances": [
        {
          "schema_version": 0,
          "attributes": {
            "arn": "arn:aws:ec2:us-east-1:904233103130:route-table/rtb-0197e873a38f2a186",
            "id": "rtb-0197e873a38f2a186",
            "owner_id": "904233103130",
            "propagating_vgws": [],
            "route": [
              {
                "carrier_gateway_id": "",
                "cidr_block": "0.0.0.0/0",
                "core_network_arn": "",
                "destination_prefix_list_id": "",
                "egress_only_gateway_id": "",
                "gateway_id": "",
                "ipv6_cidr_block": "",
                "local_gateway_id": "",
                "nat_gateway_id": "nat-02ff36fb9bedf4d55",
                "network_interface_id": "",
                "transit_gateway_id": "",
                "vpc_endpoint_id": "",
                "vpc_peering_connection_id": ""
              }
            ],
            "tags": {
              "Name": "rt-prod-private"
            },
            "tags_all": {
              "Name": "rt-prod-private"
            },
            "timeouts": null,
            "vpc_id": "vpc-0246d5bbc399294e2"
          },
          "sensitive_attributes": [],
          "private": "eyJlMmJmYjczMC1lY2FhLTExZTYtOGY4OC0zNDM2M2JjN2M0YzAiOnsiY3JlYXRlIjozMDAwMDAwMDAwMDAsImRlbGV0ZSI6MzAwMDAwMDAwMDAwLCJ1cGRhdGUiOjEyMDAwMDAwMDAwMH19",
          "dependencies": [
            "aws_eip.prod_nat_eip",
            "aws_internet_gateway.prod_igw",
            "aws_nat_gateway.prod_nat",
            "aws_subnet.prod",
            "aws_vpc.prod"
          ]
        }
      ]
    },
    {
      "mode": "managed",
      "type": "aws_route_table",
      "name": "prod_public_rt",
      "provider": "provider[\"registry.terraform.io/hashicorp/aws\"].primary",
      "instances": [
        {
          "schema_version": 0,
          "attributes": {
            "arn": "arn:aws:ec2:us-east-1:904233103130:route-table/rtb-05d3da5cafbe8f0f3",
            "id": "rtb-05d3da5cafbe8f0f3",
            "owner_id": "904233103130",
            "propagating_vgws": [],
            "route": [
              {
                "carrier_gateway_id": "",
                "cidr_block": "0.0.0.0/0",
                "core_network_arn": "",
                "destination_prefix_list_id": "",
                "egress_only_gateway_id": "",
                "gateway_id": "igw-0a161187164fd1e0a",
                "ipv6_cidr_block": "",
                "local_gateway_id": "",
                "nat_gateway_id": "",
                "network_interface_id": "",
                "transit_gateway_id": "",
                "vpc_endpoint_id": "",
                "vpc_peering_connection_id": ""
              }
            ],
            "tags": {
              "Name": "rt-prod-public"
            },
            "tags_all": {
              "Name": "rt-prod-public"
            },
            "timeouts": null,
            "vpc_id": "vpc-0246d5bbc399294e2"
          },
          "sensitive_attributes": [],
          "private": "eyJlMmJmYjczMC1lY2FhLTExZTYtOGY4OC0zNDM2M2JjN2M0YzAiOnsiY3JlYXRlIjozMDAwMDAwMDAwMDAsImRlbGV0ZSI6MzAwMDAwMDAwMDAwLCJ1cGRhdGUiOjEyMDAwMDAwMDAwMH19",
          "dependencies": [
            "aws_internet_gateway.prod_igw",
            "aws_vpc.prod"
          ]
        }
      ]
    },
    {
      "mode": "managed",
      "type": "aws_route_table_association",
      "name": "dr_priv_assoc",
      "provider": "provider[\"registry.terraform.io/hashicorp/aws\"].secondary",
      "instances": [
        {
          "index_key": "pri-sub-3a",
          "schema_version": 0,
          "attributes": {
            "gateway_id": "",
            "id": "rtbassoc-022bcb229d536589b",
            "route_table_id": "rtb-00a50224b92756866",
            "subnet_id": "subnet-0024f6e32b8ffada9",
            "timeouts": null
          },
          "sensitive_attributes": [],
          "private": "eyJlMmJmYjczMC1lY2FhLTExZTYtOGY4OC0zNDM2M2JjN2M0YzAiOnsiY3JlYXRlIjozMDAwMDAwMDAwMDAsImRlbGV0ZSI6MzAwMDAwMDAwMDAwLCJ1cGRhdGUiOjEyMDAwMDAwMDAwMH19",
          "dependencies": [
            "aws_eip.dr_nat_eip",
            "aws_internet_gateway.dr_igw",
            "aws_nat_gateway.dr_nat",
            "aws_route_table.dr_private_rt",
            "aws_subnet.dr",
            "aws_vpc.dr"
          ]
        },
        {
          "index_key": "pri-sub-4b",
          "schema_version": 0,
          "attributes": {
            "gateway_id": "",
            "id": "rtbassoc-05ce7344b4420997d",
            "route_table_id": "rtb-00a50224b92756866",
            "subnet_id": "subnet-0a235d9b4b8e61e66",
            "timeouts": null
          },
          "sensitive_attributes": [],
          "private": "eyJlMmJmYjczMC1lY2FhLTExZTYtOGY4OC0zNDM2M2JjN2M0YzAiOnsiY3JlYXRlIjozMDAwMDAwMDAwMDAsImRlbGV0ZSI6MzAwMDAwMDAwMDAwLCJ1cGRhdGUiOjEyMDAwMDAwMDAwMH19",
          "dependencies": [
            "aws_eip.dr_nat_eip",
            "aws_internet_gateway.dr_igw",
            "aws_nat_gateway.dr_nat",
            "aws_route_table.dr_private_rt",
            "aws_subnet.dr",
            "aws_vpc.dr"
          ]
        },
        {
          "index_key": "pri-sub-5a",
          "schema_version": 0,
          "attributes": {
            "gateway_id": "",
            "id": "rtbassoc-0fafa50bb4cc71f79",
            "route_table_id": "rtb-00a50224b92756866",
            "subnet_id": "subnet-0d278d27179b2a968",
            "timeouts": null
          },
          "sensitive_attributes": [],
          "private": "eyJlMmJmYjczMC1lY2FhLTExZTYtOGY4OC0zNDM2M2JjN2M0YzAiOnsiY3JlYXRlIjozMDAwMDAwMDAwMDAsImRlbGV0ZSI6MzAwMDAwMDAwMDAwLCJ1cGRhdGUiOjEyMDAwMDAwMDAwMH19",
          "dependencies": [
            "aws_eip.dr_nat_eip",
            "aws_internet_gateway.dr_igw",
            "aws_nat_gateway.dr_nat",
            "aws_route_table.dr_private_rt",
            "aws_subnet.dr",
            "aws_vpc.dr"
          ]
        },
        {
          "index_key": "pri-sub-6b",
          "schema_version": 0,
          "attributes": {
            "gateway_id": "",
            "id": "rtbassoc-01f4e9044f12945f4",
            "route_table_id": "rtb-00a50224b92756866",
            "subnet_id": "subnet-087c25358d4e2c6dd",
            "timeouts": null
          },
          "sensitive_attributes": [],
          "private": "eyJlMmJmYjczMC1lY2FhLTExZTYtOGY4OC0zNDM2M2JjN2M0YzAiOnsiY3JlYXRlIjozMDAwMDAwMDAwMDAsImRlbGV0ZSI6MzAwMDAwMDAwMDAwLCJ1cGRhdGUiOjEyMDAwMDAwMDAwMH19",
          "dependencies": [
            "aws_eip.dr_nat_eip",
            "aws_internet_gateway.dr_igw",
            "aws_nat_gateway.dr_nat",
            "aws_route_table.dr_private_rt",
            "aws_subnet.dr",
            "aws_vpc.dr"
          ]
        },
        {
          "index_key": "pri-sub-7a",
          "schema_version": 0,
          "attributes": {
            "gateway_id": "",
            "id": "rtbassoc-0be0f866b716f8724",
            "route_table_id": "rtb-00a50224b92756866",
            "subnet_id": "subnet-0a28ea948c1400332",
            "timeouts": null
          },
          "sensitive_attributes": [],
          "private": "eyJlMmJmYjczMC1lY2FhLTExZTYtOGY4OC0zNDM2M2JjN2M0YzAiOnsiY3JlYXRlIjozMDAwMDAwMDAwMDAsImRlbGV0ZSI6MzAwMDAwMDAwMDAwLCJ1cGRhdGUiOjEyMDAwMDAwMDAwMH19",
          "dependencies": [
            "aws_eip.dr_nat_eip",
            "aws_internet_gateway.dr_igw",
            "aws_nat_gateway.dr_nat",
            "aws_route_table.dr_private_rt",
            "aws_subnet.dr",
            "aws_vpc.dr"
          ]
        },
        {
          "index_key": "pri-sub-8b",
          "schema_version": 0,
          "attributes": {
            "gateway_id": "",
            "id": "rtbassoc-0511c665bd88496fb",
            "route_table_id": "rtb-00a50224b92756866",
            "subnet_id": "subnet-0cb444e2e69b73946",
            "timeouts": null
          },
          "sensitive_attributes": [],
          "private": "eyJlMmJmYjczMC1lY2FhLTExZTYtOGY4OC0zNDM2M2JjN2M0YzAiOnsiY3JlYXRlIjozMDAwMDAwMDAwMDAsImRlbGV0ZSI6MzAwMDAwMDAwMDAwLCJ1cGRhdGUiOjEyMDAwMDAwMDAwMH19",
          "dependencies": [
            "aws_eip.dr_nat_eip",
            "aws_internet_gateway.dr_igw",
            "aws_nat_gateway.dr_nat",
            "aws_route_table.dr_private_rt",
            "aws_subnet.dr",
            "aws_vpc.dr"
          ]
        }
      ]
    },
    {
      "mode": "managed",
      "type": "aws_route_table_association",
      "name": "dr_pub_assoc",
      "provider": "provider[\"registry.terraform.io/hashicorp/aws\"].secondary",
      "instances": [
        {
          "index_key": "pub-sub-1a",
          "schema_version": 0,
          "attributes": {
            "gateway_id": "",
            "id": "rtbassoc-08b66bb498c72ebb9",
            "route_table_id": "rtb-09a66b3a5cd94e206",
            "subnet_id": "subnet-09f5ea9e37ef2834a",
            "timeouts": null
          },
          "sensitive_attributes": [],
          "private": "eyJlMmJmYjczMC1lY2FhLTExZTYtOGY4OC0zNDM2M2JjN2M0YzAiOnsiY3JlYXRlIjozMDAwMDAwMDAwMDAsImRlbGV0ZSI6MzAwMDAwMDAwMDAwLCJ1cGRhdGUiOjEyMDAwMDAwMDAwMH19",
          "dependencies": [
            "aws_internet_gateway.dr_igw",
            "aws_route_table.dr_public_rt",
            "aws_subnet.dr",
            "aws_vpc.dr"
          ]
        },
        {
          "index_key": "pub-sub-2b",
          "schema_version": 0,
          "attributes": {
            "gateway_id": "",
            "id": "rtbassoc-0b335608d11bb546e",
            "route_table_id": "rtb-09a66b3a5cd94e206",
            "subnet_id": "subnet-03b935c397b77f243",
            "timeouts": null
          },
          "sensitive_attributes": [],
          "private": "eyJlMmJmYjczMC1lY2FhLTExZTYtOGY4OC0zNDM2M2JjN2M0YzAiOnsiY3JlYXRlIjozMDAwMDAwMDAwMDAsImRlbGV0ZSI6MzAwMDAwMDAwMDAwLCJ1cGRhdGUiOjEyMDAwMDAwMDAwMH19",
          "dependencies": [
            "aws_internet_gateway.dr_igw",
            "aws_route_table.dr_public_rt",
            "aws_subnet.dr",
            "aws_vpc.dr"
          ]
        }
      ]
    },
    {
      "mode": "managed",
      "type": "aws_route_table_association",
      "name": "prod_priv_assoc",
      "provider": "provider[\"registry.terraform.io/hashicorp/aws\"].primary",
      "instances": [
        {
          "index_key": "pri-sub-3a",
          "schema_version": 0,
          "attributes": {
            "gateway_id": "",
            "id": "rtbassoc-0972cae84491fd609",
            "route_table_id": "rtb-0197e873a38f2a186",
            "subnet_id": "subnet-042c68cab0a3f0f69",
            "timeouts": null
          },
          "sensitive_attributes": [],
          "private": "eyJlMmJmYjczMC1lY2FhLTExZTYtOGY4OC0zNDM2M2JjN2M0YzAiOnsiY3JlYXRlIjozMDAwMDAwMDAwMDAsImRlbGV0ZSI6MzAwMDAwMDAwMDAwLCJ1cGRhdGUiOjEyMDAwMDAwMDAwMH19",
          "dependencies": [
            "aws_eip.prod_nat_eip",
            "aws_internet_gateway.prod_igw",
            "aws_nat_gateway.prod_nat",
            "aws_route_table.prod_private_rt",
            "aws_subnet.prod",
            "aws_vpc.prod"
          ]
        },
        {
          "index_key": "pri-sub-4b",
          "schema_version": 0,
          "attributes": {
            "gateway_id": "",
            "id": "rtbassoc-0bdb5086cb1e1c7fc",
            "route_table_id": "rtb-0197e873a38f2a186",
            "subnet_id": "subnet-02151baa94a0342c2",
            "timeouts": null
          },
          "sensitive_attributes": [],
          "private": "eyJlMmJmYjczMC1lY2FhLTExZTYtOGY4OC0zNDM2M2JjN2M0YzAiOnsiY3JlYXRlIjozMDAwMDAwMDAwMDAsImRlbGV0ZSI6MzAwMDAwMDAwMDAwLCJ1cGRhdGUiOjEyMDAwMDAwMDAwMH19",
          "dependencies": [
            "aws_eip.prod_nat_eip",
            "aws_internet_gateway.prod_igw",
            "aws_nat_gateway.prod_nat",
            "aws_route_table.prod_private_rt",
            "aws_subnet.prod",
            "aws_vpc.prod"
          ]
        },
        {
          "index_key": "pri-sub-5a",
          "schema_version": 0,
          "attributes": {
            "gateway_id": "",
            "id": "rtbassoc-005f8cee11ec55e1f",
            "route_table_id": "rtb-0197e873a38f2a186",
            "subnet_id": "subnet-097cc20b3b74fce73",
            "timeouts": null
          },
          "sensitive_attributes": [],
          "private": "eyJlMmJmYjczMC1lY2FhLTExZTYtOGY4OC0zNDM2M2JjN2M0YzAiOnsiY3JlYXRlIjozMDAwMDAwMDAwMDAsImRlbGV0ZSI6MzAwMDAwMDAwMDAwLCJ1cGRhdGUiOjEyMDAwMDAwMDAwMH19",
          "dependencies": [
            "aws_eip.prod_nat_eip",
            "aws_internet_gateway.prod_igw",
            "aws_nat_gateway.prod_nat",
            "aws_route_table.prod_private_rt",
            "aws_subnet.prod",
            "aws_vpc.prod"
          ]
        },
        {
          "index_key": "pri-sub-6b",
          "schema_version": 0,
          "attributes": {
            "gateway_id": "",
            "id": "rtbassoc-034025c4ca1df1f27",
            "route_table_id": "rtb-0197e873a38f2a186",
            "subnet_id": "subnet-0decc6d727ea667df",
            "timeouts": null
          },
          "sensitive_attributes": [],
          "private": "eyJlMmJmYjczMC1lY2FhLTExZTYtOGY4OC0zNDM2M2JjN2M0YzAiOnsiY3JlYXRlIjozMDAwMDAwMDAwMDAsImRlbGV0ZSI6MzAwMDAwMDAwMDAwLCJ1cGRhdGUiOjEyMDAwMDAwMDAwMH19",
          "dependencies": [
            "aws_eip.prod_nat_eip",
            "aws_internet_gateway.prod_igw",
            "aws_nat_gateway.prod_nat",
            "aws_route_table.prod_private_rt",
            "aws_subnet.prod",
            "aws_vpc.prod"
          ]
        },
        {
          "index_key": "pri-sub-7a",
          "schema_version": 0,
          "attributes": {
            "gateway_id": "",
            "id": "rtbassoc-00e4171818f92bbe3",
            "route_table_id": "rtb-0197e873a38f2a186",
            "subnet_id": "subnet-0fcac11f3587e1b7e",
            "timeouts": null
          },
          "sensitive_attributes": [],
          "private": "eyJlMmJmYjczMC1lY2FhLTExZTYtOGY4OC0zNDM2M2JjN2M0YzAiOnsiY3JlYXRlIjozMDAwMDAwMDAwMDAsImRlbGV0ZSI6MzAwMDAwMDAwMDAwLCJ1cGRhdGUiOjEyMDAwMDAwMDAwMH19",
          "dependencies": [
            "aws_eip.prod_nat_eip",
            "aws_internet_gateway.prod_igw",
            "aws_nat_gateway.prod_nat",
            "aws_route_table.prod_private_rt",
            "aws_subnet.prod",
            "aws_vpc.prod"
          ]
        },
        {
          "index_key": "pri-sub-8b",
          "schema_version": 0,
          "attributes": {
            "gateway_id": "",
            "id": "rtbassoc-0fdb52bc1496550c3",
            "route_table_id": "rtb-0197e873a38f2a186",
            "subnet_id": "subnet-09e44da72819582d1",
            "timeouts": null
          },
          "sensitive_attributes": [],
          "private": "eyJlMmJmYjczMC1lY2FhLTExZTYtOGY4OC0zNDM2M2JjN2M0YzAiOnsiY3JlYXRlIjozMDAwMDAwMDAwMDAsImRlbGV0ZSI6MzAwMDAwMDAwMDAwLCJ1cGRhdGUiOjEyMDAwMDAwMDAwMH19",
          "dependencies": [
            "aws_eip.prod_nat_eip",
            "aws_internet_gateway.prod_igw",
            "aws_nat_gateway.prod_nat",
            "aws_route_table.prod_private_rt",
            "aws_subnet.prod",
            "aws_vpc.prod"
          ]
        }
      ]
    },
    {
      "mode": "managed",
      "type": "aws_route_table_association",
      "name": "prod_pub_assoc",
      "provider": "provider[\"registry.terraform.io/hashicorp/aws\"].primary",
      "instances": [
        {
          "index_key": "pub-sub-1a",
          "schema_version": 0,
          "attributes": {
            "gateway_id": "",
            "id": "rtbassoc-0c8943f3501008ca2",
            "route_table_id": "rtb-05d3da5cafbe8f0f3",
            "subnet_id": "subnet-0f26c22ed6c6322cf",
            "timeouts": null
          },
          "sensitive_attributes": [],
          "private": "eyJlMmJmYjczMC1lY2FhLTExZTYtOGY4OC0zNDM2M2JjN2M0YzAiOnsiY3JlYXRlIjozMDAwMDAwMDAwMDAsImRlbGV0ZSI6MzAwMDAwMDAwMDAwLCJ1cGRhdGUiOjEyMDAwMDAwMDAwMH19",
          "dependencies": [
            "aws_internet_gateway.prod_igw",
            "aws_route_table.prod_public_rt",
            "aws_subnet.prod",
            "aws_vpc.prod"
          ]
        },
        {
          "index_key": "pub-sub-2b",
          "schema_version": 0,
          "attributes": {
            "gateway_id": "",
            "id": "rtbassoc-01f8ca403c63554d6",
            "route_table_id": "rtb-05d3da5cafbe8f0f3",
            "subnet_id": "subnet-0cd5c14df4d41726b",
            "timeouts": null
          },
          "sensitive_attributes": [],
          "private": "eyJlMmJmYjczMC1lY2FhLTExZTYtOGY4OC0zNDM2M2JjN2M0YzAiOnsiY3JlYXRlIjozMDAwMDAwMDAwMDAsImRlbGV0ZSI6MzAwMDAwMDAwMDAwLCJ1cGRhdGUiOjEyMDAwMDAwMDAwMH19",
          "dependencies": [
            "aws_internet_gateway.prod_igw",
            "aws_route_table.prod_public_rt",
            "aws_subnet.prod",
            "aws_vpc.prod"
          ]
        }
      ]
    },
    {
      "mode": "managed",
      "type": "aws_security_group",
      "name": "alb_frontend_dr_sg",
      "provider": "provider[\"registry.terraform.io/hashicorp/aws\"].secondary",
      "instances": [
        {
          "schema_version": 1,
          "attributes": {
            "arn": "arn:aws:ec2:us-west-1:904233103130:security-group/sg-009a23447f9d8d84c",
            "description": "Allow HTTP/HTTPS to frontend ALB in DR",
            "egress": [
              {
                "cidr_blocks": [
                  "0.0.0.0/0"
                ],
                "description": "",
                "from_port": 0,
                "ipv6_cidr_blocks": [],
                "prefix_list_ids": [],
                "protocol": "-1",
                "security_groups": [],
                "self": false,
                "to_port": 0
              }
            ],
            "id": "sg-009a23447f9d8d84c",
            "ingress": [
              {
                "cidr_blocks": [
                  "0.0.0.0/0"
                ],
                "description": "HTTP",
                "from_port": 80,
                "ipv6_cidr_blocks": [],
                "prefix_list_ids": [],
                "protocol": "tcp",
                "security_groups": [],
                "self": false,
                "to_port": 80
              },
              {
                "cidr_blocks": [
                  "0.0.0.0/0"
                ],
                "description": "HTTPS",
                "from_port": 443,
                "ipv6_cidr_blocks": [],
                "prefix_list_ids": [],
                "protocol": "tcp",
                "security_groups": [],
                "self": false,
                "to_port": 443
              }
            ],
            "name": "alb-frontend-dr-sg",
            "name_prefix": "",
            "owner_id": "904233103130",
            "revoke_rules_on_delete": false,
            "tags": {
              "Name": "alb-frontend-dr-sg"
            },
            "tags_all": {
              "Name": "alb-frontend-dr-sg"
            },
            "timeouts": null,
            "vpc_id": "vpc-06857a677db04a3ce"
          },
          "sensitive_attributes": [],
          "private": "eyJlMmJmYjczMC1lY2FhLTExZTYtOGY4OC0zNDM2M2JjN2M0YzAiOnsiY3JlYXRlIjo2MDAwMDAwMDAwMDAsImRlbGV0ZSI6OTAwMDAwMDAwMDAwfSwic2NoZW1hX3ZlcnNpb24iOiIxIn0=",
          "dependencies": [
            "aws_vpc.dr"
          ]
        }
      ]
    },
    {
      "mode": "managed",
      "type": "aws_security_group",
      "name": "alb_frontend_sg",
      "provider": "provider[\"registry.terraform.io/hashicorp/aws\"].primary",
      "instances": [
        {
          "schema_version": 1,
          "attributes": {
            "arn": "arn:aws:ec2:us-east-1:904233103130:security-group/sg-0f1e1ee1a91d1776a",
            "description": "Allow HTTP/HTTPS for frontend ALB",
            "egress": [
              {
                "cidr_blocks": [
                  "0.0.0.0/0"
                ],
                "description": "",
                "from_port": 0,
                "ipv6_cidr_blocks": [],
                "prefix_list_ids": [],
                "protocol": "-1",
                "security_groups": [],
                "self": false,
                "to_port": 0
              }
            ],
            "id": "sg-0f1e1ee1a91d1776a",
            "ingress": [
              {
                "cidr_blocks": [
                  "0.0.0.0/0"
                ],
                "description": "HTTP",
                "from_port": 80,
                "ipv6_cidr_blocks": [],
                "prefix_list_ids": [],
                "protocol": "tcp",
                "security_groups": [],
                "self": false,
                "to_port": 80
              },
              {
                "cidr_blocks": [
                  "0.0.0.0/0"
                ],
                "description": "HTTPS",
                "from_port": 443,
                "ipv6_cidr_blocks": [],
                "prefix_list_ids": [],
                "protocol": "tcp",
                "security_groups": [],
                "self": false,
                "to_port": 443
              }
            ],
            "name": "alb-frontend-sg",
            "name_prefix": "",
            "owner_id": "904233103130",
            "revoke_rules_on_delete": false,
            "tags": {
              "Name": "alb-frontend-sg"
            },
            "tags_all": {
              "Name": "alb-frontend-sg"
            },
            "timeouts": null,
            "vpc_id": "vpc-0246d5bbc399294e2"
          },
          "sensitive_attributes": [],
          "private": "eyJlMmJmYjczMC1lY2FhLTExZTYtOGY4OC0zNDM2M2JjN2M0YzAiOnsiY3JlYXRlIjo2MDAwMDAwMDAwMDAsImRlbGV0ZSI6OTAwMDAwMDAwMDAwfSwic2NoZW1hX3ZlcnNpb24iOiIxIn0=",
          "dependencies": [
            "aws_vpc.prod"
          ]
        }
      ]
    },
    {
      "mode": "managed",
      "type": "aws_security_group",
      "name": "backend_alb",
      "provider": "provider[\"registry.terraform.io/hashicorp/aws\"].primary",
      "instances": [
        {
          "schema_version": 1,
          "attributes": {
            "arn": "arn:aws:ec2:us-east-1:904233103130:security-group/sg-002b32ee56885b894",
            "description": "Allow HTTP/HTTPS from anywhere",
            "egress": [
              {
                "cidr_blocks": [
                  "0.0.0.0/0"
                ],
                "description": "",
                "from_port": 0,
                "ipv6_cidr_blocks": [],
                "prefix_list_ids": [],
                "protocol": "-1",
                "security_groups": [],
                "self": false,
                "to_port": 0
              }
            ],
            "id": "sg-002b32ee56885b894",
            "ingress": [
              {
                "cidr_blocks": [
                  "0.0.0.0/0"
                ],
                "description": "HTTP",
                "from_port": 80,
                "ipv6_cidr_blocks": [],
                "prefix_list_ids": [],
                "protocol": "tcp",
                "security_groups": [],
                "self": false,
                "to_port": 80
              },
              {
                "cidr_blocks": [
                  "0.0.0.0/0"
                ],
                "description": "HTTPS",
                "from_port": 443,
                "ipv6_cidr_blocks": [],
                "prefix_list_ids": [],
                "protocol": "tcp",
                "security_groups": [],
                "self": false,
                "to_port": 443
              }
            ],
            "name": "backend-alb-sg",
            "name_prefix": "",
            "owner_id": "904233103130",
            "revoke_rules_on_delete": false,
            "tags": {},
            "tags_all": {},
            "timeouts": null,
            "vpc_id": "vpc-0246d5bbc399294e2"
          },
          "sensitive_attributes": [],
          "private": "eyJlMmJmYjczMC1lY2FhLTExZTYtOGY4OC0zNDM2M2JjN2M0YzAiOnsiY3JlYXRlIjo2MDAwMDAwMDAwMDAsImRlbGV0ZSI6OTAwMDAwMDAwMDAwfSwic2NoZW1hX3ZlcnNpb24iOiIxIn0=",
          "dependencies": [
            "aws_vpc.prod"
          ],
          "create_before_destroy": true
        }
      ]
    },
    {
      "mode": "managed",
      "type": "aws_security_group",
      "name": "backend_alb_dr",
      "provider": "provider[\"registry.terraform.io/hashicorp/aws\"].secondary",
      "instances": [
        {
          "schema_version": 1,
          "attributes": {
            "arn": "arn:aws:ec2:us-west-1:904233103130:security-group/sg-040b55c29862f8ad7",
            "description": "Allow HTTP/HTTPS to backend ALB in DR",
            "egress": [
              {
                "cidr_blocks": [
                  "0.0.0.0/0"
                ],
                "description": "",
                "from_port": 0,
                "ipv6_cidr_blocks": [],
                "prefix_list_ids": [],
                "protocol": "-1",
                "security_groups": [],
                "self": false,
                "to_port": 0
              }
            ],
            "id": "sg-040b55c29862f8ad7",
            "ingress": [
              {
                "cidr_blocks": [
                  "0.0.0.0/0"
                ],
                "description": "HTTP",
                "from_port": 80,
                "ipv6_cidr_blocks": [],
                "prefix_list_ids": [],
                "protocol": "tcp",
                "security_groups": [],
                "self": false,
                "to_port": 80
              },
              {
                "cidr_blocks": [
                  "0.0.0.0/0"
                ],
                "description": "HTTPS",
                "from_port": 443,
                "ipv6_cidr_blocks": [],
                "prefix_list_ids": [],
                "protocol": "tcp",
                "security_groups": [],
                "self": false,
                "to_port": 443
              }
            ],
            "name": "backend-alb-dr-sg",
            "name_prefix": "",
            "owner_id": "904233103130",
            "revoke_rules_on_delete": false,
            "tags": {
              "Name": "backend-alb-dr-sg"
            },
            "tags_all": {
              "Name": "backend-alb-dr-sg"
            },
            "timeouts": null,
            "vpc_id": "vpc-06857a677db04a3ce"
          },
          "sensitive_attributes": [],
          "private": "eyJlMmJmYjczMC1lY2FhLTExZTYtOGY4OC0zNDM2M2JjN2M0YzAiOnsiY3JlYXRlIjo2MDAwMDAwMDAwMDAsImRlbGV0ZSI6OTAwMDAwMDAwMDAwfSwic2NoZW1hX3ZlcnNpb24iOiIxIn0=",
          "dependencies": [
            "aws_vpc.dr"
          ]
        }
      ]
    },
    {
      "mode": "managed",
      "type": "aws_security_group",
      "name": "backend_ec2",
      "provider": "provider[\"registry.terraform.io/hashicorp/aws\"].primary",
      "instances": [
        {
          "schema_version": 1,
          "attributes": {
            "arn": "arn:aws:ec2:us-east-1:904233103130:security-group/sg-0a7b1c5f7fec14b2b",
            "description": "Allow HTTP from backend ALB and SSH from bastion",
            "egress": [
              {
                "cidr_blocks": [
                  "0.0.0.0/0"
                ],
                "description": "",
                "from_port": 0,
                "ipv6_cidr_blocks": [],
                "prefix_list_ids": [],
                "protocol": "-1",
                "security_groups": [],
                "self": false,
                "to_port": 0
              }
            ],
            "id": "sg-0a7b1c5f7fec14b2b",
            "ingress": [
              {
                "cidr_blocks": [],
                "description": "HTTP from ALB Backend",
                "from_port": 80,
                "ipv6_cidr_blocks": [],
                "prefix_list_ids": [],
                "protocol": "tcp",
                "security_groups": [
                  "sg-002b32ee56885b894"
                ],
                "self": false,
                "to_port": 80
              },
              {
                "cidr_blocks": [],
                "description": "SSH from Bastion",
                "from_port": 22,
                "ipv6_cidr_blocks": [],
                "prefix_list_ids": [],
                "protocol": "tcp",
                "security_groups": [
                  "sg-09f383a9c290601f5"
                ],
                "self": false,
                "to_port": 22
              }
            ],
            "name": "backend-ec2-sg",
            "name_prefix": "",
            "owner_id": "904233103130",
            "revoke_rules_on_delete": false,
            "tags": {},
            "tags_all": {},
            "timeouts": null,
            "vpc_id": "vpc-0246d5bbc399294e2"
          },
          "sensitive_attributes": [],
          "private": "eyJlMmJmYjczMC1lY2FhLTExZTYtOGY4OC0zNDM2M2JjN2M0YzAiOnsiY3JlYXRlIjo2MDAwMDAwMDAwMDAsImRlbGV0ZSI6OTAwMDAwMDAwMDAwfSwic2NoZW1hX3ZlcnNpb24iOiIxIn0=",
          "dependencies": [
            "aws_security_group.backend_alb",
            "aws_security_group.bastion",
            "aws_vpc.prod"
          ],
          "create_before_destroy": true
        }
      ]
    },
    {
      "mode": "managed",
      "type": "aws_security_group",
      "name": "backend_ec2_dr",
      "provider": "provider[\"registry.terraform.io/hashicorp/aws\"].secondary",
      "instances": [
        {
          "schema_version": 1,
          "attributes": {
            "arn": "arn:aws:ec2:us-west-1:904233103130:security-group/sg-00ac88b6d1bf85964",
            "description": "Allow HTTP and SSH (DR)",
            "egress": [
              {
                "cidr_blocks": [
                  "0.0.0.0/0"
                ],
                "description": "",
                "from_port": 0,
                "ipv6_cidr_blocks": [],
                "prefix_list_ids": [],
                "protocol": "-1",
                "security_groups": [],
                "self": false,
                "to_port": 0
              }
            ],
            "id": "sg-00ac88b6d1bf85964",
            "ingress": [
              {
                "cidr_blocks": [
                  "0.0.0.0/0"
                ],
                "description": "HTTP",
                "from_port": 3000,
                "ipv6_cidr_blocks": [],
                "prefix_list_ids": [],
                "protocol": "tcp",
                "security_groups": [],
                "self": false,
                "to_port": 3000
              },
              {
                "cidr_blocks": [
                  "0.0.0.0/0"
                ],
                "description": "SSH",
                "from_port": 22,
                "ipv6_cidr_blocks": [],
                "prefix_list_ids": [],
                "protocol": "tcp",
                "security_groups": [],
                "self": false,
                "to_port": 22
              }
            ],
            "name": "backend-ec2-dr-sg",
            "name_prefix": "",
            "owner_id": "904233103130",
            "revoke_rules_on_delete": false,
            "tags": {},
            "tags_all": {},
            "timeouts": null,
            "vpc_id": "vpc-06857a677db04a3ce"
          },
          "sensitive_attributes": [],
          "private": "eyJlMmJmYjczMC1lY2FhLTExZTYtOGY4OC0zNDM2M2JjN2M0YzAiOnsiY3JlYXRlIjo2MDAwMDAwMDAwMDAsImRlbGV0ZSI6OTAwMDAwMDAwMDAwfSwic2NoZW1hX3ZlcnNpb24iOiIxIn0=",
          "dependencies": [
            "aws_vpc.dr"
          ],
          "create_before_destroy": true
        }
      ]
    },
    {
      "mode": "managed",
      "type": "aws_security_group",
      "name": "bastion",
      "provider": "provider[\"registry.terraform.io/hashicorp/aws\"].primary",
      "instances": [
        {
          "schema_version": 1,
          "attributes": {
            "arn": "arn:aws:ec2:us-east-1:904233103130:security-group/sg-09f383a9c290601f5",
            "description": "SSH access only from trusted IP",
            "egress": [
              {
                "cidr_blocks": [
                  "0.0.0.0/0"
                ],
                "description": "",
                "from_port": 0,
                "ipv6_cidr_blocks": [],
                "prefix_list_ids": [],
                "protocol": "-1",
                "security_groups": [],
                "self": false,
                "to_port": 0
              }
            ],
            "id": "sg-09f383a9c290601f5",
            "ingress": [
              {
                "cidr_blocks": [
                  "0.0.0.0/0"
                ],
                "description": "SSH from admin IP",
                "from_port": 22,
                "ipv6_cidr_blocks": [],
                "prefix_list_ids": [],
                "protocol": "tcp",
                "security_groups": [],
                "self": false,
                "to_port": 22
              }
            ],
            "name": "bastion-sg",
            "name_prefix": "",
            "owner_id": "904233103130",
            "revoke_rules_on_delete": false,
            "tags": {},
            "tags_all": {},
            "timeouts": null,
            "vpc_id": "vpc-0246d5bbc399294e2"
          },
          "sensitive_attributes": [],
          "private": "eyJlMmJmYjczMC1lY2FhLTExZTYtOGY4OC0zNDM2M2JjN2M0YzAiOnsiY3JlYXRlIjo2MDAwMDAwMDAwMDAsImRlbGV0ZSI6OTAwMDAwMDAwMDAwfSwic2NoZW1hX3ZlcnNpb24iOiIxIn0=",
          "dependencies": [
            "aws_vpc.prod"
          ],
          "create_before_destroy": true
        }
      ]
    },
    {
      "mode": "managed",
      "type": "aws_security_group",
      "name": "frontend_alb",
      "provider": "provider[\"registry.terraform.io/hashicorp/aws\"].primary",
      "instances": [
        {
          "schema_version": 1,
          "attributes": {
            "arn": "arn:aws:ec2:us-east-1:904233103130:security-group/sg-07ca26af9206bd384",
            "description": "Allow HTTP/HTTPS from anywhere",
            "egress": [
              {
                "cidr_blocks": [
                  "0.0.0.0/0"
                ],
                "description": "",
                "from_port": 0,
                "ipv6_cidr_blocks": [],
                "prefix_list_ids": [],
                "protocol": "-1",
                "security_groups": [],
                "self": false,
                "to_port": 0
              }
            ],
            "id": "sg-07ca26af9206bd384",
            "ingress": [
              {
                "cidr_blocks": [
                  "0.0.0.0/0"
                ],
                "description": "HTTP",
                "from_port": 80,
                "ipv6_cidr_blocks": [],
                "prefix_list_ids": [],
                "protocol": "tcp",
                "security_groups": [],
                "self": false,
                "to_port": 80
              },
              {
                "cidr_blocks": [
                  "0.0.0.0/0"
                ],
                "description": "HTTPS",
                "from_port": 443,
                "ipv6_cidr_blocks": [],
                "prefix_list_ids": [],
                "protocol": "tcp",
                "security_groups": [],
                "self": false,
                "to_port": 443
              }
            ],
            "name": "frontend-alb-sg",
            "name_prefix": "",
            "owner_id": "904233103130",
            "revoke_rules_on_delete": false,
            "tags": {},
            "tags_all": {},
            "timeouts": null,
            "vpc_id": "vpc-0246d5bbc399294e2"
          },
          "sensitive_attributes": [],
          "private": "eyJlMmJmYjczMC1lY2FhLTExZTYtOGY4OC0zNDM2M2JjN2M0YzAiOnsiY3JlYXRlIjo2MDAwMDAwMDAwMDAsImRlbGV0ZSI6OTAwMDAwMDAwMDAwfSwic2NoZW1hX3ZlcnNpb24iOiIxIn0=",
          "dependencies": [
            "aws_vpc.prod"
          ]
        }
      ]
    },
    {
      "mode": "managed",
      "type": "aws_security_group",
      "name": "frontend_ec2",
      "provider": "provider[\"registry.terraform.io/hashicorp/aws\"].primary",
      "instances": [
        {
          "schema_version": 1,
          "attributes": {
            "arn": "arn:aws:ec2:us-east-1:904233103130:security-group/sg-0d3b1ccfd6a4737c1",
            "description": "Allow HTTP from frontend ALB and SSH from bastion",
            "egress": [
              {
                "cidr_blocks": [
                  "0.0.0.0/0"
                ],
                "description": "",
                "from_port": 0,
                "ipv6_cidr_blocks": [],
                "prefix_list_ids": [],
                "protocol": "-1",
                "security_groups": [],
                "self": false,
                "to_port": 0
              }
            ],
            "id": "sg-0d3b1ccfd6a4737c1",
            "ingress": [
              {
                "cidr_blocks": [],
                "description": "HTTP from ALB Frontend",
                "from_port": 80,
                "ipv6_cidr_blocks": [],
                "prefix_list_ids": [],
                "protocol": "tcp",
                "security_groups": [
                  "sg-07ca26af9206bd384"
                ],
                "self": false,
                "to_port": 80
              },
              {
                "cidr_blocks": [],
                "description": "SSH from Bastion",
                "from_port": 22,
                "ipv6_cidr_blocks": [],
                "prefix_list_ids": [],
                "protocol": "tcp",
                "security_groups": [
                  "sg-09f383a9c290601f5"
                ],
                "self": false,
                "to_port": 22
              }
            ],
            "name": "frontend-ec2-sg",
            "name_prefix": "",
            "owner_id": "904233103130",
            "revoke_rules_on_delete": false,
            "tags": {},
            "tags_all": {},
            "timeouts": null,
            "vpc_id": "vpc-0246d5bbc399294e2"
          },
          "sensitive_attributes": [],
          "private": "eyJlMmJmYjczMC1lY2FhLTExZTYtOGY4OC0zNDM2M2JjN2M0YzAiOnsiY3JlYXRlIjo2MDAwMDAwMDAwMDAsImRlbGV0ZSI6OTAwMDAwMDAwMDAwfSwic2NoZW1hX3ZlcnNpb24iOiIxIn0=",
          "dependencies": [
            "aws_security_group.bastion",
            "aws_security_group.frontend_alb",
            "aws_vpc.prod"
          ]
        }
      ]
    },
    {
      "mode": "managed",
      "type": "aws_security_group",
      "name": "frontend_ec2_dr",
      "provider": "provider[\"registry.terraform.io/hashicorp/aws\"].secondary",
      "instances": [
        {
          "schema_version": 1,
          "attributes": {
            "arn": "arn:aws:ec2:us-west-1:904233103130:security-group/sg-084f5915cb8664acb",
            "description": "Allow HTTP and SSH (DR)",
            "egress": [
              {
                "cidr_blocks": [
                  "0.0.0.0/0"
                ],
                "description": "",
                "from_port": 0,
                "ipv6_cidr_blocks": [],
                "prefix_list_ids": [],
                "protocol": "-1",
                "security_groups": [],
                "self": false,
                "to_port": 0
              }
            ],
            "id": "sg-084f5915cb8664acb",
            "ingress": [
              {
                "cidr_blocks": [
                  "0.0.0.0/0"
                ],
                "description": "HTTP",
                "from_port": 80,
                "ipv6_cidr_blocks": [],
                "prefix_list_ids": [],
                "protocol": "tcp",
                "security_groups": [],
                "self": false,
                "to_port": 80
              },
              {
                "cidr_blocks": [
                  "0.0.0.0/0"
                ],
                "description": "SSH",
                "from_port": 22,
                "ipv6_cidr_blocks": [],
                "prefix_list_ids": [],
                "protocol": "tcp",
                "security_groups": [],
                "self": false,
                "to_port": 22
              }
            ],
            "name": "frontend-ec2-dr-sg",
            "name_prefix": "",
            "owner_id": "904233103130",
            "revoke_rules_on_delete": false,
            "tags": {},
            "tags_all": {},
            "timeouts": null,
            "vpc_id": "vpc-06857a677db04a3ce"
          },
          "sensitive_attributes": [],
          "private": "eyJlMmJmYjczMC1lY2FhLTExZTYtOGY4OC0zNDM2M2JjN2M0YzAiOnsiY3JlYXRlIjo2MDAwMDAwMDAwMDAsImRlbGV0ZSI6OTAwMDAwMDAwMDAwfSwic2NoZW1hX3ZlcnNpb24iOiIxIn0=",
          "dependencies": [
            "aws_vpc.dr"
          ],
          "create_before_destroy": true
        }
      ]
    },
    {
      "mode": "managed",
      "type": "aws_security_group",
      "name": "rds",
      "provider": "provider[\"registry.terraform.io/hashicorp/aws\"].primary",
      "instances": [
        {
          "schema_version": 1,
          "attributes": {
            "arn": "arn:aws:ec2:us-east-1:904233103130:security-group/sg-05e250bb62c324780",
            "description": "Allow MySQL/Aurora from backend EC2 only",
            "egress": [
              {
                "cidr_blocks": [
                  "0.0.0.0/0"
                ],
                "description": "",
                "from_port": 0,
                "ipv6_cidr_blocks": [],
                "prefix_list_ids": [],
                "protocol": "-1",
                "security_groups": [],
                "self": false,
                "to_port": 0
              }
            ],
            "id": "sg-05e250bb62c324780",
            "ingress": [
              {
                "cidr_blocks": [],
                "description": "MySQL from Backend EC2",
                "from_port": 3306,
                "ipv6_cidr_blocks": [],
                "prefix_list_ids": [],
                "protocol": "tcp",
                "security_groups": [
                  "sg-0a7b1c5f7fec14b2b"
                ],
                "self": false,
                "to_port": 3306
              }
            ],
            "name": "rds-sg",
            "name_prefix": "",
            "owner_id": "904233103130",
            "revoke_rules_on_delete": false,
            "tags": {},
            "tags_all": {},
            "timeouts": null,
            "vpc_id": "vpc-0246d5bbc399294e2"
          },
          "sensitive_attributes": [],
          "private": "eyJlMmJmYjczMC1lY2FhLTExZTYtOGY4OC0zNDM2M2JjN2M0YzAiOnsiY3JlYXRlIjo2MDAwMDAwMDAwMDAsImRlbGV0ZSI6OTAwMDAwMDAwMDAwfSwic2NoZW1hX3ZlcnNpb24iOiIxIn0=",
          "dependencies": [
            "aws_security_group.backend_alb",
            "aws_security_group.backend_ec2",
            "aws_security_group.bastion",
            "aws_vpc.prod"
          ]
        }
      ]
    },
    {
      "mode": "managed",
      "type": "aws_security_group",
      "name": "rds_dr",
      "provider": "provider[\"registry.terraform.io/hashicorp/aws\"].secondary",
      "instances": [
        {
          "schema_version": 1,
          "attributes": {
            "arn": "arn:aws:ec2:us-west-1:904233103130:security-group/sg-0728c66dfddc1466b",
            "description": "Allow MySQL/Aurora in DR",
            "egress": [
              {
                "cidr_blocks": [
                  "0.0.0.0/0"
                ],
                "description": "",
                "from_port": 0,
                "ipv6_cidr_blocks": [],
                "prefix_list_ids": [],
                "protocol": "-1",
                "security_groups": [],
                "self": false,
                "to_port": 0
              }
            ],
            "id": "sg-0728c66dfddc1466b",
            "ingress": [
              {
                "cidr_blocks": [
                  "0.0.0.0/0"
                ],
                "description": "MySQL ingress (adjust later)",
                "from_port": 3306,
                "ipv6_cidr_blocks": [],
                "prefix_list_ids": [],
                "protocol": "tcp",
                "security_groups": [],
                "self": false,
                "to_port": 3306
              }
            ],
            "name": "rds-dr-sg",
            "name_prefix": "",
            "owner_id": "904233103130",
            "revoke_rules_on_delete": false,
            "tags": {
              "Name": "rds-dr-sg"
            },
            "tags_all": {
              "Name": "rds-dr-sg"
            },
            "timeouts": null,
            "vpc_id": "vpc-06857a677db04a3ce"
          },
          "sensitive_attributes": [],
          "private": "eyJlMmJmYjczMC1lY2FhLTExZTYtOGY4OC0zNDM2M2JjN2M0YzAiOnsiY3JlYXRlIjo2MDAwMDAwMDAwMDAsImRlbGV0ZSI6OTAwMDAwMDAwMDAwfSwic2NoZW1hX3ZlcnNpb24iOiIxIn0=",
          "dependencies": [
            "aws_vpc.dr"
          ]
        }
      ]
    },
    {
      "mode": "managed",
      "type": "aws_security_group",
      "name": "web_sg_east",
      "provider": "provider[\"registry.terraform.io/hashicorp/aws\"].primary",
      "instances": [
        {
          "schema_version": 1,
          "attributes": {
            "arn": "arn:aws:ec2:us-east-1:904233103130:security-group/sg-0d2069f6693c54531",
            "description": "Managed by Terraform",
            "egress": [
              {
                "cidr_blocks": [
                  "0.0.0.0/0"
                ],
                "description": "",
                "from_port": 0,
                "ipv6_cidr_blocks": [],
                "prefix_list_ids": [],
                "protocol": "-1",
                "security_groups": [],
                "self": false,
                "to_port": 0
              }
            ],
            "id": "sg-0d2069f6693c54531",
            "ingress": [
              {
                "cidr_blocks": [
                  "0.0.0.0/0"
                ],
                "description": "",
                "from_port": 22,
                "ipv6_cidr_blocks": [],
                "prefix_list_ids": [],
                "protocol": "tcp",
                "security_groups": [],
                "self": false,
                "to_port": 22
              },
              {
                "cidr_blocks": [
                  "0.0.0.0/0"
                ],
                "description": "",
                "from_port": 443,
                "ipv6_cidr_blocks": [],
                "prefix_list_ids": [],
                "protocol": "tcp",
                "security_groups": [],
                "self": false,
                "to_port": 443
              },
              {
                "cidr_blocks": [
                  "0.0.0.0/0"
                ],
                "description": "",
                "from_port": 80,
                "ipv6_cidr_blocks": [],
                "prefix_list_ids": [],
                "protocol": "tcp",
                "security_groups": [],
                "self": false,
                "to_port": 80
              }
            ],
            "name": "temp-web-sg-east",
            "name_prefix": "",
            "owner_id": "904233103130",
            "revoke_rules_on_delete": false,
            "tags": {},
            "tags_all": {},
            "timeouts": null,
            "vpc_id": "vpc-0246d5bbc399294e2"
          },
          "sensitive_attributes": [],
          "private": "eyJlMmJmYjczMC1lY2FhLTExZTYtOGY4OC0zNDM2M2JjN2M0YzAiOnsiY3JlYXRlIjo2MDAwMDAwMDAwMDAsImRlbGV0ZSI6OTAwMDAwMDAwMDAwfSwic2NoZW1hX3ZlcnNpb24iOiIxIn0=",
          "dependencies": [
            "aws_vpc.prod"
          ],
          "create_before_destroy": true
        }
      ]
    },
    {
      "mode": "managed",
      "type": "aws_security_group",
      "name": "web_sg_west",
      "provider": "provider[\"registry.terraform.io/hashicorp/aws\"].secondary",
      "instances": [
        {
          "schema_version": 1,
          "attributes": {
            "arn": "arn:aws:ec2:us-west-1:904233103130:security-group/sg-04b61004d03c89dfe",
            "description": "Managed by Terraform",
            "egress": [
              {
                "cidr_blocks": [
                  "0.0.0.0/0"
                ],
                "description": "All traffic out",
                "from_port": 0,
                "ipv6_cidr_blocks": [],
                "prefix_list_ids": [],
                "protocol": "-1",
                "security_groups": [],
                "self": false,
                "to_port": 0
              }
            ],
            "id": "sg-04b61004d03c89dfe",
            "ingress": [
              {
                "cidr_blocks": [
                  "0.0.0.0/0"
                ],
                "description": "",
                "from_port": 22,
                "ipv6_cidr_blocks": [],
                "prefix_list_ids": [],
                "protocol": "tcp",
                "security_groups": [],
                "self": false,
                "to_port": 22
              },
              {
                "cidr_blocks": [
                  "0.0.0.0/0"
                ],
                "description": "HTTP",
                "from_port": 80,
                "ipv6_cidr_blocks": [],
                "prefix_list_ids": [],
                "protocol": "tcp",
                "security_groups": [],
                "self": false,
                "to_port": 80
              },
              {
                "cidr_blocks": [
                  "0.0.0.0/0"
                ],
                "description": "HTTPS",
                "from_port": 443,
                "ipv6_cidr_blocks": [],
                "prefix_list_ids": [],
                "protocol": "tcp",
                "security_groups": [],
                "self": false,
                "to_port": 443
              }
            ],
            "name": "temp-web-sg-west",
            "name_prefix": "",
            "owner_id": "904233103130",
            "revoke_rules_on_delete": false,
            "tags": {},
            "tags_all": {},
            "timeouts": null,
            "vpc_id": "vpc-06857a677db04a3ce"
          },
          "sensitive_attributes": [],
          "private": "eyJlMmJmYjczMC1lY2FhLTExZTYtOGY4OC0zNDM2M2JjN2M0YzAiOnsiY3JlYXRlIjo2MDAwMDAwMDAwMDAsImRlbGV0ZSI6OTAwMDAwMDAwMDAwfSwic2NoZW1hX3ZlcnNpb24iOiIxIn0=",
          "dependencies": [
            "aws_vpc.dr"
          ],
          "create_before_destroy": true
        }
      ]
    },
    {
      "mode": "managed",
      "type": "aws_subnet",
      "name": "dr",
      "provider": "provider[\"registry.terraform.io/hashicorp/aws\"].secondary",
      "instances": [
        {
          "index_key": "pri-sub-3a",
          "schema_version": 1,
          "attributes": {
            "arn": "arn:aws:ec2:us-west-1:904233103130:subnet/subnet-0024f6e32b8ffada9",
            "assign_ipv6_address_on_creation": false,
            "availability_zone": "us-west-1b",
            "availability_zone_id": "usw1-az3",
            "cidr_block": "172.20.3.0/24",
            "customer_owned_ipv4_pool": "",
            "enable_dns64": false,
            "enable_lni_at_device_index": 0,
            "enable_resource_name_dns_a_record_on_launch": false,
            "enable_resource_name_dns_aaaa_record_on_launch": false,
            "id": "subnet-0024f6e32b8ffada9",
            "ipv6_cidr_block": "",
            "ipv6_cidr_block_association_id": "",
            "ipv6_native": false,
            "map_customer_owned_ip_on_launch": false,
            "map_public_ip_on_launch": false,
            "outpost_arn": "",
            "owner_id": "904233103130",
            "private_dns_hostname_type_on_launch": "ip-name",
            "tags": {
              "Name": "pri-sub-3a",
              "Tier": "web"
            },
            "tags_all": {
              "Name": "pri-sub-3a",
              "Tier": "web"
            },
            "timeouts": null,
            "vpc_id": "vpc-06857a677db04a3ce"
          },
          "sensitive_attributes": [],
          "private": "eyJlMmJmYjczMC1lY2FhLTExZTYtOGY4OC0zNDM2M2JjN2M0YzAiOnsiY3JlYXRlIjo2MDAwMDAwMDAwMDAsImRlbGV0ZSI6MTIwMDAwMDAwMDAwMH0sInNjaGVtYV92ZXJzaW9uIjoiMSJ9",
          "dependencies": [
            "aws_vpc.dr"
          ],
          "create_before_destroy": true
        },
        {
          "index_key": "pri-sub-4b",
          "schema_version": 1,
          "attributes": {
            "arn": "arn:aws:ec2:us-west-1:904233103130:subnet/subnet-0a235d9b4b8e61e66",
            "assign_ipv6_address_on_creation": false,
            "availability_zone": "us-west-1c",
            "availability_zone_id": "usw1-az1",
            "cidr_block": "172.20.4.0/24",
            "customer_owned_ipv4_pool": "",
            "enable_dns64": false,
            "enable_lni_at_device_index": 0,
            "enable_resource_name_dns_a_record_on_launch": false,
            "enable_resource_name_dns_aaaa_record_on_launch": false,
            "id": "subnet-0a235d9b4b8e61e66",
            "ipv6_cidr_block": "",
            "ipv6_cidr_block_association_id": "",
            "ipv6_native": false,
            "map_customer_owned_ip_on_launch": false,
            "map_public_ip_on_launch": false,
            "outpost_arn": "",
            "owner_id": "904233103130",
            "private_dns_hostname_type_on_launch": "ip-name",
            "tags": {
              "Name": "pri-sub-4b",
              "Tier": "web"
            },
            "tags_all": {
              "Name": "pri-sub-4b",
              "Tier": "web"
            },
            "timeouts": null,
            "vpc_id": "vpc-06857a677db04a3ce"
          },
          "sensitive_attributes": [],
          "private": "eyJlMmJmYjczMC1lY2FhLTExZTYtOGY4OC0zNDM2M2JjN2M0YzAiOnsiY3JlYXRlIjo2MDAwMDAwMDAwMDAsImRlbGV0ZSI6MTIwMDAwMDAwMDAwMH0sInNjaGVtYV92ZXJzaW9uIjoiMSJ9",
          "dependencies": [
            "aws_vpc.dr"
          ],
          "create_before_destroy": true
        },
        {
          "index_key": "pri-sub-5a",
          "schema_version": 1,
          "attributes": {
            "arn": "arn:aws:ec2:us-west-1:904233103130:subnet/subnet-0d278d27179b2a968",
            "assign_ipv6_address_on_creation": false,
            "availability_zone": "us-west-1b",
            "availability_zone_id": "usw1-az3",
            "cidr_block": "172.20.5.0/24",
            "customer_owned_ipv4_pool": "",
            "enable_dns64": false,
            "enable_lni_at_device_index": 0,
            "enable_resource_name_dns_a_record_on_launch": false,
            "enable_resource_name_dns_aaaa_record_on_launch": false,
            "id": "subnet-0d278d27179b2a968",
            "ipv6_cidr_block": "",
            "ipv6_cidr_block_association_id": "",
            "ipv6_native": false,
            "map_customer_owned_ip_on_launch": false,
            "map_public_ip_on_launch": false,
            "outpost_arn": "",
            "owner_id": "904233103130",
            "private_dns_hostname_type_on_launch": "ip-name",
            "tags": {
              "Name": "pri-sub-5a",
              "Tier": "app"
            },
            "tags_all": {
              "Name": "pri-sub-5a",
              "Tier": "app"
            },
            "timeouts": null,
            "vpc_id": "vpc-06857a677db04a3ce"
          },
          "sensitive_attributes": [],
          "private": "eyJlMmJmYjczMC1lY2FhLTExZTYtOGY4OC0zNDM2M2JjN2M0YzAiOnsiY3JlYXRlIjo2MDAwMDAwMDAwMDAsImRlbGV0ZSI6MTIwMDAwMDAwMDAwMH0sInNjaGVtYV92ZXJzaW9uIjoiMSJ9",
          "dependencies": [
            "aws_vpc.dr"
          ],
          "create_before_destroy": true
        },
        {
          "index_key": "pri-sub-6b",
          "schema_version": 1,
          "attributes": {
            "arn": "arn:aws:ec2:us-west-1:904233103130:subnet/subnet-087c25358d4e2c6dd",
            "assign_ipv6_address_on_creation": false,
            "availability_zone": "us-west-1c",
            "availability_zone_id": "usw1-az1",
            "cidr_block": "172.20.6.0/24",
            "customer_owned_ipv4_pool": "",
            "enable_dns64": false,
            "enable_lni_at_device_index": 0,
            "enable_resource_name_dns_a_record_on_launch": false,
            "enable_resource_name_dns_aaaa_record_on_launch": false,
            "id": "subnet-087c25358d4e2c6dd",
            "ipv6_cidr_block": "",
            "ipv6_cidr_block_association_id": "",
            "ipv6_native": false,
            "map_customer_owned_ip_on_launch": false,
            "map_public_ip_on_launch": false,
            "outpost_arn": "",
            "owner_id": "904233103130",
            "private_dns_hostname_type_on_launch": "ip-name",
            "tags": {
              "Name": "pri-sub-6b",
              "Tier": "app"
            },
            "tags_all": {
              "Name": "pri-sub-6b",
              "Tier": "app"
            },
            "timeouts": null,
            "vpc_id": "vpc-06857a677db04a3ce"
          },
          "sensitive_attributes": [],
          "private": "eyJlMmJmYjczMC1lY2FhLTExZTYtOGY4OC0zNDM2M2JjN2M0YzAiOnsiY3JlYXRlIjo2MDAwMDAwMDAwMDAsImRlbGV0ZSI6MTIwMDAwMDAwMDAwMH0sInNjaGVtYV92ZXJzaW9uIjoiMSJ9",
          "dependencies": [
            "aws_vpc.dr"
          ],
          "create_before_destroy": true
        },
        {
          "index_key": "pri-sub-7a",
          "schema_version": 1,
          "attributes": {
            "arn": "arn:aws:ec2:us-west-1:904233103130:subnet/subnet-0a28ea948c1400332",
            "assign_ipv6_address_on_creation": false,
            "availability_zone": "us-west-1b",
            "availability_zone_id": "usw1-az3",
            "cidr_block": "172.20.7.0/24",
            "customer_owned_ipv4_pool": "",
            "enable_dns64": false,
            "enable_lni_at_device_index": 0,
            "enable_resource_name_dns_a_record_on_launch": false,
            "enable_resource_name_dns_aaaa_record_on_launch": false,
            "id": "subnet-0a28ea948c1400332",
            "ipv6_cidr_block": "",
            "ipv6_cidr_block_association_id": "",
            "ipv6_native": false,
            "map_customer_owned_ip_on_launch": false,
            "map_public_ip_on_launch": false,
            "outpost_arn": "",
            "owner_id": "904233103130",
            "private_dns_hostname_type_on_launch": "ip-name",
            "tags": {
              "Name": "pri-sub-7a",
              "Tier": "db"
            },
            "tags_all": {
              "Name": "pri-sub-7a",
              "Tier": "db"
            },
            "timeouts": null,
            "vpc_id": "vpc-06857a677db04a3ce"
          },
          "sensitive_attributes": [],
          "private": "eyJlMmJmYjczMC1lY2FhLTExZTYtOGY4OC0zNDM2M2JjN2M0YzAiOnsiY3JlYXRlIjo2MDAwMDAwMDAwMDAsImRlbGV0ZSI6MTIwMDAwMDAwMDAwMH0sInNjaGVtYV92ZXJzaW9uIjoiMSJ9",
          "dependencies": [
            "aws_vpc.dr"
          ],
          "create_before_destroy": true
        },
        {
          "index_key": "pri-sub-8b",
          "schema_version": 1,
          "attributes": {
            "arn": "arn:aws:ec2:us-west-1:904233103130:subnet/subnet-0cb444e2e69b73946",
            "assign_ipv6_address_on_creation": false,
            "availability_zone": "us-west-1c",
            "availability_zone_id": "usw1-az1",
            "cidr_block": "172.20.8.0/24",
            "customer_owned_ipv4_pool": "",
            "enable_dns64": false,
            "enable_lni_at_device_index": 0,
            "enable_resource_name_dns_a_record_on_launch": false,
            "enable_resource_name_dns_aaaa_record_on_launch": false,
            "id": "subnet-0cb444e2e69b73946",
            "ipv6_cidr_block": "",
            "ipv6_cidr_block_association_id": "",
            "ipv6_native": false,
            "map_customer_owned_ip_on_launch": false,
            "map_public_ip_on_launch": false,
            "outpost_arn": "",
            "owner_id": "904233103130",
            "private_dns_hostname_type_on_launch": "ip-name",
            "tags": {
              "Name": "pri-sub-8b",
              "Tier": "db"
            },
            "tags_all": {
              "Name": "pri-sub-8b",
              "Tier": "db"
            },
            "timeouts": null,
            "vpc_id": "vpc-06857a677db04a3ce"
          },
          "sensitive_attributes": [],
          "private": "eyJlMmJmYjczMC1lY2FhLTExZTYtOGY4OC0zNDM2M2JjN2M0YzAiOnsiY3JlYXRlIjo2MDAwMDAwMDAwMDAsImRlbGV0ZSI6MTIwMDAwMDAwMDAwMH0sInNjaGVtYV92ZXJzaW9uIjoiMSJ9",
          "dependencies": [
            "aws_vpc.dr"
          ],
          "create_before_destroy": true
        },
        {
          "index_key": "pub-sub-1a",
          "schema_version": 1,
          "attributes": {
            "arn": "arn:aws:ec2:us-west-1:904233103130:subnet/subnet-09f5ea9e37ef2834a",
            "assign_ipv6_address_on_creation": false,
            "availability_zone": "us-west-1b",
            "availability_zone_id": "usw1-az3",
            "cidr_block": "172.20.1.0/24",
            "customer_owned_ipv4_pool": "",
            "enable_dns64": false,
            "enable_lni_at_device_index": 0,
            "enable_resource_name_dns_a_record_on_launch": false,
            "enable_resource_name_dns_aaaa_record_on_launch": false,
            "id": "subnet-09f5ea9e37ef2834a",
            "ipv6_cidr_block": "",
            "ipv6_cidr_block_association_id": "",
            "ipv6_native": false,
            "map_customer_owned_ip_on_launch": false,
            "map_public_ip_on_launch": true,
            "outpost_arn": "",
            "owner_id": "904233103130",
            "private_dns_hostname_type_on_launch": "ip-name",
            "tags": {
              "Name": "pub-sub-1a",
              "Tier": "alb"
            },
            "tags_all": {
              "Name": "pub-sub-1a",
              "Tier": "alb"
            },
            "timeouts": null,
            "vpc_id": "vpc-06857a677db04a3ce"
          },
          "sensitive_attributes": [],
          "private": "eyJlMmJmYjczMC1lY2FhLTExZTYtOGY4OC0zNDM2M2JjN2M0YzAiOnsiY3JlYXRlIjo2MDAwMDAwMDAwMDAsImRlbGV0ZSI6MTIwMDAwMDAwMDAwMH0sInNjaGVtYV92ZXJzaW9uIjoiMSJ9",
          "dependencies": [
            "aws_vpc.dr"
          ],
          "create_before_destroy": true
        },
        {
          "index_key": "pub-sub-2b",
          "schema_version": 1,
          "attributes": {
            "arn": "arn:aws:ec2:us-west-1:904233103130:subnet/subnet-03b935c397b77f243",
            "assign_ipv6_address_on_creation": false,
            "availability_zone": "us-west-1c",
            "availability_zone_id": "usw1-az1",
            "cidr_block": "172.20.2.0/24",
            "customer_owned_ipv4_pool": "",
            "enable_dns64": false,
            "enable_lni_at_device_index": 0,
            "enable_resource_name_dns_a_record_on_launch": false,
            "enable_resource_name_dns_aaaa_record_on_launch": false,
            "id": "subnet-03b935c397b77f243",
            "ipv6_cidr_block": "",
            "ipv6_cidr_block_association_id": "",
            "ipv6_native": false,
            "map_customer_owned_ip_on_launch": false,
            "map_public_ip_on_launch": true,
            "outpost_arn": "",
            "owner_id": "904233103130",
            "private_dns_hostname_type_on_launch": "ip-name",
            "tags": {
              "Name": "pub-sub-2b",
              "Tier": "alb"
            },
            "tags_all": {
              "Name": "pub-sub-2b",
              "Tier": "alb"
            },
            "timeouts": null,
            "vpc_id": "vpc-06857a677db04a3ce"
          },
          "sensitive_attributes": [],
          "private": "eyJlMmJmYjczMC1lY2FhLTExZTYtOGY4OC0zNDM2M2JjN2M0YzAiOnsiY3JlYXRlIjo2MDAwMDAwMDAwMDAsImRlbGV0ZSI6MTIwMDAwMDAwMDAwMH0sInNjaGVtYV92ZXJzaW9uIjoiMSJ9",
          "dependencies": [
            "aws_vpc.dr"
          ],
          "create_before_destroy": true
        }
      ]
    },
    {
      "mode": "managed",
      "type": "aws_subnet",
      "name": "prod",
      "provider": "provider[\"registry.terraform.io/hashicorp/aws\"].primary",
      "instances": [
        {
          "index_key": "pri-sub-3a",
          "schema_version": 1,
          "attributes": {
            "arn": "arn:aws:ec2:us-east-1:904233103130:subnet/subnet-042c68cab0a3f0f69",
            "assign_ipv6_address_on_creation": false,
            "availability_zone": "us-east-1a",
            "availability_zone_id": "use1-az1",
            "cidr_block": "172.20.3.0/24",
            "customer_owned_ipv4_pool": "",
            "enable_dns64": false,
            "enable_lni_at_device_index": 0,
            "enable_resource_name_dns_a_record_on_launch": false,
            "enable_resource_name_dns_aaaa_record_on_launch": false,
            "id": "subnet-042c68cab0a3f0f69",
            "ipv6_cidr_block": "",
            "ipv6_cidr_block_association_id": "",
            "ipv6_native": false,
            "map_customer_owned_ip_on_launch": false,
            "map_public_ip_on_launch": false,
            "outpost_arn": "",
            "owner_id": "904233103130",
            "private_dns_hostname_type_on_launch": "ip-name",
            "tags": {
              "Name": "pri-sub-3a",
              "Tier": "web"
            },
            "tags_all": {
              "Name": "pri-sub-3a",
              "Tier": "web"
            },
            "timeouts": null,
            "vpc_id": "vpc-0246d5bbc399294e2"
          },
          "sensitive_attributes": [],
          "private": "eyJlMmJmYjczMC1lY2FhLTExZTYtOGY4OC0zNDM2M2JjN2M0YzAiOnsiY3JlYXRlIjo2MDAwMDAwMDAwMDAsImRlbGV0ZSI6MTIwMDAwMDAwMDAwMH0sInNjaGVtYV92ZXJzaW9uIjoiMSJ9",
          "dependencies": [
            "aws_vpc.prod"
          ],
          "create_before_destroy": true
        },
        {
          "index_key": "pri-sub-4b",
          "schema_version": 1,
          "attributes": {
            "arn": "arn:aws:ec2:us-east-1:904233103130:subnet/subnet-02151baa94a0342c2",
            "assign_ipv6_address_on_creation": false,
            "availability_zone": "us-east-1b",
            "availability_zone_id": "use1-az2",
            "cidr_block": "172.20.4.0/24",
            "customer_owned_ipv4_pool": "",
            "enable_dns64": false,
            "enable_lni_at_device_index": 0,
            "enable_resource_name_dns_a_record_on_launch": false,
            "enable_resource_name_dns_aaaa_record_on_launch": false,
            "id": "subnet-02151baa94a0342c2",
            "ipv6_cidr_block": "",
            "ipv6_cidr_block_association_id": "",
            "ipv6_native": false,
            "map_customer_owned_ip_on_launch": false,
            "map_public_ip_on_launch": false,
            "outpost_arn": "",
            "owner_id": "904233103130",
            "private_dns_hostname_type_on_launch": "ip-name",
            "tags": {
              "Name": "pri-sub-4b",
              "Tier": "web"
            },
            "tags_all": {
              "Name": "pri-sub-4b",
              "Tier": "web"
            },
            "timeouts": null,
            "vpc_id": "vpc-0246d5bbc399294e2"
          },
          "sensitive_attributes": [],
          "private": "eyJlMmJmYjczMC1lY2FhLTExZTYtOGY4OC0zNDM2M2JjN2M0YzAiOnsiY3JlYXRlIjo2MDAwMDAwMDAwMDAsImRlbGV0ZSI6MTIwMDAwMDAwMDAwMH0sInNjaGVtYV92ZXJzaW9uIjoiMSJ9",
          "dependencies": [
            "aws_vpc.prod"
          ],
          "create_before_destroy": true
        },
        {
          "index_key": "pri-sub-5a",
          "schema_version": 1,
          "attributes": {
            "arn": "arn:aws:ec2:us-east-1:904233103130:subnet/subnet-097cc20b3b74fce73",
            "assign_ipv6_address_on_creation": false,
            "availability_zone": "us-east-1a",
            "availability_zone_id": "use1-az1",
            "cidr_block": "172.20.5.0/24",
            "customer_owned_ipv4_pool": "",
            "enable_dns64": false,
            "enable_lni_at_device_index": 0,
            "enable_resource_name_dns_a_record_on_launch": false,
            "enable_resource_name_dns_aaaa_record_on_launch": false,
            "id": "subnet-097cc20b3b74fce73",
            "ipv6_cidr_block": "",
            "ipv6_cidr_block_association_id": "",
            "ipv6_native": false,
            "map_customer_owned_ip_on_launch": false,
            "map_public_ip_on_launch": false,
            "outpost_arn": "",
            "owner_id": "904233103130",
            "private_dns_hostname_type_on_launch": "ip-name",
            "tags": {
              "Name": "pri-sub-5a",
              "Tier": "app"
            },
            "tags_all": {
              "Name": "pri-sub-5a",
              "Tier": "app"
            },
            "timeouts": null,
            "vpc_id": "vpc-0246d5bbc399294e2"
          },
          "sensitive_attributes": [],
          "private": "eyJlMmJmYjczMC1lY2FhLTExZTYtOGY4OC0zNDM2M2JjN2M0YzAiOnsiY3JlYXRlIjo2MDAwMDAwMDAwMDAsImRlbGV0ZSI6MTIwMDAwMDAwMDAwMH0sInNjaGVtYV92ZXJzaW9uIjoiMSJ9",
          "dependencies": [
            "aws_vpc.prod"
          ],
          "create_before_destroy": true
        },
        {
          "index_key": "pri-sub-6b",
          "schema_version": 1,
          "attributes": {
            "arn": "arn:aws:ec2:us-east-1:904233103130:subnet/subnet-0decc6d727ea667df",
            "assign_ipv6_address_on_creation": false,
            "availability_zone": "us-east-1b",
            "availability_zone_id": "use1-az2",
            "cidr_block": "172.20.6.0/24",
            "customer_owned_ipv4_pool": "",
            "enable_dns64": false,
            "enable_lni_at_device_index": 0,
            "enable_resource_name_dns_a_record_on_launch": false,
            "enable_resource_name_dns_aaaa_record_on_launch": false,
            "id": "subnet-0decc6d727ea667df",
            "ipv6_cidr_block": "",
            "ipv6_cidr_block_association_id": "",
            "ipv6_native": false,
            "map_customer_owned_ip_on_launch": false,
            "map_public_ip_on_launch": false,
            "outpost_arn": "",
            "owner_id": "904233103130",
            "private_dns_hostname_type_on_launch": "ip-name",
            "tags": {
              "Name": "pri-sub-6b",
              "Tier": "app"
            },
            "tags_all": {
              "Name": "pri-sub-6b",
              "Tier": "app"
            },
            "timeouts": null,
            "vpc_id": "vpc-0246d5bbc399294e2"
          },
          "sensitive_attributes": [],
          "private": "eyJlMmJmYjczMC1lY2FhLTExZTYtOGY4OC0zNDM2M2JjN2M0YzAiOnsiY3JlYXRlIjo2MDAwMDAwMDAwMDAsImRlbGV0ZSI6MTIwMDAwMDAwMDAwMH0sInNjaGVtYV92ZXJzaW9uIjoiMSJ9",
          "dependencies": [
            "aws_vpc.prod"
          ],
          "create_before_destroy": true
        },
        {
          "index_key": "pri-sub-7a",
          "schema_version": 1,
          "attributes": {
            "arn": "arn:aws:ec2:us-east-1:904233103130:subnet/subnet-0fcac11f3587e1b7e",
            "assign_ipv6_address_on_creation": false,
            "availability_zone": "us-east-1a",
            "availability_zone_id": "use1-az1",
            "cidr_block": "172.20.7.0/24",
            "customer_owned_ipv4_pool": "",
            "enable_dns64": false,
            "enable_lni_at_device_index": 0,
            "enable_resource_name_dns_a_record_on_launch": false,
            "enable_resource_name_dns_aaaa_record_on_launch": false,
            "id": "subnet-0fcac11f3587e1b7e",
            "ipv6_cidr_block": "",
            "ipv6_cidr_block_association_id": "",
            "ipv6_native": false,
            "map_customer_owned_ip_on_launch": false,
            "map_public_ip_on_launch": false,
            "outpost_arn": "",
            "owner_id": "904233103130",
            "private_dns_hostname_type_on_launch": "ip-name",
            "tags": {
              "Name": "pri-sub-7a",
              "Tier": "db"
            },
            "tags_all": {
              "Name": "pri-sub-7a",
              "Tier": "db"
            },
            "timeouts": null,
            "vpc_id": "vpc-0246d5bbc399294e2"
          },
          "sensitive_attributes": [],
          "private": "eyJlMmJmYjczMC1lY2FhLTExZTYtOGY4OC0zNDM2M2JjN2M0YzAiOnsiY3JlYXRlIjo2MDAwMDAwMDAwMDAsImRlbGV0ZSI6MTIwMDAwMDAwMDAwMH0sInNjaGVtYV92ZXJzaW9uIjoiMSJ9",
          "dependencies": [
            "aws_vpc.prod"
          ],
          "create_before_destroy": true
        },
        {
          "index_key": "pri-sub-8b",
          "schema_version": 1,
          "attributes": {
            "arn": "arn:aws:ec2:us-east-1:904233103130:subnet/subnet-09e44da72819582d1",
            "assign_ipv6_address_on_creation": false,
            "availability_zone": "us-east-1b",
            "availability_zone_id": "use1-az2",
            "cidr_block": "172.20.8.0/24",
            "customer_owned_ipv4_pool": "",
            "enable_dns64": false,
            "enable_lni_at_device_index": 0,
            "enable_resource_name_dns_a_record_on_launch": false,
            "enable_resource_name_dns_aaaa_record_on_launch": false,
            "id": "subnet-09e44da72819582d1",
            "ipv6_cidr_block": "",
            "ipv6_cidr_block_association_id": "",
            "ipv6_native": false,
            "map_customer_owned_ip_on_launch": false,
            "map_public_ip_on_launch": false,
            "outpost_arn": "",
            "owner_id": "904233103130",
            "private_dns_hostname_type_on_launch": "ip-name",
            "tags": {
              "Name": "pri-sub-8b",
              "Tier": "db"
            },
            "tags_all": {
              "Name": "pri-sub-8b",
              "Tier": "db"
            },
            "timeouts": null,
            "vpc_id": "vpc-0246d5bbc399294e2"
          },
          "sensitive_attributes": [],
          "private": "eyJlMmJmYjczMC1lY2FhLTExZTYtOGY4OC0zNDM2M2JjN2M0YzAiOnsiY3JlYXRlIjo2MDAwMDAwMDAwMDAsImRlbGV0ZSI6MTIwMDAwMDAwMDAwMH0sInNjaGVtYV92ZXJzaW9uIjoiMSJ9",
          "dependencies": [
            "aws_vpc.prod"
          ],
          "create_before_destroy": true
        },
        {
          "index_key": "pub-sub-1a",
          "schema_version": 1,
          "attributes": {
            "arn": "arn:aws:ec2:us-east-1:904233103130:subnet/subnet-0f26c22ed6c6322cf",
            "assign_ipv6_address_on_creation": false,
            "availability_zone": "us-east-1a",
            "availability_zone_id": "use1-az1",
            "cidr_block": "172.20.1.0/24",
            "customer_owned_ipv4_pool": "",
            "enable_dns64": false,
            "enable_lni_at_device_index": 0,
            "enable_resource_name_dns_a_record_on_launch": false,
            "enable_resource_name_dns_aaaa_record_on_launch": false,
            "id": "subnet-0f26c22ed6c6322cf",
            "ipv6_cidr_block": "",
            "ipv6_cidr_block_association_id": "",
            "ipv6_native": false,
            "map_customer_owned_ip_on_launch": false,
            "map_public_ip_on_launch": true,
            "outpost_arn": "",
            "owner_id": "904233103130",
            "private_dns_hostname_type_on_launch": "ip-name",
            "tags": {
              "Name": "pub-sub-1a",
              "Tier": "alb"
            },
            "tags_all": {
              "Name": "pub-sub-1a",
              "Tier": "alb"
            },
            "timeouts": null,
            "vpc_id": "vpc-0246d5bbc399294e2"
          },
          "sensitive_attributes": [],
          "private": "eyJlMmJmYjczMC1lY2FhLTExZTYtOGY4OC0zNDM2M2JjN2M0YzAiOnsiY3JlYXRlIjo2MDAwMDAwMDAwMDAsImRlbGV0ZSI6MTIwMDAwMDAwMDAwMH0sInNjaGVtYV92ZXJzaW9uIjoiMSJ9",
          "dependencies": [
            "aws_vpc.prod"
          ],
          "create_before_destroy": true
        },
        {
          "index_key": "pub-sub-2b",
          "schema_version": 1,
          "attributes": {
            "arn": "arn:aws:ec2:us-east-1:904233103130:subnet/subnet-0cd5c14df4d41726b",
            "assign_ipv6_address_on_creation": false,
            "availability_zone": "us-east-1b",
            "availability_zone_id": "use1-az2",
            "cidr_block": "172.20.2.0/24",
            "customer_owned_ipv4_pool": "",
            "enable_dns64": false,
            "enable_lni_at_device_index": 0,
            "enable_resource_name_dns_a_record_on_launch": false,
            "enable_resource_name_dns_aaaa_record_on_launch": false,
            "id": "subnet-0cd5c14df4d41726b",
            "ipv6_cidr_block": "",
            "ipv6_cidr_block_association_id": "",
            "ipv6_native": false,
            "map_customer_owned_ip_on_launch": false,
            "map_public_ip_on_launch": true,
            "outpost_arn": "",
            "owner_id": "904233103130",
            "private_dns_hostname_type_on_launch": "ip-name",
            "tags": {
              "Name": "pub-sub-2b",
              "Tier": "alb"
            },
            "tags_all": {
              "Name": "pub-sub-2b",
              "Tier": "alb"
            },
            "timeouts": null,
            "vpc_id": "vpc-0246d5bbc399294e2"
          },
          "sensitive_attributes": [],
          "private": "eyJlMmJmYjczMC1lY2FhLTExZTYtOGY4OC0zNDM2M2JjN2M0YzAiOnsiY3JlYXRlIjo2MDAwMDAwMDAwMDAsImRlbGV0ZSI6MTIwMDAwMDAwMDAwMH0sInNjaGVtYV92ZXJzaW9uIjoiMSJ9",
          "dependencies": [
            "aws_vpc.prod"
          ],
          "create_before_destroy": true
        }
      ]
    },
    {
      "mode": "managed",
      "type": "aws_vpc",
      "name": "dr",
      "provider": "provider[\"registry.terraform.io/hashicorp/aws\"].secondary",
      "instances": [
        {
          "schema_version": 1,
          "attributes": {
            "arn": "arn:aws:ec2:us-west-1:904233103130:vpc/vpc-06857a677db04a3ce",
            "assign_generated_ipv6_cidr_block": false,
            "cidr_block": "172.20.0.0/16",
            "default_network_acl_id": "acl-08850732840568043",
            "default_route_table_id": "rtb-0f77e1234d7ee1d00",
            "default_security_group_id": "sg-096e8b39a99dd6379",
            "dhcp_options_id": "dopt-065c4e5d6dbe2919e",
            "enable_dns_hostnames": true,
            "enable_dns_support": true,
            "enable_network_address_usage_metrics": false,
            "id": "vpc-06857a677db04a3ce",
            "instance_tenancy": "default",
            "ipv4_ipam_pool_id": null,
            "ipv4_netmask_length": null,
            "ipv6_association_id": "",
            "ipv6_cidr_block": "",
            "ipv6_cidr_block_network_border_group": "",
            "ipv6_ipam_pool_id": "",
            "ipv6_netmask_length": 0,
            "main_route_table_id": "rtb-0f77e1234d7ee1d00",
            "owner_id": "904233103130",
            "tags": {
              "Name": "vpc-dr"
            },
            "tags_all": {
              "Name": "vpc-dr"
            }
          },
          "sensitive_attributes": [],
          "private": "eyJzY2hlbWFfdmVyc2lvbiI6IjEifQ==",
          "create_before_destroy": true
        }
      ]
    },
    {
      "mode": "managed",
      "type": "aws_vpc",
      "name": "prod",
      "provider": "provider[\"registry.terraform.io/hashicorp/aws\"].primary",
      "instances": [
        {
          "schema_version": 1,
          "attributes": {
            "arn": "arn:aws:ec2:us-east-1:904233103130:vpc/vpc-0246d5bbc399294e2",
            "assign_generated_ipv6_cidr_block": false,
            "cidr_block": "172.20.0.0/16",
            "default_network_acl_id": "acl-0ce816863e1d5017f",
            "default_route_table_id": "rtb-0beb9e6ff89b17607",
            "default_security_group_id": "sg-0305f055fff764a06",
            "dhcp_options_id": "dopt-0cb33106507678f7a",
            "enable_dns_hostnames": true,
            "enable_dns_support": true,
            "enable_network_address_usage_metrics": false,
            "id": "vpc-0246d5bbc399294e2",
            "instance_tenancy": "default",
            "ipv4_ipam_pool_id": null,
            "ipv4_netmask_length": null,
            "ipv6_association_id": "",
            "ipv6_cidr_block": "",
            "ipv6_cidr_block_network_border_group": "",
            "ipv6_ipam_pool_id": "",
            "ipv6_netmask_length": 0,
            "main_route_table_id": "rtb-0beb9e6ff89b17607",
            "owner_id": "904233103130",
            "tags": {
              "Name": "vpc-prod"
            },
            "tags_all": {
              "Name": "vpc-prod"
            }
          },
          "sensitive_attributes": [],
          "private": "eyJzY2hlbWFfdmVyc2lvbiI6IjEifQ==",
          "create_before_destroy": true
        }
      ]
    },
    {
      "mode": "managed",
      "type": "local_file",
      "name": "pem",
      "provider": "provider[\"registry.terraform.io/hashicorp/local\"]",
      "instances": [
        {
          "schema_version": 0,
          "attributes": {
            "content": "-----BEGIN RSA PRIVATE KEY-----\nMIIJKAIBAAKCAgEArCdRCdOqpi95H1uhlflFeboFluSO5Wvt4qnAg0Ygp0FodwOg\nEVqfkNJnTvzINUIcizTD8+T5vJg8zYpMUPY/iFMIHcfeg1NcfMj8/Ze9LF7RCcIr\njqtefLFhkst+6rQuqCJLen0R0V2Y+34NR3pvE2VkU5lcfUIEajgxakuc/eGFpThO\ngQcZcZBu+aCq+FbxwkrKO1aP7XJg+hPJgDTFcYdqcB9W5wzaEatVsKoszyf6QaEu\n+7NVTrvK7PM66DilH4nF/pTuzb+P+GjBHfC7P0Zg4Wc2KIn8/1MVigoSbVNwA0Ox\n0dxyF2+IbpFxNhuT6rohiasQf3xAZiXYq2NQpQ8S4OWYcO9VkNjLdxefza/wDK1f\n0qL+EkbBZWJhcz+XvPCQPMWVAHu/SnPt7vfarYBioMPsRTVarUEvu0cbCue/ScJm\na1qJpFAZk9jIc0omaNdfDxONaASVH2qVNasvtgTPX/ZawrkRQ0tWm8hKxsDJw/PX\nEU2xeRIIBpytLv4GVZoJO3DLH9ckIkKE+uF0U4cy0Cxpvpe2mnB4NvF45z+q0Z2C\nULl9v/RxDTlOBaZ0ax/FyMXECBzR3MHX7QhfFFwhetN2JkkRE6oRJx0wQCmWfKeO\n7ZJUtUvUX/qR2vhidZIGwVn9vJxkgSPFpuythUSRe9rEwI71HpKVVkVha/UCAwEA\nAQKCAgAiRiaacf963B89eMEEKo9kM36q4sC3WORQ2PKIwDS+j+VkMn7TDauQie9C\n+M1EWy/zIBN2Mots+pM6abMVeF1APyWxxindFALpHhvOQkBJvevYyUViP2iNo0QV\nlXmkcTCLzV4hGhbqy7tqMJekuDG2lxxhD3qsPnFCE4N1Ee5E1npE4V+xzQ/J/hM2\nFECNtkOmJr06EJsRj1DS4Q8gPQFlP6xXe8nRsMuWsnmaNVs7+A3ZNKW1u2e7x+QY\nBjnfY22uiH+4ln6vzFh1wKdYFmY1LAYcQi/0ZLqPu8MhSy2NggvePoM/0KePVmd/\neenj95wcoqeMMNhVRU/N9nF7d8elbVcWxlx//YzK9w7afH3tM4lnrMunXbYNysNW\nOiDkf33rm0o0BVlyT8oa91huWeJvMj+zW03ek992qFx6OqV9ONPBpUUEs6eVUNop\nXOn+crQTeM5HiNqwdRenwfL6KqlK/FDvoU1VX+zRWP2TCKGe97/+s32bBx1iMQwf\nzAjrjF8sMZ86TQhvoqeUvbkoxdGh+Z/qH4rKxA6jMXEAOCrWNtNf99gt+c0ED1uN\njAiHNQMqr+0OTrsPSukhPz/pUdEOfBl0xsHMc41jelIvD8I8MVMurKKub2O+Ewh8\n6zqFehJnt9kzXub5CnlP3oQOHgATG4CHbwzMQfZYaWvMaFye+QKCAQEAx6V0THn9\nX/wETa5v0fMuyxANsGFUOLjlydVcZmiSByGPy0cNPtPQmUu95D5wi7XhWODR1fo/\n054zk9Wvwyk4ojxxIDZhQioiAIg8iM0ElsUvjVyft5lmPWCvBgJnOb0sTppHLVrN\nK1+CyWViwP+GPI+yBclDkKm053hcDkVYrDDOIHS7Vo78xb5WaikVeZD3lZVzZeXA\npgIr5q2JXOhFvBYMqWiS1rai0r6KkbqoWsDB0kh1JNp0dfDcGDMbla8P/1P31rw8\nMYeUERKKufP8WPenALthPBE5CVFKrRsa3Hrpxw0ePSBZ7ZoT2Z+RI+Ro40iXdGpT\nwWBa3KC1AjkCHQKCAQEA3L85QL+3zZbmtMzW8NQJ8pyqP9k6FdsOwdDiwoMQCWYw\nVvGLtge+QRTXkMWEw224LCOz4gRKL2oW3P3vnO0823CKg9n+1G1wol2X5pmI9+So\nBe1gNHBBfUYIEesotA8Vv8OVwGlrX3SZo4TZkm2IEvW9FRtdpMWKvTniewvFwSPq\naf0J3uYOBgI9hNPnRSmCrc3tbTDyuq/IIy8RF0TdYciUpOkNgBGKf1Fm4COqpdCs\n/o/3WpYVFlGJSmOsNY7oKQav/ywhKzvrXhTlmgio4y3CG8uV/R2VrqcWWRhN6tis\nUrqr589QYM2bxLpLNYqumm+R4WRhkz5C5g4tyMVpuQKCAQA07Tn9pEF1lrwVU+80\n+4EmOCVI4ySOvQW+EiAizgoYdd9HBpkOVNzyJtA6mAsCHr+U7lTyoxsUoNYPlRC5\nbk4jRF7BKWlzPvQwq+1QXvmedrv6f9mftL0T/HOp5i0zc2ExnVjNP0sw+msTtRsP\nCy6tE3MgcZDF4xegXZoZ9mxhiba7h/a6JcIBMkp6blXRGotoTmx/UP9Xgy/cQZku\n1izWhgnpR13WKijUMctOgutq07sOYkMb+AXz1lyi1bm0Xuqgx8PmW5ShlM2+EOpS\nDcqSU2UknohSgkZaoABqD8t5M+SR7npbvh3ZDYXBpbm2iDD+QBpWtHFrzH2KC9iw\ntChJAoIBAQCR7kRuHo/m9LRNoAEUMkjlP1Z5YSS6IBfQX0QZLMWkQQ8B2yruSo4m\nvh2H0lvjShxv6aZYa1eTosG8lI8cIeWSeALKCYoiarsES3VI+AUJQ/sj9/oakH9q\nzqo1Fk3RQwuwux67lbVq5E1RQVkIKSrExfmbA31TmVgPoj2r9GtmNFUafjJRTarF\npCOBNQj1uuxt8+3aunosmlpnkAzvYhIsO4qwvnSzTmVNp8WntUxx09MZcpkmJIOK\nPprRN7U3ruKhhI9C1KyUxUbi6lOjEch8btqcv2jHbRBv5nuqqJuR/m1lP4y3cWEE\nrcglNLbVjXnCFLHO3Cp5Sba2GXeA+6jZAoIBAB/E4EL4osfCZuE8d+3PRwqIyxG4\no5MYwhHwRya7p43Rk6W8U9dBmnJBhhzR0QcE5hFgipziW1uQiDYKp05Wid6OIBH4\n+oD0sV2kRm63EBL8ntn4NyxT+rD613qYfjIpB4EYjgHmCyWosLcoVJQ8Lx32gH1o\nHoWQ4qjqqGc+uINdpjpJVLcVzIO8qJQzWY//X9dIezGkloOhH6BXrCd/cpM0qm6g\n09o/VAEaPHvHQ+OOD19tKHVl+Sx3m2Ca8wjd+xAIWnTpDT1deWyE3SXuA2fKeUms\nC2/Z8dgfjP1sEOv0igSfdwD/gEl+E2toQ1211B3LdM1oVsdib7I6UxPh1kY=\n-----END RSA PRIVATE KEY-----\n",
            "content_base64": null,
            "content_base64sha256": "MqByQAQNcIqR1GH7nnDyOw8pwhDEjVIkEGCaGDNC9g0=",
            "content_base64sha512": "NzlFIlHb4kymtJj7EyLIkO1fvNdrXbMXuCI9fObviyAdT3Gfn9v4EtScxiyet6u02nwjDgZ96P0aoYeybbDU0w==",
            "content_md5": "f49805e91af89c34041e27654ba42677",
            "content_sha1": "c83ce8410a1cc9d0da401b60726c92ccaeab0eeb",
            "content_sha256": "32a07240040d708a91d461fb9e70f23b0f29c210c48d522410609a183342f60d",
            "content_sha512": "3739452251dbe24ca6b498fb1322c890ed5fbcd76b5db317b8223d7ce6ef8b201d4f719f9fdbf812d49cc62c9eb7abb4da7c230e067de8fd1aa187b26db0d4d3",
            "directory_permission": "0777",
            "file_permission": "0600",
            "filename": "./auto-temp-key.pem",
            "id": "c83ce8410a1cc9d0da401b60726c92ccaeab0eeb",
            "sensitive_content": null,
            "source": null
          },
          "sensitive_attributes": [
            [
              {
                "type": "get_attr",
                "value": "sensitive_content"
              }
            ],
            [
              {
                "type": "get_attr",
                "value": "content"
              }
            ]
          ],
          "dependencies": [
            "tls_private_key.auto"
          ]
        }
      ]
    },
    {
      "mode": "managed",
      "type": "local_file",
      "name": "private_key_pem",
      "provider": "provider[\"registry.terraform.io/hashicorp/local\"]",
      "instances": [
        {
          "schema_version": 0,
          "attributes": {
            "content": "-----BEGIN RSA PRIVATE KEY-----\nMIIJKAIBAAKCAgEA4grCROdwosGxvMi88NDsV3xkTeoV3xVVJN49D8UeW+WpVmH4\n8uNuwZxbNFcKKqdhXUxD7jibOGaSKJvJsONRDFAv0Qepjjg/aXuWeM6gh9DrqykO\n8dbNQX7NxgCEw/A9Ec999IUN2l03qw5RTV/mrukrjH271V7IZewfvKS7in396Stb\nyT9efEOEm3JOWYutN9x64l7+9yMrDD3LO0Y4U0ET7HZmlOVK6i8uJuykq88oHlEN\noql0IhiXHyKBvvAymvlmIsBMq8AV0rl4cFJe846bGiv/WGbiJTp+ZKiLkjunr48U\nDQQ+cFu1t+seCF03g6JcIKxk/ghK62aVQuCdF00Sm0gqFJ2tE0kczMU0KaSSt7H9\niTAmO7hoDto/TVy0BANLhon4LW96RhRBGkcz22YSARbQCk9UNvZhmydJUB9MNnnZ\nyPszqm5buuroyNrYG6mNpJsPA7Ju4BpwzliQfGNIufI8KvUM1WTCTBNuLjKBVs8q\nrc3xmKQCKv095ccMeh+hxg8vo0TBo8PCnvIZAR/wotAAwFAtJy6CWrOh2XyGRi+i\neRmiZ1XVtol3dEKUEW7vArzOYol9AyiMl7D5EITAnrjE+lzXKSCo4vlBUsi4OeDb\nHhrRwBfA1w4HwAkULJmvbzXIFtS76OQ4Rs+CkB1Z3SkgjVkNB7z0piONVf0CAwEA\nAQKCAgAgCvLlliJhLBCASLuB7rfmIffNFLcjf9BpUMi6pNCMKecCnBJQih1//CRw\nq7sA92fFtEM38JXOXbnv4D+r39l0I6TXnpyyULZqg06+EtpuTlcuFPytmyvPEkTk\nwduQNAzQKsf54uenEgpLaRTs4UCgAGVAPe2jzlMdoaaRFRARzpDxHgido2pHNsIE\nUCSbrIFyVwKjduBxU66tRlA6N5bR9Hp4zYL2rfdb8bK66VZhlZTkEUzbx2YzVCWO\nEBPw53dhASQxnm1v9mORkuGoGIElyQwjHmQM2c7KhLt4lOzuHp9Dc4ad3sFkJ5f/\nuahw+pfdROWG6zFI0o+eRZU4nQMfj2uTp/qMb/O1K6bj4YE7Y7cPwIx//VWOtRcT\nrkZjoiXxp5tB5VzPlxSCeYo+5ijCYtadi9SbK6wqMw6Csz8Zw+K7/MueeWGRstHx\npLFEopWwfLZQ684BeB/tZ5F9t+J7CsyJPHiJUBOvN+QVMFTYTRuut2lSqaGFloEN\np7dPgj4w/MYo26t4SxmQXlTX59xBAvnZkikootM1viItoMW6E5s0riTYvYES1Dax\nxhcouZHMvH7DkrS212H7RRAWdi3mxXY6PmvBDyiwAk7uz2XxyGurPLko1JaQnSwd\nDDIgzrVtHBy4W/b2gU4MkMX53FLGFsjuDiSar3r2MFCxUCfRCQKCAQEA48MuKqKO\nhI04weF+L6Fxx1U4ceBJ2MisR6bIJfuhEkcW1CVrYWeLp5Mh+N0LlVytLw47Yrkd\n4lK0HuPExodPT4/5vwHVnPJlJgbHXMagoBjSTaRRDI//DOjBBX0PD/Ne728IvNsb\nglN0hC6GUTntNU9q7vTCc1jj75oq9p++BYSnprXH1jB1k3vsd7GRgijEdqjySSgd\nY7pMYfflc2+Yr2J0uKQeMC5T6xgbKpmR5ZI6lIOcUCwQpVLWMaU1CVeDAcAh/cpM\nPzlLFz1RM3t/m/u+9C9qDTbxwbRIWkjFVCr/D+3eG9bF0DUUNebX6WwLaKULbdjf\nECkwfOLBIzFuaQKCAQEA/hD50gqmeCH6m2acJldU4OLFRgSci91j8Il7aJ1st/Gb\nJ/kWNz1WzDgx4GpZQ2LBktZgmJBjrDBdx7B92teez0tfTf0KSaYhI6o7Cbr6tFsM\n6wxk8qgRllm1JNA4TFlUcjcsmJ7he2P302BpyWUur7jvi4fY9jElL8iHzKtAepp2\n1GcoJYUEk8xo0/yLYdbZDDWFqde2Rm3rmv2pVuR5Z818KALX0ASHHaAL+7BABOIW\nKxGBIHD639Yj3q3qyWeJFDpM6sLPtWTZjV2fePC0HcEOlcbEvPx+FlHv0iDX8xdF\nGORyQSOEXEiO7arse5vXrnwuytLuhZPZQRQ2a0rgdQKCAQAxuLNEZXZdY4MHeFWW\nylTPYkBPQ9p7M9vATJ2XBSa1mcVXDNAzVGp9a7ZX4NGdirzX7/Bw7d6jQNDHiYu0\nl2duBA1OcHUUrSn9si8lhsscCC8o+f0jk+/m/ozcyN9X6RZJiODMcbzAp71g+dMi\nulWZdLvwbIhiq/4emXZVnqvaAoqi7z4v+SZByyTlQGN2mbXB/cHezJ4V3l68aGSz\n3aHkb8bxZAqfFA4H3ZxYoWvjRRf6wfyG2AfOP5Y5AkrgvjUAVdRV1irtBnHpId6v\nMX+7KqsWHZ+2QM9oLRY6d3Z0mGpULOZ3B1zpxhyiY8Gw2IBpGNa05UpU+dj2+n2V\nVD45AoIBAQDt6IWXGyQBUIg0puRHvvWbVJ64Ty8shZbFMmhecTPSF6tbxhL4jTbP\nKzwBUnTd9gcf8iEoG+VJ40yd5nYjzE9I++J1zCKrDqbvl8OK/A0xgCVboRKSa7F0\nYfKPU2+0ht3dyi63h+fLPLRfumO1FEugfwPJW99dwm15DkWj8SUC6cumYCam46WC\npSHwiAcZCi/bD+9nOLjVwK6kRy4gUPgirLe7W9YtU2AW7Lzr5YI9UFzD3bNV5pX1\nrreOGLvH92zUhTdrihsoWBSkHOxtOrDfP93hgOzPr3x+eCGjWd/+IWcxxRH8Tz7t\nj4BPrAOgSDGykVTb1qNGcEk7eKrw03/VAoIBAGjkd3bYADdTfj0Y/Kr4cKT4Cs6i\nRbGB167AGpcCSJ53l/btK3wh3JIYxiYJHfYhXY99OKDFot1lfKZVlwrmyJoB4FQi\nrBeIF2FibW5usZcmf+AjHwUsk2yNSGO8XstNgSh7ZH6WK68tg25ui6eTCinRQWSe\nHY7mFbux61hmlupG5kdYobINOaDsD9cZKITg+KpfZJtz6iIo8XRewwM6RSxbjWqO\niDeMXawqLwnyvc0GksfRjuVYPVTrCT3caIvRyjA3e49dq/zBE53m1Zf5tzLK5iE+\npI2a1L6m4NWBjbiq80ws576fuMGPHynB6iWQ3scvYlbz/9uKGAByKJAmLPY=\n-----END RSA PRIVATE KEY-----\n",
            "content_base64": null,
            "content_base64sha256": "HG7I7xsPDXH2BauvqyG8YtkHt+Sv7A6BABFmPVWbdbM=",
            "content_base64sha512": "CAAKXyvFVeMmTHipKI+3P5tPKvM1MnhvkgVANOcTk7iiuELBwOg0N+QDUzmx/GbxRueRgHh//q4s9F/iuJyDeQ==",
            "content_md5": "ddbdb20c7ae31c98a6828acf13ee337c",
            "content_sha1": "dbcc0ae8e34f3b99eb29d0b8d87d0db60226600a",
            "content_sha256": "1c6ec8ef1b0f0d71f605abafab21bc62d907b7e4afec0e810011663d559b75b3",
            "content_sha512": "08000a5f2bc555e3264c78a9288fb73f9b4f2af33532786f92054034e71393b8a2b842c1c0e83437e4035339b1fc66f146e79180787ffeae2cf45fe2b89c8379",
            "directory_permission": "0777",
            "file_permission": "0600",
            "filename": "./terraform-key.pem",
            "id": "dbcc0ae8e34f3b99eb29d0b8d87d0db60226600a",
            "sensitive_content": null,
            "source": null
          },
          "sensitive_attributes": [
            [
              {
                "type": "get_attr",
                "value": "sensitive_content"
              }
            ],
            [
              {
                "type": "get_attr",
                "value": "content"
              }
            ]
          ],
          "dependencies": [
            "tls_private_key.ec2_key"
          ]
        }
      ]
    },
    {
      "mode": "managed",
      "type": "tls_private_key",
      "name": "auto",
      "provider": "provider[\"registry.terraform.io/hashicorp/tls\"]",
      "instances": [
        {
          "schema_version": 1,
          "attributes": {
            "algorithm": "RSA",
            "ecdsa_curve": "P224",
            "id": "8eb5f78b95956435c28da1df0bb251a31a1e3544",
            "private_key_openssh": "-----BEGIN OPENSSH PRIVATE KEY-----\nb3BlbnNzaC1rZXktdjEAAAAABG5vbmUAAAAEbm9uZQAAAAAAAAABAAACFwAAAAdz\nc2gtcnNhAAAAAwEAAQAAAgEArCdRCdOqpi95H1uhlflFeboFluSO5Wvt4qnAg0Yg\np0FodwOgEVqfkNJnTvzINUIcizTD8+T5vJg8zYpMUPY/iFMIHcfeg1NcfMj8/Ze9\nLF7RCcIrjqtefLFhkst+6rQuqCJLen0R0V2Y+34NR3pvE2VkU5lcfUIEajgxakuc\n/eGFpThOgQcZcZBu+aCq+FbxwkrKO1aP7XJg+hPJgDTFcYdqcB9W5wzaEatVsKos\nzyf6QaEu+7NVTrvK7PM66DilH4nF/pTuzb+P+GjBHfC7P0Zg4Wc2KIn8/1MVigoS\nbVNwA0Ox0dxyF2+IbpFxNhuT6rohiasQf3xAZiXYq2NQpQ8S4OWYcO9VkNjLdxef\nza/wDK1f0qL+EkbBZWJhcz+XvPCQPMWVAHu/SnPt7vfarYBioMPsRTVarUEvu0cb\nCue/ScJma1qJpFAZk9jIc0omaNdfDxONaASVH2qVNasvtgTPX/ZawrkRQ0tWm8hK\nxsDJw/PXEU2xeRIIBpytLv4GVZoJO3DLH9ckIkKE+uF0U4cy0Cxpvpe2mnB4NvF4\n5z+q0Z2CULl9v/RxDTlOBaZ0ax/FyMXECBzR3MHX7QhfFFwhetN2JkkRE6oRJx0w\nQCmWfKeO7ZJUtUvUX/qR2vhidZIGwVn9vJxkgSPFpuythUSRe9rEwI71HpKVVkVh\na/UAAAc4/iEbJP4hGyQAAAAHc3NoLXJzYQAAAgEArCdRCdOqpi95H1uhlflFeboF\nluSO5Wvt4qnAg0Ygp0FodwOgEVqfkNJnTvzINUIcizTD8+T5vJg8zYpMUPY/iFMI\nHcfeg1NcfMj8/Ze9LF7RCcIrjqtefLFhkst+6rQuqCJLen0R0V2Y+34NR3pvE2Vk\nU5lcfUIEajgxakuc/eGFpThOgQcZcZBu+aCq+FbxwkrKO1aP7XJg+hPJgDTFcYdq\ncB9W5wzaEatVsKoszyf6QaEu+7NVTrvK7PM66DilH4nF/pTuzb+P+GjBHfC7P0Zg\n4Wc2KIn8/1MVigoSbVNwA0Ox0dxyF2+IbpFxNhuT6rohiasQf3xAZiXYq2NQpQ8S\n4OWYcO9VkNjLdxefza/wDK1f0qL+EkbBZWJhcz+XvPCQPMWVAHu/SnPt7vfarYBi\noMPsRTVarUEvu0cbCue/ScJma1qJpFAZk9jIc0omaNdfDxONaASVH2qVNasvtgTP\nX/ZawrkRQ0tWm8hKxsDJw/PXEU2xeRIIBpytLv4GVZoJO3DLH9ckIkKE+uF0U4cy\n0Cxpvpe2mnB4NvF45z+q0Z2CULl9v/RxDTlOBaZ0ax/FyMXECBzR3MHX7QhfFFwh\netN2JkkRE6oRJx0wQCmWfKeO7ZJUtUvUX/qR2vhidZIGwVn9vJxkgSPFpuythUSR\ne9rEwI71HpKVVkVha/UAAAADAQABAAACACJGJppx/3rcHz14wQQqj2QzfqriwLdY\n5FDY8ojANL6P5WQyftMNq5CJ70L4zURbL/MgE3Yyi2z6kzppsxV4XUA/JbHGKd0U\nAukeG85CQEm969jJRWI/aI2jRBWVeaRxMIvNXiEaFurLu2owl6S4MbaXHGEPeqw+\ncUITg3UR7kTWekThX7HND8n+EzYUQI22Q6YmvToQmxGPUNLhDyA9AWU/rFd7ydGw\ny5ayeZo1Wzv4Ddk0pbW7Z7vH5BgGOd9jba6If7iWfq/MWHXAp1gWZjUsBhxCL/Rk\nuo+7wyFLLY2CC94+gz/Qp49WZ3956eP3nByip4ww2FVFT832cXt3x6VtVxbGXH/9\njMr3Dtp8fe0ziWesy6ddtg3Kw1Y6IOR/feubSjQFWXJPyhr3WG5Z4m8yP7NbTd6T\n33aoXHo6pX0408GlRQSzp5VQ2ilc6f5ytBN4zkeI2rB1F6fB8voqqUr8UO+hTVVf\n7NFY/ZMIoZ73v/6zfZsHHWIxDB/MCOuMXywxnzpNCG+ip5S9uSjF0aH5n+ofisrE\nDqMxcQA4KtY201/32C35zQQPW42MCIc1Ayqv7Q5Ouw9K6SE/P+lR0Q58GXTGwcxz\njWN6Ui8PwjwxUy6soq5vY74TCHzrOoV6Eme32TNe5vkKeU/ehA4eABMbgIdvDMxB\n9lhpa8xoXJ75AAABAB/E4EL4osfCZuE8d+3PRwqIyxG4o5MYwhHwRya7p43Rk6W8\nU9dBmnJBhhzR0QcE5hFgipziW1uQiDYKp05Wid6OIBH4+oD0sV2kRm63EBL8ntn4\nNyxT+rD613qYfjIpB4EYjgHmCyWosLcoVJQ8Lx32gH1oHoWQ4qjqqGc+uINdpjpJ\nVLcVzIO8qJQzWY//X9dIezGkloOhH6BXrCd/cpM0qm6g09o/VAEaPHvHQ+OOD19t\nKHVl+Sx3m2Ca8wjd+xAIWnTpDT1deWyE3SXuA2fKeUmsC2/Z8dgfjP1sEOv0igSf\ndwD/gEl+E2toQ1211B3LdM1oVsdib7I6UxPh1kYAAAEBAMeldEx5/V/8BE2ub9Hz\nLssQDbBhVDi45cnVXGZokgchj8tHDT7T0JlLveQ+cIu14Vjg0dX6P9OeM5PVr8Mp\nOKI8cSA2YUIqIgCIPIjNBJbFL41cn7eZZj1grwYCZzm9LE6aRy1azStfgsllYsD/\nhjyPsgXJQ5CptOd4XA5FWKwwziB0u1aO/MW+VmopFXmQ95WVc2XlwKYCK+atiVzo\nRbwWDKlokta2otK+ipG6qFrAwdJIdSTadHXw3BgzG5WvD/9T99a8PDGHlBESirnz\n/Fj3pwC7YTwROQlRSq0bGtx66ccNHj0gWe2aE9mfkSPkaONIl3RqU8FgWtygtQI5\nAh0AAAEBANy/OUC/t82W5rTM1vDUCfKcqj/ZOhXbDsHQ4sKDEAlmMFbxi7YHvkEU\n15DFhMNtuCwjs+IESi9qFtz975ztPNtwioPZ/tRtcKJdl+aZiPfkqAXtYDRwQX1G\nCBHrKLQPFb/DlcBpa190maOE2ZJtiBL1vRUbXaTFir054nsLxcEj6mn9Cd7mDgYC\nPYTT50Upgq3N7W0w8rqvyCMvERdE3WHIlKTpDYARin9RZuAjqqXQrP6P91qWFRZR\niUpjrDWO6CkGr/8sISs7614U5ZoIqOMtwhvLlf0dla6nFlkYTerYrFK6q+fPUGDN\nm8S6SzWKrppvkeFkYZM+QuYOLcjFabkAAAAAAQID\n-----END OPENSSH PRIVATE KEY-----\n",
            "private_key_pem": "-----BEGIN RSA PRIVATE KEY-----\nMIIJKAIBAAKCAgEArCdRCdOqpi95H1uhlflFeboFluSO5Wvt4qnAg0Ygp0FodwOg\nEVqfkNJnTvzINUIcizTD8+T5vJg8zYpMUPY/iFMIHcfeg1NcfMj8/Ze9LF7RCcIr\njqtefLFhkst+6rQuqCJLen0R0V2Y+34NR3pvE2VkU5lcfUIEajgxakuc/eGFpThO\ngQcZcZBu+aCq+FbxwkrKO1aP7XJg+hPJgDTFcYdqcB9W5wzaEatVsKoszyf6QaEu\n+7NVTrvK7PM66DilH4nF/pTuzb+P+GjBHfC7P0Zg4Wc2KIn8/1MVigoSbVNwA0Ox\n0dxyF2+IbpFxNhuT6rohiasQf3xAZiXYq2NQpQ8S4OWYcO9VkNjLdxefza/wDK1f\n0qL+EkbBZWJhcz+XvPCQPMWVAHu/SnPt7vfarYBioMPsRTVarUEvu0cbCue/ScJm\na1qJpFAZk9jIc0omaNdfDxONaASVH2qVNasvtgTPX/ZawrkRQ0tWm8hKxsDJw/PX\nEU2xeRIIBpytLv4GVZoJO3DLH9ckIkKE+uF0U4cy0Cxpvpe2mnB4NvF45z+q0Z2C\nULl9v/RxDTlOBaZ0ax/FyMXECBzR3MHX7QhfFFwhetN2JkkRE6oRJx0wQCmWfKeO\n7ZJUtUvUX/qR2vhidZIGwVn9vJxkgSPFpuythUSRe9rEwI71HpKVVkVha/UCAwEA\nAQKCAgAiRiaacf963B89eMEEKo9kM36q4sC3WORQ2PKIwDS+j+VkMn7TDauQie9C\n+M1EWy/zIBN2Mots+pM6abMVeF1APyWxxindFALpHhvOQkBJvevYyUViP2iNo0QV\nlXmkcTCLzV4hGhbqy7tqMJekuDG2lxxhD3qsPnFCE4N1Ee5E1npE4V+xzQ/J/hM2\nFECNtkOmJr06EJsRj1DS4Q8gPQFlP6xXe8nRsMuWsnmaNVs7+A3ZNKW1u2e7x+QY\nBjnfY22uiH+4ln6vzFh1wKdYFmY1LAYcQi/0ZLqPu8MhSy2NggvePoM/0KePVmd/\neenj95wcoqeMMNhVRU/N9nF7d8elbVcWxlx//YzK9w7afH3tM4lnrMunXbYNysNW\nOiDkf33rm0o0BVlyT8oa91huWeJvMj+zW03ek992qFx6OqV9ONPBpUUEs6eVUNop\nXOn+crQTeM5HiNqwdRenwfL6KqlK/FDvoU1VX+zRWP2TCKGe97/+s32bBx1iMQwf\nzAjrjF8sMZ86TQhvoqeUvbkoxdGh+Z/qH4rKxA6jMXEAOCrWNtNf99gt+c0ED1uN\njAiHNQMqr+0OTrsPSukhPz/pUdEOfBl0xsHMc41jelIvD8I8MVMurKKub2O+Ewh8\n6zqFehJnt9kzXub5CnlP3oQOHgATG4CHbwzMQfZYaWvMaFye+QKCAQEAx6V0THn9\nX/wETa5v0fMuyxANsGFUOLjlydVcZmiSByGPy0cNPtPQmUu95D5wi7XhWODR1fo/\n054zk9Wvwyk4ojxxIDZhQioiAIg8iM0ElsUvjVyft5lmPWCvBgJnOb0sTppHLVrN\nK1+CyWViwP+GPI+yBclDkKm053hcDkVYrDDOIHS7Vo78xb5WaikVeZD3lZVzZeXA\npgIr5q2JXOhFvBYMqWiS1rai0r6KkbqoWsDB0kh1JNp0dfDcGDMbla8P/1P31rw8\nMYeUERKKufP8WPenALthPBE5CVFKrRsa3Hrpxw0ePSBZ7ZoT2Z+RI+Ro40iXdGpT\nwWBa3KC1AjkCHQKCAQEA3L85QL+3zZbmtMzW8NQJ8pyqP9k6FdsOwdDiwoMQCWYw\nVvGLtge+QRTXkMWEw224LCOz4gRKL2oW3P3vnO0823CKg9n+1G1wol2X5pmI9+So\nBe1gNHBBfUYIEesotA8Vv8OVwGlrX3SZo4TZkm2IEvW9FRtdpMWKvTniewvFwSPq\naf0J3uYOBgI9hNPnRSmCrc3tbTDyuq/IIy8RF0TdYciUpOkNgBGKf1Fm4COqpdCs\n/o/3WpYVFlGJSmOsNY7oKQav/ywhKzvrXhTlmgio4y3CG8uV/R2VrqcWWRhN6tis\nUrqr589QYM2bxLpLNYqumm+R4WRhkz5C5g4tyMVpuQKCAQA07Tn9pEF1lrwVU+80\n+4EmOCVI4ySOvQW+EiAizgoYdd9HBpkOVNzyJtA6mAsCHr+U7lTyoxsUoNYPlRC5\nbk4jRF7BKWlzPvQwq+1QXvmedrv6f9mftL0T/HOp5i0zc2ExnVjNP0sw+msTtRsP\nCy6tE3MgcZDF4xegXZoZ9mxhiba7h/a6JcIBMkp6blXRGotoTmx/UP9Xgy/cQZku\n1izWhgnpR13WKijUMctOgutq07sOYkMb+AXz1lyi1bm0Xuqgx8PmW5ShlM2+EOpS\nDcqSU2UknohSgkZaoABqD8t5M+SR7npbvh3ZDYXBpbm2iDD+QBpWtHFrzH2KC9iw\ntChJAoIBAQCR7kRuHo/m9LRNoAEUMkjlP1Z5YSS6IBfQX0QZLMWkQQ8B2yruSo4m\nvh2H0lvjShxv6aZYa1eTosG8lI8cIeWSeALKCYoiarsES3VI+AUJQ/sj9/oakH9q\nzqo1Fk3RQwuwux67lbVq5E1RQVkIKSrExfmbA31TmVgPoj2r9GtmNFUafjJRTarF\npCOBNQj1uuxt8+3aunosmlpnkAzvYhIsO4qwvnSzTmVNp8WntUxx09MZcpkmJIOK\nPprRN7U3ruKhhI9C1KyUxUbi6lOjEch8btqcv2jHbRBv5nuqqJuR/m1lP4y3cWEE\nrcglNLbVjXnCFLHO3Cp5Sba2GXeA+6jZAoIBAB/E4EL4osfCZuE8d+3PRwqIyxG4\no5MYwhHwRya7p43Rk6W8U9dBmnJBhhzR0QcE5hFgipziW1uQiDYKp05Wid6OIBH4\n+oD0sV2kRm63EBL8ntn4NyxT+rD613qYfjIpB4EYjgHmCyWosLcoVJQ8Lx32gH1o\nHoWQ4qjqqGc+uINdpjpJVLcVzIO8qJQzWY//X9dIezGkloOhH6BXrCd/cpM0qm6g\n09o/VAEaPHvHQ+OOD19tKHVl+Sx3m2Ca8wjd+xAIWnTpDT1deWyE3SXuA2fKeUms\nC2/Z8dgfjP1sEOv0igSfdwD/gEl+E2toQ1211B3LdM1oVsdib7I6UxPh1kY=\n-----END RSA PRIVATE KEY-----\n",
            "private_key_pem_pkcs8": "-----BEGIN PRIVATE KEY-----\nMIIJQgIBADANBgkqhkiG9w0BAQEFAASCCSwwggkoAgEAAoICAQCsJ1EJ06qmL3kf\nW6GV+UV5ugWW5I7la+3iqcCDRiCnQWh3A6ARWp+Q0mdO/Mg1QhyLNMPz5Pm8mDzN\nikxQ9j+IUwgdx96DU1x8yPz9l70sXtEJwiuOq158sWGSy37qtC6oIkt6fRHRXZj7\nfg1Hem8TZWRTmVx9QgRqODFqS5z94YWlOE6BBxlxkG75oKr4VvHCSso7Vo/tcmD6\nE8mANMVxh2pwH1bnDNoRq1WwqizPJ/pBoS77s1VOu8rs8zroOKUficX+lO7Nv4/4\naMEd8Ls/RmDhZzYoifz/UxWKChJtU3ADQ7HR3HIXb4hukXE2G5PquiGJqxB/fEBm\nJdirY1ClDxLg5Zhw71WQ2Mt3F5/Nr/AMrV/Sov4SRsFlYmFzP5e88JA8xZUAe79K\nc+3u99qtgGKgw+xFNVqtQS+7RxsK579JwmZrWomkUBmT2MhzSiZo118PE41oBJUf\napU1qy+2BM9f9lrCuRFDS1abyErGwMnD89cRTbF5EggGnK0u/gZVmgk7cMsf1yQi\nQoT64XRThzLQLGm+l7aacHg28XjnP6rRnYJQuX2/9HENOU4FpnRrH8XIxcQIHNHc\nwdftCF8UXCF603YmSRETqhEnHTBAKZZ8p47tklS1S9Rf+pHa+GJ1kgbBWf28nGSB\nI8Wm7K2FRJF72sTAjvUekpVWRWFr9QIDAQABAoICACJGJppx/3rcHz14wQQqj2Qz\nfqriwLdY5FDY8ojANL6P5WQyftMNq5CJ70L4zURbL/MgE3Yyi2z6kzppsxV4XUA/\nJbHGKd0UAukeG85CQEm969jJRWI/aI2jRBWVeaRxMIvNXiEaFurLu2owl6S4MbaX\nHGEPeqw+cUITg3UR7kTWekThX7HND8n+EzYUQI22Q6YmvToQmxGPUNLhDyA9AWU/\nrFd7ydGwy5ayeZo1Wzv4Ddk0pbW7Z7vH5BgGOd9jba6If7iWfq/MWHXAp1gWZjUs\nBhxCL/Rkuo+7wyFLLY2CC94+gz/Qp49WZ3956eP3nByip4ww2FVFT832cXt3x6Vt\nVxbGXH/9jMr3Dtp8fe0ziWesy6ddtg3Kw1Y6IOR/feubSjQFWXJPyhr3WG5Z4m8y\nP7NbTd6T33aoXHo6pX0408GlRQSzp5VQ2ilc6f5ytBN4zkeI2rB1F6fB8voqqUr8\nUO+hTVVf7NFY/ZMIoZ73v/6zfZsHHWIxDB/MCOuMXywxnzpNCG+ip5S9uSjF0aH5\nn+ofisrEDqMxcQA4KtY201/32C35zQQPW42MCIc1Ayqv7Q5Ouw9K6SE/P+lR0Q58\nGXTGwcxzjWN6Ui8PwjwxUy6soq5vY74TCHzrOoV6Eme32TNe5vkKeU/ehA4eABMb\ngIdvDMxB9lhpa8xoXJ75AoIBAQDHpXRMef1f/ARNrm/R8y7LEA2wYVQ4uOXJ1Vxm\naJIHIY/LRw0+09CZS73kPnCLteFY4NHV+j/TnjOT1a/DKTiiPHEgNmFCKiIAiDyI\nzQSWxS+NXJ+3mWY9YK8GAmc5vSxOmkctWs0rX4LJZWLA/4Y8j7IFyUOQqbTneFwO\nRVisMM4gdLtWjvzFvlZqKRV5kPeVlXNl5cCmAivmrYlc6EW8FgypaJLWtqLSvoqR\nuqhawMHSSHUk2nR18NwYMxuVrw//U/fWvDwxh5QREoq58/xY96cAu2E8ETkJUUqt\nGxrceunHDR49IFntmhPZn5Ej5GjjSJd0alPBYFrcoLUCOQIdAoIBAQDcvzlAv7fN\nlua0zNbw1AnynKo/2ToV2w7B0OLCgxAJZjBW8Yu2B75BFNeQxYTDbbgsI7PiBEov\nahbc/e+c7TzbcIqD2f7UbXCiXZfmmYj35KgF7WA0cEF9RggR6yi0DxW/w5XAaWtf\ndJmjhNmSbYgS9b0VG12kxYq9OeJ7C8XBI+pp/Qne5g4GAj2E0+dFKYKtze1tMPK6\nr8gjLxEXRN1hyJSk6Q2AEYp/UWbgI6ql0Kz+j/dalhUWUYlKY6w1jugpBq//LCEr\nO+teFOWaCKjjLcIby5X9HZWupxZZGE3q2KxSuqvnz1BgzZvEuks1iq6ab5HhZGGT\nPkLmDi3IxWm5AoIBADTtOf2kQXWWvBVT7zT7gSY4JUjjJI69Bb4SICLOChh130cG\nmQ5U3PIm0DqYCwIev5TuVPKjGxSg1g+VELluTiNEXsEpaXM+9DCr7VBe+Z52u/p/\n2Z+0vRP8c6nmLTNzYTGdWM0/SzD6axO1Gw8LLq0TcyBxkMXjF6Bdmhn2bGGJtruH\n9rolwgEySnpuVdEai2hObH9Q/1eDL9xBmS7WLNaGCelHXdYqKNQxy06C62rTuw5i\nQxv4BfPWXKLVubRe6qDHw+ZblKGUzb4Q6lINypJTZSSeiFKCRlqgAGoPy3kz5JHu\nelu+HdkNhcGlubaIMP5AGla0cWvMfYoL2LC0KEkCggEBAJHuRG4ej+b0tE2gARQy\nSOU/VnlhJLogF9BfRBksxaRBDwHbKu5Kjia+HYfSW+NKHG/pplhrV5OiwbyUjxwh\n5ZJ4AsoJiiJquwRLdUj4BQlD+yP3+hqQf2rOqjUWTdFDC7C7HruVtWrkTVFBWQgp\nKsTF+ZsDfVOZWA+iPav0a2Y0VRp+MlFNqsWkI4E1CPW67G3z7dq6eiyaWmeQDO9i\nEiw7irC+dLNOZU2nxae1THHT0xlymSYkg4o+mtE3tTeu4qGEj0LUrJTFRuLqU6MR\nyHxu2py/aMdtEG/me6qom5H+bWU/jLdxYQStyCU0ttWNecIUsc7cKnlJtrYZd4D7\nqNkCggEAH8TgQviix8Jm4Tx37c9HCojLEbijkxjCEfBHJrunjdGTpbxT10GackGG\nHNHRBwTmEWCKnOJbW5CINgqnTlaJ3o4gEfj6gPSxXaRGbrcQEvye2fg3LFP6sPrX\neph+MikHgRiOAeYLJaiwtyhUlDwvHfaAfWgehZDiqOqoZz64g12mOklUtxXMg7yo\nlDNZj/9f10h7MaSWg6EfoFesJ39ykzSqbqDT2j9UARo8e8dD444PX20odWX5LHeb\nYJrzCN37EAhadOkNPV15bITdJe4DZ8p5SawLb9nx2B+M/WwQ6/SKBJ93AP+ASX4T\na2hDXbXUHct0zWhWx2JvsjpTE+HWRg==\n-----END PRIVATE KEY-----\n",
            "public_key_fingerprint_md5": "ba:d3:98:ad:74:99:1d:88:5e:3b:cd:6c:d6:bb:33:29",
            "public_key_fingerprint_sha256": "SHA256:bwNlgfnfbk97h7qxjFHlQR2CMeewFIRY2Wmw0XQoHDU",
            "public_key_openssh": "ssh-rsa AAAAB3NzaC1yc2EAAAADAQABAAACAQCsJ1EJ06qmL3kfW6GV+UV5ugWW5I7la+3iqcCDRiCnQWh3A6ARWp+Q0mdO/Mg1QhyLNMPz5Pm8mDzNikxQ9j+IUwgdx96DU1x8yPz9l70sXtEJwiuOq158sWGSy37qtC6oIkt6fRHRXZj7fg1Hem8TZWRTmVx9QgRqODFqS5z94YWlOE6BBxlxkG75oKr4VvHCSso7Vo/tcmD6E8mANMVxh2pwH1bnDNoRq1WwqizPJ/pBoS77s1VOu8rs8zroOKUficX+lO7Nv4/4aMEd8Ls/RmDhZzYoifz/UxWKChJtU3ADQ7HR3HIXb4hukXE2G5PquiGJqxB/fEBmJdirY1ClDxLg5Zhw71WQ2Mt3F5/Nr/AMrV/Sov4SRsFlYmFzP5e88JA8xZUAe79Kc+3u99qtgGKgw+xFNVqtQS+7RxsK579JwmZrWomkUBmT2MhzSiZo118PE41oBJUfapU1qy+2BM9f9lrCuRFDS1abyErGwMnD89cRTbF5EggGnK0u/gZVmgk7cMsf1yQiQoT64XRThzLQLGm+l7aacHg28XjnP6rRnYJQuX2/9HENOU4FpnRrH8XIxcQIHNHcwdftCF8UXCF603YmSRETqhEnHTBAKZZ8p47tklS1S9Rf+pHa+GJ1kgbBWf28nGSBI8Wm7K2FRJF72sTAjvUekpVWRWFr9Q==\n",
            "public_key_pem": "-----BEGIN PUBLIC KEY-----\nMIICIjANBgkqhkiG9w0BAQEFAAOCAg8AMIICCgKCAgEArCdRCdOqpi95H1uhlflF\neboFluSO5Wvt4qnAg0Ygp0FodwOgEVqfkNJnTvzINUIcizTD8+T5vJg8zYpMUPY/\niFMIHcfeg1NcfMj8/Ze9LF7RCcIrjqtefLFhkst+6rQuqCJLen0R0V2Y+34NR3pv\nE2VkU5lcfUIEajgxakuc/eGFpThOgQcZcZBu+aCq+FbxwkrKO1aP7XJg+hPJgDTF\ncYdqcB9W5wzaEatVsKoszyf6QaEu+7NVTrvK7PM66DilH4nF/pTuzb+P+GjBHfC7\nP0Zg4Wc2KIn8/1MVigoSbVNwA0Ox0dxyF2+IbpFxNhuT6rohiasQf3xAZiXYq2NQ\npQ8S4OWYcO9VkNjLdxefza/wDK1f0qL+EkbBZWJhcz+XvPCQPMWVAHu/SnPt7vfa\nrYBioMPsRTVarUEvu0cbCue/ScJma1qJpFAZk9jIc0omaNdfDxONaASVH2qVNasv\ntgTPX/ZawrkRQ0tWm8hKxsDJw/PXEU2xeRIIBpytLv4GVZoJO3DLH9ckIkKE+uF0\nU4cy0Cxpvpe2mnB4NvF45z+q0Z2CULl9v/RxDTlOBaZ0ax/FyMXECBzR3MHX7Qhf\nFFwhetN2JkkRE6oRJx0wQCmWfKeO7ZJUtUvUX/qR2vhidZIGwVn9vJxkgSPFpuyt\nhUSRe9rEwI71HpKVVkVha/UCAwEAAQ==\n-----END PUBLIC KEY-----\n",
            "rsa_bits": 4096
          },
          "sensitive_attributes": [
            [
              {
                "type": "get_attr",
                "value": "private_key_pem"
              }
            ],
            [
              {
                "type": "get_attr",
                "value": "private_key_openssh"
              }
            ],
            [
              {
                "type": "get_attr",
                "value": "private_key_pem_pkcs8"
              }
            ]
          ],
          "create_before_destroy": true
        }
      ]
    },
    {
      "mode": "managed",
      "type": "tls_private_key",
      "name": "ec2_key",
      "provider": "provider[\"registry.terraform.io/hashicorp/tls\"]",
      "instances": [
        {
          "schema_version": 1,
          "attributes": {
            "algorithm": "RSA",
            "ecdsa_curve": "P224",
            "id": "a2fc4436d10cc96f23e295fbc5d003299a66c73e",
            "private_key_openssh": "-----BEGIN OPENSSH PRIVATE KEY-----\nb3BlbnNzaC1rZXktdjEAAAAABG5vbmUAAAAEbm9uZQAAAAAAAAABAAACFwAAAAdz\nc2gtcnNhAAAAAwEAAQAAAgEA4grCROdwosGxvMi88NDsV3xkTeoV3xVVJN49D8Ue\nW+WpVmH48uNuwZxbNFcKKqdhXUxD7jibOGaSKJvJsONRDFAv0Qepjjg/aXuWeM6g\nh9DrqykO8dbNQX7NxgCEw/A9Ec999IUN2l03qw5RTV/mrukrjH271V7IZewfvKS7\nin396StbyT9efEOEm3JOWYutN9x64l7+9yMrDD3LO0Y4U0ET7HZmlOVK6i8uJuyk\nq88oHlENoql0IhiXHyKBvvAymvlmIsBMq8AV0rl4cFJe846bGiv/WGbiJTp+ZKiL\nkjunr48UDQQ+cFu1t+seCF03g6JcIKxk/ghK62aVQuCdF00Sm0gqFJ2tE0kczMU0\nKaSSt7H9iTAmO7hoDto/TVy0BANLhon4LW96RhRBGkcz22YSARbQCk9UNvZhmydJ\nUB9MNnnZyPszqm5buuroyNrYG6mNpJsPA7Ju4BpwzliQfGNIufI8KvUM1WTCTBNu\nLjKBVs8qrc3xmKQCKv095ccMeh+hxg8vo0TBo8PCnvIZAR/wotAAwFAtJy6CWrOh\n2XyGRi+ieRmiZ1XVtol3dEKUEW7vArzOYol9AyiMl7D5EITAnrjE+lzXKSCo4vlB\nUsi4OeDbHhrRwBfA1w4HwAkULJmvbzXIFtS76OQ4Rs+CkB1Z3SkgjVkNB7z0piON\nVf0AAAc4yLTWIsi01iIAAAAHc3NoLXJzYQAAAgEA4grCROdwosGxvMi88NDsV3xk\nTeoV3xVVJN49D8UeW+WpVmH48uNuwZxbNFcKKqdhXUxD7jibOGaSKJvJsONRDFAv\n0Qepjjg/aXuWeM6gh9DrqykO8dbNQX7NxgCEw/A9Ec999IUN2l03qw5RTV/mrukr\njH271V7IZewfvKS7in396StbyT9efEOEm3JOWYutN9x64l7+9yMrDD3LO0Y4U0ET\n7HZmlOVK6i8uJuykq88oHlENoql0IhiXHyKBvvAymvlmIsBMq8AV0rl4cFJe846b\nGiv/WGbiJTp+ZKiLkjunr48UDQQ+cFu1t+seCF03g6JcIKxk/ghK62aVQuCdF00S\nm0gqFJ2tE0kczMU0KaSSt7H9iTAmO7hoDto/TVy0BANLhon4LW96RhRBGkcz22YS\nARbQCk9UNvZhmydJUB9MNnnZyPszqm5buuroyNrYG6mNpJsPA7Ju4BpwzliQfGNI\nufI8KvUM1WTCTBNuLjKBVs8qrc3xmKQCKv095ccMeh+hxg8vo0TBo8PCnvIZAR/w\notAAwFAtJy6CWrOh2XyGRi+ieRmiZ1XVtol3dEKUEW7vArzOYol9AyiMl7D5EITA\nnrjE+lzXKSCo4vlBUsi4OeDbHhrRwBfA1w4HwAkULJmvbzXIFtS76OQ4Rs+CkB1Z\n3SkgjVkNB7z0piONVf0AAAADAQABAAACACAK8uWWImEsEIBIu4Hut+Yh980UtyN/\n0GlQyLqk0Iwp5wKcElCKHX/8JHCruwD3Z8W0Qzfwlc5due/gP6vf2XQjpNeenLJQ\ntmqDTr4S2m5OVy4U/K2bK88SROTB25A0DNAqx/ni56cSCktpFOzhQKAAZUA97aPO\nUx2hppEVEBHOkPEeCJ2jakc2wgRQJJusgXJXAqN24HFTrq1GUDo3ltH0enjNgvat\n91vxsrrpVmGVlOQRTNvHZjNUJY4QE/Dnd2EBJDGebW/2Y5GS4agYgSXJDCMeZAzZ\nzsqEu3iU7O4en0Nzhp3ewWQnl/+5qHD6l91E5YbrMUjSj55FlTidAx+Pa5On+oxv\n87UrpuPhgTtjtw/AjH/9VY61FxOuRmOiJfGnm0HlXM+XFIJ5ij7mKMJi1p2L1Jsr\nrCozDoKzPxnD4rv8y555YZGy0fGksUSilbB8tlDrzgF4H+1nkX234nsKzIk8eIlQ\nE6835BUwVNhNG663aVKpoYWWgQ2nt0+CPjD8xijbq3hLGZBeVNfn3EEC+dmSKSii\n0zW+Ii2gxboTmzSuJNi9gRLUNrHGFyi5kcy8fsOStLbXYftFEBZ2LebFdjo+a8EP\nKLACTu7PZfHIa6s8uSjUlpCdLB0MMiDOtW0cHLhb9vaBTgyQxfncUsYWyO4OJJqv\nevYwULFQJ9EJAAABAGjkd3bYADdTfj0Y/Kr4cKT4Cs6iRbGB167AGpcCSJ53l/bt\nK3wh3JIYxiYJHfYhXY99OKDFot1lfKZVlwrmyJoB4FQirBeIF2FibW5usZcmf+Aj\nHwUsk2yNSGO8XstNgSh7ZH6WK68tg25ui6eTCinRQWSeHY7mFbux61hmlupG5kdY\nobINOaDsD9cZKITg+KpfZJtz6iIo8XRewwM6RSxbjWqOiDeMXawqLwnyvc0GksfR\njuVYPVTrCT3caIvRyjA3e49dq/zBE53m1Zf5tzLK5iE+pI2a1L6m4NWBjbiq80ws\n576fuMGPHynB6iWQ3scvYlbz/9uKGAByKJAmLPYAAAEBAOPDLiqijoSNOMHhfi+h\nccdVOHHgSdjIrEemyCX7oRJHFtQla2Fni6eTIfjdC5VcrS8OO2K5HeJStB7jxMaH\nT0+P+b8B1ZzyZSYGx1zGoKAY0k2kUQyP/wzowQV9Dw/zXu9vCLzbG4JTdIQuhlE5\n7TVPau70wnNY4++aKvafvgWEp6a1x9YwdZN77HexkYIoxHao8kkoHWO6TGH35XNv\nmK9idLikHjAuU+sYGyqZkeWSOpSDnFAsEKVS1jGlNQlXgwHAIf3KTD85Sxc9UTN7\nf5v7vvQvag028cG0SFpIxVQq/w/t3hvWxdA1FDXm1+lsC2ilC23Y3xApMHziwSMx\nbmkAAAEBAP4Q+dIKpngh+ptmnCZXVODixUYEnIvdY/CJe2idbLfxmyf5Fjc9Vsw4\nMeBqWUNiwZLWYJiQY6wwXcewfdrXns9LX039CkmmISOqOwm6+rRbDOsMZPKoEZZZ\ntSTQOExZVHI3LJie4Xtj99NgacllLq+474uH2PYxJS/Ih8yrQHqadtRnKCWFBJPM\naNP8i2HW2Qw1hanXtkZt65r9qVbkeWfNfCgC19AEhx2gC/uwQATiFisRgSBw+t/W\nI96t6slniRQ6TOrCz7Vk2Y1dn3jwtB3BDpXGxLz8fhZR79Ig1/MXRRjkckEjhFxI\nju2q7Hub1658LsrS7oWT2UEUNmtK4HUAAAAAAQID\n-----END OPENSSH PRIVATE KEY-----\n",
            "private_key_pem": "-----BEGIN RSA PRIVATE KEY-----\nMIIJKAIBAAKCAgEA4grCROdwosGxvMi88NDsV3xkTeoV3xVVJN49D8UeW+WpVmH4\n8uNuwZxbNFcKKqdhXUxD7jibOGaSKJvJsONRDFAv0Qepjjg/aXuWeM6gh9DrqykO\n8dbNQX7NxgCEw/A9Ec999IUN2l03qw5RTV/mrukrjH271V7IZewfvKS7in396Stb\nyT9efEOEm3JOWYutN9x64l7+9yMrDD3LO0Y4U0ET7HZmlOVK6i8uJuykq88oHlEN\noql0IhiXHyKBvvAymvlmIsBMq8AV0rl4cFJe846bGiv/WGbiJTp+ZKiLkjunr48U\nDQQ+cFu1t+seCF03g6JcIKxk/ghK62aVQuCdF00Sm0gqFJ2tE0kczMU0KaSSt7H9\niTAmO7hoDto/TVy0BANLhon4LW96RhRBGkcz22YSARbQCk9UNvZhmydJUB9MNnnZ\nyPszqm5buuroyNrYG6mNpJsPA7Ju4BpwzliQfGNIufI8KvUM1WTCTBNuLjKBVs8q\nrc3xmKQCKv095ccMeh+hxg8vo0TBo8PCnvIZAR/wotAAwFAtJy6CWrOh2XyGRi+i\neRmiZ1XVtol3dEKUEW7vArzOYol9AyiMl7D5EITAnrjE+lzXKSCo4vlBUsi4OeDb\nHhrRwBfA1w4HwAkULJmvbzXIFtS76OQ4Rs+CkB1Z3SkgjVkNB7z0piONVf0CAwEA\nAQKCAgAgCvLlliJhLBCASLuB7rfmIffNFLcjf9BpUMi6pNCMKecCnBJQih1//CRw\nq7sA92fFtEM38JXOXbnv4D+r39l0I6TXnpyyULZqg06+EtpuTlcuFPytmyvPEkTk\nwduQNAzQKsf54uenEgpLaRTs4UCgAGVAPe2jzlMdoaaRFRARzpDxHgido2pHNsIE\nUCSbrIFyVwKjduBxU66tRlA6N5bR9Hp4zYL2rfdb8bK66VZhlZTkEUzbx2YzVCWO\nEBPw53dhASQxnm1v9mORkuGoGIElyQwjHmQM2c7KhLt4lOzuHp9Dc4ad3sFkJ5f/\nuahw+pfdROWG6zFI0o+eRZU4nQMfj2uTp/qMb/O1K6bj4YE7Y7cPwIx//VWOtRcT\nrkZjoiXxp5tB5VzPlxSCeYo+5ijCYtadi9SbK6wqMw6Csz8Zw+K7/MueeWGRstHx\npLFEopWwfLZQ684BeB/tZ5F9t+J7CsyJPHiJUBOvN+QVMFTYTRuut2lSqaGFloEN\np7dPgj4w/MYo26t4SxmQXlTX59xBAvnZkikootM1viItoMW6E5s0riTYvYES1Dax\nxhcouZHMvH7DkrS212H7RRAWdi3mxXY6PmvBDyiwAk7uz2XxyGurPLko1JaQnSwd\nDDIgzrVtHBy4W/b2gU4MkMX53FLGFsjuDiSar3r2MFCxUCfRCQKCAQEA48MuKqKO\nhI04weF+L6Fxx1U4ceBJ2MisR6bIJfuhEkcW1CVrYWeLp5Mh+N0LlVytLw47Yrkd\n4lK0HuPExodPT4/5vwHVnPJlJgbHXMagoBjSTaRRDI//DOjBBX0PD/Ne728IvNsb\nglN0hC6GUTntNU9q7vTCc1jj75oq9p++BYSnprXH1jB1k3vsd7GRgijEdqjySSgd\nY7pMYfflc2+Yr2J0uKQeMC5T6xgbKpmR5ZI6lIOcUCwQpVLWMaU1CVeDAcAh/cpM\nPzlLFz1RM3t/m/u+9C9qDTbxwbRIWkjFVCr/D+3eG9bF0DUUNebX6WwLaKULbdjf\nECkwfOLBIzFuaQKCAQEA/hD50gqmeCH6m2acJldU4OLFRgSci91j8Il7aJ1st/Gb\nJ/kWNz1WzDgx4GpZQ2LBktZgmJBjrDBdx7B92teez0tfTf0KSaYhI6o7Cbr6tFsM\n6wxk8qgRllm1JNA4TFlUcjcsmJ7he2P302BpyWUur7jvi4fY9jElL8iHzKtAepp2\n1GcoJYUEk8xo0/yLYdbZDDWFqde2Rm3rmv2pVuR5Z818KALX0ASHHaAL+7BABOIW\nKxGBIHD639Yj3q3qyWeJFDpM6sLPtWTZjV2fePC0HcEOlcbEvPx+FlHv0iDX8xdF\nGORyQSOEXEiO7arse5vXrnwuytLuhZPZQRQ2a0rgdQKCAQAxuLNEZXZdY4MHeFWW\nylTPYkBPQ9p7M9vATJ2XBSa1mcVXDNAzVGp9a7ZX4NGdirzX7/Bw7d6jQNDHiYu0\nl2duBA1OcHUUrSn9si8lhsscCC8o+f0jk+/m/ozcyN9X6RZJiODMcbzAp71g+dMi\nulWZdLvwbIhiq/4emXZVnqvaAoqi7z4v+SZByyTlQGN2mbXB/cHezJ4V3l68aGSz\n3aHkb8bxZAqfFA4H3ZxYoWvjRRf6wfyG2AfOP5Y5AkrgvjUAVdRV1irtBnHpId6v\nMX+7KqsWHZ+2QM9oLRY6d3Z0mGpULOZ3B1zpxhyiY8Gw2IBpGNa05UpU+dj2+n2V\nVD45AoIBAQDt6IWXGyQBUIg0puRHvvWbVJ64Ty8shZbFMmhecTPSF6tbxhL4jTbP\nKzwBUnTd9gcf8iEoG+VJ40yd5nYjzE9I++J1zCKrDqbvl8OK/A0xgCVboRKSa7F0\nYfKPU2+0ht3dyi63h+fLPLRfumO1FEugfwPJW99dwm15DkWj8SUC6cumYCam46WC\npSHwiAcZCi/bD+9nOLjVwK6kRy4gUPgirLe7W9YtU2AW7Lzr5YI9UFzD3bNV5pX1\nrreOGLvH92zUhTdrihsoWBSkHOxtOrDfP93hgOzPr3x+eCGjWd/+IWcxxRH8Tz7t\nj4BPrAOgSDGykVTb1qNGcEk7eKrw03/VAoIBAGjkd3bYADdTfj0Y/Kr4cKT4Cs6i\nRbGB167AGpcCSJ53l/btK3wh3JIYxiYJHfYhXY99OKDFot1lfKZVlwrmyJoB4FQi\nrBeIF2FibW5usZcmf+AjHwUsk2yNSGO8XstNgSh7ZH6WK68tg25ui6eTCinRQWSe\nHY7mFbux61hmlupG5kdYobINOaDsD9cZKITg+KpfZJtz6iIo8XRewwM6RSxbjWqO\niDeMXawqLwnyvc0GksfRjuVYPVTrCT3caIvRyjA3e49dq/zBE53m1Zf5tzLK5iE+\npI2a1L6m4NWBjbiq80ws576fuMGPHynB6iWQ3scvYlbz/9uKGAByKJAmLPY=\n-----END RSA PRIVATE KEY-----\n",
            "private_key_pem_pkcs8": "-----BEGIN PRIVATE KEY-----\nMIIJQgIBADANBgkqhkiG9w0BAQEFAASCCSwwggkoAgEAAoICAQDiCsJE53CiwbG8\nyLzw0OxXfGRN6hXfFVUk3j0PxR5b5alWYfjy427BnFs0Vwoqp2FdTEPuOJs4ZpIo\nm8mw41EMUC/RB6mOOD9pe5Z4zqCH0OurKQ7x1s1Bfs3GAITD8D0Rz330hQ3aXTer\nDlFNX+au6SuMfbvVXshl7B+8pLuKff3pK1vJP158Q4Sbck5Zi6033HriXv73IysM\nPcs7RjhTQRPsdmaU5UrqLy4m7KSrzygeUQ2iqXQiGJcfIoG+8DKa+WYiwEyrwBXS\nuXhwUl7zjpsaK/9YZuIlOn5kqIuSO6evjxQNBD5wW7W36x4IXTeDolwgrGT+CErr\nZpVC4J0XTRKbSCoUna0TSRzMxTQppJK3sf2JMCY7uGgO2j9NXLQEA0uGifgtb3pG\nFEEaRzPbZhIBFtAKT1Q29mGbJ0lQH0w2ednI+zOqblu66ujI2tgbqY2kmw8Dsm7g\nGnDOWJB8Y0i58jwq9QzVZMJME24uMoFWzyqtzfGYpAIq/T3lxwx6H6HGDy+jRMGj\nw8Ke8hkBH/Ci0ADAUC0nLoJas6HZfIZGL6J5GaJnVdW2iXd0QpQRbu8CvM5iiX0D\nKIyXsPkQhMCeuMT6XNcpIKji+UFSyLg54NseGtHAF8DXDgfACRQsma9vNcgW1Lvo\n5DhGz4KQHVndKSCNWQ0HvPSmI41V/QIDAQABAoICACAK8uWWImEsEIBIu4Hut+Yh\n980UtyN/0GlQyLqk0Iwp5wKcElCKHX/8JHCruwD3Z8W0Qzfwlc5due/gP6vf2XQj\npNeenLJQtmqDTr4S2m5OVy4U/K2bK88SROTB25A0DNAqx/ni56cSCktpFOzhQKAA\nZUA97aPOUx2hppEVEBHOkPEeCJ2jakc2wgRQJJusgXJXAqN24HFTrq1GUDo3ltH0\nenjNgvat91vxsrrpVmGVlOQRTNvHZjNUJY4QE/Dnd2EBJDGebW/2Y5GS4agYgSXJ\nDCMeZAzZzsqEu3iU7O4en0Nzhp3ewWQnl/+5qHD6l91E5YbrMUjSj55FlTidAx+P\na5On+oxv87UrpuPhgTtjtw/AjH/9VY61FxOuRmOiJfGnm0HlXM+XFIJ5ij7mKMJi\n1p2L1JsrrCozDoKzPxnD4rv8y555YZGy0fGksUSilbB8tlDrzgF4H+1nkX234nsK\nzIk8eIlQE6835BUwVNhNG663aVKpoYWWgQ2nt0+CPjD8xijbq3hLGZBeVNfn3EEC\n+dmSKSii0zW+Ii2gxboTmzSuJNi9gRLUNrHGFyi5kcy8fsOStLbXYftFEBZ2LebF\ndjo+a8EPKLACTu7PZfHIa6s8uSjUlpCdLB0MMiDOtW0cHLhb9vaBTgyQxfncUsYW\nyO4OJJqvevYwULFQJ9EJAoIBAQDjwy4qoo6EjTjB4X4voXHHVThx4EnYyKxHpsgl\n+6ESRxbUJWthZ4unkyH43QuVXK0vDjtiuR3iUrQe48TGh09Pj/m/AdWc8mUmBsdc\nxqCgGNJNpFEMj/8M6MEFfQ8P817vbwi82xuCU3SELoZROe01T2ru9MJzWOPvmir2\nn74FhKemtcfWMHWTe+x3sZGCKMR2qPJJKB1jukxh9+Vzb5ivYnS4pB4wLlPrGBsq\nmZHlkjqUg5xQLBClUtYxpTUJV4MBwCH9ykw/OUsXPVEze3+b+770L2oNNvHBtEha\nSMVUKv8P7d4b1sXQNRQ15tfpbAtopQtt2N8QKTB84sEjMW5pAoIBAQD+EPnSCqZ4\nIfqbZpwmV1Tg4sVGBJyL3WPwiXtonWy38Zsn+RY3PVbMODHgallDYsGS1mCYkGOs\nMF3HsH3a157PS19N/QpJpiEjqjsJuvq0WwzrDGTyqBGWWbUk0DhMWVRyNyyYnuF7\nY/fTYGnJZS6vuO+Lh9j2MSUvyIfMq0B6mnbUZyglhQSTzGjT/Ith1tkMNYWp17ZG\nbeua/alW5HlnzXwoAtfQBIcdoAv7sEAE4hYrEYEgcPrf1iPererJZ4kUOkzqws+1\nZNmNXZ948LQdwQ6VxsS8/H4WUe/SINfzF0UY5HJBI4RcSI7tqux7m9eufC7K0u6F\nk9lBFDZrSuB1AoIBADG4s0Rldl1jgwd4VZbKVM9iQE9D2nsz28BMnZcFJrWZxVcM\n0DNUan1rtlfg0Z2KvNfv8HDt3qNA0MeJi7SXZ24EDU5wdRStKf2yLyWGyxwILyj5\n/SOT7+b+jNzI31fpFkmI4MxxvMCnvWD50yK6VZl0u/BsiGKr/h6ZdlWeq9oCiqLv\nPi/5JkHLJOVAY3aZtcH9wd7MnhXeXrxoZLPdoeRvxvFkCp8UDgfdnFiha+NFF/rB\n/IbYB84/ljkCSuC+NQBV1FXWKu0Gcekh3q8xf7sqqxYdn7ZAz2gtFjp3dnSYalQs\n5ncHXOnGHKJjwbDYgGkY1rTlSlT52Pb6fZVUPjkCggEBAO3ohZcbJAFQiDSm5Ee+\n9ZtUnrhPLyyFlsUyaF5xM9IXq1vGEviNNs8rPAFSdN32Bx/yISgb5UnjTJ3mdiPM\nT0j74nXMIqsOpu+Xw4r8DTGAJVuhEpJrsXRh8o9Tb7SG3d3KLreH58s8tF+6Y7UU\nS6B/A8lb313CbXkORaPxJQLpy6ZgJqbjpYKlIfCIBxkKL9sP72c4uNXArqRHLiBQ\n+CKst7tb1i1TYBbsvOvlgj1QXMPds1XmlfWut44Yu8f3bNSFN2uKGyhYFKQc7G06\nsN8/3eGA7M+vfH54IaNZ3/4hZzHFEfxPPu2PgE+sA6BIMbKRVNvWo0ZwSTt4qvDT\nf9UCggEAaOR3dtgAN1N+PRj8qvhwpPgKzqJFsYHXrsAalwJInneX9u0rfCHckhjG\nJgkd9iFdj304oMWi3WV8plWXCubImgHgVCKsF4gXYWJtbm6xlyZ/4CMfBSyTbI1I\nY7xey02BKHtkfpYrry2Dbm6Lp5MKKdFBZJ4djuYVu7HrWGaW6kbmR1ihsg05oOwP\n1xkohOD4ql9km3PqIijxdF7DAzpFLFuNao6IN4xdrCovCfK9zQaSx9GO5Vg9VOsJ\nPdxoi9HKMDd7j12r/METnebVl/m3MsrmIT6kjZrUvqbg1YGNuKrzTCznvp+4wY8f\nKcHqJZDexy9iVvP/24oYAHIokCYs9g==\n-----END PRIVATE KEY-----\n",
            "public_key_fingerprint_md5": "e2:9f:59:e2:6a:90:66:78:34:3d:3f:25:50:d3:93:04",
            "public_key_fingerprint_sha256": "SHA256:Gq1peKjFPGYxeWF8fzoAGetfGRi35RBrDRU6msbj9EU",
            "public_key_openssh": "ssh-rsa AAAAB3NzaC1yc2EAAAADAQABAAACAQDiCsJE53CiwbG8yLzw0OxXfGRN6hXfFVUk3j0PxR5b5alWYfjy427BnFs0Vwoqp2FdTEPuOJs4ZpIom8mw41EMUC/RB6mOOD9pe5Z4zqCH0OurKQ7x1s1Bfs3GAITD8D0Rz330hQ3aXTerDlFNX+au6SuMfbvVXshl7B+8pLuKff3pK1vJP158Q4Sbck5Zi6033HriXv73IysMPcs7RjhTQRPsdmaU5UrqLy4m7KSrzygeUQ2iqXQiGJcfIoG+8DKa+WYiwEyrwBXSuXhwUl7zjpsaK/9YZuIlOn5kqIuSO6evjxQNBD5wW7W36x4IXTeDolwgrGT+CErrZpVC4J0XTRKbSCoUna0TSRzMxTQppJK3sf2JMCY7uGgO2j9NXLQEA0uGifgtb3pGFEEaRzPbZhIBFtAKT1Q29mGbJ0lQH0w2ednI+zOqblu66ujI2tgbqY2kmw8Dsm7gGnDOWJB8Y0i58jwq9QzVZMJME24uMoFWzyqtzfGYpAIq/T3lxwx6H6HGDy+jRMGjw8Ke8hkBH/Ci0ADAUC0nLoJas6HZfIZGL6J5GaJnVdW2iXd0QpQRbu8CvM5iiX0DKIyXsPkQhMCeuMT6XNcpIKji+UFSyLg54NseGtHAF8DXDgfACRQsma9vNcgW1Lvo5DhGz4KQHVndKSCNWQ0HvPSmI41V/Q==\n",
            "public_key_pem": "-----BEGIN PUBLIC KEY-----\nMIICIjANBgkqhkiG9w0BAQEFAAOCAg8AMIICCgKCAgEA4grCROdwosGxvMi88NDs\nV3xkTeoV3xVVJN49D8UeW+WpVmH48uNuwZxbNFcKKqdhXUxD7jibOGaSKJvJsONR\nDFAv0Qepjjg/aXuWeM6gh9DrqykO8dbNQX7NxgCEw/A9Ec999IUN2l03qw5RTV/m\nrukrjH271V7IZewfvKS7in396StbyT9efEOEm3JOWYutN9x64l7+9yMrDD3LO0Y4\nU0ET7HZmlOVK6i8uJuykq88oHlENoql0IhiXHyKBvvAymvlmIsBMq8AV0rl4cFJe\n846bGiv/WGbiJTp+ZKiLkjunr48UDQQ+cFu1t+seCF03g6JcIKxk/ghK62aVQuCd\nF00Sm0gqFJ2tE0kczMU0KaSSt7H9iTAmO7hoDto/TVy0BANLhon4LW96RhRBGkcz\n22YSARbQCk9UNvZhmydJUB9MNnnZyPszqm5buuroyNrYG6mNpJsPA7Ju4BpwzliQ\nfGNIufI8KvUM1WTCTBNuLjKBVs8qrc3xmKQCKv095ccMeh+hxg8vo0TBo8PCnvIZ\nAR/wotAAwFAtJy6CWrOh2XyGRi+ieRmiZ1XVtol3dEKUEW7vArzOYol9AyiMl7D5\nEITAnrjE+lzXKSCo4vlBUsi4OeDbHhrRwBfA1w4HwAkULJmvbzXIFtS76OQ4Rs+C\nkB1Z3SkgjVkNB7z0piONVf0CAwEAAQ==\n-----END PUBLIC KEY-----\n",
            "rsa_bits": 4096
          },
          "sensitive_attributes": [
            [
              {
                "type": "get_attr",
                "value": "private_key_pem_pkcs8"
              }
            ],
            [
              {
                "type": "get_attr",
                "value": "private_key_pem"
              }
            ],
            [
              {
                "type": "get_attr",
                "value": "private_key_openssh"
              }
            ]
          ]
        }
      ]
    }
  ],
  "check_results": null
}
