{
  "version": 4,
  "terraform_version": "1.11.4",
  "serial": 10628,
  "lineage": "7533d789-0b13-1942-6022-bc3628f068e8",
  "outputs": {
    "backend_cert_arn": {
      "value": "arn:aws:acm:us-east-1:904233103130:certificate/32163bd0-0102-40fd-9b7a-595c277baee8",
      "type": "string"
    },
    "backend_east_ip": {
      "value": "13.222.29.205",
      "type": "string"
    },
    "backend_west_ip": {
      "value": "52.53.193.48",
      "type": "string"
    },
    "ec2_private_key_pem": {
      "value": "-----BEGIN RSA PRIVATE KEY-----\nMIIJKQIBAAKCAgEArZuCeztYrAS2unDPHjqy0QD9GIRYS+eWjZ7qBJSVjDMmAWPi\nz6uJY1kyUmd5sCj8nid++60ldPmXmwDEEjaDvVpdplkByNVK53wD8lAIYD0jlMpj\n7NJtEiHf8zEv+4efRxS3ay9j6QWgmbQKu7XtBA7pFShx7Vd0TPJSe0IeJgoG9ond\n9EpNUv8w2ZN9gtjYwR4ItjDIxm7VL5EZfMaA0ZiLUtyL5Qapx8DYufJT00NZsoh+\nylEJUENkaYZNVkY7mIRCBI54DV3tVqNVvYXPITDQ2T54dpE4ar8s44JXtFFVY2Y8\nbWAcP1vatcdUN7cblfDR6oKhuDppxSRPkeN5tRenIwav8cvlNwrpBKEVIEiPv6JN\np2DJ9X5kQhQV9UulSTGm1sNwSzXHPoETUof9Yz0ZOTQeB4x2t+9pENTLsroQE2B5\nifQAXxV9ghCLn/H2PQJ9K3IaL4szVsWdsmsl2Z3NQQLxDaC4JnxNWViqUQ9jq68L\nCw2vvlluNo2KBA+4rF8MRnazCjEHHh94dhuP/53IV5cDAgOfguaLCxGKq4gmqM5H\nV4Ss4R6lrtqCdPQYdKiKwNK54kVN8tMVo3qQp61pNosp3Z5iKHBUMVjEq4lAbJxT\n9JR4bgxbreWvo2RofvVnqispYAC7/HrEYYn73dDg0dEn69CX2R93yxXYQTkCAwEA\nAQKCAgAXX/DZlswBnUDdKYM5lr2s1m09d9RLpArpVpQ7uaXJErnzRfer7nS5I7Fa\n1wPTbDFXOgom6NE6RsDa5eeAbEagoCIr26AZ4l4LfO8rGQuHqbO4vOdnY427+0Ok\nAuNrAn+3mlp33BGftlpBV7R6Qax/92H6r09nnXbTRW1Fm0lj5cW6PCXeVoLCwglZ\nwjoL/BZzKhASN89QqGub0/WSj0eY8OkRZxCO7a6+boC/yJjwwQi6uRYZN4ABhpFm\ng+a1zw8HIgehhW00n4jtOWC5++I/ncsA9SBTFop6FPN+TnZwmOLeV02bjG1BOqTg\nBM6aEdVtAtfAs4YCwBqtqI3uHqqsNm632jYWq33JLmG8ruwSqp7v0SbotvUH6BtH\n3eMMGIn5UdXmIqArRCOSri2kyK8ARN0LmfR32f/11DryFSdmB15k1g9Z3K8fQiDA\nYYncaFeCCQvASCKeDLRbIaeRJixAMS57hCE5dOXEgnTGHJtF4ny+4NIAah9T+EJG\nkSX/BHxMZjhSCUmdpID3HpChvdkJHUyn2w1ffxjFdmN3OLo+jD/HTGc/7wDycWTn\nP8tOULbrsqhyeEAaJO4mj4/Fenzt+RnsH8qpnKHv40NnGqKemoPRagInzswnmIHD\nolSTkbSC8rTHwogUrW3KmZj9IafS3cNGIo7xGprm9T5iDKPVgQKCAQEA4uFw4WJi\nvsHSG2R8ruvrTzt26UxyEwt15Bz5dfuOKOFIWXu9wgAvANNqxhjVCXPdTEeEMOAl\n0mtyyD3OwWDjdejttgSoJH8z2/AVA+oPVXjXErRVnwyvYjJyCdXdtlDEznEZxyJY\n+osvhxge3KafXsxEgbsOoZoQE2ONUL1ZGpkdiXHHF3eYwJnQgIVGH02V0/jvb2xh\ndkza2DBZVCcMREF/76JNCy+RKwjVRO3iw3jYvWUTTPPGrKuHMsCZX7rkP2o5onR4\nLgAKR9bTo0w6ZSwDC1dbD1kLiUlbWXZJUudSntLiStFjVkz42BfNbDOuUbgNLvw1\nM664huQBZTMDzQKCAQEAw+OvkNKF9CzGS1el3fJi920MJLvCA8V+hnU9NgpUskGD\nK7614tnGNPxy5XE8jnEgK9laSvTzpHb3gw5Llr1Xxf9WRsRCtXtAio2V1N0KZZob\n4exOof8p1zyL5izxUc2zoxGDw3HwHqezpN22YfrNX78NMe3GOX7f9CnLuF+UI+j9\neGWSltQxNB9yTjA4Jx3Fvvdo3AGMdlZ4RN6X2w4AF50bhN3HN8gBNCdkPYrgwNWP\nG4jdi7vTgEGJKyxG2RUcnGr+BQ8tD387BOJCJYWiqP/fw/GjePBQ+D1fMbN+jpnf\nTjvRLhmTmWtMw0uZnCEttcFfgNWABqEh+/2kswcfHQKCAQEAlKKrKA0jseMaufVo\nNdS7USoc6hS5+z4b2vkceS33YVLN6knF9G3YXUskfWlRUCMHDO0hbj+6p5LbHNJZ\nPJk0C1AxQ3jjix2GpQUxT2Is74r+I/Pe0BcoY0W3LjhdSw65EKJKCAq5jlJXLcMg\nnN/QMvPRwcgBet+KvpkOwKF72ZAMKLpQe1BP04YxcbFeUi2rBbblbfLsGuuYx99M\n9nOqdqEOpriGjth322CrD8BlOjhWjiXEsjpWo1KwfRBuqqeu1tjJr2NsRH6kPZJB\nDo9nBlcCG5D8SB7HDwbvALocqWKA3yo7NFbfJG/C6xcU7lkhT8orYOe8FwLVQxHm\n1BzK1QKCAQEAusXiBOylqh3y561nSgqtEAsaU//tyhjJPbyVI2yQOvI59kC9PdG0\nqZq2lkv0mEAGk6iG7gdGM173Oi8sJUrdYLzHb2v7yvv8mt7KqI4lNqDMywm8I7ue\nEkn5ffsGEKBYEjhF8Nk3QJNXtu9q0VsH7K3GEAANS47MTAp54o7HOcIRw3TdYxBo\n5bDCFQjm0W0SubU+dt7HJaHmxIuUMNnVfq5eqb2oEGiTtT2F1yQOje5Rp8hErNHm\npFhYSCDMYHk/sWhWUU6aATend02gEhSr9gUaPsKrwkkoerhRhpsFJURTZU2lchYS\n5GopY+A2U2ZTJgR9YeKvUiLau2CpY8V7hQKCAQBKpwRLV6BtZcGaYJBF4hNH2+0s\ntpbJUuAOGIynSi/TWiQ1Du6EmQP8Wegoicbk8GUIhQxZmupKq21duzdoEZVBmb3W\n4KdOV5PB+NmgVAf0TJVp2s5RW7B9zjSv3W66W+CZGZuktawLRikS3WTERfIsaMQ7\n63+lqN/XHs3KDqnslx5P1TVHm2BV0FhUn7QuIJVH12t5Oby69dJGnugblIfC4zu5\nRyH24cP/zE1jTno8yEBpk1UUzoNjkrulxygQnjLBQ/rcN41CY7G9NljaJ956Lg3g\n/CTszuXWOOJT+uLVuSTrwmWkg1aVjUvtQMXNCZuLTjg0klhles7q/bfIVEFc\n-----END RSA PRIVATE KEY-----\n",
      "type": "string",
      "sensitive": true
    },
    "frontend_east_ip": {
      "value": "34.237.137.172",
      "type": "string"
    },
    "frontend_west_ip": {
      "value": "54.67.17.205",
      "type": "string"
    },
    "nameservers_to_set": {
      "value": [
        "ns-132.awsdns-16.com",
        "ns-1322.awsdns-37.org",
        "ns-1779.awsdns-30.co.uk",
        "ns-880.awsdns-46.net"
      ],
      "type": [
        "list",
        "string"
      ]
    },
    "private_key_pem": {
      "value": "-----BEGIN RSA PRIVATE KEY-----\nMIIJKgIBAAKCAgEAtrjmzlANj3Kz2Nh2lpI6sRoDqgO/2C8zR1juoeBwfv2x1BF/\nrBIHQPHJoaRlSKdQmzVfxureX+0fgltElgl5DnYENKF6Q8Ueo3v9BkKzN68CEPJY\nz93FuXv74UsnYmmosFmeoN8bRakVwPl3lMRccc9c19gbNzUb2CFo2w9yKziFY8cu\ndXqbyOduW1UW7K4F8dJR5ThoeVl9yEqptNkaw3/R7tbYiVcfWU2R7U4k8IlrguHX\nQrsHUtnaU1eZE3XsK+PrKkaP5kEpB2/dFOSyB8XwH5sK/P1G6QWvGXAqUXN4qooa\neSyDk4VBZyKYeOyPpo6O5CwQ/8O4ho2Td5/ZFWRO+dI9tpnJ8w1Yy22MJdOAXveA\nUDDD4GT5pRZ41rauzRNO/iLmLr10reRVvlYTkln4e472umxzyqFa6RIPJFkW+Czi\nYUTH88H33vWOb4XNJpoTlk2HBJ0hGqGF9nmHa4vY0+WLMQ3PB1lsfjqqRe+1xjMm\nOTwDRF9/TB+DYyBMCtHotg3bBwZNYMwxUSLRPUV/vNbunGXcvuzv6t7tfbVzgN5m\nY35Lp8W+YfzvONJ8r2Y/Wjwn/7VLt2rPO79BNp7CTYFtowaT4v46ciFWbqRXiZBW\nMqtxRhPrZvv30i6/WgknonxC+bG3vgEuCJ+HdUjkkWAwDy4g6yvDTL4xm0kCAwEA\nAQKCAgAXMo/I2xRxpQIMsmSR1qRBZjhXXgz91PY5ZWK8ZepaUPqB3ivbjFlj5x5u\nWVjreaRr5AGSFzDetFPHAK/LLY4zJgwAI40KbAzo+/2CTTcEB4GnZaEdWL44v3MZ\npeks3xWlt+cB7PlBJYeHvZQvLKPA5i7XD05bOrCbhphRkVsw/ga/RWMSUpvTDICv\n8zRLHYfPLOCtTXVEDLbBlisH9PUnI0Pjgt6wRwGJnKW9Xymk6Qlfby0dQXHbVKGZ\naZpbRGIUq2WocxdjR9v93/eNJsCsaHaFCLHDLyOQw2I4xEr3FsYXvptATYSx1p3Y\nSmXZmkzdfCVLdgW9dttnJ7O0YPSWAeAlgiBiXbbGbyYNVoLWcpMTVTIMpSS7pHRR\np9gKRYRundARCx50TbiZhPGxZLRKn2e5EqqftJ7SxXT1G2WyzTwt/rv4CD5/wuZJ\nSamEz/j+gIhv2gal4R/XLGzDO3l9c2RiP0R6PRzLB/yb5I6bopWWW5LoivvzI9XU\nD/5+gCKWoCDTWVnr1YAUXL5SJVmMGD9eFTL4Tw6sadec2yxTOBgJAI8i8WkHOFrB\nX/kV9P+Wat43t5XAGvgsJBMLt4ZbT/eNadFuBny1/JRiLeAZt1hmXtHgYg7ElvaJ\n0CAikx8uHsTPWxXQHCsscLRgont47MaC4J0+/ZzykTA1pi+29QKCAQEA54XmaFYy\nou/ytFszqEk6ZfwbFrv1HaPh1Qq8wgW/jEx8JQUYn3lPO11zHAfuDsmUGfXyAdNt\nkcwWDXdGmb1IXE1Je3BYN2P1RgX38a/O0Aopfjnfucufl1fg2Lk/ql16NJVCECYv\nw35SzFTczLifFR/SIlvNtMmhRfKOk+2ROmexzlvZVeVj63y00DCHlbvknXIMiuAH\nz5iXTcGI4MXHfEqSxlKyorNIuoVeg0K2tnmyA1YoNLxh+kBidly2Op6yogyqclPw\nhhhVKum7XX9QWFkPTkBp7rPSfkTJsvGclfFcfR8m/Q1fZBFdp5+6A5nrFwZZ67O3\nnlmJr+vftxwOlQKCAQEAygo5PhvmFNS4VDzAvopzFIylCTU4BBc5bIcdblPPmrpu\ntP4QlVMnNVOoq4tg1r2WWtRJGFnJgSBKKiGpXdeIp05s2AufXzu7zAaSrE8aIywK\nSNPwo1TgpiLQWT5SPFiVBDmyShtyDamJYd3AXKT6m2F8zXwKuBPnVcuKqunPUyur\nFt/OeaFHtbx4DYz+g3RkLYUVJVdS+vyghn8a4tmxw629Dd2B/wiSUqT2/eD4aTU+\npbZi+tBmSX4zscY9qBPg84l6/LyNES2/3HUc0MUP7gI5g85pKk0khK+VImGAHhXJ\n25okt9dIwKNB+kG05RtlKFL6Rqzz5lT8g2zRluJQ5QKCAQEAw01c098C0BgBcMsO\nhINhU+6bG05qsxovwvtPx4v5zWwnvULTRpOalsV5+MdntemtmUizYX7tCvRSFgHr\n+HyHsfUwa4SVpgQYP32BbsuTdkNcRTKk26I9efmTnr6GSjyYfgr6s4zC9fJ1/hAI\nQlnrOHKjXIB8wmjkNpEqXPcmb1JR13X7nE3pQBjunkCR32mkrHwswGnDrQdXeywr\nPxEX+m0d61aPglgindUrqSZ54uw9kjr3p6TSMbxmUtpajpCYt8JfdhoA591W2uBY\nQcLID/7wvl3v/oCKrCFy1BSktofoMVQ6G3VQZqWPj3tZ+ve4LLAa4o2z80wsrc4X\n5esxEQKCAQEAkBBoLtRf5FymL1K+sV8xneaHy6AKGEijJrLVlpTmhNMJG7/J/WA0\npf7IV8HjxFudeZjDojxrxcpLd+1WwlZs17fBPvBSrOqAB4RsU7d30LqXfsS5Yw2j\nvnM2k1wv8V3MrB2j9tnJItrP3lvrzWPKWr9R6YfYcNeobfHcJ/DeZ9TMg1wE84+/\n/WOtSyRNW1jEEf1CTcUNo3A92omJl1ZZPkmFc/yNtFfdVlbQ08j1+LcBu9HolCXD\nugXmQI416sJ59c4DR3H/OM+hbkaHzImnyTQG5Ohq7sHhF0fIFKLnYwxwSkmIgxpc\ngxgmdJcjsPYu1GkOkxTCOWxCPkh6zpcDzQKCAQEAvP4aGhQLPUkrsvGFgyuogKBP\nRtwjaA3+FB5CgPS1P6kpOabmFSR/vzAjMNLYcW7UczBAQ1s6Jk+Uqd1Llkb3i1F8\nOngTT9eomTp1Nn5wbJozipJiUxaFsMEV9dyRa/rDBn1YXXrF3QjYnFrjsirRdhT9\nPtfpb20/ciK6iQM1E/J5bsZcb9Y9ZYySIcw6r6j4KYt4IOu0RN3XAh9IwunQGjVy\nm6ZjbHZCDZ+yzOpAcNn9BpSZ/4lnAoluWgCX0DmAeYDmQZlCkPZjJYbB+zE8spn5\nENrXC5v++tIbP2bDgpLwhK96F6zasjNwwdSQyFcaEIi5nraaYBF+obelOoxMHA==\n-----END RSA PRIVATE KEY-----\n",
      "type": "string",
      "sensitive": true
    },
    "public_nameservers": {
      "value": [
        "ns-1673.awsdns-17.co.uk",
        "ns-711.awsdns-24.net",
        "ns-128.awsdns-16.com",
        "ns-1389.awsdns-45.org"
      ],
      "type": [
        "list",
        "string"
      ]
    },
    "public_zone_id": {
      "value": "Z01156203MH5V3NVDCNYO",
      "type": "string"
    }
  },
  "resources": [
    {
      "mode": "data",
      "type": "aws_ami",
      "name": "al2_east",
      "provider": "provider[\"registry.terraform.io/hashicorp/aws\"].primary",
      "instances": [
        {
          "schema_version": 0,
          "attributes": {
            "architecture": "x86_64",
            "arn": "arn:aws:ec2:us-east-1::image/ami-0e95a5e2743ec9ec9",
            "block_device_mappings": [
              {
                "device_name": "/dev/xvda",
                "ebs": {
                  "delete_on_termination": "true",
                  "encrypted": "false",
                  "iops": "0",
                  "snapshot_id": "snap-05d65fb778304569a",
                  "throughput": "0",
                  "volume_initialization_rate": "0",
                  "volume_size": "8",
                  "volume_type": "gp2"
                },
                "no_device": "",
                "virtual_name": ""
              }
            ],
            "boot_mode": "",
            "creation_date": "2025-08-16T04:54:06.000Z",
            "deprecation_time": "2025-11-14T04:54:00.000Z",
            "description": "Amazon Linux 2 AMI 2.0.20250818.2 x86_64 HVM gp2",
            "ena_support": true,
            "executable_users": null,
            "filter": [
              {
                "name": "name",
                "values": [
                  "amzn2-ami-hvm-*-x86_64-gp2"
                ]
              }
            ],
            "hypervisor": "xen",
            "id": "ami-0e95a5e2743ec9ec9",
            "image_id": "ami-0e95a5e2743ec9ec9",
            "image_location": "amazon/amzn2-ami-hvm-2.0.20250818.2-x86_64-gp2",
            "image_owner_alias": "amazon",
            "image_type": "machine",
            "imds_support": "",
            "include_deprecated": false,
            "kernel_id": "",
            "last_launched_time": "",
            "most_recent": true,
            "name": "amzn2-ami-hvm-2.0.20250818.2-x86_64-gp2",
            "name_regex": null,
            "owner_id": "137112412989",
            "owners": [
              "amazon"
            ],
            "platform": "",
            "platform_details": "Linux/UNIX",
            "product_codes": [],
            "public": true,
            "ramdisk_id": "",
            "root_device_name": "/dev/xvda",
            "root_device_type": "ebs",
            "root_snapshot_id": "snap-05d65fb778304569a",
            "sriov_net_support": "simple",
            "state": "available",
            "state_reason": {
              "code": "UNSET",
              "message": "UNSET"
            },
            "tags": {},
            "timeouts": null,
            "tpm_support": "",
            "uefi_data": null,
            "usage_operation": "RunInstances",
            "virtualization_type": "hvm"
          },
          "sensitive_attributes": []
        }
      ]
    },
    {
      "mode": "data",
      "type": "aws_ami",
      "name": "ubuntu_east",
      "provider": "provider[\"registry.terraform.io/hashicorp/aws\"].primary",
      "instances": [
        {
          "schema_version": 0,
          "attributes": {
            "architecture": "x86_64",
            "arn": "arn:aws:ec2:us-east-1::image/ami-0bbdd8c17ed981ef9",
            "block_device_mappings": [
              {
                "device_name": "/dev/sda1",
                "ebs": {
                  "delete_on_termination": "true",
                  "encrypted": "false",
                  "iops": "0",
                  "snapshot_id": "snap-044c7fd1c01a7978c",
                  "throughput": "0",
                  "volume_initialization_rate": "0",
                  "volume_size": "8",
                  "volume_type": "gp2"
                },
                "no_device": "",
                "virtual_name": ""
              },
              {
                "device_name": "/dev/sdb",
                "ebs": {},
                "no_device": "",
                "virtual_name": "ephemeral0"
              },
              {
                "device_name": "/dev/sdc",
                "ebs": {},
                "no_device": "",
                "virtual_name": "ephemeral1"
              }
            ],
            "boot_mode": "uefi-preferred",
            "creation_date": "2025-08-22T06:58:58.000Z",
            "deprecation_time": "2027-08-22T06:58:58.000Z",
            "description": "Canonical, Ubuntu, 22.04, amd64 jammy image",
            "ena_support": true,
            "executable_users": null,
            "filter": [
              {
                "name": "name",
                "values": [
                  "ubuntu/images/hvm-ssd/ubuntu-jammy-22.04-amd64-server-*"
                ]
              }
            ],
            "hypervisor": "xen",
            "id": "ami-0bbdd8c17ed981ef9",
            "image_id": "ami-0bbdd8c17ed981ef9",
            "image_location": "amazon/ubuntu/images/hvm-ssd/ubuntu-jammy-22.04-amd64-server-20250822",
            "image_owner_alias": "amazon",
            "image_type": "machine",
            "imds_support": "",
            "include_deprecated": false,
            "kernel_id": "",
            "last_launched_time": "",
            "most_recent": true,
            "name": "ubuntu/images/hvm-ssd/ubuntu-jammy-22.04-amd64-server-20250822",
            "name_regex": null,
            "owner_id": "099720109477",
            "owners": [
              "099720109477"
            ],
            "platform": "",
            "platform_details": "Linux/UNIX",
            "product_codes": [],
            "public": true,
            "ramdisk_id": "",
            "root_device_name": "/dev/sda1",
            "root_device_type": "ebs",
            "root_snapshot_id": "snap-044c7fd1c01a7978c",
            "sriov_net_support": "simple",
            "state": "available",
            "state_reason": {
              "code": "UNSET",
              "message": "UNSET"
            },
            "tags": {},
            "timeouts": null,
            "tpm_support": "",
            "uefi_data": null,
            "usage_operation": "RunInstances",
            "virtualization_type": "hvm"
          },
          "sensitive_attributes": []
        }
      ]
    },
    {
      "mode": "data",
      "type": "aws_ami",
      "name": "ubuntu_west",
      "provider": "provider[\"registry.terraform.io/hashicorp/aws\"].secondary",
      "instances": [
        {
          "schema_version": 0,
          "attributes": {
            "architecture": "x86_64",
            "arn": "arn:aws:ec2:us-west-1::image/ami-0ddac4b9aed8d5d46",
            "block_device_mappings": [
              {
                "device_name": "/dev/sda1",
                "ebs": {
                  "delete_on_termination": "true",
                  "encrypted": "false",
                  "iops": "0",
                  "snapshot_id": "snap-0f1445fa56f76f7df",
                  "throughput": "0",
                  "volume_initialization_rate": "0",
                  "volume_size": "8",
                  "volume_type": "gp2"
                },
                "no_device": "",
                "virtual_name": ""
              },
              {
                "device_name": "/dev/sdb",
                "ebs": {},
                "no_device": "",
                "virtual_name": "ephemeral0"
              },
              {
                "device_name": "/dev/sdc",
                "ebs": {},
                "no_device": "",
                "virtual_name": "ephemeral1"
              }
            ],
            "boot_mode": "uefi-preferred",
            "creation_date": "2025-08-22T06:58:33.000Z",
            "deprecation_time": "2027-08-22T06:58:33.000Z",
            "description": "Canonical, Ubuntu, 22.04, amd64 jammy image",
            "ena_support": true,
            "executable_users": null,
            "filter": [
              {
                "name": "name",
                "values": [
                  "ubuntu/images/hvm-ssd/ubuntu-jammy-22.04-amd64-server-*"
                ]
              }
            ],
            "hypervisor": "xen",
            "id": "ami-0ddac4b9aed8d5d46",
            "image_id": "ami-0ddac4b9aed8d5d46",
            "image_location": "amazon/ubuntu/images/hvm-ssd/ubuntu-jammy-22.04-amd64-server-20250822",
            "image_owner_alias": "amazon",
            "image_type": "machine",
            "imds_support": "",
            "include_deprecated": false,
            "kernel_id": "",
            "last_launched_time": "",
            "most_recent": true,
            "name": "ubuntu/images/hvm-ssd/ubuntu-jammy-22.04-amd64-server-20250822",
            "name_regex": null,
            "owner_id": "099720109477",
            "owners": [
              "099720109477"
            ],
            "platform": "",
            "platform_details": "Linux/UNIX",
            "product_codes": [],
            "public": true,
            "ramdisk_id": "",
            "root_device_name": "/dev/sda1",
            "root_device_type": "ebs",
            "root_snapshot_id": "snap-0f1445fa56f76f7df",
            "sriov_net_support": "simple",
            "state": "available",
            "state_reason": {
              "code": "UNSET",
              "message": "UNSET"
            },
            "tags": {},
            "timeouts": null,
            "tpm_support": "",
            "uefi_data": null,
            "usage_operation": "RunInstances",
            "virtualization_type": "hvm"
          },
          "sensitive_attributes": []
        }
      ]
    },
    {
      "mode": "data",
      "type": "aws_caller_identity",
      "name": "current",
      "provider": "provider[\"registry.terraform.io/hashicorp/aws\"]",
      "instances": [
        {
          "schema_version": 0,
          "attributes": {
            "account_id": "904233103130",
            "arn": "arn:aws:iam::904233103130:user/Terraform_User",
            "id": "904233103130",
            "user_id": "AIDA5FCD6F4NBMTKVC4ME"
          },
          "sensitive_attributes": []
        }
      ]
    },
    {
      "mode": "data",
      "type": "aws_iam_policy_document",
      "name": "ec2_assume",
      "provider": "provider[\"registry.terraform.io/hashicorp/aws\"]",
      "instances": [
        {
          "schema_version": 0,
          "attributes": {
            "id": "1443847869",
            "json": "{\n  \"Version\": \"2012-10-17\",\n  \"Statement\": [\n    {\n      \"Effect\": \"Allow\",\n      \"Action\": \"sts:AssumeRole\",\n      \"Principal\": {\n        \"Service\": \"ec2.amazonaws.com\"\n      }\n    }\n  ]\n}",
            "minified_json": "{\"Version\":\"2012-10-17\",\"Statement\":[{\"Effect\":\"Allow\",\"Action\":\"sts:AssumeRole\",\"Principal\":{\"Service\":\"ec2.amazonaws.com\"}}]}",
            "override_json": null,
            "override_policy_documents": null,
            "policy_id": null,
            "source_json": null,
            "source_policy_documents": null,
            "statement": [
              {
                "actions": [
                  "sts:AssumeRole"
                ],
                "condition": [],
                "effect": "Allow",
                "not_actions": [],
                "not_principals": [],
                "not_resources": [],
                "principals": [
                  {
                    "identifiers": [
                      "ec2.amazonaws.com"
                    ],
                    "type": "Service"
                  }
                ],
                "resources": [],
                "sid": ""
              }
            ],
            "version": "2012-10-17"
          },
          "sensitive_attributes": []
        }
      ]
    },
    {
      "mode": "data",
      "type": "aws_iam_policy_document",
      "name": "sns_budgets_ce",
      "provider": "provider[\"registry.terraform.io/hashicorp/aws\"]",
      "instances": [
        {
          "schema_version": 0,
          "attributes": {
            "id": "818439342",
            "json": "{\n  \"Version\": \"2012-10-17\",\n  \"Statement\": [\n    {\n      \"Sid\": \"AllowBudgetsPublish\",\n      \"Effect\": \"Allow\",\n      \"Action\": \"SNS:Publish\",\n      \"Resource\": \"arn:aws:sns:us-east-1:904233103130:prod-alerts-global\",\n      \"Principal\": {\n        \"Service\": \"budgets.amazonaws.com\"\n      }\n    },\n    {\n      \"Sid\": \"AllowCEAnomalyPublish\",\n      \"Effect\": \"Allow\",\n      \"Action\": \"SNS:Publish\",\n      \"Resource\": \"arn:aws:sns:us-east-1:904233103130:prod-alerts-global\",\n      \"Principal\": {\n        \"Service\": \"ce.amazonaws.com\"\n      }\n    }\n  ]\n}",
            "minified_json": "{\"Version\":\"2012-10-17\",\"Statement\":[{\"Sid\":\"AllowBudgetsPublish\",\"Effect\":\"Allow\",\"Action\":\"SNS:Publish\",\"Resource\":\"arn:aws:sns:us-east-1:904233103130:prod-alerts-global\",\"Principal\":{\"Service\":\"budgets.amazonaws.com\"}},{\"Sid\":\"AllowCEAnomalyPublish\",\"Effect\":\"Allow\",\"Action\":\"SNS:Publish\",\"Resource\":\"arn:aws:sns:us-east-1:904233103130:prod-alerts-global\",\"Principal\":{\"Service\":\"ce.amazonaws.com\"}}]}",
            "override_json": null,
            "override_policy_documents": null,
            "policy_id": null,
            "source_json": null,
            "source_policy_documents": null,
            "statement": [
              {
                "actions": [
                  "SNS:Publish"
                ],
                "condition": [],
                "effect": "Allow",
                "not_actions": [],
                "not_principals": [],
                "not_resources": [],
                "principals": [
                  {
                    "identifiers": [
                      "budgets.amazonaws.com"
                    ],
                    "type": "Service"
                  }
                ],
                "resources": [
                  "arn:aws:sns:us-east-1:904233103130:prod-alerts-global"
                ],
                "sid": "AllowBudgetsPublish"
              },
              {
                "actions": [
                  "SNS:Publish"
                ],
                "condition": [],
                "effect": "Allow",
                "not_actions": [],
                "not_principals": [],
                "not_resources": [],
                "principals": [
                  {
                    "identifiers": [
                      "ce.amazonaws.com"
                    ],
                    "type": "Service"
                  }
                ],
                "resources": [
                  "arn:aws:sns:us-east-1:904233103130:prod-alerts-global"
                ],
                "sid": "AllowCEAnomalyPublish"
              }
            ],
            "version": "2012-10-17"
          },
          "sensitive_attributes": []
        }
      ]
    },
    {
      "mode": "data",
      "type": "aws_kms_alias",
      "name": "rds_default_dr",
      "provider": "provider[\"registry.terraform.io/hashicorp/aws\"].secondary",
      "instances": [
        {
          "schema_version": 0,
          "attributes": {
            "arn": "arn:aws:kms:us-west-1:904233103130:alias/aws/rds",
            "id": "arn:aws:kms:us-west-1:904233103130:alias/aws/rds",
            "name": "alias/aws/rds",
            "target_key_arn": "arn:aws:kms:us-west-1:904233103130:key/fe04ac09-e9d3-4a8d-8a0d-f081e08632c6",
            "target_key_id": "fe04ac09-e9d3-4a8d-8a0d-f081e08632c6"
          },
          "sensitive_attributes": []
        }
      ]
    },
    {
      "mode": "data",
      "type": "aws_route53_zone",
      "name": "public",
      "provider": "provider[\"registry.terraform.io/hashicorp/aws\"]",
      "instances": [
        {
          "schema_version": 0,
          "attributes": {
            "arn": "arn:aws:route53:::hostedzone/Z01156203MH5V3NVDCNYO",
            "caller_reference": "RISWorkflow-RD:9bdd309b-c595-4218-b510-e12ed05d453a",
            "comment": "HostedZone created by Route53 Registrar",
            "id": "Z01156203MH5V3NVDCNYO",
            "linked_service_description": null,
            "linked_service_principal": null,
            "name": "pietroruoppolo.club",
            "name_servers": [
              "ns-1673.awsdns-17.co.uk",
              "ns-711.awsdns-24.net",
              "ns-128.awsdns-16.com",
              "ns-1389.awsdns-45.org"
            ],
            "primary_name_server": "ns-1673.awsdns-17.co.uk",
            "private_zone": false,
            "resource_record_set_count": 7,
            "tags": {},
            "vpc_id": null,
            "zone_id": "Z01156203MH5V3NVDCNYO"
          },
          "sensitive_attributes": []
        }
      ]
    },
    {
      "mode": "data",
      "type": "aws_route53_zone",
      "name": "this",
      "provider": "provider[\"registry.terraform.io/hashicorp/aws\"]",
      "instances": [
        {
          "schema_version": 0,
          "attributes": {
            "arn": "arn:aws:route53:::hostedzone/Z01156203MH5V3NVDCNYO",
            "caller_reference": "RISWorkflow-RD:9bdd309b-c595-4218-b510-e12ed05d453a",
            "comment": "HostedZone created by Route53 Registrar",
            "id": "Z01156203MH5V3NVDCNYO",
            "linked_service_description": null,
            "linked_service_principal": null,
            "name": "pietroruoppolo.club",
            "name_servers": [
              "ns-1673.awsdns-17.co.uk",
              "ns-711.awsdns-24.net",
              "ns-128.awsdns-16.com",
              "ns-1389.awsdns-45.org"
            ],
            "primary_name_server": "ns-1673.awsdns-17.co.uk",
            "private_zone": false,
            "resource_record_set_count": 7,
            "tags": {},
            "vpc_id": null,
            "zone_id": "Z01156203MH5V3NVDCNYO"
          },
          "sensitive_attributes": []
        }
      ]
    },
    {
      "mode": "data",
      "type": "aws_subnets",
      "name": "private",
      "provider": "provider[\"registry.terraform.io/hashicorp/aws\"]",
      "instances": [
        {
          "schema_version": 0,
          "attributes": {
            "filter": [
              {
                "name": "tag:Tier",
                "values": [
                  "private"
                ]
              },
              {
                "name": "vpc-id",
                "values": [
                  "vpc-0616cb961971eecb0"
                ]
              }
            ],
            "id": "eu-west-1",
            "ids": [],
            "tags": null,
            "timeouts": null
          },
          "sensitive_attributes": []
        }
      ]
    },
    {
      "mode": "managed",
      "type": "aws_acm_certificate",
      "name": "alb_origin_cert",
      "provider": "provider[\"registry.terraform.io/hashicorp/aws\"].primary",
      "instances": [
        {
          "schema_version": 0,
          "attributes": {
            "arn": "arn:aws:acm:us-east-1:904233103130:certificate/d15ee983-4e95-4b19-a0f8-87e40a27af83",
            "certificate_authority_arn": "",
            "certificate_body": null,
            "certificate_chain": null,
            "domain_name": "origin.threetier.pietroruoppolo.club",
            "domain_validation_options": [
              {
                "domain_name": "origin.threetier.pietroruoppolo.club",
                "resource_record_name": "_9a99c3fe4f3da5d8bea5da27dc8f0ac8.origin.threetier.pietroruoppolo.club.",
                "resource_record_type": "CNAME",
                "resource_record_value": "_8a72460b0d820a48ec74365e389b1ef3.xlfgrmvvlj.acm-validations.aws."
              }
            ],
            "early_renewal_duration": "",
            "id": "arn:aws:acm:us-east-1:904233103130:certificate/d15ee983-4e95-4b19-a0f8-87e40a27af83",
            "key_algorithm": "RSA_2048",
            "not_after": "2026-09-26T23:59:59Z",
            "not_before": "2025-08-28T00:00:00Z",
            "options": [
              {
                "certificate_transparency_logging_preference": "ENABLED"
              }
            ],
            "pending_renewal": false,
            "private_key": null,
            "renewal_eligibility": "ELIGIBLE",
            "renewal_summary": [],
            "status": "ISSUED",
            "subject_alternative_names": [
              "origin.threetier.pietroruoppolo.club"
            ],
            "tags": {},
            "tags_all": {},
            "type": "AMAZON_ISSUED",
            "validation_emails": [],
            "validation_method": "DNS",
            "validation_option": []
          },
          "sensitive_attributes": [
            [
              {
                "type": "get_attr",
                "value": "private_key"
              }
            ]
          ],
          "private": "bnVsbA==",
          "create_before_destroy": true
        }
      ]
    },
    {
      "mode": "managed",
      "type": "aws_acm_certificate",
      "name": "cf_cert",
      "provider": "provider[\"registry.terraform.io/hashicorp/aws\"].useast1",
      "instances": [
        {
          "schema_version": 0,
          "attributes": {
            "arn": "arn:aws:acm:us-east-1:904233103130:certificate/32163bd0-0102-40fd-9b7a-595c277baee8",
            "certificate_authority_arn": "",
            "certificate_body": null,
            "certificate_chain": null,
            "domain_name": "pietroruoppolo.club",
            "domain_validation_options": [
              {
                "domain_name": "*.pietroruoppolo.club",
                "resource_record_name": "_a6234d5ba1e2dadbd987a33b0be4044e.pietroruoppolo.club.",
                "resource_record_type": "CNAME",
                "resource_record_value": "_d0e9c8d6257f6502d57cb825f6c17058.xlfgrmvvlj.acm-validations.aws."
              },
              {
                "domain_name": "pietroruoppolo.club",
                "resource_record_name": "_a6234d5ba1e2dadbd987a33b0be4044e.pietroruoppolo.club.",
                "resource_record_type": "CNAME",
                "resource_record_value": "_d0e9c8d6257f6502d57cb825f6c17058.xlfgrmvvlj.acm-validations.aws."
              }
            ],
            "early_renewal_duration": "",
            "id": "arn:aws:acm:us-east-1:904233103130:certificate/32163bd0-0102-40fd-9b7a-595c277baee8",
            "key_algorithm": "RSA_2048",
            "not_after": "2026-09-26T23:59:59Z",
            "not_before": "2025-08-28T00:00:00Z",
            "options": [
              {
                "certificate_transparency_logging_preference": "ENABLED"
              }
            ],
            "pending_renewal": false,
            "private_key": null,
            "renewal_eligibility": "ELIGIBLE",
            "renewal_summary": [],
            "status": "ISSUED",
            "subject_alternative_names": [
              "*.pietroruoppolo.club",
              "pietroruoppolo.club"
            ],
            "tags": {},
            "tags_all": {},
            "type": "AMAZON_ISSUED",
            "validation_emails": [],
            "validation_method": "DNS",
            "validation_option": []
          },
          "sensitive_attributes": [
            [
              {
                "type": "get_attr",
                "value": "private_key"
              }
            ]
          ],
          "private": "bnVsbA==",
          "create_before_destroy": true
        }
      ]
    },
    {
      "mode": "managed",
      "type": "aws_acm_certificate_validation",
      "name": "alb_origin_cert",
      "provider": "provider[\"registry.terraform.io/hashicorp/aws\"].primary",
      "instances": [
        {
          "schema_version": 0,
          "attributes": {
            "certificate_arn": "arn:aws:acm:us-east-1:904233103130:certificate/d15ee983-4e95-4b19-a0f8-87e40a27af83",
            "id": "2025-08-28 10:49:09.806 +0000 UTC",
            "timeouts": null,
            "validation_record_fqdns": [
              "_9a99c3fe4f3da5d8bea5da27dc8f0ac8.origin.threetier.pietroruoppolo.club"
            ]
          },
          "sensitive_attributes": [],
          "private": "eyJlMmJmYjczMC1lY2FhLTExZTYtOGY4OC0zNDM2M2JjN2M0YzAiOnsiY3JlYXRlIjo0NTAwMDAwMDAwMDAwfX0=",
          "dependencies": [
            "aws_acm_certificate.alb_origin_cert",
            "aws_route53_record.alb_origin_cert_validation",
            "data.aws_route53_zone.public"
          ]
        }
      ]
    },
    {
      "mode": "managed",
      "type": "aws_acm_certificate_validation",
      "name": "cf_cert",
      "provider": "provider[\"registry.terraform.io/hashicorp/aws\"].useast1",
      "instances": [
        {
          "schema_version": 0,
          "attributes": {
            "certificate_arn": "arn:aws:acm:us-east-1:904233103130:certificate/32163bd0-0102-40fd-9b7a-595c277baee8",
            "id": "2025-08-28 10:49:12.81 +0000 UTC",
            "timeouts": {
              "create": "150m"
            },
            "validation_record_fqdns": [
              "_a6234d5ba1e2dadbd987a33b0be4044e.pietroruoppolo.club"
            ]
          },
          "sensitive_attributes": [],
          "private": "eyJlMmJmYjczMC1lY2FhLTExZTYtOGY4OC0zNDM2M2JjN2M0YzAiOnsiY3JlYXRlIjo5MDAwMDAwMDAwMDAwfX0=",
          "dependencies": [
            "aws_acm_certificate.cf_cert",
            "aws_route53_record.cf_cert_validation",
            "aws_route53_zone.public",
            "local_file.register_domain_json",
            "null_resource.register_domain",
            "null_resource.wait_domain_registered"
          ]
        }
      ]
    },
    {
      "mode": "managed",
      "type": "aws_ami_from_instance",
      "name": "backend_ami_east",
      "provider": "provider[\"registry.terraform.io/hashicorp/aws\"].primary",
      "instances": [
        {
          "schema_version": 0,
          "attributes": {
            "architecture": "x86_64",
            "arn": "arn:aws:ec2:us-east-1::image/ami-02f09381f845acbab",
            "boot_mode": "uefi-preferred",
            "deprecation_time": "",
            "description": "",
            "ebs_block_device": [
              {
                "delete_on_termination": true,
                "device_name": "/dev/sda1",
                "encrypted": false,
                "iops": 0,
                "outpost_arn": "",
                "snapshot_id": "snap-0d564a67ec0206cfa",
                "throughput": 0,
                "volume_size": 8,
                "volume_type": "gp2"
              }
            ],
            "ena_support": true,
            "ephemeral_block_device": [
              {
                "device_name": "/dev/sdb",
                "virtual_name": "ephemeral0"
              },
              {
                "device_name": "/dev/sdc",
                "virtual_name": "ephemeral1"
              }
            ],
            "hypervisor": "xen",
            "id": "ami-02f09381f845acbab",
            "image_location": "904233103130/img-backend-east-2025-08-28-13-33-10",
            "image_owner_alias": "",
            "image_type": "machine",
            "imds_support": "",
            "kernel_id": "",
            "last_launched_time": "",
            "manage_ebs_snapshots": true,
            "name": "img-backend-east-2025-08-28-13-33-10",
            "owner_id": "904233103130",
            "platform": "",
            "platform_details": "Linux/UNIX",
            "public": false,
            "ramdisk_id": "",
            "root_device_name": "/dev/sda1",
            "root_snapshot_id": "snap-0d564a67ec0206cfa",
            "snapshot_without_reboot": true,
            "source_instance_id": "i-04185d6b23111fe2b",
            "sriov_net_support": "simple",
            "tags": null,
            "tags_all": {},
            "timeouts": null,
            "tpm_support": "",
            "uefi_data": null,
            "usage_operation": "RunInstances",
            "virtualization_type": "hvm"
          },
          "sensitive_attributes": [],
          "private": "eyJlMmJmYjczMC1lY2FhLTExZTYtOGY4OC0zNDM2M2JjN2M0YzAiOnsiY3JlYXRlIjoyNDAwMDAwMDAwMDAwLCJkZWxldGUiOjU0MDAwMDAwMDAwMDAsInVwZGF0ZSI6MjQwMDAwMDAwMDAwMH19",
          "dependencies": [
            "aws_instance.backend_east",
            "aws_key_pair.deployer_east",
            "aws_security_group.web_sg_east",
            "aws_subnet.prod",
            "aws_vpc.prod",
            "data.aws_ami.ubuntu_east",
            "tls_private_key.auto"
          ],
          "create_before_destroy": true
        }
      ]
    },
    {
      "mode": "managed",
      "type": "aws_ami_from_instance",
      "name": "backend_ami_west",
      "provider": "provider[\"registry.terraform.io/hashicorp/aws\"].secondary",
      "instances": [
        {
          "schema_version": 0,
          "attributes": {
            "architecture": "x86_64",
            "arn": "arn:aws:ec2:us-west-1::image/ami-08f378446088d03e7",
            "boot_mode": "uefi-preferred",
            "deprecation_time": "",
            "description": "",
            "ebs_block_device": [
              {
                "delete_on_termination": true,
                "device_name": "/dev/sda1",
                "encrypted": false,
                "iops": 0,
                "outpost_arn": "",
                "snapshot_id": "snap-009b398db7299b8ac",
                "throughput": 0,
                "volume_size": 8,
                "volume_type": "gp2"
              }
            ],
            "ena_support": true,
            "ephemeral_block_device": [
              {
                "device_name": "/dev/sdb",
                "virtual_name": "ephemeral0"
              },
              {
                "device_name": "/dev/sdc",
                "virtual_name": "ephemeral1"
              }
            ],
            "hypervisor": "xen",
            "id": "ami-08f378446088d03e7",
            "image_location": "904233103130/img-backend-west-2025-08-28-13-33-10",
            "image_owner_alias": "",
            "image_type": "machine",
            "imds_support": "",
            "kernel_id": "",
            "last_launched_time": "",
            "manage_ebs_snapshots": true,
            "name": "img-backend-west-2025-08-28-13-33-10",
            "owner_id": "904233103130",
            "platform": "",
            "platform_details": "Linux/UNIX",
            "public": false,
            "ramdisk_id": "",
            "root_device_name": "/dev/sda1",
            "root_snapshot_id": "snap-009b398db7299b8ac",
            "snapshot_without_reboot": true,
            "source_instance_id": "i-02727b1db46e5d192",
            "sriov_net_support": "simple",
            "tags": null,
            "tags_all": {},
            "timeouts": null,
            "tpm_support": "",
            "uefi_data": null,
            "usage_operation": "RunInstances",
            "virtualization_type": "hvm"
          },
          "sensitive_attributes": [],
          "private": "eyJlMmJmYjczMC1lY2FhLTExZTYtOGY4OC0zNDM2M2JjN2M0YzAiOnsiY3JlYXRlIjoyNDAwMDAwMDAwMDAwLCJkZWxldGUiOjU0MDAwMDAwMDAwMDAsInVwZGF0ZSI6MjQwMDAwMDAwMDAwMH19",
          "dependencies": [
            "aws_instance.backend_west",
            "aws_key_pair.deployer_west",
            "aws_security_group.web_sg_west",
            "aws_subnet.dr",
            "aws_vpc.dr",
            "data.aws_ami.ubuntu_west",
            "tls_private_key.auto"
          ],
          "create_before_destroy": true
        }
      ]
    },
    {
      "mode": "managed",
      "type": "aws_ami_from_instance",
      "name": "frontend_ami_east",
      "provider": "provider[\"registry.terraform.io/hashicorp/aws\"].primary",
      "instances": [
        {
          "schema_version": 0,
          "attributes": {
            "architecture": "x86_64",
            "arn": "arn:aws:ec2:us-east-1::image/ami-06e9ec8854c2e2acd",
            "boot_mode": "uefi-preferred",
            "deprecation_time": "",
            "description": "",
            "ebs_block_device": [
              {
                "delete_on_termination": true,
                "device_name": "/dev/sda1",
                "encrypted": false,
                "iops": 0,
                "outpost_arn": "",
                "snapshot_id": "snap-0cace84c5a3179f74",
                "throughput": 0,
                "volume_size": 8,
                "volume_type": "gp2"
              }
            ],
            "ena_support": true,
            "ephemeral_block_device": [
              {
                "device_name": "/dev/sdb",
                "virtual_name": "ephemeral0"
              },
              {
                "device_name": "/dev/sdc",
                "virtual_name": "ephemeral1"
              }
            ],
            "hypervisor": "xen",
            "id": "ami-06e9ec8854c2e2acd",
            "image_location": "904233103130/img-frontend-east-2025-08-28-13-33-10",
            "image_owner_alias": "",
            "image_type": "machine",
            "imds_support": "",
            "kernel_id": "",
            "last_launched_time": "",
            "manage_ebs_snapshots": true,
            "name": "img-frontend-east-2025-08-28-13-33-10",
            "owner_id": "904233103130",
            "platform": "",
            "platform_details": "Linux/UNIX",
            "public": false,
            "ramdisk_id": "",
            "root_device_name": "/dev/sda1",
            "root_snapshot_id": "snap-0cace84c5a3179f74",
            "snapshot_without_reboot": true,
            "source_instance_id": "i-0b8d93ad83bcc1273",
            "sriov_net_support": "simple",
            "tags": null,
            "tags_all": {},
            "timeouts": null,
            "tpm_support": "",
            "uefi_data": null,
            "usage_operation": "RunInstances",
            "virtualization_type": "hvm"
          },
          "sensitive_attributes": [],
          "private": "eyJlMmJmYjczMC1lY2FhLTExZTYtOGY4OC0zNDM2M2JjN2M0YzAiOnsiY3JlYXRlIjoyNDAwMDAwMDAwMDAwLCJkZWxldGUiOjU0MDAwMDAwMDAwMDAsInVwZGF0ZSI6MjQwMDAwMDAwMDAwMH19",
          "dependencies": [
            "aws_instance.frontend_east",
            "aws_key_pair.deployer_east",
            "aws_security_group.web_sg_east",
            "aws_subnet.prod",
            "aws_vpc.prod",
            "data.aws_ami.ubuntu_east",
            "tls_private_key.auto"
          ]
        }
      ]
    },
    {
      "mode": "managed",
      "type": "aws_ami_from_instance",
      "name": "frontend_ami_west",
      "provider": "provider[\"registry.terraform.io/hashicorp/aws\"].secondary",
      "instances": [
        {
          "schema_version": 0,
          "attributes": {
            "architecture": "x86_64",
            "arn": "arn:aws:ec2:us-west-1::image/ami-012850aa6efd912a5",
            "boot_mode": "uefi-preferred",
            "deprecation_time": "",
            "description": "",
            "ebs_block_device": [
              {
                "delete_on_termination": true,
                "device_name": "/dev/sda1",
                "encrypted": false,
                "iops": 0,
                "outpost_arn": "",
                "snapshot_id": "snap-0f366d54f945f216e",
                "throughput": 0,
                "volume_size": 8,
                "volume_type": "gp2"
              }
            ],
            "ena_support": true,
            "ephemeral_block_device": [
              {
                "device_name": "/dev/sdb",
                "virtual_name": "ephemeral0"
              },
              {
                "device_name": "/dev/sdc",
                "virtual_name": "ephemeral1"
              }
            ],
            "hypervisor": "xen",
            "id": "ami-012850aa6efd912a5",
            "image_location": "904233103130/img-frontend-west-2025-08-28-13-33-10",
            "image_owner_alias": "",
            "image_type": "machine",
            "imds_support": "",
            "kernel_id": "",
            "last_launched_time": "",
            "manage_ebs_snapshots": true,
            "name": "img-frontend-west-2025-08-28-13-33-10",
            "owner_id": "904233103130",
            "platform": "",
            "platform_details": "Linux/UNIX",
            "public": false,
            "ramdisk_id": "",
            "root_device_name": "/dev/sda1",
            "root_snapshot_id": "snap-0f366d54f945f216e",
            "snapshot_without_reboot": true,
            "source_instance_id": "i-0613ce9097ebf3006",
            "sriov_net_support": "simple",
            "tags": null,
            "tags_all": {},
            "timeouts": null,
            "tpm_support": "",
            "uefi_data": null,
            "usage_operation": "RunInstances",
            "virtualization_type": "hvm"
          },
          "sensitive_attributes": [],
          "private": "eyJlMmJmYjczMC1lY2FhLTExZTYtOGY4OC0zNDM2M2JjN2M0YzAiOnsiY3JlYXRlIjoyNDAwMDAwMDAwMDAwLCJkZWxldGUiOjU0MDAwMDAwMDAwMDAsInVwZGF0ZSI6MjQwMDAwMDAwMDAwMH19",
          "dependencies": [
            "aws_instance.frontend_west",
            "aws_key_pair.deployer_west",
            "aws_security_group.web_sg_west",
            "aws_subnet.dr",
            "aws_vpc.dr",
            "data.aws_ami.ubuntu_west",
            "tls_private_key.auto"
          ],
          "create_before_destroy": true
        }
      ]
    },
    {
      "mode": "managed",
      "type": "aws_autoscaling_group",
      "name": "backend_asg_west",
      "provider": "provider[\"registry.terraform.io/hashicorp/aws\"].secondary",
      "instances": [
        {
          "schema_version": 1,
          "attributes": {
            "arn": "arn:aws:autoscaling:us-west-1:904233103130:autoScalingGroup:fe46fd0b-891e-4d64-8705-cc5c80d155cd:autoScalingGroupName/asg-backend-west",
            "availability_zone_distribution": [
              {
                "capacity_distribution_strategy": "balanced-best-effort"
              }
            ],
            "availability_zones": [
              "us-west-1b",
              "us-west-1c"
            ],
            "capacity_rebalance": false,
            "capacity_reservation_specification": [
              {
                "capacity_reservation_preference": "default",
                "capacity_reservation_target": []
              }
            ],
            "context": "",
            "default_cooldown": 300,
            "default_instance_warmup": 0,
            "desired_capacity": 1,
            "desired_capacity_type": "",
            "enabled_metrics": [],
            "force_delete": false,
            "force_delete_warm_pool": false,
            "health_check_grace_period": 300,
            "health_check_type": "ELB",
            "id": "asg-backend-west",
            "ignore_failed_scaling_activities": false,
            "initial_lifecycle_hook": [],
            "instance_maintenance_policy": [],
            "instance_refresh": [],
            "launch_configuration": "",
            "launch_template": [
              {
                "id": "lt-0079809a4bb39aff7",
                "name": "lt-backend-west-20250828105155434600000008",
                "version": "$Latest"
              }
            ],
            "load_balancers": [],
            "max_instance_lifetime": 0,
            "max_size": 1,
            "metrics_granularity": "1Minute",
            "min_elb_capacity": null,
            "min_size": 1,
            "mixed_instances_policy": [],
            "name": "asg-backend-west",
            "name_prefix": "",
            "placement_group": "",
            "predicted_capacity": 0,
            "protect_from_scale_in": false,
            "service_linked_role_arn": "arn:aws:iam::904233103130:role/aws-service-role/autoscaling.amazonaws.com/AWSServiceRoleForAutoScaling",
            "suspended_processes": [],
            "tag": [
              {
                "key": "Name",
                "propagate_at_launch": true,
                "value": "backend-dr"
              }
            ],
            "target_group_arns": [
              "arn:aws:elasticloadbalancing:us-west-1:904233103130:targetgroup/tg-backend-dr/3c20fa4699092e4f"
            ],
            "termination_policies": [],
            "timeouts": null,
            "traffic_source": [
              {
                "identifier": "arn:aws:elasticloadbalancing:us-west-1:904233103130:targetgroup/tg-backend-dr/3c20fa4699092e4f",
                "type": "elbv2"
              }
            ],
            "vpc_zone_identifier": [
              "subnet-01720fd6954f9aa63",
              "subnet-0453989d7b6662309"
            ],
            "wait_for_capacity_timeout": "10m",
            "wait_for_elb_capacity": null,
            "warm_pool": [],
            "warm_pool_size": 0
          },
          "sensitive_attributes": [],
          "private": "eyJlMmJmYjczMC1lY2FhLTExZTYtOGY4OC0zNDM2M2JjN2M0YzAiOnsiZGVsZXRlIjo2MDAwMDAwMDAwMDAsInVwZGF0ZSI6NjAwMDAwMDAwMDAwfSwic2NoZW1hX3ZlcnNpb24iOiIxIn0=",
          "dependencies": [
            "aws_ami_from_instance.backend_ami_west",
            "aws_instance.backend_west",
            "aws_key_pair.deployer_west",
            "aws_launch_template.backend_lt_west",
            "aws_lb_target_group.tg_backend_dr",
            "aws_security_group.backend_ec2_dr",
            "aws_security_group.web_sg_west",
            "aws_subnet.dr",
            "aws_vpc.dr",
            "data.aws_ami.ubuntu_west",
            "tls_private_key.auto"
          ],
          "create_before_destroy": true
        }
      ]
    },
    {
      "mode": "managed",
      "type": "aws_autoscaling_group",
      "name": "frontend_asg_west",
      "provider": "provider[\"registry.terraform.io/hashicorp/aws\"].secondary",
      "instances": [
        {
          "schema_version": 1,
          "attributes": {
            "arn": "arn:aws:autoscaling:us-west-1:904233103130:autoScalingGroup:dbf01dae-90a5-489f-bee7-277773cf8d40:autoScalingGroupName/asg-frontend-west",
            "availability_zone_distribution": [
              {
                "capacity_distribution_strategy": "balanced-best-effort"
              }
            ],
            "availability_zones": [
              "us-west-1b",
              "us-west-1c"
            ],
            "capacity_rebalance": false,
            "capacity_reservation_specification": [
              {
                "capacity_reservation_preference": "default",
                "capacity_reservation_target": []
              }
            ],
            "context": "",
            "default_cooldown": 300,
            "default_instance_warmup": 0,
            "desired_capacity": 1,
            "desired_capacity_type": "",
            "enabled_metrics": [],
            "force_delete": false,
            "force_delete_warm_pool": false,
            "health_check_grace_period": 300,
            "health_check_type": "ELB",
            "id": "asg-frontend-west",
            "ignore_failed_scaling_activities": false,
            "initial_lifecycle_hook": [],
            "instance_maintenance_policy": [],
            "instance_refresh": [],
            "launch_configuration": "",
            "launch_template": [
              {
                "id": "lt-08256d207b4fa6fab",
                "name": "lt-frontend-west-20250828105137171000000006",
                "version": "$Latest"
              }
            ],
            "load_balancers": [],
            "max_instance_lifetime": 0,
            "max_size": 1,
            "metrics_granularity": "1Minute",
            "min_elb_capacity": null,
            "min_size": 1,
            "mixed_instances_policy": [],
            "name": "asg-frontend-west",
            "name_prefix": "",
            "placement_group": "",
            "predicted_capacity": 0,
            "protect_from_scale_in": false,
            "service_linked_role_arn": "arn:aws:iam::904233103130:role/aws-service-role/autoscaling.amazonaws.com/AWSServiceRoleForAutoScaling",
            "suspended_processes": [],
            "tag": [
              {
                "key": "Name",
                "propagate_at_launch": true,
                "value": "frontend-dr"
              }
            ],
            "target_group_arns": [
              "arn:aws:elasticloadbalancing:us-west-1:904233103130:targetgroup/tg-frontend-dr/386c0d06602accd5"
            ],
            "termination_policies": [],
            "timeouts": null,
            "traffic_source": [
              {
                "identifier": "arn:aws:elasticloadbalancing:us-west-1:904233103130:targetgroup/tg-frontend-dr/386c0d06602accd5",
                "type": "elbv2"
              }
            ],
            "vpc_zone_identifier": [
              "subnet-090d21b6d12cc7feb",
              "subnet-0eac5301cb27a94c3"
            ],
            "wait_for_capacity_timeout": "10m",
            "wait_for_elb_capacity": null,
            "warm_pool": [],
            "warm_pool_size": 0
          },
          "sensitive_attributes": [],
          "private": "eyJlMmJmYjczMC1lY2FhLTExZTYtOGY4OC0zNDM2M2JjN2M0YzAiOnsiZGVsZXRlIjo2MDAwMDAwMDAwMDAsInVwZGF0ZSI6NjAwMDAwMDAwMDAwfSwic2NoZW1hX3ZlcnNpb24iOiIxIn0=",
          "dependencies": [
            "aws_ami_from_instance.frontend_ami_west",
            "aws_instance.frontend_west",
            "aws_key_pair.deployer_west",
            "aws_launch_template.frontend_lt_west",
            "aws_lb_target_group.tg_frontend_dr",
            "aws_security_group.frontend_ec2_dr",
            "aws_security_group.web_sg_west",
            "aws_subnet.dr",
            "aws_vpc.dr",
            "data.aws_ami.ubuntu_west",
            "tls_private_key.auto"
          ],
          "create_before_destroy": true
        }
      ]
    },
    {
      "mode": "managed",
      "type": "aws_backup_plan",
      "name": "ec2_backup_plan",
      "provider": "provider[\"registry.terraform.io/hashicorp/aws\"].east",
      "instances": [
        {
          "schema_version": 1,
          "attributes": {
            "advanced_backup_setting": [],
            "arn": "arn:aws:backup:us-east-1:904233103130:backup-plan:8c1b4028-3f03-4d6c-8638-d89beaf43e8e",
            "id": "8c1b4028-3f03-4d6c-8638-d89beaf43e8e",
            "name": "daily-backup-plan",
            "rule": [
              {
                "completion_window": 180,
                "copy_action": [
                  {
                    "destination_vault_arn": "arn:aws:backup:us-west-2:904233103130:backup-vault:Default",
                    "lifecycle": [
                      {
                        "cold_storage_after": 0,
                        "delete_after": 30,
                        "opt_in_to_archive_for_supported_resources": false
                      }
                    ]
                  }
                ],
                "enable_continuous_backup": false,
                "lifecycle": [
                  {
                    "cold_storage_after": 0,
                    "delete_after": 30,
                    "opt_in_to_archive_for_supported_resources": false
                  }
                ],
                "recovery_point_tags": {},
                "rule_name": "daily-ec2-backup",
                "schedule": "cron(0 5 * * ? *)",
                "schedule_expression_timezone": "Etc/UTC",
                "start_window": 60,
                "target_vault_name": "vault-east"
              }
            ],
            "tags": {},
            "tags_all": {},
            "version": "NWE1MThkZjItOGYwNS00NDdhLWJkMjMtYWNjNDM1OTNmNTdk"
          },
          "sensitive_attributes": [],
          "private": "eyJzY2hlbWFfdmVyc2lvbiI6IjEifQ==",
          "dependencies": [
            "aws_backup_vault.vault_east",
            "data.aws_caller_identity.current"
          ]
        }
      ]
    },
    {
      "mode": "managed",
      "type": "aws_backup_selection",
      "name": "ec2_selection",
      "provider": "provider[\"registry.terraform.io/hashicorp/aws\"].east",
      "instances": [
        {
          "schema_version": 0,
          "attributes": {
            "condition": [
              {
                "string_equals": [],
                "string_like": [],
                "string_not_equals": [],
                "string_not_like": []
              }
            ],
            "iam_role_arn": "arn:aws:iam::904233103130:role/aws-backup-role",
            "id": "9cbefa71-1db5-4320-9364-66578edbbd2a",
            "name": "frontend-backend-east",
            "not_resources": [],
            "plan_id": "8c1b4028-3f03-4d6c-8638-d89beaf43e8e",
            "resources": [
              "arn:aws:ec2:us-east-1:904233103130:instance/i-04185d6b23111fe2b",
              "arn:aws:ec2:us-east-1:904233103130:instance/i-0b8d93ad83bcc1273"
            ],
            "selection_tag": []
          },
          "sensitive_attributes": [],
          "private": "bnVsbA==",
          "dependencies": [
            "aws_backup_plan.ec2_backup_plan",
            "aws_backup_vault.vault_east",
            "aws_iam_role.aws_backup_role",
            "aws_instance.backend_east",
            "aws_instance.frontend_east",
            "aws_key_pair.deployer_east",
            "aws_security_group.web_sg_east",
            "aws_subnet.prod",
            "aws_vpc.prod",
            "data.aws_ami.ubuntu_east",
            "data.aws_caller_identity.current",
            "tls_private_key.auto"
          ]
        }
      ]
    },
    {
      "mode": "managed",
      "type": "aws_backup_vault",
      "name": "vault_east",
      "provider": "provider[\"registry.terraform.io/hashicorp/aws\"].east",
      "instances": [
        {
          "schema_version": 0,
          "attributes": {
            "arn": "arn:aws:backup:us-east-1:904233103130:backup-vault:vault-east",
            "force_destroy": false,
            "id": "vault-east",
            "kms_key_arn": "arn:aws:kms:us-east-1:904233103130:key/b4f04006-e36a-4c60-b408-7f3b548979af",
            "name": "vault-east",
            "recovery_points": 0,
            "tags": {},
            "tags_all": {},
            "timeouts": null
          },
          "sensitive_attributes": [],
          "private": "eyJlMmJmYjczMC1lY2FhLTExZTYtOGY4OC0zNDM2M2JjN2M0YzAiOnsiZGVsZXRlIjo2MDAwMDAwMDAwMDB9fQ=="
        }
      ]
    },
    {
      "mode": "managed",
      "type": "aws_budgets_budget",
      "name": "monthly_cost",
      "provider": "provider[\"registry.terraform.io/hashicorp/aws\"].useast1",
      "instances": [
        {
          "schema_version": 0,
          "attributes": {
            "account_id": "904233103130",
            "arn": "arn:aws:budgets::904233103130:budget/MonthlyBudget",
            "auto_adjust_data": [],
            "budget_type": "COST",
            "cost_filter": [],
            "cost_types": [
              {
                "include_credit": true,
                "include_discount": true,
                "include_other_subscription": true,
                "include_recurring": true,
                "include_refund": true,
                "include_subscription": true,
                "include_support": true,
                "include_tax": true,
                "include_upfront": true,
                "use_amortized": false,
                "use_blended": false
              }
            ],
            "id": "904233103130:MonthlyBudget",
            "limit_amount": "50.0",
            "limit_unit": "USD",
            "name": "MonthlyBudget",
            "name_prefix": "",
            "notification": [
              {
                "comparison_operator": "GREATER_THAN",
                "notification_type": "ACTUAL",
                "subscriber_email_addresses": [
                  "ruoppolo46@gmail.com"
                ],
                "subscriber_sns_topic_arns": [],
                "threshold": 100,
                "threshold_type": "PERCENTAGE"
              },
              {
                "comparison_operator": "GREATER_THAN",
                "notification_type": "FORECASTED",
                "subscriber_email_addresses": [
                  "ruoppolo46@gmail.com"
                ],
                "subscriber_sns_topic_arns": [],
                "threshold": 80,
                "threshold_type": "PERCENTAGE"
              }
            ],
            "planned_limit": [],
            "tags": {},
            "tags_all": {},
            "time_period_end": "2087-06-15_00:00",
            "time_period_start": "2025-08-01_00:00",
            "time_unit": "MONTHLY"
          },
          "sensitive_attributes": [],
          "private": "bnVsbA=="
        }
      ]
    },
    {
      "mode": "managed",
      "type": "aws_ce_anomaly_subscription",
      "name": "anomaly_alert",
      "provider": "provider[\"registry.terraform.io/hashicorp/aws\"].useast1",
      "instances": [
        {
          "schema_version": 0,
          "attributes": {
            "account_id": "904233103130",
            "arn": "arn:aws:ce::904233103130:anomalysubscription/9015ce7f-528c-4691-9d2b-807e91179a8f",
            "frequency": "DAILY",
            "id": "arn:aws:ce::904233103130:anomalysubscription/9015ce7f-528c-4691-9d2b-807e91179a8f",
            "monitor_arn_list": [
              "arn:aws:ce::904233103130:anomalymonitor/d973d7a7-020c-40a5-801e-5f91260ae6e5"
            ],
            "name": "CostAnomalyAlert",
            "subscriber": [
              {
                "address": "ruoppolo46@gmail.com",
                "type": "EMAIL"
              }
            ],
            "tags": {},
            "tags_all": {},
            "threshold_expression": [
              {
                "and": [],
                "cost_category": [],
                "dimension": [
                  {
                    "key": "ANOMALY_TOTAL_IMPACT_ABSOLUTE",
                    "match_options": [
                      "GREATER_THAN_OR_EQUAL"
                    ],
                    "values": [
                      "10"
                    ]
                  }
                ],
                "not": [],
                "or": [],
                "tags": []
              }
            ]
          },
          "sensitive_attributes": [],
          "private": "bnVsbA=="
        }
      ]
    },
    {
      "mode": "managed",
      "type": "aws_cloudfront_distribution",
      "name": "frontend_cdn",
      "provider": "provider[\"registry.terraform.io/hashicorp/aws\"]",
      "instances": [
        {
          "schema_version": 1,
          "attributes": {
            "aliases": [
              "threetier.pietroruoppolo.club"
            ],
            "arn": "arn:aws:cloudfront::904233103130:distribution/E1SGW0VLL3M5YJ",
            "caller_reference": "terraform-20250828105248044500000005",
            "comment": null,
            "continuous_deployment_policy_id": "",
            "custom_error_response": [],
            "default_cache_behavior": [
              {
                "allowed_methods": [
                  "GET",
                  "HEAD",
                  "OPTIONS"
                ],
                "cache_policy_id": "",
                "cached_methods": [
                  "GET",
                  "HEAD"
                ],
                "compress": false,
                "default_ttl": 0,
                "field_level_encryption_id": "",
                "forwarded_values": [
                  {
                    "cookies": [
                      {
                        "forward": "none",
                        "whitelisted_names": []
                      }
                    ],
                    "headers": [],
                    "query_string": false,
                    "query_string_cache_keys": []
                  }
                ],
                "function_association": [],
                "grpc_config": [
                  {
                    "enabled": false
                  }
                ],
                "lambda_function_association": [],
                "max_ttl": 0,
                "min_ttl": 0,
                "origin_request_policy_id": "",
                "realtime_log_config_arn": "",
                "response_headers_policy_id": "",
                "smooth_streaming": false,
                "target_origin_id": "alb-frontend-primary",
                "trusted_key_groups": [],
                "trusted_signers": [],
                "viewer_protocol_policy": "redirect-to-https"
              }
            ],
            "default_root_object": "index.html",
            "domain_name": "d2zs7mbx5oxbl4.cloudfront.net",
            "enabled": true,
            "etag": "E2O50VZI1LR2HK",
            "hosted_zone_id": "Z2FDTNDATAQYW2",
            "http_version": "http2",
            "id": "E1SGW0VLL3M5YJ",
            "in_progress_validation_batches": 0,
            "is_ipv6_enabled": false,
            "last_modified_time": "2025-08-28 10:52:49.39 +0000 UTC",
            "logging_config": [],
            "ordered_cache_behavior": [],
            "origin": [
              {
                "connection_attempts": 3,
                "connection_timeout": 10,
                "custom_header": [],
                "custom_origin_config": [
                  {
                    "http_port": 80,
                    "https_port": 443,
                    "origin_keepalive_timeout": 5,
                    "origin_protocol_policy": "http-only",
                    "origin_read_timeout": 30,
                    "origin_ssl_protocols": [
                      "TLSv1.2"
                    ]
                  }
                ],
                "domain_name": "origin.threetier.pietroruoppolo.club",
                "origin_access_control_id": "",
                "origin_id": "alb-frontend-primary",
                "origin_path": "",
                "origin_shield": [],
                "s3_origin_config": [],
                "vpc_origin_config": []
              }
            ],
            "origin_group": [],
            "price_class": "PriceClass_All",
            "restrictions": [
              {
                "geo_restriction": [
                  {
                    "locations": [],
                    "restriction_type": "none"
                  }
                ]
              }
            ],
            "retain_on_delete": false,
            "staging": false,
            "status": "Deployed",
            "tags": {
              "Name": "frontend-cdn"
            },
            "tags_all": {
              "Name": "frontend-cdn"
            },
            "trusted_key_groups": [
              {
                "enabled": false,
                "items": []
              }
            ],
            "trusted_signers": [
              {
                "enabled": false,
                "items": []
              }
            ],
            "viewer_certificate": [
              {
                "acm_certificate_arn": "arn:aws:acm:us-east-1:904233103130:certificate/32163bd0-0102-40fd-9b7a-595c277baee8",
                "cloudfront_default_certificate": false,
                "iam_certificate_id": "",
                "minimum_protocol_version": "TLSv1.2_2021",
                "ssl_support_method": "sni-only"
              }
            ],
            "wait_for_deployment": true,
            "web_acl_id": "arn:aws:wafv2:us-east-1:904233103130:global/webacl/cf-waf/918cdabf-13f2-44ef-8505-70d3de506b47"
          },
          "sensitive_attributes": [],
          "private": "eyJzY2hlbWFfdmVyc2lvbiI6IjEifQ==",
          "dependencies": [
            "aws_acm_certificate.cf_cert",
            "aws_acm_certificate_validation.cf_cert",
            "aws_route53_record.cf_cert_validation",
            "aws_route53_zone.public",
            "aws_wafv2_web_acl.cf_waf",
            "local_file.register_domain_json",
            "null_resource.register_domain",
            "null_resource.wait_domain_registered"
          ]
        }
      ]
    },
    {
      "mode": "managed",
      "type": "aws_cloudwatch_event_rule",
      "name": "backup_failed",
      "provider": "provider[\"registry.terraform.io/hashicorp/aws\"].primary",
      "instances": [
        {
          "schema_version": 1,
          "attributes": {
            "arn": "arn:aws:events:us-east-1:904233103130:rule/aws-backup-failed",
            "description": "Alert su job di backup falliti",
            "event_bus_name": "default",
            "event_pattern": "{\"detail\":{\"state\":[\"FAILED\"]},\"detail-type\":[\"Backup Job State Change\"],\"source\":[\"aws.backup\"]}",
            "force_destroy": false,
            "id": "aws-backup-failed",
            "is_enabled": true,
            "name": "aws-backup-failed",
            "name_prefix": "",
            "role_arn": "",
            "schedule_expression": "",
            "state": "ENABLED",
            "tags": {},
            "tags_all": {}
          },
          "sensitive_attributes": [],
          "private": "eyJzY2hlbWFfdmVyc2lvbiI6IjEifQ=="
        }
      ]
    },
    {
      "mode": "managed",
      "type": "aws_cloudwatch_event_target",
      "name": "backup_to_sns",
      "provider": "provider[\"registry.terraform.io/hashicorp/aws\"].primary",
      "instances": [
        {
          "schema_version": 1,
          "attributes": {
            "appsync_target": [],
            "arn": "arn:aws:sns:us-east-1:904233103130:prod-alerts-primary",
            "batch_target": [],
            "dead_letter_config": [],
            "ecs_target": [],
            "event_bus_name": "default",
            "force_destroy": false,
            "http_target": [],
            "id": "aws-backup-failed-backup-sns",
            "input": "",
            "input_path": "",
            "input_transformer": [],
            "kinesis_target": [],
            "redshift_target": [],
            "retry_policy": [],
            "role_arn": "",
            "rule": "aws-backup-failed",
            "run_command_targets": [],
            "sagemaker_pipeline_target": [],
            "sqs_target": [],
            "target_id": "backup-sns"
          },
          "sensitive_attributes": [],
          "private": "eyJzY2hlbWFfdmVyc2lvbiI6IjEifQ==",
          "dependencies": [
            "aws_cloudwatch_event_rule.backup_failed",
            "aws_sns_topic.alerts_primary"
          ]
        }
      ]
    },
    {
      "mode": "managed",
      "type": "aws_cloudwatch_metric_alarm",
      "name": "asg_backend_inservice_lt_desired",
      "provider": "provider[\"registry.terraform.io/hashicorp/aws\"].secondary",
      "instances": [
        {
          "schema_version": 1,
          "attributes": {
            "actions_enabled": true,
            "alarm_actions": [
              "arn:aws:sns:us-west-1:904233103130:prod-alerts-dr"
            ],
            "alarm_description": "",
            "alarm_name": "ASG-Backend-InServiceLTDesired",
            "arn": "arn:aws:cloudwatch:us-west-1:904233103130:alarm:ASG-Backend-InServiceLTDesired",
            "comparison_operator": "GreaterThanThreshold",
            "datapoints_to_alarm": 2,
            "dimensions": {},
            "evaluate_low_sample_count_percentiles": "",
            "evaluation_periods": 2,
            "extended_statistic": "",
            "id": "ASG-Backend-InServiceLTDesired",
            "insufficient_data_actions": [],
            "metric_name": "",
            "metric_query": [
              {
                "account_id": "",
                "expression": "",
                "id": "des",
                "label": "",
                "metric": [
                  {
                    "dimensions": {
                      "AutoScalingGroupName": "asg-backend-west"
                    },
                    "metric_name": "GroupDesiredCapacity",
                    "namespace": "AWS/AutoScaling",
                    "period": 60,
                    "stat": "Average",
                    "unit": ""
                  }
                ],
                "period": 0,
                "return_data": false
              },
              {
                "account_id": "",
                "expression": "",
                "id": "inserv",
                "label": "",
                "metric": [
                  {
                    "dimensions": {
                      "AutoScalingGroupName": "asg-backend-west"
                    },
                    "metric_name": "GroupInServiceInstances",
                    "namespace": "AWS/AutoScaling",
                    "period": 60,
                    "stat": "Average",
                    "unit": ""
                  }
                ],
                "period": 0,
                "return_data": false
              },
              {
                "account_id": "",
                "expression": "IF(inserv \u003c des, 1, 0)",
                "id": "breach",
                "label": "Backend InService \u003c Desired",
                "metric": [],
                "period": 0,
                "return_data": true
              }
            ],
            "namespace": "",
            "ok_actions": [
              "arn:aws:sns:us-west-1:904233103130:prod-alerts-dr"
            ],
            "period": 0,
            "statistic": "",
            "tags": {},
            "tags_all": {},
            "threshold": 0,
            "threshold_metric_id": "",
            "treat_missing_data": "breaching",
            "unit": ""
          },
          "sensitive_attributes": [],
          "private": "eyJzY2hlbWFfdmVyc2lvbiI6IjEifQ==",
          "dependencies": [
            "aws_ami_from_instance.backend_ami_west",
            "aws_autoscaling_group.backend_asg_west",
            "aws_instance.backend_west",
            "aws_key_pair.deployer_west",
            "aws_launch_template.backend_lt_west",
            "aws_lb_target_group.tg_backend_dr",
            "aws_security_group.backend_ec2_dr",
            "aws_security_group.web_sg_west",
            "aws_sns_topic.alerts_dr",
            "aws_subnet.dr",
            "aws_vpc.dr",
            "data.aws_ami.ubuntu_west",
            "tls_private_key.auto"
          ]
        }
      ]
    },
    {
      "mode": "managed",
      "type": "aws_cloudwatch_metric_alarm",
      "name": "asg_frontend_inservice_lt_desired",
      "provider": "provider[\"registry.terraform.io/hashicorp/aws\"].secondary",
      "instances": [
        {
          "schema_version": 1,
          "attributes": {
            "actions_enabled": true,
            "alarm_actions": [
              "arn:aws:sns:us-west-1:904233103130:prod-alerts-dr"
            ],
            "alarm_description": "",
            "alarm_name": "ASG-Frontend-InServiceLTDesired",
            "arn": "arn:aws:cloudwatch:us-west-1:904233103130:alarm:ASG-Frontend-InServiceLTDesired",
            "comparison_operator": "GreaterThanThreshold",
            "datapoints_to_alarm": 2,
            "dimensions": {},
            "evaluate_low_sample_count_percentiles": "",
            "evaluation_periods": 2,
            "extended_statistic": "",
            "id": "ASG-Frontend-InServiceLTDesired",
            "insufficient_data_actions": [],
            "metric_name": "",
            "metric_query": [
              {
                "account_id": "",
                "expression": "",
                "id": "des",
                "label": "",
                "metric": [
                  {
                    "dimensions": {
                      "AutoScalingGroupName": "asg-frontend-west"
                    },
                    "metric_name": "GroupDesiredCapacity",
                    "namespace": "AWS/AutoScaling",
                    "period": 60,
                    "stat": "Average",
                    "unit": ""
                  }
                ],
                "period": 0,
                "return_data": false
              },
              {
                "account_id": "",
                "expression": "",
                "id": "inserv",
                "label": "",
                "metric": [
                  {
                    "dimensions": {
                      "AutoScalingGroupName": "asg-frontend-west"
                    },
                    "metric_name": "GroupInServiceInstances",
                    "namespace": "AWS/AutoScaling",
                    "period": 60,
                    "stat": "Average",
                    "unit": ""
                  }
                ],
                "period": 0,
                "return_data": false
              },
              {
                "account_id": "",
                "expression": "IF(inserv \u003c des, 1, 0)",
                "id": "breach",
                "label": "Frontend InService \u003c Desired",
                "metric": [],
                "period": 0,
                "return_data": true
              }
            ],
            "namespace": "",
            "ok_actions": [
              "arn:aws:sns:us-west-1:904233103130:prod-alerts-dr"
            ],
            "period": 0,
            "statistic": "",
            "tags": {},
            "tags_all": {},
            "threshold": 0,
            "threshold_metric_id": "",
            "treat_missing_data": "breaching",
            "unit": ""
          },
          "sensitive_attributes": [],
          "private": "eyJzY2hlbWFfdmVyc2lvbiI6IjEifQ==",
          "dependencies": [
            "aws_ami_from_instance.frontend_ami_west",
            "aws_autoscaling_group.frontend_asg_west",
            "aws_instance.frontend_west",
            "aws_key_pair.deployer_west",
            "aws_launch_template.frontend_lt_west",
            "aws_lb_target_group.tg_frontend_dr",
            "aws_security_group.frontend_ec2_dr",
            "aws_security_group.web_sg_west",
            "aws_sns_topic.alerts_dr",
            "aws_subnet.dr",
            "aws_vpc.dr",
            "data.aws_ami.ubuntu_west",
            "tls_private_key.auto"
          ]
        }
      ]
    },
    {
      "mode": "managed",
      "type": "aws_cloudwatch_metric_alarm",
      "name": "backend_alb_5xx",
      "provider": "provider[\"registry.terraform.io/hashicorp/aws\"].primary",
      "instances": [
        {
          "schema_version": 1,
          "attributes": {
            "actions_enabled": true,
            "alarm_actions": [
              "arn:aws:sns:us-east-1:904233103130:prod-alerts-primary"
            ],
            "alarm_description": "",
            "alarm_name": "ALB-Backend-5xx-High",
            "arn": "arn:aws:cloudwatch:us-east-1:904233103130:alarm:ALB-Backend-5xx-High",
            "comparison_operator": "GreaterThanThreshold",
            "datapoints_to_alarm": 0,
            "dimensions": {
              "LoadBalancer": "app/ALB-backend/29774444751e0541"
            },
            "evaluate_low_sample_count_percentiles": "",
            "evaluation_periods": 3,
            "extended_statistic": "",
            "id": "ALB-Backend-5xx-High",
            "insufficient_data_actions": [],
            "metric_name": "HTTPCode_ELB_5XX_Count",
            "metric_query": [],
            "namespace": "AWS/ApplicationELB",
            "ok_actions": [
              "arn:aws:sns:us-east-1:904233103130:prod-alerts-primary"
            ],
            "period": 60,
            "statistic": "Sum",
            "tags": {},
            "tags_all": {},
            "threshold": 10,
            "threshold_metric_id": "",
            "treat_missing_data": "missing",
            "unit": ""
          },
          "sensitive_attributes": [],
          "private": "eyJzY2hlbWFfdmVyc2lvbiI6IjEifQ==",
          "dependencies": [
            "aws_lb.backend_alb",
            "aws_security_group.backend_alb",
            "aws_sns_topic.alerts_primary",
            "aws_subnet.prod",
            "aws_vpc.prod",
            "data.aws_subnets.private"
          ]
        }
      ]
    },
    {
      "mode": "managed",
      "type": "aws_cloudwatch_metric_alarm",
      "name": "backend_alb_unhealthy",
      "provider": "provider[\"registry.terraform.io/hashicorp/aws\"].primary",
      "instances": [
        {
          "schema_version": 1,
          "attributes": {
            "actions_enabled": true,
            "alarm_actions": [
              "arn:aws:sns:us-east-1:904233103130:prod-alerts-primary"
            ],
            "alarm_description": "",
            "alarm_name": "ALB-Backend-UnHealthyHostCount",
            "arn": "arn:aws:cloudwatch:us-east-1:904233103130:alarm:ALB-Backend-UnHealthyHostCount",
            "comparison_operator": "GreaterThanThreshold",
            "datapoints_to_alarm": 0,
            "dimensions": {
              "LoadBalancer": "app/ALB-backend/29774444751e0541",
              "TargetGroup": "targetgroup/ALB-backend-TG/24de93c4067142c3"
            },
            "evaluate_low_sample_count_percentiles": "",
            "evaluation_periods": 3,
            "extended_statistic": "",
            "id": "ALB-Backend-UnHealthyHostCount",
            "insufficient_data_actions": [],
            "metric_name": "UnHealthyHostCount",
            "metric_query": [],
            "namespace": "AWS/ApplicationELB",
            "ok_actions": [
              "arn:aws:sns:us-east-1:904233103130:prod-alerts-primary"
            ],
            "period": 60,
            "statistic": "Maximum",
            "tags": {},
            "tags_all": {},
            "threshold": 0,
            "threshold_metric_id": "",
            "treat_missing_data": "missing",
            "unit": ""
          },
          "sensitive_attributes": [],
          "private": "eyJzY2hlbWFfdmVyc2lvbiI6IjEifQ==",
          "dependencies": [
            "aws_lb.backend_alb",
            "aws_lb_target_group.backend_tg",
            "aws_security_group.backend_alb",
            "aws_sns_topic.alerts_primary",
            "aws_subnet.prod",
            "aws_vpc.prod",
            "data.aws_subnets.private"
          ]
        }
      ]
    },
    {
      "mode": "managed",
      "type": "aws_cloudwatch_metric_alarm",
      "name": "cf_5xx",
      "provider": "provider[\"registry.terraform.io/hashicorp/aws\"].useast1",
      "instances": [
        {
          "schema_version": 1,
          "attributes": {
            "actions_enabled": true,
            "alarm_actions": [
              "arn:aws:sns:us-east-1:904233103130:prod-alerts-global"
            ],
            "alarm_description": "",
            "alarm_name": "CF-5xx-High",
            "arn": "arn:aws:cloudwatch:us-east-1:904233103130:alarm:CF-5xx-High",
            "comparison_operator": "GreaterThanThreshold",
            "datapoints_to_alarm": 0,
            "dimensions": {
              "DistributionId": "E1SGW0VLL3M5YJ",
              "Region": "Global"
            },
            "evaluate_low_sample_count_percentiles": "",
            "evaluation_periods": 3,
            "extended_statistic": "",
            "id": "CF-5xx-High",
            "insufficient_data_actions": [],
            "metric_name": "5xxErrorRate",
            "metric_query": [],
            "namespace": "AWS/CloudFront",
            "ok_actions": [
              "arn:aws:sns:us-east-1:904233103130:prod-alerts-global"
            ],
            "period": 60,
            "statistic": "Average",
            "tags": {},
            "tags_all": {},
            "threshold": 1,
            "threshold_metric_id": "",
            "treat_missing_data": "missing",
            "unit": ""
          },
          "sensitive_attributes": [],
          "private": "eyJzY2hlbWFfdmVyc2lvbiI6IjEifQ==",
          "dependencies": [
            "aws_acm_certificate.cf_cert",
            "aws_acm_certificate_validation.cf_cert",
            "aws_cloudfront_distribution.frontend_cdn",
            "aws_route53_record.cf_cert_validation",
            "aws_route53_zone.public",
            "aws_sns_topic.alerts_global",
            "aws_wafv2_web_acl.cf_waf",
            "local_file.register_domain_json",
            "null_resource.register_domain",
            "null_resource.wait_domain_registered"
          ]
        }
      ]
    },
    {
      "mode": "managed",
      "type": "aws_cloudwatch_metric_alarm",
      "name": "frontend_alb_5xx",
      "provider": "provider[\"registry.terraform.io/hashicorp/aws\"].primary",
      "instances": [
        {
          "schema_version": 1,
          "attributes": {
            "actions_enabled": true,
            "alarm_actions": [
              "arn:aws:sns:us-east-1:904233103130:prod-alerts-primary"
            ],
            "alarm_description": "",
            "alarm_name": "ALB-Frontend-5xx-High",
            "arn": "arn:aws:cloudwatch:us-east-1:904233103130:alarm:ALB-Frontend-5xx-High",
            "comparison_operator": "GreaterThanThreshold",
            "datapoints_to_alarm": 0,
            "dimensions": {
              "LoadBalancer": "app/ALB-frontend/48ea3f396c71dd35"
            },
            "evaluate_low_sample_count_percentiles": "",
            "evaluation_periods": 3,
            "extended_statistic": "",
            "id": "ALB-Frontend-5xx-High",
            "insufficient_data_actions": [],
            "metric_name": "HTTPCode_ELB_5XX_Count",
            "metric_query": [],
            "namespace": "AWS/ApplicationELB",
            "ok_actions": [
              "arn:aws:sns:us-east-1:904233103130:prod-alerts-primary"
            ],
            "period": 60,
            "statistic": "Sum",
            "tags": {},
            "tags_all": {},
            "threshold": 10,
            "threshold_metric_id": "",
            "treat_missing_data": "missing",
            "unit": ""
          },
          "sensitive_attributes": [],
          "private": "eyJzY2hlbWFfdmVyc2lvbiI6IjEifQ==",
          "dependencies": [
            "aws_lb.frontend_alb",
            "aws_security_group.alb_frontend_sg",
            "aws_sns_topic.alerts_primary",
            "aws_subnet.prod",
            "aws_vpc.prod"
          ]
        }
      ]
    },
    {
      "mode": "managed",
      "type": "aws_cloudwatch_metric_alarm",
      "name": "frontend_alb_unhealthy",
      "provider": "provider[\"registry.terraform.io/hashicorp/aws\"].primary",
      "instances": [
        {
          "schema_version": 1,
          "attributes": {
            "actions_enabled": true,
            "alarm_actions": [
              "arn:aws:sns:us-east-1:904233103130:prod-alerts-primary"
            ],
            "alarm_description": "",
            "alarm_name": "ALB-Frontend-UnHealthyHostCount",
            "arn": "arn:aws:cloudwatch:us-east-1:904233103130:alarm:ALB-Frontend-UnHealthyHostCount",
            "comparison_operator": "GreaterThanThreshold",
            "datapoints_to_alarm": 0,
            "dimensions": {
              "LoadBalancer": "app/ALB-frontend/48ea3f396c71dd35",
              "TargetGroup": "targetgroup/ALB-frontend-TG/07e2026d89c8240f"
            },
            "evaluate_low_sample_count_percentiles": "",
            "evaluation_periods": 3,
            "extended_statistic": "",
            "id": "ALB-Frontend-UnHealthyHostCount",
            "insufficient_data_actions": [],
            "metric_name": "UnHealthyHostCount",
            "metric_query": [],
            "namespace": "AWS/ApplicationELB",
            "ok_actions": [
              "arn:aws:sns:us-east-1:904233103130:prod-alerts-primary"
            ],
            "period": 60,
            "statistic": "Maximum",
            "tags": {},
            "tags_all": {},
            "threshold": 0,
            "threshold_metric_id": "",
            "treat_missing_data": "missing",
            "unit": ""
          },
          "sensitive_attributes": [],
          "private": "eyJzY2hlbWFfdmVyc2lvbiI6IjEifQ==",
          "dependencies": [
            "aws_lb.frontend_alb",
            "aws_lb_target_group.frontend_tg",
            "aws_security_group.alb_frontend_sg",
            "aws_sns_topic.alerts_primary",
            "aws_subnet.prod",
            "aws_vpc.prod"
          ]
        }
      ]
    },
    {
      "mode": "managed",
      "type": "aws_cloudwatch_metric_alarm",
      "name": "r53_hc",
      "provider": "provider[\"registry.terraform.io/hashicorp/aws\"].useast1",
      "instances": [
        {
          "schema_version": 1,
          "attributes": {
            "actions_enabled": true,
            "alarm_actions": [
              "arn:aws:sns:us-east-1:904233103130:prod-alerts-global"
            ],
            "alarm_description": "",
            "alarm_name": "Route53-HealthCheck-Failed",
            "arn": "arn:aws:cloudwatch:us-east-1:904233103130:alarm:Route53-HealthCheck-Failed",
            "comparison_operator": "LessThanThreshold",
            "datapoints_to_alarm": 0,
            "dimensions": {
              "HealthCheckId": "5473b303-a00f-48f5-8c76-69f8eec30a3d"
            },
            "evaluate_low_sample_count_percentiles": "",
            "evaluation_periods": 1,
            "extended_statistic": "",
            "id": "Route53-HealthCheck-Failed",
            "insufficient_data_actions": [],
            "metric_name": "HealthCheckStatus",
            "metric_query": [],
            "namespace": "AWS/Route53",
            "ok_actions": [
              "arn:aws:sns:us-east-1:904233103130:prod-alerts-global"
            ],
            "period": 60,
            "statistic": "Minimum",
            "tags": {},
            "tags_all": {},
            "threshold": 1,
            "threshold_metric_id": "",
            "treat_missing_data": "breaching",
            "unit": ""
          },
          "sensitive_attributes": [],
          "private": "eyJzY2hlbWFfdmVyc2lvbiI6IjEifQ==",
          "dependencies": [
            "aws_lb.frontend_alb",
            "aws_route53_health_check.backend_hc",
            "aws_security_group.alb_frontend_sg",
            "aws_sns_topic.alerts_global",
            "aws_subnet.prod",
            "aws_vpc.prod"
          ]
        }
      ]
    },
    {
      "mode": "managed",
      "type": "aws_cloudwatch_metric_alarm",
      "name": "rds_cpu_dr",
      "provider": "provider[\"registry.terraform.io/hashicorp/aws\"].secondary",
      "instances": [
        {
          "schema_version": 1,
          "attributes": {
            "actions_enabled": true,
            "alarm_actions": [
              "arn:aws:sns:us-west-1:904233103130:prod-alerts-dr"
            ],
            "alarm_description": "",
            "alarm_name": "RDS-DR-CPU-High",
            "arn": "arn:aws:cloudwatch:us-west-1:904233103130:alarm:RDS-DR-CPU-High",
            "comparison_operator": "GreaterThanThreshold",
            "datapoints_to_alarm": 0,
            "dimensions": {
              "DBInstanceIdentifier": "db-GLTWWL6Y3IPDHH2AH3V4RTQ5NA"
            },
            "evaluate_low_sample_count_percentiles": "",
            "evaluation_periods": 5,
            "extended_statistic": "",
            "id": "RDS-DR-CPU-High",
            "insufficient_data_actions": [],
            "metric_name": "CPUUtilization",
            "metric_query": [],
            "namespace": "AWS/RDS",
            "ok_actions": [
              "arn:aws:sns:us-west-1:904233103130:prod-alerts-dr"
            ],
            "period": 60,
            "statistic": "Average",
            "tags": {},
            "tags_all": {},
            "threshold": 80,
            "threshold_metric_id": "",
            "treat_missing_data": "missing",
            "unit": ""
          },
          "sensitive_attributes": [],
          "private": "eyJzY2hlbWFfdmVyc2lvbiI6IjEifQ==",
          "dependencies": [
            "aws_db_instance.primary_db",
            "aws_db_instance.read_replica",
            "aws_db_subnet_group.main",
            "aws_db_subnet_group.replica",
            "aws_security_group.backend_alb",
            "aws_security_group.backend_ec2",
            "aws_security_group.bastion",
            "aws_security_group.rds",
            "aws_security_group.rds_dr",
            "aws_sns_topic.alerts_dr",
            "aws_subnet.dr",
            "aws_subnet.prod",
            "aws_vpc.dr",
            "aws_vpc.prod",
            "data.aws_kms_alias.rds_default_dr"
          ]
        }
      ]
    },
    {
      "mode": "managed",
      "type": "aws_cloudwatch_metric_alarm",
      "name": "rds_cpu_primary",
      "provider": "provider[\"registry.terraform.io/hashicorp/aws\"].primary",
      "instances": [
        {
          "schema_version": 1,
          "attributes": {
            "actions_enabled": true,
            "alarm_actions": [
              "arn:aws:sns:us-east-1:904233103130:prod-alerts-primary"
            ],
            "alarm_description": "",
            "alarm_name": "RDS-Primary-CPU-High",
            "arn": "arn:aws:cloudwatch:us-east-1:904233103130:alarm:RDS-Primary-CPU-High",
            "comparison_operator": "GreaterThanThreshold",
            "datapoints_to_alarm": 0,
            "dimensions": {
              "DBInstanceIdentifier": "db-OCMYQ5OEGPCP3BRVX6R2DPAORA"
            },
            "evaluate_low_sample_count_percentiles": "",
            "evaluation_periods": 5,
            "extended_statistic": "",
            "id": "RDS-Primary-CPU-High",
            "insufficient_data_actions": [],
            "metric_name": "CPUUtilization",
            "metric_query": [],
            "namespace": "AWS/RDS",
            "ok_actions": [
              "arn:aws:sns:us-east-1:904233103130:prod-alerts-primary"
            ],
            "period": 60,
            "statistic": "Average",
            "tags": {},
            "tags_all": {},
            "threshold": 80,
            "threshold_metric_id": "",
            "treat_missing_data": "missing",
            "unit": ""
          },
          "sensitive_attributes": [],
          "private": "eyJzY2hlbWFfdmVyc2lvbiI6IjEifQ==",
          "dependencies": [
            "aws_db_instance.primary_db",
            "aws_db_subnet_group.main",
            "aws_security_group.backend_alb",
            "aws_security_group.backend_ec2",
            "aws_security_group.bastion",
            "aws_security_group.rds",
            "aws_sns_topic.alerts_primary",
            "aws_subnet.prod",
            "aws_vpc.prod"
          ]
        }
      ]
    },
    {
      "mode": "managed",
      "type": "aws_cloudwatch_metric_alarm",
      "name": "rds_replica_lag_dr",
      "provider": "provider[\"registry.terraform.io/hashicorp/aws\"].secondary",
      "instances": [
        {
          "schema_version": 1,
          "attributes": {
            "actions_enabled": true,
            "alarm_actions": [
              "arn:aws:sns:us-west-1:904233103130:prod-alerts-dr"
            ],
            "alarm_description": "",
            "alarm_name": "RDS-DR-ReplicaLag-High",
            "arn": "arn:aws:cloudwatch:us-west-1:904233103130:alarm:RDS-DR-ReplicaLag-High",
            "comparison_operator": "GreaterThanThreshold",
            "datapoints_to_alarm": 0,
            "dimensions": {
              "DBInstanceIdentifier": "db-GLTWWL6Y3IPDHH2AH3V4RTQ5NA"
            },
            "evaluate_low_sample_count_percentiles": "",
            "evaluation_periods": 5,
            "extended_statistic": "",
            "id": "RDS-DR-ReplicaLag-High",
            "insufficient_data_actions": [],
            "metric_name": "ReplicaLag",
            "metric_query": [],
            "namespace": "AWS/RDS",
            "ok_actions": [
              "arn:aws:sns:us-west-1:904233103130:prod-alerts-dr"
            ],
            "period": 60,
            "statistic": "Average",
            "tags": {},
            "tags_all": {},
            "threshold": 60,
            "threshold_metric_id": "",
            "treat_missing_data": "missing",
            "unit": ""
          },
          "sensitive_attributes": [],
          "private": "eyJzY2hlbWFfdmVyc2lvbiI6IjEifQ==",
          "dependencies": [
            "aws_db_instance.primary_db",
            "aws_db_instance.read_replica",
            "aws_db_subnet_group.main",
            "aws_db_subnet_group.replica",
            "aws_security_group.backend_alb",
            "aws_security_group.backend_ec2",
            "aws_security_group.bastion",
            "aws_security_group.rds",
            "aws_security_group.rds_dr",
            "aws_sns_topic.alerts_dr",
            "aws_subnet.dr",
            "aws_subnet.prod",
            "aws_vpc.dr",
            "aws_vpc.prod",
            "data.aws_kms_alias.rds_default_dr"
          ]
        }
      ]
    },
    {
      "mode": "managed",
      "type": "aws_cloudwatch_metric_alarm",
      "name": "rds_storage_low_primary",
      "provider": "provider[\"registry.terraform.io/hashicorp/aws\"].primary",
      "instances": [
        {
          "schema_version": 1,
          "attributes": {
            "actions_enabled": true,
            "alarm_actions": [
              "arn:aws:sns:us-east-1:904233103130:prod-alerts-primary"
            ],
            "alarm_description": "",
            "alarm_name": "RDS-Primary-FreeStorage-Low",
            "arn": "arn:aws:cloudwatch:us-east-1:904233103130:alarm:RDS-Primary-FreeStorage-Low",
            "comparison_operator": "LessThanThreshold",
            "datapoints_to_alarm": 0,
            "dimensions": {
              "DBInstanceIdentifier": "db-OCMYQ5OEGPCP3BRVX6R2DPAORA"
            },
            "evaluate_low_sample_count_percentiles": "",
            "evaluation_periods": 2,
            "extended_statistic": "",
            "id": "RDS-Primary-FreeStorage-Low",
            "insufficient_data_actions": [],
            "metric_name": "FreeStorageSpace",
            "metric_query": [],
            "namespace": "AWS/RDS",
            "ok_actions": [
              "arn:aws:sns:us-east-1:904233103130:prod-alerts-primary"
            ],
            "period": 300,
            "statistic": "Minimum",
            "tags": {},
            "tags_all": {},
            "threshold": 5000000000,
            "threshold_metric_id": "",
            "treat_missing_data": "missing",
            "unit": ""
          },
          "sensitive_attributes": [],
          "private": "eyJzY2hlbWFfdmVyc2lvbiI6IjEifQ==",
          "dependencies": [
            "aws_db_instance.primary_db",
            "aws_db_subnet_group.main",
            "aws_security_group.backend_alb",
            "aws_security_group.backend_ec2",
            "aws_security_group.bastion",
            "aws_security_group.rds",
            "aws_sns_topic.alerts_primary",
            "aws_subnet.prod",
            "aws_vpc.prod"
          ]
        }
      ]
    },
    {
      "mode": "managed",
      "type": "aws_db_instance",
      "name": "primary_db",
      "provider": "provider[\"registry.terraform.io/hashicorp/aws\"].primary",
      "instances": [
        {
          "schema_version": 2,
          "attributes": {
            "address": "db-prod.czoo08w08x8c.us-east-1.rds.amazonaws.com",
            "allocated_storage": 22,
            "allow_major_version_upgrade": null,
            "apply_immediately": false,
            "arn": "arn:aws:rds:us-east-1:904233103130:db:db-prod",
            "auto_minor_version_upgrade": true,
            "availability_zone": "us-east-1b",
            "backup_retention_period": 7,
            "backup_target": "region",
            "backup_window": "03:00-04:00",
            "blue_green_update": [],
            "ca_cert_identifier": "rds-ca-rsa2048-g1",
            "character_set_name": "",
            "copy_tags_to_snapshot": false,
            "custom_iam_instance_profile": "",
            "customer_owned_ip_enabled": false,
            "database_insights_mode": "standard",
            "db_name": "test",
            "db_subnet_group_name": "main-db-subnet-group",
            "dedicated_log_volume": false,
            "delete_automated_backups": true,
            "deletion_protection": false,
            "domain": "",
            "domain_auth_secret_arn": "",
            "domain_dns_ips": [],
            "domain_fqdn": "",
            "domain_iam_role_name": "",
            "domain_ou": "",
            "enabled_cloudwatch_logs_exports": [],
            "endpoint": "db-prod.czoo08w08x8c.us-east-1.rds.amazonaws.com:3306",
            "engine": "mysql",
            "engine_lifecycle_support": "open-source-rds-extended-support",
            "engine_version": "8.0",
            "engine_version_actual": "8.0.42",
            "final_snapshot_identifier": "db-prod-final-20250828133313",
            "hosted_zone_id": "Z2R2ITUGPM61AM",
            "iam_database_authentication_enabled": false,
            "id": "db-OCMYQ5OEGPCP3BRVX6R2DPAORA",
            "identifier": "db-prod",
            "identifier_prefix": "",
            "instance_class": "db.t3.micro",
            "iops": 0,
            "kms_key_id": "arn:aws:kms:us-east-1:904233103130:key/ab8caa80-8c2e-400f-acbd-6d0ce77d09d7",
            "latest_restorable_time": "2025-08-28T13:30:00Z",
            "license_model": "general-public-license",
            "listener_endpoint": [],
            "maintenance_window": "tue:08:10-tue:08:40",
            "manage_master_user_password": null,
            "master_user_secret": [],
            "master_user_secret_kms_key_id": null,
            "max_allocated_storage": 0,
            "monitoring_interval": 0,
            "monitoring_role_arn": "",
            "multi_az": true,
            "nchar_character_set_name": "",
            "network_type": "IPV4",
            "option_group_name": "default:mysql-8-0",
            "parameter_group_name": "default.mysql8.0",
            "password": "Rodman00!",
            "password_wo": null,
            "password_wo_version": null,
            "performance_insights_enabled": false,
            "performance_insights_kms_key_id": "",
            "performance_insights_retention_period": 0,
            "port": 3306,
            "publicly_accessible": false,
            "replica_mode": "",
            "replicas": [
              "arn:aws:rds:us-west-1:904233103130:db:db-prod-recovery"
            ],
            "replicate_source_db": "",
            "resource_id": "db-OCMYQ5OEGPCP3BRVX6R2DPAORA",
            "restore_to_point_in_time": [],
            "s3_import": [],
            "skip_final_snapshot": false,
            "snapshot_identifier": null,
            "status": "available",
            "storage_encrypted": true,
            "storage_throughput": 0,
            "storage_type": "gp2",
            "tags": {},
            "tags_all": {},
            "timeouts": null,
            "timezone": "",
            "upgrade_storage_config": null,
            "username": "admin",
            "vpc_security_group_ids": [
              "sg-0d6a7b1c179afad1e"
            ]
          },
          "sensitive_attributes": [
            [
              {
                "type": "get_attr",
                "value": "password_wo"
              }
            ],
            [
              {
                "type": "get_attr",
                "value": "password"
              }
            ]
          ],
          "private": "eyJlMmJmYjczMC1lY2FhLTExZTYtOGY4OC0zNDM2M2JjN2M0YzAiOnsiY3JlYXRlIjozMDAwMDAwMDAwMDAwLCJkZWxldGUiOjM2MDAwMDAwMDAwMDAsInVwZGF0ZSI6NDgwMDAwMDAwMDAwMH0sInNjaGVtYV92ZXJzaW9uIjoiMiJ9",
          "dependencies": [
            "aws_db_subnet_group.main",
            "aws_security_group.backend_alb",
            "aws_security_group.backend_ec2",
            "aws_security_group.bastion",
            "aws_security_group.rds",
            "aws_subnet.prod",
            "aws_vpc.prod"
          ]
        }
      ]
    },
    {
      "mode": "managed",
      "type": "aws_db_instance",
      "name": "read_replica",
      "provider": "provider[\"registry.terraform.io/hashicorp/aws\"].secondary",
      "instances": [
        {
          "schema_version": 2,
          "attributes": {
            "address": "db-prod-recovery.cbq2okei2ek3.us-west-1.rds.amazonaws.com",
            "allocated_storage": 22,
            "allow_major_version_upgrade": null,
            "apply_immediately": false,
            "arn": "arn:aws:rds:us-west-1:904233103130:db:db-prod-recovery",
            "auto_minor_version_upgrade": true,
            "availability_zone": "us-west-1b",
            "backup_retention_period": 0,
            "backup_target": "region",
            "backup_window": "03:00-04:00",
            "blue_green_update": [],
            "ca_cert_identifier": "rds-ca-rsa2048-g1",
            "character_set_name": "",
            "copy_tags_to_snapshot": false,
            "custom_iam_instance_profile": "",
            "customer_owned_ip_enabled": false,
            "database_insights_mode": "standard",
            "db_name": "test",
            "db_subnet_group_name": "recovery-db-subnet-group",
            "dedicated_log_volume": false,
            "delete_automated_backups": true,
            "deletion_protection": false,
            "domain": "",
            "domain_auth_secret_arn": "",
            "domain_dns_ips": [],
            "domain_fqdn": "",
            "domain_iam_role_name": "",
            "domain_ou": "",
            "enabled_cloudwatch_logs_exports": [],
            "endpoint": "db-prod-recovery.cbq2okei2ek3.us-west-1.rds.amazonaws.com:3306",
            "engine": "mysql",
            "engine_lifecycle_support": "open-source-rds-extended-support",
            "engine_version": "8.0.42",
            "engine_version_actual": "8.0.42",
            "final_snapshot_identifier": null,
            "hosted_zone_id": "Z10WI91S59XXQN",
            "iam_database_authentication_enabled": false,
            "id": "db-GLTWWL6Y3IPDHH2AH3V4RTQ5NA",
            "identifier": "db-prod-recovery",
            "identifier_prefix": "",
            "instance_class": "db.t3.micro",
            "iops": 0,
            "kms_key_id": "arn:aws:kms:us-west-1:904233103130:key/fe04ac09-e9d3-4a8d-8a0d-f081e08632c6",
            "latest_restorable_time": "",
            "license_model": "general-public-license",
            "listener_endpoint": [],
            "maintenance_window": "tue:08:10-tue:08:40",
            "manage_master_user_password": null,
            "master_user_secret": [],
            "master_user_secret_kms_key_id": null,
            "max_allocated_storage": 0,
            "monitoring_interval": 0,
            "monitoring_role_arn": "",
            "multi_az": false,
            "nchar_character_set_name": "",
            "network_type": "IPV4",
            "option_group_name": "default:mysql-8-0",
            "parameter_group_name": "default.mysql8.0",
            "password": null,
            "password_wo": null,
            "password_wo_version": null,
            "performance_insights_enabled": false,
            "performance_insights_kms_key_id": "",
            "performance_insights_retention_period": 0,
            "port": 3306,
            "publicly_accessible": false,
            "replica_mode": "",
            "replicas": [],
            "replicate_source_db": "arn:aws:rds:us-east-1:904233103130:db:db-prod",
            "resource_id": "db-GLTWWL6Y3IPDHH2AH3V4RTQ5NA",
            "restore_to_point_in_time": [],
            "s3_import": [],
            "skip_final_snapshot": true,
            "snapshot_identifier": null,
            "status": "available",
            "storage_encrypted": true,
            "storage_throughput": 0,
            "storage_type": "gp2",
            "tags": {},
            "tags_all": {},
            "timeouts": null,
            "timezone": "",
            "upgrade_storage_config": null,
            "username": "admin",
            "vpc_security_group_ids": [
              "sg-09f6cab5596c1a2ff"
            ]
          },
          "sensitive_attributes": [
            [
              {
                "type": "get_attr",
                "value": "password"
              }
            ],
            [
              {
                "type": "get_attr",
                "value": "password_wo"
              }
            ]
          ],
          "private": "eyJlMmJmYjczMC1lY2FhLTExZTYtOGY4OC0zNDM2M2JjN2M0YzAiOnsiY3JlYXRlIjozMDAwMDAwMDAwMDAwLCJkZWxldGUiOjM2MDAwMDAwMDAwMDAsInVwZGF0ZSI6NDgwMDAwMDAwMDAwMH0sInNjaGVtYV92ZXJzaW9uIjoiMiJ9",
          "dependencies": [
            "aws_db_instance.primary_db",
            "aws_db_subnet_group.main",
            "aws_db_subnet_group.replica",
            "aws_security_group.backend_alb",
            "aws_security_group.backend_ec2",
            "aws_security_group.bastion",
            "aws_security_group.rds",
            "aws_security_group.rds_dr",
            "aws_subnet.dr",
            "aws_subnet.prod",
            "aws_vpc.dr",
            "aws_vpc.prod",
            "data.aws_kms_alias.rds_default_dr"
          ]
        }
      ]
    },
    {
      "mode": "managed",
      "type": "aws_db_subnet_group",
      "name": "main",
      "provider": "provider[\"registry.terraform.io/hashicorp/aws\"].primary",
      "instances": [
        {
          "schema_version": 0,
          "attributes": {
            "arn": "arn:aws:rds:us-east-1:904233103130:subgrp:main-db-subnet-group",
            "description": "Managed by Terraform",
            "id": "main-db-subnet-group",
            "name": "main-db-subnet-group",
            "name_prefix": "",
            "subnet_ids": [
              "subnet-058ca83a5361fb062",
              "subnet-0ca6c816b7c5840eb"
            ],
            "supported_network_types": [
              "IPV4"
            ],
            "tags": {
              "Name": "MainDBSubnetGroup"
            },
            "tags_all": {
              "Name": "MainDBSubnetGroup"
            },
            "vpc_id": "vpc-0616cb961971eecb0"
          },
          "sensitive_attributes": [],
          "private": "bnVsbA==",
          "dependencies": [
            "aws_subnet.prod",
            "aws_vpc.prod"
          ]
        }
      ]
    },
    {
      "mode": "managed",
      "type": "aws_db_subnet_group",
      "name": "replica",
      "provider": "provider[\"registry.terraform.io/hashicorp/aws\"].secondary",
      "instances": [
        {
          "schema_version": 0,
          "attributes": {
            "arn": "arn:aws:rds:us-west-1:904233103130:subgrp:recovery-db-subnet-group",
            "description": "Managed by Terraform",
            "id": "recovery-db-subnet-group",
            "name": "recovery-db-subnet-group",
            "name_prefix": "",
            "subnet_ids": [
              "subnet-09afe725e38625beb",
              "subnet-0a576b5b1c8d71c39"
            ],
            "supported_network_types": [
              "IPV4"
            ],
            "tags": {
              "Name": "RecoveryDBSubnetGroup"
            },
            "tags_all": {
              "Name": "RecoveryDBSubnetGroup"
            },
            "vpc_id": "vpc-04499c61e37b853ae"
          },
          "sensitive_attributes": [],
          "private": "bnVsbA==",
          "dependencies": [
            "aws_subnet.dr",
            "aws_vpc.dr"
          ]
        }
      ]
    },
    {
      "mode": "managed",
      "type": "aws_eip",
      "name": "dr_nat_eip",
      "provider": "provider[\"registry.terraform.io/hashicorp/aws\"].secondary",
      "instances": [
        {
          "schema_version": 0,
          "attributes": {
            "address": null,
            "allocation_id": "eipalloc-03112bd782fe5b49b",
            "arn": "arn:aws:ec2:us-west-1:904233103130:elastic-ip/eipalloc-03112bd782fe5b49b",
            "associate_with_private_ip": null,
            "association_id": "eipassoc-0a3152e6cc9efdf57",
            "carrier_ip": "",
            "customer_owned_ip": "",
            "customer_owned_ipv4_pool": "",
            "domain": "vpc",
            "id": "eipalloc-03112bd782fe5b49b",
            "instance": "",
            "ipam_pool_id": null,
            "network_border_group": "us-west-1",
            "network_interface": "eni-049a1e0457ded863c",
            "private_dns": "ip-172-20-1-143.us-west-1.compute.internal",
            "private_ip": "172.20.1.143",
            "ptr_record": "",
            "public_dns": "ec2-52-53-113-96.us-west-1.compute.amazonaws.com",
            "public_ip": "52.53.113.96",
            "public_ipv4_pool": "amazon",
            "tags": {
              "Name": "eip-dr-nat"
            },
            "tags_all": {
              "Name": "eip-dr-nat"
            },
            "timeouts": null,
            "vpc": true
          },
          "sensitive_attributes": [],
          "private": "eyJlMmJmYjczMC1lY2FhLTExZTYtOGY4OC0zNDM2M2JjN2M0YzAiOnsiZGVsZXRlIjoxODAwMDAwMDAwMDAsInJlYWQiOjkwMDAwMDAwMDAwMCwidXBkYXRlIjozMDAwMDAwMDAwMDB9fQ=="
        }
      ]
    },
    {
      "mode": "managed",
      "type": "aws_eip",
      "name": "prod_nat_eip",
      "provider": "provider[\"registry.terraform.io/hashicorp/aws\"].primary",
      "instances": [
        {
          "schema_version": 0,
          "attributes": {
            "address": null,
            "allocation_id": "eipalloc-0a04d47a755235476",
            "arn": "arn:aws:ec2:us-east-1:904233103130:elastic-ip/eipalloc-0a04d47a755235476",
            "associate_with_private_ip": null,
            "association_id": "eipassoc-09edc544ccc97eb76",
            "carrier_ip": "",
            "customer_owned_ip": "",
            "customer_owned_ipv4_pool": "",
            "domain": "vpc",
            "id": "eipalloc-0a04d47a755235476",
            "instance": "",
            "ipam_pool_id": null,
            "network_border_group": "us-east-1",
            "network_interface": "eni-052e5b4475349c737",
            "private_dns": "ip-172-20-1-206.ec2.internal",
            "private_ip": "172.20.1.206",
            "ptr_record": "",
            "public_dns": "ec2-13-223-217-43.compute-1.amazonaws.com",
            "public_ip": "13.223.217.43",
            "public_ipv4_pool": "amazon",
            "tags": {
              "Name": "eip-prod-nat"
            },
            "tags_all": {
              "Name": "eip-prod-nat"
            },
            "timeouts": null,
            "vpc": true
          },
          "sensitive_attributes": [],
          "private": "eyJlMmJmYjczMC1lY2FhLTExZTYtOGY4OC0zNDM2M2JjN2M0YzAiOnsiZGVsZXRlIjoxODAwMDAwMDAwMDAsInJlYWQiOjkwMDAwMDAwMDAwMCwidXBkYXRlIjozMDAwMDAwMDAwMDB9fQ=="
        }
      ]
    },
    {
      "mode": "managed",
      "type": "aws_iam_instance_profile",
      "name": "backend_ssm",
      "provider": "provider[\"registry.terraform.io/hashicorp/aws\"]",
      "instances": [
        {
          "schema_version": 0,
          "attributes": {
            "arn": "arn:aws:iam::904233103130:instance-profile/backend-ssm-profile",
            "create_date": "2025-08-28T10:48:54Z",
            "id": "backend-ssm-profile",
            "name": "backend-ssm-profile",
            "name_prefix": "",
            "path": "/",
            "role": "backend-ssm-role",
            "tags": {},
            "tags_all": {},
            "unique_id": "AIPA5FCD6F4NKKH2A7LQQ"
          },
          "sensitive_attributes": [],
          "private": "bnVsbA==",
          "dependencies": [
            "aws_iam_role.backend_ssm",
            "data.aws_iam_policy_document.ec2_assume"
          ]
        }
      ]
    },
    {
      "mode": "managed",
      "type": "aws_iam_role",
      "name": "aws_backup_role",
      "provider": "provider[\"registry.terraform.io/hashicorp/aws\"]",
      "instances": [
        {
          "schema_version": 0,
          "attributes": {
            "arn": "arn:aws:iam::904233103130:role/aws-backup-role",
            "assume_role_policy": "{\"Statement\":[{\"Action\":\"sts:AssumeRole\",\"Effect\":\"Allow\",\"Principal\":{\"Service\":\"backup.amazonaws.com\"}}],\"Version\":\"2012-10-17\"}",
            "create_date": "2025-08-28T10:48:50Z",
            "description": "",
            "force_detach_policies": false,
            "id": "aws-backup-role",
            "inline_policy": [],
            "managed_policy_arns": [
              "arn:aws:iam::aws:policy/service-role/AWSBackupServiceRolePolicyForBackup"
            ],
            "max_session_duration": 3600,
            "name": "aws-backup-role",
            "name_prefix": "",
            "path": "/",
            "permissions_boundary": "",
            "tags": {},
            "tags_all": {},
            "unique_id": "AROA5FCD6F4NLGJKVEAWK"
          },
          "sensitive_attributes": [],
          "private": "bnVsbA=="
        }
      ]
    },
    {
      "mode": "managed",
      "type": "aws_iam_role",
      "name": "backend_ssm",
      "provider": "provider[\"registry.terraform.io/hashicorp/aws\"]",
      "instances": [
        {
          "schema_version": 0,
          "attributes": {
            "arn": "arn:aws:iam::904233103130:role/backend-ssm-role",
            "assume_role_policy": "{\"Statement\":[{\"Action\":\"sts:AssumeRole\",\"Effect\":\"Allow\",\"Principal\":{\"Service\":\"ec2.amazonaws.com\"}}],\"Version\":\"2012-10-17\"}",
            "create_date": "2025-08-28T10:48:50Z",
            "description": "",
            "force_detach_policies": false,
            "id": "backend-ssm-role",
            "inline_policy": [],
            "managed_policy_arns": [
              "arn:aws:iam::aws:policy/AmazonSSMManagedInstanceCore"
            ],
            "max_session_duration": 3600,
            "name": "backend-ssm-role",
            "name_prefix": "",
            "path": "/",
            "permissions_boundary": "",
            "tags": {},
            "tags_all": {},
            "unique_id": "AROA5FCD6F4NEDOLKJ74V"
          },
          "sensitive_attributes": [],
          "private": "bnVsbA==",
          "dependencies": [
            "data.aws_iam_policy_document.ec2_assume"
          ]
        }
      ]
    },
    {
      "mode": "managed",
      "type": "aws_iam_role_policy_attachment",
      "name": "aws_backup_role_attach",
      "provider": "provider[\"registry.terraform.io/hashicorp/aws\"]",
      "instances": [
        {
          "schema_version": 0,
          "attributes": {
            "id": "aws-backup-role-20250828104853801800000001",
            "policy_arn": "arn:aws:iam::aws:policy/service-role/AWSBackupServiceRolePolicyForBackup",
            "role": "aws-backup-role"
          },
          "sensitive_attributes": [],
          "private": "bnVsbA==",
          "dependencies": [
            "aws_iam_role.aws_backup_role"
          ]
        }
      ]
    },
    {
      "mode": "managed",
      "type": "aws_iam_role_policy_attachment",
      "name": "backend_ssm_core",
      "provider": "provider[\"registry.terraform.io/hashicorp/aws\"]",
      "instances": [
        {
          "schema_version": 0,
          "attributes": {
            "id": "backend-ssm-role-20250828104856408000000002",
            "policy_arn": "arn:aws:iam::aws:policy/AmazonSSMManagedInstanceCore",
            "role": "backend-ssm-role"
          },
          "sensitive_attributes": [],
          "private": "bnVsbA==",
          "dependencies": [
            "aws_iam_role.backend_ssm",
            "data.aws_iam_policy_document.ec2_assume"
          ]
        }
      ]
    },
    {
      "mode": "managed",
      "type": "aws_instance",
      "name": "backend_east",
      "provider": "provider[\"registry.terraform.io/hashicorp/aws\"].primary",
      "instances": [
        {
          "schema_version": 1,
          "attributes": {
            "ami": "ami-0bbdd8c17ed981ef9",
            "arn": "arn:aws:ec2:us-east-1:904233103130:instance/i-04185d6b23111fe2b",
            "associate_public_ip_address": true,
            "availability_zone": "us-east-1b",
            "capacity_reservation_specification": [
              {
                "capacity_reservation_preference": "open",
                "capacity_reservation_target": []
              }
            ],
            "cpu_core_count": 1,
            "cpu_options": [
              {
                "amd_sev_snp": "",
                "core_count": 1,
                "threads_per_core": 1
              }
            ],
            "cpu_threads_per_core": 1,
            "credit_specification": [
              {
                "cpu_credits": "standard"
              }
            ],
            "disable_api_stop": false,
            "disable_api_termination": false,
            "ebs_block_device": [],
            "ebs_optimized": false,
            "enable_primary_ipv6": null,
            "enclave_options": [
              {
                "enabled": false
              }
            ],
            "ephemeral_block_device": [],
            "get_password_data": false,
            "hibernation": false,
            "host_id": "",
            "host_resource_group_arn": null,
            "iam_instance_profile": "",
            "id": "i-04185d6b23111fe2b",
            "instance_initiated_shutdown_behavior": "stop",
            "instance_lifecycle": "",
            "instance_market_options": [],
            "instance_state": "running",
            "instance_type": "t2.micro",
            "ipv6_address_count": 0,
            "ipv6_addresses": [],
            "key_name": "temp-key",
            "launch_template": [],
            "maintenance_options": [
              {
                "auto_recovery": "default"
              }
            ],
            "metadata_options": [
              {
                "http_endpoint": "enabled",
                "http_protocol_ipv6": "disabled",
                "http_put_response_hop_limit": 1,
                "http_tokens": "optional",
                "instance_metadata_tags": "disabled"
              }
            ],
            "monitoring": false,
            "network_interface": [],
            "outpost_arn": "",
            "password_data": "",
            "placement_group": "",
            "placement_partition_number": 0,
            "primary_network_interface_id": "eni-0750846b6e85052b4",
            "private_dns": "ip-172-20-2-210.ec2.internal",
            "private_dns_name_options": [
              {
                "enable_resource_name_dns_a_record": false,
                "enable_resource_name_dns_aaaa_record": false,
                "hostname_type": "ip-name"
              }
            ],
            "private_ip": "172.20.2.210",
            "public_dns": "ec2-13-222-29-205.compute-1.amazonaws.com",
            "public_ip": "13.222.29.205",
            "root_block_device": [
              {
                "delete_on_termination": true,
                "device_name": "/dev/sda1",
                "encrypted": false,
                "iops": 100,
                "kms_key_id": "",
                "tags": {},
                "tags_all": {},
                "throughput": 0,
                "volume_id": "vol-07a3f764b7043625c",
                "volume_size": 8,
                "volume_type": "gp2"
              }
            ],
            "secondary_private_ips": [],
            "security_groups": [],
            "source_dest_check": true,
            "spot_instance_request_id": "",
            "subnet_id": "subnet-00bb20a19cfec70e7",
            "tags": {
              "Name": "linux-backend-est-1"
            },
            "tags_all": {
              "Name": "linux-backend-est-1"
            },
            "tenancy": "default",
            "timeouts": null,
            "user_data": "ce8626b322a7382aae686a9949894093f778c96b",
            "user_data_base64": null,
            "user_data_replace_on_change": false,
            "volume_tags": null,
            "vpc_security_group_ids": [
              "sg-0e5cebd51202b29d9"
            ]
          },
          "sensitive_attributes": [],
          "private": "eyJlMmJmYjczMC1lY2FhLTExZTYtOGY4OC0zNDM2M2JjN2M0YzAiOnsiY3JlYXRlIjo2MDAwMDAwMDAwMDAsImRlbGV0ZSI6MTIwMDAwMDAwMDAwMCwicmVhZCI6OTAwMDAwMDAwMDAwLCJ1cGRhdGUiOjYwMDAwMDAwMDAwMH0sInNjaGVtYV92ZXJzaW9uIjoiMSJ9",
          "dependencies": [
            "aws_key_pair.deployer_east",
            "aws_security_group.web_sg_east",
            "aws_subnet.prod",
            "aws_vpc.prod",
            "data.aws_ami.ubuntu_east",
            "tls_private_key.auto"
          ],
          "create_before_destroy": true
        }
      ]
    },
    {
      "mode": "managed",
      "type": "aws_instance",
      "name": "backend_west",
      "provider": "provider[\"registry.terraform.io/hashicorp/aws\"].secondary",
      "instances": [
        {
          "schema_version": 1,
          "attributes": {
            "ami": "ami-0ddac4b9aed8d5d46",
            "arn": "arn:aws:ec2:us-west-1:904233103130:instance/i-02727b1db46e5d192",
            "associate_public_ip_address": true,
            "availability_zone": "us-west-1c",
            "capacity_reservation_specification": [
              {
                "capacity_reservation_preference": "open",
                "capacity_reservation_target": []
              }
            ],
            "cpu_core_count": 1,
            "cpu_options": [
              {
                "amd_sev_snp": "",
                "core_count": 1,
                "threads_per_core": 1
              }
            ],
            "cpu_threads_per_core": 1,
            "credit_specification": [
              {
                "cpu_credits": "standard"
              }
            ],
            "disable_api_stop": false,
            "disable_api_termination": false,
            "ebs_block_device": [],
            "ebs_optimized": false,
            "enable_primary_ipv6": null,
            "enclave_options": [
              {
                "enabled": false
              }
            ],
            "ephemeral_block_device": [],
            "get_password_data": false,
            "hibernation": false,
            "host_id": "",
            "host_resource_group_arn": null,
            "iam_instance_profile": "",
            "id": "i-02727b1db46e5d192",
            "instance_initiated_shutdown_behavior": "stop",
            "instance_lifecycle": "",
            "instance_market_options": [],
            "instance_state": "running",
            "instance_type": "t2.micro",
            "ipv6_address_count": 0,
            "ipv6_addresses": [],
            "key_name": "temp-key",
            "launch_template": [],
            "maintenance_options": [
              {
                "auto_recovery": "default"
              }
            ],
            "metadata_options": [
              {
                "http_endpoint": "enabled",
                "http_protocol_ipv6": "disabled",
                "http_put_response_hop_limit": 1,
                "http_tokens": "optional",
                "instance_metadata_tags": "disabled"
              }
            ],
            "monitoring": false,
            "network_interface": [],
            "outpost_arn": "",
            "password_data": "",
            "placement_group": "",
            "placement_partition_number": 0,
            "primary_network_interface_id": "eni-031aeb1c6a3c42b02",
            "private_dns": "ip-172-20-2-14.us-west-1.compute.internal",
            "private_dns_name_options": [
              {
                "enable_resource_name_dns_a_record": false,
                "enable_resource_name_dns_aaaa_record": false,
                "hostname_type": "ip-name"
              }
            ],
            "private_ip": "172.20.2.14",
            "public_dns": "ec2-52-53-193-48.us-west-1.compute.amazonaws.com",
            "public_ip": "52.53.193.48",
            "root_block_device": [
              {
                "delete_on_termination": true,
                "device_name": "/dev/sda1",
                "encrypted": false,
                "iops": 100,
                "kms_key_id": "",
                "tags": {},
                "tags_all": {},
                "throughput": 0,
                "volume_id": "vol-0c016488aa37ff10e",
                "volume_size": 8,
                "volume_type": "gp2"
              }
            ],
            "secondary_private_ips": [],
            "security_groups": [],
            "source_dest_check": true,
            "spot_instance_request_id": "",
            "subnet_id": "subnet-0f044ae531bcfa216",
            "tags": {
              "Name": "linux-backend-west-1"
            },
            "tags_all": {
              "Name": "linux-backend-west-1"
            },
            "tenancy": "default",
            "timeouts": null,
            "user_data": "ce8626b322a7382aae686a9949894093f778c96b",
            "user_data_base64": null,
            "user_data_replace_on_change": false,
            "volume_tags": null,
            "vpc_security_group_ids": [
              "sg-0f194bb964831cfb9"
            ]
          },
          "sensitive_attributes": [],
          "private": "eyJlMmJmYjczMC1lY2FhLTExZTYtOGY4OC0zNDM2M2JjN2M0YzAiOnsiY3JlYXRlIjo2MDAwMDAwMDAwMDAsImRlbGV0ZSI6MTIwMDAwMDAwMDAwMCwicmVhZCI6OTAwMDAwMDAwMDAwLCJ1cGRhdGUiOjYwMDAwMDAwMDAwMH0sInNjaGVtYV92ZXJzaW9uIjoiMSJ9",
          "dependencies": [
            "aws_key_pair.deployer_west",
            "aws_security_group.web_sg_west",
            "aws_subnet.dr",
            "aws_vpc.dr",
            "data.aws_ami.ubuntu_west",
            "tls_private_key.auto"
          ],
          "create_before_destroy": true
        }
      ]
    },
    {
      "mode": "managed",
      "type": "aws_instance",
      "name": "frontend_east",
      "provider": "provider[\"registry.terraform.io/hashicorp/aws\"].primary",
      "instances": [
        {
          "schema_version": 1,
          "attributes": {
            "ami": "ami-0bbdd8c17ed981ef9",
            "arn": "arn:aws:ec2:us-east-1:904233103130:instance/i-0b8d93ad83bcc1273",
            "associate_public_ip_address": true,
            "availability_zone": "us-east-1a",
            "capacity_reservation_specification": [
              {
                "capacity_reservation_preference": "open",
                "capacity_reservation_target": []
              }
            ],
            "cpu_core_count": 1,
            "cpu_options": [
              {
                "amd_sev_snp": "",
                "core_count": 1,
                "threads_per_core": 1
              }
            ],
            "cpu_threads_per_core": 1,
            "credit_specification": [
              {
                "cpu_credits": "standard"
              }
            ],
            "disable_api_stop": false,
            "disable_api_termination": false,
            "ebs_block_device": [],
            "ebs_optimized": false,
            "enable_primary_ipv6": null,
            "enclave_options": [
              {
                "enabled": false
              }
            ],
            "ephemeral_block_device": [],
            "get_password_data": false,
            "hibernation": false,
            "host_id": "",
            "host_resource_group_arn": null,
            "iam_instance_profile": "",
            "id": "i-0b8d93ad83bcc1273",
            "instance_initiated_shutdown_behavior": "stop",
            "instance_lifecycle": "",
            "instance_market_options": [],
            "instance_state": "running",
            "instance_type": "t2.micro",
            "ipv6_address_count": 0,
            "ipv6_addresses": [],
            "key_name": "temp-key",
            "launch_template": [],
            "maintenance_options": [
              {
                "auto_recovery": "default"
              }
            ],
            "metadata_options": [
              {
                "http_endpoint": "enabled",
                "http_protocol_ipv6": "disabled",
                "http_put_response_hop_limit": 1,
                "http_tokens": "optional",
                "instance_metadata_tags": "disabled"
              }
            ],
            "monitoring": false,
            "network_interface": [],
            "outpost_arn": "",
            "password_data": "",
            "placement_group": "",
            "placement_partition_number": 0,
            "primary_network_interface_id": "eni-04d4eec37b1f70a10",
            "private_dns": "ip-172-20-1-51.ec2.internal",
            "private_dns_name_options": [
              {
                "enable_resource_name_dns_a_record": false,
                "enable_resource_name_dns_aaaa_record": false,
                "hostname_type": "ip-name"
              }
            ],
            "private_ip": "172.20.1.51",
            "public_dns": "ec2-34-237-137-172.compute-1.amazonaws.com",
            "public_ip": "34.237.137.172",
            "root_block_device": [
              {
                "delete_on_termination": true,
                "device_name": "/dev/sda1",
                "encrypted": false,
                "iops": 100,
                "kms_key_id": "",
                "tags": {},
                "tags_all": {},
                "throughput": 0,
                "volume_id": "vol-04df9496e68ecce52",
                "volume_size": 8,
                "volume_type": "gp2"
              }
            ],
            "secondary_private_ips": [],
            "security_groups": [],
            "source_dest_check": true,
            "spot_instance_request_id": "",
            "subnet_id": "subnet-02f19dadbb9220602",
            "tags": {
              "Name": "linux-frontend-east-1"
            },
            "tags_all": {
              "Name": "linux-frontend-east-1"
            },
            "tenancy": "default",
            "timeouts": null,
            "user_data": "ceb7c55adbb6de1b4eb1464c88f63c18795182d8",
            "user_data_base64": null,
            "user_data_replace_on_change": false,
            "volume_tags": null,
            "vpc_security_group_ids": [
              "sg-0e5cebd51202b29d9"
            ]
          },
          "sensitive_attributes": [],
          "private": "eyJlMmJmYjczMC1lY2FhLTExZTYtOGY4OC0zNDM2M2JjN2M0YzAiOnsiY3JlYXRlIjo2MDAwMDAwMDAwMDAsImRlbGV0ZSI6MTIwMDAwMDAwMDAwMCwicmVhZCI6OTAwMDAwMDAwMDAwLCJ1cGRhdGUiOjYwMDAwMDAwMDAwMH0sInNjaGVtYV92ZXJzaW9uIjoiMSJ9",
          "dependencies": [
            "aws_key_pair.deployer_east",
            "aws_security_group.web_sg_east",
            "aws_subnet.prod",
            "aws_vpc.prod",
            "data.aws_ami.ubuntu_east",
            "tls_private_key.auto"
          ]
        }
      ]
    },
    {
      "mode": "managed",
      "type": "aws_instance",
      "name": "frontend_west",
      "provider": "provider[\"registry.terraform.io/hashicorp/aws\"].secondary",
      "instances": [
        {
          "schema_version": 1,
          "attributes": {
            "ami": "ami-0ddac4b9aed8d5d46",
            "arn": "arn:aws:ec2:us-west-1:904233103130:instance/i-0613ce9097ebf3006",
            "associate_public_ip_address": true,
            "availability_zone": "us-west-1b",
            "capacity_reservation_specification": [
              {
                "capacity_reservation_preference": "open",
                "capacity_reservation_target": []
              }
            ],
            "cpu_core_count": 1,
            "cpu_options": [
              {
                "amd_sev_snp": "",
                "core_count": 1,
                "threads_per_core": 1
              }
            ],
            "cpu_threads_per_core": 1,
            "credit_specification": [
              {
                "cpu_credits": "standard"
              }
            ],
            "disable_api_stop": false,
            "disable_api_termination": false,
            "ebs_block_device": [],
            "ebs_optimized": false,
            "enable_primary_ipv6": null,
            "enclave_options": [
              {
                "enabled": false
              }
            ],
            "ephemeral_block_device": [],
            "get_password_data": false,
            "hibernation": false,
            "host_id": "",
            "host_resource_group_arn": null,
            "iam_instance_profile": "",
            "id": "i-0613ce9097ebf3006",
            "instance_initiated_shutdown_behavior": "stop",
            "instance_lifecycle": "",
            "instance_market_options": [],
            "instance_state": "running",
            "instance_type": "t2.micro",
            "ipv6_address_count": 0,
            "ipv6_addresses": [],
            "key_name": "temp-key",
            "launch_template": [],
            "maintenance_options": [
              {
                "auto_recovery": "default"
              }
            ],
            "metadata_options": [
              {
                "http_endpoint": "enabled",
                "http_protocol_ipv6": "disabled",
                "http_put_response_hop_limit": 1,
                "http_tokens": "optional",
                "instance_metadata_tags": "disabled"
              }
            ],
            "monitoring": false,
            "network_interface": [],
            "outpost_arn": "",
            "password_data": "",
            "placement_group": "",
            "placement_partition_number": 0,
            "primary_network_interface_id": "eni-029d9ded4fda876de",
            "private_dns": "ip-172-20-1-199.us-west-1.compute.internal",
            "private_dns_name_options": [
              {
                "enable_resource_name_dns_a_record": false,
                "enable_resource_name_dns_aaaa_record": false,
                "hostname_type": "ip-name"
              }
            ],
            "private_ip": "172.20.1.199",
            "public_dns": "ec2-54-67-17-205.us-west-1.compute.amazonaws.com",
            "public_ip": "54.67.17.205",
            "root_block_device": [
              {
                "delete_on_termination": true,
                "device_name": "/dev/sda1",
                "encrypted": false,
                "iops": 100,
                "kms_key_id": "",
                "tags": {},
                "tags_all": {},
                "throughput": 0,
                "volume_id": "vol-099c614c575361624",
                "volume_size": 8,
                "volume_type": "gp2"
              }
            ],
            "secondary_private_ips": [],
            "security_groups": [],
            "source_dest_check": true,
            "spot_instance_request_id": "",
            "subnet_id": "subnet-033967a41a1974b33",
            "tags": {
              "Name": "linux-frontend-west-1"
            },
            "tags_all": {
              "Name": "linux-frontend-west-1"
            },
            "tenancy": "default",
            "timeouts": null,
            "user_data": "ceb7c55adbb6de1b4eb1464c88f63c18795182d8",
            "user_data_base64": null,
            "user_data_replace_on_change": false,
            "volume_tags": null,
            "vpc_security_group_ids": [
              "sg-0f194bb964831cfb9"
            ]
          },
          "sensitive_attributes": [],
          "private": "eyJlMmJmYjczMC1lY2FhLTExZTYtOGY4OC0zNDM2M2JjN2M0YzAiOnsiY3JlYXRlIjo2MDAwMDAwMDAwMDAsImRlbGV0ZSI6MTIwMDAwMDAwMDAwMCwicmVhZCI6OTAwMDAwMDAwMDAwLCJ1cGRhdGUiOjYwMDAwMDAwMDAwMH0sInNjaGVtYV92ZXJzaW9uIjoiMSJ9",
          "dependencies": [
            "aws_key_pair.deployer_west",
            "aws_security_group.web_sg_west",
            "aws_subnet.dr",
            "aws_vpc.dr",
            "data.aws_ami.ubuntu_west",
            "tls_private_key.auto"
          ],
          "create_before_destroy": true
        }
      ]
    },
    {
      "mode": "managed",
      "type": "aws_internet_gateway",
      "name": "dr_igw",
      "provider": "provider[\"registry.terraform.io/hashicorp/aws\"].secondary",
      "instances": [
        {
          "schema_version": 0,
          "attributes": {
            "arn": "arn:aws:ec2:us-west-1:904233103130:internet-gateway/igw-07f03b628240c4cd4",
            "id": "igw-07f03b628240c4cd4",
            "owner_id": "904233103130",
            "tags": {
              "Name": "igw-dr"
            },
            "tags_all": {
              "Name": "igw-dr"
            },
            "timeouts": null,
            "vpc_id": "vpc-04499c61e37b853ae"
          },
          "sensitive_attributes": [],
          "private": "eyJlMmJmYjczMC1lY2FhLTExZTYtOGY4OC0zNDM2M2JjN2M0YzAiOnsiY3JlYXRlIjoxMjAwMDAwMDAwMDAwLCJkZWxldGUiOjEyMDAwMDAwMDAwMDAsInVwZGF0ZSI6MTIwMDAwMDAwMDAwMH19",
          "dependencies": [
            "aws_vpc.dr"
          ]
        }
      ]
    },
    {
      "mode": "managed",
      "type": "aws_internet_gateway",
      "name": "prod_igw",
      "provider": "provider[\"registry.terraform.io/hashicorp/aws\"].primary",
      "instances": [
        {
          "schema_version": 0,
          "attributes": {
            "arn": "arn:aws:ec2:us-east-1:904233103130:internet-gateway/igw-0de4dac2a3db67999",
            "id": "igw-0de4dac2a3db67999",
            "owner_id": "904233103130",
            "tags": {
              "Name": "igw-prod"
            },
            "tags_all": {
              "Name": "igw-prod"
            },
            "timeouts": null,
            "vpc_id": "vpc-0616cb961971eecb0"
          },
          "sensitive_attributes": [],
          "private": "eyJlMmJmYjczMC1lY2FhLTExZTYtOGY4OC0zNDM2M2JjN2M0YzAiOnsiY3JlYXRlIjoxMjAwMDAwMDAwMDAwLCJkZWxldGUiOjEyMDAwMDAwMDAwMDAsInVwZGF0ZSI6MTIwMDAwMDAwMDAwMH19",
          "dependencies": [
            "aws_vpc.prod"
          ]
        }
      ]
    },
    {
      "mode": "managed",
      "type": "aws_key_pair",
      "name": "deployer_east",
      "provider": "provider[\"registry.terraform.io/hashicorp/aws\"].primary",
      "instances": [
        {
          "schema_version": 1,
          "attributes": {
            "arn": "arn:aws:ec2:us-east-1:904233103130:key-pair/temp-key",
            "fingerprint": "dc:bd:d6:ef:d1:e1:d1:94:2e:ea:26:df:ef:31:33:ee",
            "id": "temp-key",
            "key_name": "temp-key",
            "key_name_prefix": "",
            "key_pair_id": "key-02263e65a2af3d9ac",
            "key_type": "rsa",
            "public_key": "ssh-rsa AAAAB3NzaC1yc2EAAAADAQABAAACAQC2uObOUA2PcrPY2HaWkjqxGgOqA7/YLzNHWO6h4HB+/bHUEX+sEgdA8cmhpGVIp1CbNV/G6t5f7R+CW0SWCXkOdgQ0oXpDxR6je/0GQrM3rwIQ8ljP3cW5e/vhSydiaaiwWZ6g3xtFqRXA+XeUxFxxz1zX2Bs3NRvYIWjbD3IrOIVjxy51epvI525bVRbsrgXx0lHlOGh5WX3ISqm02RrDf9Hu1tiJVx9ZTZHtTiTwiWuC4ddCuwdS2dpTV5kTdewr4+sqRo/mQSkHb90U5LIHxfAfmwr8/UbpBa8ZcCpRc3iqihp5LIOThUFnIph47I+mjo7kLBD/w7iGjZN3n9kVZE750j22mcnzDVjLbYwl04Be94BQMMPgZPmlFnjWtq7NE07+IuYuvXSt5FW+VhOSWfh7jva6bHPKoVrpEg8kWRb4LOJhRMfzwffe9Y5vhc0mmhOWTYcEnSEaoYX2eYdri9jT5YsxDc8HWWx+OqpF77XGMyY5PANEX39MH4NjIEwK0ei2DdsHBk1gzDFRItE9RX+81u6cZdy+7O/q3u19tXOA3mZjfkunxb5h/O840nyvZj9aPCf/tUu3as87v0E2nsJNgW2jBpPi/jpyIVZupFeJkFYyq3FGE+tm+/fSLr9aCSeifEL5sbe+AS4In4d1SOSRYDAPLiDrK8NMvjGbSQ==",
            "tags": {},
            "tags_all": {}
          },
          "sensitive_attributes": [],
          "private": "eyJzY2hlbWFfdmVyc2lvbiI6IjEifQ==",
          "dependencies": [
            "tls_private_key.auto"
          ],
          "create_before_destroy": true
        }
      ]
    },
    {
      "mode": "managed",
      "type": "aws_key_pair",
      "name": "deployer_west",
      "provider": "provider[\"registry.terraform.io/hashicorp/aws\"].secondary",
      "instances": [
        {
          "schema_version": 1,
          "attributes": {
            "arn": "arn:aws:ec2:us-west-1:904233103130:key-pair/temp-key",
            "fingerprint": "dc:bd:d6:ef:d1:e1:d1:94:2e:ea:26:df:ef:31:33:ee",
            "id": "temp-key",
            "key_name": "temp-key",
            "key_name_prefix": "",
            "key_pair_id": "key-0d1a8c15508eaa9bd",
            "key_type": "rsa",
            "public_key": "ssh-rsa AAAAB3NzaC1yc2EAAAADAQABAAACAQC2uObOUA2PcrPY2HaWkjqxGgOqA7/YLzNHWO6h4HB+/bHUEX+sEgdA8cmhpGVIp1CbNV/G6t5f7R+CW0SWCXkOdgQ0oXpDxR6je/0GQrM3rwIQ8ljP3cW5e/vhSydiaaiwWZ6g3xtFqRXA+XeUxFxxz1zX2Bs3NRvYIWjbD3IrOIVjxy51epvI525bVRbsrgXx0lHlOGh5WX3ISqm02RrDf9Hu1tiJVx9ZTZHtTiTwiWuC4ddCuwdS2dpTV5kTdewr4+sqRo/mQSkHb90U5LIHxfAfmwr8/UbpBa8ZcCpRc3iqihp5LIOThUFnIph47I+mjo7kLBD/w7iGjZN3n9kVZE750j22mcnzDVjLbYwl04Be94BQMMPgZPmlFnjWtq7NE07+IuYuvXSt5FW+VhOSWfh7jva6bHPKoVrpEg8kWRb4LOJhRMfzwffe9Y5vhc0mmhOWTYcEnSEaoYX2eYdri9jT5YsxDc8HWWx+OqpF77XGMyY5PANEX39MH4NjIEwK0ei2DdsHBk1gzDFRItE9RX+81u6cZdy+7O/q3u19tXOA3mZjfkunxb5h/O840nyvZj9aPCf/tUu3as87v0E2nsJNgW2jBpPi/jpyIVZupFeJkFYyq3FGE+tm+/fSLr9aCSeifEL5sbe+AS4In4d1SOSRYDAPLiDrK8NMvjGbSQ==",
            "tags": {},
            "tags_all": {}
          },
          "sensitive_attributes": [],
          "private": "eyJzY2hlbWFfdmVyc2lvbiI6IjEifQ==",
          "dependencies": [
            "tls_private_key.auto"
          ],
          "create_before_destroy": true
        }
      ]
    },
    {
      "mode": "managed",
      "type": "aws_key_pair",
      "name": "ec2_key",
      "provider": "provider[\"registry.terraform.io/hashicorp/aws\"].primary",
      "instances": [
        {
          "schema_version": 1,
          "attributes": {
            "arn": "arn:aws:ec2:us-east-1:904233103130:key-pair/multi-region-key",
            "fingerprint": "b0:ab:f3:1d:df:a7:3b:43:06:96:2c:6b:f9:a5:7d:38",
            "id": "multi-region-key",
            "key_name": "multi-region-key",
            "key_name_prefix": "",
            "key_pair_id": "key-085cdb485e6b82062",
            "key_type": "rsa",
            "public_key": "ssh-rsa AAAAB3NzaC1yc2EAAAADAQABAAACAQCtm4J7O1isBLa6cM8eOrLRAP0YhFhL55aNnuoElJWMMyYBY+LPq4ljWTJSZ3mwKPyeJ377rSV0+ZebAMQSNoO9Wl2mWQHI1UrnfAPyUAhgPSOUymPs0m0SId/zMS/7h59HFLdrL2PpBaCZtAq7te0EDukVKHHtV3RM8lJ7Qh4mCgb2id30Sk1S/zDZk32C2NjBHgi2MMjGbtUvkRl8xoDRmItS3IvlBqnHwNi58lPTQ1myiH7KUQlQQ2Rphk1WRjuYhEIEjngNXe1Wo1W9hc8hMNDZPnh2kThqvyzjgle0UVVjZjxtYBw/W9q1x1Q3txuV8NHqgqG4OmnFJE+R43m1F6cjBq/xy+U3CukEoRUgSI+/ok2nYMn1fmRCFBX1S6VJMabWw3BLNcc+gRNSh/1jPRk5NB4HjHa372kQ1MuyuhATYHmJ9ABfFX2CEIuf8fY9An0rchovizNWxZ2yayXZnc1BAvENoLgmfE1ZWKpRD2OrrwsLDa++WW42jYoED7isXwxGdrMKMQceH3h2G4//nchXlwMCA5+C5osLEYqriCaozkdXhKzhHqWu2oJ09Bh0qIrA0rniRU3y0xWjepCnrWk2iyndnmIocFQxWMSriUBsnFP0lHhuDFut5a+jZGh+9WeqKylgALv8esRhifvd0ODR0Sfr0JfZH3fLFdhBOQ==",
            "tags": {},
            "tags_all": {}
          },
          "sensitive_attributes": [],
          "private": "eyJzY2hlbWFfdmVyc2lvbiI6IjEifQ==",
          "dependencies": [
            "tls_private_key.ec2_key"
          ]
        }
      ]
    },
    {
      "mode": "managed",
      "type": "aws_key_pair",
      "name": "generated_key",
      "provider": "provider[\"registry.terraform.io/hashicorp/aws\"]",
      "instances": [
        {
          "schema_version": 1,
          "attributes": {
            "arn": "arn:aws:ec2:eu-west-1:904233103130:key-pair/terraform-key",
            "fingerprint": "b0:ab:f3:1d:df:a7:3b:43:06:96:2c:6b:f9:a5:7d:38",
            "id": "terraform-key",
            "key_name": "terraform-key",
            "key_name_prefix": "",
            "key_pair_id": "key-03879f6bbc4c5cb3f",
            "key_type": "rsa",
            "public_key": "ssh-rsa AAAAB3NzaC1yc2EAAAADAQABAAACAQCtm4J7O1isBLa6cM8eOrLRAP0YhFhL55aNnuoElJWMMyYBY+LPq4ljWTJSZ3mwKPyeJ377rSV0+ZebAMQSNoO9Wl2mWQHI1UrnfAPyUAhgPSOUymPs0m0SId/zMS/7h59HFLdrL2PpBaCZtAq7te0EDukVKHHtV3RM8lJ7Qh4mCgb2id30Sk1S/zDZk32C2NjBHgi2MMjGbtUvkRl8xoDRmItS3IvlBqnHwNi58lPTQ1myiH7KUQlQQ2Rphk1WRjuYhEIEjngNXe1Wo1W9hc8hMNDZPnh2kThqvyzjgle0UVVjZjxtYBw/W9q1x1Q3txuV8NHqgqG4OmnFJE+R43m1F6cjBq/xy+U3CukEoRUgSI+/ok2nYMn1fmRCFBX1S6VJMabWw3BLNcc+gRNSh/1jPRk5NB4HjHa372kQ1MuyuhATYHmJ9ABfFX2CEIuf8fY9An0rchovizNWxZ2yayXZnc1BAvENoLgmfE1ZWKpRD2OrrwsLDa++WW42jYoED7isXwxGdrMKMQceH3h2G4//nchXlwMCA5+C5osLEYqriCaozkdXhKzhHqWu2oJ09Bh0qIrA0rniRU3y0xWjepCnrWk2iyndnmIocFQxWMSriUBsnFP0lHhuDFut5a+jZGh+9WeqKylgALv8esRhifvd0ODR0Sfr0JfZH3fLFdhBOQ==",
            "tags": {},
            "tags_all": {}
          },
          "sensitive_attributes": [],
          "private": "eyJzY2hlbWFfdmVyc2lvbiI6IjEifQ==",
          "dependencies": [
            "tls_private_key.ec2_key"
          ]
        }
      ]
    },
    {
      "mode": "managed",
      "type": "aws_launch_template",
      "name": "backend_lt_east",
      "provider": "provider[\"registry.terraform.io/hashicorp/aws\"].primary",
      "instances": [
        {
          "schema_version": 0,
          "attributes": {
            "arn": "arn:aws:ec2:us-east-1:904233103130:launch-template/lt-05302854ee9d60bb7",
            "block_device_mappings": [],
            "capacity_reservation_specification": [],
            "cpu_options": [],
            "credit_specification": [],
            "default_version": 1,
            "description": "",
            "disable_api_stop": false,
            "disable_api_termination": false,
            "ebs_optimized": "",
            "elastic_gpu_specifications": [],
            "elastic_inference_accelerator": [],
            "enclave_options": [],
            "hibernation_options": [],
            "iam_instance_profile": [],
            "id": "lt-05302854ee9d60bb7",
            "image_id": "ami-02f09381f845acbab",
            "instance_initiated_shutdown_behavior": "",
            "instance_market_options": [],
            "instance_requirements": [],
            "instance_type": "t2.micro",
            "kernel_id": "",
            "key_name": "temp-key",
            "latest_version": 6,
            "license_specification": [],
            "maintenance_options": [],
            "metadata_options": [],
            "monitoring": [],
            "name": "lt-backend-east-2025082810523281510000000b",
            "name_prefix": "lt-backend-east-",
            "network_interfaces": [],
            "placement": [],
            "private_dns_name_options": [],
            "ram_disk_id": "",
            "security_group_names": [],
            "tag_specifications": [],
            "tags": {},
            "tags_all": {},
            "update_default_version": null,
            "user_data": "IyEvYmluL2Jhc2gNCnN1ZG8gYXB0IHVwZGF0ZSAteQ0Kc2xlZXAgMTUwDQpzdWRvIHBtMiBzdGFydHVwDQpzdWRvIGVudiBQQVRIPSRQQVRIOi91c3IvYmluIC91c3IvbG9jYWwvc2hhcmUvLmNvbmZpZy95YXJuL2dsb2JhbC9ub2RlX21vZHVsZXMvcG0yL2Jpbi9wbTIgc3RhcnR1cCBzeXN0ZW1kIC11IHVidW50dSAtLWhwIC9ob21lL3VidW50dQ0Kc3VkbyBzeXN0ZW1jdGwgc3RhcnQgcG0yLXJvb3QNCnN1ZG8gc3lzdGVtY3RsIGVuYWJsZSBwbTItcm9vdA0K",
            "vpc_security_group_ids": [
              "sg-066dcd556c68c2299"
            ]
          },
          "sensitive_attributes": [],
          "private": "bnVsbA==",
          "dependencies": [
            "aws_ami_from_instance.backend_ami_east",
            "aws_instance.backend_east",
            "aws_key_pair.deployer_east",
            "aws_security_group.backend_alb",
            "aws_security_group.backend_ec2",
            "aws_security_group.bastion",
            "aws_security_group.web_sg_east",
            "aws_subnet.prod",
            "aws_vpc.prod",
            "data.aws_ami.ubuntu_east",
            "tls_private_key.auto"
          ],
          "create_before_destroy": true
        }
      ]
    },
    {
      "mode": "managed",
      "type": "aws_launch_template",
      "name": "backend_lt_west",
      "provider": "provider[\"registry.terraform.io/hashicorp/aws\"].secondary",
      "instances": [
        {
          "schema_version": 0,
          "attributes": {
            "arn": "arn:aws:ec2:us-west-1:904233103130:launch-template/lt-0079809a4bb39aff7",
            "block_device_mappings": [],
            "capacity_reservation_specification": [],
            "cpu_options": [],
            "credit_specification": [],
            "default_version": 1,
            "description": "",
            "disable_api_stop": false,
            "disable_api_termination": false,
            "ebs_optimized": "",
            "elastic_gpu_specifications": [],
            "elastic_inference_accelerator": [],
            "enclave_options": [],
            "hibernation_options": [],
            "iam_instance_profile": [],
            "id": "lt-0079809a4bb39aff7",
            "image_id": "ami-08f378446088d03e7",
            "instance_initiated_shutdown_behavior": "",
            "instance_market_options": [],
            "instance_requirements": [],
            "instance_type": "t2.micro",
            "kernel_id": "",
            "key_name": "temp-key",
            "latest_version": 6,
            "license_specification": [],
            "maintenance_options": [],
            "metadata_options": [],
            "monitoring": [],
            "name": "lt-backend-west-20250828105155434600000008",
            "name_prefix": "lt-backend-west-",
            "network_interfaces": [],
            "placement": [],
            "private_dns_name_options": [],
            "ram_disk_id": "",
            "security_group_names": [],
            "tag_specifications": [],
            "tags": {},
            "tags_all": {},
            "update_default_version": null,
            "user_data": "IyEvYmluL2Jhc2gNCnN1ZG8gYXB0IHVwZGF0ZSAteQ0Kc2xlZXAgMTUwDQpzdWRvIHBtMiBzdGFydHVwDQpzdWRvIGVudiBQQVRIPSRQQVRIOi91c3IvYmluIC91c3IvbG9jYWwvc2hhcmUvLmNvbmZpZy95YXJuL2dsb2JhbC9ub2RlX21vZHVsZXMvcG0yL2Jpbi9wbTIgc3RhcnR1cCBzeXN0ZW1kIC11IHVidW50dSAtLWhwIC9ob21lL3VidW50dQ0Kc3VkbyBzeXN0ZW1jdGwgc3RhcnQgcG0yLXJvb3QNCnN1ZG8gc3lzdGVtY3RsIGVuYWJsZSBwbTItcm9vdA0K",
            "vpc_security_group_ids": [
              "sg-0e6d661d93edac55b"
            ]
          },
          "sensitive_attributes": [],
          "private": "bnVsbA==",
          "dependencies": [
            "aws_ami_from_instance.backend_ami_west",
            "aws_instance.backend_west",
            "aws_key_pair.deployer_west",
            "aws_security_group.backend_ec2_dr",
            "aws_security_group.web_sg_west",
            "aws_subnet.dr",
            "aws_vpc.dr",
            "data.aws_ami.ubuntu_west",
            "tls_private_key.auto"
          ],
          "create_before_destroy": true
        }
      ]
    },
    {
      "mode": "managed",
      "type": "aws_launch_template",
      "name": "frontend_lt_east",
      "provider": "provider[\"registry.terraform.io/hashicorp/aws\"].primary",
      "instances": [
        {
          "schema_version": 0,
          "attributes": {
            "arn": "arn:aws:ec2:us-east-1:904233103130:launch-template/lt-0faa95e4bd2d47778",
            "block_device_mappings": [],
            "capacity_reservation_specification": [],
            "cpu_options": [],
            "credit_specification": [],
            "default_version": 1,
            "description": "",
            "disable_api_stop": false,
            "disable_api_termination": false,
            "ebs_optimized": "",
            "elastic_gpu_specifications": [],
            "elastic_inference_accelerator": [],
            "enclave_options": [],
            "hibernation_options": [],
            "iam_instance_profile": [],
            "id": "lt-0faa95e4bd2d47778",
            "image_id": "ami-0e95a5e2743ec9ec9",
            "instance_initiated_shutdown_behavior": "",
            "instance_market_options": [],
            "instance_requirements": [],
            "instance_type": "t3.micro",
            "kernel_id": "",
            "key_name": "temp-key",
            "latest_version": 1,
            "license_specification": [],
            "maintenance_options": [],
            "metadata_options": [],
            "monitoring": [],
            "name": "lt-frontend-east-20250828104919626500000002",
            "name_prefix": "lt-frontend-east-",
            "network_interfaces": [],
            "placement": [],
            "private_dns_name_options": [],
            "ram_disk_id": "",
            "security_group_names": [],
            "tag_specifications": [],
            "tags": {},
            "tags_all": {},
            "update_default_version": null,
            "user_data": "",
            "vpc_security_group_ids": [
              "sg-0e5cebd51202b29d9"
            ]
          },
          "sensitive_attributes": [],
          "private": "bnVsbA==",
          "dependencies": [
            "aws_key_pair.deployer_east",
            "aws_security_group.web_sg_east",
            "aws_vpc.prod",
            "data.aws_ami.al2_east",
            "tls_private_key.auto"
          ]
        }
      ]
    },
    {
      "mode": "managed",
      "type": "aws_launch_template",
      "name": "frontend_lt_west",
      "provider": "provider[\"registry.terraform.io/hashicorp/aws\"].secondary",
      "instances": [
        {
          "schema_version": 0,
          "attributes": {
            "arn": "arn:aws:ec2:us-west-1:904233103130:launch-template/lt-08256d207b4fa6fab",
            "block_device_mappings": [],
            "capacity_reservation_specification": [],
            "cpu_options": [],
            "credit_specification": [],
            "default_version": 1,
            "description": "",
            "disable_api_stop": false,
            "disable_api_termination": false,
            "ebs_optimized": "",
            "elastic_gpu_specifications": [],
            "elastic_inference_accelerator": [],
            "enclave_options": [],
            "hibernation_options": [],
            "iam_instance_profile": [],
            "id": "lt-08256d207b4fa6fab",
            "image_id": "ami-012850aa6efd912a5",
            "instance_initiated_shutdown_behavior": "",
            "instance_market_options": [],
            "instance_requirements": [],
            "instance_type": "t2.micro",
            "kernel_id": "",
            "key_name": "temp-key",
            "latest_version": 6,
            "license_specification": [],
            "maintenance_options": [],
            "metadata_options": [],
            "monitoring": [],
            "name": "lt-frontend-west-20250828105137171000000006",
            "name_prefix": "lt-frontend-west-",
            "network_interfaces": [],
            "placement": [],
            "private_dns_name_options": [],
            "ram_disk_id": "",
            "security_group_names": [],
            "tag_specifications": [],
            "tags": {},
            "tags_all": {},
            "update_default_version": null,
            "user_data": "IyEvYmluL2Jhc2gNCnN1ZG8gYXB0IHVwZGF0ZSAteQ0Kc2xlZXAgOTANCnN1ZG8gc3lzdGVtY3RsIHN0YXJ0IGFwYWNoZTIuc2VydmljZQ0K",
            "vpc_security_group_ids": [
              "sg-01dcb5e13e3d17f6b"
            ]
          },
          "sensitive_attributes": [],
          "private": "bnVsbA==",
          "dependencies": [
            "aws_ami_from_instance.frontend_ami_west",
            "aws_instance.frontend_west",
            "aws_key_pair.deployer_west",
            "aws_security_group.frontend_ec2_dr",
            "aws_security_group.web_sg_west",
            "aws_subnet.dr",
            "aws_vpc.dr",
            "data.aws_ami.ubuntu_west",
            "tls_private_key.auto"
          ],
          "create_before_destroy": true
        }
      ]
    },
    {
      "mode": "managed",
      "type": "aws_lb",
      "name": "backend_alb",
      "provider": "provider[\"registry.terraform.io/hashicorp/aws\"].primary",
      "instances": [
        {
          "schema_version": 0,
          "attributes": {
            "access_logs": [
              {
                "bucket": "",
                "enabled": false,
                "prefix": ""
              }
            ],
            "arn": "arn:aws:elasticloadbalancing:us-east-1:904233103130:loadbalancer/app/ALB-backend/29774444751e0541",
            "arn_suffix": "app/ALB-backend/29774444751e0541",
            "client_keep_alive": 3600,
            "connection_logs": [
              {
                "bucket": "",
                "enabled": false,
                "prefix": ""
              }
            ],
            "customer_owned_ipv4_pool": "",
            "desync_mitigation_mode": "defensive",
            "dns_name": "internal-ALB-backend-1169882947.us-east-1.elb.amazonaws.com",
            "dns_record_client_routing_policy": null,
            "drop_invalid_header_fields": false,
            "enable_cross_zone_load_balancing": true,
            "enable_deletion_protection": false,
            "enable_http2": true,
            "enable_tls_version_and_cipher_suite_headers": false,
            "enable_waf_fail_open": false,
            "enable_xff_client_port": false,
            "enable_zonal_shift": false,
            "enforce_security_group_inbound_rules_on_private_link_traffic": "",
            "id": "arn:aws:elasticloadbalancing:us-east-1:904233103130:loadbalancer/app/ALB-backend/29774444751e0541",
            "idle_timeout": 60,
            "internal": true,
            "ip_address_type": "ipv4",
            "ipam_pools": [],
            "load_balancer_type": "application",
            "minimum_load_balancer_capacity": [],
            "name": "ALB-backend",
            "name_prefix": "",
            "preserve_host_header": false,
            "security_groups": [
              "sg-0a09da57e28a3ebf7"
            ],
            "subnet_mapping": [
              {
                "allocation_id": "",
                "ipv6_address": "",
                "outpost_id": "",
                "private_ipv4_address": "",
                "subnet_id": "subnet-00bb20a19cfec70e7"
              },
              {
                "allocation_id": "",
                "ipv6_address": "",
                "outpost_id": "",
                "private_ipv4_address": "",
                "subnet_id": "subnet-02f19dadbb9220602"
              }
            ],
            "subnets": [
              "subnet-00bb20a19cfec70e7",
              "subnet-02f19dadbb9220602"
            ],
            "tags": {
              "Name": "backend-alb"
            },
            "tags_all": {
              "Name": "backend-alb"
            },
            "timeouts": null,
            "vpc_id": "vpc-0616cb961971eecb0",
            "xff_header_processing_mode": "append",
            "zone_id": "Z35SXDOTRQ7X7K"
          },
          "sensitive_attributes": [],
          "private": "eyJlMmJmYjczMC1lY2FhLTExZTYtOGY4OC0zNDM2M2JjN2M0YzAiOnsiY3JlYXRlIjo2MDAwMDAwMDAwMDAsImRlbGV0ZSI6NjAwMDAwMDAwMDAwLCJ1cGRhdGUiOjYwMDAwMDAwMDAwMH19",
          "dependencies": [
            "aws_security_group.backend_alb",
            "aws_subnet.prod",
            "aws_vpc.prod",
            "data.aws_subnets.private"
          ]
        }
      ]
    },
    {
      "mode": "managed",
      "type": "aws_lb",
      "name": "frontend_alb",
      "provider": "provider[\"registry.terraform.io/hashicorp/aws\"].primary",
      "instances": [
        {
          "schema_version": 0,
          "attributes": {
            "access_logs": [
              {
                "bucket": "",
                "enabled": false,
                "prefix": ""
              }
            ],
            "arn": "arn:aws:elasticloadbalancing:us-east-1:904233103130:loadbalancer/app/ALB-frontend/48ea3f396c71dd35",
            "arn_suffix": "app/ALB-frontend/48ea3f396c71dd35",
            "client_keep_alive": 3600,
            "connection_logs": [
              {
                "bucket": "",
                "enabled": false,
                "prefix": ""
              }
            ],
            "customer_owned_ipv4_pool": "",
            "desync_mitigation_mode": "defensive",
            "dns_name": "ALB-frontend-1151473620.us-east-1.elb.amazonaws.com",
            "dns_record_client_routing_policy": null,
            "drop_invalid_header_fields": false,
            "enable_cross_zone_load_balancing": true,
            "enable_deletion_protection": false,
            "enable_http2": true,
            "enable_tls_version_and_cipher_suite_headers": false,
            "enable_waf_fail_open": false,
            "enable_xff_client_port": false,
            "enable_zonal_shift": false,
            "enforce_security_group_inbound_rules_on_private_link_traffic": "",
            "id": "arn:aws:elasticloadbalancing:us-east-1:904233103130:loadbalancer/app/ALB-frontend/48ea3f396c71dd35",
            "idle_timeout": 60,
            "internal": false,
            "ip_address_type": "ipv4",
            "ipam_pools": [],
            "load_balancer_type": "application",
            "minimum_load_balancer_capacity": [],
            "name": "ALB-frontend",
            "name_prefix": "",
            "preserve_host_header": false,
            "security_groups": [
              "sg-024861a11acfe13a2"
            ],
            "subnet_mapping": [
              {
                "allocation_id": "",
                "ipv6_address": "",
                "outpost_id": "",
                "private_ipv4_address": "",
                "subnet_id": "subnet-00bb20a19cfec70e7"
              },
              {
                "allocation_id": "",
                "ipv6_address": "",
                "outpost_id": "",
                "private_ipv4_address": "",
                "subnet_id": "subnet-02f19dadbb9220602"
              }
            ],
            "subnets": [
              "subnet-00bb20a19cfec70e7",
              "subnet-02f19dadbb9220602"
            ],
            "tags": {
              "Name": "frontend-alb"
            },
            "tags_all": {
              "Name": "frontend-alb"
            },
            "timeouts": null,
            "vpc_id": "vpc-0616cb961971eecb0",
            "xff_header_processing_mode": "append",
            "zone_id": "Z35SXDOTRQ7X7K"
          },
          "sensitive_attributes": [],
          "private": "eyJlMmJmYjczMC1lY2FhLTExZTYtOGY4OC0zNDM2M2JjN2M0YzAiOnsiY3JlYXRlIjo2MDAwMDAwMDAwMDAsImRlbGV0ZSI6NjAwMDAwMDAwMDAwLCJ1cGRhdGUiOjYwMDAwMDAwMDAwMH19",
          "dependencies": [
            "aws_security_group.alb_frontend_sg",
            "aws_subnet.prod",
            "aws_vpc.prod"
          ]
        }
      ]
    },
    {
      "mode": "managed",
      "type": "aws_lb_listener",
      "name": "backend_http_listener",
      "provider": "provider[\"registry.terraform.io/hashicorp/aws\"].primary",
      "instances": [
        {
          "schema_version": 0,
          "attributes": {
            "alpn_policy": null,
            "arn": "arn:aws:elasticloadbalancing:us-east-1:904233103130:listener/app/ALB-backend/29774444751e0541/96cc42d7b8a67a3a",
            "certificate_arn": null,
            "default_action": [
              {
                "authenticate_cognito": [],
                "authenticate_oidc": [],
                "fixed_response": [],
                "forward": [],
                "order": 1,
                "redirect": [],
                "target_group_arn": "arn:aws:elasticloadbalancing:us-east-1:904233103130:targetgroup/ALB-backend-TG/24de93c4067142c3",
                "type": "forward"
              }
            ],
            "id": "arn:aws:elasticloadbalancing:us-east-1:904233103130:listener/app/ALB-backend/29774444751e0541/96cc42d7b8a67a3a",
            "load_balancer_arn": "arn:aws:elasticloadbalancing:us-east-1:904233103130:loadbalancer/app/ALB-backend/29774444751e0541",
            "mutual_authentication": [],
            "port": 80,
            "protocol": "HTTP",
            "routing_http_request_x_amzn_mtls_clientcert_header_name": null,
            "routing_http_request_x_amzn_mtls_clientcert_issuer_header_name": null,
            "routing_http_request_x_amzn_mtls_clientcert_leaf_header_name": null,
            "routing_http_request_x_amzn_mtls_clientcert_serial_number_header_name": null,
            "routing_http_request_x_amzn_mtls_clientcert_subject_header_name": null,
            "routing_http_request_x_amzn_mtls_clientcert_validity_header_name": null,
            "routing_http_request_x_amzn_tls_cipher_suite_header_name": null,
            "routing_http_request_x_amzn_tls_version_header_name": null,
            "routing_http_response_access_control_allow_credentials_header_value": "",
            "routing_http_response_access_control_allow_headers_header_value": "",
            "routing_http_response_access_control_allow_methods_header_value": "",
            "routing_http_response_access_control_allow_origin_header_value": "",
            "routing_http_response_access_control_expose_headers_header_value": "",
            "routing_http_response_access_control_max_age_header_value": "",
            "routing_http_response_content_security_policy_header_value": "",
            "routing_http_response_server_enabled": true,
            "routing_http_response_strict_transport_security_header_value": "",
            "routing_http_response_x_content_type_options_header_value": "",
            "routing_http_response_x_frame_options_header_value": "",
            "ssl_policy": "",
            "tags": {},
            "tags_all": {},
            "tcp_idle_timeout_seconds": null,
            "timeouts": null
          },
          "sensitive_attributes": [],
          "private": "eyJlMmJmYjczMC1lY2FhLTExZTYtOGY4OC0zNDM2M2JjN2M0YzAiOnsiY3JlYXRlIjozMDAwMDAwMDAwMDAsInVwZGF0ZSI6MzAwMDAwMDAwMDAwfX0=",
          "dependencies": [
            "aws_lb.backend_alb",
            "aws_lb_target_group.backend_tg",
            "aws_security_group.backend_alb",
            "aws_subnet.prod",
            "aws_vpc.prod",
            "data.aws_subnets.private"
          ]
        }
      ]
    },
    {
      "mode": "managed",
      "type": "aws_lb_listener",
      "name": "frontend_https_listener",
      "provider": "provider[\"registry.terraform.io/hashicorp/aws\"].primary",
      "instances": [
        {
          "schema_version": 0,
          "attributes": {
            "alpn_policy": null,
            "arn": "arn:aws:elasticloadbalancing:us-east-1:904233103130:listener/app/ALB-frontend/48ea3f396c71dd35/c0d6bcdde63bc4e0",
            "certificate_arn": "arn:aws:acm:us-east-1:904233103130:certificate/d15ee983-4e95-4b19-a0f8-87e40a27af83",
            "default_action": [
              {
                "authenticate_cognito": [],
                "authenticate_oidc": [],
                "fixed_response": [],
                "forward": [],
                "order": 1,
                "redirect": [],
                "target_group_arn": "arn:aws:elasticloadbalancing:us-east-1:904233103130:targetgroup/ALB-frontend-TG/07e2026d89c8240f",
                "type": "forward"
              }
            ],
            "id": "arn:aws:elasticloadbalancing:us-east-1:904233103130:listener/app/ALB-frontend/48ea3f396c71dd35/c0d6bcdde63bc4e0",
            "load_balancer_arn": "arn:aws:elasticloadbalancing:us-east-1:904233103130:loadbalancer/app/ALB-frontend/48ea3f396c71dd35",
            "mutual_authentication": [
              {
                "advertise_trust_store_ca_names": "",
                "ignore_client_certificate_expiry": false,
                "mode": "off",
                "trust_store_arn": ""
              }
            ],
            "port": 443,
            "protocol": "HTTPS",
            "routing_http_request_x_amzn_mtls_clientcert_header_name": "",
            "routing_http_request_x_amzn_mtls_clientcert_issuer_header_name": "",
            "routing_http_request_x_amzn_mtls_clientcert_leaf_header_name": "",
            "routing_http_request_x_amzn_mtls_clientcert_serial_number_header_name": "",
            "routing_http_request_x_amzn_mtls_clientcert_subject_header_name": "",
            "routing_http_request_x_amzn_mtls_clientcert_validity_header_name": "",
            "routing_http_request_x_amzn_tls_cipher_suite_header_name": "",
            "routing_http_request_x_amzn_tls_version_header_name": "",
            "routing_http_response_access_control_allow_credentials_header_value": "",
            "routing_http_response_access_control_allow_headers_header_value": "",
            "routing_http_response_access_control_allow_methods_header_value": "",
            "routing_http_response_access_control_allow_origin_header_value": "",
            "routing_http_response_access_control_expose_headers_header_value": "",
            "routing_http_response_access_control_max_age_header_value": "",
            "routing_http_response_content_security_policy_header_value": "",
            "routing_http_response_server_enabled": true,
            "routing_http_response_strict_transport_security_header_value": "",
            "routing_http_response_x_content_type_options_header_value": "",
            "routing_http_response_x_frame_options_header_value": "",
            "ssl_policy": "ELBSecurityPolicy-TLS13-1-2-2021-06",
            "tags": {},
            "tags_all": {},
            "tcp_idle_timeout_seconds": null,
            "timeouts": null
          },
          "sensitive_attributes": [],
          "private": "eyJlMmJmYjczMC1lY2FhLTExZTYtOGY4OC0zNDM2M2JjN2M0YzAiOnsiY3JlYXRlIjozMDAwMDAwMDAwMDAsInVwZGF0ZSI6MzAwMDAwMDAwMDAwfX0=",
          "dependencies": [
            "aws_acm_certificate.alb_origin_cert",
            "aws_acm_certificate_validation.alb_origin_cert",
            "aws_lb.frontend_alb",
            "aws_lb_target_group.frontend_tg",
            "aws_route53_record.alb_origin_cert_validation",
            "aws_security_group.alb_frontend_sg",
            "aws_subnet.prod",
            "aws_vpc.prod",
            "data.aws_route53_zone.public"
          ]
        }
      ]
    },
    {
      "mode": "managed",
      "type": "aws_lb_listener",
      "name": "frontend_listener",
      "provider": "provider[\"registry.terraform.io/hashicorp/aws\"].primary",
      "instances": [
        {
          "schema_version": 0,
          "attributes": {
            "alpn_policy": null,
            "arn": "arn:aws:elasticloadbalancing:us-east-1:904233103130:listener/app/ALB-frontend/48ea3f396c71dd35/45214ca758ce3b25",
            "certificate_arn": null,
            "default_action": [
              {
                "authenticate_cognito": [],
                "authenticate_oidc": [],
                "fixed_response": [],
                "forward": [],
                "order": 1,
                "redirect": [],
                "target_group_arn": "arn:aws:elasticloadbalancing:us-east-1:904233103130:targetgroup/ALB-frontend-TG/07e2026d89c8240f",
                "type": "forward"
              }
            ],
            "id": "arn:aws:elasticloadbalancing:us-east-1:904233103130:listener/app/ALB-frontend/48ea3f396c71dd35/45214ca758ce3b25",
            "load_balancer_arn": "arn:aws:elasticloadbalancing:us-east-1:904233103130:loadbalancer/app/ALB-frontend/48ea3f396c71dd35",
            "mutual_authentication": [],
            "port": 80,
            "protocol": "HTTP",
            "routing_http_request_x_amzn_mtls_clientcert_header_name": null,
            "routing_http_request_x_amzn_mtls_clientcert_issuer_header_name": null,
            "routing_http_request_x_amzn_mtls_clientcert_leaf_header_name": null,
            "routing_http_request_x_amzn_mtls_clientcert_serial_number_header_name": null,
            "routing_http_request_x_amzn_mtls_clientcert_subject_header_name": null,
            "routing_http_request_x_amzn_mtls_clientcert_validity_header_name": null,
            "routing_http_request_x_amzn_tls_cipher_suite_header_name": null,
            "routing_http_request_x_amzn_tls_version_header_name": null,
            "routing_http_response_access_control_allow_credentials_header_value": "",
            "routing_http_response_access_control_allow_headers_header_value": "",
            "routing_http_response_access_control_allow_methods_header_value": "",
            "routing_http_response_access_control_allow_origin_header_value": "",
            "routing_http_response_access_control_expose_headers_header_value": "",
            "routing_http_response_access_control_max_age_header_value": "",
            "routing_http_response_content_security_policy_header_value": "",
            "routing_http_response_server_enabled": true,
            "routing_http_response_strict_transport_security_header_value": "",
            "routing_http_response_x_content_type_options_header_value": "",
            "routing_http_response_x_frame_options_header_value": "",
            "ssl_policy": "",
            "tags": {},
            "tags_all": {},
            "tcp_idle_timeout_seconds": null,
            "timeouts": null
          },
          "sensitive_attributes": [],
          "private": "eyJlMmJmYjczMC1lY2FhLTExZTYtOGY4OC0zNDM2M2JjN2M0YzAiOnsiY3JlYXRlIjozMDAwMDAwMDAwMDAsInVwZGF0ZSI6MzAwMDAwMDAwMDAwfX0=",
          "dependencies": [
            "aws_lb.frontend_alb",
            "aws_lb_target_group.frontend_tg",
            "aws_security_group.alb_frontend_sg",
            "aws_subnet.prod",
            "aws_vpc.prod"
          ]
        }
      ]
    },
    {
      "mode": "managed",
      "type": "aws_lb_target_group",
      "name": "backend_tg",
      "provider": "provider[\"registry.terraform.io/hashicorp/aws\"].primary",
      "instances": [
        {
          "schema_version": 0,
          "attributes": {
            "arn": "arn:aws:elasticloadbalancing:us-east-1:904233103130:targetgroup/ALB-backend-TG/24de93c4067142c3",
            "arn_suffix": "targetgroup/ALB-backend-TG/24de93c4067142c3",
            "connection_termination": null,
            "deregistration_delay": "300",
            "health_check": [
              {
                "enabled": true,
                "healthy_threshold": 2,
                "interval": 30,
                "matcher": "200-399",
                "path": "/",
                "port": "traffic-port",
                "protocol": "HTTP",
                "timeout": 5,
                "unhealthy_threshold": 2
              }
            ],
            "id": "arn:aws:elasticloadbalancing:us-east-1:904233103130:targetgroup/ALB-backend-TG/24de93c4067142c3",
            "ip_address_type": "ipv4",
            "lambda_multi_value_headers_enabled": false,
            "load_balancer_arns": [
              "arn:aws:elasticloadbalancing:us-east-1:904233103130:loadbalancer/app/ALB-backend/29774444751e0541"
            ],
            "load_balancing_algorithm_type": "round_robin",
            "load_balancing_anomaly_mitigation": "off",
            "load_balancing_cross_zone_enabled": "use_load_balancer_configuration",
            "name": "ALB-backend-TG",
            "name_prefix": "",
            "port": 80,
            "preserve_client_ip": null,
            "protocol": "HTTP",
            "protocol_version": "HTTP1",
            "proxy_protocol_v2": false,
            "slow_start": 0,
            "stickiness": [
              {
                "cookie_duration": 86400,
                "cookie_name": "",
                "enabled": false,
                "type": "lb_cookie"
              }
            ],
            "tags": {},
            "tags_all": {},
            "target_failover": [
              {
                "on_deregistration": null,
                "on_unhealthy": null
              }
            ],
            "target_group_health": [
              {
                "dns_failover": [
                  {
                    "minimum_healthy_targets_count": "1",
                    "minimum_healthy_targets_percentage": "off"
                  }
                ],
                "unhealthy_state_routing": [
                  {
                    "minimum_healthy_targets_count": 1,
                    "minimum_healthy_targets_percentage": "off"
                  }
                ]
              }
            ],
            "target_health_state": [
              {
                "enable_unhealthy_connection_termination": null,
                "unhealthy_draining_interval": null
              }
            ],
            "target_type": "instance",
            "vpc_id": "vpc-0616cb961971eecb0"
          },
          "sensitive_attributes": [],
          "private": "bnVsbA==",
          "dependencies": [
            "aws_vpc.prod"
          ]
        }
      ]
    },
    {
      "mode": "managed",
      "type": "aws_lb_target_group",
      "name": "frontend_tg",
      "provider": "provider[\"registry.terraform.io/hashicorp/aws\"].primary",
      "instances": [
        {
          "schema_version": 0,
          "attributes": {
            "arn": "arn:aws:elasticloadbalancing:us-east-1:904233103130:targetgroup/ALB-frontend-TG/07e2026d89c8240f",
            "arn_suffix": "targetgroup/ALB-frontend-TG/07e2026d89c8240f",
            "connection_termination": null,
            "deregistration_delay": "300",
            "health_check": [
              {
                "enabled": true,
                "healthy_threshold": 2,
                "interval": 30,
                "matcher": "200-399",
                "path": "/",
                "port": "traffic-port",
                "protocol": "HTTP",
                "timeout": 5,
                "unhealthy_threshold": 2
              }
            ],
            "id": "arn:aws:elasticloadbalancing:us-east-1:904233103130:targetgroup/ALB-frontend-TG/07e2026d89c8240f",
            "ip_address_type": "ipv4",
            "lambda_multi_value_headers_enabled": false,
            "load_balancer_arns": [
              "arn:aws:elasticloadbalancing:us-east-1:904233103130:loadbalancer/app/ALB-frontend/48ea3f396c71dd35"
            ],
            "load_balancing_algorithm_type": "round_robin",
            "load_balancing_anomaly_mitigation": "off",
            "load_balancing_cross_zone_enabled": "use_load_balancer_configuration",
            "name": "ALB-frontend-TG",
            "name_prefix": "",
            "port": 80,
            "preserve_client_ip": null,
            "protocol": "HTTP",
            "protocol_version": "HTTP1",
            "proxy_protocol_v2": false,
            "slow_start": 0,
            "stickiness": [
              {
                "cookie_duration": 86400,
                "cookie_name": "",
                "enabled": false,
                "type": "lb_cookie"
              }
            ],
            "tags": {},
            "tags_all": {},
            "target_failover": [
              {
                "on_deregistration": null,
                "on_unhealthy": null
              }
            ],
            "target_group_health": [
              {
                "dns_failover": [
                  {
                    "minimum_healthy_targets_count": "1",
                    "minimum_healthy_targets_percentage": "off"
                  }
                ],
                "unhealthy_state_routing": [
                  {
                    "minimum_healthy_targets_count": 1,
                    "minimum_healthy_targets_percentage": "off"
                  }
                ]
              }
            ],
            "target_health_state": [
              {
                "enable_unhealthy_connection_termination": null,
                "unhealthy_draining_interval": null
              }
            ],
            "target_type": "instance",
            "vpc_id": "vpc-0616cb961971eecb0"
          },
          "sensitive_attributes": [],
          "private": "bnVsbA==",
          "dependencies": [
            "aws_vpc.prod"
          ]
        }
      ]
    },
    {
      "mode": "managed",
      "type": "aws_lb_target_group",
      "name": "tg_backend_dr",
      "provider": "provider[\"registry.terraform.io/hashicorp/aws\"].secondary",
      "instances": [
        {
          "schema_version": 0,
          "attributes": {
            "arn": "arn:aws:elasticloadbalancing:us-west-1:904233103130:targetgroup/tg-backend-dr/3c20fa4699092e4f",
            "arn_suffix": "targetgroup/tg-backend-dr/3c20fa4699092e4f",
            "connection_termination": null,
            "deregistration_delay": "300",
            "health_check": [
              {
                "enabled": true,
                "healthy_threshold": 3,
                "interval": 30,
                "matcher": "200",
                "path": "/health",
                "port": "traffic-port",
                "protocol": "HTTP",
                "timeout": 5,
                "unhealthy_threshold": 3
              }
            ],
            "id": "arn:aws:elasticloadbalancing:us-west-1:904233103130:targetgroup/tg-backend-dr/3c20fa4699092e4f",
            "ip_address_type": "ipv4",
            "lambda_multi_value_headers_enabled": false,
            "load_balancer_arns": [],
            "load_balancing_algorithm_type": "round_robin",
            "load_balancing_anomaly_mitigation": "off",
            "load_balancing_cross_zone_enabled": "use_load_balancer_configuration",
            "name": "tg-backend-dr",
            "name_prefix": "",
            "port": 3000,
            "preserve_client_ip": null,
            "protocol": "HTTP",
            "protocol_version": "HTTP1",
            "proxy_protocol_v2": false,
            "slow_start": 0,
            "stickiness": [
              {
                "cookie_duration": 86400,
                "cookie_name": "",
                "enabled": false,
                "type": "lb_cookie"
              }
            ],
            "tags": {},
            "tags_all": {},
            "target_failover": [
              {
                "on_deregistration": null,
                "on_unhealthy": null
              }
            ],
            "target_group_health": [
              {
                "dns_failover": [
                  {
                    "minimum_healthy_targets_count": "1",
                    "minimum_healthy_targets_percentage": "off"
                  }
                ],
                "unhealthy_state_routing": [
                  {
                    "minimum_healthy_targets_count": 1,
                    "minimum_healthy_targets_percentage": "off"
                  }
                ]
              }
            ],
            "target_health_state": [
              {
                "enable_unhealthy_connection_termination": null,
                "unhealthy_draining_interval": null
              }
            ],
            "target_type": "instance",
            "vpc_id": "vpc-04499c61e37b853ae"
          },
          "sensitive_attributes": [],
          "private": "bnVsbA==",
          "dependencies": [
            "aws_vpc.dr"
          ],
          "create_before_destroy": true
        }
      ]
    },
    {
      "mode": "managed",
      "type": "aws_lb_target_group",
      "name": "tg_frontend_dr",
      "provider": "provider[\"registry.terraform.io/hashicorp/aws\"].secondary",
      "instances": [
        {
          "schema_version": 0,
          "attributes": {
            "arn": "arn:aws:elasticloadbalancing:us-west-1:904233103130:targetgroup/tg-frontend-dr/386c0d06602accd5",
            "arn_suffix": "targetgroup/tg-frontend-dr/386c0d06602accd5",
            "connection_termination": null,
            "deregistration_delay": "300",
            "health_check": [
              {
                "enabled": true,
                "healthy_threshold": 3,
                "interval": 30,
                "matcher": "200",
                "path": "/",
                "port": "traffic-port",
                "protocol": "HTTP",
                "timeout": 5,
                "unhealthy_threshold": 3
              }
            ],
            "id": "arn:aws:elasticloadbalancing:us-west-1:904233103130:targetgroup/tg-frontend-dr/386c0d06602accd5",
            "ip_address_type": "ipv4",
            "lambda_multi_value_headers_enabled": false,
            "load_balancer_arns": [],
            "load_balancing_algorithm_type": "round_robin",
            "load_balancing_anomaly_mitigation": "off",
            "load_balancing_cross_zone_enabled": "use_load_balancer_configuration",
            "name": "tg-frontend-dr",
            "name_prefix": "",
            "port": 80,
            "preserve_client_ip": null,
            "protocol": "HTTP",
            "protocol_version": "HTTP1",
            "proxy_protocol_v2": false,
            "slow_start": 0,
            "stickiness": [
              {
                "cookie_duration": 86400,
                "cookie_name": "",
                "enabled": false,
                "type": "lb_cookie"
              }
            ],
            "tags": {},
            "tags_all": {},
            "target_failover": [
              {
                "on_deregistration": null,
                "on_unhealthy": null
              }
            ],
            "target_group_health": [
              {
                "dns_failover": [
                  {
                    "minimum_healthy_targets_count": "1",
                    "minimum_healthy_targets_percentage": "off"
                  }
                ],
                "unhealthy_state_routing": [
                  {
                    "minimum_healthy_targets_count": 1,
                    "minimum_healthy_targets_percentage": "off"
                  }
                ]
              }
            ],
            "target_health_state": [
              {
                "enable_unhealthy_connection_termination": null,
                "unhealthy_draining_interval": null
              }
            ],
            "target_type": "instance",
            "vpc_id": "vpc-04499c61e37b853ae"
          },
          "sensitive_attributes": [],
          "private": "bnVsbA==",
          "dependencies": [
            "aws_vpc.dr"
          ],
          "create_before_destroy": true
        }
      ]
    },
    {
      "mode": "managed",
      "type": "aws_lb_target_group_attachment",
      "name": "backend_attach",
      "provider": "provider[\"registry.terraform.io/hashicorp/aws\"].primary",
      "instances": [
        {
          "schema_version": 0,
          "attributes": {
            "availability_zone": null,
            "id": "arn:aws:elasticloadbalancing:us-east-1:904233103130:targetgroup/ALB-backend-TG/24de93c4067142c3-20250828105054019600000009",
            "port": 80,
            "target_group_arn": "arn:aws:elasticloadbalancing:us-east-1:904233103130:targetgroup/ALB-backend-TG/24de93c4067142c3",
            "target_id": "i-04185d6b23111fe2b"
          },
          "sensitive_attributes": [],
          "private": "bnVsbA==",
          "dependencies": [
            "aws_instance.backend_east",
            "aws_key_pair.deployer_east",
            "aws_lb_target_group.backend_tg",
            "aws_security_group.web_sg_east",
            "aws_subnet.prod",
            "aws_vpc.prod",
            "data.aws_ami.ubuntu_east",
            "tls_private_key.auto"
          ]
        }
      ]
    },
    {
      "mode": "managed",
      "type": "aws_lb_target_group_attachment",
      "name": "frontend_attach",
      "provider": "provider[\"registry.terraform.io/hashicorp/aws\"].primary",
      "instances": [
        {
          "schema_version": 0,
          "attributes": {
            "availability_zone": null,
            "id": "arn:aws:elasticloadbalancing:us-east-1:904233103130:targetgroup/ALB-frontend-TG/07e2026d89c8240f-20250828105053547500000008",
            "port": 80,
            "target_group_arn": "arn:aws:elasticloadbalancing:us-east-1:904233103130:targetgroup/ALB-frontend-TG/07e2026d89c8240f",
            "target_id": "i-0b8d93ad83bcc1273"
          },
          "sensitive_attributes": [],
          "private": "bnVsbA==",
          "dependencies": [
            "aws_instance.frontend_east",
            "aws_key_pair.deployer_east",
            "aws_lb_target_group.frontend_tg",
            "aws_security_group.web_sg_east",
            "aws_subnet.prod",
            "aws_vpc.prod",
            "data.aws_ami.ubuntu_east",
            "tls_private_key.auto"
          ]
        }
      ]
    },
    {
      "mode": "managed",
      "type": "aws_nat_gateway",
      "name": "dr_nat",
      "provider": "provider[\"registry.terraform.io/hashicorp/aws\"].secondary",
      "instances": [
        {
          "schema_version": 0,
          "attributes": {
            "allocation_id": "eipalloc-03112bd782fe5b49b",
            "association_id": "eipassoc-0a3152e6cc9efdf57",
            "connectivity_type": "public",
            "id": "nat-0a712026368b4c9e7",
            "network_interface_id": "eni-049a1e0457ded863c",
            "private_ip": "172.20.1.143",
            "public_ip": "52.53.113.96",
            "secondary_allocation_ids": [],
            "secondary_private_ip_address_count": 0,
            "secondary_private_ip_addresses": [],
            "subnet_id": "subnet-033967a41a1974b33",
            "tags": {
              "Name": "nat-dr"
            },
            "tags_all": {
              "Name": "nat-dr"
            },
            "timeouts": null
          },
          "sensitive_attributes": [],
          "private": "eyJlMmJmYjczMC1lY2FhLTExZTYtOGY4OC0zNDM2M2JjN2M0YzAiOnsiY3JlYXRlIjo2MDAwMDAwMDAwMDAsImRlbGV0ZSI6MTgwMDAwMDAwMDAwMCwidXBkYXRlIjo2MDAwMDAwMDAwMDB9fQ==",
          "dependencies": [
            "aws_eip.dr_nat_eip",
            "aws_internet_gateway.dr_igw",
            "aws_subnet.dr",
            "aws_vpc.dr"
          ]
        }
      ]
    },
    {
      "mode": "managed",
      "type": "aws_nat_gateway",
      "name": "prod_nat",
      "provider": "provider[\"registry.terraform.io/hashicorp/aws\"].primary",
      "instances": [
        {
          "schema_version": 0,
          "attributes": {
            "allocation_id": "eipalloc-0a04d47a755235476",
            "association_id": "eipassoc-09edc544ccc97eb76",
            "connectivity_type": "public",
            "id": "nat-090b88c2dcdce87a1",
            "network_interface_id": "eni-052e5b4475349c737",
            "private_ip": "172.20.1.206",
            "public_ip": "13.223.217.43",
            "secondary_allocation_ids": [],
            "secondary_private_ip_address_count": 0,
            "secondary_private_ip_addresses": [],
            "subnet_id": "subnet-02f19dadbb9220602",
            "tags": {
              "Name": "nat-prod"
            },
            "tags_all": {
              "Name": "nat-prod"
            },
            "timeouts": null
          },
          "sensitive_attributes": [],
          "private": "eyJlMmJmYjczMC1lY2FhLTExZTYtOGY4OC0zNDM2M2JjN2M0YzAiOnsiY3JlYXRlIjo2MDAwMDAwMDAwMDAsImRlbGV0ZSI6MTgwMDAwMDAwMDAwMCwidXBkYXRlIjo2MDAwMDAwMDAwMDB9fQ==",
          "dependencies": [
            "aws_eip.prod_nat_eip",
            "aws_internet_gateway.prod_igw",
            "aws_subnet.prod",
            "aws_vpc.prod"
          ]
        }
      ]
    },
    {
      "mode": "managed",
      "type": "aws_route53_health_check",
      "name": "backend_hc",
      "provider": "provider[\"registry.terraform.io/hashicorp/aws\"]",
      "instances": [
        {
          "schema_version": 0,
          "attributes": {
            "arn": "arn:aws:route53:::healthcheck/5473b303-a00f-48f5-8c76-69f8eec30a3d",
            "child_health_threshold": 0,
            "child_healthchecks": [],
            "cloudwatch_alarm_name": null,
            "cloudwatch_alarm_region": null,
            "disabled": false,
            "enable_sni": true,
            "failure_threshold": 3,
            "fqdn": "ALB-frontend-1151473620.us-east-1.elb.amazonaws.com",
            "id": "5473b303-a00f-48f5-8c76-69f8eec30a3d",
            "insufficient_data_health_status": "",
            "invert_healthcheck": false,
            "ip_address": "",
            "measure_latency": false,
            "port": 443,
            "reference_name": null,
            "regions": [
              "eu-west-1",
              "us-east-1",
              "us-west-2"
            ],
            "request_interval": 30,
            "resource_path": "/healthz",
            "routing_control_arn": "",
            "search_string": "",
            "tags": {
              "Name": "backend-hc"
            },
            "tags_all": {
              "Name": "backend-hc"
            },
            "triggers": {},
            "type": "HTTPS"
          },
          "sensitive_attributes": [],
          "private": "bnVsbA==",
          "dependencies": [
            "aws_lb.frontend_alb",
            "aws_security_group.alb_frontend_sg",
            "aws_subnet.prod",
            "aws_vpc.prod"
          ]
        }
      ]
    },
    {
      "mode": "managed",
      "type": "aws_route53_record",
      "name": "alb_origin_cert_validation",
      "provider": "provider[\"registry.terraform.io/hashicorp/aws\"]",
      "instances": [
        {
          "index_key": "origin.threetier.pietroruoppolo.club",
          "schema_version": 2,
          "attributes": {
            "alias": [],
            "allow_overwrite": true,
            "cidr_routing_policy": [],
            "failover_routing_policy": [],
            "fqdn": "_9a99c3fe4f3da5d8bea5da27dc8f0ac8.origin.threetier.pietroruoppolo.club",
            "geolocation_routing_policy": [],
            "geoproximity_routing_policy": [],
            "health_check_id": "",
            "id": "Z01156203MH5V3NVDCNYO__9a99c3fe4f3da5d8bea5da27dc8f0ac8.origin.threetier.pietroruoppolo.club._CNAME",
            "latency_routing_policy": [],
            "multivalue_answer_routing_policy": false,
            "name": "_9a99c3fe4f3da5d8bea5da27dc8f0ac8.origin.threetier.pietroruoppolo.club",
            "records": [
              "_8a72460b0d820a48ec74365e389b1ef3.xlfgrmvvlj.acm-validations.aws."
            ],
            "set_identifier": "",
            "timeouts": null,
            "ttl": 60,
            "type": "CNAME",
            "weighted_routing_policy": [],
            "zone_id": "Z01156203MH5V3NVDCNYO"
          },
          "sensitive_attributes": [],
          "private": "eyJlMmJmYjczMC1lY2FhLTExZTYtOGY4OC0zNDM2M2JjN2M0YzAiOnsiY3JlYXRlIjoxODAwMDAwMDAwMDAwLCJkZWxldGUiOjE4MDAwMDAwMDAwMDAsInVwZGF0ZSI6MTgwMDAwMDAwMDAwMH0sInNjaGVtYV92ZXJzaW9uIjoiMiJ9",
          "dependencies": [
            "aws_acm_certificate.alb_origin_cert",
            "data.aws_route53_zone.public"
          ]
        }
      ]
    },
    {
      "mode": "managed",
      "type": "aws_route53_record",
      "name": "api_primary",
      "provider": "provider[\"registry.terraform.io/hashicorp/aws\"]",
      "instances": [
        {
          "schema_version": 2,
          "attributes": {
            "alias": [
              {
                "evaluate_target_health": false,
                "name": "d2zs7mbx5oxbl4.cloudfront.net",
                "zone_id": "Z2FDTNDATAQYW2"
              }
            ],
            "allow_overwrite": null,
            "cidr_routing_policy": [],
            "failover_routing_policy": [],
            "fqdn": "api.pietroruoppolo.club",
            "geolocation_routing_policy": [],
            "geoproximity_routing_policy": [],
            "health_check_id": "",
            "id": "Z01156203MH5V3NVDCNYO_api.pietroruoppolo.club_A",
            "latency_routing_policy": [],
            "multivalue_answer_routing_policy": false,
            "name": "api.pietroruoppolo.club",
            "records": [],
            "set_identifier": "",
            "timeouts": null,
            "ttl": 0,
            "type": "A",
            "weighted_routing_policy": [],
            "zone_id": "Z01156203MH5V3NVDCNYO"
          },
          "sensitive_attributes": [],
          "private": "eyJlMmJmYjczMC1lY2FhLTExZTYtOGY4OC0zNDM2M2JjN2M0YzAiOnsiY3JlYXRlIjoxODAwMDAwMDAwMDAwLCJkZWxldGUiOjE4MDAwMDAwMDAwMDAsInVwZGF0ZSI6MTgwMDAwMDAwMDAwMH0sInNjaGVtYV92ZXJzaW9uIjoiMiJ9",
          "dependencies": [
            "aws_acm_certificate.cf_cert",
            "aws_acm_certificate_validation.cf_cert",
            "aws_cloudfront_distribution.frontend_cdn",
            "aws_route53_record.cf_cert_validation",
            "aws_route53_zone.public",
            "aws_wafv2_web_acl.cf_waf",
            "data.aws_route53_zone.this",
            "local_file.register_domain_json",
            "null_resource.register_domain",
            "null_resource.wait_domain_registered"
          ]
        }
      ]
    },
    {
      "mode": "managed",
      "type": "aws_route53_record",
      "name": "cf_alias",
      "provider": "provider[\"registry.terraform.io/hashicorp/aws\"]",
      "instances": [
        {
          "schema_version": 2,
          "attributes": {
            "alias": [
              {
                "evaluate_target_health": false,
                "name": "d2zs7mbx5oxbl4.cloudfront.net",
                "zone_id": "Z2FDTNDATAQYW2"
              }
            ],
            "allow_overwrite": true,
            "cidr_routing_policy": [],
            "failover_routing_policy": [],
            "fqdn": "threetier.pietroruoppolo.club",
            "geolocation_routing_policy": [],
            "geoproximity_routing_policy": [],
            "health_check_id": "",
            "id": "Z01156203MH5V3NVDCNYO_threetier_A",
            "latency_routing_policy": [],
            "multivalue_answer_routing_policy": false,
            "name": "threetier",
            "records": [],
            "set_identifier": "",
            "timeouts": null,
            "ttl": 0,
            "type": "A",
            "weighted_routing_policy": [],
            "zone_id": "Z01156203MH5V3NVDCNYO"
          },
          "sensitive_attributes": [],
          "private": "eyJlMmJmYjczMC1lY2FhLTExZTYtOGY4OC0zNDM2M2JjN2M0YzAiOnsiY3JlYXRlIjoxODAwMDAwMDAwMDAwLCJkZWxldGUiOjE4MDAwMDAwMDAwMDAsInVwZGF0ZSI6MTgwMDAwMDAwMDAwMH0sInNjaGVtYV92ZXJzaW9uIjoiMiJ9",
          "dependencies": [
            "aws_acm_certificate.cf_cert",
            "aws_acm_certificate_validation.cf_cert",
            "aws_cloudfront_distribution.frontend_cdn",
            "aws_route53_record.cf_cert_validation",
            "aws_route53_zone.public",
            "aws_wafv2_web_acl.cf_waf",
            "data.aws_route53_zone.this",
            "local_file.register_domain_json",
            "null_resource.register_domain",
            "null_resource.wait_domain_registered"
          ]
        }
      ]
    },
    {
      "mode": "managed",
      "type": "aws_route53_record",
      "name": "cf_cert_validation",
      "provider": "provider[\"registry.terraform.io/hashicorp/aws\"]",
      "instances": [
        {
          "index_key": "*.pietroruoppolo.club",
          "schema_version": 2,
          "attributes": {
            "alias": [],
            "allow_overwrite": true,
            "cidr_routing_policy": [],
            "failover_routing_policy": [],
            "fqdn": "_a6234d5ba1e2dadbd987a33b0be4044e.pietroruoppolo.club",
            "geolocation_routing_policy": [],
            "geoproximity_routing_policy": [],
            "health_check_id": "",
            "id": "Z00418321X1WFU67H1I79__a6234d5ba1e2dadbd987a33b0be4044e.pietroruoppolo.club._CNAME",
            "latency_routing_policy": [],
            "multivalue_answer_routing_policy": false,
            "name": "_a6234d5ba1e2dadbd987a33b0be4044e.pietroruoppolo.club",
            "records": [
              "_d0e9c8d6257f6502d57cb825f6c17058.xlfgrmvvlj.acm-validations.aws."
            ],
            "set_identifier": "",
            "timeouts": null,
            "ttl": 60,
            "type": "CNAME",
            "weighted_routing_policy": [],
            "zone_id": "Z00418321X1WFU67H1I79"
          },
          "sensitive_attributes": [],
          "private": "eyJlMmJmYjczMC1lY2FhLTExZTYtOGY4OC0zNDM2M2JjN2M0YzAiOnsiY3JlYXRlIjoxODAwMDAwMDAwMDAwLCJkZWxldGUiOjE4MDAwMDAwMDAwMDAsInVwZGF0ZSI6MTgwMDAwMDAwMDAwMH0sInNjaGVtYV92ZXJzaW9uIjoiMiJ9",
          "dependencies": [
            "aws_acm_certificate.cf_cert",
            "aws_route53_zone.public",
            "local_file.register_domain_json",
            "null_resource.register_domain",
            "null_resource.wait_domain_registered"
          ]
        },
        {
          "index_key": "pietroruoppolo.club",
          "schema_version": 2,
          "attributes": {
            "alias": [],
            "allow_overwrite": true,
            "cidr_routing_policy": [],
            "failover_routing_policy": [],
            "fqdn": "_a6234d5ba1e2dadbd987a33b0be4044e.pietroruoppolo.club",
            "geolocation_routing_policy": [],
            "geoproximity_routing_policy": [],
            "health_check_id": "",
            "id": "Z00418321X1WFU67H1I79__a6234d5ba1e2dadbd987a33b0be4044e.pietroruoppolo.club._CNAME",
            "latency_routing_policy": [],
            "multivalue_answer_routing_policy": false,
            "name": "_a6234d5ba1e2dadbd987a33b0be4044e.pietroruoppolo.club",
            "records": [
              "_d0e9c8d6257f6502d57cb825f6c17058.xlfgrmvvlj.acm-validations.aws."
            ],
            "set_identifier": "",
            "timeouts": null,
            "ttl": 60,
            "type": "CNAME",
            "weighted_routing_policy": [],
            "zone_id": "Z00418321X1WFU67H1I79"
          },
          "sensitive_attributes": [],
          "private": "eyJlMmJmYjczMC1lY2FhLTExZTYtOGY4OC0zNDM2M2JjN2M0YzAiOnsiY3JlYXRlIjoxODAwMDAwMDAwMDAwLCJkZWxldGUiOjE4MDAwMDAwMDAwMDAsInVwZGF0ZSI6MTgwMDAwMDAwMDAwMH0sInNjaGVtYV92ZXJzaW9uIjoiMiJ9",
          "dependencies": [
            "aws_acm_certificate.cf_cert",
            "aws_route53_zone.public",
            "local_file.register_domain_json",
            "null_resource.register_domain",
            "null_resource.wait_domain_registered"
          ]
        }
      ]
    },
    {
      "mode": "managed",
      "type": "aws_route53_record",
      "name": "cf_cert_validation_single",
      "provider": "provider[\"registry.terraform.io/hashicorp/aws\"]",
      "instances": [
        {
          "schema_version": 2,
          "attributes": {
            "alias": [],
            "allow_overwrite": true,
            "cidr_routing_policy": [],
            "failover_routing_policy": [],
            "fqdn": "_a6234d5ba1e2dadbd987a33b0be4044e.pietroruoppolo.club",
            "geolocation_routing_policy": [],
            "geoproximity_routing_policy": [],
            "health_check_id": "",
            "id": "Z01156203MH5V3NVDCNYO__a6234d5ba1e2dadbd987a33b0be4044e.pietroruoppolo.club_CNAME",
            "latency_routing_policy": [],
            "multivalue_answer_routing_policy": false,
            "name": "_a6234d5ba1e2dadbd987a33b0be4044e.pietroruoppolo.club",
            "records": [
              "_d0e9c8d6257f6502d57cb825f6c17058.xlfgrmvvlj.acm-validations.aws."
            ],
            "set_identifier": "",
            "timeouts": null,
            "ttl": 60,
            "type": "CNAME",
            "weighted_routing_policy": [],
            "zone_id": "Z01156203MH5V3NVDCNYO"
          },
          "sensitive_attributes": [],
          "private": "eyJlMmJmYjczMC1lY2FhLTExZTYtOGY4OC0zNDM2M2JjN2M0YzAiOnsiY3JlYXRlIjoxODAwMDAwMDAwMDAwLCJkZWxldGUiOjE4MDAwMDAwMDAwMDAsInVwZGF0ZSI6MTgwMDAwMDAwMDAwMH0sInNjaGVtYV92ZXJzaW9uIjoiMiJ9",
          "dependencies": [
            "data.aws_route53_zone.public"
          ]
        }
      ]
    },
    {
      "mode": "managed",
      "type": "aws_route53_record",
      "name": "origin_alias_to_alb",
      "provider": "provider[\"registry.terraform.io/hashicorp/aws\"]",
      "instances": [
        {
          "schema_version": 2,
          "attributes": {
            "alias": [
              {
                "evaluate_target_health": false,
                "name": "alb-frontend-1151473620.us-east-1.elb.amazonaws.com",
                "zone_id": "Z35SXDOTRQ7X7K"
              }
            ],
            "allow_overwrite": null,
            "cidr_routing_policy": [],
            "failover_routing_policy": [],
            "fqdn": "origin.threetier.pietroruoppolo.club",
            "geolocation_routing_policy": [],
            "geoproximity_routing_policy": [],
            "health_check_id": "",
            "id": "Z01156203MH5V3NVDCNYO_origin.threetier.pietroruoppolo.club_A",
            "latency_routing_policy": [],
            "multivalue_answer_routing_policy": false,
            "name": "origin.threetier.pietroruoppolo.club",
            "records": [],
            "set_identifier": "",
            "timeouts": null,
            "ttl": 0,
            "type": "A",
            "weighted_routing_policy": [],
            "zone_id": "Z01156203MH5V3NVDCNYO"
          },
          "sensitive_attributes": [],
          "private": "eyJlMmJmYjczMC1lY2FhLTExZTYtOGY4OC0zNDM2M2JjN2M0YzAiOnsiY3JlYXRlIjoxODAwMDAwMDAwMDAwLCJkZWxldGUiOjE4MDAwMDAwMDAwMDAsInVwZGF0ZSI6MTgwMDAwMDAwMDAwMH0sInNjaGVtYV92ZXJzaW9uIjoiMiJ9",
          "dependencies": [
            "aws_lb.frontend_alb",
            "aws_security_group.alb_frontend_sg",
            "aws_subnet.prod",
            "aws_vpc.prod",
            "data.aws_route53_zone.public"
          ]
        }
      ]
    },
    {
      "mode": "managed",
      "type": "aws_route53_zone",
      "name": "public",
      "provider": "provider[\"registry.terraform.io/hashicorp/aws\"]",
      "instances": [
        {
          "schema_version": 0,
          "attributes": {
            "arn": "arn:aws:route53:::hostedzone/Z00418321X1WFU67H1I79",
            "comment": "Managed by Terraform",
            "delegation_set_id": "",
            "force_destroy": false,
            "id": "Z00418321X1WFU67H1I79",
            "name": "pietroruoppolo.club",
            "name_servers": [
              "ns-132.awsdns-16.com",
              "ns-1322.awsdns-37.org",
              "ns-1779.awsdns-30.co.uk",
              "ns-880.awsdns-46.net"
            ],
            "primary_name_server": "ns-880.awsdns-46.net",
            "tags": {},
            "tags_all": {},
            "timeouts": null,
            "vpc": [],
            "zone_id": "Z00418321X1WFU67H1I79"
          },
          "sensitive_attributes": [],
          "private": "eyJlMmJmYjczMC1lY2FhLTExZTYtOGY4OC0zNDM2M2JjN2M0YzAiOnsiY3JlYXRlIjoxODAwMDAwMDAwMDAwLCJkZWxldGUiOjE4MDAwMDAwMDAwMDAsInVwZGF0ZSI6MTgwMDAwMDAwMDAwMH19",
          "dependencies": [
            "local_file.register_domain_json",
            "null_resource.register_domain",
            "null_resource.wait_domain_registered"
          ]
        }
      ]
    },
    {
      "mode": "managed",
      "type": "aws_route53domains_registered_domain",
      "name": "this",
      "provider": "provider[\"registry.terraform.io/hashicorp/aws\"]",
      "instances": [
        {
          "schema_version": 0,
          "attributes": {
            "abuse_contact_email": "abuse@registrar.amazon.com",
            "abuse_contact_phone": "+1.2062661000",
            "admin_contact": [
              {
                "address_line_1": "Via Strada 12",
                "address_line_2": "",
                "city": "Torino",
                "contact_type": "PERSON",
                "country_code": "IT",
                "email": "ruoppolo46@gmail.com",
                "extra_params": {},
                "fax": "",
                "first_name": "Pietro",
                "last_name": "Ruoppolo",
                "organization_name": "",
                "phone_number": "+39.3330000000",
                "state": "TO",
                "zip_code": "10100"
              }
            ],
            "admin_privacy": true,
            "auto_renew": true,
            "billing_contact": [
              {
                "address_line_1": "Via Strada 12",
                "address_line_2": "",
                "city": "Torino",
                "contact_type": "PERSON",
                "country_code": "IT",
                "email": "ruoppolo46@gmail.com",
                "extra_params": {},
                "fax": "",
                "first_name": "Pietro",
                "last_name": "Ruoppolo",
                "organization_name": "",
                "phone_number": "+39.3330000000",
                "state": "TO",
                "zip_code": "10100"
              }
            ],
            "billing_privacy": true,
            "creation_date": "2025-08-11T19:37:01Z",
            "domain_name": "pietroruoppolo.club",
            "expiration_date": "2026-08-11T19:37:01Z",
            "id": "pietroruoppolo.club",
            "name_server": [
              {
                "glue_ips": [],
                "name": "ns-128.awsdns-16.com"
              },
              {
                "glue_ips": [],
                "name": "ns-711.awsdns-24.net"
              },
              {
                "glue_ips": [],
                "name": "ns-1389.awsdns-45.org"
              },
              {
                "glue_ips": [],
                "name": "ns-1673.awsdns-17.co.uk"
              }
            ],
            "registrant_contact": [
              {
                "address_line_1": "Via Strada 12",
                "address_line_2": "",
                "city": "Torino",
                "contact_type": "PERSON",
                "country_code": "IT",
                "email": "ruoppolo46@gmail.com",
                "extra_params": {},
                "fax": "",
                "first_name": "Pietro",
                "last_name": "Ruoppolo",
                "organization_name": "",
                "phone_number": "+39.3330000000",
                "state": "TO",
                "zip_code": "10100"
              }
            ],
            "registrant_privacy": true,
            "registrar_name": "Amazon Registrar, Inc.",
            "registrar_url": "http://registrar.amazon.com",
            "reseller": "",
            "status_list": [
              "clientDeleteProhibited",
              "clientTransferProhibited",
              "serverTransferProhibited",
              "clientUpdateProhibited"
            ],
            "tags": {},
            "tags_all": {},
            "tech_contact": [
              {
                "address_line_1": "Via Strada 12",
                "address_line_2": "",
                "city": "Torino",
                "contact_type": "PERSON",
                "country_code": "IT",
                "email": "ruoppolo46@gmail.com",
                "extra_params": {},
                "fax": "",
                "first_name": "Pietro",
                "last_name": "Ruoppolo",
                "organization_name": "",
                "phone_number": "+39.3330000000",
                "state": "TO",
                "zip_code": "10100"
              }
            ],
            "tech_privacy": true,
            "timeouts": null,
            "transfer_lock": true,
            "updated_date": "2025-08-27T09:33:31Z",
            "whois_server": "whois.registrar.amazon.com"
          },
          "sensitive_attributes": [],
          "private": "eyJlMmJmYjczMC1lY2FhLTExZTYtOGY4OC0zNDM2M2JjN2M0YzAiOnsiY3JlYXRlIjoxODAwMDAwMDAwMDAwLCJ1cGRhdGUiOjE4MDAwMDAwMDAwMDB9fQ=="
        }
      ]
    },
    {
      "mode": "managed",
      "type": "aws_route_table",
      "name": "dr_private_rt",
      "provider": "provider[\"registry.terraform.io/hashicorp/aws\"].secondary",
      "instances": [
        {
          "schema_version": 0,
          "attributes": {
            "arn": "arn:aws:ec2:us-west-1:904233103130:route-table/rtb-0b5be43834b1e3cbc",
            "id": "rtb-0b5be43834b1e3cbc",
            "owner_id": "904233103130",
            "propagating_vgws": [],
            "route": [
              {
                "carrier_gateway_id": "",
                "cidr_block": "0.0.0.0/0",
                "core_network_arn": "",
                "destination_prefix_list_id": "",
                "egress_only_gateway_id": "",
                "gateway_id": "",
                "ipv6_cidr_block": "",
                "local_gateway_id": "",
                "nat_gateway_id": "nat-0a712026368b4c9e7",
                "network_interface_id": "",
                "transit_gateway_id": "",
                "vpc_endpoint_id": "",
                "vpc_peering_connection_id": ""
              }
            ],
            "tags": {
              "Name": "rt-dr-private"
            },
            "tags_all": {
              "Name": "rt-dr-private"
            },
            "timeouts": null,
            "vpc_id": "vpc-04499c61e37b853ae"
          },
          "sensitive_attributes": [],
          "private": "eyJlMmJmYjczMC1lY2FhLTExZTYtOGY4OC0zNDM2M2JjN2M0YzAiOnsiY3JlYXRlIjozMDAwMDAwMDAwMDAsImRlbGV0ZSI6MzAwMDAwMDAwMDAwLCJ1cGRhdGUiOjEyMDAwMDAwMDAwMH19",
          "dependencies": [
            "aws_eip.dr_nat_eip",
            "aws_internet_gateway.dr_igw",
            "aws_nat_gateway.dr_nat",
            "aws_subnet.dr",
            "aws_vpc.dr"
          ]
        }
      ]
    },
    {
      "mode": "managed",
      "type": "aws_route_table",
      "name": "dr_public_rt",
      "provider": "provider[\"registry.terraform.io/hashicorp/aws\"].secondary",
      "instances": [
        {
          "schema_version": 0,
          "attributes": {
            "arn": "arn:aws:ec2:us-west-1:904233103130:route-table/rtb-05eba63b967a8200b",
            "id": "rtb-05eba63b967a8200b",
            "owner_id": "904233103130",
            "propagating_vgws": [],
            "route": [
              {
                "carrier_gateway_id": "",
                "cidr_block": "0.0.0.0/0",
                "core_network_arn": "",
                "destination_prefix_list_id": "",
                "egress_only_gateway_id": "",
                "gateway_id": "igw-07f03b628240c4cd4",
                "ipv6_cidr_block": "",
                "local_gateway_id": "",
                "nat_gateway_id": "",
                "network_interface_id": "",
                "transit_gateway_id": "",
                "vpc_endpoint_id": "",
                "vpc_peering_connection_id": ""
              }
            ],
            "tags": {
              "Name": "rt-dr-public"
            },
            "tags_all": {
              "Name": "rt-dr-public"
            },
            "timeouts": null,
            "vpc_id": "vpc-04499c61e37b853ae"
          },
          "sensitive_attributes": [],
          "private": "eyJlMmJmYjczMC1lY2FhLTExZTYtOGY4OC0zNDM2M2JjN2M0YzAiOnsiY3JlYXRlIjozMDAwMDAwMDAwMDAsImRlbGV0ZSI6MzAwMDAwMDAwMDAwLCJ1cGRhdGUiOjEyMDAwMDAwMDAwMH19",
          "dependencies": [
            "aws_internet_gateway.dr_igw",
            "aws_vpc.dr"
          ]
        }
      ]
    },
    {
      "mode": "managed",
      "type": "aws_route_table",
      "name": "prod_private_rt",
      "provider": "provider[\"registry.terraform.io/hashicorp/aws\"].primary",
      "instances": [
        {
          "schema_version": 0,
          "attributes": {
            "arn": "arn:aws:ec2:us-east-1:904233103130:route-table/rtb-0dd694f379ec9cd7b",
            "id": "rtb-0dd694f379ec9cd7b",
            "owner_id": "904233103130",
            "propagating_vgws": [],
            "route": [
              {
                "carrier_gateway_id": "",
                "cidr_block": "0.0.0.0/0",
                "core_network_arn": "",
                "destination_prefix_list_id": "",
                "egress_only_gateway_id": "",
                "gateway_id": "",
                "ipv6_cidr_block": "",
                "local_gateway_id": "",
                "nat_gateway_id": "nat-090b88c2dcdce87a1",
                "network_interface_id": "",
                "transit_gateway_id": "",
                "vpc_endpoint_id": "",
                "vpc_peering_connection_id": ""
              }
            ],
            "tags": {
              "Name": "rt-prod-private"
            },
            "tags_all": {
              "Name": "rt-prod-private"
            },
            "timeouts": null,
            "vpc_id": "vpc-0616cb961971eecb0"
          },
          "sensitive_attributes": [],
          "private": "eyJlMmJmYjczMC1lY2FhLTExZTYtOGY4OC0zNDM2M2JjN2M0YzAiOnsiY3JlYXRlIjozMDAwMDAwMDAwMDAsImRlbGV0ZSI6MzAwMDAwMDAwMDAwLCJ1cGRhdGUiOjEyMDAwMDAwMDAwMH19",
          "dependencies": [
            "aws_eip.prod_nat_eip",
            "aws_internet_gateway.prod_igw",
            "aws_nat_gateway.prod_nat",
            "aws_subnet.prod",
            "aws_vpc.prod"
          ]
        }
      ]
    },
    {
      "mode": "managed",
      "type": "aws_route_table",
      "name": "prod_public_rt",
      "provider": "provider[\"registry.terraform.io/hashicorp/aws\"].primary",
      "instances": [
        {
          "schema_version": 0,
          "attributes": {
            "arn": "arn:aws:ec2:us-east-1:904233103130:route-table/rtb-064120e33e665f279",
            "id": "rtb-064120e33e665f279",
            "owner_id": "904233103130",
            "propagating_vgws": [],
            "route": [
              {
                "carrier_gateway_id": "",
                "cidr_block": "0.0.0.0/0",
                "core_network_arn": "",
                "destination_prefix_list_id": "",
                "egress_only_gateway_id": "",
                "gateway_id": "igw-0de4dac2a3db67999",
                "ipv6_cidr_block": "",
                "local_gateway_id": "",
                "nat_gateway_id": "",
                "network_interface_id": "",
                "transit_gateway_id": "",
                "vpc_endpoint_id": "",
                "vpc_peering_connection_id": ""
              }
            ],
            "tags": {
              "Name": "rt-prod-public"
            },
            "tags_all": {
              "Name": "rt-prod-public"
            },
            "timeouts": null,
            "vpc_id": "vpc-0616cb961971eecb0"
          },
          "sensitive_attributes": [],
          "private": "eyJlMmJmYjczMC1lY2FhLTExZTYtOGY4OC0zNDM2M2JjN2M0YzAiOnsiY3JlYXRlIjozMDAwMDAwMDAwMDAsImRlbGV0ZSI6MzAwMDAwMDAwMDAwLCJ1cGRhdGUiOjEyMDAwMDAwMDAwMH19",
          "dependencies": [
            "aws_internet_gateway.prod_igw",
            "aws_vpc.prod"
          ]
        }
      ]
    },
    {
      "mode": "managed",
      "type": "aws_route_table_association",
      "name": "dr_priv_assoc",
      "provider": "provider[\"registry.terraform.io/hashicorp/aws\"].secondary",
      "instances": [
        {
          "index_key": "pri-sub-3a",
          "schema_version": 0,
          "attributes": {
            "gateway_id": "",
            "id": "rtbassoc-041c2dfbcc2f703d0",
            "route_table_id": "rtb-0b5be43834b1e3cbc",
            "subnet_id": "subnet-090d21b6d12cc7feb",
            "timeouts": null
          },
          "sensitive_attributes": [],
          "private": "eyJlMmJmYjczMC1lY2FhLTExZTYtOGY4OC0zNDM2M2JjN2M0YzAiOnsiY3JlYXRlIjozMDAwMDAwMDAwMDAsImRlbGV0ZSI6MzAwMDAwMDAwMDAwLCJ1cGRhdGUiOjEyMDAwMDAwMDAwMH19",
          "dependencies": [
            "aws_eip.dr_nat_eip",
            "aws_internet_gateway.dr_igw",
            "aws_nat_gateway.dr_nat",
            "aws_route_table.dr_private_rt",
            "aws_subnet.dr",
            "aws_vpc.dr"
          ]
        },
        {
          "index_key": "pri-sub-4b",
          "schema_version": 0,
          "attributes": {
            "gateway_id": "",
            "id": "rtbassoc-029df16e3d44e364b",
            "route_table_id": "rtb-0b5be43834b1e3cbc",
            "subnet_id": "subnet-0eac5301cb27a94c3",
            "timeouts": null
          },
          "sensitive_attributes": [],
          "private": "eyJlMmJmYjczMC1lY2FhLTExZTYtOGY4OC0zNDM2M2JjN2M0YzAiOnsiY3JlYXRlIjozMDAwMDAwMDAwMDAsImRlbGV0ZSI6MzAwMDAwMDAwMDAwLCJ1cGRhdGUiOjEyMDAwMDAwMDAwMH19",
          "dependencies": [
            "aws_eip.dr_nat_eip",
            "aws_internet_gateway.dr_igw",
            "aws_nat_gateway.dr_nat",
            "aws_route_table.dr_private_rt",
            "aws_subnet.dr",
            "aws_vpc.dr"
          ]
        },
        {
          "index_key": "pri-sub-5a",
          "schema_version": 0,
          "attributes": {
            "gateway_id": "",
            "id": "rtbassoc-0aaeafd3a76e06435",
            "route_table_id": "rtb-0b5be43834b1e3cbc",
            "subnet_id": "subnet-0453989d7b6662309",
            "timeouts": null
          },
          "sensitive_attributes": [],
          "private": "eyJlMmJmYjczMC1lY2FhLTExZTYtOGY4OC0zNDM2M2JjN2M0YzAiOnsiY3JlYXRlIjozMDAwMDAwMDAwMDAsImRlbGV0ZSI6MzAwMDAwMDAwMDAwLCJ1cGRhdGUiOjEyMDAwMDAwMDAwMH19",
          "dependencies": [
            "aws_eip.dr_nat_eip",
            "aws_internet_gateway.dr_igw",
            "aws_nat_gateway.dr_nat",
            "aws_route_table.dr_private_rt",
            "aws_subnet.dr",
            "aws_vpc.dr"
          ]
        },
        {
          "index_key": "pri-sub-6b",
          "schema_version": 0,
          "attributes": {
            "gateway_id": "",
            "id": "rtbassoc-0d22a77212af50272",
            "route_table_id": "rtb-0b5be43834b1e3cbc",
            "subnet_id": "subnet-01720fd6954f9aa63",
            "timeouts": null
          },
          "sensitive_attributes": [],
          "private": "eyJlMmJmYjczMC1lY2FhLTExZTYtOGY4OC0zNDM2M2JjN2M0YzAiOnsiY3JlYXRlIjozMDAwMDAwMDAwMDAsImRlbGV0ZSI6MzAwMDAwMDAwMDAwLCJ1cGRhdGUiOjEyMDAwMDAwMDAwMH19",
          "dependencies": [
            "aws_eip.dr_nat_eip",
            "aws_internet_gateway.dr_igw",
            "aws_nat_gateway.dr_nat",
            "aws_route_table.dr_private_rt",
            "aws_subnet.dr",
            "aws_vpc.dr"
          ]
        },
        {
          "index_key": "pri-sub-7a",
          "schema_version": 0,
          "attributes": {
            "gateway_id": "",
            "id": "rtbassoc-07c656c9528fe989b",
            "route_table_id": "rtb-0b5be43834b1e3cbc",
            "subnet_id": "subnet-0a576b5b1c8d71c39",
            "timeouts": null
          },
          "sensitive_attributes": [],
          "private": "eyJlMmJmYjczMC1lY2FhLTExZTYtOGY4OC0zNDM2M2JjN2M0YzAiOnsiY3JlYXRlIjozMDAwMDAwMDAwMDAsImRlbGV0ZSI6MzAwMDAwMDAwMDAwLCJ1cGRhdGUiOjEyMDAwMDAwMDAwMH19",
          "dependencies": [
            "aws_eip.dr_nat_eip",
            "aws_internet_gateway.dr_igw",
            "aws_nat_gateway.dr_nat",
            "aws_route_table.dr_private_rt",
            "aws_subnet.dr",
            "aws_vpc.dr"
          ]
        },
        {
          "index_key": "pri-sub-8b",
          "schema_version": 0,
          "attributes": {
            "gateway_id": "",
            "id": "rtbassoc-0de4cd451a86a735e",
            "route_table_id": "rtb-0b5be43834b1e3cbc",
            "subnet_id": "subnet-09afe725e38625beb",
            "timeouts": null
          },
          "sensitive_attributes": [],
          "private": "eyJlMmJmYjczMC1lY2FhLTExZTYtOGY4OC0zNDM2M2JjN2M0YzAiOnsiY3JlYXRlIjozMDAwMDAwMDAwMDAsImRlbGV0ZSI6MzAwMDAwMDAwMDAwLCJ1cGRhdGUiOjEyMDAwMDAwMDAwMH19",
          "dependencies": [
            "aws_eip.dr_nat_eip",
            "aws_internet_gateway.dr_igw",
            "aws_nat_gateway.dr_nat",
            "aws_route_table.dr_private_rt",
            "aws_subnet.dr",
            "aws_vpc.dr"
          ]
        }
      ]
    },
    {
      "mode": "managed",
      "type": "aws_route_table_association",
      "name": "dr_pub_assoc",
      "provider": "provider[\"registry.terraform.io/hashicorp/aws\"].secondary",
      "instances": [
        {
          "index_key": "pub-sub-1a",
          "schema_version": 0,
          "attributes": {
            "gateway_id": "",
            "id": "rtbassoc-0f7e7ad515b184b50",
            "route_table_id": "rtb-05eba63b967a8200b",
            "subnet_id": "subnet-033967a41a1974b33",
            "timeouts": null
          },
          "sensitive_attributes": [],
          "private": "eyJlMmJmYjczMC1lY2FhLTExZTYtOGY4OC0zNDM2M2JjN2M0YzAiOnsiY3JlYXRlIjozMDAwMDAwMDAwMDAsImRlbGV0ZSI6MzAwMDAwMDAwMDAwLCJ1cGRhdGUiOjEyMDAwMDAwMDAwMH19",
          "dependencies": [
            "aws_internet_gateway.dr_igw",
            "aws_route_table.dr_public_rt",
            "aws_subnet.dr",
            "aws_vpc.dr"
          ]
        },
        {
          "index_key": "pub-sub-2b",
          "schema_version": 0,
          "attributes": {
            "gateway_id": "",
            "id": "rtbassoc-022dc4a9e48d4c4c2",
            "route_table_id": "rtb-05eba63b967a8200b",
            "subnet_id": "subnet-0f044ae531bcfa216",
            "timeouts": null
          },
          "sensitive_attributes": [],
          "private": "eyJlMmJmYjczMC1lY2FhLTExZTYtOGY4OC0zNDM2M2JjN2M0YzAiOnsiY3JlYXRlIjozMDAwMDAwMDAwMDAsImRlbGV0ZSI6MzAwMDAwMDAwMDAwLCJ1cGRhdGUiOjEyMDAwMDAwMDAwMH19",
          "dependencies": [
            "aws_internet_gateway.dr_igw",
            "aws_route_table.dr_public_rt",
            "aws_subnet.dr",
            "aws_vpc.dr"
          ]
        }
      ]
    },
    {
      "mode": "managed",
      "type": "aws_route_table_association",
      "name": "prod_priv_assoc",
      "provider": "provider[\"registry.terraform.io/hashicorp/aws\"].primary",
      "instances": [
        {
          "index_key": "pri-sub-3a",
          "schema_version": 0,
          "attributes": {
            "gateway_id": "",
            "id": "rtbassoc-061f5bafcaca0d231",
            "route_table_id": "rtb-0dd694f379ec9cd7b",
            "subnet_id": "subnet-0374da6d909e5409b",
            "timeouts": null
          },
          "sensitive_attributes": [],
          "private": "eyJlMmJmYjczMC1lY2FhLTExZTYtOGY4OC0zNDM2M2JjN2M0YzAiOnsiY3JlYXRlIjozMDAwMDAwMDAwMDAsImRlbGV0ZSI6MzAwMDAwMDAwMDAwLCJ1cGRhdGUiOjEyMDAwMDAwMDAwMH19",
          "dependencies": [
            "aws_eip.prod_nat_eip",
            "aws_internet_gateway.prod_igw",
            "aws_nat_gateway.prod_nat",
            "aws_route_table.prod_private_rt",
            "aws_subnet.prod",
            "aws_vpc.prod"
          ]
        },
        {
          "index_key": "pri-sub-4b",
          "schema_version": 0,
          "attributes": {
            "gateway_id": "",
            "id": "rtbassoc-00cbf0f2d6a0c49dd",
            "route_table_id": "rtb-0dd694f379ec9cd7b",
            "subnet_id": "subnet-0838c56a38ae51953",
            "timeouts": null
          },
          "sensitive_attributes": [],
          "private": "eyJlMmJmYjczMC1lY2FhLTExZTYtOGY4OC0zNDM2M2JjN2M0YzAiOnsiY3JlYXRlIjozMDAwMDAwMDAwMDAsImRlbGV0ZSI6MzAwMDAwMDAwMDAwLCJ1cGRhdGUiOjEyMDAwMDAwMDAwMH19",
          "dependencies": [
            "aws_eip.prod_nat_eip",
            "aws_internet_gateway.prod_igw",
            "aws_nat_gateway.prod_nat",
            "aws_route_table.prod_private_rt",
            "aws_subnet.prod",
            "aws_vpc.prod"
          ]
        },
        {
          "index_key": "pri-sub-5a",
          "schema_version": 0,
          "attributes": {
            "gateway_id": "",
            "id": "rtbassoc-0516b4b4141fb3df7",
            "route_table_id": "rtb-0dd694f379ec9cd7b",
            "subnet_id": "subnet-0b0e42e3d100d3d4d",
            "timeouts": null
          },
          "sensitive_attributes": [],
          "private": "eyJlMmJmYjczMC1lY2FhLTExZTYtOGY4OC0zNDM2M2JjN2M0YzAiOnsiY3JlYXRlIjozMDAwMDAwMDAwMDAsImRlbGV0ZSI6MzAwMDAwMDAwMDAwLCJ1cGRhdGUiOjEyMDAwMDAwMDAwMH19",
          "dependencies": [
            "aws_eip.prod_nat_eip",
            "aws_internet_gateway.prod_igw",
            "aws_nat_gateway.prod_nat",
            "aws_route_table.prod_private_rt",
            "aws_subnet.prod",
            "aws_vpc.prod"
          ]
        },
        {
          "index_key": "pri-sub-6b",
          "schema_version": 0,
          "attributes": {
            "gateway_id": "",
            "id": "rtbassoc-0c255a3f306a370b7",
            "route_table_id": "rtb-0dd694f379ec9cd7b",
            "subnet_id": "subnet-02aa184aa0fd51304",
            "timeouts": null
          },
          "sensitive_attributes": [],
          "private": "eyJlMmJmYjczMC1lY2FhLTExZTYtOGY4OC0zNDM2M2JjN2M0YzAiOnsiY3JlYXRlIjozMDAwMDAwMDAwMDAsImRlbGV0ZSI6MzAwMDAwMDAwMDAwLCJ1cGRhdGUiOjEyMDAwMDAwMDAwMH19",
          "dependencies": [
            "aws_eip.prod_nat_eip",
            "aws_internet_gateway.prod_igw",
            "aws_nat_gateway.prod_nat",
            "aws_route_table.prod_private_rt",
            "aws_subnet.prod",
            "aws_vpc.prod"
          ]
        },
        {
          "index_key": "pri-sub-7a",
          "schema_version": 0,
          "attributes": {
            "gateway_id": "",
            "id": "rtbassoc-0030f5a4c27d46081",
            "route_table_id": "rtb-0dd694f379ec9cd7b",
            "subnet_id": "subnet-0ca6c816b7c5840eb",
            "timeouts": null
          },
          "sensitive_attributes": [],
          "private": "eyJlMmJmYjczMC1lY2FhLTExZTYtOGY4OC0zNDM2M2JjN2M0YzAiOnsiY3JlYXRlIjozMDAwMDAwMDAwMDAsImRlbGV0ZSI6MzAwMDAwMDAwMDAwLCJ1cGRhdGUiOjEyMDAwMDAwMDAwMH19",
          "dependencies": [
            "aws_eip.prod_nat_eip",
            "aws_internet_gateway.prod_igw",
            "aws_nat_gateway.prod_nat",
            "aws_route_table.prod_private_rt",
            "aws_subnet.prod",
            "aws_vpc.prod"
          ]
        },
        {
          "index_key": "pri-sub-8b",
          "schema_version": 0,
          "attributes": {
            "gateway_id": "",
            "id": "rtbassoc-0df25225c25589f98",
            "route_table_id": "rtb-0dd694f379ec9cd7b",
            "subnet_id": "subnet-058ca83a5361fb062",
            "timeouts": null
          },
          "sensitive_attributes": [],
          "private": "eyJlMmJmYjczMC1lY2FhLTExZTYtOGY4OC0zNDM2M2JjN2M0YzAiOnsiY3JlYXRlIjozMDAwMDAwMDAwMDAsImRlbGV0ZSI6MzAwMDAwMDAwMDAwLCJ1cGRhdGUiOjEyMDAwMDAwMDAwMH19",
          "dependencies": [
            "aws_eip.prod_nat_eip",
            "aws_internet_gateway.prod_igw",
            "aws_nat_gateway.prod_nat",
            "aws_route_table.prod_private_rt",
            "aws_subnet.prod",
            "aws_vpc.prod"
          ]
        }
      ]
    },
    {
      "mode": "managed",
      "type": "aws_route_table_association",
      "name": "prod_pub_assoc",
      "provider": "provider[\"registry.terraform.io/hashicorp/aws\"].primary",
      "instances": [
        {
          "index_key": "pub-sub-1a",
          "schema_version": 0,
          "attributes": {
            "gateway_id": "",
            "id": "rtbassoc-0193b09b07192d3c6",
            "route_table_id": "rtb-064120e33e665f279",
            "subnet_id": "subnet-02f19dadbb9220602",
            "timeouts": null
          },
          "sensitive_attributes": [],
          "private": "eyJlMmJmYjczMC1lY2FhLTExZTYtOGY4OC0zNDM2M2JjN2M0YzAiOnsiY3JlYXRlIjozMDAwMDAwMDAwMDAsImRlbGV0ZSI6MzAwMDAwMDAwMDAwLCJ1cGRhdGUiOjEyMDAwMDAwMDAwMH19",
          "dependencies": [
            "aws_internet_gateway.prod_igw",
            "aws_route_table.prod_public_rt",
            "aws_subnet.prod",
            "aws_vpc.prod"
          ]
        },
        {
          "index_key": "pub-sub-2b",
          "schema_version": 0,
          "attributes": {
            "gateway_id": "",
            "id": "rtbassoc-0291f26d63099cf52",
            "route_table_id": "rtb-064120e33e665f279",
            "subnet_id": "subnet-00bb20a19cfec70e7",
            "timeouts": null
          },
          "sensitive_attributes": [],
          "private": "eyJlMmJmYjczMC1lY2FhLTExZTYtOGY4OC0zNDM2M2JjN2M0YzAiOnsiY3JlYXRlIjozMDAwMDAwMDAwMDAsImRlbGV0ZSI6MzAwMDAwMDAwMDAwLCJ1cGRhdGUiOjEyMDAwMDAwMDAwMH19",
          "dependencies": [
            "aws_internet_gateway.prod_igw",
            "aws_route_table.prod_public_rt",
            "aws_subnet.prod",
            "aws_vpc.prod"
          ]
        }
      ]
    },
    {
      "mode": "managed",
      "type": "aws_security_group",
      "name": "alb_frontend_dr_sg",
      "provider": "provider[\"registry.terraform.io/hashicorp/aws\"].secondary",
      "instances": [
        {
          "schema_version": 1,
          "attributes": {
            "arn": "arn:aws:ec2:us-west-1:904233103130:security-group/sg-0e7235c6783ad7dab",
            "description": "Allow HTTP/HTTPS to frontend ALB in DR",
            "egress": [
              {
                "cidr_blocks": [
                  "0.0.0.0/0"
                ],
                "description": "",
                "from_port": 0,
                "ipv6_cidr_blocks": [],
                "prefix_list_ids": [],
                "protocol": "-1",
                "security_groups": [],
                "self": false,
                "to_port": 0
              }
            ],
            "id": "sg-0e7235c6783ad7dab",
            "ingress": [
              {
                "cidr_blocks": [
                  "0.0.0.0/0"
                ],
                "description": "HTTP",
                "from_port": 80,
                "ipv6_cidr_blocks": [],
                "prefix_list_ids": [],
                "protocol": "tcp",
                "security_groups": [],
                "self": false,
                "to_port": 80
              },
              {
                "cidr_blocks": [
                  "0.0.0.0/0"
                ],
                "description": "HTTPS",
                "from_port": 443,
                "ipv6_cidr_blocks": [],
                "prefix_list_ids": [],
                "protocol": "tcp",
                "security_groups": [],
                "self": false,
                "to_port": 443
              }
            ],
            "name": "alb-frontend-dr-sg",
            "name_prefix": "",
            "owner_id": "904233103130",
            "revoke_rules_on_delete": false,
            "tags": {
              "Name": "alb-frontend-dr-sg"
            },
            "tags_all": {
              "Name": "alb-frontend-dr-sg"
            },
            "timeouts": null,
            "vpc_id": "vpc-04499c61e37b853ae"
          },
          "sensitive_attributes": [],
          "private": "eyJlMmJmYjczMC1lY2FhLTExZTYtOGY4OC0zNDM2M2JjN2M0YzAiOnsiY3JlYXRlIjo2MDAwMDAwMDAwMDAsImRlbGV0ZSI6OTAwMDAwMDAwMDAwfSwic2NoZW1hX3ZlcnNpb24iOiIxIn0=",
          "dependencies": [
            "aws_vpc.dr"
          ]
        }
      ]
    },
    {
      "mode": "managed",
      "type": "aws_security_group",
      "name": "alb_frontend_sg",
      "provider": "provider[\"registry.terraform.io/hashicorp/aws\"].primary",
      "instances": [
        {
          "schema_version": 1,
          "attributes": {
            "arn": "arn:aws:ec2:us-east-1:904233103130:security-group/sg-024861a11acfe13a2",
            "description": "Allow HTTP/HTTPS for frontend ALB",
            "egress": [
              {
                "cidr_blocks": [
                  "0.0.0.0/0"
                ],
                "description": "",
                "from_port": 0,
                "ipv6_cidr_blocks": [],
                "prefix_list_ids": [],
                "protocol": "-1",
                "security_groups": [],
                "self": false,
                "to_port": 0
              }
            ],
            "id": "sg-024861a11acfe13a2",
            "ingress": [
              {
                "cidr_blocks": [
                  "0.0.0.0/0"
                ],
                "description": "HTTP",
                "from_port": 80,
                "ipv6_cidr_blocks": [],
                "prefix_list_ids": [],
                "protocol": "tcp",
                "security_groups": [],
                "self": false,
                "to_port": 80
              },
              {
                "cidr_blocks": [
                  "0.0.0.0/0"
                ],
                "description": "HTTPS",
                "from_port": 443,
                "ipv6_cidr_blocks": [],
                "prefix_list_ids": [],
                "protocol": "tcp",
                "security_groups": [],
                "self": false,
                "to_port": 443
              }
            ],
            "name": "alb-frontend-sg",
            "name_prefix": "",
            "owner_id": "904233103130",
            "revoke_rules_on_delete": false,
            "tags": {
              "Name": "alb-frontend-sg"
            },
            "tags_all": {
              "Name": "alb-frontend-sg"
            },
            "timeouts": null,
            "vpc_id": "vpc-0616cb961971eecb0"
          },
          "sensitive_attributes": [],
          "private": "eyJlMmJmYjczMC1lY2FhLTExZTYtOGY4OC0zNDM2M2JjN2M0YzAiOnsiY3JlYXRlIjo2MDAwMDAwMDAwMDAsImRlbGV0ZSI6OTAwMDAwMDAwMDAwfSwic2NoZW1hX3ZlcnNpb24iOiIxIn0=",
          "dependencies": [
            "aws_vpc.prod"
          ]
        }
      ]
    },
    {
      "mode": "managed",
      "type": "aws_security_group",
      "name": "backend_alb",
      "provider": "provider[\"registry.terraform.io/hashicorp/aws\"].primary",
      "instances": [
        {
          "schema_version": 1,
          "attributes": {
            "arn": "arn:aws:ec2:us-east-1:904233103130:security-group/sg-0a09da57e28a3ebf7",
            "description": "Allow HTTP/HTTPS from anywhere",
            "egress": [
              {
                "cidr_blocks": [
                  "0.0.0.0/0"
                ],
                "description": "",
                "from_port": 0,
                "ipv6_cidr_blocks": [],
                "prefix_list_ids": [],
                "protocol": "-1",
                "security_groups": [],
                "self": false,
                "to_port": 0
              }
            ],
            "id": "sg-0a09da57e28a3ebf7",
            "ingress": [
              {
                "cidr_blocks": [
                  "0.0.0.0/0"
                ],
                "description": "HTTP",
                "from_port": 80,
                "ipv6_cidr_blocks": [],
                "prefix_list_ids": [],
                "protocol": "tcp",
                "security_groups": [],
                "self": false,
                "to_port": 80
              },
              {
                "cidr_blocks": [
                  "0.0.0.0/0"
                ],
                "description": "HTTPS",
                "from_port": 443,
                "ipv6_cidr_blocks": [],
                "prefix_list_ids": [],
                "protocol": "tcp",
                "security_groups": [],
                "self": false,
                "to_port": 443
              }
            ],
            "name": "backend-alb-sg",
            "name_prefix": "",
            "owner_id": "904233103130",
            "revoke_rules_on_delete": false,
            "tags": {},
            "tags_all": {},
            "timeouts": null,
            "vpc_id": "vpc-0616cb961971eecb0"
          },
          "sensitive_attributes": [],
          "private": "eyJlMmJmYjczMC1lY2FhLTExZTYtOGY4OC0zNDM2M2JjN2M0YzAiOnsiY3JlYXRlIjo2MDAwMDAwMDAwMDAsImRlbGV0ZSI6OTAwMDAwMDAwMDAwfSwic2NoZW1hX3ZlcnNpb24iOiIxIn0=",
          "dependencies": [
            "aws_vpc.prod"
          ],
          "create_before_destroy": true
        }
      ]
    },
    {
      "mode": "managed",
      "type": "aws_security_group",
      "name": "backend_ec2",
      "provider": "provider[\"registry.terraform.io/hashicorp/aws\"].primary",
      "instances": [
        {
          "schema_version": 1,
          "attributes": {
            "arn": "arn:aws:ec2:us-east-1:904233103130:security-group/sg-066dcd556c68c2299",
            "description": "Allow HTTP from backend ALB and SSH from bastion",
            "egress": [
              {
                "cidr_blocks": [
                  "0.0.0.0/0"
                ],
                "description": "",
                "from_port": 0,
                "ipv6_cidr_blocks": [],
                "prefix_list_ids": [],
                "protocol": "-1",
                "security_groups": [],
                "self": false,
                "to_port": 0
              }
            ],
            "id": "sg-066dcd556c68c2299",
            "ingress": [
              {
                "cidr_blocks": [],
                "description": "HTTP from ALB Backend",
                "from_port": 80,
                "ipv6_cidr_blocks": [],
                "prefix_list_ids": [],
                "protocol": "tcp",
                "security_groups": [
                  "sg-0a09da57e28a3ebf7"
                ],
                "self": false,
                "to_port": 80
              },
              {
                "cidr_blocks": [],
                "description": "SSH from Bastion",
                "from_port": 22,
                "ipv6_cidr_blocks": [],
                "prefix_list_ids": [],
                "protocol": "tcp",
                "security_groups": [
                  "sg-056fac8d630378e2c"
                ],
                "self": false,
                "to_port": 22
              }
            ],
            "name": "backend-ec2-sg",
            "name_prefix": "",
            "owner_id": "904233103130",
            "revoke_rules_on_delete": false,
            "tags": {},
            "tags_all": {},
            "timeouts": null,
            "vpc_id": "vpc-0616cb961971eecb0"
          },
          "sensitive_attributes": [],
          "private": "eyJlMmJmYjczMC1lY2FhLTExZTYtOGY4OC0zNDM2M2JjN2M0YzAiOnsiY3JlYXRlIjo2MDAwMDAwMDAwMDAsImRlbGV0ZSI6OTAwMDAwMDAwMDAwfSwic2NoZW1hX3ZlcnNpb24iOiIxIn0=",
          "dependencies": [
            "aws_security_group.backend_alb",
            "aws_security_group.bastion",
            "aws_vpc.prod"
          ],
          "create_before_destroy": true
        }
      ]
    },
    {
      "mode": "managed",
      "type": "aws_security_group",
      "name": "backend_ec2_dr",
      "provider": "provider[\"registry.terraform.io/hashicorp/aws\"].secondary",
      "instances": [
        {
          "schema_version": 1,
          "attributes": {
            "arn": "arn:aws:ec2:us-west-1:904233103130:security-group/sg-0e6d661d93edac55b",
            "description": "Allow HTTP and SSH (DR)",
            "egress": [
              {
                "cidr_blocks": [
                  "0.0.0.0/0"
                ],
                "description": "",
                "from_port": 0,
                "ipv6_cidr_blocks": [],
                "prefix_list_ids": [],
                "protocol": "-1",
                "security_groups": [],
                "self": false,
                "to_port": 0
              }
            ],
            "id": "sg-0e6d661d93edac55b",
            "ingress": [
              {
                "cidr_blocks": [
                  "0.0.0.0/0"
                ],
                "description": "HTTP",
                "from_port": 3000,
                "ipv6_cidr_blocks": [],
                "prefix_list_ids": [],
                "protocol": "tcp",
                "security_groups": [],
                "self": false,
                "to_port": 3000
              },
              {
                "cidr_blocks": [
                  "0.0.0.0/0"
                ],
                "description": "SSH",
                "from_port": 22,
                "ipv6_cidr_blocks": [],
                "prefix_list_ids": [],
                "protocol": "tcp",
                "security_groups": [],
                "self": false,
                "to_port": 22
              }
            ],
            "name": "backend-ec2-dr-sg",
            "name_prefix": "",
            "owner_id": "904233103130",
            "revoke_rules_on_delete": false,
            "tags": {
              "Name": "alb-frontend-sg"
            },
            "tags_all": {
              "Name": "alb-frontend-sg"
            },
            "timeouts": null,
            "vpc_id": "vpc-04499c61e37b853ae"
          },
          "sensitive_attributes": [],
          "private": "eyJlMmJmYjczMC1lY2FhLTExZTYtOGY4OC0zNDM2M2JjN2M0YzAiOnsiY3JlYXRlIjo2MDAwMDAwMDAwMDAsImRlbGV0ZSI6OTAwMDAwMDAwMDAwfSwic2NoZW1hX3ZlcnNpb24iOiIxIn0=",
          "dependencies": [
            "aws_vpc.dr"
          ],
          "create_before_destroy": true
        }
      ]
    },
    {
      "mode": "managed",
      "type": "aws_security_group",
      "name": "bastion",
      "provider": "provider[\"registry.terraform.io/hashicorp/aws\"].primary",
      "instances": [
        {
          "schema_version": 1,
          "attributes": {
            "arn": "arn:aws:ec2:us-east-1:904233103130:security-group/sg-056fac8d630378e2c",
            "description": "SSH access only from trusted IP",
            "egress": [
              {
                "cidr_blocks": [
                  "0.0.0.0/0"
                ],
                "description": "",
                "from_port": 0,
                "ipv6_cidr_blocks": [],
                "prefix_list_ids": [],
                "protocol": "-1",
                "security_groups": [],
                "self": false,
                "to_port": 0
              }
            ],
            "id": "sg-056fac8d630378e2c",
            "ingress": [
              {
                "cidr_blocks": [
                  "0.0.0.0/0"
                ],
                "description": "SSH from admin IP",
                "from_port": 22,
                "ipv6_cidr_blocks": [],
                "prefix_list_ids": [],
                "protocol": "tcp",
                "security_groups": [],
                "self": false,
                "to_port": 22
              }
            ],
            "name": "bastion-sg",
            "name_prefix": "",
            "owner_id": "904233103130",
            "revoke_rules_on_delete": false,
            "tags": {},
            "tags_all": {},
            "timeouts": null,
            "vpc_id": "vpc-0616cb961971eecb0"
          },
          "sensitive_attributes": [],
          "private": "eyJlMmJmYjczMC1lY2FhLTExZTYtOGY4OC0zNDM2M2JjN2M0YzAiOnsiY3JlYXRlIjo2MDAwMDAwMDAwMDAsImRlbGV0ZSI6OTAwMDAwMDAwMDAwfSwic2NoZW1hX3ZlcnNpb24iOiIxIn0=",
          "dependencies": [
            "aws_vpc.prod"
          ],
          "create_before_destroy": true
        }
      ]
    },
    {
      "mode": "managed",
      "type": "aws_security_group",
      "name": "frontend_alb",
      "provider": "provider[\"registry.terraform.io/hashicorp/aws\"].primary",
      "instances": [
        {
          "schema_version": 1,
          "attributes": {
            "arn": "arn:aws:ec2:us-east-1:904233103130:security-group/sg-06e69df4b2b7b5117",
            "description": "Allow HTTP/HTTPS from anywhere",
            "egress": [
              {
                "cidr_blocks": [
                  "0.0.0.0/0"
                ],
                "description": "",
                "from_port": 0,
                "ipv6_cidr_blocks": [],
                "prefix_list_ids": [],
                "protocol": "-1",
                "security_groups": [],
                "self": false,
                "to_port": 0
              }
            ],
            "id": "sg-06e69df4b2b7b5117",
            "ingress": [
              {
                "cidr_blocks": [
                  "0.0.0.0/0"
                ],
                "description": "HTTP",
                "from_port": 80,
                "ipv6_cidr_blocks": [],
                "prefix_list_ids": [],
                "protocol": "tcp",
                "security_groups": [],
                "self": false,
                "to_port": 80
              },
              {
                "cidr_blocks": [
                  "0.0.0.0/0"
                ],
                "description": "HTTPS",
                "from_port": 443,
                "ipv6_cidr_blocks": [],
                "prefix_list_ids": [],
                "protocol": "tcp",
                "security_groups": [],
                "self": false,
                "to_port": 443
              }
            ],
            "name": "frontend-alb-sg",
            "name_prefix": "",
            "owner_id": "904233103130",
            "revoke_rules_on_delete": false,
            "tags": {},
            "tags_all": {},
            "timeouts": null,
            "vpc_id": "vpc-0616cb961971eecb0"
          },
          "sensitive_attributes": [],
          "private": "eyJlMmJmYjczMC1lY2FhLTExZTYtOGY4OC0zNDM2M2JjN2M0YzAiOnsiY3JlYXRlIjo2MDAwMDAwMDAwMDAsImRlbGV0ZSI6OTAwMDAwMDAwMDAwfSwic2NoZW1hX3ZlcnNpb24iOiIxIn0=",
          "dependencies": [
            "aws_vpc.prod"
          ]
        }
      ]
    },
    {
      "mode": "managed",
      "type": "aws_security_group",
      "name": "frontend_ec2",
      "provider": "provider[\"registry.terraform.io/hashicorp/aws\"].primary",
      "instances": [
        {
          "schema_version": 1,
          "attributes": {
            "arn": "arn:aws:ec2:us-east-1:904233103130:security-group/sg-018d8aed8ad6a21a5",
            "description": "Allow HTTP from frontend ALB and SSH from bastion",
            "egress": [
              {
                "cidr_blocks": [
                  "0.0.0.0/0"
                ],
                "description": "",
                "from_port": 0,
                "ipv6_cidr_blocks": [],
                "prefix_list_ids": [],
                "protocol": "-1",
                "security_groups": [],
                "self": false,
                "to_port": 0
              }
            ],
            "id": "sg-018d8aed8ad6a21a5",
            "ingress": [
              {
                "cidr_blocks": [],
                "description": "HTTP from ALB Frontend",
                "from_port": 80,
                "ipv6_cidr_blocks": [],
                "prefix_list_ids": [],
                "protocol": "tcp",
                "security_groups": [
                  "sg-06e69df4b2b7b5117"
                ],
                "self": false,
                "to_port": 80
              },
              {
                "cidr_blocks": [],
                "description": "SSH from Bastion",
                "from_port": 22,
                "ipv6_cidr_blocks": [],
                "prefix_list_ids": [],
                "protocol": "tcp",
                "security_groups": [
                  "sg-056fac8d630378e2c"
                ],
                "self": false,
                "to_port": 22
              }
            ],
            "name": "frontend-ec2-sg",
            "name_prefix": "",
            "owner_id": "904233103130",
            "revoke_rules_on_delete": false,
            "tags": {},
            "tags_all": {},
            "timeouts": null,
            "vpc_id": "vpc-0616cb961971eecb0"
          },
          "sensitive_attributes": [],
          "private": "eyJlMmJmYjczMC1lY2FhLTExZTYtOGY4OC0zNDM2M2JjN2M0YzAiOnsiY3JlYXRlIjo2MDAwMDAwMDAwMDAsImRlbGV0ZSI6OTAwMDAwMDAwMDAwfSwic2NoZW1hX3ZlcnNpb24iOiIxIn0=",
          "dependencies": [
            "aws_security_group.bastion",
            "aws_security_group.frontend_alb",
            "aws_vpc.prod"
          ]
        }
      ]
    },
    {
      "mode": "managed",
      "type": "aws_security_group",
      "name": "frontend_ec2_dr",
      "provider": "provider[\"registry.terraform.io/hashicorp/aws\"].secondary",
      "instances": [
        {
          "schema_version": 1,
          "attributes": {
            "arn": "arn:aws:ec2:us-west-1:904233103130:security-group/sg-01dcb5e13e3d17f6b",
            "description": "Allow HTTP and SSH (DR)",
            "egress": [
              {
                "cidr_blocks": [
                  "0.0.0.0/0"
                ],
                "description": "",
                "from_port": 0,
                "ipv6_cidr_blocks": [],
                "prefix_list_ids": [],
                "protocol": "-1",
                "security_groups": [],
                "self": false,
                "to_port": 0
              }
            ],
            "id": "sg-01dcb5e13e3d17f6b",
            "ingress": [
              {
                "cidr_blocks": [
                  "0.0.0.0/0"
                ],
                "description": "HTTP",
                "from_port": 80,
                "ipv6_cidr_blocks": [],
                "prefix_list_ids": [],
                "protocol": "tcp",
                "security_groups": [],
                "self": false,
                "to_port": 80
              },
              {
                "cidr_blocks": [
                  "0.0.0.0/0"
                ],
                "description": "SSH",
                "from_port": 22,
                "ipv6_cidr_blocks": [],
                "prefix_list_ids": [],
                "protocol": "tcp",
                "security_groups": [],
                "self": false,
                "to_port": 22
              }
            ],
            "name": "frontend-ec2-dr-sg",
            "name_prefix": "",
            "owner_id": "904233103130",
            "revoke_rules_on_delete": false,
            "tags": {},
            "tags_all": {},
            "timeouts": null,
            "vpc_id": "vpc-04499c61e37b853ae"
          },
          "sensitive_attributes": [],
          "private": "eyJlMmJmYjczMC1lY2FhLTExZTYtOGY4OC0zNDM2M2JjN2M0YzAiOnsiY3JlYXRlIjo2MDAwMDAwMDAwMDAsImRlbGV0ZSI6OTAwMDAwMDAwMDAwfSwic2NoZW1hX3ZlcnNpb24iOiIxIn0=",
          "dependencies": [
            "aws_vpc.dr"
          ],
          "create_before_destroy": true
        }
      ]
    },
    {
      "mode": "managed",
      "type": "aws_security_group",
      "name": "rds",
      "provider": "provider[\"registry.terraform.io/hashicorp/aws\"].primary",
      "instances": [
        {
          "schema_version": 1,
          "attributes": {
            "arn": "arn:aws:ec2:us-east-1:904233103130:security-group/sg-0d6a7b1c179afad1e",
            "description": "Allow MySQL/Aurora from backend EC2 only",
            "egress": [
              {
                "cidr_blocks": [
                  "0.0.0.0/0"
                ],
                "description": "",
                "from_port": 0,
                "ipv6_cidr_blocks": [],
                "prefix_list_ids": [],
                "protocol": "-1",
                "security_groups": [],
                "self": false,
                "to_port": 0
              }
            ],
            "id": "sg-0d6a7b1c179afad1e",
            "ingress": [
              {
                "cidr_blocks": [],
                "description": "MySQL from Backend EC2",
                "from_port": 3306,
                "ipv6_cidr_blocks": [],
                "prefix_list_ids": [],
                "protocol": "tcp",
                "security_groups": [
                  "sg-066dcd556c68c2299"
                ],
                "self": false,
                "to_port": 3306
              }
            ],
            "name": "rds-sg",
            "name_prefix": "",
            "owner_id": "904233103130",
            "revoke_rules_on_delete": false,
            "tags": {},
            "tags_all": {},
            "timeouts": null,
            "vpc_id": "vpc-0616cb961971eecb0"
          },
          "sensitive_attributes": [],
          "private": "eyJlMmJmYjczMC1lY2FhLTExZTYtOGY4OC0zNDM2M2JjN2M0YzAiOnsiY3JlYXRlIjo2MDAwMDAwMDAwMDAsImRlbGV0ZSI6OTAwMDAwMDAwMDAwfSwic2NoZW1hX3ZlcnNpb24iOiIxIn0=",
          "dependencies": [
            "aws_security_group.backend_alb",
            "aws_security_group.backend_ec2",
            "aws_security_group.bastion",
            "aws_vpc.prod"
          ]
        }
      ]
    },
    {
      "mode": "managed",
      "type": "aws_security_group",
      "name": "rds_dr",
      "provider": "provider[\"registry.terraform.io/hashicorp/aws\"].secondary",
      "instances": [
        {
          "schema_version": 1,
          "attributes": {
            "arn": "arn:aws:ec2:us-west-1:904233103130:security-group/sg-09f6cab5596c1a2ff",
            "description": "Allow MySQL/Aurora in DR",
            "egress": [
              {
                "cidr_blocks": [
                  "0.0.0.0/0"
                ],
                "description": "",
                "from_port": 0,
                "ipv6_cidr_blocks": [],
                "prefix_list_ids": [],
                "protocol": "-1",
                "security_groups": [],
                "self": false,
                "to_port": 0
              }
            ],
            "id": "sg-09f6cab5596c1a2ff",
            "ingress": [
              {
                "cidr_blocks": [
                  "0.0.0.0/0"
                ],
                "description": "MySQL ingress (adjust later)",
                "from_port": 3306,
                "ipv6_cidr_blocks": [],
                "prefix_list_ids": [],
                "protocol": "tcp",
                "security_groups": [],
                "self": false,
                "to_port": 3306
              }
            ],
            "name": "rds-dr-sg",
            "name_prefix": "",
            "owner_id": "904233103130",
            "revoke_rules_on_delete": false,
            "tags": {
              "Name": "rds-dr-sg"
            },
            "tags_all": {
              "Name": "rds-dr-sg"
            },
            "timeouts": null,
            "vpc_id": "vpc-04499c61e37b853ae"
          },
          "sensitive_attributes": [],
          "private": "eyJlMmJmYjczMC1lY2FhLTExZTYtOGY4OC0zNDM2M2JjN2M0YzAiOnsiY3JlYXRlIjo2MDAwMDAwMDAwMDAsImRlbGV0ZSI6OTAwMDAwMDAwMDAwfSwic2NoZW1hX3ZlcnNpb24iOiIxIn0=",
          "dependencies": [
            "aws_vpc.dr"
          ]
        }
      ]
    },
    {
      "mode": "managed",
      "type": "aws_security_group",
      "name": "web_sg_east",
      "provider": "provider[\"registry.terraform.io/hashicorp/aws\"].primary",
      "instances": [
        {
          "schema_version": 1,
          "attributes": {
            "arn": "arn:aws:ec2:us-east-1:904233103130:security-group/sg-0e5cebd51202b29d9",
            "description": "Managed by Terraform",
            "egress": [
              {
                "cidr_blocks": [
                  "0.0.0.0/0"
                ],
                "description": "",
                "from_port": 0,
                "ipv6_cidr_blocks": [],
                "prefix_list_ids": [],
                "protocol": "-1",
                "security_groups": [],
                "self": false,
                "to_port": 0
              }
            ],
            "id": "sg-0e5cebd51202b29d9",
            "ingress": [
              {
                "cidr_blocks": [
                  "0.0.0.0/0"
                ],
                "description": "",
                "from_port": 22,
                "ipv6_cidr_blocks": [],
                "prefix_list_ids": [],
                "protocol": "tcp",
                "security_groups": [],
                "self": false,
                "to_port": 22
              },
              {
                "cidr_blocks": [
                  "0.0.0.0/0"
                ],
                "description": "",
                "from_port": 443,
                "ipv6_cidr_blocks": [],
                "prefix_list_ids": [],
                "protocol": "tcp",
                "security_groups": [],
                "self": false,
                "to_port": 443
              },
              {
                "cidr_blocks": [
                  "0.0.0.0/0"
                ],
                "description": "",
                "from_port": 80,
                "ipv6_cidr_blocks": [],
                "prefix_list_ids": [],
                "protocol": "tcp",
                "security_groups": [],
                "self": false,
                "to_port": 80
              }
            ],
            "name": "temp-web-sg-east",
            "name_prefix": "",
            "owner_id": "904233103130",
            "revoke_rules_on_delete": false,
            "tags": {},
            "tags_all": {},
            "timeouts": null,
            "vpc_id": "vpc-0616cb961971eecb0"
          },
          "sensitive_attributes": [],
          "private": "eyJlMmJmYjczMC1lY2FhLTExZTYtOGY4OC0zNDM2M2JjN2M0YzAiOnsiY3JlYXRlIjo2MDAwMDAwMDAwMDAsImRlbGV0ZSI6OTAwMDAwMDAwMDAwfSwic2NoZW1hX3ZlcnNpb24iOiIxIn0=",
          "dependencies": [
            "aws_vpc.prod"
          ],
          "create_before_destroy": true
        }
      ]
    },
    {
      "mode": "managed",
      "type": "aws_security_group",
      "name": "web_sg_west",
      "provider": "provider[\"registry.terraform.io/hashicorp/aws\"].secondary",
      "instances": [
        {
          "schema_version": 1,
          "attributes": {
            "arn": "arn:aws:ec2:us-west-1:904233103130:security-group/sg-0f194bb964831cfb9",
            "description": "Managed by Terraform",
            "egress": [
              {
                "cidr_blocks": [
                  "0.0.0.0/0"
                ],
                "description": "All traffic out",
                "from_port": 0,
                "ipv6_cidr_blocks": [],
                "prefix_list_ids": [],
                "protocol": "-1",
                "security_groups": [],
                "self": false,
                "to_port": 0
              }
            ],
            "id": "sg-0f194bb964831cfb9",
            "ingress": [
              {
                "cidr_blocks": [
                  "0.0.0.0/0"
                ],
                "description": "",
                "from_port": 22,
                "ipv6_cidr_blocks": [],
                "prefix_list_ids": [],
                "protocol": "tcp",
                "security_groups": [],
                "self": false,
                "to_port": 22
              },
              {
                "cidr_blocks": [
                  "0.0.0.0/0"
                ],
                "description": "HTTP",
                "from_port": 80,
                "ipv6_cidr_blocks": [],
                "prefix_list_ids": [],
                "protocol": "tcp",
                "security_groups": [],
                "self": false,
                "to_port": 80
              },
              {
                "cidr_blocks": [
                  "0.0.0.0/0"
                ],
                "description": "HTTPS",
                "from_port": 443,
                "ipv6_cidr_blocks": [],
                "prefix_list_ids": [],
                "protocol": "tcp",
                "security_groups": [],
                "self": false,
                "to_port": 443
              }
            ],
            "name": "temp-web-sg-west",
            "name_prefix": "",
            "owner_id": "904233103130",
            "revoke_rules_on_delete": false,
            "tags": {},
            "tags_all": {},
            "timeouts": null,
            "vpc_id": "vpc-04499c61e37b853ae"
          },
          "sensitive_attributes": [],
          "private": "eyJlMmJmYjczMC1lY2FhLTExZTYtOGY4OC0zNDM2M2JjN2M0YzAiOnsiY3JlYXRlIjo2MDAwMDAwMDAwMDAsImRlbGV0ZSI6OTAwMDAwMDAwMDAwfSwic2NoZW1hX3ZlcnNpb24iOiIxIn0=",
          "dependencies": [
            "aws_vpc.dr"
          ],
          "create_before_destroy": true
        }
      ]
    },
    {
      "mode": "managed",
      "type": "aws_security_group_rule",
      "name": "allow_alb_to_frontend_80",
      "provider": "provider[\"registry.terraform.io/hashicorp/aws\"].primary",
      "instances": [
        {
          "schema_version": 2,
          "attributes": {
            "cidr_blocks": null,
            "description": null,
            "from_port": 80,
            "id": "sgrule-858292553",
            "ipv6_cidr_blocks": null,
            "prefix_list_ids": null,
            "protocol": "tcp",
            "security_group_id": "sg-018d8aed8ad6a21a5",
            "security_group_rule_id": "sgr-086b608f018bb6d1c",
            "self": false,
            "source_security_group_id": "sg-024861a11acfe13a2",
            "timeouts": null,
            "to_port": 80,
            "type": "ingress"
          },
          "sensitive_attributes": [],
          "private": "eyJlMmJmYjczMC1lY2FhLTExZTYtOGY4OC0zNDM2M2JjN2M0YzAiOnsiY3JlYXRlIjozMDAwMDAwMDAwMDB9LCJzY2hlbWFfdmVyc2lvbiI6IjIifQ==",
          "dependencies": [
            "aws_security_group.alb_frontend_sg",
            "aws_security_group.bastion",
            "aws_security_group.frontend_alb",
            "aws_security_group.frontend_ec2",
            "aws_vpc.prod"
          ]
        }
      ]
    },
    {
      "mode": "managed",
      "type": "aws_sns_topic",
      "name": "alerts_dr",
      "provider": "provider[\"registry.terraform.io/hashicorp/aws\"].secondary",
      "instances": [
        {
          "schema_version": 0,
          "attributes": {
            "application_failure_feedback_role_arn": "",
            "application_success_feedback_role_arn": "",
            "application_success_feedback_sample_rate": 0,
            "archive_policy": "",
            "arn": "arn:aws:sns:us-west-1:904233103130:prod-alerts-dr",
            "beginning_archive_time": "",
            "content_based_deduplication": false,
            "delivery_policy": "",
            "display_name": "",
            "fifo_throughput_scope": "",
            "fifo_topic": false,
            "firehose_failure_feedback_role_arn": "",
            "firehose_success_feedback_role_arn": "",
            "firehose_success_feedback_sample_rate": 0,
            "http_failure_feedback_role_arn": "",
            "http_success_feedback_role_arn": "",
            "http_success_feedback_sample_rate": 0,
            "id": "arn:aws:sns:us-west-1:904233103130:prod-alerts-dr",
            "kms_master_key_id": "",
            "lambda_failure_feedback_role_arn": "",
            "lambda_success_feedback_role_arn": "",
            "lambda_success_feedback_sample_rate": 0,
            "name": "prod-alerts-dr",
            "name_prefix": "",
            "owner": "904233103130",
            "policy": "{\"Id\":\"__default_policy_ID\",\"Statement\":[{\"Action\":[\"SNS:GetTopicAttributes\",\"SNS:SetTopicAttributes\",\"SNS:AddPermission\",\"SNS:RemovePermission\",\"SNS:DeleteTopic\",\"SNS:Subscribe\",\"SNS:ListSubscriptionsByTopic\",\"SNS:Publish\"],\"Condition\":{\"StringEquals\":{\"AWS:SourceOwner\":\"904233103130\"}},\"Effect\":\"Allow\",\"Principal\":{\"AWS\":\"*\"},\"Resource\":\"arn:aws:sns:us-west-1:904233103130:prod-alerts-dr\",\"Sid\":\"__default_statement_ID\"}],\"Version\":\"2008-10-17\"}",
            "signature_version": 0,
            "sqs_failure_feedback_role_arn": "",
            "sqs_success_feedback_role_arn": "",
            "sqs_success_feedback_sample_rate": 0,
            "tags": {},
            "tags_all": {},
            "tracing_config": ""
          },
          "sensitive_attributes": [],
          "private": "bnVsbA=="
        }
      ]
    },
    {
      "mode": "managed",
      "type": "aws_sns_topic",
      "name": "alerts_global",
      "provider": "provider[\"registry.terraform.io/hashicorp/aws\"].useast1",
      "instances": [
        {
          "schema_version": 0,
          "attributes": {
            "application_failure_feedback_role_arn": "",
            "application_success_feedback_role_arn": "",
            "application_success_feedback_sample_rate": 0,
            "archive_policy": "",
            "arn": "arn:aws:sns:us-east-1:904233103130:prod-alerts-global",
            "beginning_archive_time": "",
            "content_based_deduplication": false,
            "delivery_policy": "",
            "display_name": "",
            "fifo_throughput_scope": "",
            "fifo_topic": false,
            "firehose_failure_feedback_role_arn": "",
            "firehose_success_feedback_role_arn": "",
            "firehose_success_feedback_sample_rate": 0,
            "http_failure_feedback_role_arn": "",
            "http_success_feedback_role_arn": "",
            "http_success_feedback_sample_rate": 0,
            "id": "arn:aws:sns:us-east-1:904233103130:prod-alerts-global",
            "kms_master_key_id": "",
            "lambda_failure_feedback_role_arn": "",
            "lambda_success_feedback_role_arn": "",
            "lambda_success_feedback_sample_rate": 0,
            "name": "prod-alerts-global",
            "name_prefix": "",
            "owner": "904233103130",
            "policy": "{\"Id\":\"__default_policy_ID\",\"Statement\":[{\"Action\":[\"SNS:GetTopicAttributes\",\"SNS:SetTopicAttributes\",\"SNS:AddPermission\",\"SNS:RemovePermission\",\"SNS:DeleteTopic\",\"SNS:Subscribe\",\"SNS:ListSubscriptionsByTopic\",\"SNS:Publish\"],\"Condition\":{\"StringEquals\":{\"AWS:SourceOwner\":\"904233103130\"}},\"Effect\":\"Allow\",\"Principal\":{\"AWS\":\"*\"},\"Resource\":\"arn:aws:sns:us-east-1:904233103130:prod-alerts-global\",\"Sid\":\"__default_statement_ID\"}],\"Version\":\"2008-10-17\"}",
            "signature_version": 0,
            "sqs_failure_feedback_role_arn": "",
            "sqs_success_feedback_role_arn": "",
            "sqs_success_feedback_sample_rate": 0,
            "tags": {},
            "tags_all": {},
            "tracing_config": ""
          },
          "sensitive_attributes": [],
          "private": "bnVsbA=="
        }
      ]
    },
    {
      "mode": "managed",
      "type": "aws_sns_topic",
      "name": "alerts_primary",
      "provider": "provider[\"registry.terraform.io/hashicorp/aws\"].primary",
      "instances": [
        {
          "schema_version": 0,
          "attributes": {
            "application_failure_feedback_role_arn": "",
            "application_success_feedback_role_arn": "",
            "application_success_feedback_sample_rate": 0,
            "archive_policy": "",
            "arn": "arn:aws:sns:us-east-1:904233103130:prod-alerts-primary",
            "beginning_archive_time": "",
            "content_based_deduplication": false,
            "delivery_policy": "",
            "display_name": "",
            "fifo_throughput_scope": "",
            "fifo_topic": false,
            "firehose_failure_feedback_role_arn": "",
            "firehose_success_feedback_role_arn": "",
            "firehose_success_feedback_sample_rate": 0,
            "http_failure_feedback_role_arn": "",
            "http_success_feedback_role_arn": "",
            "http_success_feedback_sample_rate": 0,
            "id": "arn:aws:sns:us-east-1:904233103130:prod-alerts-primary",
            "kms_master_key_id": "",
            "lambda_failure_feedback_role_arn": "",
            "lambda_success_feedback_role_arn": "",
            "lambda_success_feedback_sample_rate": 0,
            "name": "prod-alerts-primary",
            "name_prefix": "",
            "owner": "904233103130",
            "policy": "{\"Id\":\"__default_policy_ID\",\"Statement\":[{\"Action\":[\"SNS:GetTopicAttributes\",\"SNS:SetTopicAttributes\",\"SNS:AddPermission\",\"SNS:RemovePermission\",\"SNS:DeleteTopic\",\"SNS:Subscribe\",\"SNS:ListSubscriptionsByTopic\",\"SNS:Publish\"],\"Condition\":{\"StringEquals\":{\"AWS:SourceOwner\":\"904233103130\"}},\"Effect\":\"Allow\",\"Principal\":{\"AWS\":\"*\"},\"Resource\":\"arn:aws:sns:us-east-1:904233103130:prod-alerts-primary\",\"Sid\":\"__default_statement_ID\"}],\"Version\":\"2008-10-17\"}",
            "signature_version": 0,
            "sqs_failure_feedback_role_arn": "",
            "sqs_success_feedback_role_arn": "",
            "sqs_success_feedback_sample_rate": 0,
            "tags": {},
            "tags_all": {},
            "tracing_config": ""
          },
          "sensitive_attributes": [],
          "private": "bnVsbA=="
        }
      ]
    },
    {
      "mode": "managed",
      "type": "aws_sns_topic_subscription",
      "name": "alerts_email_dr",
      "provider": "provider[\"registry.terraform.io/hashicorp/aws\"].secondary",
      "instances": [
        {
          "schema_version": 0,
          "attributes": {
            "arn": "arn:aws:sns:us-west-1:904233103130:prod-alerts-dr:9599e79d-32a2-46c8-811b-5b4cc1780bd8",
            "confirmation_timeout_in_minutes": 1,
            "confirmation_was_authenticated": false,
            "delivery_policy": "",
            "endpoint": "ruoppolo46@gmail.com",
            "endpoint_auto_confirms": false,
            "filter_policy": "",
            "filter_policy_scope": "",
            "id": "arn:aws:sns:us-west-1:904233103130:prod-alerts-dr:9599e79d-32a2-46c8-811b-5b4cc1780bd8",
            "owner_id": "904233103130",
            "pending_confirmation": true,
            "protocol": "email",
            "raw_message_delivery": false,
            "redrive_policy": "",
            "replay_policy": "",
            "subscription_role_arn": "",
            "topic_arn": "arn:aws:sns:us-west-1:904233103130:prod-alerts-dr"
          },
          "sensitive_attributes": [],
          "private": "bnVsbA==",
          "dependencies": [
            "aws_sns_topic.alerts_dr"
          ]
        }
      ]
    },
    {
      "mode": "managed",
      "type": "aws_sns_topic_subscription",
      "name": "alerts_email_global",
      "provider": "provider[\"registry.terraform.io/hashicorp/aws\"].useast1",
      "instances": [
        {
          "schema_version": 0,
          "attributes": {
            "arn": "arn:aws:sns:us-east-1:904233103130:prod-alerts-global:b0508b2b-5b27-49cc-b391-ded94beea52f",
            "confirmation_timeout_in_minutes": 1,
            "confirmation_was_authenticated": false,
            "delivery_policy": "",
            "endpoint": "ruoppolo46@gmail.com",
            "endpoint_auto_confirms": false,
            "filter_policy": "",
            "filter_policy_scope": "",
            "id": "arn:aws:sns:us-east-1:904233103130:prod-alerts-global:b0508b2b-5b27-49cc-b391-ded94beea52f",
            "owner_id": "904233103130",
            "pending_confirmation": true,
            "protocol": "email",
            "raw_message_delivery": false,
            "redrive_policy": "",
            "replay_policy": "",
            "subscription_role_arn": "",
            "topic_arn": "arn:aws:sns:us-east-1:904233103130:prod-alerts-global"
          },
          "sensitive_attributes": [],
          "private": "bnVsbA==",
          "dependencies": [
            "aws_sns_topic.alerts_global"
          ]
        }
      ]
    },
    {
      "mode": "managed",
      "type": "aws_sns_topic_subscription",
      "name": "alerts_email_primary",
      "provider": "provider[\"registry.terraform.io/hashicorp/aws\"].primary",
      "instances": [
        {
          "schema_version": 0,
          "attributes": {
            "arn": "arn:aws:sns:us-east-1:904233103130:prod-alerts-primary:f5cd92f8-9158-401b-8acd-d81eb02d5d91",
            "confirmation_timeout_in_minutes": 1,
            "confirmation_was_authenticated": false,
            "delivery_policy": "",
            "endpoint": "ruoppolo46@gmail.com",
            "endpoint_auto_confirms": false,
            "filter_policy": "",
            "filter_policy_scope": "",
            "id": "arn:aws:sns:us-east-1:904233103130:prod-alerts-primary:f5cd92f8-9158-401b-8acd-d81eb02d5d91",
            "owner_id": "904233103130",
            "pending_confirmation": true,
            "protocol": "email",
            "raw_message_delivery": false,
            "redrive_policy": "",
            "replay_policy": "",
            "subscription_role_arn": "",
            "topic_arn": "arn:aws:sns:us-east-1:904233103130:prod-alerts-primary"
          },
          "sensitive_attributes": [],
          "private": "bnVsbA==",
          "dependencies": [
            "aws_sns_topic.alerts_primary"
          ]
        }
      ]
    },
    {
      "mode": "managed",
      "type": "aws_subnet",
      "name": "dr",
      "provider": "provider[\"registry.terraform.io/hashicorp/aws\"].secondary",
      "instances": [
        {
          "index_key": "pri-sub-3a",
          "schema_version": 1,
          "attributes": {
            "arn": "arn:aws:ec2:us-west-1:904233103130:subnet/subnet-090d21b6d12cc7feb",
            "assign_ipv6_address_on_creation": false,
            "availability_zone": "us-west-1b",
            "availability_zone_id": "usw1-az3",
            "cidr_block": "172.20.3.0/24",
            "customer_owned_ipv4_pool": "",
            "enable_dns64": false,
            "enable_lni_at_device_index": 0,
            "enable_resource_name_dns_a_record_on_launch": false,
            "enable_resource_name_dns_aaaa_record_on_launch": false,
            "id": "subnet-090d21b6d12cc7feb",
            "ipv6_cidr_block": "",
            "ipv6_cidr_block_association_id": "",
            "ipv6_native": false,
            "map_customer_owned_ip_on_launch": false,
            "map_public_ip_on_launch": false,
            "outpost_arn": "",
            "owner_id": "904233103130",
            "private_dns_hostname_type_on_launch": "ip-name",
            "tags": {
              "Name": "pri-sub-3a",
              "Tier": "web"
            },
            "tags_all": {
              "Name": "pri-sub-3a",
              "Tier": "web"
            },
            "timeouts": null,
            "vpc_id": "vpc-04499c61e37b853ae"
          },
          "sensitive_attributes": [],
          "private": "eyJlMmJmYjczMC1lY2FhLTExZTYtOGY4OC0zNDM2M2JjN2M0YzAiOnsiY3JlYXRlIjo2MDAwMDAwMDAwMDAsImRlbGV0ZSI6MTIwMDAwMDAwMDAwMH0sInNjaGVtYV92ZXJzaW9uIjoiMSJ9",
          "dependencies": [
            "aws_vpc.dr"
          ],
          "create_before_destroy": true
        },
        {
          "index_key": "pri-sub-4b",
          "schema_version": 1,
          "attributes": {
            "arn": "arn:aws:ec2:us-west-1:904233103130:subnet/subnet-0eac5301cb27a94c3",
            "assign_ipv6_address_on_creation": false,
            "availability_zone": "us-west-1c",
            "availability_zone_id": "usw1-az1",
            "cidr_block": "172.20.4.0/24",
            "customer_owned_ipv4_pool": "",
            "enable_dns64": false,
            "enable_lni_at_device_index": 0,
            "enable_resource_name_dns_a_record_on_launch": false,
            "enable_resource_name_dns_aaaa_record_on_launch": false,
            "id": "subnet-0eac5301cb27a94c3",
            "ipv6_cidr_block": "",
            "ipv6_cidr_block_association_id": "",
            "ipv6_native": false,
            "map_customer_owned_ip_on_launch": false,
            "map_public_ip_on_launch": false,
            "outpost_arn": "",
            "owner_id": "904233103130",
            "private_dns_hostname_type_on_launch": "ip-name",
            "tags": {
              "Name": "pri-sub-4b",
              "Tier": "web"
            },
            "tags_all": {
              "Name": "pri-sub-4b",
              "Tier": "web"
            },
            "timeouts": null,
            "vpc_id": "vpc-04499c61e37b853ae"
          },
          "sensitive_attributes": [],
          "private": "eyJlMmJmYjczMC1lY2FhLTExZTYtOGY4OC0zNDM2M2JjN2M0YzAiOnsiY3JlYXRlIjo2MDAwMDAwMDAwMDAsImRlbGV0ZSI6MTIwMDAwMDAwMDAwMH0sInNjaGVtYV92ZXJzaW9uIjoiMSJ9",
          "dependencies": [
            "aws_vpc.dr"
          ],
          "create_before_destroy": true
        },
        {
          "index_key": "pri-sub-5a",
          "schema_version": 1,
          "attributes": {
            "arn": "arn:aws:ec2:us-west-1:904233103130:subnet/subnet-0453989d7b6662309",
            "assign_ipv6_address_on_creation": false,
            "availability_zone": "us-west-1b",
            "availability_zone_id": "usw1-az3",
            "cidr_block": "172.20.5.0/24",
            "customer_owned_ipv4_pool": "",
            "enable_dns64": false,
            "enable_lni_at_device_index": 0,
            "enable_resource_name_dns_a_record_on_launch": false,
            "enable_resource_name_dns_aaaa_record_on_launch": false,
            "id": "subnet-0453989d7b6662309",
            "ipv6_cidr_block": "",
            "ipv6_cidr_block_association_id": "",
            "ipv6_native": false,
            "map_customer_owned_ip_on_launch": false,
            "map_public_ip_on_launch": false,
            "outpost_arn": "",
            "owner_id": "904233103130",
            "private_dns_hostname_type_on_launch": "ip-name",
            "tags": {
              "Name": "pri-sub-5a",
              "Tier": "app"
            },
            "tags_all": {
              "Name": "pri-sub-5a",
              "Tier": "app"
            },
            "timeouts": null,
            "vpc_id": "vpc-04499c61e37b853ae"
          },
          "sensitive_attributes": [],
          "private": "eyJlMmJmYjczMC1lY2FhLTExZTYtOGY4OC0zNDM2M2JjN2M0YzAiOnsiY3JlYXRlIjo2MDAwMDAwMDAwMDAsImRlbGV0ZSI6MTIwMDAwMDAwMDAwMH0sInNjaGVtYV92ZXJzaW9uIjoiMSJ9",
          "dependencies": [
            "aws_vpc.dr"
          ],
          "create_before_destroy": true
        },
        {
          "index_key": "pri-sub-6b",
          "schema_version": 1,
          "attributes": {
            "arn": "arn:aws:ec2:us-west-1:904233103130:subnet/subnet-01720fd6954f9aa63",
            "assign_ipv6_address_on_creation": false,
            "availability_zone": "us-west-1c",
            "availability_zone_id": "usw1-az1",
            "cidr_block": "172.20.6.0/24",
            "customer_owned_ipv4_pool": "",
            "enable_dns64": false,
            "enable_lni_at_device_index": 0,
            "enable_resource_name_dns_a_record_on_launch": false,
            "enable_resource_name_dns_aaaa_record_on_launch": false,
            "id": "subnet-01720fd6954f9aa63",
            "ipv6_cidr_block": "",
            "ipv6_cidr_block_association_id": "",
            "ipv6_native": false,
            "map_customer_owned_ip_on_launch": false,
            "map_public_ip_on_launch": false,
            "outpost_arn": "",
            "owner_id": "904233103130",
            "private_dns_hostname_type_on_launch": "ip-name",
            "tags": {
              "Name": "pri-sub-6b",
              "Tier": "app"
            },
            "tags_all": {
              "Name": "pri-sub-6b",
              "Tier": "app"
            },
            "timeouts": null,
            "vpc_id": "vpc-04499c61e37b853ae"
          },
          "sensitive_attributes": [],
          "private": "eyJlMmJmYjczMC1lY2FhLTExZTYtOGY4OC0zNDM2M2JjN2M0YzAiOnsiY3JlYXRlIjo2MDAwMDAwMDAwMDAsImRlbGV0ZSI6MTIwMDAwMDAwMDAwMH0sInNjaGVtYV92ZXJzaW9uIjoiMSJ9",
          "dependencies": [
            "aws_vpc.dr"
          ],
          "create_before_destroy": true
        },
        {
          "index_key": "pri-sub-7a",
          "schema_version": 1,
          "attributes": {
            "arn": "arn:aws:ec2:us-west-1:904233103130:subnet/subnet-0a576b5b1c8d71c39",
            "assign_ipv6_address_on_creation": false,
            "availability_zone": "us-west-1b",
            "availability_zone_id": "usw1-az3",
            "cidr_block": "172.20.7.0/24",
            "customer_owned_ipv4_pool": "",
            "enable_dns64": false,
            "enable_lni_at_device_index": 0,
            "enable_resource_name_dns_a_record_on_launch": false,
            "enable_resource_name_dns_aaaa_record_on_launch": false,
            "id": "subnet-0a576b5b1c8d71c39",
            "ipv6_cidr_block": "",
            "ipv6_cidr_block_association_id": "",
            "ipv6_native": false,
            "map_customer_owned_ip_on_launch": false,
            "map_public_ip_on_launch": false,
            "outpost_arn": "",
            "owner_id": "904233103130",
            "private_dns_hostname_type_on_launch": "ip-name",
            "tags": {
              "Name": "pri-sub-7a",
              "Tier": "db"
            },
            "tags_all": {
              "Name": "pri-sub-7a",
              "Tier": "db"
            },
            "timeouts": null,
            "vpc_id": "vpc-04499c61e37b853ae"
          },
          "sensitive_attributes": [],
          "private": "eyJlMmJmYjczMC1lY2FhLTExZTYtOGY4OC0zNDM2M2JjN2M0YzAiOnsiY3JlYXRlIjo2MDAwMDAwMDAwMDAsImRlbGV0ZSI6MTIwMDAwMDAwMDAwMH0sInNjaGVtYV92ZXJzaW9uIjoiMSJ9",
          "dependencies": [
            "aws_vpc.dr"
          ],
          "create_before_destroy": true
        },
        {
          "index_key": "pri-sub-8b",
          "schema_version": 1,
          "attributes": {
            "arn": "arn:aws:ec2:us-west-1:904233103130:subnet/subnet-09afe725e38625beb",
            "assign_ipv6_address_on_creation": false,
            "availability_zone": "us-west-1c",
            "availability_zone_id": "usw1-az1",
            "cidr_block": "172.20.8.0/24",
            "customer_owned_ipv4_pool": "",
            "enable_dns64": false,
            "enable_lni_at_device_index": 0,
            "enable_resource_name_dns_a_record_on_launch": false,
            "enable_resource_name_dns_aaaa_record_on_launch": false,
            "id": "subnet-09afe725e38625beb",
            "ipv6_cidr_block": "",
            "ipv6_cidr_block_association_id": "",
            "ipv6_native": false,
            "map_customer_owned_ip_on_launch": false,
            "map_public_ip_on_launch": false,
            "outpost_arn": "",
            "owner_id": "904233103130",
            "private_dns_hostname_type_on_launch": "ip-name",
            "tags": {
              "Name": "pri-sub-8b",
              "Tier": "db"
            },
            "tags_all": {
              "Name": "pri-sub-8b",
              "Tier": "db"
            },
            "timeouts": null,
            "vpc_id": "vpc-04499c61e37b853ae"
          },
          "sensitive_attributes": [],
          "private": "eyJlMmJmYjczMC1lY2FhLTExZTYtOGY4OC0zNDM2M2JjN2M0YzAiOnsiY3JlYXRlIjo2MDAwMDAwMDAwMDAsImRlbGV0ZSI6MTIwMDAwMDAwMDAwMH0sInNjaGVtYV92ZXJzaW9uIjoiMSJ9",
          "dependencies": [
            "aws_vpc.dr"
          ],
          "create_before_destroy": true
        },
        {
          "index_key": "pub-sub-1a",
          "schema_version": 1,
          "attributes": {
            "arn": "arn:aws:ec2:us-west-1:904233103130:subnet/subnet-033967a41a1974b33",
            "assign_ipv6_address_on_creation": false,
            "availability_zone": "us-west-1b",
            "availability_zone_id": "usw1-az3",
            "cidr_block": "172.20.1.0/24",
            "customer_owned_ipv4_pool": "",
            "enable_dns64": false,
            "enable_lni_at_device_index": 0,
            "enable_resource_name_dns_a_record_on_launch": false,
            "enable_resource_name_dns_aaaa_record_on_launch": false,
            "id": "subnet-033967a41a1974b33",
            "ipv6_cidr_block": "",
            "ipv6_cidr_block_association_id": "",
            "ipv6_native": false,
            "map_customer_owned_ip_on_launch": false,
            "map_public_ip_on_launch": true,
            "outpost_arn": "",
            "owner_id": "904233103130",
            "private_dns_hostname_type_on_launch": "ip-name",
            "tags": {
              "Name": "pub-sub-1a",
              "Tier": "alb"
            },
            "tags_all": {
              "Name": "pub-sub-1a",
              "Tier": "alb"
            },
            "timeouts": null,
            "vpc_id": "vpc-04499c61e37b853ae"
          },
          "sensitive_attributes": [],
          "private": "eyJlMmJmYjczMC1lY2FhLTExZTYtOGY4OC0zNDM2M2JjN2M0YzAiOnsiY3JlYXRlIjo2MDAwMDAwMDAwMDAsImRlbGV0ZSI6MTIwMDAwMDAwMDAwMH0sInNjaGVtYV92ZXJzaW9uIjoiMSJ9",
          "dependencies": [
            "aws_vpc.dr"
          ],
          "create_before_destroy": true
        },
        {
          "index_key": "pub-sub-2b",
          "schema_version": 1,
          "attributes": {
            "arn": "arn:aws:ec2:us-west-1:904233103130:subnet/subnet-0f044ae531bcfa216",
            "assign_ipv6_address_on_creation": false,
            "availability_zone": "us-west-1c",
            "availability_zone_id": "usw1-az1",
            "cidr_block": "172.20.2.0/24",
            "customer_owned_ipv4_pool": "",
            "enable_dns64": false,
            "enable_lni_at_device_index": 0,
            "enable_resource_name_dns_a_record_on_launch": false,
            "enable_resource_name_dns_aaaa_record_on_launch": false,
            "id": "subnet-0f044ae531bcfa216",
            "ipv6_cidr_block": "",
            "ipv6_cidr_block_association_id": "",
            "ipv6_native": false,
            "map_customer_owned_ip_on_launch": false,
            "map_public_ip_on_launch": true,
            "outpost_arn": "",
            "owner_id": "904233103130",
            "private_dns_hostname_type_on_launch": "ip-name",
            "tags": {
              "Name": "pub-sub-2b",
              "Tier": "alb"
            },
            "tags_all": {
              "Name": "pub-sub-2b",
              "Tier": "alb"
            },
            "timeouts": null,
            "vpc_id": "vpc-04499c61e37b853ae"
          },
          "sensitive_attributes": [],
          "private": "eyJlMmJmYjczMC1lY2FhLTExZTYtOGY4OC0zNDM2M2JjN2M0YzAiOnsiY3JlYXRlIjo2MDAwMDAwMDAwMDAsImRlbGV0ZSI6MTIwMDAwMDAwMDAwMH0sInNjaGVtYV92ZXJzaW9uIjoiMSJ9",
          "dependencies": [
            "aws_vpc.dr"
          ],
          "create_before_destroy": true
        }
      ]
    },
    {
      "mode": "managed",
      "type": "aws_subnet",
      "name": "prod",
      "provider": "provider[\"registry.terraform.io/hashicorp/aws\"].primary",
      "instances": [
        {
          "index_key": "pri-sub-3a",
          "schema_version": 1,
          "attributes": {
            "arn": "arn:aws:ec2:us-east-1:904233103130:subnet/subnet-0374da6d909e5409b",
            "assign_ipv6_address_on_creation": false,
            "availability_zone": "us-east-1a",
            "availability_zone_id": "use1-az1",
            "cidr_block": "172.20.3.0/24",
            "customer_owned_ipv4_pool": "",
            "enable_dns64": false,
            "enable_lni_at_device_index": 0,
            "enable_resource_name_dns_a_record_on_launch": false,
            "enable_resource_name_dns_aaaa_record_on_launch": false,
            "id": "subnet-0374da6d909e5409b",
            "ipv6_cidr_block": "",
            "ipv6_cidr_block_association_id": "",
            "ipv6_native": false,
            "map_customer_owned_ip_on_launch": false,
            "map_public_ip_on_launch": false,
            "outpost_arn": "",
            "owner_id": "904233103130",
            "private_dns_hostname_type_on_launch": "ip-name",
            "tags": {
              "Name": "pri-sub-3a",
              "Tier": "web"
            },
            "tags_all": {
              "Name": "pri-sub-3a",
              "Tier": "web"
            },
            "timeouts": null,
            "vpc_id": "vpc-0616cb961971eecb0"
          },
          "sensitive_attributes": [],
          "private": "eyJlMmJmYjczMC1lY2FhLTExZTYtOGY4OC0zNDM2M2JjN2M0YzAiOnsiY3JlYXRlIjo2MDAwMDAwMDAwMDAsImRlbGV0ZSI6MTIwMDAwMDAwMDAwMH0sInNjaGVtYV92ZXJzaW9uIjoiMSJ9",
          "dependencies": [
            "aws_vpc.prod"
          ],
          "create_before_destroy": true
        },
        {
          "index_key": "pri-sub-4b",
          "schema_version": 1,
          "attributes": {
            "arn": "arn:aws:ec2:us-east-1:904233103130:subnet/subnet-0838c56a38ae51953",
            "assign_ipv6_address_on_creation": false,
            "availability_zone": "us-east-1b",
            "availability_zone_id": "use1-az2",
            "cidr_block": "172.20.4.0/24",
            "customer_owned_ipv4_pool": "",
            "enable_dns64": false,
            "enable_lni_at_device_index": 0,
            "enable_resource_name_dns_a_record_on_launch": false,
            "enable_resource_name_dns_aaaa_record_on_launch": false,
            "id": "subnet-0838c56a38ae51953",
            "ipv6_cidr_block": "",
            "ipv6_cidr_block_association_id": "",
            "ipv6_native": false,
            "map_customer_owned_ip_on_launch": false,
            "map_public_ip_on_launch": false,
            "outpost_arn": "",
            "owner_id": "904233103130",
            "private_dns_hostname_type_on_launch": "ip-name",
            "tags": {
              "Name": "pri-sub-4b",
              "Tier": "web"
            },
            "tags_all": {
              "Name": "pri-sub-4b",
              "Tier": "web"
            },
            "timeouts": null,
            "vpc_id": "vpc-0616cb961971eecb0"
          },
          "sensitive_attributes": [],
          "private": "eyJlMmJmYjczMC1lY2FhLTExZTYtOGY4OC0zNDM2M2JjN2M0YzAiOnsiY3JlYXRlIjo2MDAwMDAwMDAwMDAsImRlbGV0ZSI6MTIwMDAwMDAwMDAwMH0sInNjaGVtYV92ZXJzaW9uIjoiMSJ9",
          "dependencies": [
            "aws_vpc.prod"
          ],
          "create_before_destroy": true
        },
        {
          "index_key": "pri-sub-5a",
          "schema_version": 1,
          "attributes": {
            "arn": "arn:aws:ec2:us-east-1:904233103130:subnet/subnet-0b0e42e3d100d3d4d",
            "assign_ipv6_address_on_creation": false,
            "availability_zone": "us-east-1a",
            "availability_zone_id": "use1-az1",
            "cidr_block": "172.20.5.0/24",
            "customer_owned_ipv4_pool": "",
            "enable_dns64": false,
            "enable_lni_at_device_index": 0,
            "enable_resource_name_dns_a_record_on_launch": false,
            "enable_resource_name_dns_aaaa_record_on_launch": false,
            "id": "subnet-0b0e42e3d100d3d4d",
            "ipv6_cidr_block": "",
            "ipv6_cidr_block_association_id": "",
            "ipv6_native": false,
            "map_customer_owned_ip_on_launch": false,
            "map_public_ip_on_launch": false,
            "outpost_arn": "",
            "owner_id": "904233103130",
            "private_dns_hostname_type_on_launch": "ip-name",
            "tags": {
              "Name": "pri-sub-5a",
              "Tier": "app"
            },
            "tags_all": {
              "Name": "pri-sub-5a",
              "Tier": "app"
            },
            "timeouts": null,
            "vpc_id": "vpc-0616cb961971eecb0"
          },
          "sensitive_attributes": [],
          "private": "eyJlMmJmYjczMC1lY2FhLTExZTYtOGY4OC0zNDM2M2JjN2M0YzAiOnsiY3JlYXRlIjo2MDAwMDAwMDAwMDAsImRlbGV0ZSI6MTIwMDAwMDAwMDAwMH0sInNjaGVtYV92ZXJzaW9uIjoiMSJ9",
          "dependencies": [
            "aws_vpc.prod"
          ],
          "create_before_destroy": true
        },
        {
          "index_key": "pri-sub-6b",
          "schema_version": 1,
          "attributes": {
            "arn": "arn:aws:ec2:us-east-1:904233103130:subnet/subnet-02aa184aa0fd51304",
            "assign_ipv6_address_on_creation": false,
            "availability_zone": "us-east-1b",
            "availability_zone_id": "use1-az2",
            "cidr_block": "172.20.6.0/24",
            "customer_owned_ipv4_pool": "",
            "enable_dns64": false,
            "enable_lni_at_device_index": 0,
            "enable_resource_name_dns_a_record_on_launch": false,
            "enable_resource_name_dns_aaaa_record_on_launch": false,
            "id": "subnet-02aa184aa0fd51304",
            "ipv6_cidr_block": "",
            "ipv6_cidr_block_association_id": "",
            "ipv6_native": false,
            "map_customer_owned_ip_on_launch": false,
            "map_public_ip_on_launch": false,
            "outpost_arn": "",
            "owner_id": "904233103130",
            "private_dns_hostname_type_on_launch": "ip-name",
            "tags": {
              "Name": "pri-sub-6b",
              "Tier": "app"
            },
            "tags_all": {
              "Name": "pri-sub-6b",
              "Tier": "app"
            },
            "timeouts": null,
            "vpc_id": "vpc-0616cb961971eecb0"
          },
          "sensitive_attributes": [],
          "private": "eyJlMmJmYjczMC1lY2FhLTExZTYtOGY4OC0zNDM2M2JjN2M0YzAiOnsiY3JlYXRlIjo2MDAwMDAwMDAwMDAsImRlbGV0ZSI6MTIwMDAwMDAwMDAwMH0sInNjaGVtYV92ZXJzaW9uIjoiMSJ9",
          "dependencies": [
            "aws_vpc.prod"
          ],
          "create_before_destroy": true
        },
        {
          "index_key": "pri-sub-7a",
          "schema_version": 1,
          "attributes": {
            "arn": "arn:aws:ec2:us-east-1:904233103130:subnet/subnet-0ca6c816b7c5840eb",
            "assign_ipv6_address_on_creation": false,
            "availability_zone": "us-east-1a",
            "availability_zone_id": "use1-az1",
            "cidr_block": "172.20.7.0/24",
            "customer_owned_ipv4_pool": "",
            "enable_dns64": false,
            "enable_lni_at_device_index": 0,
            "enable_resource_name_dns_a_record_on_launch": false,
            "enable_resource_name_dns_aaaa_record_on_launch": false,
            "id": "subnet-0ca6c816b7c5840eb",
            "ipv6_cidr_block": "",
            "ipv6_cidr_block_association_id": "",
            "ipv6_native": false,
            "map_customer_owned_ip_on_launch": false,
            "map_public_ip_on_launch": false,
            "outpost_arn": "",
            "owner_id": "904233103130",
            "private_dns_hostname_type_on_launch": "ip-name",
            "tags": {
              "Name": "pri-sub-7a",
              "Tier": "db"
            },
            "tags_all": {
              "Name": "pri-sub-7a",
              "Tier": "db"
            },
            "timeouts": null,
            "vpc_id": "vpc-0616cb961971eecb0"
          },
          "sensitive_attributes": [],
          "private": "eyJlMmJmYjczMC1lY2FhLTExZTYtOGY4OC0zNDM2M2JjN2M0YzAiOnsiY3JlYXRlIjo2MDAwMDAwMDAwMDAsImRlbGV0ZSI6MTIwMDAwMDAwMDAwMH0sInNjaGVtYV92ZXJzaW9uIjoiMSJ9",
          "dependencies": [
            "aws_vpc.prod"
          ],
          "create_before_destroy": true
        },
        {
          "index_key": "pri-sub-8b",
          "schema_version": 1,
          "attributes": {
            "arn": "arn:aws:ec2:us-east-1:904233103130:subnet/subnet-058ca83a5361fb062",
            "assign_ipv6_address_on_creation": false,
            "availability_zone": "us-east-1b",
            "availability_zone_id": "use1-az2",
            "cidr_block": "172.20.8.0/24",
            "customer_owned_ipv4_pool": "",
            "enable_dns64": false,
            "enable_lni_at_device_index": 0,
            "enable_resource_name_dns_a_record_on_launch": false,
            "enable_resource_name_dns_aaaa_record_on_launch": false,
            "id": "subnet-058ca83a5361fb062",
            "ipv6_cidr_block": "",
            "ipv6_cidr_block_association_id": "",
            "ipv6_native": false,
            "map_customer_owned_ip_on_launch": false,
            "map_public_ip_on_launch": false,
            "outpost_arn": "",
            "owner_id": "904233103130",
            "private_dns_hostname_type_on_launch": "ip-name",
            "tags": {
              "Name": "pri-sub-8b",
              "Tier": "db"
            },
            "tags_all": {
              "Name": "pri-sub-8b",
              "Tier": "db"
            },
            "timeouts": null,
            "vpc_id": "vpc-0616cb961971eecb0"
          },
          "sensitive_attributes": [],
          "private": "eyJlMmJmYjczMC1lY2FhLTExZTYtOGY4OC0zNDM2M2JjN2M0YzAiOnsiY3JlYXRlIjo2MDAwMDAwMDAwMDAsImRlbGV0ZSI6MTIwMDAwMDAwMDAwMH0sInNjaGVtYV92ZXJzaW9uIjoiMSJ9",
          "dependencies": [
            "aws_vpc.prod"
          ],
          "create_before_destroy": true
        },
        {
          "index_key": "pub-sub-1a",
          "schema_version": 1,
          "attributes": {
            "arn": "arn:aws:ec2:us-east-1:904233103130:subnet/subnet-02f19dadbb9220602",
            "assign_ipv6_address_on_creation": false,
            "availability_zone": "us-east-1a",
            "availability_zone_id": "use1-az1",
            "cidr_block": "172.20.1.0/24",
            "customer_owned_ipv4_pool": "",
            "enable_dns64": false,
            "enable_lni_at_device_index": 0,
            "enable_resource_name_dns_a_record_on_launch": false,
            "enable_resource_name_dns_aaaa_record_on_launch": false,
            "id": "subnet-02f19dadbb9220602",
            "ipv6_cidr_block": "",
            "ipv6_cidr_block_association_id": "",
            "ipv6_native": false,
            "map_customer_owned_ip_on_launch": false,
            "map_public_ip_on_launch": true,
            "outpost_arn": "",
            "owner_id": "904233103130",
            "private_dns_hostname_type_on_launch": "ip-name",
            "tags": {
              "Name": "pub-sub-1a",
              "Tier": "alb"
            },
            "tags_all": {
              "Name": "pub-sub-1a",
              "Tier": "alb"
            },
            "timeouts": null,
            "vpc_id": "vpc-0616cb961971eecb0"
          },
          "sensitive_attributes": [],
          "private": "eyJlMmJmYjczMC1lY2FhLTExZTYtOGY4OC0zNDM2M2JjN2M0YzAiOnsiY3JlYXRlIjo2MDAwMDAwMDAwMDAsImRlbGV0ZSI6MTIwMDAwMDAwMDAwMH0sInNjaGVtYV92ZXJzaW9uIjoiMSJ9",
          "dependencies": [
            "aws_vpc.prod"
          ],
          "create_before_destroy": true
        },
        {
          "index_key": "pub-sub-2b",
          "schema_version": 1,
          "attributes": {
            "arn": "arn:aws:ec2:us-east-1:904233103130:subnet/subnet-00bb20a19cfec70e7",
            "assign_ipv6_address_on_creation": false,
            "availability_zone": "us-east-1b",
            "availability_zone_id": "use1-az2",
            "cidr_block": "172.20.2.0/24",
            "customer_owned_ipv4_pool": "",
            "enable_dns64": false,
            "enable_lni_at_device_index": 0,
            "enable_resource_name_dns_a_record_on_launch": false,
            "enable_resource_name_dns_aaaa_record_on_launch": false,
            "id": "subnet-00bb20a19cfec70e7",
            "ipv6_cidr_block": "",
            "ipv6_cidr_block_association_id": "",
            "ipv6_native": false,
            "map_customer_owned_ip_on_launch": false,
            "map_public_ip_on_launch": true,
            "outpost_arn": "",
            "owner_id": "904233103130",
            "private_dns_hostname_type_on_launch": "ip-name",
            "tags": {
              "Name": "pub-sub-2b",
              "Tier": "alb"
            },
            "tags_all": {
              "Name": "pub-sub-2b",
              "Tier": "alb"
            },
            "timeouts": null,
            "vpc_id": "vpc-0616cb961971eecb0"
          },
          "sensitive_attributes": [],
          "private": "eyJlMmJmYjczMC1lY2FhLTExZTYtOGY4OC0zNDM2M2JjN2M0YzAiOnsiY3JlYXRlIjo2MDAwMDAwMDAwMDAsImRlbGV0ZSI6MTIwMDAwMDAwMDAwMH0sInNjaGVtYV92ZXJzaW9uIjoiMSJ9",
          "dependencies": [
            "aws_vpc.prod"
          ],
          "create_before_destroy": true
        }
      ]
    },
    {
      "mode": "managed",
      "type": "aws_vpc",
      "name": "dr",
      "provider": "provider[\"registry.terraform.io/hashicorp/aws\"].secondary",
      "instances": [
        {
          "schema_version": 1,
          "attributes": {
            "arn": "arn:aws:ec2:us-west-1:904233103130:vpc/vpc-04499c61e37b853ae",
            "assign_generated_ipv6_cidr_block": false,
            "cidr_block": "172.20.0.0/16",
            "default_network_acl_id": "acl-079f0dd312d86a82e",
            "default_route_table_id": "rtb-0ee0077afccc58018",
            "default_security_group_id": "sg-0881763dbfa0e192e",
            "dhcp_options_id": "dopt-065c4e5d6dbe2919e",
            "enable_dns_hostnames": true,
            "enable_dns_support": true,
            "enable_network_address_usage_metrics": false,
            "id": "vpc-04499c61e37b853ae",
            "instance_tenancy": "default",
            "ipv4_ipam_pool_id": null,
            "ipv4_netmask_length": null,
            "ipv6_association_id": "",
            "ipv6_cidr_block": "",
            "ipv6_cidr_block_network_border_group": "",
            "ipv6_ipam_pool_id": "",
            "ipv6_netmask_length": 0,
            "main_route_table_id": "rtb-0ee0077afccc58018",
            "owner_id": "904233103130",
            "tags": {
              "Name": "vpc-dr"
            },
            "tags_all": {
              "Name": "vpc-dr"
            }
          },
          "sensitive_attributes": [],
          "private": "eyJzY2hlbWFfdmVyc2lvbiI6IjEifQ==",
          "create_before_destroy": true
        }
      ]
    },
    {
      "mode": "managed",
      "type": "aws_vpc",
      "name": "prod",
      "provider": "provider[\"registry.terraform.io/hashicorp/aws\"].primary",
      "instances": [
        {
          "schema_version": 1,
          "attributes": {
            "arn": "arn:aws:ec2:us-east-1:904233103130:vpc/vpc-0616cb961971eecb0",
            "assign_generated_ipv6_cidr_block": false,
            "cidr_block": "172.20.0.0/16",
            "default_network_acl_id": "acl-051bf0fc126dd0a12",
            "default_route_table_id": "rtb-006437fb42688a38a",
            "default_security_group_id": "sg-07d3b02cb89a45c09",
            "dhcp_options_id": "dopt-0cb33106507678f7a",
            "enable_dns_hostnames": true,
            "enable_dns_support": true,
            "enable_network_address_usage_metrics": false,
            "id": "vpc-0616cb961971eecb0",
            "instance_tenancy": "default",
            "ipv4_ipam_pool_id": null,
            "ipv4_netmask_length": null,
            "ipv6_association_id": "",
            "ipv6_cidr_block": "",
            "ipv6_cidr_block_network_border_group": "",
            "ipv6_ipam_pool_id": "",
            "ipv6_netmask_length": 0,
            "main_route_table_id": "rtb-006437fb42688a38a",
            "owner_id": "904233103130",
            "tags": {
              "Name": "vpc-prod"
            },
            "tags_all": {
              "Name": "vpc-prod"
            }
          },
          "sensitive_attributes": [],
          "private": "eyJzY2hlbWFfdmVyc2lvbiI6IjEifQ==",
          "create_before_destroy": true
        }
      ]
    },
    {
      "mode": "managed",
      "type": "aws_wafv2_web_acl",
      "name": "cf_waf",
      "provider": "provider[\"registry.terraform.io/hashicorp/aws\"].use1",
      "instances": [
        {
          "schema_version": 0,
          "attributes": {
            "application_integration_url": "",
            "arn": "arn:aws:wafv2:us-east-1:904233103130:global/webacl/cf-waf/918cdabf-13f2-44ef-8505-70d3de506b47",
            "association_config": [],
            "capacity": 1100,
            "captcha_config": [],
            "challenge_config": [],
            "custom_response_body": [],
            "data_protection_config": [],
            "default_action": [
              {
                "allow": [
                  {
                    "custom_request_handling": []
                  }
                ],
                "block": []
              }
            ],
            "description": "WAF for CloudFront",
            "id": "918cdabf-13f2-44ef-8505-70d3de506b47",
            "lock_token": "8f7c68e4-26b9-40d0-923d-6cdb00cf735d",
            "name": "cf-waf",
            "name_prefix": "",
            "rule": [
              {
                "action": [],
                "captcha_config": [],
                "challenge_config": [],
                "name": "AWSManagedRulesCommonRuleSet",
                "override_action": [
                  {
                    "count": [],
                    "none": [
                      {}
                    ]
                  }
                ],
                "priority": 1,
                "rule_label": [],
                "statement": [
                  {
                    "and_statement": [],
                    "asn_match_statement": [],
                    "byte_match_statement": [],
                    "geo_match_statement": [],
                    "ip_set_reference_statement": [],
                    "label_match_statement": [],
                    "managed_rule_group_statement": [
                      {
                        "managed_rule_group_configs": [],
                        "name": "AWSManagedRulesCommonRuleSet",
                        "rule_action_override": [],
                        "scope_down_statement": [],
                        "vendor_name": "AWS",
                        "version": ""
                      }
                    ],
                    "not_statement": [],
                    "or_statement": [],
                    "rate_based_statement": [],
                    "regex_match_statement": [],
                    "regex_pattern_set_reference_statement": [],
                    "rule_group_reference_statement": [],
                    "size_constraint_statement": [],
                    "sqli_match_statement": [],
                    "xss_match_statement": []
                  }
                ],
                "visibility_config": [
                  {
                    "cloudwatch_metrics_enabled": true,
                    "metric_name": "cf-waf-common",
                    "sampled_requests_enabled": true
                  }
                ]
              },
              {
                "action": [],
                "captcha_config": [],
                "challenge_config": [],
                "name": "AWSManagedRulesKnownBadInputsRuleSet",
                "override_action": [
                  {
                    "count": [],
                    "none": [
                      {}
                    ]
                  }
                ],
                "priority": 2,
                "rule_label": [],
                "statement": [
                  {
                    "and_statement": [],
                    "asn_match_statement": [],
                    "byte_match_statement": [],
                    "geo_match_statement": [],
                    "ip_set_reference_statement": [],
                    "label_match_statement": [],
                    "managed_rule_group_statement": [
                      {
                        "managed_rule_group_configs": [],
                        "name": "AWSManagedRulesKnownBadInputsRuleSet",
                        "rule_action_override": [],
                        "scope_down_statement": [],
                        "vendor_name": "AWS",
                        "version": ""
                      }
                    ],
                    "not_statement": [],
                    "or_statement": [],
                    "rate_based_statement": [],
                    "regex_match_statement": [],
                    "regex_pattern_set_reference_statement": [],
                    "rule_group_reference_statement": [],
                    "size_constraint_statement": [],
                    "sqli_match_statement": [],
                    "xss_match_statement": []
                  }
                ],
                "visibility_config": [
                  {
                    "cloudwatch_metrics_enabled": true,
                    "metric_name": "cf-waf-badinputs",
                    "sampled_requests_enabled": true
                  }
                ]
              },
              {
                "action": [],
                "captcha_config": [],
                "challenge_config": [],
                "name": "AWSManagedRulesSQLiRuleSet",
                "override_action": [
                  {
                    "count": [],
                    "none": [
                      {}
                    ]
                  }
                ],
                "priority": 3,
                "rule_label": [],
                "statement": [
                  {
                    "and_statement": [],
                    "asn_match_statement": [],
                    "byte_match_statement": [],
                    "geo_match_statement": [],
                    "ip_set_reference_statement": [],
                    "label_match_statement": [],
                    "managed_rule_group_statement": [
                      {
                        "managed_rule_group_configs": [],
                        "name": "AWSManagedRulesSQLiRuleSet",
                        "rule_action_override": [],
                        "scope_down_statement": [],
                        "vendor_name": "AWS",
                        "version": ""
                      }
                    ],
                    "not_statement": [],
                    "or_statement": [],
                    "rate_based_statement": [],
                    "regex_match_statement": [],
                    "regex_pattern_set_reference_statement": [],
                    "rule_group_reference_statement": [],
                    "size_constraint_statement": [],
                    "sqli_match_statement": [],
                    "xss_match_statement": []
                  }
                ],
                "visibility_config": [
                  {
                    "cloudwatch_metrics_enabled": true,
                    "metric_name": "cf-waf-sqli",
                    "sampled_requests_enabled": true
                  }
                ]
              }
            ],
            "rule_json": null,
            "scope": "CLOUDFRONT",
            "tags": {},
            "tags_all": {},
            "token_domains": [],
            "visibility_config": [
              {
                "cloudwatch_metrics_enabled": true,
                "metric_name": "cf-waf",
                "sampled_requests_enabled": true
              }
            ]
          },
          "sensitive_attributes": [],
          "private": "bnVsbA=="
        }
      ]
    },
    {
      "mode": "managed",
      "type": "local_file",
      "name": "pem",
      "provider": "provider[\"registry.terraform.io/hashicorp/local\"]",
      "instances": [
        {
          "schema_version": 0,
          "attributes": {
            "content": "-----BEGIN RSA PRIVATE KEY-----\nMIIJKgIBAAKCAgEAtrjmzlANj3Kz2Nh2lpI6sRoDqgO/2C8zR1juoeBwfv2x1BF/\nrBIHQPHJoaRlSKdQmzVfxureX+0fgltElgl5DnYENKF6Q8Ueo3v9BkKzN68CEPJY\nz93FuXv74UsnYmmosFmeoN8bRakVwPl3lMRccc9c19gbNzUb2CFo2w9yKziFY8cu\ndXqbyOduW1UW7K4F8dJR5ThoeVl9yEqptNkaw3/R7tbYiVcfWU2R7U4k8IlrguHX\nQrsHUtnaU1eZE3XsK+PrKkaP5kEpB2/dFOSyB8XwH5sK/P1G6QWvGXAqUXN4qooa\neSyDk4VBZyKYeOyPpo6O5CwQ/8O4ho2Td5/ZFWRO+dI9tpnJ8w1Yy22MJdOAXveA\nUDDD4GT5pRZ41rauzRNO/iLmLr10reRVvlYTkln4e472umxzyqFa6RIPJFkW+Czi\nYUTH88H33vWOb4XNJpoTlk2HBJ0hGqGF9nmHa4vY0+WLMQ3PB1lsfjqqRe+1xjMm\nOTwDRF9/TB+DYyBMCtHotg3bBwZNYMwxUSLRPUV/vNbunGXcvuzv6t7tfbVzgN5m\nY35Lp8W+YfzvONJ8r2Y/Wjwn/7VLt2rPO79BNp7CTYFtowaT4v46ciFWbqRXiZBW\nMqtxRhPrZvv30i6/WgknonxC+bG3vgEuCJ+HdUjkkWAwDy4g6yvDTL4xm0kCAwEA\nAQKCAgAXMo/I2xRxpQIMsmSR1qRBZjhXXgz91PY5ZWK8ZepaUPqB3ivbjFlj5x5u\nWVjreaRr5AGSFzDetFPHAK/LLY4zJgwAI40KbAzo+/2CTTcEB4GnZaEdWL44v3MZ\npeks3xWlt+cB7PlBJYeHvZQvLKPA5i7XD05bOrCbhphRkVsw/ga/RWMSUpvTDICv\n8zRLHYfPLOCtTXVEDLbBlisH9PUnI0Pjgt6wRwGJnKW9Xymk6Qlfby0dQXHbVKGZ\naZpbRGIUq2WocxdjR9v93/eNJsCsaHaFCLHDLyOQw2I4xEr3FsYXvptATYSx1p3Y\nSmXZmkzdfCVLdgW9dttnJ7O0YPSWAeAlgiBiXbbGbyYNVoLWcpMTVTIMpSS7pHRR\np9gKRYRundARCx50TbiZhPGxZLRKn2e5EqqftJ7SxXT1G2WyzTwt/rv4CD5/wuZJ\nSamEz/j+gIhv2gal4R/XLGzDO3l9c2RiP0R6PRzLB/yb5I6bopWWW5LoivvzI9XU\nD/5+gCKWoCDTWVnr1YAUXL5SJVmMGD9eFTL4Tw6sadec2yxTOBgJAI8i8WkHOFrB\nX/kV9P+Wat43t5XAGvgsJBMLt4ZbT/eNadFuBny1/JRiLeAZt1hmXtHgYg7ElvaJ\n0CAikx8uHsTPWxXQHCsscLRgont47MaC4J0+/ZzykTA1pi+29QKCAQEA54XmaFYy\nou/ytFszqEk6ZfwbFrv1HaPh1Qq8wgW/jEx8JQUYn3lPO11zHAfuDsmUGfXyAdNt\nkcwWDXdGmb1IXE1Je3BYN2P1RgX38a/O0Aopfjnfucufl1fg2Lk/ql16NJVCECYv\nw35SzFTczLifFR/SIlvNtMmhRfKOk+2ROmexzlvZVeVj63y00DCHlbvknXIMiuAH\nz5iXTcGI4MXHfEqSxlKyorNIuoVeg0K2tnmyA1YoNLxh+kBidly2Op6yogyqclPw\nhhhVKum7XX9QWFkPTkBp7rPSfkTJsvGclfFcfR8m/Q1fZBFdp5+6A5nrFwZZ67O3\nnlmJr+vftxwOlQKCAQEAygo5PhvmFNS4VDzAvopzFIylCTU4BBc5bIcdblPPmrpu\ntP4QlVMnNVOoq4tg1r2WWtRJGFnJgSBKKiGpXdeIp05s2AufXzu7zAaSrE8aIywK\nSNPwo1TgpiLQWT5SPFiVBDmyShtyDamJYd3AXKT6m2F8zXwKuBPnVcuKqunPUyur\nFt/OeaFHtbx4DYz+g3RkLYUVJVdS+vyghn8a4tmxw629Dd2B/wiSUqT2/eD4aTU+\npbZi+tBmSX4zscY9qBPg84l6/LyNES2/3HUc0MUP7gI5g85pKk0khK+VImGAHhXJ\n25okt9dIwKNB+kG05RtlKFL6Rqzz5lT8g2zRluJQ5QKCAQEAw01c098C0BgBcMsO\nhINhU+6bG05qsxovwvtPx4v5zWwnvULTRpOalsV5+MdntemtmUizYX7tCvRSFgHr\n+HyHsfUwa4SVpgQYP32BbsuTdkNcRTKk26I9efmTnr6GSjyYfgr6s4zC9fJ1/hAI\nQlnrOHKjXIB8wmjkNpEqXPcmb1JR13X7nE3pQBjunkCR32mkrHwswGnDrQdXeywr\nPxEX+m0d61aPglgindUrqSZ54uw9kjr3p6TSMbxmUtpajpCYt8JfdhoA591W2uBY\nQcLID/7wvl3v/oCKrCFy1BSktofoMVQ6G3VQZqWPj3tZ+ve4LLAa4o2z80wsrc4X\n5esxEQKCAQEAkBBoLtRf5FymL1K+sV8xneaHy6AKGEijJrLVlpTmhNMJG7/J/WA0\npf7IV8HjxFudeZjDojxrxcpLd+1WwlZs17fBPvBSrOqAB4RsU7d30LqXfsS5Yw2j\nvnM2k1wv8V3MrB2j9tnJItrP3lvrzWPKWr9R6YfYcNeobfHcJ/DeZ9TMg1wE84+/\n/WOtSyRNW1jEEf1CTcUNo3A92omJl1ZZPkmFc/yNtFfdVlbQ08j1+LcBu9HolCXD\nugXmQI416sJ59c4DR3H/OM+hbkaHzImnyTQG5Ohq7sHhF0fIFKLnYwxwSkmIgxpc\ngxgmdJcjsPYu1GkOkxTCOWxCPkh6zpcDzQKCAQEAvP4aGhQLPUkrsvGFgyuogKBP\nRtwjaA3+FB5CgPS1P6kpOabmFSR/vzAjMNLYcW7UczBAQ1s6Jk+Uqd1Llkb3i1F8\nOngTT9eomTp1Nn5wbJozipJiUxaFsMEV9dyRa/rDBn1YXXrF3QjYnFrjsirRdhT9\nPtfpb20/ciK6iQM1E/J5bsZcb9Y9ZYySIcw6r6j4KYt4IOu0RN3XAh9IwunQGjVy\nm6ZjbHZCDZ+yzOpAcNn9BpSZ/4lnAoluWgCX0DmAeYDmQZlCkPZjJYbB+zE8spn5\nENrXC5v++tIbP2bDgpLwhK96F6zasjNwwdSQyFcaEIi5nraaYBF+obelOoxMHA==\n-----END RSA PRIVATE KEY-----\n",
            "content_base64": null,
            "content_base64sha256": "jf7Gms/EkcYk1DTToK4hzODoTLl0wJFbLdl1lyT9+Zc=",
            "content_base64sha512": "qS57bG4yKkHxSxCRsCV3b231we2lVa0+WPMD5+kvnTCl4wNzkdaGxW1lzmQS/uY56J7KYQEWREGGj084Tcotng==",
            "content_md5": "c0ecb007c6b7e8fbb75f490e06fa93df",
            "content_sha1": "7c14f960d9eb5958848bd24d49efdcb85c6ba96e",
            "content_sha256": "8dfec69acfc491c624d434d3a0ae21cce0e84cb974c0915b2dd9759724fdf997",
            "content_sha512": "a92e7b6c6e322a41f14b1091b025776f6df5c1eda555ad3e58f303e7e92f9d30a5e3037391d686c56d65ce6412fee639e89eca6101164441868f4f384dca2d9e",
            "directory_permission": "0777",
            "file_permission": "0600",
            "filename": "./auto-temp-key.pem",
            "id": "7c14f960d9eb5958848bd24d49efdcb85c6ba96e",
            "sensitive_content": null,
            "source": null
          },
          "sensitive_attributes": [
            [
              {
                "type": "get_attr",
                "value": "content"
              }
            ],
            [
              {
                "type": "get_attr",
                "value": "sensitive_content"
              }
            ]
          ],
          "dependencies": [
            "tls_private_key.auto"
          ]
        }
      ]
    },
    {
      "mode": "managed",
      "type": "local_file",
      "name": "private_key_pem",
      "provider": "provider[\"registry.terraform.io/hashicorp/local\"]",
      "instances": [
        {
          "schema_version": 0,
          "attributes": {
            "content": "-----BEGIN RSA PRIVATE KEY-----\nMIIJKQIBAAKCAgEArZuCeztYrAS2unDPHjqy0QD9GIRYS+eWjZ7qBJSVjDMmAWPi\nz6uJY1kyUmd5sCj8nid++60ldPmXmwDEEjaDvVpdplkByNVK53wD8lAIYD0jlMpj\n7NJtEiHf8zEv+4efRxS3ay9j6QWgmbQKu7XtBA7pFShx7Vd0TPJSe0IeJgoG9ond\n9EpNUv8w2ZN9gtjYwR4ItjDIxm7VL5EZfMaA0ZiLUtyL5Qapx8DYufJT00NZsoh+\nylEJUENkaYZNVkY7mIRCBI54DV3tVqNVvYXPITDQ2T54dpE4ar8s44JXtFFVY2Y8\nbWAcP1vatcdUN7cblfDR6oKhuDppxSRPkeN5tRenIwav8cvlNwrpBKEVIEiPv6JN\np2DJ9X5kQhQV9UulSTGm1sNwSzXHPoETUof9Yz0ZOTQeB4x2t+9pENTLsroQE2B5\nifQAXxV9ghCLn/H2PQJ9K3IaL4szVsWdsmsl2Z3NQQLxDaC4JnxNWViqUQ9jq68L\nCw2vvlluNo2KBA+4rF8MRnazCjEHHh94dhuP/53IV5cDAgOfguaLCxGKq4gmqM5H\nV4Ss4R6lrtqCdPQYdKiKwNK54kVN8tMVo3qQp61pNosp3Z5iKHBUMVjEq4lAbJxT\n9JR4bgxbreWvo2RofvVnqispYAC7/HrEYYn73dDg0dEn69CX2R93yxXYQTkCAwEA\nAQKCAgAXX/DZlswBnUDdKYM5lr2s1m09d9RLpArpVpQ7uaXJErnzRfer7nS5I7Fa\n1wPTbDFXOgom6NE6RsDa5eeAbEagoCIr26AZ4l4LfO8rGQuHqbO4vOdnY427+0Ok\nAuNrAn+3mlp33BGftlpBV7R6Qax/92H6r09nnXbTRW1Fm0lj5cW6PCXeVoLCwglZ\nwjoL/BZzKhASN89QqGub0/WSj0eY8OkRZxCO7a6+boC/yJjwwQi6uRYZN4ABhpFm\ng+a1zw8HIgehhW00n4jtOWC5++I/ncsA9SBTFop6FPN+TnZwmOLeV02bjG1BOqTg\nBM6aEdVtAtfAs4YCwBqtqI3uHqqsNm632jYWq33JLmG8ruwSqp7v0SbotvUH6BtH\n3eMMGIn5UdXmIqArRCOSri2kyK8ARN0LmfR32f/11DryFSdmB15k1g9Z3K8fQiDA\nYYncaFeCCQvASCKeDLRbIaeRJixAMS57hCE5dOXEgnTGHJtF4ny+4NIAah9T+EJG\nkSX/BHxMZjhSCUmdpID3HpChvdkJHUyn2w1ffxjFdmN3OLo+jD/HTGc/7wDycWTn\nP8tOULbrsqhyeEAaJO4mj4/Fenzt+RnsH8qpnKHv40NnGqKemoPRagInzswnmIHD\nolSTkbSC8rTHwogUrW3KmZj9IafS3cNGIo7xGprm9T5iDKPVgQKCAQEA4uFw4WJi\nvsHSG2R8ruvrTzt26UxyEwt15Bz5dfuOKOFIWXu9wgAvANNqxhjVCXPdTEeEMOAl\n0mtyyD3OwWDjdejttgSoJH8z2/AVA+oPVXjXErRVnwyvYjJyCdXdtlDEznEZxyJY\n+osvhxge3KafXsxEgbsOoZoQE2ONUL1ZGpkdiXHHF3eYwJnQgIVGH02V0/jvb2xh\ndkza2DBZVCcMREF/76JNCy+RKwjVRO3iw3jYvWUTTPPGrKuHMsCZX7rkP2o5onR4\nLgAKR9bTo0w6ZSwDC1dbD1kLiUlbWXZJUudSntLiStFjVkz42BfNbDOuUbgNLvw1\nM664huQBZTMDzQKCAQEAw+OvkNKF9CzGS1el3fJi920MJLvCA8V+hnU9NgpUskGD\nK7614tnGNPxy5XE8jnEgK9laSvTzpHb3gw5Llr1Xxf9WRsRCtXtAio2V1N0KZZob\n4exOof8p1zyL5izxUc2zoxGDw3HwHqezpN22YfrNX78NMe3GOX7f9CnLuF+UI+j9\neGWSltQxNB9yTjA4Jx3Fvvdo3AGMdlZ4RN6X2w4AF50bhN3HN8gBNCdkPYrgwNWP\nG4jdi7vTgEGJKyxG2RUcnGr+BQ8tD387BOJCJYWiqP/fw/GjePBQ+D1fMbN+jpnf\nTjvRLhmTmWtMw0uZnCEttcFfgNWABqEh+/2kswcfHQKCAQEAlKKrKA0jseMaufVo\nNdS7USoc6hS5+z4b2vkceS33YVLN6knF9G3YXUskfWlRUCMHDO0hbj+6p5LbHNJZ\nPJk0C1AxQ3jjix2GpQUxT2Is74r+I/Pe0BcoY0W3LjhdSw65EKJKCAq5jlJXLcMg\nnN/QMvPRwcgBet+KvpkOwKF72ZAMKLpQe1BP04YxcbFeUi2rBbblbfLsGuuYx99M\n9nOqdqEOpriGjth322CrD8BlOjhWjiXEsjpWo1KwfRBuqqeu1tjJr2NsRH6kPZJB\nDo9nBlcCG5D8SB7HDwbvALocqWKA3yo7NFbfJG/C6xcU7lkhT8orYOe8FwLVQxHm\n1BzK1QKCAQEAusXiBOylqh3y561nSgqtEAsaU//tyhjJPbyVI2yQOvI59kC9PdG0\nqZq2lkv0mEAGk6iG7gdGM173Oi8sJUrdYLzHb2v7yvv8mt7KqI4lNqDMywm8I7ue\nEkn5ffsGEKBYEjhF8Nk3QJNXtu9q0VsH7K3GEAANS47MTAp54o7HOcIRw3TdYxBo\n5bDCFQjm0W0SubU+dt7HJaHmxIuUMNnVfq5eqb2oEGiTtT2F1yQOje5Rp8hErNHm\npFhYSCDMYHk/sWhWUU6aATend02gEhSr9gUaPsKrwkkoerhRhpsFJURTZU2lchYS\n5GopY+A2U2ZTJgR9YeKvUiLau2CpY8V7hQKCAQBKpwRLV6BtZcGaYJBF4hNH2+0s\ntpbJUuAOGIynSi/TWiQ1Du6EmQP8Wegoicbk8GUIhQxZmupKq21duzdoEZVBmb3W\n4KdOV5PB+NmgVAf0TJVp2s5RW7B9zjSv3W66W+CZGZuktawLRikS3WTERfIsaMQ7\n63+lqN/XHs3KDqnslx5P1TVHm2BV0FhUn7QuIJVH12t5Oby69dJGnugblIfC4zu5\nRyH24cP/zE1jTno8yEBpk1UUzoNjkrulxygQnjLBQ/rcN41CY7G9NljaJ956Lg3g\n/CTszuXWOOJT+uLVuSTrwmWkg1aVjUvtQMXNCZuLTjg0klhles7q/bfIVEFc\n-----END RSA PRIVATE KEY-----\n",
            "content_base64": null,
            "content_base64sha256": "F6wZQwjrNOegJv8zHtEYWg7jARKN3TTv/a538m8aW8w=",
            "content_base64sha512": "dUBezbBu8Xi+yEIi3OVYlJgSPKT3g2TeSCGbcBCJtXpzzfSqdxDV5iWaKPgWdYyeWWmQ6ieCJiEdPwThlpoXcQ==",
            "content_md5": "039a778674ad95ad33d8e0af45146b12",
            "content_sha1": "36f5fb5996503f7c9ba251ea3948d627cf23ef1b",
            "content_sha256": "17ac194308eb34e7a026ff331ed1185a0ee301128ddd34effdae77f26f1a5bcc",
            "content_sha512": "75405ecdb06ef178bec84222dce5589498123ca4f78364de48219b701089b57a73cdf4aa7710d5e6259a28f816758c9e596990ea278226211d3f04e1969a1771",
            "directory_permission": "0777",
            "file_permission": "0600",
            "filename": "./terraform-key.pem",
            "id": "36f5fb5996503f7c9ba251ea3948d627cf23ef1b",
            "sensitive_content": null,
            "source": null
          },
          "sensitive_attributes": [
            [
              {
                "type": "get_attr",
                "value": "sensitive_content"
              }
            ],
            [
              {
                "type": "get_attr",
                "value": "content"
              }
            ]
          ],
          "dependencies": [
            "tls_private_key.ec2_key"
          ]
        }
      ]
    },
    {
      "mode": "managed",
      "type": "local_file",
      "name": "register_domain_json",
      "provider": "provider[\"registry.terraform.io/hashicorp/local\"]",
      "instances": [
        {
          "schema_version": 0,
          "attributes": {
            "content": "{\"AdminContact\":{\"AddressLine1\":\"Via Strada 12\",\"City\":\"Torino\",\"ContactType\":\"PERSON\",\"CountryCode\":\"IT\",\"Email\":\"ruoppolo46@gmail.com\",\"FirstName\":\"Pietro\",\"LastName\":\"Ruoppolo\",\"PhoneNumber\":\"+39.3330000000\",\"State\":\"TO\",\"ZipCode\":\"10100\"},\"AutoRenew\":true,\"BillingContact\":{\"AddressLine1\":\"Via Strada 12\",\"City\":\"Torino\",\"ContactType\":\"PERSON\",\"CountryCode\":\"IT\",\"Email\":\"ruoppolo46@gmail.com\",\"FirstName\":\"Pietro\",\"LastName\":\"Ruoppolo\",\"PhoneNumber\":\"+39.3330000000\",\"State\":\"TO\",\"ZipCode\":\"10100\"},\"DomainName\":\"pietroruoppolo.club\",\"DurationInYears\":1,\"PrivacyProtectAdminContact\":true,\"PrivacyProtectRegistrantContact\":true,\"PrivacyProtectTechContact\":true,\"RegistrantContact\":{\"AddressLine1\":\"Via Strada 12\",\"City\":\"Torino\",\"ContactType\":\"PERSON\",\"CountryCode\":\"IT\",\"Email\":\"ruoppolo46@gmail.com\",\"FirstName\":\"Pietro\",\"LastName\":\"Ruoppolo\",\"PhoneNumber\":\"+39.3330000000\",\"State\":\"TO\",\"ZipCode\":\"10100\"},\"TechContact\":{\"AddressLine1\":\"Via Strada 12\",\"City\":\"Torino\",\"ContactType\":\"PERSON\",\"CountryCode\":\"IT\",\"Email\":\"ruoppolo46@gmail.com\",\"FirstName\":\"Pietro\",\"LastName\":\"Ruoppolo\",\"PhoneNumber\":\"+39.3330000000\",\"State\":\"TO\",\"ZipCode\":\"10100\"}}",
            "content_base64": null,
            "content_base64sha256": "5KvbTemPbsu2NssX3bjo+Pc/AtUCSEkZFycowDjQjAU=",
            "content_base64sha512": "PzfBLRfHcKAvBydLry040ms6GI1n86B/VhBDoBglbMyDy1K+zyz4YfaBdfvPlRkZINv75VrR6StGPgRlJCCHxA==",
            "content_md5": "ecba86e9dc74f863caaf6b7e1acad9b3",
            "content_sha1": "2426695e54e9a98d0c7ea4cf108f8c7fa8e3817c",
            "content_sha256": "e4abdb4de98f6ecbb636cb17ddb8e8f8f73f02d502484919172728c038d08c05",
            "content_sha512": "3f37c12d17c770a02f07274baf2d38d26b3a188d67f3a07f561043a018256ccc83cb52becf2cf861f68175fbcf95191920dbfbe55ad1e92b463e0465242087c4",
            "directory_permission": "0777",
            "file_permission": "0777",
            "filename": "./register-domain.json",
            "id": "2426695e54e9a98d0c7ea4cf108f8c7fa8e3817c",
            "sensitive_content": null,
            "source": null
          },
          "sensitive_attributes": [
            [
              {
                "type": "get_attr",
                "value": "sensitive_content"
              }
            ]
          ]
        }
      ]
    },
    {
      "mode": "managed",
      "type": "null_resource",
      "name": "register_domain",
      "provider": "provider[\"registry.terraform.io/hashicorp/null\"]",
      "instances": [
        {
          "schema_version": 0,
          "attributes": {
            "id": "53536958",
            "triggers": {
              "domain_name": "pietroruoppolo.club",
              "json_hash": "2426695e54e9a98d0c7ea4cf108f8c7fa8e3817c"
            }
          },
          "sensitive_attributes": [],
          "dependencies": [
            "local_file.register_domain_json"
          ]
        }
      ]
    },
    {
      "mode": "managed",
      "type": "null_resource",
      "name": "wait_domain_registered",
      "provider": "provider[\"registry.terraform.io/hashicorp/null\"]",
      "instances": [
        {
          "schema_version": 0,
          "attributes": {
            "id": "416836876",
            "triggers": {
              "domain_name": "pietroruoppolo.club"
            }
          },
          "sensitive_attributes": [],
          "dependencies": [
            "local_file.register_domain_json",
            "null_resource.register_domain"
          ]
        }
      ]
    },
    {
      "mode": "managed",
      "type": "tls_private_key",
      "name": "auto",
      "provider": "provider[\"registry.terraform.io/hashicorp/tls\"]",
      "instances": [
        {
          "schema_version": 1,
          "attributes": {
            "algorithm": "RSA",
            "ecdsa_curve": "P224",
            "id": "112d9a66487bdcd2b7abb210f98f75365e128f60",
            "private_key_openssh": "-----BEGIN OPENSSH PRIVATE KEY-----\nb3BlbnNzaC1rZXktdjEAAAAABG5vbmUAAAAEbm9uZQAAAAAAAAABAAACFwAAAAdz\nc2gtcnNhAAAAAwEAAQAAAgEAtrjmzlANj3Kz2Nh2lpI6sRoDqgO/2C8zR1juoeBw\nfv2x1BF/rBIHQPHJoaRlSKdQmzVfxureX+0fgltElgl5DnYENKF6Q8Ueo3v9BkKz\nN68CEPJYz93FuXv74UsnYmmosFmeoN8bRakVwPl3lMRccc9c19gbNzUb2CFo2w9y\nKziFY8cudXqbyOduW1UW7K4F8dJR5ThoeVl9yEqptNkaw3/R7tbYiVcfWU2R7U4k\n8IlrguHXQrsHUtnaU1eZE3XsK+PrKkaP5kEpB2/dFOSyB8XwH5sK/P1G6QWvGXAq\nUXN4qooaeSyDk4VBZyKYeOyPpo6O5CwQ/8O4ho2Td5/ZFWRO+dI9tpnJ8w1Yy22M\nJdOAXveAUDDD4GT5pRZ41rauzRNO/iLmLr10reRVvlYTkln4e472umxzyqFa6RIP\nJFkW+CziYUTH88H33vWOb4XNJpoTlk2HBJ0hGqGF9nmHa4vY0+WLMQ3PB1lsfjqq\nRe+1xjMmOTwDRF9/TB+DYyBMCtHotg3bBwZNYMwxUSLRPUV/vNbunGXcvuzv6t7t\nfbVzgN5mY35Lp8W+YfzvONJ8r2Y/Wjwn/7VLt2rPO79BNp7CTYFtowaT4v46ciFW\nbqRXiZBWMqtxRhPrZvv30i6/WgknonxC+bG3vgEuCJ+HdUjkkWAwDy4g6yvDTL4x\nm0kAAAc4fpIL/H6SC/wAAAAHc3NoLXJzYQAAAgEAtrjmzlANj3Kz2Nh2lpI6sRoD\nqgO/2C8zR1juoeBwfv2x1BF/rBIHQPHJoaRlSKdQmzVfxureX+0fgltElgl5DnYE\nNKF6Q8Ueo3v9BkKzN68CEPJYz93FuXv74UsnYmmosFmeoN8bRakVwPl3lMRccc9c\n19gbNzUb2CFo2w9yKziFY8cudXqbyOduW1UW7K4F8dJR5ThoeVl9yEqptNkaw3/R\n7tbYiVcfWU2R7U4k8IlrguHXQrsHUtnaU1eZE3XsK+PrKkaP5kEpB2/dFOSyB8Xw\nH5sK/P1G6QWvGXAqUXN4qooaeSyDk4VBZyKYeOyPpo6O5CwQ/8O4ho2Td5/ZFWRO\n+dI9tpnJ8w1Yy22MJdOAXveAUDDD4GT5pRZ41rauzRNO/iLmLr10reRVvlYTkln4\ne472umxzyqFa6RIPJFkW+CziYUTH88H33vWOb4XNJpoTlk2HBJ0hGqGF9nmHa4vY\n0+WLMQ3PB1lsfjqqRe+1xjMmOTwDRF9/TB+DYyBMCtHotg3bBwZNYMwxUSLRPUV/\nvNbunGXcvuzv6t7tfbVzgN5mY35Lp8W+YfzvONJ8r2Y/Wjwn/7VLt2rPO79BNp7C\nTYFtowaT4v46ciFWbqRXiZBWMqtxRhPrZvv30i6/WgknonxC+bG3vgEuCJ+HdUjk\nkWAwDy4g6yvDTL4xm0kAAAADAQABAAACABcyj8jbFHGlAgyyZJHWpEFmOFdeDP3U\n9jllYrxl6lpQ+oHeK9uMWWPnHm5ZWOt5pGvkAZIXMN60U8cAr8stjjMmDAAjjQps\nDOj7/YJNNwQHgadloR1Yvji/cxml6SzfFaW35wHs+UElh4e9lC8so8DmLtcPTls6\nsJuGmFGRWzD+Br9FYxJSm9MMgK/zNEsdh88s4K1NdUQMtsGWKwf09ScjQ+OC3rBH\nAYmcpb1fKaTpCV9vLR1BcdtUoZlpmltEYhSrZahzF2NH2/3f940mwKxodoUIscMv\nI5DDYjjESvcWxhe+m0BNhLHWndhKZdmaTN18JUt2Bb1222cns7Rg9JYB4CWCIGJd\ntsZvJg1WgtZykxNVMgylJLukdFGn2ApFhG6d0BELHnRNuJmE8bFktEqfZ7kSqp+0\nntLFdPUbZbLNPC3+u/gIPn/C5klJqYTP+P6AiG/aBqXhH9csbMM7eX1zZGI/RHo9\nHMsH/JvkjpuilZZbkuiK+/Mj1dQP/n6AIpagINNZWevVgBRcvlIlWYwYP14VMvhP\nDqxp15zbLFM4GAkAjyLxaQc4WsFf+RX0/5Zq3je3lcAa+CwkEwu3hltP941p0W4G\nfLX8lGIt4Bm3WGZe0eBiDsSW9onQICKTHy4exM9bFdAcKyxwtGCie3jsxoLgnT79\nnPKRMDWmL7b1AAABAQC8/hoaFAs9SSuy8YWDK6iAoE9G3CNoDf4UHkKA9LU/qSk5\npuYVJH+/MCMw0thxbtRzMEBDWzomT5Sp3UuWRveLUXw6eBNP16iZOnU2fnBsmjOK\nkmJTFoWwwRX13JFr+sMGfVhdesXdCNicWuOyKtF2FP0+1+lvbT9yIrqJAzUT8nlu\nxlxv1j1ljJIhzDqvqPgpi3gg67RE3dcCH0jC6dAaNXKbpmNsdkINn7LM6kBw2f0G\nlJn/iWcCiW5aAJfQOYB5gOZBmUKQ9mMlhsH7MTyymfkQ2tcLm/760hs/ZsOCkvCE\nr3oXrNqyM3DB1JDIVxoQiLmetppgEX6ht6U6jEwcAAABAQDnheZoVjKi7/K0WzOo\nSTpl/BsWu/Udo+HVCrzCBb+MTHwlBRifeU87XXMcB+4OyZQZ9fIB022RzBYNd0aZ\nvUhcTUl7cFg3Y/VGBffxr87QCil+Od+5y5+XV+DYuT+qXXo0lUIQJi/DflLMVNzM\nuJ8VH9IiW820yaFF8o6T7ZE6Z7HOW9lV5WPrfLTQMIeVu+SdcgyK4AfPmJdNwYjg\nxcd8SpLGUrKis0i6hV6DQra2ebIDVig0vGH6QGJ2XLY6nrKiDKpyU/CGGFUq6btd\nf1BYWQ9OQGnus9J+RMmy8ZyV8Vx9Hyb9DV9kEV2nn7oDmesXBlnrs7eeWYmv69+3\nHA6VAAABAQDKCjk+G+YU1LhUPMC+inMUjKUJNTgEFzlshx1uU8+aum60/hCVUyc1\nU6iri2DWvZZa1EkYWcmBIEoqIald14inTmzYC59fO7vMBpKsTxojLApI0/CjVOCm\nItBZPlI8WJUEObJKG3INqYlh3cBcpPqbYXzNfAq4E+dVy4qq6c9TK6sW3855oUe1\nvHgNjP6DdGQthRUlV1L6/KCGfxri2bHDrb0N3YH/CJJSpPb94PhpNT6ltmL60GZJ\nfjOxxj2oE+DziXr8vI0RLb/cdRzQxQ/uAjmDzmkqTSSEr5UiYYAeFcnbmiS310jA\no0H6QbTlG2UoUvpGrPPmVPyDbNGW4lDlAAAAAAEC\n-----END OPENSSH PRIVATE KEY-----\n",
            "private_key_pem": "-----BEGIN RSA PRIVATE KEY-----\nMIIJKgIBAAKCAgEAtrjmzlANj3Kz2Nh2lpI6sRoDqgO/2C8zR1juoeBwfv2x1BF/\nrBIHQPHJoaRlSKdQmzVfxureX+0fgltElgl5DnYENKF6Q8Ueo3v9BkKzN68CEPJY\nz93FuXv74UsnYmmosFmeoN8bRakVwPl3lMRccc9c19gbNzUb2CFo2w9yKziFY8cu\ndXqbyOduW1UW7K4F8dJR5ThoeVl9yEqptNkaw3/R7tbYiVcfWU2R7U4k8IlrguHX\nQrsHUtnaU1eZE3XsK+PrKkaP5kEpB2/dFOSyB8XwH5sK/P1G6QWvGXAqUXN4qooa\neSyDk4VBZyKYeOyPpo6O5CwQ/8O4ho2Td5/ZFWRO+dI9tpnJ8w1Yy22MJdOAXveA\nUDDD4GT5pRZ41rauzRNO/iLmLr10reRVvlYTkln4e472umxzyqFa6RIPJFkW+Czi\nYUTH88H33vWOb4XNJpoTlk2HBJ0hGqGF9nmHa4vY0+WLMQ3PB1lsfjqqRe+1xjMm\nOTwDRF9/TB+DYyBMCtHotg3bBwZNYMwxUSLRPUV/vNbunGXcvuzv6t7tfbVzgN5m\nY35Lp8W+YfzvONJ8r2Y/Wjwn/7VLt2rPO79BNp7CTYFtowaT4v46ciFWbqRXiZBW\nMqtxRhPrZvv30i6/WgknonxC+bG3vgEuCJ+HdUjkkWAwDy4g6yvDTL4xm0kCAwEA\nAQKCAgAXMo/I2xRxpQIMsmSR1qRBZjhXXgz91PY5ZWK8ZepaUPqB3ivbjFlj5x5u\nWVjreaRr5AGSFzDetFPHAK/LLY4zJgwAI40KbAzo+/2CTTcEB4GnZaEdWL44v3MZ\npeks3xWlt+cB7PlBJYeHvZQvLKPA5i7XD05bOrCbhphRkVsw/ga/RWMSUpvTDICv\n8zRLHYfPLOCtTXVEDLbBlisH9PUnI0Pjgt6wRwGJnKW9Xymk6Qlfby0dQXHbVKGZ\naZpbRGIUq2WocxdjR9v93/eNJsCsaHaFCLHDLyOQw2I4xEr3FsYXvptATYSx1p3Y\nSmXZmkzdfCVLdgW9dttnJ7O0YPSWAeAlgiBiXbbGbyYNVoLWcpMTVTIMpSS7pHRR\np9gKRYRundARCx50TbiZhPGxZLRKn2e5EqqftJ7SxXT1G2WyzTwt/rv4CD5/wuZJ\nSamEz/j+gIhv2gal4R/XLGzDO3l9c2RiP0R6PRzLB/yb5I6bopWWW5LoivvzI9XU\nD/5+gCKWoCDTWVnr1YAUXL5SJVmMGD9eFTL4Tw6sadec2yxTOBgJAI8i8WkHOFrB\nX/kV9P+Wat43t5XAGvgsJBMLt4ZbT/eNadFuBny1/JRiLeAZt1hmXtHgYg7ElvaJ\n0CAikx8uHsTPWxXQHCsscLRgont47MaC4J0+/ZzykTA1pi+29QKCAQEA54XmaFYy\nou/ytFszqEk6ZfwbFrv1HaPh1Qq8wgW/jEx8JQUYn3lPO11zHAfuDsmUGfXyAdNt\nkcwWDXdGmb1IXE1Je3BYN2P1RgX38a/O0Aopfjnfucufl1fg2Lk/ql16NJVCECYv\nw35SzFTczLifFR/SIlvNtMmhRfKOk+2ROmexzlvZVeVj63y00DCHlbvknXIMiuAH\nz5iXTcGI4MXHfEqSxlKyorNIuoVeg0K2tnmyA1YoNLxh+kBidly2Op6yogyqclPw\nhhhVKum7XX9QWFkPTkBp7rPSfkTJsvGclfFcfR8m/Q1fZBFdp5+6A5nrFwZZ67O3\nnlmJr+vftxwOlQKCAQEAygo5PhvmFNS4VDzAvopzFIylCTU4BBc5bIcdblPPmrpu\ntP4QlVMnNVOoq4tg1r2WWtRJGFnJgSBKKiGpXdeIp05s2AufXzu7zAaSrE8aIywK\nSNPwo1TgpiLQWT5SPFiVBDmyShtyDamJYd3AXKT6m2F8zXwKuBPnVcuKqunPUyur\nFt/OeaFHtbx4DYz+g3RkLYUVJVdS+vyghn8a4tmxw629Dd2B/wiSUqT2/eD4aTU+\npbZi+tBmSX4zscY9qBPg84l6/LyNES2/3HUc0MUP7gI5g85pKk0khK+VImGAHhXJ\n25okt9dIwKNB+kG05RtlKFL6Rqzz5lT8g2zRluJQ5QKCAQEAw01c098C0BgBcMsO\nhINhU+6bG05qsxovwvtPx4v5zWwnvULTRpOalsV5+MdntemtmUizYX7tCvRSFgHr\n+HyHsfUwa4SVpgQYP32BbsuTdkNcRTKk26I9efmTnr6GSjyYfgr6s4zC9fJ1/hAI\nQlnrOHKjXIB8wmjkNpEqXPcmb1JR13X7nE3pQBjunkCR32mkrHwswGnDrQdXeywr\nPxEX+m0d61aPglgindUrqSZ54uw9kjr3p6TSMbxmUtpajpCYt8JfdhoA591W2uBY\nQcLID/7wvl3v/oCKrCFy1BSktofoMVQ6G3VQZqWPj3tZ+ve4LLAa4o2z80wsrc4X\n5esxEQKCAQEAkBBoLtRf5FymL1K+sV8xneaHy6AKGEijJrLVlpTmhNMJG7/J/WA0\npf7IV8HjxFudeZjDojxrxcpLd+1WwlZs17fBPvBSrOqAB4RsU7d30LqXfsS5Yw2j\nvnM2k1wv8V3MrB2j9tnJItrP3lvrzWPKWr9R6YfYcNeobfHcJ/DeZ9TMg1wE84+/\n/WOtSyRNW1jEEf1CTcUNo3A92omJl1ZZPkmFc/yNtFfdVlbQ08j1+LcBu9HolCXD\nugXmQI416sJ59c4DR3H/OM+hbkaHzImnyTQG5Ohq7sHhF0fIFKLnYwxwSkmIgxpc\ngxgmdJcjsPYu1GkOkxTCOWxCPkh6zpcDzQKCAQEAvP4aGhQLPUkrsvGFgyuogKBP\nRtwjaA3+FB5CgPS1P6kpOabmFSR/vzAjMNLYcW7UczBAQ1s6Jk+Uqd1Llkb3i1F8\nOngTT9eomTp1Nn5wbJozipJiUxaFsMEV9dyRa/rDBn1YXXrF3QjYnFrjsirRdhT9\nPtfpb20/ciK6iQM1E/J5bsZcb9Y9ZYySIcw6r6j4KYt4IOu0RN3XAh9IwunQGjVy\nm6ZjbHZCDZ+yzOpAcNn9BpSZ/4lnAoluWgCX0DmAeYDmQZlCkPZjJYbB+zE8spn5\nENrXC5v++tIbP2bDgpLwhK96F6zasjNwwdSQyFcaEIi5nraaYBF+obelOoxMHA==\n-----END RSA PRIVATE KEY-----\n",
            "private_key_pem_pkcs8": "-----BEGIN PRIVATE KEY-----\nMIIJRAIBADANBgkqhkiG9w0BAQEFAASCCS4wggkqAgEAAoICAQC2uObOUA2PcrPY\n2HaWkjqxGgOqA7/YLzNHWO6h4HB+/bHUEX+sEgdA8cmhpGVIp1CbNV/G6t5f7R+C\nW0SWCXkOdgQ0oXpDxR6je/0GQrM3rwIQ8ljP3cW5e/vhSydiaaiwWZ6g3xtFqRXA\n+XeUxFxxz1zX2Bs3NRvYIWjbD3IrOIVjxy51epvI525bVRbsrgXx0lHlOGh5WX3I\nSqm02RrDf9Hu1tiJVx9ZTZHtTiTwiWuC4ddCuwdS2dpTV5kTdewr4+sqRo/mQSkH\nb90U5LIHxfAfmwr8/UbpBa8ZcCpRc3iqihp5LIOThUFnIph47I+mjo7kLBD/w7iG\njZN3n9kVZE750j22mcnzDVjLbYwl04Be94BQMMPgZPmlFnjWtq7NE07+IuYuvXSt\n5FW+VhOSWfh7jva6bHPKoVrpEg8kWRb4LOJhRMfzwffe9Y5vhc0mmhOWTYcEnSEa\noYX2eYdri9jT5YsxDc8HWWx+OqpF77XGMyY5PANEX39MH4NjIEwK0ei2DdsHBk1g\nzDFRItE9RX+81u6cZdy+7O/q3u19tXOA3mZjfkunxb5h/O840nyvZj9aPCf/tUu3\nas87v0E2nsJNgW2jBpPi/jpyIVZupFeJkFYyq3FGE+tm+/fSLr9aCSeifEL5sbe+\nAS4In4d1SOSRYDAPLiDrK8NMvjGbSQIDAQABAoICABcyj8jbFHGlAgyyZJHWpEFm\nOFdeDP3U9jllYrxl6lpQ+oHeK9uMWWPnHm5ZWOt5pGvkAZIXMN60U8cAr8stjjMm\nDAAjjQpsDOj7/YJNNwQHgadloR1Yvji/cxml6SzfFaW35wHs+UElh4e9lC8so8Dm\nLtcPTls6sJuGmFGRWzD+Br9FYxJSm9MMgK/zNEsdh88s4K1NdUQMtsGWKwf09Scj\nQ+OC3rBHAYmcpb1fKaTpCV9vLR1BcdtUoZlpmltEYhSrZahzF2NH2/3f940mwKxo\ndoUIscMvI5DDYjjESvcWxhe+m0BNhLHWndhKZdmaTN18JUt2Bb1222cns7Rg9JYB\n4CWCIGJdtsZvJg1WgtZykxNVMgylJLukdFGn2ApFhG6d0BELHnRNuJmE8bFktEqf\nZ7kSqp+0ntLFdPUbZbLNPC3+u/gIPn/C5klJqYTP+P6AiG/aBqXhH9csbMM7eX1z\nZGI/RHo9HMsH/JvkjpuilZZbkuiK+/Mj1dQP/n6AIpagINNZWevVgBRcvlIlWYwY\nP14VMvhPDqxp15zbLFM4GAkAjyLxaQc4WsFf+RX0/5Zq3je3lcAa+CwkEwu3hltP\n941p0W4GfLX8lGIt4Bm3WGZe0eBiDsSW9onQICKTHy4exM9bFdAcKyxwtGCie3js\nxoLgnT79nPKRMDWmL7b1AoIBAQDnheZoVjKi7/K0WzOoSTpl/BsWu/Udo+HVCrzC\nBb+MTHwlBRifeU87XXMcB+4OyZQZ9fIB022RzBYNd0aZvUhcTUl7cFg3Y/VGBffx\nr87QCil+Od+5y5+XV+DYuT+qXXo0lUIQJi/DflLMVNzMuJ8VH9IiW820yaFF8o6T\n7ZE6Z7HOW9lV5WPrfLTQMIeVu+SdcgyK4AfPmJdNwYjgxcd8SpLGUrKis0i6hV6D\nQra2ebIDVig0vGH6QGJ2XLY6nrKiDKpyU/CGGFUq6btdf1BYWQ9OQGnus9J+RMmy\n8ZyV8Vx9Hyb9DV9kEV2nn7oDmesXBlnrs7eeWYmv69+3HA6VAoIBAQDKCjk+G+YU\n1LhUPMC+inMUjKUJNTgEFzlshx1uU8+aum60/hCVUyc1U6iri2DWvZZa1EkYWcmB\nIEoqIald14inTmzYC59fO7vMBpKsTxojLApI0/CjVOCmItBZPlI8WJUEObJKG3IN\nqYlh3cBcpPqbYXzNfAq4E+dVy4qq6c9TK6sW3855oUe1vHgNjP6DdGQthRUlV1L6\n/KCGfxri2bHDrb0N3YH/CJJSpPb94PhpNT6ltmL60GZJfjOxxj2oE+DziXr8vI0R\nLb/cdRzQxQ/uAjmDzmkqTSSEr5UiYYAeFcnbmiS310jAo0H6QbTlG2UoUvpGrPPm\nVPyDbNGW4lDlAoIBAQDDTVzT3wLQGAFwyw6Eg2FT7psbTmqzGi/C+0/Hi/nNbCe9\nQtNGk5qWxXn4x2e16a2ZSLNhfu0K9FIWAev4fIex9TBrhJWmBBg/fYFuy5N2Q1xF\nMqTboj15+ZOevoZKPJh+CvqzjML18nX+EAhCWes4cqNcgHzCaOQ2kSpc9yZvUlHX\ndfucTelAGO6eQJHfaaSsfCzAacOtB1d7LCs/ERf6bR3rVo+CWCKd1SupJnni7D2S\nOvenpNIxvGZS2lqOkJi3wl92GgDn3Vba4FhBwsgP/vC+Xe/+gIqsIXLUFKS2h+gx\nVDobdVBmpY+Pe1n697gssBrijbPzTCytzhfl6zERAoIBAQCQEGgu1F/kXKYvUr6x\nXzGd5ofLoAoYSKMmstWWlOaE0wkbv8n9YDSl/shXwePEW515mMOiPGvFykt37VbC\nVmzXt8E+8FKs6oAHhGxTt3fQupd+xLljDaO+czaTXC/xXcysHaP22cki2s/eW+vN\nY8pav1Hph9hw16ht8dwn8N5n1MyDXATzj7/9Y61LJE1bWMQR/UJNxQ2jcD3aiYmX\nVlk+SYVz/I20V91WVtDTyPX4twG70eiUJcO6BeZAjjXqwnn1zgNHcf84z6FuRofM\niafJNAbk6GruweEXR8gUoudjDHBKSYiDGlyDGCZ0lyOw9i7UaQ6TFMI5bEI+SHrO\nlwPNAoIBAQC8/hoaFAs9SSuy8YWDK6iAoE9G3CNoDf4UHkKA9LU/qSk5puYVJH+/\nMCMw0thxbtRzMEBDWzomT5Sp3UuWRveLUXw6eBNP16iZOnU2fnBsmjOKkmJTFoWw\nwRX13JFr+sMGfVhdesXdCNicWuOyKtF2FP0+1+lvbT9yIrqJAzUT8nluxlxv1j1l\njJIhzDqvqPgpi3gg67RE3dcCH0jC6dAaNXKbpmNsdkINn7LM6kBw2f0GlJn/iWcC\niW5aAJfQOYB5gOZBmUKQ9mMlhsH7MTyymfkQ2tcLm/760hs/ZsOCkvCEr3oXrNqy\nM3DB1JDIVxoQiLmetppgEX6ht6U6jEwc\n-----END PRIVATE KEY-----\n",
            "public_key_fingerprint_md5": "af:12:56:0f:e6:91:2c:fe:3c:77:36:00:ce:6b:32:9a",
            "public_key_fingerprint_sha256": "SHA256:lyspuyuEqB787t+w80ZhaTb2Tov1xKx16G/YUB9etjw",
            "public_key_openssh": "ssh-rsa AAAAB3NzaC1yc2EAAAADAQABAAACAQC2uObOUA2PcrPY2HaWkjqxGgOqA7/YLzNHWO6h4HB+/bHUEX+sEgdA8cmhpGVIp1CbNV/G6t5f7R+CW0SWCXkOdgQ0oXpDxR6je/0GQrM3rwIQ8ljP3cW5e/vhSydiaaiwWZ6g3xtFqRXA+XeUxFxxz1zX2Bs3NRvYIWjbD3IrOIVjxy51epvI525bVRbsrgXx0lHlOGh5WX3ISqm02RrDf9Hu1tiJVx9ZTZHtTiTwiWuC4ddCuwdS2dpTV5kTdewr4+sqRo/mQSkHb90U5LIHxfAfmwr8/UbpBa8ZcCpRc3iqihp5LIOThUFnIph47I+mjo7kLBD/w7iGjZN3n9kVZE750j22mcnzDVjLbYwl04Be94BQMMPgZPmlFnjWtq7NE07+IuYuvXSt5FW+VhOSWfh7jva6bHPKoVrpEg8kWRb4LOJhRMfzwffe9Y5vhc0mmhOWTYcEnSEaoYX2eYdri9jT5YsxDc8HWWx+OqpF77XGMyY5PANEX39MH4NjIEwK0ei2DdsHBk1gzDFRItE9RX+81u6cZdy+7O/q3u19tXOA3mZjfkunxb5h/O840nyvZj9aPCf/tUu3as87v0E2nsJNgW2jBpPi/jpyIVZupFeJkFYyq3FGE+tm+/fSLr9aCSeifEL5sbe+AS4In4d1SOSRYDAPLiDrK8NMvjGbSQ==\n",
            "public_key_pem": "-----BEGIN PUBLIC KEY-----\nMIICIjANBgkqhkiG9w0BAQEFAAOCAg8AMIICCgKCAgEAtrjmzlANj3Kz2Nh2lpI6\nsRoDqgO/2C8zR1juoeBwfv2x1BF/rBIHQPHJoaRlSKdQmzVfxureX+0fgltElgl5\nDnYENKF6Q8Ueo3v9BkKzN68CEPJYz93FuXv74UsnYmmosFmeoN8bRakVwPl3lMRc\ncc9c19gbNzUb2CFo2w9yKziFY8cudXqbyOduW1UW7K4F8dJR5ThoeVl9yEqptNka\nw3/R7tbYiVcfWU2R7U4k8IlrguHXQrsHUtnaU1eZE3XsK+PrKkaP5kEpB2/dFOSy\nB8XwH5sK/P1G6QWvGXAqUXN4qooaeSyDk4VBZyKYeOyPpo6O5CwQ/8O4ho2Td5/Z\nFWRO+dI9tpnJ8w1Yy22MJdOAXveAUDDD4GT5pRZ41rauzRNO/iLmLr10reRVvlYT\nkln4e472umxzyqFa6RIPJFkW+CziYUTH88H33vWOb4XNJpoTlk2HBJ0hGqGF9nmH\na4vY0+WLMQ3PB1lsfjqqRe+1xjMmOTwDRF9/TB+DYyBMCtHotg3bBwZNYMwxUSLR\nPUV/vNbunGXcvuzv6t7tfbVzgN5mY35Lp8W+YfzvONJ8r2Y/Wjwn/7VLt2rPO79B\nNp7CTYFtowaT4v46ciFWbqRXiZBWMqtxRhPrZvv30i6/WgknonxC+bG3vgEuCJ+H\ndUjkkWAwDy4g6yvDTL4xm0kCAwEAAQ==\n-----END PUBLIC KEY-----\n",
            "rsa_bits": 4096
          },
          "sensitive_attributes": [
            [
              {
                "type": "get_attr",
                "value": "private_key_pem"
              }
            ],
            [
              {
                "type": "get_attr",
                "value": "private_key_pem_pkcs8"
              }
            ],
            [
              {
                "type": "get_attr",
                "value": "private_key_openssh"
              }
            ]
          ],
          "create_before_destroy": true
        }
      ]
    },
    {
      "mode": "managed",
      "type": "tls_private_key",
      "name": "ec2_key",
      "provider": "provider[\"registry.terraform.io/hashicorp/tls\"]",
      "instances": [
        {
          "schema_version": 1,
          "attributes": {
            "algorithm": "RSA",
            "ecdsa_curve": "P224",
            "id": "265c1820161ce6e31245b0137dc8df14b2c25ff8",
            "private_key_openssh": "-----BEGIN OPENSSH PRIVATE KEY-----\nb3BlbnNzaC1rZXktdjEAAAAABG5vbmUAAAAEbm9uZQAAAAAAAAABAAACFwAAAAdz\nc2gtcnNhAAAAAwEAAQAAAgEArZuCeztYrAS2unDPHjqy0QD9GIRYS+eWjZ7qBJSV\njDMmAWPiz6uJY1kyUmd5sCj8nid++60ldPmXmwDEEjaDvVpdplkByNVK53wD8lAI\nYD0jlMpj7NJtEiHf8zEv+4efRxS3ay9j6QWgmbQKu7XtBA7pFShx7Vd0TPJSe0Ie\nJgoG9ond9EpNUv8w2ZN9gtjYwR4ItjDIxm7VL5EZfMaA0ZiLUtyL5Qapx8DYufJT\n00NZsoh+ylEJUENkaYZNVkY7mIRCBI54DV3tVqNVvYXPITDQ2T54dpE4ar8s44JX\ntFFVY2Y8bWAcP1vatcdUN7cblfDR6oKhuDppxSRPkeN5tRenIwav8cvlNwrpBKEV\nIEiPv6JNp2DJ9X5kQhQV9UulSTGm1sNwSzXHPoETUof9Yz0ZOTQeB4x2t+9pENTL\nsroQE2B5ifQAXxV9ghCLn/H2PQJ9K3IaL4szVsWdsmsl2Z3NQQLxDaC4JnxNWViq\nUQ9jq68LCw2vvlluNo2KBA+4rF8MRnazCjEHHh94dhuP/53IV5cDAgOfguaLCxGK\nq4gmqM5HV4Ss4R6lrtqCdPQYdKiKwNK54kVN8tMVo3qQp61pNosp3Z5iKHBUMVjE\nq4lAbJxT9JR4bgxbreWvo2RofvVnqispYAC7/HrEYYn73dDg0dEn69CX2R93yxXY\nQTkAAAc4Rd5n6EXeZ+gAAAAHc3NoLXJzYQAAAgEArZuCeztYrAS2unDPHjqy0QD9\nGIRYS+eWjZ7qBJSVjDMmAWPiz6uJY1kyUmd5sCj8nid++60ldPmXmwDEEjaDvVpd\nplkByNVK53wD8lAIYD0jlMpj7NJtEiHf8zEv+4efRxS3ay9j6QWgmbQKu7XtBA7p\nFShx7Vd0TPJSe0IeJgoG9ond9EpNUv8w2ZN9gtjYwR4ItjDIxm7VL5EZfMaA0ZiL\nUtyL5Qapx8DYufJT00NZsoh+ylEJUENkaYZNVkY7mIRCBI54DV3tVqNVvYXPITDQ\n2T54dpE4ar8s44JXtFFVY2Y8bWAcP1vatcdUN7cblfDR6oKhuDppxSRPkeN5tRen\nIwav8cvlNwrpBKEVIEiPv6JNp2DJ9X5kQhQV9UulSTGm1sNwSzXHPoETUof9Yz0Z\nOTQeB4x2t+9pENTLsroQE2B5ifQAXxV9ghCLn/H2PQJ9K3IaL4szVsWdsmsl2Z3N\nQQLxDaC4JnxNWViqUQ9jq68LCw2vvlluNo2KBA+4rF8MRnazCjEHHh94dhuP/53I\nV5cDAgOfguaLCxGKq4gmqM5HV4Ss4R6lrtqCdPQYdKiKwNK54kVN8tMVo3qQp61p\nNosp3Z5iKHBUMVjEq4lAbJxT9JR4bgxbreWvo2RofvVnqispYAC7/HrEYYn73dDg\n0dEn69CX2R93yxXYQTkAAAADAQABAAACABdf8NmWzAGdQN0pgzmWvazWbT131Euk\nCulWlDu5pckSufNF96vudLkjsVrXA9NsMVc6Cibo0TpGwNrl54BsRqCgIivboBni\nXgt87ysZC4eps7i852djjbv7Q6QC42sCf7eaWnfcEZ+2WkFXtHpBrH/3YfqvT2ed\ndtNFbUWbSWPlxbo8Jd5WgsLCCVnCOgv8FnMqEBI3z1Coa5vT9ZKPR5jw6RFnEI7t\nrr5ugL/ImPDBCLq5Fhk3gAGGkWaD5rXPDwciB6GFbTSfiO05YLn74j+dywD1IFMW\ninoU835OdnCY4t5XTZuMbUE6pOAEzpoR1W0C18CzhgLAGq2oje4eqqw2brfaNhar\nfckuYbyu7BKqnu/RJui29QfoG0fd4wwYiflR1eYioCtEI5KuLaTIrwBE3QuZ9HfZ\n//XUOvIVJ2YHXmTWD1ncrx9CIMBhidxoV4IJC8BIIp4MtFshp5EmLEAxLnuEITl0\n5cSCdMYcm0XifL7g0gBqH1P4QkaRJf8EfExmOFIJSZ2kgPcekKG92QkdTKfbDV9/\nGMV2Y3c4uj6MP8dMZz/vAPJxZOc/y05QtuuyqHJ4QBok7iaPj8V6fO35Gewfyqmc\noe/jQ2caop6ag9FqAifOzCeYgcOiVJORtILytMfCiBStbcqZmP0hp9Ldw0YijvEa\nmub1PmIMo9WBAAABAEqnBEtXoG1lwZpgkEXiE0fb7Sy2lslS4A4YjKdKL9NaJDUO\n7oSZA/xZ6CiJxuTwZQiFDFma6kqrbV27N2gRlUGZvdbgp05Xk8H42aBUB/RMlWna\nzlFbsH3ONK/dbrpb4JkZm6S1rAtGKRLdZMRF8ixoxDvrf6Wo39cezcoOqeyXHk/V\nNUebYFXQWFSftC4glUfXa3k5vLr10kae6BuUh8LjO7lHIfbhw//MTWNOejzIQGmT\nVRTOg2OSu6XHKBCeMsFD+tw3jUJjsb02WNon3nouDeD8JOzO5dY44lP64tW5JOvC\nZaSDVpWNS+1Axc0Jm4tOODSSWGV6zur9t8hUQVwAAAEBAOLhcOFiYr7B0htkfK7r\n6087dulMchMLdeQc+XX7jijhSFl7vcIALwDTasYY1Qlz3UxHhDDgJdJrcsg9zsFg\n43Xo7bYEqCR/M9vwFQPqD1V41xK0VZ8Mr2IycgnV3bZQxM5xGcciWPqLL4cYHtym\nn17MRIG7DqGaEBNjjVC9WRqZHYlxxxd3mMCZ0ICFRh9NldP4729sYXZM2tgwWVQn\nDERBf++iTQsvkSsI1UTt4sN42L1lE0zzxqyrhzLAmV+65D9qOaJ0eC4ACkfW06NM\nOmUsAwtXWw9ZC4lJW1l2SVLnUp7S4krRY1ZM+NgXzWwzrlG4DS78NTOuuIbkAWUz\nA80AAAEBAMPjr5DShfQsxktXpd3yYvdtDCS7wgPFfoZ1PTYKVLJBgyu+teLZxjT8\ncuVxPI5xICvZWkr086R294MOS5a9V8X/VkbEQrV7QIqNldTdCmWaG+HsTqH/Kdc8\ni+Ys8VHNs6MRg8Nx8B6ns6TdtmH6zV+/DTHtxjl+3/Qpy7hflCPo/XhlkpbUMTQf\nck4wOCcdxb73aNwBjHZWeETel9sOABedG4TdxzfIATQnZD2K4MDVjxuI3Yu704BB\niSssRtkVHJxq/gUPLQ9/OwTiQiWFoqj/38Pxo3jwUPg9XzGzfo6Z30470S4Zk5lr\nTMNLmZwhLbXBX4DVgAahIfv9pLMHHx0AAAAAAQID\n-----END OPENSSH PRIVATE KEY-----\n",
            "private_key_pem": "-----BEGIN RSA PRIVATE KEY-----\nMIIJKQIBAAKCAgEArZuCeztYrAS2unDPHjqy0QD9GIRYS+eWjZ7qBJSVjDMmAWPi\nz6uJY1kyUmd5sCj8nid++60ldPmXmwDEEjaDvVpdplkByNVK53wD8lAIYD0jlMpj\n7NJtEiHf8zEv+4efRxS3ay9j6QWgmbQKu7XtBA7pFShx7Vd0TPJSe0IeJgoG9ond\n9EpNUv8w2ZN9gtjYwR4ItjDIxm7VL5EZfMaA0ZiLUtyL5Qapx8DYufJT00NZsoh+\nylEJUENkaYZNVkY7mIRCBI54DV3tVqNVvYXPITDQ2T54dpE4ar8s44JXtFFVY2Y8\nbWAcP1vatcdUN7cblfDR6oKhuDppxSRPkeN5tRenIwav8cvlNwrpBKEVIEiPv6JN\np2DJ9X5kQhQV9UulSTGm1sNwSzXHPoETUof9Yz0ZOTQeB4x2t+9pENTLsroQE2B5\nifQAXxV9ghCLn/H2PQJ9K3IaL4szVsWdsmsl2Z3NQQLxDaC4JnxNWViqUQ9jq68L\nCw2vvlluNo2KBA+4rF8MRnazCjEHHh94dhuP/53IV5cDAgOfguaLCxGKq4gmqM5H\nV4Ss4R6lrtqCdPQYdKiKwNK54kVN8tMVo3qQp61pNosp3Z5iKHBUMVjEq4lAbJxT\n9JR4bgxbreWvo2RofvVnqispYAC7/HrEYYn73dDg0dEn69CX2R93yxXYQTkCAwEA\nAQKCAgAXX/DZlswBnUDdKYM5lr2s1m09d9RLpArpVpQ7uaXJErnzRfer7nS5I7Fa\n1wPTbDFXOgom6NE6RsDa5eeAbEagoCIr26AZ4l4LfO8rGQuHqbO4vOdnY427+0Ok\nAuNrAn+3mlp33BGftlpBV7R6Qax/92H6r09nnXbTRW1Fm0lj5cW6PCXeVoLCwglZ\nwjoL/BZzKhASN89QqGub0/WSj0eY8OkRZxCO7a6+boC/yJjwwQi6uRYZN4ABhpFm\ng+a1zw8HIgehhW00n4jtOWC5++I/ncsA9SBTFop6FPN+TnZwmOLeV02bjG1BOqTg\nBM6aEdVtAtfAs4YCwBqtqI3uHqqsNm632jYWq33JLmG8ruwSqp7v0SbotvUH6BtH\n3eMMGIn5UdXmIqArRCOSri2kyK8ARN0LmfR32f/11DryFSdmB15k1g9Z3K8fQiDA\nYYncaFeCCQvASCKeDLRbIaeRJixAMS57hCE5dOXEgnTGHJtF4ny+4NIAah9T+EJG\nkSX/BHxMZjhSCUmdpID3HpChvdkJHUyn2w1ffxjFdmN3OLo+jD/HTGc/7wDycWTn\nP8tOULbrsqhyeEAaJO4mj4/Fenzt+RnsH8qpnKHv40NnGqKemoPRagInzswnmIHD\nolSTkbSC8rTHwogUrW3KmZj9IafS3cNGIo7xGprm9T5iDKPVgQKCAQEA4uFw4WJi\nvsHSG2R8ruvrTzt26UxyEwt15Bz5dfuOKOFIWXu9wgAvANNqxhjVCXPdTEeEMOAl\n0mtyyD3OwWDjdejttgSoJH8z2/AVA+oPVXjXErRVnwyvYjJyCdXdtlDEznEZxyJY\n+osvhxge3KafXsxEgbsOoZoQE2ONUL1ZGpkdiXHHF3eYwJnQgIVGH02V0/jvb2xh\ndkza2DBZVCcMREF/76JNCy+RKwjVRO3iw3jYvWUTTPPGrKuHMsCZX7rkP2o5onR4\nLgAKR9bTo0w6ZSwDC1dbD1kLiUlbWXZJUudSntLiStFjVkz42BfNbDOuUbgNLvw1\nM664huQBZTMDzQKCAQEAw+OvkNKF9CzGS1el3fJi920MJLvCA8V+hnU9NgpUskGD\nK7614tnGNPxy5XE8jnEgK9laSvTzpHb3gw5Llr1Xxf9WRsRCtXtAio2V1N0KZZob\n4exOof8p1zyL5izxUc2zoxGDw3HwHqezpN22YfrNX78NMe3GOX7f9CnLuF+UI+j9\neGWSltQxNB9yTjA4Jx3Fvvdo3AGMdlZ4RN6X2w4AF50bhN3HN8gBNCdkPYrgwNWP\nG4jdi7vTgEGJKyxG2RUcnGr+BQ8tD387BOJCJYWiqP/fw/GjePBQ+D1fMbN+jpnf\nTjvRLhmTmWtMw0uZnCEttcFfgNWABqEh+/2kswcfHQKCAQEAlKKrKA0jseMaufVo\nNdS7USoc6hS5+z4b2vkceS33YVLN6knF9G3YXUskfWlRUCMHDO0hbj+6p5LbHNJZ\nPJk0C1AxQ3jjix2GpQUxT2Is74r+I/Pe0BcoY0W3LjhdSw65EKJKCAq5jlJXLcMg\nnN/QMvPRwcgBet+KvpkOwKF72ZAMKLpQe1BP04YxcbFeUi2rBbblbfLsGuuYx99M\n9nOqdqEOpriGjth322CrD8BlOjhWjiXEsjpWo1KwfRBuqqeu1tjJr2NsRH6kPZJB\nDo9nBlcCG5D8SB7HDwbvALocqWKA3yo7NFbfJG/C6xcU7lkhT8orYOe8FwLVQxHm\n1BzK1QKCAQEAusXiBOylqh3y561nSgqtEAsaU//tyhjJPbyVI2yQOvI59kC9PdG0\nqZq2lkv0mEAGk6iG7gdGM173Oi8sJUrdYLzHb2v7yvv8mt7KqI4lNqDMywm8I7ue\nEkn5ffsGEKBYEjhF8Nk3QJNXtu9q0VsH7K3GEAANS47MTAp54o7HOcIRw3TdYxBo\n5bDCFQjm0W0SubU+dt7HJaHmxIuUMNnVfq5eqb2oEGiTtT2F1yQOje5Rp8hErNHm\npFhYSCDMYHk/sWhWUU6aATend02gEhSr9gUaPsKrwkkoerhRhpsFJURTZU2lchYS\n5GopY+A2U2ZTJgR9YeKvUiLau2CpY8V7hQKCAQBKpwRLV6BtZcGaYJBF4hNH2+0s\ntpbJUuAOGIynSi/TWiQ1Du6EmQP8Wegoicbk8GUIhQxZmupKq21duzdoEZVBmb3W\n4KdOV5PB+NmgVAf0TJVp2s5RW7B9zjSv3W66W+CZGZuktawLRikS3WTERfIsaMQ7\n63+lqN/XHs3KDqnslx5P1TVHm2BV0FhUn7QuIJVH12t5Oby69dJGnugblIfC4zu5\nRyH24cP/zE1jTno8yEBpk1UUzoNjkrulxygQnjLBQ/rcN41CY7G9NljaJ956Lg3g\n/CTszuXWOOJT+uLVuSTrwmWkg1aVjUvtQMXNCZuLTjg0klhles7q/bfIVEFc\n-----END RSA PRIVATE KEY-----\n",
            "private_key_pem_pkcs8": "-----BEGIN PRIVATE KEY-----\nMIIJQwIBADANBgkqhkiG9w0BAQEFAASCCS0wggkpAgEAAoICAQCtm4J7O1isBLa6\ncM8eOrLRAP0YhFhL55aNnuoElJWMMyYBY+LPq4ljWTJSZ3mwKPyeJ377rSV0+Zeb\nAMQSNoO9Wl2mWQHI1UrnfAPyUAhgPSOUymPs0m0SId/zMS/7h59HFLdrL2PpBaCZ\ntAq7te0EDukVKHHtV3RM8lJ7Qh4mCgb2id30Sk1S/zDZk32C2NjBHgi2MMjGbtUv\nkRl8xoDRmItS3IvlBqnHwNi58lPTQ1myiH7KUQlQQ2Rphk1WRjuYhEIEjngNXe1W\no1W9hc8hMNDZPnh2kThqvyzjgle0UVVjZjxtYBw/W9q1x1Q3txuV8NHqgqG4OmnF\nJE+R43m1F6cjBq/xy+U3CukEoRUgSI+/ok2nYMn1fmRCFBX1S6VJMabWw3BLNcc+\ngRNSh/1jPRk5NB4HjHa372kQ1MuyuhATYHmJ9ABfFX2CEIuf8fY9An0rchovizNW\nxZ2yayXZnc1BAvENoLgmfE1ZWKpRD2OrrwsLDa++WW42jYoED7isXwxGdrMKMQce\nH3h2G4//nchXlwMCA5+C5osLEYqriCaozkdXhKzhHqWu2oJ09Bh0qIrA0rniRU3y\n0xWjepCnrWk2iyndnmIocFQxWMSriUBsnFP0lHhuDFut5a+jZGh+9WeqKylgALv8\nesRhifvd0ODR0Sfr0JfZH3fLFdhBOQIDAQABAoICABdf8NmWzAGdQN0pgzmWvazW\nbT131EukCulWlDu5pckSufNF96vudLkjsVrXA9NsMVc6Cibo0TpGwNrl54BsRqCg\nIivboBniXgt87ysZC4eps7i852djjbv7Q6QC42sCf7eaWnfcEZ+2WkFXtHpBrH/3\nYfqvT2eddtNFbUWbSWPlxbo8Jd5WgsLCCVnCOgv8FnMqEBI3z1Coa5vT9ZKPR5jw\n6RFnEI7trr5ugL/ImPDBCLq5Fhk3gAGGkWaD5rXPDwciB6GFbTSfiO05YLn74j+d\nywD1IFMWinoU835OdnCY4t5XTZuMbUE6pOAEzpoR1W0C18CzhgLAGq2oje4eqqw2\nbrfaNharfckuYbyu7BKqnu/RJui29QfoG0fd4wwYiflR1eYioCtEI5KuLaTIrwBE\n3QuZ9HfZ//XUOvIVJ2YHXmTWD1ncrx9CIMBhidxoV4IJC8BIIp4MtFshp5EmLEAx\nLnuEITl05cSCdMYcm0XifL7g0gBqH1P4QkaRJf8EfExmOFIJSZ2kgPcekKG92Qkd\nTKfbDV9/GMV2Y3c4uj6MP8dMZz/vAPJxZOc/y05QtuuyqHJ4QBok7iaPj8V6fO35\nGewfyqmcoe/jQ2caop6ag9FqAifOzCeYgcOiVJORtILytMfCiBStbcqZmP0hp9Ld\nw0YijvEamub1PmIMo9WBAoIBAQDi4XDhYmK+wdIbZHyu6+tPO3bpTHITC3XkHPl1\n+44o4UhZe73CAC8A02rGGNUJc91MR4Qw4CXSa3LIPc7BYON16O22BKgkfzPb8BUD\n6g9VeNcStFWfDK9iMnIJ1d22UMTOcRnHIlj6iy+HGB7cpp9ezESBuw6hmhATY41Q\nvVkamR2JcccXd5jAmdCAhUYfTZXT+O9vbGF2TNrYMFlUJwxEQX/vok0LL5ErCNVE\n7eLDeNi9ZRNM88asq4cywJlfuuQ/ajmidHguAApH1tOjTDplLAMLV1sPWQuJSVtZ\ndklS51Ke0uJK0WNWTPjYF81sM65RuA0u/DUzrriG5AFlMwPNAoIBAQDD46+Q0oX0\nLMZLV6Xd8mL3bQwku8IDxX6GdT02ClSyQYMrvrXi2cY0/HLlcTyOcSAr2VpK9POk\ndveDDkuWvVfF/1ZGxEK1e0CKjZXU3Qplmhvh7E6h/ynXPIvmLPFRzbOjEYPDcfAe\np7Ok3bZh+s1fvw0x7cY5ft/0Kcu4X5Qj6P14ZZKW1DE0H3JOMDgnHcW+92jcAYx2\nVnhE3pfbDgAXnRuE3cc3yAE0J2Q9iuDA1Y8biN2Lu9OAQYkrLEbZFRycav4FDy0P\nfzsE4kIlhaKo/9/D8aN48FD4PV8xs36Omd9OO9EuGZOZa0zDS5mcIS21wV+A1YAG\noSH7/aSzBx8dAoIBAQCUoqsoDSOx4xq59Wg11LtRKhzqFLn7Phva+Rx5LfdhUs3q\nScX0bdhdSyR9aVFQIwcM7SFuP7qnktsc0lk8mTQLUDFDeOOLHYalBTFPYizviv4j\n897QFyhjRbcuOF1LDrkQokoICrmOUlctwyCc39Ay89HByAF634q+mQ7AoXvZkAwo\nulB7UE/ThjFxsV5SLasFtuVt8uwa65jH30z2c6p2oQ6muIaO2HfbYKsPwGU6OFaO\nJcSyOlajUrB9EG6qp67W2MmvY2xEfqQ9kkEOj2cGVwIbkPxIHscPBu8AuhypYoDf\nKjs0Vt8kb8LrFxTuWSFPyitg57wXAtVDEebUHMrVAoIBAQC6xeIE7KWqHfLnrWdK\nCq0QCxpT/+3KGMk9vJUjbJA68jn2QL090bSpmraWS/SYQAaTqIbuB0YzXvc6Lywl\nSt1gvMdva/vK+/ya3sqojiU2oMzLCbwju54SSfl9+wYQoFgSOEXw2TdAk1e272rR\nWwfsrcYQAA1LjsxMCnnijsc5whHDdN1jEGjlsMIVCObRbRK5tT523scloebEi5Qw\n2dV+rl6pvagQaJO1PYXXJA6N7lGnyESs0eakWFhIIMxgeT+xaFZRTpoBN6d3TaAS\nFKv2BRo+wqvCSSh6uFGGmwUlRFNlTaVyFhLkailj4DZTZlMmBH1h4q9SItq7YKlj\nxXuFAoIBAEqnBEtXoG1lwZpgkEXiE0fb7Sy2lslS4A4YjKdKL9NaJDUO7oSZA/xZ\n6CiJxuTwZQiFDFma6kqrbV27N2gRlUGZvdbgp05Xk8H42aBUB/RMlWnazlFbsH3O\nNK/dbrpb4JkZm6S1rAtGKRLdZMRF8ixoxDvrf6Wo39cezcoOqeyXHk/VNUebYFXQ\nWFSftC4glUfXa3k5vLr10kae6BuUh8LjO7lHIfbhw//MTWNOejzIQGmTVRTOg2OS\nu6XHKBCeMsFD+tw3jUJjsb02WNon3nouDeD8JOzO5dY44lP64tW5JOvCZaSDVpWN\nS+1Axc0Jm4tOODSSWGV6zur9t8hUQVw=\n-----END PRIVATE KEY-----\n",
            "public_key_fingerprint_md5": "aa:21:d4:36:b7:7a:db:a7:3d:88:3d:df:2f:08:93:81",
            "public_key_fingerprint_sha256": "SHA256:b/payAT/oO60v0FpcT/WO4tM96Lu1V8PMqnXPgrG8yg",
            "public_key_openssh": "ssh-rsa AAAAB3NzaC1yc2EAAAADAQABAAACAQCtm4J7O1isBLa6cM8eOrLRAP0YhFhL55aNnuoElJWMMyYBY+LPq4ljWTJSZ3mwKPyeJ377rSV0+ZebAMQSNoO9Wl2mWQHI1UrnfAPyUAhgPSOUymPs0m0SId/zMS/7h59HFLdrL2PpBaCZtAq7te0EDukVKHHtV3RM8lJ7Qh4mCgb2id30Sk1S/zDZk32C2NjBHgi2MMjGbtUvkRl8xoDRmItS3IvlBqnHwNi58lPTQ1myiH7KUQlQQ2Rphk1WRjuYhEIEjngNXe1Wo1W9hc8hMNDZPnh2kThqvyzjgle0UVVjZjxtYBw/W9q1x1Q3txuV8NHqgqG4OmnFJE+R43m1F6cjBq/xy+U3CukEoRUgSI+/ok2nYMn1fmRCFBX1S6VJMabWw3BLNcc+gRNSh/1jPRk5NB4HjHa372kQ1MuyuhATYHmJ9ABfFX2CEIuf8fY9An0rchovizNWxZ2yayXZnc1BAvENoLgmfE1ZWKpRD2OrrwsLDa++WW42jYoED7isXwxGdrMKMQceH3h2G4//nchXlwMCA5+C5osLEYqriCaozkdXhKzhHqWu2oJ09Bh0qIrA0rniRU3y0xWjepCnrWk2iyndnmIocFQxWMSriUBsnFP0lHhuDFut5a+jZGh+9WeqKylgALv8esRhifvd0ODR0Sfr0JfZH3fLFdhBOQ==\n",
            "public_key_pem": "-----BEGIN PUBLIC KEY-----\nMIICIjANBgkqhkiG9w0BAQEFAAOCAg8AMIICCgKCAgEArZuCeztYrAS2unDPHjqy\n0QD9GIRYS+eWjZ7qBJSVjDMmAWPiz6uJY1kyUmd5sCj8nid++60ldPmXmwDEEjaD\nvVpdplkByNVK53wD8lAIYD0jlMpj7NJtEiHf8zEv+4efRxS3ay9j6QWgmbQKu7Xt\nBA7pFShx7Vd0TPJSe0IeJgoG9ond9EpNUv8w2ZN9gtjYwR4ItjDIxm7VL5EZfMaA\n0ZiLUtyL5Qapx8DYufJT00NZsoh+ylEJUENkaYZNVkY7mIRCBI54DV3tVqNVvYXP\nITDQ2T54dpE4ar8s44JXtFFVY2Y8bWAcP1vatcdUN7cblfDR6oKhuDppxSRPkeN5\ntRenIwav8cvlNwrpBKEVIEiPv6JNp2DJ9X5kQhQV9UulSTGm1sNwSzXHPoETUof9\nYz0ZOTQeB4x2t+9pENTLsroQE2B5ifQAXxV9ghCLn/H2PQJ9K3IaL4szVsWdsmsl\n2Z3NQQLxDaC4JnxNWViqUQ9jq68LCw2vvlluNo2KBA+4rF8MRnazCjEHHh94dhuP\n/53IV5cDAgOfguaLCxGKq4gmqM5HV4Ss4R6lrtqCdPQYdKiKwNK54kVN8tMVo3qQ\np61pNosp3Z5iKHBUMVjEq4lAbJxT9JR4bgxbreWvo2RofvVnqispYAC7/HrEYYn7\n3dDg0dEn69CX2R93yxXYQTkCAwEAAQ==\n-----END PUBLIC KEY-----\n",
            "rsa_bits": 4096
          },
          "sensitive_attributes": [
            [
              {
                "type": "get_attr",
                "value": "private_key_pem_pkcs8"
              }
            ],
            [
              {
                "type": "get_attr",
                "value": "private_key_openssh"
              }
            ],
            [
              {
                "type": "get_attr",
                "value": "private_key_pem"
              }
            ]
          ]
        }
      ]
    }
  ],
  "check_results": null
}
