{
  "version": 4,
  "terraform_version": "1.11.4",
  "serial": 5880,
  "lineage": "7533d789-0b13-1942-6022-bc3628f068e8",
  "outputs": {
    "backend_east_ip": {
      "value": "54.204.224.27",
      "type": "string"
    },
    "backend_west_ip": {
      "value": "54.177.247.24",
      "type": "string"
    },
    "ec2_private_key_pem": {
      "value": "-----BEGIN RSA PRIVATE KEY-----\nMIIJKQIBAAKCAgEA2iPIEFbaY+fn098cc/9zR3QG35as56P9/TOpeEhkBb/YWJ1B\nX4ljEgFcJrohZaa0aSRnR6uCNaYUAXzw7BPIlB5ngtWTufPgsZO6lWKTWnB0QS2O\nDDyBNRBlT8VtcOp5wbkEpJsd4lyIxeVs4iFdU7+2Y6DEBxhSDq2rhepoQH67uYIq\nUMp90rX5fgVHnj8y/fQWWtle9ufIlaEqngz7ljRsGrh3oqMxPQDlOLtjZzqjYWyH\nePju1Ow1Zk8u6oDWYkiQQEdGvn3CKIkPg+HZMmsHtH3iGLDmcPXWVGnb7HBnRz+u\nTz5P7RDrVsvzn1RxtEm55uJf9Qq2iP2jjjfk02tLgtRUaX3tedn8VOS6OwzCtVVC\nwAeNL3C+X3/URLgJSIuO5b/buDBlBRaAf6PbGHdheGWqm6YdLSYKMJ9UkIsCjT7j\n2J+PKRQ8vtbpsVyz6pPqG+QkJhTg8eVULw8FB/EMLR++dsuJd0Xvu0L1sSWbd037\n3R+QX8SxFrxlLWO8VERtGyL93jHTyQoIHM/OBkXYOsaSK/Nk9oveez1ikOI4ippx\nRy2JOI8mw8xlXPQJ6rEkEaf5Hr//eLq9UkFtMdFBO4Ecu3zCj8YD28bPcrddySyO\ncSCvvGA1CXPQloEL+Q3cjvX467SqvckOyMfS1zkKpzMeaV4O53eHWpQ85wcCAwEA\nAQKCAgAEqVwWoUyEcwm8uNlaTzyu67dT4tvqDVKZrRdzhxSAHPPqHN4vRPfVhCrs\ndvDMw826K3l7iho7vENULs/VM60HIUkz/g1snV4RXWdQ1uzwM1QAqpENCOP39tQ7\naqwmjBQzBBmpzNjMJA8WL4tun6jnZ8LliSN3RVlHkAWI1JQKwMqRMctms5URwirF\nOyanJpGX5LXvlhKV8ykRrYKEIyHjOVaQEZ4Y3yTnuVOsrTB4HcQtCk0w1B0CdtPD\nTnDhuQQb0JIolX1ZB8X06MzolBR4o9njzQbeYTVjd5Vvc12sRVCnsKAweFPr7H8i\n+TPJFVxirmqnGPJVAbgZ4FW07dPZeKNTCgAEWmLtrFPAY7oG2zw+UHrTHAcQCM0k\n+PEbBFVIXnME3Ot79qX7/GwuqUdJKF0Zjs3VauXd4rgbfRAWkNNIMTCsxE/GFDzS\noYafB8z6fog2eUJmnF1BzKWorpw+8NbvDoIqt1Tp5KEYZxdrnOZGZRTInd5Yot2S\nP9HzKrukdDj6bvQ/p10zPGxYSdScJICHLTmqAsq4n8tpNKm04RSKv+H0BemDJVZG\nwV2wxcgCd1jK1C6QQXbADaY6YRVUsK7JcvY2wM1YmiVVYPtBFHtkdhWXd2GrW8av\nnJiImBf5BQ2dNI+x2hi9E5K0ihZ5/+pj3Qb2r4TxRYOKFL/jRQKCAQEA/RhrdkSI\nd6X+mltylrRhKzDBcr1oqVZ/UIp4dcSlan1VSH0nWQt50//PW09mkwbTn+yMaQEt\nPBFPC/Bh0KEqGKMa2wWDCA+6hEijHqG2Svkz71JZU9Qe7rWbepMximZbgTgbR3o0\n/0sarqCu+bDZCrAPiq0zkQa4nUXJsDozE/GjiJD9ew9+FRcekn8V3XHIEh1Lb2UN\n0EyK5Pd0EUwWwgPh/XpzLjHJ+itOnyljXuUtI4VnLtDmNwy/Pq1mKNUJ712nMP8y\n4onXl9Ey+wzrOICO8/wxP7hCFiXhSIEVHOq2E9iHrCK+MClaJVvNjR3NbCVefGJJ\npRJjKfGqZ7l4ywKCAQEA3KSp/6PI0n9npKJ9UPZ7PQoJsAt+gzKQWEmDZuewloRr\nOPHhgkKZ6lfAB8A1Z9kIfjUM6DWAMbHKb6YQCHLxSwJPqi0gIKz3kBAZdm4VIaFv\nK10slozr3VnUAzW78B1WyIFgFxst36/s/SA/V6aCUTqu5S66nri4kmfl+QecI/Th\nkF4kzBc1rxasLk/1F6sfYZRssH/Jsf8HHRIqtjP9gC+SU4lC+gi6vgiCrWGaz2cM\ndEGAWC7QEHy6sO3Ti4gz8bRlG3EHuzKFo9YSHiy4WWWZu+XGsVMam5OEywtKEsZ8\nGCbk+563YXv3GHOfmNeR6JvXlK0BMxFksCTjZOkPNQKCAQEA6jf0EuG/TMKgCGbC\nd3b8SUT4cN+aAMPcVEOg0JOn5RGRn+C6TixRlQAx+7VSHpP9ugzlr7L4EpOODGVr\nj+/ljiE7FB9YsFgl6o9x7UIH+f/+sOYLZolyCsSj2t5mxUaOPdoXXKFadDsjuSFY\nbBfd84cVCufYRcjrhhf0WxKw/C7tgM901LJ0or3ffAEB0gme9iyIB9GD5BVBoDzj\n+7HniaqgM7xi5QgMe2gifSaHIGWDzVCCOY/2zFEOlslPNlBYvlx0AeLZS0325zch\nL7U35PUL1fy38tjox6hMgJV8XWNUFq+WdpU8XkOWeeYoJgTDeuZmN0OaFZobjNBp\nO04n2wKCAQBn+v3WaLRKZxpL3vuZvR7k7CcWnMQZRin6QWK4izWQKYVyR6NTxNlO\nM95eiLliYEh9WbjkcdohET1qkmL56FlIVSV/+FYsr/bXII8vXb99otuGHxnVNUIu\nhZfBj4ArL1hnk3jaSse6o+jWfWz8fI7rgvFLNlNiW4E4FdiuHGT8GPp4E7XZrJJz\nGgc4qBvD9LQMQ2tZXk+KH7qVe6s/RI8R6tlVntk+hgCjb9VNqjLPzSt0Wi4G4MDT\nFETS/rF0D1MTdEU1wnW3RZ7vUAIn0EFsd9IUV7vkc1qVuNaa7Y4R/RIcO7Ar2Gdp\nfIc9MbgjymuLqG3XNhTboTXHQQsc0iyFAoIBAQD6AoR48oxTbrogWq9wlIqqU9gE\n7BbdhWs6Ai99uqjMSo/i1019z3xFll7fc5ixmAFso/cMtbtFrNnHP0cNQgFa75FQ\nfeUJQjNpjf0eVWwvxfpkEYWR3GSn3wCOro6MoXsk86PVDsseFJwRGLLOFcTkiw+i\nUHWnbqNGgcL4jUGU+eGVJjErt0yJTpqosPx8WBIV1puNyMD16BJSvn04IvcmVhn5\n1aJNpheO0oahKt4ptf9GdEDxLfdjeKEyQq2SdT1W57loRGlpwJvkBVgasrIqSgf+\nXo1t/IJ4OnkwaSmfTr7l5Lvennq9WMUWExBGwUJ1Oi1FZOismUB6zJo21OFv\n-----END RSA PRIVATE KEY-----\n",
      "type": "string",
      "sensitive": true
    },
    "frontend_east_ip": {
      "value": "75.101.221.254",
      "type": "string"
    },
    "frontend_west_ip": {
      "value": "54.193.124.188",
      "type": "string"
    },
    "private_key_pem": {
      "value": "-----BEGIN RSA PRIVATE KEY-----\nMIIJKQIBAAKCAgEAwUVIdj9YuOKoH2RAgv6gUNr1AMZgDKZ1KBs7pH2Grz+pmYtW\nZExXix72tSjx7aeVecfwS8jLAW09MfWaTZfjlD7tKB9sMNISQCm5B7tm0mj4i//C\nWztv0DiDeaMfL+MJXFZ0uckq1bQzOyj/1YuwzJBqN+vSjt+dF/Q8He6DZKJ2WXqH\ntyclVNaKHwe0EShQ3J9FQk+p2ZWNM72G3SZ9etwkNAKgBf64q0B32MSKAJrQkhUg\nA2h5icRRgcY6ROHEy97xiuwZmaHNZe/VTmPxYp0T09wjpwvhrR5brnCx3W0SL0hV\nm40Vsk+HZGw2wZyHgmx20c1wvOvC3LixQSSqCZ6d+HVATdkgCanPtP79hWmHeN/9\nIt53LX2e0uoMurJQzB1ak7ySLR/SHQrNLhjzOh0KYN4gfUkTC2gUAOUL7Yx50S5h\nE2uI3qmDyZOBuWlabwn+VXqw1A+bsVPxxRJP8IDJMUJaq8xx6CJGLUL031wIcR+D\nqGHED63s1p6zCEln1dv4s6LwAXC539DCz7qSHpipnnQ0Kmkr7kcKMVnsd3DJm3WH\n/jTzhzD2V820SFeHRqLTdwFOrS9HQQvIcU2zGYKbyqEtShy0kGXT66uoSw+GPt/K\nM01jDcY+SX8QOwNTB8EoWGLNao9/mujOG9Echoyb+Iu7+JlK1ZskutZI73UCAwEA\nAQKCAgASJflZ8TTZl58F45oTMunG7eiXvAkE5xSVQYlmNstQ5X99hZIFNQ37aFru\nQ/wDvvrQRrAPzbkSVzmp2VA1/Q9Humj2nYzBQNip4cEYMsbC90xviQKtInWrbcMa\nxvCExKL6YrvvPi6hhpxQ79amLMnbS6xNt/07oU/VEgAbJ2x7JK5MVK8tyaU9xC+Q\nHl8QRWLidKpCQczHO73Yn/FsDtM1mDpmD+EK7xJUMmeOmVYEHIV9UjKBX2waPa8R\nqpWKJlEee77etrDotkLdUZoMFGJ0Sh+0gzVt2DXG1dTyGm75ReaxPe+b/bGN3t3t\n1iOGJraqzpiRtuLhOpo/s7AhV9oHh0ECyjP027zg81dUOZNTY8UY0gbgWF6nBheq\nE3VoiWjUbJoySVJvBkq712P1EAGLEqou9VLaluMzb7293GyKknuEJ2SdNQk5cCWu\nMRRiu1XN0p5K7qkjwApYOAGIi3d2CsiYyVezU7w/9VnerOGnnT74vxMJ1t5LQmcI\n/IUtJFRzuIp4Gwwext9f9IRffAX5dY6sPMVZtKRcQqbvr1GpJ18y0XzDPhIgupCF\nIjnimtHs61WPnBD2vD59AA7lGr6Si1RgyVYZT4tPKrCCLl1Z0Hqh1JQzHfKiI+n0\n2o7TIHkm9yZj+VZEtSbuBl9/uq0cEwE0ALJXWsz8NBB1/G4uuQKCAQEAykrRpPPH\nfK47cNVFziVU0/+uJALJfMrOCRXiZfcxmq4dplh4S+5Ye7h8iwENAtsYBvZEvEzC\nfEisbslnbJ1fSGkN0HcTBONrLTkDKexq6a3BNdzkRkMm0/rQTvoNZEx46vfBqRA+\nPeHExYWlwkLKUzpkwFWSHfjWhwuMAq5JKwM+KPO78uNIbra9o6MZEghY/b+uT3kK\nUG4ipg7vVY1HdwywYBFVwPBPt7HxBfUWyoZ7js+Cxd3tCGm9RBlnMB7Uw7L7fUSw\noHBN2heIKrvqb9E5vWAq+63DJNUDyGsaAKChi796lK3j2iuGVFS904ZiiUYDg8Sz\nFLrtsnJxhmv42wKCAQEA9JVKybH7buzo64Jl1cLvJRwb+M7ng9OASZN/pyHEC65r\nWQf6Lk0fvRHNAUMADun/Imw7b2AWk/mdKql2MAhuMS0GIw+qTkBYjjdgNrmsBlmE\nIQAuhgrnVtSIu1kJQVtYNZ1fNhk66a6vPA/7cwmV9CW9P6gu+n2tbwAZn9bAjbqI\nrq9pxav4h58tqX26ItyTSjTTIWuRfufbJQzMcqLkDls8bEGhbgxrHF3KFmjh+/eR\ns9GUfKTMlM1SlloLy2SgLzAwKTJJNtqRqsg/8Rf3OBtsf8LRPGt9xkONPgV8OYM/\n14GHik6H+vrtLFSBl40Kd21LOnPmYAYr69SP06RB7wKCAQBIlvKFq4iw/+CKi61h\n3NmEvWHiwDFHG4s1jWnRRxPAuqwfDe4U6TFNLBVc2AKwPKhxjxt5Kl47tORTWOhI\n/Gu9kx0G6kOj5GuILcYp3BE9S0Fir6ImaGBdfsoTHP2DOUHGpyMSJKcBE6vFaUDi\n5Y6usOyIa+xj3vA0Q3t5VssgqSg8D8Io1VAfkmmYd6U+aEpuu8Kz9+4wkGTUi9Vs\nMKctXBtKTc4kztb8RtkDV0BXakyaIXJ+yDUPaMomzqrNhLK6itZdzDFJUSNOmFUf\naJEmkMCUaRbjeyXkaJ/T4kLRaNKvUAWPppp1plqslkAL0FQ5iCsotIPCc5VqDFEa\neFIzAoIBAQCpQMbIXMpKMNfeYhZmnscvPwx8WXIM38ffIpsr5Unta34N1l9iuyxD\ngpYDUYIwz+0mvQ9EO5JkRFBmvW50PuFCVo3wpV6NWCnwAJIsTMCmhDvTOnT3fYQp\nqloUi8DD4ZphP84rebozDBdn0QeIzBFhKtyTuKcJ4P6r2b3hxpLpgTQk7m6bxC3w\nbE8FA2RTy6CBsZyJfA7razdTpE+25NI8vRZLM/+qUB2vO5gled8opmHFtjqzJrgM\nISoNsbKHxdKz1Pz/BTV1KDu1m23kQVlrEk86+m4hCaG4Gfcb/F/CzPjZAWHya/Xd\n0Ndf3frwDUI48wEkKiA6QwsR377IDtsxAoIBAQCjSM+p8cYLXOFxeCwWG4t8ra1R\nVCCkQmD/y4lkHA1/7g89WXGzo488VW8T2Sp+PcsDQnMNdYog4wMym0fpY1jI5x7A\negIzyLUej2ph78bBiDmTY/U0S/RvHdOxssdCqoOnepu5LHCYwSF8QanClJNfZ9aJ\ntm1GOHrfkCpC8JU2CvYa5hViu5pSYeF5N0Ni+P+2L2ozKUm8h1uQrulKGIdPd6rg\n37Fllv+c2ZWEjeFQzdfC1pPxhspcgVMDvn3aV+16wQnrQGCV6A4r6SuUn6PzPtlV\nnqADBO2omWpn0lg3LVnGqBGK0KO090EeotCPoRUwc5W1L4AXqrEB+qP8kFB6\n-----END RSA PRIVATE KEY-----\n",
      "type": "string",
      "sensitive": true
    },
    "public_nameservers": {
      "value": [
        "ns-1428.awsdns-50.org",
        "ns-1970.awsdns-54.co.uk",
        "ns-436.awsdns-54.com",
        "ns-659.awsdns-18.net"
      ],
      "type": [
        "list",
        "string"
      ]
    },
    "public_zone_id": {
      "value": "Z01306631FM24PO9D1784",
      "type": "string"
    }
  },
  "resources": [
    {
      "mode": "data",
      "type": "aws_ami",
      "name": "al2_east",
      "provider": "provider[\"registry.terraform.io/hashicorp/aws\"].primary",
      "instances": [
        {
          "schema_version": 0,
          "attributes": {
            "architecture": "x86_64",
            "arn": "arn:aws:ec2:us-east-1::image/ami-0e2c86481225d3c51",
            "block_device_mappings": [
              {
                "device_name": "/dev/xvda",
                "ebs": {
                  "delete_on_termination": "true",
                  "encrypted": "false",
                  "iops": "0",
                  "snapshot_id": "snap-05a1692e16f3465af",
                  "throughput": "0",
                  "volume_initialization_rate": "0",
                  "volume_size": "8",
                  "volume_type": "gp2"
                },
                "no_device": "",
                "virtual_name": ""
              }
            ],
            "boot_mode": "",
            "creation_date": "2025-08-08T20:33:28.000Z",
            "deprecation_time": "2025-11-06T20:33:00.000Z",
            "description": "Amazon Linux 2 AMI 2.0.20250808.1 x86_64 HVM gp2",
            "ena_support": true,
            "executable_users": null,
            "filter": [
              {
                "name": "name",
                "values": [
                  "amzn2-ami-hvm-*-x86_64-gp2"
                ]
              }
            ],
            "hypervisor": "xen",
            "id": "ami-0e2c86481225d3c51",
            "image_id": "ami-0e2c86481225d3c51",
            "image_location": "amazon/amzn2-ami-hvm-2.0.20250808.1-x86_64-gp2",
            "image_owner_alias": "amazon",
            "image_type": "machine",
            "imds_support": "",
            "include_deprecated": false,
            "kernel_id": "",
            "last_launched_time": "",
            "most_recent": true,
            "name": "amzn2-ami-hvm-2.0.20250808.1-x86_64-gp2",
            "name_regex": null,
            "owner_id": "137112412989",
            "owners": [
              "amazon"
            ],
            "platform": "",
            "platform_details": "Linux/UNIX",
            "product_codes": [],
            "public": true,
            "ramdisk_id": "",
            "root_device_name": "/dev/xvda",
            "root_device_type": "ebs",
            "root_snapshot_id": "snap-05a1692e16f3465af",
            "sriov_net_support": "simple",
            "state": "available",
            "state_reason": {
              "code": "UNSET",
              "message": "UNSET"
            },
            "tags": {},
            "timeouts": null,
            "tpm_support": "",
            "uefi_data": null,
            "usage_operation": "RunInstances",
            "virtualization_type": "hvm"
          },
          "sensitive_attributes": []
        }
      ]
    },
    {
      "mode": "data",
      "type": "aws_ami",
      "name": "ubuntu_east",
      "provider": "provider[\"registry.terraform.io/hashicorp/aws\"].primary",
      "instances": [
        {
          "schema_version": 0,
          "attributes": {
            "architecture": "x86_64",
            "arn": "arn:aws:ec2:us-east-1::image/ami-021589336d307b577",
            "block_device_mappings": [
              {
                "device_name": "/dev/sda1",
                "ebs": {
                  "delete_on_termination": "true",
                  "encrypted": "false",
                  "iops": "0",
                  "snapshot_id": "snap-03c2cbd9a3ffc3048",
                  "throughput": "0",
                  "volume_initialization_rate": "0",
                  "volume_size": "8",
                  "volume_type": "gp2"
                },
                "no_device": "",
                "virtual_name": ""
              },
              {
                "device_name": "/dev/sdb",
                "ebs": {},
                "no_device": "",
                "virtual_name": "ephemeral0"
              },
              {
                "device_name": "/dev/sdc",
                "ebs": {},
                "no_device": "",
                "virtual_name": "ephemeral1"
              }
            ],
            "boot_mode": "uefi-preferred",
            "creation_date": "2025-08-01T07:11:41.000Z",
            "deprecation_time": "2027-08-01T07:11:41.000Z",
            "description": "Canonical, Ubuntu, 22.04, amd64 jammy image",
            "ena_support": true,
            "executable_users": null,
            "filter": [
              {
                "name": "name",
                "values": [
                  "ubuntu/images/hvm-ssd/ubuntu-jammy-22.04-amd64-server-*"
                ]
              }
            ],
            "hypervisor": "xen",
            "id": "ami-021589336d307b577",
            "image_id": "ami-021589336d307b577",
            "image_location": "amazon/ubuntu/images/hvm-ssd/ubuntu-jammy-22.04-amd64-server-20250801",
            "image_owner_alias": "amazon",
            "image_type": "machine",
            "imds_support": "",
            "include_deprecated": false,
            "kernel_id": "",
            "last_launched_time": "",
            "most_recent": true,
            "name": "ubuntu/images/hvm-ssd/ubuntu-jammy-22.04-amd64-server-20250801",
            "name_regex": null,
            "owner_id": "099720109477",
            "owners": [
              "099720109477"
            ],
            "platform": "",
            "platform_details": "Linux/UNIX",
            "product_codes": [],
            "public": true,
            "ramdisk_id": "",
            "root_device_name": "/dev/sda1",
            "root_device_type": "ebs",
            "root_snapshot_id": "snap-03c2cbd9a3ffc3048",
            "sriov_net_support": "simple",
            "state": "available",
            "state_reason": {
              "code": "UNSET",
              "message": "UNSET"
            },
            "tags": {},
            "timeouts": null,
            "tpm_support": "",
            "uefi_data": null,
            "usage_operation": "RunInstances",
            "virtualization_type": "hvm"
          },
          "sensitive_attributes": []
        }
      ]
    },
    {
      "mode": "data",
      "type": "aws_ami",
      "name": "ubuntu_west",
      "provider": "provider[\"registry.terraform.io/hashicorp/aws\"].secondary",
      "instances": [
        {
          "schema_version": 0,
          "attributes": {
            "architecture": "x86_64",
            "arn": "arn:aws:ec2:us-west-1::image/ami-0742eb7300e2d407c",
            "block_device_mappings": [
              {
                "device_name": "/dev/sda1",
                "ebs": {
                  "delete_on_termination": "true",
                  "encrypted": "false",
                  "iops": "0",
                  "snapshot_id": "snap-015799ca9d7abf629",
                  "throughput": "0",
                  "volume_initialization_rate": "0",
                  "volume_size": "8",
                  "volume_type": "gp2"
                },
                "no_device": "",
                "virtual_name": ""
              },
              {
                "device_name": "/dev/sdb",
                "ebs": {},
                "no_device": "",
                "virtual_name": "ephemeral0"
              },
              {
                "device_name": "/dev/sdc",
                "ebs": {},
                "no_device": "",
                "virtual_name": "ephemeral1"
              }
            ],
            "boot_mode": "uefi-preferred",
            "creation_date": "2025-08-01T07:11:15.000Z",
            "deprecation_time": "2027-08-01T07:11:15.000Z",
            "description": "Canonical, Ubuntu, 22.04, amd64 jammy image",
            "ena_support": true,
            "executable_users": null,
            "filter": [
              {
                "name": "name",
                "values": [
                  "ubuntu/images/hvm-ssd/ubuntu-jammy-22.04-amd64-server-*"
                ]
              }
            ],
            "hypervisor": "xen",
            "id": "ami-0742eb7300e2d407c",
            "image_id": "ami-0742eb7300e2d407c",
            "image_location": "amazon/ubuntu/images/hvm-ssd/ubuntu-jammy-22.04-amd64-server-20250801",
            "image_owner_alias": "amazon",
            "image_type": "machine",
            "imds_support": "",
            "include_deprecated": false,
            "kernel_id": "",
            "last_launched_time": "",
            "most_recent": true,
            "name": "ubuntu/images/hvm-ssd/ubuntu-jammy-22.04-amd64-server-20250801",
            "name_regex": null,
            "owner_id": "099720109477",
            "owners": [
              "099720109477"
            ],
            "platform": "",
            "platform_details": "Linux/UNIX",
            "product_codes": [],
            "public": true,
            "ramdisk_id": "",
            "root_device_name": "/dev/sda1",
            "root_device_type": "ebs",
            "root_snapshot_id": "snap-015799ca9d7abf629",
            "sriov_net_support": "simple",
            "state": "available",
            "state_reason": {
              "code": "UNSET",
              "message": "UNSET"
            },
            "tags": {},
            "timeouts": null,
            "tpm_support": "",
            "uefi_data": null,
            "usage_operation": "RunInstances",
            "virtualization_type": "hvm"
          },
          "sensitive_attributes": []
        }
      ]
    },
    {
      "mode": "data",
      "type": "aws_caller_identity",
      "name": "current",
      "provider": "provider[\"registry.terraform.io/hashicorp/aws\"]",
      "instances": [
        {
          "schema_version": 0,
          "attributes": {
            "account_id": "904233103130",
            "arn": "arn:aws:iam::904233103130:user/Terraform_User",
            "id": "904233103130",
            "user_id": "AIDA5FCD6F4NBMTKVC4ME"
          },
          "sensitive_attributes": []
        }
      ]
    },
    {
      "mode": "data",
      "type": "aws_iam_policy_document",
      "name": "ec2_assume",
      "provider": "provider[\"registry.terraform.io/hashicorp/aws\"]",
      "instances": [
        {
          "schema_version": 0,
          "attributes": {
            "id": "1443847869",
            "json": "{\n  \"Version\": \"2012-10-17\",\n  \"Statement\": [\n    {\n      \"Effect\": \"Allow\",\n      \"Action\": \"sts:AssumeRole\",\n      \"Principal\": {\n        \"Service\": \"ec2.amazonaws.com\"\n      }\n    }\n  ]\n}",
            "minified_json": "{\"Version\":\"2012-10-17\",\"Statement\":[{\"Effect\":\"Allow\",\"Action\":\"sts:AssumeRole\",\"Principal\":{\"Service\":\"ec2.amazonaws.com\"}}]}",
            "override_json": null,
            "override_policy_documents": null,
            "policy_id": null,
            "source_json": null,
            "source_policy_documents": null,
            "statement": [
              {
                "actions": [
                  "sts:AssumeRole"
                ],
                "condition": [],
                "effect": "Allow",
                "not_actions": [],
                "not_principals": [],
                "not_resources": [],
                "principals": [
                  {
                    "identifiers": [
                      "ec2.amazonaws.com"
                    ],
                    "type": "Service"
                  }
                ],
                "resources": [],
                "sid": ""
              }
            ],
            "version": "2012-10-17"
          },
          "sensitive_attributes": []
        }
      ]
    },
    {
      "mode": "data",
      "type": "aws_kms_alias",
      "name": "rds_default_dr",
      "provider": "provider[\"registry.terraform.io/hashicorp/aws\"].secondary",
      "instances": [
        {
          "schema_version": 0,
          "attributes": {
            "arn": "arn:aws:kms:us-west-1:904233103130:alias/aws/rds",
            "id": "arn:aws:kms:us-west-1:904233103130:alias/aws/rds",
            "name": "alias/aws/rds",
            "target_key_arn": "arn:aws:kms:us-west-1:904233103130:key/fe04ac09-e9d3-4a8d-8a0d-f081e08632c6",
            "target_key_id": "fe04ac09-e9d3-4a8d-8a0d-f081e08632c6"
          },
          "sensitive_attributes": []
        }
      ]
    },
    {
      "mode": "managed",
      "type": "aws_acm_certificate",
      "name": "cf_cert",
      "provider": "provider[\"registry.terraform.io/hashicorp/aws\"].useast1",
      "instances": [
        {
          "schema_version": 0,
          "attributes": {
            "arn": "arn:aws:acm:us-east-1:904233103130:certificate/6358121c-1ba9-4ae5-83f9-6a29409cb9a4",
            "certificate_authority_arn": "",
            "certificate_body": null,
            "certificate_chain": null,
            "domain_name": "pietroruoppolo.club",
            "domain_validation_options": [
              {
                "domain_name": "*.pietroruoppolo.club",
                "resource_record_name": "_a6234d5ba1e2dadbd987a33b0be4044e.pietroruoppolo.club.",
                "resource_record_type": "CNAME",
                "resource_record_value": "_d0e9c8d6257f6502d57cb825f6c17058.xlfgrmvvlj.acm-validations.aws."
              },
              {
                "domain_name": "pietroruoppolo.club",
                "resource_record_name": "_a6234d5ba1e2dadbd987a33b0be4044e.pietroruoppolo.club.",
                "resource_record_type": "CNAME",
                "resource_record_value": "_d0e9c8d6257f6502d57cb825f6c17058.xlfgrmvvlj.acm-validations.aws."
              }
            ],
            "early_renewal_duration": "",
            "id": "arn:aws:acm:us-east-1:904233103130:certificate/6358121c-1ba9-4ae5-83f9-6a29409cb9a4",
            "key_algorithm": "RSA_2048",
            "not_after": "",
            "not_before": "",
            "options": [
              {
                "certificate_transparency_logging_preference": "ENABLED"
              }
            ],
            "pending_renewal": false,
            "private_key": null,
            "renewal_eligibility": "INELIGIBLE",
            "renewal_summary": [],
            "status": "PENDING_VALIDATION",
            "subject_alternative_names": [
              "*.pietroruoppolo.club",
              "pietroruoppolo.club"
            ],
            "tags": null,
            "tags_all": {},
            "type": "AMAZON_ISSUED",
            "validation_emails": [],
            "validation_method": "DNS",
            "validation_option": []
          },
          "sensitive_attributes": [
            [
              {
                "type": "get_attr",
                "value": "private_key"
              }
            ]
          ],
          "private": "bnVsbA==",
          "create_before_destroy": true
        }
      ]
    },
    {
      "mode": "managed",
      "type": "aws_ami_from_instance",
      "name": "backend_ami_east",
      "provider": "provider[\"registry.terraform.io/hashicorp/aws\"].primary",
      "instances": [
        {
          "schema_version": 0,
          "attributes": {
            "architecture": "x86_64",
            "arn": "arn:aws:ec2:us-east-1::image/ami-0e8f25d241ffbb4fe",
            "boot_mode": "uefi-preferred",
            "deprecation_time": "",
            "description": "",
            "ebs_block_device": [
              {
                "delete_on_termination": true,
                "device_name": "/dev/sda1",
                "encrypted": false,
                "iops": 0,
                "outpost_arn": "",
                "snapshot_id": "snap-010b51500d0db05dc",
                "throughput": 0,
                "volume_size": 8,
                "volume_type": "gp2"
              }
            ],
            "ena_support": true,
            "ephemeral_block_device": [
              {
                "device_name": "/dev/sdb",
                "virtual_name": "ephemeral0"
              },
              {
                "device_name": "/dev/sdc",
                "virtual_name": "ephemeral1"
              }
            ],
            "hypervisor": "xen",
            "id": "ami-0e8f25d241ffbb4fe",
            "image_location": "904233103130/img-backend-east-2025-08-10-13-26-03",
            "image_owner_alias": "",
            "image_type": "machine",
            "imds_support": "",
            "kernel_id": "",
            "last_launched_time": "",
            "manage_ebs_snapshots": true,
            "name": "img-backend-east-2025-08-10-13-26-03",
            "owner_id": "904233103130",
            "platform": "",
            "platform_details": "Linux/UNIX",
            "public": false,
            "ramdisk_id": "",
            "root_device_name": "/dev/sda1",
            "root_snapshot_id": "snap-010b51500d0db05dc",
            "snapshot_without_reboot": true,
            "source_instance_id": "i-0ee993a6d05b9ea30",
            "sriov_net_support": "simple",
            "tags": null,
            "tags_all": {},
            "timeouts": null,
            "tpm_support": "",
            "uefi_data": null,
            "usage_operation": "RunInstances",
            "virtualization_type": "hvm"
          },
          "sensitive_attributes": [],
          "private": "eyJlMmJmYjczMC1lY2FhLTExZTYtOGY4OC0zNDM2M2JjN2M0YzAiOnsiY3JlYXRlIjoyNDAwMDAwMDAwMDAwLCJkZWxldGUiOjU0MDAwMDAwMDAwMDAsInVwZGF0ZSI6MjQwMDAwMDAwMDAwMH19",
          "dependencies": [
            "aws_instance.backend_east",
            "aws_key_pair.deployer_east",
            "aws_security_group.web_sg_east",
            "aws_subnet.prod",
            "aws_vpc.prod",
            "data.aws_ami.ubuntu_east",
            "tls_private_key.auto"
          ],
          "create_before_destroy": true
        }
      ]
    },
    {
      "mode": "managed",
      "type": "aws_ami_from_instance",
      "name": "backend_ami_west",
      "provider": "provider[\"registry.terraform.io/hashicorp/aws\"].secondary",
      "instances": [
        {
          "schema_version": 0,
          "attributes": {
            "architecture": "x86_64",
            "arn": "arn:aws:ec2:us-west-1::image/ami-023382677c104b4d1",
            "boot_mode": "uefi-preferred",
            "deprecation_time": "",
            "description": "",
            "ebs_block_device": [
              {
                "delete_on_termination": true,
                "device_name": "/dev/sda1",
                "encrypted": false,
                "iops": 0,
                "outpost_arn": "",
                "snapshot_id": "snap-068750d33d59a02a5",
                "throughput": 0,
                "volume_size": 8,
                "volume_type": "gp2"
              }
            ],
            "ena_support": true,
            "ephemeral_block_device": [
              {
                "device_name": "/dev/sdb",
                "virtual_name": "ephemeral0"
              },
              {
                "device_name": "/dev/sdc",
                "virtual_name": "ephemeral1"
              }
            ],
            "hypervisor": "xen",
            "id": "ami-023382677c104b4d1",
            "image_location": "904233103130/img-backend-west-2025-08-10-13-26-03",
            "image_owner_alias": "",
            "image_type": "machine",
            "imds_support": "",
            "kernel_id": "",
            "last_launched_time": "",
            "manage_ebs_snapshots": true,
            "name": "img-backend-west-2025-08-10-13-26-03",
            "owner_id": "904233103130",
            "platform": "",
            "platform_details": "Linux/UNIX",
            "public": false,
            "ramdisk_id": "",
            "root_device_name": "/dev/sda1",
            "root_snapshot_id": "snap-068750d33d59a02a5",
            "snapshot_without_reboot": true,
            "source_instance_id": "i-0476c2064a91fea61",
            "sriov_net_support": "simple",
            "tags": null,
            "tags_all": {},
            "timeouts": null,
            "tpm_support": "",
            "uefi_data": null,
            "usage_operation": "RunInstances",
            "virtualization_type": "hvm"
          },
          "sensitive_attributes": [],
          "private": "eyJlMmJmYjczMC1lY2FhLTExZTYtOGY4OC0zNDM2M2JjN2M0YzAiOnsiY3JlYXRlIjoyNDAwMDAwMDAwMDAwLCJkZWxldGUiOjU0MDAwMDAwMDAwMDAsInVwZGF0ZSI6MjQwMDAwMDAwMDAwMH19",
          "dependencies": [
            "aws_instance.backend_west",
            "aws_key_pair.deployer_west",
            "aws_security_group.web_sg_west",
            "aws_subnet.dr",
            "aws_vpc.dr",
            "data.aws_ami.ubuntu_west",
            "tls_private_key.auto"
          ],
          "create_before_destroy": true
        }
      ]
    },
    {
      "mode": "managed",
      "type": "aws_ami_from_instance",
      "name": "frontend_ami_east",
      "provider": "provider[\"registry.terraform.io/hashicorp/aws\"].primary",
      "instances": [
        {
          "schema_version": 0,
          "attributes": {
            "architecture": "x86_64",
            "arn": "arn:aws:ec2:us-east-1::image/ami-0a5612d7a0a903808",
            "boot_mode": "uefi-preferred",
            "deprecation_time": "",
            "description": "",
            "ebs_block_device": [
              {
                "delete_on_termination": true,
                "device_name": "/dev/sda1",
                "encrypted": false,
                "iops": 0,
                "outpost_arn": "",
                "snapshot_id": "snap-09e47e4770dcc9209",
                "throughput": 0,
                "volume_size": 8,
                "volume_type": "gp2"
              }
            ],
            "ena_support": true,
            "ephemeral_block_device": [
              {
                "device_name": "/dev/sdb",
                "virtual_name": "ephemeral0"
              },
              {
                "device_name": "/dev/sdc",
                "virtual_name": "ephemeral1"
              }
            ],
            "hypervisor": "xen",
            "id": "ami-0a5612d7a0a903808",
            "image_location": "904233103130/img-frontend-east-2025-08-10-13-26-03",
            "image_owner_alias": "",
            "image_type": "machine",
            "imds_support": "",
            "kernel_id": "",
            "last_launched_time": "",
            "manage_ebs_snapshots": true,
            "name": "img-frontend-east-2025-08-10-13-26-03",
            "owner_id": "904233103130",
            "platform": "",
            "platform_details": "Linux/UNIX",
            "public": false,
            "ramdisk_id": "",
            "root_device_name": "/dev/sda1",
            "root_snapshot_id": "snap-09e47e4770dcc9209",
            "snapshot_without_reboot": true,
            "source_instance_id": "i-0bbc12d67d8245349",
            "sriov_net_support": "simple",
            "tags": null,
            "tags_all": {},
            "timeouts": null,
            "tpm_support": "",
            "uefi_data": null,
            "usage_operation": "RunInstances",
            "virtualization_type": "hvm"
          },
          "sensitive_attributes": [],
          "private": "eyJlMmJmYjczMC1lY2FhLTExZTYtOGY4OC0zNDM2M2JjN2M0YzAiOnsiY3JlYXRlIjoyNDAwMDAwMDAwMDAwLCJkZWxldGUiOjU0MDAwMDAwMDAwMDAsInVwZGF0ZSI6MjQwMDAwMDAwMDAwMH19",
          "dependencies": [
            "aws_instance.frontend_east",
            "aws_key_pair.deployer_east",
            "aws_security_group.web_sg_east",
            "aws_subnet.prod",
            "aws_vpc.prod",
            "data.aws_ami.ubuntu_east",
            "tls_private_key.auto"
          ]
        }
      ]
    },
    {
      "mode": "managed",
      "type": "aws_ami_from_instance",
      "name": "frontend_ami_west",
      "provider": "provider[\"registry.terraform.io/hashicorp/aws\"].secondary",
      "instances": [
        {
          "schema_version": 0,
          "attributes": {
            "architecture": "x86_64",
            "arn": "arn:aws:ec2:us-west-1::image/ami-09c107cf3ab3f9a53",
            "boot_mode": "uefi-preferred",
            "deprecation_time": "",
            "description": "",
            "ebs_block_device": [
              {
                "delete_on_termination": true,
                "device_name": "/dev/sda1",
                "encrypted": false,
                "iops": 0,
                "outpost_arn": "",
                "snapshot_id": "snap-06509d7b335115d86",
                "throughput": 0,
                "volume_size": 8,
                "volume_type": "gp2"
              }
            ],
            "ena_support": true,
            "ephemeral_block_device": [
              {
                "device_name": "/dev/sdb",
                "virtual_name": "ephemeral0"
              },
              {
                "device_name": "/dev/sdc",
                "virtual_name": "ephemeral1"
              }
            ],
            "hypervisor": "xen",
            "id": "ami-09c107cf3ab3f9a53",
            "image_location": "904233103130/img-frontend-west-2025-08-10-13-26-03",
            "image_owner_alias": "",
            "image_type": "machine",
            "imds_support": "",
            "kernel_id": "",
            "last_launched_time": "",
            "manage_ebs_snapshots": true,
            "name": "img-frontend-west-2025-08-10-13-26-03",
            "owner_id": "904233103130",
            "platform": "",
            "platform_details": "Linux/UNIX",
            "public": false,
            "ramdisk_id": "",
            "root_device_name": "/dev/sda1",
            "root_snapshot_id": "snap-06509d7b335115d86",
            "snapshot_without_reboot": true,
            "source_instance_id": "i-065be56b689c52241",
            "sriov_net_support": "simple",
            "tags": null,
            "tags_all": {},
            "timeouts": null,
            "tpm_support": "",
            "uefi_data": null,
            "usage_operation": "RunInstances",
            "virtualization_type": "hvm"
          },
          "sensitive_attributes": [],
          "private": "eyJlMmJmYjczMC1lY2FhLTExZTYtOGY4OC0zNDM2M2JjN2M0YzAiOnsiY3JlYXRlIjoyNDAwMDAwMDAwMDAwLCJkZWxldGUiOjU0MDAwMDAwMDAwMDAsInVwZGF0ZSI6MjQwMDAwMDAwMDAwMH19",
          "dependencies": [
            "aws_instance.frontend_west",
            "aws_key_pair.deployer_west",
            "aws_security_group.web_sg_west",
            "aws_subnet.dr",
            "aws_vpc.dr",
            "data.aws_ami.ubuntu_west",
            "tls_private_key.auto"
          ],
          "create_before_destroy": true
        }
      ]
    },
    {
      "mode": "managed",
      "type": "aws_autoscaling_group",
      "name": "backend_asg_west",
      "provider": "provider[\"registry.terraform.io/hashicorp/aws\"].secondary",
      "instances": [
        {
          "schema_version": 1,
          "attributes": {
            "arn": "arn:aws:autoscaling:us-west-1:904233103130:autoScalingGroup:f10b8ab3-5d2b-43eb-9434-5cdd22e02d36:autoScalingGroupName/asg-backend-west",
            "availability_zone_distribution": [
              {
                "capacity_distribution_strategy": "balanced-best-effort"
              }
            ],
            "availability_zones": [
              "us-west-1b",
              "us-west-1c"
            ],
            "capacity_rebalance": false,
            "capacity_reservation_specification": [
              {
                "capacity_reservation_preference": "default",
                "capacity_reservation_target": []
              }
            ],
            "context": "",
            "default_cooldown": 300,
            "default_instance_warmup": 0,
            "desired_capacity": 1,
            "desired_capacity_type": "",
            "enabled_metrics": null,
            "force_delete": false,
            "force_delete_warm_pool": false,
            "health_check_grace_period": 300,
            "health_check_type": "ELB",
            "id": "asg-backend-west",
            "ignore_failed_scaling_activities": false,
            "initial_lifecycle_hook": [],
            "instance_maintenance_policy": [],
            "instance_refresh": [],
            "launch_configuration": "",
            "launch_template": [
              {
                "id": "lt-040c63ddc9a237233",
                "name": "lt-backend-west-20250810133021595600000009",
                "version": "$Latest"
              }
            ],
            "load_balancers": [],
            "max_instance_lifetime": 0,
            "max_size": 1,
            "metrics_granularity": "1Minute",
            "min_elb_capacity": null,
            "min_size": 1,
            "mixed_instances_policy": [],
            "name": "asg-backend-west",
            "name_prefix": "",
            "placement_group": "",
            "predicted_capacity": 0,
            "protect_from_scale_in": false,
            "service_linked_role_arn": "arn:aws:iam::904233103130:role/aws-service-role/autoscaling.amazonaws.com/AWSServiceRoleForAutoScaling",
            "suspended_processes": null,
            "tag": [
              {
                "key": "Name",
                "propagate_at_launch": true,
                "value": "backend-dr"
              }
            ],
            "target_group_arns": [
              "arn:aws:elasticloadbalancing:us-west-1:904233103130:targetgroup/tg-backend-dr/5f4ddf148b4b5a44"
            ],
            "termination_policies": null,
            "timeouts": null,
            "traffic_source": [
              {
                "identifier": "arn:aws:elasticloadbalancing:us-west-1:904233103130:targetgroup/tg-backend-dr/5f4ddf148b4b5a44",
                "type": "elbv2"
              }
            ],
            "vpc_zone_identifier": [
              "subnet-083437c36ad02d226",
              "subnet-0f9aacfc923d032d7"
            ],
            "wait_for_capacity_timeout": "10m",
            "wait_for_elb_capacity": null,
            "warm_pool": [],
            "warm_pool_size": 0
          },
          "sensitive_attributes": [],
          "private": "eyJlMmJmYjczMC1lY2FhLTExZTYtOGY4OC0zNDM2M2JjN2M0YzAiOnsiZGVsZXRlIjo2MDAwMDAwMDAwMDAsInVwZGF0ZSI6NjAwMDAwMDAwMDAwfSwic2NoZW1hX3ZlcnNpb24iOiIxIn0=",
          "dependencies": [
            "aws_ami_from_instance.backend_ami_west",
            "aws_instance.backend_west",
            "aws_key_pair.deployer_west",
            "aws_launch_template.backend_lt_west",
            "aws_lb_target_group.tg_backend_dr",
            "aws_security_group.backend_ec2_dr",
            "aws_security_group.web_sg_west",
            "aws_subnet.dr",
            "aws_vpc.dr",
            "data.aws_ami.ubuntu_west",
            "tls_private_key.auto"
          ],
          "create_before_destroy": true
        }
      ]
    },
    {
      "mode": "managed",
      "type": "aws_autoscaling_group",
      "name": "frontend_asg_west",
      "provider": "provider[\"registry.terraform.io/hashicorp/aws\"].secondary",
      "instances": [
        {
          "schema_version": 1,
          "attributes": {
            "arn": "arn:aws:autoscaling:us-west-1:904233103130:autoScalingGroup:82578a6d-f78a-441f-8d7b-fc63f370022a:autoScalingGroupName/asg-frontend-west",
            "availability_zone_distribution": [
              {
                "capacity_distribution_strategy": "balanced-best-effort"
              }
            ],
            "availability_zones": [
              "us-west-1b",
              "us-west-1c"
            ],
            "capacity_rebalance": false,
            "capacity_reservation_specification": [
              {
                "capacity_reservation_preference": "default",
                "capacity_reservation_target": []
              }
            ],
            "context": "",
            "default_cooldown": 300,
            "default_instance_warmup": 0,
            "desired_capacity": 1,
            "desired_capacity_type": "",
            "enabled_metrics": null,
            "force_delete": false,
            "force_delete_warm_pool": false,
            "health_check_grace_period": 300,
            "health_check_type": "ELB",
            "id": "asg-frontend-west",
            "ignore_failed_scaling_activities": false,
            "initial_lifecycle_hook": [],
            "instance_maintenance_policy": [],
            "instance_refresh": [],
            "launch_configuration": "",
            "launch_template": [
              {
                "id": "lt-0e078a3382eff126a",
                "name": "lt-frontend-west-20250810132853201000000007",
                "version": "$Latest"
              }
            ],
            "load_balancers": [],
            "max_instance_lifetime": 0,
            "max_size": 1,
            "metrics_granularity": "1Minute",
            "min_elb_capacity": null,
            "min_size": 1,
            "mixed_instances_policy": [],
            "name": "asg-frontend-west",
            "name_prefix": "",
            "placement_group": "",
            "predicted_capacity": 0,
            "protect_from_scale_in": false,
            "service_linked_role_arn": "arn:aws:iam::904233103130:role/aws-service-role/autoscaling.amazonaws.com/AWSServiceRoleForAutoScaling",
            "suspended_processes": null,
            "tag": [
              {
                "key": "Name",
                "propagate_at_launch": true,
                "value": "frontend-dr"
              }
            ],
            "target_group_arns": [
              "arn:aws:elasticloadbalancing:us-west-1:904233103130:targetgroup/tg-frontend-dr/512904bf9fd0f2d4"
            ],
            "termination_policies": null,
            "timeouts": null,
            "traffic_source": [
              {
                "identifier": "arn:aws:elasticloadbalancing:us-west-1:904233103130:targetgroup/tg-frontend-dr/512904bf9fd0f2d4",
                "type": "elbv2"
              }
            ],
            "vpc_zone_identifier": [
              "subnet-04e294f1862277df8",
              "subnet-0681cdcac9037d8c2"
            ],
            "wait_for_capacity_timeout": "10m",
            "wait_for_elb_capacity": null,
            "warm_pool": [],
            "warm_pool_size": 0
          },
          "sensitive_attributes": [],
          "private": "eyJlMmJmYjczMC1lY2FhLTExZTYtOGY4OC0zNDM2M2JjN2M0YzAiOnsiZGVsZXRlIjo2MDAwMDAwMDAwMDAsInVwZGF0ZSI6NjAwMDAwMDAwMDAwfSwic2NoZW1hX3ZlcnNpb24iOiIxIn0=",
          "dependencies": [
            "aws_ami_from_instance.frontend_ami_west",
            "aws_instance.frontend_west",
            "aws_key_pair.deployer_west",
            "aws_launch_template.frontend_lt_west",
            "aws_lb_target_group.tg_frontend_dr",
            "aws_security_group.frontend_ec2_dr",
            "aws_security_group.web_sg_west",
            "aws_subnet.dr",
            "aws_vpc.dr",
            "data.aws_ami.ubuntu_west",
            "tls_private_key.auto"
          ],
          "create_before_destroy": true
        }
      ]
    },
    {
      "mode": "managed",
      "type": "aws_backup_plan",
      "name": "ec2_backup_plan",
      "provider": "provider[\"registry.terraform.io/hashicorp/aws\"].east",
      "instances": [
        {
          "schema_version": 1,
          "attributes": {
            "advanced_backup_setting": [],
            "arn": "arn:aws:backup:us-east-1:904233103130:backup-plan:6cfa4146-347b-4439-94d3-230e3c78d567",
            "id": "6cfa4146-347b-4439-94d3-230e3c78d567",
            "name": "daily-backup-plan",
            "rule": [
              {
                "completion_window": 180,
                "copy_action": [
                  {
                    "destination_vault_arn": "arn:aws:backup:us-west-2:904233103130:backup-vault:Default",
                    "lifecycle": [
                      {
                        "cold_storage_after": 0,
                        "delete_after": 30,
                        "opt_in_to_archive_for_supported_resources": false
                      }
                    ]
                  }
                ],
                "enable_continuous_backup": false,
                "lifecycle": [
                  {
                    "cold_storage_after": 0,
                    "delete_after": 30,
                    "opt_in_to_archive_for_supported_resources": false
                  }
                ],
                "recovery_point_tags": {},
                "rule_name": "daily-ec2-backup",
                "schedule": "cron(0 5 * * ? *)",
                "schedule_expression_timezone": "Etc/UTC",
                "start_window": 60,
                "target_vault_name": "vault-east"
              }
            ],
            "tags": null,
            "tags_all": {},
            "version": "ZDUzOTMwYTctZTM4NC00NWEyLTgyNmEtN2M5NTQ2NzFjNmQx"
          },
          "sensitive_attributes": [],
          "private": "eyJzY2hlbWFfdmVyc2lvbiI6IjEifQ==",
          "dependencies": [
            "aws_backup_vault.vault_east",
            "data.aws_caller_identity.current"
          ]
        }
      ]
    },
    {
      "mode": "managed",
      "type": "aws_backup_selection",
      "name": "ec2_selection",
      "provider": "provider[\"registry.terraform.io/hashicorp/aws\"].east",
      "instances": [
        {
          "schema_version": 0,
          "attributes": {
            "condition": [
              {
                "string_equals": [],
                "string_like": [],
                "string_not_equals": [],
                "string_not_like": []
              }
            ],
            "iam_role_arn": "arn:aws:iam::904233103130:role/aws-backup-role",
            "id": "0a8ad59d-e81f-41fa-a5c9-81bfb5b20a1c",
            "name": "frontend-backend-east",
            "not_resources": [],
            "plan_id": "6cfa4146-347b-4439-94d3-230e3c78d567",
            "resources": [
              "arn:aws:ec2:us-east-1:904233103130:instance/i-0bbc12d67d8245349",
              "arn:aws:ec2:us-east-1:904233103130:instance/i-0ee993a6d05b9ea30"
            ],
            "selection_tag": []
          },
          "sensitive_attributes": [],
          "private": "bnVsbA==",
          "dependencies": [
            "aws_backup_plan.ec2_backup_plan",
            "aws_backup_vault.vault_east",
            "aws_iam_role.aws_backup_role",
            "aws_instance.backend_east",
            "aws_instance.frontend_east",
            "aws_key_pair.deployer_east",
            "aws_security_group.web_sg_east",
            "aws_subnet.prod",
            "aws_vpc.prod",
            "data.aws_ami.ubuntu_east",
            "data.aws_caller_identity.current",
            "tls_private_key.auto"
          ]
        }
      ]
    },
    {
      "mode": "managed",
      "type": "aws_backup_vault",
      "name": "vault_east",
      "provider": "provider[\"registry.terraform.io/hashicorp/aws\"].east",
      "instances": [
        {
          "schema_version": 0,
          "attributes": {
            "arn": "arn:aws:backup:us-east-1:904233103130:backup-vault:vault-east",
            "force_destroy": false,
            "id": "vault-east",
            "kms_key_arn": "arn:aws:kms:us-east-1:904233103130:key/b4f04006-e36a-4c60-b408-7f3b548979af",
            "name": "vault-east",
            "recovery_points": 0,
            "tags": null,
            "tags_all": {},
            "timeouts": null
          },
          "sensitive_attributes": [],
          "private": "eyJlMmJmYjczMC1lY2FhLTExZTYtOGY4OC0zNDM2M2JjN2M0YzAiOnsiZGVsZXRlIjo2MDAwMDAwMDAwMDB9fQ=="
        }
      ]
    },
    {
      "mode": "managed",
      "type": "aws_db_instance",
      "name": "primary_db",
      "provider": "provider[\"registry.terraform.io/hashicorp/aws\"].primary",
      "instances": [
        {
          "schema_version": 2,
          "attributes": {
            "address": "myapp-db.czoo08w08x8c.us-east-1.rds.amazonaws.com",
            "allocated_storage": 22,
            "allow_major_version_upgrade": null,
            "apply_immediately": false,
            "arn": "arn:aws:rds:us-east-1:904233103130:db:myapp-db",
            "auto_minor_version_upgrade": true,
            "availability_zone": "us-east-1b",
            "backup_retention_period": 7,
            "backup_target": "region",
            "backup_window": "03:00-04:00",
            "blue_green_update": [],
            "ca_cert_identifier": "rds-ca-rsa2048-g1",
            "character_set_name": "",
            "copy_tags_to_snapshot": false,
            "custom_iam_instance_profile": "",
            "customer_owned_ip_enabled": false,
            "database_insights_mode": "standard",
            "db_name": "test",
            "db_subnet_group_name": "main-db-subnet-group",
            "dedicated_log_volume": false,
            "delete_automated_backups": true,
            "deletion_protection": false,
            "domain": "",
            "domain_auth_secret_arn": "",
            "domain_dns_ips": null,
            "domain_fqdn": "",
            "domain_iam_role_name": "",
            "domain_ou": "",
            "enabled_cloudwatch_logs_exports": null,
            "endpoint": "myapp-db.czoo08w08x8c.us-east-1.rds.amazonaws.com:3306",
            "engine": "mysql",
            "engine_lifecycle_support": "open-source-rds-extended-support",
            "engine_version": "8.0",
            "engine_version_actual": "8.0.42",
            "final_snapshot_identifier": "myapp-db-final-20250810132708",
            "hosted_zone_id": "Z2R2ITUGPM61AM",
            "iam_database_authentication_enabled": false,
            "id": "db-JBV6QGBG27I276RXIWESHOPIIY",
            "identifier": "myapp-db",
            "identifier_prefix": "",
            "instance_class": "db.t3.micro",
            "iops": 0,
            "kms_key_id": "arn:aws:kms:us-east-1:904233103130:key/ab8caa80-8c2e-400f-acbd-6d0ce77d09d7",
            "latest_restorable_time": "2025-08-10T13:41:16Z",
            "license_model": "general-public-license",
            "listener_endpoint": [],
            "maintenance_window": "sat:05:39-sat:06:09",
            "manage_master_user_password": null,
            "master_user_secret": [],
            "master_user_secret_kms_key_id": null,
            "max_allocated_storage": 0,
            "monitoring_interval": 0,
            "monitoring_role_arn": "",
            "multi_az": true,
            "nchar_character_set_name": "",
            "network_type": "IPV4",
            "option_group_name": "default:mysql-8-0",
            "parameter_group_name": "default.mysql8.0",
            "password": "Rodman00!",
            "password_wo": null,
            "password_wo_version": null,
            "performance_insights_enabled": false,
            "performance_insights_kms_key_id": "",
            "performance_insights_retention_period": 0,
            "port": 3306,
            "publicly_accessible": false,
            "replica_mode": "",
            "replicas": [],
            "replicate_source_db": "",
            "resource_id": "db-JBV6QGBG27I276RXIWESHOPIIY",
            "restore_to_point_in_time": [],
            "s3_import": [],
            "skip_final_snapshot": false,
            "snapshot_identifier": null,
            "status": "available",
            "storage_encrypted": true,
            "storage_throughput": 0,
            "storage_type": "gp2",
            "tags": null,
            "tags_all": {},
            "timeouts": null,
            "timezone": "",
            "upgrade_storage_config": null,
            "username": "admin",
            "vpc_security_group_ids": [
              "sg-0e7fc4dfc1af5c934"
            ]
          },
          "sensitive_attributes": [
            [
              {
                "type": "get_attr",
                "value": "password"
              }
            ],
            [
              {
                "type": "get_attr",
                "value": "password_wo"
              }
            ]
          ],
          "private": "eyJlMmJmYjczMC1lY2FhLTExZTYtOGY4OC0zNDM2M2JjN2M0YzAiOnsiY3JlYXRlIjozMDAwMDAwMDAwMDAwLCJkZWxldGUiOjM2MDAwMDAwMDAwMDAsInVwZGF0ZSI6NDgwMDAwMDAwMDAwMH0sInNjaGVtYV92ZXJzaW9uIjoiMiJ9",
          "dependencies": [
            "aws_db_subnet_group.main",
            "aws_security_group.backend_alb",
            "aws_security_group.backend_ec2",
            "aws_security_group.bastion",
            "aws_security_group.rds",
            "aws_subnet.prod",
            "aws_vpc.prod"
          ]
        }
      ]
    },
    {
      "mode": "managed",
      "type": "aws_db_instance",
      "name": "read_replica",
      "provider": "provider[\"registry.terraform.io/hashicorp/aws\"].secondary",
      "instances": [
        {
          "schema_version": 2,
          "attributes": {
            "address": "myapp-db-replica.cbq2okei2ek3.us-west-1.rds.amazonaws.com",
            "allocated_storage": 22,
            "allow_major_version_upgrade": null,
            "apply_immediately": false,
            "arn": "arn:aws:rds:us-west-1:904233103130:db:myapp-db-replica",
            "auto_minor_version_upgrade": true,
            "availability_zone": "us-west-1b",
            "backup_retention_period": 0,
            "backup_target": "region",
            "backup_window": "03:00-04:00",
            "blue_green_update": [],
            "ca_cert_identifier": "rds-ca-rsa2048-g1",
            "character_set_name": "",
            "copy_tags_to_snapshot": false,
            "custom_iam_instance_profile": "",
            "customer_owned_ip_enabled": false,
            "database_insights_mode": "standard",
            "db_name": "test",
            "db_subnet_group_name": "replica-db-subnet-group",
            "dedicated_log_volume": false,
            "delete_automated_backups": true,
            "deletion_protection": false,
            "domain": "",
            "domain_auth_secret_arn": "",
            "domain_dns_ips": null,
            "domain_fqdn": "",
            "domain_iam_role_name": "",
            "domain_ou": "",
            "enabled_cloudwatch_logs_exports": null,
            "endpoint": "myapp-db-replica.cbq2okei2ek3.us-west-1.rds.amazonaws.com:3306",
            "engine": "mysql",
            "engine_lifecycle_support": "open-source-rds-extended-support",
            "engine_version": "8.0.42",
            "engine_version_actual": "8.0.42",
            "final_snapshot_identifier": null,
            "hosted_zone_id": "Z10WI91S59XXQN",
            "iam_database_authentication_enabled": false,
            "id": "db-PRUUCOWMOUA7N2X7MBRSK6OG4A",
            "identifier": "myapp-db-replica",
            "identifier_prefix": "",
            "instance_class": "db.t3.micro",
            "iops": 0,
            "kms_key_id": "arn:aws:kms:us-west-1:904233103130:key/fe04ac09-e9d3-4a8d-8a0d-f081e08632c6",
            "latest_restorable_time": "",
            "license_model": "general-public-license",
            "listener_endpoint": [],
            "maintenance_window": "sat:05:39-sat:06:09",
            "manage_master_user_password": null,
            "master_user_secret": [],
            "master_user_secret_kms_key_id": null,
            "max_allocated_storage": 0,
            "monitoring_interval": 0,
            "monitoring_role_arn": "",
            "multi_az": false,
            "nchar_character_set_name": "",
            "network_type": "IPV4",
            "option_group_name": "default:mysql-8-0",
            "parameter_group_name": "default.mysql8.0",
            "password": null,
            "password_wo": null,
            "password_wo_version": null,
            "performance_insights_enabled": false,
            "performance_insights_kms_key_id": "",
            "performance_insights_retention_period": 0,
            "port": 3306,
            "publicly_accessible": false,
            "replica_mode": "",
            "replicas": [],
            "replicate_source_db": "arn:aws:rds:us-east-1:904233103130:db:myapp-db",
            "resource_id": "db-PRUUCOWMOUA7N2X7MBRSK6OG4A",
            "restore_to_point_in_time": [],
            "s3_import": [],
            "skip_final_snapshot": true,
            "snapshot_identifier": null,
            "status": "available",
            "storage_encrypted": true,
            "storage_throughput": 0,
            "storage_type": "gp2",
            "tags": null,
            "tags_all": {},
            "timeouts": null,
            "timezone": "",
            "upgrade_storage_config": null,
            "username": "admin",
            "vpc_security_group_ids": [
              "sg-03e9d8c9ff43ff192"
            ]
          },
          "sensitive_attributes": [
            [
              {
                "type": "get_attr",
                "value": "password"
              }
            ],
            [
              {
                "type": "get_attr",
                "value": "password_wo"
              }
            ]
          ],
          "private": "eyJlMmJmYjczMC1lY2FhLTExZTYtOGY4OC0zNDM2M2JjN2M0YzAiOnsiY3JlYXRlIjozMDAwMDAwMDAwMDAwLCJkZWxldGUiOjM2MDAwMDAwMDAwMDAsInVwZGF0ZSI6NDgwMDAwMDAwMDAwMH0sInNjaGVtYV92ZXJzaW9uIjoiMiJ9",
          "dependencies": [
            "aws_db_instance.primary_db",
            "aws_db_subnet_group.main",
            "aws_db_subnet_group.replica",
            "aws_security_group.backend_alb",
            "aws_security_group.backend_ec2",
            "aws_security_group.bastion",
            "aws_security_group.rds",
            "aws_security_group.rds_dr",
            "aws_subnet.dr",
            "aws_subnet.prod",
            "aws_vpc.dr",
            "aws_vpc.prod",
            "data.aws_kms_alias.rds_default_dr"
          ]
        }
      ]
    },
    {
      "mode": "managed",
      "type": "aws_db_subnet_group",
      "name": "main",
      "provider": "provider[\"registry.terraform.io/hashicorp/aws\"].primary",
      "instances": [
        {
          "schema_version": 0,
          "attributes": {
            "arn": "arn:aws:rds:us-east-1:904233103130:subgrp:main-db-subnet-group",
            "description": "Managed by Terraform",
            "id": "main-db-subnet-group",
            "name": "main-db-subnet-group",
            "name_prefix": "",
            "subnet_ids": [
              "subnet-08ff3d54b4a2a0de3",
              "subnet-0bf463e85c0eddffc"
            ],
            "supported_network_types": [
              "IPV4"
            ],
            "tags": {
              "Name": "MainDBSubnetGroup"
            },
            "tags_all": {
              "Name": "MainDBSubnetGroup"
            },
            "vpc_id": "vpc-08cb7223348c62951"
          },
          "sensitive_attributes": [],
          "private": "bnVsbA==",
          "dependencies": [
            "aws_subnet.prod",
            "aws_vpc.prod"
          ]
        }
      ]
    },
    {
      "mode": "managed",
      "type": "aws_db_subnet_group",
      "name": "replica",
      "provider": "provider[\"registry.terraform.io/hashicorp/aws\"].secondary",
      "instances": [
        {
          "schema_version": 0,
          "attributes": {
            "arn": "arn:aws:rds:us-west-1:904233103130:subgrp:replica-db-subnet-group",
            "description": "Managed by Terraform",
            "id": "replica-db-subnet-group",
            "name": "replica-db-subnet-group",
            "name_prefix": "",
            "subnet_ids": [
              "subnet-0dbdd92e894534b5e",
              "subnet-0ff1ed6dad18c24f1"
            ],
            "supported_network_types": [
              "IPV4"
            ],
            "tags": {
              "Name": "ReplicaDBSubnetGroup"
            },
            "tags_all": {
              "Name": "ReplicaDBSubnetGroup"
            },
            "vpc_id": "vpc-0b1d642b8418e17f6"
          },
          "sensitive_attributes": [],
          "private": "bnVsbA==",
          "dependencies": [
            "aws_subnet.dr",
            "aws_vpc.dr"
          ]
        }
      ]
    },
    {
      "mode": "managed",
      "type": "aws_eip",
      "name": "dr_nat_eip",
      "provider": "provider[\"registry.terraform.io/hashicorp/aws\"].secondary",
      "instances": [
        {
          "schema_version": 0,
          "attributes": {
            "address": null,
            "allocation_id": "eipalloc-005f3d35fc8dd3738",
            "arn": "arn:aws:ec2:us-west-1:904233103130:elastic-ip/eipalloc-005f3d35fc8dd3738",
            "associate_with_private_ip": null,
            "association_id": "",
            "carrier_ip": "",
            "customer_owned_ip": "",
            "customer_owned_ipv4_pool": "",
            "domain": "vpc",
            "id": "eipalloc-005f3d35fc8dd3738",
            "instance": "",
            "ipam_pool_id": null,
            "network_border_group": "us-west-1",
            "network_interface": "",
            "private_dns": null,
            "private_ip": "",
            "ptr_record": "",
            "public_dns": "ec2-52-52-171-38.us-west-1.compute.amazonaws.com",
            "public_ip": "52.52.171.38",
            "public_ipv4_pool": "amazon",
            "tags": {
              "Name": "eip-dr-nat"
            },
            "tags_all": {
              "Name": "eip-dr-nat"
            },
            "timeouts": null,
            "vpc": true
          },
          "sensitive_attributes": [],
          "private": "eyJlMmJmYjczMC1lY2FhLTExZTYtOGY4OC0zNDM2M2JjN2M0YzAiOnsiZGVsZXRlIjoxODAwMDAwMDAwMDAsInJlYWQiOjkwMDAwMDAwMDAwMCwidXBkYXRlIjozMDAwMDAwMDAwMDB9fQ=="
        }
      ]
    },
    {
      "mode": "managed",
      "type": "aws_eip",
      "name": "prod_nat_eip",
      "provider": "provider[\"registry.terraform.io/hashicorp/aws\"].primary",
      "instances": [
        {
          "schema_version": 0,
          "attributes": {
            "address": null,
            "allocation_id": "eipalloc-02426575617357a1f",
            "arn": "arn:aws:ec2:us-east-1:904233103130:elastic-ip/eipalloc-02426575617357a1f",
            "associate_with_private_ip": null,
            "association_id": "",
            "carrier_ip": "",
            "customer_owned_ip": "",
            "customer_owned_ipv4_pool": "",
            "domain": "vpc",
            "id": "eipalloc-02426575617357a1f",
            "instance": "",
            "ipam_pool_id": null,
            "network_border_group": "us-east-1",
            "network_interface": "",
            "private_dns": null,
            "private_ip": "",
            "ptr_record": "",
            "public_dns": "ec2-54-167-49-233.compute-1.amazonaws.com",
            "public_ip": "54.167.49.233",
            "public_ipv4_pool": "amazon",
            "tags": {
              "Name": "eip-prod-nat"
            },
            "tags_all": {
              "Name": "eip-prod-nat"
            },
            "timeouts": null,
            "vpc": true
          },
          "sensitive_attributes": [],
          "private": "eyJlMmJmYjczMC1lY2FhLTExZTYtOGY4OC0zNDM2M2JjN2M0YzAiOnsiZGVsZXRlIjoxODAwMDAwMDAwMDAsInJlYWQiOjkwMDAwMDAwMDAwMCwidXBkYXRlIjozMDAwMDAwMDAwMDB9fQ=="
        }
      ]
    },
    {
      "mode": "managed",
      "type": "aws_iam_instance_profile",
      "name": "backend_ssm",
      "provider": "provider[\"registry.terraform.io/hashicorp/aws\"]",
      "instances": [
        {
          "schema_version": 0,
          "attributes": {
            "arn": "arn:aws:iam::904233103130:instance-profile/backend-ssm-profile",
            "create_date": "2025-08-10T13:26:07Z",
            "id": "backend-ssm-profile",
            "name": "backend-ssm-profile",
            "name_prefix": "",
            "path": "/",
            "role": "backend-ssm-role",
            "tags": null,
            "tags_all": {},
            "unique_id": "AIPA5FCD6F4NJEHBOWA2P"
          },
          "sensitive_attributes": [],
          "private": "bnVsbA==",
          "dependencies": [
            "aws_iam_role.backend_ssm",
            "data.aws_iam_policy_document.ec2_assume"
          ]
        }
      ]
    },
    {
      "mode": "managed",
      "type": "aws_iam_role",
      "name": "aws_backup_role",
      "provider": "provider[\"registry.terraform.io/hashicorp/aws\"]",
      "instances": [
        {
          "schema_version": 0,
          "attributes": {
            "arn": "arn:aws:iam::904233103130:role/aws-backup-role",
            "assume_role_policy": "{\"Statement\":[{\"Action\":\"sts:AssumeRole\",\"Effect\":\"Allow\",\"Principal\":{\"Service\":\"backup.amazonaws.com\"}}],\"Version\":\"2012-10-17\"}",
            "create_date": "2025-08-10T13:26:06Z",
            "description": "",
            "force_detach_policies": false,
            "id": "aws-backup-role",
            "inline_policy": [],
            "managed_policy_arns": [],
            "max_session_duration": 3600,
            "name": "aws-backup-role",
            "name_prefix": "",
            "path": "/",
            "permissions_boundary": "",
            "tags": null,
            "tags_all": {},
            "unique_id": "AROA5FCD6F4NBFN5JOYIY"
          },
          "sensitive_attributes": [],
          "private": "bnVsbA=="
        }
      ]
    },
    {
      "mode": "managed",
      "type": "aws_iam_role",
      "name": "backend_ssm",
      "provider": "provider[\"registry.terraform.io/hashicorp/aws\"]",
      "instances": [
        {
          "schema_version": 0,
          "attributes": {
            "arn": "arn:aws:iam::904233103130:role/backend-ssm-role",
            "assume_role_policy": "{\"Statement\":[{\"Action\":\"sts:AssumeRole\",\"Effect\":\"Allow\",\"Principal\":{\"Service\":\"ec2.amazonaws.com\"}}],\"Version\":\"2012-10-17\"}",
            "create_date": "2025-08-10T13:26:06Z",
            "description": "",
            "force_detach_policies": false,
            "id": "backend-ssm-role",
            "inline_policy": [],
            "managed_policy_arns": [],
            "max_session_duration": 3600,
            "name": "backend-ssm-role",
            "name_prefix": "",
            "path": "/",
            "permissions_boundary": "",
            "tags": null,
            "tags_all": {},
            "unique_id": "AROA5FCD6F4NG52YONW7S"
          },
          "sensitive_attributes": [],
          "private": "bnVsbA==",
          "dependencies": [
            "data.aws_iam_policy_document.ec2_assume"
          ]
        }
      ]
    },
    {
      "mode": "managed",
      "type": "aws_iam_role_policy_attachment",
      "name": "aws_backup_role_attach",
      "provider": "provider[\"registry.terraform.io/hashicorp/aws\"]",
      "instances": [
        {
          "schema_version": 0,
          "attributes": {
            "id": "aws-backup-role-20250810132608167900000002",
            "policy_arn": "arn:aws:iam::aws:policy/service-role/AWSBackupServiceRolePolicyForBackup",
            "role": "aws-backup-role"
          },
          "sensitive_attributes": [],
          "private": "bnVsbA==",
          "dependencies": [
            "aws_iam_role.aws_backup_role"
          ]
        }
      ]
    },
    {
      "mode": "managed",
      "type": "aws_iam_role_policy_attachment",
      "name": "backend_ssm_core",
      "provider": "provider[\"registry.terraform.io/hashicorp/aws\"]",
      "instances": [
        {
          "schema_version": 0,
          "attributes": {
            "id": "backend-ssm-role-20250810132607810800000001",
            "policy_arn": "arn:aws:iam::aws:policy/AmazonSSMManagedInstanceCore",
            "role": "backend-ssm-role"
          },
          "sensitive_attributes": [],
          "private": "bnVsbA==",
          "dependencies": [
            "aws_iam_role.backend_ssm",
            "data.aws_iam_policy_document.ec2_assume"
          ]
        }
      ]
    },
    {
      "mode": "managed",
      "type": "aws_instance",
      "name": "backend_east",
      "provider": "provider[\"registry.terraform.io/hashicorp/aws\"].primary",
      "instances": [
        {
          "schema_version": 1,
          "attributes": {
            "ami": "ami-021589336d307b577",
            "arn": "arn:aws:ec2:us-east-1:904233103130:instance/i-0ee993a6d05b9ea30",
            "associate_public_ip_address": true,
            "availability_zone": "us-east-1b",
            "capacity_reservation_specification": [
              {
                "capacity_reservation_preference": "open",
                "capacity_reservation_target": []
              }
            ],
            "cpu_core_count": 1,
            "cpu_options": [
              {
                "amd_sev_snp": "",
                "core_count": 1,
                "threads_per_core": 1
              }
            ],
            "cpu_threads_per_core": 1,
            "credit_specification": [
              {
                "cpu_credits": "standard"
              }
            ],
            "disable_api_stop": false,
            "disable_api_termination": false,
            "ebs_block_device": [],
            "ebs_optimized": false,
            "enable_primary_ipv6": null,
            "enclave_options": [
              {
                "enabled": false
              }
            ],
            "ephemeral_block_device": [],
            "get_password_data": false,
            "hibernation": false,
            "host_id": "",
            "host_resource_group_arn": null,
            "iam_instance_profile": "",
            "id": "i-0ee993a6d05b9ea30",
            "instance_initiated_shutdown_behavior": "stop",
            "instance_lifecycle": "",
            "instance_market_options": [],
            "instance_state": "running",
            "instance_type": "t2.micro",
            "ipv6_address_count": 0,
            "ipv6_addresses": [],
            "key_name": "temp-key",
            "launch_template": [],
            "maintenance_options": [
              {
                "auto_recovery": "default"
              }
            ],
            "metadata_options": [
              {
                "http_endpoint": "enabled",
                "http_protocol_ipv6": "disabled",
                "http_put_response_hop_limit": 1,
                "http_tokens": "optional",
                "instance_metadata_tags": "disabled"
              }
            ],
            "monitoring": false,
            "network_interface": [],
            "outpost_arn": "",
            "password_data": "",
            "placement_group": "",
            "placement_partition_number": 0,
            "primary_network_interface_id": "eni-0327f9eb3c419c1a6",
            "private_dns": "ip-172-20-2-50.ec2.internal",
            "private_dns_name_options": [
              {
                "enable_resource_name_dns_a_record": false,
                "enable_resource_name_dns_aaaa_record": false,
                "hostname_type": "ip-name"
              }
            ],
            "private_ip": "172.20.2.50",
            "public_dns": "ec2-54-204-224-27.compute-1.amazonaws.com",
            "public_ip": "54.204.224.27",
            "root_block_device": [
              {
                "delete_on_termination": true,
                "device_name": "/dev/sda1",
                "encrypted": false,
                "iops": 100,
                "kms_key_id": "",
                "tags": {},
                "tags_all": {},
                "throughput": 0,
                "volume_id": "vol-0fe4d72f3801deb23",
                "volume_size": 8,
                "volume_type": "gp2"
              }
            ],
            "secondary_private_ips": [],
            "security_groups": [],
            "source_dest_check": true,
            "spot_instance_request_id": "",
            "subnet_id": "subnet-00566fc243ad3e8f3",
            "tags": {
              "Name": "temp-backend-east"
            },
            "tags_all": {
              "Name": "temp-backend-east"
            },
            "tenancy": "default",
            "timeouts": null,
            "user_data": "ce8626b322a7382aae686a9949894093f778c96b",
            "user_data_base64": null,
            "user_data_replace_on_change": false,
            "volume_tags": null,
            "vpc_security_group_ids": [
              "sg-00276a4efa67ef67e"
            ]
          },
          "sensitive_attributes": [],
          "private": "eyJlMmJmYjczMC1lY2FhLTExZTYtOGY4OC0zNDM2M2JjN2M0YzAiOnsiY3JlYXRlIjo2MDAwMDAwMDAwMDAsImRlbGV0ZSI6MTIwMDAwMDAwMDAwMCwicmVhZCI6OTAwMDAwMDAwMDAwLCJ1cGRhdGUiOjYwMDAwMDAwMDAwMH0sInNjaGVtYV92ZXJzaW9uIjoiMSJ9",
          "dependencies": [
            "aws_key_pair.deployer_east",
            "aws_security_group.web_sg_east",
            "aws_subnet.prod",
            "aws_vpc.prod",
            "data.aws_ami.ubuntu_east",
            "tls_private_key.auto"
          ],
          "create_before_destroy": true
        }
      ]
    },
    {
      "mode": "managed",
      "type": "aws_instance",
      "name": "backend_west",
      "provider": "provider[\"registry.terraform.io/hashicorp/aws\"].secondary",
      "instances": [
        {
          "schema_version": 1,
          "attributes": {
            "ami": "ami-0742eb7300e2d407c",
            "arn": "arn:aws:ec2:us-west-1:904233103130:instance/i-0476c2064a91fea61",
            "associate_public_ip_address": true,
            "availability_zone": "us-west-1c",
            "capacity_reservation_specification": [
              {
                "capacity_reservation_preference": "open",
                "capacity_reservation_target": []
              }
            ],
            "cpu_core_count": 1,
            "cpu_options": [
              {
                "amd_sev_snp": "",
                "core_count": 1,
                "threads_per_core": 1
              }
            ],
            "cpu_threads_per_core": 1,
            "credit_specification": [
              {
                "cpu_credits": "standard"
              }
            ],
            "disable_api_stop": false,
            "disable_api_termination": false,
            "ebs_block_device": [],
            "ebs_optimized": false,
            "enable_primary_ipv6": null,
            "enclave_options": [
              {
                "enabled": false
              }
            ],
            "ephemeral_block_device": [],
            "get_password_data": false,
            "hibernation": false,
            "host_id": "",
            "host_resource_group_arn": null,
            "iam_instance_profile": "",
            "id": "i-0476c2064a91fea61",
            "instance_initiated_shutdown_behavior": "stop",
            "instance_lifecycle": "",
            "instance_market_options": [],
            "instance_state": "running",
            "instance_type": "t2.micro",
            "ipv6_address_count": 0,
            "ipv6_addresses": [],
            "key_name": "temp-key",
            "launch_template": [],
            "maintenance_options": [
              {
                "auto_recovery": "default"
              }
            ],
            "metadata_options": [
              {
                "http_endpoint": "enabled",
                "http_protocol_ipv6": "disabled",
                "http_put_response_hop_limit": 1,
                "http_tokens": "optional",
                "instance_metadata_tags": "disabled"
              }
            ],
            "monitoring": false,
            "network_interface": [],
            "outpost_arn": "",
            "password_data": "",
            "placement_group": "",
            "placement_partition_number": 0,
            "primary_network_interface_id": "eni-0cffe993e91a4acac",
            "private_dns": "ip-172-20-2-64.us-west-1.compute.internal",
            "private_dns_name_options": [
              {
                "enable_resource_name_dns_a_record": false,
                "enable_resource_name_dns_aaaa_record": false,
                "hostname_type": "ip-name"
              }
            ],
            "private_ip": "172.20.2.64",
            "public_dns": "ec2-54-177-247-24.us-west-1.compute.amazonaws.com",
            "public_ip": "54.177.247.24",
            "root_block_device": [
              {
                "delete_on_termination": true,
                "device_name": "/dev/sda1",
                "encrypted": false,
                "iops": 100,
                "kms_key_id": "",
                "tags": {},
                "tags_all": {},
                "throughput": 0,
                "volume_id": "vol-069cd5beb1428f2b6",
                "volume_size": 8,
                "volume_type": "gp2"
              }
            ],
            "secondary_private_ips": [],
            "security_groups": [],
            "source_dest_check": true,
            "spot_instance_request_id": "",
            "subnet_id": "subnet-0d85c64aa621140d7",
            "tags": {
              "Name": "temp-backend-west"
            },
            "tags_all": {
              "Name": "temp-backend-west"
            },
            "tenancy": "default",
            "timeouts": null,
            "user_data": "ce8626b322a7382aae686a9949894093f778c96b",
            "user_data_base64": null,
            "user_data_replace_on_change": false,
            "volume_tags": null,
            "vpc_security_group_ids": [
              "sg-069c6e8620a18ee41"
            ]
          },
          "sensitive_attributes": [],
          "private": "eyJlMmJmYjczMC1lY2FhLTExZTYtOGY4OC0zNDM2M2JjN2M0YzAiOnsiY3JlYXRlIjo2MDAwMDAwMDAwMDAsImRlbGV0ZSI6MTIwMDAwMDAwMDAwMCwicmVhZCI6OTAwMDAwMDAwMDAwLCJ1cGRhdGUiOjYwMDAwMDAwMDAwMH0sInNjaGVtYV92ZXJzaW9uIjoiMSJ9",
          "dependencies": [
            "aws_key_pair.deployer_west",
            "aws_security_group.web_sg_west",
            "aws_subnet.dr",
            "aws_vpc.dr",
            "data.aws_ami.ubuntu_west",
            "tls_private_key.auto"
          ],
          "create_before_destroy": true
        }
      ]
    },
    {
      "mode": "managed",
      "type": "aws_instance",
      "name": "frontend_east",
      "provider": "provider[\"registry.terraform.io/hashicorp/aws\"].primary",
      "instances": [
        {
          "schema_version": 1,
          "attributes": {
            "ami": "ami-021589336d307b577",
            "arn": "arn:aws:ec2:us-east-1:904233103130:instance/i-0bbc12d67d8245349",
            "associate_public_ip_address": true,
            "availability_zone": "us-east-1a",
            "capacity_reservation_specification": [
              {
                "capacity_reservation_preference": "open",
                "capacity_reservation_target": []
              }
            ],
            "cpu_core_count": 1,
            "cpu_options": [
              {
                "amd_sev_snp": "",
                "core_count": 1,
                "threads_per_core": 1
              }
            ],
            "cpu_threads_per_core": 1,
            "credit_specification": [
              {
                "cpu_credits": "standard"
              }
            ],
            "disable_api_stop": false,
            "disable_api_termination": false,
            "ebs_block_device": [],
            "ebs_optimized": false,
            "enable_primary_ipv6": null,
            "enclave_options": [
              {
                "enabled": false
              }
            ],
            "ephemeral_block_device": [],
            "get_password_data": false,
            "hibernation": false,
            "host_id": "",
            "host_resource_group_arn": null,
            "iam_instance_profile": "",
            "id": "i-0bbc12d67d8245349",
            "instance_initiated_shutdown_behavior": "stop",
            "instance_lifecycle": "",
            "instance_market_options": [],
            "instance_state": "running",
            "instance_type": "t2.micro",
            "ipv6_address_count": 0,
            "ipv6_addresses": [],
            "key_name": "temp-key",
            "launch_template": [],
            "maintenance_options": [
              {
                "auto_recovery": "default"
              }
            ],
            "metadata_options": [
              {
                "http_endpoint": "enabled",
                "http_protocol_ipv6": "disabled",
                "http_put_response_hop_limit": 1,
                "http_tokens": "optional",
                "instance_metadata_tags": "disabled"
              }
            ],
            "monitoring": false,
            "network_interface": [],
            "outpost_arn": "",
            "password_data": "",
            "placement_group": "",
            "placement_partition_number": 0,
            "primary_network_interface_id": "eni-0a6da4988cb78fb9b",
            "private_dns": "ip-172-20-1-14.ec2.internal",
            "private_dns_name_options": [
              {
                "enable_resource_name_dns_a_record": false,
                "enable_resource_name_dns_aaaa_record": false,
                "hostname_type": "ip-name"
              }
            ],
            "private_ip": "172.20.1.14",
            "public_dns": "ec2-75-101-221-254.compute-1.amazonaws.com",
            "public_ip": "75.101.221.254",
            "root_block_device": [
              {
                "delete_on_termination": true,
                "device_name": "/dev/sda1",
                "encrypted": false,
                "iops": 100,
                "kms_key_id": "",
                "tags": {},
                "tags_all": {},
                "throughput": 0,
                "volume_id": "vol-00947ac3cd7c5f85d",
                "volume_size": 8,
                "volume_type": "gp2"
              }
            ],
            "secondary_private_ips": [],
            "security_groups": [],
            "source_dest_check": true,
            "spot_instance_request_id": "",
            "subnet_id": "subnet-05e9fe8855a156547",
            "tags": {
              "Name": "temp-frontend-east"
            },
            "tags_all": {
              "Name": "temp-frontend-east"
            },
            "tenancy": "default",
            "timeouts": null,
            "user_data": "34784ea34ac33f635d1d4304069091ea641fd9ee",
            "user_data_base64": null,
            "user_data_replace_on_change": false,
            "volume_tags": null,
            "vpc_security_group_ids": [
              "sg-00276a4efa67ef67e"
            ]
          },
          "sensitive_attributes": [],
          "private": "eyJlMmJmYjczMC1lY2FhLTExZTYtOGY4OC0zNDM2M2JjN2M0YzAiOnsiY3JlYXRlIjo2MDAwMDAwMDAwMDAsImRlbGV0ZSI6MTIwMDAwMDAwMDAwMCwicmVhZCI6OTAwMDAwMDAwMDAwLCJ1cGRhdGUiOjYwMDAwMDAwMDAwMH0sInNjaGVtYV92ZXJzaW9uIjoiMSJ9",
          "dependencies": [
            "aws_key_pair.deployer_east",
            "aws_security_group.web_sg_east",
            "aws_subnet.prod",
            "aws_vpc.prod",
            "data.aws_ami.ubuntu_east",
            "tls_private_key.auto"
          ]
        }
      ]
    },
    {
      "mode": "managed",
      "type": "aws_instance",
      "name": "frontend_west",
      "provider": "provider[\"registry.terraform.io/hashicorp/aws\"].secondary",
      "instances": [
        {
          "schema_version": 1,
          "attributes": {
            "ami": "ami-0742eb7300e2d407c",
            "arn": "arn:aws:ec2:us-west-1:904233103130:instance/i-065be56b689c52241",
            "associate_public_ip_address": true,
            "availability_zone": "us-west-1b",
            "capacity_reservation_specification": [
              {
                "capacity_reservation_preference": "open",
                "capacity_reservation_target": []
              }
            ],
            "cpu_core_count": 1,
            "cpu_options": [
              {
                "amd_sev_snp": "",
                "core_count": 1,
                "threads_per_core": 1
              }
            ],
            "cpu_threads_per_core": 1,
            "credit_specification": [
              {
                "cpu_credits": "standard"
              }
            ],
            "disable_api_stop": false,
            "disable_api_termination": false,
            "ebs_block_device": [],
            "ebs_optimized": false,
            "enable_primary_ipv6": null,
            "enclave_options": [
              {
                "enabled": false
              }
            ],
            "ephemeral_block_device": [],
            "get_password_data": false,
            "hibernation": false,
            "host_id": "",
            "host_resource_group_arn": null,
            "iam_instance_profile": "",
            "id": "i-065be56b689c52241",
            "instance_initiated_shutdown_behavior": "stop",
            "instance_lifecycle": "",
            "instance_market_options": [],
            "instance_state": "running",
            "instance_type": "t2.micro",
            "ipv6_address_count": 0,
            "ipv6_addresses": [],
            "key_name": "temp-key",
            "launch_template": [],
            "maintenance_options": [
              {
                "auto_recovery": "default"
              }
            ],
            "metadata_options": [
              {
                "http_endpoint": "enabled",
                "http_protocol_ipv6": "disabled",
                "http_put_response_hop_limit": 1,
                "http_tokens": "optional",
                "instance_metadata_tags": "disabled"
              }
            ],
            "monitoring": false,
            "network_interface": [],
            "outpost_arn": "",
            "password_data": "",
            "placement_group": "",
            "placement_partition_number": 0,
            "primary_network_interface_id": "eni-00725830cf7950b2c",
            "private_dns": "ip-172-20-1-151.us-west-1.compute.internal",
            "private_dns_name_options": [
              {
                "enable_resource_name_dns_a_record": false,
                "enable_resource_name_dns_aaaa_record": false,
                "hostname_type": "ip-name"
              }
            ],
            "private_ip": "172.20.1.151",
            "public_dns": "ec2-54-193-124-188.us-west-1.compute.amazonaws.com",
            "public_ip": "54.193.124.188",
            "root_block_device": [
              {
                "delete_on_termination": true,
                "device_name": "/dev/sda1",
                "encrypted": false,
                "iops": 100,
                "kms_key_id": "",
                "tags": {},
                "tags_all": {},
                "throughput": 0,
                "volume_id": "vol-05e61ed159c52cec6",
                "volume_size": 8,
                "volume_type": "gp2"
              }
            ],
            "secondary_private_ips": [],
            "security_groups": [],
            "source_dest_check": true,
            "spot_instance_request_id": "",
            "subnet_id": "subnet-02fdbf6d838deef0f",
            "tags": {
              "Name": "temp-frontend-west"
            },
            "tags_all": {
              "Name": "temp-frontend-west"
            },
            "tenancy": "default",
            "timeouts": null,
            "user_data": "34784ea34ac33f635d1d4304069091ea641fd9ee",
            "user_data_base64": null,
            "user_data_replace_on_change": false,
            "volume_tags": null,
            "vpc_security_group_ids": [
              "sg-069c6e8620a18ee41"
            ]
          },
          "sensitive_attributes": [],
          "private": "eyJlMmJmYjczMC1lY2FhLTExZTYtOGY4OC0zNDM2M2JjN2M0YzAiOnsiY3JlYXRlIjo2MDAwMDAwMDAwMDAsImRlbGV0ZSI6MTIwMDAwMDAwMDAwMCwicmVhZCI6OTAwMDAwMDAwMDAwLCJ1cGRhdGUiOjYwMDAwMDAwMDAwMH0sInNjaGVtYV92ZXJzaW9uIjoiMSJ9",
          "dependencies": [
            "aws_key_pair.deployer_west",
            "aws_security_group.web_sg_west",
            "aws_subnet.dr",
            "aws_vpc.dr",
            "data.aws_ami.ubuntu_west",
            "tls_private_key.auto"
          ],
          "create_before_destroy": true
        }
      ]
    },
    {
      "mode": "managed",
      "type": "aws_internet_gateway",
      "name": "dr_igw",
      "provider": "provider[\"registry.terraform.io/hashicorp/aws\"].secondary",
      "instances": [
        {
          "schema_version": 0,
          "attributes": {
            "arn": "arn:aws:ec2:us-west-1:904233103130:internet-gateway/igw-0662a93ab6f3704ae",
            "id": "igw-0662a93ab6f3704ae",
            "owner_id": "904233103130",
            "tags": {
              "Name": "igw-dr"
            },
            "tags_all": {
              "Name": "igw-dr"
            },
            "timeouts": null,
            "vpc_id": "vpc-0b1d642b8418e17f6"
          },
          "sensitive_attributes": [],
          "private": "eyJlMmJmYjczMC1lY2FhLTExZTYtOGY4OC0zNDM2M2JjN2M0YzAiOnsiY3JlYXRlIjoxMjAwMDAwMDAwMDAwLCJkZWxldGUiOjEyMDAwMDAwMDAwMDAsInVwZGF0ZSI6MTIwMDAwMDAwMDAwMH19",
          "dependencies": [
            "aws_vpc.dr"
          ]
        }
      ]
    },
    {
      "mode": "managed",
      "type": "aws_internet_gateway",
      "name": "prod_igw",
      "provider": "provider[\"registry.terraform.io/hashicorp/aws\"].primary",
      "instances": [
        {
          "schema_version": 0,
          "attributes": {
            "arn": "arn:aws:ec2:us-east-1:904233103130:internet-gateway/igw-0c0ee883731652e6a",
            "id": "igw-0c0ee883731652e6a",
            "owner_id": "904233103130",
            "tags": {
              "Name": "igw-prod"
            },
            "tags_all": {
              "Name": "igw-prod"
            },
            "timeouts": null,
            "vpc_id": "vpc-08cb7223348c62951"
          },
          "sensitive_attributes": [],
          "private": "eyJlMmJmYjczMC1lY2FhLTExZTYtOGY4OC0zNDM2M2JjN2M0YzAiOnsiY3JlYXRlIjoxMjAwMDAwMDAwMDAwLCJkZWxldGUiOjEyMDAwMDAwMDAwMDAsInVwZGF0ZSI6MTIwMDAwMDAwMDAwMH19",
          "dependencies": [
            "aws_vpc.prod"
          ]
        }
      ]
    },
    {
      "mode": "managed",
      "type": "aws_key_pair",
      "name": "deployer_east",
      "provider": "provider[\"registry.terraform.io/hashicorp/aws\"].primary",
      "instances": [
        {
          "schema_version": 1,
          "attributes": {
            "arn": "arn:aws:ec2:us-east-1:904233103130:key-pair/temp-key",
            "fingerprint": "6b:e3:bd:5c:5b:cf:94:a6:49:84:56:c8:ab:5d:e9:8a",
            "id": "temp-key",
            "key_name": "temp-key",
            "key_name_prefix": "",
            "key_pair_id": "key-01fddd3f5d6261948",
            "key_type": "rsa",
            "public_key": "ssh-rsa AAAAB3NzaC1yc2EAAAADAQABAAACAQDBRUh2P1i44qgfZECC/qBQ2vUAxmAMpnUoGzukfYavP6mZi1ZkTFeLHva1KPHtp5V5x/BLyMsBbT0x9ZpNl+OUPu0oH2ww0hJAKbkHu2bSaPiL/8JbO2/QOIN5ox8v4wlcVnS5ySrVtDM7KP/Vi7DMkGo369KO350X9Dwd7oNkonZZeoe3JyVU1oofB7QRKFDcn0VCT6nZlY0zvYbdJn163CQ0AqAF/rirQHfYxIoAmtCSFSADaHmJxFGBxjpE4cTL3vGK7BmZoc1l79VOY/FinRPT3COnC+GtHluucLHdbRIvSFWbjRWyT4dkbDbBnIeCbHbRzXC868LcuLFBJKoJnp34dUBN2SAJqc+0/v2FaYd43/0i3nctfZ7S6gy6slDMHVqTvJItH9IdCs0uGPM6HQpg3iB9SRMLaBQA5QvtjHnRLmETa4jeqYPJk4G5aVpvCf5VerDUD5uxU/HFEk/wgMkxQlqrzHHoIkYtQvTfXAhxH4OoYcQPrezWnrMISWfV2/izovABcLnf0MLPupIemKmedDQqaSvuRwoxWex3cMmbdYf+NPOHMPZXzbRIV4dGotN3AU6tL0dBC8hxTbMZgpvKoS1KHLSQZdPrq6hLD4Y+38ozTWMNxj5JfxA7A1MHwShYYs1qj3+a6M4b0RyGjJv4i7v4mUrVmyS61kjvdQ==",
            "tags": null,
            "tags_all": {}
          },
          "sensitive_attributes": [],
          "private": "eyJzY2hlbWFfdmVyc2lvbiI6IjEifQ==",
          "dependencies": [
            "tls_private_key.auto"
          ],
          "create_before_destroy": true
        }
      ]
    },
    {
      "mode": "managed",
      "type": "aws_key_pair",
      "name": "deployer_west",
      "provider": "provider[\"registry.terraform.io/hashicorp/aws\"].secondary",
      "instances": [
        {
          "schema_version": 1,
          "attributes": {
            "arn": "arn:aws:ec2:us-west-1:904233103130:key-pair/temp-key",
            "fingerprint": "6b:e3:bd:5c:5b:cf:94:a6:49:84:56:c8:ab:5d:e9:8a",
            "id": "temp-key",
            "key_name": "temp-key",
            "key_name_prefix": "",
            "key_pair_id": "key-057df8f9659762cae",
            "key_type": "rsa",
            "public_key": "ssh-rsa AAAAB3NzaC1yc2EAAAADAQABAAACAQDBRUh2P1i44qgfZECC/qBQ2vUAxmAMpnUoGzukfYavP6mZi1ZkTFeLHva1KPHtp5V5x/BLyMsBbT0x9ZpNl+OUPu0oH2ww0hJAKbkHu2bSaPiL/8JbO2/QOIN5ox8v4wlcVnS5ySrVtDM7KP/Vi7DMkGo369KO350X9Dwd7oNkonZZeoe3JyVU1oofB7QRKFDcn0VCT6nZlY0zvYbdJn163CQ0AqAF/rirQHfYxIoAmtCSFSADaHmJxFGBxjpE4cTL3vGK7BmZoc1l79VOY/FinRPT3COnC+GtHluucLHdbRIvSFWbjRWyT4dkbDbBnIeCbHbRzXC868LcuLFBJKoJnp34dUBN2SAJqc+0/v2FaYd43/0i3nctfZ7S6gy6slDMHVqTvJItH9IdCs0uGPM6HQpg3iB9SRMLaBQA5QvtjHnRLmETa4jeqYPJk4G5aVpvCf5VerDUD5uxU/HFEk/wgMkxQlqrzHHoIkYtQvTfXAhxH4OoYcQPrezWnrMISWfV2/izovABcLnf0MLPupIemKmedDQqaSvuRwoxWex3cMmbdYf+NPOHMPZXzbRIV4dGotN3AU6tL0dBC8hxTbMZgpvKoS1KHLSQZdPrq6hLD4Y+38ozTWMNxj5JfxA7A1MHwShYYs1qj3+a6M4b0RyGjJv4i7v4mUrVmyS61kjvdQ==",
            "tags": null,
            "tags_all": {}
          },
          "sensitive_attributes": [],
          "private": "eyJzY2hlbWFfdmVyc2lvbiI6IjEifQ==",
          "dependencies": [
            "tls_private_key.auto"
          ],
          "create_before_destroy": true
        }
      ]
    },
    {
      "mode": "managed",
      "type": "aws_key_pair",
      "name": "ec2_key",
      "provider": "provider[\"registry.terraform.io/hashicorp/aws\"].primary",
      "instances": [
        {
          "schema_version": 1,
          "attributes": {
            "arn": "arn:aws:ec2:us-east-1:904233103130:key-pair/multi-region-key",
            "fingerprint": "a2:1c:3d:54:28:87:f6:e5:39:c8:8a:b6:b7:4c:11:61",
            "id": "multi-region-key",
            "key_name": "multi-region-key",
            "key_name_prefix": "",
            "key_pair_id": "key-00a5b44bb02696de2",
            "key_type": "rsa",
            "public_key": "ssh-rsa AAAAB3NzaC1yc2EAAAADAQABAAACAQDaI8gQVtpj5+fT3xxz/3NHdAbflqzno/39M6l4SGQFv9hYnUFfiWMSAVwmuiFlprRpJGdHq4I1phQBfPDsE8iUHmeC1ZO58+Cxk7qVYpNacHRBLY4MPIE1EGVPxW1w6nnBuQSkmx3iXIjF5WziIV1Tv7ZjoMQHGFIOrauF6mhAfru5gipQyn3Stfl+BUeePzL99BZa2V7258iVoSqeDPuWNGwauHeiozE9AOU4u2NnOqNhbId4+O7U7DVmTy7qgNZiSJBAR0a+fcIoiQ+D4dkyawe0feIYsOZw9dZUadvscGdHP65PPk/tEOtWy/OfVHG0Sbnm4l/1CraI/aOON+TTa0uC1FRpfe152fxU5Lo7DMK1VULAB40vcL5ff9REuAlIi47lv9u4MGUFFoB/o9sYd2F4Zaqbph0tJgown1SQiwKNPuPYn48pFDy+1umxXLPqk+ob5CQmFODx5VQvDwUH8QwtH752y4l3Re+7QvWxJZt3TfvdH5BfxLEWvGUtY7xURG0bIv3eMdPJCggcz84GRdg6xpIr82T2i957PWKQ4jiKmnFHLYk4jybDzGVc9AnqsSQRp/kev/94ur1SQW0x0UE7gRy7fMKPxgPbxs9yt13JLI5xIK+8YDUJc9CWgQv5DdyO9fjrtKq9yQ7Ix9LXOQqnMx5pXg7nd4dalDznBw==",
            "tags": null,
            "tags_all": {}
          },
          "sensitive_attributes": [],
          "private": "eyJzY2hlbWFfdmVyc2lvbiI6IjEifQ==",
          "dependencies": [
            "tls_private_key.ec2_key"
          ]
        }
      ]
    },
    {
      "mode": "managed",
      "type": "aws_key_pair",
      "name": "generated_key",
      "provider": "provider[\"registry.terraform.io/hashicorp/aws\"]",
      "instances": [
        {
          "schema_version": 1,
          "attributes": {
            "arn": "arn:aws:ec2:us-east-1:904233103130:key-pair/terraform-key",
            "fingerprint": "a2:1c:3d:54:28:87:f6:e5:39:c8:8a:b6:b7:4c:11:61",
            "id": "terraform-key",
            "key_name": "terraform-key",
            "key_name_prefix": "",
            "key_pair_id": "key-05a147e8027674f22",
            "key_type": "rsa",
            "public_key": "ssh-rsa AAAAB3NzaC1yc2EAAAADAQABAAACAQDaI8gQVtpj5+fT3xxz/3NHdAbflqzno/39M6l4SGQFv9hYnUFfiWMSAVwmuiFlprRpJGdHq4I1phQBfPDsE8iUHmeC1ZO58+Cxk7qVYpNacHRBLY4MPIE1EGVPxW1w6nnBuQSkmx3iXIjF5WziIV1Tv7ZjoMQHGFIOrauF6mhAfru5gipQyn3Stfl+BUeePzL99BZa2V7258iVoSqeDPuWNGwauHeiozE9AOU4u2NnOqNhbId4+O7U7DVmTy7qgNZiSJBAR0a+fcIoiQ+D4dkyawe0feIYsOZw9dZUadvscGdHP65PPk/tEOtWy/OfVHG0Sbnm4l/1CraI/aOON+TTa0uC1FRpfe152fxU5Lo7DMK1VULAB40vcL5ff9REuAlIi47lv9u4MGUFFoB/o9sYd2F4Zaqbph0tJgown1SQiwKNPuPYn48pFDy+1umxXLPqk+ob5CQmFODx5VQvDwUH8QwtH752y4l3Re+7QvWxJZt3TfvdH5BfxLEWvGUtY7xURG0bIv3eMdPJCggcz84GRdg6xpIr82T2i957PWKQ4jiKmnFHLYk4jybDzGVc9AnqsSQRp/kev/94ur1SQW0x0UE7gRy7fMKPxgPbxs9yt13JLI5xIK+8YDUJc9CWgQv5DdyO9fjrtKq9yQ7Ix9LXOQqnMx5pXg7nd4dalDznBw==",
            "tags": null,
            "tags_all": {}
          },
          "sensitive_attributes": [],
          "private": "eyJzY2hlbWFfdmVyc2lvbiI6IjEifQ==",
          "dependencies": [
            "tls_private_key.ec2_key"
          ]
        }
      ]
    },
    {
      "mode": "managed",
      "type": "aws_launch_template",
      "name": "backend_lt_east",
      "provider": "provider[\"registry.terraform.io/hashicorp/aws\"].primary",
      "instances": [
        {
          "schema_version": 0,
          "attributes": {
            "arn": "arn:aws:ec2:us-east-1:904233103130:launch-template/lt-02c49adbfecee6eba",
            "block_device_mappings": [],
            "capacity_reservation_specification": [],
            "cpu_options": [],
            "credit_specification": [],
            "default_version": 1,
            "description": "",
            "disable_api_stop": false,
            "disable_api_termination": false,
            "ebs_optimized": "",
            "elastic_gpu_specifications": [],
            "elastic_inference_accelerator": [],
            "enclave_options": [],
            "hibernation_options": [],
            "iam_instance_profile": [],
            "id": "lt-02c49adbfecee6eba",
            "image_id": "ami-0e8f25d241ffbb4fe",
            "instance_initiated_shutdown_behavior": "",
            "instance_market_options": [],
            "instance_requirements": [],
            "instance_type": "t2.micro",
            "kernel_id": "",
            "key_name": "temp-key",
            "latest_version": 1,
            "license_specification": [],
            "maintenance_options": [],
            "metadata_options": [],
            "monitoring": [],
            "name": "lt-backend-east-2025081013291044330000000a",
            "name_prefix": "lt-backend-east-",
            "network_interfaces": [],
            "placement": [],
            "private_dns_name_options": [],
            "ram_disk_id": "",
            "security_group_names": null,
            "tag_specifications": [],
            "tags": null,
            "tags_all": {},
            "update_default_version": null,
            "user_data": "IyEvYmluL2Jhc2gNCnN1ZG8gYXB0IHVwZGF0ZSAteQ0Kc2xlZXAgMTUwDQpzdWRvIHBtMiBzdGFydHVwDQpzdWRvIGVudiBQQVRIPSRQQVRIOi91c3IvYmluIC91c3IvbG9jYWwvc2hhcmUvLmNvbmZpZy95YXJuL2dsb2JhbC9ub2RlX21vZHVsZXMvcG0yL2Jpbi9wbTIgc3RhcnR1cCBzeXN0ZW1kIC11IHVidW50dSAtLWhwIC9ob21lL3VidW50dQ0Kc3VkbyBzeXN0ZW1jdGwgc3RhcnQgcG0yLXJvb3QNCnN1ZG8gc3lzdGVtY3RsIGVuYWJsZSBwbTItcm9vdA0K",
            "vpc_security_group_ids": [
              "sg-00224e42ee32e2f8e"
            ]
          },
          "sensitive_attributes": [],
          "private": "bnVsbA==",
          "dependencies": [
            "aws_ami_from_instance.backend_ami_east",
            "aws_instance.backend_east",
            "aws_key_pair.deployer_east",
            "aws_security_group.backend_alb",
            "aws_security_group.backend_ec2",
            "aws_security_group.bastion",
            "aws_security_group.web_sg_east",
            "aws_subnet.prod",
            "aws_vpc.prod",
            "data.aws_ami.ubuntu_east",
            "tls_private_key.auto"
          ],
          "create_before_destroy": true
        }
      ]
    },
    {
      "mode": "managed",
      "type": "aws_launch_template",
      "name": "backend_lt_west",
      "provider": "provider[\"registry.terraform.io/hashicorp/aws\"].secondary",
      "instances": [
        {
          "schema_version": 0,
          "attributes": {
            "arn": "arn:aws:ec2:us-west-1:904233103130:launch-template/lt-040c63ddc9a237233",
            "block_device_mappings": [],
            "capacity_reservation_specification": [],
            "cpu_options": [],
            "credit_specification": [],
            "default_version": 1,
            "description": "",
            "disable_api_stop": false,
            "disable_api_termination": false,
            "ebs_optimized": "",
            "elastic_gpu_specifications": [],
            "elastic_inference_accelerator": [],
            "enclave_options": [],
            "hibernation_options": [],
            "iam_instance_profile": [],
            "id": "lt-040c63ddc9a237233",
            "image_id": "ami-023382677c104b4d1",
            "instance_initiated_shutdown_behavior": "",
            "instance_market_options": [],
            "instance_requirements": [],
            "instance_type": "t2.micro",
            "kernel_id": "",
            "key_name": "temp-key",
            "latest_version": 1,
            "license_specification": [],
            "maintenance_options": [],
            "metadata_options": [],
            "monitoring": [],
            "name": "lt-backend-west-20250810133021595600000009",
            "name_prefix": "lt-backend-west-",
            "network_interfaces": [],
            "placement": [],
            "private_dns_name_options": [],
            "ram_disk_id": "",
            "security_group_names": null,
            "tag_specifications": [],
            "tags": null,
            "tags_all": {},
            "update_default_version": null,
            "user_data": "IyEvYmluL2Jhc2gNCnN1ZG8gYXB0IHVwZGF0ZSAteQ0Kc2xlZXAgMTUwDQpzdWRvIHBtMiBzdGFydHVwDQpzdWRvIGVudiBQQVRIPSRQQVRIOi91c3IvYmluIC91c3IvbG9jYWwvc2hhcmUvLmNvbmZpZy95YXJuL2dsb2JhbC9ub2RlX21vZHVsZXMvcG0yL2Jpbi9wbTIgc3RhcnR1cCBzeXN0ZW1kIC11IHVidW50dSAtLWhwIC9ob21lL3VidW50dQ0Kc3VkbyBzeXN0ZW1jdGwgc3RhcnQgcG0yLXJvb3QNCnN1ZG8gc3lzdGVtY3RsIGVuYWJsZSBwbTItcm9vdA0K",
            "vpc_security_group_ids": [
              "sg-09337232f6eca372d"
            ]
          },
          "sensitive_attributes": [],
          "private": "bnVsbA==",
          "dependencies": [
            "aws_ami_from_instance.backend_ami_west",
            "aws_instance.backend_west",
            "aws_key_pair.deployer_west",
            "aws_security_group.backend_ec2_dr",
            "aws_security_group.web_sg_west",
            "aws_subnet.dr",
            "aws_vpc.dr",
            "data.aws_ami.ubuntu_west",
            "tls_private_key.auto"
          ],
          "create_before_destroy": true
        }
      ]
    },
    {
      "mode": "managed",
      "type": "aws_launch_template",
      "name": "frontend_lt_east",
      "provider": "provider[\"registry.terraform.io/hashicorp/aws\"].primary",
      "instances": [
        {
          "schema_version": 0,
          "attributes": {
            "arn": "arn:aws:ec2:us-east-1:904233103130:launch-template/lt-0d61ba9d4ad54f377",
            "block_device_mappings": [],
            "capacity_reservation_specification": [],
            "cpu_options": [],
            "credit_specification": [],
            "default_version": 1,
            "description": "",
            "disable_api_stop": false,
            "disable_api_termination": false,
            "ebs_optimized": "",
            "elastic_gpu_specifications": [],
            "elastic_inference_accelerator": [],
            "enclave_options": [],
            "hibernation_options": [],
            "iam_instance_profile": [],
            "id": "lt-0d61ba9d4ad54f377",
            "image_id": "ami-0e2c86481225d3c51",
            "instance_initiated_shutdown_behavior": "",
            "instance_market_options": [],
            "instance_requirements": [],
            "instance_type": "t3.micro",
            "kernel_id": "",
            "key_name": "temp-key",
            "latest_version": 1,
            "license_specification": [],
            "maintenance_options": [],
            "metadata_options": [],
            "monitoring": [],
            "name": "lt-frontend-east-20250810132632609500000004",
            "name_prefix": "lt-frontend-east-",
            "network_interfaces": [],
            "placement": [],
            "private_dns_name_options": [],
            "ram_disk_id": "",
            "security_group_names": null,
            "tag_specifications": [],
            "tags": null,
            "tags_all": {},
            "update_default_version": null,
            "user_data": "",
            "vpc_security_group_ids": [
              "sg-00276a4efa67ef67e"
            ]
          },
          "sensitive_attributes": [],
          "private": "bnVsbA==",
          "dependencies": [
            "aws_key_pair.deployer_east",
            "aws_security_group.web_sg_east",
            "aws_vpc.prod",
            "data.aws_ami.al2_east",
            "tls_private_key.auto"
          ]
        }
      ]
    },
    {
      "mode": "managed",
      "type": "aws_launch_template",
      "name": "frontend_lt_west",
      "provider": "provider[\"registry.terraform.io/hashicorp/aws\"].secondary",
      "instances": [
        {
          "schema_version": 0,
          "attributes": {
            "arn": "arn:aws:ec2:us-west-1:904233103130:launch-template/lt-0e078a3382eff126a",
            "block_device_mappings": [],
            "capacity_reservation_specification": [],
            "cpu_options": [],
            "credit_specification": [],
            "default_version": 1,
            "description": "",
            "disable_api_stop": false,
            "disable_api_termination": false,
            "ebs_optimized": "",
            "elastic_gpu_specifications": [],
            "elastic_inference_accelerator": [],
            "enclave_options": [],
            "hibernation_options": [],
            "iam_instance_profile": [],
            "id": "lt-0e078a3382eff126a",
            "image_id": "ami-09c107cf3ab3f9a53",
            "instance_initiated_shutdown_behavior": "",
            "instance_market_options": [],
            "instance_requirements": [],
            "instance_type": "t2.micro",
            "kernel_id": "",
            "key_name": "temp-key",
            "latest_version": 1,
            "license_specification": [],
            "maintenance_options": [],
            "metadata_options": [],
            "monitoring": [],
            "name": "lt-frontend-west-20250810132853201000000007",
            "name_prefix": "lt-frontend-west-",
            "network_interfaces": [],
            "placement": [],
            "private_dns_name_options": [],
            "ram_disk_id": "",
            "security_group_names": null,
            "tag_specifications": [],
            "tags": null,
            "tags_all": {},
            "update_default_version": null,
            "user_data": "IyEvYmluL2Jhc2gNCnN1ZG8gYXB0IHVwZGF0ZSAteQ0Kc2xlZXAgOTANCnN1ZG8gc3lzdGVtY3RsIHN0YXJ0IGFwYWNoZTIuc2VydmljZQ0K",
            "vpc_security_group_ids": [
              "sg-0a48acbe1438ccd64"
            ]
          },
          "sensitive_attributes": [],
          "private": "bnVsbA==",
          "dependencies": [
            "aws_ami_from_instance.frontend_ami_west",
            "aws_instance.frontend_west",
            "aws_key_pair.deployer_west",
            "aws_security_group.frontend_ec2_dr",
            "aws_security_group.web_sg_west",
            "aws_subnet.dr",
            "aws_vpc.dr",
            "data.aws_ami.ubuntu_west",
            "tls_private_key.auto"
          ],
          "create_before_destroy": true
        }
      ]
    },
    {
      "mode": "managed",
      "type": "aws_lb",
      "name": "backend_alb",
      "provider": "provider[\"registry.terraform.io/hashicorp/aws\"]",
      "instances": [
        {
          "schema_version": 0,
          "attributes": {
            "access_logs": [
              {
                "bucket": "",
                "enabled": false,
                "prefix": ""
              }
            ],
            "arn": "arn:aws:elasticloadbalancing:us-east-1:904233103130:loadbalancer/app/ALB-backend/8e9ebd0dd8eb7d16",
            "arn_suffix": "app/ALB-backend/8e9ebd0dd8eb7d16",
            "client_keep_alive": 3600,
            "connection_logs": [
              {
                "bucket": "",
                "enabled": false,
                "prefix": ""
              }
            ],
            "customer_owned_ipv4_pool": "",
            "desync_mitigation_mode": "defensive",
            "dns_name": "ALB-backend-808341274.us-east-1.elb.amazonaws.com",
            "dns_record_client_routing_policy": null,
            "drop_invalid_header_fields": false,
            "enable_cross_zone_load_balancing": true,
            "enable_deletion_protection": false,
            "enable_http2": true,
            "enable_tls_version_and_cipher_suite_headers": false,
            "enable_waf_fail_open": false,
            "enable_xff_client_port": false,
            "enable_zonal_shift": false,
            "enforce_security_group_inbound_rules_on_private_link_traffic": "",
            "id": "arn:aws:elasticloadbalancing:us-east-1:904233103130:loadbalancer/app/ALB-backend/8e9ebd0dd8eb7d16",
            "idle_timeout": 60,
            "internal": false,
            "ip_address_type": "ipv4",
            "ipam_pools": [],
            "load_balancer_type": "application",
            "minimum_load_balancer_capacity": [],
            "name": "ALB-backend",
            "name_prefix": "",
            "preserve_host_header": false,
            "security_groups": [
              "sg-0986dd843a52a6cd7"
            ],
            "subnet_mapping": [
              {
                "allocation_id": "",
                "ipv6_address": "",
                "outpost_id": "",
                "private_ipv4_address": "",
                "subnet_id": "subnet-00566fc243ad3e8f3"
              },
              {
                "allocation_id": "",
                "ipv6_address": "",
                "outpost_id": "",
                "private_ipv4_address": "",
                "subnet_id": "subnet-05e9fe8855a156547"
              }
            ],
            "subnets": [
              "subnet-00566fc243ad3e8f3",
              "subnet-05e9fe8855a156547"
            ],
            "tags": {
              "Name": "backend-alb"
            },
            "tags_all": {
              "Name": "backend-alb"
            },
            "timeouts": null,
            "vpc_id": "vpc-08cb7223348c62951",
            "xff_header_processing_mode": "append",
            "zone_id": "Z35SXDOTRQ7X7K"
          },
          "sensitive_attributes": [],
          "private": "eyJlMmJmYjczMC1lY2FhLTExZTYtOGY4OC0zNDM2M2JjN2M0YzAiOnsiY3JlYXRlIjo2MDAwMDAwMDAwMDAsImRlbGV0ZSI6NjAwMDAwMDAwMDAwLCJ1cGRhdGUiOjYwMDAwMDAwMDAwMH19",
          "dependencies": [
            "aws_security_group.backend_alb",
            "aws_subnet.prod",
            "aws_vpc.prod"
          ]
        }
      ]
    },
    {
      "mode": "managed",
      "type": "aws_lb",
      "name": "backend_alb_dr",
      "provider": "provider[\"registry.terraform.io/hashicorp/aws\"].secondary",
      "instances": [
        {
          "schema_version": 0,
          "attributes": {
            "access_logs": [
              {
                "bucket": "",
                "enabled": false,
                "prefix": ""
              }
            ],
            "arn": "arn:aws:elasticloadbalancing:us-west-1:904233103130:loadbalancer/app/ALB-backend-dr/c544f63ae7622ed0",
            "arn_suffix": "app/ALB-backend-dr/c544f63ae7622ed0",
            "client_keep_alive": 3600,
            "connection_logs": [
              {
                "bucket": "",
                "enabled": false,
                "prefix": ""
              }
            ],
            "customer_owned_ipv4_pool": "",
            "desync_mitigation_mode": "defensive",
            "dns_name": "ALB-backend-dr-181572843.us-west-1.elb.amazonaws.com",
            "dns_record_client_routing_policy": null,
            "drop_invalid_header_fields": false,
            "enable_cross_zone_load_balancing": true,
            "enable_deletion_protection": false,
            "enable_http2": true,
            "enable_tls_version_and_cipher_suite_headers": false,
            "enable_waf_fail_open": false,
            "enable_xff_client_port": false,
            "enable_zonal_shift": false,
            "enforce_security_group_inbound_rules_on_private_link_traffic": "",
            "id": "arn:aws:elasticloadbalancing:us-west-1:904233103130:loadbalancer/app/ALB-backend-dr/c544f63ae7622ed0",
            "idle_timeout": 60,
            "internal": false,
            "ip_address_type": "ipv4",
            "ipam_pools": [],
            "load_balancer_type": "application",
            "minimum_load_balancer_capacity": [],
            "name": "ALB-backend-dr",
            "name_prefix": "",
            "preserve_host_header": false,
            "security_groups": [
              "sg-0cf33c979ebf5e6a9"
            ],
            "subnet_mapping": [
              {
                "allocation_id": "",
                "ipv6_address": "",
                "outpost_id": "",
                "private_ipv4_address": "",
                "subnet_id": "subnet-02fdbf6d838deef0f"
              },
              {
                "allocation_id": "",
                "ipv6_address": "",
                "outpost_id": "",
                "private_ipv4_address": "",
                "subnet_id": "subnet-0d85c64aa621140d7"
              }
            ],
            "subnets": [
              "subnet-02fdbf6d838deef0f",
              "subnet-0d85c64aa621140d7"
            ],
            "tags": {
              "Name": "backend-alb-dr"
            },
            "tags_all": {
              "Name": "backend-alb-dr"
            },
            "timeouts": null,
            "vpc_id": "vpc-0b1d642b8418e17f6",
            "xff_header_processing_mode": "append",
            "zone_id": "Z368ELLRRE2KJ0"
          },
          "sensitive_attributes": [],
          "private": "eyJlMmJmYjczMC1lY2FhLTExZTYtOGY4OC0zNDM2M2JjN2M0YzAiOnsiY3JlYXRlIjo2MDAwMDAwMDAwMDAsImRlbGV0ZSI6NjAwMDAwMDAwMDAwLCJ1cGRhdGUiOjYwMDAwMDAwMDAwMH19",
          "dependencies": [
            "aws_security_group.backend_alb_dr",
            "aws_subnet.dr",
            "aws_vpc.dr"
          ]
        }
      ]
    },
    {
      "mode": "managed",
      "type": "aws_lb",
      "name": "frontend_alb",
      "provider": "provider[\"registry.terraform.io/hashicorp/aws\"]",
      "instances": [
        {
          "schema_version": 0,
          "attributes": {
            "access_logs": [
              {
                "bucket": "",
                "enabled": false,
                "prefix": ""
              }
            ],
            "arn": "arn:aws:elasticloadbalancing:us-east-1:904233103130:loadbalancer/app/ALB-frontend/0b697add43f28801",
            "arn_suffix": "app/ALB-frontend/0b697add43f28801",
            "client_keep_alive": 3600,
            "connection_logs": [
              {
                "bucket": "",
                "enabled": false,
                "prefix": ""
              }
            ],
            "customer_owned_ipv4_pool": "",
            "desync_mitigation_mode": "defensive",
            "dns_name": "ALB-frontend-136242596.us-east-1.elb.amazonaws.com",
            "dns_record_client_routing_policy": null,
            "drop_invalid_header_fields": false,
            "enable_cross_zone_load_balancing": true,
            "enable_deletion_protection": false,
            "enable_http2": true,
            "enable_tls_version_and_cipher_suite_headers": false,
            "enable_waf_fail_open": false,
            "enable_xff_client_port": false,
            "enable_zonal_shift": false,
            "enforce_security_group_inbound_rules_on_private_link_traffic": "",
            "id": "arn:aws:elasticloadbalancing:us-east-1:904233103130:loadbalancer/app/ALB-frontend/0b697add43f28801",
            "idle_timeout": 60,
            "internal": false,
            "ip_address_type": "ipv4",
            "ipam_pools": [],
            "load_balancer_type": "application",
            "minimum_load_balancer_capacity": [],
            "name": "ALB-frontend",
            "name_prefix": "",
            "preserve_host_header": false,
            "security_groups": [
              "sg-073cc261cd3e5bab4"
            ],
            "subnet_mapping": [
              {
                "allocation_id": "",
                "ipv6_address": "",
                "outpost_id": "",
                "private_ipv4_address": "",
                "subnet_id": "subnet-00566fc243ad3e8f3"
              },
              {
                "allocation_id": "",
                "ipv6_address": "",
                "outpost_id": "",
                "private_ipv4_address": "",
                "subnet_id": "subnet-05e9fe8855a156547"
              }
            ],
            "subnets": [
              "subnet-00566fc243ad3e8f3",
              "subnet-05e9fe8855a156547"
            ],
            "tags": {
              "Name": "frontend-alb"
            },
            "tags_all": {
              "Name": "frontend-alb"
            },
            "timeouts": null,
            "vpc_id": "vpc-08cb7223348c62951",
            "xff_header_processing_mode": "append",
            "zone_id": "Z35SXDOTRQ7X7K"
          },
          "sensitive_attributes": [],
          "private": "eyJlMmJmYjczMC1lY2FhLTExZTYtOGY4OC0zNDM2M2JjN2M0YzAiOnsiY3JlYXRlIjo2MDAwMDAwMDAwMDAsImRlbGV0ZSI6NjAwMDAwMDAwMDAwLCJ1cGRhdGUiOjYwMDAwMDAwMDAwMH19",
          "dependencies": [
            "aws_security_group.alb_frontend_sg",
            "aws_subnet.prod",
            "aws_vpc.prod"
          ]
        }
      ]
    },
    {
      "mode": "managed",
      "type": "aws_lb",
      "name": "frontend_alb_dr",
      "provider": "provider[\"registry.terraform.io/hashicorp/aws\"].secondary",
      "instances": [
        {
          "schema_version": 0,
          "attributes": {
            "access_logs": [
              {
                "bucket": "",
                "enabled": false,
                "prefix": ""
              }
            ],
            "arn": "arn:aws:elasticloadbalancing:us-west-1:904233103130:loadbalancer/app/ALB-frontend-dr/da1b3fb614c763f2",
            "arn_suffix": "app/ALB-frontend-dr/da1b3fb614c763f2",
            "client_keep_alive": 3600,
            "connection_logs": [
              {
                "bucket": "",
                "enabled": false,
                "prefix": ""
              }
            ],
            "customer_owned_ipv4_pool": "",
            "desync_mitigation_mode": "defensive",
            "dns_name": "ALB-frontend-dr-1628933120.us-west-1.elb.amazonaws.com",
            "dns_record_client_routing_policy": null,
            "drop_invalid_header_fields": false,
            "enable_cross_zone_load_balancing": true,
            "enable_deletion_protection": false,
            "enable_http2": true,
            "enable_tls_version_and_cipher_suite_headers": false,
            "enable_waf_fail_open": false,
            "enable_xff_client_port": false,
            "enable_zonal_shift": false,
            "enforce_security_group_inbound_rules_on_private_link_traffic": "",
            "id": "arn:aws:elasticloadbalancing:us-west-1:904233103130:loadbalancer/app/ALB-frontend-dr/da1b3fb614c763f2",
            "idle_timeout": 60,
            "internal": false,
            "ip_address_type": "ipv4",
            "ipam_pools": [],
            "load_balancer_type": "application",
            "minimum_load_balancer_capacity": [],
            "name": "ALB-frontend-dr",
            "name_prefix": "",
            "preserve_host_header": false,
            "security_groups": [
              "sg-065e2ab1a7ce675e1"
            ],
            "subnet_mapping": [
              {
                "allocation_id": "",
                "ipv6_address": "",
                "outpost_id": "",
                "private_ipv4_address": "",
                "subnet_id": "subnet-02fdbf6d838deef0f"
              },
              {
                "allocation_id": "",
                "ipv6_address": "",
                "outpost_id": "",
                "private_ipv4_address": "",
                "subnet_id": "subnet-0d85c64aa621140d7"
              }
            ],
            "subnets": [
              "subnet-02fdbf6d838deef0f",
              "subnet-0d85c64aa621140d7"
            ],
            "tags": {
              "Name": "frontend-alb-dr"
            },
            "tags_all": {
              "Name": "frontend-alb-dr"
            },
            "timeouts": null,
            "vpc_id": "vpc-0b1d642b8418e17f6",
            "xff_header_processing_mode": "append",
            "zone_id": "Z368ELLRRE2KJ0"
          },
          "sensitive_attributes": [],
          "private": "eyJlMmJmYjczMC1lY2FhLTExZTYtOGY4OC0zNDM2M2JjN2M0YzAiOnsiY3JlYXRlIjo2MDAwMDAwMDAwMDAsImRlbGV0ZSI6NjAwMDAwMDAwMDAwLCJ1cGRhdGUiOjYwMDAwMDAwMDAwMH19",
          "dependencies": [
            "aws_security_group.alb_frontend_dr_sg",
            "aws_subnet.dr",
            "aws_vpc.dr"
          ]
        }
      ]
    },
    {
      "mode": "managed",
      "type": "aws_lb_listener",
      "name": "backend_dr_http_listener",
      "provider": "provider[\"registry.terraform.io/hashicorp/aws\"].secondary",
      "instances": [
        {
          "schema_version": 0,
          "attributes": {
            "alpn_policy": null,
            "arn": "arn:aws:elasticloadbalancing:us-west-1:904233103130:listener/app/ALB-backend-dr/c544f63ae7622ed0/f59160b7367dd1d5",
            "certificate_arn": null,
            "default_action": [
              {
                "authenticate_cognito": [],
                "authenticate_oidc": [],
                "fixed_response": [],
                "forward": [],
                "order": 1,
                "redirect": [],
                "target_group_arn": "arn:aws:elasticloadbalancing:us-west-1:904233103130:targetgroup/ALB-backend-TG-dr/192cb36779924bdc",
                "type": "forward"
              }
            ],
            "id": "arn:aws:elasticloadbalancing:us-west-1:904233103130:listener/app/ALB-backend-dr/c544f63ae7622ed0/f59160b7367dd1d5",
            "load_balancer_arn": "arn:aws:elasticloadbalancing:us-west-1:904233103130:loadbalancer/app/ALB-backend-dr/c544f63ae7622ed0",
            "mutual_authentication": [],
            "port": 80,
            "protocol": "HTTP",
            "routing_http_request_x_amzn_mtls_clientcert_header_name": null,
            "routing_http_request_x_amzn_mtls_clientcert_issuer_header_name": null,
            "routing_http_request_x_amzn_mtls_clientcert_leaf_header_name": null,
            "routing_http_request_x_amzn_mtls_clientcert_serial_number_header_name": null,
            "routing_http_request_x_amzn_mtls_clientcert_subject_header_name": null,
            "routing_http_request_x_amzn_mtls_clientcert_validity_header_name": null,
            "routing_http_request_x_amzn_tls_cipher_suite_header_name": null,
            "routing_http_request_x_amzn_tls_version_header_name": null,
            "routing_http_response_access_control_allow_credentials_header_value": "",
            "routing_http_response_access_control_allow_headers_header_value": "",
            "routing_http_response_access_control_allow_methods_header_value": "",
            "routing_http_response_access_control_allow_origin_header_value": "",
            "routing_http_response_access_control_expose_headers_header_value": "",
            "routing_http_response_access_control_max_age_header_value": "",
            "routing_http_response_content_security_policy_header_value": "",
            "routing_http_response_server_enabled": true,
            "routing_http_response_strict_transport_security_header_value": "",
            "routing_http_response_x_content_type_options_header_value": "",
            "routing_http_response_x_frame_options_header_value": "",
            "ssl_policy": "",
            "tags": null,
            "tags_all": {},
            "tcp_idle_timeout_seconds": null,
            "timeouts": null
          },
          "sensitive_attributes": [],
          "private": "eyJlMmJmYjczMC1lY2FhLTExZTYtOGY4OC0zNDM2M2JjN2M0YzAiOnsiY3JlYXRlIjozMDAwMDAwMDAwMDAsInVwZGF0ZSI6MzAwMDAwMDAwMDAwfX0=",
          "dependencies": [
            "aws_lb.backend_alb_dr",
            "aws_lb_target_group.backend_tg_dr",
            "aws_security_group.backend_alb_dr",
            "aws_subnet.dr",
            "aws_vpc.dr"
          ]
        }
      ]
    },
    {
      "mode": "managed",
      "type": "aws_lb_listener",
      "name": "backend_http_listener",
      "provider": "provider[\"registry.terraform.io/hashicorp/aws\"]",
      "instances": [
        {
          "schema_version": 0,
          "attributes": {
            "alpn_policy": null,
            "arn": "arn:aws:elasticloadbalancing:us-east-1:904233103130:listener/app/ALB-backend/8e9ebd0dd8eb7d16/1d65b97f1bb846c0",
            "certificate_arn": null,
            "default_action": [
              {
                "authenticate_cognito": [],
                "authenticate_oidc": [],
                "fixed_response": [],
                "forward": [],
                "order": 1,
                "redirect": [],
                "target_group_arn": "arn:aws:elasticloadbalancing:us-east-1:904233103130:targetgroup/ALB-backend-TG/a6a144ce7faea83e",
                "type": "forward"
              }
            ],
            "id": "arn:aws:elasticloadbalancing:us-east-1:904233103130:listener/app/ALB-backend/8e9ebd0dd8eb7d16/1d65b97f1bb846c0",
            "load_balancer_arn": "arn:aws:elasticloadbalancing:us-east-1:904233103130:loadbalancer/app/ALB-backend/8e9ebd0dd8eb7d16",
            "mutual_authentication": [],
            "port": 80,
            "protocol": "HTTP",
            "routing_http_request_x_amzn_mtls_clientcert_header_name": null,
            "routing_http_request_x_amzn_mtls_clientcert_issuer_header_name": null,
            "routing_http_request_x_amzn_mtls_clientcert_leaf_header_name": null,
            "routing_http_request_x_amzn_mtls_clientcert_serial_number_header_name": null,
            "routing_http_request_x_amzn_mtls_clientcert_subject_header_name": null,
            "routing_http_request_x_amzn_mtls_clientcert_validity_header_name": null,
            "routing_http_request_x_amzn_tls_cipher_suite_header_name": null,
            "routing_http_request_x_amzn_tls_version_header_name": null,
            "routing_http_response_access_control_allow_credentials_header_value": "",
            "routing_http_response_access_control_allow_headers_header_value": "",
            "routing_http_response_access_control_allow_methods_header_value": "",
            "routing_http_response_access_control_allow_origin_header_value": "",
            "routing_http_response_access_control_expose_headers_header_value": "",
            "routing_http_response_access_control_max_age_header_value": "",
            "routing_http_response_content_security_policy_header_value": "",
            "routing_http_response_server_enabled": true,
            "routing_http_response_strict_transport_security_header_value": "",
            "routing_http_response_x_content_type_options_header_value": "",
            "routing_http_response_x_frame_options_header_value": "",
            "ssl_policy": "",
            "tags": null,
            "tags_all": {},
            "tcp_idle_timeout_seconds": null,
            "timeouts": null
          },
          "sensitive_attributes": [],
          "private": "eyJlMmJmYjczMC1lY2FhLTExZTYtOGY4OC0zNDM2M2JjN2M0YzAiOnsiY3JlYXRlIjozMDAwMDAwMDAwMDAsInVwZGF0ZSI6MzAwMDAwMDAwMDAwfX0=",
          "dependencies": [
            "aws_lb.backend_alb",
            "aws_lb_target_group.backend_tg",
            "aws_security_group.backend_alb",
            "aws_subnet.prod",
            "aws_vpc.prod"
          ]
        }
      ]
    },
    {
      "mode": "managed",
      "type": "aws_lb_listener",
      "name": "backend_https_listener",
      "provider": "provider[\"registry.terraform.io/hashicorp/aws\"]",
      "instances": []
    },
    {
      "mode": "managed",
      "type": "aws_lb_listener",
      "name": "frontend_dr_http_listener",
      "provider": "provider[\"registry.terraform.io/hashicorp/aws\"].secondary",
      "instances": [
        {
          "schema_version": 0,
          "attributes": {
            "alpn_policy": null,
            "arn": "arn:aws:elasticloadbalancing:us-west-1:904233103130:listener/app/ALB-frontend-dr/da1b3fb614c763f2/d7898d8c1fb96a9d",
            "certificate_arn": null,
            "default_action": [
              {
                "authenticate_cognito": [],
                "authenticate_oidc": [],
                "fixed_response": [],
                "forward": [],
                "order": 1,
                "redirect": [],
                "target_group_arn": "arn:aws:elasticloadbalancing:us-west-1:904233103130:targetgroup/ALB-frontend-TG-dr/8102747865438340",
                "type": "forward"
              }
            ],
            "id": "arn:aws:elasticloadbalancing:us-west-1:904233103130:listener/app/ALB-frontend-dr/da1b3fb614c763f2/d7898d8c1fb96a9d",
            "load_balancer_arn": "arn:aws:elasticloadbalancing:us-west-1:904233103130:loadbalancer/app/ALB-frontend-dr/da1b3fb614c763f2",
            "mutual_authentication": [],
            "port": 80,
            "protocol": "HTTP",
            "routing_http_request_x_amzn_mtls_clientcert_header_name": null,
            "routing_http_request_x_amzn_mtls_clientcert_issuer_header_name": null,
            "routing_http_request_x_amzn_mtls_clientcert_leaf_header_name": null,
            "routing_http_request_x_amzn_mtls_clientcert_serial_number_header_name": null,
            "routing_http_request_x_amzn_mtls_clientcert_subject_header_name": null,
            "routing_http_request_x_amzn_mtls_clientcert_validity_header_name": null,
            "routing_http_request_x_amzn_tls_cipher_suite_header_name": null,
            "routing_http_request_x_amzn_tls_version_header_name": null,
            "routing_http_response_access_control_allow_credentials_header_value": "",
            "routing_http_response_access_control_allow_headers_header_value": "",
            "routing_http_response_access_control_allow_methods_header_value": "",
            "routing_http_response_access_control_allow_origin_header_value": "",
            "routing_http_response_access_control_expose_headers_header_value": "",
            "routing_http_response_access_control_max_age_header_value": "",
            "routing_http_response_content_security_policy_header_value": "",
            "routing_http_response_server_enabled": true,
            "routing_http_response_strict_transport_security_header_value": "",
            "routing_http_response_x_content_type_options_header_value": "",
            "routing_http_response_x_frame_options_header_value": "",
            "ssl_policy": "",
            "tags": null,
            "tags_all": {},
            "tcp_idle_timeout_seconds": null,
            "timeouts": null
          },
          "sensitive_attributes": [],
          "private": "eyJlMmJmYjczMC1lY2FhLTExZTYtOGY4OC0zNDM2M2JjN2M0YzAiOnsiY3JlYXRlIjozMDAwMDAwMDAwMDAsInVwZGF0ZSI6MzAwMDAwMDAwMDAwfX0=",
          "dependencies": [
            "aws_lb.frontend_alb_dr",
            "aws_lb_target_group.frontend_tg_dr",
            "aws_security_group.alb_frontend_dr_sg",
            "aws_subnet.dr",
            "aws_vpc.dr"
          ]
        }
      ]
    },
    {
      "mode": "managed",
      "type": "aws_lb_listener",
      "name": "frontend_listener",
      "provider": "provider[\"registry.terraform.io/hashicorp/aws\"]",
      "instances": [
        {
          "schema_version": 0,
          "attributes": {
            "alpn_policy": null,
            "arn": "arn:aws:elasticloadbalancing:us-east-1:904233103130:listener/app/ALB-frontend/0b697add43f28801/6a0d1f25b698bc8e",
            "certificate_arn": null,
            "default_action": [
              {
                "authenticate_cognito": [],
                "authenticate_oidc": [],
                "fixed_response": [],
                "forward": [],
                "order": 1,
                "redirect": [],
                "target_group_arn": "arn:aws:elasticloadbalancing:us-east-1:904233103130:targetgroup/ALB-frontend-TG/137da59accea8c5d",
                "type": "forward"
              }
            ],
            "id": "arn:aws:elasticloadbalancing:us-east-1:904233103130:listener/app/ALB-frontend/0b697add43f28801/6a0d1f25b698bc8e",
            "load_balancer_arn": "arn:aws:elasticloadbalancing:us-east-1:904233103130:loadbalancer/app/ALB-frontend/0b697add43f28801",
            "mutual_authentication": [],
            "port": 80,
            "protocol": "HTTP",
            "routing_http_request_x_amzn_mtls_clientcert_header_name": null,
            "routing_http_request_x_amzn_mtls_clientcert_issuer_header_name": null,
            "routing_http_request_x_amzn_mtls_clientcert_leaf_header_name": null,
            "routing_http_request_x_amzn_mtls_clientcert_serial_number_header_name": null,
            "routing_http_request_x_amzn_mtls_clientcert_subject_header_name": null,
            "routing_http_request_x_amzn_mtls_clientcert_validity_header_name": null,
            "routing_http_request_x_amzn_tls_cipher_suite_header_name": null,
            "routing_http_request_x_amzn_tls_version_header_name": null,
            "routing_http_response_access_control_allow_credentials_header_value": "",
            "routing_http_response_access_control_allow_headers_header_value": "",
            "routing_http_response_access_control_allow_methods_header_value": "",
            "routing_http_response_access_control_allow_origin_header_value": "",
            "routing_http_response_access_control_expose_headers_header_value": "",
            "routing_http_response_access_control_max_age_header_value": "",
            "routing_http_response_content_security_policy_header_value": "",
            "routing_http_response_server_enabled": true,
            "routing_http_response_strict_transport_security_header_value": "",
            "routing_http_response_x_content_type_options_header_value": "",
            "routing_http_response_x_frame_options_header_value": "",
            "ssl_policy": "",
            "tags": null,
            "tags_all": {},
            "tcp_idle_timeout_seconds": null,
            "timeouts": null
          },
          "sensitive_attributes": [],
          "private": "eyJlMmJmYjczMC1lY2FhLTExZTYtOGY4OC0zNDM2M2JjN2M0YzAiOnsiY3JlYXRlIjozMDAwMDAwMDAwMDAsInVwZGF0ZSI6MzAwMDAwMDAwMDAwfX0=",
          "dependencies": [
            "aws_lb.frontend_alb",
            "aws_lb_target_group.frontend_tg",
            "aws_security_group.alb_frontend_sg",
            "aws_subnet.prod",
            "aws_vpc.prod"
          ]
        }
      ]
    },
    {
      "mode": "managed",
      "type": "aws_lb_target_group",
      "name": "backend_tg",
      "provider": "provider[\"registry.terraform.io/hashicorp/aws\"]",
      "instances": [
        {
          "schema_version": 0,
          "attributes": {
            "arn": "arn:aws:elasticloadbalancing:us-east-1:904233103130:targetgroup/ALB-backend-TG/a6a144ce7faea83e",
            "arn_suffix": "targetgroup/ALB-backend-TG/a6a144ce7faea83e",
            "connection_termination": null,
            "deregistration_delay": "300",
            "health_check": [
              {
                "enabled": true,
                "healthy_threshold": 5,
                "interval": 30,
                "matcher": "200",
                "path": "/",
                "port": "traffic-port",
                "protocol": "HTTP",
                "timeout": 5,
                "unhealthy_threshold": 2
              }
            ],
            "id": "arn:aws:elasticloadbalancing:us-east-1:904233103130:targetgroup/ALB-backend-TG/a6a144ce7faea83e",
            "ip_address_type": "ipv4",
            "lambda_multi_value_headers_enabled": false,
            "load_balancer_arns": [],
            "load_balancing_algorithm_type": "round_robin",
            "load_balancing_anomaly_mitigation": "off",
            "load_balancing_cross_zone_enabled": "use_load_balancer_configuration",
            "name": "ALB-backend-TG",
            "name_prefix": "",
            "port": 80,
            "preserve_client_ip": null,
            "protocol": "HTTP",
            "protocol_version": "HTTP1",
            "proxy_protocol_v2": false,
            "slow_start": 0,
            "stickiness": [
              {
                "cookie_duration": 86400,
                "cookie_name": "",
                "enabled": false,
                "type": "lb_cookie"
              }
            ],
            "tags": null,
            "tags_all": {},
            "target_failover": [
              {
                "on_deregistration": null,
                "on_unhealthy": null
              }
            ],
            "target_group_health": [
              {
                "dns_failover": [
                  {
                    "minimum_healthy_targets_count": "1",
                    "minimum_healthy_targets_percentage": "off"
                  }
                ],
                "unhealthy_state_routing": [
                  {
                    "minimum_healthy_targets_count": 1,
                    "minimum_healthy_targets_percentage": "off"
                  }
                ]
              }
            ],
            "target_health_state": [
              {
                "enable_unhealthy_connection_termination": null,
                "unhealthy_draining_interval": null
              }
            ],
            "target_type": "instance",
            "vpc_id": "vpc-08cb7223348c62951"
          },
          "sensitive_attributes": [],
          "private": "bnVsbA==",
          "dependencies": [
            "aws_vpc.prod"
          ]
        }
      ]
    },
    {
      "mode": "managed",
      "type": "aws_lb_target_group",
      "name": "backend_tg_dr",
      "provider": "provider[\"registry.terraform.io/hashicorp/aws\"].secondary",
      "instances": [
        {
          "schema_version": 0,
          "attributes": {
            "arn": "arn:aws:elasticloadbalancing:us-west-1:904233103130:targetgroup/ALB-backend-TG-dr/192cb36779924bdc",
            "arn_suffix": "targetgroup/ALB-backend-TG-dr/192cb36779924bdc",
            "connection_termination": null,
            "deregistration_delay": "300",
            "health_check": [
              {
                "enabled": true,
                "healthy_threshold": 3,
                "interval": 30,
                "matcher": "200",
                "path": "/health",
                "port": "traffic-port",
                "protocol": "HTTP",
                "timeout": 5,
                "unhealthy_threshold": 3
              }
            ],
            "id": "arn:aws:elasticloadbalancing:us-west-1:904233103130:targetgroup/ALB-backend-TG-dr/192cb36779924bdc",
            "ip_address_type": "ipv4",
            "lambda_multi_value_headers_enabled": false,
            "load_balancer_arns": [],
            "load_balancing_algorithm_type": "round_robin",
            "load_balancing_anomaly_mitigation": "off",
            "load_balancing_cross_zone_enabled": "use_load_balancer_configuration",
            "name": "ALB-backend-TG-dr",
            "name_prefix": "",
            "port": 3000,
            "preserve_client_ip": null,
            "protocol": "HTTP",
            "protocol_version": "HTTP1",
            "proxy_protocol_v2": false,
            "slow_start": 0,
            "stickiness": [
              {
                "cookie_duration": 86400,
                "cookie_name": "",
                "enabled": false,
                "type": "lb_cookie"
              }
            ],
            "tags": null,
            "tags_all": {},
            "target_failover": [
              {
                "on_deregistration": null,
                "on_unhealthy": null
              }
            ],
            "target_group_health": [
              {
                "dns_failover": [
                  {
                    "minimum_healthy_targets_count": "1",
                    "minimum_healthy_targets_percentage": "off"
                  }
                ],
                "unhealthy_state_routing": [
                  {
                    "minimum_healthy_targets_count": 1,
                    "minimum_healthy_targets_percentage": "off"
                  }
                ]
              }
            ],
            "target_health_state": [
              {
                "enable_unhealthy_connection_termination": null,
                "unhealthy_draining_interval": null
              }
            ],
            "target_type": "instance",
            "vpc_id": "vpc-0b1d642b8418e17f6"
          },
          "sensitive_attributes": [],
          "private": "bnVsbA==",
          "dependencies": [
            "aws_vpc.dr"
          ]
        }
      ]
    },
    {
      "mode": "managed",
      "type": "aws_lb_target_group",
      "name": "frontend_tg",
      "provider": "provider[\"registry.terraform.io/hashicorp/aws\"]",
      "instances": [
        {
          "schema_version": 0,
          "attributes": {
            "arn": "arn:aws:elasticloadbalancing:us-east-1:904233103130:targetgroup/ALB-frontend-TG/137da59accea8c5d",
            "arn_suffix": "targetgroup/ALB-frontend-TG/137da59accea8c5d",
            "connection_termination": null,
            "deregistration_delay": "300",
            "health_check": [
              {
                "enabled": true,
                "healthy_threshold": 5,
                "interval": 30,
                "matcher": "200",
                "path": "/",
                "port": "traffic-port",
                "protocol": "HTTP",
                "timeout": 5,
                "unhealthy_threshold": 2
              }
            ],
            "id": "arn:aws:elasticloadbalancing:us-east-1:904233103130:targetgroup/ALB-frontend-TG/137da59accea8c5d",
            "ip_address_type": "ipv4",
            "lambda_multi_value_headers_enabled": false,
            "load_balancer_arns": [],
            "load_balancing_algorithm_type": "round_robin",
            "load_balancing_anomaly_mitigation": "off",
            "load_balancing_cross_zone_enabled": "use_load_balancer_configuration",
            "name": "ALB-frontend-TG",
            "name_prefix": "",
            "port": 80,
            "preserve_client_ip": null,
            "protocol": "HTTP",
            "protocol_version": "HTTP1",
            "proxy_protocol_v2": false,
            "slow_start": 0,
            "stickiness": [
              {
                "cookie_duration": 86400,
                "cookie_name": "",
                "enabled": false,
                "type": "lb_cookie"
              }
            ],
            "tags": null,
            "tags_all": {},
            "target_failover": [
              {
                "on_deregistration": null,
                "on_unhealthy": null
              }
            ],
            "target_group_health": [
              {
                "dns_failover": [
                  {
                    "minimum_healthy_targets_count": "1",
                    "minimum_healthy_targets_percentage": "off"
                  }
                ],
                "unhealthy_state_routing": [
                  {
                    "minimum_healthy_targets_count": 1,
                    "minimum_healthy_targets_percentage": "off"
                  }
                ]
              }
            ],
            "target_health_state": [
              {
                "enable_unhealthy_connection_termination": null,
                "unhealthy_draining_interval": null
              }
            ],
            "target_type": "instance",
            "vpc_id": "vpc-08cb7223348c62951"
          },
          "sensitive_attributes": [],
          "private": "bnVsbA==",
          "dependencies": [
            "aws_vpc.prod"
          ]
        }
      ]
    },
    {
      "mode": "managed",
      "type": "aws_lb_target_group",
      "name": "frontend_tg_dr",
      "provider": "provider[\"registry.terraform.io/hashicorp/aws\"].secondary",
      "instances": [
        {
          "schema_version": 0,
          "attributes": {
            "arn": "arn:aws:elasticloadbalancing:us-west-1:904233103130:targetgroup/ALB-frontend-TG-dr/8102747865438340",
            "arn_suffix": "targetgroup/ALB-frontend-TG-dr/8102747865438340",
            "connection_termination": null,
            "deregistration_delay": "300",
            "health_check": [
              {
                "enabled": true,
                "healthy_threshold": 3,
                "interval": 30,
                "matcher": "200",
                "path": "/",
                "port": "traffic-port",
                "protocol": "HTTP",
                "timeout": 5,
                "unhealthy_threshold": 3
              }
            ],
            "id": "arn:aws:elasticloadbalancing:us-west-1:904233103130:targetgroup/ALB-frontend-TG-dr/8102747865438340",
            "ip_address_type": "ipv4",
            "lambda_multi_value_headers_enabled": false,
            "load_balancer_arns": [],
            "load_balancing_algorithm_type": "round_robin",
            "load_balancing_anomaly_mitigation": "off",
            "load_balancing_cross_zone_enabled": "use_load_balancer_configuration",
            "name": "ALB-frontend-TG-dr",
            "name_prefix": "",
            "port": 80,
            "preserve_client_ip": null,
            "protocol": "HTTP",
            "protocol_version": "HTTP1",
            "proxy_protocol_v2": false,
            "slow_start": 0,
            "stickiness": [
              {
                "cookie_duration": 86400,
                "cookie_name": "",
                "enabled": false,
                "type": "lb_cookie"
              }
            ],
            "tags": null,
            "tags_all": {},
            "target_failover": [
              {
                "on_deregistration": null,
                "on_unhealthy": null
              }
            ],
            "target_group_health": [
              {
                "dns_failover": [
                  {
                    "minimum_healthy_targets_count": "1",
                    "minimum_healthy_targets_percentage": "off"
                  }
                ],
                "unhealthy_state_routing": [
                  {
                    "minimum_healthy_targets_count": 1,
                    "minimum_healthy_targets_percentage": "off"
                  }
                ]
              }
            ],
            "target_health_state": [
              {
                "enable_unhealthy_connection_termination": null,
                "unhealthy_draining_interval": null
              }
            ],
            "target_type": "instance",
            "vpc_id": "vpc-0b1d642b8418e17f6"
          },
          "sensitive_attributes": [],
          "private": "bnVsbA==",
          "dependencies": [
            "aws_vpc.dr"
          ]
        }
      ]
    },
    {
      "mode": "managed",
      "type": "aws_lb_target_group",
      "name": "tg_backend_dr",
      "provider": "provider[\"registry.terraform.io/hashicorp/aws\"].secondary",
      "instances": [
        {
          "schema_version": 0,
          "attributes": {
            "arn": "arn:aws:elasticloadbalancing:us-west-1:904233103130:targetgroup/tg-backend-dr/5f4ddf148b4b5a44",
            "arn_suffix": "targetgroup/tg-backend-dr/5f4ddf148b4b5a44",
            "connection_termination": null,
            "deregistration_delay": "300",
            "health_check": [
              {
                "enabled": true,
                "healthy_threshold": 3,
                "interval": 30,
                "matcher": "200",
                "path": "/health",
                "port": "traffic-port",
                "protocol": "HTTP",
                "timeout": 5,
                "unhealthy_threshold": 3
              }
            ],
            "id": "arn:aws:elasticloadbalancing:us-west-1:904233103130:targetgroup/tg-backend-dr/5f4ddf148b4b5a44",
            "ip_address_type": "ipv4",
            "lambda_multi_value_headers_enabled": false,
            "load_balancer_arns": [],
            "load_balancing_algorithm_type": "round_robin",
            "load_balancing_anomaly_mitigation": "off",
            "load_balancing_cross_zone_enabled": "use_load_balancer_configuration",
            "name": "tg-backend-dr",
            "name_prefix": "",
            "port": 3000,
            "preserve_client_ip": null,
            "protocol": "HTTP",
            "protocol_version": "HTTP1",
            "proxy_protocol_v2": false,
            "slow_start": 0,
            "stickiness": [
              {
                "cookie_duration": 86400,
                "cookie_name": "",
                "enabled": false,
                "type": "lb_cookie"
              }
            ],
            "tags": null,
            "tags_all": {},
            "target_failover": [
              {
                "on_deregistration": null,
                "on_unhealthy": null
              }
            ],
            "target_group_health": [
              {
                "dns_failover": [
                  {
                    "minimum_healthy_targets_count": "1",
                    "minimum_healthy_targets_percentage": "off"
                  }
                ],
                "unhealthy_state_routing": [
                  {
                    "minimum_healthy_targets_count": 1,
                    "minimum_healthy_targets_percentage": "off"
                  }
                ]
              }
            ],
            "target_health_state": [
              {
                "enable_unhealthy_connection_termination": null,
                "unhealthy_draining_interval": null
              }
            ],
            "target_type": "instance",
            "vpc_id": "vpc-0b1d642b8418e17f6"
          },
          "sensitive_attributes": [],
          "private": "bnVsbA==",
          "dependencies": [
            "aws_vpc.dr"
          ],
          "create_before_destroy": true
        }
      ]
    },
    {
      "mode": "managed",
      "type": "aws_lb_target_group",
      "name": "tg_frontend_dr",
      "provider": "provider[\"registry.terraform.io/hashicorp/aws\"].secondary",
      "instances": [
        {
          "schema_version": 0,
          "attributes": {
            "arn": "arn:aws:elasticloadbalancing:us-west-1:904233103130:targetgroup/tg-frontend-dr/512904bf9fd0f2d4",
            "arn_suffix": "targetgroup/tg-frontend-dr/512904bf9fd0f2d4",
            "connection_termination": null,
            "deregistration_delay": "300",
            "health_check": [
              {
                "enabled": true,
                "healthy_threshold": 3,
                "interval": 30,
                "matcher": "200",
                "path": "/",
                "port": "traffic-port",
                "protocol": "HTTP",
                "timeout": 5,
                "unhealthy_threshold": 3
              }
            ],
            "id": "arn:aws:elasticloadbalancing:us-west-1:904233103130:targetgroup/tg-frontend-dr/512904bf9fd0f2d4",
            "ip_address_type": "ipv4",
            "lambda_multi_value_headers_enabled": false,
            "load_balancer_arns": [],
            "load_balancing_algorithm_type": "round_robin",
            "load_balancing_anomaly_mitigation": "off",
            "load_balancing_cross_zone_enabled": "use_load_balancer_configuration",
            "name": "tg-frontend-dr",
            "name_prefix": "",
            "port": 80,
            "preserve_client_ip": null,
            "protocol": "HTTP",
            "protocol_version": "HTTP1",
            "proxy_protocol_v2": false,
            "slow_start": 0,
            "stickiness": [
              {
                "cookie_duration": 86400,
                "cookie_name": "",
                "enabled": false,
                "type": "lb_cookie"
              }
            ],
            "tags": null,
            "tags_all": {},
            "target_failover": [
              {
                "on_deregistration": null,
                "on_unhealthy": null
              }
            ],
            "target_group_health": [
              {
                "dns_failover": [
                  {
                    "minimum_healthy_targets_count": "1",
                    "minimum_healthy_targets_percentage": "off"
                  }
                ],
                "unhealthy_state_routing": [
                  {
                    "minimum_healthy_targets_count": 1,
                    "minimum_healthy_targets_percentage": "off"
                  }
                ]
              }
            ],
            "target_health_state": [
              {
                "enable_unhealthy_connection_termination": null,
                "unhealthy_draining_interval": null
              }
            ],
            "target_type": "instance",
            "vpc_id": "vpc-0b1d642b8418e17f6"
          },
          "sensitive_attributes": [],
          "private": "bnVsbA==",
          "dependencies": [
            "aws_vpc.dr"
          ],
          "create_before_destroy": true
        }
      ]
    },
    {
      "mode": "managed",
      "type": "aws_nat_gateway",
      "name": "dr_nat",
      "provider": "provider[\"registry.terraform.io/hashicorp/aws\"].secondary",
      "instances": [
        {
          "schema_version": 0,
          "attributes": {
            "allocation_id": "eipalloc-005f3d35fc8dd3738",
            "association_id": "eipassoc-0961b053069605d74",
            "connectivity_type": "public",
            "id": "nat-0302fe7c708696ad6",
            "network_interface_id": "eni-07674bdfca9685b8e",
            "private_ip": "172.20.1.153",
            "public_ip": "52.52.171.38",
            "secondary_allocation_ids": null,
            "secondary_private_ip_address_count": 0,
            "secondary_private_ip_addresses": [],
            "subnet_id": "subnet-02fdbf6d838deef0f",
            "tags": {
              "Name": "nat-dr"
            },
            "tags_all": {
              "Name": "nat-dr"
            },
            "timeouts": null
          },
          "sensitive_attributes": [],
          "private": "eyJlMmJmYjczMC1lY2FhLTExZTYtOGY4OC0zNDM2M2JjN2M0YzAiOnsiY3JlYXRlIjo2MDAwMDAwMDAwMDAsImRlbGV0ZSI6MTgwMDAwMDAwMDAwMCwidXBkYXRlIjo2MDAwMDAwMDAwMDB9fQ==",
          "dependencies": [
            "aws_eip.dr_nat_eip",
            "aws_internet_gateway.dr_igw",
            "aws_subnet.dr",
            "aws_vpc.dr"
          ]
        }
      ]
    },
    {
      "mode": "managed",
      "type": "aws_nat_gateway",
      "name": "prod_nat",
      "provider": "provider[\"registry.terraform.io/hashicorp/aws\"].primary",
      "instances": [
        {
          "schema_version": 0,
          "attributes": {
            "allocation_id": "eipalloc-02426575617357a1f",
            "association_id": "eipassoc-0650cc6deb478f4d1",
            "connectivity_type": "public",
            "id": "nat-0ea9daef181ed69f1",
            "network_interface_id": "eni-0c75526cfaf042877",
            "private_ip": "172.20.1.206",
            "public_ip": "54.167.49.233",
            "secondary_allocation_ids": null,
            "secondary_private_ip_address_count": 0,
            "secondary_private_ip_addresses": [],
            "subnet_id": "subnet-05e9fe8855a156547",
            "tags": {
              "Name": "nat-prod"
            },
            "tags_all": {
              "Name": "nat-prod"
            },
            "timeouts": null
          },
          "sensitive_attributes": [],
          "private": "eyJlMmJmYjczMC1lY2FhLTExZTYtOGY4OC0zNDM2M2JjN2M0YzAiOnsiY3JlYXRlIjo2MDAwMDAwMDAwMDAsImRlbGV0ZSI6MTgwMDAwMDAwMDAwMCwidXBkYXRlIjo2MDAwMDAwMDAwMDB9fQ==",
          "dependencies": [
            "aws_eip.prod_nat_eip",
            "aws_internet_gateway.prod_igw",
            "aws_subnet.prod",
            "aws_vpc.prod"
          ]
        }
      ]
    },
    {
      "mode": "managed",
      "type": "aws_route53_health_check",
      "name": "backend",
      "provider": "provider[\"registry.terraform.io/hashicorp/aws\"].primary",
      "instances": [
        {
          "schema_version": 0,
          "attributes": {
            "arn": "arn:aws:route53:::healthcheck/0592568b-6b28-412c-8204-cc5f85afad1a",
            "child_health_threshold": 0,
            "child_healthchecks": null,
            "cloudwatch_alarm_name": null,
            "cloudwatch_alarm_region": null,
            "disabled": false,
            "enable_sni": false,
            "failure_threshold": 3,
            "fqdn": "ALB-backend-808341274.us-east-1.elb.amazonaws.com",
            "id": "0592568b-6b28-412c-8204-cc5f85afad1a",
            "insufficient_data_health_status": "",
            "invert_healthcheck": false,
            "ip_address": "",
            "measure_latency": false,
            "port": 80,
            "reference_name": null,
            "regions": null,
            "request_interval": 30,
            "resource_path": "/",
            "routing_control_arn": "",
            "search_string": "",
            "tags": {
              "Name": "backend-healthcheck"
            },
            "tags_all": {
              "Name": "backend-healthcheck"
            },
            "triggers": {},
            "type": "HTTP"
          },
          "sensitive_attributes": [],
          "private": "bnVsbA==",
          "dependencies": [
            "aws_lb.backend_alb",
            "aws_security_group.backend_alb",
            "aws_subnet.prod",
            "aws_vpc.prod"
          ]
        }
      ]
    },
    {
      "mode": "managed",
      "type": "aws_route53_record",
      "name": "api_primary",
      "provider": "provider[\"registry.terraform.io/hashicorp/aws\"].primary",
      "instances": [
        {
          "schema_version": 2,
          "attributes": {
            "alias": [
              {
                "evaluate_target_health": true,
                "name": "alb-backend-808341274.us-east-1.elb.amazonaws.com",
                "zone_id": "Z35SXDOTRQ7X7K"
              }
            ],
            "allow_overwrite": null,
            "cidr_routing_policy": [],
            "failover_routing_policy": [
              {
                "type": "PRIMARY"
              }
            ],
            "fqdn": "api.pietroruoppolo.club",
            "geolocation_routing_policy": [],
            "geoproximity_routing_policy": [],
            "health_check_id": "0592568b-6b28-412c-8204-cc5f85afad1a",
            "id": "Z01306631FM24PO9D1784_api_A_api-primary",
            "latency_routing_policy": [],
            "multivalue_answer_routing_policy": false,
            "name": "api",
            "records": null,
            "set_identifier": "api-primary",
            "timeouts": null,
            "ttl": 0,
            "type": "A",
            "weighted_routing_policy": [],
            "zone_id": "Z01306631FM24PO9D1784"
          },
          "sensitive_attributes": [],
          "private": "eyJlMmJmYjczMC1lY2FhLTExZTYtOGY4OC0zNDM2M2JjN2M0YzAiOnsiY3JlYXRlIjoxODAwMDAwMDAwMDAwLCJkZWxldGUiOjE4MDAwMDAwMDAwMDAsInVwZGF0ZSI6MTgwMDAwMDAwMDAwMH0sInNjaGVtYV92ZXJzaW9uIjoiMiJ9",
          "dependencies": [
            "aws_lb.backend_alb",
            "aws_route53_health_check.backend",
            "aws_route53_zone.public",
            "aws_security_group.backend_alb",
            "aws_subnet.prod",
            "aws_vpc.prod"
          ]
        }
      ]
    },
    {
      "mode": "managed",
      "type": "aws_route53_record",
      "name": "api_secondary",
      "provider": "provider[\"registry.terraform.io/hashicorp/aws\"].primary",
      "instances": [
        {
          "schema_version": 2,
          "attributes": {
            "alias": [
              {
                "evaluate_target_health": false,
                "name": "alb-backend-dr-181572843.us-west-1.elb.amazonaws.com",
                "zone_id": "Z368ELLRRE2KJ0"
              }
            ],
            "allow_overwrite": null,
            "cidr_routing_policy": [],
            "failover_routing_policy": [
              {
                "type": "SECONDARY"
              }
            ],
            "fqdn": "api.pietroruoppolo.club",
            "geolocation_routing_policy": [],
            "geoproximity_routing_policy": [],
            "health_check_id": "",
            "id": "Z01306631FM24PO9D1784_api_A_api-secondary",
            "latency_routing_policy": [],
            "multivalue_answer_routing_policy": false,
            "name": "api",
            "records": null,
            "set_identifier": "api-secondary",
            "timeouts": null,
            "ttl": 0,
            "type": "A",
            "weighted_routing_policy": [],
            "zone_id": "Z01306631FM24PO9D1784"
          },
          "sensitive_attributes": [],
          "private": "eyJlMmJmYjczMC1lY2FhLTExZTYtOGY4OC0zNDM2M2JjN2M0YzAiOnsiY3JlYXRlIjoxODAwMDAwMDAwMDAwLCJkZWxldGUiOjE4MDAwMDAwMDAwMDAsInVwZGF0ZSI6MTgwMDAwMDAwMDAwMH0sInNjaGVtYV92ZXJzaW9uIjoiMiJ9",
          "dependencies": [
            "aws_lb.backend_alb",
            "aws_lb.backend_alb_dr",
            "aws_route53_health_check.backend",
            "aws_route53_record.api_primary",
            "aws_route53_zone.public",
            "aws_security_group.backend_alb",
            "aws_security_group.backend_alb_dr",
            "aws_subnet.dr",
            "aws_subnet.prod",
            "aws_vpc.dr",
            "aws_vpc.prod"
          ]
        }
      ]
    },
    {
      "mode": "managed",
      "type": "aws_route53_record",
      "name": "book_primary",
      "provider": "provider[\"registry.terraform.io/hashicorp/aws\"]",
      "instances": [
        {
          "schema_version": 2,
          "attributes": {
            "alias": [],
            "allow_overwrite": null,
            "cidr_routing_policy": [],
            "failover_routing_policy": [],
            "fqdn": "book.rds.pietroruoppolo.club",
            "geolocation_routing_policy": [],
            "geoproximity_routing_policy": [],
            "health_check_id": "",
            "id": "Z074032622YSGT7ABRKQG_book_CNAME",
            "latency_routing_policy": [],
            "multivalue_answer_routing_policy": false,
            "name": "book",
            "records": [
              "myapp-db.czoo08w08x8c.us-east-1.rds.amazonaws.com"
            ],
            "set_identifier": "",
            "timeouts": null,
            "ttl": 300,
            "type": "CNAME",
            "weighted_routing_policy": [],
            "zone_id": "Z074032622YSGT7ABRKQG"
          },
          "sensitive_attributes": [],
          "private": "eyJlMmJmYjczMC1lY2FhLTExZTYtOGY4OC0zNDM2M2JjN2M0YzAiOnsiY3JlYXRlIjoxODAwMDAwMDAwMDAwLCJkZWxldGUiOjE4MDAwMDAwMDAwMDAsInVwZGF0ZSI6MTgwMDAwMDAwMDAwMH0sInNjaGVtYV92ZXJzaW9uIjoiMiJ9",
          "dependencies": [
            "aws_db_instance.primary_db",
            "aws_db_subnet_group.main",
            "aws_route53_zone.rds_primary",
            "aws_security_group.backend_alb",
            "aws_security_group.backend_ec2",
            "aws_security_group.bastion",
            "aws_security_group.rds",
            "aws_subnet.prod",
            "aws_vpc.prod"
          ]
        }
      ]
    },
    {
      "mode": "managed",
      "type": "aws_route53_record",
      "name": "book_secondary",
      "provider": "provider[\"registry.terraform.io/hashicorp/aws\"].secondary",
      "instances": [
        {
          "schema_version": 2,
          "attributes": {
            "alias": [],
            "allow_overwrite": null,
            "cidr_routing_policy": [],
            "failover_routing_policy": [],
            "fqdn": "book.rds.pietroruoppolo.club",
            "geolocation_routing_policy": [],
            "geoproximity_routing_policy": [],
            "health_check_id": "",
            "id": "Z0751849DG0A5810ZMPP_book_CNAME",
            "latency_routing_policy": [],
            "multivalue_answer_routing_policy": false,
            "name": "book",
            "records": [
              "myapp-db-replica.cbq2okei2ek3.us-west-1.rds.amazonaws.com"
            ],
            "set_identifier": "",
            "timeouts": null,
            "ttl": 300,
            "type": "CNAME",
            "weighted_routing_policy": [],
            "zone_id": "Z0751849DG0A5810ZMPP"
          },
          "sensitive_attributes": [],
          "private": "eyJlMmJmYjczMC1lY2FhLTExZTYtOGY4OC0zNDM2M2JjN2M0YzAiOnsiY3JlYXRlIjoxODAwMDAwMDAwMDAwLCJkZWxldGUiOjE4MDAwMDAwMDAwMDAsInVwZGF0ZSI6MTgwMDAwMDAwMDAwMH0sInNjaGVtYV92ZXJzaW9uIjoiMiJ9",
          "dependencies": [
            "aws_db_instance.primary_db",
            "aws_db_instance.read_replica",
            "aws_db_subnet_group.main",
            "aws_db_subnet_group.replica",
            "aws_route53_zone.rds_secondary",
            "aws_security_group.backend_alb",
            "aws_security_group.backend_ec2",
            "aws_security_group.bastion",
            "aws_security_group.rds",
            "aws_security_group.rds_dr",
            "aws_subnet.dr",
            "aws_subnet.prod",
            "aws_vpc.dr",
            "aws_vpc.prod",
            "data.aws_kms_alias.rds_default_dr"
          ]
        }
      ]
    },
    {
      "mode": "managed",
      "type": "aws_route53_record",
      "name": "cf_cert_validation",
      "provider": "provider[\"registry.terraform.io/hashicorp/aws\"]",
      "instances": [
        {
          "index_key": "*.pietroruoppolo.club",
          "schema_version": 2,
          "attributes": {
            "alias": [],
            "allow_overwrite": true,
            "cidr_routing_policy": [],
            "failover_routing_policy": [],
            "fqdn": "_a6234d5ba1e2dadbd987a33b0be4044e.pietroruoppolo.club",
            "geolocation_routing_policy": [],
            "geoproximity_routing_policy": [],
            "health_check_id": "",
            "id": "Z01306631FM24PO9D1784__a6234d5ba1e2dadbd987a33b0be4044e.pietroruoppolo.club._CNAME",
            "latency_routing_policy": [],
            "multivalue_answer_routing_policy": false,
            "name": "_a6234d5ba1e2dadbd987a33b0be4044e.pietroruoppolo.club",
            "records": [
              "_d0e9c8d6257f6502d57cb825f6c17058.xlfgrmvvlj.acm-validations.aws."
            ],
            "set_identifier": "",
            "timeouts": null,
            "ttl": 300,
            "type": "CNAME",
            "weighted_routing_policy": [],
            "zone_id": "Z01306631FM24PO9D1784"
          },
          "sensitive_attributes": [],
          "private": "eyJlMmJmYjczMC1lY2FhLTExZTYtOGY4OC0zNDM2M2JjN2M0YzAiOnsiY3JlYXRlIjoxODAwMDAwMDAwMDAwLCJkZWxldGUiOjE4MDAwMDAwMDAwMDAsInVwZGF0ZSI6MTgwMDAwMDAwMDAwMH0sInNjaGVtYV92ZXJzaW9uIjoiMiJ9",
          "dependencies": [
            "aws_acm_certificate.cf_cert",
            "aws_route53_zone.public"
          ]
        },
        {
          "index_key": "pietroruoppolo.club",
          "schema_version": 2,
          "attributes": {
            "alias": [],
            "allow_overwrite": true,
            "cidr_routing_policy": [],
            "failover_routing_policy": [],
            "fqdn": "_a6234d5ba1e2dadbd987a33b0be4044e.pietroruoppolo.club",
            "geolocation_routing_policy": [],
            "geoproximity_routing_policy": [],
            "health_check_id": "",
            "id": "Z01306631FM24PO9D1784__a6234d5ba1e2dadbd987a33b0be4044e.pietroruoppolo.club._CNAME",
            "latency_routing_policy": [],
            "multivalue_answer_routing_policy": false,
            "name": "_a6234d5ba1e2dadbd987a33b0be4044e.pietroruoppolo.club",
            "records": [
              "_d0e9c8d6257f6502d57cb825f6c17058.xlfgrmvvlj.acm-validations.aws."
            ],
            "set_identifier": "",
            "timeouts": null,
            "ttl": 300,
            "type": "CNAME",
            "weighted_routing_policy": [],
            "zone_id": "Z01306631FM24PO9D1784"
          },
          "sensitive_attributes": [],
          "private": "eyJlMmJmYjczMC1lY2FhLTExZTYtOGY4OC0zNDM2M2JjN2M0YzAiOnsiY3JlYXRlIjoxODAwMDAwMDAwMDAwLCJkZWxldGUiOjE4MDAwMDAwMDAwMDAsInVwZGF0ZSI6MTgwMDAwMDAwMDAwMH0sInNjaGVtYV92ZXJzaW9uIjoiMiJ9",
          "dependencies": [
            "aws_acm_certificate.cf_cert",
            "aws_route53_zone.public"
          ]
        }
      ]
    },
    {
      "mode": "managed",
      "type": "aws_route53_zone",
      "name": "public",
      "provider": "provider[\"registry.terraform.io/hashicorp/aws\"].primary",
      "instances": [
        {
          "schema_version": 0,
          "attributes": {
            "arn": "arn:aws:route53:::hostedzone/Z01306631FM24PO9D1784",
            "comment": "Public hosted zone (authoritative)",
            "delegation_set_id": "",
            "force_destroy": false,
            "id": "Z01306631FM24PO9D1784",
            "name": "pietroruoppolo.club",
            "name_servers": [
              "ns-1428.awsdns-50.org",
              "ns-1970.awsdns-54.co.uk",
              "ns-436.awsdns-54.com",
              "ns-659.awsdns-18.net"
            ],
            "primary_name_server": "ns-1428.awsdns-50.org",
            "tags": {
              "Name": "public-pietroruoppolo.club"
            },
            "tags_all": {
              "Name": "public-pietroruoppolo.club"
            },
            "timeouts": null,
            "vpc": [],
            "zone_id": "Z01306631FM24PO9D1784"
          },
          "sensitive_attributes": [],
          "private": "eyJlMmJmYjczMC1lY2FhLTExZTYtOGY4OC0zNDM2M2JjN2M0YzAiOnsiY3JlYXRlIjoxODAwMDAwMDAwMDAwLCJkZWxldGUiOjE4MDAwMDAwMDAwMDAsInVwZGF0ZSI6MTgwMDAwMDAwMDAwMH19"
        }
      ]
    },
    {
      "mode": "managed",
      "type": "aws_route53_zone",
      "name": "rds_primary",
      "provider": "provider[\"registry.terraform.io/hashicorp/aws\"].primary",
      "instances": [
        {
          "schema_version": 0,
          "attributes": {
            "arn": "arn:aws:route53:::hostedzone/Z074032622YSGT7ABRKQG",
            "comment": "Private zone RDS primary us-east-1",
            "delegation_set_id": "",
            "force_destroy": false,
            "id": "Z074032622YSGT7ABRKQG",
            "name": "rds.pietroruoppolo.club",
            "name_servers": [
              "ns-0.awsdns-00.com.",
              "ns-1024.awsdns-00.org.",
              "ns-1536.awsdns-00.co.uk.",
              "ns-512.awsdns-00.net."
            ],
            "primary_name_server": "ns-0.awsdns-00.com.",
            "tags": {
              "Name": "rds-pietroruoppolo.club-primary"
            },
            "tags_all": {
              "Name": "rds-pietroruoppolo.club-primary"
            },
            "timeouts": null,
            "vpc": [
              {
                "vpc_id": "vpc-08cb7223348c62951",
                "vpc_region": "us-east-1"
              }
            ],
            "zone_id": "Z074032622YSGT7ABRKQG"
          },
          "sensitive_attributes": [],
          "private": "eyJlMmJmYjczMC1lY2FhLTExZTYtOGY4OC0zNDM2M2JjN2M0YzAiOnsiY3JlYXRlIjoxODAwMDAwMDAwMDAwLCJkZWxldGUiOjE4MDAwMDAwMDAwMDAsInVwZGF0ZSI6MTgwMDAwMDAwMDAwMH19",
          "dependencies": [
            "aws_vpc.prod"
          ]
        }
      ]
    },
    {
      "mode": "managed",
      "type": "aws_route53_zone",
      "name": "rds_secondary",
      "provider": "provider[\"registry.terraform.io/hashicorp/aws\"].secondary",
      "instances": [
        {
          "schema_version": 0,
          "attributes": {
            "arn": "arn:aws:route53:::hostedzone/Z0751849DG0A5810ZMPP",
            "comment": "Private zone RDS DR us-west-2",
            "delegation_set_id": "",
            "force_destroy": false,
            "id": "Z0751849DG0A5810ZMPP",
            "name": "rds.pietroruoppolo.club",
            "name_servers": [
              "ns-0.awsdns-00.com.",
              "ns-1024.awsdns-00.org.",
              "ns-1536.awsdns-00.co.uk.",
              "ns-512.awsdns-00.net."
            ],
            "primary_name_server": "ns-0.awsdns-00.com.",
            "tags": {
              "Name": "rds-pietroruoppolo.club-secondary"
            },
            "tags_all": {
              "Name": "rds-pietroruoppolo.club-secondary"
            },
            "timeouts": null,
            "vpc": [
              {
                "vpc_id": "vpc-0b1d642b8418e17f6",
                "vpc_region": "us-west-1"
              }
            ],
            "zone_id": "Z0751849DG0A5810ZMPP"
          },
          "sensitive_attributes": [],
          "private": "eyJlMmJmYjczMC1lY2FhLTExZTYtOGY4OC0zNDM2M2JjN2M0YzAiOnsiY3JlYXRlIjoxODAwMDAwMDAwMDAwLCJkZWxldGUiOjE4MDAwMDAwMDAwMDAsInVwZGF0ZSI6MTgwMDAwMDAwMDAwMH19",
          "dependencies": [
            "aws_vpc.dr"
          ]
        }
      ]
    },
    {
      "mode": "managed",
      "type": "aws_route_table",
      "name": "dr_private_rt",
      "provider": "provider[\"registry.terraform.io/hashicorp/aws\"].secondary",
      "instances": [
        {
          "schema_version": 0,
          "attributes": {
            "arn": "arn:aws:ec2:us-west-1:904233103130:route-table/rtb-05cc3a9ae024e9fe3",
            "id": "rtb-05cc3a9ae024e9fe3",
            "owner_id": "904233103130",
            "propagating_vgws": [],
            "route": [
              {
                "carrier_gateway_id": "",
                "cidr_block": "0.0.0.0/0",
                "core_network_arn": "",
                "destination_prefix_list_id": "",
                "egress_only_gateway_id": "",
                "gateway_id": "",
                "ipv6_cidr_block": "",
                "local_gateway_id": "",
                "nat_gateway_id": "nat-0302fe7c708696ad6",
                "network_interface_id": "",
                "transit_gateway_id": "",
                "vpc_endpoint_id": "",
                "vpc_peering_connection_id": ""
              }
            ],
            "tags": {
              "Name": "rt-dr-private"
            },
            "tags_all": {
              "Name": "rt-dr-private"
            },
            "timeouts": null,
            "vpc_id": "vpc-0b1d642b8418e17f6"
          },
          "sensitive_attributes": [],
          "private": "eyJlMmJmYjczMC1lY2FhLTExZTYtOGY4OC0zNDM2M2JjN2M0YzAiOnsiY3JlYXRlIjozMDAwMDAwMDAwMDAsImRlbGV0ZSI6MzAwMDAwMDAwMDAwLCJ1cGRhdGUiOjEyMDAwMDAwMDAwMH19",
          "dependencies": [
            "aws_eip.dr_nat_eip",
            "aws_internet_gateway.dr_igw",
            "aws_nat_gateway.dr_nat",
            "aws_subnet.dr",
            "aws_vpc.dr"
          ]
        }
      ]
    },
    {
      "mode": "managed",
      "type": "aws_route_table",
      "name": "dr_public_rt",
      "provider": "provider[\"registry.terraform.io/hashicorp/aws\"].secondary",
      "instances": [
        {
          "schema_version": 0,
          "attributes": {
            "arn": "arn:aws:ec2:us-west-1:904233103130:route-table/rtb-00f9938d390209749",
            "id": "rtb-00f9938d390209749",
            "owner_id": "904233103130",
            "propagating_vgws": [],
            "route": [
              {
                "carrier_gateway_id": "",
                "cidr_block": "0.0.0.0/0",
                "core_network_arn": "",
                "destination_prefix_list_id": "",
                "egress_only_gateway_id": "",
                "gateway_id": "igw-0662a93ab6f3704ae",
                "ipv6_cidr_block": "",
                "local_gateway_id": "",
                "nat_gateway_id": "",
                "network_interface_id": "",
                "transit_gateway_id": "",
                "vpc_endpoint_id": "",
                "vpc_peering_connection_id": ""
              }
            ],
            "tags": {
              "Name": "rt-dr-public"
            },
            "tags_all": {
              "Name": "rt-dr-public"
            },
            "timeouts": null,
            "vpc_id": "vpc-0b1d642b8418e17f6"
          },
          "sensitive_attributes": [],
          "private": "eyJlMmJmYjczMC1lY2FhLTExZTYtOGY4OC0zNDM2M2JjN2M0YzAiOnsiY3JlYXRlIjozMDAwMDAwMDAwMDAsImRlbGV0ZSI6MzAwMDAwMDAwMDAwLCJ1cGRhdGUiOjEyMDAwMDAwMDAwMH19",
          "dependencies": [
            "aws_internet_gateway.dr_igw",
            "aws_vpc.dr"
          ]
        }
      ]
    },
    {
      "mode": "managed",
      "type": "aws_route_table",
      "name": "prod_private_rt",
      "provider": "provider[\"registry.terraform.io/hashicorp/aws\"].primary",
      "instances": [
        {
          "schema_version": 0,
          "attributes": {
            "arn": "arn:aws:ec2:us-east-1:904233103130:route-table/rtb-0fd645611d3bb6c25",
            "id": "rtb-0fd645611d3bb6c25",
            "owner_id": "904233103130",
            "propagating_vgws": [],
            "route": [
              {
                "carrier_gateway_id": "",
                "cidr_block": "0.0.0.0/0",
                "core_network_arn": "",
                "destination_prefix_list_id": "",
                "egress_only_gateway_id": "",
                "gateway_id": "",
                "ipv6_cidr_block": "",
                "local_gateway_id": "",
                "nat_gateway_id": "nat-0ea9daef181ed69f1",
                "network_interface_id": "",
                "transit_gateway_id": "",
                "vpc_endpoint_id": "",
                "vpc_peering_connection_id": ""
              }
            ],
            "tags": {
              "Name": "rt-prod-private"
            },
            "tags_all": {
              "Name": "rt-prod-private"
            },
            "timeouts": null,
            "vpc_id": "vpc-08cb7223348c62951"
          },
          "sensitive_attributes": [],
          "private": "eyJlMmJmYjczMC1lY2FhLTExZTYtOGY4OC0zNDM2M2JjN2M0YzAiOnsiY3JlYXRlIjozMDAwMDAwMDAwMDAsImRlbGV0ZSI6MzAwMDAwMDAwMDAwLCJ1cGRhdGUiOjEyMDAwMDAwMDAwMH19",
          "dependencies": [
            "aws_eip.prod_nat_eip",
            "aws_internet_gateway.prod_igw",
            "aws_nat_gateway.prod_nat",
            "aws_subnet.prod",
            "aws_vpc.prod"
          ]
        }
      ]
    },
    {
      "mode": "managed",
      "type": "aws_route_table",
      "name": "prod_public_rt",
      "provider": "provider[\"registry.terraform.io/hashicorp/aws\"].primary",
      "instances": [
        {
          "schema_version": 0,
          "attributes": {
            "arn": "arn:aws:ec2:us-east-1:904233103130:route-table/rtb-09773ccce83389a9c",
            "id": "rtb-09773ccce83389a9c",
            "owner_id": "904233103130",
            "propagating_vgws": [],
            "route": [
              {
                "carrier_gateway_id": "",
                "cidr_block": "0.0.0.0/0",
                "core_network_arn": "",
                "destination_prefix_list_id": "",
                "egress_only_gateway_id": "",
                "gateway_id": "igw-0c0ee883731652e6a",
                "ipv6_cidr_block": "",
                "local_gateway_id": "",
                "nat_gateway_id": "",
                "network_interface_id": "",
                "transit_gateway_id": "",
                "vpc_endpoint_id": "",
                "vpc_peering_connection_id": ""
              }
            ],
            "tags": {
              "Name": "rt-prod-public"
            },
            "tags_all": {
              "Name": "rt-prod-public"
            },
            "timeouts": null,
            "vpc_id": "vpc-08cb7223348c62951"
          },
          "sensitive_attributes": [],
          "private": "eyJlMmJmYjczMC1lY2FhLTExZTYtOGY4OC0zNDM2M2JjN2M0YzAiOnsiY3JlYXRlIjozMDAwMDAwMDAwMDAsImRlbGV0ZSI6MzAwMDAwMDAwMDAwLCJ1cGRhdGUiOjEyMDAwMDAwMDAwMH19",
          "dependencies": [
            "aws_internet_gateway.prod_igw",
            "aws_vpc.prod"
          ]
        }
      ]
    },
    {
      "mode": "managed",
      "type": "aws_route_table_association",
      "name": "dr_priv_assoc",
      "provider": "provider[\"registry.terraform.io/hashicorp/aws\"].secondary",
      "instances": [
        {
          "index_key": "pri-sub-3a",
          "schema_version": 0,
          "attributes": {
            "gateway_id": "",
            "id": "rtbassoc-046c706fe3d6c8352",
            "route_table_id": "rtb-05cc3a9ae024e9fe3",
            "subnet_id": "subnet-0681cdcac9037d8c2",
            "timeouts": null
          },
          "sensitive_attributes": [],
          "private": "eyJlMmJmYjczMC1lY2FhLTExZTYtOGY4OC0zNDM2M2JjN2M0YzAiOnsiY3JlYXRlIjozMDAwMDAwMDAwMDAsImRlbGV0ZSI6MzAwMDAwMDAwMDAwLCJ1cGRhdGUiOjEyMDAwMDAwMDAwMH19",
          "dependencies": [
            "aws_eip.dr_nat_eip",
            "aws_internet_gateway.dr_igw",
            "aws_nat_gateway.dr_nat",
            "aws_route_table.dr_private_rt",
            "aws_subnet.dr",
            "aws_vpc.dr"
          ]
        },
        {
          "index_key": "pri-sub-4b",
          "schema_version": 0,
          "attributes": {
            "gateway_id": "",
            "id": "rtbassoc-0982f9a9a510802d9",
            "route_table_id": "rtb-05cc3a9ae024e9fe3",
            "subnet_id": "subnet-04e294f1862277df8",
            "timeouts": null
          },
          "sensitive_attributes": [],
          "private": "eyJlMmJmYjczMC1lY2FhLTExZTYtOGY4OC0zNDM2M2JjN2M0YzAiOnsiY3JlYXRlIjozMDAwMDAwMDAwMDAsImRlbGV0ZSI6MzAwMDAwMDAwMDAwLCJ1cGRhdGUiOjEyMDAwMDAwMDAwMH19",
          "dependencies": [
            "aws_eip.dr_nat_eip",
            "aws_internet_gateway.dr_igw",
            "aws_nat_gateway.dr_nat",
            "aws_route_table.dr_private_rt",
            "aws_subnet.dr",
            "aws_vpc.dr"
          ]
        },
        {
          "index_key": "pri-sub-5a",
          "schema_version": 0,
          "attributes": {
            "gateway_id": "",
            "id": "rtbassoc-083cd5e5a4e1d947c",
            "route_table_id": "rtb-05cc3a9ae024e9fe3",
            "subnet_id": "subnet-0f9aacfc923d032d7",
            "timeouts": null
          },
          "sensitive_attributes": [],
          "private": "eyJlMmJmYjczMC1lY2FhLTExZTYtOGY4OC0zNDM2M2JjN2M0YzAiOnsiY3JlYXRlIjozMDAwMDAwMDAwMDAsImRlbGV0ZSI6MzAwMDAwMDAwMDAwLCJ1cGRhdGUiOjEyMDAwMDAwMDAwMH19",
          "dependencies": [
            "aws_eip.dr_nat_eip",
            "aws_internet_gateway.dr_igw",
            "aws_nat_gateway.dr_nat",
            "aws_route_table.dr_private_rt",
            "aws_subnet.dr",
            "aws_vpc.dr"
          ]
        },
        {
          "index_key": "pri-sub-6b",
          "schema_version": 0,
          "attributes": {
            "gateway_id": "",
            "id": "rtbassoc-000155fd5365154b3",
            "route_table_id": "rtb-05cc3a9ae024e9fe3",
            "subnet_id": "subnet-083437c36ad02d226",
            "timeouts": null
          },
          "sensitive_attributes": [],
          "private": "eyJlMmJmYjczMC1lY2FhLTExZTYtOGY4OC0zNDM2M2JjN2M0YzAiOnsiY3JlYXRlIjozMDAwMDAwMDAwMDAsImRlbGV0ZSI6MzAwMDAwMDAwMDAwLCJ1cGRhdGUiOjEyMDAwMDAwMDAwMH19",
          "dependencies": [
            "aws_eip.dr_nat_eip",
            "aws_internet_gateway.dr_igw",
            "aws_nat_gateway.dr_nat",
            "aws_route_table.dr_private_rt",
            "aws_subnet.dr",
            "aws_vpc.dr"
          ]
        },
        {
          "index_key": "pri-sub-7a",
          "schema_version": 0,
          "attributes": {
            "gateway_id": "",
            "id": "rtbassoc-0ae0b52f5921495e7",
            "route_table_id": "rtb-05cc3a9ae024e9fe3",
            "subnet_id": "subnet-0dbdd92e894534b5e",
            "timeouts": null
          },
          "sensitive_attributes": [],
          "private": "eyJlMmJmYjczMC1lY2FhLTExZTYtOGY4OC0zNDM2M2JjN2M0YzAiOnsiY3JlYXRlIjozMDAwMDAwMDAwMDAsImRlbGV0ZSI6MzAwMDAwMDAwMDAwLCJ1cGRhdGUiOjEyMDAwMDAwMDAwMH19",
          "dependencies": [
            "aws_eip.dr_nat_eip",
            "aws_internet_gateway.dr_igw",
            "aws_nat_gateway.dr_nat",
            "aws_route_table.dr_private_rt",
            "aws_subnet.dr",
            "aws_vpc.dr"
          ]
        },
        {
          "index_key": "pri-sub-8b",
          "schema_version": 0,
          "attributes": {
            "gateway_id": "",
            "id": "rtbassoc-0e79c94d874dd8459",
            "route_table_id": "rtb-05cc3a9ae024e9fe3",
            "subnet_id": "subnet-0ff1ed6dad18c24f1",
            "timeouts": null
          },
          "sensitive_attributes": [],
          "private": "eyJlMmJmYjczMC1lY2FhLTExZTYtOGY4OC0zNDM2M2JjN2M0YzAiOnsiY3JlYXRlIjozMDAwMDAwMDAwMDAsImRlbGV0ZSI6MzAwMDAwMDAwMDAwLCJ1cGRhdGUiOjEyMDAwMDAwMDAwMH19",
          "dependencies": [
            "aws_eip.dr_nat_eip",
            "aws_internet_gateway.dr_igw",
            "aws_nat_gateway.dr_nat",
            "aws_route_table.dr_private_rt",
            "aws_subnet.dr",
            "aws_vpc.dr"
          ]
        }
      ]
    },
    {
      "mode": "managed",
      "type": "aws_route_table_association",
      "name": "dr_pub_assoc",
      "provider": "provider[\"registry.terraform.io/hashicorp/aws\"].secondary",
      "instances": [
        {
          "index_key": "pub-sub-1a",
          "schema_version": 0,
          "attributes": {
            "gateway_id": "",
            "id": "rtbassoc-033e870cdd33d9ba3",
            "route_table_id": "rtb-00f9938d390209749",
            "subnet_id": "subnet-02fdbf6d838deef0f",
            "timeouts": null
          },
          "sensitive_attributes": [],
          "private": "eyJlMmJmYjczMC1lY2FhLTExZTYtOGY4OC0zNDM2M2JjN2M0YzAiOnsiY3JlYXRlIjozMDAwMDAwMDAwMDAsImRlbGV0ZSI6MzAwMDAwMDAwMDAwLCJ1cGRhdGUiOjEyMDAwMDAwMDAwMH19",
          "dependencies": [
            "aws_internet_gateway.dr_igw",
            "aws_route_table.dr_public_rt",
            "aws_subnet.dr",
            "aws_vpc.dr"
          ]
        },
        {
          "index_key": "pub-sub-2b",
          "schema_version": 0,
          "attributes": {
            "gateway_id": "",
            "id": "rtbassoc-0915d5e66041c88b9",
            "route_table_id": "rtb-00f9938d390209749",
            "subnet_id": "subnet-0d85c64aa621140d7",
            "timeouts": null
          },
          "sensitive_attributes": [],
          "private": "eyJlMmJmYjczMC1lY2FhLTExZTYtOGY4OC0zNDM2M2JjN2M0YzAiOnsiY3JlYXRlIjozMDAwMDAwMDAwMDAsImRlbGV0ZSI6MzAwMDAwMDAwMDAwLCJ1cGRhdGUiOjEyMDAwMDAwMDAwMH19",
          "dependencies": [
            "aws_internet_gateway.dr_igw",
            "aws_route_table.dr_public_rt",
            "aws_subnet.dr",
            "aws_vpc.dr"
          ]
        }
      ]
    },
    {
      "mode": "managed",
      "type": "aws_route_table_association",
      "name": "prod_priv_assoc",
      "provider": "provider[\"registry.terraform.io/hashicorp/aws\"].primary",
      "instances": [
        {
          "index_key": "pri-sub-3a",
          "schema_version": 0,
          "attributes": {
            "gateway_id": "",
            "id": "rtbassoc-0e7ec63f8704ac5e8",
            "route_table_id": "rtb-0fd645611d3bb6c25",
            "subnet_id": "subnet-0a188166b7f28e532",
            "timeouts": null
          },
          "sensitive_attributes": [],
          "private": "eyJlMmJmYjczMC1lY2FhLTExZTYtOGY4OC0zNDM2M2JjN2M0YzAiOnsiY3JlYXRlIjozMDAwMDAwMDAwMDAsImRlbGV0ZSI6MzAwMDAwMDAwMDAwLCJ1cGRhdGUiOjEyMDAwMDAwMDAwMH19",
          "dependencies": [
            "aws_eip.prod_nat_eip",
            "aws_internet_gateway.prod_igw",
            "aws_nat_gateway.prod_nat",
            "aws_route_table.prod_private_rt",
            "aws_subnet.prod",
            "aws_vpc.prod"
          ]
        },
        {
          "index_key": "pri-sub-4b",
          "schema_version": 0,
          "attributes": {
            "gateway_id": "",
            "id": "rtbassoc-007eb882085013988",
            "route_table_id": "rtb-0fd645611d3bb6c25",
            "subnet_id": "subnet-0902b904c83eb1ce1",
            "timeouts": null
          },
          "sensitive_attributes": [],
          "private": "eyJlMmJmYjczMC1lY2FhLTExZTYtOGY4OC0zNDM2M2JjN2M0YzAiOnsiY3JlYXRlIjozMDAwMDAwMDAwMDAsImRlbGV0ZSI6MzAwMDAwMDAwMDAwLCJ1cGRhdGUiOjEyMDAwMDAwMDAwMH19",
          "dependencies": [
            "aws_eip.prod_nat_eip",
            "aws_internet_gateway.prod_igw",
            "aws_nat_gateway.prod_nat",
            "aws_route_table.prod_private_rt",
            "aws_subnet.prod",
            "aws_vpc.prod"
          ]
        },
        {
          "index_key": "pri-sub-5a",
          "schema_version": 0,
          "attributes": {
            "gateway_id": "",
            "id": "rtbassoc-0e3cfcf335db80e62",
            "route_table_id": "rtb-0fd645611d3bb6c25",
            "subnet_id": "subnet-0a3b8f185883b6137",
            "timeouts": null
          },
          "sensitive_attributes": [],
          "private": "eyJlMmJmYjczMC1lY2FhLTExZTYtOGY4OC0zNDM2M2JjN2M0YzAiOnsiY3JlYXRlIjozMDAwMDAwMDAwMDAsImRlbGV0ZSI6MzAwMDAwMDAwMDAwLCJ1cGRhdGUiOjEyMDAwMDAwMDAwMH19",
          "dependencies": [
            "aws_eip.prod_nat_eip",
            "aws_internet_gateway.prod_igw",
            "aws_nat_gateway.prod_nat",
            "aws_route_table.prod_private_rt",
            "aws_subnet.prod",
            "aws_vpc.prod"
          ]
        },
        {
          "index_key": "pri-sub-6b",
          "schema_version": 0,
          "attributes": {
            "gateway_id": "",
            "id": "rtbassoc-019d437d2174788ad",
            "route_table_id": "rtb-0fd645611d3bb6c25",
            "subnet_id": "subnet-02833366468ba237b",
            "timeouts": null
          },
          "sensitive_attributes": [],
          "private": "eyJlMmJmYjczMC1lY2FhLTExZTYtOGY4OC0zNDM2M2JjN2M0YzAiOnsiY3JlYXRlIjozMDAwMDAwMDAwMDAsImRlbGV0ZSI6MzAwMDAwMDAwMDAwLCJ1cGRhdGUiOjEyMDAwMDAwMDAwMH19",
          "dependencies": [
            "aws_eip.prod_nat_eip",
            "aws_internet_gateway.prod_igw",
            "aws_nat_gateway.prod_nat",
            "aws_route_table.prod_private_rt",
            "aws_subnet.prod",
            "aws_vpc.prod"
          ]
        },
        {
          "index_key": "pri-sub-7a",
          "schema_version": 0,
          "attributes": {
            "gateway_id": "",
            "id": "rtbassoc-07e5c5970b9b7e0a4",
            "route_table_id": "rtb-0fd645611d3bb6c25",
            "subnet_id": "subnet-08ff3d54b4a2a0de3",
            "timeouts": null
          },
          "sensitive_attributes": [],
          "private": "eyJlMmJmYjczMC1lY2FhLTExZTYtOGY4OC0zNDM2M2JjN2M0YzAiOnsiY3JlYXRlIjozMDAwMDAwMDAwMDAsImRlbGV0ZSI6MzAwMDAwMDAwMDAwLCJ1cGRhdGUiOjEyMDAwMDAwMDAwMH19",
          "dependencies": [
            "aws_eip.prod_nat_eip",
            "aws_internet_gateway.prod_igw",
            "aws_nat_gateway.prod_nat",
            "aws_route_table.prod_private_rt",
            "aws_subnet.prod",
            "aws_vpc.prod"
          ]
        },
        {
          "index_key": "pri-sub-8b",
          "schema_version": 0,
          "attributes": {
            "gateway_id": "",
            "id": "rtbassoc-0163fccd80044aed7",
            "route_table_id": "rtb-0fd645611d3bb6c25",
            "subnet_id": "subnet-0bf463e85c0eddffc",
            "timeouts": null
          },
          "sensitive_attributes": [],
          "private": "eyJlMmJmYjczMC1lY2FhLTExZTYtOGY4OC0zNDM2M2JjN2M0YzAiOnsiY3JlYXRlIjozMDAwMDAwMDAwMDAsImRlbGV0ZSI6MzAwMDAwMDAwMDAwLCJ1cGRhdGUiOjEyMDAwMDAwMDAwMH19",
          "dependencies": [
            "aws_eip.prod_nat_eip",
            "aws_internet_gateway.prod_igw",
            "aws_nat_gateway.prod_nat",
            "aws_route_table.prod_private_rt",
            "aws_subnet.prod",
            "aws_vpc.prod"
          ]
        }
      ]
    },
    {
      "mode": "managed",
      "type": "aws_route_table_association",
      "name": "prod_pub_assoc",
      "provider": "provider[\"registry.terraform.io/hashicorp/aws\"].primary",
      "instances": [
        {
          "index_key": "pub-sub-1a",
          "schema_version": 0,
          "attributes": {
            "gateway_id": "",
            "id": "rtbassoc-0c4325d533296c226",
            "route_table_id": "rtb-09773ccce83389a9c",
            "subnet_id": "subnet-05e9fe8855a156547",
            "timeouts": null
          },
          "sensitive_attributes": [],
          "private": "eyJlMmJmYjczMC1lY2FhLTExZTYtOGY4OC0zNDM2M2JjN2M0YzAiOnsiY3JlYXRlIjozMDAwMDAwMDAwMDAsImRlbGV0ZSI6MzAwMDAwMDAwMDAwLCJ1cGRhdGUiOjEyMDAwMDAwMDAwMH19",
          "dependencies": [
            "aws_internet_gateway.prod_igw",
            "aws_route_table.prod_public_rt",
            "aws_subnet.prod",
            "aws_vpc.prod"
          ]
        },
        {
          "index_key": "pub-sub-2b",
          "schema_version": 0,
          "attributes": {
            "gateway_id": "",
            "id": "rtbassoc-0a668652751386cb6",
            "route_table_id": "rtb-09773ccce83389a9c",
            "subnet_id": "subnet-00566fc243ad3e8f3",
            "timeouts": null
          },
          "sensitive_attributes": [],
          "private": "eyJlMmJmYjczMC1lY2FhLTExZTYtOGY4OC0zNDM2M2JjN2M0YzAiOnsiY3JlYXRlIjozMDAwMDAwMDAwMDAsImRlbGV0ZSI6MzAwMDAwMDAwMDAwLCJ1cGRhdGUiOjEyMDAwMDAwMDAwMH19",
          "dependencies": [
            "aws_internet_gateway.prod_igw",
            "aws_route_table.prod_public_rt",
            "aws_subnet.prod",
            "aws_vpc.prod"
          ]
        }
      ]
    },
    {
      "mode": "managed",
      "type": "aws_security_group",
      "name": "alb_frontend_dr_sg",
      "provider": "provider[\"registry.terraform.io/hashicorp/aws\"].secondary",
      "instances": [
        {
          "schema_version": 1,
          "attributes": {
            "arn": "arn:aws:ec2:us-west-1:904233103130:security-group/sg-065e2ab1a7ce675e1",
            "description": "Allow HTTP/HTTPS to frontend ALB in DR",
            "egress": [
              {
                "cidr_blocks": [
                  "0.0.0.0/0"
                ],
                "description": "",
                "from_port": 0,
                "ipv6_cidr_blocks": [],
                "prefix_list_ids": [],
                "protocol": "-1",
                "security_groups": [],
                "self": false,
                "to_port": 0
              }
            ],
            "id": "sg-065e2ab1a7ce675e1",
            "ingress": [
              {
                "cidr_blocks": [
                  "0.0.0.0/0"
                ],
                "description": "HTTP",
                "from_port": 80,
                "ipv6_cidr_blocks": [],
                "prefix_list_ids": [],
                "protocol": "tcp",
                "security_groups": [],
                "self": false,
                "to_port": 80
              },
              {
                "cidr_blocks": [
                  "0.0.0.0/0"
                ],
                "description": "HTTPS",
                "from_port": 443,
                "ipv6_cidr_blocks": [],
                "prefix_list_ids": [],
                "protocol": "tcp",
                "security_groups": [],
                "self": false,
                "to_port": 443
              }
            ],
            "name": "alb-frontend-dr-sg",
            "name_prefix": "",
            "owner_id": "904233103130",
            "revoke_rules_on_delete": false,
            "tags": {
              "Name": "alb-frontend-dr-sg"
            },
            "tags_all": {
              "Name": "alb-frontend-dr-sg"
            },
            "timeouts": null,
            "vpc_id": "vpc-0b1d642b8418e17f6"
          },
          "sensitive_attributes": [],
          "private": "eyJlMmJmYjczMC1lY2FhLTExZTYtOGY4OC0zNDM2M2JjN2M0YzAiOnsiY3JlYXRlIjo2MDAwMDAwMDAwMDAsImRlbGV0ZSI6OTAwMDAwMDAwMDAwfSwic2NoZW1hX3ZlcnNpb24iOiIxIn0=",
          "dependencies": [
            "aws_vpc.dr"
          ]
        }
      ]
    },
    {
      "mode": "managed",
      "type": "aws_security_group",
      "name": "alb_frontend_sg",
      "provider": "provider[\"registry.terraform.io/hashicorp/aws\"].primary",
      "instances": [
        {
          "schema_version": 1,
          "attributes": {
            "arn": "arn:aws:ec2:us-east-1:904233103130:security-group/sg-073cc261cd3e5bab4",
            "description": "Allow HTTP/HTTPS for frontend ALB",
            "egress": [
              {
                "cidr_blocks": [
                  "0.0.0.0/0"
                ],
                "description": "",
                "from_port": 0,
                "ipv6_cidr_blocks": [],
                "prefix_list_ids": [],
                "protocol": "-1",
                "security_groups": [],
                "self": false,
                "to_port": 0
              }
            ],
            "id": "sg-073cc261cd3e5bab4",
            "ingress": [
              {
                "cidr_blocks": [
                  "0.0.0.0/0"
                ],
                "description": "HTTP",
                "from_port": 80,
                "ipv6_cidr_blocks": [],
                "prefix_list_ids": [],
                "protocol": "tcp",
                "security_groups": [],
                "self": false,
                "to_port": 80
              },
              {
                "cidr_blocks": [
                  "0.0.0.0/0"
                ],
                "description": "HTTPS",
                "from_port": 443,
                "ipv6_cidr_blocks": [],
                "prefix_list_ids": [],
                "protocol": "tcp",
                "security_groups": [],
                "self": false,
                "to_port": 443
              }
            ],
            "name": "alb-frontend-sg",
            "name_prefix": "",
            "owner_id": "904233103130",
            "revoke_rules_on_delete": false,
            "tags": {
              "Name": "alb-frontend-sg"
            },
            "tags_all": {
              "Name": "alb-frontend-sg"
            },
            "timeouts": null,
            "vpc_id": "vpc-08cb7223348c62951"
          },
          "sensitive_attributes": [],
          "private": "eyJlMmJmYjczMC1lY2FhLTExZTYtOGY4OC0zNDM2M2JjN2M0YzAiOnsiY3JlYXRlIjo2MDAwMDAwMDAwMDAsImRlbGV0ZSI6OTAwMDAwMDAwMDAwfSwic2NoZW1hX3ZlcnNpb24iOiIxIn0=",
          "dependencies": [
            "aws_vpc.prod"
          ]
        }
      ]
    },
    {
      "mode": "managed",
      "type": "aws_security_group",
      "name": "backend_alb",
      "provider": "provider[\"registry.terraform.io/hashicorp/aws\"].primary",
      "instances": [
        {
          "schema_version": 1,
          "attributes": {
            "arn": "arn:aws:ec2:us-east-1:904233103130:security-group/sg-0986dd843a52a6cd7",
            "description": "Allow HTTP/HTTPS from anywhere",
            "egress": [
              {
                "cidr_blocks": [
                  "0.0.0.0/0"
                ],
                "description": "",
                "from_port": 0,
                "ipv6_cidr_blocks": [],
                "prefix_list_ids": [],
                "protocol": "-1",
                "security_groups": [],
                "self": false,
                "to_port": 0
              }
            ],
            "id": "sg-0986dd843a52a6cd7",
            "ingress": [
              {
                "cidr_blocks": [
                  "0.0.0.0/0"
                ],
                "description": "HTTP",
                "from_port": 80,
                "ipv6_cidr_blocks": [],
                "prefix_list_ids": [],
                "protocol": "tcp",
                "security_groups": [],
                "self": false,
                "to_port": 80
              },
              {
                "cidr_blocks": [
                  "0.0.0.0/0"
                ],
                "description": "HTTPS",
                "from_port": 443,
                "ipv6_cidr_blocks": [],
                "prefix_list_ids": [],
                "protocol": "tcp",
                "security_groups": [],
                "self": false,
                "to_port": 443
              }
            ],
            "name": "backend-alb-sg",
            "name_prefix": "",
            "owner_id": "904233103130",
            "revoke_rules_on_delete": false,
            "tags": null,
            "tags_all": {},
            "timeouts": null,
            "vpc_id": "vpc-08cb7223348c62951"
          },
          "sensitive_attributes": [],
          "private": "eyJlMmJmYjczMC1lY2FhLTExZTYtOGY4OC0zNDM2M2JjN2M0YzAiOnsiY3JlYXRlIjo2MDAwMDAwMDAwMDAsImRlbGV0ZSI6OTAwMDAwMDAwMDAwfSwic2NoZW1hX3ZlcnNpb24iOiIxIn0=",
          "dependencies": [
            "aws_vpc.prod"
          ],
          "create_before_destroy": true
        }
      ]
    },
    {
      "mode": "managed",
      "type": "aws_security_group",
      "name": "backend_alb_dr",
      "provider": "provider[\"registry.terraform.io/hashicorp/aws\"].secondary",
      "instances": [
        {
          "schema_version": 1,
          "attributes": {
            "arn": "arn:aws:ec2:us-west-1:904233103130:security-group/sg-0cf33c979ebf5e6a9",
            "description": "Allow HTTP/HTTPS to backend ALB in DR",
            "egress": [
              {
                "cidr_blocks": [
                  "0.0.0.0/0"
                ],
                "description": "",
                "from_port": 0,
                "ipv6_cidr_blocks": [],
                "prefix_list_ids": [],
                "protocol": "-1",
                "security_groups": [],
                "self": false,
                "to_port": 0
              }
            ],
            "id": "sg-0cf33c979ebf5e6a9",
            "ingress": [
              {
                "cidr_blocks": [
                  "0.0.0.0/0"
                ],
                "description": "HTTP",
                "from_port": 80,
                "ipv6_cidr_blocks": [],
                "prefix_list_ids": [],
                "protocol": "tcp",
                "security_groups": [],
                "self": false,
                "to_port": 80
              },
              {
                "cidr_blocks": [
                  "0.0.0.0/0"
                ],
                "description": "HTTPS",
                "from_port": 443,
                "ipv6_cidr_blocks": [],
                "prefix_list_ids": [],
                "protocol": "tcp",
                "security_groups": [],
                "self": false,
                "to_port": 443
              }
            ],
            "name": "backend-alb-dr-sg",
            "name_prefix": "",
            "owner_id": "904233103130",
            "revoke_rules_on_delete": false,
            "tags": {
              "Name": "backend-alb-dr-sg"
            },
            "tags_all": {
              "Name": "backend-alb-dr-sg"
            },
            "timeouts": null,
            "vpc_id": "vpc-0b1d642b8418e17f6"
          },
          "sensitive_attributes": [],
          "private": "eyJlMmJmYjczMC1lY2FhLTExZTYtOGY4OC0zNDM2M2JjN2M0YzAiOnsiY3JlYXRlIjo2MDAwMDAwMDAwMDAsImRlbGV0ZSI6OTAwMDAwMDAwMDAwfSwic2NoZW1hX3ZlcnNpb24iOiIxIn0=",
          "dependencies": [
            "aws_vpc.dr"
          ]
        }
      ]
    },
    {
      "mode": "managed",
      "type": "aws_security_group",
      "name": "backend_ec2",
      "provider": "provider[\"registry.terraform.io/hashicorp/aws\"].primary",
      "instances": [
        {
          "schema_version": 1,
          "attributes": {
            "arn": "arn:aws:ec2:us-east-1:904233103130:security-group/sg-00224e42ee32e2f8e",
            "description": "Allow HTTP from backend ALB and SSH from bastion",
            "egress": [
              {
                "cidr_blocks": [
                  "0.0.0.0/0"
                ],
                "description": "",
                "from_port": 0,
                "ipv6_cidr_blocks": [],
                "prefix_list_ids": [],
                "protocol": "-1",
                "security_groups": [],
                "self": false,
                "to_port": 0
              }
            ],
            "id": "sg-00224e42ee32e2f8e",
            "ingress": [
              {
                "cidr_blocks": [],
                "description": "HTTP from ALB Backend",
                "from_port": 80,
                "ipv6_cidr_blocks": [],
                "prefix_list_ids": [],
                "protocol": "tcp",
                "security_groups": [
                  "sg-0986dd843a52a6cd7"
                ],
                "self": false,
                "to_port": 80
              },
              {
                "cidr_blocks": [],
                "description": "SSH from Bastion",
                "from_port": 22,
                "ipv6_cidr_blocks": [],
                "prefix_list_ids": [],
                "protocol": "tcp",
                "security_groups": [
                  "sg-0c0b777572e18ca0c"
                ],
                "self": false,
                "to_port": 22
              }
            ],
            "name": "backend-ec2-sg",
            "name_prefix": "",
            "owner_id": "904233103130",
            "revoke_rules_on_delete": false,
            "tags": null,
            "tags_all": {},
            "timeouts": null,
            "vpc_id": "vpc-08cb7223348c62951"
          },
          "sensitive_attributes": [],
          "private": "eyJlMmJmYjczMC1lY2FhLTExZTYtOGY4OC0zNDM2M2JjN2M0YzAiOnsiY3JlYXRlIjo2MDAwMDAwMDAwMDAsImRlbGV0ZSI6OTAwMDAwMDAwMDAwfSwic2NoZW1hX3ZlcnNpb24iOiIxIn0=",
          "dependencies": [
            "aws_security_group.backend_alb",
            "aws_security_group.bastion",
            "aws_vpc.prod"
          ],
          "create_before_destroy": true
        }
      ]
    },
    {
      "mode": "managed",
      "type": "aws_security_group",
      "name": "backend_ec2_dr",
      "provider": "provider[\"registry.terraform.io/hashicorp/aws\"].secondary",
      "instances": [
        {
          "schema_version": 1,
          "attributes": {
            "arn": "arn:aws:ec2:us-west-1:904233103130:security-group/sg-09337232f6eca372d",
            "description": "Allow HTTP and SSH (DR)",
            "egress": [
              {
                "cidr_blocks": [
                  "0.0.0.0/0"
                ],
                "description": "",
                "from_port": 0,
                "ipv6_cidr_blocks": [],
                "prefix_list_ids": [],
                "protocol": "-1",
                "security_groups": [],
                "self": false,
                "to_port": 0
              }
            ],
            "id": "sg-09337232f6eca372d",
            "ingress": [
              {
                "cidr_blocks": [
                  "0.0.0.0/0"
                ],
                "description": "HTTP",
                "from_port": 3000,
                "ipv6_cidr_blocks": [],
                "prefix_list_ids": [],
                "protocol": "tcp",
                "security_groups": [],
                "self": false,
                "to_port": 3000
              },
              {
                "cidr_blocks": [
                  "0.0.0.0/0"
                ],
                "description": "SSH",
                "from_port": 22,
                "ipv6_cidr_blocks": [],
                "prefix_list_ids": [],
                "protocol": "tcp",
                "security_groups": [],
                "self": false,
                "to_port": 22
              }
            ],
            "name": "backend-ec2-dr-sg",
            "name_prefix": "",
            "owner_id": "904233103130",
            "revoke_rules_on_delete": false,
            "tags": null,
            "tags_all": {},
            "timeouts": null,
            "vpc_id": "vpc-0b1d642b8418e17f6"
          },
          "sensitive_attributes": [],
          "private": "eyJlMmJmYjczMC1lY2FhLTExZTYtOGY4OC0zNDM2M2JjN2M0YzAiOnsiY3JlYXRlIjo2MDAwMDAwMDAwMDAsImRlbGV0ZSI6OTAwMDAwMDAwMDAwfSwic2NoZW1hX3ZlcnNpb24iOiIxIn0=",
          "dependencies": [
            "aws_vpc.dr"
          ],
          "create_before_destroy": true
        }
      ]
    },
    {
      "mode": "managed",
      "type": "aws_security_group",
      "name": "bastion",
      "provider": "provider[\"registry.terraform.io/hashicorp/aws\"].primary",
      "instances": [
        {
          "schema_version": 1,
          "attributes": {
            "arn": "arn:aws:ec2:us-east-1:904233103130:security-group/sg-0c0b777572e18ca0c",
            "description": "SSH access only from trusted IP",
            "egress": [
              {
                "cidr_blocks": [
                  "0.0.0.0/0"
                ],
                "description": "",
                "from_port": 0,
                "ipv6_cidr_blocks": [],
                "prefix_list_ids": [],
                "protocol": "-1",
                "security_groups": [],
                "self": false,
                "to_port": 0
              }
            ],
            "id": "sg-0c0b777572e18ca0c",
            "ingress": [
              {
                "cidr_blocks": [
                  "0.0.0.0/0"
                ],
                "description": "SSH from admin IP",
                "from_port": 22,
                "ipv6_cidr_blocks": [],
                "prefix_list_ids": [],
                "protocol": "tcp",
                "security_groups": [],
                "self": false,
                "to_port": 22
              }
            ],
            "name": "bastion-sg",
            "name_prefix": "",
            "owner_id": "904233103130",
            "revoke_rules_on_delete": false,
            "tags": null,
            "tags_all": {},
            "timeouts": null,
            "vpc_id": "vpc-08cb7223348c62951"
          },
          "sensitive_attributes": [],
          "private": "eyJlMmJmYjczMC1lY2FhLTExZTYtOGY4OC0zNDM2M2JjN2M0YzAiOnsiY3JlYXRlIjo2MDAwMDAwMDAwMDAsImRlbGV0ZSI6OTAwMDAwMDAwMDAwfSwic2NoZW1hX3ZlcnNpb24iOiIxIn0=",
          "dependencies": [
            "aws_vpc.prod"
          ],
          "create_before_destroy": true
        }
      ]
    },
    {
      "mode": "managed",
      "type": "aws_security_group",
      "name": "frontend_alb",
      "provider": "provider[\"registry.terraform.io/hashicorp/aws\"].primary",
      "instances": [
        {
          "schema_version": 1,
          "attributes": {
            "arn": "arn:aws:ec2:us-east-1:904233103130:security-group/sg-0c98c367c41652e48",
            "description": "Allow HTTP/HTTPS from anywhere",
            "egress": [
              {
                "cidr_blocks": [
                  "0.0.0.0/0"
                ],
                "description": "",
                "from_port": 0,
                "ipv6_cidr_blocks": [],
                "prefix_list_ids": [],
                "protocol": "-1",
                "security_groups": [],
                "self": false,
                "to_port": 0
              }
            ],
            "id": "sg-0c98c367c41652e48",
            "ingress": [
              {
                "cidr_blocks": [
                  "0.0.0.0/0"
                ],
                "description": "HTTP",
                "from_port": 80,
                "ipv6_cidr_blocks": [],
                "prefix_list_ids": [],
                "protocol": "tcp",
                "security_groups": [],
                "self": false,
                "to_port": 80
              },
              {
                "cidr_blocks": [
                  "0.0.0.0/0"
                ],
                "description": "HTTPS",
                "from_port": 443,
                "ipv6_cidr_blocks": [],
                "prefix_list_ids": [],
                "protocol": "tcp",
                "security_groups": [],
                "self": false,
                "to_port": 443
              }
            ],
            "name": "frontend-alb-sg",
            "name_prefix": "",
            "owner_id": "904233103130",
            "revoke_rules_on_delete": false,
            "tags": null,
            "tags_all": {},
            "timeouts": null,
            "vpc_id": "vpc-08cb7223348c62951"
          },
          "sensitive_attributes": [],
          "private": "eyJlMmJmYjczMC1lY2FhLTExZTYtOGY4OC0zNDM2M2JjN2M0YzAiOnsiY3JlYXRlIjo2MDAwMDAwMDAwMDAsImRlbGV0ZSI6OTAwMDAwMDAwMDAwfSwic2NoZW1hX3ZlcnNpb24iOiIxIn0=",
          "dependencies": [
            "aws_vpc.prod"
          ]
        }
      ]
    },
    {
      "mode": "managed",
      "type": "aws_security_group",
      "name": "frontend_ec2",
      "provider": "provider[\"registry.terraform.io/hashicorp/aws\"].primary",
      "instances": [
        {
          "schema_version": 1,
          "attributes": {
            "arn": "arn:aws:ec2:us-east-1:904233103130:security-group/sg-096aab450c876c368",
            "description": "Allow HTTP from frontend ALB and SSH from bastion",
            "egress": [
              {
                "cidr_blocks": [
                  "0.0.0.0/0"
                ],
                "description": "",
                "from_port": 0,
                "ipv6_cidr_blocks": [],
                "prefix_list_ids": [],
                "protocol": "-1",
                "security_groups": [],
                "self": false,
                "to_port": 0
              }
            ],
            "id": "sg-096aab450c876c368",
            "ingress": [
              {
                "cidr_blocks": [],
                "description": "HTTP from ALB Frontend",
                "from_port": 80,
                "ipv6_cidr_blocks": [],
                "prefix_list_ids": [],
                "protocol": "tcp",
                "security_groups": [
                  "sg-0c98c367c41652e48"
                ],
                "self": false,
                "to_port": 80
              },
              {
                "cidr_blocks": [],
                "description": "SSH from Bastion",
                "from_port": 22,
                "ipv6_cidr_blocks": [],
                "prefix_list_ids": [],
                "protocol": "tcp",
                "security_groups": [
                  "sg-0c0b777572e18ca0c"
                ],
                "self": false,
                "to_port": 22
              }
            ],
            "name": "frontend-ec2-sg",
            "name_prefix": "",
            "owner_id": "904233103130",
            "revoke_rules_on_delete": false,
            "tags": null,
            "tags_all": {},
            "timeouts": null,
            "vpc_id": "vpc-08cb7223348c62951"
          },
          "sensitive_attributes": [],
          "private": "eyJlMmJmYjczMC1lY2FhLTExZTYtOGY4OC0zNDM2M2JjN2M0YzAiOnsiY3JlYXRlIjo2MDAwMDAwMDAwMDAsImRlbGV0ZSI6OTAwMDAwMDAwMDAwfSwic2NoZW1hX3ZlcnNpb24iOiIxIn0=",
          "dependencies": [
            "aws_security_group.bastion",
            "aws_security_group.frontend_alb",
            "aws_vpc.prod"
          ]
        }
      ]
    },
    {
      "mode": "managed",
      "type": "aws_security_group",
      "name": "frontend_ec2_dr",
      "provider": "provider[\"registry.terraform.io/hashicorp/aws\"].secondary",
      "instances": [
        {
          "schema_version": 1,
          "attributes": {
            "arn": "arn:aws:ec2:us-west-1:904233103130:security-group/sg-0a48acbe1438ccd64",
            "description": "Allow HTTP and SSH (DR)",
            "egress": [
              {
                "cidr_blocks": [
                  "0.0.0.0/0"
                ],
                "description": "",
                "from_port": 0,
                "ipv6_cidr_blocks": [],
                "prefix_list_ids": [],
                "protocol": "-1",
                "security_groups": [],
                "self": false,
                "to_port": 0
              }
            ],
            "id": "sg-0a48acbe1438ccd64",
            "ingress": [
              {
                "cidr_blocks": [
                  "0.0.0.0/0"
                ],
                "description": "HTTP",
                "from_port": 80,
                "ipv6_cidr_blocks": [],
                "prefix_list_ids": [],
                "protocol": "tcp",
                "security_groups": [],
                "self": false,
                "to_port": 80
              },
              {
                "cidr_blocks": [
                  "0.0.0.0/0"
                ],
                "description": "SSH",
                "from_port": 22,
                "ipv6_cidr_blocks": [],
                "prefix_list_ids": [],
                "protocol": "tcp",
                "security_groups": [],
                "self": false,
                "to_port": 22
              }
            ],
            "name": "frontend-ec2-dr-sg",
            "name_prefix": "",
            "owner_id": "904233103130",
            "revoke_rules_on_delete": false,
            "tags": null,
            "tags_all": {},
            "timeouts": null,
            "vpc_id": "vpc-0b1d642b8418e17f6"
          },
          "sensitive_attributes": [],
          "private": "eyJlMmJmYjczMC1lY2FhLTExZTYtOGY4OC0zNDM2M2JjN2M0YzAiOnsiY3JlYXRlIjo2MDAwMDAwMDAwMDAsImRlbGV0ZSI6OTAwMDAwMDAwMDAwfSwic2NoZW1hX3ZlcnNpb24iOiIxIn0=",
          "dependencies": [
            "aws_vpc.dr"
          ],
          "create_before_destroy": true
        }
      ]
    },
    {
      "mode": "managed",
      "type": "aws_security_group",
      "name": "rds",
      "provider": "provider[\"registry.terraform.io/hashicorp/aws\"].primary",
      "instances": [
        {
          "schema_version": 1,
          "attributes": {
            "arn": "arn:aws:ec2:us-east-1:904233103130:security-group/sg-0e7fc4dfc1af5c934",
            "description": "Allow MySQL/Aurora from backend EC2 only",
            "egress": [
              {
                "cidr_blocks": [
                  "0.0.0.0/0"
                ],
                "description": "",
                "from_port": 0,
                "ipv6_cidr_blocks": [],
                "prefix_list_ids": [],
                "protocol": "-1",
                "security_groups": [],
                "self": false,
                "to_port": 0
              }
            ],
            "id": "sg-0e7fc4dfc1af5c934",
            "ingress": [
              {
                "cidr_blocks": [],
                "description": "MySQL from Backend EC2",
                "from_port": 3306,
                "ipv6_cidr_blocks": [],
                "prefix_list_ids": [],
                "protocol": "tcp",
                "security_groups": [
                  "sg-00224e42ee32e2f8e"
                ],
                "self": false,
                "to_port": 3306
              }
            ],
            "name": "rds-sg",
            "name_prefix": "",
            "owner_id": "904233103130",
            "revoke_rules_on_delete": false,
            "tags": null,
            "tags_all": {},
            "timeouts": null,
            "vpc_id": "vpc-08cb7223348c62951"
          },
          "sensitive_attributes": [],
          "private": "eyJlMmJmYjczMC1lY2FhLTExZTYtOGY4OC0zNDM2M2JjN2M0YzAiOnsiY3JlYXRlIjo2MDAwMDAwMDAwMDAsImRlbGV0ZSI6OTAwMDAwMDAwMDAwfSwic2NoZW1hX3ZlcnNpb24iOiIxIn0=",
          "dependencies": [
            "aws_security_group.backend_alb",
            "aws_security_group.backend_ec2",
            "aws_security_group.bastion",
            "aws_vpc.prod"
          ]
        }
      ]
    },
    {
      "mode": "managed",
      "type": "aws_security_group",
      "name": "rds_dr",
      "provider": "provider[\"registry.terraform.io/hashicorp/aws\"].secondary",
      "instances": [
        {
          "schema_version": 1,
          "attributes": {
            "arn": "arn:aws:ec2:us-west-1:904233103130:security-group/sg-03e9d8c9ff43ff192",
            "description": "Allow MySQL/Aurora in DR",
            "egress": [
              {
                "cidr_blocks": [
                  "0.0.0.0/0"
                ],
                "description": "",
                "from_port": 0,
                "ipv6_cidr_blocks": [],
                "prefix_list_ids": [],
                "protocol": "-1",
                "security_groups": [],
                "self": false,
                "to_port": 0
              }
            ],
            "id": "sg-03e9d8c9ff43ff192",
            "ingress": [
              {
                "cidr_blocks": [
                  "0.0.0.0/0"
                ],
                "description": "MySQL ingress (adjust later)",
                "from_port": 3306,
                "ipv6_cidr_blocks": [],
                "prefix_list_ids": [],
                "protocol": "tcp",
                "security_groups": [],
                "self": false,
                "to_port": 3306
              }
            ],
            "name": "rds-dr-sg",
            "name_prefix": "",
            "owner_id": "904233103130",
            "revoke_rules_on_delete": false,
            "tags": {
              "Name": "rds-dr-sg"
            },
            "tags_all": {
              "Name": "rds-dr-sg"
            },
            "timeouts": null,
            "vpc_id": "vpc-0b1d642b8418e17f6"
          },
          "sensitive_attributes": [],
          "private": "eyJlMmJmYjczMC1lY2FhLTExZTYtOGY4OC0zNDM2M2JjN2M0YzAiOnsiY3JlYXRlIjo2MDAwMDAwMDAwMDAsImRlbGV0ZSI6OTAwMDAwMDAwMDAwfSwic2NoZW1hX3ZlcnNpb24iOiIxIn0=",
          "dependencies": [
            "aws_vpc.dr"
          ]
        }
      ]
    },
    {
      "mode": "managed",
      "type": "aws_security_group",
      "name": "web_sg_east",
      "provider": "provider[\"registry.terraform.io/hashicorp/aws\"].primary",
      "instances": [
        {
          "schema_version": 1,
          "attributes": {
            "arn": "arn:aws:ec2:us-east-1:904233103130:security-group/sg-00276a4efa67ef67e",
            "description": "Managed by Terraform",
            "egress": [
              {
                "cidr_blocks": [
                  "0.0.0.0/0"
                ],
                "description": "",
                "from_port": 0,
                "ipv6_cidr_blocks": [],
                "prefix_list_ids": [],
                "protocol": "-1",
                "security_groups": [],
                "self": false,
                "to_port": 0
              }
            ],
            "id": "sg-00276a4efa67ef67e",
            "ingress": [
              {
                "cidr_blocks": [
                  "0.0.0.0/0"
                ],
                "description": "",
                "from_port": 22,
                "ipv6_cidr_blocks": [],
                "prefix_list_ids": [],
                "protocol": "tcp",
                "security_groups": [],
                "self": false,
                "to_port": 22
              },
              {
                "cidr_blocks": [
                  "0.0.0.0/0"
                ],
                "description": "",
                "from_port": 443,
                "ipv6_cidr_blocks": [],
                "prefix_list_ids": [],
                "protocol": "tcp",
                "security_groups": [],
                "self": false,
                "to_port": 443
              },
              {
                "cidr_blocks": [
                  "0.0.0.0/0"
                ],
                "description": "",
                "from_port": 80,
                "ipv6_cidr_blocks": [],
                "prefix_list_ids": [],
                "protocol": "tcp",
                "security_groups": [],
                "self": false,
                "to_port": 80
              }
            ],
            "name": "temp-web-sg-east",
            "name_prefix": "",
            "owner_id": "904233103130",
            "revoke_rules_on_delete": false,
            "tags": null,
            "tags_all": {},
            "timeouts": null,
            "vpc_id": "vpc-08cb7223348c62951"
          },
          "sensitive_attributes": [],
          "private": "eyJlMmJmYjczMC1lY2FhLTExZTYtOGY4OC0zNDM2M2JjN2M0YzAiOnsiY3JlYXRlIjo2MDAwMDAwMDAwMDAsImRlbGV0ZSI6OTAwMDAwMDAwMDAwfSwic2NoZW1hX3ZlcnNpb24iOiIxIn0=",
          "dependencies": [
            "aws_vpc.prod"
          ],
          "create_before_destroy": true
        }
      ]
    },
    {
      "mode": "managed",
      "type": "aws_security_group",
      "name": "web_sg_west",
      "provider": "provider[\"registry.terraform.io/hashicorp/aws\"].secondary",
      "instances": [
        {
          "schema_version": 1,
          "attributes": {
            "arn": "arn:aws:ec2:us-west-1:904233103130:security-group/sg-069c6e8620a18ee41",
            "description": "Managed by Terraform",
            "egress": [
              {
                "cidr_blocks": [
                  "0.0.0.0/0"
                ],
                "description": "All traffic out",
                "from_port": 0,
                "ipv6_cidr_blocks": [],
                "prefix_list_ids": [],
                "protocol": "-1",
                "security_groups": [],
                "self": false,
                "to_port": 0
              }
            ],
            "id": "sg-069c6e8620a18ee41",
            "ingress": [
              {
                "cidr_blocks": [
                  "0.0.0.0/0"
                ],
                "description": "",
                "from_port": 22,
                "ipv6_cidr_blocks": [],
                "prefix_list_ids": [],
                "protocol": "tcp",
                "security_groups": [],
                "self": false,
                "to_port": 22
              },
              {
                "cidr_blocks": [
                  "0.0.0.0/0"
                ],
                "description": "HTTP",
                "from_port": 80,
                "ipv6_cidr_blocks": [],
                "prefix_list_ids": [],
                "protocol": "tcp",
                "security_groups": [],
                "self": false,
                "to_port": 80
              },
              {
                "cidr_blocks": [
                  "0.0.0.0/0"
                ],
                "description": "HTTPS",
                "from_port": 443,
                "ipv6_cidr_blocks": [],
                "prefix_list_ids": [],
                "protocol": "tcp",
                "security_groups": [],
                "self": false,
                "to_port": 443
              }
            ],
            "name": "temp-web-sg-west",
            "name_prefix": "",
            "owner_id": "904233103130",
            "revoke_rules_on_delete": false,
            "tags": null,
            "tags_all": {},
            "timeouts": null,
            "vpc_id": "vpc-0b1d642b8418e17f6"
          },
          "sensitive_attributes": [],
          "private": "eyJlMmJmYjczMC1lY2FhLTExZTYtOGY4OC0zNDM2M2JjN2M0YzAiOnsiY3JlYXRlIjo2MDAwMDAwMDAwMDAsImRlbGV0ZSI6OTAwMDAwMDAwMDAwfSwic2NoZW1hX3ZlcnNpb24iOiIxIn0=",
          "dependencies": [
            "aws_vpc.dr"
          ],
          "create_before_destroy": true
        }
      ]
    },
    {
      "mode": "managed",
      "type": "aws_subnet",
      "name": "dr",
      "provider": "provider[\"registry.terraform.io/hashicorp/aws\"].secondary",
      "instances": [
        {
          "index_key": "pri-sub-3a",
          "schema_version": 1,
          "attributes": {
            "arn": "arn:aws:ec2:us-west-1:904233103130:subnet/subnet-0681cdcac9037d8c2",
            "assign_ipv6_address_on_creation": false,
            "availability_zone": "us-west-1b",
            "availability_zone_id": "usw1-az3",
            "cidr_block": "172.20.3.0/24",
            "customer_owned_ipv4_pool": "",
            "enable_dns64": false,
            "enable_lni_at_device_index": 0,
            "enable_resource_name_dns_a_record_on_launch": false,
            "enable_resource_name_dns_aaaa_record_on_launch": false,
            "id": "subnet-0681cdcac9037d8c2",
            "ipv6_cidr_block": "",
            "ipv6_cidr_block_association_id": "",
            "ipv6_native": false,
            "map_customer_owned_ip_on_launch": false,
            "map_public_ip_on_launch": false,
            "outpost_arn": "",
            "owner_id": "904233103130",
            "private_dns_hostname_type_on_launch": "ip-name",
            "tags": {
              "Name": "pri-sub-3a",
              "Tier": "web"
            },
            "tags_all": {
              "Name": "pri-sub-3a",
              "Tier": "web"
            },
            "timeouts": null,
            "vpc_id": "vpc-0b1d642b8418e17f6"
          },
          "sensitive_attributes": [],
          "private": "eyJlMmJmYjczMC1lY2FhLTExZTYtOGY4OC0zNDM2M2JjN2M0YzAiOnsiY3JlYXRlIjo2MDAwMDAwMDAwMDAsImRlbGV0ZSI6MTIwMDAwMDAwMDAwMH0sInNjaGVtYV92ZXJzaW9uIjoiMSJ9",
          "dependencies": [
            "aws_vpc.dr"
          ],
          "create_before_destroy": true
        },
        {
          "index_key": "pri-sub-4b",
          "schema_version": 1,
          "attributes": {
            "arn": "arn:aws:ec2:us-west-1:904233103130:subnet/subnet-04e294f1862277df8",
            "assign_ipv6_address_on_creation": false,
            "availability_zone": "us-west-1c",
            "availability_zone_id": "usw1-az1",
            "cidr_block": "172.20.4.0/24",
            "customer_owned_ipv4_pool": "",
            "enable_dns64": false,
            "enable_lni_at_device_index": 0,
            "enable_resource_name_dns_a_record_on_launch": false,
            "enable_resource_name_dns_aaaa_record_on_launch": false,
            "id": "subnet-04e294f1862277df8",
            "ipv6_cidr_block": "",
            "ipv6_cidr_block_association_id": "",
            "ipv6_native": false,
            "map_customer_owned_ip_on_launch": false,
            "map_public_ip_on_launch": false,
            "outpost_arn": "",
            "owner_id": "904233103130",
            "private_dns_hostname_type_on_launch": "ip-name",
            "tags": {
              "Name": "pri-sub-4b",
              "Tier": "web"
            },
            "tags_all": {
              "Name": "pri-sub-4b",
              "Tier": "web"
            },
            "timeouts": null,
            "vpc_id": "vpc-0b1d642b8418e17f6"
          },
          "sensitive_attributes": [],
          "private": "eyJlMmJmYjczMC1lY2FhLTExZTYtOGY4OC0zNDM2M2JjN2M0YzAiOnsiY3JlYXRlIjo2MDAwMDAwMDAwMDAsImRlbGV0ZSI6MTIwMDAwMDAwMDAwMH0sInNjaGVtYV92ZXJzaW9uIjoiMSJ9",
          "dependencies": [
            "aws_vpc.dr"
          ],
          "create_before_destroy": true
        },
        {
          "index_key": "pri-sub-5a",
          "schema_version": 1,
          "attributes": {
            "arn": "arn:aws:ec2:us-west-1:904233103130:subnet/subnet-0f9aacfc923d032d7",
            "assign_ipv6_address_on_creation": false,
            "availability_zone": "us-west-1b",
            "availability_zone_id": "usw1-az3",
            "cidr_block": "172.20.5.0/24",
            "customer_owned_ipv4_pool": "",
            "enable_dns64": false,
            "enable_lni_at_device_index": 0,
            "enable_resource_name_dns_a_record_on_launch": false,
            "enable_resource_name_dns_aaaa_record_on_launch": false,
            "id": "subnet-0f9aacfc923d032d7",
            "ipv6_cidr_block": "",
            "ipv6_cidr_block_association_id": "",
            "ipv6_native": false,
            "map_customer_owned_ip_on_launch": false,
            "map_public_ip_on_launch": false,
            "outpost_arn": "",
            "owner_id": "904233103130",
            "private_dns_hostname_type_on_launch": "ip-name",
            "tags": {
              "Name": "pri-sub-5a",
              "Tier": "app"
            },
            "tags_all": {
              "Name": "pri-sub-5a",
              "Tier": "app"
            },
            "timeouts": null,
            "vpc_id": "vpc-0b1d642b8418e17f6"
          },
          "sensitive_attributes": [],
          "private": "eyJlMmJmYjczMC1lY2FhLTExZTYtOGY4OC0zNDM2M2JjN2M0YzAiOnsiY3JlYXRlIjo2MDAwMDAwMDAwMDAsImRlbGV0ZSI6MTIwMDAwMDAwMDAwMH0sInNjaGVtYV92ZXJzaW9uIjoiMSJ9",
          "dependencies": [
            "aws_vpc.dr"
          ],
          "create_before_destroy": true
        },
        {
          "index_key": "pri-sub-6b",
          "schema_version": 1,
          "attributes": {
            "arn": "arn:aws:ec2:us-west-1:904233103130:subnet/subnet-083437c36ad02d226",
            "assign_ipv6_address_on_creation": false,
            "availability_zone": "us-west-1c",
            "availability_zone_id": "usw1-az1",
            "cidr_block": "172.20.6.0/24",
            "customer_owned_ipv4_pool": "",
            "enable_dns64": false,
            "enable_lni_at_device_index": 0,
            "enable_resource_name_dns_a_record_on_launch": false,
            "enable_resource_name_dns_aaaa_record_on_launch": false,
            "id": "subnet-083437c36ad02d226",
            "ipv6_cidr_block": "",
            "ipv6_cidr_block_association_id": "",
            "ipv6_native": false,
            "map_customer_owned_ip_on_launch": false,
            "map_public_ip_on_launch": false,
            "outpost_arn": "",
            "owner_id": "904233103130",
            "private_dns_hostname_type_on_launch": "ip-name",
            "tags": {
              "Name": "pri-sub-6b",
              "Tier": "app"
            },
            "tags_all": {
              "Name": "pri-sub-6b",
              "Tier": "app"
            },
            "timeouts": null,
            "vpc_id": "vpc-0b1d642b8418e17f6"
          },
          "sensitive_attributes": [],
          "private": "eyJlMmJmYjczMC1lY2FhLTExZTYtOGY4OC0zNDM2M2JjN2M0YzAiOnsiY3JlYXRlIjo2MDAwMDAwMDAwMDAsImRlbGV0ZSI6MTIwMDAwMDAwMDAwMH0sInNjaGVtYV92ZXJzaW9uIjoiMSJ9",
          "dependencies": [
            "aws_vpc.dr"
          ],
          "create_before_destroy": true
        },
        {
          "index_key": "pri-sub-7a",
          "schema_version": 1,
          "attributes": {
            "arn": "arn:aws:ec2:us-west-1:904233103130:subnet/subnet-0dbdd92e894534b5e",
            "assign_ipv6_address_on_creation": false,
            "availability_zone": "us-west-1b",
            "availability_zone_id": "usw1-az3",
            "cidr_block": "172.20.7.0/24",
            "customer_owned_ipv4_pool": "",
            "enable_dns64": false,
            "enable_lni_at_device_index": 0,
            "enable_resource_name_dns_a_record_on_launch": false,
            "enable_resource_name_dns_aaaa_record_on_launch": false,
            "id": "subnet-0dbdd92e894534b5e",
            "ipv6_cidr_block": "",
            "ipv6_cidr_block_association_id": "",
            "ipv6_native": false,
            "map_customer_owned_ip_on_launch": false,
            "map_public_ip_on_launch": false,
            "outpost_arn": "",
            "owner_id": "904233103130",
            "private_dns_hostname_type_on_launch": "ip-name",
            "tags": {
              "Name": "pri-sub-7a",
              "Tier": "db"
            },
            "tags_all": {
              "Name": "pri-sub-7a",
              "Tier": "db"
            },
            "timeouts": null,
            "vpc_id": "vpc-0b1d642b8418e17f6"
          },
          "sensitive_attributes": [],
          "private": "eyJlMmJmYjczMC1lY2FhLTExZTYtOGY4OC0zNDM2M2JjN2M0YzAiOnsiY3JlYXRlIjo2MDAwMDAwMDAwMDAsImRlbGV0ZSI6MTIwMDAwMDAwMDAwMH0sInNjaGVtYV92ZXJzaW9uIjoiMSJ9",
          "dependencies": [
            "aws_vpc.dr"
          ]
        },
        {
          "index_key": "pri-sub-8b",
          "schema_version": 1,
          "attributes": {
            "arn": "arn:aws:ec2:us-west-1:904233103130:subnet/subnet-0ff1ed6dad18c24f1",
            "assign_ipv6_address_on_creation": false,
            "availability_zone": "us-west-1c",
            "availability_zone_id": "usw1-az1",
            "cidr_block": "172.20.8.0/24",
            "customer_owned_ipv4_pool": "",
            "enable_dns64": false,
            "enable_lni_at_device_index": 0,
            "enable_resource_name_dns_a_record_on_launch": false,
            "enable_resource_name_dns_aaaa_record_on_launch": false,
            "id": "subnet-0ff1ed6dad18c24f1",
            "ipv6_cidr_block": "",
            "ipv6_cidr_block_association_id": "",
            "ipv6_native": false,
            "map_customer_owned_ip_on_launch": false,
            "map_public_ip_on_launch": false,
            "outpost_arn": "",
            "owner_id": "904233103130",
            "private_dns_hostname_type_on_launch": "ip-name",
            "tags": {
              "Name": "pri-sub-8b",
              "Tier": "db"
            },
            "tags_all": {
              "Name": "pri-sub-8b",
              "Tier": "db"
            },
            "timeouts": null,
            "vpc_id": "vpc-0b1d642b8418e17f6"
          },
          "sensitive_attributes": [],
          "private": "eyJlMmJmYjczMC1lY2FhLTExZTYtOGY4OC0zNDM2M2JjN2M0YzAiOnsiY3JlYXRlIjo2MDAwMDAwMDAwMDAsImRlbGV0ZSI6MTIwMDAwMDAwMDAwMH0sInNjaGVtYV92ZXJzaW9uIjoiMSJ9",
          "dependencies": [
            "aws_vpc.dr"
          ]
        },
        {
          "index_key": "pub-sub-1a",
          "schema_version": 1,
          "attributes": {
            "arn": "arn:aws:ec2:us-west-1:904233103130:subnet/subnet-02fdbf6d838deef0f",
            "assign_ipv6_address_on_creation": false,
            "availability_zone": "us-west-1b",
            "availability_zone_id": "usw1-az3",
            "cidr_block": "172.20.1.0/24",
            "customer_owned_ipv4_pool": "",
            "enable_dns64": false,
            "enable_lni_at_device_index": 0,
            "enable_resource_name_dns_a_record_on_launch": false,
            "enable_resource_name_dns_aaaa_record_on_launch": false,
            "id": "subnet-02fdbf6d838deef0f",
            "ipv6_cidr_block": "",
            "ipv6_cidr_block_association_id": "",
            "ipv6_native": false,
            "map_customer_owned_ip_on_launch": false,
            "map_public_ip_on_launch": true,
            "outpost_arn": "",
            "owner_id": "904233103130",
            "private_dns_hostname_type_on_launch": "ip-name",
            "tags": {
              "Name": "pub-sub-1a",
              "Tier": "alb"
            },
            "tags_all": {
              "Name": "pub-sub-1a",
              "Tier": "alb"
            },
            "timeouts": null,
            "vpc_id": "vpc-0b1d642b8418e17f6"
          },
          "sensitive_attributes": [],
          "private": "eyJlMmJmYjczMC1lY2FhLTExZTYtOGY4OC0zNDM2M2JjN2M0YzAiOnsiY3JlYXRlIjo2MDAwMDAwMDAwMDAsImRlbGV0ZSI6MTIwMDAwMDAwMDAwMH0sInNjaGVtYV92ZXJzaW9uIjoiMSJ9",
          "dependencies": [
            "aws_vpc.dr"
          ],
          "create_before_destroy": true
        },
        {
          "index_key": "pub-sub-2b",
          "schema_version": 1,
          "attributes": {
            "arn": "arn:aws:ec2:us-west-1:904233103130:subnet/subnet-0d85c64aa621140d7",
            "assign_ipv6_address_on_creation": false,
            "availability_zone": "us-west-1c",
            "availability_zone_id": "usw1-az1",
            "cidr_block": "172.20.2.0/24",
            "customer_owned_ipv4_pool": "",
            "enable_dns64": false,
            "enable_lni_at_device_index": 0,
            "enable_resource_name_dns_a_record_on_launch": false,
            "enable_resource_name_dns_aaaa_record_on_launch": false,
            "id": "subnet-0d85c64aa621140d7",
            "ipv6_cidr_block": "",
            "ipv6_cidr_block_association_id": "",
            "ipv6_native": false,
            "map_customer_owned_ip_on_launch": false,
            "map_public_ip_on_launch": true,
            "outpost_arn": "",
            "owner_id": "904233103130",
            "private_dns_hostname_type_on_launch": "ip-name",
            "tags": {
              "Name": "pub-sub-2b",
              "Tier": "alb"
            },
            "tags_all": {
              "Name": "pub-sub-2b",
              "Tier": "alb"
            },
            "timeouts": null,
            "vpc_id": "vpc-0b1d642b8418e17f6"
          },
          "sensitive_attributes": [],
          "private": "eyJlMmJmYjczMC1lY2FhLTExZTYtOGY4OC0zNDM2M2JjN2M0YzAiOnsiY3JlYXRlIjo2MDAwMDAwMDAwMDAsImRlbGV0ZSI6MTIwMDAwMDAwMDAwMH0sInNjaGVtYV92ZXJzaW9uIjoiMSJ9",
          "dependencies": [
            "aws_vpc.dr"
          ],
          "create_before_destroy": true
        }
      ]
    },
    {
      "mode": "managed",
      "type": "aws_subnet",
      "name": "prod",
      "provider": "provider[\"registry.terraform.io/hashicorp/aws\"].primary",
      "instances": [
        {
          "index_key": "pri-sub-3a",
          "schema_version": 1,
          "attributes": {
            "arn": "arn:aws:ec2:us-east-1:904233103130:subnet/subnet-0a188166b7f28e532",
            "assign_ipv6_address_on_creation": false,
            "availability_zone": "us-east-1a",
            "availability_zone_id": "use1-az1",
            "cidr_block": "172.20.3.0/24",
            "customer_owned_ipv4_pool": "",
            "enable_dns64": false,
            "enable_lni_at_device_index": 0,
            "enable_resource_name_dns_a_record_on_launch": false,
            "enable_resource_name_dns_aaaa_record_on_launch": false,
            "id": "subnet-0a188166b7f28e532",
            "ipv6_cidr_block": "",
            "ipv6_cidr_block_association_id": "",
            "ipv6_native": false,
            "map_customer_owned_ip_on_launch": false,
            "map_public_ip_on_launch": false,
            "outpost_arn": "",
            "owner_id": "904233103130",
            "private_dns_hostname_type_on_launch": "ip-name",
            "tags": {
              "Name": "pri-sub-3a",
              "Tier": "web"
            },
            "tags_all": {
              "Name": "pri-sub-3a",
              "Tier": "web"
            },
            "timeouts": null,
            "vpc_id": "vpc-08cb7223348c62951"
          },
          "sensitive_attributes": [],
          "private": "eyJlMmJmYjczMC1lY2FhLTExZTYtOGY4OC0zNDM2M2JjN2M0YzAiOnsiY3JlYXRlIjo2MDAwMDAwMDAwMDAsImRlbGV0ZSI6MTIwMDAwMDAwMDAwMH0sInNjaGVtYV92ZXJzaW9uIjoiMSJ9",
          "dependencies": [
            "aws_vpc.prod"
          ]
        },
        {
          "index_key": "pri-sub-4b",
          "schema_version": 1,
          "attributes": {
            "arn": "arn:aws:ec2:us-east-1:904233103130:subnet/subnet-0902b904c83eb1ce1",
            "assign_ipv6_address_on_creation": false,
            "availability_zone": "us-east-1b",
            "availability_zone_id": "use1-az2",
            "cidr_block": "172.20.4.0/24",
            "customer_owned_ipv4_pool": "",
            "enable_dns64": false,
            "enable_lni_at_device_index": 0,
            "enable_resource_name_dns_a_record_on_launch": false,
            "enable_resource_name_dns_aaaa_record_on_launch": false,
            "id": "subnet-0902b904c83eb1ce1",
            "ipv6_cidr_block": "",
            "ipv6_cidr_block_association_id": "",
            "ipv6_native": false,
            "map_customer_owned_ip_on_launch": false,
            "map_public_ip_on_launch": false,
            "outpost_arn": "",
            "owner_id": "904233103130",
            "private_dns_hostname_type_on_launch": "ip-name",
            "tags": {
              "Name": "pri-sub-4b",
              "Tier": "web"
            },
            "tags_all": {
              "Name": "pri-sub-4b",
              "Tier": "web"
            },
            "timeouts": null,
            "vpc_id": "vpc-08cb7223348c62951"
          },
          "sensitive_attributes": [],
          "private": "eyJlMmJmYjczMC1lY2FhLTExZTYtOGY4OC0zNDM2M2JjN2M0YzAiOnsiY3JlYXRlIjo2MDAwMDAwMDAwMDAsImRlbGV0ZSI6MTIwMDAwMDAwMDAwMH0sInNjaGVtYV92ZXJzaW9uIjoiMSJ9",
          "dependencies": [
            "aws_vpc.prod"
          ]
        },
        {
          "index_key": "pri-sub-5a",
          "schema_version": 1,
          "attributes": {
            "arn": "arn:aws:ec2:us-east-1:904233103130:subnet/subnet-0a3b8f185883b6137",
            "assign_ipv6_address_on_creation": false,
            "availability_zone": "us-east-1a",
            "availability_zone_id": "use1-az1",
            "cidr_block": "172.20.5.0/24",
            "customer_owned_ipv4_pool": "",
            "enable_dns64": false,
            "enable_lni_at_device_index": 0,
            "enable_resource_name_dns_a_record_on_launch": false,
            "enable_resource_name_dns_aaaa_record_on_launch": false,
            "id": "subnet-0a3b8f185883b6137",
            "ipv6_cidr_block": "",
            "ipv6_cidr_block_association_id": "",
            "ipv6_native": false,
            "map_customer_owned_ip_on_launch": false,
            "map_public_ip_on_launch": false,
            "outpost_arn": "",
            "owner_id": "904233103130",
            "private_dns_hostname_type_on_launch": "ip-name",
            "tags": {
              "Name": "pri-sub-5a",
              "Tier": "app"
            },
            "tags_all": {
              "Name": "pri-sub-5a",
              "Tier": "app"
            },
            "timeouts": null,
            "vpc_id": "vpc-08cb7223348c62951"
          },
          "sensitive_attributes": [],
          "private": "eyJlMmJmYjczMC1lY2FhLTExZTYtOGY4OC0zNDM2M2JjN2M0YzAiOnsiY3JlYXRlIjo2MDAwMDAwMDAwMDAsImRlbGV0ZSI6MTIwMDAwMDAwMDAwMH0sInNjaGVtYV92ZXJzaW9uIjoiMSJ9",
          "dependencies": [
            "aws_vpc.prod"
          ]
        },
        {
          "index_key": "pri-sub-6b",
          "schema_version": 1,
          "attributes": {
            "arn": "arn:aws:ec2:us-east-1:904233103130:subnet/subnet-02833366468ba237b",
            "assign_ipv6_address_on_creation": false,
            "availability_zone": "us-east-1b",
            "availability_zone_id": "use1-az2",
            "cidr_block": "172.20.6.0/24",
            "customer_owned_ipv4_pool": "",
            "enable_dns64": false,
            "enable_lni_at_device_index": 0,
            "enable_resource_name_dns_a_record_on_launch": false,
            "enable_resource_name_dns_aaaa_record_on_launch": false,
            "id": "subnet-02833366468ba237b",
            "ipv6_cidr_block": "",
            "ipv6_cidr_block_association_id": "",
            "ipv6_native": false,
            "map_customer_owned_ip_on_launch": false,
            "map_public_ip_on_launch": false,
            "outpost_arn": "",
            "owner_id": "904233103130",
            "private_dns_hostname_type_on_launch": "ip-name",
            "tags": {
              "Name": "pri-sub-6b",
              "Tier": "app"
            },
            "tags_all": {
              "Name": "pri-sub-6b",
              "Tier": "app"
            },
            "timeouts": null,
            "vpc_id": "vpc-08cb7223348c62951"
          },
          "sensitive_attributes": [],
          "private": "eyJlMmJmYjczMC1lY2FhLTExZTYtOGY4OC0zNDM2M2JjN2M0YzAiOnsiY3JlYXRlIjo2MDAwMDAwMDAwMDAsImRlbGV0ZSI6MTIwMDAwMDAwMDAwMH0sInNjaGVtYV92ZXJzaW9uIjoiMSJ9",
          "dependencies": [
            "aws_vpc.prod"
          ]
        },
        {
          "index_key": "pri-sub-7a",
          "schema_version": 1,
          "attributes": {
            "arn": "arn:aws:ec2:us-east-1:904233103130:subnet/subnet-08ff3d54b4a2a0de3",
            "assign_ipv6_address_on_creation": false,
            "availability_zone": "us-east-1a",
            "availability_zone_id": "use1-az1",
            "cidr_block": "172.20.7.0/24",
            "customer_owned_ipv4_pool": "",
            "enable_dns64": false,
            "enable_lni_at_device_index": 0,
            "enable_resource_name_dns_a_record_on_launch": false,
            "enable_resource_name_dns_aaaa_record_on_launch": false,
            "id": "subnet-08ff3d54b4a2a0de3",
            "ipv6_cidr_block": "",
            "ipv6_cidr_block_association_id": "",
            "ipv6_native": false,
            "map_customer_owned_ip_on_launch": false,
            "map_public_ip_on_launch": false,
            "outpost_arn": "",
            "owner_id": "904233103130",
            "private_dns_hostname_type_on_launch": "ip-name",
            "tags": {
              "Name": "pri-sub-7a",
              "Tier": "db"
            },
            "tags_all": {
              "Name": "pri-sub-7a",
              "Tier": "db"
            },
            "timeouts": null,
            "vpc_id": "vpc-08cb7223348c62951"
          },
          "sensitive_attributes": [],
          "private": "eyJlMmJmYjczMC1lY2FhLTExZTYtOGY4OC0zNDM2M2JjN2M0YzAiOnsiY3JlYXRlIjo2MDAwMDAwMDAwMDAsImRlbGV0ZSI6MTIwMDAwMDAwMDAwMH0sInNjaGVtYV92ZXJzaW9uIjoiMSJ9",
          "dependencies": [
            "aws_vpc.prod"
          ]
        },
        {
          "index_key": "pri-sub-8b",
          "schema_version": 1,
          "attributes": {
            "arn": "arn:aws:ec2:us-east-1:904233103130:subnet/subnet-0bf463e85c0eddffc",
            "assign_ipv6_address_on_creation": false,
            "availability_zone": "us-east-1b",
            "availability_zone_id": "use1-az2",
            "cidr_block": "172.20.8.0/24",
            "customer_owned_ipv4_pool": "",
            "enable_dns64": false,
            "enable_lni_at_device_index": 0,
            "enable_resource_name_dns_a_record_on_launch": false,
            "enable_resource_name_dns_aaaa_record_on_launch": false,
            "id": "subnet-0bf463e85c0eddffc",
            "ipv6_cidr_block": "",
            "ipv6_cidr_block_association_id": "",
            "ipv6_native": false,
            "map_customer_owned_ip_on_launch": false,
            "map_public_ip_on_launch": false,
            "outpost_arn": "",
            "owner_id": "904233103130",
            "private_dns_hostname_type_on_launch": "ip-name",
            "tags": {
              "Name": "pri-sub-8b",
              "Tier": "db"
            },
            "tags_all": {
              "Name": "pri-sub-8b",
              "Tier": "db"
            },
            "timeouts": null,
            "vpc_id": "vpc-08cb7223348c62951"
          },
          "sensitive_attributes": [],
          "private": "eyJlMmJmYjczMC1lY2FhLTExZTYtOGY4OC0zNDM2M2JjN2M0YzAiOnsiY3JlYXRlIjo2MDAwMDAwMDAwMDAsImRlbGV0ZSI6MTIwMDAwMDAwMDAwMH0sInNjaGVtYV92ZXJzaW9uIjoiMSJ9",
          "dependencies": [
            "aws_vpc.prod"
          ]
        },
        {
          "index_key": "pub-sub-1a",
          "schema_version": 1,
          "attributes": {
            "arn": "arn:aws:ec2:us-east-1:904233103130:subnet/subnet-05e9fe8855a156547",
            "assign_ipv6_address_on_creation": false,
            "availability_zone": "us-east-1a",
            "availability_zone_id": "use1-az1",
            "cidr_block": "172.20.1.0/24",
            "customer_owned_ipv4_pool": "",
            "enable_dns64": false,
            "enable_lni_at_device_index": 0,
            "enable_resource_name_dns_a_record_on_launch": false,
            "enable_resource_name_dns_aaaa_record_on_launch": false,
            "id": "subnet-05e9fe8855a156547",
            "ipv6_cidr_block": "",
            "ipv6_cidr_block_association_id": "",
            "ipv6_native": false,
            "map_customer_owned_ip_on_launch": false,
            "map_public_ip_on_launch": true,
            "outpost_arn": "",
            "owner_id": "904233103130",
            "private_dns_hostname_type_on_launch": "ip-name",
            "tags": {
              "Name": "pub-sub-1a",
              "Tier": "alb"
            },
            "tags_all": {
              "Name": "pub-sub-1a",
              "Tier": "alb"
            },
            "timeouts": null,
            "vpc_id": "vpc-08cb7223348c62951"
          },
          "sensitive_attributes": [],
          "private": "eyJlMmJmYjczMC1lY2FhLTExZTYtOGY4OC0zNDM2M2JjN2M0YzAiOnsiY3JlYXRlIjo2MDAwMDAwMDAwMDAsImRlbGV0ZSI6MTIwMDAwMDAwMDAwMH0sInNjaGVtYV92ZXJzaW9uIjoiMSJ9",
          "dependencies": [
            "aws_vpc.prod"
          ]
        },
        {
          "index_key": "pub-sub-2b",
          "schema_version": 1,
          "attributes": {
            "arn": "arn:aws:ec2:us-east-1:904233103130:subnet/subnet-00566fc243ad3e8f3",
            "assign_ipv6_address_on_creation": false,
            "availability_zone": "us-east-1b",
            "availability_zone_id": "use1-az2",
            "cidr_block": "172.20.2.0/24",
            "customer_owned_ipv4_pool": "",
            "enable_dns64": false,
            "enable_lni_at_device_index": 0,
            "enable_resource_name_dns_a_record_on_launch": false,
            "enable_resource_name_dns_aaaa_record_on_launch": false,
            "id": "subnet-00566fc243ad3e8f3",
            "ipv6_cidr_block": "",
            "ipv6_cidr_block_association_id": "",
            "ipv6_native": false,
            "map_customer_owned_ip_on_launch": false,
            "map_public_ip_on_launch": true,
            "outpost_arn": "",
            "owner_id": "904233103130",
            "private_dns_hostname_type_on_launch": "ip-name",
            "tags": {
              "Name": "pub-sub-2b",
              "Tier": "alb"
            },
            "tags_all": {
              "Name": "pub-sub-2b",
              "Tier": "alb"
            },
            "timeouts": null,
            "vpc_id": "vpc-08cb7223348c62951"
          },
          "sensitive_attributes": [],
          "private": "eyJlMmJmYjczMC1lY2FhLTExZTYtOGY4OC0zNDM2M2JjN2M0YzAiOnsiY3JlYXRlIjo2MDAwMDAwMDAwMDAsImRlbGV0ZSI6MTIwMDAwMDAwMDAwMH0sInNjaGVtYV92ZXJzaW9uIjoiMSJ9",
          "dependencies": [
            "aws_vpc.prod"
          ],
          "create_before_destroy": true
        }
      ]
    },
    {
      "mode": "managed",
      "type": "aws_vpc",
      "name": "dr",
      "provider": "provider[\"registry.terraform.io/hashicorp/aws\"].secondary",
      "instances": [
        {
          "schema_version": 1,
          "attributes": {
            "arn": "arn:aws:ec2:us-west-1:904233103130:vpc/vpc-0b1d642b8418e17f6",
            "assign_generated_ipv6_cidr_block": false,
            "cidr_block": "172.20.0.0/16",
            "default_network_acl_id": "acl-0d054f929da07ea28",
            "default_route_table_id": "rtb-029343af6f8230a34",
            "default_security_group_id": "sg-02fa8a9c94f45241f",
            "dhcp_options_id": "dopt-065c4e5d6dbe2919e",
            "enable_dns_hostnames": true,
            "enable_dns_support": true,
            "enable_network_address_usage_metrics": false,
            "id": "vpc-0b1d642b8418e17f6",
            "instance_tenancy": "default",
            "ipv4_ipam_pool_id": null,
            "ipv4_netmask_length": null,
            "ipv6_association_id": "",
            "ipv6_cidr_block": "",
            "ipv6_cidr_block_network_border_group": "",
            "ipv6_ipam_pool_id": "",
            "ipv6_netmask_length": 0,
            "main_route_table_id": "rtb-029343af6f8230a34",
            "owner_id": "904233103130",
            "tags": {
              "Name": "vpc-dr"
            },
            "tags_all": {
              "Name": "vpc-dr"
            }
          },
          "sensitive_attributes": [],
          "private": "eyJzY2hlbWFfdmVyc2lvbiI6IjEifQ==",
          "create_before_destroy": true
        }
      ]
    },
    {
      "mode": "managed",
      "type": "aws_vpc",
      "name": "prod",
      "provider": "provider[\"registry.terraform.io/hashicorp/aws\"].primary",
      "instances": [
        {
          "schema_version": 1,
          "attributes": {
            "arn": "arn:aws:ec2:us-east-1:904233103130:vpc/vpc-08cb7223348c62951",
            "assign_generated_ipv6_cidr_block": false,
            "cidr_block": "172.20.0.0/16",
            "default_network_acl_id": "acl-0bb42a328e80290ed",
            "default_route_table_id": "rtb-0b1f78b8f65c32a20",
            "default_security_group_id": "sg-082a2f561d3084db7",
            "dhcp_options_id": "dopt-0cb33106507678f7a",
            "enable_dns_hostnames": true,
            "enable_dns_support": true,
            "enable_network_address_usage_metrics": false,
            "id": "vpc-08cb7223348c62951",
            "instance_tenancy": "default",
            "ipv4_ipam_pool_id": null,
            "ipv4_netmask_length": null,
            "ipv6_association_id": "",
            "ipv6_cidr_block": "",
            "ipv6_cidr_block_network_border_group": "",
            "ipv6_ipam_pool_id": "",
            "ipv6_netmask_length": 0,
            "main_route_table_id": "rtb-0b1f78b8f65c32a20",
            "owner_id": "904233103130",
            "tags": {
              "Name": "vpc-prod"
            },
            "tags_all": {
              "Name": "vpc-prod"
            }
          },
          "sensitive_attributes": [],
          "private": "eyJzY2hlbWFfdmVyc2lvbiI6IjEifQ==",
          "create_before_destroy": true
        }
      ]
    },
    {
      "mode": "managed",
      "type": "local_file",
      "name": "pem",
      "provider": "provider[\"registry.terraform.io/hashicorp/local\"]",
      "instances": [
        {
          "schema_version": 0,
          "attributes": {
            "content": "-----BEGIN RSA PRIVATE KEY-----\nMIIJKQIBAAKCAgEAwUVIdj9YuOKoH2RAgv6gUNr1AMZgDKZ1KBs7pH2Grz+pmYtW\nZExXix72tSjx7aeVecfwS8jLAW09MfWaTZfjlD7tKB9sMNISQCm5B7tm0mj4i//C\nWztv0DiDeaMfL+MJXFZ0uckq1bQzOyj/1YuwzJBqN+vSjt+dF/Q8He6DZKJ2WXqH\ntyclVNaKHwe0EShQ3J9FQk+p2ZWNM72G3SZ9etwkNAKgBf64q0B32MSKAJrQkhUg\nA2h5icRRgcY6ROHEy97xiuwZmaHNZe/VTmPxYp0T09wjpwvhrR5brnCx3W0SL0hV\nm40Vsk+HZGw2wZyHgmx20c1wvOvC3LixQSSqCZ6d+HVATdkgCanPtP79hWmHeN/9\nIt53LX2e0uoMurJQzB1ak7ySLR/SHQrNLhjzOh0KYN4gfUkTC2gUAOUL7Yx50S5h\nE2uI3qmDyZOBuWlabwn+VXqw1A+bsVPxxRJP8IDJMUJaq8xx6CJGLUL031wIcR+D\nqGHED63s1p6zCEln1dv4s6LwAXC539DCz7qSHpipnnQ0Kmkr7kcKMVnsd3DJm3WH\n/jTzhzD2V820SFeHRqLTdwFOrS9HQQvIcU2zGYKbyqEtShy0kGXT66uoSw+GPt/K\nM01jDcY+SX8QOwNTB8EoWGLNao9/mujOG9Echoyb+Iu7+JlK1ZskutZI73UCAwEA\nAQKCAgASJflZ8TTZl58F45oTMunG7eiXvAkE5xSVQYlmNstQ5X99hZIFNQ37aFru\nQ/wDvvrQRrAPzbkSVzmp2VA1/Q9Humj2nYzBQNip4cEYMsbC90xviQKtInWrbcMa\nxvCExKL6YrvvPi6hhpxQ79amLMnbS6xNt/07oU/VEgAbJ2x7JK5MVK8tyaU9xC+Q\nHl8QRWLidKpCQczHO73Yn/FsDtM1mDpmD+EK7xJUMmeOmVYEHIV9UjKBX2waPa8R\nqpWKJlEee77etrDotkLdUZoMFGJ0Sh+0gzVt2DXG1dTyGm75ReaxPe+b/bGN3t3t\n1iOGJraqzpiRtuLhOpo/s7AhV9oHh0ECyjP027zg81dUOZNTY8UY0gbgWF6nBheq\nE3VoiWjUbJoySVJvBkq712P1EAGLEqou9VLaluMzb7293GyKknuEJ2SdNQk5cCWu\nMRRiu1XN0p5K7qkjwApYOAGIi3d2CsiYyVezU7w/9VnerOGnnT74vxMJ1t5LQmcI\n/IUtJFRzuIp4Gwwext9f9IRffAX5dY6sPMVZtKRcQqbvr1GpJ18y0XzDPhIgupCF\nIjnimtHs61WPnBD2vD59AA7lGr6Si1RgyVYZT4tPKrCCLl1Z0Hqh1JQzHfKiI+n0\n2o7TIHkm9yZj+VZEtSbuBl9/uq0cEwE0ALJXWsz8NBB1/G4uuQKCAQEAykrRpPPH\nfK47cNVFziVU0/+uJALJfMrOCRXiZfcxmq4dplh4S+5Ye7h8iwENAtsYBvZEvEzC\nfEisbslnbJ1fSGkN0HcTBONrLTkDKexq6a3BNdzkRkMm0/rQTvoNZEx46vfBqRA+\nPeHExYWlwkLKUzpkwFWSHfjWhwuMAq5JKwM+KPO78uNIbra9o6MZEghY/b+uT3kK\nUG4ipg7vVY1HdwywYBFVwPBPt7HxBfUWyoZ7js+Cxd3tCGm9RBlnMB7Uw7L7fUSw\noHBN2heIKrvqb9E5vWAq+63DJNUDyGsaAKChi796lK3j2iuGVFS904ZiiUYDg8Sz\nFLrtsnJxhmv42wKCAQEA9JVKybH7buzo64Jl1cLvJRwb+M7ng9OASZN/pyHEC65r\nWQf6Lk0fvRHNAUMADun/Imw7b2AWk/mdKql2MAhuMS0GIw+qTkBYjjdgNrmsBlmE\nIQAuhgrnVtSIu1kJQVtYNZ1fNhk66a6vPA/7cwmV9CW9P6gu+n2tbwAZn9bAjbqI\nrq9pxav4h58tqX26ItyTSjTTIWuRfufbJQzMcqLkDls8bEGhbgxrHF3KFmjh+/eR\ns9GUfKTMlM1SlloLy2SgLzAwKTJJNtqRqsg/8Rf3OBtsf8LRPGt9xkONPgV8OYM/\n14GHik6H+vrtLFSBl40Kd21LOnPmYAYr69SP06RB7wKCAQBIlvKFq4iw/+CKi61h\n3NmEvWHiwDFHG4s1jWnRRxPAuqwfDe4U6TFNLBVc2AKwPKhxjxt5Kl47tORTWOhI\n/Gu9kx0G6kOj5GuILcYp3BE9S0Fir6ImaGBdfsoTHP2DOUHGpyMSJKcBE6vFaUDi\n5Y6usOyIa+xj3vA0Q3t5VssgqSg8D8Io1VAfkmmYd6U+aEpuu8Kz9+4wkGTUi9Vs\nMKctXBtKTc4kztb8RtkDV0BXakyaIXJ+yDUPaMomzqrNhLK6itZdzDFJUSNOmFUf\naJEmkMCUaRbjeyXkaJ/T4kLRaNKvUAWPppp1plqslkAL0FQ5iCsotIPCc5VqDFEa\neFIzAoIBAQCpQMbIXMpKMNfeYhZmnscvPwx8WXIM38ffIpsr5Unta34N1l9iuyxD\ngpYDUYIwz+0mvQ9EO5JkRFBmvW50PuFCVo3wpV6NWCnwAJIsTMCmhDvTOnT3fYQp\nqloUi8DD4ZphP84rebozDBdn0QeIzBFhKtyTuKcJ4P6r2b3hxpLpgTQk7m6bxC3w\nbE8FA2RTy6CBsZyJfA7razdTpE+25NI8vRZLM/+qUB2vO5gled8opmHFtjqzJrgM\nISoNsbKHxdKz1Pz/BTV1KDu1m23kQVlrEk86+m4hCaG4Gfcb/F/CzPjZAWHya/Xd\n0Ndf3frwDUI48wEkKiA6QwsR377IDtsxAoIBAQCjSM+p8cYLXOFxeCwWG4t8ra1R\nVCCkQmD/y4lkHA1/7g89WXGzo488VW8T2Sp+PcsDQnMNdYog4wMym0fpY1jI5x7A\negIzyLUej2ph78bBiDmTY/U0S/RvHdOxssdCqoOnepu5LHCYwSF8QanClJNfZ9aJ\ntm1GOHrfkCpC8JU2CvYa5hViu5pSYeF5N0Ni+P+2L2ozKUm8h1uQrulKGIdPd6rg\n37Fllv+c2ZWEjeFQzdfC1pPxhspcgVMDvn3aV+16wQnrQGCV6A4r6SuUn6PzPtlV\nnqADBO2omWpn0lg3LVnGqBGK0KO090EeotCPoRUwc5W1L4AXqrEB+qP8kFB6\n-----END RSA PRIVATE KEY-----\n",
            "content_base64": null,
            "content_base64sha256": "sxbvebu/jUFdQw6RkAmP9pMbyDANSrTrP8qzR7WXwWM=",
            "content_base64sha512": "S++h+oflJC0CECWqQcGTlWcjreIL2KZLtK5wvLXyw3ugdpqfqxTtW0M3u4PGkgOqwjr693nChHdNLQ1Bewct9w==",
            "content_md5": "f44eca17c7b75289242fab60c9a63b1b",
            "content_sha1": "56b3a38401986c9da6c5dc10ee5e9bce295dac55",
            "content_sha256": "b316ef79bbbf8d415d430e9190098ff6931bc8300d4ab4eb3fcab347b597c163",
            "content_sha512": "4befa1fa87e5242d021025aa41c193956723ade20bd8a64bb4ae70bcb5f2c37ba0769a9fab14ed5b4337bb83c69203aac23afaf779c284774d2d0d417b072df7",
            "directory_permission": "0777",
            "file_permission": "0600",
            "filename": "./auto-temp-key.pem",
            "id": "56b3a38401986c9da6c5dc10ee5e9bce295dac55",
            "sensitive_content": null,
            "source": null
          },
          "sensitive_attributes": [
            [
              {
                "type": "get_attr",
                "value": "content"
              }
            ],
            [
              {
                "type": "get_attr",
                "value": "sensitive_content"
              }
            ]
          ],
          "dependencies": [
            "tls_private_key.auto"
          ]
        }
      ]
    },
    {
      "mode": "managed",
      "type": "local_file",
      "name": "private_key_pem",
      "provider": "provider[\"registry.terraform.io/hashicorp/local\"]",
      "instances": [
        {
          "schema_version": 0,
          "attributes": {
            "content": "-----BEGIN RSA PRIVATE KEY-----\nMIIJKQIBAAKCAgEA2iPIEFbaY+fn098cc/9zR3QG35as56P9/TOpeEhkBb/YWJ1B\nX4ljEgFcJrohZaa0aSRnR6uCNaYUAXzw7BPIlB5ngtWTufPgsZO6lWKTWnB0QS2O\nDDyBNRBlT8VtcOp5wbkEpJsd4lyIxeVs4iFdU7+2Y6DEBxhSDq2rhepoQH67uYIq\nUMp90rX5fgVHnj8y/fQWWtle9ufIlaEqngz7ljRsGrh3oqMxPQDlOLtjZzqjYWyH\nePju1Ow1Zk8u6oDWYkiQQEdGvn3CKIkPg+HZMmsHtH3iGLDmcPXWVGnb7HBnRz+u\nTz5P7RDrVsvzn1RxtEm55uJf9Qq2iP2jjjfk02tLgtRUaX3tedn8VOS6OwzCtVVC\nwAeNL3C+X3/URLgJSIuO5b/buDBlBRaAf6PbGHdheGWqm6YdLSYKMJ9UkIsCjT7j\n2J+PKRQ8vtbpsVyz6pPqG+QkJhTg8eVULw8FB/EMLR++dsuJd0Xvu0L1sSWbd037\n3R+QX8SxFrxlLWO8VERtGyL93jHTyQoIHM/OBkXYOsaSK/Nk9oveez1ikOI4ippx\nRy2JOI8mw8xlXPQJ6rEkEaf5Hr//eLq9UkFtMdFBO4Ecu3zCj8YD28bPcrddySyO\ncSCvvGA1CXPQloEL+Q3cjvX467SqvckOyMfS1zkKpzMeaV4O53eHWpQ85wcCAwEA\nAQKCAgAEqVwWoUyEcwm8uNlaTzyu67dT4tvqDVKZrRdzhxSAHPPqHN4vRPfVhCrs\ndvDMw826K3l7iho7vENULs/VM60HIUkz/g1snV4RXWdQ1uzwM1QAqpENCOP39tQ7\naqwmjBQzBBmpzNjMJA8WL4tun6jnZ8LliSN3RVlHkAWI1JQKwMqRMctms5URwirF\nOyanJpGX5LXvlhKV8ykRrYKEIyHjOVaQEZ4Y3yTnuVOsrTB4HcQtCk0w1B0CdtPD\nTnDhuQQb0JIolX1ZB8X06MzolBR4o9njzQbeYTVjd5Vvc12sRVCnsKAweFPr7H8i\n+TPJFVxirmqnGPJVAbgZ4FW07dPZeKNTCgAEWmLtrFPAY7oG2zw+UHrTHAcQCM0k\n+PEbBFVIXnME3Ot79qX7/GwuqUdJKF0Zjs3VauXd4rgbfRAWkNNIMTCsxE/GFDzS\noYafB8z6fog2eUJmnF1BzKWorpw+8NbvDoIqt1Tp5KEYZxdrnOZGZRTInd5Yot2S\nP9HzKrukdDj6bvQ/p10zPGxYSdScJICHLTmqAsq4n8tpNKm04RSKv+H0BemDJVZG\nwV2wxcgCd1jK1C6QQXbADaY6YRVUsK7JcvY2wM1YmiVVYPtBFHtkdhWXd2GrW8av\nnJiImBf5BQ2dNI+x2hi9E5K0ihZ5/+pj3Qb2r4TxRYOKFL/jRQKCAQEA/RhrdkSI\nd6X+mltylrRhKzDBcr1oqVZ/UIp4dcSlan1VSH0nWQt50//PW09mkwbTn+yMaQEt\nPBFPC/Bh0KEqGKMa2wWDCA+6hEijHqG2Svkz71JZU9Qe7rWbepMximZbgTgbR3o0\n/0sarqCu+bDZCrAPiq0zkQa4nUXJsDozE/GjiJD9ew9+FRcekn8V3XHIEh1Lb2UN\n0EyK5Pd0EUwWwgPh/XpzLjHJ+itOnyljXuUtI4VnLtDmNwy/Pq1mKNUJ712nMP8y\n4onXl9Ey+wzrOICO8/wxP7hCFiXhSIEVHOq2E9iHrCK+MClaJVvNjR3NbCVefGJJ\npRJjKfGqZ7l4ywKCAQEA3KSp/6PI0n9npKJ9UPZ7PQoJsAt+gzKQWEmDZuewloRr\nOPHhgkKZ6lfAB8A1Z9kIfjUM6DWAMbHKb6YQCHLxSwJPqi0gIKz3kBAZdm4VIaFv\nK10slozr3VnUAzW78B1WyIFgFxst36/s/SA/V6aCUTqu5S66nri4kmfl+QecI/Th\nkF4kzBc1rxasLk/1F6sfYZRssH/Jsf8HHRIqtjP9gC+SU4lC+gi6vgiCrWGaz2cM\ndEGAWC7QEHy6sO3Ti4gz8bRlG3EHuzKFo9YSHiy4WWWZu+XGsVMam5OEywtKEsZ8\nGCbk+563YXv3GHOfmNeR6JvXlK0BMxFksCTjZOkPNQKCAQEA6jf0EuG/TMKgCGbC\nd3b8SUT4cN+aAMPcVEOg0JOn5RGRn+C6TixRlQAx+7VSHpP9ugzlr7L4EpOODGVr\nj+/ljiE7FB9YsFgl6o9x7UIH+f/+sOYLZolyCsSj2t5mxUaOPdoXXKFadDsjuSFY\nbBfd84cVCufYRcjrhhf0WxKw/C7tgM901LJ0or3ffAEB0gme9iyIB9GD5BVBoDzj\n+7HniaqgM7xi5QgMe2gifSaHIGWDzVCCOY/2zFEOlslPNlBYvlx0AeLZS0325zch\nL7U35PUL1fy38tjox6hMgJV8XWNUFq+WdpU8XkOWeeYoJgTDeuZmN0OaFZobjNBp\nO04n2wKCAQBn+v3WaLRKZxpL3vuZvR7k7CcWnMQZRin6QWK4izWQKYVyR6NTxNlO\nM95eiLliYEh9WbjkcdohET1qkmL56FlIVSV/+FYsr/bXII8vXb99otuGHxnVNUIu\nhZfBj4ArL1hnk3jaSse6o+jWfWz8fI7rgvFLNlNiW4E4FdiuHGT8GPp4E7XZrJJz\nGgc4qBvD9LQMQ2tZXk+KH7qVe6s/RI8R6tlVntk+hgCjb9VNqjLPzSt0Wi4G4MDT\nFETS/rF0D1MTdEU1wnW3RZ7vUAIn0EFsd9IUV7vkc1qVuNaa7Y4R/RIcO7Ar2Gdp\nfIc9MbgjymuLqG3XNhTboTXHQQsc0iyFAoIBAQD6AoR48oxTbrogWq9wlIqqU9gE\n7BbdhWs6Ai99uqjMSo/i1019z3xFll7fc5ixmAFso/cMtbtFrNnHP0cNQgFa75FQ\nfeUJQjNpjf0eVWwvxfpkEYWR3GSn3wCOro6MoXsk86PVDsseFJwRGLLOFcTkiw+i\nUHWnbqNGgcL4jUGU+eGVJjErt0yJTpqosPx8WBIV1puNyMD16BJSvn04IvcmVhn5\n1aJNpheO0oahKt4ptf9GdEDxLfdjeKEyQq2SdT1W57loRGlpwJvkBVgasrIqSgf+\nXo1t/IJ4OnkwaSmfTr7l5Lvennq9WMUWExBGwUJ1Oi1FZOismUB6zJo21OFv\n-----END RSA PRIVATE KEY-----\n",
            "content_base64": null,
            "content_base64sha256": "I2kuJWxFhYAZbuSkj0/L2/beqYIg5o72i3No/wu71qU=",
            "content_base64sha512": "4uincpU8i4pahdP9ezkssQ6Oq3itGGxNI7h+/y3H4UqfhMbLzi805nhvjT4aVlE6tdmbqhfiXq8ywrECJTXjNA==",
            "content_md5": "0057934091fad7d1e1e7b839b39b1589",
            "content_sha1": "cfc0819ffa510a01d573ffae4655afd05dc6baf4",
            "content_sha256": "23692e256c458580196ee4a48f4fcbdbf6dea98220e68ef68b7368ff0bbbd6a5",
            "content_sha512": "e2e8a772953c8b8a5a85d3fd7b392cb10e8eab78ad186c4d23b87eff2dc7e14a9f84c6cbce2f34e6786f8d3e1a56513ab5d99baa17e25eaf32c2b1022535e334",
            "directory_permission": "0777",
            "file_permission": "0600",
            "filename": "./terraform-key.pem",
            "id": "cfc0819ffa510a01d573ffae4655afd05dc6baf4",
            "sensitive_content": null,
            "source": null
          },
          "sensitive_attributes": [
            [
              {
                "type": "get_attr",
                "value": "content"
              }
            ],
            [
              {
                "type": "get_attr",
                "value": "sensitive_content"
              }
            ]
          ],
          "dependencies": [
            "tls_private_key.ec2_key"
          ]
        }
      ]
    },
    {
      "mode": "managed",
      "type": "tls_private_key",
      "name": "auto",
      "provider": "provider[\"registry.terraform.io/hashicorp/tls\"]",
      "instances": [
        {
          "schema_version": 1,
          "attributes": {
            "algorithm": "RSA",
            "ecdsa_curve": "P224",
            "id": "540f3a9e1805c119f341b64c2e94af9d5ec7eb35",
            "private_key_openssh": "-----BEGIN OPENSSH PRIVATE KEY-----\nb3BlbnNzaC1rZXktdjEAAAAABG5vbmUAAAAEbm9uZQAAAAAAAAABAAACFwAAAAdz\nc2gtcnNhAAAAAwEAAQAAAgEAwUVIdj9YuOKoH2RAgv6gUNr1AMZgDKZ1KBs7pH2G\nrz+pmYtWZExXix72tSjx7aeVecfwS8jLAW09MfWaTZfjlD7tKB9sMNISQCm5B7tm\n0mj4i//CWztv0DiDeaMfL+MJXFZ0uckq1bQzOyj/1YuwzJBqN+vSjt+dF/Q8He6D\nZKJ2WXqHtyclVNaKHwe0EShQ3J9FQk+p2ZWNM72G3SZ9etwkNAKgBf64q0B32MSK\nAJrQkhUgA2h5icRRgcY6ROHEy97xiuwZmaHNZe/VTmPxYp0T09wjpwvhrR5brnCx\n3W0SL0hVm40Vsk+HZGw2wZyHgmx20c1wvOvC3LixQSSqCZ6d+HVATdkgCanPtP79\nhWmHeN/9It53LX2e0uoMurJQzB1ak7ySLR/SHQrNLhjzOh0KYN4gfUkTC2gUAOUL\n7Yx50S5hE2uI3qmDyZOBuWlabwn+VXqw1A+bsVPxxRJP8IDJMUJaq8xx6CJGLUL0\n31wIcR+DqGHED63s1p6zCEln1dv4s6LwAXC539DCz7qSHpipnnQ0Kmkr7kcKMVns\nd3DJm3WH/jTzhzD2V820SFeHRqLTdwFOrS9HQQvIcU2zGYKbyqEtShy0kGXT66uo\nSw+GPt/KM01jDcY+SX8QOwNTB8EoWGLNao9/mujOG9Echoyb+Iu7+JlK1ZskutZI\n73UAAAc4ClxZigpcWYoAAAAHc3NoLXJzYQAAAgEAwUVIdj9YuOKoH2RAgv6gUNr1\nAMZgDKZ1KBs7pH2Grz+pmYtWZExXix72tSjx7aeVecfwS8jLAW09MfWaTZfjlD7t\nKB9sMNISQCm5B7tm0mj4i//CWztv0DiDeaMfL+MJXFZ0uckq1bQzOyj/1YuwzJBq\nN+vSjt+dF/Q8He6DZKJ2WXqHtyclVNaKHwe0EShQ3J9FQk+p2ZWNM72G3SZ9etwk\nNAKgBf64q0B32MSKAJrQkhUgA2h5icRRgcY6ROHEy97xiuwZmaHNZe/VTmPxYp0T\n09wjpwvhrR5brnCx3W0SL0hVm40Vsk+HZGw2wZyHgmx20c1wvOvC3LixQSSqCZ6d\n+HVATdkgCanPtP79hWmHeN/9It53LX2e0uoMurJQzB1ak7ySLR/SHQrNLhjzOh0K\nYN4gfUkTC2gUAOUL7Yx50S5hE2uI3qmDyZOBuWlabwn+VXqw1A+bsVPxxRJP8IDJ\nMUJaq8xx6CJGLUL031wIcR+DqGHED63s1p6zCEln1dv4s6LwAXC539DCz7qSHpip\nnnQ0Kmkr7kcKMVnsd3DJm3WH/jTzhzD2V820SFeHRqLTdwFOrS9HQQvIcU2zGYKb\nyqEtShy0kGXT66uoSw+GPt/KM01jDcY+SX8QOwNTB8EoWGLNao9/mujOG9Echoyb\n+Iu7+JlK1ZskutZI73UAAAADAQABAAACABIl+VnxNNmXnwXjmhMy6cbt6Je8CQTn\nFJVBiWY2y1Dlf32FkgU1DftoWu5D/AO++tBGsA/NuRJXOanZUDX9D0e6aPadjMFA\n2KnhwRgyxsL3TG+JAq0idattwxrG8ITEovpiu+8+LqGGnFDv1qYsydtLrE23/Tuh\nT9USABsnbHskrkxUry3JpT3EL5AeXxBFYuJ0qkJBzMc7vdif8WwO0zWYOmYP4Qrv\nElQyZ46ZVgQchX1SMoFfbBo9rxGqlYomUR57vt62sOi2Qt1RmgwUYnRKH7SDNW3Y\nNcbV1PIabvlF5rE975v9sY3e3e3WI4YmtqrOmJG24uE6mj+zsCFX2geHQQLKM/Tb\nvODzV1Q5k1NjxRjSBuBYXqcGF6oTdWiJaNRsmjJJUm8GSrvXY/UQAYsSqi71UtqW\n4zNvvb3cbIqSe4QnZJ01CTlwJa4xFGK7Vc3SnkruqSPAClg4AYiLd3YKyJjJV7NT\nvD/1Wd6s4aedPvi/EwnW3ktCZwj8hS0kVHO4ingbDB7G31/0hF98Bfl1jqw8xVm0\npFxCpu+vUaknXzLRfMM+EiC6kIUiOeKa0ezrVY+cEPa8Pn0ADuUavpKLVGDJVhlP\ni08qsIIuXVnQeqHUlDMd8qIj6fTajtMgeSb3JmP5VkS1Ju4GX3+6rRwTATQAslda\nzPw0EHX8bi65AAABAQCjSM+p8cYLXOFxeCwWG4t8ra1RVCCkQmD/y4lkHA1/7g89\nWXGzo488VW8T2Sp+PcsDQnMNdYog4wMym0fpY1jI5x7AegIzyLUej2ph78bBiDmT\nY/U0S/RvHdOxssdCqoOnepu5LHCYwSF8QanClJNfZ9aJtm1GOHrfkCpC8JU2CvYa\n5hViu5pSYeF5N0Ni+P+2L2ozKUm8h1uQrulKGIdPd6rg37Fllv+c2ZWEjeFQzdfC\n1pPxhspcgVMDvn3aV+16wQnrQGCV6A4r6SuUn6PzPtlVnqADBO2omWpn0lg3LVnG\nqBGK0KO090EeotCPoRUwc5W1L4AXqrEB+qP8kFB6AAABAQDKStGk88d8rjtw1UXO\nJVTT/64kAsl8ys4JFeJl9zGarh2mWHhL7lh7uHyLAQ0C2xgG9kS8TMJ8SKxuyWds\nnV9IaQ3QdxME42stOQMp7GrprcE13ORGQybT+tBO+g1kTHjq98GpED494cTFhaXC\nQspTOmTAVZId+NaHC4wCrkkrAz4o87vy40hutr2joxkSCFj9v65PeQpQbiKmDu9V\njUd3DLBgEVXA8E+3sfEF9RbKhnuOz4LF3e0Iab1EGWcwHtTDsvt9RLCgcE3aF4gq\nu+pv0Tm9YCr7rcMk1QPIaxoAoKGLv3qUrePaK4ZUVL3ThmKJRgODxLMUuu2ycnGG\na/jbAAABAQD0lUrJsftu7OjrgmXVwu8lHBv4zueD04BJk3+nIcQLrmtZB/ouTR+9\nEc0BQwAO6f8ibDtvYBaT+Z0qqXYwCG4xLQYjD6pOQFiON2A2uawGWYQhAC6GCudW\n1Ii7WQlBW1g1nV82GTrprq88D/tzCZX0Jb0/qC76fa1vABmf1sCNuoiur2nFq/iH\nny2pfboi3JNKNNMha5F+59slDMxyouQOWzxsQaFuDGscXcoWaOH795Gz0ZR8pMyU\nzVKWWgvLZKAvMDApMkk22pGqyD/xF/c4G2x/wtE8a33GQ40+BXw5gz/XgYeKTof6\n+u0sVIGXjQp3bUs6c+ZgBivr1I/TpEHvAAAAAAEC\n-----END OPENSSH PRIVATE KEY-----\n",
            "private_key_pem": "-----BEGIN RSA PRIVATE KEY-----\nMIIJKQIBAAKCAgEAwUVIdj9YuOKoH2RAgv6gUNr1AMZgDKZ1KBs7pH2Grz+pmYtW\nZExXix72tSjx7aeVecfwS8jLAW09MfWaTZfjlD7tKB9sMNISQCm5B7tm0mj4i//C\nWztv0DiDeaMfL+MJXFZ0uckq1bQzOyj/1YuwzJBqN+vSjt+dF/Q8He6DZKJ2WXqH\ntyclVNaKHwe0EShQ3J9FQk+p2ZWNM72G3SZ9etwkNAKgBf64q0B32MSKAJrQkhUg\nA2h5icRRgcY6ROHEy97xiuwZmaHNZe/VTmPxYp0T09wjpwvhrR5brnCx3W0SL0hV\nm40Vsk+HZGw2wZyHgmx20c1wvOvC3LixQSSqCZ6d+HVATdkgCanPtP79hWmHeN/9\nIt53LX2e0uoMurJQzB1ak7ySLR/SHQrNLhjzOh0KYN4gfUkTC2gUAOUL7Yx50S5h\nE2uI3qmDyZOBuWlabwn+VXqw1A+bsVPxxRJP8IDJMUJaq8xx6CJGLUL031wIcR+D\nqGHED63s1p6zCEln1dv4s6LwAXC539DCz7qSHpipnnQ0Kmkr7kcKMVnsd3DJm3WH\n/jTzhzD2V820SFeHRqLTdwFOrS9HQQvIcU2zGYKbyqEtShy0kGXT66uoSw+GPt/K\nM01jDcY+SX8QOwNTB8EoWGLNao9/mujOG9Echoyb+Iu7+JlK1ZskutZI73UCAwEA\nAQKCAgASJflZ8TTZl58F45oTMunG7eiXvAkE5xSVQYlmNstQ5X99hZIFNQ37aFru\nQ/wDvvrQRrAPzbkSVzmp2VA1/Q9Humj2nYzBQNip4cEYMsbC90xviQKtInWrbcMa\nxvCExKL6YrvvPi6hhpxQ79amLMnbS6xNt/07oU/VEgAbJ2x7JK5MVK8tyaU9xC+Q\nHl8QRWLidKpCQczHO73Yn/FsDtM1mDpmD+EK7xJUMmeOmVYEHIV9UjKBX2waPa8R\nqpWKJlEee77etrDotkLdUZoMFGJ0Sh+0gzVt2DXG1dTyGm75ReaxPe+b/bGN3t3t\n1iOGJraqzpiRtuLhOpo/s7AhV9oHh0ECyjP027zg81dUOZNTY8UY0gbgWF6nBheq\nE3VoiWjUbJoySVJvBkq712P1EAGLEqou9VLaluMzb7293GyKknuEJ2SdNQk5cCWu\nMRRiu1XN0p5K7qkjwApYOAGIi3d2CsiYyVezU7w/9VnerOGnnT74vxMJ1t5LQmcI\n/IUtJFRzuIp4Gwwext9f9IRffAX5dY6sPMVZtKRcQqbvr1GpJ18y0XzDPhIgupCF\nIjnimtHs61WPnBD2vD59AA7lGr6Si1RgyVYZT4tPKrCCLl1Z0Hqh1JQzHfKiI+n0\n2o7TIHkm9yZj+VZEtSbuBl9/uq0cEwE0ALJXWsz8NBB1/G4uuQKCAQEAykrRpPPH\nfK47cNVFziVU0/+uJALJfMrOCRXiZfcxmq4dplh4S+5Ye7h8iwENAtsYBvZEvEzC\nfEisbslnbJ1fSGkN0HcTBONrLTkDKexq6a3BNdzkRkMm0/rQTvoNZEx46vfBqRA+\nPeHExYWlwkLKUzpkwFWSHfjWhwuMAq5JKwM+KPO78uNIbra9o6MZEghY/b+uT3kK\nUG4ipg7vVY1HdwywYBFVwPBPt7HxBfUWyoZ7js+Cxd3tCGm9RBlnMB7Uw7L7fUSw\noHBN2heIKrvqb9E5vWAq+63DJNUDyGsaAKChi796lK3j2iuGVFS904ZiiUYDg8Sz\nFLrtsnJxhmv42wKCAQEA9JVKybH7buzo64Jl1cLvJRwb+M7ng9OASZN/pyHEC65r\nWQf6Lk0fvRHNAUMADun/Imw7b2AWk/mdKql2MAhuMS0GIw+qTkBYjjdgNrmsBlmE\nIQAuhgrnVtSIu1kJQVtYNZ1fNhk66a6vPA/7cwmV9CW9P6gu+n2tbwAZn9bAjbqI\nrq9pxav4h58tqX26ItyTSjTTIWuRfufbJQzMcqLkDls8bEGhbgxrHF3KFmjh+/eR\ns9GUfKTMlM1SlloLy2SgLzAwKTJJNtqRqsg/8Rf3OBtsf8LRPGt9xkONPgV8OYM/\n14GHik6H+vrtLFSBl40Kd21LOnPmYAYr69SP06RB7wKCAQBIlvKFq4iw/+CKi61h\n3NmEvWHiwDFHG4s1jWnRRxPAuqwfDe4U6TFNLBVc2AKwPKhxjxt5Kl47tORTWOhI\n/Gu9kx0G6kOj5GuILcYp3BE9S0Fir6ImaGBdfsoTHP2DOUHGpyMSJKcBE6vFaUDi\n5Y6usOyIa+xj3vA0Q3t5VssgqSg8D8Io1VAfkmmYd6U+aEpuu8Kz9+4wkGTUi9Vs\nMKctXBtKTc4kztb8RtkDV0BXakyaIXJ+yDUPaMomzqrNhLK6itZdzDFJUSNOmFUf\naJEmkMCUaRbjeyXkaJ/T4kLRaNKvUAWPppp1plqslkAL0FQ5iCsotIPCc5VqDFEa\neFIzAoIBAQCpQMbIXMpKMNfeYhZmnscvPwx8WXIM38ffIpsr5Unta34N1l9iuyxD\ngpYDUYIwz+0mvQ9EO5JkRFBmvW50PuFCVo3wpV6NWCnwAJIsTMCmhDvTOnT3fYQp\nqloUi8DD4ZphP84rebozDBdn0QeIzBFhKtyTuKcJ4P6r2b3hxpLpgTQk7m6bxC3w\nbE8FA2RTy6CBsZyJfA7razdTpE+25NI8vRZLM/+qUB2vO5gled8opmHFtjqzJrgM\nISoNsbKHxdKz1Pz/BTV1KDu1m23kQVlrEk86+m4hCaG4Gfcb/F/CzPjZAWHya/Xd\n0Ndf3frwDUI48wEkKiA6QwsR377IDtsxAoIBAQCjSM+p8cYLXOFxeCwWG4t8ra1R\nVCCkQmD/y4lkHA1/7g89WXGzo488VW8T2Sp+PcsDQnMNdYog4wMym0fpY1jI5x7A\negIzyLUej2ph78bBiDmTY/U0S/RvHdOxssdCqoOnepu5LHCYwSF8QanClJNfZ9aJ\ntm1GOHrfkCpC8JU2CvYa5hViu5pSYeF5N0Ni+P+2L2ozKUm8h1uQrulKGIdPd6rg\n37Fllv+c2ZWEjeFQzdfC1pPxhspcgVMDvn3aV+16wQnrQGCV6A4r6SuUn6PzPtlV\nnqADBO2omWpn0lg3LVnGqBGK0KO090EeotCPoRUwc5W1L4AXqrEB+qP8kFB6\n-----END RSA PRIVATE KEY-----\n",
            "private_key_pem_pkcs8": "-----BEGIN PRIVATE KEY-----\nMIIJQwIBADANBgkqhkiG9w0BAQEFAASCCS0wggkpAgEAAoICAQDBRUh2P1i44qgf\nZECC/qBQ2vUAxmAMpnUoGzukfYavP6mZi1ZkTFeLHva1KPHtp5V5x/BLyMsBbT0x\n9ZpNl+OUPu0oH2ww0hJAKbkHu2bSaPiL/8JbO2/QOIN5ox8v4wlcVnS5ySrVtDM7\nKP/Vi7DMkGo369KO350X9Dwd7oNkonZZeoe3JyVU1oofB7QRKFDcn0VCT6nZlY0z\nvYbdJn163CQ0AqAF/rirQHfYxIoAmtCSFSADaHmJxFGBxjpE4cTL3vGK7BmZoc1l\n79VOY/FinRPT3COnC+GtHluucLHdbRIvSFWbjRWyT4dkbDbBnIeCbHbRzXC868Lc\nuLFBJKoJnp34dUBN2SAJqc+0/v2FaYd43/0i3nctfZ7S6gy6slDMHVqTvJItH9Id\nCs0uGPM6HQpg3iB9SRMLaBQA5QvtjHnRLmETa4jeqYPJk4G5aVpvCf5VerDUD5ux\nU/HFEk/wgMkxQlqrzHHoIkYtQvTfXAhxH4OoYcQPrezWnrMISWfV2/izovABcLnf\n0MLPupIemKmedDQqaSvuRwoxWex3cMmbdYf+NPOHMPZXzbRIV4dGotN3AU6tL0dB\nC8hxTbMZgpvKoS1KHLSQZdPrq6hLD4Y+38ozTWMNxj5JfxA7A1MHwShYYs1qj3+a\n6M4b0RyGjJv4i7v4mUrVmyS61kjvdQIDAQABAoICABIl+VnxNNmXnwXjmhMy6cbt\n6Je8CQTnFJVBiWY2y1Dlf32FkgU1DftoWu5D/AO++tBGsA/NuRJXOanZUDX9D0e6\naPadjMFA2KnhwRgyxsL3TG+JAq0idattwxrG8ITEovpiu+8+LqGGnFDv1qYsydtL\nrE23/TuhT9USABsnbHskrkxUry3JpT3EL5AeXxBFYuJ0qkJBzMc7vdif8WwO0zWY\nOmYP4QrvElQyZ46ZVgQchX1SMoFfbBo9rxGqlYomUR57vt62sOi2Qt1RmgwUYnRK\nH7SDNW3YNcbV1PIabvlF5rE975v9sY3e3e3WI4YmtqrOmJG24uE6mj+zsCFX2geH\nQQLKM/TbvODzV1Q5k1NjxRjSBuBYXqcGF6oTdWiJaNRsmjJJUm8GSrvXY/UQAYsS\nqi71UtqW4zNvvb3cbIqSe4QnZJ01CTlwJa4xFGK7Vc3SnkruqSPAClg4AYiLd3YK\nyJjJV7NTvD/1Wd6s4aedPvi/EwnW3ktCZwj8hS0kVHO4ingbDB7G31/0hF98Bfl1\njqw8xVm0pFxCpu+vUaknXzLRfMM+EiC6kIUiOeKa0ezrVY+cEPa8Pn0ADuUavpKL\nVGDJVhlPi08qsIIuXVnQeqHUlDMd8qIj6fTajtMgeSb3JmP5VkS1Ju4GX3+6rRwT\nATQAsldazPw0EHX8bi65AoIBAQDKStGk88d8rjtw1UXOJVTT/64kAsl8ys4JFeJl\n9zGarh2mWHhL7lh7uHyLAQ0C2xgG9kS8TMJ8SKxuyWdsnV9IaQ3QdxME42stOQMp\n7GrprcE13ORGQybT+tBO+g1kTHjq98GpED494cTFhaXCQspTOmTAVZId+NaHC4wC\nrkkrAz4o87vy40hutr2joxkSCFj9v65PeQpQbiKmDu9VjUd3DLBgEVXA8E+3sfEF\n9RbKhnuOz4LF3e0Iab1EGWcwHtTDsvt9RLCgcE3aF4gqu+pv0Tm9YCr7rcMk1QPI\naxoAoKGLv3qUrePaK4ZUVL3ThmKJRgODxLMUuu2ycnGGa/jbAoIBAQD0lUrJsftu\n7OjrgmXVwu8lHBv4zueD04BJk3+nIcQLrmtZB/ouTR+9Ec0BQwAO6f8ibDtvYBaT\n+Z0qqXYwCG4xLQYjD6pOQFiON2A2uawGWYQhAC6GCudW1Ii7WQlBW1g1nV82GTrp\nrq88D/tzCZX0Jb0/qC76fa1vABmf1sCNuoiur2nFq/iHny2pfboi3JNKNNMha5F+\n59slDMxyouQOWzxsQaFuDGscXcoWaOH795Gz0ZR8pMyUzVKWWgvLZKAvMDApMkk2\n2pGqyD/xF/c4G2x/wtE8a33GQ40+BXw5gz/XgYeKTof6+u0sVIGXjQp3bUs6c+Zg\nBivr1I/TpEHvAoIBAEiW8oWriLD/4IqLrWHc2YS9YeLAMUcbizWNadFHE8C6rB8N\n7hTpMU0sFVzYArA8qHGPG3kqXju05FNY6Ej8a72THQbqQ6Pka4gtxincET1LQWKv\noiZoYF1+yhMc/YM5QcanIxIkpwETq8VpQOLljq6w7Ihr7GPe8DRDe3lWyyCpKDwP\nwijVUB+SaZh3pT5oSm67wrP37jCQZNSL1Wwwpy1cG0pNziTO1vxG2QNXQFdqTJoh\ncn7INQ9oyibOqs2EsrqK1l3MMUlRI06YVR9okSaQwJRpFuN7JeRon9PiQtFo0q9Q\nBY+mmnWmWqyWQAvQVDmIKyi0g8JzlWoMURp4UjMCggEBAKlAxshcykow195iFmae\nxy8/DHxZcgzfx98imyvlSe1rfg3WX2K7LEOClgNRgjDP7Sa9D0Q7kmREUGa9bnQ+\n4UJWjfClXo1YKfAAkixMwKaEO9M6dPd9hCmqWhSLwMPhmmE/zit5ujMMF2fRB4jM\nEWEq3JO4pwng/qvZveHGkumBNCTubpvELfBsTwUDZFPLoIGxnIl8DutrN1OkT7bk\n0jy9Fksz/6pQHa87mCV53yimYcW2OrMmuAwhKg2xsofF0rPU/P8FNXUoO7WbbeRB\nWWsSTzr6biEJobgZ9xv8X8LM+NkBYfJr9d3Q11/d+vANQjjzASQqIDpDCxHfvsgO\n2zECggEBAKNIz6nxxgtc4XF4LBYbi3ytrVFUIKRCYP/LiWQcDX/uDz1ZcbOjjzxV\nbxPZKn49ywNCcw11iiDjAzKbR+ljWMjnHsB6AjPItR6PamHvxsGIOZNj9TRL9G8d\n07Gyx0Kqg6d6m7kscJjBIXxBqcKUk19n1om2bUY4et+QKkLwlTYK9hrmFWK7mlJh\n4Xk3Q2L4/7YvajMpSbyHW5Cu6UoYh093quDfsWWW/5zZlYSN4VDN18LWk/GGylyB\nUwO+fdpX7XrBCetAYJXoDivpK5Sfo/M+2VWeoAME7aiZamfSWDctWcaoEYrQo7T3\nQR6i0I+hFTBzlbUvgBeqsQH6o/yQUHo=\n-----END PRIVATE KEY-----\n",
            "public_key_fingerprint_md5": "53:c3:9e:75:88:c1:d6:23:6a:0e:22:2f:c0:52:7e:68",
            "public_key_fingerprint_sha256": "SHA256:AaJbECmMQ4n2xfFUBWcwTrj6wPOT6kN5KI7OkSAPYws",
            "public_key_openssh": "ssh-rsa AAAAB3NzaC1yc2EAAAADAQABAAACAQDBRUh2P1i44qgfZECC/qBQ2vUAxmAMpnUoGzukfYavP6mZi1ZkTFeLHva1KPHtp5V5x/BLyMsBbT0x9ZpNl+OUPu0oH2ww0hJAKbkHu2bSaPiL/8JbO2/QOIN5ox8v4wlcVnS5ySrVtDM7KP/Vi7DMkGo369KO350X9Dwd7oNkonZZeoe3JyVU1oofB7QRKFDcn0VCT6nZlY0zvYbdJn163CQ0AqAF/rirQHfYxIoAmtCSFSADaHmJxFGBxjpE4cTL3vGK7BmZoc1l79VOY/FinRPT3COnC+GtHluucLHdbRIvSFWbjRWyT4dkbDbBnIeCbHbRzXC868LcuLFBJKoJnp34dUBN2SAJqc+0/v2FaYd43/0i3nctfZ7S6gy6slDMHVqTvJItH9IdCs0uGPM6HQpg3iB9SRMLaBQA5QvtjHnRLmETa4jeqYPJk4G5aVpvCf5VerDUD5uxU/HFEk/wgMkxQlqrzHHoIkYtQvTfXAhxH4OoYcQPrezWnrMISWfV2/izovABcLnf0MLPupIemKmedDQqaSvuRwoxWex3cMmbdYf+NPOHMPZXzbRIV4dGotN3AU6tL0dBC8hxTbMZgpvKoS1KHLSQZdPrq6hLD4Y+38ozTWMNxj5JfxA7A1MHwShYYs1qj3+a6M4b0RyGjJv4i7v4mUrVmyS61kjvdQ==\n",
            "public_key_pem": "-----BEGIN PUBLIC KEY-----\nMIICIjANBgkqhkiG9w0BAQEFAAOCAg8AMIICCgKCAgEAwUVIdj9YuOKoH2RAgv6g\nUNr1AMZgDKZ1KBs7pH2Grz+pmYtWZExXix72tSjx7aeVecfwS8jLAW09MfWaTZfj\nlD7tKB9sMNISQCm5B7tm0mj4i//CWztv0DiDeaMfL+MJXFZ0uckq1bQzOyj/1Yuw\nzJBqN+vSjt+dF/Q8He6DZKJ2WXqHtyclVNaKHwe0EShQ3J9FQk+p2ZWNM72G3SZ9\netwkNAKgBf64q0B32MSKAJrQkhUgA2h5icRRgcY6ROHEy97xiuwZmaHNZe/VTmPx\nYp0T09wjpwvhrR5brnCx3W0SL0hVm40Vsk+HZGw2wZyHgmx20c1wvOvC3LixQSSq\nCZ6d+HVATdkgCanPtP79hWmHeN/9It53LX2e0uoMurJQzB1ak7ySLR/SHQrNLhjz\nOh0KYN4gfUkTC2gUAOUL7Yx50S5hE2uI3qmDyZOBuWlabwn+VXqw1A+bsVPxxRJP\n8IDJMUJaq8xx6CJGLUL031wIcR+DqGHED63s1p6zCEln1dv4s6LwAXC539DCz7qS\nHpipnnQ0Kmkr7kcKMVnsd3DJm3WH/jTzhzD2V820SFeHRqLTdwFOrS9HQQvIcU2z\nGYKbyqEtShy0kGXT66uoSw+GPt/KM01jDcY+SX8QOwNTB8EoWGLNao9/mujOG9Ec\nhoyb+Iu7+JlK1ZskutZI73UCAwEAAQ==\n-----END PUBLIC KEY-----\n",
            "rsa_bits": 4096
          },
          "sensitive_attributes": [
            [
              {
                "type": "get_attr",
                "value": "private_key_openssh"
              }
            ],
            [
              {
                "type": "get_attr",
                "value": "private_key_pem"
              }
            ],
            [
              {
                "type": "get_attr",
                "value": "private_key_pem_pkcs8"
              }
            ]
          ],
          "create_before_destroy": true
        }
      ]
    },
    {
      "mode": "managed",
      "type": "tls_private_key",
      "name": "ec2_key",
      "provider": "provider[\"registry.terraform.io/hashicorp/tls\"]",
      "instances": [
        {
          "schema_version": 1,
          "attributes": {
            "algorithm": "RSA",
            "ecdsa_curve": "P224",
            "id": "858e8953df588763ca4c0cb688d21536edd96115",
            "private_key_openssh": "-----BEGIN OPENSSH PRIVATE KEY-----\nb3BlbnNzaC1rZXktdjEAAAAABG5vbmUAAAAEbm9uZQAAAAAAAAABAAACFwAAAAdz\nc2gtcnNhAAAAAwEAAQAAAgEA2iPIEFbaY+fn098cc/9zR3QG35as56P9/TOpeEhk\nBb/YWJ1BX4ljEgFcJrohZaa0aSRnR6uCNaYUAXzw7BPIlB5ngtWTufPgsZO6lWKT\nWnB0QS2ODDyBNRBlT8VtcOp5wbkEpJsd4lyIxeVs4iFdU7+2Y6DEBxhSDq2rhepo\nQH67uYIqUMp90rX5fgVHnj8y/fQWWtle9ufIlaEqngz7ljRsGrh3oqMxPQDlOLtj\nZzqjYWyHePju1Ow1Zk8u6oDWYkiQQEdGvn3CKIkPg+HZMmsHtH3iGLDmcPXWVGnb\n7HBnRz+uTz5P7RDrVsvzn1RxtEm55uJf9Qq2iP2jjjfk02tLgtRUaX3tedn8VOS6\nOwzCtVVCwAeNL3C+X3/URLgJSIuO5b/buDBlBRaAf6PbGHdheGWqm6YdLSYKMJ9U\nkIsCjT7j2J+PKRQ8vtbpsVyz6pPqG+QkJhTg8eVULw8FB/EMLR++dsuJd0Xvu0L1\nsSWbd0373R+QX8SxFrxlLWO8VERtGyL93jHTyQoIHM/OBkXYOsaSK/Nk9oveez1i\nkOI4ippxRy2JOI8mw8xlXPQJ6rEkEaf5Hr//eLq9UkFtMdFBO4Ecu3zCj8YD28bP\ncrddySyOcSCvvGA1CXPQloEL+Q3cjvX467SqvckOyMfS1zkKpzMeaV4O53eHWpQ8\n5wcAAAc4+0MXVvtDF1YAAAAHc3NoLXJzYQAAAgEA2iPIEFbaY+fn098cc/9zR3QG\n35as56P9/TOpeEhkBb/YWJ1BX4ljEgFcJrohZaa0aSRnR6uCNaYUAXzw7BPIlB5n\ngtWTufPgsZO6lWKTWnB0QS2ODDyBNRBlT8VtcOp5wbkEpJsd4lyIxeVs4iFdU7+2\nY6DEBxhSDq2rhepoQH67uYIqUMp90rX5fgVHnj8y/fQWWtle9ufIlaEqngz7ljRs\nGrh3oqMxPQDlOLtjZzqjYWyHePju1Ow1Zk8u6oDWYkiQQEdGvn3CKIkPg+HZMmsH\ntH3iGLDmcPXWVGnb7HBnRz+uTz5P7RDrVsvzn1RxtEm55uJf9Qq2iP2jjjfk02tL\ngtRUaX3tedn8VOS6OwzCtVVCwAeNL3C+X3/URLgJSIuO5b/buDBlBRaAf6PbGHdh\neGWqm6YdLSYKMJ9UkIsCjT7j2J+PKRQ8vtbpsVyz6pPqG+QkJhTg8eVULw8FB/EM\nLR++dsuJd0Xvu0L1sSWbd0373R+QX8SxFrxlLWO8VERtGyL93jHTyQoIHM/OBkXY\nOsaSK/Nk9oveez1ikOI4ippxRy2JOI8mw8xlXPQJ6rEkEaf5Hr//eLq9UkFtMdFB\nO4Ecu3zCj8YD28bPcrddySyOcSCvvGA1CXPQloEL+Q3cjvX467SqvckOyMfS1zkK\npzMeaV4O53eHWpQ85wcAAAADAQABAAACAASpXBahTIRzCby42VpPPK7rt1Pi2+oN\nUpmtF3OHFIAc8+oc3i9E99WEKux28MzDzboreXuKGju8Q1Quz9UzrQchSTP+DWyd\nXhFdZ1DW7PAzVACqkQ0I4/f21DtqrCaMFDMEGanM2MwkDxYvi26fqOdnwuWJI3dF\nWUeQBYjUlArAypExy2azlRHCKsU7JqcmkZfkte+WEpXzKRGtgoQjIeM5VpARnhjf\nJOe5U6ytMHgdxC0KTTDUHQJ208NOcOG5BBvQkiiVfVkHxfTozOiUFHij2ePNBt5h\nNWN3lW9zXaxFUKewoDB4U+vsfyL5M8kVXGKuaqcY8lUBuBngVbTt09l4o1MKAARa\nYu2sU8BjugbbPD5QetMcBxAIzST48RsEVUhecwTc63v2pfv8bC6pR0koXRmOzdVq\n5d3iuBt9EBaQ00gxMKzET8YUPNKhhp8HzPp+iDZ5QmacXUHMpaiunD7w1u8Ogiq3\nVOnkoRhnF2uc5kZlFMid3lii3ZI/0fMqu6R0OPpu9D+nXTM8bFhJ1JwkgIctOaoC\nyrify2k0qbThFIq/4fQF6YMlVkbBXbDFyAJ3WMrULpBBdsANpjphFVSwrsly9jbA\nzViaJVVg+0EUe2R2FZd3Yatbxq+cmIiYF/kFDZ00j7HaGL0TkrSKFnn/6mPdBvav\nhPFFg4oUv+NFAAABAQD6AoR48oxTbrogWq9wlIqqU9gE7BbdhWs6Ai99uqjMSo/i\n1019z3xFll7fc5ixmAFso/cMtbtFrNnHP0cNQgFa75FQfeUJQjNpjf0eVWwvxfpk\nEYWR3GSn3wCOro6MoXsk86PVDsseFJwRGLLOFcTkiw+iUHWnbqNGgcL4jUGU+eGV\nJjErt0yJTpqosPx8WBIV1puNyMD16BJSvn04IvcmVhn51aJNpheO0oahKt4ptf9G\ndEDxLfdjeKEyQq2SdT1W57loRGlpwJvkBVgasrIqSgf+Xo1t/IJ4OnkwaSmfTr7l\n5Lvennq9WMUWExBGwUJ1Oi1FZOismUB6zJo21OFvAAABAQD9GGt2RIh3pf6aW3KW\ntGErMMFyvWipVn9Qinh1xKVqfVVIfSdZC3nT/89bT2aTBtOf7IxpAS08EU8L8GHQ\noSoYoxrbBYMID7qESKMeobZK+TPvUllT1B7utZt6kzGKZluBOBtHejT/SxquoK75\nsNkKsA+KrTORBridRcmwOjMT8aOIkP17D34VFx6SfxXdccgSHUtvZQ3QTIrk93QR\nTBbCA+H9enMuMcn6K06fKWNe5S0jhWcu0OY3DL8+rWYo1QnvXacw/zLiideX0TL7\nDOs4gI7z/DE/uEIWJeFIgRUc6rYT2IesIr4wKVolW82NHc1sJV58YkmlEmMp8apn\nuXjLAAABAQDcpKn/o8jSf2ekon1Q9ns9CgmwC36DMpBYSYNm57CWhGs48eGCQpnq\nV8AHwDVn2Qh+NQzoNYAxscpvphAIcvFLAk+qLSAgrPeQEBl2bhUhoW8rXSyWjOvd\nWdQDNbvwHVbIgWAXGy3fr+z9ID9XpoJROq7lLrqeuLiSZ+X5B5wj9OGQXiTMFzWv\nFqwuT/UXqx9hlGywf8mx/wcdEiq2M/2AL5JTiUL6CLq+CIKtYZrPZwx0QYBYLtAQ\nfLqw7dOLiDPxtGUbcQe7MoWj1hIeLLhZZZm75caxUxqbk4TLC0oSxnwYJuT7nrdh\ne/cYc5+Y15Hom9eUrQEzEWSwJONk6Q81AAAAAAEC\n-----END OPENSSH PRIVATE KEY-----\n",
            "private_key_pem": "-----BEGIN RSA PRIVATE KEY-----\nMIIJKQIBAAKCAgEA2iPIEFbaY+fn098cc/9zR3QG35as56P9/TOpeEhkBb/YWJ1B\nX4ljEgFcJrohZaa0aSRnR6uCNaYUAXzw7BPIlB5ngtWTufPgsZO6lWKTWnB0QS2O\nDDyBNRBlT8VtcOp5wbkEpJsd4lyIxeVs4iFdU7+2Y6DEBxhSDq2rhepoQH67uYIq\nUMp90rX5fgVHnj8y/fQWWtle9ufIlaEqngz7ljRsGrh3oqMxPQDlOLtjZzqjYWyH\nePju1Ow1Zk8u6oDWYkiQQEdGvn3CKIkPg+HZMmsHtH3iGLDmcPXWVGnb7HBnRz+u\nTz5P7RDrVsvzn1RxtEm55uJf9Qq2iP2jjjfk02tLgtRUaX3tedn8VOS6OwzCtVVC\nwAeNL3C+X3/URLgJSIuO5b/buDBlBRaAf6PbGHdheGWqm6YdLSYKMJ9UkIsCjT7j\n2J+PKRQ8vtbpsVyz6pPqG+QkJhTg8eVULw8FB/EMLR++dsuJd0Xvu0L1sSWbd037\n3R+QX8SxFrxlLWO8VERtGyL93jHTyQoIHM/OBkXYOsaSK/Nk9oveez1ikOI4ippx\nRy2JOI8mw8xlXPQJ6rEkEaf5Hr//eLq9UkFtMdFBO4Ecu3zCj8YD28bPcrddySyO\ncSCvvGA1CXPQloEL+Q3cjvX467SqvckOyMfS1zkKpzMeaV4O53eHWpQ85wcCAwEA\nAQKCAgAEqVwWoUyEcwm8uNlaTzyu67dT4tvqDVKZrRdzhxSAHPPqHN4vRPfVhCrs\ndvDMw826K3l7iho7vENULs/VM60HIUkz/g1snV4RXWdQ1uzwM1QAqpENCOP39tQ7\naqwmjBQzBBmpzNjMJA8WL4tun6jnZ8LliSN3RVlHkAWI1JQKwMqRMctms5URwirF\nOyanJpGX5LXvlhKV8ykRrYKEIyHjOVaQEZ4Y3yTnuVOsrTB4HcQtCk0w1B0CdtPD\nTnDhuQQb0JIolX1ZB8X06MzolBR4o9njzQbeYTVjd5Vvc12sRVCnsKAweFPr7H8i\n+TPJFVxirmqnGPJVAbgZ4FW07dPZeKNTCgAEWmLtrFPAY7oG2zw+UHrTHAcQCM0k\n+PEbBFVIXnME3Ot79qX7/GwuqUdJKF0Zjs3VauXd4rgbfRAWkNNIMTCsxE/GFDzS\noYafB8z6fog2eUJmnF1BzKWorpw+8NbvDoIqt1Tp5KEYZxdrnOZGZRTInd5Yot2S\nP9HzKrukdDj6bvQ/p10zPGxYSdScJICHLTmqAsq4n8tpNKm04RSKv+H0BemDJVZG\nwV2wxcgCd1jK1C6QQXbADaY6YRVUsK7JcvY2wM1YmiVVYPtBFHtkdhWXd2GrW8av\nnJiImBf5BQ2dNI+x2hi9E5K0ihZ5/+pj3Qb2r4TxRYOKFL/jRQKCAQEA/RhrdkSI\nd6X+mltylrRhKzDBcr1oqVZ/UIp4dcSlan1VSH0nWQt50//PW09mkwbTn+yMaQEt\nPBFPC/Bh0KEqGKMa2wWDCA+6hEijHqG2Svkz71JZU9Qe7rWbepMximZbgTgbR3o0\n/0sarqCu+bDZCrAPiq0zkQa4nUXJsDozE/GjiJD9ew9+FRcekn8V3XHIEh1Lb2UN\n0EyK5Pd0EUwWwgPh/XpzLjHJ+itOnyljXuUtI4VnLtDmNwy/Pq1mKNUJ712nMP8y\n4onXl9Ey+wzrOICO8/wxP7hCFiXhSIEVHOq2E9iHrCK+MClaJVvNjR3NbCVefGJJ\npRJjKfGqZ7l4ywKCAQEA3KSp/6PI0n9npKJ9UPZ7PQoJsAt+gzKQWEmDZuewloRr\nOPHhgkKZ6lfAB8A1Z9kIfjUM6DWAMbHKb6YQCHLxSwJPqi0gIKz3kBAZdm4VIaFv\nK10slozr3VnUAzW78B1WyIFgFxst36/s/SA/V6aCUTqu5S66nri4kmfl+QecI/Th\nkF4kzBc1rxasLk/1F6sfYZRssH/Jsf8HHRIqtjP9gC+SU4lC+gi6vgiCrWGaz2cM\ndEGAWC7QEHy6sO3Ti4gz8bRlG3EHuzKFo9YSHiy4WWWZu+XGsVMam5OEywtKEsZ8\nGCbk+563YXv3GHOfmNeR6JvXlK0BMxFksCTjZOkPNQKCAQEA6jf0EuG/TMKgCGbC\nd3b8SUT4cN+aAMPcVEOg0JOn5RGRn+C6TixRlQAx+7VSHpP9ugzlr7L4EpOODGVr\nj+/ljiE7FB9YsFgl6o9x7UIH+f/+sOYLZolyCsSj2t5mxUaOPdoXXKFadDsjuSFY\nbBfd84cVCufYRcjrhhf0WxKw/C7tgM901LJ0or3ffAEB0gme9iyIB9GD5BVBoDzj\n+7HniaqgM7xi5QgMe2gifSaHIGWDzVCCOY/2zFEOlslPNlBYvlx0AeLZS0325zch\nL7U35PUL1fy38tjox6hMgJV8XWNUFq+WdpU8XkOWeeYoJgTDeuZmN0OaFZobjNBp\nO04n2wKCAQBn+v3WaLRKZxpL3vuZvR7k7CcWnMQZRin6QWK4izWQKYVyR6NTxNlO\nM95eiLliYEh9WbjkcdohET1qkmL56FlIVSV/+FYsr/bXII8vXb99otuGHxnVNUIu\nhZfBj4ArL1hnk3jaSse6o+jWfWz8fI7rgvFLNlNiW4E4FdiuHGT8GPp4E7XZrJJz\nGgc4qBvD9LQMQ2tZXk+KH7qVe6s/RI8R6tlVntk+hgCjb9VNqjLPzSt0Wi4G4MDT\nFETS/rF0D1MTdEU1wnW3RZ7vUAIn0EFsd9IUV7vkc1qVuNaa7Y4R/RIcO7Ar2Gdp\nfIc9MbgjymuLqG3XNhTboTXHQQsc0iyFAoIBAQD6AoR48oxTbrogWq9wlIqqU9gE\n7BbdhWs6Ai99uqjMSo/i1019z3xFll7fc5ixmAFso/cMtbtFrNnHP0cNQgFa75FQ\nfeUJQjNpjf0eVWwvxfpkEYWR3GSn3wCOro6MoXsk86PVDsseFJwRGLLOFcTkiw+i\nUHWnbqNGgcL4jUGU+eGVJjErt0yJTpqosPx8WBIV1puNyMD16BJSvn04IvcmVhn5\n1aJNpheO0oahKt4ptf9GdEDxLfdjeKEyQq2SdT1W57loRGlpwJvkBVgasrIqSgf+\nXo1t/IJ4OnkwaSmfTr7l5Lvennq9WMUWExBGwUJ1Oi1FZOismUB6zJo21OFv\n-----END RSA PRIVATE KEY-----\n",
            "private_key_pem_pkcs8": "-----BEGIN PRIVATE KEY-----\nMIIJQwIBADANBgkqhkiG9w0BAQEFAASCCS0wggkpAgEAAoICAQDaI8gQVtpj5+fT\n3xxz/3NHdAbflqzno/39M6l4SGQFv9hYnUFfiWMSAVwmuiFlprRpJGdHq4I1phQB\nfPDsE8iUHmeC1ZO58+Cxk7qVYpNacHRBLY4MPIE1EGVPxW1w6nnBuQSkmx3iXIjF\n5WziIV1Tv7ZjoMQHGFIOrauF6mhAfru5gipQyn3Stfl+BUeePzL99BZa2V7258iV\noSqeDPuWNGwauHeiozE9AOU4u2NnOqNhbId4+O7U7DVmTy7qgNZiSJBAR0a+fcIo\niQ+D4dkyawe0feIYsOZw9dZUadvscGdHP65PPk/tEOtWy/OfVHG0Sbnm4l/1CraI\n/aOON+TTa0uC1FRpfe152fxU5Lo7DMK1VULAB40vcL5ff9REuAlIi47lv9u4MGUF\nFoB/o9sYd2F4Zaqbph0tJgown1SQiwKNPuPYn48pFDy+1umxXLPqk+ob5CQmFODx\n5VQvDwUH8QwtH752y4l3Re+7QvWxJZt3TfvdH5BfxLEWvGUtY7xURG0bIv3eMdPJ\nCggcz84GRdg6xpIr82T2i957PWKQ4jiKmnFHLYk4jybDzGVc9AnqsSQRp/kev/94\nur1SQW0x0UE7gRy7fMKPxgPbxs9yt13JLI5xIK+8YDUJc9CWgQv5DdyO9fjrtKq9\nyQ7Ix9LXOQqnMx5pXg7nd4dalDznBwIDAQABAoICAASpXBahTIRzCby42VpPPK7r\nt1Pi2+oNUpmtF3OHFIAc8+oc3i9E99WEKux28MzDzboreXuKGju8Q1Quz9UzrQch\nSTP+DWydXhFdZ1DW7PAzVACqkQ0I4/f21DtqrCaMFDMEGanM2MwkDxYvi26fqOdn\nwuWJI3dFWUeQBYjUlArAypExy2azlRHCKsU7JqcmkZfkte+WEpXzKRGtgoQjIeM5\nVpARnhjfJOe5U6ytMHgdxC0KTTDUHQJ208NOcOG5BBvQkiiVfVkHxfTozOiUFHij\n2ePNBt5hNWN3lW9zXaxFUKewoDB4U+vsfyL5M8kVXGKuaqcY8lUBuBngVbTt09l4\no1MKAARaYu2sU8BjugbbPD5QetMcBxAIzST48RsEVUhecwTc63v2pfv8bC6pR0ko\nXRmOzdVq5d3iuBt9EBaQ00gxMKzET8YUPNKhhp8HzPp+iDZ5QmacXUHMpaiunD7w\n1u8Ogiq3VOnkoRhnF2uc5kZlFMid3lii3ZI/0fMqu6R0OPpu9D+nXTM8bFhJ1Jwk\ngIctOaoCyrify2k0qbThFIq/4fQF6YMlVkbBXbDFyAJ3WMrULpBBdsANpjphFVSw\nrsly9jbAzViaJVVg+0EUe2R2FZd3Yatbxq+cmIiYF/kFDZ00j7HaGL0TkrSKFnn/\n6mPdBvavhPFFg4oUv+NFAoIBAQD9GGt2RIh3pf6aW3KWtGErMMFyvWipVn9Qinh1\nxKVqfVVIfSdZC3nT/89bT2aTBtOf7IxpAS08EU8L8GHQoSoYoxrbBYMID7qESKMe\nobZK+TPvUllT1B7utZt6kzGKZluBOBtHejT/SxquoK75sNkKsA+KrTORBridRcmw\nOjMT8aOIkP17D34VFx6SfxXdccgSHUtvZQ3QTIrk93QRTBbCA+H9enMuMcn6K06f\nKWNe5S0jhWcu0OY3DL8+rWYo1QnvXacw/zLiideX0TL7DOs4gI7z/DE/uEIWJeFI\ngRUc6rYT2IesIr4wKVolW82NHc1sJV58YkmlEmMp8apnuXjLAoIBAQDcpKn/o8jS\nf2ekon1Q9ns9CgmwC36DMpBYSYNm57CWhGs48eGCQpnqV8AHwDVn2Qh+NQzoNYAx\nscpvphAIcvFLAk+qLSAgrPeQEBl2bhUhoW8rXSyWjOvdWdQDNbvwHVbIgWAXGy3f\nr+z9ID9XpoJROq7lLrqeuLiSZ+X5B5wj9OGQXiTMFzWvFqwuT/UXqx9hlGywf8mx\n/wcdEiq2M/2AL5JTiUL6CLq+CIKtYZrPZwx0QYBYLtAQfLqw7dOLiDPxtGUbcQe7\nMoWj1hIeLLhZZZm75caxUxqbk4TLC0oSxnwYJuT7nrdhe/cYc5+Y15Hom9eUrQEz\nEWSwJONk6Q81AoIBAQDqN/QS4b9MwqAIZsJ3dvxJRPhw35oAw9xUQ6DQk6flEZGf\n4LpOLFGVADH7tVIek/26DOWvsvgSk44MZWuP7+WOITsUH1iwWCXqj3HtQgf5//6w\n5gtmiXIKxKPa3mbFRo492hdcoVp0OyO5IVhsF93zhxUK59hFyOuGF/RbErD8Lu2A\nz3TUsnSivd98AQHSCZ72LIgH0YPkFUGgPOP7seeJqqAzvGLlCAx7aCJ9JocgZYPN\nUII5j/bMUQ6WyU82UFi+XHQB4tlLTfbnNyEvtTfk9QvV/Lfy2OjHqEyAlXxdY1QW\nr5Z2lTxeQ5Z55igmBMN65mY3Q5oVmhuM0Gk7TifbAoIBAGf6/dZotEpnGkve+5m9\nHuTsJxacxBlGKfpBYriLNZAphXJHo1PE2U4z3l6IuWJgSH1ZuORx2iERPWqSYvno\nWUhVJX/4Viyv9tcgjy9dv32i24YfGdU1Qi6Fl8GPgCsvWGeTeNpKx7qj6NZ9bPx8\njuuC8Us2U2JbgTgV2K4cZPwY+ngTtdmsknMaBzioG8P0tAxDa1leT4ofupV7qz9E\njxHq2VWe2T6GAKNv1U2qMs/NK3RaLgbgwNMURNL+sXQPUxN0RTXCdbdFnu9QAifQ\nQWx30hRXu+RzWpW41prtjhH9Ehw7sCvYZ2l8hz0xuCPKa4uobdc2FNuhNcdBCxzS\nLIUCggEBAPoChHjyjFNuuiBar3CUiqpT2ATsFt2FazoCL326qMxKj+LXTX3PfEWW\nXt9zmLGYAWyj9wy1u0Ws2cc/Rw1CAVrvkVB95QlCM2mN/R5VbC/F+mQRhZHcZKff\nAI6ujoyheyTzo9UOyx4UnBEYss4VxOSLD6JQdaduo0aBwviNQZT54ZUmMSu3TIlO\nmqiw/HxYEhXWm43IwPXoElK+fTgi9yZWGfnVok2mF47ShqEq3im1/0Z0QPEt92N4\noTJCrZJ1PVbnuWhEaWnAm+QFWBqysipKB/5ejW38gng6eTBpKZ9OvuXku96eer1Y\nxRYTEEbBQnU6LUVk6KyZQHrMmjbU4W8=\n-----END PRIVATE KEY-----\n",
            "public_key_fingerprint_md5": "d9:e2:ab:4b:50:de:0b:05:04:3f:fc:15:6f:14:76:cb",
            "public_key_fingerprint_sha256": "SHA256:TUcn6XPw3MXlNtgOT9Z+9LcxIfZQAxwrMWTF5pUyhWA",
            "public_key_openssh": "ssh-rsa AAAAB3NzaC1yc2EAAAADAQABAAACAQDaI8gQVtpj5+fT3xxz/3NHdAbflqzno/39M6l4SGQFv9hYnUFfiWMSAVwmuiFlprRpJGdHq4I1phQBfPDsE8iUHmeC1ZO58+Cxk7qVYpNacHRBLY4MPIE1EGVPxW1w6nnBuQSkmx3iXIjF5WziIV1Tv7ZjoMQHGFIOrauF6mhAfru5gipQyn3Stfl+BUeePzL99BZa2V7258iVoSqeDPuWNGwauHeiozE9AOU4u2NnOqNhbId4+O7U7DVmTy7qgNZiSJBAR0a+fcIoiQ+D4dkyawe0feIYsOZw9dZUadvscGdHP65PPk/tEOtWy/OfVHG0Sbnm4l/1CraI/aOON+TTa0uC1FRpfe152fxU5Lo7DMK1VULAB40vcL5ff9REuAlIi47lv9u4MGUFFoB/o9sYd2F4Zaqbph0tJgown1SQiwKNPuPYn48pFDy+1umxXLPqk+ob5CQmFODx5VQvDwUH8QwtH752y4l3Re+7QvWxJZt3TfvdH5BfxLEWvGUtY7xURG0bIv3eMdPJCggcz84GRdg6xpIr82T2i957PWKQ4jiKmnFHLYk4jybDzGVc9AnqsSQRp/kev/94ur1SQW0x0UE7gRy7fMKPxgPbxs9yt13JLI5xIK+8YDUJc9CWgQv5DdyO9fjrtKq9yQ7Ix9LXOQqnMx5pXg7nd4dalDznBw==\n",
            "public_key_pem": "-----BEGIN PUBLIC KEY-----\nMIICIjANBgkqhkiG9w0BAQEFAAOCAg8AMIICCgKCAgEA2iPIEFbaY+fn098cc/9z\nR3QG35as56P9/TOpeEhkBb/YWJ1BX4ljEgFcJrohZaa0aSRnR6uCNaYUAXzw7BPI\nlB5ngtWTufPgsZO6lWKTWnB0QS2ODDyBNRBlT8VtcOp5wbkEpJsd4lyIxeVs4iFd\nU7+2Y6DEBxhSDq2rhepoQH67uYIqUMp90rX5fgVHnj8y/fQWWtle9ufIlaEqngz7\nljRsGrh3oqMxPQDlOLtjZzqjYWyHePju1Ow1Zk8u6oDWYkiQQEdGvn3CKIkPg+HZ\nMmsHtH3iGLDmcPXWVGnb7HBnRz+uTz5P7RDrVsvzn1RxtEm55uJf9Qq2iP2jjjfk\n02tLgtRUaX3tedn8VOS6OwzCtVVCwAeNL3C+X3/URLgJSIuO5b/buDBlBRaAf6Pb\nGHdheGWqm6YdLSYKMJ9UkIsCjT7j2J+PKRQ8vtbpsVyz6pPqG+QkJhTg8eVULw8F\nB/EMLR++dsuJd0Xvu0L1sSWbd0373R+QX8SxFrxlLWO8VERtGyL93jHTyQoIHM/O\nBkXYOsaSK/Nk9oveez1ikOI4ippxRy2JOI8mw8xlXPQJ6rEkEaf5Hr//eLq9UkFt\nMdFBO4Ecu3zCj8YD28bPcrddySyOcSCvvGA1CXPQloEL+Q3cjvX467SqvckOyMfS\n1zkKpzMeaV4O53eHWpQ85wcCAwEAAQ==\n-----END PUBLIC KEY-----\n",
            "rsa_bits": 4096
          },
          "sensitive_attributes": [
            [
              {
                "type": "get_attr",
                "value": "private_key_pem"
              }
            ],
            [
              {
                "type": "get_attr",
                "value": "private_key_pem_pkcs8"
              }
            ],
            [
              {
                "type": "get_attr",
                "value": "private_key_openssh"
              }
            ]
          ]
        }
      ]
    }
  ],
  "check_results": null
}
