{
  "version": 4,
  "terraform_version": "1.11.4",
  "serial": 12721,
  "lineage": "7533d789-0b13-1942-6022-bc3628f068e8",
  "outputs": {
    "backend_east_ip": {
      "value": "13.221.222.40",
      "type": "string"
    },
    "backend_west_ip": {
      "value": "18.144.30.35",
      "type": "string"
    },
    "ec2_private_key_pem": {
      "value": "-----BEGIN RSA PRIVATE KEY-----\nMIIJKAIBAAKCAgEA5nQvV7EWfjLsza2SZfuH/JIPqs4PcIhgXRFYdpg0SOSg3zio\n6qZxtLrKwb8bad0cRCwyMVsKMqDMVtuCyWV4ZHAoKDx0ixOJqeNp6QXEtETGC1Oh\nn4HAQiLyME4BJRaCUX/1d7B6GatDcheOFcNi/iYqbpEAhYLJxJdVoWg61cppvo5X\n9fIIDyF+r4HTnewhRE5Z2cQVIfsYr+nVyKFPxhbOY/77LdLRPHJVuxb0Hkmx2j1N\nJjoPdgK6ItGsdi+gJ9GWiOF4B5rspmo4VfrbWGDzToPKr5fqaFI32BVSNPiAcEUy\n/JLgTbRAKwR3zCVmnlU0odOpTrxid8Jd7G0223gel6j9Uzh64ZuuqgmVqfH6XKXt\nbRjifv9gFpZaY9jDyrD334ESu79fis/+8C+cgGAlXkxOQJxM0Zh6TMsGd0JCAnN0\naFu+bsuyFobnaiHEfRbcfF4mS/jMAGNfFsyj1SWrBBFf2YCDXXBmnwn0uuYo4ih7\nFqX4jB0FGrsQvftFmdvryTZrC/MjnUANtAsUrrqFvJz2ZwfvfNLPxvckW/c3rwfr\nmZ/aEbTMayS9fICsOscuQBzScZOhtXshdIfPBLtrLd+f+/7/Yy4b+Dcyx+gAaD8Y\n6707fhNf2mXLo3cOeFmdghqbTqbjw8tFYTZsYncTMjltL13cXg+TO2YMOiMCAwEA\nAQKCAgATfoo6BkprTtPWSukCmdD1OMZ81zqEypyFiD/t+aPD83HNADDVzKemDKkL\nKPyLgNSbywtMk9wcepqz0ZTSLt8My/9cS/o7K4zDzhokR+8i+rBavpks8jUObdYD\n57f+vaqKH2NnMQqwcjAzOLKLEmtPfsYByAqoa0RgeMFvH8SJAjreD5IkRXQ7Z29y\nhEPKQkfGzJlFgRSdOm2VBUL8L50dGh/HuLGMZ57N2LQk2TpkTNfv01YGi6HJhKM0\nlSexcFzsEWAvtbb0Gb22uW8zjWlm+VM2Sz1m4NhyOQZCpVG+Fl6zCz+BZcv19sSj\nfu4YBaU/yTW5vLsVOdKwjm9oiQ07QWdBptvW984juqRPyUCuahQ4xIGMfTfGjHK6\nNvnk7mjHYM/Niz58VNCQsu9lFKOH44SW/Zy83GDDrWhYYFMscy/Vr8hIPUeOL4p3\n6PhE1zIbIF8ORZW6yb2+TeAD2t/eFL4eL9OFpqaQoLdScdgFH4CqGPnNf/i3/rZ9\n02b0DSCOJlrLudM9FZEoyq3JcjpOvvWhBOAAwLWVJiebHs1gBLOuSncp50OS2zbb\nPja+lRkG9ysUhArv+vh0s66nq2qlGLxpOTlJHJb5G8Zglho5X2C3BvV/Pz+//jTp\niFPQVlh2qLo7D7OVNRW/ap+tFmtwLIRW82PGV8eYepK/dPDTRQKCAQEA7dPuFcRC\ncV51JIJTsronzo6z1Qdm+7Lsg/02RFRQAI3n6wdg0E7XclOF9UaOh54/Fb/lIbkJ\nddBoBYss3XTEsOhPH3QDVjOdBuobZfVyi4XM43+svdukVy/quUjYwprZI8/qOQ2b\ngYUtQKPREDYgkznBQPx/Sdd9kvHSzyKyR01MADL2qYrQLxUVTzu505RsXCl5q3WW\nPHLbKArEueJFHxrH6yb4ylw7IXMIFpTHBbotFrBLNTkhLFI8oNEWsJ2ZMSXY2KSV\nAdPMNIxbQqxYZS6SahAlbM2qIe2fnLdElUjf2WI8RRkF5EJM5NUIhbeFJksrlpjD\nBFjvAbZtFEFCTwKCAQEA+BADtz/YonzDfUJQN8IqJJd/IV8GPX9wbGl427BkUVzY\np/ow7O7bPnekfWA8V+K1fHYesA5PLisy+gI+lPutbOkz5WZ79hcJ7m8Nni997x+e\nfCUpHoR/d0lg9XzSlOs5oD4zc/XZkUvQpdq3kmS0X+t14yqGvxXAqBVlR6vqAVHm\nDjopZ4sIV0JZP1Vocwj78YC8Jri+9+DveQhKvfpcYkQ/DPBjLsbU2o16IBl60bFF\ndH1yqcrkZhb1VUSZIQ4CUpiLteTgFGLLHPTm6r6I3YvtUhzIdygYtA7EjW7g5RM2\nSb9LzzblZOKJPRA9z4FzBl2kbdyOHEzk3jpMZ+357QKCAQASJQEdGAQZsiMtzeOk\n1x8CW1DNB+uLeHMi/saNIAGaiTkQbVetjNZTGpw1wlRNdH1Lo4BPulZGbsgA5EVf\n//ChrpeaxrcadIWeaW39sWQz0Nl44dzD/2XiYP1/dVdUQYwfd1VfVPJwR0DUlar1\nmauSj+12j80GTTJ/a4Ox2evQFM2flkPLW5PWg71EdkIPKlu6DFAEDMyRgBHIVEn+\nBI1RejGWdzqz9aVtP+F2F5O3lCSsfna+cMVfJEcL3eflQaDWZxTMMoJLyWTi/XJY\n+90imxMAlIrGakp4nDB5PGI3IYAyjZQbkXUpnQVQ0A/+Y6n86e9BZhY61q4la02X\nJgNxAoIBAQC5NSPBFu9E6gf/JprD9rkGVwI5RTxggBzNJLZyuDE+Oiccy4Tp8bBJ\n5IQwg8CqEX9VLM/evOBLZT+LQE+/ZmVmknsHxMu6whrNJacyOt04ww/OOuSHf3+3\n7VZyEz8apsGArdA2vREzFTr0CefTalLt5tw+voqacsBD/q1+pJFzaNVuO+icAUc5\n9zSxP7BbaxLIjkhsVLVoV04UvKcpTprZV4EHxRcYXqWfg8/x1XRIyaVEw0DwGqcK\nvgtwHWaDMnVze6ecKAVR0y05MnSSQa3oU8fd7dWSeaJwFTKVMnrBLeXzi9srHB6L\ng0PaDp1Hp6vczd+tkuWbpaGfdkGDuz9FAoIBAFJEsd/wiQ8Wk3XtEIR4RfSbFrfS\n0cZ34UDvPUnwAfbQOWcsmiMCve7blOrB0cuT1fesKGFOT+/Q6A4fkpImUIqHmtpj\nXEttm5xxZTM3U9upxJ0PD0yWEn8PJfSN150gCda4QCzvNN+U3MifXDNCGw08TMGc\nQLLUWTZIuKtUrCoS+QhZqjCieu/RezvAQYb85VoYJWpMrs00azAwcDp3nsUy1BsC\n0ZARbS1lslgGo8rYyjcNUCSbKIxK28xB6GGOw/msr1IjdWsaesoS4IJEBwlFwx2u\n+/lgmCxTeKN6CzBdnyCzrABMLNhcce3vNdTPaE1QJCVNoMRIk4zWtQj1CDc=\n-----END RSA PRIVATE KEY-----\n",
      "type": "string",
      "sensitive": true
    },
    "frontend_east_ip": {
      "value": "3.237.234.91",
      "type": "string"
    },
    "frontend_west_ip": {
      "value": "13.52.97.5",
      "type": "string"
    },
    "nameservers_to_set": {
      "value": [
        "ns-1162.awsdns-17.org",
        "ns-1827.awsdns-36.co.uk",
        "ns-414.awsdns-51.com",
        "ns-804.awsdns-36.net"
      ],
      "type": [
        "list",
        "string"
      ]
    },
    "private_key_pem": {
      "value": "-----BEGIN RSA PRIVATE KEY-----\nMIIJJwIBAAKCAgEAtG19SWAQouqt/vCqO8kmYhn22RTGpf2ab+6s8uKYawPdrNjS\nAVPoxpfqDrBGTeGvxaHgeCpWTPSvOEn6YQbCRYdjrwsKrGQXvYAi0nJsYzA28QuB\nN6ex1PDox6kOXiCUad8FL6flgs1Zsdn3s0pxsL38yry9qJkCKWr647+C4SlO+t3s\neOag8Ca3dNXJD7aEw45iPhRySpmZuQnqr2MfxvaqI/ZfkEYL5ZPojijyWy4e4oi2\nUkId13pKMvScImJ2lAEOZcMNAiiA47bKrXfbfZXE4J+19+1iqDWfc65jpP4B9sNh\njMOz+BpPFwWLQyRoqKJiE+gAX36RFMVQC98+UhJj9GI6cREXhkmlU697UbhXBCxD\nNp55iuYjNSn0+7yUcgA5Unyv6WCvmzKHdvTtx5u3CbWOr6vm63M7mudeRIwh8Ljd\nfBkHk4Ec07nPZa3lR16IGPUY8Nggua9Eb598z7ir6ft5/AtuzjYtDQQ13Yl3rCd8\nuNI3WxvnF5RU+Qa1Q8GrjdAD9+Y2NS7XPhYnGDNUAd1aHxpvJ5iNEwZ6rcihFz4x\nZ2/ZRmJfyWzEkFizyLbyevle8HwuXSw09Wwl+Um9NFwmjV2lzXP44etUK5S0hKI5\nbtMIk8vAeLpG5tURApTn9Bnq31sO9WQlOPOInXZiFfm68rBr3IuZWuucq5UCAwEA\nAQKCAgAhlrp6tPQT6D2BFvuSCrXnEG9YZVo/35DnIpc21kFKttsHSQv7bEwK4JAV\nsPI9oHSxBZw8sqEDTY/rGjaO5ou3FufTV+piQnX69MZGyD9uTbUEtcAWBNWBz2F+\nffXrRwRqGzcjco2zBpial/nZelPk89GCSpXCM83nuP9A88+hLCgEYtkZftHaM1L2\n4K/ACZn4r+KRLQxD4Alynap/gSQSzavJ6x1KRggD8r+Z63yGxfTA9nN+p8lXanAy\nwT/p1Mu/bNzpy+B5lOG9wrNDjOsjG4Udzg25vIsfxm/LQN1TA2iJMEFSS8KOvxMX\nNZSB6N7E+gnpK8kZ/f1zUPJAa4x1uZAcB/45NlOk+8R2TdMZw8p/9yntVqhsyvAd\n4q3nHuyxpicsX9/KejiBi1qT8Ll3ZN5U4uT4CoTIX7xnQyw5IzcIwga+EWiTICJz\nwjJExiJ4h2ZTa/M1FjCn3/6bwdn5yt2pWXswTpxyB2o4witIwHR2vAkkSdQydE55\nBvnD9S+1u/8/jJzTusKotWuAFOrYY3SzbBLjRv/LVx+hM8149pV20PCF9TSEORwT\nX8ulruzpqu7WN8tQfMJDcLk76xTC+mU9pUlUUWWy9nxF4ll6+5HYk19PIH7mKoe4\np1veXHgo0byBnErgyH28RIFdDPHorvvMYjoM4MkjCcjBpYx1AQKCAQEAw6VkgfHc\nCO2eg0ArAzR3uRN6s4DFYQCoDjn9k0+0/1q5O3Tu4wbgiLKlIf8oA/fNqZYHR123\n5aisqP0r8fEOfxpUZJR+5WHGyH6aD8eqRO46U9KXaN739Wyti/mn7/9IG0aTPav9\nGetmKGNa9TkZHa067gFyth9o2qPC4XVb4T+RNJmD3D/d1LL2Okv/poelbGrpKymQ\nUagzQbLgYAbwlPLl0Q2ucBOUT+ObfSrrYxOYV/G/jrJfTo2ImPeFxHyJ2sCjy02Z\nw+E0RrBU+Y5MWOIDx+wtyH70BC+FfZncWA+YXmzOoORSva8Ayc60om29bA3gTEXK\nj6UWqfrxN1vRFQKCAQEA7BZEln4KuRqMy68XD/pw5ZX7utYidWgchyEbv6Z8rc6a\ncPc9e+yc0wP8HvysKUfOe8gRm1FVybAholQxTJ7m+o0CUIoo1QtAJJKaYYtzrrpA\nAEtLjak7ggfck8qctASKSx+b0EonvPI8AOYybDvagsiKFB/Vsf6dO5a1k7/716xW\nlE9UGQCj7welz57SHURgdpYyOe5Zja2BeI/Ooyolob85AMxqZJhKWhJqjsu7CtOo\nXTrPJfHF1TkA6XcFM+2Ah/uhTzl1ou/jgSAhSjUi9FZwlib4l4J3M03yyMGcJLhe\nLnAUyQMV5aj1ovApbx8kd6ORt8Wk9TSZsX0ar+sQgQKCAQAmDmn6jN1ML0yCI106\nhl4zdgKMICREtif6fHVCzmJauX8GfbxqFNBgRr+wWT2jZ/RtZG2OCEDZP3I2fOir\na0RynOCFoAz++YH9RgMZxrDsL5rQ60ngcF6zMqyfabStDm8sPxItEONuw0df29O5\nl523FBc+bLGvk3SF8wzZZka1DfRk0ue/U/0Gfrk+pcHY1tHqwPESIEeeWqV9xhm3\nFCKAFq91dr/TtTtIPvHj6xFWeF1N3gxw6Wl4kjdb6envSnpWPtqdlT6vx4KvrWUa\nFf/r2ir6HIrbUTaOCeBhiig+SOpOk8OtsDwYAY6ZsseYQNhzyE81Bu5b+rTp45JA\nPm/xAoIBAC0ekFsmmYwIy/G9c63lEiB+io6JkCpaDGGy7SeyfM+G1bNTPRfq/4nA\nkDWn2otFIuw7L0o8wCV8mOD6MDXRhJlLy65yyRz2OnsC3ahYy3IQPF0SBs17E1ll\ngT1pkotA9uEmmFO1aGTO8rLFS8utoLQv+VuhPej3nTsfMXKcVVhBooZTpuHkYnAz\nSPgmBUf8ombni4/QwqK2DzFoYniCfJCuCAnkB01UYZlXPbAutX97NgkjTSWWUFXQ\nwCDeU0s6T78tUwXeGGJccGFkL5iMETMbNgcsSYRDNd7DPewqPFo0NiOv3fkQsuWi\nZdePCIwpKoIG67lwd3c5Z0ope6k1RoECggEAT6NhqzL6qbZb9E3xg1GzqAuSnX1h\ntDarxC95Lk1SoOco7/+094MWJ4Ifxbi+xBlG3CKzwHnth8w1ft9d58DfOmbpPqpS\nUXgc2Gy1PFhbnTGHMJJc7gJ3i6aMqBW4xdExH8cE3iOuZ/MvQfbcyu6o4Oy/+Irt\nRmHW64UT2TYLTQO7uAR91gtlxwvd+LIrfCgu9KMTwIs/gtGEE16JtNHFQT4AP6zx\nlmHne9ZhZk1oHxG9nkFIsfmJkQCvd0YjlDmJgtwgCs0eu41PHWgt79jXZj7iJr5V\n/Qa9doK9CyzORBH1Ft3cXGrzXUijp5m5SYX+ScKUz0iDI8zS7t8PZarTLA==\n-----END RSA PRIVATE KEY-----\n",
      "type": "string",
      "sensitive": true
    },
    "public_nameservers": {
      "value": [
        "ns-1673.awsdns-17.co.uk",
        "ns-711.awsdns-24.net",
        "ns-128.awsdns-16.com",
        "ns-1389.awsdns-45.org"
      ],
      "type": [
        "list",
        "string"
      ]
    },
    "public_zone_id": {
      "value": "Z01156203MH5V3NVDCNYO",
      "type": "string"
    }
  },
  "resources": [
    {
      "mode": "data",
      "type": "aws_ami",
      "name": "al2_east",
      "provider": "provider[\"registry.terraform.io/hashicorp/aws\"].primary",
      "instances": [
        {
          "schema_version": 0,
          "attributes": {
            "architecture": "x86_64",
            "arn": "arn:aws:ec2:us-east-1::image/ami-0e95a5e2743ec9ec9",
            "block_device_mappings": [
              {
                "device_name": "/dev/xvda",
                "ebs": {
                  "delete_on_termination": "true",
                  "encrypted": "false",
                  "iops": "0",
                  "snapshot_id": "snap-05d65fb778304569a",
                  "throughput": "0",
                  "volume_initialization_rate": "0",
                  "volume_size": "8",
                  "volume_type": "gp2"
                },
                "no_device": "",
                "virtual_name": ""
              }
            ],
            "boot_mode": "",
            "creation_date": "2025-08-16T04:54:06.000Z",
            "deprecation_time": "2025-11-14T04:54:00.000Z",
            "description": "Amazon Linux 2 AMI 2.0.20250818.2 x86_64 HVM gp2",
            "ena_support": true,
            "executable_users": null,
            "filter": [
              {
                "name": "name",
                "values": [
                  "amzn2-ami-hvm-*-x86_64-gp2"
                ]
              }
            ],
            "hypervisor": "xen",
            "id": "ami-0e95a5e2743ec9ec9",
            "image_id": "ami-0e95a5e2743ec9ec9",
            "image_location": "amazon/amzn2-ami-hvm-2.0.20250818.2-x86_64-gp2",
            "image_owner_alias": "amazon",
            "image_type": "machine",
            "imds_support": "",
            "include_deprecated": false,
            "kernel_id": "",
            "last_launched_time": "",
            "most_recent": true,
            "name": "amzn2-ami-hvm-2.0.20250818.2-x86_64-gp2",
            "name_regex": null,
            "owner_id": "137112412989",
            "owners": [
              "amazon"
            ],
            "platform": "",
            "platform_details": "Linux/UNIX",
            "product_codes": [],
            "public": true,
            "ramdisk_id": "",
            "root_device_name": "/dev/xvda",
            "root_device_type": "ebs",
            "root_snapshot_id": "snap-05d65fb778304569a",
            "sriov_net_support": "simple",
            "state": "available",
            "state_reason": {
              "code": "UNSET",
              "message": "UNSET"
            },
            "tags": {},
            "timeouts": null,
            "tpm_support": "",
            "uefi_data": null,
            "usage_operation": "RunInstances",
            "virtualization_type": "hvm"
          },
          "sensitive_attributes": []
        }
      ]
    },
    {
      "mode": "data",
      "type": "aws_ami",
      "name": "ubuntu_east",
      "provider": "provider[\"registry.terraform.io/hashicorp/aws\"].primary",
      "instances": [
        {
          "schema_version": 0,
          "attributes": {
            "architecture": "x86_64",
            "arn": "arn:aws:ec2:us-east-1::image/ami-0bbdd8c17ed981ef9",
            "block_device_mappings": [
              {
                "device_name": "/dev/sda1",
                "ebs": {
                  "delete_on_termination": "true",
                  "encrypted": "false",
                  "iops": "0",
                  "snapshot_id": "snap-044c7fd1c01a7978c",
                  "throughput": "0",
                  "volume_initialization_rate": "0",
                  "volume_size": "8",
                  "volume_type": "gp2"
                },
                "no_device": "",
                "virtual_name": ""
              },
              {
                "device_name": "/dev/sdb",
                "ebs": {},
                "no_device": "",
                "virtual_name": "ephemeral0"
              },
              {
                "device_name": "/dev/sdc",
                "ebs": {},
                "no_device": "",
                "virtual_name": "ephemeral1"
              }
            ],
            "boot_mode": "uefi-preferred",
            "creation_date": "2025-08-22T06:58:58.000Z",
            "deprecation_time": "2027-08-22T06:58:58.000Z",
            "description": "Canonical, Ubuntu, 22.04, amd64 jammy image",
            "ena_support": true,
            "executable_users": null,
            "filter": [
              {
                "name": "name",
                "values": [
                  "ubuntu/images/hvm-ssd/ubuntu-jammy-22.04-amd64-server-*"
                ]
              }
            ],
            "hypervisor": "xen",
            "id": "ami-0bbdd8c17ed981ef9",
            "image_id": "ami-0bbdd8c17ed981ef9",
            "image_location": "amazon/ubuntu/images/hvm-ssd/ubuntu-jammy-22.04-amd64-server-20250822",
            "image_owner_alias": "amazon",
            "image_type": "machine",
            "imds_support": "",
            "include_deprecated": false,
            "kernel_id": "",
            "last_launched_time": "",
            "most_recent": true,
            "name": "ubuntu/images/hvm-ssd/ubuntu-jammy-22.04-amd64-server-20250822",
            "name_regex": null,
            "owner_id": "099720109477",
            "owners": [
              "099720109477"
            ],
            "platform": "",
            "platform_details": "Linux/UNIX",
            "product_codes": [],
            "public": true,
            "ramdisk_id": "",
            "root_device_name": "/dev/sda1",
            "root_device_type": "ebs",
            "root_snapshot_id": "snap-044c7fd1c01a7978c",
            "sriov_net_support": "simple",
            "state": "available",
            "state_reason": {
              "code": "UNSET",
              "message": "UNSET"
            },
            "tags": {},
            "timeouts": null,
            "tpm_support": "",
            "uefi_data": null,
            "usage_operation": "RunInstances",
            "virtualization_type": "hvm"
          },
          "sensitive_attributes": []
        }
      ]
    },
    {
      "mode": "data",
      "type": "aws_ami",
      "name": "ubuntu_west",
      "provider": "provider[\"registry.terraform.io/hashicorp/aws\"].secondary",
      "instances": [
        {
          "schema_version": 0,
          "attributes": {
            "architecture": "x86_64",
            "arn": "arn:aws:ec2:us-west-1::image/ami-0ddac4b9aed8d5d46",
            "block_device_mappings": [
              {
                "device_name": "/dev/sda1",
                "ebs": {
                  "delete_on_termination": "true",
                  "encrypted": "false",
                  "iops": "0",
                  "snapshot_id": "snap-0f1445fa56f76f7df",
                  "throughput": "0",
                  "volume_initialization_rate": "0",
                  "volume_size": "8",
                  "volume_type": "gp2"
                },
                "no_device": "",
                "virtual_name": ""
              },
              {
                "device_name": "/dev/sdb",
                "ebs": {},
                "no_device": "",
                "virtual_name": "ephemeral0"
              },
              {
                "device_name": "/dev/sdc",
                "ebs": {},
                "no_device": "",
                "virtual_name": "ephemeral1"
              }
            ],
            "boot_mode": "uefi-preferred",
            "creation_date": "2025-08-22T06:58:33.000Z",
            "deprecation_time": "2027-08-22T06:58:33.000Z",
            "description": "Canonical, Ubuntu, 22.04, amd64 jammy image",
            "ena_support": true,
            "executable_users": null,
            "filter": [
              {
                "name": "name",
                "values": [
                  "ubuntu/images/hvm-ssd/ubuntu-jammy-22.04-amd64-server-*"
                ]
              }
            ],
            "hypervisor": "xen",
            "id": "ami-0ddac4b9aed8d5d46",
            "image_id": "ami-0ddac4b9aed8d5d46",
            "image_location": "amazon/ubuntu/images/hvm-ssd/ubuntu-jammy-22.04-amd64-server-20250822",
            "image_owner_alias": "amazon",
            "image_type": "machine",
            "imds_support": "",
            "include_deprecated": false,
            "kernel_id": "",
            "last_launched_time": "",
            "most_recent": true,
            "name": "ubuntu/images/hvm-ssd/ubuntu-jammy-22.04-amd64-server-20250822",
            "name_regex": null,
            "owner_id": "099720109477",
            "owners": [
              "099720109477"
            ],
            "platform": "",
            "platform_details": "Linux/UNIX",
            "product_codes": [],
            "public": true,
            "ramdisk_id": "",
            "root_device_name": "/dev/sda1",
            "root_device_type": "ebs",
            "root_snapshot_id": "snap-0f1445fa56f76f7df",
            "sriov_net_support": "simple",
            "state": "available",
            "state_reason": {
              "code": "UNSET",
              "message": "UNSET"
            },
            "tags": {},
            "timeouts": null,
            "tpm_support": "",
            "uefi_data": null,
            "usage_operation": "RunInstances",
            "virtualization_type": "hvm"
          },
          "sensitive_attributes": []
        }
      ]
    },
    {
      "mode": "data",
      "type": "aws_caller_identity",
      "name": "current",
      "provider": "provider[\"registry.terraform.io/hashicorp/aws\"]",
      "instances": [
        {
          "schema_version": 0,
          "attributes": {
            "account_id": "904233103130",
            "arn": "arn:aws:iam::904233103130:user/Terraform_User",
            "id": "904233103130",
            "user_id": "AIDA5FCD6F4NBMTKVC4ME"
          },
          "sensitive_attributes": []
        }
      ]
    },
    {
      "mode": "data",
      "type": "aws_iam_policy_document",
      "name": "app_secrets_access",
      "provider": "provider[\"registry.terraform.io/hashicorp/aws\"]",
      "instances": [
        {
          "schema_version": 0,
          "attributes": {
            "id": "1709597840",
            "json": "{\n  \"Version\": \"2012-10-17\",\n  \"Statement\": [\n    {\n      \"Sid\": \"ReadDBSecret\",\n      \"Effect\": \"Allow\",\n      \"Action\": \"secretsmanager:GetSecretValue\",\n      \"Resource\": \"arn:aws:secretsmanager:us-east-1:904233103130:secret:rds!db-5ae8b681-80cc-4b3a-934d-db71a3b7fcb7-tGcVJc\"\n    },\n    {\n      \"Sid\": \"AllowKMSDecrypt\",\n      \"Effect\": \"Allow\",\n      \"Action\": \"kms:Decrypt\",\n      \"Resource\": \"arn:aws:kms:us-east-1:904233103130:key/473f1a8b-5764-4602-bd5f-428423fa2144\"\n    }\n  ]\n}",
            "minified_json": "{\"Version\":\"2012-10-17\",\"Statement\":[{\"Sid\":\"ReadDBSecret\",\"Effect\":\"Allow\",\"Action\":\"secretsmanager:GetSecretValue\",\"Resource\":\"arn:aws:secretsmanager:us-east-1:904233103130:secret:rds!db-5ae8b681-80cc-4b3a-934d-db71a3b7fcb7-tGcVJc\"},{\"Sid\":\"AllowKMSDecrypt\",\"Effect\":\"Allow\",\"Action\":\"kms:Decrypt\",\"Resource\":\"arn:aws:kms:us-east-1:904233103130:key/473f1a8b-5764-4602-bd5f-428423fa2144\"}]}",
            "override_json": null,
            "override_policy_documents": null,
            "policy_id": null,
            "source_json": null,
            "source_policy_documents": null,
            "statement": [
              {
                "actions": [
                  "secretsmanager:GetSecretValue"
                ],
                "condition": [],
                "effect": "Allow",
                "not_actions": [],
                "not_principals": [],
                "not_resources": [],
                "principals": [],
                "resources": [
                  "arn:aws:secretsmanager:us-east-1:904233103130:secret:rds!db-5ae8b681-80cc-4b3a-934d-db71a3b7fcb7-tGcVJc"
                ],
                "sid": "ReadDBSecret"
              },
              {
                "actions": [
                  "kms:Decrypt"
                ],
                "condition": [],
                "effect": "Allow",
                "not_actions": [],
                "not_principals": [],
                "not_resources": [],
                "principals": [],
                "resources": [
                  "arn:aws:kms:us-east-1:904233103130:key/473f1a8b-5764-4602-bd5f-428423fa2144"
                ],
                "sid": "AllowKMSDecrypt"
              }
            ],
            "version": "2012-10-17"
          },
          "sensitive_attributes": []
        }
      ]
    },
    {
      "mode": "data",
      "type": "aws_iam_policy_document",
      "name": "ec2_assume",
      "provider": "provider[\"registry.terraform.io/hashicorp/aws\"]",
      "instances": [
        {
          "schema_version": 0,
          "attributes": {
            "id": "1443847869",
            "json": "{\n  \"Version\": \"2012-10-17\",\n  \"Statement\": [\n    {\n      \"Effect\": \"Allow\",\n      \"Action\": \"sts:AssumeRole\",\n      \"Principal\": {\n        \"Service\": \"ec2.amazonaws.com\"\n      }\n    }\n  ]\n}",
            "minified_json": "{\"Version\":\"2012-10-17\",\"Statement\":[{\"Effect\":\"Allow\",\"Action\":\"sts:AssumeRole\",\"Principal\":{\"Service\":\"ec2.amazonaws.com\"}}]}",
            "override_json": null,
            "override_policy_documents": null,
            "policy_id": null,
            "source_json": null,
            "source_policy_documents": null,
            "statement": [
              {
                "actions": [
                  "sts:AssumeRole"
                ],
                "condition": [],
                "effect": "Allow",
                "not_actions": [],
                "not_principals": [],
                "not_resources": [],
                "principals": [
                  {
                    "identifiers": [
                      "ec2.amazonaws.com"
                    ],
                    "type": "Service"
                  }
                ],
                "resources": [],
                "sid": ""
              }
            ],
            "version": "2012-10-17"
          },
          "sensitive_attributes": []
        }
      ]
    },
    {
      "mode": "data",
      "type": "aws_iam_policy_document",
      "name": "sns_budgets_ce",
      "provider": "provider[\"registry.terraform.io/hashicorp/aws\"]",
      "instances": [
        {
          "schema_version": 0,
          "attributes": {
            "id": "818439342",
            "json": "{\n  \"Version\": \"2012-10-17\",\n  \"Statement\": [\n    {\n      \"Sid\": \"AllowBudgetsPublish\",\n      \"Effect\": \"Allow\",\n      \"Action\": \"SNS:Publish\",\n      \"Resource\": \"arn:aws:sns:us-east-1:904233103130:prod-alerts-global\",\n      \"Principal\": {\n        \"Service\": \"budgets.amazonaws.com\"\n      }\n    },\n    {\n      \"Sid\": \"AllowCEAnomalyPublish\",\n      \"Effect\": \"Allow\",\n      \"Action\": \"SNS:Publish\",\n      \"Resource\": \"arn:aws:sns:us-east-1:904233103130:prod-alerts-global\",\n      \"Principal\": {\n        \"Service\": \"ce.amazonaws.com\"\n      }\n    }\n  ]\n}",
            "minified_json": "{\"Version\":\"2012-10-17\",\"Statement\":[{\"Sid\":\"AllowBudgetsPublish\",\"Effect\":\"Allow\",\"Action\":\"SNS:Publish\",\"Resource\":\"arn:aws:sns:us-east-1:904233103130:prod-alerts-global\",\"Principal\":{\"Service\":\"budgets.amazonaws.com\"}},{\"Sid\":\"AllowCEAnomalyPublish\",\"Effect\":\"Allow\",\"Action\":\"SNS:Publish\",\"Resource\":\"arn:aws:sns:us-east-1:904233103130:prod-alerts-global\",\"Principal\":{\"Service\":\"ce.amazonaws.com\"}}]}",
            "override_json": null,
            "override_policy_documents": null,
            "policy_id": null,
            "source_json": null,
            "source_policy_documents": null,
            "statement": [
              {
                "actions": [
                  "SNS:Publish"
                ],
                "condition": [],
                "effect": "Allow",
                "not_actions": [],
                "not_principals": [],
                "not_resources": [],
                "principals": [
                  {
                    "identifiers": [
                      "budgets.amazonaws.com"
                    ],
                    "type": "Service"
                  }
                ],
                "resources": [
                  "arn:aws:sns:us-east-1:904233103130:prod-alerts-global"
                ],
                "sid": "AllowBudgetsPublish"
              },
              {
                "actions": [
                  "SNS:Publish"
                ],
                "condition": [],
                "effect": "Allow",
                "not_actions": [],
                "not_principals": [],
                "not_resources": [],
                "principals": [
                  {
                    "identifiers": [
                      "ce.amazonaws.com"
                    ],
                    "type": "Service"
                  }
                ],
                "resources": [
                  "arn:aws:sns:us-east-1:904233103130:prod-alerts-global"
                ],
                "sid": "AllowCEAnomalyPublish"
              }
            ],
            "version": "2012-10-17"
          },
          "sensitive_attributes": []
        }
      ]
    },
    {
      "mode": "data",
      "type": "aws_iam_role",
      "name": "app",
      "provider": "provider[\"registry.terraform.io/hashicorp/aws\"]",
      "instances": []
    },
    {
      "mode": "data",
      "type": "aws_kms_alias",
      "name": "rds_default_dr",
      "provider": "provider[\"registry.terraform.io/hashicorp/aws\"].secondary",
      "instances": [
        {
          "schema_version": 0,
          "attributes": {
            "arn": "arn:aws:kms:us-west-1:904233103130:alias/aws/rds",
            "id": "arn:aws:kms:us-west-1:904233103130:alias/aws/rds",
            "name": "alias/aws/rds",
            "target_key_arn": "arn:aws:kms:us-west-1:904233103130:key/fe04ac09-e9d3-4a8d-8a0d-f081e08632c6",
            "target_key_id": "fe04ac09-e9d3-4a8d-8a0d-f081e08632c6"
          },
          "sensitive_attributes": []
        }
      ]
    },
    {
      "mode": "data",
      "type": "aws_route53_zone",
      "name": "public",
      "provider": "provider[\"registry.terraform.io/hashicorp/aws\"]",
      "instances": [
        {
          "schema_version": 0,
          "attributes": {
            "arn": "arn:aws:route53:::hostedzone/Z01156203MH5V3NVDCNYO",
            "caller_reference": "RISWorkflow-RD:9bdd309b-c595-4218-b510-e12ed05d453a",
            "comment": "HostedZone created by Route53 Registrar",
            "id": "Z01156203MH5V3NVDCNYO",
            "linked_service_description": null,
            "linked_service_principal": null,
            "name": "pietroruoppolo.club",
            "name_servers": [
              "ns-1673.awsdns-17.co.uk",
              "ns-711.awsdns-24.net",
              "ns-128.awsdns-16.com",
              "ns-1389.awsdns-45.org"
            ],
            "primary_name_server": "ns-1673.awsdns-17.co.uk",
            "private_zone": false,
            "resource_record_set_count": 2,
            "tags": {},
            "vpc_id": null,
            "zone_id": "Z01156203MH5V3NVDCNYO"
          },
          "sensitive_attributes": []
        }
      ]
    },
    {
      "mode": "data",
      "type": "aws_route53_zone",
      "name": "this",
      "provider": "provider[\"registry.terraform.io/hashicorp/aws\"]",
      "instances": [
        {
          "schema_version": 0,
          "attributes": {
            "arn": "arn:aws:route53:::hostedzone/Z01156203MH5V3NVDCNYO",
            "caller_reference": "RISWorkflow-RD:9bdd309b-c595-4218-b510-e12ed05d453a",
            "comment": "HostedZone created by Route53 Registrar",
            "id": "Z01156203MH5V3NVDCNYO",
            "linked_service_description": null,
            "linked_service_principal": null,
            "name": "pietroruoppolo.club",
            "name_servers": [
              "ns-1673.awsdns-17.co.uk",
              "ns-711.awsdns-24.net",
              "ns-128.awsdns-16.com",
              "ns-1389.awsdns-45.org"
            ],
            "primary_name_server": "ns-1673.awsdns-17.co.uk",
            "private_zone": false,
            "resource_record_set_count": 2,
            "tags": {},
            "vpc_id": null,
            "zone_id": "Z01156203MH5V3NVDCNYO"
          },
          "sensitive_attributes": []
        }
      ]
    },
    {
      "mode": "data",
      "type": "aws_subnets",
      "name": "private",
      "provider": "provider[\"registry.terraform.io/hashicorp/aws\"]",
      "instances": [
        {
          "schema_version": 0,
          "attributes": {
            "filter": [
              {
                "name": "tag:Tier",
                "values": [
                  "private"
                ]
              },
              {
                "name": "vpc-id",
                "values": [
                  "vpc-0fce9d5a568cd2f4e"
                ]
              }
            ],
            "id": "eu-west-1",
            "ids": [],
            "tags": null,
            "timeouts": null
          },
          "sensitive_attributes": []
        }
      ]
    },
    {
      "mode": "managed",
      "type": "aws_acm_certificate",
      "name": "alb_origin_cert",
      "provider": "provider[\"registry.terraform.io/hashicorp/aws\"].primary",
      "instances": [
        {
          "schema_version": 0,
          "attributes": {
            "arn": "arn:aws:acm:us-east-1:904233103130:certificate/3ec251db-c2f5-4d8f-81ad-bceb4e70051e",
            "certificate_authority_arn": "",
            "certificate_body": null,
            "certificate_chain": null,
            "domain_name": "origin.threetier.exampledomain.club",
            "domain_validation_options": [
              {
                "domain_name": "origin.threetier.exampledomain.club",
                "resource_record_name": "_1065ac5bfc0cee5445d76d2328af46c1.origin.threetier.exampledomain.club.",
                "resource_record_type": "CNAME",
                "resource_record_value": "_a73270004af7eea770fb40b9f3877faa.xlfgrmvvlj.acm-validations.aws."
              }
            ],
            "early_renewal_duration": "",
            "id": "arn:aws:acm:us-east-1:904233103130:certificate/3ec251db-c2f5-4d8f-81ad-bceb4e70051e",
            "key_algorithm": "RSA_2048",
            "not_after": "",
            "not_before": "",
            "options": [
              {
                "certificate_transparency_logging_preference": "ENABLED"
              }
            ],
            "pending_renewal": false,
            "private_key": null,
            "renewal_eligibility": "INELIGIBLE",
            "renewal_summary": [],
            "status": "PENDING_VALIDATION",
            "subject_alternative_names": [
              "origin.threetier.ExampleDomain.club"
            ],
            "tags": null,
            "tags_all": {},
            "type": "AMAZON_ISSUED",
            "validation_emails": [],
            "validation_method": "DNS",
            "validation_option": []
          },
          "sensitive_attributes": [
            [
              {
                "type": "get_attr",
                "value": "private_key"
              }
            ]
          ],
          "private": "bnVsbA==",
          "create_before_destroy": true
        }
      ]
    },
    {
      "mode": "managed",
      "type": "aws_acm_certificate",
      "name": "cf_cert",
      "provider": "provider[\"registry.terraform.io/hashicorp/aws\"].useast1",
      "instances": [
        {
          "schema_version": 0,
          "attributes": {
            "arn": "arn:aws:acm:us-east-1:904233103130:certificate/c584406f-1488-4734-9de3-9da27294f05d",
            "certificate_authority_arn": "",
            "certificate_body": null,
            "certificate_chain": null,
            "domain_name": "exampledomain.club",
            "domain_validation_options": [
              {
                "domain_name": "*.exampledomain.club",
                "resource_record_name": "_d6f3c56ee6e02905b8c14bb2d023279c.exampledomain.club.",
                "resource_record_type": "CNAME",
                "resource_record_value": "_d671180164abb5a3769430dd356b2aa8.xlfgrmvvlj.acm-validations.aws."
              },
              {
                "domain_name": "exampledomain.club",
                "resource_record_name": "_d6f3c56ee6e02905b8c14bb2d023279c.exampledomain.club.",
                "resource_record_type": "CNAME",
                "resource_record_value": "_d671180164abb5a3769430dd356b2aa8.xlfgrmvvlj.acm-validations.aws."
              }
            ],
            "early_renewal_duration": "",
            "id": "arn:aws:acm:us-east-1:904233103130:certificate/c584406f-1488-4734-9de3-9da27294f05d",
            "key_algorithm": "RSA_2048",
            "not_after": "",
            "not_before": "",
            "options": [
              {
                "certificate_transparency_logging_preference": "ENABLED"
              }
            ],
            "pending_renewal": false,
            "private_key": null,
            "renewal_eligibility": "INELIGIBLE",
            "renewal_summary": [],
            "status": "PENDING_VALIDATION",
            "subject_alternative_names": [
              "*.ExampleDomain.club",
              "ExampleDomain.club"
            ],
            "tags": null,
            "tags_all": {},
            "type": "AMAZON_ISSUED",
            "validation_emails": [],
            "validation_method": "DNS",
            "validation_option": []
          },
          "sensitive_attributes": [
            [
              {
                "type": "get_attr",
                "value": "private_key"
              }
            ]
          ],
          "private": "bnVsbA==",
          "create_before_destroy": true
        }
      ]
    },
    {
      "mode": "managed",
      "type": "aws_ami_from_instance",
      "name": "backend_ami_east",
      "provider": "provider[\"registry.terraform.io/hashicorp/aws\"].primary",
      "instances": [
        {
          "schema_version": 0,
          "attributes": {
            "architecture": "x86_64",
            "arn": "arn:aws:ec2:us-east-1::image/ami-0aca3e3910a91f94b",
            "boot_mode": "uefi-preferred",
            "deprecation_time": "",
            "description": "",
            "ebs_block_device": [
              {
                "delete_on_termination": true,
                "device_name": "/dev/sda1",
                "encrypted": false,
                "iops": 0,
                "outpost_arn": "",
                "snapshot_id": "snap-0e25d975c4dd87f8a",
                "throughput": 0,
                "volume_size": 8,
                "volume_type": "gp2"
              }
            ],
            "ena_support": true,
            "ephemeral_block_device": [
              {
                "device_name": "/dev/sdb",
                "virtual_name": "ephemeral0"
              },
              {
                "device_name": "/dev/sdc",
                "virtual_name": "ephemeral1"
              }
            ],
            "hypervisor": "xen",
            "id": "ami-0aca3e3910a91f94b",
            "image_location": "904233103130/img-backend-east-2025-09-06-20-55-39",
            "image_owner_alias": "",
            "image_type": "machine",
            "imds_support": "",
            "kernel_id": "",
            "last_launched_time": "",
            "manage_ebs_snapshots": true,
            "name": "img-backend-east-2025-09-06-20-55-39",
            "owner_id": "904233103130",
            "platform": "",
            "platform_details": "Linux/UNIX",
            "public": false,
            "ramdisk_id": "",
            "root_device_name": "/dev/sda1",
            "root_snapshot_id": "snap-0e25d975c4dd87f8a",
            "snapshot_without_reboot": true,
            "source_instance_id": "i-0400be2e43d5812b6",
            "sriov_net_support": "simple",
            "tags": null,
            "tags_all": {},
            "timeouts": null,
            "tpm_support": "",
            "uefi_data": null,
            "usage_operation": "RunInstances",
            "virtualization_type": "hvm"
          },
          "sensitive_attributes": [],
          "private": "eyJlMmJmYjczMC1lY2FhLTExZTYtOGY4OC0zNDM2M2JjN2M0YzAiOnsiY3JlYXRlIjoyNDAwMDAwMDAwMDAwLCJkZWxldGUiOjU0MDAwMDAwMDAwMDAsInVwZGF0ZSI6MjQwMDAwMDAwMDAwMH19",
          "dependencies": [
            "aws_instance.backend_east",
            "aws_key_pair.deployer_east",
            "aws_security_group.web_sg_east",
            "aws_subnet.prod",
            "aws_vpc.prod",
            "data.aws_ami.ubuntu_east",
            "tls_private_key.auto"
          ],
          "create_before_destroy": true
        }
      ]
    },
    {
      "mode": "managed",
      "type": "aws_ami_from_instance",
      "name": "backend_ami_west",
      "provider": "provider[\"registry.terraform.io/hashicorp/aws\"].secondary",
      "instances": [
        {
          "schema_version": 0,
          "attributes": {
            "architecture": "x86_64",
            "arn": "arn:aws:ec2:us-west-1::image/ami-0350674aecf017e2a",
            "boot_mode": "uefi-preferred",
            "deprecation_time": "",
            "description": "",
            "ebs_block_device": [
              {
                "delete_on_termination": true,
                "device_name": "/dev/sda1",
                "encrypted": false,
                "iops": 0,
                "outpost_arn": "",
                "snapshot_id": "snap-0b7ca41e3748caf12",
                "throughput": 0,
                "volume_size": 8,
                "volume_type": "gp2"
              }
            ],
            "ena_support": true,
            "ephemeral_block_device": [
              {
                "device_name": "/dev/sdb",
                "virtual_name": "ephemeral0"
              },
              {
                "device_name": "/dev/sdc",
                "virtual_name": "ephemeral1"
              }
            ],
            "hypervisor": "xen",
            "id": "ami-0350674aecf017e2a",
            "image_location": "904233103130/img-backend-west-2025-09-06-20-55-39",
            "image_owner_alias": "",
            "image_type": "machine",
            "imds_support": "",
            "kernel_id": "",
            "last_launched_time": "",
            "manage_ebs_snapshots": true,
            "name": "img-backend-west-2025-09-06-20-55-39",
            "owner_id": "904233103130",
            "platform": "",
            "platform_details": "Linux/UNIX",
            "public": false,
            "ramdisk_id": "",
            "root_device_name": "/dev/sda1",
            "root_snapshot_id": "snap-0b7ca41e3748caf12",
            "snapshot_without_reboot": true,
            "source_instance_id": "i-0dd6d32906ad36cd9",
            "sriov_net_support": "simple",
            "tags": null,
            "tags_all": {},
            "timeouts": null,
            "tpm_support": "",
            "uefi_data": null,
            "usage_operation": "RunInstances",
            "virtualization_type": "hvm"
          },
          "sensitive_attributes": [],
          "private": "eyJlMmJmYjczMC1lY2FhLTExZTYtOGY4OC0zNDM2M2JjN2M0YzAiOnsiY3JlYXRlIjoyNDAwMDAwMDAwMDAwLCJkZWxldGUiOjU0MDAwMDAwMDAwMDAsInVwZGF0ZSI6MjQwMDAwMDAwMDAwMH19",
          "dependencies": [
            "aws_instance.backend_west",
            "aws_key_pair.deployer_west",
            "aws_security_group.web_sg_west",
            "aws_subnet.dr",
            "aws_vpc.dr",
            "data.aws_ami.ubuntu_west",
            "tls_private_key.auto"
          ],
          "create_before_destroy": true
        }
      ]
    },
    {
      "mode": "managed",
      "type": "aws_ami_from_instance",
      "name": "frontend_ami_east",
      "provider": "provider[\"registry.terraform.io/hashicorp/aws\"].primary",
      "instances": [
        {
          "schema_version": 0,
          "attributes": {
            "architecture": "x86_64",
            "arn": "arn:aws:ec2:us-east-1::image/ami-023af9c918d363d76",
            "boot_mode": "uefi-preferred",
            "deprecation_time": "",
            "description": "",
            "ebs_block_device": [
              {
                "delete_on_termination": true,
                "device_name": "/dev/sda1",
                "encrypted": false,
                "iops": 0,
                "outpost_arn": "",
                "snapshot_id": "snap-053b94efca576fa1f",
                "throughput": 0,
                "volume_size": 8,
                "volume_type": "gp2"
              }
            ],
            "ena_support": true,
            "ephemeral_block_device": [
              {
                "device_name": "/dev/sdb",
                "virtual_name": "ephemeral0"
              },
              {
                "device_name": "/dev/sdc",
                "virtual_name": "ephemeral1"
              }
            ],
            "hypervisor": "xen",
            "id": "ami-023af9c918d363d76",
            "image_location": "904233103130/img-frontend-east-2025-09-06-20-55-39",
            "image_owner_alias": "",
            "image_type": "machine",
            "imds_support": "",
            "kernel_id": "",
            "last_launched_time": "",
            "manage_ebs_snapshots": true,
            "name": "img-frontend-east-2025-09-06-20-55-39",
            "owner_id": "904233103130",
            "platform": "",
            "platform_details": "Linux/UNIX",
            "public": false,
            "ramdisk_id": "",
            "root_device_name": "/dev/sda1",
            "root_snapshot_id": "snap-053b94efca576fa1f",
            "snapshot_without_reboot": true,
            "source_instance_id": "i-02743cad4cf20653c",
            "sriov_net_support": "simple",
            "tags": null,
            "tags_all": {},
            "timeouts": null,
            "tpm_support": "",
            "uefi_data": null,
            "usage_operation": "RunInstances",
            "virtualization_type": "hvm"
          },
          "sensitive_attributes": [],
          "private": "eyJlMmJmYjczMC1lY2FhLTExZTYtOGY4OC0zNDM2M2JjN2M0YzAiOnsiY3JlYXRlIjoyNDAwMDAwMDAwMDAwLCJkZWxldGUiOjU0MDAwMDAwMDAwMDAsInVwZGF0ZSI6MjQwMDAwMDAwMDAwMH19",
          "dependencies": [
            "aws_instance.frontend_east",
            "aws_key_pair.deployer_east",
            "aws_security_group.web_sg_east",
            "aws_subnet.prod",
            "aws_vpc.prod",
            "data.aws_ami.ubuntu_east",
            "tls_private_key.auto"
          ]
        }
      ]
    },
    {
      "mode": "managed",
      "type": "aws_ami_from_instance",
      "name": "frontend_ami_west",
      "provider": "provider[\"registry.terraform.io/hashicorp/aws\"].secondary",
      "instances": [
        {
          "schema_version": 0,
          "attributes": {
            "architecture": "x86_64",
            "arn": "arn:aws:ec2:us-west-1::image/ami-046725e08ac7ca4aa",
            "boot_mode": "uefi-preferred",
            "deprecation_time": "",
            "description": "",
            "ebs_block_device": [
              {
                "delete_on_termination": true,
                "device_name": "/dev/sda1",
                "encrypted": false,
                "iops": 0,
                "outpost_arn": "",
                "snapshot_id": "snap-01cbf9ba14333f905",
                "throughput": 0,
                "volume_size": 8,
                "volume_type": "gp2"
              }
            ],
            "ena_support": true,
            "ephemeral_block_device": [
              {
                "device_name": "/dev/sdb",
                "virtual_name": "ephemeral0"
              },
              {
                "device_name": "/dev/sdc",
                "virtual_name": "ephemeral1"
              }
            ],
            "hypervisor": "xen",
            "id": "ami-046725e08ac7ca4aa",
            "image_location": "904233103130/img-frontend-west-2025-09-06-20-55-39",
            "image_owner_alias": "",
            "image_type": "machine",
            "imds_support": "",
            "kernel_id": "",
            "last_launched_time": "",
            "manage_ebs_snapshots": true,
            "name": "img-frontend-west-2025-09-06-20-55-39",
            "owner_id": "904233103130",
            "platform": "",
            "platform_details": "Linux/UNIX",
            "public": false,
            "ramdisk_id": "",
            "root_device_name": "/dev/sda1",
            "root_snapshot_id": "snap-01cbf9ba14333f905",
            "snapshot_without_reboot": true,
            "source_instance_id": "i-01b44e718b5e72469",
            "sriov_net_support": "simple",
            "tags": null,
            "tags_all": {},
            "timeouts": null,
            "tpm_support": "",
            "uefi_data": null,
            "usage_operation": "RunInstances",
            "virtualization_type": "hvm"
          },
          "sensitive_attributes": [],
          "private": "eyJlMmJmYjczMC1lY2FhLTExZTYtOGY4OC0zNDM2M2JjN2M0YzAiOnsiY3JlYXRlIjoyNDAwMDAwMDAwMDAwLCJkZWxldGUiOjU0MDAwMDAwMDAwMDAsInVwZGF0ZSI6MjQwMDAwMDAwMDAwMH19",
          "dependencies": [
            "aws_instance.frontend_west",
            "aws_key_pair.deployer_west",
            "aws_security_group.web_sg_west",
            "aws_subnet.dr",
            "aws_vpc.dr",
            "data.aws_ami.ubuntu_west",
            "tls_private_key.auto"
          ],
          "create_before_destroy": true
        }
      ]
    },
    {
      "mode": "managed",
      "type": "aws_autoscaling_group",
      "name": "backend_asg_west",
      "provider": "provider[\"registry.terraform.io/hashicorp/aws\"].secondary",
      "instances": [
        {
          "schema_version": 1,
          "attributes": {
            "arn": "arn:aws:autoscaling:us-west-1:904233103130:autoScalingGroup:2d03bd5c-3bd6-4c17-bebe-76cea05594be:autoScalingGroupName/asg-backend-west",
            "availability_zone_distribution": [
              {
                "capacity_distribution_strategy": "balanced-best-effort"
              }
            ],
            "availability_zones": [
              "us-west-1b",
              "us-west-1c"
            ],
            "capacity_rebalance": false,
            "capacity_reservation_specification": [
              {
                "capacity_reservation_preference": "default",
                "capacity_reservation_target": []
              }
            ],
            "context": "",
            "default_cooldown": 300,
            "default_instance_warmup": 0,
            "desired_capacity": 1,
            "desired_capacity_type": "",
            "enabled_metrics": null,
            "force_delete": false,
            "force_delete_warm_pool": false,
            "health_check_grace_period": 300,
            "health_check_type": "ELB",
            "id": "asg-backend-west",
            "ignore_failed_scaling_activities": false,
            "initial_lifecycle_hook": [],
            "instance_maintenance_policy": [],
            "instance_refresh": [],
            "launch_configuration": "",
            "launch_template": [
              {
                "id": "lt-0c23341ed1ed66f72",
                "name": "lt-backend-west-20250906205837377300000009",
                "version": "$Latest"
              }
            ],
            "load_balancers": [],
            "max_instance_lifetime": 0,
            "max_size": 1,
            "metrics_granularity": "1Minute",
            "min_elb_capacity": null,
            "min_size": 1,
            "mixed_instances_policy": [],
            "name": "asg-backend-west",
            "name_prefix": "",
            "placement_group": "",
            "predicted_capacity": 0,
            "protect_from_scale_in": false,
            "service_linked_role_arn": "arn:aws:iam::904233103130:role/aws-service-role/autoscaling.amazonaws.com/AWSServiceRoleForAutoScaling",
            "suspended_processes": null,
            "tag": [
              {
                "key": "Name",
                "propagate_at_launch": true,
                "value": "backend-dr"
              }
            ],
            "target_group_arns": [
              "arn:aws:elasticloadbalancing:us-west-1:904233103130:targetgroup/tg-backend-dr/9b1374b71570daff"
            ],
            "termination_policies": null,
            "timeouts": null,
            "traffic_source": [
              {
                "identifier": "arn:aws:elasticloadbalancing:us-west-1:904233103130:targetgroup/tg-backend-dr/9b1374b71570daff",
                "type": "elbv2"
              }
            ],
            "vpc_zone_identifier": [
              "subnet-03366bf47289554c1",
              "subnet-0651b3a5d59f08519"
            ],
            "wait_for_capacity_timeout": "10m",
            "wait_for_elb_capacity": null,
            "warm_pool": [],
            "warm_pool_size": 0
          },
          "sensitive_attributes": [],
          "private": "eyJlMmJmYjczMC1lY2FhLTExZTYtOGY4OC0zNDM2M2JjN2M0YzAiOnsiZGVsZXRlIjo2MDAwMDAwMDAwMDAsInVwZGF0ZSI6NjAwMDAwMDAwMDAwfSwic2NoZW1hX3ZlcnNpb24iOiIxIn0=",
          "dependencies": [
            "aws_ami_from_instance.backend_ami_west",
            "aws_instance.backend_west",
            "aws_key_pair.deployer_west",
            "aws_launch_template.backend_lt_west",
            "aws_lb_target_group.tg_backend_dr",
            "aws_security_group.backend_ec2_dr",
            "aws_security_group.web_sg_west",
            "aws_subnet.dr",
            "aws_vpc.dr",
            "data.aws_ami.ubuntu_west",
            "tls_private_key.auto"
          ],
          "create_before_destroy": true
        }
      ]
    },
    {
      "mode": "managed",
      "type": "aws_autoscaling_group",
      "name": "frontend_asg_west",
      "provider": "provider[\"registry.terraform.io/hashicorp/aws\"].secondary",
      "instances": [
        {
          "schema_version": 1,
          "attributes": {
            "arn": "arn:aws:autoscaling:us-west-1:904233103130:autoScalingGroup:dcc2944e-a7e9-476d-b816-d14e015a8bb9:autoScalingGroupName/asg-frontend-west",
            "availability_zone_distribution": [
              {
                "capacity_distribution_strategy": "balanced-best-effort"
              }
            ],
            "availability_zones": [
              "us-west-1b",
              "us-west-1c"
            ],
            "capacity_rebalance": false,
            "capacity_reservation_specification": [
              {
                "capacity_reservation_preference": "default",
                "capacity_reservation_target": []
              }
            ],
            "context": "",
            "default_cooldown": 300,
            "default_instance_warmup": 0,
            "desired_capacity": 1,
            "desired_capacity_type": "",
            "enabled_metrics": null,
            "force_delete": false,
            "force_delete_warm_pool": false,
            "health_check_grace_period": 300,
            "health_check_type": "ELB",
            "id": "asg-frontend-west",
            "ignore_failed_scaling_activities": false,
            "initial_lifecycle_hook": [],
            "instance_maintenance_policy": [],
            "instance_refresh": [],
            "launch_configuration": "",
            "launch_template": [
              {
                "id": "lt-0c3a589ebd1cf7bfa",
                "name": "lt-frontend-west-20250906205833219700000007",
                "version": "$Latest"
              }
            ],
            "load_balancers": [],
            "max_instance_lifetime": 0,
            "max_size": 1,
            "metrics_granularity": "1Minute",
            "min_elb_capacity": null,
            "min_size": 1,
            "mixed_instances_policy": [],
            "name": "asg-frontend-west",
            "name_prefix": "",
            "placement_group": "",
            "predicted_capacity": 0,
            "protect_from_scale_in": false,
            "service_linked_role_arn": "arn:aws:iam::904233103130:role/aws-service-role/autoscaling.amazonaws.com/AWSServiceRoleForAutoScaling",
            "suspended_processes": null,
            "tag": [
              {
                "key": "Name",
                "propagate_at_launch": true,
                "value": "frontend-dr"
              }
            ],
            "target_group_arns": [
              "arn:aws:elasticloadbalancing:us-west-1:904233103130:targetgroup/tg-frontend-dr/d926bf32de58e749"
            ],
            "termination_policies": null,
            "timeouts": null,
            "traffic_source": [
              {
                "identifier": "arn:aws:elasticloadbalancing:us-west-1:904233103130:targetgroup/tg-frontend-dr/d926bf32de58e749",
                "type": "elbv2"
              }
            ],
            "vpc_zone_identifier": [
              "subnet-003081b997ffb65c8",
              "subnet-0af255412edec237a"
            ],
            "wait_for_capacity_timeout": "10m",
            "wait_for_elb_capacity": null,
            "warm_pool": [],
            "warm_pool_size": 0
          },
          "sensitive_attributes": [],
          "private": "eyJlMmJmYjczMC1lY2FhLTExZTYtOGY4OC0zNDM2M2JjN2M0YzAiOnsiZGVsZXRlIjo2MDAwMDAwMDAwMDAsInVwZGF0ZSI6NjAwMDAwMDAwMDAwfSwic2NoZW1hX3ZlcnNpb24iOiIxIn0=",
          "dependencies": [
            "aws_ami_from_instance.frontend_ami_west",
            "aws_instance.frontend_west",
            "aws_key_pair.deployer_west",
            "aws_launch_template.frontend_lt_west",
            "aws_lb_target_group.tg_frontend_dr",
            "aws_security_group.frontend_ec2_dr",
            "aws_security_group.web_sg_west",
            "aws_subnet.dr",
            "aws_vpc.dr",
            "data.aws_ami.ubuntu_west",
            "tls_private_key.auto"
          ],
          "create_before_destroy": true
        }
      ]
    },
    {
      "mode": "managed",
      "type": "aws_backup_plan",
      "name": "ec2_backup_plan",
      "provider": "provider[\"registry.terraform.io/hashicorp/aws\"].east",
      "instances": [
        {
          "schema_version": 1,
          "attributes": {
            "advanced_backup_setting": [],
            "arn": "arn:aws:backup:us-east-1:904233103130:backup-plan:ce177011-d670-49d8-bd16-64867a9fa110",
            "id": "ce177011-d670-49d8-bd16-64867a9fa110",
            "name": "daily-backup-plan",
            "rule": [
              {
                "completion_window": 180,
                "copy_action": [
                  {
                    "destination_vault_arn": "arn:aws:backup:us-west-2:904233103130:backup-vault:Default",
                    "lifecycle": [
                      {
                        "cold_storage_after": 0,
                        "delete_after": 30,
                        "opt_in_to_archive_for_supported_resources": false
                      }
                    ]
                  }
                ],
                "enable_continuous_backup": false,
                "lifecycle": [
                  {
                    "cold_storage_after": 0,
                    "delete_after": 30,
                    "opt_in_to_archive_for_supported_resources": false
                  }
                ],
                "recovery_point_tags": {},
                "rule_name": "daily-ec2-backup",
                "schedule": "cron(0 5 * * ? *)",
                "schedule_expression_timezone": "Etc/UTC",
                "start_window": 60,
                "target_vault_name": "vault-east"
              }
            ],
            "tags": null,
            "tags_all": {},
            "version": "YWY1NTA3N2MtYjUxZS00YjdhLThjMDQtYzBkNWM3YmI5NWEy"
          },
          "sensitive_attributes": [],
          "private": "eyJzY2hlbWFfdmVyc2lvbiI6IjEifQ==",
          "dependencies": [
            "aws_backup_vault.vault_east",
            "data.aws_caller_identity.current"
          ]
        }
      ]
    },
    {
      "mode": "managed",
      "type": "aws_backup_selection",
      "name": "ec2_selection",
      "provider": "provider[\"registry.terraform.io/hashicorp/aws\"].east",
      "instances": [
        {
          "schema_version": 0,
          "attributes": {
            "condition": [
              {
                "string_equals": [],
                "string_like": [],
                "string_not_equals": [],
                "string_not_like": []
              }
            ],
            "iam_role_arn": "arn:aws:iam::904233103130:role/aws-backup-role",
            "id": "12fb78fc-5ec3-44cf-bd30-032b4967756d",
            "name": "frontend-backend-east",
            "not_resources": [],
            "plan_id": "ce177011-d670-49d8-bd16-64867a9fa110",
            "resources": [
              "arn:aws:ec2:us-east-1:904233103130:instance/i-02743cad4cf20653c",
              "arn:aws:ec2:us-east-1:904233103130:instance/i-0400be2e43d5812b6"
            ],
            "selection_tag": []
          },
          "sensitive_attributes": [],
          "private": "bnVsbA==",
          "dependencies": [
            "aws_backup_plan.ec2_backup_plan",
            "aws_backup_vault.vault_east",
            "aws_iam_role.aws_backup_role",
            "aws_instance.backend_east",
            "aws_instance.frontend_east",
            "aws_key_pair.deployer_east",
            "aws_security_group.web_sg_east",
            "aws_subnet.prod",
            "aws_vpc.prod",
            "data.aws_ami.ubuntu_east",
            "data.aws_caller_identity.current",
            "tls_private_key.auto"
          ]
        }
      ]
    },
    {
      "mode": "managed",
      "type": "aws_backup_vault",
      "name": "vault_east",
      "provider": "provider[\"registry.terraform.io/hashicorp/aws\"].east",
      "instances": [
        {
          "schema_version": 0,
          "attributes": {
            "arn": "arn:aws:backup:us-east-1:904233103130:backup-vault:vault-east",
            "force_destroy": false,
            "id": "vault-east",
            "kms_key_arn": "arn:aws:kms:us-east-1:904233103130:key/b4f04006-e36a-4c60-b408-7f3b548979af",
            "name": "vault-east",
            "recovery_points": 0,
            "tags": null,
            "tags_all": {},
            "timeouts": null
          },
          "sensitive_attributes": [],
          "private": "eyJlMmJmYjczMC1lY2FhLTExZTYtOGY4OC0zNDM2M2JjN2M0YzAiOnsiZGVsZXRlIjo2MDAwMDAwMDAwMDB9fQ=="
        }
      ]
    },
    {
      "mode": "managed",
      "type": "aws_budgets_budget",
      "name": "monthly_cost",
      "provider": "provider[\"registry.terraform.io/hashicorp/aws\"].useast1",
      "instances": [
        {
          "schema_version": 0,
          "attributes": {
            "account_id": "904233103130",
            "arn": "arn:aws:budgets::904233103130:budget/MonthlyBudget",
            "auto_adjust_data": [],
            "budget_type": "COST",
            "cost_filter": [],
            "cost_types": [
              {
                "include_credit": true,
                "include_discount": true,
                "include_other_subscription": true,
                "include_recurring": true,
                "include_refund": true,
                "include_subscription": true,
                "include_support": true,
                "include_tax": true,
                "include_upfront": true,
                "use_amortized": false,
                "use_blended": false
              }
            ],
            "id": "904233103130:MonthlyBudget",
            "limit_amount": "50.0",
            "limit_unit": "USD",
            "name": "MonthlyBudget",
            "name_prefix": "",
            "notification": [
              {
                "comparison_operator": "GREATER_THAN",
                "notification_type": "ACTUAL",
                "subscriber_email_addresses": [
                  "lavoratoreonline12@gmail.com"
                ],
                "subscriber_sns_topic_arns": [],
                "threshold": 100,
                "threshold_type": "PERCENTAGE"
              },
              {
                "comparison_operator": "GREATER_THAN",
                "notification_type": "FORECASTED",
                "subscriber_email_addresses": [
                  "lavoratoreonline12@gmail.com"
                ],
                "subscriber_sns_topic_arns": [],
                "threshold": 80,
                "threshold_type": "PERCENTAGE"
              }
            ],
            "planned_limit": [],
            "tags": null,
            "tags_all": {},
            "time_period_end": "2087-06-15_00:00",
            "time_period_start": "2025-09-01_00:00",
            "time_unit": "MONTHLY"
          },
          "sensitive_attributes": [],
          "private": "bnVsbA=="
        }
      ]
    },
    {
      "mode": "managed",
      "type": "aws_ce_anomaly_subscription",
      "name": "anomaly_alert",
      "provider": "provider[\"registry.terraform.io/hashicorp/aws\"].useast1",
      "instances": [
        {
          "schema_version": 0,
          "attributes": {
            "account_id": "904233103130",
            "arn": "arn:aws:ce::904233103130:anomalysubscription/77b5bde1-1309-4e0f-ab71-4762bcd17ed1",
            "frequency": "DAILY",
            "id": "arn:aws:ce::904233103130:anomalysubscription/77b5bde1-1309-4e0f-ab71-4762bcd17ed1",
            "monitor_arn_list": [
              "arn:aws:ce::904233103130:anomalymonitor/d973d7a7-020c-40a5-801e-5f91260ae6e5"
            ],
            "name": "CostAnomalyAlert",
            "subscriber": [
              {
                "address": "lavoratoreonline12@gmail.com",
                "type": "EMAIL"
              }
            ],
            "tags": null,
            "tags_all": {},
            "threshold_expression": [
              {
                "and": [],
                "cost_category": [],
                "dimension": [
                  {
                    "key": "ANOMALY_TOTAL_IMPACT_ABSOLUTE",
                    "match_options": [
                      "GREATER_THAN_OR_EQUAL"
                    ],
                    "values": [
                      "10"
                    ]
                  }
                ],
                "not": [],
                "or": [],
                "tags": []
              }
            ]
          },
          "sensitive_attributes": [],
          "private": "bnVsbA=="
        }
      ]
    },
    {
      "mode": "managed",
      "type": "aws_cloudwatch_event_rule",
      "name": "backup_failed",
      "provider": "provider[\"registry.terraform.io/hashicorp/aws\"].primary",
      "instances": [
        {
          "schema_version": 1,
          "attributes": {
            "arn": "arn:aws:events:us-east-1:904233103130:rule/aws-backup-failed",
            "description": "Alert su job di backup falliti",
            "event_bus_name": "default",
            "event_pattern": "{\"detail\":{\"state\":[\"FAILED\"]},\"detail-type\":[\"Backup Job State Change\"],\"source\":[\"aws.backup\"]}",
            "force_destroy": false,
            "id": "aws-backup-failed",
            "is_enabled": true,
            "name": "aws-backup-failed",
            "name_prefix": "",
            "role_arn": "",
            "schedule_expression": "",
            "state": "ENABLED",
            "tags": null,
            "tags_all": {}
          },
          "sensitive_attributes": [],
          "private": "eyJzY2hlbWFfdmVyc2lvbiI6IjEifQ=="
        }
      ]
    },
    {
      "mode": "managed",
      "type": "aws_cloudwatch_event_target",
      "name": "backup_to_sns",
      "provider": "provider[\"registry.terraform.io/hashicorp/aws\"].primary",
      "instances": [
        {
          "schema_version": 1,
          "attributes": {
            "appsync_target": [],
            "arn": "arn:aws:sns:us-east-1:904233103130:prod-alerts-primary",
            "batch_target": [],
            "dead_letter_config": [],
            "ecs_target": [],
            "event_bus_name": "default",
            "force_destroy": false,
            "http_target": [],
            "id": "aws-backup-failed-backup-sns",
            "input": "",
            "input_path": "",
            "input_transformer": [],
            "kinesis_target": [],
            "redshift_target": [],
            "retry_policy": [],
            "role_arn": "",
            "rule": "aws-backup-failed",
            "run_command_targets": [],
            "sagemaker_pipeline_target": [],
            "sqs_target": [],
            "target_id": "backup-sns"
          },
          "sensitive_attributes": [],
          "private": "eyJzY2hlbWFfdmVyc2lvbiI6IjEifQ==",
          "dependencies": [
            "aws_cloudwatch_event_rule.backup_failed",
            "aws_sns_topic.alerts_primary"
          ]
        }
      ]
    },
    {
      "mode": "managed",
      "type": "aws_cloudwatch_metric_alarm",
      "name": "asg_backend_inservice_lt_desired",
      "provider": "provider[\"registry.terraform.io/hashicorp/aws\"].secondary",
      "instances": [
        {
          "schema_version": 1,
          "attributes": {
            "actions_enabled": true,
            "alarm_actions": [
              "arn:aws:sns:us-west-1:904233103130:prod-alerts-dr"
            ],
            "alarm_description": "",
            "alarm_name": "ASG-Backend-InServiceLTDesired",
            "arn": "arn:aws:cloudwatch:us-west-1:904233103130:alarm:ASG-Backend-InServiceLTDesired",
            "comparison_operator": "GreaterThanThreshold",
            "datapoints_to_alarm": 2,
            "dimensions": null,
            "evaluate_low_sample_count_percentiles": "",
            "evaluation_periods": 2,
            "extended_statistic": "",
            "id": "ASG-Backend-InServiceLTDesired",
            "insufficient_data_actions": null,
            "metric_name": "",
            "metric_query": [
              {
                "account_id": "",
                "expression": "",
                "id": "des",
                "label": "",
                "metric": [
                  {
                    "dimensions": {
                      "AutoScalingGroupName": "asg-backend-west"
                    },
                    "metric_name": "GroupDesiredCapacity",
                    "namespace": "AWS/AutoScaling",
                    "period": 60,
                    "stat": "Average",
                    "unit": ""
                  }
                ],
                "period": null,
                "return_data": false
              },
              {
                "account_id": "",
                "expression": "",
                "id": "inserv",
                "label": "",
                "metric": [
                  {
                    "dimensions": {
                      "AutoScalingGroupName": "asg-backend-west"
                    },
                    "metric_name": "GroupInServiceInstances",
                    "namespace": "AWS/AutoScaling",
                    "period": 60,
                    "stat": "Average",
                    "unit": ""
                  }
                ],
                "period": null,
                "return_data": false
              },
              {
                "account_id": "",
                "expression": "IF(inserv \u003c des, 1, 0)",
                "id": "breach",
                "label": "Backend InService \u003c Desired",
                "metric": [],
                "period": null,
                "return_data": true
              }
            ],
            "namespace": "",
            "ok_actions": [
              "arn:aws:sns:us-west-1:904233103130:prod-alerts-dr"
            ],
            "period": 0,
            "statistic": "",
            "tags": null,
            "tags_all": {},
            "threshold": 0,
            "threshold_metric_id": "",
            "treat_missing_data": "breaching",
            "unit": ""
          },
          "sensitive_attributes": [],
          "private": "eyJzY2hlbWFfdmVyc2lvbiI6IjEifQ==",
          "dependencies": [
            "aws_ami_from_instance.backend_ami_west",
            "aws_autoscaling_group.backend_asg_west",
            "aws_instance.backend_west",
            "aws_key_pair.deployer_west",
            "aws_launch_template.backend_lt_west",
            "aws_lb_target_group.tg_backend_dr",
            "aws_security_group.backend_ec2_dr",
            "aws_security_group.web_sg_west",
            "aws_sns_topic.alerts_dr",
            "aws_subnet.dr",
            "aws_vpc.dr",
            "data.aws_ami.ubuntu_west",
            "tls_private_key.auto"
          ]
        }
      ]
    },
    {
      "mode": "managed",
      "type": "aws_cloudwatch_metric_alarm",
      "name": "asg_frontend_inservice_lt_desired",
      "provider": "provider[\"registry.terraform.io/hashicorp/aws\"].secondary",
      "instances": [
        {
          "schema_version": 1,
          "attributes": {
            "actions_enabled": true,
            "alarm_actions": [
              "arn:aws:sns:us-west-1:904233103130:prod-alerts-dr"
            ],
            "alarm_description": "",
            "alarm_name": "ASG-Frontend-InServiceLTDesired",
            "arn": "arn:aws:cloudwatch:us-west-1:904233103130:alarm:ASG-Frontend-InServiceLTDesired",
            "comparison_operator": "GreaterThanThreshold",
            "datapoints_to_alarm": 2,
            "dimensions": null,
            "evaluate_low_sample_count_percentiles": "",
            "evaluation_periods": 2,
            "extended_statistic": "",
            "id": "ASG-Frontend-InServiceLTDesired",
            "insufficient_data_actions": null,
            "metric_name": "",
            "metric_query": [
              {
                "account_id": "",
                "expression": "",
                "id": "des",
                "label": "",
                "metric": [
                  {
                    "dimensions": {
                      "AutoScalingGroupName": "asg-frontend-west"
                    },
                    "metric_name": "GroupDesiredCapacity",
                    "namespace": "AWS/AutoScaling",
                    "period": 60,
                    "stat": "Average",
                    "unit": ""
                  }
                ],
                "period": null,
                "return_data": false
              },
              {
                "account_id": "",
                "expression": "",
                "id": "inserv",
                "label": "",
                "metric": [
                  {
                    "dimensions": {
                      "AutoScalingGroupName": "asg-frontend-west"
                    },
                    "metric_name": "GroupInServiceInstances",
                    "namespace": "AWS/AutoScaling",
                    "period": 60,
                    "stat": "Average",
                    "unit": ""
                  }
                ],
                "period": null,
                "return_data": false
              },
              {
                "account_id": "",
                "expression": "IF(inserv \u003c des, 1, 0)",
                "id": "breach",
                "label": "Frontend InService \u003c Desired",
                "metric": [],
                "period": null,
                "return_data": true
              }
            ],
            "namespace": "",
            "ok_actions": [
              "arn:aws:sns:us-west-1:904233103130:prod-alerts-dr"
            ],
            "period": 0,
            "statistic": "",
            "tags": null,
            "tags_all": {},
            "threshold": 0,
            "threshold_metric_id": "",
            "treat_missing_data": "breaching",
            "unit": ""
          },
          "sensitive_attributes": [],
          "private": "eyJzY2hlbWFfdmVyc2lvbiI6IjEifQ==",
          "dependencies": [
            "aws_ami_from_instance.frontend_ami_west",
            "aws_autoscaling_group.frontend_asg_west",
            "aws_instance.frontend_west",
            "aws_key_pair.deployer_west",
            "aws_launch_template.frontend_lt_west",
            "aws_lb_target_group.tg_frontend_dr",
            "aws_security_group.frontend_ec2_dr",
            "aws_security_group.web_sg_west",
            "aws_sns_topic.alerts_dr",
            "aws_subnet.dr",
            "aws_vpc.dr",
            "data.aws_ami.ubuntu_west",
            "tls_private_key.auto"
          ]
        }
      ]
    },
    {
      "mode": "managed",
      "type": "aws_cloudwatch_metric_alarm",
      "name": "backend_alb_5xx",
      "provider": "provider[\"registry.terraform.io/hashicorp/aws\"].primary",
      "instances": [
        {
          "schema_version": 1,
          "attributes": {
            "actions_enabled": true,
            "alarm_actions": [
              "arn:aws:sns:us-east-1:904233103130:prod-alerts-primary"
            ],
            "alarm_description": "",
            "alarm_name": "ALB-Backend-5xx-High",
            "arn": "arn:aws:cloudwatch:us-east-1:904233103130:alarm:ALB-Backend-5xx-High",
            "comparison_operator": "GreaterThanThreshold",
            "datapoints_to_alarm": 0,
            "dimensions": {
              "LoadBalancer": "app/ALB-backend/9b5dabfedefe5278"
            },
            "evaluate_low_sample_count_percentiles": "",
            "evaluation_periods": 3,
            "extended_statistic": "",
            "id": "ALB-Backend-5xx-High",
            "insufficient_data_actions": null,
            "metric_name": "HTTPCode_ELB_5XX_Count",
            "metric_query": [],
            "namespace": "AWS/ApplicationELB",
            "ok_actions": [
              "arn:aws:sns:us-east-1:904233103130:prod-alerts-primary"
            ],
            "period": 60,
            "statistic": "Sum",
            "tags": null,
            "tags_all": {},
            "threshold": 10,
            "threshold_metric_id": "",
            "treat_missing_data": "missing",
            "unit": ""
          },
          "sensitive_attributes": [],
          "private": "eyJzY2hlbWFfdmVyc2lvbiI6IjEifQ==",
          "dependencies": [
            "aws_lb.backend_alb",
            "aws_security_group.backend_alb",
            "aws_sns_topic.alerts_primary",
            "aws_subnet.prod",
            "aws_vpc.prod",
            "data.aws_subnets.private"
          ]
        }
      ]
    },
    {
      "mode": "managed",
      "type": "aws_cloudwatch_metric_alarm",
      "name": "backend_alb_unhealthy",
      "provider": "provider[\"registry.terraform.io/hashicorp/aws\"].primary",
      "instances": [
        {
          "schema_version": 1,
          "attributes": {
            "actions_enabled": true,
            "alarm_actions": [
              "arn:aws:sns:us-east-1:904233103130:prod-alerts-primary"
            ],
            "alarm_description": "",
            "alarm_name": "ALB-Backend-UnHealthyHostCount",
            "arn": "arn:aws:cloudwatch:us-east-1:904233103130:alarm:ALB-Backend-UnHealthyHostCount",
            "comparison_operator": "GreaterThanThreshold",
            "datapoints_to_alarm": 0,
            "dimensions": {
              "LoadBalancer": "app/ALB-backend/9b5dabfedefe5278",
              "TargetGroup": "targetgroup/ALB-backend-TG/c953814f43059373"
            },
            "evaluate_low_sample_count_percentiles": "",
            "evaluation_periods": 3,
            "extended_statistic": "",
            "id": "ALB-Backend-UnHealthyHostCount",
            "insufficient_data_actions": null,
            "metric_name": "UnHealthyHostCount",
            "metric_query": [],
            "namespace": "AWS/ApplicationELB",
            "ok_actions": [
              "arn:aws:sns:us-east-1:904233103130:prod-alerts-primary"
            ],
            "period": 60,
            "statistic": "Maximum",
            "tags": null,
            "tags_all": {},
            "threshold": 0,
            "threshold_metric_id": "",
            "treat_missing_data": "missing",
            "unit": ""
          },
          "sensitive_attributes": [],
          "private": "eyJzY2hlbWFfdmVyc2lvbiI6IjEifQ==",
          "dependencies": [
            "aws_lb.backend_alb",
            "aws_lb_target_group.backend_tg",
            "aws_security_group.backend_alb",
            "aws_sns_topic.alerts_primary",
            "aws_subnet.prod",
            "aws_vpc.prod",
            "data.aws_subnets.private"
          ]
        }
      ]
    },
    {
      "mode": "managed",
      "type": "aws_cloudwatch_metric_alarm",
      "name": "frontend_alb_5xx",
      "provider": "provider[\"registry.terraform.io/hashicorp/aws\"].primary",
      "instances": [
        {
          "schema_version": 1,
          "attributes": {
            "actions_enabled": true,
            "alarm_actions": [
              "arn:aws:sns:us-east-1:904233103130:prod-alerts-primary"
            ],
            "alarm_description": "",
            "alarm_name": "ALB-Frontend-5xx-High",
            "arn": "arn:aws:cloudwatch:us-east-1:904233103130:alarm:ALB-Frontend-5xx-High",
            "comparison_operator": "GreaterThanThreshold",
            "datapoints_to_alarm": 0,
            "dimensions": {
              "LoadBalancer": "app/ALB-frontend/1ac67be9255dda50"
            },
            "evaluate_low_sample_count_percentiles": "",
            "evaluation_periods": 3,
            "extended_statistic": "",
            "id": "ALB-Frontend-5xx-High",
            "insufficient_data_actions": null,
            "metric_name": "HTTPCode_ELB_5XX_Count",
            "metric_query": [],
            "namespace": "AWS/ApplicationELB",
            "ok_actions": [
              "arn:aws:sns:us-east-1:904233103130:prod-alerts-primary"
            ],
            "period": 60,
            "statistic": "Sum",
            "tags": null,
            "tags_all": {},
            "threshold": 10,
            "threshold_metric_id": "",
            "treat_missing_data": "missing",
            "unit": ""
          },
          "sensitive_attributes": [],
          "private": "eyJzY2hlbWFfdmVyc2lvbiI6IjEifQ==",
          "dependencies": [
            "aws_lb.frontend_alb",
            "aws_security_group.alb_frontend_sg",
            "aws_sns_topic.alerts_primary",
            "aws_subnet.prod",
            "aws_vpc.prod"
          ]
        }
      ]
    },
    {
      "mode": "managed",
      "type": "aws_cloudwatch_metric_alarm",
      "name": "frontend_alb_unhealthy",
      "provider": "provider[\"registry.terraform.io/hashicorp/aws\"].primary",
      "instances": [
        {
          "schema_version": 1,
          "attributes": {
            "actions_enabled": true,
            "alarm_actions": [
              "arn:aws:sns:us-east-1:904233103130:prod-alerts-primary"
            ],
            "alarm_description": "",
            "alarm_name": "ALB-Frontend-UnHealthyHostCount",
            "arn": "arn:aws:cloudwatch:us-east-1:904233103130:alarm:ALB-Frontend-UnHealthyHostCount",
            "comparison_operator": "GreaterThanThreshold",
            "datapoints_to_alarm": 0,
            "dimensions": {
              "LoadBalancer": "app/ALB-frontend/1ac67be9255dda50",
              "TargetGroup": "targetgroup/ALB-frontend-TG/5bc1b548680d5665"
            },
            "evaluate_low_sample_count_percentiles": "",
            "evaluation_periods": 3,
            "extended_statistic": "",
            "id": "ALB-Frontend-UnHealthyHostCount",
            "insufficient_data_actions": null,
            "metric_name": "UnHealthyHostCount",
            "metric_query": [],
            "namespace": "AWS/ApplicationELB",
            "ok_actions": [
              "arn:aws:sns:us-east-1:904233103130:prod-alerts-primary"
            ],
            "period": 60,
            "statistic": "Maximum",
            "tags": null,
            "tags_all": {},
            "threshold": 0,
            "threshold_metric_id": "",
            "treat_missing_data": "missing",
            "unit": ""
          },
          "sensitive_attributes": [],
          "private": "eyJzY2hlbWFfdmVyc2lvbiI6IjEifQ==",
          "dependencies": [
            "aws_lb.frontend_alb",
            "aws_lb_target_group.frontend_tg",
            "aws_security_group.alb_frontend_sg",
            "aws_sns_topic.alerts_primary",
            "aws_subnet.prod",
            "aws_vpc.prod"
          ]
        }
      ]
    },
    {
      "mode": "managed",
      "type": "aws_cloudwatch_metric_alarm",
      "name": "r53_hc",
      "provider": "provider[\"registry.terraform.io/hashicorp/aws\"].useast1",
      "instances": [
        {
          "schema_version": 1,
          "attributes": {
            "actions_enabled": true,
            "alarm_actions": [
              "arn:aws:sns:us-east-1:904233103130:prod-alerts-global"
            ],
            "alarm_description": "",
            "alarm_name": "Route53-HealthCheck-Failed",
            "arn": "arn:aws:cloudwatch:us-east-1:904233103130:alarm:Route53-HealthCheck-Failed",
            "comparison_operator": "LessThanThreshold",
            "datapoints_to_alarm": 0,
            "dimensions": {
              "HealthCheckId": "33d12758-ad1f-480c-a55f-c464844d2a6c"
            },
            "evaluate_low_sample_count_percentiles": "",
            "evaluation_periods": 1,
            "extended_statistic": "",
            "id": "Route53-HealthCheck-Failed",
            "insufficient_data_actions": null,
            "metric_name": "HealthCheckStatus",
            "metric_query": [],
            "namespace": "AWS/Route53",
            "ok_actions": [
              "arn:aws:sns:us-east-1:904233103130:prod-alerts-global"
            ],
            "period": 60,
            "statistic": "Minimum",
            "tags": null,
            "tags_all": {},
            "threshold": 1,
            "threshold_metric_id": "",
            "treat_missing_data": "breaching",
            "unit": ""
          },
          "sensitive_attributes": [],
          "private": "eyJzY2hlbWFfdmVyc2lvbiI6IjEifQ==",
          "dependencies": [
            "aws_lb.frontend_alb",
            "aws_route53_health_check.backend_hc",
            "aws_security_group.alb_frontend_sg",
            "aws_sns_topic.alerts_global",
            "aws_subnet.prod",
            "aws_vpc.prod"
          ]
        }
      ]
    },
    {
      "mode": "managed",
      "type": "aws_cloudwatch_metric_alarm",
      "name": "rds_cpu_dr",
      "provider": "provider[\"registry.terraform.io/hashicorp/aws\"].secondary",
      "instances": [
        {
          "schema_version": 1,
          "attributes": {
            "actions_enabled": true,
            "alarm_actions": [
              "arn:aws:sns:us-west-1:904233103130:prod-alerts-dr"
            ],
            "alarm_description": "",
            "alarm_name": "RDS-DR-CPU-High",
            "arn": "arn:aws:cloudwatch:us-west-1:904233103130:alarm:RDS-DR-CPU-High",
            "comparison_operator": "GreaterThanThreshold",
            "datapoints_to_alarm": 0,
            "dimensions": {
              "DBInstanceIdentifier": "db-IIR7ME2VJSMTFDS67CQH3DOSDA"
            },
            "evaluate_low_sample_count_percentiles": "",
            "evaluation_periods": 5,
            "extended_statistic": "",
            "id": "RDS-DR-CPU-High",
            "insufficient_data_actions": null,
            "metric_name": "CPU-Utilization",
            "metric_query": [],
            "namespace": "AWS/RDS",
            "ok_actions": [
              "arn:aws:sns:us-west-1:904233103130:prod-alerts-dr"
            ],
            "period": 60,
            "statistic": "Average",
            "tags": null,
            "tags_all": {},
            "threshold": 80,
            "threshold_metric_id": "",
            "treat_missing_data": "missing",
            "unit": ""
          },
          "sensitive_attributes": [],
          "private": "eyJzY2hlbWFfdmVyc2lvbiI6IjEifQ==",
          "dependencies": [
            "aws_db_instance.primary_db",
            "aws_db_instance.read_replica",
            "aws_db_subnet_group.main",
            "aws_db_subnet_group.replica",
            "aws_kms_key.secrets",
            "aws_security_group.backend_alb",
            "aws_security_group.backend_ec2",
            "aws_security_group.bastion",
            "aws_security_group.rds",
            "aws_security_group.rds_dr",
            "aws_sns_topic.alerts_dr",
            "aws_subnet.dr",
            "aws_subnet.prod",
            "aws_vpc.dr",
            "aws_vpc.prod",
            "data.aws_kms_alias.rds_default_dr"
          ]
        }
      ]
    },
    {
      "mode": "managed",
      "type": "aws_cloudwatch_metric_alarm",
      "name": "rds_cpu_primary",
      "provider": "provider[\"registry.terraform.io/hashicorp/aws\"].primary",
      "instances": [
        {
          "schema_version": 1,
          "attributes": {
            "actions_enabled": true,
            "alarm_actions": [
              "arn:aws:sns:us-east-1:904233103130:prod-alerts-primary"
            ],
            "alarm_description": "",
            "alarm_name": "RDS-Primary-CPU-High",
            "arn": "arn:aws:cloudwatch:us-east-1:904233103130:alarm:RDS-Primary-CPU-High",
            "comparison_operator": "GreaterThanThreshold",
            "datapoints_to_alarm": 0,
            "dimensions": {
              "DBInstanceIdentifier": "db-AMLJ5KC2MCRPNV67TTTVLGWRZY"
            },
            "evaluate_low_sample_count_percentiles": "",
            "evaluation_periods": 5,
            "extended_statistic": "",
            "id": "RDS-Primary-CPU-High",
            "insufficient_data_actions": null,
            "metric_name": "CPUUtilization",
            "metric_query": [],
            "namespace": "AWS/RDS",
            "ok_actions": [
              "arn:aws:sns:us-east-1:904233103130:prod-alerts-primary"
            ],
            "period": 60,
            "statistic": "Average",
            "tags": null,
            "tags_all": {},
            "threshold": 80,
            "threshold_metric_id": "",
            "treat_missing_data": "missing",
            "unit": ""
          },
          "sensitive_attributes": [],
          "private": "eyJzY2hlbWFfdmVyc2lvbiI6IjEifQ==",
          "dependencies": [
            "aws_db_instance.primary_db",
            "aws_db_subnet_group.main",
            "aws_kms_key.secrets",
            "aws_security_group.backend_alb",
            "aws_security_group.backend_ec2",
            "aws_security_group.bastion",
            "aws_security_group.rds",
            "aws_sns_topic.alerts_primary",
            "aws_subnet.prod",
            "aws_vpc.prod"
          ]
        }
      ]
    },
    {
      "mode": "managed",
      "type": "aws_cloudwatch_metric_alarm",
      "name": "rds_replica_lag_dr",
      "provider": "provider[\"registry.terraform.io/hashicorp/aws\"].secondary",
      "instances": [
        {
          "schema_version": 1,
          "attributes": {
            "actions_enabled": true,
            "alarm_actions": [
              "arn:aws:sns:us-west-1:904233103130:prod-alerts-dr"
            ],
            "alarm_description": "",
            "alarm_name": "RDS-DR-ReplicaLag-High",
            "arn": "arn:aws:cloudwatch:us-west-1:904233103130:alarm:RDS-DR-ReplicaLag-High",
            "comparison_operator": "GreaterThanThreshold",
            "datapoints_to_alarm": 0,
            "dimensions": {
              "DBInstanceIdentifier": "db-IIR7ME2VJSMTFDS67CQH3DOSDA"
            },
            "evaluate_low_sample_count_percentiles": "",
            "evaluation_periods": 5,
            "extended_statistic": "",
            "id": "RDS-DR-ReplicaLag-High",
            "insufficient_data_actions": null,
            "metric_name": "ReplicaLag",
            "metric_query": [],
            "namespace": "AWS/RDS",
            "ok_actions": [
              "arn:aws:sns:us-west-1:904233103130:prod-alerts-dr"
            ],
            "period": 60,
            "statistic": "Average",
            "tags": null,
            "tags_all": {},
            "threshold": 60,
            "threshold_metric_id": "",
            "treat_missing_data": "missing",
            "unit": ""
          },
          "sensitive_attributes": [],
          "private": "eyJzY2hlbWFfdmVyc2lvbiI6IjEifQ==",
          "dependencies": [
            "aws_db_instance.primary_db",
            "aws_db_instance.read_replica",
            "aws_db_subnet_group.main",
            "aws_db_subnet_group.replica",
            "aws_kms_key.secrets",
            "aws_security_group.backend_alb",
            "aws_security_group.backend_ec2",
            "aws_security_group.bastion",
            "aws_security_group.rds",
            "aws_security_group.rds_dr",
            "aws_sns_topic.alerts_dr",
            "aws_subnet.dr",
            "aws_subnet.prod",
            "aws_vpc.dr",
            "aws_vpc.prod",
            "data.aws_kms_alias.rds_default_dr"
          ]
        }
      ]
    },
    {
      "mode": "managed",
      "type": "aws_cloudwatch_metric_alarm",
      "name": "rds_storage_low_primary",
      "provider": "provider[\"registry.terraform.io/hashicorp/aws\"].primary",
      "instances": [
        {
          "schema_version": 1,
          "attributes": {
            "actions_enabled": true,
            "alarm_actions": [
              "arn:aws:sns:us-east-1:904233103130:prod-alerts-primary"
            ],
            "alarm_description": "",
            "alarm_name": "RDS-Primary-FreeStorage-Low",
            "arn": "arn:aws:cloudwatch:us-east-1:904233103130:alarm:RDS-Primary-FreeStorage-Low",
            "comparison_operator": "LessThanThreshold",
            "datapoints_to_alarm": 0,
            "dimensions": {
              "DBInstanceIdentifier": "db-AMLJ5KC2MCRPNV67TTTVLGWRZY"
            },
            "evaluate_low_sample_count_percentiles": "",
            "evaluation_periods": 2,
            "extended_statistic": "",
            "id": "RDS-Primary-FreeStorage-Low",
            "insufficient_data_actions": null,
            "metric_name": "FreeStorageSpace",
            "metric_query": [],
            "namespace": "AWS/RDS",
            "ok_actions": [
              "arn:aws:sns:us-east-1:904233103130:prod-alerts-primary"
            ],
            "period": 300,
            "statistic": "Minimum",
            "tags": null,
            "tags_all": {},
            "threshold": 5000000000,
            "threshold_metric_id": "",
            "treat_missing_data": "missing",
            "unit": ""
          },
          "sensitive_attributes": [],
          "private": "eyJzY2hlbWFfdmVyc2lvbiI6IjEifQ==",
          "dependencies": [
            "aws_db_instance.primary_db",
            "aws_db_subnet_group.main",
            "aws_kms_key.secrets",
            "aws_security_group.backend_alb",
            "aws_security_group.backend_ec2",
            "aws_security_group.bastion",
            "aws_security_group.rds",
            "aws_sns_topic.alerts_primary",
            "aws_subnet.prod",
            "aws_vpc.prod"
          ]
        }
      ]
    },
    {
      "mode": "managed",
      "type": "aws_db_instance",
      "name": "primary_db",
      "provider": "provider[\"registry.terraform.io/hashicorp/aws\"].primary",
      "instances": [
        {
          "schema_version": 2,
          "attributes": {
            "address": "db-prod.czoo08w08x8c.us-east-1.rds.amazonaws.com",
            "allocated_storage": 22,
            "allow_major_version_upgrade": null,
            "apply_immediately": false,
            "arn": "arn:aws:rds:us-east-1:904233103130:db:db-prod",
            "auto_minor_version_upgrade": true,
            "availability_zone": "us-east-1a",
            "backup_retention_period": 7,
            "backup_target": "region",
            "backup_window": "03:00-04:00",
            "blue_green_update": [],
            "ca_cert_identifier": "rds-ca-rsa2048-g1",
            "character_set_name": "",
            "copy_tags_to_snapshot": false,
            "custom_iam_instance_profile": "",
            "customer_owned_ip_enabled": false,
            "database_insights_mode": "standard",
            "db_name": "test",
            "db_subnet_group_name": "main-db-subnet-group",
            "dedicated_log_volume": false,
            "delete_automated_backups": true,
            "deletion_protection": false,
            "domain": "",
            "domain_auth_secret_arn": "",
            "domain_dns_ips": null,
            "domain_fqdn": "",
            "domain_iam_role_name": "",
            "domain_ou": "",
            "enabled_cloudwatch_logs_exports": null,
            "endpoint": "db-prod.czoo08w08x8c.us-east-1.rds.amazonaws.com:3306",
            "engine": "mysql",
            "engine_lifecycle_support": "open-source-rds-extended-support",
            "engine_version": "8.0",
            "engine_version_actual": "8.0.42",
            "final_snapshot_identifier": "db-prod-final-20250906205624",
            "hosted_zone_id": "Z2R2ITUGPM61AM",
            "iam_database_authentication_enabled": false,
            "id": "db-AMLJ5KC2MCRPNV67TTTVLGWRZY",
            "identifier": "db-prod",
            "identifier_prefix": "",
            "instance_class": "db.t3.micro",
            "iops": 0,
            "kms_key_id": "arn:aws:kms:us-east-1:904233103130:key/ab8caa80-8c2e-400f-acbd-6d0ce77d09d7",
            "latest_restorable_time": "2025-09-06T21:07:44Z",
            "license_model": "general-public-license",
            "listener_endpoint": [],
            "maintenance_window": "thu:07:21-thu:07:51",
            "manage_master_user_password": true,
            "master_user_secret": [
              {
                "kms_key_id": "arn:aws:kms:us-east-1:904233103130:key/473f1a8b-5764-4602-bd5f-428423fa2144",
                "secret_arn": "arn:aws:secretsmanager:us-east-1:904233103130:secret:rds!db-5ae8b681-80cc-4b3a-934d-db71a3b7fcb7-tGcVJc",
                "secret_status": "active"
              }
            ],
            "master_user_secret_kms_key_id": "arn:aws:kms:us-east-1:904233103130:key/473f1a8b-5764-4602-bd5f-428423fa2144",
            "max_allocated_storage": 0,
            "monitoring_interval": 0,
            "monitoring_role_arn": "",
            "multi_az": true,
            "nchar_character_set_name": "",
            "network_type": "IPV4",
            "option_group_name": "default:mysql-8-0",
            "parameter_group_name": "default.mysql8.0",
            "password": null,
            "password_wo": null,
            "password_wo_version": null,
            "performance_insights_enabled": false,
            "performance_insights_kms_key_id": "",
            "performance_insights_retention_period": 0,
            "port": 3306,
            "publicly_accessible": false,
            "replica_mode": "",
            "replicas": [],
            "replicate_source_db": "",
            "resource_id": "db-AMLJ5KC2MCRPNV67TTTVLGWRZY",
            "restore_to_point_in_time": [],
            "s3_import": [],
            "skip_final_snapshot": false,
            "snapshot_identifier": null,
            "status": "available",
            "storage_encrypted": true,
            "storage_throughput": 0,
            "storage_type": "gp2",
            "tags": null,
            "tags_all": {},
            "timeouts": null,
            "timezone": "",
            "upgrade_storage_config": null,
            "username": "admin",
            "vpc_security_group_ids": [
              "sg-00adbfadb3e90ab18"
            ]
          },
          "sensitive_attributes": [
            [
              {
                "type": "get_attr",
                "value": "password_wo"
              }
            ],
            [
              {
                "type": "get_attr",
                "value": "password"
              }
            ]
          ],
          "private": "eyJlMmJmYjczMC1lY2FhLTExZTYtOGY4OC0zNDM2M2JjN2M0YzAiOnsiY3JlYXRlIjozMDAwMDAwMDAwMDAwLCJkZWxldGUiOjM2MDAwMDAwMDAwMDAsInVwZGF0ZSI6NDgwMDAwMDAwMDAwMH0sInNjaGVtYV92ZXJzaW9uIjoiMiJ9",
          "dependencies": [
            "aws_db_subnet_group.main",
            "aws_kms_key.secrets",
            "aws_security_group.backend_alb",
            "aws_security_group.backend_ec2",
            "aws_security_group.bastion",
            "aws_security_group.rds",
            "aws_subnet.prod",
            "aws_vpc.prod"
          ]
        }
      ]
    },
    {
      "mode": "managed",
      "type": "aws_db_instance",
      "name": "read_replica",
      "provider": "provider[\"registry.terraform.io/hashicorp/aws\"].secondary",
      "instances": [
        {
          "schema_version": 2,
          "attributes": {
            "address": "db-prod-recovery.cbq2okei2ek3.us-west-1.rds.amazonaws.com",
            "allocated_storage": 22,
            "allow_major_version_upgrade": null,
            "apply_immediately": false,
            "arn": "arn:aws:rds:us-west-1:904233103130:db:db-prod-recovery",
            "auto_minor_version_upgrade": true,
            "availability_zone": "us-west-1c",
            "backup_retention_period": 0,
            "backup_target": "region",
            "backup_window": "03:00-04:00",
            "blue_green_update": [],
            "ca_cert_identifier": "rds-ca-rsa2048-g1",
            "character_set_name": "",
            "copy_tags_to_snapshot": false,
            "custom_iam_instance_profile": "",
            "customer_owned_ip_enabled": false,
            "database_insights_mode": "standard",
            "db_name": "test",
            "db_subnet_group_name": "recovery-db-subnet-group",
            "dedicated_log_volume": false,
            "delete_automated_backups": true,
            "deletion_protection": false,
            "domain": "",
            "domain_auth_secret_arn": "",
            "domain_dns_ips": null,
            "domain_fqdn": "",
            "domain_iam_role_name": "",
            "domain_ou": "",
            "enabled_cloudwatch_logs_exports": null,
            "endpoint": "db-prod-recovery.cbq2okei2ek3.us-west-1.rds.amazonaws.com:3306",
            "engine": "mysql",
            "engine_lifecycle_support": "open-source-rds-extended-support",
            "engine_version": "8.0.42",
            "engine_version_actual": "8.0.42",
            "final_snapshot_identifier": null,
            "hosted_zone_id": "Z10WI91S59XXQN",
            "iam_database_authentication_enabled": false,
            "id": "db-IIR7ME2VJSMTFDS67CQH3DOSDA",
            "identifier": "db-prod-recovery",
            "identifier_prefix": "",
            "instance_class": "db.t3.micro",
            "iops": 0,
            "kms_key_id": "arn:aws:kms:us-west-1:904233103130:key/fe04ac09-e9d3-4a8d-8a0d-f081e08632c6",
            "latest_restorable_time": "",
            "license_model": "general-public-license",
            "listener_endpoint": [],
            "maintenance_window": "thu:07:21-thu:07:51",
            "manage_master_user_password": null,
            "master_user_secret": [],
            "master_user_secret_kms_key_id": null,
            "max_allocated_storage": 0,
            "monitoring_interval": 0,
            "monitoring_role_arn": "",
            "multi_az": false,
            "nchar_character_set_name": "",
            "network_type": "IPV4",
            "option_group_name": "default:mysql-8-0",
            "parameter_group_name": "default.mysql8.0",
            "password": null,
            "password_wo": null,
            "password_wo_version": null,
            "performance_insights_enabled": false,
            "performance_insights_kms_key_id": "",
            "performance_insights_retention_period": 0,
            "port": 3306,
            "publicly_accessible": false,
            "replica_mode": "",
            "replicas": [],
            "replicate_source_db": "arn:aws:rds:us-east-1:904233103130:db:db-prod",
            "resource_id": "db-IIR7ME2VJSMTFDS67CQH3DOSDA",
            "restore_to_point_in_time": [],
            "s3_import": [],
            "skip_final_snapshot": true,
            "snapshot_identifier": null,
            "status": "available",
            "storage_encrypted": true,
            "storage_throughput": 0,
            "storage_type": "gp2",
            "tags": null,
            "tags_all": {},
            "timeouts": null,
            "timezone": "",
            "upgrade_storage_config": null,
            "username": "admin",
            "vpc_security_group_ids": [
              "sg-0455c8bff1839e9b5"
            ]
          },
          "sensitive_attributes": [
            [
              {
                "type": "get_attr",
                "value": "password"
              }
            ],
            [
              {
                "type": "get_attr",
                "value": "password_wo"
              }
            ]
          ],
          "private": "eyJlMmJmYjczMC1lY2FhLTExZTYtOGY4OC0zNDM2M2JjN2M0YzAiOnsiY3JlYXRlIjozMDAwMDAwMDAwMDAwLCJkZWxldGUiOjM2MDAwMDAwMDAwMDAsInVwZGF0ZSI6NDgwMDAwMDAwMDAwMH0sInNjaGVtYV92ZXJzaW9uIjoiMiJ9",
          "dependencies": [
            "aws_db_instance.primary_db",
            "aws_db_subnet_group.main",
            "aws_db_subnet_group.replica",
            "aws_kms_key.secrets",
            "aws_security_group.backend_alb",
            "aws_security_group.backend_ec2",
            "aws_security_group.bastion",
            "aws_security_group.rds",
            "aws_security_group.rds_dr",
            "aws_subnet.dr",
            "aws_subnet.prod",
            "aws_vpc.dr",
            "aws_vpc.prod",
            "data.aws_kms_alias.rds_default_dr"
          ]
        }
      ]
    },
    {
      "mode": "managed",
      "type": "aws_db_subnet_group",
      "name": "main",
      "provider": "provider[\"registry.terraform.io/hashicorp/aws\"].primary",
      "instances": [
        {
          "schema_version": 0,
          "attributes": {
            "arn": "arn:aws:rds:us-east-1:904233103130:subgrp:main-db-subnet-group",
            "description": "Managed by Terraform",
            "id": "main-db-subnet-group",
            "name": "main-db-subnet-group",
            "name_prefix": "",
            "subnet_ids": [
              "subnet-0ab1e11b099424796",
              "subnet-0f0922da130fdf3c7"
            ],
            "supported_network_types": [
              "IPV4"
            ],
            "tags": {
              "Name": "MainDBSubnetGroup"
            },
            "tags_all": {
              "Name": "MainDBSubnetGroup"
            },
            "vpc_id": "vpc-0fce9d5a568cd2f4e"
          },
          "sensitive_attributes": [],
          "private": "bnVsbA==",
          "dependencies": [
            "aws_subnet.prod",
            "aws_vpc.prod"
          ]
        }
      ]
    },
    {
      "mode": "managed",
      "type": "aws_db_subnet_group",
      "name": "replica",
      "provider": "provider[\"registry.terraform.io/hashicorp/aws\"].secondary",
      "instances": [
        {
          "schema_version": 0,
          "attributes": {
            "arn": "arn:aws:rds:us-west-1:904233103130:subgrp:recovery-db-subnet-group",
            "description": "Managed by Terraform",
            "id": "recovery-db-subnet-group",
            "name": "recovery-db-subnet-group",
            "name_prefix": "",
            "subnet_ids": [
              "subnet-053fd6d1f21e2307d",
              "subnet-0f047dc43b5466446"
            ],
            "supported_network_types": [
              "IPV4"
            ],
            "tags": {
              "Name": "RecoveryDBSubnetGroup"
            },
            "tags_all": {
              "Name": "RecoveryDBSubnetGroup"
            },
            "vpc_id": "vpc-04ed3ce8471d0801f"
          },
          "sensitive_attributes": [],
          "private": "bnVsbA==",
          "dependencies": [
            "aws_subnet.dr",
            "aws_vpc.dr"
          ]
        }
      ]
    },
    {
      "mode": "managed",
      "type": "aws_dynamodb_table",
      "name": "tf_locks",
      "provider": "provider[\"registry.terraform.io/hashicorp/aws\"]",
      "instances": [
        {
          "schema_version": 1,
          "attributes": {
            "arn": "arn:aws:dynamodb:eu-west-1:904233103130:table/myproj-prod-tf-locks",
            "attribute": [
              {
                "name": "LockID",
                "type": "S"
              }
            ],
            "billing_mode": "PAY_PER_REQUEST",
            "deletion_protection_enabled": false,
            "global_secondary_index": [],
            "hash_key": "LockID",
            "id": "myproj-prod-tf-locks",
            "import_table": [],
            "local_secondary_index": [],
            "name": "myproj-prod-tf-locks",
            "on_demand_throughput": [],
            "point_in_time_recovery": [
              {
                "enabled": true,
                "recovery_period_in_days": 35
              }
            ],
            "range_key": null,
            "read_capacity": 0,
            "replica": [],
            "restore_date_time": null,
            "restore_source_name": null,
            "restore_source_table_arn": null,
            "restore_to_latest_time": null,
            "server_side_encryption": [],
            "stream_arn": "",
            "stream_enabled": false,
            "stream_label": "",
            "stream_view_type": "",
            "table_class": "STANDARD",
            "tags": null,
            "tags_all": {},
            "timeouts": null,
            "ttl": [
              {
                "attribute_name": "",
                "enabled": false
              }
            ],
            "write_capacity": 0
          },
          "sensitive_attributes": [],
          "private": "eyJlMmJmYjczMC1lY2FhLTExZTYtOGY4OC0zNDM2M2JjN2M0YzAiOnsiY3JlYXRlIjoxODAwMDAwMDAwMDAwLCJkZWxldGUiOjYwMDAwMDAwMDAwMCwidXBkYXRlIjozNjAwMDAwMDAwMDAwfSwic2NoZW1hX3ZlcnNpb24iOiIxIn0="
        }
      ]
    },
    {
      "mode": "managed",
      "type": "aws_eip",
      "name": "dr_nat_eip",
      "provider": "provider[\"registry.terraform.io/hashicorp/aws\"].secondary",
      "instances": [
        {
          "schema_version": 0,
          "attributes": {
            "address": null,
            "allocation_id": "eipalloc-0bde9a6ad653f2c3f",
            "arn": "arn:aws:ec2:us-west-1:904233103130:elastic-ip/eipalloc-0bde9a6ad653f2c3f",
            "associate_with_private_ip": null,
            "association_id": "",
            "carrier_ip": "",
            "customer_owned_ip": "",
            "customer_owned_ipv4_pool": "",
            "domain": "vpc",
            "id": "eipalloc-0bde9a6ad653f2c3f",
            "instance": "",
            "ipam_pool_id": null,
            "network_border_group": "us-west-1",
            "network_interface": "",
            "private_dns": null,
            "private_ip": "",
            "ptr_record": "",
            "public_dns": "ec2-13-52-170-130.us-west-1.compute.amazonaws.com",
            "public_ip": "13.52.170.130",
            "public_ipv4_pool": "amazon",
            "tags": {
              "Name": "eip-dr-nat"
            },
            "tags_all": {
              "Name": "eip-dr-nat"
            },
            "timeouts": null,
            "vpc": true
          },
          "sensitive_attributes": [],
          "private": "eyJlMmJmYjczMC1lY2FhLTExZTYtOGY4OC0zNDM2M2JjN2M0YzAiOnsiZGVsZXRlIjoxODAwMDAwMDAwMDAsInJlYWQiOjkwMDAwMDAwMDAwMCwidXBkYXRlIjozMDAwMDAwMDAwMDB9fQ=="
        }
      ]
    },
    {
      "mode": "managed",
      "type": "aws_eip",
      "name": "prod_nat_eip",
      "provider": "provider[\"registry.terraform.io/hashicorp/aws\"].primary",
      "instances": [
        {
          "schema_version": 0,
          "attributes": {
            "address": null,
            "allocation_id": "eipalloc-06a099e54d589ad82",
            "arn": "arn:aws:ec2:us-east-1:904233103130:elastic-ip/eipalloc-06a099e54d589ad82",
            "associate_with_private_ip": null,
            "association_id": "",
            "carrier_ip": "",
            "customer_owned_ip": "",
            "customer_owned_ipv4_pool": "",
            "domain": "vpc",
            "id": "eipalloc-06a099e54d589ad82",
            "instance": "",
            "ipam_pool_id": null,
            "network_border_group": "us-east-1",
            "network_interface": "",
            "private_dns": null,
            "private_ip": "",
            "ptr_record": "",
            "public_dns": "ec2-54-208-32-186.compute-1.amazonaws.com",
            "public_ip": "54.208.32.186",
            "public_ipv4_pool": "amazon",
            "tags": {
              "Name": "eip-prod-nat"
            },
            "tags_all": {
              "Name": "eip-prod-nat"
            },
            "timeouts": null,
            "vpc": true
          },
          "sensitive_attributes": [],
          "private": "eyJlMmJmYjczMC1lY2FhLTExZTYtOGY4OC0zNDM2M2JjN2M0YzAiOnsiZGVsZXRlIjoxODAwMDAwMDAwMDAsInJlYWQiOjkwMDAwMDAwMDAwMCwidXBkYXRlIjozMDAwMDAwMDAwMDB9fQ=="
        }
      ]
    },
    {
      "mode": "managed",
      "type": "aws_iam_instance_profile",
      "name": "backend_ssm",
      "provider": "provider[\"registry.terraform.io/hashicorp/aws\"]",
      "instances": [
        {
          "schema_version": 0,
          "attributes": {
            "arn": "arn:aws:iam::904233103130:instance-profile/backend-ssm-profile",
            "create_date": "2025-09-06T20:55:51Z",
            "id": "backend-ssm-profile",
            "name": "backend-ssm-profile",
            "name_prefix": "",
            "path": "/",
            "role": "backend-ssm-role",
            "tags": null,
            "tags_all": {},
            "unique_id": "AIPA5FCD6F4NLY2JTD2YO"
          },
          "sensitive_attributes": [],
          "private": "bnVsbA==",
          "dependencies": [
            "aws_iam_role.backend_ssm",
            "data.aws_iam_policy_document.ec2_assume"
          ]
        }
      ]
    },
    {
      "mode": "managed",
      "type": "aws_iam_policy",
      "name": "app_secrets_access",
      "provider": "provider[\"registry.terraform.io/hashicorp/aws\"]",
      "instances": [
        {
          "schema_version": 0,
          "attributes": {
            "arn": "arn:aws:iam::904233103130:policy/app-secrets-access",
            "attachment_count": 0,
            "description": "",
            "id": "arn:aws:iam::904233103130:policy/app-secrets-access",
            "name": "app-secrets-access",
            "name_prefix": "",
            "path": "/",
            "policy": "{\"Statement\":[{\"Action\":\"secretsmanager:GetSecretValue\",\"Effect\":\"Allow\",\"Resource\":\"arn:aws:secretsmanager:us-east-1:904233103130:secret:rds!db-5ae8b681-80cc-4b3a-934d-db71a3b7fcb7-tGcVJc\",\"Sid\":\"ReadDBSecret\"},{\"Action\":\"kms:Decrypt\",\"Effect\":\"Allow\",\"Resource\":\"arn:aws:kms:us-east-1:904233103130:key/473f1a8b-5764-4602-bd5f-428423fa2144\",\"Sid\":\"AllowKMSDecrypt\"}],\"Version\":\"2012-10-17\"}",
            "policy_id": "ANPA5FCD6F4NOS6HXB5V2",
            "tags": null,
            "tags_all": {}
          },
          "sensitive_attributes": [],
          "private": "bnVsbA==",
          "dependencies": [
            "aws_db_instance.primary_db",
            "aws_db_subnet_group.main",
            "aws_kms_key.secrets",
            "aws_security_group.backend_alb",
            "aws_security_group.backend_ec2",
            "aws_security_group.bastion",
            "aws_security_group.rds",
            "aws_subnet.prod",
            "aws_vpc.prod",
            "data.aws_iam_policy_document.app_secrets_access"
          ]
        }
      ]
    },
    {
      "mode": "managed",
      "type": "aws_iam_policy",
      "name": "uploads_rw",
      "provider": "provider[\"registry.terraform.io/hashicorp/aws\"]",
      "instances": []
    },
    {
      "mode": "managed",
      "type": "aws_iam_role",
      "name": "aws_backup_role",
      "provider": "provider[\"registry.terraform.io/hashicorp/aws\"]",
      "instances": [
        {
          "schema_version": 0,
          "attributes": {
            "arn": "arn:aws:iam::904233103130:role/aws-backup-role",
            "assume_role_policy": "{\"Statement\":[{\"Action\":\"sts:AssumeRole\",\"Effect\":\"Allow\",\"Principal\":{\"Service\":\"backup.amazonaws.com\"}}],\"Version\":\"2012-10-17\"}",
            "create_date": "2025-09-06T20:55:42Z",
            "description": "",
            "force_detach_policies": false,
            "id": "aws-backup-role",
            "inline_policy": [],
            "managed_policy_arns": [],
            "max_session_duration": 3600,
            "name": "aws-backup-role",
            "name_prefix": "",
            "path": "/",
            "permissions_boundary": "",
            "tags": null,
            "tags_all": {},
            "unique_id": "AROA5FCD6F4NBR5TD5RVG"
          },
          "sensitive_attributes": [],
          "private": "bnVsbA=="
        }
      ]
    },
    {
      "mode": "managed",
      "type": "aws_iam_role",
      "name": "backend_ssm",
      "provider": "provider[\"registry.terraform.io/hashicorp/aws\"]",
      "instances": [
        {
          "schema_version": 0,
          "attributes": {
            "arn": "arn:aws:iam::904233103130:role/backend-ssm-role",
            "assume_role_policy": "{\"Statement\":[{\"Action\":\"sts:AssumeRole\",\"Effect\":\"Allow\",\"Principal\":{\"Service\":\"ec2.amazonaws.com\"}}],\"Version\":\"2012-10-17\"}",
            "create_date": "2025-09-06T20:55:42Z",
            "description": "",
            "force_detach_policies": false,
            "id": "backend-ssm-role",
            "inline_policy": [],
            "managed_policy_arns": [],
            "max_session_duration": 3600,
            "name": "backend-ssm-role",
            "name_prefix": "",
            "path": "/",
            "permissions_boundary": "",
            "tags": null,
            "tags_all": {},
            "unique_id": "AROA5FCD6F4NBM6LHBMR7"
          },
          "sensitive_attributes": [],
          "private": "bnVsbA==",
          "dependencies": [
            "data.aws_iam_policy_document.ec2_assume"
          ]
        }
      ]
    },
    {
      "mode": "managed",
      "type": "aws_iam_role_policy_attachment",
      "name": "attach_app_secrets_access",
      "provider": "provider[\"registry.terraform.io/hashicorp/aws\"]",
      "instances": [
        {
          "schema_version": 0,
          "attributes": {
            "id": "backend-ssm-role-20250906211014944800000005",
            "policy_arn": "arn:aws:iam::904233103130:policy/app-secrets-access",
            "role": "backend-ssm-role"
          },
          "sensitive_attributes": [],
          "private": "bnVsbA==",
          "dependencies": [
            "aws_db_instance.primary_db",
            "aws_db_subnet_group.main",
            "aws_iam_policy.app_secrets_access",
            "aws_iam_role.backend_ssm",
            "aws_kms_key.secrets",
            "aws_security_group.backend_alb",
            "aws_security_group.backend_ec2",
            "aws_security_group.bastion",
            "aws_security_group.rds",
            "aws_subnet.prod",
            "aws_vpc.prod",
            "data.aws_iam_policy_document.app_secrets_access",
            "data.aws_iam_policy_document.ec2_assume"
          ]
        }
      ]
    },
    {
      "mode": "managed",
      "type": "aws_iam_role_policy_attachment",
      "name": "aws_backup_role_attach",
      "provider": "provider[\"registry.terraform.io/hashicorp/aws\"]",
      "instances": [
        {
          "schema_version": 0,
          "attributes": {
            "id": "aws-backup-role-20250906205551714100000001",
            "policy_arn": "arn:aws:iam::aws:policy/service-role/AWSBackupServiceRolePolicyForBackup",
            "role": "aws-backup-role"
          },
          "sensitive_attributes": [],
          "private": "bnVsbA==",
          "dependencies": [
            "aws_iam_role.aws_backup_role"
          ]
        }
      ]
    },
    {
      "mode": "managed",
      "type": "aws_iam_role_policy_attachment",
      "name": "backend_ssm_core",
      "provider": "provider[\"registry.terraform.io/hashicorp/aws\"]",
      "instances": [
        {
          "schema_version": 0,
          "attributes": {
            "id": "backend-ssm-role-20250906205552088000000002",
            "policy_arn": "arn:aws:iam::aws:policy/AmazonSSMManagedInstanceCore",
            "role": "backend-ssm-role"
          },
          "sensitive_attributes": [],
          "private": "bnVsbA==",
          "dependencies": [
            "aws_iam_role.backend_ssm",
            "data.aws_iam_policy_document.ec2_assume"
          ]
        }
      ]
    },
    {
      "mode": "managed",
      "type": "aws_iam_role_policy_attachment",
      "name": "uploads_rw_attach",
      "provider": "provider[\"registry.terraform.io/hashicorp/aws\"]",
      "instances": []
    },
    {
      "mode": "managed",
      "type": "aws_instance",
      "name": "backend_east",
      "provider": "provider[\"registry.terraform.io/hashicorp/aws\"].primary",
      "instances": [
        {
          "schema_version": 1,
          "attributes": {
            "ami": "ami-0bbdd8c17ed981ef9",
            "arn": "arn:aws:ec2:us-east-1:904233103130:instance/i-0400be2e43d5812b6",
            "associate_public_ip_address": true,
            "availability_zone": "us-east-1b",
            "capacity_reservation_specification": [
              {
                "capacity_reservation_preference": "open",
                "capacity_reservation_target": []
              }
            ],
            "cpu_core_count": 1,
            "cpu_options": [
              {
                "amd_sev_snp": "",
                "core_count": 1,
                "threads_per_core": 1
              }
            ],
            "cpu_threads_per_core": 1,
            "credit_specification": [
              {
                "cpu_credits": "standard"
              }
            ],
            "disable_api_stop": false,
            "disable_api_termination": false,
            "ebs_block_device": [],
            "ebs_optimized": false,
            "enable_primary_ipv6": null,
            "enclave_options": [
              {
                "enabled": false
              }
            ],
            "ephemeral_block_device": [],
            "get_password_data": false,
            "hibernation": false,
            "host_id": "",
            "host_resource_group_arn": null,
            "iam_instance_profile": "",
            "id": "i-0400be2e43d5812b6",
            "instance_initiated_shutdown_behavior": "stop",
            "instance_lifecycle": "",
            "instance_market_options": [],
            "instance_state": "running",
            "instance_type": "t2.micro",
            "ipv6_address_count": 0,
            "ipv6_addresses": [],
            "key_name": "temp-key",
            "launch_template": [],
            "maintenance_options": [
              {
                "auto_recovery": "default"
              }
            ],
            "metadata_options": [
              {
                "http_endpoint": "enabled",
                "http_protocol_ipv6": "disabled",
                "http_put_response_hop_limit": 1,
                "http_tokens": "optional",
                "instance_metadata_tags": "disabled"
              }
            ],
            "monitoring": false,
            "network_interface": [],
            "outpost_arn": "",
            "password_data": "",
            "placement_group": "",
            "placement_partition_number": 0,
            "primary_network_interface_id": "eni-0c9e49ef822bc33be",
            "private_dns": "ip-172-20-2-10.ec2.internal",
            "private_dns_name_options": [
              {
                "enable_resource_name_dns_a_record": false,
                "enable_resource_name_dns_aaaa_record": false,
                "hostname_type": "ip-name"
              }
            ],
            "private_ip": "172.20.2.10",
            "public_dns": "ec2-13-221-222-40.compute-1.amazonaws.com",
            "public_ip": "13.221.222.40",
            "root_block_device": [
              {
                "delete_on_termination": true,
                "device_name": "/dev/sda1",
                "encrypted": false,
                "iops": 100,
                "kms_key_id": "",
                "tags": {},
                "tags_all": {},
                "throughput": 0,
                "volume_id": "vol-085fc0a12afc76d23",
                "volume_size": 8,
                "volume_type": "gp2"
              }
            ],
            "secondary_private_ips": [],
            "security_groups": [],
            "source_dest_check": true,
            "spot_instance_request_id": "",
            "subnet_id": "subnet-0b593d7a85b17ca0b",
            "tags": {
              "Name": "linux-backend-est-1"
            },
            "tags_all": {
              "Name": "linux-backend-est-1"
            },
            "tenancy": "default",
            "timeouts": null,
            "user_data": "ce8626b322a7382aae686a9949894093f778c96b",
            "user_data_base64": null,
            "user_data_replace_on_change": false,
            "volume_tags": null,
            "vpc_security_group_ids": [
              "sg-0fc1f215113eacb80"
            ]
          },
          "sensitive_attributes": [],
          "private": "eyJlMmJmYjczMC1lY2FhLTExZTYtOGY4OC0zNDM2M2JjN2M0YzAiOnsiY3JlYXRlIjo2MDAwMDAwMDAwMDAsImRlbGV0ZSI6MTIwMDAwMDAwMDAwMCwicmVhZCI6OTAwMDAwMDAwMDAwLCJ1cGRhdGUiOjYwMDAwMDAwMDAwMH0sInNjaGVtYV92ZXJzaW9uIjoiMSJ9",
          "dependencies": [
            "aws_key_pair.deployer_east",
            "aws_security_group.web_sg_east",
            "aws_subnet.prod",
            "aws_vpc.prod",
            "data.aws_ami.ubuntu_east",
            "tls_private_key.auto"
          ],
          "create_before_destroy": true
        }
      ]
    },
    {
      "mode": "managed",
      "type": "aws_instance",
      "name": "backend_west",
      "provider": "provider[\"registry.terraform.io/hashicorp/aws\"].secondary",
      "instances": [
        {
          "schema_version": 1,
          "attributes": {
            "ami": "ami-0ddac4b9aed8d5d46",
            "arn": "arn:aws:ec2:us-west-1:904233103130:instance/i-0dd6d32906ad36cd9",
            "associate_public_ip_address": true,
            "availability_zone": "us-west-1c",
            "capacity_reservation_specification": [
              {
                "capacity_reservation_preference": "open",
                "capacity_reservation_target": []
              }
            ],
            "cpu_core_count": 1,
            "cpu_options": [
              {
                "amd_sev_snp": "",
                "core_count": 1,
                "threads_per_core": 1
              }
            ],
            "cpu_threads_per_core": 1,
            "credit_specification": [
              {
                "cpu_credits": "standard"
              }
            ],
            "disable_api_stop": false,
            "disable_api_termination": false,
            "ebs_block_device": [],
            "ebs_optimized": false,
            "enable_primary_ipv6": null,
            "enclave_options": [
              {
                "enabled": false
              }
            ],
            "ephemeral_block_device": [],
            "get_password_data": false,
            "hibernation": false,
            "host_id": "",
            "host_resource_group_arn": null,
            "iam_instance_profile": "",
            "id": "i-0dd6d32906ad36cd9",
            "instance_initiated_shutdown_behavior": "stop",
            "instance_lifecycle": "",
            "instance_market_options": [],
            "instance_state": "running",
            "instance_type": "t2.micro",
            "ipv6_address_count": 0,
            "ipv6_addresses": [],
            "key_name": "temp-key",
            "launch_template": [],
            "maintenance_options": [
              {
                "auto_recovery": "default"
              }
            ],
            "metadata_options": [
              {
                "http_endpoint": "enabled",
                "http_protocol_ipv6": "disabled",
                "http_put_response_hop_limit": 1,
                "http_tokens": "optional",
                "instance_metadata_tags": "disabled"
              }
            ],
            "monitoring": false,
            "network_interface": [],
            "outpost_arn": "",
            "password_data": "",
            "placement_group": "",
            "placement_partition_number": 0,
            "primary_network_interface_id": "eni-0bf0d8718a2ae39ec",
            "private_dns": "ip-172-20-2-37.us-west-1.compute.internal",
            "private_dns_name_options": [
              {
                "enable_resource_name_dns_a_record": false,
                "enable_resource_name_dns_aaaa_record": false,
                "hostname_type": "ip-name"
              }
            ],
            "private_ip": "172.20.2.37",
            "public_dns": "ec2-18-144-30-35.us-west-1.compute.amazonaws.com",
            "public_ip": "18.144.30.35",
            "root_block_device": [
              {
                "delete_on_termination": true,
                "device_name": "/dev/sda1",
                "encrypted": false,
                "iops": 100,
                "kms_key_id": "",
                "tags": {},
                "tags_all": {},
                "throughput": 0,
                "volume_id": "vol-0cc1df2ba14315b09",
                "volume_size": 8,
                "volume_type": "gp2"
              }
            ],
            "secondary_private_ips": [],
            "security_groups": [],
            "source_dest_check": true,
            "spot_instance_request_id": "",
            "subnet_id": "subnet-0198a5116741da7e8",
            "tags": {
              "Name": "linux-backend-west-1"
            },
            "tags_all": {
              "Name": "linux-backend-west-1"
            },
            "tenancy": "default",
            "timeouts": null,
            "user_data": "ce8626b322a7382aae686a9949894093f778c96b",
            "user_data_base64": null,
            "user_data_replace_on_change": false,
            "volume_tags": null,
            "vpc_security_group_ids": [
              "sg-0210929a0fe86e48d"
            ]
          },
          "sensitive_attributes": [],
          "private": "eyJlMmJmYjczMC1lY2FhLTExZTYtOGY4OC0zNDM2M2JjN2M0YzAiOnsiY3JlYXRlIjo2MDAwMDAwMDAwMDAsImRlbGV0ZSI6MTIwMDAwMDAwMDAwMCwicmVhZCI6OTAwMDAwMDAwMDAwLCJ1cGRhdGUiOjYwMDAwMDAwMDAwMH0sInNjaGVtYV92ZXJzaW9uIjoiMSJ9",
          "dependencies": [
            "aws_key_pair.deployer_west",
            "aws_security_group.web_sg_west",
            "aws_subnet.dr",
            "aws_vpc.dr",
            "data.aws_ami.ubuntu_west",
            "tls_private_key.auto"
          ],
          "create_before_destroy": true
        }
      ]
    },
    {
      "mode": "managed",
      "type": "aws_instance",
      "name": "bastion_east",
      "provider": "provider[\"registry.terraform.io/hashicorp/aws\"].primary",
      "instances": [
        {
          "schema_version": 1,
          "attributes": {
            "ami": "ami-0bbdd8c17ed981ef9",
            "arn": "arn:aws:ec2:us-east-1:904233103130:instance/i-0caaacfb5f3ace4b0",
            "associate_public_ip_address": true,
            "availability_zone": "us-east-1a",
            "capacity_reservation_specification": [
              {
                "capacity_reservation_preference": "open",
                "capacity_reservation_target": []
              }
            ],
            "cpu_core_count": 1,
            "cpu_options": [
              {
                "amd_sev_snp": "",
                "core_count": 1,
                "threads_per_core": 2
              }
            ],
            "cpu_threads_per_core": 2,
            "credit_specification": [
              {
                "cpu_credits": "unlimited"
              }
            ],
            "disable_api_stop": false,
            "disable_api_termination": false,
            "ebs_block_device": [],
            "ebs_optimized": false,
            "enable_primary_ipv6": null,
            "enclave_options": [
              {
                "enabled": false
              }
            ],
            "ephemeral_block_device": [],
            "get_password_data": false,
            "hibernation": false,
            "host_id": "",
            "host_resource_group_arn": null,
            "iam_instance_profile": "",
            "id": "i-0caaacfb5f3ace4b0",
            "instance_initiated_shutdown_behavior": "stop",
            "instance_lifecycle": "",
            "instance_market_options": [],
            "instance_state": "running",
            "instance_type": "t3.micro",
            "ipv6_address_count": 0,
            "ipv6_addresses": [],
            "key_name": "temp-key",
            "launch_template": [],
            "maintenance_options": [
              {
                "auto_recovery": "default"
              }
            ],
            "metadata_options": [
              {
                "http_endpoint": "enabled",
                "http_protocol_ipv6": "disabled",
                "http_put_response_hop_limit": 1,
                "http_tokens": "optional",
                "instance_metadata_tags": "disabled"
              }
            ],
            "monitoring": false,
            "network_interface": [],
            "outpost_arn": "",
            "password_data": "",
            "placement_group": "",
            "placement_partition_number": 0,
            "primary_network_interface_id": "eni-0280113f9235f0a57",
            "private_dns": "ip-172-20-1-91.ec2.internal",
            "private_dns_name_options": [
              {
                "enable_resource_name_dns_a_record": false,
                "enable_resource_name_dns_aaaa_record": false,
                "hostname_type": "ip-name"
              }
            ],
            "private_ip": "172.20.1.91",
            "public_dns": "ec2-3-218-141-117.compute-1.amazonaws.com",
            "public_ip": "3.218.141.117",
            "root_block_device": [
              {
                "delete_on_termination": true,
                "device_name": "/dev/sda1",
                "encrypted": false,
                "iops": 100,
                "kms_key_id": "",
                "tags": {},
                "tags_all": {},
                "throughput": 0,
                "volume_id": "vol-0e78e57489396e68c",
                "volume_size": 8,
                "volume_type": "gp2"
              }
            ],
            "secondary_private_ips": [],
            "security_groups": [],
            "source_dest_check": true,
            "spot_instance_request_id": "",
            "subnet_id": "subnet-0d47737bcd81aa780",
            "tags": {
              "Name": "bastion-east"
            },
            "tags_all": {
              "Name": "bastion-east"
            },
            "tenancy": "default",
            "timeouts": null,
            "user_data": null,
            "user_data_base64": null,
            "user_data_replace_on_change": false,
            "volume_tags": null,
            "vpc_security_group_ids": [
              "sg-0904faf16124dee30"
            ]
          },
          "sensitive_attributes": [],
          "private": "eyJlMmJmYjczMC1lY2FhLTExZTYtOGY4OC0zNDM2M2JjN2M0YzAiOnsiY3JlYXRlIjo2MDAwMDAwMDAwMDAsImRlbGV0ZSI6MTIwMDAwMDAwMDAwMCwicmVhZCI6OTAwMDAwMDAwMDAwLCJ1cGRhdGUiOjYwMDAwMDAwMDAwMH0sInNjaGVtYV92ZXJzaW9uIjoiMSJ9",
          "dependencies": [
            "aws_key_pair.deployer_east",
            "aws_security_group.bastion_east",
            "aws_subnet.prod",
            "aws_vpc.prod",
            "data.aws_ami.ubuntu_east",
            "tls_private_key.auto"
          ]
        }
      ]
    },
    {
      "mode": "managed",
      "type": "aws_instance",
      "name": "bastion_west",
      "provider": "provider[\"registry.terraform.io/hashicorp/aws\"].secondary",
      "instances": [
        {
          "schema_version": 1,
          "attributes": {
            "ami": "ami-0ddac4b9aed8d5d46",
            "arn": "arn:aws:ec2:us-west-1:904233103130:instance/i-0c1e4a3d539be80a9",
            "associate_public_ip_address": true,
            "availability_zone": "us-west-1b",
            "capacity_reservation_specification": [
              {
                "capacity_reservation_preference": "open",
                "capacity_reservation_target": []
              }
            ],
            "cpu_core_count": 1,
            "cpu_options": [
              {
                "amd_sev_snp": "",
                "core_count": 1,
                "threads_per_core": 2
              }
            ],
            "cpu_threads_per_core": 2,
            "credit_specification": [
              {
                "cpu_credits": "unlimited"
              }
            ],
            "disable_api_stop": false,
            "disable_api_termination": false,
            "ebs_block_device": [],
            "ebs_optimized": false,
            "enable_primary_ipv6": null,
            "enclave_options": [
              {
                "enabled": false
              }
            ],
            "ephemeral_block_device": [],
            "get_password_data": false,
            "hibernation": false,
            "host_id": "",
            "host_resource_group_arn": null,
            "iam_instance_profile": "",
            "id": "i-0c1e4a3d539be80a9",
            "instance_initiated_shutdown_behavior": "stop",
            "instance_lifecycle": "",
            "instance_market_options": [],
            "instance_state": "running",
            "instance_type": "t3.micro",
            "ipv6_address_count": 0,
            "ipv6_addresses": [],
            "key_name": "temp-key",
            "launch_template": [],
            "maintenance_options": [
              {
                "auto_recovery": "default"
              }
            ],
            "metadata_options": [
              {
                "http_endpoint": "enabled",
                "http_protocol_ipv6": "disabled",
                "http_put_response_hop_limit": 1,
                "http_tokens": "optional",
                "instance_metadata_tags": "disabled"
              }
            ],
            "monitoring": false,
            "network_interface": [],
            "outpost_arn": "",
            "password_data": "",
            "placement_group": "",
            "placement_partition_number": 0,
            "primary_network_interface_id": "eni-0a0204c35076b023a",
            "private_dns": "ip-172-20-1-198.us-west-1.compute.internal",
            "private_dns_name_options": [
              {
                "enable_resource_name_dns_a_record": false,
                "enable_resource_name_dns_aaaa_record": false,
                "hostname_type": "ip-name"
              }
            ],
            "private_ip": "172.20.1.198",
            "public_dns": "ec2-13-57-226-83.us-west-1.compute.amazonaws.com",
            "public_ip": "13.57.226.83",
            "root_block_device": [
              {
                "delete_on_termination": true,
                "device_name": "/dev/sda1",
                "encrypted": false,
                "iops": 100,
                "kms_key_id": "",
                "tags": {},
                "tags_all": {},
                "throughput": 0,
                "volume_id": "vol-050ca938c429dc483",
                "volume_size": 8,
                "volume_type": "gp2"
              }
            ],
            "secondary_private_ips": [],
            "security_groups": [],
            "source_dest_check": true,
            "spot_instance_request_id": "",
            "subnet_id": "subnet-02d138f4f702cc156",
            "tags": {
              "Name": "bastion-west"
            },
            "tags_all": {
              "Name": "bastion-west"
            },
            "tenancy": "default",
            "timeouts": null,
            "user_data": null,
            "user_data_base64": null,
            "user_data_replace_on_change": false,
            "volume_tags": null,
            "vpc_security_group_ids": [
              "sg-0a6bba4c16a40b230"
            ]
          },
          "sensitive_attributes": [],
          "private": "eyJlMmJmYjczMC1lY2FhLTExZTYtOGY4OC0zNDM2M2JjN2M0YzAiOnsiY3JlYXRlIjo2MDAwMDAwMDAwMDAsImRlbGV0ZSI6MTIwMDAwMDAwMDAwMCwicmVhZCI6OTAwMDAwMDAwMDAwLCJ1cGRhdGUiOjYwMDAwMDAwMDAwMH0sInNjaGVtYV92ZXJzaW9uIjoiMSJ9",
          "dependencies": [
            "aws_key_pair.deployer_west",
            "aws_security_group.bastion_west",
            "aws_subnet.dr",
            "aws_vpc.dr",
            "data.aws_ami.ubuntu_west",
            "tls_private_key.auto"
          ]
        }
      ]
    },
    {
      "mode": "managed",
      "type": "aws_instance",
      "name": "frontend_east",
      "provider": "provider[\"registry.terraform.io/hashicorp/aws\"].primary",
      "instances": [
        {
          "schema_version": 1,
          "attributes": {
            "ami": "ami-0bbdd8c17ed981ef9",
            "arn": "arn:aws:ec2:us-east-1:904233103130:instance/i-02743cad4cf20653c",
            "associate_public_ip_address": true,
            "availability_zone": "us-east-1a",
            "capacity_reservation_specification": [
              {
                "capacity_reservation_preference": "open",
                "capacity_reservation_target": []
              }
            ],
            "cpu_core_count": 1,
            "cpu_options": [
              {
                "amd_sev_snp": "",
                "core_count": 1,
                "threads_per_core": 1
              }
            ],
            "cpu_threads_per_core": 1,
            "credit_specification": [
              {
                "cpu_credits": "standard"
              }
            ],
            "disable_api_stop": false,
            "disable_api_termination": false,
            "ebs_block_device": [],
            "ebs_optimized": false,
            "enable_primary_ipv6": null,
            "enclave_options": [
              {
                "enabled": false
              }
            ],
            "ephemeral_block_device": [],
            "get_password_data": false,
            "hibernation": false,
            "host_id": "",
            "host_resource_group_arn": null,
            "iam_instance_profile": "",
            "id": "i-02743cad4cf20653c",
            "instance_initiated_shutdown_behavior": "stop",
            "instance_lifecycle": "",
            "instance_market_options": [],
            "instance_state": "running",
            "instance_type": "t2.micro",
            "ipv6_address_count": 0,
            "ipv6_addresses": [],
            "key_name": "temp-key",
            "launch_template": [],
            "maintenance_options": [
              {
                "auto_recovery": "default"
              }
            ],
            "metadata_options": [
              {
                "http_endpoint": "enabled",
                "http_protocol_ipv6": "disabled",
                "http_put_response_hop_limit": 1,
                "http_tokens": "optional",
                "instance_metadata_tags": "disabled"
              }
            ],
            "monitoring": false,
            "network_interface": [],
            "outpost_arn": "",
            "password_data": "",
            "placement_group": "",
            "placement_partition_number": 0,
            "primary_network_interface_id": "eni-00ccabc882614f9c5",
            "private_dns": "ip-172-20-1-76.ec2.internal",
            "private_dns_name_options": [
              {
                "enable_resource_name_dns_a_record": false,
                "enable_resource_name_dns_aaaa_record": false,
                "hostname_type": "ip-name"
              }
            ],
            "private_ip": "172.20.1.76",
            "public_dns": "ec2-3-237-234-91.compute-1.amazonaws.com",
            "public_ip": "3.237.234.91",
            "root_block_device": [
              {
                "delete_on_termination": true,
                "device_name": "/dev/sda1",
                "encrypted": false,
                "iops": 100,
                "kms_key_id": "",
                "tags": {},
                "tags_all": {},
                "throughput": 0,
                "volume_id": "vol-039264bb032ce75e9",
                "volume_size": 8,
                "volume_type": "gp2"
              }
            ],
            "secondary_private_ips": [],
            "security_groups": [],
            "source_dest_check": true,
            "spot_instance_request_id": "",
            "subnet_id": "subnet-0d47737bcd81aa780",
            "tags": {
              "Name": "linux-frontend-east-1"
            },
            "tags_all": {
              "Name": "linux-frontend-east-1"
            },
            "tenancy": "default",
            "timeouts": null,
            "user_data": "ceb7c55adbb6de1b4eb1464c88f63c18795182d8",
            "user_data_base64": null,
            "user_data_replace_on_change": false,
            "volume_tags": null,
            "vpc_security_group_ids": [
              "sg-0fc1f215113eacb80"
            ]
          },
          "sensitive_attributes": [],
          "private": "eyJlMmJmYjczMC1lY2FhLTExZTYtOGY4OC0zNDM2M2JjN2M0YzAiOnsiY3JlYXRlIjo2MDAwMDAwMDAwMDAsImRlbGV0ZSI6MTIwMDAwMDAwMDAwMCwicmVhZCI6OTAwMDAwMDAwMDAwLCJ1cGRhdGUiOjYwMDAwMDAwMDAwMH0sInNjaGVtYV92ZXJzaW9uIjoiMSJ9",
          "dependencies": [
            "aws_key_pair.deployer_east",
            "aws_security_group.web_sg_east",
            "aws_subnet.prod",
            "aws_vpc.prod",
            "data.aws_ami.ubuntu_east",
            "tls_private_key.auto"
          ]
        }
      ]
    },
    {
      "mode": "managed",
      "type": "aws_instance",
      "name": "frontend_west",
      "provider": "provider[\"registry.terraform.io/hashicorp/aws\"].secondary",
      "instances": [
        {
          "schema_version": 1,
          "attributes": {
            "ami": "ami-0ddac4b9aed8d5d46",
            "arn": "arn:aws:ec2:us-west-1:904233103130:instance/i-01b44e718b5e72469",
            "associate_public_ip_address": true,
            "availability_zone": "us-west-1b",
            "capacity_reservation_specification": [
              {
                "capacity_reservation_preference": "open",
                "capacity_reservation_target": []
              }
            ],
            "cpu_core_count": 1,
            "cpu_options": [
              {
                "amd_sev_snp": "",
                "core_count": 1,
                "threads_per_core": 1
              }
            ],
            "cpu_threads_per_core": 1,
            "credit_specification": [
              {
                "cpu_credits": "standard"
              }
            ],
            "disable_api_stop": false,
            "disable_api_termination": false,
            "ebs_block_device": [],
            "ebs_optimized": false,
            "enable_primary_ipv6": null,
            "enclave_options": [
              {
                "enabled": false
              }
            ],
            "ephemeral_block_device": [],
            "get_password_data": false,
            "hibernation": false,
            "host_id": "",
            "host_resource_group_arn": null,
            "iam_instance_profile": "",
            "id": "i-01b44e718b5e72469",
            "instance_initiated_shutdown_behavior": "stop",
            "instance_lifecycle": "",
            "instance_market_options": [],
            "instance_state": "running",
            "instance_type": "t2.micro",
            "ipv6_address_count": 0,
            "ipv6_addresses": [],
            "key_name": "temp-key",
            "launch_template": [],
            "maintenance_options": [
              {
                "auto_recovery": "default"
              }
            ],
            "metadata_options": [
              {
                "http_endpoint": "enabled",
                "http_protocol_ipv6": "disabled",
                "http_put_response_hop_limit": 1,
                "http_tokens": "optional",
                "instance_metadata_tags": "disabled"
              }
            ],
            "monitoring": false,
            "network_interface": [],
            "outpost_arn": "",
            "password_data": "",
            "placement_group": "",
            "placement_partition_number": 0,
            "primary_network_interface_id": "eni-063f0f8773ade09fa",
            "private_dns": "ip-172-20-1-117.us-west-1.compute.internal",
            "private_dns_name_options": [
              {
                "enable_resource_name_dns_a_record": false,
                "enable_resource_name_dns_aaaa_record": false,
                "hostname_type": "ip-name"
              }
            ],
            "private_ip": "172.20.1.117",
            "public_dns": "ec2-13-52-97-5.us-west-1.compute.amazonaws.com",
            "public_ip": "13.52.97.5",
            "root_block_device": [
              {
                "delete_on_termination": true,
                "device_name": "/dev/sda1",
                "encrypted": false,
                "iops": 100,
                "kms_key_id": "",
                "tags": {},
                "tags_all": {},
                "throughput": 0,
                "volume_id": "vol-06f642ce27288291c",
                "volume_size": 8,
                "volume_type": "gp2"
              }
            ],
            "secondary_private_ips": [],
            "security_groups": [],
            "source_dest_check": true,
            "spot_instance_request_id": "",
            "subnet_id": "subnet-02d138f4f702cc156",
            "tags": {
              "Name": "linux-frontend-west-1"
            },
            "tags_all": {
              "Name": "linux-frontend-west-1"
            },
            "tenancy": "default",
            "timeouts": null,
            "user_data": "ceb7c55adbb6de1b4eb1464c88f63c18795182d8",
            "user_data_base64": null,
            "user_data_replace_on_change": false,
            "volume_tags": null,
            "vpc_security_group_ids": [
              "sg-0210929a0fe86e48d"
            ]
          },
          "sensitive_attributes": [],
          "private": "eyJlMmJmYjczMC1lY2FhLTExZTYtOGY4OC0zNDM2M2JjN2M0YzAiOnsiY3JlYXRlIjo2MDAwMDAwMDAwMDAsImRlbGV0ZSI6MTIwMDAwMDAwMDAwMCwicmVhZCI6OTAwMDAwMDAwMDAwLCJ1cGRhdGUiOjYwMDAwMDAwMDAwMH0sInNjaGVtYV92ZXJzaW9uIjoiMSJ9",
          "dependencies": [
            "aws_key_pair.deployer_west",
            "aws_security_group.web_sg_west",
            "aws_subnet.dr",
            "aws_vpc.dr",
            "data.aws_ami.ubuntu_west",
            "tls_private_key.auto"
          ],
          "create_before_destroy": true
        }
      ]
    },
    {
      "mode": "managed",
      "type": "aws_internet_gateway",
      "name": "dr_igw",
      "provider": "provider[\"registry.terraform.io/hashicorp/aws\"].secondary",
      "instances": [
        {
          "schema_version": 0,
          "attributes": {
            "arn": "arn:aws:ec2:us-west-1:904233103130:internet-gateway/igw-034e107f87b219f93",
            "id": "igw-034e107f87b219f93",
            "owner_id": "904233103130",
            "tags": {
              "Name": "igw-dr"
            },
            "tags_all": {
              "Name": "igw-dr"
            },
            "timeouts": null,
            "vpc_id": "vpc-04ed3ce8471d0801f"
          },
          "sensitive_attributes": [],
          "private": "eyJlMmJmYjczMC1lY2FhLTExZTYtOGY4OC0zNDM2M2JjN2M0YzAiOnsiY3JlYXRlIjoxMjAwMDAwMDAwMDAwLCJkZWxldGUiOjEyMDAwMDAwMDAwMDAsInVwZGF0ZSI6MTIwMDAwMDAwMDAwMH19",
          "dependencies": [
            "aws_vpc.dr"
          ]
        }
      ]
    },
    {
      "mode": "managed",
      "type": "aws_internet_gateway",
      "name": "prod_igw",
      "provider": "provider[\"registry.terraform.io/hashicorp/aws\"].primary",
      "instances": [
        {
          "schema_version": 0,
          "attributes": {
            "arn": "arn:aws:ec2:us-east-1:904233103130:internet-gateway/igw-031300f5d516f61be",
            "id": "igw-031300f5d516f61be",
            "owner_id": "904233103130",
            "tags": {
              "Name": "igw-prod"
            },
            "tags_all": {
              "Name": "igw-prod"
            },
            "timeouts": null,
            "vpc_id": "vpc-0fce9d5a568cd2f4e"
          },
          "sensitive_attributes": [],
          "private": "eyJlMmJmYjczMC1lY2FhLTExZTYtOGY4OC0zNDM2M2JjN2M0YzAiOnsiY3JlYXRlIjoxMjAwMDAwMDAwMDAwLCJkZWxldGUiOjEyMDAwMDAwMDAwMDAsInVwZGF0ZSI6MTIwMDAwMDAwMDAwMH19",
          "dependencies": [
            "aws_vpc.prod"
          ]
        }
      ]
    },
    {
      "mode": "managed",
      "type": "aws_key_pair",
      "name": "deployer_east",
      "provider": "provider[\"registry.terraform.io/hashicorp/aws\"].primary",
      "instances": [
        {
          "schema_version": 1,
          "attributes": {
            "arn": "arn:aws:ec2:us-east-1:904233103130:key-pair/temp-key",
            "fingerprint": "fa:ea:16:6e:82:e3:e5:1c:51:28:a5:9e:e2:4d:7e:d4",
            "id": "temp-key",
            "key_name": "temp-key",
            "key_name_prefix": "",
            "key_pair_id": "key-0a08177b9896cbe17",
            "key_type": "rsa",
            "public_key": "ssh-rsa AAAAB3NzaC1yc2EAAAADAQABAAACAQC0bX1JYBCi6q3+8Ko7ySZiGfbZFMal/Zpv7qzy4phrA92s2NIBU+jGl+oOsEZN4a/FoeB4KlZM9K84SfphBsJFh2OvCwqsZBe9gCLScmxjMDbxC4E3p7HU8OjHqQ5eIJRp3wUvp+WCzVmx2fezSnGwvfzKvL2omQIpavrjv4LhKU763ex45qDwJrd01ckPtoTDjmI+FHJKmZm5CeqvYx/G9qoj9l+QRgvlk+iOKPJbLh7iiLZSQh3Xekoy9JwiYnaUAQ5lww0CKIDjtsqtd9t9lcTgn7X37WKoNZ9zrmOk/gH2w2GMw7P4Gk8XBYtDJGioomIT6ABffpEUxVAL3z5SEmP0YjpxEReGSaVTr3tRuFcELEM2nnmK5iM1KfT7vJRyADlSfK/pYK+bMod29O3Hm7cJtY6vq+brczua515EjCHwuN18GQeTgRzTuc9lreVHXogY9Rjw2CC5r0Rvn3zPuKvp+3n8C27ONi0NBDXdiXesJ3y40jdbG+cXlFT5BrVDwauN0AP35jY1Ltc+FicYM1QB3VofGm8nmI0TBnqtyKEXPjFnb9lGYl/JbMSQWLPItvJ6+V7wfC5dLDT1bCX5Sb00XCaNXaXNc/jh61QrlLSEojlu0wiTy8B4ukbm1REClOf0GerfWw71ZCU484iddmIV+brysGvci5la65yrlQ==",
            "tags": null,
            "tags_all": {}
          },
          "sensitive_attributes": [],
          "private": "eyJzY2hlbWFfdmVyc2lvbiI6IjEifQ==",
          "dependencies": [
            "tls_private_key.auto"
          ],
          "create_before_destroy": true
        }
      ]
    },
    {
      "mode": "managed",
      "type": "aws_key_pair",
      "name": "deployer_west",
      "provider": "provider[\"registry.terraform.io/hashicorp/aws\"].secondary",
      "instances": [
        {
          "schema_version": 1,
          "attributes": {
            "arn": "arn:aws:ec2:us-west-1:904233103130:key-pair/temp-key",
            "fingerprint": "fa:ea:16:6e:82:e3:e5:1c:51:28:a5:9e:e2:4d:7e:d4",
            "id": "temp-key",
            "key_name": "temp-key",
            "key_name_prefix": "",
            "key_pair_id": "key-0f65591404028042f",
            "key_type": "rsa",
            "public_key": "ssh-rsa AAAAB3NzaC1yc2EAAAADAQABAAACAQC0bX1JYBCi6q3+8Ko7ySZiGfbZFMal/Zpv7qzy4phrA92s2NIBU+jGl+oOsEZN4a/FoeB4KlZM9K84SfphBsJFh2OvCwqsZBe9gCLScmxjMDbxC4E3p7HU8OjHqQ5eIJRp3wUvp+WCzVmx2fezSnGwvfzKvL2omQIpavrjv4LhKU763ex45qDwJrd01ckPtoTDjmI+FHJKmZm5CeqvYx/G9qoj9l+QRgvlk+iOKPJbLh7iiLZSQh3Xekoy9JwiYnaUAQ5lww0CKIDjtsqtd9t9lcTgn7X37WKoNZ9zrmOk/gH2w2GMw7P4Gk8XBYtDJGioomIT6ABffpEUxVAL3z5SEmP0YjpxEReGSaVTr3tRuFcELEM2nnmK5iM1KfT7vJRyADlSfK/pYK+bMod29O3Hm7cJtY6vq+brczua515EjCHwuN18GQeTgRzTuc9lreVHXogY9Rjw2CC5r0Rvn3zPuKvp+3n8C27ONi0NBDXdiXesJ3y40jdbG+cXlFT5BrVDwauN0AP35jY1Ltc+FicYM1QB3VofGm8nmI0TBnqtyKEXPjFnb9lGYl/JbMSQWLPItvJ6+V7wfC5dLDT1bCX5Sb00XCaNXaXNc/jh61QrlLSEojlu0wiTy8B4ukbm1REClOf0GerfWw71ZCU484iddmIV+brysGvci5la65yrlQ==",
            "tags": null,
            "tags_all": {}
          },
          "sensitive_attributes": [],
          "private": "eyJzY2hlbWFfdmVyc2lvbiI6IjEifQ==",
          "dependencies": [
            "tls_private_key.auto"
          ],
          "create_before_destroy": true
        }
      ]
    },
    {
      "mode": "managed",
      "type": "aws_key_pair",
      "name": "ec2_key",
      "provider": "provider[\"registry.terraform.io/hashicorp/aws\"].primary",
      "instances": [
        {
          "schema_version": 1,
          "attributes": {
            "arn": "arn:aws:ec2:us-east-1:904233103130:key-pair/multi-region-key",
            "fingerprint": "42:18:49:61:c8:05:5a:ce:86:b2:e2:28:e2:96:bd:a0",
            "id": "multi-region-key",
            "key_name": "multi-region-key",
            "key_name_prefix": "",
            "key_pair_id": "key-01fec2c3c00a7f005",
            "key_type": "rsa",
            "public_key": "ssh-rsa AAAAB3NzaC1yc2EAAAADAQABAAACAQDmdC9XsRZ+MuzNrZJl+4f8kg+qzg9wiGBdEVh2mDRI5KDfOKjqpnG0usrBvxtp3RxELDIxWwoyoMxW24LJZXhkcCgoPHSLE4mp42npBcS0RMYLU6GfgcBCIvIwTgElFoJRf/V3sHoZq0NyF44Vw2L+JipukQCFgsnEl1WhaDrVymm+jlf18ggPIX6vgdOd7CFETlnZxBUh+xiv6dXIoU/GFs5j/vst0tE8clW7FvQeSbHaPU0mOg92Aroi0ax2L6An0ZaI4XgHmuymajhV+ttYYPNOg8qvl+poUjfYFVI0+IBwRTL8kuBNtEArBHfMJWaeVTSh06lOvGJ3wl3sbTbbeB6XqP1TOHrhm66qCZWp8fpcpe1tGOJ+/2AWllpj2MPKsPffgRK7v1+Kz/7wL5yAYCVeTE5AnEzRmHpMywZ3QkICc3RoW75uy7IWhudqIcR9Ftx8XiZL+MwAY18WzKPVJasEEV/ZgINdcGafCfS65ijiKHsWpfiMHQUauxC9+0WZ2+vJNmsL8yOdQA20CxSuuoW8nPZnB+980s/G9yRb9zevB+uZn9oRtMxrJL18gKw6xy5AHNJxk6G1eyF0h88Eu2st35/7/v9jLhv4NzLH6ABoPxjrvTt+E1/aZcujdw54WZ2CGptOpuPDy0VhNmxidxMyOW0vXdxeD5M7Zgw6Iw==",
            "tags": null,
            "tags_all": {}
          },
          "sensitive_attributes": [],
          "private": "eyJzY2hlbWFfdmVyc2lvbiI6IjEifQ==",
          "dependencies": [
            "tls_private_key.ec2_key"
          ]
        }
      ]
    },
    {
      "mode": "managed",
      "type": "aws_key_pair",
      "name": "generated_key",
      "provider": "provider[\"registry.terraform.io/hashicorp/aws\"]",
      "instances": [
        {
          "schema_version": 1,
          "attributes": {
            "arn": "arn:aws:ec2:eu-west-1:904233103130:key-pair/terraform-key",
            "fingerprint": "42:18:49:61:c8:05:5a:ce:86:b2:e2:28:e2:96:bd:a0",
            "id": "terraform-key",
            "key_name": "terraform-key",
            "key_name_prefix": "",
            "key_pair_id": "key-00253bce4ec021399",
            "key_type": "rsa",
            "public_key": "ssh-rsa AAAAB3NzaC1yc2EAAAADAQABAAACAQDmdC9XsRZ+MuzNrZJl+4f8kg+qzg9wiGBdEVh2mDRI5KDfOKjqpnG0usrBvxtp3RxELDIxWwoyoMxW24LJZXhkcCgoPHSLE4mp42npBcS0RMYLU6GfgcBCIvIwTgElFoJRf/V3sHoZq0NyF44Vw2L+JipukQCFgsnEl1WhaDrVymm+jlf18ggPIX6vgdOd7CFETlnZxBUh+xiv6dXIoU/GFs5j/vst0tE8clW7FvQeSbHaPU0mOg92Aroi0ax2L6An0ZaI4XgHmuymajhV+ttYYPNOg8qvl+poUjfYFVI0+IBwRTL8kuBNtEArBHfMJWaeVTSh06lOvGJ3wl3sbTbbeB6XqP1TOHrhm66qCZWp8fpcpe1tGOJ+/2AWllpj2MPKsPffgRK7v1+Kz/7wL5yAYCVeTE5AnEzRmHpMywZ3QkICc3RoW75uy7IWhudqIcR9Ftx8XiZL+MwAY18WzKPVJasEEV/ZgINdcGafCfS65ijiKHsWpfiMHQUauxC9+0WZ2+vJNmsL8yOdQA20CxSuuoW8nPZnB+980s/G9yRb9zevB+uZn9oRtMxrJL18gKw6xy5AHNJxk6G1eyF0h88Eu2st35/7/v9jLhv4NzLH6ABoPxjrvTt+E1/aZcujdw54WZ2CGptOpuPDy0VhNmxidxMyOW0vXdxeD5M7Zgw6Iw==",
            "tags": null,
            "tags_all": {}
          },
          "sensitive_attributes": [],
          "private": "eyJzY2hlbWFfdmVyc2lvbiI6IjEifQ==",
          "dependencies": [
            "tls_private_key.ec2_key"
          ]
        }
      ]
    },
    {
      "mode": "managed",
      "type": "aws_kms_alias",
      "name": "secrets",
      "provider": "provider[\"registry.terraform.io/hashicorp/aws\"].primary",
      "instances": [
        {
          "schema_version": 0,
          "attributes": {
            "arn": "arn:aws:kms:us-east-1:904233103130:alias/secrets-cmk",
            "id": "alias/secrets-cmk",
            "name": "alias/secrets-cmk",
            "name_prefix": "",
            "target_key_arn": "arn:aws:kms:us-east-1:904233103130:key/473f1a8b-5764-4602-bd5f-428423fa2144",
            "target_key_id": "473f1a8b-5764-4602-bd5f-428423fa2144"
          },
          "sensitive_attributes": [],
          "private": "bnVsbA==",
          "dependencies": [
            "aws_kms_key.secrets"
          ]
        }
      ]
    },
    {
      "mode": "managed",
      "type": "aws_kms_key",
      "name": "secrets",
      "provider": "provider[\"registry.terraform.io/hashicorp/aws\"].primary",
      "instances": [
        {
          "schema_version": 0,
          "attributes": {
            "arn": "arn:aws:kms:us-east-1:904233103130:key/473f1a8b-5764-4602-bd5f-428423fa2144",
            "bypass_policy_lockout_safety_check": false,
            "custom_key_store_id": "",
            "customer_master_key_spec": "SYMMETRIC_DEFAULT",
            "deletion_window_in_days": null,
            "description": "CMK per segreti app/RDS/terraform state",
            "enable_key_rotation": true,
            "id": "473f1a8b-5764-4602-bd5f-428423fa2144",
            "is_enabled": true,
            "key_id": "473f1a8b-5764-4602-bd5f-428423fa2144",
            "key_usage": "ENCRYPT_DECRYPT",
            "multi_region": false,
            "policy": "{\"Id\":\"key-default-1\",\"Statement\":[{\"Action\":\"kms:*\",\"Effect\":\"Allow\",\"Principal\":{\"AWS\":\"arn:aws:iam::904233103130:root\"},\"Resource\":\"*\",\"Sid\":\"Enable IAM User Permissions\"}],\"Version\":\"2012-10-17\"}",
            "rotation_period_in_days": 365,
            "tags": null,
            "tags_all": {},
            "timeouts": null,
            "xks_key_id": ""
          },
          "sensitive_attributes": [],
          "private": "eyJlMmJmYjczMC1lY2FhLTExZTYtOGY4OC0zNDM2M2JjN2M0YzAiOnsiY3JlYXRlIjoxMjAwMDAwMDAwMDB9fQ=="
        }
      ]
    },
    {
      "mode": "managed",
      "type": "aws_launch_template",
      "name": "backend_lt_east",
      "provider": "provider[\"registry.terraform.io/hashicorp/aws\"].primary",
      "instances": [
        {
          "schema_version": 0,
          "attributes": {
            "arn": "arn:aws:ec2:us-east-1:904233103130:launch-template/lt-0646361a6cedb565b",
            "block_device_mappings": [],
            "capacity_reservation_specification": [],
            "cpu_options": [],
            "credit_specification": [],
            "default_version": 1,
            "description": "",
            "disable_api_stop": false,
            "disable_api_termination": false,
            "ebs_optimized": "",
            "elastic_gpu_specifications": [],
            "elastic_inference_accelerator": [],
            "enclave_options": [],
            "hibernation_options": [],
            "iam_instance_profile": [],
            "id": "lt-0646361a6cedb565b",
            "image_id": "ami-0aca3e3910a91f94b",
            "instance_initiated_shutdown_behavior": "",
            "instance_market_options": [],
            "instance_requirements": [],
            "instance_type": "t2.micro",
            "kernel_id": "",
            "key_name": "temp-key",
            "latest_version": 1,
            "license_specification": [],
            "maintenance_options": [],
            "metadata_options": [],
            "monitoring": [],
            "name": "lt-backend-east-2025090620582849870000000c",
            "name_prefix": "lt-backend-east-",
            "network_interfaces": [],
            "placement": [],
            "private_dns_name_options": [],
            "ram_disk_id": "",
            "security_group_names": null,
            "tag_specifications": [],
            "tags": null,
            "tags_all": {},
            "update_default_version": null,
            "user_data": "IyEvYmluL2Jhc2gNCnN1ZG8gYXB0IHVwZGF0ZSAteQ0Kc2xlZXAgMTUwDQpzdWRvIHBtMiBzdGFydHVwDQpzdWRvIGVudiBQQVRIPSRQQVRIOi91c3IvYmluIC91c3IvbG9jYWwvc2hhcmUvLmNvbmZpZy95YXJuL2dsb2JhbC9ub2RlX21vZHVsZXMvcG0yL2Jpbi9wbTIgc3RhcnR1cCBzeXN0ZW1kIC11IHVidW50dSAtLWhwIC9ob21lL3VidW50dQ0Kc3VkbyBzeXN0ZW1jdGwgc3RhcnQgcG0yLXJvb3QNCnN1ZG8gc3lzdGVtY3RsIGVuYWJsZSBwbTItcm9vdA0K",
            "vpc_security_group_ids": [
              "sg-0efde62ffb121a525"
            ]
          },
          "sensitive_attributes": [],
          "private": "bnVsbA==",
          "dependencies": [
            "aws_ami_from_instance.backend_ami_east",
            "aws_instance.backend_east",
            "aws_key_pair.deployer_east",
            "aws_security_group.backend_alb",
            "aws_security_group.backend_ec2",
            "aws_security_group.bastion",
            "aws_security_group.web_sg_east",
            "aws_subnet.prod",
            "aws_vpc.prod",
            "data.aws_ami.ubuntu_east",
            "tls_private_key.auto"
          ],
          "create_before_destroy": true
        }
      ]
    },
    {
      "mode": "managed",
      "type": "aws_launch_template",
      "name": "backend_lt_west",
      "provider": "provider[\"registry.terraform.io/hashicorp/aws\"].secondary",
      "instances": [
        {
          "schema_version": 0,
          "attributes": {
            "arn": "arn:aws:ec2:us-west-1:904233103130:launch-template/lt-0c23341ed1ed66f72",
            "block_device_mappings": [],
            "capacity_reservation_specification": [],
            "cpu_options": [],
            "credit_specification": [],
            "default_version": 1,
            "description": "",
            "disable_api_stop": false,
            "disable_api_termination": false,
            "ebs_optimized": "",
            "elastic_gpu_specifications": [],
            "elastic_inference_accelerator": [],
            "enclave_options": [],
            "hibernation_options": [],
            "iam_instance_profile": [],
            "id": "lt-0c23341ed1ed66f72",
            "image_id": "ami-0350674aecf017e2a",
            "instance_initiated_shutdown_behavior": "",
            "instance_market_options": [],
            "instance_requirements": [],
            "instance_type": "t2.micro",
            "kernel_id": "",
            "key_name": "temp-key",
            "latest_version": 1,
            "license_specification": [],
            "maintenance_options": [],
            "metadata_options": [],
            "monitoring": [],
            "name": "lt-backend-west-20250906205837377300000009",
            "name_prefix": "lt-backend-west-",
            "network_interfaces": [],
            "placement": [],
            "private_dns_name_options": [],
            "ram_disk_id": "",
            "security_group_names": null,
            "tag_specifications": [],
            "tags": null,
            "tags_all": {},
            "update_default_version": null,
            "user_data": "IyEvYmluL2Jhc2gNCnN1ZG8gYXB0IHVwZGF0ZSAteQ0Kc2xlZXAgMTUwDQpzdWRvIHBtMiBzdGFydHVwDQpzdWRvIGVudiBQQVRIPSRQQVRIOi91c3IvYmluIC91c3IvbG9jYWwvc2hhcmUvLmNvbmZpZy95YXJuL2dsb2JhbC9ub2RlX21vZHVsZXMvcG0yL2Jpbi9wbTIgc3RhcnR1cCBzeXN0ZW1kIC11IHVidW50dSAtLWhwIC9ob21lL3VidW50dQ0Kc3VkbyBzeXN0ZW1jdGwgc3RhcnQgcG0yLXJvb3QNCnN1ZG8gc3lzdGVtY3RsIGVuYWJsZSBwbTItcm9vdA0K",
            "vpc_security_group_ids": [
              "sg-03ad9c156d7e7642b"
            ]
          },
          "sensitive_attributes": [],
          "private": "bnVsbA==",
          "dependencies": [
            "aws_ami_from_instance.backend_ami_west",
            "aws_instance.backend_west",
            "aws_key_pair.deployer_west",
            "aws_security_group.backend_ec2_dr",
            "aws_security_group.web_sg_west",
            "aws_subnet.dr",
            "aws_vpc.dr",
            "data.aws_ami.ubuntu_west",
            "tls_private_key.auto"
          ],
          "create_before_destroy": true
        }
      ]
    },
    {
      "mode": "managed",
      "type": "aws_launch_template",
      "name": "frontend_lt_east",
      "provider": "provider[\"registry.terraform.io/hashicorp/aws\"].primary",
      "instances": [
        {
          "schema_version": 0,
          "attributes": {
            "arn": "arn:aws:ec2:us-east-1:904233103130:launch-template/lt-05f70fdbff456daac",
            "block_device_mappings": [],
            "capacity_reservation_specification": [],
            "cpu_options": [],
            "credit_specification": [],
            "default_version": 1,
            "description": "",
            "disable_api_stop": false,
            "disable_api_termination": false,
            "ebs_optimized": "",
            "elastic_gpu_specifications": [],
            "elastic_inference_accelerator": [],
            "enclave_options": [],
            "hibernation_options": [],
            "iam_instance_profile": [],
            "id": "lt-05f70fdbff456daac",
            "image_id": "ami-0e95a5e2743ec9ec9",
            "instance_initiated_shutdown_behavior": "",
            "instance_market_options": [],
            "instance_requirements": [],
            "instance_type": "t3.micro",
            "kernel_id": "",
            "key_name": "temp-key",
            "latest_version": 1,
            "license_specification": [],
            "maintenance_options": [],
            "metadata_options": [],
            "monitoring": [],
            "name": "lt-frontend-east-20250906205605476200000003",
            "name_prefix": "lt-frontend-east-",
            "network_interfaces": [],
            "placement": [],
            "private_dns_name_options": [],
            "ram_disk_id": "",
            "security_group_names": null,
            "tag_specifications": [],
            "tags": null,
            "tags_all": {},
            "update_default_version": null,
            "user_data": "",
            "vpc_security_group_ids": [
              "sg-0fc1f215113eacb80"
            ]
          },
          "sensitive_attributes": [],
          "private": "bnVsbA==",
          "dependencies": [
            "aws_key_pair.deployer_east",
            "aws_security_group.web_sg_east",
            "aws_vpc.prod",
            "data.aws_ami.al2_east",
            "tls_private_key.auto"
          ]
        }
      ]
    },
    {
      "mode": "managed",
      "type": "aws_launch_template",
      "name": "frontend_lt_west",
      "provider": "provider[\"registry.terraform.io/hashicorp/aws\"].secondary",
      "instances": [
        {
          "schema_version": 0,
          "attributes": {
            "arn": "arn:aws:ec2:us-west-1:904233103130:launch-template/lt-0c3a589ebd1cf7bfa",
            "block_device_mappings": [],
            "capacity_reservation_specification": [],
            "cpu_options": [],
            "credit_specification": [],
            "default_version": 1,
            "description": "",
            "disable_api_stop": false,
            "disable_api_termination": false,
            "ebs_optimized": "",
            "elastic_gpu_specifications": [],
            "elastic_inference_accelerator": [],
            "enclave_options": [],
            "hibernation_options": [],
            "iam_instance_profile": [],
            "id": "lt-0c3a589ebd1cf7bfa",
            "image_id": "ami-046725e08ac7ca4aa",
            "instance_initiated_shutdown_behavior": "",
            "instance_market_options": [],
            "instance_requirements": [],
            "instance_type": "t2.micro",
            "kernel_id": "",
            "key_name": "temp-key",
            "latest_version": 1,
            "license_specification": [],
            "maintenance_options": [],
            "metadata_options": [],
            "monitoring": [],
            "name": "lt-frontend-west-20250906205833219700000007",
            "name_prefix": "lt-frontend-west-",
            "network_interfaces": [],
            "placement": [],
            "private_dns_name_options": [],
            "ram_disk_id": "",
            "security_group_names": null,
            "tag_specifications": [],
            "tags": null,
            "tags_all": {},
            "update_default_version": null,
            "user_data": "IyEvYmluL2Jhc2gNCnN1ZG8gYXB0IHVwZGF0ZSAteQ0Kc2xlZXAgOTANCnN1ZG8gc3lzdGVtY3RsIHN0YXJ0IGFwYWNoZTIuc2VydmljZQ0K",
            "vpc_security_group_ids": [
              "sg-08e0fcdc005ee68f9"
            ]
          },
          "sensitive_attributes": [],
          "private": "bnVsbA==",
          "dependencies": [
            "aws_ami_from_instance.frontend_ami_west",
            "aws_instance.frontend_west",
            "aws_key_pair.deployer_west",
            "aws_security_group.frontend_ec2_dr",
            "aws_security_group.web_sg_west",
            "aws_subnet.dr",
            "aws_vpc.dr",
            "data.aws_ami.ubuntu_west",
            "tls_private_key.auto"
          ],
          "create_before_destroy": true
        }
      ]
    },
    {
      "mode": "managed",
      "type": "aws_lb",
      "name": "backend_alb",
      "provider": "provider[\"registry.terraform.io/hashicorp/aws\"].primary",
      "instances": [
        {
          "schema_version": 0,
          "attributes": {
            "access_logs": [
              {
                "bucket": "",
                "enabled": false,
                "prefix": ""
              }
            ],
            "arn": "arn:aws:elasticloadbalancing:us-east-1:904233103130:loadbalancer/app/ALB-backend/9b5dabfedefe5278",
            "arn_suffix": "app/ALB-backend/9b5dabfedefe5278",
            "client_keep_alive": 3600,
            "connection_logs": [
              {
                "bucket": "",
                "enabled": false,
                "prefix": ""
              }
            ],
            "customer_owned_ipv4_pool": "",
            "desync_mitigation_mode": "defensive",
            "dns_name": "internal-ALB-backend-1516257325.us-east-1.elb.amazonaws.com",
            "dns_record_client_routing_policy": null,
            "drop_invalid_header_fields": false,
            "enable_cross_zone_load_balancing": true,
            "enable_deletion_protection": false,
            "enable_http2": true,
            "enable_tls_version_and_cipher_suite_headers": false,
            "enable_waf_fail_open": false,
            "enable_xff_client_port": false,
            "enable_zonal_shift": false,
            "enforce_security_group_inbound_rules_on_private_link_traffic": "",
            "id": "arn:aws:elasticloadbalancing:us-east-1:904233103130:loadbalancer/app/ALB-backend/9b5dabfedefe5278",
            "idle_timeout": 60,
            "internal": true,
            "ip_address_type": "ipv4",
            "ipam_pools": [],
            "load_balancer_type": "application",
            "minimum_load_balancer_capacity": [],
            "name": "ALB-backend",
            "name_prefix": "",
            "preserve_host_header": false,
            "security_groups": [
              "sg-0f30d2e8ca52cef9e"
            ],
            "subnet_mapping": [
              {
                "allocation_id": "",
                "ipv6_address": "",
                "outpost_id": "",
                "private_ipv4_address": "",
                "subnet_id": "subnet-0b593d7a85b17ca0b"
              },
              {
                "allocation_id": "",
                "ipv6_address": "",
                "outpost_id": "",
                "private_ipv4_address": "",
                "subnet_id": "subnet-0d47737bcd81aa780"
              }
            ],
            "subnets": [
              "subnet-0b593d7a85b17ca0b",
              "subnet-0d47737bcd81aa780"
            ],
            "tags": {
              "Name": "backend-alb"
            },
            "tags_all": {
              "Name": "backend-alb"
            },
            "timeouts": null,
            "vpc_id": "vpc-0fce9d5a568cd2f4e",
            "xff_header_processing_mode": "append",
            "zone_id": "Z35SXDOTRQ7X7K"
          },
          "sensitive_attributes": [],
          "private": "eyJlMmJmYjczMC1lY2FhLTExZTYtOGY4OC0zNDM2M2JjN2M0YzAiOnsiY3JlYXRlIjo2MDAwMDAwMDAwMDAsImRlbGV0ZSI6NjAwMDAwMDAwMDAwLCJ1cGRhdGUiOjYwMDAwMDAwMDAwMH19",
          "dependencies": [
            "aws_security_group.backend_alb",
            "aws_subnet.prod",
            "aws_vpc.prod",
            "data.aws_subnets.private"
          ]
        }
      ]
    },
    {
      "mode": "managed",
      "type": "aws_lb",
      "name": "frontend_alb",
      "provider": "provider[\"registry.terraform.io/hashicorp/aws\"].primary",
      "instances": [
        {
          "schema_version": 0,
          "attributes": {
            "access_logs": [
              {
                "bucket": "",
                "enabled": false,
                "prefix": ""
              }
            ],
            "arn": "arn:aws:elasticloadbalancing:us-east-1:904233103130:loadbalancer/app/ALB-frontend/1ac67be9255dda50",
            "arn_suffix": "app/ALB-frontend/1ac67be9255dda50",
            "client_keep_alive": 3600,
            "connection_logs": [
              {
                "bucket": "",
                "enabled": false,
                "prefix": ""
              }
            ],
            "customer_owned_ipv4_pool": "",
            "desync_mitigation_mode": "defensive",
            "dns_name": "ALB-frontend-2036491607.us-east-1.elb.amazonaws.com",
            "dns_record_client_routing_policy": null,
            "drop_invalid_header_fields": false,
            "enable_cross_zone_load_balancing": true,
            "enable_deletion_protection": false,
            "enable_http2": true,
            "enable_tls_version_and_cipher_suite_headers": false,
            "enable_waf_fail_open": false,
            "enable_xff_client_port": false,
            "enable_zonal_shift": false,
            "enforce_security_group_inbound_rules_on_private_link_traffic": "",
            "id": "arn:aws:elasticloadbalancing:us-east-1:904233103130:loadbalancer/app/ALB-frontend/1ac67be9255dda50",
            "idle_timeout": 60,
            "internal": false,
            "ip_address_type": "ipv4",
            "ipam_pools": [],
            "load_balancer_type": "application",
            "minimum_load_balancer_capacity": [],
            "name": "ALB-frontend",
            "name_prefix": "",
            "preserve_host_header": false,
            "security_groups": [
              "sg-0042998faee260a86"
            ],
            "subnet_mapping": [
              {
                "allocation_id": "",
                "ipv6_address": "",
                "outpost_id": "",
                "private_ipv4_address": "",
                "subnet_id": "subnet-0b593d7a85b17ca0b"
              },
              {
                "allocation_id": "",
                "ipv6_address": "",
                "outpost_id": "",
                "private_ipv4_address": "",
                "subnet_id": "subnet-0d47737bcd81aa780"
              }
            ],
            "subnets": [
              "subnet-0b593d7a85b17ca0b",
              "subnet-0d47737bcd81aa780"
            ],
            "tags": {
              "Name": "frontend-alb"
            },
            "tags_all": {
              "Name": "frontend-alb"
            },
            "timeouts": null,
            "vpc_id": "vpc-0fce9d5a568cd2f4e",
            "xff_header_processing_mode": "append",
            "zone_id": "Z35SXDOTRQ7X7K"
          },
          "sensitive_attributes": [],
          "private": "eyJlMmJmYjczMC1lY2FhLTExZTYtOGY4OC0zNDM2M2JjN2M0YzAiOnsiY3JlYXRlIjo2MDAwMDAwMDAwMDAsImRlbGV0ZSI6NjAwMDAwMDAwMDAwLCJ1cGRhdGUiOjYwMDAwMDAwMDAwMH19",
          "dependencies": [
            "aws_security_group.alb_frontend_sg",
            "aws_subnet.prod",
            "aws_vpc.prod"
          ]
        }
      ]
    },
    {
      "mode": "managed",
      "type": "aws_lb_listener",
      "name": "backend_http_listener",
      "provider": "provider[\"registry.terraform.io/hashicorp/aws\"].primary",
      "instances": [
        {
          "schema_version": 0,
          "attributes": {
            "alpn_policy": null,
            "arn": "arn:aws:elasticloadbalancing:us-east-1:904233103130:listener/app/ALB-backend/9b5dabfedefe5278/98e0783abc6c7933",
            "certificate_arn": null,
            "default_action": [
              {
                "authenticate_cognito": [],
                "authenticate_oidc": [],
                "fixed_response": [],
                "forward": [],
                "order": 1,
                "redirect": [],
                "target_group_arn": "arn:aws:elasticloadbalancing:us-east-1:904233103130:targetgroup/ALB-backend-TG/c953814f43059373",
                "type": "forward"
              }
            ],
            "id": "arn:aws:elasticloadbalancing:us-east-1:904233103130:listener/app/ALB-backend/9b5dabfedefe5278/98e0783abc6c7933",
            "load_balancer_arn": "arn:aws:elasticloadbalancing:us-east-1:904233103130:loadbalancer/app/ALB-backend/9b5dabfedefe5278",
            "mutual_authentication": [],
            "port": 80,
            "protocol": "HTTP",
            "routing_http_request_x_amzn_mtls_clientcert_header_name": null,
            "routing_http_request_x_amzn_mtls_clientcert_issuer_header_name": null,
            "routing_http_request_x_amzn_mtls_clientcert_leaf_header_name": null,
            "routing_http_request_x_amzn_mtls_clientcert_serial_number_header_name": null,
            "routing_http_request_x_amzn_mtls_clientcert_subject_header_name": null,
            "routing_http_request_x_amzn_mtls_clientcert_validity_header_name": null,
            "routing_http_request_x_amzn_tls_cipher_suite_header_name": null,
            "routing_http_request_x_amzn_tls_version_header_name": null,
            "routing_http_response_access_control_allow_credentials_header_value": "",
            "routing_http_response_access_control_allow_headers_header_value": "",
            "routing_http_response_access_control_allow_methods_header_value": "",
            "routing_http_response_access_control_allow_origin_header_value": "",
            "routing_http_response_access_control_expose_headers_header_value": "",
            "routing_http_response_access_control_max_age_header_value": "",
            "routing_http_response_content_security_policy_header_value": "",
            "routing_http_response_server_enabled": true,
            "routing_http_response_strict_transport_security_header_value": "",
            "routing_http_response_x_content_type_options_header_value": "",
            "routing_http_response_x_frame_options_header_value": "",
            "ssl_policy": "",
            "tags": null,
            "tags_all": {},
            "tcp_idle_timeout_seconds": null,
            "timeouts": null
          },
          "sensitive_attributes": [],
          "private": "eyJlMmJmYjczMC1lY2FhLTExZTYtOGY4OC0zNDM2M2JjN2M0YzAiOnsiY3JlYXRlIjozMDAwMDAwMDAwMDAsInVwZGF0ZSI6MzAwMDAwMDAwMDAwfX0=",
          "dependencies": [
            "aws_lb.backend_alb",
            "aws_lb_target_group.backend_tg",
            "aws_security_group.backend_alb",
            "aws_subnet.prod",
            "aws_vpc.prod",
            "data.aws_subnets.private"
          ]
        }
      ]
    },
    {
      "mode": "managed",
      "type": "aws_lb_listener",
      "name": "frontend_listener",
      "provider": "provider[\"registry.terraform.io/hashicorp/aws\"].primary",
      "instances": [
        {
          "schema_version": 0,
          "attributes": {
            "alpn_policy": null,
            "arn": "arn:aws:elasticloadbalancing:us-east-1:904233103130:listener/app/ALB-frontend/1ac67be9255dda50/efdf8dfcb53417f2",
            "certificate_arn": null,
            "default_action": [
              {
                "authenticate_cognito": [],
                "authenticate_oidc": [],
                "fixed_response": [],
                "forward": [],
                "order": 1,
                "redirect": [],
                "target_group_arn": "arn:aws:elasticloadbalancing:us-east-1:904233103130:targetgroup/ALB-frontend-TG/5bc1b548680d5665",
                "type": "forward"
              }
            ],
            "id": "arn:aws:elasticloadbalancing:us-east-1:904233103130:listener/app/ALB-frontend/1ac67be9255dda50/efdf8dfcb53417f2",
            "load_balancer_arn": "arn:aws:elasticloadbalancing:us-east-1:904233103130:loadbalancer/app/ALB-frontend/1ac67be9255dda50",
            "mutual_authentication": [],
            "port": 80,
            "protocol": "HTTP",
            "routing_http_request_x_amzn_mtls_clientcert_header_name": null,
            "routing_http_request_x_amzn_mtls_clientcert_issuer_header_name": null,
            "routing_http_request_x_amzn_mtls_clientcert_leaf_header_name": null,
            "routing_http_request_x_amzn_mtls_clientcert_serial_number_header_name": null,
            "routing_http_request_x_amzn_mtls_clientcert_subject_header_name": null,
            "routing_http_request_x_amzn_mtls_clientcert_validity_header_name": null,
            "routing_http_request_x_amzn_tls_cipher_suite_header_name": null,
            "routing_http_request_x_amzn_tls_version_header_name": null,
            "routing_http_response_access_control_allow_credentials_header_value": "",
            "routing_http_response_access_control_allow_headers_header_value": "",
            "routing_http_response_access_control_allow_methods_header_value": "",
            "routing_http_response_access_control_allow_origin_header_value": "",
            "routing_http_response_access_control_expose_headers_header_value": "",
            "routing_http_response_access_control_max_age_header_value": "",
            "routing_http_response_content_security_policy_header_value": "",
            "routing_http_response_server_enabled": true,
            "routing_http_response_strict_transport_security_header_value": "",
            "routing_http_response_x_content_type_options_header_value": "",
            "routing_http_response_x_frame_options_header_value": "",
            "ssl_policy": "",
            "tags": null,
            "tags_all": {},
            "tcp_idle_timeout_seconds": null,
            "timeouts": null
          },
          "sensitive_attributes": [],
          "private": "eyJlMmJmYjczMC1lY2FhLTExZTYtOGY4OC0zNDM2M2JjN2M0YzAiOnsiY3JlYXRlIjozMDAwMDAwMDAwMDAsInVwZGF0ZSI6MzAwMDAwMDAwMDAwfX0=",
          "dependencies": [
            "aws_lb.frontend_alb",
            "aws_lb_target_group.frontend_tg",
            "aws_security_group.alb_frontend_sg",
            "aws_subnet.prod",
            "aws_vpc.prod"
          ]
        }
      ]
    },
    {
      "mode": "managed",
      "type": "aws_lb_target_group",
      "name": "backend_tg",
      "provider": "provider[\"registry.terraform.io/hashicorp/aws\"].primary",
      "instances": [
        {
          "schema_version": 0,
          "attributes": {
            "arn": "arn:aws:elasticloadbalancing:us-east-1:904233103130:targetgroup/ALB-backend-TG/c953814f43059373",
            "arn_suffix": "targetgroup/ALB-backend-TG/c953814f43059373",
            "connection_termination": null,
            "deregistration_delay": "300",
            "health_check": [
              {
                "enabled": true,
                "healthy_threshold": 2,
                "interval": 30,
                "matcher": "200-399",
                "path": "/",
                "port": "traffic-port",
                "protocol": "HTTP",
                "timeout": 5,
                "unhealthy_threshold": 2
              }
            ],
            "id": "arn:aws:elasticloadbalancing:us-east-1:904233103130:targetgroup/ALB-backend-TG/c953814f43059373",
            "ip_address_type": "ipv4",
            "lambda_multi_value_headers_enabled": false,
            "load_balancer_arns": [],
            "load_balancing_algorithm_type": "round_robin",
            "load_balancing_anomaly_mitigation": "off",
            "load_balancing_cross_zone_enabled": "use_load_balancer_configuration",
            "name": "ALB-backend-TG",
            "name_prefix": "",
            "port": 80,
            "preserve_client_ip": null,
            "protocol": "HTTP",
            "protocol_version": "HTTP1",
            "proxy_protocol_v2": false,
            "slow_start": 0,
            "stickiness": [
              {
                "cookie_duration": 86400,
                "cookie_name": "",
                "enabled": false,
                "type": "lb_cookie"
              }
            ],
            "tags": null,
            "tags_all": {},
            "target_failover": [
              {
                "on_deregistration": null,
                "on_unhealthy": null
              }
            ],
            "target_group_health": [
              {
                "dns_failover": [
                  {
                    "minimum_healthy_targets_count": "1",
                    "minimum_healthy_targets_percentage": "off"
                  }
                ],
                "unhealthy_state_routing": [
                  {
                    "minimum_healthy_targets_count": 1,
                    "minimum_healthy_targets_percentage": "off"
                  }
                ]
              }
            ],
            "target_health_state": [
              {
                "enable_unhealthy_connection_termination": null,
                "unhealthy_draining_interval": null
              }
            ],
            "target_type": "instance",
            "vpc_id": "vpc-0fce9d5a568cd2f4e"
          },
          "sensitive_attributes": [],
          "private": "bnVsbA==",
          "dependencies": [
            "aws_vpc.prod"
          ]
        }
      ]
    },
    {
      "mode": "managed",
      "type": "aws_lb_target_group",
      "name": "frontend_tg",
      "provider": "provider[\"registry.terraform.io/hashicorp/aws\"].primary",
      "instances": [
        {
          "schema_version": 0,
          "attributes": {
            "arn": "arn:aws:elasticloadbalancing:us-east-1:904233103130:targetgroup/ALB-frontend-TG/5bc1b548680d5665",
            "arn_suffix": "targetgroup/ALB-frontend-TG/5bc1b548680d5665",
            "connection_termination": null,
            "deregistration_delay": "300",
            "health_check": [
              {
                "enabled": true,
                "healthy_threshold": 2,
                "interval": 30,
                "matcher": "200-399",
                "path": "/",
                "port": "traffic-port",
                "protocol": "HTTP",
                "timeout": 5,
                "unhealthy_threshold": 2
              }
            ],
            "id": "arn:aws:elasticloadbalancing:us-east-1:904233103130:targetgroup/ALB-frontend-TG/5bc1b548680d5665",
            "ip_address_type": "ipv4",
            "lambda_multi_value_headers_enabled": false,
            "load_balancer_arns": [],
            "load_balancing_algorithm_type": "round_robin",
            "load_balancing_anomaly_mitigation": "off",
            "load_balancing_cross_zone_enabled": "use_load_balancer_configuration",
            "name": "ALB-frontend-TG",
            "name_prefix": "",
            "port": 80,
            "preserve_client_ip": null,
            "protocol": "HTTP",
            "protocol_version": "HTTP1",
            "proxy_protocol_v2": false,
            "slow_start": 0,
            "stickiness": [
              {
                "cookie_duration": 86400,
                "cookie_name": "",
                "enabled": false,
                "type": "lb_cookie"
              }
            ],
            "tags": null,
            "tags_all": {},
            "target_failover": [
              {
                "on_deregistration": null,
                "on_unhealthy": null
              }
            ],
            "target_group_health": [
              {
                "dns_failover": [
                  {
                    "minimum_healthy_targets_count": "1",
                    "minimum_healthy_targets_percentage": "off"
                  }
                ],
                "unhealthy_state_routing": [
                  {
                    "minimum_healthy_targets_count": 1,
                    "minimum_healthy_targets_percentage": "off"
                  }
                ]
              }
            ],
            "target_health_state": [
              {
                "enable_unhealthy_connection_termination": null,
                "unhealthy_draining_interval": null
              }
            ],
            "target_type": "instance",
            "vpc_id": "vpc-0fce9d5a568cd2f4e"
          },
          "sensitive_attributes": [],
          "private": "bnVsbA==",
          "dependencies": [
            "aws_vpc.prod"
          ]
        }
      ]
    },
    {
      "mode": "managed",
      "type": "aws_lb_target_group",
      "name": "tg_backend_dr",
      "provider": "provider[\"registry.terraform.io/hashicorp/aws\"].secondary",
      "instances": [
        {
          "schema_version": 0,
          "attributes": {
            "arn": "arn:aws:elasticloadbalancing:us-west-1:904233103130:targetgroup/tg-backend-dr/9b1374b71570daff",
            "arn_suffix": "targetgroup/tg-backend-dr/9b1374b71570daff",
            "connection_termination": null,
            "deregistration_delay": "300",
            "health_check": [
              {
                "enabled": true,
                "healthy_threshold": 3,
                "interval": 30,
                "matcher": "200",
                "path": "/health",
                "port": "traffic-port",
                "protocol": "HTTP",
                "timeout": 5,
                "unhealthy_threshold": 3
              }
            ],
            "id": "arn:aws:elasticloadbalancing:us-west-1:904233103130:targetgroup/tg-backend-dr/9b1374b71570daff",
            "ip_address_type": "ipv4",
            "lambda_multi_value_headers_enabled": false,
            "load_balancer_arns": [],
            "load_balancing_algorithm_type": "round_robin",
            "load_balancing_anomaly_mitigation": "off",
            "load_balancing_cross_zone_enabled": "use_load_balancer_configuration",
            "name": "tg-backend-dr",
            "name_prefix": "",
            "port": 3000,
            "preserve_client_ip": null,
            "protocol": "HTTP",
            "protocol_version": "HTTP1",
            "proxy_protocol_v2": false,
            "slow_start": 0,
            "stickiness": [
              {
                "cookie_duration": 86400,
                "cookie_name": "",
                "enabled": false,
                "type": "lb_cookie"
              }
            ],
            "tags": null,
            "tags_all": {},
            "target_failover": [
              {
                "on_deregistration": null,
                "on_unhealthy": null
              }
            ],
            "target_group_health": [
              {
                "dns_failover": [
                  {
                    "minimum_healthy_targets_count": "1",
                    "minimum_healthy_targets_percentage": "off"
                  }
                ],
                "unhealthy_state_routing": [
                  {
                    "minimum_healthy_targets_count": 1,
                    "minimum_healthy_targets_percentage": "off"
                  }
                ]
              }
            ],
            "target_health_state": [
              {
                "enable_unhealthy_connection_termination": null,
                "unhealthy_draining_interval": null
              }
            ],
            "target_type": "instance",
            "vpc_id": "vpc-04ed3ce8471d0801f"
          },
          "sensitive_attributes": [],
          "private": "bnVsbA==",
          "dependencies": [
            "aws_vpc.dr"
          ],
          "create_before_destroy": true
        }
      ]
    },
    {
      "mode": "managed",
      "type": "aws_lb_target_group",
      "name": "tg_frontend_dr",
      "provider": "provider[\"registry.terraform.io/hashicorp/aws\"].secondary",
      "instances": [
        {
          "schema_version": 0,
          "attributes": {
            "arn": "arn:aws:elasticloadbalancing:us-west-1:904233103130:targetgroup/tg-frontend-dr/d926bf32de58e749",
            "arn_suffix": "targetgroup/tg-frontend-dr/d926bf32de58e749",
            "connection_termination": null,
            "deregistration_delay": "300",
            "health_check": [
              {
                "enabled": true,
                "healthy_threshold": 3,
                "interval": 30,
                "matcher": "200",
                "path": "/",
                "port": "traffic-port",
                "protocol": "HTTP",
                "timeout": 5,
                "unhealthy_threshold": 3
              }
            ],
            "id": "arn:aws:elasticloadbalancing:us-west-1:904233103130:targetgroup/tg-frontend-dr/d926bf32de58e749",
            "ip_address_type": "ipv4",
            "lambda_multi_value_headers_enabled": false,
            "load_balancer_arns": [],
            "load_balancing_algorithm_type": "round_robin",
            "load_balancing_anomaly_mitigation": "off",
            "load_balancing_cross_zone_enabled": "use_load_balancer_configuration",
            "name": "tg-frontend-dr",
            "name_prefix": "",
            "port": 80,
            "preserve_client_ip": null,
            "protocol": "HTTP",
            "protocol_version": "HTTP1",
            "proxy_protocol_v2": false,
            "slow_start": 0,
            "stickiness": [
              {
                "cookie_duration": 86400,
                "cookie_name": "",
                "enabled": false,
                "type": "lb_cookie"
              }
            ],
            "tags": null,
            "tags_all": {},
            "target_failover": [
              {
                "on_deregistration": null,
                "on_unhealthy": null
              }
            ],
            "target_group_health": [
              {
                "dns_failover": [
                  {
                    "minimum_healthy_targets_count": "1",
                    "minimum_healthy_targets_percentage": "off"
                  }
                ],
                "unhealthy_state_routing": [
                  {
                    "minimum_healthy_targets_count": 1,
                    "minimum_healthy_targets_percentage": "off"
                  }
                ]
              }
            ],
            "target_health_state": [
              {
                "enable_unhealthy_connection_termination": null,
                "unhealthy_draining_interval": null
              }
            ],
            "target_type": "instance",
            "vpc_id": "vpc-04ed3ce8471d0801f"
          },
          "sensitive_attributes": [],
          "private": "bnVsbA==",
          "dependencies": [
            "aws_vpc.dr"
          ],
          "create_before_destroy": true
        }
      ]
    },
    {
      "mode": "managed",
      "type": "aws_lb_target_group_attachment",
      "name": "backend_attach",
      "provider": "provider[\"registry.terraform.io/hashicorp/aws\"].primary",
      "instances": [
        {
          "schema_version": 0,
          "attributes": {
            "availability_zone": null,
            "id": "arn:aws:elasticloadbalancing:us-east-1:904233103130:targetgroup/ALB-backend-TG/c953814f43059373-2025090620565157990000000a",
            "port": 80,
            "target_group_arn": "arn:aws:elasticloadbalancing:us-east-1:904233103130:targetgroup/ALB-backend-TG/c953814f43059373",
            "target_id": "i-0400be2e43d5812b6"
          },
          "sensitive_attributes": [],
          "private": "bnVsbA==",
          "dependencies": [
            "aws_instance.backend_east",
            "aws_key_pair.deployer_east",
            "aws_lb_target_group.backend_tg",
            "aws_security_group.web_sg_east",
            "aws_subnet.prod",
            "aws_vpc.prod",
            "data.aws_ami.ubuntu_east",
            "tls_private_key.auto"
          ]
        }
      ]
    },
    {
      "mode": "managed",
      "type": "aws_lb_target_group_attachment",
      "name": "frontend_attach",
      "provider": "provider[\"registry.terraform.io/hashicorp/aws\"].primary",
      "instances": [
        {
          "schema_version": 0,
          "attributes": {
            "availability_zone": null,
            "id": "arn:aws:elasticloadbalancing:us-east-1:904233103130:targetgroup/ALB-frontend-TG/5bc1b548680d5665-20250906205647609700000009",
            "port": 80,
            "target_group_arn": "arn:aws:elasticloadbalancing:us-east-1:904233103130:targetgroup/ALB-frontend-TG/5bc1b548680d5665",
            "target_id": "i-02743cad4cf20653c"
          },
          "sensitive_attributes": [],
          "private": "bnVsbA==",
          "dependencies": [
            "aws_instance.frontend_east",
            "aws_key_pair.deployer_east",
            "aws_lb_target_group.frontend_tg",
            "aws_security_group.web_sg_east",
            "aws_subnet.prod",
            "aws_vpc.prod",
            "data.aws_ami.ubuntu_east",
            "tls_private_key.auto"
          ]
        }
      ]
    },
    {
      "mode": "managed",
      "type": "aws_nat_gateway",
      "name": "dr_nat",
      "provider": "provider[\"registry.terraform.io/hashicorp/aws\"].secondary",
      "instances": [
        {
          "schema_version": 0,
          "attributes": {
            "allocation_id": "eipalloc-0bde9a6ad653f2c3f",
            "association_id": "eipassoc-07c6803b4733b143a",
            "connectivity_type": "public",
            "id": "nat-0c74e35f74bc072a2",
            "network_interface_id": "eni-0e4ca4f6fd34aa47a",
            "private_ip": "172.20.1.160",
            "public_ip": "13.52.170.130",
            "secondary_allocation_ids": null,
            "secondary_private_ip_address_count": 0,
            "secondary_private_ip_addresses": [],
            "subnet_id": "subnet-02d138f4f702cc156",
            "tags": {
              "Name": "nat-dr"
            },
            "tags_all": {
              "Name": "nat-dr"
            },
            "timeouts": null
          },
          "sensitive_attributes": [],
          "private": "eyJlMmJmYjczMC1lY2FhLTExZTYtOGY4OC0zNDM2M2JjN2M0YzAiOnsiY3JlYXRlIjo2MDAwMDAwMDAwMDAsImRlbGV0ZSI6MTgwMDAwMDAwMDAwMCwidXBkYXRlIjo2MDAwMDAwMDAwMDB9fQ==",
          "dependencies": [
            "aws_eip.dr_nat_eip",
            "aws_internet_gateway.dr_igw",
            "aws_subnet.dr",
            "aws_vpc.dr"
          ]
        }
      ]
    },
    {
      "mode": "managed",
      "type": "aws_nat_gateway",
      "name": "prod_nat",
      "provider": "provider[\"registry.terraform.io/hashicorp/aws\"].primary",
      "instances": [
        {
          "schema_version": 0,
          "attributes": {
            "allocation_id": "eipalloc-06a099e54d589ad82",
            "association_id": "eipassoc-0c41f428344c0e24f",
            "connectivity_type": "public",
            "id": "nat-0e7fedbfdba75f575",
            "network_interface_id": "eni-0c7753f42ad2b22e2",
            "private_ip": "172.20.1.79",
            "public_ip": "54.208.32.186",
            "secondary_allocation_ids": null,
            "secondary_private_ip_address_count": 0,
            "secondary_private_ip_addresses": [],
            "subnet_id": "subnet-0d47737bcd81aa780",
            "tags": {
              "Name": "nat-prod"
            },
            "tags_all": {
              "Name": "nat-prod"
            },
            "timeouts": null
          },
          "sensitive_attributes": [],
          "private": "eyJlMmJmYjczMC1lY2FhLTExZTYtOGY4OC0zNDM2M2JjN2M0YzAiOnsiY3JlYXRlIjo2MDAwMDAwMDAwMDAsImRlbGV0ZSI6MTgwMDAwMDAwMDAwMCwidXBkYXRlIjo2MDAwMDAwMDAwMDB9fQ==",
          "dependencies": [
            "aws_eip.prod_nat_eip",
            "aws_internet_gateway.prod_igw",
            "aws_subnet.prod",
            "aws_vpc.prod"
          ]
        }
      ]
    },
    {
      "mode": "managed",
      "type": "aws_route53_health_check",
      "name": "backend_hc",
      "provider": "provider[\"registry.terraform.io/hashicorp/aws\"]",
      "instances": [
        {
          "schema_version": 0,
          "attributes": {
            "arn": "arn:aws:route53:::healthcheck/33d12758-ad1f-480c-a55f-c464844d2a6c",
            "child_health_threshold": 0,
            "child_healthchecks": null,
            "cloudwatch_alarm_name": null,
            "cloudwatch_alarm_region": null,
            "disabled": false,
            "enable_sni": true,
            "failure_threshold": 3,
            "fqdn": "ALB-frontend-2036491607.us-east-1.elb.amazonaws.com",
            "id": "33d12758-ad1f-480c-a55f-c464844d2a6c",
            "insufficient_data_health_status": "",
            "invert_healthcheck": false,
            "ip_address": "",
            "measure_latency": false,
            "port": 443,
            "reference_name": null,
            "regions": [
              "eu-west-1",
              "us-east-1",
              "us-west-2"
            ],
            "request_interval": 30,
            "resource_path": "/healthz",
            "routing_control_arn": "",
            "search_string": "",
            "tags": {
              "Name": "backend-hc"
            },
            "tags_all": {
              "Name": "backend-hc"
            },
            "triggers": {},
            "type": "HTTPS"
          },
          "sensitive_attributes": [],
          "private": "bnVsbA==",
          "dependencies": [
            "aws_lb.frontend_alb",
            "aws_security_group.alb_frontend_sg",
            "aws_subnet.prod",
            "aws_vpc.prod"
          ]
        }
      ]
    },
    {
      "mode": "managed",
      "type": "aws_route53_record",
      "name": "alb_origin_cert_validation",
      "provider": "provider[\"registry.terraform.io/hashicorp/aws\"]",
      "instances": []
    },
    {
      "mode": "managed",
      "type": "aws_route53_record",
      "name": "cf_cert_validation_single",
      "provider": "provider[\"registry.terraform.io/hashicorp/aws\"]",
      "instances": [
        {
          "schema_version": 2,
          "attributes": {
            "alias": [],
            "allow_overwrite": true,
            "cidr_routing_policy": [],
            "failover_routing_policy": [],
            "fqdn": "_a6234d5ba1e2dadbd987a33b0be4044e.pietroruoppolo.club",
            "geolocation_routing_policy": [],
            "geoproximity_routing_policy": [],
            "health_check_id": "",
            "id": "Z01156203MH5V3NVDCNYO__a6234d5ba1e2dadbd987a33b0be4044e.pietroruoppolo.club_CNAME",
            "latency_routing_policy": [],
            "multivalue_answer_routing_policy": false,
            "name": "_a6234d5ba1e2dadbd987a33b0be4044e.pietroruoppolo.club",
            "records": [
              "_d0e9c8d6257f6502d57cb825f6c17058.xlfgrmvvlj.acm-validations.aws."
            ],
            "set_identifier": "",
            "timeouts": null,
            "ttl": 60,
            "type": "CNAME",
            "weighted_routing_policy": [],
            "zone_id": "Z01156203MH5V3NVDCNYO"
          },
          "sensitive_attributes": [],
          "private": "eyJlMmJmYjczMC1lY2FhLTExZTYtOGY4OC0zNDM2M2JjN2M0YzAiOnsiY3JlYXRlIjoxODAwMDAwMDAwMDAwLCJkZWxldGUiOjE4MDAwMDAwMDAwMDAsInVwZGF0ZSI6MTgwMDAwMDAwMDAwMH0sInNjaGVtYV92ZXJzaW9uIjoiMiJ9",
          "dependencies": [
            "data.aws_route53_zone.public"
          ]
        }
      ]
    },
    {
      "mode": "managed",
      "type": "aws_route53_record",
      "name": "origin_alias_to_alb",
      "provider": "provider[\"registry.terraform.io/hashicorp/aws\"]",
      "instances": [
        {
          "schema_version": 2,
          "attributes": {
            "alias": [
              {
                "evaluate_target_health": false,
                "name": "alb-frontend-2036491607.us-east-1.elb.amazonaws.com",
                "zone_id": "Z35SXDOTRQ7X7K"
              }
            ],
            "allow_overwrite": null,
            "cidr_routing_policy": [],
            "failover_routing_policy": [],
            "fqdn": "origin.threetier.exampledomain.club.pietroruoppolo.club",
            "geolocation_routing_policy": [],
            "geoproximity_routing_policy": [],
            "health_check_id": "",
            "id": "Z01156203MH5V3NVDCNYO_origin.threetier.exampledomain.club_A",
            "latency_routing_policy": [],
            "multivalue_answer_routing_policy": false,
            "name": "origin.threetier.exampledomain.club",
            "records": null,
            "set_identifier": "",
            "timeouts": null,
            "ttl": 0,
            "type": "A",
            "weighted_routing_policy": [],
            "zone_id": "Z01156203MH5V3NVDCNYO"
          },
          "sensitive_attributes": [],
          "private": "eyJlMmJmYjczMC1lY2FhLTExZTYtOGY4OC0zNDM2M2JjN2M0YzAiOnsiY3JlYXRlIjoxODAwMDAwMDAwMDAwLCJkZWxldGUiOjE4MDAwMDAwMDAwMDAsInVwZGF0ZSI6MTgwMDAwMDAwMDAwMH0sInNjaGVtYV92ZXJzaW9uIjoiMiJ9",
          "dependencies": [
            "aws_lb.frontend_alb",
            "aws_security_group.alb_frontend_sg",
            "aws_subnet.prod",
            "aws_vpc.prod",
            "data.aws_route53_zone.public"
          ]
        }
      ]
    },
    {
      "mode": "managed",
      "type": "aws_route53_zone",
      "name": "public",
      "provider": "provider[\"registry.terraform.io/hashicorp/aws\"]",
      "instances": [
        {
          "schema_version": 0,
          "attributes": {
            "arn": "arn:aws:route53:::hostedzone/Z06313841RB4Y0YW3LUF2",
            "comment": "Managed by Terraform",
            "delegation_set_id": "",
            "force_destroy": false,
            "id": "Z06313841RB4Y0YW3LUF2",
            "name": "exampledomain.club",
            "name_servers": [
              "ns-1162.awsdns-17.org",
              "ns-1827.awsdns-36.co.uk",
              "ns-414.awsdns-51.com",
              "ns-804.awsdns-36.net"
            ],
            "primary_name_server": "ns-1162.awsdns-17.org",
            "tags": null,
            "tags_all": {},
            "timeouts": null,
            "vpc": [],
            "zone_id": "Z06313841RB4Y0YW3LUF2"
          },
          "sensitive_attributes": [],
          "private": "eyJlMmJmYjczMC1lY2FhLTExZTYtOGY4OC0zNDM2M2JjN2M0YzAiOnsiY3JlYXRlIjoxODAwMDAwMDAwMDAwLCJkZWxldGUiOjE4MDAwMDAwMDAwMDAsInVwZGF0ZSI6MTgwMDAwMDAwMDAwMH19",
          "dependencies": [
            "local_file.register_domain_json",
            "null_resource.register_domain",
            "null_resource.wait_domain_registered"
          ]
        }
      ]
    },
    {
      "mode": "managed",
      "type": "aws_route_table",
      "name": "dr_private_rt",
      "provider": "provider[\"registry.terraform.io/hashicorp/aws\"].secondary",
      "instances": [
        {
          "schema_version": 0,
          "attributes": {
            "arn": "arn:aws:ec2:us-west-1:904233103130:route-table/rtb-0602d3cbd825c1c3f",
            "id": "rtb-0602d3cbd825c1c3f",
            "owner_id": "904233103130",
            "propagating_vgws": [],
            "route": [
              {
                "carrier_gateway_id": "",
                "cidr_block": "0.0.0.0/0",
                "core_network_arn": "",
                "destination_prefix_list_id": "",
                "egress_only_gateway_id": "",
                "gateway_id": "",
                "ipv6_cidr_block": "",
                "local_gateway_id": "",
                "nat_gateway_id": "nat-0c74e35f74bc072a2",
                "network_interface_id": "",
                "transit_gateway_id": "",
                "vpc_endpoint_id": "",
                "vpc_peering_connection_id": ""
              }
            ],
            "tags": {
              "Name": "rt-dr-private"
            },
            "tags_all": {
              "Name": "rt-dr-private"
            },
            "timeouts": null,
            "vpc_id": "vpc-04ed3ce8471d0801f"
          },
          "sensitive_attributes": [],
          "private": "eyJlMmJmYjczMC1lY2FhLTExZTYtOGY4OC0zNDM2M2JjN2M0YzAiOnsiY3JlYXRlIjozMDAwMDAwMDAwMDAsImRlbGV0ZSI6MzAwMDAwMDAwMDAwLCJ1cGRhdGUiOjEyMDAwMDAwMDAwMH19",
          "dependencies": [
            "aws_eip.dr_nat_eip",
            "aws_internet_gateway.dr_igw",
            "aws_nat_gateway.dr_nat",
            "aws_subnet.dr",
            "aws_vpc.dr"
          ]
        }
      ]
    },
    {
      "mode": "managed",
      "type": "aws_route_table",
      "name": "dr_public_rt",
      "provider": "provider[\"registry.terraform.io/hashicorp/aws\"].secondary",
      "instances": [
        {
          "schema_version": 0,
          "attributes": {
            "arn": "arn:aws:ec2:us-west-1:904233103130:route-table/rtb-01330cd9af5300c5e",
            "id": "rtb-01330cd9af5300c5e",
            "owner_id": "904233103130",
            "propagating_vgws": [],
            "route": [
              {
                "carrier_gateway_id": "",
                "cidr_block": "0.0.0.0/0",
                "core_network_arn": "",
                "destination_prefix_list_id": "",
                "egress_only_gateway_id": "",
                "gateway_id": "igw-034e107f87b219f93",
                "ipv6_cidr_block": "",
                "local_gateway_id": "",
                "nat_gateway_id": "",
                "network_interface_id": "",
                "transit_gateway_id": "",
                "vpc_endpoint_id": "",
                "vpc_peering_connection_id": ""
              }
            ],
            "tags": {
              "Name": "rt-dr-public"
            },
            "tags_all": {
              "Name": "rt-dr-public"
            },
            "timeouts": null,
            "vpc_id": "vpc-04ed3ce8471d0801f"
          },
          "sensitive_attributes": [],
          "private": "eyJlMmJmYjczMC1lY2FhLTExZTYtOGY4OC0zNDM2M2JjN2M0YzAiOnsiY3JlYXRlIjozMDAwMDAwMDAwMDAsImRlbGV0ZSI6MzAwMDAwMDAwMDAwLCJ1cGRhdGUiOjEyMDAwMDAwMDAwMH19",
          "dependencies": [
            "aws_internet_gateway.dr_igw",
            "aws_vpc.dr"
          ]
        }
      ]
    },
    {
      "mode": "managed",
      "type": "aws_route_table",
      "name": "prod_private_rt",
      "provider": "provider[\"registry.terraform.io/hashicorp/aws\"].primary",
      "instances": [
        {
          "schema_version": 0,
          "attributes": {
            "arn": "arn:aws:ec2:us-east-1:904233103130:route-table/rtb-049aef8aea5482aa6",
            "id": "rtb-049aef8aea5482aa6",
            "owner_id": "904233103130",
            "propagating_vgws": [],
            "route": [
              {
                "carrier_gateway_id": "",
                "cidr_block": "0.0.0.0/0",
                "core_network_arn": "",
                "destination_prefix_list_id": "",
                "egress_only_gateway_id": "",
                "gateway_id": "",
                "ipv6_cidr_block": "",
                "local_gateway_id": "",
                "nat_gateway_id": "nat-0e7fedbfdba75f575",
                "network_interface_id": "",
                "transit_gateway_id": "",
                "vpc_endpoint_id": "",
                "vpc_peering_connection_id": ""
              }
            ],
            "tags": {
              "Name": "rt-prod-private"
            },
            "tags_all": {
              "Name": "rt-prod-private"
            },
            "timeouts": null,
            "vpc_id": "vpc-0fce9d5a568cd2f4e"
          },
          "sensitive_attributes": [],
          "private": "eyJlMmJmYjczMC1lY2FhLTExZTYtOGY4OC0zNDM2M2JjN2M0YzAiOnsiY3JlYXRlIjozMDAwMDAwMDAwMDAsImRlbGV0ZSI6MzAwMDAwMDAwMDAwLCJ1cGRhdGUiOjEyMDAwMDAwMDAwMH19",
          "dependencies": [
            "aws_eip.prod_nat_eip",
            "aws_internet_gateway.prod_igw",
            "aws_nat_gateway.prod_nat",
            "aws_subnet.prod",
            "aws_vpc.prod"
          ]
        }
      ]
    },
    {
      "mode": "managed",
      "type": "aws_route_table",
      "name": "prod_public_rt",
      "provider": "provider[\"registry.terraform.io/hashicorp/aws\"].primary",
      "instances": [
        {
          "schema_version": 0,
          "attributes": {
            "arn": "arn:aws:ec2:us-east-1:904233103130:route-table/rtb-0b65bad6299bcf09e",
            "id": "rtb-0b65bad6299bcf09e",
            "owner_id": "904233103130",
            "propagating_vgws": [],
            "route": [
              {
                "carrier_gateway_id": "",
                "cidr_block": "0.0.0.0/0",
                "core_network_arn": "",
                "destination_prefix_list_id": "",
                "egress_only_gateway_id": "",
                "gateway_id": "igw-031300f5d516f61be",
                "ipv6_cidr_block": "",
                "local_gateway_id": "",
                "nat_gateway_id": "",
                "network_interface_id": "",
                "transit_gateway_id": "",
                "vpc_endpoint_id": "",
                "vpc_peering_connection_id": ""
              }
            ],
            "tags": {
              "Name": "rt-prod-public"
            },
            "tags_all": {
              "Name": "rt-prod-public"
            },
            "timeouts": null,
            "vpc_id": "vpc-0fce9d5a568cd2f4e"
          },
          "sensitive_attributes": [],
          "private": "eyJlMmJmYjczMC1lY2FhLTExZTYtOGY4OC0zNDM2M2JjN2M0YzAiOnsiY3JlYXRlIjozMDAwMDAwMDAwMDAsImRlbGV0ZSI6MzAwMDAwMDAwMDAwLCJ1cGRhdGUiOjEyMDAwMDAwMDAwMH19",
          "dependencies": [
            "aws_internet_gateway.prod_igw",
            "aws_vpc.prod"
          ]
        }
      ]
    },
    {
      "mode": "managed",
      "type": "aws_route_table_association",
      "name": "dr_priv_assoc",
      "provider": "provider[\"registry.terraform.io/hashicorp/aws\"].secondary",
      "instances": [
        {
          "index_key": "pri-sub-3a",
          "schema_version": 0,
          "attributes": {
            "gateway_id": "",
            "id": "rtbassoc-0eb8bacd9f5f56e66",
            "route_table_id": "rtb-0602d3cbd825c1c3f",
            "subnet_id": "subnet-003081b997ffb65c8",
            "timeouts": null
          },
          "sensitive_attributes": [],
          "private": "eyJlMmJmYjczMC1lY2FhLTExZTYtOGY4OC0zNDM2M2JjN2M0YzAiOnsiY3JlYXRlIjozMDAwMDAwMDAwMDAsImRlbGV0ZSI6MzAwMDAwMDAwMDAwLCJ1cGRhdGUiOjEyMDAwMDAwMDAwMH19",
          "dependencies": [
            "aws_eip.dr_nat_eip",
            "aws_internet_gateway.dr_igw",
            "aws_nat_gateway.dr_nat",
            "aws_route_table.dr_private_rt",
            "aws_subnet.dr",
            "aws_vpc.dr"
          ]
        },
        {
          "index_key": "pri-sub-4b",
          "schema_version": 0,
          "attributes": {
            "gateway_id": "",
            "id": "rtbassoc-03fbfdd1f447d1439",
            "route_table_id": "rtb-0602d3cbd825c1c3f",
            "subnet_id": "subnet-0af255412edec237a",
            "timeouts": null
          },
          "sensitive_attributes": [],
          "private": "eyJlMmJmYjczMC1lY2FhLTExZTYtOGY4OC0zNDM2M2JjN2M0YzAiOnsiY3JlYXRlIjozMDAwMDAwMDAwMDAsImRlbGV0ZSI6MzAwMDAwMDAwMDAwLCJ1cGRhdGUiOjEyMDAwMDAwMDAwMH19",
          "dependencies": [
            "aws_eip.dr_nat_eip",
            "aws_internet_gateway.dr_igw",
            "aws_nat_gateway.dr_nat",
            "aws_route_table.dr_private_rt",
            "aws_subnet.dr",
            "aws_vpc.dr"
          ]
        },
        {
          "index_key": "pri-sub-5a",
          "schema_version": 0,
          "attributes": {
            "gateway_id": "",
            "id": "rtbassoc-0423bcea608421c5e",
            "route_table_id": "rtb-0602d3cbd825c1c3f",
            "subnet_id": "subnet-03366bf47289554c1",
            "timeouts": null
          },
          "sensitive_attributes": [],
          "private": "eyJlMmJmYjczMC1lY2FhLTExZTYtOGY4OC0zNDM2M2JjN2M0YzAiOnsiY3JlYXRlIjozMDAwMDAwMDAwMDAsImRlbGV0ZSI6MzAwMDAwMDAwMDAwLCJ1cGRhdGUiOjEyMDAwMDAwMDAwMH19",
          "dependencies": [
            "aws_eip.dr_nat_eip",
            "aws_internet_gateway.dr_igw",
            "aws_nat_gateway.dr_nat",
            "aws_route_table.dr_private_rt",
            "aws_subnet.dr",
            "aws_vpc.dr"
          ]
        },
        {
          "index_key": "pri-sub-6b",
          "schema_version": 0,
          "attributes": {
            "gateway_id": "",
            "id": "rtbassoc-0b1a343baddf834d8",
            "route_table_id": "rtb-0602d3cbd825c1c3f",
            "subnet_id": "subnet-0651b3a5d59f08519",
            "timeouts": null
          },
          "sensitive_attributes": [],
          "private": "eyJlMmJmYjczMC1lY2FhLTExZTYtOGY4OC0zNDM2M2JjN2M0YzAiOnsiY3JlYXRlIjozMDAwMDAwMDAwMDAsImRlbGV0ZSI6MzAwMDAwMDAwMDAwLCJ1cGRhdGUiOjEyMDAwMDAwMDAwMH19",
          "dependencies": [
            "aws_eip.dr_nat_eip",
            "aws_internet_gateway.dr_igw",
            "aws_nat_gateway.dr_nat",
            "aws_route_table.dr_private_rt",
            "aws_subnet.dr",
            "aws_vpc.dr"
          ]
        },
        {
          "index_key": "pri-sub-7a",
          "schema_version": 0,
          "attributes": {
            "gateway_id": "",
            "id": "rtbassoc-08b2062f9a36db062",
            "route_table_id": "rtb-0602d3cbd825c1c3f",
            "subnet_id": "subnet-0f047dc43b5466446",
            "timeouts": null
          },
          "sensitive_attributes": [],
          "private": "eyJlMmJmYjczMC1lY2FhLTExZTYtOGY4OC0zNDM2M2JjN2M0YzAiOnsiY3JlYXRlIjozMDAwMDAwMDAwMDAsImRlbGV0ZSI6MzAwMDAwMDAwMDAwLCJ1cGRhdGUiOjEyMDAwMDAwMDAwMH19",
          "dependencies": [
            "aws_eip.dr_nat_eip",
            "aws_internet_gateway.dr_igw",
            "aws_nat_gateway.dr_nat",
            "aws_route_table.dr_private_rt",
            "aws_subnet.dr",
            "aws_vpc.dr"
          ]
        },
        {
          "index_key": "pri-sub-8b",
          "schema_version": 0,
          "attributes": {
            "gateway_id": "",
            "id": "rtbassoc-08693d7d051084b9d",
            "route_table_id": "rtb-0602d3cbd825c1c3f",
            "subnet_id": "subnet-053fd6d1f21e2307d",
            "timeouts": null
          },
          "sensitive_attributes": [],
          "private": "eyJlMmJmYjczMC1lY2FhLTExZTYtOGY4OC0zNDM2M2JjN2M0YzAiOnsiY3JlYXRlIjozMDAwMDAwMDAwMDAsImRlbGV0ZSI6MzAwMDAwMDAwMDAwLCJ1cGRhdGUiOjEyMDAwMDAwMDAwMH19",
          "dependencies": [
            "aws_eip.dr_nat_eip",
            "aws_internet_gateway.dr_igw",
            "aws_nat_gateway.dr_nat",
            "aws_route_table.dr_private_rt",
            "aws_subnet.dr",
            "aws_vpc.dr"
          ]
        }
      ]
    },
    {
      "mode": "managed",
      "type": "aws_route_table_association",
      "name": "dr_pub_assoc",
      "provider": "provider[\"registry.terraform.io/hashicorp/aws\"].secondary",
      "instances": [
        {
          "index_key": "pub-sub-1a",
          "schema_version": 0,
          "attributes": {
            "gateway_id": "",
            "id": "rtbassoc-06a61bd6b58bf851a",
            "route_table_id": "rtb-01330cd9af5300c5e",
            "subnet_id": "subnet-02d138f4f702cc156",
            "timeouts": null
          },
          "sensitive_attributes": [],
          "private": "eyJlMmJmYjczMC1lY2FhLTExZTYtOGY4OC0zNDM2M2JjN2M0YzAiOnsiY3JlYXRlIjozMDAwMDAwMDAwMDAsImRlbGV0ZSI6MzAwMDAwMDAwMDAwLCJ1cGRhdGUiOjEyMDAwMDAwMDAwMH19",
          "dependencies": [
            "aws_internet_gateway.dr_igw",
            "aws_route_table.dr_public_rt",
            "aws_subnet.dr",
            "aws_vpc.dr"
          ]
        },
        {
          "index_key": "pub-sub-2b",
          "schema_version": 0,
          "attributes": {
            "gateway_id": "",
            "id": "rtbassoc-066e42e4119f8f165",
            "route_table_id": "rtb-01330cd9af5300c5e",
            "subnet_id": "subnet-0198a5116741da7e8",
            "timeouts": null
          },
          "sensitive_attributes": [],
          "private": "eyJlMmJmYjczMC1lY2FhLTExZTYtOGY4OC0zNDM2M2JjN2M0YzAiOnsiY3JlYXRlIjozMDAwMDAwMDAwMDAsImRlbGV0ZSI6MzAwMDAwMDAwMDAwLCJ1cGRhdGUiOjEyMDAwMDAwMDAwMH19",
          "dependencies": [
            "aws_internet_gateway.dr_igw",
            "aws_route_table.dr_public_rt",
            "aws_subnet.dr",
            "aws_vpc.dr"
          ]
        }
      ]
    },
    {
      "mode": "managed",
      "type": "aws_route_table_association",
      "name": "prod_priv_assoc",
      "provider": "provider[\"registry.terraform.io/hashicorp/aws\"].primary",
      "instances": [
        {
          "index_key": "pri-sub-3a",
          "schema_version": 0,
          "attributes": {
            "gateway_id": "",
            "id": "rtbassoc-0599bd905bbdd0c11",
            "route_table_id": "rtb-049aef8aea5482aa6",
            "subnet_id": "subnet-0aeb2168080fa1392",
            "timeouts": null
          },
          "sensitive_attributes": [],
          "private": "eyJlMmJmYjczMC1lY2FhLTExZTYtOGY4OC0zNDM2M2JjN2M0YzAiOnsiY3JlYXRlIjozMDAwMDAwMDAwMDAsImRlbGV0ZSI6MzAwMDAwMDAwMDAwLCJ1cGRhdGUiOjEyMDAwMDAwMDAwMH19",
          "dependencies": [
            "aws_eip.prod_nat_eip",
            "aws_internet_gateway.prod_igw",
            "aws_nat_gateway.prod_nat",
            "aws_route_table.prod_private_rt",
            "aws_subnet.prod",
            "aws_vpc.prod"
          ]
        },
        {
          "index_key": "pri-sub-4b",
          "schema_version": 0,
          "attributes": {
            "gateway_id": "",
            "id": "rtbassoc-01e8c0e8d18a57925",
            "route_table_id": "rtb-049aef8aea5482aa6",
            "subnet_id": "subnet-0e1dc8e76b3320641",
            "timeouts": null
          },
          "sensitive_attributes": [],
          "private": "eyJlMmJmYjczMC1lY2FhLTExZTYtOGY4OC0zNDM2M2JjN2M0YzAiOnsiY3JlYXRlIjozMDAwMDAwMDAwMDAsImRlbGV0ZSI6MzAwMDAwMDAwMDAwLCJ1cGRhdGUiOjEyMDAwMDAwMDAwMH19",
          "dependencies": [
            "aws_eip.prod_nat_eip",
            "aws_internet_gateway.prod_igw",
            "aws_nat_gateway.prod_nat",
            "aws_route_table.prod_private_rt",
            "aws_subnet.prod",
            "aws_vpc.prod"
          ]
        },
        {
          "index_key": "pri-sub-5a",
          "schema_version": 0,
          "attributes": {
            "gateway_id": "",
            "id": "rtbassoc-0a9df4a0a519743a2",
            "route_table_id": "rtb-049aef8aea5482aa6",
            "subnet_id": "subnet-01b285a804bcfdca1",
            "timeouts": null
          },
          "sensitive_attributes": [],
          "private": "eyJlMmJmYjczMC1lY2FhLTExZTYtOGY4OC0zNDM2M2JjN2M0YzAiOnsiY3JlYXRlIjozMDAwMDAwMDAwMDAsImRlbGV0ZSI6MzAwMDAwMDAwMDAwLCJ1cGRhdGUiOjEyMDAwMDAwMDAwMH19",
          "dependencies": [
            "aws_eip.prod_nat_eip",
            "aws_internet_gateway.prod_igw",
            "aws_nat_gateway.prod_nat",
            "aws_route_table.prod_private_rt",
            "aws_subnet.prod",
            "aws_vpc.prod"
          ]
        },
        {
          "index_key": "pri-sub-6b",
          "schema_version": 0,
          "attributes": {
            "gateway_id": "",
            "id": "rtbassoc-024f2eb9f234c2a99",
            "route_table_id": "rtb-049aef8aea5482aa6",
            "subnet_id": "subnet-0371811307f8fe2a1",
            "timeouts": null
          },
          "sensitive_attributes": [],
          "private": "eyJlMmJmYjczMC1lY2FhLTExZTYtOGY4OC0zNDM2M2JjN2M0YzAiOnsiY3JlYXRlIjozMDAwMDAwMDAwMDAsImRlbGV0ZSI6MzAwMDAwMDAwMDAwLCJ1cGRhdGUiOjEyMDAwMDAwMDAwMH19",
          "dependencies": [
            "aws_eip.prod_nat_eip",
            "aws_internet_gateway.prod_igw",
            "aws_nat_gateway.prod_nat",
            "aws_route_table.prod_private_rt",
            "aws_subnet.prod",
            "aws_vpc.prod"
          ]
        },
        {
          "index_key": "pri-sub-7a",
          "schema_version": 0,
          "attributes": {
            "gateway_id": "",
            "id": "rtbassoc-0dbabcb62f2bfff2d",
            "route_table_id": "rtb-049aef8aea5482aa6",
            "subnet_id": "subnet-0ab1e11b099424796",
            "timeouts": null
          },
          "sensitive_attributes": [],
          "private": "eyJlMmJmYjczMC1lY2FhLTExZTYtOGY4OC0zNDM2M2JjN2M0YzAiOnsiY3JlYXRlIjozMDAwMDAwMDAwMDAsImRlbGV0ZSI6MzAwMDAwMDAwMDAwLCJ1cGRhdGUiOjEyMDAwMDAwMDAwMH19",
          "dependencies": [
            "aws_eip.prod_nat_eip",
            "aws_internet_gateway.prod_igw",
            "aws_nat_gateway.prod_nat",
            "aws_route_table.prod_private_rt",
            "aws_subnet.prod",
            "aws_vpc.prod"
          ]
        },
        {
          "index_key": "pri-sub-8b",
          "schema_version": 0,
          "attributes": {
            "gateway_id": "",
            "id": "rtbassoc-04576fa3151a29390",
            "route_table_id": "rtb-049aef8aea5482aa6",
            "subnet_id": "subnet-0f0922da130fdf3c7",
            "timeouts": null
          },
          "sensitive_attributes": [],
          "private": "eyJlMmJmYjczMC1lY2FhLTExZTYtOGY4OC0zNDM2M2JjN2M0YzAiOnsiY3JlYXRlIjozMDAwMDAwMDAwMDAsImRlbGV0ZSI6MzAwMDAwMDAwMDAwLCJ1cGRhdGUiOjEyMDAwMDAwMDAwMH19",
          "dependencies": [
            "aws_eip.prod_nat_eip",
            "aws_internet_gateway.prod_igw",
            "aws_nat_gateway.prod_nat",
            "aws_route_table.prod_private_rt",
            "aws_subnet.prod",
            "aws_vpc.prod"
          ]
        }
      ]
    },
    {
      "mode": "managed",
      "type": "aws_route_table_association",
      "name": "prod_pub_assoc",
      "provider": "provider[\"registry.terraform.io/hashicorp/aws\"].primary",
      "instances": [
        {
          "index_key": "pub-sub-1a",
          "schema_version": 0,
          "attributes": {
            "gateway_id": "",
            "id": "rtbassoc-04f020e47387a9f57",
            "route_table_id": "rtb-0b65bad6299bcf09e",
            "subnet_id": "subnet-0d47737bcd81aa780",
            "timeouts": null
          },
          "sensitive_attributes": [],
          "private": "eyJlMmJmYjczMC1lY2FhLTExZTYtOGY4OC0zNDM2M2JjN2M0YzAiOnsiY3JlYXRlIjozMDAwMDAwMDAwMDAsImRlbGV0ZSI6MzAwMDAwMDAwMDAwLCJ1cGRhdGUiOjEyMDAwMDAwMDAwMH19",
          "dependencies": [
            "aws_internet_gateway.prod_igw",
            "aws_route_table.prod_public_rt",
            "aws_subnet.prod",
            "aws_vpc.prod"
          ]
        },
        {
          "index_key": "pub-sub-2b",
          "schema_version": 0,
          "attributes": {
            "gateway_id": "",
            "id": "rtbassoc-0dd850007265f3923",
            "route_table_id": "rtb-0b65bad6299bcf09e",
            "subnet_id": "subnet-0b593d7a85b17ca0b",
            "timeouts": null
          },
          "sensitive_attributes": [],
          "private": "eyJlMmJmYjczMC1lY2FhLTExZTYtOGY4OC0zNDM2M2JjN2M0YzAiOnsiY3JlYXRlIjozMDAwMDAwMDAwMDAsImRlbGV0ZSI6MzAwMDAwMDAwMDAwLCJ1cGRhdGUiOjEyMDAwMDAwMDAwMH19",
          "dependencies": [
            "aws_internet_gateway.prod_igw",
            "aws_route_table.prod_public_rt",
            "aws_subnet.prod",
            "aws_vpc.prod"
          ]
        }
      ]
    },
    {
      "mode": "managed",
      "type": "aws_s3_bucket",
      "name": "logs",
      "provider": "provider[\"registry.terraform.io/hashicorp/aws\"]",
      "instances": [
        {
          "schema_version": 0,
          "attributes": {
            "acceleration_status": "",
            "acl": null,
            "arn": "arn:aws:s3:::myproj-prod-logs",
            "bucket": "myproj-prod-logs",
            "bucket_domain_name": "myproj-prod-logs.s3.amazonaws.com",
            "bucket_prefix": "",
            "bucket_regional_domain_name": "myproj-prod-logs.s3.eu-west-1.amazonaws.com",
            "cors_rule": [],
            "force_destroy": false,
            "grant": [
              {
                "id": "993575b5d48db42a9341a5d000ded4e5722a5e523213806589ae50924584c623",
                "permissions": [
                  "FULL_CONTROL"
                ],
                "type": "CanonicalUser",
                "uri": ""
              }
            ],
            "hosted_zone_id": "Z1BKCTXD74EZPE",
            "id": "myproj-prod-logs",
            "lifecycle_rule": [],
            "logging": [],
            "object_lock_configuration": [],
            "object_lock_enabled": false,
            "policy": "",
            "region": "eu-west-1",
            "replication_configuration": [],
            "request_payer": "BucketOwner",
            "server_side_encryption_configuration": [
              {
                "rule": [
                  {
                    "apply_server_side_encryption_by_default": [
                      {
                        "kms_master_key_id": "",
                        "sse_algorithm": "AES256"
                      }
                    ],
                    "bucket_key_enabled": false
                  }
                ]
              }
            ],
            "tags": null,
            "tags_all": {},
            "timeouts": null,
            "versioning": [
              {
                "enabled": false,
                "mfa_delete": false
              }
            ],
            "website": [],
            "website_domain": null,
            "website_endpoint": null
          },
          "sensitive_attributes": [],
          "private": "eyJlMmJmYjczMC1lY2FhLTExZTYtOGY4OC0zNDM2M2JjN2M0YzAiOnsiY3JlYXRlIjoxMjAwMDAwMDAwMDAwLCJkZWxldGUiOjM2MDAwMDAwMDAwMDAsInJlYWQiOjEyMDAwMDAwMDAwMDAsInVwZGF0ZSI6MTIwMDAwMDAwMDAwMH19"
        }
      ]
    },
    {
      "mode": "managed",
      "type": "aws_s3_bucket",
      "name": "static",
      "provider": "provider[\"registry.terraform.io/hashicorp/aws\"]",
      "instances": [
        {
          "schema_version": 0,
          "attributes": {
            "acceleration_status": "",
            "acl": null,
            "arn": "arn:aws:s3:::myproj-prod-static-assets",
            "bucket": "myproj-prod-static-assets",
            "bucket_domain_name": "myproj-prod-static-assets.s3.amazonaws.com",
            "bucket_prefix": "",
            "bucket_regional_domain_name": "myproj-prod-static-assets.s3.eu-west-1.amazonaws.com",
            "cors_rule": [],
            "force_destroy": false,
            "grant": [
              {
                "id": "993575b5d48db42a9341a5d000ded4e5722a5e523213806589ae50924584c623",
                "permissions": [
                  "FULL_CONTROL"
                ],
                "type": "CanonicalUser",
                "uri": ""
              }
            ],
            "hosted_zone_id": "Z1BKCTXD74EZPE",
            "id": "myproj-prod-static-assets",
            "lifecycle_rule": [],
            "logging": [],
            "object_lock_configuration": [],
            "object_lock_enabled": false,
            "policy": "",
            "region": "eu-west-1",
            "replication_configuration": [],
            "request_payer": "BucketOwner",
            "server_side_encryption_configuration": [
              {
                "rule": [
                  {
                    "apply_server_side_encryption_by_default": [
                      {
                        "kms_master_key_id": "",
                        "sse_algorithm": "AES256"
                      }
                    ],
                    "bucket_key_enabled": false
                  }
                ]
              }
            ],
            "tags": null,
            "tags_all": {},
            "timeouts": null,
            "versioning": [
              {
                "enabled": false,
                "mfa_delete": false
              }
            ],
            "website": [],
            "website_domain": null,
            "website_endpoint": null
          },
          "sensitive_attributes": [],
          "private": "eyJlMmJmYjczMC1lY2FhLTExZTYtOGY4OC0zNDM2M2JjN2M0YzAiOnsiY3JlYXRlIjoxMjAwMDAwMDAwMDAwLCJkZWxldGUiOjM2MDAwMDAwMDAwMDAsInJlYWQiOjEyMDAwMDAwMDAwMDAsInVwZGF0ZSI6MTIwMDAwMDAwMDAwMH19"
        }
      ]
    },
    {
      "mode": "managed",
      "type": "aws_s3_bucket",
      "name": "tfstate",
      "provider": "provider[\"registry.terraform.io/hashicorp/aws\"]",
      "instances": [
        {
          "schema_version": 0,
          "attributes": {
            "acceleration_status": "",
            "acl": null,
            "arn": "arn:aws:s3:::tfstate-myproj-prod-904233103130-euw1",
            "bucket": "tfstate-myproj-prod-904233103130-euw1",
            "bucket_domain_name": "tfstate-myproj-prod-904233103130-euw1.s3.amazonaws.com",
            "bucket_prefix": "",
            "bucket_regional_domain_name": "tfstate-myproj-prod-904233103130-euw1.s3.eu-west-1.amazonaws.com",
            "cors_rule": [],
            "force_destroy": false,
            "grant": [
              {
                "id": "993575b5d48db42a9341a5d000ded4e5722a5e523213806589ae50924584c623",
                "permissions": [
                  "FULL_CONTROL"
                ],
                "type": "CanonicalUser",
                "uri": ""
              }
            ],
            "hosted_zone_id": "Z1BKCTXD74EZPE",
            "id": "tfstate-myproj-prod-904233103130-euw1",
            "lifecycle_rule": [],
            "logging": [],
            "object_lock_configuration": [],
            "object_lock_enabled": false,
            "policy": "",
            "region": "eu-west-1",
            "replication_configuration": [],
            "request_payer": "BucketOwner",
            "server_side_encryption_configuration": [
              {
                "rule": [
                  {
                    "apply_server_side_encryption_by_default": [
                      {
                        "kms_master_key_id": "",
                        "sse_algorithm": "AES256"
                      }
                    ],
                    "bucket_key_enabled": false
                  }
                ]
              }
            ],
            "tags": {
              "Name": "tfstate"
            },
            "tags_all": {
              "Name": "tfstate"
            },
            "timeouts": null,
            "versioning": [
              {
                "enabled": false,
                "mfa_delete": false
              }
            ],
            "website": [],
            "website_domain": null,
            "website_endpoint": null
          },
          "sensitive_attributes": [],
          "private": "eyJlMmJmYjczMC1lY2FhLTExZTYtOGY4OC0zNDM2M2JjN2M0YzAiOnsiY3JlYXRlIjoxMjAwMDAwMDAwMDAwLCJkZWxldGUiOjM2MDAwMDAwMDAwMDAsInJlYWQiOjEyMDAwMDAwMDAwMDAsInVwZGF0ZSI6MTIwMDAwMDAwMDAwMH19"
        }
      ]
    },
    {
      "mode": "managed",
      "type": "aws_s3_bucket",
      "name": "uploads",
      "provider": "provider[\"registry.terraform.io/hashicorp/aws\"]",
      "instances": [
        {
          "schema_version": 0,
          "attributes": {
            "acceleration_status": "",
            "acl": null,
            "arn": "arn:aws:s3:::myproj-prod-app-uploads",
            "bucket": "myproj-prod-app-uploads",
            "bucket_domain_name": "myproj-prod-app-uploads.s3.amazonaws.com",
            "bucket_prefix": "",
            "bucket_regional_domain_name": "myproj-prod-app-uploads.s3.eu-west-1.amazonaws.com",
            "cors_rule": [],
            "force_destroy": false,
            "grant": [
              {
                "id": "993575b5d48db42a9341a5d000ded4e5722a5e523213806589ae50924584c623",
                "permissions": [
                  "FULL_CONTROL"
                ],
                "type": "CanonicalUser",
                "uri": ""
              }
            ],
            "hosted_zone_id": "Z1BKCTXD74EZPE",
            "id": "myproj-prod-app-uploads",
            "lifecycle_rule": [],
            "logging": [],
            "object_lock_configuration": [],
            "object_lock_enabled": false,
            "policy": "",
            "region": "eu-west-1",
            "replication_configuration": [],
            "request_payer": "BucketOwner",
            "server_side_encryption_configuration": [
              {
                "rule": [
                  {
                    "apply_server_side_encryption_by_default": [
                      {
                        "kms_master_key_id": "",
                        "sse_algorithm": "AES256"
                      }
                    ],
                    "bucket_key_enabled": false
                  }
                ]
              }
            ],
            "tags": null,
            "tags_all": {},
            "timeouts": null,
            "versioning": [
              {
                "enabled": false,
                "mfa_delete": false
              }
            ],
            "website": [],
            "website_domain": null,
            "website_endpoint": null
          },
          "sensitive_attributes": [],
          "private": "eyJlMmJmYjczMC1lY2FhLTExZTYtOGY4OC0zNDM2M2JjN2M0YzAiOnsiY3JlYXRlIjoxMjAwMDAwMDAwMDAwLCJkZWxldGUiOjM2MDAwMDAwMDAwMDAsInJlYWQiOjEyMDAwMDAwMDAwMDAsInVwZGF0ZSI6MTIwMDAwMDAwMDAwMH19"
        }
      ]
    },
    {
      "mode": "managed",
      "type": "aws_s3_bucket_lifecycle_configuration",
      "name": "logs",
      "provider": "provider[\"registry.terraform.io/hashicorp/aws\"]",
      "instances": [
        {
          "schema_version": 1,
          "attributes": {
            "bucket": "myproj-prod-logs",
            "expected_bucket_owner": "",
            "id": "myproj-prod-logs",
            "rule": [
              {
                "abort_incomplete_multipart_upload": [],
                "expiration": [
                  {
                    "date": null,
                    "days": 365,
                    "expired_object_delete_marker": false
                  }
                ],
                "filter": [
                  {
                    "and": [],
                    "object_size_greater_than": null,
                    "object_size_less_than": null,
                    "prefix": "",
                    "tag": []
                  }
                ],
                "id": "logs-archive-retention",
                "noncurrent_version_expiration": [
                  {
                    "newer_noncurrent_versions": null,
                    "noncurrent_days": 365
                  }
                ],
                "noncurrent_version_transition": [],
                "prefix": "",
                "status": "Enabled",
                "transition": [
                  {
                    "date": null,
                    "days": 30,
                    "storage_class": "GLACIER"
                  }
                ]
              }
            ],
            "timeouts": null,
            "transition_default_minimum_object_size": "all_storage_classes_128K"
          },
          "sensitive_attributes": [],
          "dependencies": [
            "aws_s3_bucket.logs"
          ]
        }
      ]
    },
    {
      "mode": "managed",
      "type": "aws_s3_bucket_ownership_controls",
      "name": "tfstate",
      "provider": "provider[\"registry.terraform.io/hashicorp/aws\"]",
      "instances": [
        {
          "schema_version": 0,
          "attributes": {
            "bucket": "tfstate-myproj-prod-904233103130-euw1",
            "id": "tfstate-myproj-prod-904233103130-euw1",
            "rule": [
              {
                "object_ownership": "BucketOwnerEnforced"
              }
            ]
          },
          "sensitive_attributes": [],
          "private": "bnVsbA==",
          "dependencies": [
            "aws_s3_bucket.tfstate"
          ]
        }
      ]
    },
    {
      "mode": "managed",
      "type": "aws_s3_bucket_policy",
      "name": "logs_alb_policy",
      "provider": "provider[\"registry.terraform.io/hashicorp/aws\"]",
      "instances": [
        {
          "schema_version": 0,
          "attributes": {
            "bucket": "myproj-prod-logs",
            "id": "myproj-prod-logs",
            "policy": "{\"Statement\":[{\"Action\":\"s3:PutObject\",\"Condition\":{\"StringEquals\":{\"aws:SourceAccount\":\"904233103130\"}},\"Effect\":\"Allow\",\"Principal\":{\"Service\":\"logdelivery.elasticloadbalancing.amazonaws.com\"},\"Resource\":\"arn:aws:s3:::myproj-prod-logs/alb/*\",\"Sid\":\"AWSALBLogging\"}],\"Version\":\"2012-10-17\"}"
          },
          "sensitive_attributes": [],
          "private": "bnVsbA==",
          "dependencies": [
            "aws_s3_bucket.logs",
            "data.aws_caller_identity.current"
          ]
        }
      ]
    },
    {
      "mode": "managed",
      "type": "aws_s3_bucket_policy",
      "name": "static_cf_read",
      "provider": "provider[\"registry.terraform.io/hashicorp/aws\"]",
      "instances": []
    },
    {
      "mode": "managed",
      "type": "aws_s3_bucket_public_access_block",
      "name": "logs",
      "provider": "provider[\"registry.terraform.io/hashicorp/aws\"]",
      "instances": [
        {
          "schema_version": 0,
          "attributes": {
            "block_public_acls": true,
            "block_public_policy": true,
            "bucket": "myproj-prod-logs",
            "id": "myproj-prod-logs",
            "ignore_public_acls": true,
            "restrict_public_buckets": true
          },
          "sensitive_attributes": [],
          "private": "bnVsbA==",
          "dependencies": [
            "aws_s3_bucket.logs"
          ]
        }
      ]
    },
    {
      "mode": "managed",
      "type": "aws_s3_bucket_public_access_block",
      "name": "static",
      "provider": "provider[\"registry.terraform.io/hashicorp/aws\"]",
      "instances": [
        {
          "schema_version": 0,
          "attributes": {
            "block_public_acls": true,
            "block_public_policy": true,
            "bucket": "myproj-prod-static-assets",
            "id": "myproj-prod-static-assets",
            "ignore_public_acls": true,
            "restrict_public_buckets": true
          },
          "sensitive_attributes": [],
          "private": "bnVsbA==",
          "dependencies": [
            "aws_s3_bucket.static"
          ]
        }
      ]
    },
    {
      "mode": "managed",
      "type": "aws_s3_bucket_public_access_block",
      "name": "tfstate",
      "provider": "provider[\"registry.terraform.io/hashicorp/aws\"]",
      "instances": [
        {
          "schema_version": 0,
          "attributes": {
            "block_public_acls": true,
            "block_public_policy": true,
            "bucket": "tfstate-myproj-prod-904233103130-euw1",
            "id": "tfstate-myproj-prod-904233103130-euw1",
            "ignore_public_acls": true,
            "restrict_public_buckets": true
          },
          "sensitive_attributes": [],
          "private": "bnVsbA==",
          "dependencies": [
            "aws_s3_bucket.tfstate"
          ]
        }
      ]
    },
    {
      "mode": "managed",
      "type": "aws_s3_bucket_public_access_block",
      "name": "uploads",
      "provider": "provider[\"registry.terraform.io/hashicorp/aws\"]",
      "instances": [
        {
          "schema_version": 0,
          "attributes": {
            "block_public_acls": true,
            "block_public_policy": true,
            "bucket": "myproj-prod-app-uploads",
            "id": "myproj-prod-app-uploads",
            "ignore_public_acls": true,
            "restrict_public_buckets": true
          },
          "sensitive_attributes": [],
          "private": "bnVsbA==",
          "dependencies": [
            "aws_s3_bucket.uploads"
          ]
        }
      ]
    },
    {
      "mode": "managed",
      "type": "aws_s3_bucket_server_side_encryption_configuration",
      "name": "logs",
      "provider": "provider[\"registry.terraform.io/hashicorp/aws\"]",
      "instances": [
        {
          "schema_version": 0,
          "attributes": {
            "bucket": "myproj-prod-logs",
            "expected_bucket_owner": "",
            "id": "myproj-prod-logs",
            "rule": [
              {
                "apply_server_side_encryption_by_default": [
                  {
                    "kms_master_key_id": "",
                    "sse_algorithm": "AES256"
                  }
                ],
                "bucket_key_enabled": null
              }
            ]
          },
          "sensitive_attributes": [],
          "private": "bnVsbA==",
          "dependencies": [
            "aws_s3_bucket.logs"
          ]
        }
      ]
    },
    {
      "mode": "managed",
      "type": "aws_s3_bucket_server_side_encryption_configuration",
      "name": "static",
      "provider": "provider[\"registry.terraform.io/hashicorp/aws\"]",
      "instances": [
        {
          "schema_version": 0,
          "attributes": {
            "bucket": "myproj-prod-static-assets",
            "expected_bucket_owner": "",
            "id": "myproj-prod-static-assets",
            "rule": [
              {
                "apply_server_side_encryption_by_default": [
                  {
                    "kms_master_key_id": "",
                    "sse_algorithm": "AES256"
                  }
                ],
                "bucket_key_enabled": null
              }
            ]
          },
          "sensitive_attributes": [],
          "private": "bnVsbA==",
          "dependencies": [
            "aws_s3_bucket.static"
          ]
        }
      ]
    },
    {
      "mode": "managed",
      "type": "aws_s3_bucket_server_side_encryption_configuration",
      "name": "tfstate",
      "provider": "provider[\"registry.terraform.io/hashicorp/aws\"]",
      "instances": [
        {
          "schema_version": 0,
          "attributes": {
            "bucket": "tfstate-myproj-prod-904233103130-euw1",
            "expected_bucket_owner": "",
            "id": "tfstate-myproj-prod-904233103130-euw1",
            "rule": [
              {
                "apply_server_side_encryption_by_default": [
                  {
                    "kms_master_key_id": "",
                    "sse_algorithm": "AES256"
                  }
                ],
                "bucket_key_enabled": null
              }
            ]
          },
          "sensitive_attributes": [],
          "private": "bnVsbA==",
          "dependencies": [
            "aws_s3_bucket.tfstate"
          ]
        }
      ]
    },
    {
      "mode": "managed",
      "type": "aws_s3_bucket_server_side_encryption_configuration",
      "name": "uploads",
      "provider": "provider[\"registry.terraform.io/hashicorp/aws\"]",
      "instances": [
        {
          "schema_version": 0,
          "attributes": {
            "bucket": "myproj-prod-app-uploads",
            "expected_bucket_owner": "",
            "id": "myproj-prod-app-uploads",
            "rule": [
              {
                "apply_server_side_encryption_by_default": [
                  {
                    "kms_master_key_id": "",
                    "sse_algorithm": "AES256"
                  }
                ],
                "bucket_key_enabled": null
              }
            ]
          },
          "sensitive_attributes": [],
          "private": "bnVsbA==",
          "dependencies": [
            "aws_s3_bucket.uploads"
          ]
        }
      ]
    },
    {
      "mode": "managed",
      "type": "aws_s3_bucket_versioning",
      "name": "logs",
      "provider": "provider[\"registry.terraform.io/hashicorp/aws\"]",
      "instances": [
        {
          "schema_version": 0,
          "attributes": {
            "bucket": "myproj-prod-logs",
            "expected_bucket_owner": "",
            "id": "myproj-prod-logs",
            "mfa": null,
            "versioning_configuration": [
              {
                "mfa_delete": "",
                "status": "Enabled"
              }
            ]
          },
          "sensitive_attributes": [],
          "private": "bnVsbA==",
          "dependencies": [
            "aws_s3_bucket.logs"
          ]
        }
      ]
    },
    {
      "mode": "managed",
      "type": "aws_s3_bucket_versioning",
      "name": "static",
      "provider": "provider[\"registry.terraform.io/hashicorp/aws\"]",
      "instances": [
        {
          "schema_version": 0,
          "attributes": {
            "bucket": "myproj-prod-static-assets",
            "expected_bucket_owner": "",
            "id": "myproj-prod-static-assets",
            "mfa": null,
            "versioning_configuration": [
              {
                "mfa_delete": "",
                "status": "Enabled"
              }
            ]
          },
          "sensitive_attributes": [],
          "private": "bnVsbA==",
          "dependencies": [
            "aws_s3_bucket.static"
          ]
        }
      ]
    },
    {
      "mode": "managed",
      "type": "aws_s3_bucket_versioning",
      "name": "tfstate",
      "provider": "provider[\"registry.terraform.io/hashicorp/aws\"]",
      "instances": [
        {
          "schema_version": 0,
          "attributes": {
            "bucket": "tfstate-myproj-prod-904233103130-euw1",
            "expected_bucket_owner": "",
            "id": "tfstate-myproj-prod-904233103130-euw1",
            "mfa": null,
            "versioning_configuration": [
              {
                "mfa_delete": "",
                "status": "Enabled"
              }
            ]
          },
          "sensitive_attributes": [],
          "private": "bnVsbA==",
          "dependencies": [
            "aws_s3_bucket.tfstate"
          ]
        }
      ]
    },
    {
      "mode": "managed",
      "type": "aws_s3_bucket_versioning",
      "name": "uploads",
      "provider": "provider[\"registry.terraform.io/hashicorp/aws\"]",
      "instances": [
        {
          "schema_version": 0,
          "attributes": {
            "bucket": "myproj-prod-app-uploads",
            "expected_bucket_owner": "",
            "id": "myproj-prod-app-uploads",
            "mfa": null,
            "versioning_configuration": [
              {
                "mfa_delete": "",
                "status": "Enabled"
              }
            ]
          },
          "sensitive_attributes": [],
          "private": "bnVsbA==",
          "dependencies": [
            "aws_s3_bucket.uploads"
          ]
        }
      ]
    },
    {
      "mode": "managed",
      "type": "aws_security_group",
      "name": "alb_frontend_dr_sg",
      "provider": "provider[\"registry.terraform.io/hashicorp/aws\"].secondary",
      "instances": [
        {
          "schema_version": 1,
          "attributes": {
            "arn": "arn:aws:ec2:us-west-1:904233103130:security-group/sg-0e1be858eac679559",
            "description": "Allow HTTP/HTTPS to frontend ALB in DR",
            "egress": [
              {
                "cidr_blocks": [
                  "0.0.0.0/0"
                ],
                "description": "",
                "from_port": 0,
                "ipv6_cidr_blocks": [],
                "prefix_list_ids": [],
                "protocol": "-1",
                "security_groups": [],
                "self": false,
                "to_port": 0
              }
            ],
            "id": "sg-0e1be858eac679559",
            "ingress": [
              {
                "cidr_blocks": [
                  "0.0.0.0/0"
                ],
                "description": "HTTP",
                "from_port": 80,
                "ipv6_cidr_blocks": [],
                "prefix_list_ids": [],
                "protocol": "tcp",
                "security_groups": [],
                "self": false,
                "to_port": 80
              },
              {
                "cidr_blocks": [
                  "0.0.0.0/0"
                ],
                "description": "HTTPS",
                "from_port": 443,
                "ipv6_cidr_blocks": [],
                "prefix_list_ids": [],
                "protocol": "tcp",
                "security_groups": [],
                "self": false,
                "to_port": 443
              }
            ],
            "name": "alb-frontend-dr-sg",
            "name_prefix": "",
            "owner_id": "904233103130",
            "revoke_rules_on_delete": false,
            "tags": {
              "Name": "alb-frontend-dr-sg"
            },
            "tags_all": {
              "Name": "alb-frontend-dr-sg"
            },
            "timeouts": null,
            "vpc_id": "vpc-04ed3ce8471d0801f"
          },
          "sensitive_attributes": [],
          "private": "eyJlMmJmYjczMC1lY2FhLTExZTYtOGY4OC0zNDM2M2JjN2M0YzAiOnsiY3JlYXRlIjo2MDAwMDAwMDAwMDAsImRlbGV0ZSI6OTAwMDAwMDAwMDAwfSwic2NoZW1hX3ZlcnNpb24iOiIxIn0=",
          "dependencies": [
            "aws_vpc.dr"
          ]
        }
      ]
    },
    {
      "mode": "managed",
      "type": "aws_security_group",
      "name": "alb_frontend_sg",
      "provider": "provider[\"registry.terraform.io/hashicorp/aws\"].primary",
      "instances": [
        {
          "schema_version": 1,
          "attributes": {
            "arn": "arn:aws:ec2:us-east-1:904233103130:security-group/sg-0042998faee260a86",
            "description": "Allow HTTP/HTTPS for frontend ALB",
            "egress": [
              {
                "cidr_blocks": [
                  "0.0.0.0/0"
                ],
                "description": "",
                "from_port": 0,
                "ipv6_cidr_blocks": [],
                "prefix_list_ids": [],
                "protocol": "-1",
                "security_groups": [],
                "self": false,
                "to_port": 0
              }
            ],
            "id": "sg-0042998faee260a86",
            "ingress": [
              {
                "cidr_blocks": [
                  "0.0.0.0/0"
                ],
                "description": "HTTP",
                "from_port": 80,
                "ipv6_cidr_blocks": [],
                "prefix_list_ids": [],
                "protocol": "tcp",
                "security_groups": [],
                "self": false,
                "to_port": 80
              },
              {
                "cidr_blocks": [
                  "0.0.0.0/0"
                ],
                "description": "HTTPS",
                "from_port": 443,
                "ipv6_cidr_blocks": [],
                "prefix_list_ids": [],
                "protocol": "tcp",
                "security_groups": [],
                "self": false,
                "to_port": 443
              }
            ],
            "name": "alb-frontend-sg",
            "name_prefix": "",
            "owner_id": "904233103130",
            "revoke_rules_on_delete": false,
            "tags": {
              "Name": "alb-frontend-sg"
            },
            "tags_all": {
              "Name": "alb-frontend-sg"
            },
            "timeouts": null,
            "vpc_id": "vpc-0fce9d5a568cd2f4e"
          },
          "sensitive_attributes": [],
          "private": "eyJlMmJmYjczMC1lY2FhLTExZTYtOGY4OC0zNDM2M2JjN2M0YzAiOnsiY3JlYXRlIjo2MDAwMDAwMDAwMDAsImRlbGV0ZSI6OTAwMDAwMDAwMDAwfSwic2NoZW1hX3ZlcnNpb24iOiIxIn0=",
          "dependencies": [
            "aws_vpc.prod"
          ]
        }
      ]
    },
    {
      "mode": "managed",
      "type": "aws_security_group",
      "name": "backend_alb",
      "provider": "provider[\"registry.terraform.io/hashicorp/aws\"].primary",
      "instances": [
        {
          "schema_version": 1,
          "attributes": {
            "arn": "arn:aws:ec2:us-east-1:904233103130:security-group/sg-0f30d2e8ca52cef9e",
            "description": "Allow HTTP/HTTPS from anywhere",
            "egress": [
              {
                "cidr_blocks": [
                  "0.0.0.0/0"
                ],
                "description": "",
                "from_port": 0,
                "ipv6_cidr_blocks": [],
                "prefix_list_ids": [],
                "protocol": "-1",
                "security_groups": [],
                "self": false,
                "to_port": 0
              }
            ],
            "id": "sg-0f30d2e8ca52cef9e",
            "ingress": [
              {
                "cidr_blocks": [
                  "0.0.0.0/0"
                ],
                "description": "HTTP",
                "from_port": 80,
                "ipv6_cidr_blocks": [],
                "prefix_list_ids": [],
                "protocol": "tcp",
                "security_groups": [],
                "self": false,
                "to_port": 80
              },
              {
                "cidr_blocks": [
                  "0.0.0.0/0"
                ],
                "description": "HTTPS",
                "from_port": 443,
                "ipv6_cidr_blocks": [],
                "prefix_list_ids": [],
                "protocol": "tcp",
                "security_groups": [],
                "self": false,
                "to_port": 443
              }
            ],
            "name": "backend-alb-sg",
            "name_prefix": "",
            "owner_id": "904233103130",
            "revoke_rules_on_delete": false,
            "tags": null,
            "tags_all": {},
            "timeouts": null,
            "vpc_id": "vpc-0fce9d5a568cd2f4e"
          },
          "sensitive_attributes": [],
          "private": "eyJlMmJmYjczMC1lY2FhLTExZTYtOGY4OC0zNDM2M2JjN2M0YzAiOnsiY3JlYXRlIjo2MDAwMDAwMDAwMDAsImRlbGV0ZSI6OTAwMDAwMDAwMDAwfSwic2NoZW1hX3ZlcnNpb24iOiIxIn0=",
          "dependencies": [
            "aws_vpc.prod"
          ],
          "create_before_destroy": true
        }
      ]
    },
    {
      "mode": "managed",
      "type": "aws_security_group",
      "name": "backend_ec2",
      "provider": "provider[\"registry.terraform.io/hashicorp/aws\"].primary",
      "instances": [
        {
          "schema_version": 1,
          "attributes": {
            "arn": "arn:aws:ec2:us-east-1:904233103130:security-group/sg-0efde62ffb121a525",
            "description": "Allow HTTP from backend ALB and SSH from bastion",
            "egress": [
              {
                "cidr_blocks": [
                  "0.0.0.0/0"
                ],
                "description": "",
                "from_port": 0,
                "ipv6_cidr_blocks": [],
                "prefix_list_ids": [],
                "protocol": "-1",
                "security_groups": [],
                "self": false,
                "to_port": 0
              }
            ],
            "id": "sg-0efde62ffb121a525",
            "ingress": [
              {
                "cidr_blocks": [],
                "description": "HTTP from ALB Backend",
                "from_port": 80,
                "ipv6_cidr_blocks": [],
                "prefix_list_ids": [],
                "protocol": "tcp",
                "security_groups": [
                  "sg-0f30d2e8ca52cef9e"
                ],
                "self": false,
                "to_port": 80
              },
              {
                "cidr_blocks": [],
                "description": "SSH from Bastion",
                "from_port": 22,
                "ipv6_cidr_blocks": [],
                "prefix_list_ids": [],
                "protocol": "tcp",
                "security_groups": [
                  "sg-0263b69113bafcf0e"
                ],
                "self": false,
                "to_port": 22
              }
            ],
            "name": "backend-ec2-sg",
            "name_prefix": "",
            "owner_id": "904233103130",
            "revoke_rules_on_delete": false,
            "tags": null,
            "tags_all": {},
            "timeouts": null,
            "vpc_id": "vpc-0fce9d5a568cd2f4e"
          },
          "sensitive_attributes": [],
          "private": "eyJlMmJmYjczMC1lY2FhLTExZTYtOGY4OC0zNDM2M2JjN2M0YzAiOnsiY3JlYXRlIjo2MDAwMDAwMDAwMDAsImRlbGV0ZSI6OTAwMDAwMDAwMDAwfSwic2NoZW1hX3ZlcnNpb24iOiIxIn0=",
          "dependencies": [
            "aws_security_group.backend_alb",
            "aws_security_group.bastion",
            "aws_vpc.prod"
          ],
          "create_before_destroy": true
        }
      ]
    },
    {
      "mode": "managed",
      "type": "aws_security_group",
      "name": "backend_ec2_dr",
      "provider": "provider[\"registry.terraform.io/hashicorp/aws\"].secondary",
      "instances": [
        {
          "schema_version": 1,
          "attributes": {
            "arn": "arn:aws:ec2:us-west-1:904233103130:security-group/sg-03ad9c156d7e7642b",
            "description": "Allow HTTP and SSH (DR)",
            "egress": [
              {
                "cidr_blocks": [
                  "0.0.0.0/0"
                ],
                "description": "",
                "from_port": 0,
                "ipv6_cidr_blocks": [],
                "prefix_list_ids": [],
                "protocol": "-1",
                "security_groups": [],
                "self": false,
                "to_port": 0
              }
            ],
            "id": "sg-03ad9c156d7e7642b",
            "ingress": [
              {
                "cidr_blocks": [
                  "0.0.0.0/0"
                ],
                "description": "HTTP",
                "from_port": 3000,
                "ipv6_cidr_blocks": [],
                "prefix_list_ids": [],
                "protocol": "tcp",
                "security_groups": [],
                "self": false,
                "to_port": 3000
              },
              {
                "cidr_blocks": [
                  "0.0.0.0/0"
                ],
                "description": "SSH",
                "from_port": 22,
                "ipv6_cidr_blocks": [],
                "prefix_list_ids": [],
                "protocol": "tcp",
                "security_groups": [],
                "self": false,
                "to_port": 22
              }
            ],
            "name": "backend-ec2-dr-sg",
            "name_prefix": "",
            "owner_id": "904233103130",
            "revoke_rules_on_delete": false,
            "tags": {
              "Name": "alb-frontend-sg"
            },
            "tags_all": {
              "Name": "alb-frontend-sg"
            },
            "timeouts": null,
            "vpc_id": "vpc-04ed3ce8471d0801f"
          },
          "sensitive_attributes": [],
          "private": "eyJlMmJmYjczMC1lY2FhLTExZTYtOGY4OC0zNDM2M2JjN2M0YzAiOnsiY3JlYXRlIjo2MDAwMDAwMDAwMDAsImRlbGV0ZSI6OTAwMDAwMDAwMDAwfSwic2NoZW1hX3ZlcnNpb24iOiIxIn0=",
          "dependencies": [
            "aws_vpc.dr"
          ],
          "create_before_destroy": true
        }
      ]
    },
    {
      "mode": "managed",
      "type": "aws_security_group",
      "name": "bastion",
      "provider": "provider[\"registry.terraform.io/hashicorp/aws\"].primary",
      "instances": [
        {
          "schema_version": 1,
          "attributes": {
            "arn": "arn:aws:ec2:us-east-1:904233103130:security-group/sg-0263b69113bafcf0e",
            "description": "SSH access only from trusted IP",
            "egress": [
              {
                "cidr_blocks": [
                  "0.0.0.0/0"
                ],
                "description": "",
                "from_port": 0,
                "ipv6_cidr_blocks": [],
                "prefix_list_ids": [],
                "protocol": "-1",
                "security_groups": [],
                "self": false,
                "to_port": 0
              }
            ],
            "id": "sg-0263b69113bafcf0e",
            "ingress": [
              {
                "cidr_blocks": [
                  "0.0.0.0/0"
                ],
                "description": "SSH from admin IP",
                "from_port": 22,
                "ipv6_cidr_blocks": [],
                "prefix_list_ids": [],
                "protocol": "tcp",
                "security_groups": [],
                "self": false,
                "to_port": 22
              }
            ],
            "name": "bastion-sg",
            "name_prefix": "",
            "owner_id": "904233103130",
            "revoke_rules_on_delete": false,
            "tags": null,
            "tags_all": {},
            "timeouts": null,
            "vpc_id": "vpc-0fce9d5a568cd2f4e"
          },
          "sensitive_attributes": [],
          "private": "eyJlMmJmYjczMC1lY2FhLTExZTYtOGY4OC0zNDM2M2JjN2M0YzAiOnsiY3JlYXRlIjo2MDAwMDAwMDAwMDAsImRlbGV0ZSI6OTAwMDAwMDAwMDAwfSwic2NoZW1hX3ZlcnNpb24iOiIxIn0=",
          "dependencies": [
            "aws_vpc.prod"
          ],
          "create_before_destroy": true
        }
      ]
    },
    {
      "mode": "managed",
      "type": "aws_security_group",
      "name": "bastion_east",
      "provider": "provider[\"registry.terraform.io/hashicorp/aws\"].primary",
      "instances": [
        {
          "schema_version": 1,
          "attributes": {
            "arn": "arn:aws:ec2:us-east-1:904233103130:security-group/sg-0904faf16124dee30",
            "description": "Managed by Terraform",
            "egress": [
              {
                "cidr_blocks": [
                  "0.0.0.0/0"
                ],
                "description": "",
                "from_port": 0,
                "ipv6_cidr_blocks": [],
                "prefix_list_ids": [],
                "protocol": "-1",
                "security_groups": [],
                "self": false,
                "to_port": 0
              }
            ],
            "id": "sg-0904faf16124dee30",
            "ingress": [
              {
                "cidr_blocks": [
                  "0.0.0.0/0"
                ],
                "description": "",
                "from_port": 22,
                "ipv6_cidr_blocks": [],
                "prefix_list_ids": [],
                "protocol": "tcp",
                "security_groups": [],
                "self": false,
                "to_port": 22
              }
            ],
            "name": "bastion-east-sg",
            "name_prefix": "",
            "owner_id": "904233103130",
            "revoke_rules_on_delete": false,
            "tags": null,
            "tags_all": {},
            "timeouts": null,
            "vpc_id": "vpc-0fce9d5a568cd2f4e"
          },
          "sensitive_attributes": [],
          "private": "eyJlMmJmYjczMC1lY2FhLTExZTYtOGY4OC0zNDM2M2JjN2M0YzAiOnsiY3JlYXRlIjo2MDAwMDAwMDAwMDAsImRlbGV0ZSI6OTAwMDAwMDAwMDAwfSwic2NoZW1hX3ZlcnNpb24iOiIxIn0=",
          "dependencies": [
            "aws_vpc.prod"
          ]
        }
      ]
    },
    {
      "mode": "managed",
      "type": "aws_security_group",
      "name": "bastion_west",
      "provider": "provider[\"registry.terraform.io/hashicorp/aws\"].secondary",
      "instances": [
        {
          "schema_version": 1,
          "attributes": {
            "arn": "arn:aws:ec2:us-west-1:904233103130:security-group/sg-0a6bba4c16a40b230",
            "description": "Managed by Terraform",
            "egress": [
              {
                "cidr_blocks": [
                  "0.0.0.0/0"
                ],
                "description": "",
                "from_port": 0,
                "ipv6_cidr_blocks": [],
                "prefix_list_ids": [],
                "protocol": "-1",
                "security_groups": [],
                "self": false,
                "to_port": 0
              }
            ],
            "id": "sg-0a6bba4c16a40b230",
            "ingress": [
              {
                "cidr_blocks": [
                  "0.0.0.0/0"
                ],
                "description": "",
                "from_port": 22,
                "ipv6_cidr_blocks": [],
                "prefix_list_ids": [],
                "protocol": "tcp",
                "security_groups": [],
                "self": false,
                "to_port": 22
              }
            ],
            "name": "bastion-west-sg",
            "name_prefix": "",
            "owner_id": "904233103130",
            "revoke_rules_on_delete": false,
            "tags": null,
            "tags_all": {},
            "timeouts": null,
            "vpc_id": "vpc-04ed3ce8471d0801f"
          },
          "sensitive_attributes": [],
          "private": "eyJlMmJmYjczMC1lY2FhLTExZTYtOGY4OC0zNDM2M2JjN2M0YzAiOnsiY3JlYXRlIjo2MDAwMDAwMDAwMDAsImRlbGV0ZSI6OTAwMDAwMDAwMDAwfSwic2NoZW1hX3ZlcnNpb24iOiIxIn0=",
          "dependencies": [
            "aws_vpc.dr"
          ]
        }
      ]
    },
    {
      "mode": "managed",
      "type": "aws_security_group",
      "name": "frontend_alb",
      "provider": "provider[\"registry.terraform.io/hashicorp/aws\"].primary",
      "instances": [
        {
          "schema_version": 1,
          "attributes": {
            "arn": "arn:aws:ec2:us-east-1:904233103130:security-group/sg-0123cc0d510e94766",
            "description": "Allow HTTP/HTTPS from anywhere",
            "egress": [
              {
                "cidr_blocks": [
                  "0.0.0.0/0"
                ],
                "description": "",
                "from_port": 0,
                "ipv6_cidr_blocks": [],
                "prefix_list_ids": [],
                "protocol": "-1",
                "security_groups": [],
                "self": false,
                "to_port": 0
              }
            ],
            "id": "sg-0123cc0d510e94766",
            "ingress": [
              {
                "cidr_blocks": [
                  "0.0.0.0/0"
                ],
                "description": "HTTP",
                "from_port": 80,
                "ipv6_cidr_blocks": [],
                "prefix_list_ids": [],
                "protocol": "tcp",
                "security_groups": [],
                "self": false,
                "to_port": 80
              },
              {
                "cidr_blocks": [
                  "0.0.0.0/0"
                ],
                "description": "HTTPS",
                "from_port": 443,
                "ipv6_cidr_blocks": [],
                "prefix_list_ids": [],
                "protocol": "tcp",
                "security_groups": [],
                "self": false,
                "to_port": 443
              }
            ],
            "name": "frontend-alb-sg",
            "name_prefix": "",
            "owner_id": "904233103130",
            "revoke_rules_on_delete": false,
            "tags": null,
            "tags_all": {},
            "timeouts": null,
            "vpc_id": "vpc-0fce9d5a568cd2f4e"
          },
          "sensitive_attributes": [],
          "private": "eyJlMmJmYjczMC1lY2FhLTExZTYtOGY4OC0zNDM2M2JjN2M0YzAiOnsiY3JlYXRlIjo2MDAwMDAwMDAwMDAsImRlbGV0ZSI6OTAwMDAwMDAwMDAwfSwic2NoZW1hX3ZlcnNpb24iOiIxIn0=",
          "dependencies": [
            "aws_vpc.prod"
          ]
        }
      ]
    },
    {
      "mode": "managed",
      "type": "aws_security_group",
      "name": "frontend_ec2",
      "provider": "provider[\"registry.terraform.io/hashicorp/aws\"].primary",
      "instances": [
        {
          "schema_version": 1,
          "attributes": {
            "arn": "arn:aws:ec2:us-east-1:904233103130:security-group/sg-096e2add85774c5b6",
            "description": "Allow HTTP from frontend ALB and SSH from bastion",
            "egress": [
              {
                "cidr_blocks": [
                  "0.0.0.0/0"
                ],
                "description": "",
                "from_port": 0,
                "ipv6_cidr_blocks": [],
                "prefix_list_ids": [],
                "protocol": "-1",
                "security_groups": [],
                "self": false,
                "to_port": 0
              }
            ],
            "id": "sg-096e2add85774c5b6",
            "ingress": [
              {
                "cidr_blocks": [],
                "description": "HTTP from ALB Frontend",
                "from_port": 80,
                "ipv6_cidr_blocks": [],
                "prefix_list_ids": [],
                "protocol": "tcp",
                "security_groups": [
                  "sg-0123cc0d510e94766"
                ],
                "self": false,
                "to_port": 80
              },
              {
                "cidr_blocks": [],
                "description": "SSH from Bastion",
                "from_port": 22,
                "ipv6_cidr_blocks": [],
                "prefix_list_ids": [],
                "protocol": "tcp",
                "security_groups": [
                  "sg-0263b69113bafcf0e"
                ],
                "self": false,
                "to_port": 22
              }
            ],
            "name": "frontend-ec2-sg",
            "name_prefix": "",
            "owner_id": "904233103130",
            "revoke_rules_on_delete": false,
            "tags": null,
            "tags_all": {},
            "timeouts": null,
            "vpc_id": "vpc-0fce9d5a568cd2f4e"
          },
          "sensitive_attributes": [],
          "private": "eyJlMmJmYjczMC1lY2FhLTExZTYtOGY4OC0zNDM2M2JjN2M0YzAiOnsiY3JlYXRlIjo2MDAwMDAwMDAwMDAsImRlbGV0ZSI6OTAwMDAwMDAwMDAwfSwic2NoZW1hX3ZlcnNpb24iOiIxIn0=",
          "dependencies": [
            "aws_security_group.bastion",
            "aws_security_group.frontend_alb",
            "aws_vpc.prod"
          ]
        }
      ]
    },
    {
      "mode": "managed",
      "type": "aws_security_group",
      "name": "frontend_ec2_dr",
      "provider": "provider[\"registry.terraform.io/hashicorp/aws\"].secondary",
      "instances": [
        {
          "schema_version": 1,
          "attributes": {
            "arn": "arn:aws:ec2:us-west-1:904233103130:security-group/sg-08e0fcdc005ee68f9",
            "description": "Allow HTTP and SSH (DR)",
            "egress": [
              {
                "cidr_blocks": [
                  "0.0.0.0/0"
                ],
                "description": "",
                "from_port": 0,
                "ipv6_cidr_blocks": [],
                "prefix_list_ids": [],
                "protocol": "-1",
                "security_groups": [],
                "self": false,
                "to_port": 0
              }
            ],
            "id": "sg-08e0fcdc005ee68f9",
            "ingress": [
              {
                "cidr_blocks": [
                  "0.0.0.0/0"
                ],
                "description": "HTTP",
                "from_port": 80,
                "ipv6_cidr_blocks": [],
                "prefix_list_ids": [],
                "protocol": "tcp",
                "security_groups": [],
                "self": false,
                "to_port": 80
              },
              {
                "cidr_blocks": [
                  "0.0.0.0/0"
                ],
                "description": "SSH",
                "from_port": 22,
                "ipv6_cidr_blocks": [],
                "prefix_list_ids": [],
                "protocol": "tcp",
                "security_groups": [],
                "self": false,
                "to_port": 22
              }
            ],
            "name": "frontend-ec2-dr-sg",
            "name_prefix": "",
            "owner_id": "904233103130",
            "revoke_rules_on_delete": false,
            "tags": null,
            "tags_all": {},
            "timeouts": null,
            "vpc_id": "vpc-04ed3ce8471d0801f"
          },
          "sensitive_attributes": [],
          "private": "eyJlMmJmYjczMC1lY2FhLTExZTYtOGY4OC0zNDM2M2JjN2M0YzAiOnsiY3JlYXRlIjo2MDAwMDAwMDAwMDAsImRlbGV0ZSI6OTAwMDAwMDAwMDAwfSwic2NoZW1hX3ZlcnNpb24iOiIxIn0=",
          "dependencies": [
            "aws_vpc.dr"
          ],
          "create_before_destroy": true
        }
      ]
    },
    {
      "mode": "managed",
      "type": "aws_security_group",
      "name": "rds",
      "provider": "provider[\"registry.terraform.io/hashicorp/aws\"].primary",
      "instances": [
        {
          "schema_version": 1,
          "attributes": {
            "arn": "arn:aws:ec2:us-east-1:904233103130:security-group/sg-00adbfadb3e90ab18",
            "description": "Allow MySQL/Aurora from backend EC2 only",
            "egress": [
              {
                "cidr_blocks": [
                  "0.0.0.0/0"
                ],
                "description": "",
                "from_port": 0,
                "ipv6_cidr_blocks": [],
                "prefix_list_ids": [],
                "protocol": "-1",
                "security_groups": [],
                "self": false,
                "to_port": 0
              }
            ],
            "id": "sg-00adbfadb3e90ab18",
            "ingress": [
              {
                "cidr_blocks": [],
                "description": "MySQL from Backend EC2",
                "from_port": 3306,
                "ipv6_cidr_blocks": [],
                "prefix_list_ids": [],
                "protocol": "tcp",
                "security_groups": [
                  "sg-0efde62ffb121a525"
                ],
                "self": false,
                "to_port": 3306
              }
            ],
            "name": "rds-sg",
            "name_prefix": "",
            "owner_id": "904233103130",
            "revoke_rules_on_delete": false,
            "tags": null,
            "tags_all": {},
            "timeouts": null,
            "vpc_id": "vpc-0fce9d5a568cd2f4e"
          },
          "sensitive_attributes": [],
          "private": "eyJlMmJmYjczMC1lY2FhLTExZTYtOGY4OC0zNDM2M2JjN2M0YzAiOnsiY3JlYXRlIjo2MDAwMDAwMDAwMDAsImRlbGV0ZSI6OTAwMDAwMDAwMDAwfSwic2NoZW1hX3ZlcnNpb24iOiIxIn0=",
          "dependencies": [
            "aws_security_group.backend_alb",
            "aws_security_group.backend_ec2",
            "aws_security_group.bastion",
            "aws_vpc.prod"
          ]
        }
      ]
    },
    {
      "mode": "managed",
      "type": "aws_security_group",
      "name": "rds_dr",
      "provider": "provider[\"registry.terraform.io/hashicorp/aws\"].secondary",
      "instances": [
        {
          "schema_version": 1,
          "attributes": {
            "arn": "arn:aws:ec2:us-west-1:904233103130:security-group/sg-0455c8bff1839e9b5",
            "description": "Allow MySQL/Aurora in DR",
            "egress": [
              {
                "cidr_blocks": [
                  "0.0.0.0/0"
                ],
                "description": "",
                "from_port": 0,
                "ipv6_cidr_blocks": [],
                "prefix_list_ids": [],
                "protocol": "-1",
                "security_groups": [],
                "self": false,
                "to_port": 0
              }
            ],
            "id": "sg-0455c8bff1839e9b5",
            "ingress": [
              {
                "cidr_blocks": [
                  "0.0.0.0/0"
                ],
                "description": "MySQL ingress (adjust later)",
                "from_port": 3306,
                "ipv6_cidr_blocks": [],
                "prefix_list_ids": [],
                "protocol": "tcp",
                "security_groups": [],
                "self": false,
                "to_port": 3306
              }
            ],
            "name": "rds-dr-sg",
            "name_prefix": "",
            "owner_id": "904233103130",
            "revoke_rules_on_delete": false,
            "tags": {
              "Name": "rds-dr-sg"
            },
            "tags_all": {
              "Name": "rds-dr-sg"
            },
            "timeouts": null,
            "vpc_id": "vpc-04ed3ce8471d0801f"
          },
          "sensitive_attributes": [],
          "private": "eyJlMmJmYjczMC1lY2FhLTExZTYtOGY4OC0zNDM2M2JjN2M0YzAiOnsiY3JlYXRlIjo2MDAwMDAwMDAwMDAsImRlbGV0ZSI6OTAwMDAwMDAwMDAwfSwic2NoZW1hX3ZlcnNpb24iOiIxIn0=",
          "dependencies": [
            "aws_vpc.dr"
          ]
        }
      ]
    },
    {
      "mode": "managed",
      "type": "aws_security_group",
      "name": "web_sg_east",
      "provider": "provider[\"registry.terraform.io/hashicorp/aws\"].primary",
      "instances": [
        {
          "schema_version": 1,
          "attributes": {
            "arn": "arn:aws:ec2:us-east-1:904233103130:security-group/sg-0fc1f215113eacb80",
            "description": "Managed by Terraform",
            "egress": [
              {
                "cidr_blocks": [
                  "0.0.0.0/0"
                ],
                "description": "",
                "from_port": 0,
                "ipv6_cidr_blocks": [],
                "prefix_list_ids": [],
                "protocol": "-1",
                "security_groups": [],
                "self": false,
                "to_port": 0
              }
            ],
            "id": "sg-0fc1f215113eacb80",
            "ingress": [
              {
                "cidr_blocks": [
                  "0.0.0.0/0"
                ],
                "description": "",
                "from_port": 443,
                "ipv6_cidr_blocks": [],
                "prefix_list_ids": [],
                "protocol": "tcp",
                "security_groups": [],
                "self": false,
                "to_port": 443
              },
              {
                "cidr_blocks": [
                  "0.0.0.0/0"
                ],
                "description": "",
                "from_port": 80,
                "ipv6_cidr_blocks": [],
                "prefix_list_ids": [],
                "protocol": "tcp",
                "security_groups": [],
                "self": false,
                "to_port": 80
              }
            ],
            "name": "temp-web-sg-east",
            "name_prefix": "",
            "owner_id": "904233103130",
            "revoke_rules_on_delete": false,
            "tags": null,
            "tags_all": {},
            "timeouts": null,
            "vpc_id": "vpc-0fce9d5a568cd2f4e"
          },
          "sensitive_attributes": [],
          "private": "eyJlMmJmYjczMC1lY2FhLTExZTYtOGY4OC0zNDM2M2JjN2M0YzAiOnsiY3JlYXRlIjo2MDAwMDAwMDAwMDAsImRlbGV0ZSI6OTAwMDAwMDAwMDAwfSwic2NoZW1hX3ZlcnNpb24iOiIxIn0=",
          "dependencies": [
            "aws_vpc.prod"
          ],
          "create_before_destroy": true
        }
      ]
    },
    {
      "mode": "managed",
      "type": "aws_security_group",
      "name": "web_sg_west",
      "provider": "provider[\"registry.terraform.io/hashicorp/aws\"].secondary",
      "instances": [
        {
          "schema_version": 1,
          "attributes": {
            "arn": "arn:aws:ec2:us-west-1:904233103130:security-group/sg-0210929a0fe86e48d",
            "description": "Managed by Terraform",
            "egress": [
              {
                "cidr_blocks": [
                  "0.0.0.0/0"
                ],
                "description": "",
                "from_port": 0,
                "ipv6_cidr_blocks": [],
                "prefix_list_ids": [],
                "protocol": "-1",
                "security_groups": [],
                "self": false,
                "to_port": 0
              }
            ],
            "id": "sg-0210929a0fe86e48d",
            "ingress": [
              {
                "cidr_blocks": [
                  "0.0.0.0/0"
                ],
                "description": "",
                "from_port": 443,
                "ipv6_cidr_blocks": [],
                "prefix_list_ids": [],
                "protocol": "tcp",
                "security_groups": [],
                "self": false,
                "to_port": 443
              },
              {
                "cidr_blocks": [
                  "0.0.0.0/0"
                ],
                "description": "",
                "from_port": 80,
                "ipv6_cidr_blocks": [],
                "prefix_list_ids": [],
                "protocol": "tcp",
                "security_groups": [],
                "self": false,
                "to_port": 80
              }
            ],
            "name": "temp-web-sg-west",
            "name_prefix": "",
            "owner_id": "904233103130",
            "revoke_rules_on_delete": false,
            "tags": null,
            "tags_all": {},
            "timeouts": null,
            "vpc_id": "vpc-04ed3ce8471d0801f"
          },
          "sensitive_attributes": [],
          "private": "eyJlMmJmYjczMC1lY2FhLTExZTYtOGY4OC0zNDM2M2JjN2M0YzAiOnsiY3JlYXRlIjo2MDAwMDAwMDAwMDAsImRlbGV0ZSI6OTAwMDAwMDAwMDAwfSwic2NoZW1hX3ZlcnNpb24iOiIxIn0=",
          "dependencies": [
            "aws_vpc.dr"
          ],
          "create_before_destroy": true
        }
      ]
    },
    {
      "mode": "managed",
      "type": "aws_security_group_rule",
      "name": "allow_alb_to_frontend_80",
      "provider": "provider[\"registry.terraform.io/hashicorp/aws\"].primary",
      "instances": [
        {
          "schema_version": 2,
          "attributes": {
            "cidr_blocks": null,
            "description": null,
            "from_port": 80,
            "id": "sgrule-1799169664",
            "ipv6_cidr_blocks": null,
            "prefix_list_ids": null,
            "protocol": "tcp",
            "security_group_id": "sg-096e2add85774c5b6",
            "security_group_rule_id": "sgr-0a36b867ee513fdd8",
            "self": false,
            "source_security_group_id": "sg-0042998faee260a86",
            "timeouts": null,
            "to_port": 80,
            "type": "ingress"
          },
          "sensitive_attributes": [],
          "private": "eyJlMmJmYjczMC1lY2FhLTExZTYtOGY4OC0zNDM2M2JjN2M0YzAiOnsiY3JlYXRlIjozMDAwMDAwMDAwMDB9LCJzY2hlbWFfdmVyc2lvbiI6IjIifQ==",
          "dependencies": [
            "aws_security_group.alb_frontend_sg",
            "aws_security_group.bastion",
            "aws_security_group.frontend_alb",
            "aws_security_group.frontend_ec2",
            "aws_vpc.prod"
          ]
        }
      ]
    },
    {
      "mode": "managed",
      "type": "aws_security_group_rule",
      "name": "ssh_from_bastion_to_web_east",
      "provider": "provider[\"registry.terraform.io/hashicorp/aws\"].primary",
      "instances": [
        {
          "schema_version": 2,
          "attributes": {
            "cidr_blocks": null,
            "description": null,
            "from_port": 22,
            "id": "sgrule-1199406734",
            "ipv6_cidr_blocks": null,
            "prefix_list_ids": null,
            "protocol": "tcp",
            "security_group_id": "sg-0fc1f215113eacb80",
            "security_group_rule_id": "sgr-008d447b3979f27bb",
            "self": false,
            "source_security_group_id": "sg-0904faf16124dee30",
            "timeouts": null,
            "to_port": 22,
            "type": "ingress"
          },
          "sensitive_attributes": [],
          "private": "eyJlMmJmYjczMC1lY2FhLTExZTYtOGY4OC0zNDM2M2JjN2M0YzAiOnsiY3JlYXRlIjozMDAwMDAwMDAwMDB9LCJzY2hlbWFfdmVyc2lvbiI6IjIifQ==",
          "dependencies": [
            "aws_security_group.bastion_east",
            "aws_security_group.web_sg_east",
            "aws_vpc.prod"
          ]
        }
      ]
    },
    {
      "mode": "managed",
      "type": "aws_security_group_rule",
      "name": "ssh_from_bastion_to_web_west",
      "provider": "provider[\"registry.terraform.io/hashicorp/aws\"].secondary",
      "instances": [
        {
          "schema_version": 2,
          "attributes": {
            "cidr_blocks": null,
            "description": null,
            "from_port": 22,
            "id": "sgrule-1316781739",
            "ipv6_cidr_blocks": null,
            "prefix_list_ids": null,
            "protocol": "tcp",
            "security_group_id": "sg-0210929a0fe86e48d",
            "security_group_rule_id": "sgr-09fa370e616786f7c",
            "self": false,
            "source_security_group_id": "sg-0a6bba4c16a40b230",
            "timeouts": null,
            "to_port": 22,
            "type": "ingress"
          },
          "sensitive_attributes": [],
          "private": "eyJlMmJmYjczMC1lY2FhLTExZTYtOGY4OC0zNDM2M2JjN2M0YzAiOnsiY3JlYXRlIjozMDAwMDAwMDAwMDB9LCJzY2hlbWFfdmVyc2lvbiI6IjIifQ==",
          "dependencies": [
            "aws_security_group.bastion_west",
            "aws_security_group.web_sg_west",
            "aws_vpc.dr"
          ]
        }
      ]
    },
    {
      "mode": "managed",
      "type": "aws_sns_topic",
      "name": "alerts_dr",
      "provider": "provider[\"registry.terraform.io/hashicorp/aws\"].secondary",
      "instances": [
        {
          "schema_version": 0,
          "attributes": {
            "application_failure_feedback_role_arn": "",
            "application_success_feedback_role_arn": "",
            "application_success_feedback_sample_rate": 0,
            "archive_policy": "",
            "arn": "arn:aws:sns:us-west-1:904233103130:prod-alerts-dr",
            "beginning_archive_time": "",
            "content_based_deduplication": false,
            "delivery_policy": "",
            "display_name": "",
            "fifo_throughput_scope": "",
            "fifo_topic": false,
            "firehose_failure_feedback_role_arn": "",
            "firehose_success_feedback_role_arn": "",
            "firehose_success_feedback_sample_rate": 0,
            "http_failure_feedback_role_arn": "",
            "http_success_feedback_role_arn": "",
            "http_success_feedback_sample_rate": 0,
            "id": "arn:aws:sns:us-west-1:904233103130:prod-alerts-dr",
            "kms_master_key_id": "",
            "lambda_failure_feedback_role_arn": "",
            "lambda_success_feedback_role_arn": "",
            "lambda_success_feedback_sample_rate": 0,
            "name": "prod-alerts-dr",
            "name_prefix": "",
            "owner": "904233103130",
            "policy": "{\"Id\":\"__default_policy_ID\",\"Statement\":[{\"Action\":[\"SNS:GetTopicAttributes\",\"SNS:SetTopicAttributes\",\"SNS:AddPermission\",\"SNS:RemovePermission\",\"SNS:DeleteTopic\",\"SNS:Subscribe\",\"SNS:ListSubscriptionsByTopic\",\"SNS:Publish\"],\"Condition\":{\"StringEquals\":{\"AWS:SourceOwner\":\"904233103130\"}},\"Effect\":\"Allow\",\"Principal\":{\"AWS\":\"*\"},\"Resource\":\"arn:aws:sns:us-west-1:904233103130:prod-alerts-dr\",\"Sid\":\"__default_statement_ID\"}],\"Version\":\"2008-10-17\"}",
            "signature_version": 0,
            "sqs_failure_feedback_role_arn": "",
            "sqs_success_feedback_role_arn": "",
            "sqs_success_feedback_sample_rate": 0,
            "tags": null,
            "tags_all": {},
            "tracing_config": ""
          },
          "sensitive_attributes": [],
          "private": "bnVsbA=="
        }
      ]
    },
    {
      "mode": "managed",
      "type": "aws_sns_topic",
      "name": "alerts_global",
      "provider": "provider[\"registry.terraform.io/hashicorp/aws\"].useast1",
      "instances": [
        {
          "schema_version": 0,
          "attributes": {
            "application_failure_feedback_role_arn": "",
            "application_success_feedback_role_arn": "",
            "application_success_feedback_sample_rate": 0,
            "archive_policy": "",
            "arn": "arn:aws:sns:us-east-1:904233103130:prod-alerts-global",
            "beginning_archive_time": "",
            "content_based_deduplication": false,
            "delivery_policy": "",
            "display_name": "",
            "fifo_throughput_scope": "",
            "fifo_topic": false,
            "firehose_failure_feedback_role_arn": "",
            "firehose_success_feedback_role_arn": "",
            "firehose_success_feedback_sample_rate": 0,
            "http_failure_feedback_role_arn": "",
            "http_success_feedback_role_arn": "",
            "http_success_feedback_sample_rate": 0,
            "id": "arn:aws:sns:us-east-1:904233103130:prod-alerts-global",
            "kms_master_key_id": "",
            "lambda_failure_feedback_role_arn": "",
            "lambda_success_feedback_role_arn": "",
            "lambda_success_feedback_sample_rate": 0,
            "name": "prod-alerts-global",
            "name_prefix": "",
            "owner": "904233103130",
            "policy": "{\"Id\":\"__default_policy_ID\",\"Statement\":[{\"Action\":[\"SNS:GetTopicAttributes\",\"SNS:SetTopicAttributes\",\"SNS:AddPermission\",\"SNS:RemovePermission\",\"SNS:DeleteTopic\",\"SNS:Subscribe\",\"SNS:ListSubscriptionsByTopic\",\"SNS:Publish\"],\"Condition\":{\"StringEquals\":{\"AWS:SourceOwner\":\"904233103130\"}},\"Effect\":\"Allow\",\"Principal\":{\"AWS\":\"*\"},\"Resource\":\"arn:aws:sns:us-east-1:904233103130:prod-alerts-global\",\"Sid\":\"__default_statement_ID\"}],\"Version\":\"2008-10-17\"}",
            "signature_version": 0,
            "sqs_failure_feedback_role_arn": "",
            "sqs_success_feedback_role_arn": "",
            "sqs_success_feedback_sample_rate": 0,
            "tags": null,
            "tags_all": {},
            "tracing_config": ""
          },
          "sensitive_attributes": [],
          "private": "bnVsbA=="
        }
      ]
    },
    {
      "mode": "managed",
      "type": "aws_sns_topic",
      "name": "alerts_primary",
      "provider": "provider[\"registry.terraform.io/hashicorp/aws\"].primary",
      "instances": [
        {
          "schema_version": 0,
          "attributes": {
            "application_failure_feedback_role_arn": "",
            "application_success_feedback_role_arn": "",
            "application_success_feedback_sample_rate": 0,
            "archive_policy": "",
            "arn": "arn:aws:sns:us-east-1:904233103130:prod-alerts-primary",
            "beginning_archive_time": "",
            "content_based_deduplication": false,
            "delivery_policy": "",
            "display_name": "",
            "fifo_throughput_scope": "",
            "fifo_topic": false,
            "firehose_failure_feedback_role_arn": "",
            "firehose_success_feedback_role_arn": "",
            "firehose_success_feedback_sample_rate": 0,
            "http_failure_feedback_role_arn": "",
            "http_success_feedback_role_arn": "",
            "http_success_feedback_sample_rate": 0,
            "id": "arn:aws:sns:us-east-1:904233103130:prod-alerts-primary",
            "kms_master_key_id": "",
            "lambda_failure_feedback_role_arn": "",
            "lambda_success_feedback_role_arn": "",
            "lambda_success_feedback_sample_rate": 0,
            "name": "prod-alerts-primary",
            "name_prefix": "",
            "owner": "904233103130",
            "policy": "{\"Id\":\"__default_policy_ID\",\"Statement\":[{\"Action\":[\"SNS:GetTopicAttributes\",\"SNS:SetTopicAttributes\",\"SNS:AddPermission\",\"SNS:RemovePermission\",\"SNS:DeleteTopic\",\"SNS:Subscribe\",\"SNS:ListSubscriptionsByTopic\",\"SNS:Publish\"],\"Condition\":{\"StringEquals\":{\"AWS:SourceOwner\":\"904233103130\"}},\"Effect\":\"Allow\",\"Principal\":{\"AWS\":\"*\"},\"Resource\":\"arn:aws:sns:us-east-1:904233103130:prod-alerts-primary\",\"Sid\":\"__default_statement_ID\"}],\"Version\":\"2008-10-17\"}",
            "signature_version": 0,
            "sqs_failure_feedback_role_arn": "",
            "sqs_success_feedback_role_arn": "",
            "sqs_success_feedback_sample_rate": 0,
            "tags": null,
            "tags_all": {},
            "tracing_config": ""
          },
          "sensitive_attributes": [],
          "private": "bnVsbA=="
        }
      ]
    },
    {
      "mode": "managed",
      "type": "aws_sns_topic_subscription",
      "name": "alerts_email_dr",
      "provider": "provider[\"registry.terraform.io/hashicorp/aws\"].secondary",
      "instances": [
        {
          "schema_version": 0,
          "attributes": {
            "arn": "arn:aws:sns:us-west-1:904233103130:prod-alerts-dr:0d2b4893-c1ae-4dfe-b77a-9376b171100c",
            "confirmation_timeout_in_minutes": 1,
            "confirmation_was_authenticated": false,
            "delivery_policy": "",
            "endpoint": "lavoratoreonline12@gmail.com",
            "endpoint_auto_confirms": false,
            "filter_policy": "",
            "filter_policy_scope": "",
            "id": "arn:aws:sns:us-west-1:904233103130:prod-alerts-dr:0d2b4893-c1ae-4dfe-b77a-9376b171100c",
            "owner_id": "904233103130",
            "pending_confirmation": true,
            "protocol": "email",
            "raw_message_delivery": false,
            "redrive_policy": "",
            "replay_policy": "",
            "subscription_role_arn": "",
            "topic_arn": "arn:aws:sns:us-west-1:904233103130:prod-alerts-dr"
          },
          "sensitive_attributes": [],
          "private": "bnVsbA==",
          "dependencies": [
            "aws_sns_topic.alerts_dr"
          ]
        }
      ]
    },
    {
      "mode": "managed",
      "type": "aws_sns_topic_subscription",
      "name": "alerts_email_global",
      "provider": "provider[\"registry.terraform.io/hashicorp/aws\"].useast1",
      "instances": [
        {
          "schema_version": 0,
          "attributes": {
            "arn": "arn:aws:sns:us-east-1:904233103130:prod-alerts-global:49c609ff-fe80-418a-ad4f-03a58e5dc4ac",
            "confirmation_timeout_in_minutes": 1,
            "confirmation_was_authenticated": false,
            "delivery_policy": "",
            "endpoint": "lavoratoreonline12@gmail.com",
            "endpoint_auto_confirms": false,
            "filter_policy": "",
            "filter_policy_scope": "",
            "id": "arn:aws:sns:us-east-1:904233103130:prod-alerts-global:49c609ff-fe80-418a-ad4f-03a58e5dc4ac",
            "owner_id": "904233103130",
            "pending_confirmation": true,
            "protocol": "email",
            "raw_message_delivery": false,
            "redrive_policy": "",
            "replay_policy": "",
            "subscription_role_arn": "",
            "topic_arn": "arn:aws:sns:us-east-1:904233103130:prod-alerts-global"
          },
          "sensitive_attributes": [],
          "private": "bnVsbA==",
          "dependencies": [
            "aws_sns_topic.alerts_global"
          ]
        }
      ]
    },
    {
      "mode": "managed",
      "type": "aws_sns_topic_subscription",
      "name": "alerts_email_primary",
      "provider": "provider[\"registry.terraform.io/hashicorp/aws\"].primary",
      "instances": [
        {
          "schema_version": 0,
          "attributes": {
            "arn": "arn:aws:sns:us-east-1:904233103130:prod-alerts-primary:5521c8b6-ae73-402d-b1f4-ae6e5bba0461",
            "confirmation_timeout_in_minutes": 1,
            "confirmation_was_authenticated": false,
            "delivery_policy": "",
            "endpoint": "lavoratoreonline12@gmail.com",
            "endpoint_auto_confirms": false,
            "filter_policy": "",
            "filter_policy_scope": "",
            "id": "arn:aws:sns:us-east-1:904233103130:prod-alerts-primary:5521c8b6-ae73-402d-b1f4-ae6e5bba0461",
            "owner_id": "904233103130",
            "pending_confirmation": true,
            "protocol": "email",
            "raw_message_delivery": false,
            "redrive_policy": "",
            "replay_policy": "",
            "subscription_role_arn": "",
            "topic_arn": "arn:aws:sns:us-east-1:904233103130:prod-alerts-primary"
          },
          "sensitive_attributes": [],
          "private": "bnVsbA==",
          "dependencies": [
            "aws_sns_topic.alerts_primary"
          ]
        }
      ]
    },
    {
      "mode": "managed",
      "type": "aws_subnet",
      "name": "dr",
      "provider": "provider[\"registry.terraform.io/hashicorp/aws\"].secondary",
      "instances": [
        {
          "index_key": "pri-sub-3a",
          "schema_version": 1,
          "attributes": {
            "arn": "arn:aws:ec2:us-west-1:904233103130:subnet/subnet-003081b997ffb65c8",
            "assign_ipv6_address_on_creation": false,
            "availability_zone": "us-west-1b",
            "availability_zone_id": "usw1-az3",
            "cidr_block": "172.20.3.0/24",
            "customer_owned_ipv4_pool": "",
            "enable_dns64": false,
            "enable_lni_at_device_index": 0,
            "enable_resource_name_dns_a_record_on_launch": false,
            "enable_resource_name_dns_aaaa_record_on_launch": false,
            "id": "subnet-003081b997ffb65c8",
            "ipv6_cidr_block": "",
            "ipv6_cidr_block_association_id": "",
            "ipv6_native": false,
            "map_customer_owned_ip_on_launch": false,
            "map_public_ip_on_launch": false,
            "outpost_arn": "",
            "owner_id": "904233103130",
            "private_dns_hostname_type_on_launch": "ip-name",
            "tags": {
              "Name": "pri-sub-3a",
              "Tier": "web"
            },
            "tags_all": {
              "Name": "pri-sub-3a",
              "Tier": "web"
            },
            "timeouts": null,
            "vpc_id": "vpc-04ed3ce8471d0801f"
          },
          "sensitive_attributes": [],
          "private": "eyJlMmJmYjczMC1lY2FhLTExZTYtOGY4OC0zNDM2M2JjN2M0YzAiOnsiY3JlYXRlIjo2MDAwMDAwMDAwMDAsImRlbGV0ZSI6MTIwMDAwMDAwMDAwMH0sInNjaGVtYV92ZXJzaW9uIjoiMSJ9",
          "dependencies": [
            "aws_vpc.dr"
          ],
          "create_before_destroy": true
        },
        {
          "index_key": "pri-sub-4b",
          "schema_version": 1,
          "attributes": {
            "arn": "arn:aws:ec2:us-west-1:904233103130:subnet/subnet-0af255412edec237a",
            "assign_ipv6_address_on_creation": false,
            "availability_zone": "us-west-1c",
            "availability_zone_id": "usw1-az1",
            "cidr_block": "172.20.4.0/24",
            "customer_owned_ipv4_pool": "",
            "enable_dns64": false,
            "enable_lni_at_device_index": 0,
            "enable_resource_name_dns_a_record_on_launch": false,
            "enable_resource_name_dns_aaaa_record_on_launch": false,
            "id": "subnet-0af255412edec237a",
            "ipv6_cidr_block": "",
            "ipv6_cidr_block_association_id": "",
            "ipv6_native": false,
            "map_customer_owned_ip_on_launch": false,
            "map_public_ip_on_launch": false,
            "outpost_arn": "",
            "owner_id": "904233103130",
            "private_dns_hostname_type_on_launch": "ip-name",
            "tags": {
              "Name": "pri-sub-4b",
              "Tier": "web"
            },
            "tags_all": {
              "Name": "pri-sub-4b",
              "Tier": "web"
            },
            "timeouts": null,
            "vpc_id": "vpc-04ed3ce8471d0801f"
          },
          "sensitive_attributes": [],
          "private": "eyJlMmJmYjczMC1lY2FhLTExZTYtOGY4OC0zNDM2M2JjN2M0YzAiOnsiY3JlYXRlIjo2MDAwMDAwMDAwMDAsImRlbGV0ZSI6MTIwMDAwMDAwMDAwMH0sInNjaGVtYV92ZXJzaW9uIjoiMSJ9",
          "dependencies": [
            "aws_vpc.dr"
          ],
          "create_before_destroy": true
        },
        {
          "index_key": "pri-sub-5a",
          "schema_version": 1,
          "attributes": {
            "arn": "arn:aws:ec2:us-west-1:904233103130:subnet/subnet-03366bf47289554c1",
            "assign_ipv6_address_on_creation": false,
            "availability_zone": "us-west-1b",
            "availability_zone_id": "usw1-az3",
            "cidr_block": "172.20.5.0/24",
            "customer_owned_ipv4_pool": "",
            "enable_dns64": false,
            "enable_lni_at_device_index": 0,
            "enable_resource_name_dns_a_record_on_launch": false,
            "enable_resource_name_dns_aaaa_record_on_launch": false,
            "id": "subnet-03366bf47289554c1",
            "ipv6_cidr_block": "",
            "ipv6_cidr_block_association_id": "",
            "ipv6_native": false,
            "map_customer_owned_ip_on_launch": false,
            "map_public_ip_on_launch": false,
            "outpost_arn": "",
            "owner_id": "904233103130",
            "private_dns_hostname_type_on_launch": "ip-name",
            "tags": {
              "Name": "pri-sub-5a",
              "Tier": "app"
            },
            "tags_all": {
              "Name": "pri-sub-5a",
              "Tier": "app"
            },
            "timeouts": null,
            "vpc_id": "vpc-04ed3ce8471d0801f"
          },
          "sensitive_attributes": [],
          "private": "eyJlMmJmYjczMC1lY2FhLTExZTYtOGY4OC0zNDM2M2JjN2M0YzAiOnsiY3JlYXRlIjo2MDAwMDAwMDAwMDAsImRlbGV0ZSI6MTIwMDAwMDAwMDAwMH0sInNjaGVtYV92ZXJzaW9uIjoiMSJ9",
          "dependencies": [
            "aws_vpc.dr"
          ],
          "create_before_destroy": true
        },
        {
          "index_key": "pri-sub-6b",
          "schema_version": 1,
          "attributes": {
            "arn": "arn:aws:ec2:us-west-1:904233103130:subnet/subnet-0651b3a5d59f08519",
            "assign_ipv6_address_on_creation": false,
            "availability_zone": "us-west-1c",
            "availability_zone_id": "usw1-az1",
            "cidr_block": "172.20.6.0/24",
            "customer_owned_ipv4_pool": "",
            "enable_dns64": false,
            "enable_lni_at_device_index": 0,
            "enable_resource_name_dns_a_record_on_launch": false,
            "enable_resource_name_dns_aaaa_record_on_launch": false,
            "id": "subnet-0651b3a5d59f08519",
            "ipv6_cidr_block": "",
            "ipv6_cidr_block_association_id": "",
            "ipv6_native": false,
            "map_customer_owned_ip_on_launch": false,
            "map_public_ip_on_launch": false,
            "outpost_arn": "",
            "owner_id": "904233103130",
            "private_dns_hostname_type_on_launch": "ip-name",
            "tags": {
              "Name": "pri-sub-6b",
              "Tier": "app"
            },
            "tags_all": {
              "Name": "pri-sub-6b",
              "Tier": "app"
            },
            "timeouts": null,
            "vpc_id": "vpc-04ed3ce8471d0801f"
          },
          "sensitive_attributes": [],
          "private": "eyJlMmJmYjczMC1lY2FhLTExZTYtOGY4OC0zNDM2M2JjN2M0YzAiOnsiY3JlYXRlIjo2MDAwMDAwMDAwMDAsImRlbGV0ZSI6MTIwMDAwMDAwMDAwMH0sInNjaGVtYV92ZXJzaW9uIjoiMSJ9",
          "dependencies": [
            "aws_vpc.dr"
          ],
          "create_before_destroy": true
        },
        {
          "index_key": "pri-sub-7a",
          "schema_version": 1,
          "attributes": {
            "arn": "arn:aws:ec2:us-west-1:904233103130:subnet/subnet-0f047dc43b5466446",
            "assign_ipv6_address_on_creation": false,
            "availability_zone": "us-west-1b",
            "availability_zone_id": "usw1-az3",
            "cidr_block": "172.20.7.0/24",
            "customer_owned_ipv4_pool": "",
            "enable_dns64": false,
            "enable_lni_at_device_index": 0,
            "enable_resource_name_dns_a_record_on_launch": false,
            "enable_resource_name_dns_aaaa_record_on_launch": false,
            "id": "subnet-0f047dc43b5466446",
            "ipv6_cidr_block": "",
            "ipv6_cidr_block_association_id": "",
            "ipv6_native": false,
            "map_customer_owned_ip_on_launch": false,
            "map_public_ip_on_launch": false,
            "outpost_arn": "",
            "owner_id": "904233103130",
            "private_dns_hostname_type_on_launch": "ip-name",
            "tags": {
              "Name": "pri-sub-7a",
              "Tier": "db"
            },
            "tags_all": {
              "Name": "pri-sub-7a",
              "Tier": "db"
            },
            "timeouts": null,
            "vpc_id": "vpc-04ed3ce8471d0801f"
          },
          "sensitive_attributes": [],
          "private": "eyJlMmJmYjczMC1lY2FhLTExZTYtOGY4OC0zNDM2M2JjN2M0YzAiOnsiY3JlYXRlIjo2MDAwMDAwMDAwMDAsImRlbGV0ZSI6MTIwMDAwMDAwMDAwMH0sInNjaGVtYV92ZXJzaW9uIjoiMSJ9",
          "dependencies": [
            "aws_vpc.dr"
          ]
        },
        {
          "index_key": "pri-sub-8b",
          "schema_version": 1,
          "attributes": {
            "arn": "arn:aws:ec2:us-west-1:904233103130:subnet/subnet-053fd6d1f21e2307d",
            "assign_ipv6_address_on_creation": false,
            "availability_zone": "us-west-1c",
            "availability_zone_id": "usw1-az1",
            "cidr_block": "172.20.8.0/24",
            "customer_owned_ipv4_pool": "",
            "enable_dns64": false,
            "enable_lni_at_device_index": 0,
            "enable_resource_name_dns_a_record_on_launch": false,
            "enable_resource_name_dns_aaaa_record_on_launch": false,
            "id": "subnet-053fd6d1f21e2307d",
            "ipv6_cidr_block": "",
            "ipv6_cidr_block_association_id": "",
            "ipv6_native": false,
            "map_customer_owned_ip_on_launch": false,
            "map_public_ip_on_launch": false,
            "outpost_arn": "",
            "owner_id": "904233103130",
            "private_dns_hostname_type_on_launch": "ip-name",
            "tags": {
              "Name": "pri-sub-8b",
              "Tier": "db"
            },
            "tags_all": {
              "Name": "pri-sub-8b",
              "Tier": "db"
            },
            "timeouts": null,
            "vpc_id": "vpc-04ed3ce8471d0801f"
          },
          "sensitive_attributes": [],
          "private": "eyJlMmJmYjczMC1lY2FhLTExZTYtOGY4OC0zNDM2M2JjN2M0YzAiOnsiY3JlYXRlIjo2MDAwMDAwMDAwMDAsImRlbGV0ZSI6MTIwMDAwMDAwMDAwMH0sInNjaGVtYV92ZXJzaW9uIjoiMSJ9",
          "dependencies": [
            "aws_vpc.dr"
          ]
        },
        {
          "index_key": "pub-sub-1a",
          "schema_version": 1,
          "attributes": {
            "arn": "arn:aws:ec2:us-west-1:904233103130:subnet/subnet-02d138f4f702cc156",
            "assign_ipv6_address_on_creation": false,
            "availability_zone": "us-west-1b",
            "availability_zone_id": "usw1-az3",
            "cidr_block": "172.20.1.0/24",
            "customer_owned_ipv4_pool": "",
            "enable_dns64": false,
            "enable_lni_at_device_index": 0,
            "enable_resource_name_dns_a_record_on_launch": false,
            "enable_resource_name_dns_aaaa_record_on_launch": false,
            "id": "subnet-02d138f4f702cc156",
            "ipv6_cidr_block": "",
            "ipv6_cidr_block_association_id": "",
            "ipv6_native": false,
            "map_customer_owned_ip_on_launch": false,
            "map_public_ip_on_launch": true,
            "outpost_arn": "",
            "owner_id": "904233103130",
            "private_dns_hostname_type_on_launch": "ip-name",
            "tags": {
              "Name": "pub-sub-1a",
              "Tier": "alb"
            },
            "tags_all": {
              "Name": "pub-sub-1a",
              "Tier": "alb"
            },
            "timeouts": null,
            "vpc_id": "vpc-04ed3ce8471d0801f"
          },
          "sensitive_attributes": [],
          "private": "eyJlMmJmYjczMC1lY2FhLTExZTYtOGY4OC0zNDM2M2JjN2M0YzAiOnsiY3JlYXRlIjo2MDAwMDAwMDAwMDAsImRlbGV0ZSI6MTIwMDAwMDAwMDAwMH0sInNjaGVtYV92ZXJzaW9uIjoiMSJ9",
          "dependencies": [
            "aws_vpc.dr"
          ],
          "create_before_destroy": true
        },
        {
          "index_key": "pub-sub-2b",
          "schema_version": 1,
          "attributes": {
            "arn": "arn:aws:ec2:us-west-1:904233103130:subnet/subnet-0198a5116741da7e8",
            "assign_ipv6_address_on_creation": false,
            "availability_zone": "us-west-1c",
            "availability_zone_id": "usw1-az1",
            "cidr_block": "172.20.2.0/24",
            "customer_owned_ipv4_pool": "",
            "enable_dns64": false,
            "enable_lni_at_device_index": 0,
            "enable_resource_name_dns_a_record_on_launch": false,
            "enable_resource_name_dns_aaaa_record_on_launch": false,
            "id": "subnet-0198a5116741da7e8",
            "ipv6_cidr_block": "",
            "ipv6_cidr_block_association_id": "",
            "ipv6_native": false,
            "map_customer_owned_ip_on_launch": false,
            "map_public_ip_on_launch": true,
            "outpost_arn": "",
            "owner_id": "904233103130",
            "private_dns_hostname_type_on_launch": "ip-name",
            "tags": {
              "Name": "pub-sub-2b",
              "Tier": "alb"
            },
            "tags_all": {
              "Name": "pub-sub-2b",
              "Tier": "alb"
            },
            "timeouts": null,
            "vpc_id": "vpc-04ed3ce8471d0801f"
          },
          "sensitive_attributes": [],
          "private": "eyJlMmJmYjczMC1lY2FhLTExZTYtOGY4OC0zNDM2M2JjN2M0YzAiOnsiY3JlYXRlIjo2MDAwMDAwMDAwMDAsImRlbGV0ZSI6MTIwMDAwMDAwMDAwMH0sInNjaGVtYV92ZXJzaW9uIjoiMSJ9",
          "dependencies": [
            "aws_vpc.dr"
          ],
          "create_before_destroy": true
        }
      ]
    },
    {
      "mode": "managed",
      "type": "aws_subnet",
      "name": "prod",
      "provider": "provider[\"registry.terraform.io/hashicorp/aws\"].primary",
      "instances": [
        {
          "index_key": "pri-sub-3a",
          "schema_version": 1,
          "attributes": {
            "arn": "arn:aws:ec2:us-east-1:904233103130:subnet/subnet-0aeb2168080fa1392",
            "assign_ipv6_address_on_creation": false,
            "availability_zone": "us-east-1a",
            "availability_zone_id": "use1-az1",
            "cidr_block": "172.20.3.0/24",
            "customer_owned_ipv4_pool": "",
            "enable_dns64": false,
            "enable_lni_at_device_index": 0,
            "enable_resource_name_dns_a_record_on_launch": false,
            "enable_resource_name_dns_aaaa_record_on_launch": false,
            "id": "subnet-0aeb2168080fa1392",
            "ipv6_cidr_block": "",
            "ipv6_cidr_block_association_id": "",
            "ipv6_native": false,
            "map_customer_owned_ip_on_launch": false,
            "map_public_ip_on_launch": false,
            "outpost_arn": "",
            "owner_id": "904233103130",
            "private_dns_hostname_type_on_launch": "ip-name",
            "tags": {
              "Name": "pri-sub-3a",
              "Tier": "web"
            },
            "tags_all": {
              "Name": "pri-sub-3a",
              "Tier": "web"
            },
            "timeouts": null,
            "vpc_id": "vpc-0fce9d5a568cd2f4e"
          },
          "sensitive_attributes": [],
          "private": "eyJlMmJmYjczMC1lY2FhLTExZTYtOGY4OC0zNDM2M2JjN2M0YzAiOnsiY3JlYXRlIjo2MDAwMDAwMDAwMDAsImRlbGV0ZSI6MTIwMDAwMDAwMDAwMH0sInNjaGVtYV92ZXJzaW9uIjoiMSJ9",
          "dependencies": [
            "aws_vpc.prod"
          ]
        },
        {
          "index_key": "pri-sub-4b",
          "schema_version": 1,
          "attributes": {
            "arn": "arn:aws:ec2:us-east-1:904233103130:subnet/subnet-0e1dc8e76b3320641",
            "assign_ipv6_address_on_creation": false,
            "availability_zone": "us-east-1b",
            "availability_zone_id": "use1-az2",
            "cidr_block": "172.20.4.0/24",
            "customer_owned_ipv4_pool": "",
            "enable_dns64": false,
            "enable_lni_at_device_index": 0,
            "enable_resource_name_dns_a_record_on_launch": false,
            "enable_resource_name_dns_aaaa_record_on_launch": false,
            "id": "subnet-0e1dc8e76b3320641",
            "ipv6_cidr_block": "",
            "ipv6_cidr_block_association_id": "",
            "ipv6_native": false,
            "map_customer_owned_ip_on_launch": false,
            "map_public_ip_on_launch": false,
            "outpost_arn": "",
            "owner_id": "904233103130",
            "private_dns_hostname_type_on_launch": "ip-name",
            "tags": {
              "Name": "pri-sub-4b",
              "Tier": "web"
            },
            "tags_all": {
              "Name": "pri-sub-4b",
              "Tier": "web"
            },
            "timeouts": null,
            "vpc_id": "vpc-0fce9d5a568cd2f4e"
          },
          "sensitive_attributes": [],
          "private": "eyJlMmJmYjczMC1lY2FhLTExZTYtOGY4OC0zNDM2M2JjN2M0YzAiOnsiY3JlYXRlIjo2MDAwMDAwMDAwMDAsImRlbGV0ZSI6MTIwMDAwMDAwMDAwMH0sInNjaGVtYV92ZXJzaW9uIjoiMSJ9",
          "dependencies": [
            "aws_vpc.prod"
          ]
        },
        {
          "index_key": "pri-sub-5a",
          "schema_version": 1,
          "attributes": {
            "arn": "arn:aws:ec2:us-east-1:904233103130:subnet/subnet-01b285a804bcfdca1",
            "assign_ipv6_address_on_creation": false,
            "availability_zone": "us-east-1a",
            "availability_zone_id": "use1-az1",
            "cidr_block": "172.20.5.0/24",
            "customer_owned_ipv4_pool": "",
            "enable_dns64": false,
            "enable_lni_at_device_index": 0,
            "enable_resource_name_dns_a_record_on_launch": false,
            "enable_resource_name_dns_aaaa_record_on_launch": false,
            "id": "subnet-01b285a804bcfdca1",
            "ipv6_cidr_block": "",
            "ipv6_cidr_block_association_id": "",
            "ipv6_native": false,
            "map_customer_owned_ip_on_launch": false,
            "map_public_ip_on_launch": false,
            "outpost_arn": "",
            "owner_id": "904233103130",
            "private_dns_hostname_type_on_launch": "ip-name",
            "tags": {
              "Name": "pri-sub-5a",
              "Tier": "app"
            },
            "tags_all": {
              "Name": "pri-sub-5a",
              "Tier": "app"
            },
            "timeouts": null,
            "vpc_id": "vpc-0fce9d5a568cd2f4e"
          },
          "sensitive_attributes": [],
          "private": "eyJlMmJmYjczMC1lY2FhLTExZTYtOGY4OC0zNDM2M2JjN2M0YzAiOnsiY3JlYXRlIjo2MDAwMDAwMDAwMDAsImRlbGV0ZSI6MTIwMDAwMDAwMDAwMH0sInNjaGVtYV92ZXJzaW9uIjoiMSJ9",
          "dependencies": [
            "aws_vpc.prod"
          ]
        },
        {
          "index_key": "pri-sub-6b",
          "schema_version": 1,
          "attributes": {
            "arn": "arn:aws:ec2:us-east-1:904233103130:subnet/subnet-0371811307f8fe2a1",
            "assign_ipv6_address_on_creation": false,
            "availability_zone": "us-east-1b",
            "availability_zone_id": "use1-az2",
            "cidr_block": "172.20.6.0/24",
            "customer_owned_ipv4_pool": "",
            "enable_dns64": false,
            "enable_lni_at_device_index": 0,
            "enable_resource_name_dns_a_record_on_launch": false,
            "enable_resource_name_dns_aaaa_record_on_launch": false,
            "id": "subnet-0371811307f8fe2a1",
            "ipv6_cidr_block": "",
            "ipv6_cidr_block_association_id": "",
            "ipv6_native": false,
            "map_customer_owned_ip_on_launch": false,
            "map_public_ip_on_launch": false,
            "outpost_arn": "",
            "owner_id": "904233103130",
            "private_dns_hostname_type_on_launch": "ip-name",
            "tags": {
              "Name": "pri-sub-6b",
              "Tier": "app"
            },
            "tags_all": {
              "Name": "pri-sub-6b",
              "Tier": "app"
            },
            "timeouts": null,
            "vpc_id": "vpc-0fce9d5a568cd2f4e"
          },
          "sensitive_attributes": [],
          "private": "eyJlMmJmYjczMC1lY2FhLTExZTYtOGY4OC0zNDM2M2JjN2M0YzAiOnsiY3JlYXRlIjo2MDAwMDAwMDAwMDAsImRlbGV0ZSI6MTIwMDAwMDAwMDAwMH0sInNjaGVtYV92ZXJzaW9uIjoiMSJ9",
          "dependencies": [
            "aws_vpc.prod"
          ]
        },
        {
          "index_key": "pri-sub-7a",
          "schema_version": 1,
          "attributes": {
            "arn": "arn:aws:ec2:us-east-1:904233103130:subnet/subnet-0ab1e11b099424796",
            "assign_ipv6_address_on_creation": false,
            "availability_zone": "us-east-1a",
            "availability_zone_id": "use1-az1",
            "cidr_block": "172.20.7.0/24",
            "customer_owned_ipv4_pool": "",
            "enable_dns64": false,
            "enable_lni_at_device_index": 0,
            "enable_resource_name_dns_a_record_on_launch": false,
            "enable_resource_name_dns_aaaa_record_on_launch": false,
            "id": "subnet-0ab1e11b099424796",
            "ipv6_cidr_block": "",
            "ipv6_cidr_block_association_id": "",
            "ipv6_native": false,
            "map_customer_owned_ip_on_launch": false,
            "map_public_ip_on_launch": false,
            "outpost_arn": "",
            "owner_id": "904233103130",
            "private_dns_hostname_type_on_launch": "ip-name",
            "tags": {
              "Name": "pri-sub-7a",
              "Tier": "db"
            },
            "tags_all": {
              "Name": "pri-sub-7a",
              "Tier": "db"
            },
            "timeouts": null,
            "vpc_id": "vpc-0fce9d5a568cd2f4e"
          },
          "sensitive_attributes": [],
          "private": "eyJlMmJmYjczMC1lY2FhLTExZTYtOGY4OC0zNDM2M2JjN2M0YzAiOnsiY3JlYXRlIjo2MDAwMDAwMDAwMDAsImRlbGV0ZSI6MTIwMDAwMDAwMDAwMH0sInNjaGVtYV92ZXJzaW9uIjoiMSJ9",
          "dependencies": [
            "aws_vpc.prod"
          ]
        },
        {
          "index_key": "pri-sub-8b",
          "schema_version": 1,
          "attributes": {
            "arn": "arn:aws:ec2:us-east-1:904233103130:subnet/subnet-0f0922da130fdf3c7",
            "assign_ipv6_address_on_creation": false,
            "availability_zone": "us-east-1b",
            "availability_zone_id": "use1-az2",
            "cidr_block": "172.20.8.0/24",
            "customer_owned_ipv4_pool": "",
            "enable_dns64": false,
            "enable_lni_at_device_index": 0,
            "enable_resource_name_dns_a_record_on_launch": false,
            "enable_resource_name_dns_aaaa_record_on_launch": false,
            "id": "subnet-0f0922da130fdf3c7",
            "ipv6_cidr_block": "",
            "ipv6_cidr_block_association_id": "",
            "ipv6_native": false,
            "map_customer_owned_ip_on_launch": false,
            "map_public_ip_on_launch": false,
            "outpost_arn": "",
            "owner_id": "904233103130",
            "private_dns_hostname_type_on_launch": "ip-name",
            "tags": {
              "Name": "pri-sub-8b",
              "Tier": "db"
            },
            "tags_all": {
              "Name": "pri-sub-8b",
              "Tier": "db"
            },
            "timeouts": null,
            "vpc_id": "vpc-0fce9d5a568cd2f4e"
          },
          "sensitive_attributes": [],
          "private": "eyJlMmJmYjczMC1lY2FhLTExZTYtOGY4OC0zNDM2M2JjN2M0YzAiOnsiY3JlYXRlIjo2MDAwMDAwMDAwMDAsImRlbGV0ZSI6MTIwMDAwMDAwMDAwMH0sInNjaGVtYV92ZXJzaW9uIjoiMSJ9",
          "dependencies": [
            "aws_vpc.prod"
          ]
        },
        {
          "index_key": "pub-sub-1a",
          "schema_version": 1,
          "attributes": {
            "arn": "arn:aws:ec2:us-east-1:904233103130:subnet/subnet-0d47737bcd81aa780",
            "assign_ipv6_address_on_creation": false,
            "availability_zone": "us-east-1a",
            "availability_zone_id": "use1-az1",
            "cidr_block": "172.20.1.0/24",
            "customer_owned_ipv4_pool": "",
            "enable_dns64": false,
            "enable_lni_at_device_index": 0,
            "enable_resource_name_dns_a_record_on_launch": false,
            "enable_resource_name_dns_aaaa_record_on_launch": false,
            "id": "subnet-0d47737bcd81aa780",
            "ipv6_cidr_block": "",
            "ipv6_cidr_block_association_id": "",
            "ipv6_native": false,
            "map_customer_owned_ip_on_launch": false,
            "map_public_ip_on_launch": true,
            "outpost_arn": "",
            "owner_id": "904233103130",
            "private_dns_hostname_type_on_launch": "ip-name",
            "tags": {
              "Name": "pub-sub-1a",
              "Tier": "alb"
            },
            "tags_all": {
              "Name": "pub-sub-1a",
              "Tier": "alb"
            },
            "timeouts": null,
            "vpc_id": "vpc-0fce9d5a568cd2f4e"
          },
          "sensitive_attributes": [],
          "private": "eyJlMmJmYjczMC1lY2FhLTExZTYtOGY4OC0zNDM2M2JjN2M0YzAiOnsiY3JlYXRlIjo2MDAwMDAwMDAwMDAsImRlbGV0ZSI6MTIwMDAwMDAwMDAwMH0sInNjaGVtYV92ZXJzaW9uIjoiMSJ9",
          "dependencies": [
            "aws_vpc.prod"
          ]
        },
        {
          "index_key": "pub-sub-2b",
          "schema_version": 1,
          "attributes": {
            "arn": "arn:aws:ec2:us-east-1:904233103130:subnet/subnet-0b593d7a85b17ca0b",
            "assign_ipv6_address_on_creation": false,
            "availability_zone": "us-east-1b",
            "availability_zone_id": "use1-az2",
            "cidr_block": "172.20.2.0/24",
            "customer_owned_ipv4_pool": "",
            "enable_dns64": false,
            "enable_lni_at_device_index": 0,
            "enable_resource_name_dns_a_record_on_launch": false,
            "enable_resource_name_dns_aaaa_record_on_launch": false,
            "id": "subnet-0b593d7a85b17ca0b",
            "ipv6_cidr_block": "",
            "ipv6_cidr_block_association_id": "",
            "ipv6_native": false,
            "map_customer_owned_ip_on_launch": false,
            "map_public_ip_on_launch": true,
            "outpost_arn": "",
            "owner_id": "904233103130",
            "private_dns_hostname_type_on_launch": "ip-name",
            "tags": {
              "Name": "pub-sub-2b",
              "Tier": "alb"
            },
            "tags_all": {
              "Name": "pub-sub-2b",
              "Tier": "alb"
            },
            "timeouts": null,
            "vpc_id": "vpc-0fce9d5a568cd2f4e"
          },
          "sensitive_attributes": [],
          "private": "eyJlMmJmYjczMC1lY2FhLTExZTYtOGY4OC0zNDM2M2JjN2M0YzAiOnsiY3JlYXRlIjo2MDAwMDAwMDAwMDAsImRlbGV0ZSI6MTIwMDAwMDAwMDAwMH0sInNjaGVtYV92ZXJzaW9uIjoiMSJ9",
          "dependencies": [
            "aws_vpc.prod"
          ],
          "create_before_destroy": true
        }
      ]
    },
    {
      "mode": "managed",
      "type": "aws_vpc",
      "name": "dr",
      "provider": "provider[\"registry.terraform.io/hashicorp/aws\"].secondary",
      "instances": [
        {
          "schema_version": 1,
          "attributes": {
            "arn": "arn:aws:ec2:us-west-1:904233103130:vpc/vpc-04ed3ce8471d0801f",
            "assign_generated_ipv6_cidr_block": false,
            "cidr_block": "172.20.0.0/16",
            "default_network_acl_id": "acl-0d4f94cd8972f8946",
            "default_route_table_id": "rtb-0504a53d0826a586a",
            "default_security_group_id": "sg-06a0615e40268b3e3",
            "dhcp_options_id": "dopt-065c4e5d6dbe2919e",
            "enable_dns_hostnames": true,
            "enable_dns_support": true,
            "enable_network_address_usage_metrics": false,
            "id": "vpc-04ed3ce8471d0801f",
            "instance_tenancy": "default",
            "ipv4_ipam_pool_id": null,
            "ipv4_netmask_length": null,
            "ipv6_association_id": "",
            "ipv6_cidr_block": "",
            "ipv6_cidr_block_network_border_group": "",
            "ipv6_ipam_pool_id": "",
            "ipv6_netmask_length": 0,
            "main_route_table_id": "rtb-0504a53d0826a586a",
            "owner_id": "904233103130",
            "tags": {
              "Name": "vpc-dr"
            },
            "tags_all": {
              "Name": "vpc-dr"
            }
          },
          "sensitive_attributes": [],
          "private": "eyJzY2hlbWFfdmVyc2lvbiI6IjEifQ==",
          "create_before_destroy": true
        }
      ]
    },
    {
      "mode": "managed",
      "type": "aws_vpc",
      "name": "prod",
      "provider": "provider[\"registry.terraform.io/hashicorp/aws\"].primary",
      "instances": [
        {
          "schema_version": 1,
          "attributes": {
            "arn": "arn:aws:ec2:us-east-1:904233103130:vpc/vpc-0fce9d5a568cd2f4e",
            "assign_generated_ipv6_cidr_block": false,
            "cidr_block": "172.20.0.0/16",
            "default_network_acl_id": "acl-0029c28b96072f0ed",
            "default_route_table_id": "rtb-091677d70e111ccdb",
            "default_security_group_id": "sg-057556fd45e2a59f0",
            "dhcp_options_id": "dopt-0cb33106507678f7a",
            "enable_dns_hostnames": true,
            "enable_dns_support": true,
            "enable_network_address_usage_metrics": false,
            "id": "vpc-0fce9d5a568cd2f4e",
            "instance_tenancy": "default",
            "ipv4_ipam_pool_id": null,
            "ipv4_netmask_length": null,
            "ipv6_association_id": "",
            "ipv6_cidr_block": "",
            "ipv6_cidr_block_network_border_group": "",
            "ipv6_ipam_pool_id": "",
            "ipv6_netmask_length": 0,
            "main_route_table_id": "rtb-091677d70e111ccdb",
            "owner_id": "904233103130",
            "tags": {
              "Name": "vpc-prod"
            },
            "tags_all": {
              "Name": "vpc-prod"
            }
          },
          "sensitive_attributes": [],
          "private": "eyJzY2hlbWFfdmVyc2lvbiI6IjEifQ==",
          "create_before_destroy": true
        }
      ]
    },
    {
      "mode": "managed",
      "type": "aws_wafv2_web_acl",
      "name": "cf_waf",
      "provider": "provider[\"registry.terraform.io/hashicorp/aws\"].use1",
      "instances": [
        {
          "schema_version": 0,
          "attributes": {
            "application_integration_url": "",
            "arn": "arn:aws:wafv2:us-east-1:904233103130:global/webacl/cf-waf/328f057c-eaaf-488b-83ae-4d6e57a87d98",
            "association_config": [],
            "capacity": 1100,
            "captcha_config": [],
            "challenge_config": [],
            "custom_response_body": [],
            "data_protection_config": [],
            "default_action": [
              {
                "allow": [
                  {
                    "custom_request_handling": []
                  }
                ],
                "block": []
              }
            ],
            "description": "WAF for CloudFront",
            "id": "328f057c-eaaf-488b-83ae-4d6e57a87d98",
            "lock_token": "5aa072b3-3610-4e7a-9444-d25788121cb8",
            "name": "cf-waf",
            "name_prefix": "",
            "rule": [
              {
                "action": [],
                "captcha_config": [],
                "challenge_config": [],
                "name": "AWSManagedRulesCommonRuleSet",
                "override_action": [
                  {
                    "count": [],
                    "none": [
                      {}
                    ]
                  }
                ],
                "priority": 1,
                "rule_label": [],
                "statement": [
                  {
                    "and_statement": [],
                    "asn_match_statement": [],
                    "byte_match_statement": [],
                    "geo_match_statement": [],
                    "ip_set_reference_statement": [],
                    "label_match_statement": [],
                    "managed_rule_group_statement": [
                      {
                        "managed_rule_group_configs": [],
                        "name": "AWSManagedRulesCommonRuleSet",
                        "rule_action_override": [],
                        "scope_down_statement": [],
                        "vendor_name": "AWS",
                        "version": ""
                      }
                    ],
                    "not_statement": [],
                    "or_statement": [],
                    "rate_based_statement": [],
                    "regex_match_statement": [],
                    "regex_pattern_set_reference_statement": [],
                    "rule_group_reference_statement": [],
                    "size_constraint_statement": [],
                    "sqli_match_statement": [],
                    "xss_match_statement": []
                  }
                ],
                "visibility_config": [
                  {
                    "cloudwatch_metrics_enabled": true,
                    "metric_name": "cf-waf-common",
                    "sampled_requests_enabled": true
                  }
                ]
              },
              {
                "action": [],
                "captcha_config": [],
                "challenge_config": [],
                "name": "AWSManagedRulesKnownBadInputsRuleSet",
                "override_action": [
                  {
                    "count": [],
                    "none": [
                      {}
                    ]
                  }
                ],
                "priority": 2,
                "rule_label": [],
                "statement": [
                  {
                    "and_statement": [],
                    "asn_match_statement": [],
                    "byte_match_statement": [],
                    "geo_match_statement": [],
                    "ip_set_reference_statement": [],
                    "label_match_statement": [],
                    "managed_rule_group_statement": [
                      {
                        "managed_rule_group_configs": [],
                        "name": "AWSManagedRulesKnownBadInputsRuleSet",
                        "rule_action_override": [],
                        "scope_down_statement": [],
                        "vendor_name": "AWS",
                        "version": ""
                      }
                    ],
                    "not_statement": [],
                    "or_statement": [],
                    "rate_based_statement": [],
                    "regex_match_statement": [],
                    "regex_pattern_set_reference_statement": [],
                    "rule_group_reference_statement": [],
                    "size_constraint_statement": [],
                    "sqli_match_statement": [],
                    "xss_match_statement": []
                  }
                ],
                "visibility_config": [
                  {
                    "cloudwatch_metrics_enabled": true,
                    "metric_name": "cf-waf-badinputs",
                    "sampled_requests_enabled": true
                  }
                ]
              },
              {
                "action": [],
                "captcha_config": [],
                "challenge_config": [],
                "name": "AWSManagedRulesSQLiRuleSet",
                "override_action": [
                  {
                    "count": [],
                    "none": [
                      {}
                    ]
                  }
                ],
                "priority": 3,
                "rule_label": [],
                "statement": [
                  {
                    "and_statement": [],
                    "asn_match_statement": [],
                    "byte_match_statement": [],
                    "geo_match_statement": [],
                    "ip_set_reference_statement": [],
                    "label_match_statement": [],
                    "managed_rule_group_statement": [
                      {
                        "managed_rule_group_configs": [],
                        "name": "AWSManagedRulesSQLiRuleSet",
                        "rule_action_override": [],
                        "scope_down_statement": [],
                        "vendor_name": "AWS",
                        "version": ""
                      }
                    ],
                    "not_statement": [],
                    "or_statement": [],
                    "rate_based_statement": [],
                    "regex_match_statement": [],
                    "regex_pattern_set_reference_statement": [],
                    "rule_group_reference_statement": [],
                    "size_constraint_statement": [],
                    "sqli_match_statement": [],
                    "xss_match_statement": []
                  }
                ],
                "visibility_config": [
                  {
                    "cloudwatch_metrics_enabled": true,
                    "metric_name": "cf-waf-sqli",
                    "sampled_requests_enabled": true
                  }
                ]
              }
            ],
            "rule_json": null,
            "scope": "CLOUDFRONT",
            "tags": null,
            "tags_all": {},
            "token_domains": null,
            "visibility_config": [
              {
                "cloudwatch_metrics_enabled": true,
                "metric_name": "cf-waf",
                "sampled_requests_enabled": true
              }
            ]
          },
          "sensitive_attributes": [],
          "private": "bnVsbA=="
        }
      ]
    },
    {
      "mode": "managed",
      "type": "local_file",
      "name": "pem",
      "provider": "provider[\"registry.terraform.io/hashicorp/local\"]",
      "instances": [
        {
          "schema_version": 0,
          "attributes": {
            "content": "-----BEGIN RSA PRIVATE KEY-----\nMIIJJwIBAAKCAgEAtG19SWAQouqt/vCqO8kmYhn22RTGpf2ab+6s8uKYawPdrNjS\nAVPoxpfqDrBGTeGvxaHgeCpWTPSvOEn6YQbCRYdjrwsKrGQXvYAi0nJsYzA28QuB\nN6ex1PDox6kOXiCUad8FL6flgs1Zsdn3s0pxsL38yry9qJkCKWr647+C4SlO+t3s\neOag8Ca3dNXJD7aEw45iPhRySpmZuQnqr2MfxvaqI/ZfkEYL5ZPojijyWy4e4oi2\nUkId13pKMvScImJ2lAEOZcMNAiiA47bKrXfbfZXE4J+19+1iqDWfc65jpP4B9sNh\njMOz+BpPFwWLQyRoqKJiE+gAX36RFMVQC98+UhJj9GI6cREXhkmlU697UbhXBCxD\nNp55iuYjNSn0+7yUcgA5Unyv6WCvmzKHdvTtx5u3CbWOr6vm63M7mudeRIwh8Ljd\nfBkHk4Ec07nPZa3lR16IGPUY8Nggua9Eb598z7ir6ft5/AtuzjYtDQQ13Yl3rCd8\nuNI3WxvnF5RU+Qa1Q8GrjdAD9+Y2NS7XPhYnGDNUAd1aHxpvJ5iNEwZ6rcihFz4x\nZ2/ZRmJfyWzEkFizyLbyevle8HwuXSw09Wwl+Um9NFwmjV2lzXP44etUK5S0hKI5\nbtMIk8vAeLpG5tURApTn9Bnq31sO9WQlOPOInXZiFfm68rBr3IuZWuucq5UCAwEA\nAQKCAgAhlrp6tPQT6D2BFvuSCrXnEG9YZVo/35DnIpc21kFKttsHSQv7bEwK4JAV\nsPI9oHSxBZw8sqEDTY/rGjaO5ou3FufTV+piQnX69MZGyD9uTbUEtcAWBNWBz2F+\nffXrRwRqGzcjco2zBpial/nZelPk89GCSpXCM83nuP9A88+hLCgEYtkZftHaM1L2\n4K/ACZn4r+KRLQxD4Alynap/gSQSzavJ6x1KRggD8r+Z63yGxfTA9nN+p8lXanAy\nwT/p1Mu/bNzpy+B5lOG9wrNDjOsjG4Udzg25vIsfxm/LQN1TA2iJMEFSS8KOvxMX\nNZSB6N7E+gnpK8kZ/f1zUPJAa4x1uZAcB/45NlOk+8R2TdMZw8p/9yntVqhsyvAd\n4q3nHuyxpicsX9/KejiBi1qT8Ll3ZN5U4uT4CoTIX7xnQyw5IzcIwga+EWiTICJz\nwjJExiJ4h2ZTa/M1FjCn3/6bwdn5yt2pWXswTpxyB2o4witIwHR2vAkkSdQydE55\nBvnD9S+1u/8/jJzTusKotWuAFOrYY3SzbBLjRv/LVx+hM8149pV20PCF9TSEORwT\nX8ulruzpqu7WN8tQfMJDcLk76xTC+mU9pUlUUWWy9nxF4ll6+5HYk19PIH7mKoe4\np1veXHgo0byBnErgyH28RIFdDPHorvvMYjoM4MkjCcjBpYx1AQKCAQEAw6VkgfHc\nCO2eg0ArAzR3uRN6s4DFYQCoDjn9k0+0/1q5O3Tu4wbgiLKlIf8oA/fNqZYHR123\n5aisqP0r8fEOfxpUZJR+5WHGyH6aD8eqRO46U9KXaN739Wyti/mn7/9IG0aTPav9\nGetmKGNa9TkZHa067gFyth9o2qPC4XVb4T+RNJmD3D/d1LL2Okv/poelbGrpKymQ\nUagzQbLgYAbwlPLl0Q2ucBOUT+ObfSrrYxOYV/G/jrJfTo2ImPeFxHyJ2sCjy02Z\nw+E0RrBU+Y5MWOIDx+wtyH70BC+FfZncWA+YXmzOoORSva8Ayc60om29bA3gTEXK\nj6UWqfrxN1vRFQKCAQEA7BZEln4KuRqMy68XD/pw5ZX7utYidWgchyEbv6Z8rc6a\ncPc9e+yc0wP8HvysKUfOe8gRm1FVybAholQxTJ7m+o0CUIoo1QtAJJKaYYtzrrpA\nAEtLjak7ggfck8qctASKSx+b0EonvPI8AOYybDvagsiKFB/Vsf6dO5a1k7/716xW\nlE9UGQCj7welz57SHURgdpYyOe5Zja2BeI/Ooyolob85AMxqZJhKWhJqjsu7CtOo\nXTrPJfHF1TkA6XcFM+2Ah/uhTzl1ou/jgSAhSjUi9FZwlib4l4J3M03yyMGcJLhe\nLnAUyQMV5aj1ovApbx8kd6ORt8Wk9TSZsX0ar+sQgQKCAQAmDmn6jN1ML0yCI106\nhl4zdgKMICREtif6fHVCzmJauX8GfbxqFNBgRr+wWT2jZ/RtZG2OCEDZP3I2fOir\na0RynOCFoAz++YH9RgMZxrDsL5rQ60ngcF6zMqyfabStDm8sPxItEONuw0df29O5\nl523FBc+bLGvk3SF8wzZZka1DfRk0ue/U/0Gfrk+pcHY1tHqwPESIEeeWqV9xhm3\nFCKAFq91dr/TtTtIPvHj6xFWeF1N3gxw6Wl4kjdb6envSnpWPtqdlT6vx4KvrWUa\nFf/r2ir6HIrbUTaOCeBhiig+SOpOk8OtsDwYAY6ZsseYQNhzyE81Bu5b+rTp45JA\nPm/xAoIBAC0ekFsmmYwIy/G9c63lEiB+io6JkCpaDGGy7SeyfM+G1bNTPRfq/4nA\nkDWn2otFIuw7L0o8wCV8mOD6MDXRhJlLy65yyRz2OnsC3ahYy3IQPF0SBs17E1ll\ngT1pkotA9uEmmFO1aGTO8rLFS8utoLQv+VuhPej3nTsfMXKcVVhBooZTpuHkYnAz\nSPgmBUf8ombni4/QwqK2DzFoYniCfJCuCAnkB01UYZlXPbAutX97NgkjTSWWUFXQ\nwCDeU0s6T78tUwXeGGJccGFkL5iMETMbNgcsSYRDNd7DPewqPFo0NiOv3fkQsuWi\nZdePCIwpKoIG67lwd3c5Z0ope6k1RoECggEAT6NhqzL6qbZb9E3xg1GzqAuSnX1h\ntDarxC95Lk1SoOco7/+094MWJ4Ifxbi+xBlG3CKzwHnth8w1ft9d58DfOmbpPqpS\nUXgc2Gy1PFhbnTGHMJJc7gJ3i6aMqBW4xdExH8cE3iOuZ/MvQfbcyu6o4Oy/+Irt\nRmHW64UT2TYLTQO7uAR91gtlxwvd+LIrfCgu9KMTwIs/gtGEE16JtNHFQT4AP6zx\nlmHne9ZhZk1oHxG9nkFIsfmJkQCvd0YjlDmJgtwgCs0eu41PHWgt79jXZj7iJr5V\n/Qa9doK9CyzORBH1Ft3cXGrzXUijp5m5SYX+ScKUz0iDI8zS7t8PZarTLA==\n-----END RSA PRIVATE KEY-----\n",
            "content_base64": null,
            "content_base64sha256": "oezj4KrcKCmibtfSC+pLR5ot7JB/HOxe0T5SQRkmqsk=",
            "content_base64sha512": "XbRwx+HynmK+h0h1lY8SAbYMmWbvEd0lA18b76B8Ksqw4ZBUy/mcMci3k1bF+zBKs7ooMI3tb0w5FgG/l5i6Cg==",
            "content_md5": "f76af8a5c515508b1129eba188af168e",
            "content_sha1": "76a850be28987edbfe75e16264eed5b12a8f562a",
            "content_sha256": "a1ece3e0aadc2829a26ed7d20bea4b479a2dec907f1cec5ed13e52411926aac9",
            "content_sha512": "5db470c7e1f29e62be874875958f1201b60c9966ef11dd25035f1befa07c2acab0e19054cbf99c31c8b79356c5fb304ab3ba28308ded6f4c391601bf9798ba0a",
            "directory_permission": "0777",
            "file_permission": "0600",
            "filename": "./auto-temp-key.pem",
            "id": "76a850be28987edbfe75e16264eed5b12a8f562a",
            "sensitive_content": null,
            "source": null
          },
          "sensitive_attributes": [
            [
              {
                "type": "get_attr",
                "value": "sensitive_content"
              }
            ],
            [
              {
                "type": "get_attr",
                "value": "content"
              }
            ]
          ],
          "dependencies": [
            "tls_private_key.auto"
          ]
        }
      ]
    },
    {
      "mode": "managed",
      "type": "local_file",
      "name": "private_key_pem",
      "provider": "provider[\"registry.terraform.io/hashicorp/local\"]",
      "instances": [
        {
          "schema_version": 0,
          "attributes": {
            "content": "-----BEGIN RSA PRIVATE KEY-----\nMIIJKAIBAAKCAgEA5nQvV7EWfjLsza2SZfuH/JIPqs4PcIhgXRFYdpg0SOSg3zio\n6qZxtLrKwb8bad0cRCwyMVsKMqDMVtuCyWV4ZHAoKDx0ixOJqeNp6QXEtETGC1Oh\nn4HAQiLyME4BJRaCUX/1d7B6GatDcheOFcNi/iYqbpEAhYLJxJdVoWg61cppvo5X\n9fIIDyF+r4HTnewhRE5Z2cQVIfsYr+nVyKFPxhbOY/77LdLRPHJVuxb0Hkmx2j1N\nJjoPdgK6ItGsdi+gJ9GWiOF4B5rspmo4VfrbWGDzToPKr5fqaFI32BVSNPiAcEUy\n/JLgTbRAKwR3zCVmnlU0odOpTrxid8Jd7G0223gel6j9Uzh64ZuuqgmVqfH6XKXt\nbRjifv9gFpZaY9jDyrD334ESu79fis/+8C+cgGAlXkxOQJxM0Zh6TMsGd0JCAnN0\naFu+bsuyFobnaiHEfRbcfF4mS/jMAGNfFsyj1SWrBBFf2YCDXXBmnwn0uuYo4ih7\nFqX4jB0FGrsQvftFmdvryTZrC/MjnUANtAsUrrqFvJz2ZwfvfNLPxvckW/c3rwfr\nmZ/aEbTMayS9fICsOscuQBzScZOhtXshdIfPBLtrLd+f+/7/Yy4b+Dcyx+gAaD8Y\n6707fhNf2mXLo3cOeFmdghqbTqbjw8tFYTZsYncTMjltL13cXg+TO2YMOiMCAwEA\nAQKCAgATfoo6BkprTtPWSukCmdD1OMZ81zqEypyFiD/t+aPD83HNADDVzKemDKkL\nKPyLgNSbywtMk9wcepqz0ZTSLt8My/9cS/o7K4zDzhokR+8i+rBavpks8jUObdYD\n57f+vaqKH2NnMQqwcjAzOLKLEmtPfsYByAqoa0RgeMFvH8SJAjreD5IkRXQ7Z29y\nhEPKQkfGzJlFgRSdOm2VBUL8L50dGh/HuLGMZ57N2LQk2TpkTNfv01YGi6HJhKM0\nlSexcFzsEWAvtbb0Gb22uW8zjWlm+VM2Sz1m4NhyOQZCpVG+Fl6zCz+BZcv19sSj\nfu4YBaU/yTW5vLsVOdKwjm9oiQ07QWdBptvW984juqRPyUCuahQ4xIGMfTfGjHK6\nNvnk7mjHYM/Niz58VNCQsu9lFKOH44SW/Zy83GDDrWhYYFMscy/Vr8hIPUeOL4p3\n6PhE1zIbIF8ORZW6yb2+TeAD2t/eFL4eL9OFpqaQoLdScdgFH4CqGPnNf/i3/rZ9\n02b0DSCOJlrLudM9FZEoyq3JcjpOvvWhBOAAwLWVJiebHs1gBLOuSncp50OS2zbb\nPja+lRkG9ysUhArv+vh0s66nq2qlGLxpOTlJHJb5G8Zglho5X2C3BvV/Pz+//jTp\niFPQVlh2qLo7D7OVNRW/ap+tFmtwLIRW82PGV8eYepK/dPDTRQKCAQEA7dPuFcRC\ncV51JIJTsronzo6z1Qdm+7Lsg/02RFRQAI3n6wdg0E7XclOF9UaOh54/Fb/lIbkJ\nddBoBYss3XTEsOhPH3QDVjOdBuobZfVyi4XM43+svdukVy/quUjYwprZI8/qOQ2b\ngYUtQKPREDYgkznBQPx/Sdd9kvHSzyKyR01MADL2qYrQLxUVTzu505RsXCl5q3WW\nPHLbKArEueJFHxrH6yb4ylw7IXMIFpTHBbotFrBLNTkhLFI8oNEWsJ2ZMSXY2KSV\nAdPMNIxbQqxYZS6SahAlbM2qIe2fnLdElUjf2WI8RRkF5EJM5NUIhbeFJksrlpjD\nBFjvAbZtFEFCTwKCAQEA+BADtz/YonzDfUJQN8IqJJd/IV8GPX9wbGl427BkUVzY\np/ow7O7bPnekfWA8V+K1fHYesA5PLisy+gI+lPutbOkz5WZ79hcJ7m8Nni997x+e\nfCUpHoR/d0lg9XzSlOs5oD4zc/XZkUvQpdq3kmS0X+t14yqGvxXAqBVlR6vqAVHm\nDjopZ4sIV0JZP1Vocwj78YC8Jri+9+DveQhKvfpcYkQ/DPBjLsbU2o16IBl60bFF\ndH1yqcrkZhb1VUSZIQ4CUpiLteTgFGLLHPTm6r6I3YvtUhzIdygYtA7EjW7g5RM2\nSb9LzzblZOKJPRA9z4FzBl2kbdyOHEzk3jpMZ+357QKCAQASJQEdGAQZsiMtzeOk\n1x8CW1DNB+uLeHMi/saNIAGaiTkQbVetjNZTGpw1wlRNdH1Lo4BPulZGbsgA5EVf\n//ChrpeaxrcadIWeaW39sWQz0Nl44dzD/2XiYP1/dVdUQYwfd1VfVPJwR0DUlar1\nmauSj+12j80GTTJ/a4Ox2evQFM2flkPLW5PWg71EdkIPKlu6DFAEDMyRgBHIVEn+\nBI1RejGWdzqz9aVtP+F2F5O3lCSsfna+cMVfJEcL3eflQaDWZxTMMoJLyWTi/XJY\n+90imxMAlIrGakp4nDB5PGI3IYAyjZQbkXUpnQVQ0A/+Y6n86e9BZhY61q4la02X\nJgNxAoIBAQC5NSPBFu9E6gf/JprD9rkGVwI5RTxggBzNJLZyuDE+Oiccy4Tp8bBJ\n5IQwg8CqEX9VLM/evOBLZT+LQE+/ZmVmknsHxMu6whrNJacyOt04ww/OOuSHf3+3\n7VZyEz8apsGArdA2vREzFTr0CefTalLt5tw+voqacsBD/q1+pJFzaNVuO+icAUc5\n9zSxP7BbaxLIjkhsVLVoV04UvKcpTprZV4EHxRcYXqWfg8/x1XRIyaVEw0DwGqcK\nvgtwHWaDMnVze6ecKAVR0y05MnSSQa3oU8fd7dWSeaJwFTKVMnrBLeXzi9srHB6L\ng0PaDp1Hp6vczd+tkuWbpaGfdkGDuz9FAoIBAFJEsd/wiQ8Wk3XtEIR4RfSbFrfS\n0cZ34UDvPUnwAfbQOWcsmiMCve7blOrB0cuT1fesKGFOT+/Q6A4fkpImUIqHmtpj\nXEttm5xxZTM3U9upxJ0PD0yWEn8PJfSN150gCda4QCzvNN+U3MifXDNCGw08TMGc\nQLLUWTZIuKtUrCoS+QhZqjCieu/RezvAQYb85VoYJWpMrs00azAwcDp3nsUy1BsC\n0ZARbS1lslgGo8rYyjcNUCSbKIxK28xB6GGOw/msr1IjdWsaesoS4IJEBwlFwx2u\n+/lgmCxTeKN6CzBdnyCzrABMLNhcce3vNdTPaE1QJCVNoMRIk4zWtQj1CDc=\n-----END RSA PRIVATE KEY-----\n",
            "content_base64": null,
            "content_base64sha256": "cWc463TlxkbnSFLK23L3Rds91mF/TL05foEPAwwLne8=",
            "content_base64sha512": "CTHUJjRRuRmvQOhe3Oa+eQ0f3zOWzcWK8SbQ6m0grh1zwyyc2Sisg/laLHOImX4N3EMWd1YsNGHqmAky+fOvCA==",
            "content_md5": "de41df0de1dd1f5a02136547672433b6",
            "content_sha1": "662531b28f107134719ec68a6325cb9349364385",
            "content_sha256": "716738eb74e5c646e74852cadb72f745db3dd6617f4cbd397e810f030c0b9def",
            "content_sha512": "0931d4263451b919af40e85edce6be790d1fdf3396cdc58af126d0ea6d20ae1d73c32c9cd928ac83f95a2c7388997e0ddc431677562c3461ea980932f9f3af08",
            "directory_permission": "0777",
            "file_permission": "0600",
            "filename": "./terraform-key.pem",
            "id": "662531b28f107134719ec68a6325cb9349364385",
            "sensitive_content": null,
            "source": null
          },
          "sensitive_attributes": [
            [
              {
                "type": "get_attr",
                "value": "content"
              }
            ],
            [
              {
                "type": "get_attr",
                "value": "sensitive_content"
              }
            ]
          ],
          "dependencies": [
            "tls_private_key.ec2_key"
          ]
        }
      ]
    },
    {
      "mode": "managed",
      "type": "local_file",
      "name": "register_domain_json",
      "provider": "provider[\"registry.terraform.io/hashicorp/local\"]",
      "instances": [
        {
          "schema_version": 0,
          "attributes": {
            "content": "{\"AdminContact\":{\"AddressLine1\":\"Via Strada 12\",\"City\":\"Torino\",\"ContactType\":\"PERSON\",\"CountryCode\":\"IT\",\"Email\":\"lavoratoreonline12@gmail.com\",\"FirstName\":\"Marco\",\"LastName\":\"Polo\",\"PhoneNumber\":\"+39.3330000000\",\"State\":\"TO\",\"ZipCode\":\"10100\"},\"AutoRenew\":true,\"BillingContact\":{\"AddressLine1\":\"Via Strada 12\",\"City\":\"Torino\",\"ContactType\":\"PERSON\",\"CountryCode\":\"IT\",\"Email\":\"lavoratoreonline12@gmail.com\",\"FirstName\":\"Marco\",\"LastName\":\"Polo\",\"PhoneNumber\":\"+39.3330000000\",\"State\":\"TO\",\"ZipCode\":\"10100\"},\"DomainName\":\"ExampleDomain.club\",\"DurationInYears\":1,\"PrivacyProtectAdminContact\":true,\"PrivacyProtectRegistrantContact\":true,\"PrivacyProtectTechContact\":true,\"RegistrantContact\":{\"AddressLine1\":\"Via Strada 12\",\"City\":\"Torino\",\"ContactType\":\"PERSON\",\"CountryCode\":\"IT\",\"Email\":\"lavoratoreonline12@gmail.com\",\"FirstName\":\"Marco\",\"LastName\":\"Polo\",\"PhoneNumber\":\"+39.3330000000\",\"State\":\"TO\",\"ZipCode\":\"10100\"},\"TechContact\":{\"AddressLine1\":\"Via Strada 12\",\"City\":\"Torino\",\"ContactType\":\"PERSON\",\"CountryCode\":\"IT\",\"Email\":\"lavoratoreonline12@gmail.com\",\"FirstName\":\"Marco\",\"LastName\":\"Polo\",\"PhoneNumber\":\"+39.3330000000\",\"State\":\"TO\",\"ZipCode\":\"10100\"}}",
            "content_base64": null,
            "content_base64sha256": "3up0qnFt/P5oQK9t7DyiUQVIhr0YeF9EY12Os0FVnfk=",
            "content_base64sha512": "/qLm7E2co43XCi2PcdmxYEqCtKbRozq+LFapWm6c8ajWu+RpHGNHCGlGF/s5nVI/n3byIPCOH80QywBAnUfTCg==",
            "content_md5": "ca96d323129a26d5f3dfa52d7b4f6105",
            "content_sha1": "02e8064914a0e93af8f45924965b7ccc105673a0",
            "content_sha256": "deea74aa716dfcfe6840af6dec3ca251054886bd18785f44635d8eb341559df9",
            "content_sha512": "fea2e6ec4d9ca38dd70a2d8f71d9b1604a82b4a6d1a33abe2c56a95a6e9cf1a8d6bbe4691c634708694617fb399d523f9f76f220f08e1fcd10cb00409d47d30a",
            "directory_permission": "0777",
            "file_permission": "0777",
            "filename": "./register-domain.json",
            "id": "02e8064914a0e93af8f45924965b7ccc105673a0",
            "sensitive_content": null,
            "source": null
          },
          "sensitive_attributes": [
            [
              {
                "type": "get_attr",
                "value": "sensitive_content"
              }
            ]
          ]
        }
      ]
    },
    {
      "mode": "managed",
      "type": "null_resource",
      "name": "register_domain",
      "provider": "provider[\"registry.terraform.io/hashicorp/null\"]",
      "instances": [
        {
          "schema_version": 0,
          "attributes": {
            "id": "2076126343",
            "triggers": {
              "domain_name": "ExampleDomain.club",
              "json_hash": "02e8064914a0e93af8f45924965b7ccc105673a0"
            }
          },
          "sensitive_attributes": [],
          "dependencies": [
            "local_file.register_domain_json"
          ]
        }
      ]
    },
    {
      "mode": "managed",
      "type": "null_resource",
      "name": "wait_domain_registered",
      "provider": "provider[\"registry.terraform.io/hashicorp/null\"]",
      "instances": [
        {
          "schema_version": 0,
          "attributes": {
            "id": "190600956",
            "triggers": {
              "domain_name": "ExampleDomain.club"
            }
          },
          "sensitive_attributes": [],
          "dependencies": [
            "local_file.register_domain_json",
            "null_resource.register_domain"
          ]
        }
      ]
    },
    {
      "mode": "managed",
      "type": "tls_private_key",
      "name": "auto",
      "provider": "provider[\"registry.terraform.io/hashicorp/tls\"]",
      "instances": [
        {
          "schema_version": 1,
          "attributes": {
            "algorithm": "RSA",
            "ecdsa_curve": "P224",
            "id": "b94375fe8e493ce7fac008cbd0b506ad744915a4",
            "private_key_openssh": "-----BEGIN OPENSSH PRIVATE KEY-----\nb3BlbnNzaC1rZXktdjEAAAAABG5vbmUAAAAEbm9uZQAAAAAAAAABAAACFwAAAAdz\nc2gtcnNhAAAAAwEAAQAAAgEAtG19SWAQouqt/vCqO8kmYhn22RTGpf2ab+6s8uKY\nawPdrNjSAVPoxpfqDrBGTeGvxaHgeCpWTPSvOEn6YQbCRYdjrwsKrGQXvYAi0nJs\nYzA28QuBN6ex1PDox6kOXiCUad8FL6flgs1Zsdn3s0pxsL38yry9qJkCKWr647+C\n4SlO+t3seOag8Ca3dNXJD7aEw45iPhRySpmZuQnqr2MfxvaqI/ZfkEYL5ZPojijy\nWy4e4oi2UkId13pKMvScImJ2lAEOZcMNAiiA47bKrXfbfZXE4J+19+1iqDWfc65j\npP4B9sNhjMOz+BpPFwWLQyRoqKJiE+gAX36RFMVQC98+UhJj9GI6cREXhkmlU697\nUbhXBCxDNp55iuYjNSn0+7yUcgA5Unyv6WCvmzKHdvTtx5u3CbWOr6vm63M7mude\nRIwh8LjdfBkHk4Ec07nPZa3lR16IGPUY8Nggua9Eb598z7ir6ft5/AtuzjYtDQQ1\n3Yl3rCd8uNI3WxvnF5RU+Qa1Q8GrjdAD9+Y2NS7XPhYnGDNUAd1aHxpvJ5iNEwZ6\nrcihFz4xZ2/ZRmJfyWzEkFizyLbyevle8HwuXSw09Wwl+Um9NFwmjV2lzXP44etU\nK5S0hKI5btMIk8vAeLpG5tURApTn9Bnq31sO9WQlOPOInXZiFfm68rBr3IuZWuuc\nq5UAAAc4qMFobajBaG0AAAAHc3NoLXJzYQAAAgEAtG19SWAQouqt/vCqO8kmYhn2\n2RTGpf2ab+6s8uKYawPdrNjSAVPoxpfqDrBGTeGvxaHgeCpWTPSvOEn6YQbCRYdj\nrwsKrGQXvYAi0nJsYzA28QuBN6ex1PDox6kOXiCUad8FL6flgs1Zsdn3s0pxsL38\nyry9qJkCKWr647+C4SlO+t3seOag8Ca3dNXJD7aEw45iPhRySpmZuQnqr2Mfxvaq\nI/ZfkEYL5ZPojijyWy4e4oi2UkId13pKMvScImJ2lAEOZcMNAiiA47bKrXfbfZXE\n4J+19+1iqDWfc65jpP4B9sNhjMOz+BpPFwWLQyRoqKJiE+gAX36RFMVQC98+UhJj\n9GI6cREXhkmlU697UbhXBCxDNp55iuYjNSn0+7yUcgA5Unyv6WCvmzKHdvTtx5u3\nCbWOr6vm63M7mudeRIwh8LjdfBkHk4Ec07nPZa3lR16IGPUY8Nggua9Eb598z7ir\n6ft5/AtuzjYtDQQ13Yl3rCd8uNI3WxvnF5RU+Qa1Q8GrjdAD9+Y2NS7XPhYnGDNU\nAd1aHxpvJ5iNEwZ6rcihFz4xZ2/ZRmJfyWzEkFizyLbyevle8HwuXSw09Wwl+Um9\nNFwmjV2lzXP44etUK5S0hKI5btMIk8vAeLpG5tURApTn9Bnq31sO9WQlOPOInXZi\nFfm68rBr3IuZWuucq5UAAAADAQABAAACACGWunq09BPoPYEW+5IKtecQb1hlWj/f\nkOcilzbWQUq22wdJC/tsTArgkBWw8j2gdLEFnDyyoQNNj+saNo7mi7cW59NX6mJC\ndfr0xkbIP25NtQS1wBYE1YHPYX599etHBGobNyNyjbMGmJqX+dl6U+Tz0YJKlcIz\nzee4/0Dzz6EsKARi2Rl+0dozUvbgr8AJmfiv4pEtDEPgCXKdqn+BJBLNq8nrHUpG\nCAPyv5nrfIbF9MD2c36nyVdqcDLBP+nUy79s3OnL4HmU4b3Cs0OM6yMbhR3ODbm8\nix/Gb8tA3VMDaIkwQVJLwo6/Exc1lIHo3sT6CekryRn9/XNQ8kBrjHW5kBwH/jk2\nU6T7xHZN0xnDyn/3Ke1WqGzK8B3irece7LGmJyxf38p6OIGLWpPwuXdk3lTi5PgK\nhMhfvGdDLDkjNwjCBr4RaJMgInPCMkTGIniHZlNr8zUWMKff/pvB2fnK3alZezBO\nnHIHajjCK0jAdHa8CSRJ1DJ0TnkG+cP1L7W7/z+MnNO6wqi1a4AU6thjdLNsEuNG\n/8tXH6EzzXj2lXbQ8IX1NIQ5HBNfy6Wu7Omq7tY3y1B8wkNwuTvrFML6ZT2lSVRR\nZbL2fEXiWXr7kdiTX08gfuYqh7inW95ceCjRvIGcSuDIfbxEgV0M8eiu+8xiOgzg\nySMJyMGljHUBAAABAE+jYasy+qm2W/RN8YNRs6gLkp19YbQ2q8QveS5NUqDnKO//\ntPeDFieCH8W4vsQZRtwis8B57YfMNX7fXefA3zpm6T6qUlF4HNhstTxYW50xhzCS\nXO4Cd4umjKgVuMXRMR/HBN4jrmfzL0H23MruqODsv/iK7UZh1uuFE9k2C00Du7gE\nfdYLZccL3fiyK3woLvSjE8CLP4LRhBNeibTRxUE+AD+s8ZZh53vWYWZNaB8RvZ5B\nSLH5iZEAr3dGI5Q5iYLcIArNHruNTx1oLe/Y12Y+4ia+Vf0GvXaCvQsszkQR9Rbd\n3Fxq811Io6eZuUmF/knClM9IgyPM0u7fD2Wq0ywAAAEBAMOlZIHx3AjtnoNAKwM0\nd7kTerOAxWEAqA45/ZNPtP9auTt07uMG4IiypSH/KAP3zamWB0ddt+WorKj9K/Hx\nDn8aVGSUfuVhxsh+mg/HqkTuOlPSl2je9/VsrYv5p+//SBtGkz2r/RnrZihjWvU5\nGR2tOu4BcrYfaNqjwuF1W+E/kTSZg9w/3dSy9jpL/6aHpWxq6SspkFGoM0Gy4GAG\n8JTy5dENrnATlE/jm30q62MTmFfxv46yX06NiJj3hcR8idrAo8tNmcPhNEawVPmO\nTFjiA8fsLch+9AQvhX2Z3FgPmF5szqDkUr2vAMnOtKJtvWwN4ExFyo+lFqn68Tdb\n0RUAAAEBAOwWRJZ+CrkajMuvFw/6cOWV+7rWInVoHIchG7+mfK3OmnD3PXvsnNMD\n/B78rClHznvIEZtRVcmwIaJUMUye5vqNAlCKKNULQCSSmmGLc666QABLS42pO4IH\n3JPKnLQEiksfm9BKJ7zyPADmMmw72oLIihQf1bH+nTuWtZO/+9esVpRPVBkAo+8H\npc+e0h1EYHaWMjnuWY2tgXiPzqMqJaG/OQDMamSYSloSao7LuwrTqF06zyXxxdU5\nAOl3BTPtgIf7oU85daLv44EgIUo1IvRWcJYm+JeCdzNN8sjBnCS4Xi5wFMkDFeWo\n9aLwKW8fJHejkbfFpPU0mbF9Gq/rEIEAAAAAAQID\n-----END OPENSSH PRIVATE KEY-----\n",
            "private_key_pem": "-----BEGIN RSA PRIVATE KEY-----\nMIIJJwIBAAKCAgEAtG19SWAQouqt/vCqO8kmYhn22RTGpf2ab+6s8uKYawPdrNjS\nAVPoxpfqDrBGTeGvxaHgeCpWTPSvOEn6YQbCRYdjrwsKrGQXvYAi0nJsYzA28QuB\nN6ex1PDox6kOXiCUad8FL6flgs1Zsdn3s0pxsL38yry9qJkCKWr647+C4SlO+t3s\neOag8Ca3dNXJD7aEw45iPhRySpmZuQnqr2MfxvaqI/ZfkEYL5ZPojijyWy4e4oi2\nUkId13pKMvScImJ2lAEOZcMNAiiA47bKrXfbfZXE4J+19+1iqDWfc65jpP4B9sNh\njMOz+BpPFwWLQyRoqKJiE+gAX36RFMVQC98+UhJj9GI6cREXhkmlU697UbhXBCxD\nNp55iuYjNSn0+7yUcgA5Unyv6WCvmzKHdvTtx5u3CbWOr6vm63M7mudeRIwh8Ljd\nfBkHk4Ec07nPZa3lR16IGPUY8Nggua9Eb598z7ir6ft5/AtuzjYtDQQ13Yl3rCd8\nuNI3WxvnF5RU+Qa1Q8GrjdAD9+Y2NS7XPhYnGDNUAd1aHxpvJ5iNEwZ6rcihFz4x\nZ2/ZRmJfyWzEkFizyLbyevle8HwuXSw09Wwl+Um9NFwmjV2lzXP44etUK5S0hKI5\nbtMIk8vAeLpG5tURApTn9Bnq31sO9WQlOPOInXZiFfm68rBr3IuZWuucq5UCAwEA\nAQKCAgAhlrp6tPQT6D2BFvuSCrXnEG9YZVo/35DnIpc21kFKttsHSQv7bEwK4JAV\nsPI9oHSxBZw8sqEDTY/rGjaO5ou3FufTV+piQnX69MZGyD9uTbUEtcAWBNWBz2F+\nffXrRwRqGzcjco2zBpial/nZelPk89GCSpXCM83nuP9A88+hLCgEYtkZftHaM1L2\n4K/ACZn4r+KRLQxD4Alynap/gSQSzavJ6x1KRggD8r+Z63yGxfTA9nN+p8lXanAy\nwT/p1Mu/bNzpy+B5lOG9wrNDjOsjG4Udzg25vIsfxm/LQN1TA2iJMEFSS8KOvxMX\nNZSB6N7E+gnpK8kZ/f1zUPJAa4x1uZAcB/45NlOk+8R2TdMZw8p/9yntVqhsyvAd\n4q3nHuyxpicsX9/KejiBi1qT8Ll3ZN5U4uT4CoTIX7xnQyw5IzcIwga+EWiTICJz\nwjJExiJ4h2ZTa/M1FjCn3/6bwdn5yt2pWXswTpxyB2o4witIwHR2vAkkSdQydE55\nBvnD9S+1u/8/jJzTusKotWuAFOrYY3SzbBLjRv/LVx+hM8149pV20PCF9TSEORwT\nX8ulruzpqu7WN8tQfMJDcLk76xTC+mU9pUlUUWWy9nxF4ll6+5HYk19PIH7mKoe4\np1veXHgo0byBnErgyH28RIFdDPHorvvMYjoM4MkjCcjBpYx1AQKCAQEAw6VkgfHc\nCO2eg0ArAzR3uRN6s4DFYQCoDjn9k0+0/1q5O3Tu4wbgiLKlIf8oA/fNqZYHR123\n5aisqP0r8fEOfxpUZJR+5WHGyH6aD8eqRO46U9KXaN739Wyti/mn7/9IG0aTPav9\nGetmKGNa9TkZHa067gFyth9o2qPC4XVb4T+RNJmD3D/d1LL2Okv/poelbGrpKymQ\nUagzQbLgYAbwlPLl0Q2ucBOUT+ObfSrrYxOYV/G/jrJfTo2ImPeFxHyJ2sCjy02Z\nw+E0RrBU+Y5MWOIDx+wtyH70BC+FfZncWA+YXmzOoORSva8Ayc60om29bA3gTEXK\nj6UWqfrxN1vRFQKCAQEA7BZEln4KuRqMy68XD/pw5ZX7utYidWgchyEbv6Z8rc6a\ncPc9e+yc0wP8HvysKUfOe8gRm1FVybAholQxTJ7m+o0CUIoo1QtAJJKaYYtzrrpA\nAEtLjak7ggfck8qctASKSx+b0EonvPI8AOYybDvagsiKFB/Vsf6dO5a1k7/716xW\nlE9UGQCj7welz57SHURgdpYyOe5Zja2BeI/Ooyolob85AMxqZJhKWhJqjsu7CtOo\nXTrPJfHF1TkA6XcFM+2Ah/uhTzl1ou/jgSAhSjUi9FZwlib4l4J3M03yyMGcJLhe\nLnAUyQMV5aj1ovApbx8kd6ORt8Wk9TSZsX0ar+sQgQKCAQAmDmn6jN1ML0yCI106\nhl4zdgKMICREtif6fHVCzmJauX8GfbxqFNBgRr+wWT2jZ/RtZG2OCEDZP3I2fOir\na0RynOCFoAz++YH9RgMZxrDsL5rQ60ngcF6zMqyfabStDm8sPxItEONuw0df29O5\nl523FBc+bLGvk3SF8wzZZka1DfRk0ue/U/0Gfrk+pcHY1tHqwPESIEeeWqV9xhm3\nFCKAFq91dr/TtTtIPvHj6xFWeF1N3gxw6Wl4kjdb6envSnpWPtqdlT6vx4KvrWUa\nFf/r2ir6HIrbUTaOCeBhiig+SOpOk8OtsDwYAY6ZsseYQNhzyE81Bu5b+rTp45JA\nPm/xAoIBAC0ekFsmmYwIy/G9c63lEiB+io6JkCpaDGGy7SeyfM+G1bNTPRfq/4nA\nkDWn2otFIuw7L0o8wCV8mOD6MDXRhJlLy65yyRz2OnsC3ahYy3IQPF0SBs17E1ll\ngT1pkotA9uEmmFO1aGTO8rLFS8utoLQv+VuhPej3nTsfMXKcVVhBooZTpuHkYnAz\nSPgmBUf8ombni4/QwqK2DzFoYniCfJCuCAnkB01UYZlXPbAutX97NgkjTSWWUFXQ\nwCDeU0s6T78tUwXeGGJccGFkL5iMETMbNgcsSYRDNd7DPewqPFo0NiOv3fkQsuWi\nZdePCIwpKoIG67lwd3c5Z0ope6k1RoECggEAT6NhqzL6qbZb9E3xg1GzqAuSnX1h\ntDarxC95Lk1SoOco7/+094MWJ4Ifxbi+xBlG3CKzwHnth8w1ft9d58DfOmbpPqpS\nUXgc2Gy1PFhbnTGHMJJc7gJ3i6aMqBW4xdExH8cE3iOuZ/MvQfbcyu6o4Oy/+Irt\nRmHW64UT2TYLTQO7uAR91gtlxwvd+LIrfCgu9KMTwIs/gtGEE16JtNHFQT4AP6zx\nlmHne9ZhZk1oHxG9nkFIsfmJkQCvd0YjlDmJgtwgCs0eu41PHWgt79jXZj7iJr5V\n/Qa9doK9CyzORBH1Ft3cXGrzXUijp5m5SYX+ScKUz0iDI8zS7t8PZarTLA==\n-----END RSA PRIVATE KEY-----\n",
            "private_key_pem_pkcs8": "-----BEGIN PRIVATE KEY-----\nMIIJQQIBADANBgkqhkiG9w0BAQEFAASCCSswggknAgEAAoICAQC0bX1JYBCi6q3+\n8Ko7ySZiGfbZFMal/Zpv7qzy4phrA92s2NIBU+jGl+oOsEZN4a/FoeB4KlZM9K84\nSfphBsJFh2OvCwqsZBe9gCLScmxjMDbxC4E3p7HU8OjHqQ5eIJRp3wUvp+WCzVmx\n2fezSnGwvfzKvL2omQIpavrjv4LhKU763ex45qDwJrd01ckPtoTDjmI+FHJKmZm5\nCeqvYx/G9qoj9l+QRgvlk+iOKPJbLh7iiLZSQh3Xekoy9JwiYnaUAQ5lww0CKIDj\ntsqtd9t9lcTgn7X37WKoNZ9zrmOk/gH2w2GMw7P4Gk8XBYtDJGioomIT6ABffpEU\nxVAL3z5SEmP0YjpxEReGSaVTr3tRuFcELEM2nnmK5iM1KfT7vJRyADlSfK/pYK+b\nMod29O3Hm7cJtY6vq+brczua515EjCHwuN18GQeTgRzTuc9lreVHXogY9Rjw2CC5\nr0Rvn3zPuKvp+3n8C27ONi0NBDXdiXesJ3y40jdbG+cXlFT5BrVDwauN0AP35jY1\nLtc+FicYM1QB3VofGm8nmI0TBnqtyKEXPjFnb9lGYl/JbMSQWLPItvJ6+V7wfC5d\nLDT1bCX5Sb00XCaNXaXNc/jh61QrlLSEojlu0wiTy8B4ukbm1REClOf0GerfWw71\nZCU484iddmIV+brysGvci5la65yrlQIDAQABAoICACGWunq09BPoPYEW+5IKtecQ\nb1hlWj/fkOcilzbWQUq22wdJC/tsTArgkBWw8j2gdLEFnDyyoQNNj+saNo7mi7cW\n59NX6mJCdfr0xkbIP25NtQS1wBYE1YHPYX599etHBGobNyNyjbMGmJqX+dl6U+Tz\n0YJKlcIzzee4/0Dzz6EsKARi2Rl+0dozUvbgr8AJmfiv4pEtDEPgCXKdqn+BJBLN\nq8nrHUpGCAPyv5nrfIbF9MD2c36nyVdqcDLBP+nUy79s3OnL4HmU4b3Cs0OM6yMb\nhR3ODbm8ix/Gb8tA3VMDaIkwQVJLwo6/Exc1lIHo3sT6CekryRn9/XNQ8kBrjHW5\nkBwH/jk2U6T7xHZN0xnDyn/3Ke1WqGzK8B3irece7LGmJyxf38p6OIGLWpPwuXdk\n3lTi5PgKhMhfvGdDLDkjNwjCBr4RaJMgInPCMkTGIniHZlNr8zUWMKff/pvB2fnK\n3alZezBOnHIHajjCK0jAdHa8CSRJ1DJ0TnkG+cP1L7W7/z+MnNO6wqi1a4AU6thj\ndLNsEuNG/8tXH6EzzXj2lXbQ8IX1NIQ5HBNfy6Wu7Omq7tY3y1B8wkNwuTvrFML6\nZT2lSVRRZbL2fEXiWXr7kdiTX08gfuYqh7inW95ceCjRvIGcSuDIfbxEgV0M8eiu\n+8xiOgzgySMJyMGljHUBAoIBAQDDpWSB8dwI7Z6DQCsDNHe5E3qzgMVhAKgOOf2T\nT7T/Wrk7dO7jBuCIsqUh/ygD982plgdHXbflqKyo/Svx8Q5/GlRklH7lYcbIfpoP\nx6pE7jpT0pdo3vf1bK2L+afv/0gbRpM9q/0Z62YoY1r1ORkdrTruAXK2H2jao8Lh\ndVvhP5E0mYPcP93UsvY6S/+mh6VsaukrKZBRqDNBsuBgBvCU8uXRDa5wE5RP45t9\nKutjE5hX8b+Osl9OjYiY94XEfInawKPLTZnD4TRGsFT5jkxY4gPH7C3IfvQEL4V9\nmdxYD5hebM6g5FK9rwDJzrSibb1sDeBMRcqPpRap+vE3W9EVAoIBAQDsFkSWfgq5\nGozLrxcP+nDllfu61iJ1aByHIRu/pnytzppw9z177JzTA/we/KwpR857yBGbUVXJ\nsCGiVDFMnub6jQJQiijVC0Akkpphi3OuukAAS0uNqTuCB9yTypy0BIpLH5vQSie8\n8jwA5jJsO9qCyIoUH9Wx/p07lrWTv/vXrFaUT1QZAKPvB6XPntIdRGB2ljI57lmN\nrYF4j86jKiWhvzkAzGpkmEpaEmqOy7sK06hdOs8l8cXVOQDpdwUz7YCH+6FPOXWi\n7+OBICFKNSL0VnCWJviXgnczTfLIwZwkuF4ucBTJAxXlqPWi8ClvHyR3o5G3xaT1\nNJmxfRqv6xCBAoIBACYOafqM3UwvTIIjXTqGXjN2AowgJES2J/p8dULOYlq5fwZ9\nvGoU0GBGv7BZPaNn9G1kbY4IQNk/cjZ86KtrRHKc4IWgDP75gf1GAxnGsOwvmtDr\nSeBwXrMyrJ9ptK0Obyw/Ei0Q427DR1/b07mXnbcUFz5ssa+TdIXzDNlmRrUN9GTS\n579T/QZ+uT6lwdjW0erA8RIgR55apX3GGbcUIoAWr3V2v9O1O0g+8ePrEVZ4XU3e\nDHDpaXiSN1vp6e9KelY+2p2VPq/Hgq+tZRoV/+vaKvocittRNo4J4GGKKD5I6k6T\nw62wPBgBjpmyx5hA2HPITzUG7lv6tOnjkkA+b/ECggEALR6QWyaZjAjL8b1zreUS\nIH6KjomQKloMYbLtJ7J8z4bVs1M9F+r/icCQNafai0Ui7DsvSjzAJXyY4PowNdGE\nmUvLrnLJHPY6ewLdqFjLchA8XRIGzXsTWWWBPWmSi0D24SaYU7VoZM7yssVLy62g\ntC/5W6E96PedOx8xcpxVWEGihlOm4eRicDNI+CYFR/yiZueLj9DCorYPMWhieIJ8\nkK4ICeQHTVRhmVc9sC61f3s2CSNNJZZQVdDAIN5TSzpPvy1TBd4YYlxwYWQvmIwR\nMxs2ByxJhEM13sM97Co8WjQ2I6/d+RCy5aJl148IjCkqggbruXB3dzlnSil7qTVG\ngQKCAQBPo2GrMvqptlv0TfGDUbOoC5KdfWG0NqvEL3kuTVKg5yjv/7T3gxYngh/F\nuL7EGUbcIrPAee2HzDV+313nwN86Zuk+qlJReBzYbLU8WFudMYcwklzuAneLpoyo\nFbjF0TEfxwTeI65n8y9B9tzK7qjg7L/4iu1GYdbrhRPZNgtNA7u4BH3WC2XHC934\nsit8KC70oxPAiz+C0YQTXom00cVBPgA/rPGWYed71mFmTWgfEb2eQUix+YmRAK93\nRiOUOYmC3CAKzR67jU8daC3v2NdmPuImvlX9Br12gr0LLM5EEfUW3dxcavNdSKOn\nmblJhf5JwpTPSIMjzNLu3w9lqtMs\n-----END PRIVATE KEY-----\n",
            "public_key_fingerprint_md5": "52:5a:11:44:de:37:dd:a2:88:ac:53:44:e9:6f:f9:41",
            "public_key_fingerprint_sha256": "SHA256:r/lBRVzYtu464sr+YY7I4Oq3SMV1L+Kj8G+wg0xkGu0",
            "public_key_openssh": "ssh-rsa AAAAB3NzaC1yc2EAAAADAQABAAACAQC0bX1JYBCi6q3+8Ko7ySZiGfbZFMal/Zpv7qzy4phrA92s2NIBU+jGl+oOsEZN4a/FoeB4KlZM9K84SfphBsJFh2OvCwqsZBe9gCLScmxjMDbxC4E3p7HU8OjHqQ5eIJRp3wUvp+WCzVmx2fezSnGwvfzKvL2omQIpavrjv4LhKU763ex45qDwJrd01ckPtoTDjmI+FHJKmZm5CeqvYx/G9qoj9l+QRgvlk+iOKPJbLh7iiLZSQh3Xekoy9JwiYnaUAQ5lww0CKIDjtsqtd9t9lcTgn7X37WKoNZ9zrmOk/gH2w2GMw7P4Gk8XBYtDJGioomIT6ABffpEUxVAL3z5SEmP0YjpxEReGSaVTr3tRuFcELEM2nnmK5iM1KfT7vJRyADlSfK/pYK+bMod29O3Hm7cJtY6vq+brczua515EjCHwuN18GQeTgRzTuc9lreVHXogY9Rjw2CC5r0Rvn3zPuKvp+3n8C27ONi0NBDXdiXesJ3y40jdbG+cXlFT5BrVDwauN0AP35jY1Ltc+FicYM1QB3VofGm8nmI0TBnqtyKEXPjFnb9lGYl/JbMSQWLPItvJ6+V7wfC5dLDT1bCX5Sb00XCaNXaXNc/jh61QrlLSEojlu0wiTy8B4ukbm1REClOf0GerfWw71ZCU484iddmIV+brysGvci5la65yrlQ==\n",
            "public_key_pem": "-----BEGIN PUBLIC KEY-----\nMIICIjANBgkqhkiG9w0BAQEFAAOCAg8AMIICCgKCAgEAtG19SWAQouqt/vCqO8km\nYhn22RTGpf2ab+6s8uKYawPdrNjSAVPoxpfqDrBGTeGvxaHgeCpWTPSvOEn6YQbC\nRYdjrwsKrGQXvYAi0nJsYzA28QuBN6ex1PDox6kOXiCUad8FL6flgs1Zsdn3s0px\nsL38yry9qJkCKWr647+C4SlO+t3seOag8Ca3dNXJD7aEw45iPhRySpmZuQnqr2Mf\nxvaqI/ZfkEYL5ZPojijyWy4e4oi2UkId13pKMvScImJ2lAEOZcMNAiiA47bKrXfb\nfZXE4J+19+1iqDWfc65jpP4B9sNhjMOz+BpPFwWLQyRoqKJiE+gAX36RFMVQC98+\nUhJj9GI6cREXhkmlU697UbhXBCxDNp55iuYjNSn0+7yUcgA5Unyv6WCvmzKHdvTt\nx5u3CbWOr6vm63M7mudeRIwh8LjdfBkHk4Ec07nPZa3lR16IGPUY8Nggua9Eb598\nz7ir6ft5/AtuzjYtDQQ13Yl3rCd8uNI3WxvnF5RU+Qa1Q8GrjdAD9+Y2NS7XPhYn\nGDNUAd1aHxpvJ5iNEwZ6rcihFz4xZ2/ZRmJfyWzEkFizyLbyevle8HwuXSw09Wwl\n+Um9NFwmjV2lzXP44etUK5S0hKI5btMIk8vAeLpG5tURApTn9Bnq31sO9WQlOPOI\nnXZiFfm68rBr3IuZWuucq5UCAwEAAQ==\n-----END PUBLIC KEY-----\n",
            "rsa_bits": 4096
          },
          "sensitive_attributes": [
            [
              {
                "type": "get_attr",
                "value": "private_key_pem"
              }
            ],
            [
              {
                "type": "get_attr",
                "value": "private_key_pem_pkcs8"
              }
            ],
            [
              {
                "type": "get_attr",
                "value": "private_key_openssh"
              }
            ]
          ],
          "create_before_destroy": true
        }
      ]
    },
    {
      "mode": "managed",
      "type": "tls_private_key",
      "name": "ec2_key",
      "provider": "provider[\"registry.terraform.io/hashicorp/tls\"]",
      "instances": [
        {
          "schema_version": 1,
          "attributes": {
            "algorithm": "RSA",
            "ecdsa_curve": "P224",
            "id": "070fbfe7e61cab5b36bc628a105c65b84b3d2c32",
            "private_key_openssh": "-----BEGIN OPENSSH PRIVATE KEY-----\nb3BlbnNzaC1rZXktdjEAAAAABG5vbmUAAAAEbm9uZQAAAAAAAAABAAACFwAAAAdz\nc2gtcnNhAAAAAwEAAQAAAgEA5nQvV7EWfjLsza2SZfuH/JIPqs4PcIhgXRFYdpg0\nSOSg3zio6qZxtLrKwb8bad0cRCwyMVsKMqDMVtuCyWV4ZHAoKDx0ixOJqeNp6QXE\ntETGC1Ohn4HAQiLyME4BJRaCUX/1d7B6GatDcheOFcNi/iYqbpEAhYLJxJdVoWg6\n1cppvo5X9fIIDyF+r4HTnewhRE5Z2cQVIfsYr+nVyKFPxhbOY/77LdLRPHJVuxb0\nHkmx2j1NJjoPdgK6ItGsdi+gJ9GWiOF4B5rspmo4VfrbWGDzToPKr5fqaFI32BVS\nNPiAcEUy/JLgTbRAKwR3zCVmnlU0odOpTrxid8Jd7G0223gel6j9Uzh64ZuuqgmV\nqfH6XKXtbRjifv9gFpZaY9jDyrD334ESu79fis/+8C+cgGAlXkxOQJxM0Zh6TMsG\nd0JCAnN0aFu+bsuyFobnaiHEfRbcfF4mS/jMAGNfFsyj1SWrBBFf2YCDXXBmnwn0\nuuYo4ih7FqX4jB0FGrsQvftFmdvryTZrC/MjnUANtAsUrrqFvJz2ZwfvfNLPxvck\nW/c3rwfrmZ/aEbTMayS9fICsOscuQBzScZOhtXshdIfPBLtrLd+f+/7/Yy4b+Dcy\nx+gAaD8Y6707fhNf2mXLo3cOeFmdghqbTqbjw8tFYTZsYncTMjltL13cXg+TO2YM\nOiMAAAc4YkBBM2JAQTMAAAAHc3NoLXJzYQAAAgEA5nQvV7EWfjLsza2SZfuH/JIP\nqs4PcIhgXRFYdpg0SOSg3zio6qZxtLrKwb8bad0cRCwyMVsKMqDMVtuCyWV4ZHAo\nKDx0ixOJqeNp6QXEtETGC1Ohn4HAQiLyME4BJRaCUX/1d7B6GatDcheOFcNi/iYq\nbpEAhYLJxJdVoWg61cppvo5X9fIIDyF+r4HTnewhRE5Z2cQVIfsYr+nVyKFPxhbO\nY/77LdLRPHJVuxb0Hkmx2j1NJjoPdgK6ItGsdi+gJ9GWiOF4B5rspmo4VfrbWGDz\nToPKr5fqaFI32BVSNPiAcEUy/JLgTbRAKwR3zCVmnlU0odOpTrxid8Jd7G0223ge\nl6j9Uzh64ZuuqgmVqfH6XKXtbRjifv9gFpZaY9jDyrD334ESu79fis/+8C+cgGAl\nXkxOQJxM0Zh6TMsGd0JCAnN0aFu+bsuyFobnaiHEfRbcfF4mS/jMAGNfFsyj1SWr\nBBFf2YCDXXBmnwn0uuYo4ih7FqX4jB0FGrsQvftFmdvryTZrC/MjnUANtAsUrrqF\nvJz2ZwfvfNLPxvckW/c3rwfrmZ/aEbTMayS9fICsOscuQBzScZOhtXshdIfPBLtr\nLd+f+/7/Yy4b+Dcyx+gAaD8Y6707fhNf2mXLo3cOeFmdghqbTqbjw8tFYTZsYncT\nMjltL13cXg+TO2YMOiMAAAADAQABAAACABN+ijoGSmtO09ZK6QKZ0PU4xnzXOoTK\nnIWIP+35o8Pzcc0AMNXMp6YMqQso/IuA1JvLC0yT3Bx6mrPRlNIu3wzL/1xL+jsr\njMPOGiRH7yL6sFq+mSzyNQ5t1gPnt/69qoofY2cxCrByMDM4sosSa09+xgHICqhr\nRGB4wW8fxIkCOt4PkiRFdDtnb3KEQ8pCR8bMmUWBFJ06bZUFQvwvnR0aH8e4sYxn\nns3YtCTZOmRM1+/TVgaLocmEozSVJ7FwXOwRYC+1tvQZvba5bzONaWb5UzZLPWbg\n2HI5BkKlUb4WXrMLP4Fly/X2xKN+7hgFpT/JNbm8uxU50rCOb2iJDTtBZ0Gm29b3\nziO6pE/JQK5qFDjEgYx9N8aMcro2+eTuaMdgz82LPnxU0JCy72UUo4fjhJb9nLzc\nYMOtaFhgUyxzL9WvyEg9R44vinfo+ETXMhsgXw5FlbrJvb5N4APa394Uvh4v04Wm\nppCgt1Jx2AUfgKoY+c1/+Lf+tn3TZvQNII4mWsu50z0VkSjKrclyOk6+9aEE4ADA\ntZUmJ5sezWAEs65KdynnQ5LbNts+Nr6VGQb3KxSECu/6+HSzrqeraqUYvGk5OUkc\nlvkbxmCWGjlfYLcG9X8/P7/+NOmIU9BWWHaoujsPs5U1Fb9qn60Wa3AshFbzY8ZX\nx5h6kr908NNFAAABAFJEsd/wiQ8Wk3XtEIR4RfSbFrfS0cZ34UDvPUnwAfbQOWcs\nmiMCve7blOrB0cuT1fesKGFOT+/Q6A4fkpImUIqHmtpjXEttm5xxZTM3U9upxJ0P\nD0yWEn8PJfSN150gCda4QCzvNN+U3MifXDNCGw08TMGcQLLUWTZIuKtUrCoS+QhZ\nqjCieu/RezvAQYb85VoYJWpMrs00azAwcDp3nsUy1BsC0ZARbS1lslgGo8rYyjcN\nUCSbKIxK28xB6GGOw/msr1IjdWsaesoS4IJEBwlFwx2u+/lgmCxTeKN6CzBdnyCz\nrABMLNhcce3vNdTPaE1QJCVNoMRIk4zWtQj1CDcAAAEBAO3T7hXEQnFedSSCU7K6\nJ86Os9UHZvuy7IP9NkRUUACN5+sHYNBO13JThfVGjoeePxW/5SG5CXXQaAWLLN10\nxLDoTx90A1YznQbqG2X1couFzON/rL3bpFcv6rlI2MKa2SPP6jkNm4GFLUCj0RA2\nIJM5wUD8f0nXfZLx0s8iskdNTAAy9qmK0C8VFU87udOUbFwpeat1ljxy2ygKxLni\nRR8ax+sm+MpcOyFzCBaUxwW6LRawSzU5ISxSPKDRFrCdmTEl2NiklQHTzDSMW0Ks\nWGUukmoQJWzNqiHtn5y3RJVI39liPEUZBeRCTOTVCIW3hSZLK5aYwwRY7wG2bRRB\nQk8AAAEBAPgQA7c/2KJ8w31CUDfCKiSXfyFfBj1/cGxpeNuwZFFc2Kf6MOzu2z53\npH1gPFfitXx2HrAOTy4rMvoCPpT7rWzpM+Vme/YXCe5vDZ4vfe8fnnwlKR6Ef3dJ\nYPV80pTrOaA+M3P12ZFL0KXat5JktF/rdeMqhr8VwKgVZUer6gFR5g46KWeLCFdC\nWT9VaHMI+/GAvCa4vvfg73kISr36XGJEPwzwYy7G1NqNeiAZetGxRXR9cqnK5GYW\n9VVEmSEOAlKYi7Xk4BRiyxz05uq+iN2L7VIcyHcoGLQOxI1u4OUTNkm/S8825WTi\niT0QPc+BcwZdpG3cjhxM5N46TGft+e0AAAAAAQID\n-----END OPENSSH PRIVATE KEY-----\n",
            "private_key_pem": "-----BEGIN RSA PRIVATE KEY-----\nMIIJKAIBAAKCAgEA5nQvV7EWfjLsza2SZfuH/JIPqs4PcIhgXRFYdpg0SOSg3zio\n6qZxtLrKwb8bad0cRCwyMVsKMqDMVtuCyWV4ZHAoKDx0ixOJqeNp6QXEtETGC1Oh\nn4HAQiLyME4BJRaCUX/1d7B6GatDcheOFcNi/iYqbpEAhYLJxJdVoWg61cppvo5X\n9fIIDyF+r4HTnewhRE5Z2cQVIfsYr+nVyKFPxhbOY/77LdLRPHJVuxb0Hkmx2j1N\nJjoPdgK6ItGsdi+gJ9GWiOF4B5rspmo4VfrbWGDzToPKr5fqaFI32BVSNPiAcEUy\n/JLgTbRAKwR3zCVmnlU0odOpTrxid8Jd7G0223gel6j9Uzh64ZuuqgmVqfH6XKXt\nbRjifv9gFpZaY9jDyrD334ESu79fis/+8C+cgGAlXkxOQJxM0Zh6TMsGd0JCAnN0\naFu+bsuyFobnaiHEfRbcfF4mS/jMAGNfFsyj1SWrBBFf2YCDXXBmnwn0uuYo4ih7\nFqX4jB0FGrsQvftFmdvryTZrC/MjnUANtAsUrrqFvJz2ZwfvfNLPxvckW/c3rwfr\nmZ/aEbTMayS9fICsOscuQBzScZOhtXshdIfPBLtrLd+f+/7/Yy4b+Dcyx+gAaD8Y\n6707fhNf2mXLo3cOeFmdghqbTqbjw8tFYTZsYncTMjltL13cXg+TO2YMOiMCAwEA\nAQKCAgATfoo6BkprTtPWSukCmdD1OMZ81zqEypyFiD/t+aPD83HNADDVzKemDKkL\nKPyLgNSbywtMk9wcepqz0ZTSLt8My/9cS/o7K4zDzhokR+8i+rBavpks8jUObdYD\n57f+vaqKH2NnMQqwcjAzOLKLEmtPfsYByAqoa0RgeMFvH8SJAjreD5IkRXQ7Z29y\nhEPKQkfGzJlFgRSdOm2VBUL8L50dGh/HuLGMZ57N2LQk2TpkTNfv01YGi6HJhKM0\nlSexcFzsEWAvtbb0Gb22uW8zjWlm+VM2Sz1m4NhyOQZCpVG+Fl6zCz+BZcv19sSj\nfu4YBaU/yTW5vLsVOdKwjm9oiQ07QWdBptvW984juqRPyUCuahQ4xIGMfTfGjHK6\nNvnk7mjHYM/Niz58VNCQsu9lFKOH44SW/Zy83GDDrWhYYFMscy/Vr8hIPUeOL4p3\n6PhE1zIbIF8ORZW6yb2+TeAD2t/eFL4eL9OFpqaQoLdScdgFH4CqGPnNf/i3/rZ9\n02b0DSCOJlrLudM9FZEoyq3JcjpOvvWhBOAAwLWVJiebHs1gBLOuSncp50OS2zbb\nPja+lRkG9ysUhArv+vh0s66nq2qlGLxpOTlJHJb5G8Zglho5X2C3BvV/Pz+//jTp\niFPQVlh2qLo7D7OVNRW/ap+tFmtwLIRW82PGV8eYepK/dPDTRQKCAQEA7dPuFcRC\ncV51JIJTsronzo6z1Qdm+7Lsg/02RFRQAI3n6wdg0E7XclOF9UaOh54/Fb/lIbkJ\nddBoBYss3XTEsOhPH3QDVjOdBuobZfVyi4XM43+svdukVy/quUjYwprZI8/qOQ2b\ngYUtQKPREDYgkznBQPx/Sdd9kvHSzyKyR01MADL2qYrQLxUVTzu505RsXCl5q3WW\nPHLbKArEueJFHxrH6yb4ylw7IXMIFpTHBbotFrBLNTkhLFI8oNEWsJ2ZMSXY2KSV\nAdPMNIxbQqxYZS6SahAlbM2qIe2fnLdElUjf2WI8RRkF5EJM5NUIhbeFJksrlpjD\nBFjvAbZtFEFCTwKCAQEA+BADtz/YonzDfUJQN8IqJJd/IV8GPX9wbGl427BkUVzY\np/ow7O7bPnekfWA8V+K1fHYesA5PLisy+gI+lPutbOkz5WZ79hcJ7m8Nni997x+e\nfCUpHoR/d0lg9XzSlOs5oD4zc/XZkUvQpdq3kmS0X+t14yqGvxXAqBVlR6vqAVHm\nDjopZ4sIV0JZP1Vocwj78YC8Jri+9+DveQhKvfpcYkQ/DPBjLsbU2o16IBl60bFF\ndH1yqcrkZhb1VUSZIQ4CUpiLteTgFGLLHPTm6r6I3YvtUhzIdygYtA7EjW7g5RM2\nSb9LzzblZOKJPRA9z4FzBl2kbdyOHEzk3jpMZ+357QKCAQASJQEdGAQZsiMtzeOk\n1x8CW1DNB+uLeHMi/saNIAGaiTkQbVetjNZTGpw1wlRNdH1Lo4BPulZGbsgA5EVf\n//ChrpeaxrcadIWeaW39sWQz0Nl44dzD/2XiYP1/dVdUQYwfd1VfVPJwR0DUlar1\nmauSj+12j80GTTJ/a4Ox2evQFM2flkPLW5PWg71EdkIPKlu6DFAEDMyRgBHIVEn+\nBI1RejGWdzqz9aVtP+F2F5O3lCSsfna+cMVfJEcL3eflQaDWZxTMMoJLyWTi/XJY\n+90imxMAlIrGakp4nDB5PGI3IYAyjZQbkXUpnQVQ0A/+Y6n86e9BZhY61q4la02X\nJgNxAoIBAQC5NSPBFu9E6gf/JprD9rkGVwI5RTxggBzNJLZyuDE+Oiccy4Tp8bBJ\n5IQwg8CqEX9VLM/evOBLZT+LQE+/ZmVmknsHxMu6whrNJacyOt04ww/OOuSHf3+3\n7VZyEz8apsGArdA2vREzFTr0CefTalLt5tw+voqacsBD/q1+pJFzaNVuO+icAUc5\n9zSxP7BbaxLIjkhsVLVoV04UvKcpTprZV4EHxRcYXqWfg8/x1XRIyaVEw0DwGqcK\nvgtwHWaDMnVze6ecKAVR0y05MnSSQa3oU8fd7dWSeaJwFTKVMnrBLeXzi9srHB6L\ng0PaDp1Hp6vczd+tkuWbpaGfdkGDuz9FAoIBAFJEsd/wiQ8Wk3XtEIR4RfSbFrfS\n0cZ34UDvPUnwAfbQOWcsmiMCve7blOrB0cuT1fesKGFOT+/Q6A4fkpImUIqHmtpj\nXEttm5xxZTM3U9upxJ0PD0yWEn8PJfSN150gCda4QCzvNN+U3MifXDNCGw08TMGc\nQLLUWTZIuKtUrCoS+QhZqjCieu/RezvAQYb85VoYJWpMrs00azAwcDp3nsUy1BsC\n0ZARbS1lslgGo8rYyjcNUCSbKIxK28xB6GGOw/msr1IjdWsaesoS4IJEBwlFwx2u\n+/lgmCxTeKN6CzBdnyCzrABMLNhcce3vNdTPaE1QJCVNoMRIk4zWtQj1CDc=\n-----END RSA PRIVATE KEY-----\n",
            "private_key_pem_pkcs8": "-----BEGIN PRIVATE KEY-----\nMIIJQgIBADANBgkqhkiG9w0BAQEFAASCCSwwggkoAgEAAoICAQDmdC9XsRZ+MuzN\nrZJl+4f8kg+qzg9wiGBdEVh2mDRI5KDfOKjqpnG0usrBvxtp3RxELDIxWwoyoMxW\n24LJZXhkcCgoPHSLE4mp42npBcS0RMYLU6GfgcBCIvIwTgElFoJRf/V3sHoZq0Ny\nF44Vw2L+JipukQCFgsnEl1WhaDrVymm+jlf18ggPIX6vgdOd7CFETlnZxBUh+xiv\n6dXIoU/GFs5j/vst0tE8clW7FvQeSbHaPU0mOg92Aroi0ax2L6An0ZaI4XgHmuym\najhV+ttYYPNOg8qvl+poUjfYFVI0+IBwRTL8kuBNtEArBHfMJWaeVTSh06lOvGJ3\nwl3sbTbbeB6XqP1TOHrhm66qCZWp8fpcpe1tGOJ+/2AWllpj2MPKsPffgRK7v1+K\nz/7wL5yAYCVeTE5AnEzRmHpMywZ3QkICc3RoW75uy7IWhudqIcR9Ftx8XiZL+MwA\nY18WzKPVJasEEV/ZgINdcGafCfS65ijiKHsWpfiMHQUauxC9+0WZ2+vJNmsL8yOd\nQA20CxSuuoW8nPZnB+980s/G9yRb9zevB+uZn9oRtMxrJL18gKw6xy5AHNJxk6G1\neyF0h88Eu2st35/7/v9jLhv4NzLH6ABoPxjrvTt+E1/aZcujdw54WZ2CGptOpuPD\ny0VhNmxidxMyOW0vXdxeD5M7Zgw6IwIDAQABAoICABN+ijoGSmtO09ZK6QKZ0PU4\nxnzXOoTKnIWIP+35o8Pzcc0AMNXMp6YMqQso/IuA1JvLC0yT3Bx6mrPRlNIu3wzL\n/1xL+jsrjMPOGiRH7yL6sFq+mSzyNQ5t1gPnt/69qoofY2cxCrByMDM4sosSa09+\nxgHICqhrRGB4wW8fxIkCOt4PkiRFdDtnb3KEQ8pCR8bMmUWBFJ06bZUFQvwvnR0a\nH8e4sYxnns3YtCTZOmRM1+/TVgaLocmEozSVJ7FwXOwRYC+1tvQZvba5bzONaWb5\nUzZLPWbg2HI5BkKlUb4WXrMLP4Fly/X2xKN+7hgFpT/JNbm8uxU50rCOb2iJDTtB\nZ0Gm29b3ziO6pE/JQK5qFDjEgYx9N8aMcro2+eTuaMdgz82LPnxU0JCy72UUo4fj\nhJb9nLzcYMOtaFhgUyxzL9WvyEg9R44vinfo+ETXMhsgXw5FlbrJvb5N4APa394U\nvh4v04WmppCgt1Jx2AUfgKoY+c1/+Lf+tn3TZvQNII4mWsu50z0VkSjKrclyOk6+\n9aEE4ADAtZUmJ5sezWAEs65KdynnQ5LbNts+Nr6VGQb3KxSECu/6+HSzrqeraqUY\nvGk5OUkclvkbxmCWGjlfYLcG9X8/P7/+NOmIU9BWWHaoujsPs5U1Fb9qn60Wa3As\nhFbzY8ZXx5h6kr908NNFAoIBAQDt0+4VxEJxXnUkglOyuifOjrPVB2b7suyD/TZE\nVFAAjefrB2DQTtdyU4X1Ro6Hnj8Vv+UhuQl10GgFiyzddMSw6E8fdANWM50G6htl\n9XKLhczjf6y926RXL+q5SNjCmtkjz+o5DZuBhS1Ao9EQNiCTOcFA/H9J132S8dLP\nIrJHTUwAMvapitAvFRVPO7nTlGxcKXmrdZY8ctsoCsS54kUfGsfrJvjKXDshcwgW\nlMcFui0WsEs1OSEsUjyg0RawnZkxJdjYpJUB08w0jFtCrFhlLpJqECVszaoh7Z+c\nt0SVSN/ZYjxFGQXkQkzk1QiFt4UmSyuWmMMEWO8Btm0UQUJPAoIBAQD4EAO3P9ii\nfMN9QlA3wiokl38hXwY9f3BsaXjbsGRRXNin+jDs7ts+d6R9YDxX4rV8dh6wDk8u\nKzL6Aj6U+61s6TPlZnv2Fwnubw2eL33vH558JSkehH93SWD1fNKU6zmgPjNz9dmR\nS9Cl2reSZLRf63XjKoa/FcCoFWVHq+oBUeYOOilniwhXQlk/VWhzCPvxgLwmuL73\n4O95CEq9+lxiRD8M8GMuxtTajXogGXrRsUV0fXKpyuRmFvVVRJkhDgJSmIu15OAU\nYssc9Obqvojdi+1SHMh3KBi0DsSNbuDlEzZJv0vPNuVk4ok9ED3PgXMGXaRt3I4c\nTOTeOkxn7fntAoIBABIlAR0YBBmyIy3N46TXHwJbUM0H64t4cyL+xo0gAZqJORBt\nV62M1lManDXCVE10fUujgE+6VkZuyADkRV//8KGul5rGtxp0hZ5pbf2xZDPQ2Xjh\n3MP/ZeJg/X91V1RBjB93VV9U8nBHQNSVqvWZq5KP7XaPzQZNMn9rg7HZ69AUzZ+W\nQ8tbk9aDvUR2Qg8qW7oMUAQMzJGAEchUSf4EjVF6MZZ3OrP1pW0/4XYXk7eUJKx+\ndr5wxV8kRwvd5+VBoNZnFMwygkvJZOL9clj73SKbEwCUisZqSnicMHk8YjchgDKN\nlBuRdSmdBVDQD/5jqfzp70FmFjrWriVrTZcmA3ECggEBALk1I8EW70TqB/8mmsP2\nuQZXAjlFPGCAHM0ktnK4MT46JxzLhOnxsEnkhDCDwKoRf1Usz9684EtlP4tAT79m\nZWaSewfEy7rCGs0lpzI63TjDD8465Id/f7ftVnITPxqmwYCt0Da9ETMVOvQJ59Nq\nUu3m3D6+ippywEP+rX6kkXNo1W476JwBRzn3NLE/sFtrEsiOSGxUtWhXThS8pylO\nmtlXgQfFFxhepZ+Dz/HVdEjJpUTDQPAapwq+C3AdZoMydXN7p5woBVHTLTkydJJB\nrehTx93t1ZJ5onAVMpUyesEt5fOL2yscHouDQ9oOnUenq9zN362S5ZuloZ92QYO7\nP0UCggEAUkSx3/CJDxaTde0QhHhF9JsWt9LRxnfhQO89SfAB9tA5ZyyaIwK97tuU\n6sHRy5PV96woYU5P79DoDh+SkiZQioea2mNcS22bnHFlMzdT26nEnQ8PTJYSfw8l\n9I3XnSAJ1rhALO8035TcyJ9cM0IbDTxMwZxAstRZNki4q1SsKhL5CFmqMKJ679F7\nO8BBhvzlWhglakyuzTRrMDBwOneexTLUGwLRkBFtLWWyWAajytjKNw1QJJsojErb\nzEHoYY7D+ayvUiN1axp6yhLggkQHCUXDHa77+WCYLFN4o3oLMF2fILOsAEws2Fxx\n7e811M9oTVAkJU2gxEiTjNa1CPUINw==\n-----END PRIVATE KEY-----\n",
            "public_key_fingerprint_md5": "6a:c1:02:99:8f:c2:57:43:23:dd:0c:c5:19:8f:49:fb",
            "public_key_fingerprint_sha256": "SHA256:HRbB35ahnxBS3NC0oUbM+V0TV11uZTwzGuE7cRka2gw",
            "public_key_openssh": "ssh-rsa AAAAB3NzaC1yc2EAAAADAQABAAACAQDmdC9XsRZ+MuzNrZJl+4f8kg+qzg9wiGBdEVh2mDRI5KDfOKjqpnG0usrBvxtp3RxELDIxWwoyoMxW24LJZXhkcCgoPHSLE4mp42npBcS0RMYLU6GfgcBCIvIwTgElFoJRf/V3sHoZq0NyF44Vw2L+JipukQCFgsnEl1WhaDrVymm+jlf18ggPIX6vgdOd7CFETlnZxBUh+xiv6dXIoU/GFs5j/vst0tE8clW7FvQeSbHaPU0mOg92Aroi0ax2L6An0ZaI4XgHmuymajhV+ttYYPNOg8qvl+poUjfYFVI0+IBwRTL8kuBNtEArBHfMJWaeVTSh06lOvGJ3wl3sbTbbeB6XqP1TOHrhm66qCZWp8fpcpe1tGOJ+/2AWllpj2MPKsPffgRK7v1+Kz/7wL5yAYCVeTE5AnEzRmHpMywZ3QkICc3RoW75uy7IWhudqIcR9Ftx8XiZL+MwAY18WzKPVJasEEV/ZgINdcGafCfS65ijiKHsWpfiMHQUauxC9+0WZ2+vJNmsL8yOdQA20CxSuuoW8nPZnB+980s/G9yRb9zevB+uZn9oRtMxrJL18gKw6xy5AHNJxk6G1eyF0h88Eu2st35/7/v9jLhv4NzLH6ABoPxjrvTt+E1/aZcujdw54WZ2CGptOpuPDy0VhNmxidxMyOW0vXdxeD5M7Zgw6Iw==\n",
            "public_key_pem": "-----BEGIN PUBLIC KEY-----\nMIICIjANBgkqhkiG9w0BAQEFAAOCAg8AMIICCgKCAgEA5nQvV7EWfjLsza2SZfuH\n/JIPqs4PcIhgXRFYdpg0SOSg3zio6qZxtLrKwb8bad0cRCwyMVsKMqDMVtuCyWV4\nZHAoKDx0ixOJqeNp6QXEtETGC1Ohn4HAQiLyME4BJRaCUX/1d7B6GatDcheOFcNi\n/iYqbpEAhYLJxJdVoWg61cppvo5X9fIIDyF+r4HTnewhRE5Z2cQVIfsYr+nVyKFP\nxhbOY/77LdLRPHJVuxb0Hkmx2j1NJjoPdgK6ItGsdi+gJ9GWiOF4B5rspmo4Vfrb\nWGDzToPKr5fqaFI32BVSNPiAcEUy/JLgTbRAKwR3zCVmnlU0odOpTrxid8Jd7G02\n23gel6j9Uzh64ZuuqgmVqfH6XKXtbRjifv9gFpZaY9jDyrD334ESu79fis/+8C+c\ngGAlXkxOQJxM0Zh6TMsGd0JCAnN0aFu+bsuyFobnaiHEfRbcfF4mS/jMAGNfFsyj\n1SWrBBFf2YCDXXBmnwn0uuYo4ih7FqX4jB0FGrsQvftFmdvryTZrC/MjnUANtAsU\nrrqFvJz2ZwfvfNLPxvckW/c3rwfrmZ/aEbTMayS9fICsOscuQBzScZOhtXshdIfP\nBLtrLd+f+/7/Yy4b+Dcyx+gAaD8Y6707fhNf2mXLo3cOeFmdghqbTqbjw8tFYTZs\nYncTMjltL13cXg+TO2YMOiMCAwEAAQ==\n-----END PUBLIC KEY-----\n",
            "rsa_bits": 4096
          },
          "sensitive_attributes": [
            [
              {
                "type": "get_attr",
                "value": "private_key_openssh"
              }
            ],
            [
              {
                "type": "get_attr",
                "value": "private_key_pem"
              }
            ],
            [
              {
                "type": "get_attr",
                "value": "private_key_pem_pkcs8"
              }
            ]
          ]
        }
      ]
    }
  ],
  "check_results": null
}
